packages:
  - name: dbt_utils
    package: dbt-labs/dbt_utils
    version: 1.3.3
  - name: dbt_expectations
    package: metaplane/dbt_expectations
    version: 0.10.10
  - name: codegen
    package: dbt-labs/codegen
    version: 0.14.0
  - name: dbt_date
    package: godatadriven/dbt_date
    version: 0.15.0
sha1_hash: df9f9efef84296bec12920af25edf7c1895aded7
