{
  "version": 4,
  "terraform_version": "1.10.5",
  "serial": 1,
  "lineage": "cdf3c45d-33a0-807a-4304-b96143f10731",
  "outputs": {
    "google_storage_bucket_acl_tfer--calitp-staging-data-analyses-portfolio-draft_id": {
      "value": "calitp-staging-data-analyses-portfolio-draft",
      "type": "string"
    },
    "google_storage_bucket_acl_tfer--calitp-staging-data-analyses-portfolio_id": {
      "value": "calitp-staging-data-analyses-portfolio",
      "type": "string"
    },
    "google_storage_bucket_acl_tfer--dataproc-staging-us-west2-473674835135-t87wkokr_id": {
      "value": "dataproc-staging-us-west2-473674835135-t87wkokr",
      "type": "string"
    },
    "google_storage_bucket_acl_tfer--dataproc-temp-us-west2-473674835135-yuzmmdyk_id": {
      "value": "dataproc-temp-us-west2-473674835135-yuzmmdyk",
      "type": "string"
    },
    "google_storage_bucket_acl_tfer--test-calitp-amplitude-benefits-events_id": {
      "value": "test-calitp-amplitude-benefits-events",
      "type": "string"
    },
    "google_storage_bucket_iam_binding_tfer--calitp-staging-data-analyses-portfolio-draft_id": {
      "value": "calitp-staging-data-analyses-portfolio-draft",
      "type": "string"
    },
    "google_storage_bucket_iam_binding_tfer--calitp-staging-data-analyses-portfolio_id": {
      "value": "calitp-staging-data-analyses-portfolio",
      "type": "string"
    },
    "google_storage_bucket_iam_binding_tfer--dataproc-staging-us-west2-473674835135-t87wkokr_id": {
      "value": "dataproc-staging-us-west2-473674835135-t87wkokr",
      "type": "string"
    },
    "google_storage_bucket_iam_binding_tfer--dataproc-temp-us-west2-473674835135-yuzmmdyk_id": {
      "value": "dataproc-temp-us-west2-473674835135-yuzmmdyk",
      "type": "string"
    },
    "google_storage_bucket_iam_binding_tfer--test-calitp-amplitude-benefits-events_id": {
      "value": "test-calitp-amplitude-benefits-events",
      "type": "string"
    },
    "google_storage_bucket_iam_member_tfer--calitp-staging-data-analyses-portfolio-draft_id": {
      "value": "calitp-staging-data-analyses-portfolio-draft",
      "type": "string"
    },
    "google_storage_bucket_iam_member_tfer--calitp-staging-data-analyses-portfolio_id": {
      "value": "calitp-staging-data-analyses-portfolio",
      "type": "string"
    },
    "google_storage_bucket_iam_member_tfer--dataproc-staging-us-west2-473674835135-t87wkokr_id": {
      "value": "dataproc-staging-us-west2-473674835135-t87wkokr",
      "type": "string"
    },
    "google_storage_bucket_iam_member_tfer--dataproc-temp-us-west2-473674835135-yuzmmdyk_id": {
      "value": "dataproc-temp-us-west2-473674835135-yuzmmdyk",
      "type": "string"
    },
    "google_storage_bucket_iam_member_tfer--test-calitp-amplitude-benefits-events_id": {
      "value": "test-calitp-amplitude-benefits-events",
      "type": "string"
    },
    "google_storage_bucket_iam_policy_tfer--calitp-staging-data-analyses-portfolio-draft_id": {
      "value": "calitp-staging-data-analyses-portfolio-draft",
      "type": "string"
    },
    "google_storage_bucket_iam_policy_tfer--calitp-staging-data-analyses-portfolio_id": {
      "value": "calitp-staging-data-analyses-portfolio",
      "type": "string"
    },
    "google_storage_bucket_iam_policy_tfer--dataproc-staging-us-west2-473674835135-t87wkokr_id": {
      "value": "dataproc-staging-us-west2-473674835135-t87wkokr",
      "type": "string"
    },
    "google_storage_bucket_iam_policy_tfer--dataproc-temp-us-west2-473674835135-yuzmmdyk_id": {
      "value": "dataproc-temp-us-west2-473674835135-yuzmmdyk",
      "type": "string"
    },
    "google_storage_bucket_iam_policy_tfer--test-calitp-amplitude-benefits-events_id": {
      "value": "test-calitp-amplitude-benefits-events",
      "type": "string"
    },
    "google_storage_bucket_tfer--calitp-staging-data-analyses-portfolio-draft_name": {
      "value": "calitp-staging-data-analyses-portfolio-draft",
      "type": "string"
    },
    "google_storage_bucket_tfer--calitp-staging-data-analyses-portfolio-draft_self_link": {
      "value": "https://www.googleapis.com/storage/v1/b/calitp-staging-data-analyses-portfolio-draft",
      "type": "string"
    },
    "google_storage_bucket_tfer--calitp-staging-data-analyses-portfolio_name": {
      "value": "calitp-staging-data-analyses-portfolio",
      "type": "string"
    },
    "google_storage_bucket_tfer--calitp-staging-data-analyses-portfolio_self_link": {
      "value": "https://www.googleapis.com/storage/v1/b/calitp-staging-data-analyses-portfolio",
      "type": "string"
    },
    "google_storage_bucket_tfer--dataproc-staging-us-west2-473674835135-t87wkokr_name": {
      "value": "dataproc-staging-us-west2-473674835135-t87wkokr",
      "type": "string"
    },
    "google_storage_bucket_tfer--dataproc-staging-us-west2-473674835135-t87wkokr_self_link": {
      "value": "https://www.googleapis.com/storage/v1/b/dataproc-staging-us-west2-473674835135-t87wkokr",
      "type": "string"
    },
    "google_storage_bucket_tfer--dataproc-temp-us-west2-473674835135-yuzmmdyk_name": {
      "value": "dataproc-temp-us-west2-473674835135-yuzmmdyk",
      "type": "string"
    },
    "google_storage_bucket_tfer--dataproc-temp-us-west2-473674835135-yuzmmdyk_self_link": {
      "value": "https://www.googleapis.com/storage/v1/b/dataproc-temp-us-west2-473674835135-yuzmmdyk",
      "type": "string"
    },
    "google_storage_bucket_tfer--test-calitp-amplitude-benefits-events_name": {
      "value": "test-calitp-amplitude-benefits-events",
      "type": "string"
    },
    "google_storage_bucket_tfer--test-calitp-amplitude-benefits-events_self_link": {
      "value": "https://www.googleapis.com/storage/v1/b/test-calitp-amplitude-benefits-events",
      "type": "string"
    },
    "google_storage_default_object_acl_tfer--calitp-staging-data-analyses-portfolio-draft_id": {
      "value": "calitp-staging-data-analyses-portfolio-draft",
      "type": "string"
    },
    "google_storage_default_object_acl_tfer--calitp-staging-data-analyses-portfolio_id": {
      "value": "calitp-staging-data-analyses-portfolio",
      "type": "string"
    },
    "google_storage_default_object_acl_tfer--dataproc-staging-us-west2-473674835135-t87wkokr_id": {
      "value": "dataproc-staging-us-west2-473674835135-t87wkokr",
      "type": "string"
    },
    "google_storage_default_object_acl_tfer--dataproc-temp-us-west2-473674835135-yuzmmdyk_id": {
      "value": "dataproc-temp-us-west2-473674835135-yuzmmdyk",
      "type": "string"
    },
    "google_storage_default_object_acl_tfer--test-calitp-amplitude-benefits-events_id": {
      "value": "test-calitp-amplitude-benefits-events",
      "type": "string"
    }
  },
  "resources": [
    {
      "mode": "managed",
      "type": "google_storage_bucket",
      "name": "tfer--calitp-staging-data-analyses-portfolio",
      "provider": "provider[\"registry.terraform.io/-/google\"]",
      "instances": [
        {
          "schema_version": 0,
          "attributes_flat": {
            "autoclass.#": "0",
            "cors.#": "0",
            "custom_placement_config.#": "0",
            "default_event_based_hold": "false",
            "encryption.#": "0",
            "force_destroy": "false",
            "id": "calitp-staging-data-analyses-portfolio",
            "labels.%": "0",
            "lifecycle_rule.#": "0",
            "location": "US-WEST2",
            "logging.#": "0",
            "name": "calitp-staging-data-analyses-portfolio",
            "project": "cal-itp-data-infra-staging",
            "public_access_prevention": "inherited",
            "requester_pays": "false",
            "retention_policy.#": "0",
            "self_link": "https://www.googleapis.com/storage/v1/b/calitp-staging-data-analyses-portfolio",
            "storage_class": "STANDARD",
            "uniform_bucket_level_access": "false",
            "url": "gs://calitp-staging-data-analyses-portfolio",
            "versioning.#": "0",
            "website.#": "0"
          },
          "sensitive_attributes": []
        }
      ]
    },
    {
      "mode": "managed",
      "type": "google_storage_bucket",
      "name": "tfer--calitp-staging-data-analyses-portfolio-draft",
      "provider": "provider[\"registry.terraform.io/-/google\"]",
      "instances": [
        {
          "schema_version": 0,
          "attributes_flat": {
            "autoclass.#": "0",
            "cors.#": "0",
            "custom_placement_config.#": "0",
            "default_event_based_hold": "false",
            "encryption.#": "0",
            "force_destroy": "false",
            "id": "calitp-staging-data-analyses-portfolio-draft",
            "labels.%": "0",
            "lifecycle_rule.#": "0",
            "location": "US-WEST2",
            "logging.#": "0",
            "name": "calitp-staging-data-analyses-portfolio-draft",
            "project": "cal-itp-data-infra-staging",
            "public_access_prevention": "inherited",
            "requester_pays": "false",
            "retention_policy.#": "0",
            "self_link": "https://www.googleapis.com/storage/v1/b/calitp-staging-data-analyses-portfolio-draft",
            "storage_class": "STANDARD",
            "uniform_bucket_level_access": "false",
            "url": "gs://calitp-staging-data-analyses-portfolio-draft",
            "versioning.#": "0",
            "website.#": "1",
            "website.0.main_page_suffix": "index.html",
            "website.0.not_found_page": ""
          },
          "sensitive_attributes": []
        }
      ]
    },
    {
      "mode": "managed",
      "type": "google_storage_bucket",
      "name": "tfer--dataproc-staging-us-west2-473674835135-t87wkokr",
      "provider": "provider[\"registry.terraform.io/-/google\"]",
      "instances": [
        {
          "schema_version": 0,
          "attributes_flat": {
            "autoclass.#": "0",
            "cors.#": "0",
            "custom_placement_config.#": "0",
            "default_event_based_hold": "false",
            "encryption.#": "0",
            "force_destroy": "false",
            "id": "dataproc-staging-us-west2-473674835135-t87wkokr",
            "labels.%": "0",
            "lifecycle_rule.#": "0",
            "location": "US-WEST2",
            "logging.#": "0",
            "name": "dataproc-staging-us-west2-473674835135-t87wkokr",
            "project": "cal-itp-data-infra-staging",
            "public_access_prevention": "inherited",
            "requester_pays": "false",
            "retention_policy.#": "0",
            "self_link": "https://www.googleapis.com/storage/v1/b/dataproc-staging-us-west2-473674835135-t87wkokr",
            "storage_class": "STANDARD",
            "uniform_bucket_level_access": "false",
            "url": "gs://dataproc-staging-us-west2-473674835135-t87wkokr",
            "versioning.#": "0",
            "website.#": "0"
          },
          "sensitive_attributes": []
        }
      ]
    },
    {
      "mode": "managed",
      "type": "google_storage_bucket",
      "name": "tfer--dataproc-temp-us-west2-473674835135-yuzmmdyk",
      "provider": "provider[\"registry.terraform.io/-/google\"]",
      "instances": [
        {
          "schema_version": 0,
          "attributes_flat": {
            "autoclass.#": "0",
            "cors.#": "0",
            "custom_placement_config.#": "0",
            "default_event_based_hold": "false",
            "encryption.#": "0",
            "force_destroy": "false",
            "id": "dataproc-temp-us-west2-473674835135-yuzmmdyk",
            "labels.%": "0",
            "lifecycle_rule.#": "1",
            "lifecycle_rule.0.action.#": "1",
            "lifecycle_rule.0.action.0.storage_class": "",
            "lifecycle_rule.0.action.0.type": "Delete",
            "lifecycle_rule.0.condition.#": "1",
            "lifecycle_rule.0.condition.0.age": "90",
            "lifecycle_rule.0.condition.0.created_before": "",
            "lifecycle_rule.0.condition.0.custom_time_before": "",
            "lifecycle_rule.0.condition.0.days_since_custom_time": "0",
            "lifecycle_rule.0.condition.0.days_since_noncurrent_time": "0",
            "lifecycle_rule.0.condition.0.matches_prefix.#": "0",
            "lifecycle_rule.0.condition.0.matches_storage_class.#": "0",
            "lifecycle_rule.0.condition.0.matches_suffix.#": "0",
            "lifecycle_rule.0.condition.0.noncurrent_time_before": "",
            "lifecycle_rule.0.condition.0.num_newer_versions": "0",
            "lifecycle_rule.0.condition.0.with_state": "ANY",
            "location": "US-WEST2",
            "logging.#": "0",
            "name": "dataproc-temp-us-west2-473674835135-yuzmmdyk",
            "project": "cal-itp-data-infra-staging",
            "public_access_prevention": "inherited",
            "requester_pays": "false",
            "retention_policy.#": "0",
            "self_link": "https://www.googleapis.com/storage/v1/b/dataproc-temp-us-west2-473674835135-yuzmmdyk",
            "storage_class": "STANDARD",
            "uniform_bucket_level_access": "false",
            "url": "gs://dataproc-temp-us-west2-473674835135-yuzmmdyk",
            "versioning.#": "0",
            "website.#": "0"
          },
          "sensitive_attributes": []
        }
      ]
    },
    {
      "mode": "managed",
      "type": "google_storage_bucket",
      "name": "tfer--test-calitp-amplitude-benefits-events",
      "provider": "provider[\"registry.terraform.io/-/google\"]",
      "instances": [
        {
          "schema_version": 0,
          "attributes_flat": {
            "autoclass.#": "0",
            "cors.#": "0",
            "custom_placement_config.#": "0",
            "default_event_based_hold": "false",
            "encryption.#": "0",
            "force_destroy": "false",
            "id": "test-calitp-amplitude-benefits-events",
            "labels.%": "0",
            "lifecycle_rule.#": "0",
            "location": "US-WEST2",
            "logging.#": "0",
            "name": "test-calitp-amplitude-benefits-events",
            "project": "cal-itp-data-infra-staging",
            "public_access_prevention": "enforced",
            "requester_pays": "false",
            "retention_policy.#": "0",
            "self_link": "https://www.googleapis.com/storage/v1/b/test-calitp-amplitude-benefits-events",
            "storage_class": "STANDARD",
            "uniform_bucket_level_access": "true",
            "url": "gs://test-calitp-amplitude-benefits-events",
            "versioning.#": "0",
            "website.#": "0"
          },
          "sensitive_attributes": []
        }
      ]
    },
    {
      "mode": "managed",
      "type": "google_storage_bucket_acl",
      "name": "tfer--calitp-staging-data-analyses-portfolio",
      "provider": "provider[\"registry.terraform.io/-/google\"]",
      "instances": [
        {
          "schema_version": 0,
          "attributes_flat": {
            "bucket": "calitp-staging-data-analyses-portfolio",
            "id": "calitp-staging-data-analyses-portfolio",
            "role_entity.#": "0"
          },
          "sensitive_attributes": []
        }
      ]
    },
    {
      "mode": "managed",
      "type": "google_storage_bucket_acl",
      "name": "tfer--calitp-staging-data-analyses-portfolio-draft",
      "provider": "provider[\"registry.terraform.io/-/google\"]",
      "instances": [
        {
          "schema_version": 0,
          "attributes_flat": {
            "bucket": "calitp-staging-data-analyses-portfolio-draft",
            "id": "calitp-staging-data-analyses-portfolio-draft",
            "role_entity.#": "0"
          },
          "sensitive_attributes": []
        }
      ]
    },
    {
      "mode": "managed",
      "type": "google_storage_bucket_acl",
      "name": "tfer--dataproc-staging-us-west2-473674835135-t87wkokr",
      "provider": "provider[\"registry.terraform.io/-/google\"]",
      "instances": [
        {
          "schema_version": 0,
          "attributes_flat": {
            "bucket": "dataproc-staging-us-west2-473674835135-t87wkokr",
            "id": "dataproc-staging-us-west2-473674835135-t87wkokr",
            "role_entity.#": "0"
          },
          "sensitive_attributes": []
        }
      ]
    },
    {
      "mode": "managed",
      "type": "google_storage_bucket_acl",
      "name": "tfer--dataproc-temp-us-west2-473674835135-yuzmmdyk",
      "provider": "provider[\"registry.terraform.io/-/google\"]",
      "instances": [
        {
          "schema_version": 0,
          "attributes_flat": {
            "bucket": "dataproc-temp-us-west2-473674835135-yuzmmdyk",
            "id": "dataproc-temp-us-west2-473674835135-yuzmmdyk",
            "role_entity.#": "0"
          },
          "sensitive_attributes": []
        }
      ]
    },
    {
      "mode": "managed",
      "type": "google_storage_bucket_acl",
      "name": "tfer--test-calitp-amplitude-benefits-events",
      "provider": "provider[\"registry.terraform.io/-/google\"]",
      "instances": [
        {
          "schema_version": 0,
          "attributes_flat": {
            "bucket": "test-calitp-amplitude-benefits-events",
            "id": "test-calitp-amplitude-benefits-events",
            "role_entity.#": "0"
          },
          "sensitive_attributes": []
        }
      ]
    },
    {
      "mode": "managed",
      "type": "google_storage_bucket_iam_binding",
      "name": "tfer--calitp-staging-data-analyses-portfolio",
      "provider": "provider[\"registry.terraform.io/-/google\"]",
      "instances": [
        {
          "schema_version": 0,
          "attributes_flat": {
            "bucket": "b/calitp-staging-data-analyses-portfolio",
            "condition.#": "0",
            "etag": "CAI=",
            "id": "calitp-staging-data-analyses-portfolio",
            "members.#": "2",
            "members.0": "projectEditor:cal-itp-data-infra-staging",
            "members.1": "projectOwner:cal-itp-data-infra-staging",
            "role": "roles/storage.legacyBucketOwner"
          },
          "sensitive_attributes": []
        }
      ]
    },
    {
      "mode": "managed",
      "type": "google_storage_bucket_iam_binding",
      "name": "tfer--calitp-staging-data-analyses-portfolio-draft",
      "provider": "provider[\"registry.terraform.io/-/google\"]",
      "instances": [
        {
          "schema_version": 0,
          "attributes_flat": {
            "bucket": "b/calitp-staging-data-analyses-portfolio-draft",
            "condition.#": "0",
            "etag": "CAM=",
            "id": "calitp-staging-data-analyses-portfolio-draft",
            "members.#": "2",
            "members.0": "projectEditor:cal-itp-data-infra-staging",
            "members.1": "projectOwner:cal-itp-data-infra-staging",
            "role": "roles/storage.legacyBucketOwner"
          },
          "sensitive_attributes": []
        }
      ]
    },
    {
      "mode": "managed",
      "type": "google_storage_bucket_iam_binding",
      "name": "tfer--dataproc-staging-us-west2-473674835135-t87wkokr",
      "provider": "provider[\"registry.terraform.io/-/google\"]",
      "instances": [
        {
          "schema_version": 0,
          "attributes_flat": {
            "bucket": "b/dataproc-staging-us-west2-473674835135-t87wkokr",
            "condition.#": "0",
            "etag": "CAI=",
            "id": "dataproc-staging-us-west2-473674835135-t87wkokr",
            "members.#": "1",
            "members.0": "projectViewer:cal-itp-data-infra-staging",
            "role": "roles/storage.legacyBucketReader"
          },
          "sensitive_attributes": []
        }
      ]
    },
    {
      "mode": "managed",
      "type": "google_storage_bucket_iam_binding",
      "name": "tfer--dataproc-temp-us-west2-473674835135-yuzmmdyk",
      "provider": "provider[\"registry.terraform.io/-/google\"]",
      "instances": [
        {
          "schema_version": 0,
          "attributes_flat": {
            "bucket": "b/dataproc-temp-us-west2-473674835135-yuzmmdyk",
            "condition.#": "0",
            "etag": "CAI=",
            "id": "dataproc-temp-us-west2-473674835135-yuzmmdyk",
            "members.#": "2",
            "members.0": "projectEditor:cal-itp-data-infra-staging",
            "members.1": "projectOwner:cal-itp-data-infra-staging",
            "role": "roles/storage.legacyBucketOwner"
          },
          "sensitive_attributes": []
        }
      ]
    },
    {
      "mode": "managed",
      "type": "google_storage_bucket_iam_binding",
      "name": "tfer--test-calitp-amplitude-benefits-events",
      "provider": "provider[\"registry.terraform.io/-/google\"]",
      "instances": [
        {
          "schema_version": 0,
          "attributes_flat": {
            "bucket": "b/test-calitp-amplitude-benefits-events",
            "condition.#": "0",
            "etag": "CAE=",
            "id": "test-calitp-amplitude-benefits-events",
            "members.#": "1",
            "members.0": "projectViewer:cal-itp-data-infra-staging",
            "role": "roles/storage.legacyBucketReader"
          },
          "sensitive_attributes": []
        }
      ]
    },
    {
      "mode": "managed",
      "type": "google_storage_bucket_iam_member",
      "name": "tfer--calitp-staging-data-analyses-portfolio",
      "provider": "provider[\"registry.terraform.io/-/google\"]",
      "instances": [
        {
          "schema_version": 0,
          "attributes_flat": {
            "bucket": "b/calitp-staging-data-analyses-portfolio",
            "condition.#": "0",
            "etag": "CAI=",
            "id": "calitp-staging-data-analyses-portfolio",
            "member": "projectEditor:cal-itp-data-infra-staging",
            "role": "roles/storage.legacyBucketOwner"
          },
          "sensitive_attributes": []
        }
      ]
    },
    {
      "mode": "managed",
      "type": "google_storage_bucket_iam_member",
      "name": "tfer--calitp-staging-data-analyses-portfolio-draft",
      "provider": "provider[\"registry.terraform.io/-/google\"]",
      "instances": [
        {
          "schema_version": 0,
          "attributes_flat": {
            "bucket": "b/calitp-staging-data-analyses-portfolio-draft",
            "condition.#": "0",
            "etag": "CAM=",
            "id": "calitp-staging-data-analyses-portfolio-draft",
            "member": "projectViewer:cal-itp-data-infra-staging",
            "role": "roles/storage.legacyBucketReader"
          },
          "sensitive_attributes": []
        }
      ]
    },
    {
      "mode": "managed",
      "type": "google_storage_bucket_iam_member",
      "name": "tfer--dataproc-staging-us-west2-473674835135-t87wkokr",
      "provider": "provider[\"registry.terraform.io/-/google\"]",
      "instances": [
        {
          "schema_version": 0,
          "attributes_flat": {
            "bucket": "b/dataproc-staging-us-west2-473674835135-t87wkokr",
            "condition.#": "0",
            "etag": "CAI=",
            "id": "dataproc-staging-us-west2-473674835135-t87wkokr",
            "member": "projectViewer:cal-itp-data-infra-staging",
            "role": "roles/storage.legacyBucketReader"
          },
          "sensitive_attributes": []
        }
      ]
    },
    {
      "mode": "managed",
      "type": "google_storage_bucket_iam_member",
      "name": "tfer--dataproc-temp-us-west2-473674835135-yuzmmdyk",
      "provider": "provider[\"registry.terraform.io/-/google\"]",
      "instances": [
        {
          "schema_version": 0,
          "attributes_flat": {
            "bucket": "b/dataproc-temp-us-west2-473674835135-yuzmmdyk",
            "condition.#": "0",
            "etag": "CAI=",
            "id": "dataproc-temp-us-west2-473674835135-yuzmmdyk",
            "member": "projectEditor:cal-itp-data-infra-staging",
            "role": "roles/storage.legacyBucketOwner"
          },
          "sensitive_attributes": []
        }
      ]
    },
    {
      "mode": "managed",
      "type": "google_storage_bucket_iam_member",
      "name": "tfer--test-calitp-amplitude-benefits-events",
      "provider": "provider[\"registry.terraform.io/-/google\"]",
      "instances": [
        {
          "schema_version": 0,
          "attributes_flat": {
            "bucket": "b/test-calitp-amplitude-benefits-events",
            "condition.#": "0",
            "etag": "CAE=",
            "id": "test-calitp-amplitude-benefits-events",
            "member": "projectEditor:cal-itp-data-infra-staging",
            "role": "roles/storage.legacyObjectOwner"
          },
          "sensitive_attributes": []
        }
      ]
    },
    {
      "mode": "managed",
      "type": "google_storage_bucket_iam_policy",
      "name": "tfer--calitp-staging-data-analyses-portfolio",
      "provider": "provider[\"registry.terraform.io/-/google\"]",
      "instances": [
        {
          "schema_version": 0,
          "attributes_flat": {
            "bucket": "b/calitp-staging-data-analyses-portfolio",
            "etag": "CAI=",
            "id": "calitp-staging-data-analyses-portfolio",
            "policy_data": "{\"bindings\":[{\"members\":[\"projectEditor:cal-itp-data-infra-staging\",\"projectOwner:cal-itp-data-infra-staging\"],\"role\":\"roles/storage.legacyBucketOwner\"},{\"members\":[\"projectViewer:cal-itp-data-infra-staging\"],\"role\":\"roles/storage.legacyBucketReader\"},{\"members\":[\"allUsers\"],\"role\":\"roles/storage.objectViewer\"}]}"
          },
          "sensitive_attributes": []
        }
      ]
    },
    {
      "mode": "managed",
      "type": "google_storage_bucket_iam_policy",
      "name": "tfer--calitp-staging-data-analyses-portfolio-draft",
      "provider": "provider[\"registry.terraform.io/-/google\"]",
      "instances": [
        {
          "schema_version": 0,
          "attributes_flat": {
            "bucket": "b/calitp-staging-data-analyses-portfolio-draft",
            "etag": "CAM=",
            "id": "calitp-staging-data-analyses-portfolio-draft",
            "policy_data": "{\"bindings\":[{\"members\":[\"projectEditor:cal-itp-data-infra-staging\",\"projectOwner:cal-itp-data-infra-staging\"],\"role\":\"roles/storage.legacyBucketOwner\"},{\"members\":[\"projectViewer:cal-itp-data-infra-staging\"],\"role\":\"roles/storage.legacyBucketReader\"},{\"members\":[\"allUsers\"],\"role\":\"roles/storage.objectViewer\"}]}"
          },
          "sensitive_attributes": []
        }
      ]
    },
    {
      "mode": "managed",
      "type": "google_storage_bucket_iam_policy",
      "name": "tfer--dataproc-staging-us-west2-473674835135-t87wkokr",
      "provider": "provider[\"registry.terraform.io/-/google\"]",
      "instances": [
        {
          "schema_version": 0,
          "attributes_flat": {
            "bucket": "b/dataproc-staging-us-west2-473674835135-t87wkokr",
            "etag": "CAI=",
            "id": "dataproc-staging-us-west2-473674835135-t87wkokr",
            "policy_data": "{\"bindings\":[{\"members\":[\"projectEditor:cal-itp-data-infra-staging\",\"projectOwner:cal-itp-data-infra-staging\"],\"role\":\"roles/storage.legacyBucketOwner\"},{\"members\":[\"projectViewer:cal-itp-data-infra-staging\"],\"role\":\"roles/storage.legacyBucketReader\"}]}"
          },
          "sensitive_attributes": []
        }
      ]
    },
    {
      "mode": "managed",
      "type": "google_storage_bucket_iam_policy",
      "name": "tfer--dataproc-temp-us-west2-473674835135-yuzmmdyk",
      "provider": "provider[\"registry.terraform.io/-/google\"]",
      "instances": [
        {
          "schema_version": 0,
          "attributes_flat": {
            "bucket": "b/dataproc-temp-us-west2-473674835135-yuzmmdyk",
            "etag": "CAI=",
            "id": "dataproc-temp-us-west2-473674835135-yuzmmdyk",
            "policy_data": "{\"bindings\":[{\"members\":[\"projectEditor:cal-itp-data-infra-staging\",\"projectOwner:cal-itp-data-infra-staging\"],\"role\":\"roles/storage.legacyBucketOwner\"},{\"members\":[\"projectViewer:cal-itp-data-infra-staging\"],\"role\":\"roles/storage.legacyBucketReader\"}]}"
          },
          "sensitive_attributes": []
        }
      ]
    },
    {
      "mode": "managed",
      "type": "google_storage_bucket_iam_policy",
      "name": "tfer--test-calitp-amplitude-benefits-events",
      "provider": "provider[\"registry.terraform.io/-/google\"]",
      "instances": [
        {
          "schema_version": 0,
          "attributes_flat": {
            "bucket": "b/test-calitp-amplitude-benefits-events",
            "etag": "CAE=",
            "id": "test-calitp-amplitude-benefits-events",
            "policy_data": "{\"bindings\":[{\"members\":[\"projectEditor:cal-itp-data-infra-staging\",\"projectOwner:cal-itp-data-infra-staging\"],\"role\":\"roles/storage.legacyBucketOwner\"},{\"members\":[\"projectViewer:cal-itp-data-infra-staging\"],\"role\":\"roles/storage.legacyBucketReader\"},{\"members\":[\"projectEditor:cal-itp-data-infra-staging\",\"projectOwner:cal-itp-data-infra-staging\"],\"role\":\"roles/storage.legacyObjectOwner\"},{\"members\":[\"projectViewer:cal-itp-data-infra-staging\"],\"role\":\"roles/storage.legacyObjectReader\"}]}"
          },
          "sensitive_attributes": []
        }
      ]
    },
    {
      "mode": "managed",
      "type": "google_storage_default_object_acl",
      "name": "tfer--calitp-staging-data-analyses-portfolio",
      "provider": "provider[\"registry.terraform.io/-/google\"]",
      "instances": [
        {
          "schema_version": 0,
          "attributes_flat": {
            "bucket": "calitp-staging-data-analyses-portfolio",
            "id": "calitp-staging-data-analyses-portfolio",
            "role_entity.#": "3",
            "role_entity.0": "OWNER:project-editors-473674835135",
            "role_entity.1": "OWNER:project-owners-473674835135",
            "role_entity.2": "READER:project-viewers-473674835135"
          },
          "sensitive_attributes": []
        }
      ]
    },
    {
      "mode": "managed",
      "type": "google_storage_default_object_acl",
      "name": "tfer--calitp-staging-data-analyses-portfolio-draft",
      "provider": "provider[\"registry.terraform.io/-/google\"]",
      "instances": [
        {
          "schema_version": 0,
          "attributes_flat": {
            "bucket": "calitp-staging-data-analyses-portfolio-draft",
            "id": "calitp-staging-data-analyses-portfolio-draft",
            "role_entity.#": "3",
            "role_entity.0": "OWNER:project-editors-473674835135",
            "role_entity.1": "OWNER:project-owners-473674835135",
            "role_entity.2": "READER:project-viewers-473674835135"
          },
          "sensitive_attributes": []
        }
      ]
    },
    {
      "mode": "managed",
      "type": "google_storage_default_object_acl",
      "name": "tfer--dataproc-staging-us-west2-473674835135-t87wkokr",
      "provider": "provider[\"registry.terraform.io/-/google\"]",
      "instances": [
        {
          "schema_version": 0,
          "attributes_flat": {
            "bucket": "dataproc-staging-us-west2-473674835135-t87wkokr",
            "id": "dataproc-staging-us-west2-473674835135-t87wkokr",
            "role_entity.#": "3",
            "role_entity.0": "OWNER:project-editors-473674835135",
            "role_entity.1": "OWNER:project-owners-473674835135",
            "role_entity.2": "READER:project-viewers-473674835135"
          },
          "sensitive_attributes": []
        }
      ]
    },
    {
      "mode": "managed",
      "type": "google_storage_default_object_acl",
      "name": "tfer--dataproc-temp-us-west2-473674835135-yuzmmdyk",
      "provider": "provider[\"registry.terraform.io/-/google\"]",
      "instances": [
        {
          "schema_version": 0,
          "attributes_flat": {
            "bucket": "dataproc-temp-us-west2-473674835135-yuzmmdyk",
            "id": "dataproc-temp-us-west2-473674835135-yuzmmdyk",
            "role_entity.#": "3",
            "role_entity.0": "OWNER:project-editors-473674835135",
            "role_entity.1": "OWNER:project-owners-473674835135",
            "role_entity.2": "READER:project-viewers-473674835135"
          },
          "sensitive_attributes": []
        }
      ]
    },
    {
      "mode": "managed",
      "type": "google_storage_default_object_acl",
      "name": "tfer--test-calitp-amplitude-benefits-events",
      "provider": "provider[\"registry.terraform.io/-/google\"]",
      "instances": [
        {
          "schema_version": 0,
          "attributes_flat": {
            "bucket": "test-calitp-amplitude-benefits-events",
            "id": "test-calitp-amplitude-benefits-events",
            "role_entity.#": "0"
          },
          "sensitive_attributes": []
        }
      ]
    }
  ],
  "check_results": null
}
