{
    "version": 3,
    "terraform_version": "0.12.31",
    "serial": 1,
    "lineage": "9492b98f-6818-dced-b519-347f792b95ea",
    "modules": [
        {
            "path": [
                "root"
            ],
            "outputs": {
                "google_compute_disk_tfer--us-west1-a-002F-gke-data-infra-apps-0f-pvc-2a93aefe-28c7-46ba-93f2-a86ff6f4aafa_self_link": {
                    "sensitive": false,
                    "type": "string",
                    "value": "https://www.googleapis.com/compute/v1/projects/cal-itp-data-infra/zones/us-west1-a/disks/gke-data-infra-apps-0f-pvc-2a93aefe-28c7-46ba-93f2-a86ff6f4aafa"
                },
                "google_compute_disk_tfer--us-west1-a-002F-gke-data-infra-apps-0f-pvc-2df32811-310a-4273-9369-0cf65e9d514e_self_link": {
                    "sensitive": false,
                    "type": "string",
                    "value": "https://www.googleapis.com/compute/v1/projects/cal-itp-data-infra/zones/us-west1-a/disks/gke-data-infra-apps-0f-pvc-2df32811-310a-4273-9369-0cf65e9d514e"
                },
                "google_compute_disk_tfer--us-west1-a-002F-gke-data-infra-apps-0f-pvc-3bba6b29-5241-41ff-81a2-8a38b8ba7593_self_link": {
                    "sensitive": false,
                    "type": "string",
                    "value": "https://www.googleapis.com/compute/v1/projects/cal-itp-data-infra/zones/us-west1-a/disks/gke-data-infra-apps-0f-pvc-3bba6b29-5241-41ff-81a2-8a38b8ba7593"
                },
                "google_compute_disk_tfer--us-west1-a-002F-gke-data-infra-apps-0f-pvc-3d587612-adf4-4ab3-b30e-9409486d22c6_self_link": {
                    "sensitive": false,
                    "type": "string",
                    "value": "https://www.googleapis.com/compute/v1/projects/cal-itp-data-infra/zones/us-west1-a/disks/gke-data-infra-apps-0f-pvc-3d587612-adf4-4ab3-b30e-9409486d22c6"
                },
                "google_compute_disk_tfer--us-west1-a-002F-gke-data-infra-apps-0f-pvc-5155c951-748b-4f8a-ad98-8629bc1573d4_self_link": {
                    "sensitive": false,
                    "type": "string",
                    "value": "https://www.googleapis.com/compute/v1/projects/cal-itp-data-infra/zones/us-west1-a/disks/gke-data-infra-apps-0f-pvc-5155c951-748b-4f8a-ad98-8629bc1573d4"
                },
                "google_compute_disk_tfer--us-west1-a-002F-gke-data-infra-apps-0f-pvc-6b64b50a-58a6-4a4e-aabf-2c4f235c6d83_self_link": {
                    "sensitive": false,
                    "type": "string",
                    "value": "https://www.googleapis.com/compute/v1/projects/cal-itp-data-infra/zones/us-west1-a/disks/gke-data-infra-apps-0f-pvc-6b64b50a-58a6-4a4e-aabf-2c4f235c6d83"
                },
                "google_compute_disk_tfer--us-west1-a-002F-gke-data-infra-apps-0f-pvc-7526a8e0-c331-40e9-9f3d-edada78927f3_self_link": {
                    "sensitive": false,
                    "type": "string",
                    "value": "https://www.googleapis.com/compute/v1/projects/cal-itp-data-infra/zones/us-west1-a/disks/gke-data-infra-apps-0f-pvc-7526a8e0-c331-40e9-9f3d-edada78927f3"
                },
                "google_compute_disk_tfer--us-west1-a-002F-gke-data-infra-apps-0f-pvc-97d95db4-2b75-4c66-b548-6df3e4ff5503_self_link": {
                    "sensitive": false,
                    "type": "string",
                    "value": "https://www.googleapis.com/compute/v1/projects/cal-itp-data-infra/zones/us-west1-a/disks/gke-data-infra-apps-0f-pvc-97d95db4-2b75-4c66-b548-6df3e4ff5503"
                },
                "google_compute_disk_tfer--us-west1-a-002F-gke-data-infra-apps-0f-pvc-b2ded399-2acb-46c7-97ba-b842f30bf19b_self_link": {
                    "sensitive": false,
                    "type": "string",
                    "value": "https://www.googleapis.com/compute/v1/projects/cal-itp-data-infra/zones/us-west1-a/disks/gke-data-infra-apps-0f-pvc-b2ded399-2acb-46c7-97ba-b842f30bf19b"
                },
                "google_compute_disk_tfer--us-west1-a-002F-gke-data-infra-apps-0f-pvc-e06770ed-a26e-4870-a40f-2741eead8318_self_link": {
                    "sensitive": false,
                    "type": "string",
                    "value": "https://www.googleapis.com/compute/v1/projects/cal-itp-data-infra/zones/us-west1-a/disks/gke-data-infra-apps-0f-pvc-e06770ed-a26e-4870-a40f-2741eead8318"
                },
                "google_compute_disk_tfer--us-west1-a-002F-gke-data-infra-apps-0f-pvc-e3fce3a0-6b39-4a23-b9b3-6f099c1e4152_self_link": {
                    "sensitive": false,
                    "type": "string",
                    "value": "https://www.googleapis.com/compute/v1/projects/cal-itp-data-infra/zones/us-west1-a/disks/gke-data-infra-apps-0f-pvc-e3fce3a0-6b39-4a23-b9b3-6f099c1e4152"
                },
                "google_compute_disk_tfer--us-west1-a-002F-gke-data-infra-apps-0f-pvc-e97e933f-a97d-408e-afa7-e031986063c1_self_link": {
                    "sensitive": false,
                    "type": "string",
                    "value": "https://www.googleapis.com/compute/v1/projects/cal-itp-data-infra/zones/us-west1-a/disks/gke-data-infra-apps-0f-pvc-e97e933f-a97d-408e-afa7-e031986063c1"
                },
                "google_compute_disk_tfer--us-west1-a-002F-gke-data-infra-apps-apps-v2-2729c0c0-8ms8_self_link": {
                    "sensitive": false,
                    "type": "string",
                    "value": "https://www.googleapis.com/compute/v1/projects/cal-itp-data-infra/zones/us-west1-a/disks/gke-data-infra-apps-apps-v2-2729c0c0-8ms8"
                },
                "google_compute_disk_tfer--us-west1-a-002F-gke-data-infra-apps-gtfsrt-v4-2a13e092-k2sh_self_link": {
                    "sensitive": false,
                    "type": "string",
                    "value": "https://www.googleapis.com/compute/v1/projects/cal-itp-data-infra/zones/us-west1-a/disks/gke-data-infra-apps-gtfsrt-v4-2a13e092-k2sh"
                },
                "google_compute_disk_tfer--us-west1-a-002F-gke-data-infra-apps-gtfsrt-v4-2a13e092-qr7i_self_link": {
                    "sensitive": false,
                    "type": "string",
                    "value": "https://www.googleapis.com/compute/v1/projects/cal-itp-data-infra/zones/us-west1-a/disks/gke-data-infra-apps-gtfsrt-v4-2a13e092-qr7i"
                },
                "google_compute_disk_tfer--us-west1-a-002F-gke-data-infra-apps-jobs-v1-cd18666b-d7vg_self_link": {
                    "sensitive": false,
                    "type": "string",
                    "value": "https://www.googleapis.com/compute/v1/projects/cal-itp-data-infra/zones/us-west1-a/disks/gke-data-infra-apps-jobs-v1-cd18666b-d7vg"
                },
                "google_compute_disk_tfer--us-west1-a-002F-gke-data-infra-apps-jupyterhub-users-b57e08f4-ldpn_self_link": {
                    "sensitive": false,
                    "type": "string",
                    "value": "https://www.googleapis.com/compute/v1/projects/cal-itp-data-infra/zones/us-west1-a/disks/gke-data-infra-apps-jupyterhub-users-b57e08f4-ldpn"
                },
                "google_compute_disk_tfer--us-west1-a-002F-pvc-39448e03-f6dd-4cd1-88ee-030e9a4c6864_self_link": {
                    "sensitive": false,
                    "type": "string",
                    "value": "https://www.googleapis.com/compute/v1/projects/cal-itp-data-infra/zones/us-west1-a/disks/pvc-39448e03-f6dd-4cd1-88ee-030e9a4c6864"
                },
                "google_compute_disk_tfer--us-west1-a-002F-pvc-a5b1d3cd-ad12-405c-ab13-687bced0ff1e_self_link": {
                    "sensitive": false,
                    "type": "string",
                    "value": "https://www.googleapis.com/compute/v1/projects/cal-itp-data-infra/zones/us-west1-a/disks/pvc-a5b1d3cd-ad12-405c-ab13-687bced0ff1e"
                },
                "google_compute_disk_tfer--us-west1-a-002F-pvc-bd1e9f34-09a4-4b74-8b70-ec0991eab635_self_link": {
                    "sensitive": false,
                    "type": "string",
                    "value": "https://www.googleapis.com/compute/v1/projects/cal-itp-data-infra/zones/us-west1-a/disks/pvc-bd1e9f34-09a4-4b74-8b70-ec0991eab635"
                },
                "google_compute_disk_tfer--us-west1-a-002F-pvc-c5a1db47-2181-432e-8fb4-081420b87c0a_self_link": {
                    "sensitive": false,
                    "type": "string",
                    "value": "https://www.googleapis.com/compute/v1/projects/cal-itp-data-infra/zones/us-west1-a/disks/pvc-c5a1db47-2181-432e-8fb4-081420b87c0a"
                },
                "google_compute_disk_tfer--us-west1-a-002F-pvc-c7a31ebc-2f7e-40c0-a468-dd6a35c5809e_self_link": {
                    "sensitive": false,
                    "type": "string",
                    "value": "https://www.googleapis.com/compute/v1/projects/cal-itp-data-infra/zones/us-west1-a/disks/pvc-c7a31ebc-2f7e-40c0-a468-dd6a35c5809e"
                },
                "google_compute_disk_tfer--us-west1-a-002F-pvc-d7742e0a-a969-458c-a91a-7af8f49f6472_self_link": {
                    "sensitive": false,
                    "type": "string",
                    "value": "https://www.googleapis.com/compute/v1/projects/cal-itp-data-infra/zones/us-west1-a/disks/pvc-d7742e0a-a969-458c-a91a-7af8f49f6472"
                },
                "google_compute_disk_tfer--us-west1-b-002F-gke-data-infra-apps-0f-pvc-16a68482-25de-4d96-9e3b-3cfd0db3e368_self_link": {
                    "sensitive": false,
                    "type": "string",
                    "value": "https://www.googleapis.com/compute/v1/projects/cal-itp-data-infra/zones/us-west1-b/disks/gke-data-infra-apps-0f-pvc-16a68482-25de-4d96-9e3b-3cfd0db3e368"
                },
                "google_compute_disk_tfer--us-west1-b-002F-gke-data-infra-apps-0f-pvc-3265ecbf-c279-4cc3-8e67-f98174ad19e9_self_link": {
                    "sensitive": false,
                    "type": "string",
                    "value": "https://www.googleapis.com/compute/v1/projects/cal-itp-data-infra/zones/us-west1-b/disks/gke-data-infra-apps-0f-pvc-3265ecbf-c279-4cc3-8e67-f98174ad19e9"
                },
                "google_compute_disk_tfer--us-west1-b-002F-gke-data-infra-apps-0f-pvc-53c7e604-a011-419d-96eb-429b7c2b8c70_self_link": {
                    "sensitive": false,
                    "type": "string",
                    "value": "https://www.googleapis.com/compute/v1/projects/cal-itp-data-infra/zones/us-west1-b/disks/gke-data-infra-apps-0f-pvc-53c7e604-a011-419d-96eb-429b7c2b8c70"
                },
                "google_compute_disk_tfer--us-west1-b-002F-gke-data-infra-apps-0f-pvc-88d137db-2ba6-4aa6-b94d-2d5f77714c7c_self_link": {
                    "sensitive": false,
                    "type": "string",
                    "value": "https://www.googleapis.com/compute/v1/projects/cal-itp-data-infra/zones/us-west1-b/disks/gke-data-infra-apps-0f-pvc-88d137db-2ba6-4aa6-b94d-2d5f77714c7c"
                },
                "google_compute_disk_tfer--us-west1-b-002F-gke-data-infra-apps-0f-pvc-bd2749b9-7e64-4991-83e4-9b694beac49b_self_link": {
                    "sensitive": false,
                    "type": "string",
                    "value": "https://www.googleapis.com/compute/v1/projects/cal-itp-data-infra/zones/us-west1-b/disks/gke-data-infra-apps-0f-pvc-bd2749b9-7e64-4991-83e4-9b694beac49b"
                },
                "google_compute_disk_tfer--us-west1-b-002F-gke-data-infra-apps-0f-pvc-c9e0b814-b6ad-4a2a-903a-1357d22f0640_self_link": {
                    "sensitive": false,
                    "type": "string",
                    "value": "https://www.googleapis.com/compute/v1/projects/cal-itp-data-infra/zones/us-west1-b/disks/gke-data-infra-apps-0f-pvc-c9e0b814-b6ad-4a2a-903a-1357d22f0640"
                },
                "google_compute_disk_tfer--us-west1-b-002F-gke-data-infra-apps-0f-pvc-cd04012e-8535-4d35-b3b6-16f2750b2fb9_self_link": {
                    "sensitive": false,
                    "type": "string",
                    "value": "https://www.googleapis.com/compute/v1/projects/cal-itp-data-infra/zones/us-west1-b/disks/gke-data-infra-apps-0f-pvc-cd04012e-8535-4d35-b3b6-16f2750b2fb9"
                },
                "google_compute_disk_tfer--us-west1-b-002F-gke-data-infra-apps-0f-pvc-e936ca8a-3a35-4308-ac51-ade47e24d8ea_self_link": {
                    "sensitive": false,
                    "type": "string",
                    "value": "https://www.googleapis.com/compute/v1/projects/cal-itp-data-infra/zones/us-west1-b/disks/gke-data-infra-apps-0f-pvc-e936ca8a-3a35-4308-ac51-ade47e24d8ea"
                },
                "google_compute_disk_tfer--us-west1-b-002F-gke-data-infra-apps-0f-pvc-eece374b-c967-4bcd-b32f-504b4718d5e7_self_link": {
                    "sensitive": false,
                    "type": "string",
                    "value": "https://www.googleapis.com/compute/v1/projects/cal-itp-data-infra/zones/us-west1-b/disks/gke-data-infra-apps-0f-pvc-eece374b-c967-4bcd-b32f-504b4718d5e7"
                },
                "google_compute_disk_tfer--us-west1-b-002F-gke-data-infra-apps-apps-v2-0dfb61fb-qloc_self_link": {
                    "sensitive": false,
                    "type": "string",
                    "value": "https://www.googleapis.com/compute/v1/projects/cal-itp-data-infra/zones/us-west1-b/disks/gke-data-infra-apps-apps-v2-0dfb61fb-qloc"
                },
                "google_compute_disk_tfer--us-west1-b-002F-gke-data-infra-apps-gtfsrt-v4-b003cc53-d25a_self_link": {
                    "sensitive": false,
                    "type": "string",
                    "value": "https://www.googleapis.com/compute/v1/projects/cal-itp-data-infra/zones/us-west1-b/disks/gke-data-infra-apps-gtfsrt-v4-b003cc53-d25a"
                },
                "google_compute_disk_tfer--us-west1-b-002F-gke-data-infra-apps-jobs-v1-8eec22fb-9fgb_self_link": {
                    "sensitive": false,
                    "type": "string",
                    "value": "https://www.googleapis.com/compute/v1/projects/cal-itp-data-infra/zones/us-west1-b/disks/gke-data-infra-apps-jobs-v1-8eec22fb-9fgb"
                },
                "google_compute_disk_tfer--us-west1-b-002F-gke-data-infra-apps-jupyterhub-users-dddc57ff-2iq0_self_link": {
                    "sensitive": false,
                    "type": "string",
                    "value": "https://www.googleapis.com/compute/v1/projects/cal-itp-data-infra/zones/us-west1-b/disks/gke-data-infra-apps-jupyterhub-users-dddc57ff-2iq0"
                },
                "google_compute_disk_tfer--us-west1-b-002F-gke-data-infra-apps-jupyterhub-users-dddc57ff-rb5c_self_link": {
                    "sensitive": false,
                    "type": "string",
                    "value": "https://www.googleapis.com/compute/v1/projects/cal-itp-data-infra/zones/us-west1-b/disks/gke-data-infra-apps-jupyterhub-users-dddc57ff-rb5c"
                },
                "google_compute_disk_tfer--us-west1-b-002F-pvc-51920f4f-17fb-4119-88d3-7ab7946939c9_self_link": {
                    "sensitive": false,
                    "type": "string",
                    "value": "https://www.googleapis.com/compute/v1/projects/cal-itp-data-infra/zones/us-west1-b/disks/pvc-51920f4f-17fb-4119-88d3-7ab7946939c9"
                },
                "google_compute_disk_tfer--us-west1-b-002F-pvc-56236315-a154-4f43-b3f0-8bb7915da9e4_self_link": {
                    "sensitive": false,
                    "type": "string",
                    "value": "https://www.googleapis.com/compute/v1/projects/cal-itp-data-infra/zones/us-west1-b/disks/pvc-56236315-a154-4f43-b3f0-8bb7915da9e4"
                },
                "google_compute_disk_tfer--us-west1-b-002F-pvc-8ae88cc0-46d6-4dbd-b554-ebb1fd75df28_self_link": {
                    "sensitive": false,
                    "type": "string",
                    "value": "https://www.googleapis.com/compute/v1/projects/cal-itp-data-infra/zones/us-west1-b/disks/pvc-8ae88cc0-46d6-4dbd-b554-ebb1fd75df28"
                },
                "google_compute_disk_tfer--us-west1-b-002F-pvc-b75ef8be-704f-4c95-b75f-8b75e7f8216e_self_link": {
                    "sensitive": false,
                    "type": "string",
                    "value": "https://www.googleapis.com/compute/v1/projects/cal-itp-data-infra/zones/us-west1-b/disks/pvc-b75ef8be-704f-4c95-b75f-8b75e7f8216e"
                },
                "google_compute_disk_tfer--us-west1-b-002F-pvc-b9f30810-bebd-43b6-81d1-cb17699cd116_self_link": {
                    "sensitive": false,
                    "type": "string",
                    "value": "https://www.googleapis.com/compute/v1/projects/cal-itp-data-infra/zones/us-west1-b/disks/pvc-b9f30810-bebd-43b6-81d1-cb17699cd116"
                },
                "google_compute_disk_tfer--us-west1-b-002F-pvc-bf1cfbb8-d529-4199-a4c1-2f83e4369a21_self_link": {
                    "sensitive": false,
                    "type": "string",
                    "value": "https://www.googleapis.com/compute/v1/projects/cal-itp-data-infra/zones/us-west1-b/disks/pvc-bf1cfbb8-d529-4199-a4c1-2f83e4369a21"
                },
                "google_compute_disk_tfer--us-west1-b-002F-pvc-cb1787db-828d-4577-8d5b-35e46c43f3a7_self_link": {
                    "sensitive": false,
                    "type": "string",
                    "value": "https://www.googleapis.com/compute/v1/projects/cal-itp-data-infra/zones/us-west1-b/disks/pvc-cb1787db-828d-4577-8d5b-35e46c43f3a7"
                },
                "google_compute_disk_tfer--us-west1-b-002F-pvc-f4d846de-ac9f-402c-a213-d175e8a78161_self_link": {
                    "sensitive": false,
                    "type": "string",
                    "value": "https://www.googleapis.com/compute/v1/projects/cal-itp-data-infra/zones/us-west1-b/disks/pvc-f4d846de-ac9f-402c-a213-d175e8a78161"
                },
                "google_compute_disk_tfer--us-west1-c-002F-gke-data-infra-apps-0f-pvc-1e3b74fe-ca10-4d96-8c33-b1ec0c0f3ef1_self_link": {
                    "sensitive": false,
                    "type": "string",
                    "value": "https://www.googleapis.com/compute/v1/projects/cal-itp-data-infra/zones/us-west1-c/disks/gke-data-infra-apps-0f-pvc-1e3b74fe-ca10-4d96-8c33-b1ec0c0f3ef1"
                },
                "google_compute_disk_tfer--us-west1-c-002F-gke-data-infra-apps-0f-pvc-4abf7dc1-3ee1-4a8d-9ae5-5818998838bd_self_link": {
                    "sensitive": false,
                    "type": "string",
                    "value": "https://www.googleapis.com/compute/v1/projects/cal-itp-data-infra/zones/us-west1-c/disks/gke-data-infra-apps-0f-pvc-4abf7dc1-3ee1-4a8d-9ae5-5818998838bd"
                },
                "google_compute_disk_tfer--us-west1-c-002F-gke-data-infra-apps-0f-pvc-537c2c55-3c90-44db-a36d-6bd4a4b0ebc2_self_link": {
                    "sensitive": false,
                    "type": "string",
                    "value": "https://www.googleapis.com/compute/v1/projects/cal-itp-data-infra/zones/us-west1-c/disks/gke-data-infra-apps-0f-pvc-537c2c55-3c90-44db-a36d-6bd4a4b0ebc2"
                },
                "google_compute_disk_tfer--us-west1-c-002F-gke-data-infra-apps-0f-pvc-5a9722fe-da89-48b2-a633-3bd3f4e8ab78_self_link": {
                    "sensitive": false,
                    "type": "string",
                    "value": "https://www.googleapis.com/compute/v1/projects/cal-itp-data-infra/zones/us-west1-c/disks/gke-data-infra-apps-0f-pvc-5a9722fe-da89-48b2-a633-3bd3f4e8ab78"
                },
                "google_compute_disk_tfer--us-west1-c-002F-gke-data-infra-apps-0f-pvc-5dd43bea-6458-469b-8148-0fcd1a4f1317_self_link": {
                    "sensitive": false,
                    "type": "string",
                    "value": "https://www.googleapis.com/compute/v1/projects/cal-itp-data-infra/zones/us-west1-c/disks/gke-data-infra-apps-0f-pvc-5dd43bea-6458-469b-8148-0fcd1a4f1317"
                },
                "google_compute_disk_tfer--us-west1-c-002F-gke-data-infra-apps-0f-pvc-5f1039b1-f4bb-48e0-b925-0b9f4936b92c_self_link": {
                    "sensitive": false,
                    "type": "string",
                    "value": "https://www.googleapis.com/compute/v1/projects/cal-itp-data-infra/zones/us-west1-c/disks/gke-data-infra-apps-0f-pvc-5f1039b1-f4bb-48e0-b925-0b9f4936b92c"
                },
                "google_compute_disk_tfer--us-west1-c-002F-gke-data-infra-apps-0f-pvc-6d2d7ce8-56d1-45bc-bd6a-9b0a70c4c697_self_link": {
                    "sensitive": false,
                    "type": "string",
                    "value": "https://www.googleapis.com/compute/v1/projects/cal-itp-data-infra/zones/us-west1-c/disks/gke-data-infra-apps-0f-pvc-6d2d7ce8-56d1-45bc-bd6a-9b0a70c4c697"
                },
                "google_compute_disk_tfer--us-west1-c-002F-gke-data-infra-apps-0f-pvc-780faa09-e65d-46f6-8809-6d69eaa6073f_self_link": {
                    "sensitive": false,
                    "type": "string",
                    "value": "https://www.googleapis.com/compute/v1/projects/cal-itp-data-infra/zones/us-west1-c/disks/gke-data-infra-apps-0f-pvc-780faa09-e65d-46f6-8809-6d69eaa6073f"
                },
                "google_compute_disk_tfer--us-west1-c-002F-gke-data-infra-apps-0f-pvc-789ca26b-60f7-4b82-ba71-63b519969b5a_self_link": {
                    "sensitive": false,
                    "type": "string",
                    "value": "https://www.googleapis.com/compute/v1/projects/cal-itp-data-infra/zones/us-west1-c/disks/gke-data-infra-apps-0f-pvc-789ca26b-60f7-4b82-ba71-63b519969b5a"
                },
                "google_compute_disk_tfer--us-west1-c-002F-gke-data-infra-apps-0f-pvc-7f5d3f75-5bdd-430d-a47b-d9111ae2d66b_self_link": {
                    "sensitive": false,
                    "type": "string",
                    "value": "https://www.googleapis.com/compute/v1/projects/cal-itp-data-infra/zones/us-west1-c/disks/gke-data-infra-apps-0f-pvc-7f5d3f75-5bdd-430d-a47b-d9111ae2d66b"
                },
                "google_compute_disk_tfer--us-west1-c-002F-gke-data-infra-apps-0f-pvc-8e1af0b5-de26-4747-93b8-2f1bcd6f9c1b_self_link": {
                    "sensitive": false,
                    "type": "string",
                    "value": "https://www.googleapis.com/compute/v1/projects/cal-itp-data-infra/zones/us-west1-c/disks/gke-data-infra-apps-0f-pvc-8e1af0b5-de26-4747-93b8-2f1bcd6f9c1b"
                },
                "google_compute_disk_tfer--us-west1-c-002F-gke-data-infra-apps-0f-pvc-998826b4-8586-42ac-b030-874e1c622155_self_link": {
                    "sensitive": false,
                    "type": "string",
                    "value": "https://www.googleapis.com/compute/v1/projects/cal-itp-data-infra/zones/us-west1-c/disks/gke-data-infra-apps-0f-pvc-998826b4-8586-42ac-b030-874e1c622155"
                },
                "google_compute_disk_tfer--us-west1-c-002F-gke-data-infra-apps-0f-pvc-9b28062d-4fd5-40de-b406-057aa3722b1a_self_link": {
                    "sensitive": false,
                    "type": "string",
                    "value": "https://www.googleapis.com/compute/v1/projects/cal-itp-data-infra/zones/us-west1-c/disks/gke-data-infra-apps-0f-pvc-9b28062d-4fd5-40de-b406-057aa3722b1a"
                },
                "google_compute_disk_tfer--us-west1-c-002F-gke-data-infra-apps-0f-pvc-a2132b96-edf4-4249-83e0-40a615961c37_self_link": {
                    "sensitive": false,
                    "type": "string",
                    "value": "https://www.googleapis.com/compute/v1/projects/cal-itp-data-infra/zones/us-west1-c/disks/gke-data-infra-apps-0f-pvc-a2132b96-edf4-4249-83e0-40a615961c37"
                },
                "google_compute_disk_tfer--us-west1-c-002F-gke-data-infra-apps-0f-pvc-da85fe84-416e-4013-8253-d01d82ebaf2d_self_link": {
                    "sensitive": false,
                    "type": "string",
                    "value": "https://www.googleapis.com/compute/v1/projects/cal-itp-data-infra/zones/us-west1-c/disks/gke-data-infra-apps-0f-pvc-da85fe84-416e-4013-8253-d01d82ebaf2d"
                },
                "google_compute_disk_tfer--us-west1-c-002F-gke-data-infra-apps-0f-pvc-e0a4118c-165d-4187-8ff4-95f01a6b95e1_self_link": {
                    "sensitive": false,
                    "type": "string",
                    "value": "https://www.googleapis.com/compute/v1/projects/cal-itp-data-infra/zones/us-west1-c/disks/gke-data-infra-apps-0f-pvc-e0a4118c-165d-4187-8ff4-95f01a6b95e1"
                },
                "google_compute_disk_tfer--us-west1-c-002F-gke-data-infra-apps-0f-pvc-fd2ef2a6-9c8c-4715-abe6-94795af047db_self_link": {
                    "sensitive": false,
                    "type": "string",
                    "value": "https://www.googleapis.com/compute/v1/projects/cal-itp-data-infra/zones/us-west1-c/disks/gke-data-infra-apps-0f-pvc-fd2ef2a6-9c8c-4715-abe6-94795af047db"
                },
                "google_compute_disk_tfer--us-west1-c-002F-gke-data-infra-apps-apps-v2-24a4cc95-c6nc_self_link": {
                    "sensitive": false,
                    "type": "string",
                    "value": "https://www.googleapis.com/compute/v1/projects/cal-itp-data-infra/zones/us-west1-c/disks/gke-data-infra-apps-apps-v2-24a4cc95-c6nc"
                },
                "google_compute_disk_tfer--us-west1-c-002F-gke-data-infra-apps-apps-v2-24a4cc95-r80w_self_link": {
                    "sensitive": false,
                    "type": "string",
                    "value": "https://www.googleapis.com/compute/v1/projects/cal-itp-data-infra/zones/us-west1-c/disks/gke-data-infra-apps-apps-v2-24a4cc95-r80w"
                },
                "google_compute_disk_tfer--us-west1-c-002F-gke-data-infra-apps-gtfsrt-v4-7577d4d7-2q5e_self_link": {
                    "sensitive": false,
                    "type": "string",
                    "value": "https://www.googleapis.com/compute/v1/projects/cal-itp-data-infra/zones/us-west1-c/disks/gke-data-infra-apps-gtfsrt-v4-7577d4d7-2q5e"
                },
                "google_compute_disk_tfer--us-west1-c-002F-gke-data-infra-apps-jobs-v1-625ec063-7qyx_self_link": {
                    "sensitive": false,
                    "type": "string",
                    "value": "https://www.googleapis.com/compute/v1/projects/cal-itp-data-infra/zones/us-west1-c/disks/gke-data-infra-apps-jobs-v1-625ec063-7qyx"
                },
                "google_compute_disk_tfer--us-west1-c-002F-gke-data-infra-apps-jupyterhub-users-6aa76dbb-0ipn_self_link": {
                    "sensitive": false,
                    "type": "string",
                    "value": "https://www.googleapis.com/compute/v1/projects/cal-itp-data-infra/zones/us-west1-c/disks/gke-data-infra-apps-jupyterhub-users-6aa76dbb-0ipn"
                },
                "google_compute_disk_tfer--us-west1-c-002F-gke-data-infra-apps-jupyterhub-users-6aa76dbb-58p2_self_link": {
                    "sensitive": false,
                    "type": "string",
                    "value": "https://www.googleapis.com/compute/v1/projects/cal-itp-data-infra/zones/us-west1-c/disks/gke-data-infra-apps-jupyterhub-users-6aa76dbb-58p2"
                },
                "google_compute_disk_tfer--us-west1-c-002F-gke-data-infra-apps-jupyterhub-users-6aa76dbb-f0y0_self_link": {
                    "sensitive": false,
                    "type": "string",
                    "value": "https://www.googleapis.com/compute/v1/projects/cal-itp-data-infra/zones/us-west1-c/disks/gke-data-infra-apps-jupyterhub-users-6aa76dbb-f0y0"
                },
                "google_compute_disk_tfer--us-west1-c-002F-pvc-32c3a666-3ae5-4cfc-8129-84f571239f42_self_link": {
                    "sensitive": false,
                    "type": "string",
                    "value": "https://www.googleapis.com/compute/v1/projects/cal-itp-data-infra/zones/us-west1-c/disks/pvc-32c3a666-3ae5-4cfc-8129-84f571239f42"
                },
                "google_compute_disk_tfer--us-west1-c-002F-pvc-3fb43fc4-3b64-478a-aca4-87ab2f21c969_self_link": {
                    "sensitive": false,
                    "type": "string",
                    "value": "https://www.googleapis.com/compute/v1/projects/cal-itp-data-infra/zones/us-west1-c/disks/pvc-3fb43fc4-3b64-478a-aca4-87ab2f21c969"
                },
                "google_compute_disk_tfer--us-west1-c-002F-pvc-41ab9b2e-5c2d-4ce7-8581-60808f17a720_self_link": {
                    "sensitive": false,
                    "type": "string",
                    "value": "https://www.googleapis.com/compute/v1/projects/cal-itp-data-infra/zones/us-west1-c/disks/pvc-41ab9b2e-5c2d-4ce7-8581-60808f17a720"
                },
                "google_compute_disk_tfer--us-west1-c-002F-pvc-4c20f5a4-a28e-430e-b7f3-43c7d9d7f03f_self_link": {
                    "sensitive": false,
                    "type": "string",
                    "value": "https://www.googleapis.com/compute/v1/projects/cal-itp-data-infra/zones/us-west1-c/disks/pvc-4c20f5a4-a28e-430e-b7f3-43c7d9d7f03f"
                },
                "google_compute_disk_tfer--us-west1-c-002F-pvc-51ff509f-72b2-46d8-9467-4fea927ba042_self_link": {
                    "sensitive": false,
                    "type": "string",
                    "value": "https://www.googleapis.com/compute/v1/projects/cal-itp-data-infra/zones/us-west1-c/disks/pvc-51ff509f-72b2-46d8-9467-4fea927ba042"
                },
                "google_compute_disk_tfer--us-west1-c-002F-pvc-a2132f03-9613-4f28-8a87-157d93e7b5e9_self_link": {
                    "sensitive": false,
                    "type": "string",
                    "value": "https://www.googleapis.com/compute/v1/projects/cal-itp-data-infra/zones/us-west1-c/disks/pvc-a2132f03-9613-4f28-8a87-157d93e7b5e9"
                },
                "google_compute_disk_tfer--us-west1-c-002F-pvc-c27aa4d3-2472-4d81-916c-668a4c3e4828_self_link": {
                    "sensitive": false,
                    "type": "string",
                    "value": "https://www.googleapis.com/compute/v1/projects/cal-itp-data-infra/zones/us-west1-c/disks/pvc-c27aa4d3-2472-4d81-916c-668a4c3e4828"
                },
                "google_compute_disk_tfer--us-west1-c-002F-pvc-d18eba0e-6dbc-4f9f-a543-61770e61aefe_self_link": {
                    "sensitive": false,
                    "type": "string",
                    "value": "https://www.googleapis.com/compute/v1/projects/cal-itp-data-infra/zones/us-west1-c/disks/pvc-d18eba0e-6dbc-4f9f-a543-61770e61aefe"
                }
            },
            "resources": {
                "google_compute_disk.tfer--us-west1-a-002F-gke-data-infra-apps-0f-pvc-2a93aefe-28c7-46ba-93f2-a86ff6f4aafa": {
                    "type": "google_compute_disk",
                    "depends_on": [],
                    "primary": {
                        "id": "us-west1-a/gke-data-infra-apps-0f-pvc-2a93aefe-28c7-46ba-93f2-a86ff6f4aafa",
                        "attributes": {
                            "access_mode": "",
                            "async_primary_disk.#": "0",
                            "creation_timestamp": "2022-08-04T10:38:35.947-07:00",
                            "description": "{\"kubernetes.io/created-for/pv/name\":\"pvc-2a93aefe-28c7-46ba-93f2-a86ff6f4aafa\",\"kubernetes.io/created-for/pvc/name\":\"claim-katrinamkaiser\",\"kubernetes.io/created-for/pvc/namespace\":\"jupyterhub\"}",
                            "disk_encryption_key.#": "0",
                            "disk_id": "5415417373538761460",
                            "effective_labels.%": "6",
                            "effective_labels.goog-gke-cluster-id-base32": "b7q6s5ghvzbrxcigz62lkdgeeggldd76ipme2xfbzcvpmcrghpqq",
                            "effective_labels.goog-gke-cost-management": "",
                            "effective_labels.goog-gke-volume": "",
                            "effective_labels.goog-k8s-cluster-location": "us-west1",
                            "effective_labels.goog-k8s-cluster-name": "data-infra-apps",
                            "effective_labels.goog-k8s-node-pool-name": "jupyterhub-users",
                            "enable_confidential_compute": "false",
                            "guest_os_features.#": "0",
                            "id": "us-west1-a/gke-data-infra-apps-0f-pvc-2a93aefe-28c7-46ba-93f2-a86ff6f4aafa",
                            "image": "",
                            "label_fingerprint": "2UCnGaScDgQ=",
                            "labels.%": "0",
                            "last_attach_timestamp": "2024-12-13T15:21:18.457-08:00",
                            "last_detach_timestamp": "2024-12-13T17:36:49.140-08:00",
                            "licenses.#": "0",
                            "name": "gke-data-infra-apps-0f-pvc-2a93aefe-28c7-46ba-93f2-a86ff6f4aafa",
                            "physical_block_size_bytes": "4096",
                            "project": "cal-itp-data-infra",
                            "provisioned_iops": "0",
                            "provisioned_throughput": "0",
                            "self_link": "https://www.googleapis.com/compute/v1/projects/cal-itp-data-infra/zones/us-west1-a/disks/gke-data-infra-apps-0f-pvc-2a93aefe-28c7-46ba-93f2-a86ff6f4aafa",
                            "size": "100",
                            "snapshot": "",
                            "source_disk": "",
                            "source_disk_id": "",
                            "source_image_encryption_key.#": "0",
                            "source_image_id": "",
                            "source_snapshot_encryption_key.#": "0",
                            "source_snapshot_id": "",
                            "storage_pool": "",
                            "terraform_labels.%": "0",
                            "type": "pd-standard",
                            "users.#": "0",
                            "zone": "us-west1-a"
                        },
                        "meta": {
                            "schema_version": 0
                        },
                        "tainted": false
                    },
                    "deposed": [],
                    "provider": "provider.google"
                },
                "google_compute_disk.tfer--us-west1-a-002F-gke-data-infra-apps-0f-pvc-2df32811-310a-4273-9369-0cf65e9d514e": {
                    "type": "google_compute_disk",
                    "depends_on": [],
                    "primary": {
                        "id": "us-west1-a/gke-data-infra-apps-0f-pvc-2df32811-310a-4273-9369-0cf65e9d514e",
                        "attributes": {
                            "access_mode": "",
                            "async_primary_disk.#": "0",
                            "creation_timestamp": "2023-02-07T08:52:06.186-08:00",
                            "description": "{\"kubernetes.io/created-for/pv/name\":\"pvc-2df32811-310a-4273-9369-0cf65e9d514e\",\"kubernetes.io/created-for/pvc/name\":\"data-postgresql-0\",\"kubernetes.io/created-for/pvc/namespace\":\"monitoring-grafana\"}",
                            "disk_encryption_key.#": "0",
                            "disk_id": "7095302760900280153",
                            "effective_labels.%": "6",
                            "effective_labels.goog-gke-cluster-id-base32": "b7q6s5ghvzbrxcigz62lkdgeeggldd76ipme2xfbzcvpmcrghpqq",
                            "effective_labels.goog-gke-cost-management": "",
                            "effective_labels.goog-gke-volume": "",
                            "effective_labels.goog-k8s-cluster-location": "us-west1",
                            "effective_labels.goog-k8s-cluster-name": "data-infra-apps",
                            "effective_labels.goog-k8s-node-pool-name": "apps-v2",
                            "enable_confidential_compute": "false",
                            "guest_os_features.#": "0",
                            "id": "us-west1-a/gke-data-infra-apps-0f-pvc-2df32811-310a-4273-9369-0cf65e9d514e",
                            "image": "",
                            "label_fingerprint": "QzZ6pdJJwQ0=",
                            "labels.%": "0",
                            "last_attach_timestamp": "2025-01-07T04:15:28.474-08:00",
                            "last_detach_timestamp": "2025-01-07T04:15:15.775-08:00",
                            "licenses.#": "0",
                            "name": "gke-data-infra-apps-0f-pvc-2df32811-310a-4273-9369-0cf65e9d514e",
                            "physical_block_size_bytes": "4096",
                            "project": "cal-itp-data-infra",
                            "provisioned_iops": "0",
                            "provisioned_throughput": "0",
                            "self_link": "https://www.googleapis.com/compute/v1/projects/cal-itp-data-infra/zones/us-west1-a/disks/gke-data-infra-apps-0f-pvc-2df32811-310a-4273-9369-0cf65e9d514e",
                            "size": "8",
                            "snapshot": "",
                            "source_disk": "",
                            "source_disk_id": "",
                            "source_image_encryption_key.#": "0",
                            "source_image_id": "",
                            "source_snapshot_encryption_key.#": "0",
                            "source_snapshot_id": "",
                            "storage_pool": "",
                            "terraform_labels.%": "0",
                            "type": "pd-standard",
                            "users.#": "1",
                            "users.0": "https://www.googleapis.com/compute/v1/projects/cal-itp-data-infra/zones/us-west1-a/instances/gke-data-infra-apps-apps-v2-2729c0c0-8ms8",
                            "zone": "us-west1-a"
                        },
                        "meta": {
                            "schema_version": 0
                        },
                        "tainted": false
                    },
                    "deposed": [],
                    "provider": "provider.google"
                },
                "google_compute_disk.tfer--us-west1-a-002F-gke-data-infra-apps-0f-pvc-3bba6b29-5241-41ff-81a2-8a38b8ba7593": {
                    "type": "google_compute_disk",
                    "depends_on": [],
                    "primary": {
                        "id": "us-west1-a/gke-data-infra-apps-0f-pvc-3bba6b29-5241-41ff-81a2-8a38b8ba7593",
                        "attributes": {
                            "access_mode": "",
                            "async_primary_disk.#": "0",
                            "creation_timestamp": "2023-02-06T10:01:53.033-08:00",
                            "description": "{\"kubernetes.io/created-for/pv/name\":\"pvc-3bba6b29-5241-41ff-81a2-8a38b8ba7593\",\"kubernetes.io/created-for/pvc/name\":\"grafana\",\"kubernetes.io/created-for/pvc/namespace\":\"monitoring-grafana\"}",
                            "disk_encryption_key.#": "0",
                            "disk_id": "8723828521296526975",
                            "effective_labels.%": "6",
                            "effective_labels.goog-gke-cluster-id-base32": "b7q6s5ghvzbrxcigz62lkdgeeggldd76ipme2xfbzcvpmcrghpqq",
                            "effective_labels.goog-gke-cost-management": "",
                            "effective_labels.goog-gke-volume": "",
                            "effective_labels.goog-k8s-cluster-location": "us-west1",
                            "effective_labels.goog-k8s-cluster-name": "data-infra-apps",
                            "effective_labels.goog-k8s-node-pool-name": "apps-v2",
                            "enable_confidential_compute": "false",
                            "guest_os_features.#": "0",
                            "id": "us-west1-a/gke-data-infra-apps-0f-pvc-3bba6b29-5241-41ff-81a2-8a38b8ba7593",
                            "image": "",
                            "label_fingerprint": "QzZ6pdJJwQ0=",
                            "labels.%": "0",
                            "last_attach_timestamp": "2025-01-07T04:15:17.789-08:00",
                            "last_detach_timestamp": "2025-01-07T04:15:15.775-08:00",
                            "licenses.#": "0",
                            "name": "gke-data-infra-apps-0f-pvc-3bba6b29-5241-41ff-81a2-8a38b8ba7593",
                            "physical_block_size_bytes": "4096",
                            "project": "cal-itp-data-infra",
                            "provisioned_iops": "0",
                            "provisioned_throughput": "0",
                            "self_link": "https://www.googleapis.com/compute/v1/projects/cal-itp-data-infra/zones/us-west1-a/disks/gke-data-infra-apps-0f-pvc-3bba6b29-5241-41ff-81a2-8a38b8ba7593",
                            "size": "10",
                            "snapshot": "",
                            "source_disk": "",
                            "source_disk_id": "",
                            "source_image_encryption_key.#": "0",
                            "source_image_id": "",
                            "source_snapshot_encryption_key.#": "0",
                            "source_snapshot_id": "",
                            "storage_pool": "",
                            "terraform_labels.%": "0",
                            "type": "pd-standard",
                            "users.#": "1",
                            "users.0": "https://www.googleapis.com/compute/v1/projects/cal-itp-data-infra/zones/us-west1-a/instances/gke-data-infra-apps-apps-v2-2729c0c0-8ms8",
                            "zone": "us-west1-a"
                        },
                        "meta": {
                            "schema_version": 0
                        },
                        "tainted": false
                    },
                    "deposed": [],
                    "provider": "provider.google"
                },
                "google_compute_disk.tfer--us-west1-a-002F-gke-data-infra-apps-0f-pvc-3d587612-adf4-4ab3-b30e-9409486d22c6": {
                    "type": "google_compute_disk",
                    "depends_on": [],
                    "primary": {
                        "id": "us-west1-a/gke-data-infra-apps-0f-pvc-3d587612-adf4-4ab3-b30e-9409486d22c6",
                        "attributes": {
                            "access_mode": "",
                            "async_primary_disk.#": "0",
                            "creation_timestamp": "2021-09-21T05:57:17.418-07:00",
                            "description": "{\"kubernetes.io/created-for/pv/name\":\"pvc-3d587612-adf4-4ab3-b30e-9409486d22c6\",\"kubernetes.io/created-for/pvc/name\":\"claim-bill\",\"kubernetes.io/created-for/pvc/namespace\":\"jupyterhub\"}",
                            "disk_encryption_key.#": "0",
                            "disk_id": "7354564931303532610",
                            "effective_labels.%": "1",
                            "effective_labels.goog-gke-volume": "",
                            "enable_confidential_compute": "false",
                            "guest_os_features.#": "0",
                            "id": "us-west1-a/gke-data-infra-apps-0f-pvc-3d587612-adf4-4ab3-b30e-9409486d22c6",
                            "image": "",
                            "label_fingerprint": "nT7_dAxskBs=",
                            "labels.%": "0",
                            "last_attach_timestamp": "2021-09-21T05:57:21.820-07:00",
                            "last_detach_timestamp": "2021-09-21T06:01:47.884-07:00",
                            "licenses.#": "0",
                            "name": "gke-data-infra-apps-0f-pvc-3d587612-adf4-4ab3-b30e-9409486d22c6",
                            "physical_block_size_bytes": "4096",
                            "project": "cal-itp-data-infra",
                            "provisioned_iops": "0",
                            "provisioned_throughput": "0",
                            "self_link": "https://www.googleapis.com/compute/v1/projects/cal-itp-data-infra/zones/us-west1-a/disks/gke-data-infra-apps-0f-pvc-3d587612-adf4-4ab3-b30e-9409486d22c6",
                            "size": "10",
                            "snapshot": "",
                            "source_disk": "",
                            "source_disk_id": "",
                            "source_image_encryption_key.#": "0",
                            "source_image_id": "",
                            "source_snapshot_encryption_key.#": "0",
                            "source_snapshot_id": "",
                            "storage_pool": "",
                            "terraform_labels.%": "0",
                            "type": "pd-standard",
                            "users.#": "0",
                            "zone": "us-west1-a"
                        },
                        "meta": {
                            "schema_version": 0
                        },
                        "tainted": false
                    },
                    "deposed": [],
                    "provider": "provider.google"
                },
                "google_compute_disk.tfer--us-west1-a-002F-gke-data-infra-apps-0f-pvc-5155c951-748b-4f8a-ad98-8629bc1573d4": {
                    "type": "google_compute_disk",
                    "depends_on": [],
                    "primary": {
                        "id": "us-west1-a/gke-data-infra-apps-0f-pvc-5155c951-748b-4f8a-ad98-8629bc1573d4",
                        "attributes": {
                            "access_mode": "",
                            "async_primary_disk.#": "0",
                            "creation_timestamp": "2022-09-26T10:47:16.228-07:00",
                            "description": "{\"kubernetes.io/created-for/pv/name\":\"pvc-5155c951-748b-4f8a-ad98-8629bc1573d4\",\"kubernetes.io/created-for/pvc/name\":\"sentry-clickhouse-data-sentry-clickhouse-1\",\"kubernetes.io/created-for/pvc/namespace\":\"sentry\"}",
                            "disk_encryption_key.#": "0",
                            "disk_id": "1482362065080048460",
                            "effective_labels.%": "1",
                            "effective_labels.goog-gke-volume": "",
                            "enable_confidential_compute": "false",
                            "guest_os_features.#": "0",
                            "id": "us-west1-a/gke-data-infra-apps-0f-pvc-5155c951-748b-4f8a-ad98-8629bc1573d4",
                            "image": "",
                            "label_fingerprint": "nT7_dAxskBs=",
                            "labels.%": "0",
                            "last_attach_timestamp": "2023-02-28T03:41:42.140-08:00",
                            "last_detach_timestamp": "2023-03-14T13:45:20.236-07:00",
                            "licenses.#": "0",
                            "name": "gke-data-infra-apps-0f-pvc-5155c951-748b-4f8a-ad98-8629bc1573d4",
                            "physical_block_size_bytes": "4096",
                            "project": "cal-itp-data-infra",
                            "provisioned_iops": "0",
                            "provisioned_throughput": "0",
                            "self_link": "https://www.googleapis.com/compute/v1/projects/cal-itp-data-infra/zones/us-west1-a/disks/gke-data-infra-apps-0f-pvc-5155c951-748b-4f8a-ad98-8629bc1573d4",
                            "size": "30",
                            "snapshot": "",
                            "source_disk": "",
                            "source_disk_id": "",
                            "source_image_encryption_key.#": "0",
                            "source_image_id": "",
                            "source_snapshot_encryption_key.#": "0",
                            "source_snapshot_id": "",
                            "storage_pool": "",
                            "terraform_labels.%": "0",
                            "type": "pd-standard",
                            "users.#": "0",
                            "zone": "us-west1-a"
                        },
                        "meta": {
                            "schema_version": 0
                        },
                        "tainted": false
                    },
                    "deposed": [],
                    "provider": "provider.google"
                },
                "google_compute_disk.tfer--us-west1-a-002F-gke-data-infra-apps-0f-pvc-6b64b50a-58a6-4a4e-aabf-2c4f235c6d83": {
                    "type": "google_compute_disk",
                    "depends_on": [],
                    "primary": {
                        "id": "us-west1-a/gke-data-infra-apps-0f-pvc-6b64b50a-58a6-4a4e-aabf-2c4f235c6d83",
                        "attributes": {
                            "access_mode": "",
                            "async_primary_disk.#": "0",
                            "creation_timestamp": "2022-02-23T10:30:48.492-08:00",
                            "description": "{\"kubernetes.io/created-for/pv/name\":\"pvc-6b64b50a-58a6-4a4e-aabf-2c4f235c6d83\",\"kubernetes.io/created-for/pvc/name\":\"prometheus-alertmanager\",\"kubernetes.io/created-for/pvc/namespace\":\"monitoring-prometheus\"}",
                            "disk_encryption_key.#": "0",
                            "disk_id": "4105920778874897335",
                            "effective_labels.%": "6",
                            "effective_labels.goog-gke-cluster-id-base32": "b7q6s5ghvzbrxcigz62lkdgeeggldd76ipme2xfbzcvpmcrghpqq",
                            "effective_labels.goog-gke-cost-management": "",
                            "effective_labels.goog-gke-volume": "",
                            "effective_labels.goog-k8s-cluster-location": "us-west1",
                            "effective_labels.goog-k8s-cluster-name": "data-infra-apps",
                            "effective_labels.goog-k8s-node-pool-name": "apps-v2",
                            "enable_confidential_compute": "false",
                            "guest_os_features.#": "0",
                            "id": "us-west1-a/gke-data-infra-apps-0f-pvc-6b64b50a-58a6-4a4e-aabf-2c4f235c6d83",
                            "image": "",
                            "label_fingerprint": "QzZ6pdJJwQ0=",
                            "labels.%": "0",
                            "last_attach_timestamp": "2025-01-07T04:15:21.786-08:00",
                            "last_detach_timestamp": "2025-01-07T04:15:15.775-08:00",
                            "licenses.#": "0",
                            "name": "gke-data-infra-apps-0f-pvc-6b64b50a-58a6-4a4e-aabf-2c4f235c6d83",
                            "physical_block_size_bytes": "4096",
                            "project": "cal-itp-data-infra",
                            "provisioned_iops": "0",
                            "provisioned_throughput": "0",
                            "self_link": "https://www.googleapis.com/compute/v1/projects/cal-itp-data-infra/zones/us-west1-a/disks/gke-data-infra-apps-0f-pvc-6b64b50a-58a6-4a4e-aabf-2c4f235c6d83",
                            "size": "10",
                            "snapshot": "",
                            "source_disk": "",
                            "source_disk_id": "",
                            "source_image_encryption_key.#": "0",
                            "source_image_id": "",
                            "source_snapshot_encryption_key.#": "0",
                            "source_snapshot_id": "",
                            "storage_pool": "",
                            "terraform_labels.%": "0",
                            "type": "pd-standard",
                            "users.#": "1",
                            "users.0": "https://www.googleapis.com/compute/v1/projects/cal-itp-data-infra/zones/us-west1-a/instances/gke-data-infra-apps-apps-v2-2729c0c0-8ms8",
                            "zone": "us-west1-a"
                        },
                        "meta": {
                            "schema_version": 0
                        },
                        "tainted": false
                    },
                    "deposed": [],
                    "provider": "provider.google"
                },
                "google_compute_disk.tfer--us-west1-a-002F-gke-data-infra-apps-0f-pvc-7526a8e0-c331-40e9-9f3d-edada78927f3": {
                    "type": "google_compute_disk",
                    "depends_on": [],
                    "primary": {
                        "id": "us-west1-a/gke-data-infra-apps-0f-pvc-7526a8e0-c331-40e9-9f3d-edada78927f3",
                        "attributes": {
                            "access_mode": "",
                            "async_primary_disk.#": "0",
                            "creation_timestamp": "2022-09-26T10:48:22.311-07:00",
                            "description": "{\"kubernetes.io/created-for/pv/name\":\"pvc-7526a8e0-c331-40e9-9f3d-edada78927f3\",\"kubernetes.io/created-for/pvc/name\":\"data-sentry-rabbitmq-1\",\"kubernetes.io/created-for/pvc/namespace\":\"sentry\"}",
                            "disk_encryption_key.#": "0",
                            "disk_id": "9170021360739310345",
                            "effective_labels.%": "6",
                            "effective_labels.goog-gke-cluster-id-base32": "b7q6s5ghvzbrxcigz62lkdgeeggldd76ipme2xfbzcvpmcrghpqq",
                            "effective_labels.goog-gke-cost-management": "",
                            "effective_labels.goog-gke-volume": "",
                            "effective_labels.goog-k8s-cluster-location": "us-west1",
                            "effective_labels.goog-k8s-cluster-name": "data-infra-apps",
                            "effective_labels.goog-k8s-node-pool-name": "apps-v2",
                            "enable_confidential_compute": "false",
                            "guest_os_features.#": "0",
                            "id": "us-west1-a/gke-data-infra-apps-0f-pvc-7526a8e0-c331-40e9-9f3d-edada78927f3",
                            "image": "",
                            "label_fingerprint": "QzZ6pdJJwQ0=",
                            "labels.%": "0",
                            "last_attach_timestamp": "2025-01-07T04:15:21.757-08:00",
                            "last_detach_timestamp": "2025-01-07T04:15:15.775-08:00",
                            "licenses.#": "0",
                            "name": "gke-data-infra-apps-0f-pvc-7526a8e0-c331-40e9-9f3d-edada78927f3",
                            "physical_block_size_bytes": "4096",
                            "project": "cal-itp-data-infra",
                            "provisioned_iops": "0",
                            "provisioned_throughput": "0",
                            "self_link": "https://www.googleapis.com/compute/v1/projects/cal-itp-data-infra/zones/us-west1-a/disks/gke-data-infra-apps-0f-pvc-7526a8e0-c331-40e9-9f3d-edada78927f3",
                            "size": "8",
                            "snapshot": "",
                            "source_disk": "",
                            "source_disk_id": "",
                            "source_image_encryption_key.#": "0",
                            "source_image_id": "",
                            "source_snapshot_encryption_key.#": "0",
                            "source_snapshot_id": "",
                            "storage_pool": "",
                            "terraform_labels.%": "0",
                            "type": "pd-standard",
                            "users.#": "1",
                            "users.0": "https://www.googleapis.com/compute/v1/projects/cal-itp-data-infra/zones/us-west1-a/instances/gke-data-infra-apps-apps-v2-2729c0c0-8ms8",
                            "zone": "us-west1-a"
                        },
                        "meta": {
                            "schema_version": 0
                        },
                        "tainted": false
                    },
                    "deposed": [],
                    "provider": "provider.google"
                },
                "google_compute_disk.tfer--us-west1-a-002F-gke-data-infra-apps-0f-pvc-97d95db4-2b75-4c66-b548-6df3e4ff5503": {
                    "type": "google_compute_disk",
                    "depends_on": [],
                    "primary": {
                        "id": "us-west1-a/gke-data-infra-apps-0f-pvc-97d95db4-2b75-4c66-b548-6df3e4ff5503",
                        "attributes": {
                            "access_mode": "",
                            "async_primary_disk.#": "0",
                            "creation_timestamp": "2022-09-26T10:47:15.938-07:00",
                            "description": "{\"kubernetes.io/created-for/pv/name\":\"pvc-97d95db4-2b75-4c66-b548-6df3e4ff5503\",\"kubernetes.io/created-for/pvc/name\":\"data-sentry-kafka-0\",\"kubernetes.io/created-for/pvc/namespace\":\"sentry\"}",
                            "disk_encryption_key.#": "0",
                            "disk_id": "8421344862386543436",
                            "effective_labels.%": "6",
                            "effective_labels.goog-gke-cluster-id-base32": "b7q6s5ghvzbrxcigz62lkdgeeggldd76ipme2xfbzcvpmcrghpqq",
                            "effective_labels.goog-gke-cost-management": "",
                            "effective_labels.goog-gke-volume": "",
                            "effective_labels.goog-k8s-cluster-location": "us-west1",
                            "effective_labels.goog-k8s-cluster-name": "data-infra-apps",
                            "effective_labels.goog-k8s-node-pool-name": "apps-v2",
                            "enable_confidential_compute": "false",
                            "guest_os_features.#": "0",
                            "id": "us-west1-a/gke-data-infra-apps-0f-pvc-97d95db4-2b75-4c66-b548-6df3e4ff5503",
                            "image": "",
                            "label_fingerprint": "QzZ6pdJJwQ0=",
                            "labels.%": "0",
                            "last_attach_timestamp": "2025-01-07T04:15:21.758-08:00",
                            "last_detach_timestamp": "2025-01-07T04:15:15.775-08:00",
                            "licenses.#": "0",
                            "name": "gke-data-infra-apps-0f-pvc-97d95db4-2b75-4c66-b548-6df3e4ff5503",
                            "physical_block_size_bytes": "4096",
                            "project": "cal-itp-data-infra",
                            "provisioned_iops": "0",
                            "provisioned_throughput": "0",
                            "self_link": "https://www.googleapis.com/compute/v1/projects/cal-itp-data-infra/zones/us-west1-a/disks/gke-data-infra-apps-0f-pvc-97d95db4-2b75-4c66-b548-6df3e4ff5503",
                            "size": "16",
                            "snapshot": "",
                            "source_disk": "",
                            "source_disk_id": "",
                            "source_image_encryption_key.#": "0",
                            "source_image_id": "",
                            "source_snapshot_encryption_key.#": "0",
                            "source_snapshot_id": "",
                            "storage_pool": "",
                            "terraform_labels.%": "0",
                            "type": "pd-standard",
                            "users.#": "1",
                            "users.0": "https://www.googleapis.com/compute/v1/projects/cal-itp-data-infra/zones/us-west1-a/instances/gke-data-infra-apps-apps-v2-2729c0c0-8ms8",
                            "zone": "us-west1-a"
                        },
                        "meta": {
                            "schema_version": 0
                        },
                        "tainted": false
                    },
                    "deposed": [],
                    "provider": "provider.google"
                },
                "google_compute_disk.tfer--us-west1-a-002F-gke-data-infra-apps-0f-pvc-b2ded399-2acb-46c7-97ba-b842f30bf19b": {
                    "type": "google_compute_disk",
                    "depends_on": [],
                    "primary": {
                        "id": "us-west1-a/gke-data-infra-apps-0f-pvc-b2ded399-2acb-46c7-97ba-b842f30bf19b",
                        "attributes": {
                            "access_mode": "",
                            "async_primary_disk.#": "0",
                            "creation_timestamp": "2022-09-26T10:47:16.514-07:00",
                            "description": "{\"kubernetes.io/created-for/pv/name\":\"pvc-b2ded399-2acb-46c7-97ba-b842f30bf19b\",\"kubernetes.io/created-for/pvc/name\":\"data-sentry-zookeeper-0\",\"kubernetes.io/created-for/pvc/namespace\":\"sentry\"}",
                            "disk_encryption_key.#": "0",
                            "disk_id": "2189690943338994507",
                            "effective_labels.%": "6",
                            "effective_labels.goog-gke-cluster-id-base32": "b7q6s5ghvzbrxcigz62lkdgeeggldd76ipme2xfbzcvpmcrghpqq",
                            "effective_labels.goog-gke-cost-management": "",
                            "effective_labels.goog-gke-volume": "",
                            "effective_labels.goog-k8s-cluster-location": "us-west1",
                            "effective_labels.goog-k8s-cluster-name": "data-infra-apps",
                            "effective_labels.goog-k8s-node-pool-name": "apps-v2",
                            "enable_confidential_compute": "false",
                            "guest_os_features.#": "0",
                            "id": "us-west1-a/gke-data-infra-apps-0f-pvc-b2ded399-2acb-46c7-97ba-b842f30bf19b",
                            "image": "",
                            "label_fingerprint": "QzZ6pdJJwQ0=",
                            "labels.%": "0",
                            "last_attach_timestamp": "2025-01-07T04:15:21.752-08:00",
                            "last_detach_timestamp": "2025-01-07T04:15:15.775-08:00",
                            "licenses.#": "0",
                            "name": "gke-data-infra-apps-0f-pvc-b2ded399-2acb-46c7-97ba-b842f30bf19b",
                            "physical_block_size_bytes": "4096",
                            "project": "cal-itp-data-infra",
                            "provisioned_iops": "0",
                            "provisioned_throughput": "0",
                            "self_link": "https://www.googleapis.com/compute/v1/projects/cal-itp-data-infra/zones/us-west1-a/disks/gke-data-infra-apps-0f-pvc-b2ded399-2acb-46c7-97ba-b842f30bf19b",
                            "size": "8",
                            "snapshot": "",
                            "source_disk": "",
                            "source_disk_id": "",
                            "source_image_encryption_key.#": "0",
                            "source_image_id": "",
                            "source_snapshot_encryption_key.#": "0",
                            "source_snapshot_id": "",
                            "storage_pool": "",
                            "terraform_labels.%": "0",
                            "type": "pd-standard",
                            "users.#": "1",
                            "users.0": "https://www.googleapis.com/compute/v1/projects/cal-itp-data-infra/zones/us-west1-a/instances/gke-data-infra-apps-apps-v2-2729c0c0-8ms8",
                            "zone": "us-west1-a"
                        },
                        "meta": {
                            "schema_version": 0
                        },
                        "tainted": false
                    },
                    "deposed": [],
                    "provider": "provider.google"
                },
                "google_compute_disk.tfer--us-west1-a-002F-gke-data-infra-apps-0f-pvc-e06770ed-a26e-4870-a40f-2741eead8318": {
                    "type": "google_compute_disk",
                    "depends_on": [],
                    "primary": {
                        "id": "us-west1-a/gke-data-infra-apps-0f-pvc-e06770ed-a26e-4870-a40f-2741eead8318",
                        "attributes": {
                            "access_mode": "",
                            "async_primary_disk.#": "0",
                            "creation_timestamp": "2022-09-26T10:47:15.884-07:00",
                            "description": "{\"kubernetes.io/created-for/pv/name\":\"pvc-e06770ed-a26e-4870-a40f-2741eead8318\",\"kubernetes.io/created-for/pvc/name\":\"redis-data-sentry-sentry-redis-replicas-0\",\"kubernetes.io/created-for/pvc/namespace\":\"sentry\"}",
                            "disk_encryption_key.#": "0",
                            "disk_id": "943424590910872396",
                            "effective_labels.%": "6",
                            "effective_labels.goog-gke-cluster-id-base32": "b7q6s5ghvzbrxcigz62lkdgeeggldd76ipme2xfbzcvpmcrghpqq",
                            "effective_labels.goog-gke-cost-management": "",
                            "effective_labels.goog-gke-volume": "",
                            "effective_labels.goog-k8s-cluster-location": "us-west1",
                            "effective_labels.goog-k8s-cluster-name": "data-infra-apps",
                            "effective_labels.goog-k8s-node-pool-name": "apps-v2",
                            "enable_confidential_compute": "false",
                            "guest_os_features.#": "0",
                            "id": "us-west1-a/gke-data-infra-apps-0f-pvc-e06770ed-a26e-4870-a40f-2741eead8318",
                            "image": "",
                            "label_fingerprint": "QzZ6pdJJwQ0=",
                            "labels.%": "0",
                            "last_attach_timestamp": "2025-01-07T04:15:21.745-08:00",
                            "last_detach_timestamp": "2025-01-07T04:15:15.775-08:00",
                            "licenses.#": "0",
                            "name": "gke-data-infra-apps-0f-pvc-e06770ed-a26e-4870-a40f-2741eead8318",
                            "physical_block_size_bytes": "4096",
                            "project": "cal-itp-data-infra",
                            "provisioned_iops": "0",
                            "provisioned_throughput": "0",
                            "self_link": "https://www.googleapis.com/compute/v1/projects/cal-itp-data-infra/zones/us-west1-a/disks/gke-data-infra-apps-0f-pvc-e06770ed-a26e-4870-a40f-2741eead8318",
                            "size": "8",
                            "snapshot": "",
                            "source_disk": "",
                            "source_disk_id": "",
                            "source_image_encryption_key.#": "0",
                            "source_image_id": "",
                            "source_snapshot_encryption_key.#": "0",
                            "source_snapshot_id": "",
                            "storage_pool": "",
                            "terraform_labels.%": "0",
                            "type": "pd-standard",
                            "users.#": "1",
                            "users.0": "https://www.googleapis.com/compute/v1/projects/cal-itp-data-infra/zones/us-west1-a/instances/gke-data-infra-apps-apps-v2-2729c0c0-8ms8",
                            "zone": "us-west1-a"
                        },
                        "meta": {
                            "schema_version": 0
                        },
                        "tainted": false
                    },
                    "deposed": [],
                    "provider": "provider.google"
                },
                "google_compute_disk.tfer--us-west1-a-002F-gke-data-infra-apps-0f-pvc-e3fce3a0-6b39-4a23-b9b3-6f099c1e4152": {
                    "type": "google_compute_disk",
                    "depends_on": [],
                    "primary": {
                        "id": "us-west1-a/gke-data-infra-apps-0f-pvc-e3fce3a0-6b39-4a23-b9b3-6f099c1e4152",
                        "attributes": {
                            "access_mode": "",
                            "async_primary_disk.#": "0",
                            "creation_timestamp": "2022-09-26T10:47:15.818-07:00",
                            "description": "{\"kubernetes.io/created-for/pv/name\":\"pvc-e3fce3a0-6b39-4a23-b9b3-6f099c1e4152\",\"kubernetes.io/created-for/pvc/name\":\"data-sentry-sentry-postgresql-0\",\"kubernetes.io/created-for/pvc/namespace\":\"sentry\"}",
                            "disk_encryption_key.#": "0",
                            "disk_id": "6300047891983260492",
                            "effective_labels.%": "6",
                            "effective_labels.goog-gke-cluster-id-base32": "b7q6s5ghvzbrxcigz62lkdgeeggldd76ipme2xfbzcvpmcrghpqq",
                            "effective_labels.goog-gke-cost-management": "",
                            "effective_labels.goog-gke-volume": "",
                            "effective_labels.goog-k8s-cluster-location": "us-west1",
                            "effective_labels.goog-k8s-cluster-name": "data-infra-apps",
                            "effective_labels.goog-k8s-node-pool-name": "apps-v2",
                            "enable_confidential_compute": "false",
                            "guest_os_features.#": "0",
                            "id": "us-west1-a/gke-data-infra-apps-0f-pvc-e3fce3a0-6b39-4a23-b9b3-6f099c1e4152",
                            "image": "",
                            "label_fingerprint": "QzZ6pdJJwQ0=",
                            "labels.%": "0",
                            "last_attach_timestamp": "2025-01-07T04:15:33.948-08:00",
                            "last_detach_timestamp": "2025-01-07T04:15:15.775-08:00",
                            "licenses.#": "0",
                            "name": "gke-data-infra-apps-0f-pvc-e3fce3a0-6b39-4a23-b9b3-6f099c1e4152",
                            "physical_block_size_bytes": "4096",
                            "project": "cal-itp-data-infra",
                            "provisioned_iops": "0",
                            "provisioned_throughput": "0",
                            "self_link": "https://www.googleapis.com/compute/v1/projects/cal-itp-data-infra/zones/us-west1-a/disks/gke-data-infra-apps-0f-pvc-e3fce3a0-6b39-4a23-b9b3-6f099c1e4152",
                            "size": "200",
                            "snapshot": "",
                            "source_disk": "",
                            "source_disk_id": "",
                            "source_image_encryption_key.#": "0",
                            "source_image_id": "",
                            "source_snapshot_encryption_key.#": "0",
                            "source_snapshot_id": "",
                            "storage_pool": "",
                            "terraform_labels.%": "0",
                            "type": "pd-standard",
                            "users.#": "1",
                            "users.0": "https://www.googleapis.com/compute/v1/projects/cal-itp-data-infra/zones/us-west1-a/instances/gke-data-infra-apps-apps-v2-2729c0c0-8ms8",
                            "zone": "us-west1-a"
                        },
                        "meta": {
                            "schema_version": 0
                        },
                        "tainted": false
                    },
                    "deposed": [],
                    "provider": "provider.google"
                },
                "google_compute_disk.tfer--us-west1-a-002F-gke-data-infra-apps-0f-pvc-e97e933f-a97d-408e-afa7-e031986063c1": {
                    "type": "google_compute_disk",
                    "depends_on": [],
                    "primary": {
                        "id": "us-west1-a/gke-data-infra-apps-0f-pvc-e97e933f-a97d-408e-afa7-e031986063c1",
                        "attributes": {
                            "access_mode": "",
                            "async_primary_disk.#": "0",
                            "creation_timestamp": "2021-10-12T06:57:33.366-07:00",
                            "description": "{\"kubernetes.io/created-for/pv/name\":\"pvc-e97e933f-a97d-408e-afa7-e031986063c1\",\"kubernetes.io/created-for/pvc/name\":\"hub-db-dir\",\"kubernetes.io/created-for/pvc/namespace\":\"jupyterhub\"}",
                            "disk_encryption_key.#": "0",
                            "disk_id": "7447141250559912610",
                            "effective_labels.%": "6",
                            "effective_labels.goog-gke-cluster-id-base32": "b7q6s5ghvzbrxcigz62lkdgeeggldd76ipme2xfbzcvpmcrghpqq",
                            "effective_labels.goog-gke-cost-management": "",
                            "effective_labels.goog-gke-volume": "",
                            "effective_labels.goog-k8s-cluster-location": "us-west1",
                            "effective_labels.goog-k8s-cluster-name": "data-infra-apps",
                            "effective_labels.goog-k8s-node-pool-name": "apps-v2",
                            "enable_confidential_compute": "false",
                            "guest_os_features.#": "0",
                            "id": "us-west1-a/gke-data-infra-apps-0f-pvc-e97e933f-a97d-408e-afa7-e031986063c1",
                            "image": "",
                            "label_fingerprint": "QzZ6pdJJwQ0=",
                            "labels.%": "0",
                            "last_attach_timestamp": "2025-01-07T04:15:21.748-08:00",
                            "last_detach_timestamp": "2025-01-07T04:15:15.775-08:00",
                            "licenses.#": "0",
                            "name": "gke-data-infra-apps-0f-pvc-e97e933f-a97d-408e-afa7-e031986063c1",
                            "physical_block_size_bytes": "4096",
                            "project": "cal-itp-data-infra",
                            "provisioned_iops": "0",
                            "provisioned_throughput": "0",
                            "self_link": "https://www.googleapis.com/compute/v1/projects/cal-itp-data-infra/zones/us-west1-a/disks/gke-data-infra-apps-0f-pvc-e97e933f-a97d-408e-afa7-e031986063c1",
                            "size": "32",
                            "snapshot": "",
                            "source_disk": "",
                            "source_disk_id": "",
                            "source_image_encryption_key.#": "0",
                            "source_image_id": "",
                            "source_snapshot_encryption_key.#": "0",
                            "source_snapshot_id": "",
                            "storage_pool": "",
                            "terraform_labels.%": "0",
                            "type": "pd-standard",
                            "users.#": "1",
                            "users.0": "https://www.googleapis.com/compute/v1/projects/cal-itp-data-infra/zones/us-west1-a/instances/gke-data-infra-apps-apps-v2-2729c0c0-8ms8",
                            "zone": "us-west1-a"
                        },
                        "meta": {
                            "schema_version": 0
                        },
                        "tainted": false
                    },
                    "deposed": [],
                    "provider": "provider.google"
                },
                "google_compute_disk.tfer--us-west1-a-002F-gke-data-infra-apps-apps-v2-2729c0c0-8ms8": {
                    "type": "google_compute_disk",
                    "depends_on": [],
                    "primary": {
                        "id": "us-west1-a/gke-data-infra-apps-apps-v2-2729c0c0-8ms8",
                        "attributes": {
                            "access_mode": "",
                            "async_primary_disk.#": "0",
                            "creation_timestamp": "2025-01-07T04:12:54.678-08:00",
                            "description": "",
                            "disk_encryption_key.#": "0",
                            "disk_id": "196857063170679977",
                            "effective_labels.%": "6",
                            "effective_labels.goog-gke-cluster-id-base32": "b7q6s5ghvzbrxcigz62lkdgeeggldd76ipme2xfbzcvpmcrghpqq",
                            "effective_labels.goog-gke-node": "",
                            "effective_labels.goog-gke-volume": "",
                            "effective_labels.goog-k8s-cluster-location": "us-west1",
                            "effective_labels.goog-k8s-cluster-name": "data-infra-apps",
                            "effective_labels.goog-k8s-node-pool-name": "apps-v2",
                            "enable_confidential_compute": "false",
                            "guest_os_features.#": "9",
                            "guest_os_features.0.type": "GVNIC",
                            "guest_os_features.1.type": "IDPF",
                            "guest_os_features.2.type": "SECURE_BOOT",
                            "guest_os_features.3.type": "SEV_CAPABLE",
                            "guest_os_features.4.type": "SEV_LIVE_MIGRATABLE",
                            "guest_os_features.5.type": "SEV_LIVE_MIGRATABLE_V2",
                            "guest_os_features.6.type": "SEV_SNP_CAPABLE",
                            "guest_os_features.7.type": "UEFI_COMPATIBLE",
                            "guest_os_features.8.type": "VIRTIO_SCSI_MULTIQUEUE",
                            "id": "us-west1-a/gke-data-infra-apps-apps-v2-2729c0c0-8ms8",
                            "image": "https://www.googleapis.com/compute/v1/projects/gke-node-images/global/images/gke-1305-gke1699000-cos-113-18244-236-5-c-cgpv1-pre",
                            "label_fingerprint": "yWqg49ETEik=",
                            "labels.%": "0",
                            "last_attach_timestamp": "2025-01-07T04:12:55.197-08:00",
                            "last_detach_timestamp": "",
                            "licenses.#": "4",
                            "licenses.0": "https://www.googleapis.com/compute/v1/projects/cos-cloud/global/licenses/cos",
                            "licenses.1": "https://www.googleapis.com/compute/v1/projects/cos-cloud-shielded/global/licenses/shielded-cos",
                            "licenses.2": "https://www.googleapis.com/compute/v1/projects/gke-node-images/global/licenses/gke-node",
                            "licenses.3": "https://www.googleapis.com/compute/v1/projects/cos-cloud/global/licenses/cos-pcid",
                            "name": "gke-data-infra-apps-apps-v2-2729c0c0-8ms8",
                            "physical_block_size_bytes": "4096",
                            "project": "cal-itp-data-infra",
                            "provisioned_iops": "0",
                            "provisioned_throughput": "0",
                            "self_link": "https://www.googleapis.com/compute/v1/projects/cal-itp-data-infra/zones/us-west1-a/disks/gke-data-infra-apps-apps-v2-2729c0c0-8ms8",
                            "size": "100",
                            "snapshot": "",
                            "source_disk": "",
                            "source_disk_id": "",
                            "source_image_encryption_key.#": "0",
                            "source_image_id": "9061284299251541488",
                            "source_snapshot_encryption_key.#": "0",
                            "source_snapshot_id": "",
                            "storage_pool": "",
                            "terraform_labels.%": "0",
                            "type": "pd-standard",
                            "users.#": "1",
                            "users.0": "https://www.googleapis.com/compute/v1/projects/cal-itp-data-infra/zones/us-west1-a/instances/gke-data-infra-apps-apps-v2-2729c0c0-8ms8",
                            "zone": "us-west1-a"
                        },
                        "meta": {
                            "schema_version": 0
                        },
                        "tainted": false
                    },
                    "deposed": [],
                    "provider": "provider.google"
                },
                "google_compute_disk.tfer--us-west1-a-002F-gke-data-infra-apps-gtfsrt-v4-2a13e092-k2sh": {
                    "type": "google_compute_disk",
                    "depends_on": [],
                    "primary": {
                        "id": "us-west1-a/gke-data-infra-apps-gtfsrt-v4-2a13e092-k2sh",
                        "attributes": {
                            "access_mode": "",
                            "async_primary_disk.#": "0",
                            "creation_timestamp": "2025-01-08T03:39:02.025-08:00",
                            "description": "",
                            "disk_encryption_key.#": "0",
                            "disk_id": "882571050361281850",
                            "effective_labels.%": "6",
                            "effective_labels.goog-gke-cluster-id-base32": "b7q6s5ghvzbrxcigz62lkdgeeggldd76ipme2xfbzcvpmcrghpqq",
                            "effective_labels.goog-gke-node": "",
                            "effective_labels.goog-gke-volume": "",
                            "effective_labels.goog-k8s-cluster-location": "us-west1",
                            "effective_labels.goog-k8s-cluster-name": "data-infra-apps",
                            "effective_labels.goog-k8s-node-pool-name": "gtfsrt-v4",
                            "enable_confidential_compute": "false",
                            "guest_os_features.#": "9",
                            "guest_os_features.0.type": "GVNIC",
                            "guest_os_features.1.type": "IDPF",
                            "guest_os_features.2.type": "SECURE_BOOT",
                            "guest_os_features.3.type": "SEV_CAPABLE",
                            "guest_os_features.4.type": "SEV_LIVE_MIGRATABLE",
                            "guest_os_features.5.type": "SEV_LIVE_MIGRATABLE_V2",
                            "guest_os_features.6.type": "SEV_SNP_CAPABLE",
                            "guest_os_features.7.type": "UEFI_COMPATIBLE",
                            "guest_os_features.8.type": "VIRTIO_SCSI_MULTIQUEUE",
                            "id": "us-west1-a/gke-data-infra-apps-gtfsrt-v4-2a13e092-k2sh",
                            "image": "https://www.googleapis.com/compute/v1/projects/gke-node-images/global/images/gke-1305-gke1699000-cos-113-18244-236-5-c-cgpv1-pre",
                            "label_fingerprint": "27Y9ApY3V_8=",
                            "labels.%": "0",
                            "last_attach_timestamp": "2025-01-08T03:39:02.648-08:00",
                            "last_detach_timestamp": "",
                            "licenses.#": "4",
                            "licenses.0": "https://www.googleapis.com/compute/v1/projects/cos-cloud/global/licenses/cos",
                            "licenses.1": "https://www.googleapis.com/compute/v1/projects/cos-cloud-shielded/global/licenses/shielded-cos",
                            "licenses.2": "https://www.googleapis.com/compute/v1/projects/gke-node-images/global/licenses/gke-node",
                            "licenses.3": "https://www.googleapis.com/compute/v1/projects/cos-cloud/global/licenses/cos-pcid",
                            "name": "gke-data-infra-apps-gtfsrt-v4-2a13e092-k2sh",
                            "physical_block_size_bytes": "4096",
                            "project": "cal-itp-data-infra",
                            "provisioned_iops": "0",
                            "provisioned_throughput": "0",
                            "self_link": "https://www.googleapis.com/compute/v1/projects/cal-itp-data-infra/zones/us-west1-a/disks/gke-data-infra-apps-gtfsrt-v4-2a13e092-k2sh",
                            "size": "100",
                            "snapshot": "",
                            "source_disk": "",
                            "source_disk_id": "",
                            "source_image_encryption_key.#": "0",
                            "source_image_id": "9061284299251541488",
                            "source_snapshot_encryption_key.#": "0",
                            "source_snapshot_id": "",
                            "storage_pool": "",
                            "terraform_labels.%": "0",
                            "type": "pd-standard",
                            "users.#": "1",
                            "users.0": "https://www.googleapis.com/compute/v1/projects/cal-itp-data-infra/zones/us-west1-a/instances/gke-data-infra-apps-gtfsrt-v4-2a13e092-k2sh",
                            "zone": "us-west1-a"
                        },
                        "meta": {
                            "schema_version": 0
                        },
                        "tainted": false
                    },
                    "deposed": [],
                    "provider": "provider.google"
                },
                "google_compute_disk.tfer--us-west1-a-002F-gke-data-infra-apps-gtfsrt-v4-2a13e092-qr7i": {
                    "type": "google_compute_disk",
                    "depends_on": [],
                    "primary": {
                        "id": "us-west1-a/gke-data-infra-apps-gtfsrt-v4-2a13e092-qr7i",
                        "attributes": {
                            "access_mode": "",
                            "async_primary_disk.#": "0",
                            "creation_timestamp": "2025-01-08T03:41:50.193-08:00",
                            "description": "",
                            "disk_encryption_key.#": "0",
                            "disk_id": "3474444347319245457",
                            "effective_labels.%": "6",
                            "effective_labels.goog-gke-cluster-id-base32": "b7q6s5ghvzbrxcigz62lkdgeeggldd76ipme2xfbzcvpmcrghpqq",
                            "effective_labels.goog-gke-node": "",
                            "effective_labels.goog-gke-volume": "",
                            "effective_labels.goog-k8s-cluster-location": "us-west1",
                            "effective_labels.goog-k8s-cluster-name": "data-infra-apps",
                            "effective_labels.goog-k8s-node-pool-name": "gtfsrt-v4",
                            "enable_confidential_compute": "false",
                            "guest_os_features.#": "9",
                            "guest_os_features.0.type": "GVNIC",
                            "guest_os_features.1.type": "IDPF",
                            "guest_os_features.2.type": "SECURE_BOOT",
                            "guest_os_features.3.type": "SEV_CAPABLE",
                            "guest_os_features.4.type": "SEV_LIVE_MIGRATABLE",
                            "guest_os_features.5.type": "SEV_LIVE_MIGRATABLE_V2",
                            "guest_os_features.6.type": "SEV_SNP_CAPABLE",
                            "guest_os_features.7.type": "UEFI_COMPATIBLE",
                            "guest_os_features.8.type": "VIRTIO_SCSI_MULTIQUEUE",
                            "id": "us-west1-a/gke-data-infra-apps-gtfsrt-v4-2a13e092-qr7i",
                            "image": "https://www.googleapis.com/compute/v1/projects/gke-node-images/global/images/gke-1305-gke1699000-cos-113-18244-236-5-c-cgpv1-pre",
                            "label_fingerprint": "27Y9ApY3V_8=",
                            "labels.%": "0",
                            "last_attach_timestamp": "2025-01-08T03:41:50.757-08:00",
                            "last_detach_timestamp": "",
                            "licenses.#": "4",
                            "licenses.0": "https://www.googleapis.com/compute/v1/projects/cos-cloud/global/licenses/cos",
                            "licenses.1": "https://www.googleapis.com/compute/v1/projects/cos-cloud-shielded/global/licenses/shielded-cos",
                            "licenses.2": "https://www.googleapis.com/compute/v1/projects/gke-node-images/global/licenses/gke-node",
                            "licenses.3": "https://www.googleapis.com/compute/v1/projects/cos-cloud/global/licenses/cos-pcid",
                            "name": "gke-data-infra-apps-gtfsrt-v4-2a13e092-qr7i",
                            "physical_block_size_bytes": "4096",
                            "project": "cal-itp-data-infra",
                            "provisioned_iops": "0",
                            "provisioned_throughput": "0",
                            "self_link": "https://www.googleapis.com/compute/v1/projects/cal-itp-data-infra/zones/us-west1-a/disks/gke-data-infra-apps-gtfsrt-v4-2a13e092-qr7i",
                            "size": "100",
                            "snapshot": "",
                            "source_disk": "",
                            "source_disk_id": "",
                            "source_image_encryption_key.#": "0",
                            "source_image_id": "9061284299251541488",
                            "source_snapshot_encryption_key.#": "0",
                            "source_snapshot_id": "",
                            "storage_pool": "",
                            "terraform_labels.%": "0",
                            "type": "pd-standard",
                            "users.#": "1",
                            "users.0": "https://www.googleapis.com/compute/v1/projects/cal-itp-data-infra/zones/us-west1-a/instances/gke-data-infra-apps-gtfsrt-v4-2a13e092-qr7i",
                            "zone": "us-west1-a"
                        },
                        "meta": {
                            "schema_version": 0
                        },
                        "tainted": false
                    },
                    "deposed": [],
                    "provider": "provider.google"
                },
                "google_compute_disk.tfer--us-west1-a-002F-gke-data-infra-apps-jobs-v1-cd18666b-d7vg": {
                    "type": "google_compute_disk",
                    "depends_on": [],
                    "primary": {
                        "id": "us-west1-a/gke-data-infra-apps-jobs-v1-cd18666b-d7vg",
                        "attributes": {
                            "access_mode": "",
                            "async_primary_disk.#": "0",
                            "creation_timestamp": "2025-01-08T02:26:10.384-08:00",
                            "description": "",
                            "disk_encryption_key.#": "0",
                            "disk_id": "4753628153737636909",
                            "effective_labels.%": "6",
                            "effective_labels.goog-gke-cluster-id-base32": "b7q6s5ghvzbrxcigz62lkdgeeggldd76ipme2xfbzcvpmcrghpqq",
                            "effective_labels.goog-gke-node": "",
                            "effective_labels.goog-gke-volume": "",
                            "effective_labels.goog-k8s-cluster-location": "us-west1",
                            "effective_labels.goog-k8s-cluster-name": "data-infra-apps",
                            "effective_labels.goog-k8s-node-pool-name": "jobs-v1",
                            "enable_confidential_compute": "false",
                            "guest_os_features.#": "9",
                            "guest_os_features.0.type": "GVNIC",
                            "guest_os_features.1.type": "IDPF",
                            "guest_os_features.2.type": "SECURE_BOOT",
                            "guest_os_features.3.type": "SEV_CAPABLE",
                            "guest_os_features.4.type": "SEV_LIVE_MIGRATABLE",
                            "guest_os_features.5.type": "SEV_LIVE_MIGRATABLE_V2",
                            "guest_os_features.6.type": "SEV_SNP_CAPABLE",
                            "guest_os_features.7.type": "UEFI_COMPATIBLE",
                            "guest_os_features.8.type": "VIRTIO_SCSI_MULTIQUEUE",
                            "id": "us-west1-a/gke-data-infra-apps-jobs-v1-cd18666b-d7vg",
                            "image": "https://www.googleapis.com/compute/v1/projects/gke-node-images/global/images/gke-1305-gke1699000-cos-113-18244-236-5-c-cgpv1-pre",
                            "label_fingerprint": "kjW0Qwyy2Ig=",
                            "labels.%": "0",
                            "last_attach_timestamp": "2025-01-08T02:26:11.042-08:00",
                            "last_detach_timestamp": "",
                            "licenses.#": "4",
                            "licenses.0": "https://www.googleapis.com/compute/v1/projects/cos-cloud/global/licenses/cos",
                            "licenses.1": "https://www.googleapis.com/compute/v1/projects/cos-cloud-shielded/global/licenses/shielded-cos",
                            "licenses.2": "https://www.googleapis.com/compute/v1/projects/gke-node-images/global/licenses/gke-node",
                            "licenses.3": "https://www.googleapis.com/compute/v1/projects/cos-cloud/global/licenses/cos-pcid",
                            "name": "gke-data-infra-apps-jobs-v1-cd18666b-d7vg",
                            "physical_block_size_bytes": "4096",
                            "project": "cal-itp-data-infra",
                            "provisioned_iops": "0",
                            "provisioned_throughput": "0",
                            "self_link": "https://www.googleapis.com/compute/v1/projects/cal-itp-data-infra/zones/us-west1-a/disks/gke-data-infra-apps-jobs-v1-cd18666b-d7vg",
                            "size": "100",
                            "snapshot": "",
                            "source_disk": "",
                            "source_disk_id": "",
                            "source_image_encryption_key.#": "0",
                            "source_image_id": "9061284299251541488",
                            "source_snapshot_encryption_key.#": "0",
                            "source_snapshot_id": "",
                            "storage_pool": "",
                            "terraform_labels.%": "0",
                            "type": "pd-standard",
                            "users.#": "1",
                            "users.0": "https://www.googleapis.com/compute/v1/projects/cal-itp-data-infra/zones/us-west1-a/instances/gke-data-infra-apps-jobs-v1-cd18666b-d7vg",
                            "zone": "us-west1-a"
                        },
                        "meta": {
                            "schema_version": 0
                        },
                        "tainted": false
                    },
                    "deposed": [],
                    "provider": "provider.google"
                },
                "google_compute_disk.tfer--us-west1-a-002F-gke-data-infra-apps-jupyterhub-users-b57e08f4-ldpn": {
                    "type": "google_compute_disk",
                    "depends_on": [],
                    "primary": {
                        "id": "us-west1-a/gke-data-infra-apps-jupyterhub-users-b57e08f4-ldpn",
                        "attributes": {
                            "access_mode": "",
                            "async_primary_disk.#": "0",
                            "creation_timestamp": "2025-01-07T22:52:53.473-08:00",
                            "description": "",
                            "disk_encryption_key.#": "0",
                            "disk_id": "5440452763636178474",
                            "effective_labels.%": "6",
                            "effective_labels.goog-gke-cluster-id-base32": "b7q6s5ghvzbrxcigz62lkdgeeggldd76ipme2xfbzcvpmcrghpqq",
                            "effective_labels.goog-gke-node": "",
                            "effective_labels.goog-gke-volume": "",
                            "effective_labels.goog-k8s-cluster-location": "us-west1",
                            "effective_labels.goog-k8s-cluster-name": "data-infra-apps",
                            "effective_labels.goog-k8s-node-pool-name": "jupyterhub-users",
                            "enable_confidential_compute": "false",
                            "guest_os_features.#": "9",
                            "guest_os_features.0.type": "GVNIC",
                            "guest_os_features.1.type": "IDPF",
                            "guest_os_features.2.type": "SECURE_BOOT",
                            "guest_os_features.3.type": "SEV_CAPABLE",
                            "guest_os_features.4.type": "SEV_LIVE_MIGRATABLE",
                            "guest_os_features.5.type": "SEV_LIVE_MIGRATABLE_V2",
                            "guest_os_features.6.type": "SEV_SNP_CAPABLE",
                            "guest_os_features.7.type": "UEFI_COMPATIBLE",
                            "guest_os_features.8.type": "VIRTIO_SCSI_MULTIQUEUE",
                            "id": "us-west1-a/gke-data-infra-apps-jupyterhub-users-b57e08f4-ldpn",
                            "image": "https://www.googleapis.com/compute/v1/projects/gke-node-images/global/images/gke-1305-gke1699000-cos-113-18244-236-5-c-cgpv1-pre",
                            "label_fingerprint": "xqr1XRsDpKE=",
                            "labels.%": "0",
                            "last_attach_timestamp": "2025-01-07T22:52:54.223-08:00",
                            "last_detach_timestamp": "",
                            "licenses.#": "4",
                            "licenses.0": "https://www.googleapis.com/compute/v1/projects/cos-cloud/global/licenses/cos",
                            "licenses.1": "https://www.googleapis.com/compute/v1/projects/cos-cloud-shielded/global/licenses/shielded-cos",
                            "licenses.2": "https://www.googleapis.com/compute/v1/projects/gke-node-images/global/licenses/gke-node",
                            "licenses.3": "https://www.googleapis.com/compute/v1/projects/cos-cloud/global/licenses/cos-pcid",
                            "name": "gke-data-infra-apps-jupyterhub-users-b57e08f4-ldpn",
                            "physical_block_size_bytes": "4096",
                            "project": "cal-itp-data-infra",
                            "provisioned_iops": "0",
                            "provisioned_throughput": "0",
                            "self_link": "https://www.googleapis.com/compute/v1/projects/cal-itp-data-infra/zones/us-west1-a/disks/gke-data-infra-apps-jupyterhub-users-b57e08f4-ldpn",
                            "size": "100",
                            "snapshot": "",
                            "source_disk": "",
                            "source_disk_id": "",
                            "source_image_encryption_key.#": "0",
                            "source_image_id": "9061284299251541488",
                            "source_snapshot_encryption_key.#": "0",
                            "source_snapshot_id": "",
                            "storage_pool": "",
                            "terraform_labels.%": "0",
                            "type": "pd-standard",
                            "users.#": "1",
                            "users.0": "https://www.googleapis.com/compute/v1/projects/cal-itp-data-infra/zones/us-west1-a/instances/gke-data-infra-apps-jupyterhub-users-b57e08f4-ldpn",
                            "zone": "us-west1-a"
                        },
                        "meta": {
                            "schema_version": 0
                        },
                        "tainted": false
                    },
                    "deposed": [],
                    "provider": "provider.google"
                },
                "google_compute_disk.tfer--us-west1-a-002F-pvc-39448e03-f6dd-4cd1-88ee-030e9a4c6864": {
                    "type": "google_compute_disk",
                    "depends_on": [],
                    "primary": {
                        "id": "us-west1-a/pvc-39448e03-f6dd-4cd1-88ee-030e9a4c6864",
                        "attributes": {
                            "access_mode": "",
                            "async_primary_disk.#": "0",
                            "creation_timestamp": "2024-05-09T09:36:55.276-07:00",
                            "description": "{\"kubernetes.io/created-for/pv/name\":\"pvc-39448e03-f6dd-4cd1-88ee-030e9a4c6864\",\"kubernetes.io/created-for/pvc/name\":\"claim-fsalemi\",\"kubernetes.io/created-for/pvc/namespace\":\"jupyterhub\",\"storage.gke.io/created-by\":\"pd.csi.storage.gke.io\"}",
                            "disk_encryption_key.#": "0",
                            "disk_id": "285814082187117896",
                            "effective_labels.%": "6",
                            "effective_labels.goog-gke-cluster-id-base32": "b7q6s5ghvzbrxcigz62lkdgeeggldd76ipme2xfbzcvpmcrghpqq",
                            "effective_labels.goog-gke-cost-management": "",
                            "effective_labels.goog-gke-volume": "",
                            "effective_labels.goog-k8s-cluster-location": "us-west1",
                            "effective_labels.goog-k8s-cluster-name": "data-infra-apps",
                            "effective_labels.goog-k8s-node-pool-name": "jupyterhub-users",
                            "enable_confidential_compute": "false",
                            "guest_os_features.#": "0",
                            "id": "us-west1-a/pvc-39448e03-f6dd-4cd1-88ee-030e9a4c6864",
                            "image": "",
                            "label_fingerprint": "2UCnGaScDgQ=",
                            "labels.%": "0",
                            "last_attach_timestamp": "2025-01-08T13:53:48.323-08:00",
                            "last_detach_timestamp": "2025-01-08T15:07:48.722-08:00",
                            "licenses.#": "0",
                            "name": "pvc-39448e03-f6dd-4cd1-88ee-030e9a4c6864",
                            "physical_block_size_bytes": "4096",
                            "project": "cal-itp-data-infra",
                            "provisioned_iops": "0",
                            "provisioned_throughput": "0",
                            "self_link": "https://www.googleapis.com/compute/v1/projects/cal-itp-data-infra/zones/us-west1-a/disks/pvc-39448e03-f6dd-4cd1-88ee-030e9a4c6864",
                            "size": "100",
                            "snapshot": "",
                            "source_disk": "",
                            "source_disk_id": "",
                            "source_image_encryption_key.#": "0",
                            "source_image_id": "",
                            "source_snapshot_encryption_key.#": "0",
                            "source_snapshot_id": "",
                            "storage_pool": "",
                            "terraform_labels.%": "0",
                            "type": "pd-standard",
                            "users.#": "0",
                            "zone": "us-west1-a"
                        },
                        "meta": {
                            "schema_version": 0
                        },
                        "tainted": false
                    },
                    "deposed": [],
                    "provider": "provider.google"
                },
                "google_compute_disk.tfer--us-west1-a-002F-pvc-a5b1d3cd-ad12-405c-ab13-687bced0ff1e": {
                    "type": "google_compute_disk",
                    "depends_on": [],
                    "primary": {
                        "id": "us-west1-a/pvc-a5b1d3cd-ad12-405c-ab13-687bced0ff1e",
                        "attributes": {
                            "access_mode": "",
                            "async_primary_disk.#": "0",
                            "creation_timestamp": "2023-03-14T13:46:06.022-07:00",
                            "description": "{\"kubernetes.io/created-for/pv/name\":\"pvc-a5b1d3cd-ad12-405c-ab13-687bced0ff1e\",\"kubernetes.io/created-for/pvc/name\":\"data-sentry-zookeeper-clickhouse-1\",\"kubernetes.io/created-for/pvc/namespace\":\"sentry\",\"storage.gke.io/created-by\":\"pd.csi.storage.gke.io\"}",
                            "disk_encryption_key.#": "0",
                            "disk_id": "6692888016261571554",
                            "effective_labels.%": "6",
                            "effective_labels.goog-gke-cluster-id-base32": "b7q6s5ghvzbrxcigz62lkdgeeggldd76ipme2xfbzcvpmcrghpqq",
                            "effective_labels.goog-gke-cost-management": "",
                            "effective_labels.goog-gke-volume": "",
                            "effective_labels.goog-k8s-cluster-location": "us-west1",
                            "effective_labels.goog-k8s-cluster-name": "data-infra-apps",
                            "effective_labels.goog-k8s-node-pool-name": "apps-v2",
                            "enable_confidential_compute": "false",
                            "guest_os_features.#": "0",
                            "id": "us-west1-a/pvc-a5b1d3cd-ad12-405c-ab13-687bced0ff1e",
                            "image": "",
                            "label_fingerprint": "QzZ6pdJJwQ0=",
                            "labels.%": "0",
                            "last_attach_timestamp": "2025-01-07T04:15:28.499-08:00",
                            "last_detach_timestamp": "2025-01-07T04:15:15.775-08:00",
                            "licenses.#": "0",
                            "name": "pvc-a5b1d3cd-ad12-405c-ab13-687bced0ff1e",
                            "physical_block_size_bytes": "4096",
                            "project": "cal-itp-data-infra",
                            "provisioned_iops": "0",
                            "provisioned_throughput": "0",
                            "self_link": "https://www.googleapis.com/compute/v1/projects/cal-itp-data-infra/zones/us-west1-a/disks/pvc-a5b1d3cd-ad12-405c-ab13-687bced0ff1e",
                            "size": "16",
                            "snapshot": "",
                            "source_disk": "",
                            "source_disk_id": "",
                            "source_image_encryption_key.#": "0",
                            "source_image_id": "",
                            "source_snapshot_encryption_key.#": "0",
                            "source_snapshot_id": "",
                            "storage_pool": "",
                            "terraform_labels.%": "0",
                            "type": "pd-standard",
                            "users.#": "1",
                            "users.0": "https://www.googleapis.com/compute/v1/projects/cal-itp-data-infra/zones/us-west1-a/instances/gke-data-infra-apps-apps-v2-2729c0c0-8ms8",
                            "zone": "us-west1-a"
                        },
                        "meta": {
                            "schema_version": 0
                        },
                        "tainted": false
                    },
                    "deposed": [],
                    "provider": "provider.google"
                },
                "google_compute_disk.tfer--us-west1-a-002F-pvc-bd1e9f34-09a4-4b74-8b70-ec0991eab635": {
                    "type": "google_compute_disk",
                    "depends_on": [],
                    "primary": {
                        "id": "us-west1-a/pvc-bd1e9f34-09a4-4b74-8b70-ec0991eab635",
                        "attributes": {
                            "access_mode": "",
                            "async_primary_disk.#": "0",
                            "creation_timestamp": "2024-09-13T08:30:51.777-07:00",
                            "description": "{\"kubernetes.io/created-for/pv/name\":\"pvc-bd1e9f34-09a4-4b74-8b70-ec0991eab635\",\"kubernetes.io/created-for/pvc/name\":\"claim-albeedobson\",\"kubernetes.io/created-for/pvc/namespace\":\"jupyterhub\",\"storage.gke.io/created-by\":\"pd.csi.storage.gke.io\"}",
                            "disk_encryption_key.#": "0",
                            "disk_id": "2048781218115871812",
                            "effective_labels.%": "6",
                            "effective_labels.goog-gke-cluster-id-base32": "b7q6s5ghvzbrxcigz62lkdgeeggldd76ipme2xfbzcvpmcrghpqq",
                            "effective_labels.goog-gke-cost-management": "",
                            "effective_labels.goog-gke-volume": "",
                            "effective_labels.goog-k8s-cluster-location": "us-west1",
                            "effective_labels.goog-k8s-cluster-name": "data-infra-apps",
                            "effective_labels.goog-k8s-node-pool-name": "jupyterhub-users",
                            "enable_confidential_compute": "false",
                            "guest_os_features.#": "0",
                            "id": "us-west1-a/pvc-bd1e9f34-09a4-4b74-8b70-ec0991eab635",
                            "image": "",
                            "label_fingerprint": "2UCnGaScDgQ=",
                            "labels.%": "0",
                            "last_attach_timestamp": "2024-09-13T16:18:10.118-07:00",
                            "last_detach_timestamp": "2024-09-13T17:40:49.050-07:00",
                            "licenses.#": "0",
                            "name": "pvc-bd1e9f34-09a4-4b74-8b70-ec0991eab635",
                            "physical_block_size_bytes": "4096",
                            "project": "cal-itp-data-infra",
                            "provisioned_iops": "0",
                            "provisioned_throughput": "0",
                            "self_link": "https://www.googleapis.com/compute/v1/projects/cal-itp-data-infra/zones/us-west1-a/disks/pvc-bd1e9f34-09a4-4b74-8b70-ec0991eab635",
                            "size": "32",
                            "snapshot": "",
                            "source_disk": "",
                            "source_disk_id": "",
                            "source_image_encryption_key.#": "0",
                            "source_image_id": "",
                            "source_snapshot_encryption_key.#": "0",
                            "source_snapshot_id": "",
                            "storage_pool": "",
                            "terraform_labels.%": "0",
                            "type": "pd-standard",
                            "users.#": "0",
                            "zone": "us-west1-a"
                        },
                        "meta": {
                            "schema_version": 0
                        },
                        "tainted": false
                    },
                    "deposed": [],
                    "provider": "provider.google"
                },
                "google_compute_disk.tfer--us-west1-a-002F-pvc-c5a1db47-2181-432e-8fb4-081420b87c0a": {
                    "type": "google_compute_disk",
                    "depends_on": [],
                    "primary": {
                        "id": "us-west1-a/pvc-c5a1db47-2181-432e-8fb4-081420b87c0a",
                        "attributes": {
                            "access_mode": "",
                            "async_primary_disk.#": "0",
                            "creation_timestamp": "2023-03-14T13:46:04.023-07:00",
                            "description": "{\"kubernetes.io/created-for/pv/name\":\"pvc-c5a1db47-2181-432e-8fb4-081420b87c0a\",\"kubernetes.io/created-for/pvc/name\":\"sentry-clickhouse-data-sentry-clickhouse-1\",\"kubernetes.io/created-for/pvc/namespace\":\"sentry\",\"storage.gke.io/created-by\":\"pd.csi.storage.gke.io\"}",
                            "disk_encryption_key.#": "0",
                            "disk_id": "7387891644051055588",
                            "effective_labels.%": "6",
                            "effective_labels.goog-gke-cluster-id-base32": "b7q6s5ghvzbrxcigz62lkdgeeggldd76ipme2xfbzcvpmcrghpqq",
                            "effective_labels.goog-gke-cost-management": "",
                            "effective_labels.goog-gke-volume": "",
                            "effective_labels.goog-k8s-cluster-location": "us-west1",
                            "effective_labels.goog-k8s-cluster-name": "data-infra-apps",
                            "effective_labels.goog-k8s-node-pool-name": "apps-v2",
                            "enable_confidential_compute": "false",
                            "guest_os_features.#": "0",
                            "id": "us-west1-a/pvc-c5a1db47-2181-432e-8fb4-081420b87c0a",
                            "image": "",
                            "label_fingerprint": "QzZ6pdJJwQ0=",
                            "labels.%": "0",
                            "last_attach_timestamp": "2025-01-07T04:15:28.454-08:00",
                            "last_detach_timestamp": "2025-01-07T04:15:15.775-08:00",
                            "licenses.#": "0",
                            "name": "pvc-c5a1db47-2181-432e-8fb4-081420b87c0a",
                            "physical_block_size_bytes": "4096",
                            "project": "cal-itp-data-infra",
                            "provisioned_iops": "0",
                            "provisioned_throughput": "0",
                            "self_link": "https://www.googleapis.com/compute/v1/projects/cal-itp-data-infra/zones/us-west1-a/disks/pvc-c5a1db47-2181-432e-8fb4-081420b87c0a",
                            "size": "100",
                            "snapshot": "",
                            "source_disk": "",
                            "source_disk_id": "",
                            "source_image_encryption_key.#": "0",
                            "source_image_id": "",
                            "source_snapshot_encryption_key.#": "0",
                            "source_snapshot_id": "",
                            "storage_pool": "",
                            "terraform_labels.%": "0",
                            "type": "pd-standard",
                            "users.#": "1",
                            "users.0": "https://www.googleapis.com/compute/v1/projects/cal-itp-data-infra/zones/us-west1-a/instances/gke-data-infra-apps-apps-v2-2729c0c0-8ms8",
                            "zone": "us-west1-a"
                        },
                        "meta": {
                            "schema_version": 0
                        },
                        "tainted": false
                    },
                    "deposed": [],
                    "provider": "provider.google"
                },
                "google_compute_disk.tfer--us-west1-a-002F-pvc-c7a31ebc-2f7e-40c0-a468-dd6a35c5809e": {
                    "type": "google_compute_disk",
                    "depends_on": [],
                    "primary": {
                        "id": "us-west1-a/pvc-c7a31ebc-2f7e-40c0-a468-dd6a35c5809e",
                        "attributes": {
                            "access_mode": "",
                            "async_primary_disk.#": "0",
                            "creation_timestamp": "2023-08-03T09:00:57.458-07:00",
                            "description": "{\"kubernetes.io/created-for/pv/name\":\"pvc-c7a31ebc-2f7e-40c0-a468-dd6a35c5809e\",\"kubernetes.io/created-for/pvc/name\":\"data-dagster-postgresql-0\",\"kubernetes.io/created-for/pvc/namespace\":\"dagster\",\"storage.gke.io/created-by\":\"pd.csi.storage.gke.io\"}",
                            "disk_encryption_key.#": "0",
                            "disk_id": "6568065941532733910",
                            "effective_labels.%": "1",
                            "effective_labels.goog-gke-volume": "",
                            "enable_confidential_compute": "false",
                            "guest_os_features.#": "0",
                            "id": "us-west1-a/pvc-c7a31ebc-2f7e-40c0-a468-dd6a35c5809e",
                            "image": "",
                            "label_fingerprint": "nT7_dAxskBs=",
                            "labels.%": "0",
                            "last_attach_timestamp": "2023-08-03T09:01:06.987-07:00",
                            "last_detach_timestamp": "2023-08-03T09:01:39.290-07:00",
                            "licenses.#": "0",
                            "name": "pvc-c7a31ebc-2f7e-40c0-a468-dd6a35c5809e",
                            "physical_block_size_bytes": "4096",
                            "project": "cal-itp-data-infra",
                            "provisioned_iops": "0",
                            "provisioned_throughput": "0",
                            "self_link": "https://www.googleapis.com/compute/v1/projects/cal-itp-data-infra/zones/us-west1-a/disks/pvc-c7a31ebc-2f7e-40c0-a468-dd6a35c5809e",
                            "size": "8",
                            "snapshot": "",
                            "source_disk": "",
                            "source_disk_id": "",
                            "source_image_encryption_key.#": "0",
                            "source_image_id": "",
                            "source_snapshot_encryption_key.#": "0",
                            "source_snapshot_id": "",
                            "storage_pool": "",
                            "terraform_labels.%": "0",
                            "type": "pd-standard",
                            "users.#": "0",
                            "zone": "us-west1-a"
                        },
                        "meta": {
                            "schema_version": 0
                        },
                        "tainted": false
                    },
                    "deposed": [],
                    "provider": "provider.google"
                },
                "google_compute_disk.tfer--us-west1-a-002F-pvc-d7742e0a-a969-458c-a91a-7af8f49f6472": {
                    "type": "google_compute_disk",
                    "depends_on": [],
                    "primary": {
                        "id": "us-west1-a/pvc-d7742e0a-a969-458c-a91a-7af8f49f6472",
                        "attributes": {
                            "access_mode": "",
                            "async_primary_disk.#": "0",
                            "creation_timestamp": "2023-11-27T13:11:48.896-08:00",
                            "description": "{\"kubernetes.io/created-for/pv/name\":\"pvc-d7742e0a-a969-458c-a91a-7af8f49f6472\",\"kubernetes.io/created-for/pvc/name\":\"claim-mdsaifulislamfahim\",\"kubernetes.io/created-for/pvc/namespace\":\"jupyterhub\",\"storage.gke.io/created-by\":\"pd.csi.storage.gke.io\"}",
                            "disk_encryption_key.#": "0",
                            "disk_id": "415287430452132091",
                            "effective_labels.%": "5",
                            "effective_labels.goog-gke-cost-management": "",
                            "effective_labels.goog-gke-volume": "",
                            "effective_labels.goog-k8s-cluster-location": "us-west1",
                            "effective_labels.goog-k8s-cluster-name": "data-infra-apps",
                            "effective_labels.goog-k8s-node-pool-name": "jupyterhub-users",
                            "enable_confidential_compute": "false",
                            "guest_os_features.#": "0",
                            "id": "us-west1-a/pvc-d7742e0a-a969-458c-a91a-7af8f49f6472",
                            "image": "",
                            "label_fingerprint": "9jxQ_bPsBkA=",
                            "labels.%": "0",
                            "last_attach_timestamp": "2024-06-27T08:55:21.364-07:00",
                            "last_detach_timestamp": "2024-06-27T15:06:42.837-07:00",
                            "licenses.#": "0",
                            "name": "pvc-d7742e0a-a969-458c-a91a-7af8f49f6472",
                            "physical_block_size_bytes": "4096",
                            "project": "cal-itp-data-infra",
                            "provisioned_iops": "0",
                            "provisioned_throughput": "0",
                            "self_link": "https://www.googleapis.com/compute/v1/projects/cal-itp-data-infra/zones/us-west1-a/disks/pvc-d7742e0a-a969-458c-a91a-7af8f49f6472",
                            "size": "32",
                            "snapshot": "",
                            "source_disk": "",
                            "source_disk_id": "",
                            "source_image_encryption_key.#": "0",
                            "source_image_id": "",
                            "source_snapshot_encryption_key.#": "0",
                            "source_snapshot_id": "",
                            "storage_pool": "",
                            "terraform_labels.%": "0",
                            "type": "pd-standard",
                            "users.#": "0",
                            "zone": "us-west1-a"
                        },
                        "meta": {
                            "schema_version": 0
                        },
                        "tainted": false
                    },
                    "deposed": [],
                    "provider": "provider.google"
                },
                "google_compute_disk.tfer--us-west1-b-002F-gke-data-infra-apps-0f-pvc-16a68482-25de-4d96-9e3b-3cfd0db3e368": {
                    "type": "google_compute_disk",
                    "depends_on": [],
                    "primary": {
                        "id": "us-west1-b/gke-data-infra-apps-0f-pvc-16a68482-25de-4d96-9e3b-3cfd0db3e368",
                        "attributes": {
                            "access_mode": "",
                            "async_primary_disk.#": "0",
                            "creation_timestamp": "2021-10-12T09:05:41.716-07:00",
                            "description": "{\"kubernetes.io/created-for/pv/name\":\"pvc-16a68482-25de-4d96-9e3b-3cfd0db3e368\",\"kubernetes.io/created-for/pvc/name\":\"claim-natam1\",\"kubernetes.io/created-for/pvc/namespace\":\"jupyterhub\"}",
                            "disk_encryption_key.#": "0",
                            "disk_id": "5590212397832342714",
                            "effective_labels.%": "6",
                            "effective_labels.goog-gke-cluster-id-base32": "b7q6s5ghvzbrxcigz62lkdgeeggldd76ipme2xfbzcvpmcrghpqq",
                            "effective_labels.goog-gke-cost-management": "",
                            "effective_labels.goog-gke-volume": "",
                            "effective_labels.goog-k8s-cluster-location": "us-west1",
                            "effective_labels.goog-k8s-cluster-name": "data-infra-apps",
                            "effective_labels.goog-k8s-node-pool-name": "jupyterhub-users",
                            "enable_confidential_compute": "false",
                            "guest_os_features.#": "0",
                            "id": "us-west1-b/gke-data-infra-apps-0f-pvc-16a68482-25de-4d96-9e3b-3cfd0db3e368",
                            "image": "",
                            "label_fingerprint": "2UCnGaScDgQ=",
                            "labels.%": "0",
                            "last_attach_timestamp": "2025-01-08T08:39:28.044-08:00",
                            "last_detach_timestamp": "2025-01-07T21:37:53.823-08:00",
                            "licenses.#": "0",
                            "name": "gke-data-infra-apps-0f-pvc-16a68482-25de-4d96-9e3b-3cfd0db3e368",
                            "physical_block_size_bytes": "4096",
                            "project": "cal-itp-data-infra",
                            "provisioned_iops": "0",
                            "provisioned_throughput": "0",
                            "self_link": "https://www.googleapis.com/compute/v1/projects/cal-itp-data-infra/zones/us-west1-b/disks/gke-data-infra-apps-0f-pvc-16a68482-25de-4d96-9e3b-3cfd0db3e368",
                            "size": "32",
                            "snapshot": "",
                            "source_disk": "",
                            "source_disk_id": "",
                            "source_image_encryption_key.#": "0",
                            "source_image_id": "",
                            "source_snapshot_encryption_key.#": "0",
                            "source_snapshot_id": "",
                            "storage_pool": "",
                            "terraform_labels.%": "0",
                            "type": "pd-standard",
                            "users.#": "1",
                            "users.0": "https://www.googleapis.com/compute/v1/projects/cal-itp-data-infra/zones/us-west1-b/instances/gke-data-infra-apps-jupyterhub-users-dddc57ff-rb5c",
                            "zone": "us-west1-b"
                        },
                        "meta": {
                            "schema_version": 0
                        },
                        "tainted": false
                    },
                    "deposed": [],
                    "provider": "provider.google"
                },
                "google_compute_disk.tfer--us-west1-b-002F-gke-data-infra-apps-0f-pvc-3265ecbf-c279-4cc3-8e67-f98174ad19e9": {
                    "type": "google_compute_disk",
                    "depends_on": [],
                    "primary": {
                        "id": "us-west1-b/gke-data-infra-apps-0f-pvc-3265ecbf-c279-4cc3-8e67-f98174ad19e9",
                        "attributes": {
                            "access_mode": "",
                            "async_primary_disk.#": "0",
                            "creation_timestamp": "2022-09-26T10:47:16.144-07:00",
                            "description": "{\"kubernetes.io/created-for/pv/name\":\"pvc-3265ecbf-c279-4cc3-8e67-f98174ad19e9\",\"kubernetes.io/created-for/pvc/name\":\"data-sentry-kafka-1\",\"kubernetes.io/created-for/pvc/namespace\":\"sentry\"}",
                            "disk_encryption_key.#": "0",
                            "disk_id": "3863118349137107787",
                            "effective_labels.%": "6",
                            "effective_labels.goog-gke-cluster-id-base32": "b7q6s5ghvzbrxcigz62lkdgeeggldd76ipme2xfbzcvpmcrghpqq",
                            "effective_labels.goog-gke-cost-management": "",
                            "effective_labels.goog-gke-volume": "",
                            "effective_labels.goog-k8s-cluster-location": "us-west1",
                            "effective_labels.goog-k8s-cluster-name": "data-infra-apps",
                            "effective_labels.goog-k8s-node-pool-name": "apps-v2",
                            "enable_confidential_compute": "false",
                            "guest_os_features.#": "0",
                            "id": "us-west1-b/gke-data-infra-apps-0f-pvc-3265ecbf-c279-4cc3-8e67-f98174ad19e9",
                            "image": "",
                            "label_fingerprint": "QzZ6pdJJwQ0=",
                            "labels.%": "0",
                            "last_attach_timestamp": "2025-01-07T04:17:53.334-08:00",
                            "last_detach_timestamp": "2025-01-07T04:17:48.221-08:00",
                            "licenses.#": "0",
                            "name": "gke-data-infra-apps-0f-pvc-3265ecbf-c279-4cc3-8e67-f98174ad19e9",
                            "physical_block_size_bytes": "4096",
                            "project": "cal-itp-data-infra",
                            "provisioned_iops": "0",
                            "provisioned_throughput": "0",
                            "self_link": "https://www.googleapis.com/compute/v1/projects/cal-itp-data-infra/zones/us-west1-b/disks/gke-data-infra-apps-0f-pvc-3265ecbf-c279-4cc3-8e67-f98174ad19e9",
                            "size": "16",
                            "snapshot": "",
                            "source_disk": "",
                            "source_disk_id": "",
                            "source_image_encryption_key.#": "0",
                            "source_image_id": "",
                            "source_snapshot_encryption_key.#": "0",
                            "source_snapshot_id": "",
                            "storage_pool": "",
                            "terraform_labels.%": "0",
                            "type": "pd-standard",
                            "users.#": "1",
                            "users.0": "https://www.googleapis.com/compute/v1/projects/cal-itp-data-infra/zones/us-west1-b/instances/gke-data-infra-apps-apps-v2-0dfb61fb-qloc",
                            "zone": "us-west1-b"
                        },
                        "meta": {
                            "schema_version": 0
                        },
                        "tainted": false
                    },
                    "deposed": [],
                    "provider": "provider.google"
                },
                "google_compute_disk.tfer--us-west1-b-002F-gke-data-infra-apps-0f-pvc-53c7e604-a011-419d-96eb-429b7c2b8c70": {
                    "type": "google_compute_disk",
                    "depends_on": [],
                    "primary": {
                        "id": "us-west1-b/gke-data-infra-apps-0f-pvc-53c7e604-a011-419d-96eb-429b7c2b8c70",
                        "attributes": {
                            "access_mode": "",
                            "async_primary_disk.#": "0",
                            "creation_timestamp": "2022-08-18T14:01:36.500-07:00",
                            "description": "{\"kubernetes.io/created-for/pv/name\":\"pvc-53c7e604-a011-419d-96eb-429b7c2b8c70\",\"kubernetes.io/created-for/pvc/name\":\"data-sftp-server-0\",\"kubernetes.io/created-for/pvc/namespace\":\"prod-sftp-ingest-elavon\"}",
                            "disk_encryption_key.#": "0",
                            "disk_id": "5393799634908026463",
                            "effective_labels.%": "6",
                            "effective_labels.goog-gke-cluster-id-base32": "b7q6s5ghvzbrxcigz62lkdgeeggldd76ipme2xfbzcvpmcrghpqq",
                            "effective_labels.goog-gke-cost-management": "",
                            "effective_labels.goog-gke-volume": "",
                            "effective_labels.goog-k8s-cluster-location": "us-west1",
                            "effective_labels.goog-k8s-cluster-name": "data-infra-apps",
                            "effective_labels.goog-k8s-node-pool-name": "apps-v2",
                            "enable_confidential_compute": "false",
                            "guest_os_features.#": "0",
                            "id": "us-west1-b/gke-data-infra-apps-0f-pvc-53c7e604-a011-419d-96eb-429b7c2b8c70",
                            "image": "",
                            "label_fingerprint": "QzZ6pdJJwQ0=",
                            "labels.%": "0",
                            "last_attach_timestamp": "2025-01-07T04:17:25.841-08:00",
                            "last_detach_timestamp": "2025-01-07T04:17:22.214-08:00",
                            "licenses.#": "0",
                            "name": "gke-data-infra-apps-0f-pvc-53c7e604-a011-419d-96eb-429b7c2b8c70",
                            "physical_block_size_bytes": "4096",
                            "project": "cal-itp-data-infra",
                            "provisioned_iops": "0",
                            "provisioned_throughput": "0",
                            "self_link": "https://www.googleapis.com/compute/v1/projects/cal-itp-data-infra/zones/us-west1-b/disks/gke-data-infra-apps-0f-pvc-53c7e604-a011-419d-96eb-429b7c2b8c70",
                            "size": "50",
                            "snapshot": "",
                            "source_disk": "",
                            "source_disk_id": "",
                            "source_image_encryption_key.#": "0",
                            "source_image_id": "",
                            "source_snapshot_encryption_key.#": "0",
                            "source_snapshot_id": "",
                            "storage_pool": "",
                            "terraform_labels.%": "0",
                            "type": "pd-standard",
                            "users.#": "1",
                            "users.0": "https://www.googleapis.com/compute/v1/projects/cal-itp-data-infra/zones/us-west1-b/instances/gke-data-infra-apps-apps-v2-0dfb61fb-qloc",
                            "zone": "us-west1-b"
                        },
                        "meta": {
                            "schema_version": 0
                        },
                        "tainted": false
                    },
                    "deposed": [],
                    "provider": "provider.google"
                },
                "google_compute_disk.tfer--us-west1-b-002F-gke-data-infra-apps-0f-pvc-88d137db-2ba6-4aa6-b94d-2d5f77714c7c": {
                    "type": "google_compute_disk",
                    "depends_on": [],
                    "primary": {
                        "id": "us-west1-b/gke-data-infra-apps-0f-pvc-88d137db-2ba6-4aa6-b94d-2d5f77714c7c",
                        "attributes": {
                            "access_mode": "",
                            "async_primary_disk.#": "0",
                            "creation_timestamp": "2021-10-22T11:09:33.506-07:00",
                            "description": "{\"kubernetes.io/created-for/pv/name\":\"pvc-88d137db-2ba6-4aa6-b94d-2d5f77714c7c\",\"kubernetes.io/created-for/pvc/name\":\"claim-evansiroky\",\"kubernetes.io/created-for/pvc/namespace\":\"jupyterhub\"}",
                            "disk_encryption_key.#": "0",
                            "disk_id": "3808224166006440114",
                            "effective_labels.%": "5",
                            "effective_labels.goog-gke-cost-management": "",
                            "effective_labels.goog-gke-volume": "",
                            "effective_labels.goog-k8s-cluster-location": "us-west1",
                            "effective_labels.goog-k8s-cluster-name": "data-infra-apps",
                            "effective_labels.goog-k8s-node-pool-name": "jupyterhub-users",
                            "enable_confidential_compute": "false",
                            "guest_os_features.#": "0",
                            "id": "us-west1-b/gke-data-infra-apps-0f-pvc-88d137db-2ba6-4aa6-b94d-2d5f77714c7c",
                            "image": "",
                            "label_fingerprint": "9jxQ_bPsBkA=",
                            "labels.%": "0",
                            "last_attach_timestamp": "2024-08-09T10:00:31.973-07:00",
                            "last_detach_timestamp": "2024-08-10T00:16:46.398-07:00",
                            "licenses.#": "0",
                            "name": "gke-data-infra-apps-0f-pvc-88d137db-2ba6-4aa6-b94d-2d5f77714c7c",
                            "physical_block_size_bytes": "4096",
                            "project": "cal-itp-data-infra",
                            "provisioned_iops": "0",
                            "provisioned_throughput": "0",
                            "self_link": "https://www.googleapis.com/compute/v1/projects/cal-itp-data-infra/zones/us-west1-b/disks/gke-data-infra-apps-0f-pvc-88d137db-2ba6-4aa6-b94d-2d5f77714c7c",
                            "size": "32",
                            "snapshot": "",
                            "source_disk": "",
                            "source_disk_id": "",
                            "source_image_encryption_key.#": "0",
                            "source_image_id": "",
                            "source_snapshot_encryption_key.#": "0",
                            "source_snapshot_id": "",
                            "storage_pool": "",
                            "terraform_labels.%": "0",
                            "type": "pd-standard",
                            "users.#": "0",
                            "zone": "us-west1-b"
                        },
                        "meta": {
                            "schema_version": 0
                        },
                        "tainted": false
                    },
                    "deposed": [],
                    "provider": "provider.google"
                },
                "google_compute_disk.tfer--us-west1-b-002F-gke-data-infra-apps-0f-pvc-bd2749b9-7e64-4991-83e4-9b694beac49b": {
                    "type": "google_compute_disk",
                    "depends_on": [],
                    "primary": {
                        "id": "us-west1-b/gke-data-infra-apps-0f-pvc-bd2749b9-7e64-4991-83e4-9b694beac49b",
                        "attributes": {
                            "access_mode": "",
                            "async_primary_disk.#": "0",
                            "creation_timestamp": "2021-12-14T11:08:45.500-08:00",
                            "description": "{\"kubernetes.io/created-for/pv/name\":\"pvc-bd2749b9-7e64-4991-83e4-9b694beac49b\",\"kubernetes.io/created-for/pvc/name\":\"claim-mjumbewu\",\"kubernetes.io/created-for/pvc/namespace\":\"jupyterhub\"}",
                            "disk_encryption_key.#": "0",
                            "disk_id": "149527743427859794",
                            "effective_labels.%": "1",
                            "effective_labels.goog-gke-volume": "",
                            "enable_confidential_compute": "false",
                            "guest_os_features.#": "0",
                            "id": "us-west1-b/gke-data-infra-apps-0f-pvc-bd2749b9-7e64-4991-83e4-9b694beac49b",
                            "image": "",
                            "label_fingerprint": "nT7_dAxskBs=",
                            "labels.%": "0",
                            "last_attach_timestamp": "2024-10-17T17:24:55.006-07:00",
                            "last_detach_timestamp": "2024-10-17T17:25:39.513-07:00",
                            "licenses.#": "0",
                            "name": "gke-data-infra-apps-0f-pvc-bd2749b9-7e64-4991-83e4-9b694beac49b",
                            "physical_block_size_bytes": "4096",
                            "project": "cal-itp-data-infra",
                            "provisioned_iops": "0",
                            "provisioned_throughput": "0",
                            "self_link": "https://www.googleapis.com/compute/v1/projects/cal-itp-data-infra/zones/us-west1-b/disks/gke-data-infra-apps-0f-pvc-bd2749b9-7e64-4991-83e4-9b694beac49b",
                            "size": "10",
                            "snapshot": "",
                            "source_disk": "",
                            "source_disk_id": "",
                            "source_image_encryption_key.#": "0",
                            "source_image_id": "",
                            "source_snapshot_encryption_key.#": "0",
                            "source_snapshot_id": "",
                            "storage_pool": "",
                            "terraform_labels.%": "0",
                            "type": "pd-standard",
                            "users.#": "0",
                            "zone": "us-west1-b"
                        },
                        "meta": {
                            "schema_version": 0
                        },
                        "tainted": false
                    },
                    "deposed": [],
                    "provider": "provider.google"
                },
                "google_compute_disk.tfer--us-west1-b-002F-gke-data-infra-apps-0f-pvc-c9e0b814-b6ad-4a2a-903a-1357d22f0640": {
                    "type": "google_compute_disk",
                    "depends_on": [],
                    "primary": {
                        "id": "us-west1-b/gke-data-infra-apps-0f-pvc-c9e0b814-b6ad-4a2a-903a-1357d22f0640",
                        "attributes": {
                            "access_mode": "",
                            "async_primary_disk.#": "0",
                            "creation_timestamp": "2022-09-26T10:49:27.313-07:00",
                            "description": "{\"kubernetes.io/created-for/pv/name\":\"pvc-c9e0b814-b6ad-4a2a-903a-1357d22f0640\",\"kubernetes.io/created-for/pvc/name\":\"data-sentry-rabbitmq-2\",\"kubernetes.io/created-for/pvc/namespace\":\"sentry\"}",
                            "disk_encryption_key.#": "0",
                            "disk_id": "793185419421046984",
                            "effective_labels.%": "6",
                            "effective_labels.goog-gke-cluster-id-base32": "b7q6s5ghvzbrxcigz62lkdgeeggldd76ipme2xfbzcvpmcrghpqq",
                            "effective_labels.goog-gke-cost-management": "",
                            "effective_labels.goog-gke-volume": "",
                            "effective_labels.goog-k8s-cluster-location": "us-west1",
                            "effective_labels.goog-k8s-cluster-name": "data-infra-apps",
                            "effective_labels.goog-k8s-node-pool-name": "apps-v2",
                            "enable_confidential_compute": "false",
                            "guest_os_features.#": "0",
                            "id": "us-west1-b/gke-data-infra-apps-0f-pvc-c9e0b814-b6ad-4a2a-903a-1357d22f0640",
                            "image": "",
                            "label_fingerprint": "QzZ6pdJJwQ0=",
                            "labels.%": "0",
                            "last_attach_timestamp": "2025-01-07T04:18:37.502-08:00",
                            "last_detach_timestamp": "2025-01-07T04:17:38.820-08:00",
                            "licenses.#": "0",
                            "name": "gke-data-infra-apps-0f-pvc-c9e0b814-b6ad-4a2a-903a-1357d22f0640",
                            "physical_block_size_bytes": "4096",
                            "project": "cal-itp-data-infra",
                            "provisioned_iops": "0",
                            "provisioned_throughput": "0",
                            "self_link": "https://www.googleapis.com/compute/v1/projects/cal-itp-data-infra/zones/us-west1-b/disks/gke-data-infra-apps-0f-pvc-c9e0b814-b6ad-4a2a-903a-1357d22f0640",
                            "size": "8",
                            "snapshot": "",
                            "source_disk": "",
                            "source_disk_id": "",
                            "source_image_encryption_key.#": "0",
                            "source_image_id": "",
                            "source_snapshot_encryption_key.#": "0",
                            "source_snapshot_id": "",
                            "storage_pool": "",
                            "terraform_labels.%": "0",
                            "type": "pd-standard",
                            "users.#": "1",
                            "users.0": "https://www.googleapis.com/compute/v1/projects/cal-itp-data-infra/zones/us-west1-b/instances/gke-data-infra-apps-apps-v2-0dfb61fb-qloc",
                            "zone": "us-west1-b"
                        },
                        "meta": {
                            "schema_version": 0
                        },
                        "tainted": false
                    },
                    "deposed": [],
                    "provider": "provider.google"
                },
                "google_compute_disk.tfer--us-west1-b-002F-gke-data-infra-apps-0f-pvc-cd04012e-8535-4d35-b3b6-16f2750b2fb9": {
                    "type": "google_compute_disk",
                    "depends_on": [],
                    "primary": {
                        "id": "us-west1-b/gke-data-infra-apps-0f-pvc-cd04012e-8535-4d35-b3b6-16f2750b2fb9",
                        "attributes": {
                            "access_mode": "",
                            "async_primary_disk.#": "0",
                            "creation_timestamp": "2022-04-21T07:58:20.424-07:00",
                            "description": "{\"kubernetes.io/created-for/pv/name\":\"pvc-cd04012e-8535-4d35-b3b6-16f2750b2fb9\",\"kubernetes.io/created-for/pvc/name\":\"claim-noah-2dca\",\"kubernetes.io/created-for/pvc/namespace\":\"jupyterhub\"}",
                            "disk_encryption_key.#": "0",
                            "disk_id": "5205940947959730147",
                            "effective_labels.%": "6",
                            "effective_labels.goog-gke-cluster-id-base32": "b7q6s5ghvzbrxcigz62lkdgeeggldd76ipme2xfbzcvpmcrghpqq",
                            "effective_labels.goog-gke-cost-management": "",
                            "effective_labels.goog-gke-volume": "",
                            "effective_labels.goog-k8s-cluster-location": "us-west1",
                            "effective_labels.goog-k8s-cluster-name": "data-infra-apps",
                            "effective_labels.goog-k8s-node-pool-name": "jupyterhub-users",
                            "enable_confidential_compute": "false",
                            "guest_os_features.#": "0",
                            "id": "us-west1-b/gke-data-infra-apps-0f-pvc-cd04012e-8535-4d35-b3b6-16f2750b2fb9",
                            "image": "",
                            "label_fingerprint": "2UCnGaScDgQ=",
                            "labels.%": "0",
                            "last_attach_timestamp": "2025-01-08T08:59:32.455-08:00",
                            "last_detach_timestamp": "2025-01-08T16:07:54.985-08:00",
                            "licenses.#": "0",
                            "name": "gke-data-infra-apps-0f-pvc-cd04012e-8535-4d35-b3b6-16f2750b2fb9",
                            "physical_block_size_bytes": "4096",
                            "project": "cal-itp-data-infra",
                            "provisioned_iops": "0",
                            "provisioned_throughput": "0",
                            "self_link": "https://www.googleapis.com/compute/v1/projects/cal-itp-data-infra/zones/us-west1-b/disks/gke-data-infra-apps-0f-pvc-cd04012e-8535-4d35-b3b6-16f2750b2fb9",
                            "size": "50",
                            "snapshot": "",
                            "source_disk": "",
                            "source_disk_id": "",
                            "source_image_encryption_key.#": "0",
                            "source_image_id": "",
                            "source_snapshot_encryption_key.#": "0",
                            "source_snapshot_id": "",
                            "storage_pool": "",
                            "terraform_labels.%": "0",
                            "type": "pd-standard",
                            "users.#": "0",
                            "zone": "us-west1-b"
                        },
                        "meta": {
                            "schema_version": 0
                        },
                        "tainted": false
                    },
                    "deposed": [],
                    "provider": "provider.google"
                },
                "google_compute_disk.tfer--us-west1-b-002F-gke-data-infra-apps-0f-pvc-e936ca8a-3a35-4308-ac51-ade47e24d8ea": {
                    "type": "google_compute_disk",
                    "depends_on": [],
                    "primary": {
                        "id": "us-west1-b/gke-data-infra-apps-0f-pvc-e936ca8a-3a35-4308-ac51-ade47e24d8ea",
                        "attributes": {
                            "access_mode": "",
                            "async_primary_disk.#": "0",
                            "creation_timestamp": "2022-09-26T10:47:15.913-07:00",
                            "description": "{\"kubernetes.io/created-for/pv/name\":\"pvc-e936ca8a-3a35-4308-ac51-ade47e24d8ea\",\"kubernetes.io/created-for/pvc/name\":\"sentry-clickhouse-data-sentry-clickhouse-2\",\"kubernetes.io/created-for/pvc/namespace\":\"sentry\"}",
                            "disk_encryption_key.#": "0",
                            "disk_id": "3286037437915880268",
                            "effective_labels.%": "1",
                            "effective_labels.goog-gke-volume": "",
                            "enable_confidential_compute": "false",
                            "guest_os_features.#": "0",
                            "id": "us-west1-b/gke-data-infra-apps-0f-pvc-e936ca8a-3a35-4308-ac51-ade47e24d8ea",
                            "image": "",
                            "label_fingerprint": "nT7_dAxskBs=",
                            "labels.%": "0",
                            "last_attach_timestamp": "2023-02-28T03:45:56.940-08:00",
                            "last_detach_timestamp": "2023-03-14T13:45:21.326-07:00",
                            "licenses.#": "0",
                            "name": "gke-data-infra-apps-0f-pvc-e936ca8a-3a35-4308-ac51-ade47e24d8ea",
                            "physical_block_size_bytes": "4096",
                            "project": "cal-itp-data-infra",
                            "provisioned_iops": "0",
                            "provisioned_throughput": "0",
                            "self_link": "https://www.googleapis.com/compute/v1/projects/cal-itp-data-infra/zones/us-west1-b/disks/gke-data-infra-apps-0f-pvc-e936ca8a-3a35-4308-ac51-ade47e24d8ea",
                            "size": "30",
                            "snapshot": "",
                            "source_disk": "",
                            "source_disk_id": "",
                            "source_image_encryption_key.#": "0",
                            "source_image_id": "",
                            "source_snapshot_encryption_key.#": "0",
                            "source_snapshot_id": "",
                            "storage_pool": "",
                            "terraform_labels.%": "0",
                            "type": "pd-standard",
                            "users.#": "0",
                            "zone": "us-west1-b"
                        },
                        "meta": {
                            "schema_version": 0
                        },
                        "tainted": false
                    },
                    "deposed": [],
                    "provider": "provider.google"
                },
                "google_compute_disk.tfer--us-west1-b-002F-gke-data-infra-apps-0f-pvc-eece374b-c967-4bcd-b32f-504b4718d5e7": {
                    "type": "google_compute_disk",
                    "depends_on": [],
                    "primary": {
                        "id": "us-west1-b/gke-data-infra-apps-0f-pvc-eece374b-c967-4bcd-b32f-504b4718d5e7",
                        "attributes": {
                            "access_mode": "",
                            "async_primary_disk.#": "0",
                            "creation_timestamp": "2022-09-26T10:48:07.950-07:00",
                            "description": "{\"kubernetes.io/created-for/pv/name\":\"pvc-eece374b-c967-4bcd-b32f-504b4718d5e7\",\"kubernetes.io/created-for/pvc/name\":\"redis-data-sentry-sentry-redis-replicas-1\",\"kubernetes.io/created-for/pvc/namespace\":\"sentry\"}",
                            "disk_encryption_key.#": "0",
                            "disk_id": "8985455955921361720",
                            "effective_labels.%": "6",
                            "effective_labels.goog-gke-cluster-id-base32": "b7q6s5ghvzbrxcigz62lkdgeeggldd76ipme2xfbzcvpmcrghpqq",
                            "effective_labels.goog-gke-cost-management": "",
                            "effective_labels.goog-gke-volume": "",
                            "effective_labels.goog-k8s-cluster-location": "us-west1",
                            "effective_labels.goog-k8s-cluster-name": "data-infra-apps",
                            "effective_labels.goog-k8s-node-pool-name": "apps-v2",
                            "enable_confidential_compute": "false",
                            "guest_os_features.#": "0",
                            "id": "us-west1-b/gke-data-infra-apps-0f-pvc-eece374b-c967-4bcd-b32f-504b4718d5e7",
                            "image": "",
                            "label_fingerprint": "QzZ6pdJJwQ0=",
                            "labels.%": "0",
                            "last_attach_timestamp": "2024-09-18T10:04:36.265-07:00",
                            "last_detach_timestamp": "2024-09-18T13:23:16.096-07:00",
                            "licenses.#": "0",
                            "name": "gke-data-infra-apps-0f-pvc-eece374b-c967-4bcd-b32f-504b4718d5e7",
                            "physical_block_size_bytes": "4096",
                            "project": "cal-itp-data-infra",
                            "provisioned_iops": "0",
                            "provisioned_throughput": "0",
                            "self_link": "https://www.googleapis.com/compute/v1/projects/cal-itp-data-infra/zones/us-west1-b/disks/gke-data-infra-apps-0f-pvc-eece374b-c967-4bcd-b32f-504b4718d5e7",
                            "size": "8",
                            "snapshot": "",
                            "source_disk": "",
                            "source_disk_id": "",
                            "source_image_encryption_key.#": "0",
                            "source_image_id": "",
                            "source_snapshot_encryption_key.#": "0",
                            "source_snapshot_id": "",
                            "storage_pool": "",
                            "terraform_labels.%": "0",
                            "type": "pd-standard",
                            "users.#": "0",
                            "zone": "us-west1-b"
                        },
                        "meta": {
                            "schema_version": 0
                        },
                        "tainted": false
                    },
                    "deposed": [],
                    "provider": "provider.google"
                },
                "google_compute_disk.tfer--us-west1-b-002F-gke-data-infra-apps-apps-v2-0dfb61fb-qloc": {
                    "type": "google_compute_disk",
                    "depends_on": [],
                    "primary": {
                        "id": "us-west1-b/gke-data-infra-apps-apps-v2-0dfb61fb-qloc",
                        "attributes": {
                            "access_mode": "",
                            "async_primary_disk.#": "0",
                            "creation_timestamp": "2025-01-07T04:15:47.049-08:00",
                            "description": "",
                            "disk_encryption_key.#": "0",
                            "disk_id": "1606964885954012189",
                            "effective_labels.%": "6",
                            "effective_labels.goog-gke-cluster-id-base32": "b7q6s5ghvzbrxcigz62lkdgeeggldd76ipme2xfbzcvpmcrghpqq",
                            "effective_labels.goog-gke-node": "",
                            "effective_labels.goog-gke-volume": "",
                            "effective_labels.goog-k8s-cluster-location": "us-west1",
                            "effective_labels.goog-k8s-cluster-name": "data-infra-apps",
                            "effective_labels.goog-k8s-node-pool-name": "apps-v2",
                            "enable_confidential_compute": "false",
                            "guest_os_features.#": "9",
                            "guest_os_features.0.type": "GVNIC",
                            "guest_os_features.1.type": "IDPF",
                            "guest_os_features.2.type": "SECURE_BOOT",
                            "guest_os_features.3.type": "SEV_CAPABLE",
                            "guest_os_features.4.type": "SEV_LIVE_MIGRATABLE",
                            "guest_os_features.5.type": "SEV_LIVE_MIGRATABLE_V2",
                            "guest_os_features.6.type": "SEV_SNP_CAPABLE",
                            "guest_os_features.7.type": "UEFI_COMPATIBLE",
                            "guest_os_features.8.type": "VIRTIO_SCSI_MULTIQUEUE",
                            "id": "us-west1-b/gke-data-infra-apps-apps-v2-0dfb61fb-qloc",
                            "image": "https://www.googleapis.com/compute/v1/projects/gke-node-images/global/images/gke-1305-gke1699000-cos-113-18244-236-5-c-cgpv1-pre",
                            "label_fingerprint": "yWqg49ETEik=",
                            "labels.%": "0",
                            "last_attach_timestamp": "2025-01-07T04:15:48.062-08:00",
                            "last_detach_timestamp": "",
                            "licenses.#": "4",
                            "licenses.0": "https://www.googleapis.com/compute/v1/projects/cos-cloud/global/licenses/cos",
                            "licenses.1": "https://www.googleapis.com/compute/v1/projects/cos-cloud-shielded/global/licenses/shielded-cos",
                            "licenses.2": "https://www.googleapis.com/compute/v1/projects/gke-node-images/global/licenses/gke-node",
                            "licenses.3": "https://www.googleapis.com/compute/v1/projects/cos-cloud/global/licenses/cos-pcid",
                            "name": "gke-data-infra-apps-apps-v2-0dfb61fb-qloc",
                            "physical_block_size_bytes": "4096",
                            "project": "cal-itp-data-infra",
                            "provisioned_iops": "0",
                            "provisioned_throughput": "0",
                            "self_link": "https://www.googleapis.com/compute/v1/projects/cal-itp-data-infra/zones/us-west1-b/disks/gke-data-infra-apps-apps-v2-0dfb61fb-qloc",
                            "size": "100",
                            "snapshot": "",
                            "source_disk": "",
                            "source_disk_id": "",
                            "source_image_encryption_key.#": "0",
                            "source_image_id": "9061284299251541488",
                            "source_snapshot_encryption_key.#": "0",
                            "source_snapshot_id": "",
                            "storage_pool": "",
                            "terraform_labels.%": "0",
                            "type": "pd-standard",
                            "users.#": "1",
                            "users.0": "https://www.googleapis.com/compute/v1/projects/cal-itp-data-infra/zones/us-west1-b/instances/gke-data-infra-apps-apps-v2-0dfb61fb-qloc",
                            "zone": "us-west1-b"
                        },
                        "meta": {
                            "schema_version": 0
                        },
                        "tainted": false
                    },
                    "deposed": [],
                    "provider": "provider.google"
                },
                "google_compute_disk.tfer--us-west1-b-002F-gke-data-infra-apps-gtfsrt-v4-b003cc53-d25a": {
                    "type": "google_compute_disk",
                    "depends_on": [],
                    "primary": {
                        "id": "us-west1-b/gke-data-infra-apps-gtfsrt-v4-b003cc53-d25a",
                        "attributes": {
                            "access_mode": "",
                            "async_primary_disk.#": "0",
                            "creation_timestamp": "2025-01-08T03:44:17.150-08:00",
                            "description": "",
                            "disk_encryption_key.#": "0",
                            "disk_id": "2904813585153907711",
                            "effective_labels.%": "6",
                            "effective_labels.goog-gke-cluster-id-base32": "b7q6s5ghvzbrxcigz62lkdgeeggldd76ipme2xfbzcvpmcrghpqq",
                            "effective_labels.goog-gke-node": "",
                            "effective_labels.goog-gke-volume": "",
                            "effective_labels.goog-k8s-cluster-location": "us-west1",
                            "effective_labels.goog-k8s-cluster-name": "data-infra-apps",
                            "effective_labels.goog-k8s-node-pool-name": "gtfsrt-v4",
                            "enable_confidential_compute": "false",
                            "guest_os_features.#": "9",
                            "guest_os_features.0.type": "GVNIC",
                            "guest_os_features.1.type": "IDPF",
                            "guest_os_features.2.type": "SECURE_BOOT",
                            "guest_os_features.3.type": "SEV_CAPABLE",
                            "guest_os_features.4.type": "SEV_LIVE_MIGRATABLE",
                            "guest_os_features.5.type": "SEV_LIVE_MIGRATABLE_V2",
                            "guest_os_features.6.type": "SEV_SNP_CAPABLE",
                            "guest_os_features.7.type": "UEFI_COMPATIBLE",
                            "guest_os_features.8.type": "VIRTIO_SCSI_MULTIQUEUE",
                            "id": "us-west1-b/gke-data-infra-apps-gtfsrt-v4-b003cc53-d25a",
                            "image": "https://www.googleapis.com/compute/v1/projects/gke-node-images/global/images/gke-1305-gke1699000-cos-113-18244-236-5-c-cgpv1-pre",
                            "label_fingerprint": "27Y9ApY3V_8=",
                            "labels.%": "0",
                            "last_attach_timestamp": "2025-01-08T03:44:18.520-08:00",
                            "last_detach_timestamp": "",
                            "licenses.#": "4",
                            "licenses.0": "https://www.googleapis.com/compute/v1/projects/cos-cloud/global/licenses/cos",
                            "licenses.1": "https://www.googleapis.com/compute/v1/projects/cos-cloud-shielded/global/licenses/shielded-cos",
                            "licenses.2": "https://www.googleapis.com/compute/v1/projects/gke-node-images/global/licenses/gke-node",
                            "licenses.3": "https://www.googleapis.com/compute/v1/projects/cos-cloud/global/licenses/cos-pcid",
                            "name": "gke-data-infra-apps-gtfsrt-v4-b003cc53-d25a",
                            "physical_block_size_bytes": "4096",
                            "project": "cal-itp-data-infra",
                            "provisioned_iops": "0",
                            "provisioned_throughput": "0",
                            "self_link": "https://www.googleapis.com/compute/v1/projects/cal-itp-data-infra/zones/us-west1-b/disks/gke-data-infra-apps-gtfsrt-v4-b003cc53-d25a",
                            "size": "100",
                            "snapshot": "",
                            "source_disk": "",
                            "source_disk_id": "",
                            "source_image_encryption_key.#": "0",
                            "source_image_id": "9061284299251541488",
                            "source_snapshot_encryption_key.#": "0",
                            "source_snapshot_id": "",
                            "storage_pool": "",
                            "terraform_labels.%": "0",
                            "type": "pd-standard",
                            "users.#": "1",
                            "users.0": "https://www.googleapis.com/compute/v1/projects/cal-itp-data-infra/zones/us-west1-b/instances/gke-data-infra-apps-gtfsrt-v4-b003cc53-d25a",
                            "zone": "us-west1-b"
                        },
                        "meta": {
                            "schema_version": 0
                        },
                        "tainted": false
                    },
                    "deposed": [],
                    "provider": "provider.google"
                },
                "google_compute_disk.tfer--us-west1-b-002F-gke-data-infra-apps-jobs-v1-8eec22fb-9fgb": {
                    "type": "google_compute_disk",
                    "depends_on": [],
                    "primary": {
                        "id": "us-west1-b/gke-data-infra-apps-jobs-v1-8eec22fb-9fgb",
                        "attributes": {
                            "access_mode": "",
                            "async_primary_disk.#": "0",
                            "creation_timestamp": "2025-01-08T02:28:34.867-08:00",
                            "description": "",
                            "disk_encryption_key.#": "0",
                            "disk_id": "9112011470791765437",
                            "effective_labels.%": "6",
                            "effective_labels.goog-gke-cluster-id-base32": "b7q6s5ghvzbrxcigz62lkdgeeggldd76ipme2xfbzcvpmcrghpqq",
                            "effective_labels.goog-gke-node": "",
                            "effective_labels.goog-gke-volume": "",
                            "effective_labels.goog-k8s-cluster-location": "us-west1",
                            "effective_labels.goog-k8s-cluster-name": "data-infra-apps",
                            "effective_labels.goog-k8s-node-pool-name": "jobs-v1",
                            "enable_confidential_compute": "false",
                            "guest_os_features.#": "9",
                            "guest_os_features.0.type": "GVNIC",
                            "guest_os_features.1.type": "IDPF",
                            "guest_os_features.2.type": "SECURE_BOOT",
                            "guest_os_features.3.type": "SEV_CAPABLE",
                            "guest_os_features.4.type": "SEV_LIVE_MIGRATABLE",
                            "guest_os_features.5.type": "SEV_LIVE_MIGRATABLE_V2",
                            "guest_os_features.6.type": "SEV_SNP_CAPABLE",
                            "guest_os_features.7.type": "UEFI_COMPATIBLE",
                            "guest_os_features.8.type": "VIRTIO_SCSI_MULTIQUEUE",
                            "id": "us-west1-b/gke-data-infra-apps-jobs-v1-8eec22fb-9fgb",
                            "image": "https://www.googleapis.com/compute/v1/projects/gke-node-images/global/images/gke-1305-gke1699000-cos-113-18244-236-5-c-cgpv1-pre",
                            "label_fingerprint": "kjW0Qwyy2Ig=",
                            "labels.%": "0",
                            "last_attach_timestamp": "2025-01-08T02:28:35.806-08:00",
                            "last_detach_timestamp": "",
                            "licenses.#": "4",
                            "licenses.0": "https://www.googleapis.com/compute/v1/projects/cos-cloud/global/licenses/cos",
                            "licenses.1": "https://www.googleapis.com/compute/v1/projects/cos-cloud-shielded/global/licenses/shielded-cos",
                            "licenses.2": "https://www.googleapis.com/compute/v1/projects/gke-node-images/global/licenses/gke-node",
                            "licenses.3": "https://www.googleapis.com/compute/v1/projects/cos-cloud/global/licenses/cos-pcid",
                            "name": "gke-data-infra-apps-jobs-v1-8eec22fb-9fgb",
                            "physical_block_size_bytes": "4096",
                            "project": "cal-itp-data-infra",
                            "provisioned_iops": "0",
                            "provisioned_throughput": "0",
                            "self_link": "https://www.googleapis.com/compute/v1/projects/cal-itp-data-infra/zones/us-west1-b/disks/gke-data-infra-apps-jobs-v1-8eec22fb-9fgb",
                            "size": "100",
                            "snapshot": "",
                            "source_disk": "",
                            "source_disk_id": "",
                            "source_image_encryption_key.#": "0",
                            "source_image_id": "9061284299251541488",
                            "source_snapshot_encryption_key.#": "0",
                            "source_snapshot_id": "",
                            "storage_pool": "",
                            "terraform_labels.%": "0",
                            "type": "pd-standard",
                            "users.#": "1",
                            "users.0": "https://www.googleapis.com/compute/v1/projects/cal-itp-data-infra/zones/us-west1-b/instances/gke-data-infra-apps-jobs-v1-8eec22fb-9fgb",
                            "zone": "us-west1-b"
                        },
                        "meta": {
                            "schema_version": 0
                        },
                        "tainted": false
                    },
                    "deposed": [],
                    "provider": "provider.google"
                },
                "google_compute_disk.tfer--us-west1-b-002F-gke-data-infra-apps-jupyterhub-users-dddc57ff-2iq0": {
                    "type": "google_compute_disk",
                    "depends_on": [],
                    "primary": {
                        "id": "us-west1-b/gke-data-infra-apps-jupyterhub-users-dddc57ff-2iq0",
                        "attributes": {
                            "access_mode": "",
                            "async_primary_disk.#": "0",
                            "creation_timestamp": "2025-01-07T02:48:57.914-08:00",
                            "description": "",
                            "disk_encryption_key.#": "0",
                            "disk_id": "7790553847466866806",
                            "effective_labels.%": "6",
                            "effective_labels.goog-gke-cluster-id-base32": "b7q6s5ghvzbrxcigz62lkdgeeggldd76ipme2xfbzcvpmcrghpqq",
                            "effective_labels.goog-gke-node": "",
                            "effective_labels.goog-gke-volume": "",
                            "effective_labels.goog-k8s-cluster-location": "us-west1",
                            "effective_labels.goog-k8s-cluster-name": "data-infra-apps",
                            "effective_labels.goog-k8s-node-pool-name": "jupyterhub-users",
                            "enable_confidential_compute": "false",
                            "guest_os_features.#": "9",
                            "guest_os_features.0.type": "GVNIC",
                            "guest_os_features.1.type": "IDPF",
                            "guest_os_features.2.type": "SECURE_BOOT",
                            "guest_os_features.3.type": "SEV_CAPABLE",
                            "guest_os_features.4.type": "SEV_LIVE_MIGRATABLE",
                            "guest_os_features.5.type": "SEV_LIVE_MIGRATABLE_V2",
                            "guest_os_features.6.type": "SEV_SNP_CAPABLE",
                            "guest_os_features.7.type": "UEFI_COMPATIBLE",
                            "guest_os_features.8.type": "VIRTIO_SCSI_MULTIQUEUE",
                            "id": "us-west1-b/gke-data-infra-apps-jupyterhub-users-dddc57ff-2iq0",
                            "image": "https://www.googleapis.com/compute/v1/projects/gke-node-images/global/images/gke-1305-gke1699000-cos-113-18244-236-5-c-cgpv1-pre",
                            "label_fingerprint": "xqr1XRsDpKE=",
                            "labels.%": "0",
                            "last_attach_timestamp": "2025-01-07T02:48:58.831-08:00",
                            "last_detach_timestamp": "",
                            "licenses.#": "4",
                            "licenses.0": "https://www.googleapis.com/compute/v1/projects/cos-cloud/global/licenses/cos",
                            "licenses.1": "https://www.googleapis.com/compute/v1/projects/cos-cloud-shielded/global/licenses/shielded-cos",
                            "licenses.2": "https://www.googleapis.com/compute/v1/projects/gke-node-images/global/licenses/gke-node",
                            "licenses.3": "https://www.googleapis.com/compute/v1/projects/cos-cloud/global/licenses/cos-pcid",
                            "name": "gke-data-infra-apps-jupyterhub-users-dddc57ff-2iq0",
                            "physical_block_size_bytes": "4096",
                            "project": "cal-itp-data-infra",
                            "provisioned_iops": "0",
                            "provisioned_throughput": "0",
                            "self_link": "https://www.googleapis.com/compute/v1/projects/cal-itp-data-infra/zones/us-west1-b/disks/gke-data-infra-apps-jupyterhub-users-dddc57ff-2iq0",
                            "size": "100",
                            "snapshot": "",
                            "source_disk": "",
                            "source_disk_id": "",
                            "source_image_encryption_key.#": "0",
                            "source_image_id": "9061284299251541488",
                            "source_snapshot_encryption_key.#": "0",
                            "source_snapshot_id": "",
                            "storage_pool": "",
                            "terraform_labels.%": "0",
                            "type": "pd-standard",
                            "users.#": "1",
                            "users.0": "https://www.googleapis.com/compute/v1/projects/cal-itp-data-infra/zones/us-west1-b/instances/gke-data-infra-apps-jupyterhub-users-dddc57ff-2iq0",
                            "zone": "us-west1-b"
                        },
                        "meta": {
                            "schema_version": 0
                        },
                        "tainted": false
                    },
                    "deposed": [],
                    "provider": "provider.google"
                },
                "google_compute_disk.tfer--us-west1-b-002F-gke-data-infra-apps-jupyterhub-users-dddc57ff-rb5c": {
                    "type": "google_compute_disk",
                    "depends_on": [],
                    "primary": {
                        "id": "us-west1-b/gke-data-infra-apps-jupyterhub-users-dddc57ff-rb5c",
                        "attributes": {
                            "access_mode": "",
                            "async_primary_disk.#": "0",
                            "creation_timestamp": "2025-01-07T02:51:08.319-08:00",
                            "description": "",
                            "disk_encryption_key.#": "0",
                            "disk_id": "3674353943708744179",
                            "effective_labels.%": "6",
                            "effective_labels.goog-gke-cluster-id-base32": "b7q6s5ghvzbrxcigz62lkdgeeggldd76ipme2xfbzcvpmcrghpqq",
                            "effective_labels.goog-gke-node": "",
                            "effective_labels.goog-gke-volume": "",
                            "effective_labels.goog-k8s-cluster-location": "us-west1",
                            "effective_labels.goog-k8s-cluster-name": "data-infra-apps",
                            "effective_labels.goog-k8s-node-pool-name": "jupyterhub-users",
                            "enable_confidential_compute": "false",
                            "guest_os_features.#": "9",
                            "guest_os_features.0.type": "GVNIC",
                            "guest_os_features.1.type": "IDPF",
                            "guest_os_features.2.type": "SECURE_BOOT",
                            "guest_os_features.3.type": "SEV_CAPABLE",
                            "guest_os_features.4.type": "SEV_LIVE_MIGRATABLE",
                            "guest_os_features.5.type": "SEV_LIVE_MIGRATABLE_V2",
                            "guest_os_features.6.type": "SEV_SNP_CAPABLE",
                            "guest_os_features.7.type": "UEFI_COMPATIBLE",
                            "guest_os_features.8.type": "VIRTIO_SCSI_MULTIQUEUE",
                            "id": "us-west1-b/gke-data-infra-apps-jupyterhub-users-dddc57ff-rb5c",
                            "image": "https://www.googleapis.com/compute/v1/projects/gke-node-images/global/images/gke-1305-gke1699000-cos-113-18244-236-5-c-cgpv1-pre",
                            "label_fingerprint": "xqr1XRsDpKE=",
                            "labels.%": "0",
                            "last_attach_timestamp": "2025-01-07T02:51:09.195-08:00",
                            "last_detach_timestamp": "",
                            "licenses.#": "4",
                            "licenses.0": "https://www.googleapis.com/compute/v1/projects/cos-cloud/global/licenses/cos",
                            "licenses.1": "https://www.googleapis.com/compute/v1/projects/cos-cloud-shielded/global/licenses/shielded-cos",
                            "licenses.2": "https://www.googleapis.com/compute/v1/projects/gke-node-images/global/licenses/gke-node",
                            "licenses.3": "https://www.googleapis.com/compute/v1/projects/cos-cloud/global/licenses/cos-pcid",
                            "name": "gke-data-infra-apps-jupyterhub-users-dddc57ff-rb5c",
                            "physical_block_size_bytes": "4096",
                            "project": "cal-itp-data-infra",
                            "provisioned_iops": "0",
                            "provisioned_throughput": "0",
                            "self_link": "https://www.googleapis.com/compute/v1/projects/cal-itp-data-infra/zones/us-west1-b/disks/gke-data-infra-apps-jupyterhub-users-dddc57ff-rb5c",
                            "size": "100",
                            "snapshot": "",
                            "source_disk": "",
                            "source_disk_id": "",
                            "source_image_encryption_key.#": "0",
                            "source_image_id": "9061284299251541488",
                            "source_snapshot_encryption_key.#": "0",
                            "source_snapshot_id": "",
                            "storage_pool": "",
                            "terraform_labels.%": "0",
                            "type": "pd-standard",
                            "users.#": "1",
                            "users.0": "https://www.googleapis.com/compute/v1/projects/cal-itp-data-infra/zones/us-west1-b/instances/gke-data-infra-apps-jupyterhub-users-dddc57ff-rb5c",
                            "zone": "us-west1-b"
                        },
                        "meta": {
                            "schema_version": 0
                        },
                        "tainted": false
                    },
                    "deposed": [],
                    "provider": "provider.google"
                },
                "google_compute_disk.tfer--us-west1-b-002F-pvc-51920f4f-17fb-4119-88d3-7ab7946939c9": {
                    "type": "google_compute_disk",
                    "depends_on": [],
                    "primary": {
                        "id": "us-west1-b/pvc-51920f4f-17fb-4119-88d3-7ab7946939c9",
                        "attributes": {
                            "access_mode": "",
                            "async_primary_disk.#": "0",
                            "creation_timestamp": "2023-03-14T13:46:04.088-07:00",
                            "description": "{\"kubernetes.io/created-for/pv/name\":\"pvc-51920f4f-17fb-4119-88d3-7ab7946939c9\",\"kubernetes.io/created-for/pvc/name\":\"sentry-clickhouse-data-sentry-clickhouse-2\",\"kubernetes.io/created-for/pvc/namespace\":\"sentry\",\"storage.gke.io/created-by\":\"pd.csi.storage.gke.io\"}",
                            "disk_encryption_key.#": "0",
                            "disk_id": "5212473412793754596",
                            "effective_labels.%": "6",
                            "effective_labels.goog-gke-cluster-id-base32": "b7q6s5ghvzbrxcigz62lkdgeeggldd76ipme2xfbzcvpmcrghpqq",
                            "effective_labels.goog-gke-cost-management": "",
                            "effective_labels.goog-gke-volume": "",
                            "effective_labels.goog-k8s-cluster-location": "us-west1",
                            "effective_labels.goog-k8s-cluster-name": "data-infra-apps",
                            "effective_labels.goog-k8s-node-pool-name": "apps-v2",
                            "enable_confidential_compute": "false",
                            "guest_os_features.#": "0",
                            "id": "us-west1-b/pvc-51920f4f-17fb-4119-88d3-7ab7946939c9",
                            "image": "",
                            "label_fingerprint": "QzZ6pdJJwQ0=",
                            "labels.%": "0",
                            "last_attach_timestamp": "2025-01-07T04:17:29.245-08:00",
                            "last_detach_timestamp": "2025-01-07T04:17:22.218-08:00",
                            "licenses.#": "0",
                            "name": "pvc-51920f4f-17fb-4119-88d3-7ab7946939c9",
                            "physical_block_size_bytes": "4096",
                            "project": "cal-itp-data-infra",
                            "provisioned_iops": "0",
                            "provisioned_throughput": "0",
                            "self_link": "https://www.googleapis.com/compute/v1/projects/cal-itp-data-infra/zones/us-west1-b/disks/pvc-51920f4f-17fb-4119-88d3-7ab7946939c9",
                            "size": "100",
                            "snapshot": "",
                            "source_disk": "",
                            "source_disk_id": "",
                            "source_image_encryption_key.#": "0",
                            "source_image_id": "",
                            "source_snapshot_encryption_key.#": "0",
                            "source_snapshot_id": "",
                            "storage_pool": "",
                            "terraform_labels.%": "0",
                            "type": "pd-standard",
                            "users.#": "1",
                            "users.0": "https://www.googleapis.com/compute/v1/projects/cal-itp-data-infra/zones/us-west1-b/instances/gke-data-infra-apps-apps-v2-0dfb61fb-qloc",
                            "zone": "us-west1-b"
                        },
                        "meta": {
                            "schema_version": 0
                        },
                        "tainted": false
                    },
                    "deposed": [],
                    "provider": "provider.google"
                },
                "google_compute_disk.tfer--us-west1-b-002F-pvc-56236315-a154-4f43-b3f0-8bb7915da9e4": {
                    "type": "google_compute_disk",
                    "depends_on": [],
                    "primary": {
                        "id": "us-west1-b/pvc-56236315-a154-4f43-b3f0-8bb7915da9e4",
                        "attributes": {
                            "access_mode": "",
                            "async_primary_disk.#": "0",
                            "creation_timestamp": "2024-10-17T17:14:15.656-07:00",
                            "description": "{\"kubernetes.io/created-for/pv/name\":\"pvc-56236315-a154-4f43-b3f0-8bb7915da9e4\",\"kubernetes.io/created-for/pvc/name\":\"claim-themightychris\",\"kubernetes.io/created-for/pvc/namespace\":\"jupyterhub\",\"storage.gke.io/created-by\":\"pd.csi.storage.gke.io\"}",
                            "disk_encryption_key.#": "0",
                            "disk_id": "6204320694457341624",
                            "effective_labels.%": "1",
                            "effective_labels.goog-gke-volume": "",
                            "enable_confidential_compute": "false",
                            "guest_os_features.#": "0",
                            "id": "us-west1-b/pvc-56236315-a154-4f43-b3f0-8bb7915da9e4",
                            "image": "",
                            "label_fingerprint": "nT7_dAxskBs=",
                            "labels.%": "0",
                            "last_attach_timestamp": "2024-10-17T17:14:24.388-07:00",
                            "last_detach_timestamp": "2024-10-17T17:16:51.321-07:00",
                            "licenses.#": "0",
                            "name": "pvc-56236315-a154-4f43-b3f0-8bb7915da9e4",
                            "physical_block_size_bytes": "4096",
                            "project": "cal-itp-data-infra",
                            "provisioned_iops": "0",
                            "provisioned_throughput": "0",
                            "self_link": "https://www.googleapis.com/compute/v1/projects/cal-itp-data-infra/zones/us-west1-b/disks/pvc-56236315-a154-4f43-b3f0-8bb7915da9e4",
                            "size": "32",
                            "snapshot": "",
                            "source_disk": "",
                            "source_disk_id": "",
                            "source_image_encryption_key.#": "0",
                            "source_image_id": "",
                            "source_snapshot_encryption_key.#": "0",
                            "source_snapshot_id": "",
                            "storage_pool": "",
                            "terraform_labels.%": "0",
                            "type": "pd-standard",
                            "users.#": "0",
                            "zone": "us-west1-b"
                        },
                        "meta": {
                            "schema_version": 0
                        },
                        "tainted": false
                    },
                    "deposed": [],
                    "provider": "provider.google"
                },
                "google_compute_disk.tfer--us-west1-b-002F-pvc-8ae88cc0-46d6-4dbd-b554-ebb1fd75df28": {
                    "type": "google_compute_disk",
                    "depends_on": [],
                    "primary": {
                        "id": "us-west1-b/pvc-8ae88cc0-46d6-4dbd-b554-ebb1fd75df28",
                        "attributes": {
                            "access_mode": "",
                            "async_primary_disk.#": "0",
                            "creation_timestamp": "2023-06-07T10:02:06.680-07:00",
                            "description": "{\"kubernetes.io/created-for/pv/name\":\"pvc-8ae88cc0-46d6-4dbd-b554-ebb1fd75df28\",\"kubernetes.io/created-for/pvc/name\":\"claim-monicamorenoespinoza\",\"kubernetes.io/created-for/pvc/namespace\":\"jupyterhub\",\"storage.gke.io/created-by\":\"pd.csi.storage.gke.io\"}",
                            "disk_encryption_key.#": "0",
                            "disk_id": "7995757059774416609",
                            "effective_labels.%": "6",
                            "effective_labels.goog-gke-cluster-id-base32": "b7q6s5ghvzbrxcigz62lkdgeeggldd76ipme2xfbzcvpmcrghpqq",
                            "effective_labels.goog-gke-cost-management": "",
                            "effective_labels.goog-gke-volume": "",
                            "effective_labels.goog-k8s-cluster-location": "us-west1",
                            "effective_labels.goog-k8s-cluster-name": "data-infra-apps",
                            "effective_labels.goog-k8s-node-pool-name": "jupyterhub-users",
                            "enable_confidential_compute": "false",
                            "guest_os_features.#": "0",
                            "id": "us-west1-b/pvc-8ae88cc0-46d6-4dbd-b554-ebb1fd75df28",
                            "image": "",
                            "label_fingerprint": "2UCnGaScDgQ=",
                            "labels.%": "0",
                            "last_attach_timestamp": "2024-12-23T12:36:41.772-08:00",
                            "last_detach_timestamp": "2024-12-24T00:16:45.926-08:00",
                            "licenses.#": "0",
                            "name": "pvc-8ae88cc0-46d6-4dbd-b554-ebb1fd75df28",
                            "physical_block_size_bytes": "4096",
                            "project": "cal-itp-data-infra",
                            "provisioned_iops": "0",
                            "provisioned_throughput": "0",
                            "self_link": "https://www.googleapis.com/compute/v1/projects/cal-itp-data-infra/zones/us-west1-b/disks/pvc-8ae88cc0-46d6-4dbd-b554-ebb1fd75df28",
                            "size": "10",
                            "snapshot": "",
                            "source_disk": "",
                            "source_disk_id": "",
                            "source_image_encryption_key.#": "0",
                            "source_image_id": "",
                            "source_snapshot_encryption_key.#": "0",
                            "source_snapshot_id": "",
                            "storage_pool": "",
                            "terraform_labels.%": "0",
                            "type": "pd-standard",
                            "users.#": "0",
                            "zone": "us-west1-b"
                        },
                        "meta": {
                            "schema_version": 0
                        },
                        "tainted": false
                    },
                    "deposed": [],
                    "provider": "provider.google"
                },
                "google_compute_disk.tfer--us-west1-b-002F-pvc-b75ef8be-704f-4c95-b75f-8b75e7f8216e": {
                    "type": "google_compute_disk",
                    "depends_on": [],
                    "primary": {
                        "id": "us-west1-b/pvc-b75ef8be-704f-4c95-b75f-8b75e7f8216e",
                        "attributes": {
                            "access_mode": "",
                            "async_primary_disk.#": "0",
                            "creation_timestamp": "2024-08-14T16:55:42.666-07:00",
                            "description": "{\"kubernetes.io/created-for/pv/name\":\"pvc-b75ef8be-704f-4c95-b75f-8b75e7f8216e\",\"kubernetes.io/created-for/pvc/name\":\"claim-erikamov\",\"kubernetes.io/created-for/pvc/namespace\":\"jupyterhub\",\"storage.gke.io/created-by\":\"pd.csi.storage.gke.io\"}",
                            "disk_encryption_key.#": "0",
                            "disk_id": "1805817473682963729",
                            "effective_labels.%": "6",
                            "effective_labels.goog-gke-cluster-id-base32": "b7q6s5ghvzbrxcigz62lkdgeeggldd76ipme2xfbzcvpmcrghpqq",
                            "effective_labels.goog-gke-cost-management": "",
                            "effective_labels.goog-gke-volume": "",
                            "effective_labels.goog-k8s-cluster-location": "us-west1",
                            "effective_labels.goog-k8s-cluster-name": "data-infra-apps",
                            "effective_labels.goog-k8s-node-pool-name": "jupyterhub-users",
                            "enable_confidential_compute": "false",
                            "guest_os_features.#": "0",
                            "id": "us-west1-b/pvc-b75ef8be-704f-4c95-b75f-8b75e7f8216e",
                            "image": "",
                            "label_fingerprint": "2UCnGaScDgQ=",
                            "labels.%": "0",
                            "last_attach_timestamp": "2024-09-20T12:57:58.968-07:00",
                            "last_detach_timestamp": "2024-09-20T14:53:18.964-07:00",
                            "licenses.#": "0",
                            "name": "pvc-b75ef8be-704f-4c95-b75f-8b75e7f8216e",
                            "physical_block_size_bytes": "4096",
                            "project": "cal-itp-data-infra",
                            "provisioned_iops": "0",
                            "provisioned_throughput": "0",
                            "self_link": "https://www.googleapis.com/compute/v1/projects/cal-itp-data-infra/zones/us-west1-b/disks/pvc-b75ef8be-704f-4c95-b75f-8b75e7f8216e",
                            "size": "32",
                            "snapshot": "",
                            "source_disk": "",
                            "source_disk_id": "",
                            "source_image_encryption_key.#": "0",
                            "source_image_id": "",
                            "source_snapshot_encryption_key.#": "0",
                            "source_snapshot_id": "",
                            "storage_pool": "",
                            "terraform_labels.%": "0",
                            "type": "pd-standard",
                            "users.#": "0",
                            "zone": "us-west1-b"
                        },
                        "meta": {
                            "schema_version": 0
                        },
                        "tainted": false
                    },
                    "deposed": [],
                    "provider": "provider.google"
                },
                "google_compute_disk.tfer--us-west1-b-002F-pvc-b9f30810-bebd-43b6-81d1-cb17699cd116": {
                    "type": "google_compute_disk",
                    "depends_on": [],
                    "primary": {
                        "id": "us-west1-b/pvc-b9f30810-bebd-43b6-81d1-cb17699cd116",
                        "attributes": {
                            "access_mode": "",
                            "async_primary_disk.#": "0",
                            "creation_timestamp": "2024-10-17T17:17:35.575-07:00",
                            "description": "{\"kubernetes.io/created-for/pv/name\":\"pvc-b9f30810-bebd-43b6-81d1-cb17699cd116\",\"kubernetes.io/created-for/pvc/name\":\"claim-lottspot\",\"kubernetes.io/created-for/pvc/namespace\":\"jupyterhub\",\"storage.gke.io/created-by\":\"pd.csi.storage.gke.io\"}",
                            "disk_encryption_key.#": "0",
                            "disk_id": "5587871198172944368",
                            "effective_labels.%": "6",
                            "effective_labels.goog-gke-cluster-id-base32": "b7q6s5ghvzbrxcigz62lkdgeeggldd76ipme2xfbzcvpmcrghpqq",
                            "effective_labels.goog-gke-cost-management": "",
                            "effective_labels.goog-gke-volume": "",
                            "effective_labels.goog-k8s-cluster-location": "us-west1",
                            "effective_labels.goog-k8s-cluster-name": "data-infra-apps",
                            "effective_labels.goog-k8s-node-pool-name": "jupyterhub-users",
                            "enable_confidential_compute": "false",
                            "guest_os_features.#": "0",
                            "id": "us-west1-b/pvc-b9f30810-bebd-43b6-81d1-cb17699cd116",
                            "image": "",
                            "label_fingerprint": "2UCnGaScDgQ=",
                            "labels.%": "0",
                            "last_attach_timestamp": "2024-10-17T17:17:44.885-07:00",
                            "last_detach_timestamp": "2024-10-17T17:25:41.003-07:00",
                            "licenses.#": "0",
                            "name": "pvc-b9f30810-bebd-43b6-81d1-cb17699cd116",
                            "physical_block_size_bytes": "4096",
                            "project": "cal-itp-data-infra",
                            "provisioned_iops": "0",
                            "provisioned_throughput": "0",
                            "self_link": "https://www.googleapis.com/compute/v1/projects/cal-itp-data-infra/zones/us-west1-b/disks/pvc-b9f30810-bebd-43b6-81d1-cb17699cd116",
                            "size": "32",
                            "snapshot": "",
                            "source_disk": "",
                            "source_disk_id": "",
                            "source_image_encryption_key.#": "0",
                            "source_image_id": "",
                            "source_snapshot_encryption_key.#": "0",
                            "source_snapshot_id": "",
                            "storage_pool": "",
                            "terraform_labels.%": "0",
                            "type": "pd-standard",
                            "users.#": "0",
                            "zone": "us-west1-b"
                        },
                        "meta": {
                            "schema_version": 0
                        },
                        "tainted": false
                    },
                    "deposed": [],
                    "provider": "provider.google"
                },
                "google_compute_disk.tfer--us-west1-b-002F-pvc-bf1cfbb8-d529-4199-a4c1-2f83e4369a21": {
                    "type": "google_compute_disk",
                    "depends_on": [],
                    "primary": {
                        "id": "us-west1-b/pvc-bf1cfbb8-d529-4199-a4c1-2f83e4369a21",
                        "attributes": {
                            "access_mode": "",
                            "async_primary_disk.#": "0",
                            "creation_timestamp": "2023-10-03T15:23:40.293-07:00",
                            "description": "{\"kubernetes.io/created-for/pv/name\":\"pvc-bf1cfbb8-d529-4199-a4c1-2f83e4369a21\",\"kubernetes.io/created-for/pvc/name\":\"claim-shweta487\",\"kubernetes.io/created-for/pvc/namespace\":\"jupyterhub\",\"storage.gke.io/created-by\":\"pd.csi.storage.gke.io\"}",
                            "disk_encryption_key.#": "0",
                            "disk_id": "8889966875710139011",
                            "effective_labels.%": "6",
                            "effective_labels.goog-gke-cluster-id-base32": "b7q6s5ghvzbrxcigz62lkdgeeggldd76ipme2xfbzcvpmcrghpqq",
                            "effective_labels.goog-gke-cost-management": "",
                            "effective_labels.goog-gke-volume": "",
                            "effective_labels.goog-k8s-cluster-location": "us-west1",
                            "effective_labels.goog-k8s-cluster-name": "data-infra-apps",
                            "effective_labels.goog-k8s-node-pool-name": "jupyterhub-users",
                            "enable_confidential_compute": "false",
                            "guest_os_features.#": "0",
                            "id": "us-west1-b/pvc-bf1cfbb8-d529-4199-a4c1-2f83e4369a21",
                            "image": "",
                            "label_fingerprint": "2UCnGaScDgQ=",
                            "labels.%": "0",
                            "last_attach_timestamp": "2025-01-08T16:51:09.184-08:00",
                            "last_detach_timestamp": "2025-01-08T14:27:54.470-08:00",
                            "licenses.#": "0",
                            "name": "pvc-bf1cfbb8-d529-4199-a4c1-2f83e4369a21",
                            "physical_block_size_bytes": "4096",
                            "project": "cal-itp-data-infra",
                            "provisioned_iops": "0",
                            "provisioned_throughput": "0",
                            "self_link": "https://www.googleapis.com/compute/v1/projects/cal-itp-data-infra/zones/us-west1-b/disks/pvc-bf1cfbb8-d529-4199-a4c1-2f83e4369a21",
                            "size": "100",
                            "snapshot": "",
                            "source_disk": "",
                            "source_disk_id": "",
                            "source_image_encryption_key.#": "0",
                            "source_image_id": "",
                            "source_snapshot_encryption_key.#": "0",
                            "source_snapshot_id": "",
                            "storage_pool": "",
                            "terraform_labels.%": "0",
                            "type": "pd-standard",
                            "users.#": "1",
                            "users.0": "https://www.googleapis.com/compute/v1/projects/cal-itp-data-infra/zones/us-west1-b/instances/gke-data-infra-apps-jupyterhub-users-dddc57ff-rb5c",
                            "zone": "us-west1-b"
                        },
                        "meta": {
                            "schema_version": 0
                        },
                        "tainted": false
                    },
                    "deposed": [],
                    "provider": "provider.google"
                },
                "google_compute_disk.tfer--us-west1-b-002F-pvc-cb1787db-828d-4577-8d5b-35e46c43f3a7": {
                    "type": "google_compute_disk",
                    "depends_on": [],
                    "primary": {
                        "id": "us-west1-b/pvc-cb1787db-828d-4577-8d5b-35e46c43f3a7",
                        "attributes": {
                            "access_mode": "",
                            "async_primary_disk.#": "0",
                            "creation_timestamp": "2023-05-01T15:21:50.878-07:00",
                            "description": "{\"kubernetes.io/created-for/pv/name\":\"pvc-cb1787db-828d-4577-8d5b-35e46c43f3a7\",\"kubernetes.io/created-for/pvc/name\":\"claim-hhmckay\",\"kubernetes.io/created-for/pvc/namespace\":\"jupyterhub\",\"storage.gke.io/created-by\":\"pd.csi.storage.gke.io\"}",
                            "disk_encryption_key.#": "0",
                            "disk_id": "1755919888011855249",
                            "effective_labels.%": "6",
                            "effective_labels.goog-gke-cluster-id-base32": "b7q6s5ghvzbrxcigz62lkdgeeggldd76ipme2xfbzcvpmcrghpqq",
                            "effective_labels.goog-gke-cost-management": "",
                            "effective_labels.goog-gke-volume": "",
                            "effective_labels.goog-k8s-cluster-location": "us-west1",
                            "effective_labels.goog-k8s-cluster-name": "data-infra-apps",
                            "effective_labels.goog-k8s-node-pool-name": "jupyterhub-users",
                            "enable_confidential_compute": "false",
                            "guest_os_features.#": "0",
                            "id": "us-west1-b/pvc-cb1787db-828d-4577-8d5b-35e46c43f3a7",
                            "image": "",
                            "label_fingerprint": "2UCnGaScDgQ=",
                            "labels.%": "0",
                            "last_attach_timestamp": "2024-12-30T12:48:35.427-08:00",
                            "last_detach_timestamp": "2024-12-30T16:52:08.848-08:00",
                            "licenses.#": "0",
                            "name": "pvc-cb1787db-828d-4577-8d5b-35e46c43f3a7",
                            "physical_block_size_bytes": "4096",
                            "project": "cal-itp-data-infra",
                            "provisioned_iops": "0",
                            "provisioned_throughput": "0",
                            "self_link": "https://www.googleapis.com/compute/v1/projects/cal-itp-data-infra/zones/us-west1-b/disks/pvc-cb1787db-828d-4577-8d5b-35e46c43f3a7",
                            "size": "10",
                            "snapshot": "",
                            "source_disk": "",
                            "source_disk_id": "",
                            "source_image_encryption_key.#": "0",
                            "source_image_id": "",
                            "source_snapshot_encryption_key.#": "0",
                            "source_snapshot_id": "",
                            "storage_pool": "",
                            "terraform_labels.%": "0",
                            "type": "pd-standard",
                            "users.#": "0",
                            "zone": "us-west1-b"
                        },
                        "meta": {
                            "schema_version": 0
                        },
                        "tainted": false
                    },
                    "deposed": [],
                    "provider": "provider.google"
                },
                "google_compute_disk.tfer--us-west1-b-002F-pvc-f4d846de-ac9f-402c-a213-d175e8a78161": {
                    "type": "google_compute_disk",
                    "depends_on": [],
                    "primary": {
                        "id": "us-west1-b/pvc-f4d846de-ac9f-402c-a213-d175e8a78161",
                        "attributes": {
                            "access_mode": "",
                            "async_primary_disk.#": "0",
                            "creation_timestamp": "2023-03-14T13:46:06.026-07:00",
                            "description": "{\"kubernetes.io/created-for/pv/name\":\"pvc-f4d846de-ac9f-402c-a213-d175e8a78161\",\"kubernetes.io/created-for/pvc/name\":\"data-sentry-zookeeper-clickhouse-2\",\"kubernetes.io/created-for/pvc/namespace\":\"sentry\",\"storage.gke.io/created-by\":\"pd.csi.storage.gke.io\"}",
                            "disk_encryption_key.#": "0",
                            "disk_id": "2485424129092445154",
                            "effective_labels.%": "6",
                            "effective_labels.goog-gke-cluster-id-base32": "b7q6s5ghvzbrxcigz62lkdgeeggldd76ipme2xfbzcvpmcrghpqq",
                            "effective_labels.goog-gke-cost-management": "",
                            "effective_labels.goog-gke-volume": "",
                            "effective_labels.goog-k8s-cluster-location": "us-west1",
                            "effective_labels.goog-k8s-cluster-name": "data-infra-apps",
                            "effective_labels.goog-k8s-node-pool-name": "apps-v2",
                            "enable_confidential_compute": "false",
                            "guest_os_features.#": "0",
                            "id": "us-west1-b/pvc-f4d846de-ac9f-402c-a213-d175e8a78161",
                            "image": "",
                            "label_fingerprint": "QzZ6pdJJwQ0=",
                            "labels.%": "0",
                            "last_attach_timestamp": "2025-01-07T04:17:22.344-08:00",
                            "last_detach_timestamp": "2025-01-07T04:17:18.283-08:00",
                            "licenses.#": "0",
                            "name": "pvc-f4d846de-ac9f-402c-a213-d175e8a78161",
                            "physical_block_size_bytes": "4096",
                            "project": "cal-itp-data-infra",
                            "provisioned_iops": "0",
                            "provisioned_throughput": "0",
                            "self_link": "https://www.googleapis.com/compute/v1/projects/cal-itp-data-infra/zones/us-west1-b/disks/pvc-f4d846de-ac9f-402c-a213-d175e8a78161",
                            "size": "16",
                            "snapshot": "",
                            "source_disk": "",
                            "source_disk_id": "",
                            "source_image_encryption_key.#": "0",
                            "source_image_id": "",
                            "source_snapshot_encryption_key.#": "0",
                            "source_snapshot_id": "",
                            "storage_pool": "",
                            "terraform_labels.%": "0",
                            "type": "pd-standard",
                            "users.#": "1",
                            "users.0": "https://www.googleapis.com/compute/v1/projects/cal-itp-data-infra/zones/us-west1-b/instances/gke-data-infra-apps-apps-v2-0dfb61fb-qloc",
                            "zone": "us-west1-b"
                        },
                        "meta": {
                            "schema_version": 0
                        },
                        "tainted": false
                    },
                    "deposed": [],
                    "provider": "provider.google"
                },
                "google_compute_disk.tfer--us-west1-c-002F-gke-data-infra-apps-0f-pvc-1e3b74fe-ca10-4d96-8c33-b1ec0c0f3ef1": {
                    "type": "google_compute_disk",
                    "depends_on": [],
                    "primary": {
                        "id": "us-west1-c/gke-data-infra-apps-0f-pvc-1e3b74fe-ca10-4d96-8c33-b1ec0c0f3ef1",
                        "attributes": {
                            "access_mode": "",
                            "async_primary_disk.#": "0",
                            "creation_timestamp": "2021-05-26T13:21:48.691-07:00",
                            "description": "{\"kubernetes.io/created-for/pv/name\":\"pvc-1e3b74fe-ca10-4d96-8c33-b1ec0c0f3ef1\",\"kubernetes.io/created-for/pvc/name\":\"data-database-0\",\"kubernetes.io/created-for/pvc/namespace\":\"metabase\"}",
                            "disk_encryption_key.#": "0",
                            "disk_id": "7191037242637488947",
                            "effective_labels.%": "2",
                            "effective_labels.goog-gke-volume": "",
                            "effective_labels.workload": "metabase-database",
                            "enable_confidential_compute": "false",
                            "guest_os_features.#": "0",
                            "id": "us-west1-c/gke-data-infra-apps-0f-pvc-1e3b74fe-ca10-4d96-8c33-b1ec0c0f3ef1",
                            "image": "",
                            "label_fingerprint": "fhzdDsqZyE0=",
                            "labels.%": "0",
                            "last_attach_timestamp": "2022-03-27T04:55:50.073-07:00",
                            "last_detach_timestamp": "2022-03-31T11:00:45.455-07:00",
                            "licenses.#": "0",
                            "name": "gke-data-infra-apps-0f-pvc-1e3b74fe-ca10-4d96-8c33-b1ec0c0f3ef1",
                            "physical_block_size_bytes": "4096",
                            "project": "cal-itp-data-infra",
                            "provisioned_iops": "0",
                            "provisioned_throughput": "0",
                            "self_link": "https://www.googleapis.com/compute/v1/projects/cal-itp-data-infra/zones/us-west1-c/disks/gke-data-infra-apps-0f-pvc-1e3b74fe-ca10-4d96-8c33-b1ec0c0f3ef1",
                            "size": "20",
                            "snapshot": "",
                            "source_disk": "",
                            "source_disk_id": "",
                            "source_image_encryption_key.#": "0",
                            "source_image_id": "",
                            "source_snapshot_encryption_key.#": "0",
                            "source_snapshot_id": "",
                            "storage_pool": "",
                            "terraform_labels.%": "0",
                            "type": "pd-standard",
                            "users.#": "0",
                            "zone": "us-west1-c"
                        },
                        "meta": {
                            "schema_version": 0
                        },
                        "tainted": false
                    },
                    "deposed": [],
                    "provider": "provider.google"
                },
                "google_compute_disk.tfer--us-west1-c-002F-gke-data-infra-apps-0f-pvc-4abf7dc1-3ee1-4a8d-9ae5-5818998838bd": {
                    "type": "google_compute_disk",
                    "depends_on": [],
                    "primary": {
                        "id": "us-west1-c/gke-data-infra-apps-0f-pvc-4abf7dc1-3ee1-4a8d-9ae5-5818998838bd",
                        "attributes": {
                            "access_mode": "",
                            "async_primary_disk.#": "0",
                            "creation_timestamp": "2021-09-21T05:56:27.202-07:00",
                            "description": "{\"kubernetes.io/created-for/pv/name\":\"pvc-4abf7dc1-3ee1-4a8d-9ae5-5818998838bd\",\"kubernetes.io/created-for/pvc/name\":\"claim-admin\",\"kubernetes.io/created-for/pvc/namespace\":\"jupyterhub\"}",
                            "disk_encryption_key.#": "0",
                            "disk_id": "8434710676095920276",
                            "effective_labels.%": "1",
                            "effective_labels.goog-gke-volume": "",
                            "enable_confidential_compute": "false",
                            "guest_os_features.#": "0",
                            "id": "us-west1-c/gke-data-infra-apps-0f-pvc-4abf7dc1-3ee1-4a8d-9ae5-5818998838bd",
                            "image": "",
                            "label_fingerprint": "nT7_dAxskBs=",
                            "labels.%": "0",
                            "last_attach_timestamp": "2021-09-21T05:56:31.913-07:00",
                            "last_detach_timestamp": "2021-09-21T06:01:30.091-07:00",
                            "licenses.#": "0",
                            "name": "gke-data-infra-apps-0f-pvc-4abf7dc1-3ee1-4a8d-9ae5-5818998838bd",
                            "physical_block_size_bytes": "4096",
                            "project": "cal-itp-data-infra",
                            "provisioned_iops": "0",
                            "provisioned_throughput": "0",
                            "self_link": "https://www.googleapis.com/compute/v1/projects/cal-itp-data-infra/zones/us-west1-c/disks/gke-data-infra-apps-0f-pvc-4abf7dc1-3ee1-4a8d-9ae5-5818998838bd",
                            "size": "10",
                            "snapshot": "",
                            "source_disk": "",
                            "source_disk_id": "",
                            "source_image_encryption_key.#": "0",
                            "source_image_id": "",
                            "source_snapshot_encryption_key.#": "0",
                            "source_snapshot_id": "",
                            "storage_pool": "",
                            "terraform_labels.%": "0",
                            "type": "pd-standard",
                            "users.#": "0",
                            "zone": "us-west1-c"
                        },
                        "meta": {
                            "schema_version": 0
                        },
                        "tainted": false
                    },
                    "deposed": [],
                    "provider": "provider.google"
                },
                "google_compute_disk.tfer--us-west1-c-002F-gke-data-infra-apps-0f-pvc-537c2c55-3c90-44db-a36d-6bd4a4b0ebc2": {
                    "type": "google_compute_disk",
                    "depends_on": [],
                    "primary": {
                        "id": "us-west1-c/gke-data-infra-apps-0f-pvc-537c2c55-3c90-44db-a36d-6bd4a4b0ebc2",
                        "attributes": {
                            "access_mode": "",
                            "async_primary_disk.#": "0",
                            "creation_timestamp": "2021-12-06T11:26:35.052-08:00",
                            "description": "{\"kubernetes.io/created-for/pv/name\":\"pvc-537c2c55-3c90-44db-a36d-6bd4a4b0ebc2\",\"kubernetes.io/created-for/pvc/name\":\"claim-amandaha8\",\"kubernetes.io/created-for/pvc/namespace\":\"jupyterhub\"}",
                            "disk_encryption_key.#": "0",
                            "disk_id": "7415217527435025669",
                            "effective_labels.%": "6",
                            "effective_labels.goog-gke-cluster-id-base32": "b7q6s5ghvzbrxcigz62lkdgeeggldd76ipme2xfbzcvpmcrghpqq",
                            "effective_labels.goog-gke-cost-management": "",
                            "effective_labels.goog-gke-volume": "",
                            "effective_labels.goog-k8s-cluster-location": "us-west1",
                            "effective_labels.goog-k8s-cluster-name": "data-infra-apps",
                            "effective_labels.goog-k8s-node-pool-name": "jupyterhub-users",
                            "enable_confidential_compute": "false",
                            "guest_os_features.#": "0",
                            "id": "us-west1-c/gke-data-infra-apps-0f-pvc-537c2c55-3c90-44db-a36d-6bd4a4b0ebc2",
                            "image": "",
                            "label_fingerprint": "2UCnGaScDgQ=",
                            "labels.%": "0",
                            "last_attach_timestamp": "2025-01-08T09:23:58.849-08:00",
                            "last_detach_timestamp": "2025-01-08T09:03:05.204-08:00",
                            "licenses.#": "0",
                            "name": "gke-data-infra-apps-0f-pvc-537c2c55-3c90-44db-a36d-6bd4a4b0ebc2",
                            "physical_block_size_bytes": "4096",
                            "project": "cal-itp-data-infra",
                            "provisioned_iops": "0",
                            "provisioned_throughput": "0",
                            "self_link": "https://www.googleapis.com/compute/v1/projects/cal-itp-data-infra/zones/us-west1-c/disks/gke-data-infra-apps-0f-pvc-537c2c55-3c90-44db-a36d-6bd4a4b0ebc2",
                            "size": "100",
                            "snapshot": "",
                            "source_disk": "",
                            "source_disk_id": "",
                            "source_image_encryption_key.#": "0",
                            "source_image_id": "",
                            "source_snapshot_encryption_key.#": "0",
                            "source_snapshot_id": "",
                            "storage_pool": "",
                            "terraform_labels.%": "0",
                            "type": "pd-standard",
                            "users.#": "1",
                            "users.0": "https://www.googleapis.com/compute/v1/projects/cal-itp-data-infra/zones/us-west1-c/instances/gke-data-infra-apps-jupyterhub-users-6aa76dbb-0ipn",
                            "zone": "us-west1-c"
                        },
                        "meta": {
                            "schema_version": 0
                        },
                        "tainted": false
                    },
                    "deposed": [],
                    "provider": "provider.google"
                },
                "google_compute_disk.tfer--us-west1-c-002F-gke-data-infra-apps-0f-pvc-5a9722fe-da89-48b2-a633-3bd3f4e8ab78": {
                    "type": "google_compute_disk",
                    "depends_on": [],
                    "primary": {
                        "id": "us-west1-c/gke-data-infra-apps-0f-pvc-5a9722fe-da89-48b2-a633-3bd3f4e8ab78",
                        "attributes": {
                            "access_mode": "",
                            "async_primary_disk.#": "0",
                            "creation_timestamp": "2022-09-26T10:47:16.730-07:00",
                            "description": "{\"kubernetes.io/created-for/pv/name\":\"pvc-5a9722fe-da89-48b2-a633-3bd3f4e8ab78\",\"kubernetes.io/created-for/pvc/name\":\"data-sentry-kafka-2\",\"kubernetes.io/created-for/pvc/namespace\":\"sentry\"}",
                            "disk_encryption_key.#": "0",
                            "disk_id": "287597932513614667",
                            "effective_labels.%": "1",
                            "effective_labels.goog-gke-volume": "",
                            "enable_confidential_compute": "false",
                            "guest_os_features.#": "0",
                            "id": "us-west1-c/gke-data-infra-apps-0f-pvc-5a9722fe-da89-48b2-a633-3bd3f4e8ab78",
                            "image": "",
                            "label_fingerprint": "nT7_dAxskBs=",
                            "labels.%": "0",
                            "last_attach_timestamp": "2023-04-12T09:37:50.039-07:00",
                            "last_detach_timestamp": "2023-04-12T09:44:35.125-07:00",
                            "licenses.#": "0",
                            "name": "gke-data-infra-apps-0f-pvc-5a9722fe-da89-48b2-a633-3bd3f4e8ab78",
                            "physical_block_size_bytes": "4096",
                            "project": "cal-itp-data-infra",
                            "provisioned_iops": "0",
                            "provisioned_throughput": "0",
                            "self_link": "https://www.googleapis.com/compute/v1/projects/cal-itp-data-infra/zones/us-west1-c/disks/gke-data-infra-apps-0f-pvc-5a9722fe-da89-48b2-a633-3bd3f4e8ab78",
                            "size": "16",
                            "snapshot": "",
                            "source_disk": "",
                            "source_disk_id": "",
                            "source_image_encryption_key.#": "0",
                            "source_image_id": "",
                            "source_snapshot_encryption_key.#": "0",
                            "source_snapshot_id": "",
                            "storage_pool": "",
                            "terraform_labels.%": "0",
                            "type": "pd-standard",
                            "users.#": "0",
                            "zone": "us-west1-c"
                        },
                        "meta": {
                            "schema_version": 0
                        },
                        "tainted": false
                    },
                    "deposed": [],
                    "provider": "provider.google"
                },
                "google_compute_disk.tfer--us-west1-c-002F-gke-data-infra-apps-0f-pvc-5dd43bea-6458-469b-8148-0fcd1a4f1317": {
                    "type": "google_compute_disk",
                    "depends_on": [],
                    "primary": {
                        "id": "us-west1-c/gke-data-infra-apps-0f-pvc-5dd43bea-6458-469b-8148-0fcd1a4f1317",
                        "attributes": {
                            "access_mode": "",
                            "async_primary_disk.#": "0",
                            "creation_timestamp": "2022-09-26T10:48:39.846-07:00",
                            "description": "{\"kubernetes.io/created-for/pv/name\":\"pvc-5dd43bea-6458-469b-8148-0fcd1a4f1317\",\"kubernetes.io/created-for/pvc/name\":\"redis-data-sentry-sentry-redis-replicas-2\",\"kubernetes.io/created-for/pvc/namespace\":\"sentry\"}",
                            "disk_encryption_key.#": "0",
                            "disk_id": "185729099323169560",
                            "effective_labels.%": "6",
                            "effective_labels.goog-gke-cluster-id-base32": "b7q6s5ghvzbrxcigz62lkdgeeggldd76ipme2xfbzcvpmcrghpqq",
                            "effective_labels.goog-gke-cost-management": "",
                            "effective_labels.goog-gke-volume": "",
                            "effective_labels.goog-k8s-cluster-location": "us-west1",
                            "effective_labels.goog-k8s-cluster-name": "data-infra-apps",
                            "effective_labels.goog-k8s-node-pool-name": "apps-v2",
                            "enable_confidential_compute": "false",
                            "guest_os_features.#": "0",
                            "id": "us-west1-c/gke-data-infra-apps-0f-pvc-5dd43bea-6458-469b-8148-0fcd1a4f1317",
                            "image": "",
                            "label_fingerprint": "QzZ6pdJJwQ0=",
                            "labels.%": "0",
                            "last_attach_timestamp": "2024-09-18T13:02:22.220-07:00",
                            "last_detach_timestamp": "2024-09-18T13:23:10.724-07:00",
                            "licenses.#": "0",
                            "name": "gke-data-infra-apps-0f-pvc-5dd43bea-6458-469b-8148-0fcd1a4f1317",
                            "physical_block_size_bytes": "4096",
                            "project": "cal-itp-data-infra",
                            "provisioned_iops": "0",
                            "provisioned_throughput": "0",
                            "self_link": "https://www.googleapis.com/compute/v1/projects/cal-itp-data-infra/zones/us-west1-c/disks/gke-data-infra-apps-0f-pvc-5dd43bea-6458-469b-8148-0fcd1a4f1317",
                            "size": "8",
                            "snapshot": "",
                            "source_disk": "",
                            "source_disk_id": "",
                            "source_image_encryption_key.#": "0",
                            "source_image_id": "",
                            "source_snapshot_encryption_key.#": "0",
                            "source_snapshot_id": "",
                            "storage_pool": "",
                            "terraform_labels.%": "0",
                            "type": "pd-standard",
                            "users.#": "0",
                            "zone": "us-west1-c"
                        },
                        "meta": {
                            "schema_version": 0
                        },
                        "tainted": false
                    },
                    "deposed": [],
                    "provider": "provider.google"
                },
                "google_compute_disk.tfer--us-west1-c-002F-gke-data-infra-apps-0f-pvc-5f1039b1-f4bb-48e0-b925-0b9f4936b92c": {
                    "type": "google_compute_disk",
                    "depends_on": [],
                    "primary": {
                        "id": "us-west1-c/gke-data-infra-apps-0f-pvc-5f1039b1-f4bb-48e0-b925-0b9f4936b92c",
                        "attributes": {
                            "access_mode": "",
                            "async_primary_disk.#": "0",
                            "creation_timestamp": "2022-03-31T15:04:43.306-07:00",
                            "description": "{\"kubernetes.io/created-for/pv/name\":\"pvc-5f1039b1-f4bb-48e0-b925-0b9f4936b92c\",\"kubernetes.io/created-for/pvc/name\":\"data-database-0\",\"kubernetes.io/created-for/pvc/namespace\":\"metabase-preprod\"}",
                            "disk_encryption_key.#": "0",
                            "disk_id": "2622428234342177684",
                            "effective_labels.%": "4",
                            "effective_labels.goog-gke-volume": "",
                            "effective_labels.goog-k8s-cluster-location": "us-west1",
                            "effective_labels.goog-k8s-cluster-name": "data-infra-apps",
                            "effective_labels.goog-k8s-node-pool-name": "apps-v2",
                            "enable_confidential_compute": "false",
                            "guest_os_features.#": "0",
                            "id": "us-west1-c/gke-data-infra-apps-0f-pvc-5f1039b1-f4bb-48e0-b925-0b9f4936b92c",
                            "image": "",
                            "label_fingerprint": "LQ7Ui6rYS5c=",
                            "labels.%": "0",
                            "last_attach_timestamp": "2023-06-03T04:33:11.716-07:00",
                            "last_detach_timestamp": "2023-06-16T09:50:02.742-07:00",
                            "licenses.#": "0",
                            "name": "gke-data-infra-apps-0f-pvc-5f1039b1-f4bb-48e0-b925-0b9f4936b92c",
                            "physical_block_size_bytes": "4096",
                            "project": "cal-itp-data-infra",
                            "provisioned_iops": "0",
                            "provisioned_throughput": "0",
                            "self_link": "https://www.googleapis.com/compute/v1/projects/cal-itp-data-infra/zones/us-west1-c/disks/gke-data-infra-apps-0f-pvc-5f1039b1-f4bb-48e0-b925-0b9f4936b92c",
                            "size": "10",
                            "snapshot": "",
                            "source_disk": "",
                            "source_disk_id": "",
                            "source_image_encryption_key.#": "0",
                            "source_image_id": "",
                            "source_snapshot_encryption_key.#": "0",
                            "source_snapshot_id": "",
                            "storage_pool": "",
                            "terraform_labels.%": "0",
                            "type": "pd-standard",
                            "users.#": "0",
                            "zone": "us-west1-c"
                        },
                        "meta": {
                            "schema_version": 0
                        },
                        "tainted": false
                    },
                    "deposed": [],
                    "provider": "provider.google"
                },
                "google_compute_disk.tfer--us-west1-c-002F-gke-data-infra-apps-0f-pvc-6d2d7ce8-56d1-45bc-bd6a-9b0a70c4c697": {
                    "type": "google_compute_disk",
                    "depends_on": [],
                    "primary": {
                        "id": "us-west1-c/gke-data-infra-apps-0f-pvc-6d2d7ce8-56d1-45bc-bd6a-9b0a70c4c697",
                        "attributes": {
                            "access_mode": "",
                            "async_primary_disk.#": "0",
                            "creation_timestamp": "2022-04-22T12:59:38.559-07:00",
                            "description": "{\"kubernetes.io/created-for/pv/name\":\"pvc-6d2d7ce8-56d1-45bc-bd6a-9b0a70c4c697\",\"kubernetes.io/created-for/pvc/name\":\"claim-csuyat-2ddot\",\"kubernetes.io/created-for/pvc/namespace\":\"jupyterhub\"}",
                            "disk_encryption_key.#": "0",
                            "disk_id": "3487143663720380357",
                            "effective_labels.%": "6",
                            "effective_labels.goog-gke-cluster-id-base32": "b7q6s5ghvzbrxcigz62lkdgeeggldd76ipme2xfbzcvpmcrghpqq",
                            "effective_labels.goog-gke-cost-management": "",
                            "effective_labels.goog-gke-volume": "",
                            "effective_labels.goog-k8s-cluster-location": "us-west1",
                            "effective_labels.goog-k8s-cluster-name": "data-infra-apps",
                            "effective_labels.goog-k8s-node-pool-name": "jupyterhub-users",
                            "enable_confidential_compute": "false",
                            "guest_os_features.#": "0",
                            "id": "us-west1-c/gke-data-infra-apps-0f-pvc-6d2d7ce8-56d1-45bc-bd6a-9b0a70c4c697",
                            "image": "",
                            "label_fingerprint": "2UCnGaScDgQ=",
                            "labels.%": "0",
                            "last_attach_timestamp": "2025-01-08T08:50:11.649-08:00",
                            "last_detach_timestamp": "2025-01-08T17:07:56.598-08:00",
                            "licenses.#": "0",
                            "name": "gke-data-infra-apps-0f-pvc-6d2d7ce8-56d1-45bc-bd6a-9b0a70c4c697",
                            "physical_block_size_bytes": "4096",
                            "project": "cal-itp-data-infra",
                            "provisioned_iops": "0",
                            "provisioned_throughput": "0",
                            "self_link": "https://www.googleapis.com/compute/v1/projects/cal-itp-data-infra/zones/us-west1-c/disks/gke-data-infra-apps-0f-pvc-6d2d7ce8-56d1-45bc-bd6a-9b0a70c4c697",
                            "size": "100",
                            "snapshot": "",
                            "source_disk": "",
                            "source_disk_id": "",
                            "source_image_encryption_key.#": "0",
                            "source_image_id": "",
                            "source_snapshot_encryption_key.#": "0",
                            "source_snapshot_id": "",
                            "storage_pool": "",
                            "terraform_labels.%": "0",
                            "type": "pd-standard",
                            "users.#": "0",
                            "zone": "us-west1-c"
                        },
                        "meta": {
                            "schema_version": 0
                        },
                        "tainted": false
                    },
                    "deposed": [],
                    "provider": "provider.google"
                },
                "google_compute_disk.tfer--us-west1-c-002F-gke-data-infra-apps-0f-pvc-780faa09-e65d-46f6-8809-6d69eaa6073f": {
                    "type": "google_compute_disk",
                    "depends_on": [],
                    "primary": {
                        "id": "us-west1-c/gke-data-infra-apps-0f-pvc-780faa09-e65d-46f6-8809-6d69eaa6073f",
                        "attributes": {
                            "access_mode": "",
                            "async_primary_disk.#": "0",
                            "creation_timestamp": "2021-10-12T08:41:14.184-07:00",
                            "description": "{\"kubernetes.io/created-for/pv/name\":\"pvc-780faa09-e65d-46f6-8809-6d69eaa6073f\",\"kubernetes.io/created-for/pvc/name\":\"claim-charlie-2dcostanzo\",\"kubernetes.io/created-for/pvc/namespace\":\"jupyterhub\"}",
                            "disk_encryption_key.#": "0",
                            "disk_id": "8799309200016020085",
                            "effective_labels.%": "6",
                            "effective_labels.goog-gke-cluster-id-base32": "b7q6s5ghvzbrxcigz62lkdgeeggldd76ipme2xfbzcvpmcrghpqq",
                            "effective_labels.goog-gke-cost-management": "",
                            "effective_labels.goog-gke-volume": "",
                            "effective_labels.goog-k8s-cluster-location": "us-west1",
                            "effective_labels.goog-k8s-cluster-name": "data-infra-apps",
                            "effective_labels.goog-k8s-node-pool-name": "jupyterhub-users",
                            "enable_confidential_compute": "false",
                            "guest_os_features.#": "0",
                            "id": "us-west1-c/gke-data-infra-apps-0f-pvc-780faa09-e65d-46f6-8809-6d69eaa6073f",
                            "image": "",
                            "label_fingerprint": "2UCnGaScDgQ=",
                            "labels.%": "0",
                            "last_attach_timestamp": "2024-12-04T10:03:20.592-08:00",
                            "last_detach_timestamp": "2024-12-04T11:18:03.857-08:00",
                            "licenses.#": "0",
                            "name": "gke-data-infra-apps-0f-pvc-780faa09-e65d-46f6-8809-6d69eaa6073f",
                            "physical_block_size_bytes": "4096",
                            "project": "cal-itp-data-infra",
                            "provisioned_iops": "0",
                            "provisioned_throughput": "0",
                            "self_link": "https://www.googleapis.com/compute/v1/projects/cal-itp-data-infra/zones/us-west1-c/disks/gke-data-infra-apps-0f-pvc-780faa09-e65d-46f6-8809-6d69eaa6073f",
                            "size": "100",
                            "snapshot": "",
                            "source_disk": "",
                            "source_disk_id": "",
                            "source_image_encryption_key.#": "0",
                            "source_image_id": "",
                            "source_snapshot_encryption_key.#": "0",
                            "source_snapshot_id": "",
                            "storage_pool": "",
                            "terraform_labels.%": "0",
                            "type": "pd-standard",
                            "users.#": "0",
                            "zone": "us-west1-c"
                        },
                        "meta": {
                            "schema_version": 0
                        },
                        "tainted": false
                    },
                    "deposed": [],
                    "provider": "provider.google"
                },
                "google_compute_disk.tfer--us-west1-c-002F-gke-data-infra-apps-0f-pvc-789ca26b-60f7-4b82-ba71-63b519969b5a": {
                    "type": "google_compute_disk",
                    "depends_on": [],
                    "primary": {
                        "id": "us-west1-c/gke-data-infra-apps-0f-pvc-789ca26b-60f7-4b82-ba71-63b519969b5a",
                        "attributes": {
                            "access_mode": "",
                            "async_primary_disk.#": "0",
                            "creation_timestamp": "2023-01-27T13:45:38.027-08:00",
                            "description": "{\"kubernetes.io/created-for/pv/name\":\"pvc-789ca26b-60f7-4b82-ba71-63b519969b5a\",\"kubernetes.io/created-for/pvc/name\":\"claim-chnvd\",\"kubernetes.io/created-for/pvc/namespace\":\"jupyterhub\"}",
                            "disk_encryption_key.#": "0",
                            "disk_id": "1773423563411945710",
                            "effective_labels.%": "1",
                            "effective_labels.goog-gke-volume": "",
                            "enable_confidential_compute": "false",
                            "guest_os_features.#": "0",
                            "id": "us-west1-c/gke-data-infra-apps-0f-pvc-789ca26b-60f7-4b82-ba71-63b519969b5a",
                            "image": "",
                            "label_fingerprint": "nT7_dAxskBs=",
                            "labels.%": "0",
                            "last_attach_timestamp": "2023-04-05T11:11:49.676-07:00",
                            "last_detach_timestamp": "2023-04-05T11:16:18.839-07:00",
                            "licenses.#": "0",
                            "name": "gke-data-infra-apps-0f-pvc-789ca26b-60f7-4b82-ba71-63b519969b5a",
                            "physical_block_size_bytes": "4096",
                            "project": "cal-itp-data-infra",
                            "provisioned_iops": "0",
                            "provisioned_throughput": "0",
                            "self_link": "https://www.googleapis.com/compute/v1/projects/cal-itp-data-infra/zones/us-west1-c/disks/gke-data-infra-apps-0f-pvc-789ca26b-60f7-4b82-ba71-63b519969b5a",
                            "size": "10",
                            "snapshot": "",
                            "source_disk": "",
                            "source_disk_id": "",
                            "source_image_encryption_key.#": "0",
                            "source_image_id": "",
                            "source_snapshot_encryption_key.#": "0",
                            "source_snapshot_id": "",
                            "storage_pool": "",
                            "terraform_labels.%": "0",
                            "type": "pd-standard",
                            "users.#": "0",
                            "zone": "us-west1-c"
                        },
                        "meta": {
                            "schema_version": 0
                        },
                        "tainted": false
                    },
                    "deposed": [],
                    "provider": "provider.google"
                },
                "google_compute_disk.tfer--us-west1-c-002F-gke-data-infra-apps-0f-pvc-7f5d3f75-5bdd-430d-a47b-d9111ae2d66b": {
                    "type": "google_compute_disk",
                    "depends_on": [],
                    "primary": {
                        "id": "us-west1-c/gke-data-infra-apps-0f-pvc-7f5d3f75-5bdd-430d-a47b-d9111ae2d66b",
                        "attributes": {
                            "access_mode": "",
                            "async_primary_disk.#": "0",
                            "creation_timestamp": "2021-10-19T09:10:15.269-07:00",
                            "description": "{\"kubernetes.io/created-for/pv/name\":\"pvc-7f5d3f75-5bdd-430d-a47b-d9111ae2d66b\",\"kubernetes.io/created-for/pvc/name\":\"claim-benjaminbressette\",\"kubernetes.io/created-for/pvc/namespace\":\"jupyterhub\"}",
                            "disk_encryption_key.#": "0",
                            "disk_id": "4535279841938985736",
                            "effective_labels.%": "5",
                            "effective_labels.goog-gke-cost-management": "",
                            "effective_labels.goog-gke-volume": "",
                            "effective_labels.goog-k8s-cluster-location": "us-west1",
                            "effective_labels.goog-k8s-cluster-name": "data-infra-apps",
                            "effective_labels.goog-k8s-node-pool-name": "jupyterhub-users",
                            "enable_confidential_compute": "false",
                            "guest_os_features.#": "0",
                            "id": "us-west1-c/gke-data-infra-apps-0f-pvc-7f5d3f75-5bdd-430d-a47b-d9111ae2d66b",
                            "image": "",
                            "label_fingerprint": "9jxQ_bPsBkA=",
                            "labels.%": "0",
                            "last_attach_timestamp": "2024-08-19T14:40:37.561-07:00",
                            "last_detach_timestamp": "2024-08-19T15:50:52.214-07:00",
                            "licenses.#": "0",
                            "name": "gke-data-infra-apps-0f-pvc-7f5d3f75-5bdd-430d-a47b-d9111ae2d66b",
                            "physical_block_size_bytes": "4096",
                            "project": "cal-itp-data-infra",
                            "provisioned_iops": "0",
                            "provisioned_throughput": "0",
                            "self_link": "https://www.googleapis.com/compute/v1/projects/cal-itp-data-infra/zones/us-west1-c/disks/gke-data-infra-apps-0f-pvc-7f5d3f75-5bdd-430d-a47b-d9111ae2d66b",
                            "size": "10",
                            "snapshot": "",
                            "source_disk": "",
                            "source_disk_id": "",
                            "source_image_encryption_key.#": "0",
                            "source_image_id": "",
                            "source_snapshot_encryption_key.#": "0",
                            "source_snapshot_id": "",
                            "storage_pool": "",
                            "terraform_labels.%": "0",
                            "type": "pd-standard",
                            "users.#": "0",
                            "zone": "us-west1-c"
                        },
                        "meta": {
                            "schema_version": 0
                        },
                        "tainted": false
                    },
                    "deposed": [],
                    "provider": "provider.google"
                },
                "google_compute_disk.tfer--us-west1-c-002F-gke-data-infra-apps-0f-pvc-8e1af0b5-de26-4747-93b8-2f1bcd6f9c1b": {
                    "type": "google_compute_disk",
                    "depends_on": [],
                    "primary": {
                        "id": "us-west1-c/gke-data-infra-apps-0f-pvc-8e1af0b5-de26-4747-93b8-2f1bcd6f9c1b",
                        "attributes": {
                            "access_mode": "",
                            "async_primary_disk.#": "0",
                            "creation_timestamp": "2021-10-15T09:27:36.022-07:00",
                            "description": "{\"kubernetes.io/created-for/pv/name\":\"pvc-8e1af0b5-de26-4747-93b8-2f1bcd6f9c1b\",\"kubernetes.io/created-for/pvc/name\":\"claim-edasmalchi\",\"kubernetes.io/created-for/pvc/namespace\":\"jupyterhub\"}",
                            "disk_encryption_key.#": "0",
                            "disk_id": "5163255621696623896",
                            "effective_labels.%": "6",
                            "effective_labels.goog-gke-cluster-id-base32": "b7q6s5ghvzbrxcigz62lkdgeeggldd76ipme2xfbzcvpmcrghpqq",
                            "effective_labels.goog-gke-cost-management": "",
                            "effective_labels.goog-gke-volume": "",
                            "effective_labels.goog-k8s-cluster-location": "us-west1",
                            "effective_labels.goog-k8s-cluster-name": "data-infra-apps",
                            "effective_labels.goog-k8s-node-pool-name": "jupyterhub-users",
                            "enable_confidential_compute": "false",
                            "guest_os_features.#": "0",
                            "id": "us-west1-c/gke-data-infra-apps-0f-pvc-8e1af0b5-de26-4747-93b8-2f1bcd6f9c1b",
                            "image": "",
                            "label_fingerprint": "2UCnGaScDgQ=",
                            "labels.%": "0",
                            "last_attach_timestamp": "2025-01-08T14:42:05.708-08:00",
                            "last_detach_timestamp": "2025-01-08T15:29:18.912-08:00",
                            "licenses.#": "0",
                            "name": "gke-data-infra-apps-0f-pvc-8e1af0b5-de26-4747-93b8-2f1bcd6f9c1b",
                            "physical_block_size_bytes": "4096",
                            "project": "cal-itp-data-infra",
                            "provisioned_iops": "0",
                            "provisioned_throughput": "0",
                            "self_link": "https://www.googleapis.com/compute/v1/projects/cal-itp-data-infra/zones/us-west1-c/disks/gke-data-infra-apps-0f-pvc-8e1af0b5-de26-4747-93b8-2f1bcd6f9c1b",
                            "size": "100",
                            "snapshot": "",
                            "source_disk": "",
                            "source_disk_id": "",
                            "source_image_encryption_key.#": "0",
                            "source_image_id": "",
                            "source_snapshot_encryption_key.#": "0",
                            "source_snapshot_id": "",
                            "storage_pool": "",
                            "terraform_labels.%": "0",
                            "type": "pd-standard",
                            "users.#": "0",
                            "zone": "us-west1-c"
                        },
                        "meta": {
                            "schema_version": 0
                        },
                        "tainted": false
                    },
                    "deposed": [],
                    "provider": "provider.google"
                },
                "google_compute_disk.tfer--us-west1-c-002F-gke-data-infra-apps-0f-pvc-998826b4-8586-42ac-b030-874e1c622155": {
                    "type": "google_compute_disk",
                    "depends_on": [],
                    "primary": {
                        "id": "us-west1-c/gke-data-infra-apps-0f-pvc-998826b4-8586-42ac-b030-874e1c622155",
                        "attributes": {
                            "access_mode": "",
                            "async_primary_disk.#": "0",
                            "creation_timestamp": "2022-02-23T10:30:48.499-08:00",
                            "description": "{\"kubernetes.io/created-for/pv/name\":\"pvc-998826b4-8586-42ac-b030-874e1c622155\",\"kubernetes.io/created-for/pvc/name\":\"prometheus-server\",\"kubernetes.io/created-for/pvc/namespace\":\"monitoring-prometheus\"}",
                            "disk_encryption_key.#": "0",
                            "disk_id": "5051802109372777399",
                            "effective_labels.%": "6",
                            "effective_labels.goog-gke-cluster-id-base32": "b7q6s5ghvzbrxcigz62lkdgeeggldd76ipme2xfbzcvpmcrghpqq",
                            "effective_labels.goog-gke-cost-management": "",
                            "effective_labels.goog-gke-volume": "",
                            "effective_labels.goog-k8s-cluster-location": "us-west1",
                            "effective_labels.goog-k8s-cluster-name": "data-infra-apps",
                            "effective_labels.goog-k8s-node-pool-name": "apps-v2",
                            "enable_confidential_compute": "false",
                            "guest_os_features.#": "0",
                            "id": "us-west1-c/gke-data-infra-apps-0f-pvc-998826b4-8586-42ac-b030-874e1c622155",
                            "image": "",
                            "label_fingerprint": "QzZ6pdJJwQ0=",
                            "labels.%": "0",
                            "last_attach_timestamp": "2025-01-07T04:24:59.920-08:00",
                            "last_detach_timestamp": "2025-01-07T04:24:55.400-08:00",
                            "licenses.#": "0",
                            "name": "gke-data-infra-apps-0f-pvc-998826b4-8586-42ac-b030-874e1c622155",
                            "physical_block_size_bytes": "4096",
                            "project": "cal-itp-data-infra",
                            "provisioned_iops": "0",
                            "provisioned_throughput": "0",
                            "self_link": "https://www.googleapis.com/compute/v1/projects/cal-itp-data-infra/zones/us-west1-c/disks/gke-data-infra-apps-0f-pvc-998826b4-8586-42ac-b030-874e1c622155",
                            "size": "100",
                            "snapshot": "",
                            "source_disk": "",
                            "source_disk_id": "",
                            "source_image_encryption_key.#": "0",
                            "source_image_id": "",
                            "source_snapshot_encryption_key.#": "0",
                            "source_snapshot_id": "",
                            "storage_pool": "",
                            "terraform_labels.%": "0",
                            "type": "pd-standard",
                            "users.#": "1",
                            "users.0": "https://www.googleapis.com/compute/v1/projects/cal-itp-data-infra/zones/us-west1-c/instances/gke-data-infra-apps-apps-v2-24a4cc95-r80w",
                            "zone": "us-west1-c"
                        },
                        "meta": {
                            "schema_version": 0
                        },
                        "tainted": false
                    },
                    "deposed": [],
                    "provider": "provider.google"
                },
                "google_compute_disk.tfer--us-west1-c-002F-gke-data-infra-apps-0f-pvc-9b28062d-4fd5-40de-b406-057aa3722b1a": {
                    "type": "google_compute_disk",
                    "depends_on": [],
                    "primary": {
                        "id": "us-west1-c/gke-data-infra-apps-0f-pvc-9b28062d-4fd5-40de-b406-057aa3722b1a",
                        "attributes": {
                            "access_mode": "",
                            "async_primary_disk.#": "0",
                            "creation_timestamp": "2022-09-26T10:47:15.789-07:00",
                            "description": "{\"kubernetes.io/created-for/pv/name\":\"pvc-9b28062d-4fd5-40de-b406-057aa3722b1a\",\"kubernetes.io/created-for/pvc/name\":\"sentry-clickhouse-data-sentry-clickhouse-0\",\"kubernetes.io/created-for/pvc/namespace\":\"sentry\"}",
                            "disk_encryption_key.#": "0",
                            "disk_id": "6064666143516023628",
                            "effective_labels.%": "1",
                            "effective_labels.goog-gke-volume": "",
                            "enable_confidential_compute": "false",
                            "guest_os_features.#": "0",
                            "id": "us-west1-c/gke-data-infra-apps-0f-pvc-9b28062d-4fd5-40de-b406-057aa3722b1a",
                            "image": "",
                            "label_fingerprint": "nT7_dAxskBs=",
                            "labels.%": "0",
                            "last_attach_timestamp": "2023-02-28T03:50:03.886-08:00",
                            "last_detach_timestamp": "2023-03-14T13:45:20.742-07:00",
                            "licenses.#": "0",
                            "name": "gke-data-infra-apps-0f-pvc-9b28062d-4fd5-40de-b406-057aa3722b1a",
                            "physical_block_size_bytes": "4096",
                            "project": "cal-itp-data-infra",
                            "provisioned_iops": "0",
                            "provisioned_throughput": "0",
                            "self_link": "https://www.googleapis.com/compute/v1/projects/cal-itp-data-infra/zones/us-west1-c/disks/gke-data-infra-apps-0f-pvc-9b28062d-4fd5-40de-b406-057aa3722b1a",
                            "size": "30",
                            "snapshot": "",
                            "source_disk": "",
                            "source_disk_id": "",
                            "source_image_encryption_key.#": "0",
                            "source_image_id": "",
                            "source_snapshot_encryption_key.#": "0",
                            "source_snapshot_id": "",
                            "storage_pool": "",
                            "terraform_labels.%": "0",
                            "type": "pd-standard",
                            "users.#": "0",
                            "zone": "us-west1-c"
                        },
                        "meta": {
                            "schema_version": 0
                        },
                        "tainted": false
                    },
                    "deposed": [],
                    "provider": "provider.google"
                },
                "google_compute_disk.tfer--us-west1-c-002F-gke-data-infra-apps-0f-pvc-a2132b96-edf4-4249-83e0-40a615961c37": {
                    "type": "google_compute_disk",
                    "depends_on": [],
                    "primary": {
                        "id": "us-west1-c/gke-data-infra-apps-0f-pvc-a2132b96-edf4-4249-83e0-40a615961c37",
                        "attributes": {
                            "access_mode": "",
                            "async_primary_disk.#": "0",
                            "creation_timestamp": "2022-03-31T11:43:37.789-07:00",
                            "description": "{\"kubernetes.io/created-for/pv/name\":\"pvc-a2132b96-edf4-4249-83e0-40a615961c37\",\"kubernetes.io/created-for/pvc/name\":\"data-database-0\",\"kubernetes.io/created-for/pvc/namespace\":\"metabase\"}",
                            "disk_encryption_key.#": "0",
                            "disk_id": "6350653576064813238",
                            "effective_labels.%": "6",
                            "effective_labels.goog-gke-cluster-id-base32": "b7q6s5ghvzbrxcigz62lkdgeeggldd76ipme2xfbzcvpmcrghpqq",
                            "effective_labels.goog-gke-cost-management": "",
                            "effective_labels.goog-gke-volume": "",
                            "effective_labels.goog-k8s-cluster-location": "us-west1",
                            "effective_labels.goog-k8s-cluster-name": "data-infra-apps",
                            "effective_labels.goog-k8s-node-pool-name": "apps-v2",
                            "enable_confidential_compute": "false",
                            "guest_os_features.#": "0",
                            "id": "us-west1-c/gke-data-infra-apps-0f-pvc-a2132b96-edf4-4249-83e0-40a615961c37",
                            "image": "",
                            "label_fingerprint": "QzZ6pdJJwQ0=",
                            "labels.%": "0",
                            "last_attach_timestamp": "2025-01-07T04:22:32.235-08:00",
                            "last_detach_timestamp": "2025-01-07T04:22:30.544-08:00",
                            "licenses.#": "0",
                            "name": "gke-data-infra-apps-0f-pvc-a2132b96-edf4-4249-83e0-40a615961c37",
                            "physical_block_size_bytes": "4096",
                            "project": "cal-itp-data-infra",
                            "provisioned_iops": "0",
                            "provisioned_throughput": "0",
                            "self_link": "https://www.googleapis.com/compute/v1/projects/cal-itp-data-infra/zones/us-west1-c/disks/gke-data-infra-apps-0f-pvc-a2132b96-edf4-4249-83e0-40a615961c37",
                            "size": "20",
                            "snapshot": "",
                            "source_disk": "",
                            "source_disk_id": "",
                            "source_image_encryption_key.#": "0",
                            "source_image_id": "",
                            "source_snapshot_encryption_key.#": "0",
                            "source_snapshot_id": "",
                            "storage_pool": "",
                            "terraform_labels.%": "0",
                            "type": "pd-standard",
                            "users.#": "1",
                            "users.0": "https://www.googleapis.com/compute/v1/projects/cal-itp-data-infra/zones/us-west1-c/instances/gke-data-infra-apps-apps-v2-24a4cc95-c6nc",
                            "zone": "us-west1-c"
                        },
                        "meta": {
                            "schema_version": 0
                        },
                        "tainted": false
                    },
                    "deposed": [],
                    "provider": "provider.google"
                },
                "google_compute_disk.tfer--us-west1-c-002F-gke-data-infra-apps-0f-pvc-da85fe84-416e-4013-8253-d01d82ebaf2d": {
                    "type": "google_compute_disk",
                    "depends_on": [],
                    "primary": {
                        "id": "us-west1-c/gke-data-infra-apps-0f-pvc-da85fe84-416e-4013-8253-d01d82ebaf2d",
                        "attributes": {
                            "access_mode": "",
                            "async_primary_disk.#": "0",
                            "creation_timestamp": "2021-11-03T14:05:40.874-07:00",
                            "description": "{\"kubernetes.io/created-for/pv/name\":\"pvc-da85fe84-416e-4013-8253-d01d82ebaf2d\",\"kubernetes.io/created-for/pvc/name\":\"claim-hunterowens\",\"kubernetes.io/created-for/pvc/namespace\":\"jupyterhub\"}",
                            "disk_encryption_key.#": "0",
                            "disk_id": "7873092613496063819",
                            "effective_labels.%": "6",
                            "effective_labels.goog-gke-cluster-id-base32": "b7q6s5ghvzbrxcigz62lkdgeeggldd76ipme2xfbzcvpmcrghpqq",
                            "effective_labels.goog-gke-cost-management": "",
                            "effective_labels.goog-gke-volume": "",
                            "effective_labels.goog-k8s-cluster-location": "us-west1",
                            "effective_labels.goog-k8s-cluster-name": "data-infra-apps",
                            "effective_labels.goog-k8s-node-pool-name": "jupyterhub-users",
                            "enable_confidential_compute": "false",
                            "guest_os_features.#": "0",
                            "id": "us-west1-c/gke-data-infra-apps-0f-pvc-da85fe84-416e-4013-8253-d01d82ebaf2d",
                            "image": "",
                            "label_fingerprint": "2UCnGaScDgQ=",
                            "labels.%": "0",
                            "last_attach_timestamp": "2024-10-16T14:26:00.557-07:00",
                            "last_detach_timestamp": "2024-10-16T15:08:39.470-07:00",
                            "licenses.#": "0",
                            "name": "gke-data-infra-apps-0f-pvc-da85fe84-416e-4013-8253-d01d82ebaf2d",
                            "physical_block_size_bytes": "4096",
                            "project": "cal-itp-data-infra",
                            "provisioned_iops": "0",
                            "provisioned_throughput": "0",
                            "self_link": "https://www.googleapis.com/compute/v1/projects/cal-itp-data-infra/zones/us-west1-c/disks/gke-data-infra-apps-0f-pvc-da85fe84-416e-4013-8253-d01d82ebaf2d",
                            "size": "10",
                            "snapshot": "",
                            "source_disk": "",
                            "source_disk_id": "",
                            "source_image_encryption_key.#": "0",
                            "source_image_id": "",
                            "source_snapshot_encryption_key.#": "0",
                            "source_snapshot_id": "",
                            "storage_pool": "",
                            "terraform_labels.%": "0",
                            "type": "pd-standard",
                            "users.#": "0",
                            "zone": "us-west1-c"
                        },
                        "meta": {
                            "schema_version": 0
                        },
                        "tainted": false
                    },
                    "deposed": [],
                    "provider": "provider.google"
                },
                "google_compute_disk.tfer--us-west1-c-002F-gke-data-infra-apps-0f-pvc-e0a4118c-165d-4187-8ff4-95f01a6b95e1": {
                    "type": "google_compute_disk",
                    "depends_on": [],
                    "primary": {
                        "id": "us-west1-c/gke-data-infra-apps-0f-pvc-e0a4118c-165d-4187-8ff4-95f01a6b95e1",
                        "attributes": {
                            "access_mode": "",
                            "async_primary_disk.#": "0",
                            "creation_timestamp": "2022-09-26T10:47:16.084-07:00",
                            "description": "{\"kubernetes.io/created-for/pv/name\":\"pvc-e0a4118c-165d-4187-8ff4-95f01a6b95e1\",\"kubernetes.io/created-for/pvc/name\":\"data-sentry-rabbitmq-0\",\"kubernetes.io/created-for/pvc/namespace\":\"sentry\"}",
                            "disk_encryption_key.#": "0",
                            "disk_id": "5347940598367935308",
                            "effective_labels.%": "6",
                            "effective_labels.goog-gke-cluster-id-base32": "b7q6s5ghvzbrxcigz62lkdgeeggldd76ipme2xfbzcvpmcrghpqq",
                            "effective_labels.goog-gke-cost-management": "",
                            "effective_labels.goog-gke-volume": "",
                            "effective_labels.goog-k8s-cluster-location": "us-west1",
                            "effective_labels.goog-k8s-cluster-name": "data-infra-apps",
                            "effective_labels.goog-k8s-node-pool-name": "apps-v2",
                            "enable_confidential_compute": "false",
                            "guest_os_features.#": "0",
                            "id": "us-west1-c/gke-data-infra-apps-0f-pvc-e0a4118c-165d-4187-8ff4-95f01a6b95e1",
                            "image": "",
                            "label_fingerprint": "QzZ6pdJJwQ0=",
                            "labels.%": "0",
                            "last_attach_timestamp": "2025-01-07T04:24:49.373-08:00",
                            "last_detach_timestamp": "2025-01-07T04:24:44.847-08:00",
                            "licenses.#": "0",
                            "name": "gke-data-infra-apps-0f-pvc-e0a4118c-165d-4187-8ff4-95f01a6b95e1",
                            "physical_block_size_bytes": "4096",
                            "project": "cal-itp-data-infra",
                            "provisioned_iops": "0",
                            "provisioned_throughput": "0",
                            "self_link": "https://www.googleapis.com/compute/v1/projects/cal-itp-data-infra/zones/us-west1-c/disks/gke-data-infra-apps-0f-pvc-e0a4118c-165d-4187-8ff4-95f01a6b95e1",
                            "size": "8",
                            "snapshot": "",
                            "source_disk": "",
                            "source_disk_id": "",
                            "source_image_encryption_key.#": "0",
                            "source_image_id": "",
                            "source_snapshot_encryption_key.#": "0",
                            "source_snapshot_id": "",
                            "storage_pool": "",
                            "terraform_labels.%": "0",
                            "type": "pd-standard",
                            "users.#": "1",
                            "users.0": "https://www.googleapis.com/compute/v1/projects/cal-itp-data-infra/zones/us-west1-c/instances/gke-data-infra-apps-apps-v2-24a4cc95-r80w",
                            "zone": "us-west1-c"
                        },
                        "meta": {
                            "schema_version": 0
                        },
                        "tainted": false
                    },
                    "deposed": [],
                    "provider": "provider.google"
                },
                "google_compute_disk.tfer--us-west1-c-002F-gke-data-infra-apps-0f-pvc-fd2ef2a6-9c8c-4715-abe6-94795af047db": {
                    "type": "google_compute_disk",
                    "depends_on": [],
                    "primary": {
                        "id": "us-west1-c/gke-data-infra-apps-0f-pvc-fd2ef2a6-9c8c-4715-abe6-94795af047db",
                        "attributes": {
                            "access_mode": "",
                            "async_primary_disk.#": "0",
                            "creation_timestamp": "2022-09-26T10:47:15.763-07:00",
                            "description": "{\"kubernetes.io/created-for/pv/name\":\"pvc-fd2ef2a6-9c8c-4715-abe6-94795af047db\",\"kubernetes.io/created-for/pvc/name\":\"redis-data-sentry-sentry-redis-master-0\",\"kubernetes.io/created-for/pvc/namespace\":\"sentry\"}",
                            "disk_encryption_key.#": "0",
                            "disk_id": "8310598117046901580",
                            "effective_labels.%": "6",
                            "effective_labels.goog-gke-cluster-id-base32": "b7q6s5ghvzbrxcigz62lkdgeeggldd76ipme2xfbzcvpmcrghpqq",
                            "effective_labels.goog-gke-cost-management": "",
                            "effective_labels.goog-gke-volume": "",
                            "effective_labels.goog-k8s-cluster-location": "us-west1",
                            "effective_labels.goog-k8s-cluster-name": "data-infra-apps",
                            "effective_labels.goog-k8s-node-pool-name": "apps-v2",
                            "enable_confidential_compute": "false",
                            "guest_os_features.#": "0",
                            "id": "us-west1-c/gke-data-infra-apps-0f-pvc-fd2ef2a6-9c8c-4715-abe6-94795af047db",
                            "image": "",
                            "label_fingerprint": "QzZ6pdJJwQ0=",
                            "labels.%": "0",
                            "last_attach_timestamp": "2025-01-07T04:24:55.523-08:00",
                            "last_detach_timestamp": "2025-01-07T04:24:50.951-08:00",
                            "licenses.#": "0",
                            "name": "gke-data-infra-apps-0f-pvc-fd2ef2a6-9c8c-4715-abe6-94795af047db",
                            "physical_block_size_bytes": "4096",
                            "project": "cal-itp-data-infra",
                            "provisioned_iops": "0",
                            "provisioned_throughput": "0",
                            "self_link": "https://www.googleapis.com/compute/v1/projects/cal-itp-data-infra/zones/us-west1-c/disks/gke-data-infra-apps-0f-pvc-fd2ef2a6-9c8c-4715-abe6-94795af047db",
                            "size": "8",
                            "snapshot": "",
                            "source_disk": "",
                            "source_disk_id": "",
                            "source_image_encryption_key.#": "0",
                            "source_image_id": "",
                            "source_snapshot_encryption_key.#": "0",
                            "source_snapshot_id": "",
                            "storage_pool": "",
                            "terraform_labels.%": "0",
                            "type": "pd-standard",
                            "users.#": "1",
                            "users.0": "https://www.googleapis.com/compute/v1/projects/cal-itp-data-infra/zones/us-west1-c/instances/gke-data-infra-apps-apps-v2-24a4cc95-r80w",
                            "zone": "us-west1-c"
                        },
                        "meta": {
                            "schema_version": 0
                        },
                        "tainted": false
                    },
                    "deposed": [],
                    "provider": "provider.google"
                },
                "google_compute_disk.tfer--us-west1-c-002F-gke-data-infra-apps-apps-v2-24a4cc95-c6nc": {
                    "type": "google_compute_disk",
                    "depends_on": [],
                    "primary": {
                        "id": "us-west1-c/gke-data-infra-apps-apps-v2-24a4cc95-c6nc",
                        "attributes": {
                            "access_mode": "",
                            "async_primary_disk.#": "0",
                            "creation_timestamp": "2025-01-07T04:20:24.865-08:00",
                            "description": "",
                            "disk_encryption_key.#": "0",
                            "disk_id": "3180877006150607591",
                            "effective_labels.%": "6",
                            "effective_labels.goog-gke-cluster-id-base32": "b7q6s5ghvzbrxcigz62lkdgeeggldd76ipme2xfbzcvpmcrghpqq",
                            "effective_labels.goog-gke-node": "",
                            "effective_labels.goog-gke-volume": "",
                            "effective_labels.goog-k8s-cluster-location": "us-west1",
                            "effective_labels.goog-k8s-cluster-name": "data-infra-apps",
                            "effective_labels.goog-k8s-node-pool-name": "apps-v2",
                            "enable_confidential_compute": "false",
                            "guest_os_features.#": "9",
                            "guest_os_features.0.type": "GVNIC",
                            "guest_os_features.1.type": "IDPF",
                            "guest_os_features.2.type": "SECURE_BOOT",
                            "guest_os_features.3.type": "SEV_CAPABLE",
                            "guest_os_features.4.type": "SEV_LIVE_MIGRATABLE",
                            "guest_os_features.5.type": "SEV_LIVE_MIGRATABLE_V2",
                            "guest_os_features.6.type": "SEV_SNP_CAPABLE",
                            "guest_os_features.7.type": "UEFI_COMPATIBLE",
                            "guest_os_features.8.type": "VIRTIO_SCSI_MULTIQUEUE",
                            "id": "us-west1-c/gke-data-infra-apps-apps-v2-24a4cc95-c6nc",
                            "image": "https://www.googleapis.com/compute/v1/projects/gke-node-images/global/images/gke-1305-gke1699000-cos-113-18244-236-5-c-cgpv1-pre",
                            "label_fingerprint": "yWqg49ETEik=",
                            "labels.%": "0",
                            "last_attach_timestamp": "2025-01-07T04:20:25.837-08:00",
                            "last_detach_timestamp": "",
                            "licenses.#": "4",
                            "licenses.0": "https://www.googleapis.com/compute/v1/projects/cos-cloud/global/licenses/cos",
                            "licenses.1": "https://www.googleapis.com/compute/v1/projects/cos-cloud-shielded/global/licenses/shielded-cos",
                            "licenses.2": "https://www.googleapis.com/compute/v1/projects/gke-node-images/global/licenses/gke-node",
                            "licenses.3": "https://www.googleapis.com/compute/v1/projects/cos-cloud/global/licenses/cos-pcid",
                            "name": "gke-data-infra-apps-apps-v2-24a4cc95-c6nc",
                            "physical_block_size_bytes": "4096",
                            "project": "cal-itp-data-infra",
                            "provisioned_iops": "0",
                            "provisioned_throughput": "0",
                            "self_link": "https://www.googleapis.com/compute/v1/projects/cal-itp-data-infra/zones/us-west1-c/disks/gke-data-infra-apps-apps-v2-24a4cc95-c6nc",
                            "size": "100",
                            "snapshot": "",
                            "source_disk": "",
                            "source_disk_id": "",
                            "source_image_encryption_key.#": "0",
                            "source_image_id": "9061284299251541488",
                            "source_snapshot_encryption_key.#": "0",
                            "source_snapshot_id": "",
                            "storage_pool": "",
                            "terraform_labels.%": "0",
                            "type": "pd-standard",
                            "users.#": "1",
                            "users.0": "https://www.googleapis.com/compute/v1/projects/cal-itp-data-infra/zones/us-west1-c/instances/gke-data-infra-apps-apps-v2-24a4cc95-c6nc",
                            "zone": "us-west1-c"
                        },
                        "meta": {
                            "schema_version": 0
                        },
                        "tainted": false
                    },
                    "deposed": [],
                    "provider": "provider.google"
                },
                "google_compute_disk.tfer--us-west1-c-002F-gke-data-infra-apps-apps-v2-24a4cc95-r80w": {
                    "type": "google_compute_disk",
                    "depends_on": [],
                    "primary": {
                        "id": "us-west1-c/gke-data-infra-apps-apps-v2-24a4cc95-r80w",
                        "attributes": {
                            "access_mode": "",
                            "async_primary_disk.#": "0",
                            "creation_timestamp": "2025-01-07T04:22:47.007-08:00",
                            "description": "",
                            "disk_encryption_key.#": "0",
                            "disk_id": "3598260287298380409",
                            "effective_labels.%": "6",
                            "effective_labels.goog-gke-cluster-id-base32": "b7q6s5ghvzbrxcigz62lkdgeeggldd76ipme2xfbzcvpmcrghpqq",
                            "effective_labels.goog-gke-node": "",
                            "effective_labels.goog-gke-volume": "",
                            "effective_labels.goog-k8s-cluster-location": "us-west1",
                            "effective_labels.goog-k8s-cluster-name": "data-infra-apps",
                            "effective_labels.goog-k8s-node-pool-name": "apps-v2",
                            "enable_confidential_compute": "false",
                            "guest_os_features.#": "9",
                            "guest_os_features.0.type": "GVNIC",
                            "guest_os_features.1.type": "IDPF",
                            "guest_os_features.2.type": "SECURE_BOOT",
                            "guest_os_features.3.type": "SEV_CAPABLE",
                            "guest_os_features.4.type": "SEV_LIVE_MIGRATABLE",
                            "guest_os_features.5.type": "SEV_LIVE_MIGRATABLE_V2",
                            "guest_os_features.6.type": "SEV_SNP_CAPABLE",
                            "guest_os_features.7.type": "UEFI_COMPATIBLE",
                            "guest_os_features.8.type": "VIRTIO_SCSI_MULTIQUEUE",
                            "id": "us-west1-c/gke-data-infra-apps-apps-v2-24a4cc95-r80w",
                            "image": "https://www.googleapis.com/compute/v1/projects/gke-node-images/global/images/gke-1305-gke1699000-cos-113-18244-236-5-c-cgpv1-pre",
                            "label_fingerprint": "yWqg49ETEik=",
                            "labels.%": "0",
                            "last_attach_timestamp": "2025-01-07T04:22:48.538-08:00",
                            "last_detach_timestamp": "",
                            "licenses.#": "4",
                            "licenses.0": "https://www.googleapis.com/compute/v1/projects/cos-cloud/global/licenses/cos",
                            "licenses.1": "https://www.googleapis.com/compute/v1/projects/cos-cloud-shielded/global/licenses/shielded-cos",
                            "licenses.2": "https://www.googleapis.com/compute/v1/projects/gke-node-images/global/licenses/gke-node",
                            "licenses.3": "https://www.googleapis.com/compute/v1/projects/cos-cloud/global/licenses/cos-pcid",
                            "name": "gke-data-infra-apps-apps-v2-24a4cc95-r80w",
                            "physical_block_size_bytes": "4096",
                            "project": "cal-itp-data-infra",
                            "provisioned_iops": "0",
                            "provisioned_throughput": "0",
                            "self_link": "https://www.googleapis.com/compute/v1/projects/cal-itp-data-infra/zones/us-west1-c/disks/gke-data-infra-apps-apps-v2-24a4cc95-r80w",
                            "size": "100",
                            "snapshot": "",
                            "source_disk": "",
                            "source_disk_id": "",
                            "source_image_encryption_key.#": "0",
                            "source_image_id": "9061284299251541488",
                            "source_snapshot_encryption_key.#": "0",
                            "source_snapshot_id": "",
                            "storage_pool": "",
                            "terraform_labels.%": "0",
                            "type": "pd-standard",
                            "users.#": "1",
                            "users.0": "https://www.googleapis.com/compute/v1/projects/cal-itp-data-infra/zones/us-west1-c/instances/gke-data-infra-apps-apps-v2-24a4cc95-r80w",
                            "zone": "us-west1-c"
                        },
                        "meta": {
                            "schema_version": 0
                        },
                        "tainted": false
                    },
                    "deposed": [],
                    "provider": "provider.google"
                },
                "google_compute_disk.tfer--us-west1-c-002F-gke-data-infra-apps-gtfsrt-v4-7577d4d7-2q5e": {
                    "type": "google_compute_disk",
                    "depends_on": [],
                    "primary": {
                        "id": "us-west1-c/gke-data-infra-apps-gtfsrt-v4-7577d4d7-2q5e",
                        "attributes": {
                            "access_mode": "",
                            "async_primary_disk.#": "0",
                            "creation_timestamp": "2025-01-08T03:47:20.300-08:00",
                            "description": "",
                            "disk_encryption_key.#": "0",
                            "disk_id": "3436911564422372135",
                            "effective_labels.%": "6",
                            "effective_labels.goog-gke-cluster-id-base32": "b7q6s5ghvzbrxcigz62lkdgeeggldd76ipme2xfbzcvpmcrghpqq",
                            "effective_labels.goog-gke-node": "",
                            "effective_labels.goog-gke-volume": "",
                            "effective_labels.goog-k8s-cluster-location": "us-west1",
                            "effective_labels.goog-k8s-cluster-name": "data-infra-apps",
                            "effective_labels.goog-k8s-node-pool-name": "gtfsrt-v4",
                            "enable_confidential_compute": "false",
                            "guest_os_features.#": "9",
                            "guest_os_features.0.type": "GVNIC",
                            "guest_os_features.1.type": "IDPF",
                            "guest_os_features.2.type": "SECURE_BOOT",
                            "guest_os_features.3.type": "SEV_CAPABLE",
                            "guest_os_features.4.type": "SEV_LIVE_MIGRATABLE",
                            "guest_os_features.5.type": "SEV_LIVE_MIGRATABLE_V2",
                            "guest_os_features.6.type": "SEV_SNP_CAPABLE",
                            "guest_os_features.7.type": "UEFI_COMPATIBLE",
                            "guest_os_features.8.type": "VIRTIO_SCSI_MULTIQUEUE",
                            "id": "us-west1-c/gke-data-infra-apps-gtfsrt-v4-7577d4d7-2q5e",
                            "image": "https://www.googleapis.com/compute/v1/projects/gke-node-images/global/images/gke-1305-gke1699000-cos-113-18244-236-5-c-cgpv1-pre",
                            "label_fingerprint": "27Y9ApY3V_8=",
                            "labels.%": "0",
                            "last_attach_timestamp": "2025-01-08T03:47:21.775-08:00",
                            "last_detach_timestamp": "",
                            "licenses.#": "4",
                            "licenses.0": "https://www.googleapis.com/compute/v1/projects/cos-cloud/global/licenses/cos",
                            "licenses.1": "https://www.googleapis.com/compute/v1/projects/cos-cloud-shielded/global/licenses/shielded-cos",
                            "licenses.2": "https://www.googleapis.com/compute/v1/projects/gke-node-images/global/licenses/gke-node",
                            "licenses.3": "https://www.googleapis.com/compute/v1/projects/cos-cloud/global/licenses/cos-pcid",
                            "name": "gke-data-infra-apps-gtfsrt-v4-7577d4d7-2q5e",
                            "physical_block_size_bytes": "4096",
                            "project": "cal-itp-data-infra",
                            "provisioned_iops": "0",
                            "provisioned_throughput": "0",
                            "self_link": "https://www.googleapis.com/compute/v1/projects/cal-itp-data-infra/zones/us-west1-c/disks/gke-data-infra-apps-gtfsrt-v4-7577d4d7-2q5e",
                            "size": "100",
                            "snapshot": "",
                            "source_disk": "",
                            "source_disk_id": "",
                            "source_image_encryption_key.#": "0",
                            "source_image_id": "9061284299251541488",
                            "source_snapshot_encryption_key.#": "0",
                            "source_snapshot_id": "",
                            "storage_pool": "",
                            "terraform_labels.%": "0",
                            "type": "pd-standard",
                            "users.#": "1",
                            "users.0": "https://www.googleapis.com/compute/v1/projects/cal-itp-data-infra/zones/us-west1-c/instances/gke-data-infra-apps-gtfsrt-v4-7577d4d7-2q5e",
                            "zone": "us-west1-c"
                        },
                        "meta": {
                            "schema_version": 0
                        },
                        "tainted": false
                    },
                    "deposed": [],
                    "provider": "provider.google"
                },
                "google_compute_disk.tfer--us-west1-c-002F-gke-data-infra-apps-jobs-v1-625ec063-7qyx": {
                    "type": "google_compute_disk",
                    "depends_on": [],
                    "primary": {
                        "id": "us-west1-c/gke-data-infra-apps-jobs-v1-625ec063-7qyx",
                        "attributes": {
                            "access_mode": "",
                            "async_primary_disk.#": "0",
                            "creation_timestamp": "2025-01-08T02:31:03.835-08:00",
                            "description": "",
                            "disk_encryption_key.#": "0",
                            "disk_id": "9127225735307848968",
                            "effective_labels.%": "6",
                            "effective_labels.goog-gke-cluster-id-base32": "b7q6s5ghvzbrxcigz62lkdgeeggldd76ipme2xfbzcvpmcrghpqq",
                            "effective_labels.goog-gke-node": "",
                            "effective_labels.goog-gke-volume": "",
                            "effective_labels.goog-k8s-cluster-location": "us-west1",
                            "effective_labels.goog-k8s-cluster-name": "data-infra-apps",
                            "effective_labels.goog-k8s-node-pool-name": "jobs-v1",
                            "enable_confidential_compute": "false",
                            "guest_os_features.#": "9",
                            "guest_os_features.0.type": "GVNIC",
                            "guest_os_features.1.type": "IDPF",
                            "guest_os_features.2.type": "SECURE_BOOT",
                            "guest_os_features.3.type": "SEV_CAPABLE",
                            "guest_os_features.4.type": "SEV_LIVE_MIGRATABLE",
                            "guest_os_features.5.type": "SEV_LIVE_MIGRATABLE_V2",
                            "guest_os_features.6.type": "SEV_SNP_CAPABLE",
                            "guest_os_features.7.type": "UEFI_COMPATIBLE",
                            "guest_os_features.8.type": "VIRTIO_SCSI_MULTIQUEUE",
                            "id": "us-west1-c/gke-data-infra-apps-jobs-v1-625ec063-7qyx",
                            "image": "https://www.googleapis.com/compute/v1/projects/gke-node-images/global/images/gke-1305-gke1699000-cos-113-18244-236-5-c-cgpv1-pre",
                            "label_fingerprint": "kjW0Qwyy2Ig=",
                            "labels.%": "0",
                            "last_attach_timestamp": "2025-01-08T02:31:05.090-08:00",
                            "last_detach_timestamp": "",
                            "licenses.#": "4",
                            "licenses.0": "https://www.googleapis.com/compute/v1/projects/cos-cloud/global/licenses/cos",
                            "licenses.1": "https://www.googleapis.com/compute/v1/projects/cos-cloud-shielded/global/licenses/shielded-cos",
                            "licenses.2": "https://www.googleapis.com/compute/v1/projects/gke-node-images/global/licenses/gke-node",
                            "licenses.3": "https://www.googleapis.com/compute/v1/projects/cos-cloud/global/licenses/cos-pcid",
                            "name": "gke-data-infra-apps-jobs-v1-625ec063-7qyx",
                            "physical_block_size_bytes": "4096",
                            "project": "cal-itp-data-infra",
                            "provisioned_iops": "0",
                            "provisioned_throughput": "0",
                            "self_link": "https://www.googleapis.com/compute/v1/projects/cal-itp-data-infra/zones/us-west1-c/disks/gke-data-infra-apps-jobs-v1-625ec063-7qyx",
                            "size": "100",
                            "snapshot": "",
                            "source_disk": "",
                            "source_disk_id": "",
                            "source_image_encryption_key.#": "0",
                            "source_image_id": "9061284299251541488",
                            "source_snapshot_encryption_key.#": "0",
                            "source_snapshot_id": "",
                            "storage_pool": "",
                            "terraform_labels.%": "0",
                            "type": "pd-standard",
                            "users.#": "1",
                            "users.0": "https://www.googleapis.com/compute/v1/projects/cal-itp-data-infra/zones/us-west1-c/instances/gke-data-infra-apps-jobs-v1-625ec063-7qyx",
                            "zone": "us-west1-c"
                        },
                        "meta": {
                            "schema_version": 0
                        },
                        "tainted": false
                    },
                    "deposed": [],
                    "provider": "provider.google"
                },
                "google_compute_disk.tfer--us-west1-c-002F-gke-data-infra-apps-jupyterhub-users-6aa76dbb-0ipn": {
                    "type": "google_compute_disk",
                    "depends_on": [],
                    "primary": {
                        "id": "us-west1-c/gke-data-infra-apps-jupyterhub-users-6aa76dbb-0ipn",
                        "attributes": {
                            "access_mode": "",
                            "async_primary_disk.#": "0",
                            "creation_timestamp": "2025-01-07T02:53:38.338-08:00",
                            "description": "",
                            "disk_encryption_key.#": "0",
                            "disk_id": "6781925303927224669",
                            "effective_labels.%": "6",
                            "effective_labels.goog-gke-cluster-id-base32": "b7q6s5ghvzbrxcigz62lkdgeeggldd76ipme2xfbzcvpmcrghpqq",
                            "effective_labels.goog-gke-node": "",
                            "effective_labels.goog-gke-volume": "",
                            "effective_labels.goog-k8s-cluster-location": "us-west1",
                            "effective_labels.goog-k8s-cluster-name": "data-infra-apps",
                            "effective_labels.goog-k8s-node-pool-name": "jupyterhub-users",
                            "enable_confidential_compute": "false",
                            "guest_os_features.#": "9",
                            "guest_os_features.0.type": "GVNIC",
                            "guest_os_features.1.type": "IDPF",
                            "guest_os_features.2.type": "SECURE_BOOT",
                            "guest_os_features.3.type": "SEV_CAPABLE",
                            "guest_os_features.4.type": "SEV_LIVE_MIGRATABLE",
                            "guest_os_features.5.type": "SEV_LIVE_MIGRATABLE_V2",
                            "guest_os_features.6.type": "SEV_SNP_CAPABLE",
                            "guest_os_features.7.type": "UEFI_COMPATIBLE",
                            "guest_os_features.8.type": "VIRTIO_SCSI_MULTIQUEUE",
                            "id": "us-west1-c/gke-data-infra-apps-jupyterhub-users-6aa76dbb-0ipn",
                            "image": "https://www.googleapis.com/compute/v1/projects/gke-node-images/global/images/gke-1305-gke1699000-cos-113-18244-236-5-c-cgpv1-pre",
                            "label_fingerprint": "xqr1XRsDpKE=",
                            "labels.%": "0",
                            "last_attach_timestamp": "2025-01-07T02:53:39.129-08:00",
                            "last_detach_timestamp": "",
                            "licenses.#": "4",
                            "licenses.0": "https://www.googleapis.com/compute/v1/projects/cos-cloud/global/licenses/cos",
                            "licenses.1": "https://www.googleapis.com/compute/v1/projects/cos-cloud-shielded/global/licenses/shielded-cos",
                            "licenses.2": "https://www.googleapis.com/compute/v1/projects/gke-node-images/global/licenses/gke-node",
                            "licenses.3": "https://www.googleapis.com/compute/v1/projects/cos-cloud/global/licenses/cos-pcid",
                            "name": "gke-data-infra-apps-jupyterhub-users-6aa76dbb-0ipn",
                            "physical_block_size_bytes": "4096",
                            "project": "cal-itp-data-infra",
                            "provisioned_iops": "0",
                            "provisioned_throughput": "0",
                            "self_link": "https://www.googleapis.com/compute/v1/projects/cal-itp-data-infra/zones/us-west1-c/disks/gke-data-infra-apps-jupyterhub-users-6aa76dbb-0ipn",
                            "size": "100",
                            "snapshot": "",
                            "source_disk": "",
                            "source_disk_id": "",
                            "source_image_encryption_key.#": "0",
                            "source_image_id": "9061284299251541488",
                            "source_snapshot_encryption_key.#": "0",
                            "source_snapshot_id": "",
                            "storage_pool": "",
                            "terraform_labels.%": "0",
                            "type": "pd-standard",
                            "users.#": "1",
                            "users.0": "https://www.googleapis.com/compute/v1/projects/cal-itp-data-infra/zones/us-west1-c/instances/gke-data-infra-apps-jupyterhub-users-6aa76dbb-0ipn",
                            "zone": "us-west1-c"
                        },
                        "meta": {
                            "schema_version": 0
                        },
                        "tainted": false
                    },
                    "deposed": [],
                    "provider": "provider.google"
                },
                "google_compute_disk.tfer--us-west1-c-002F-gke-data-infra-apps-jupyterhub-users-6aa76dbb-58p2": {
                    "type": "google_compute_disk",
                    "depends_on": [],
                    "primary": {
                        "id": "us-west1-c/gke-data-infra-apps-jupyterhub-users-6aa76dbb-58p2",
                        "attributes": {
                            "access_mode": "",
                            "async_primary_disk.#": "0",
                            "creation_timestamp": "2025-01-07T14:11:07.681-08:00",
                            "description": "",
                            "disk_encryption_key.#": "0",
                            "disk_id": "3466367867477301396",
                            "effective_labels.%": "6",
                            "effective_labels.goog-gke-cluster-id-base32": "b7q6s5ghvzbrxcigz62lkdgeeggldd76ipme2xfbzcvpmcrghpqq",
                            "effective_labels.goog-gke-node": "",
                            "effective_labels.goog-gke-volume": "",
                            "effective_labels.goog-k8s-cluster-location": "us-west1",
                            "effective_labels.goog-k8s-cluster-name": "data-infra-apps",
                            "effective_labels.goog-k8s-node-pool-name": "jupyterhub-users",
                            "enable_confidential_compute": "false",
                            "guest_os_features.#": "9",
                            "guest_os_features.0.type": "GVNIC",
                            "guest_os_features.1.type": "IDPF",
                            "guest_os_features.2.type": "SECURE_BOOT",
                            "guest_os_features.3.type": "SEV_CAPABLE",
                            "guest_os_features.4.type": "SEV_LIVE_MIGRATABLE",
                            "guest_os_features.5.type": "SEV_LIVE_MIGRATABLE_V2",
                            "guest_os_features.6.type": "SEV_SNP_CAPABLE",
                            "guest_os_features.7.type": "UEFI_COMPATIBLE",
                            "guest_os_features.8.type": "VIRTIO_SCSI_MULTIQUEUE",
                            "id": "us-west1-c/gke-data-infra-apps-jupyterhub-users-6aa76dbb-58p2",
                            "image": "https://www.googleapis.com/compute/v1/projects/gke-node-images/global/images/gke-1305-gke1699000-cos-113-18244-236-5-c-cgpv1-pre",
                            "label_fingerprint": "xqr1XRsDpKE=",
                            "labels.%": "0",
                            "last_attach_timestamp": "2025-01-07T14:11:08.423-08:00",
                            "last_detach_timestamp": "",
                            "licenses.#": "4",
                            "licenses.0": "https://www.googleapis.com/compute/v1/projects/cos-cloud/global/licenses/cos",
                            "licenses.1": "https://www.googleapis.com/compute/v1/projects/cos-cloud-shielded/global/licenses/shielded-cos",
                            "licenses.2": "https://www.googleapis.com/compute/v1/projects/gke-node-images/global/licenses/gke-node",
                            "licenses.3": "https://www.googleapis.com/compute/v1/projects/cos-cloud/global/licenses/cos-pcid",
                            "name": "gke-data-infra-apps-jupyterhub-users-6aa76dbb-58p2",
                            "physical_block_size_bytes": "4096",
                            "project": "cal-itp-data-infra",
                            "provisioned_iops": "0",
                            "provisioned_throughput": "0",
                            "self_link": "https://www.googleapis.com/compute/v1/projects/cal-itp-data-infra/zones/us-west1-c/disks/gke-data-infra-apps-jupyterhub-users-6aa76dbb-58p2",
                            "size": "100",
                            "snapshot": "",
                            "source_disk": "",
                            "source_disk_id": "",
                            "source_image_encryption_key.#": "0",
                            "source_image_id": "9061284299251541488",
                            "source_snapshot_encryption_key.#": "0",
                            "source_snapshot_id": "",
                            "storage_pool": "",
                            "terraform_labels.%": "0",
                            "type": "pd-standard",
                            "users.#": "1",
                            "users.0": "https://www.googleapis.com/compute/v1/projects/cal-itp-data-infra/zones/us-west1-c/instances/gke-data-infra-apps-jupyterhub-users-6aa76dbb-58p2",
                            "zone": "us-west1-c"
                        },
                        "meta": {
                            "schema_version": 0
                        },
                        "tainted": false
                    },
                    "deposed": [],
                    "provider": "provider.google"
                },
                "google_compute_disk.tfer--us-west1-c-002F-gke-data-infra-apps-jupyterhub-users-6aa76dbb-f0y0": {
                    "type": "google_compute_disk",
                    "depends_on": [],
                    "primary": {
                        "id": "us-west1-c/gke-data-infra-apps-jupyterhub-users-6aa76dbb-f0y0",
                        "attributes": {
                            "access_mode": "",
                            "async_primary_disk.#": "0",
                            "creation_timestamp": "2025-01-07T02:56:00.389-08:00",
                            "description": "",
                            "disk_encryption_key.#": "0",
                            "disk_id": "4118902613830842064",
                            "effective_labels.%": "6",
                            "effective_labels.goog-gke-cluster-id-base32": "b7q6s5ghvzbrxcigz62lkdgeeggldd76ipme2xfbzcvpmcrghpqq",
                            "effective_labels.goog-gke-node": "",
                            "effective_labels.goog-gke-volume": "",
                            "effective_labels.goog-k8s-cluster-location": "us-west1",
                            "effective_labels.goog-k8s-cluster-name": "data-infra-apps",
                            "effective_labels.goog-k8s-node-pool-name": "jupyterhub-users",
                            "enable_confidential_compute": "false",
                            "guest_os_features.#": "9",
                            "guest_os_features.0.type": "GVNIC",
                            "guest_os_features.1.type": "IDPF",
                            "guest_os_features.2.type": "SECURE_BOOT",
                            "guest_os_features.3.type": "SEV_CAPABLE",
                            "guest_os_features.4.type": "SEV_LIVE_MIGRATABLE",
                            "guest_os_features.5.type": "SEV_LIVE_MIGRATABLE_V2",
                            "guest_os_features.6.type": "SEV_SNP_CAPABLE",
                            "guest_os_features.7.type": "UEFI_COMPATIBLE",
                            "guest_os_features.8.type": "VIRTIO_SCSI_MULTIQUEUE",
                            "id": "us-west1-c/gke-data-infra-apps-jupyterhub-users-6aa76dbb-f0y0",
                            "image": "https://www.googleapis.com/compute/v1/projects/gke-node-images/global/images/gke-1305-gke1699000-cos-113-18244-236-5-c-cgpv1-pre",
                            "label_fingerprint": "xqr1XRsDpKE=",
                            "labels.%": "0",
                            "last_attach_timestamp": "2025-01-07T02:56:01.791-08:00",
                            "last_detach_timestamp": "",
                            "licenses.#": "4",
                            "licenses.0": "https://www.googleapis.com/compute/v1/projects/cos-cloud/global/licenses/cos",
                            "licenses.1": "https://www.googleapis.com/compute/v1/projects/cos-cloud-shielded/global/licenses/shielded-cos",
                            "licenses.2": "https://www.googleapis.com/compute/v1/projects/gke-node-images/global/licenses/gke-node",
                            "licenses.3": "https://www.googleapis.com/compute/v1/projects/cos-cloud/global/licenses/cos-pcid",
                            "name": "gke-data-infra-apps-jupyterhub-users-6aa76dbb-f0y0",
                            "physical_block_size_bytes": "4096",
                            "project": "cal-itp-data-infra",
                            "provisioned_iops": "0",
                            "provisioned_throughput": "0",
                            "self_link": "https://www.googleapis.com/compute/v1/projects/cal-itp-data-infra/zones/us-west1-c/disks/gke-data-infra-apps-jupyterhub-users-6aa76dbb-f0y0",
                            "size": "100",
                            "snapshot": "",
                            "source_disk": "",
                            "source_disk_id": "",
                            "source_image_encryption_key.#": "0",
                            "source_image_id": "9061284299251541488",
                            "source_snapshot_encryption_key.#": "0",
                            "source_snapshot_id": "",
                            "storage_pool": "",
                            "terraform_labels.%": "0",
                            "type": "pd-standard",
                            "users.#": "1",
                            "users.0": "https://www.googleapis.com/compute/v1/projects/cal-itp-data-infra/zones/us-west1-c/instances/gke-data-infra-apps-jupyterhub-users-6aa76dbb-f0y0",
                            "zone": "us-west1-c"
                        },
                        "meta": {
                            "schema_version": 0
                        },
                        "tainted": false
                    },
                    "deposed": [],
                    "provider": "provider.google"
                },
                "google_compute_disk.tfer--us-west1-c-002F-pvc-32c3a666-3ae5-4cfc-8129-84f571239f42": {
                    "type": "google_compute_disk",
                    "depends_on": [],
                    "primary": {
                        "id": "us-west1-c/pvc-32c3a666-3ae5-4cfc-8129-84f571239f42",
                        "attributes": {
                            "access_mode": "",
                            "async_primary_disk.#": "0",
                            "creation_timestamp": "2023-06-08T09:47:50.217-07:00",
                            "description": "{\"kubernetes.io/created-for/pv/name\":\"pvc-32c3a666-3ae5-4cfc-8129-84f571239f42\",\"kubernetes.io/created-for/pvc/name\":\"claim-cathyxlin\",\"kubernetes.io/created-for/pvc/namespace\":\"jupyterhub\",\"storage.gke.io/created-by\":\"pd.csi.storage.gke.io\"}",
                            "disk_encryption_key.#": "0",
                            "disk_id": "1365872553271212249",
                            "effective_labels.%": "6",
                            "effective_labels.goog-gke-cluster-id-base32": "b7q6s5ghvzbrxcigz62lkdgeeggldd76ipme2xfbzcvpmcrghpqq",
                            "effective_labels.goog-gke-cost-management": "",
                            "effective_labels.goog-gke-volume": "",
                            "effective_labels.goog-k8s-cluster-location": "us-west1",
                            "effective_labels.goog-k8s-cluster-name": "data-infra-apps",
                            "effective_labels.goog-k8s-node-pool-name": "jupyterhub-users",
                            "enable_confidential_compute": "false",
                            "guest_os_features.#": "0",
                            "id": "us-west1-c/pvc-32c3a666-3ae5-4cfc-8129-84f571239f42",
                            "image": "",
                            "label_fingerprint": "2UCnGaScDgQ=",
                            "labels.%": "0",
                            "last_attach_timestamp": "2025-01-08T07:48:58.953-08:00",
                            "last_detach_timestamp": "2025-01-08T16:08:00.846-08:00",
                            "licenses.#": "0",
                            "name": "pvc-32c3a666-3ae5-4cfc-8129-84f571239f42",
                            "physical_block_size_bytes": "4096",
                            "project": "cal-itp-data-infra",
                            "provisioned_iops": "0",
                            "provisioned_throughput": "0",
                            "self_link": "https://www.googleapis.com/compute/v1/projects/cal-itp-data-infra/zones/us-west1-c/disks/pvc-32c3a666-3ae5-4cfc-8129-84f571239f42",
                            "size": "32",
                            "snapshot": "",
                            "source_disk": "",
                            "source_disk_id": "",
                            "source_image_encryption_key.#": "0",
                            "source_image_id": "",
                            "source_snapshot_encryption_key.#": "0",
                            "source_snapshot_id": "",
                            "storage_pool": "",
                            "terraform_labels.%": "0",
                            "type": "pd-standard",
                            "users.#": "0",
                            "zone": "us-west1-c"
                        },
                        "meta": {
                            "schema_version": 0
                        },
                        "tainted": false
                    },
                    "deposed": [],
                    "provider": "provider.google"
                },
                "google_compute_disk.tfer--us-west1-c-002F-pvc-3fb43fc4-3b64-478a-aca4-87ab2f21c969": {
                    "type": "google_compute_disk",
                    "depends_on": [],
                    "primary": {
                        "id": "us-west1-c/pvc-3fb43fc4-3b64-478a-aca4-87ab2f21c969",
                        "attributes": {
                            "access_mode": "",
                            "async_primary_disk.#": "0",
                            "creation_timestamp": "2023-03-14T13:46:04.018-07:00",
                            "description": "{\"kubernetes.io/created-for/pv/name\":\"pvc-3fb43fc4-3b64-478a-aca4-87ab2f21c969\",\"kubernetes.io/created-for/pvc/name\":\"sentry-clickhouse-data-sentry-clickhouse-0\",\"kubernetes.io/created-for/pvc/namespace\":\"sentry\",\"storage.gke.io/created-by\":\"pd.csi.storage.gke.io\"}",
                            "disk_encryption_key.#": "0",
                            "disk_id": "4000764324279575524",
                            "effective_labels.%": "6",
                            "effective_labels.goog-gke-cluster-id-base32": "b7q6s5ghvzbrxcigz62lkdgeeggldd76ipme2xfbzcvpmcrghpqq",
                            "effective_labels.goog-gke-cost-management": "",
                            "effective_labels.goog-gke-volume": "",
                            "effective_labels.goog-k8s-cluster-location": "us-west1",
                            "effective_labels.goog-k8s-cluster-name": "data-infra-apps",
                            "effective_labels.goog-k8s-node-pool-name": "apps-v2",
                            "enable_confidential_compute": "false",
                            "guest_os_features.#": "0",
                            "id": "us-west1-c/pvc-3fb43fc4-3b64-478a-aca4-87ab2f21c969",
                            "image": "",
                            "label_fingerprint": "QzZ6pdJJwQ0=",
                            "labels.%": "0",
                            "last_attach_timestamp": "2025-01-07T04:24:45.333-08:00",
                            "last_detach_timestamp": "2025-01-07T04:24:41.396-08:00",
                            "licenses.#": "0",
                            "name": "pvc-3fb43fc4-3b64-478a-aca4-87ab2f21c969",
                            "physical_block_size_bytes": "4096",
                            "project": "cal-itp-data-infra",
                            "provisioned_iops": "0",
                            "provisioned_throughput": "0",
                            "self_link": "https://www.googleapis.com/compute/v1/projects/cal-itp-data-infra/zones/us-west1-c/disks/pvc-3fb43fc4-3b64-478a-aca4-87ab2f21c969",
                            "size": "100",
                            "snapshot": "",
                            "source_disk": "",
                            "source_disk_id": "",
                            "source_image_encryption_key.#": "0",
                            "source_image_id": "",
                            "source_snapshot_encryption_key.#": "0",
                            "source_snapshot_id": "",
                            "storage_pool": "",
                            "terraform_labels.%": "0",
                            "type": "pd-standard",
                            "users.#": "1",
                            "users.0": "https://www.googleapis.com/compute/v1/projects/cal-itp-data-infra/zones/us-west1-c/instances/gke-data-infra-apps-apps-v2-24a4cc95-c6nc",
                            "zone": "us-west1-c"
                        },
                        "meta": {
                            "schema_version": 0
                        },
                        "tainted": false
                    },
                    "deposed": [],
                    "provider": "provider.google"
                },
                "google_compute_disk.tfer--us-west1-c-002F-pvc-41ab9b2e-5c2d-4ce7-8581-60808f17a720": {
                    "type": "google_compute_disk",
                    "depends_on": [],
                    "primary": {
                        "id": "us-west1-c/pvc-41ab9b2e-5c2d-4ce7-8581-60808f17a720",
                        "attributes": {
                            "access_mode": "",
                            "async_primary_disk.#": "0",
                            "creation_timestamp": "2023-03-14T13:46:06.047-07:00",
                            "description": "{\"kubernetes.io/created-for/pv/name\":\"pvc-41ab9b2e-5c2d-4ce7-8581-60808f17a720\",\"kubernetes.io/created-for/pvc/name\":\"data-sentry-zookeeper-clickhouse-0\",\"kubernetes.io/created-for/pvc/namespace\":\"sentry\",\"storage.gke.io/created-by\":\"pd.csi.storage.gke.io\"}",
                            "disk_encryption_key.#": "0",
                            "disk_id": "8764689968229344226",
                            "effective_labels.%": "6",
                            "effective_labels.goog-gke-cluster-id-base32": "b7q6s5ghvzbrxcigz62lkdgeeggldd76ipme2xfbzcvpmcrghpqq",
                            "effective_labels.goog-gke-cost-management": "",
                            "effective_labels.goog-gke-volume": "",
                            "effective_labels.goog-k8s-cluster-location": "us-west1",
                            "effective_labels.goog-k8s-cluster-name": "data-infra-apps",
                            "effective_labels.goog-k8s-node-pool-name": "apps-v2",
                            "enable_confidential_compute": "false",
                            "guest_os_features.#": "0",
                            "id": "us-west1-c/pvc-41ab9b2e-5c2d-4ce7-8581-60808f17a720",
                            "image": "",
                            "label_fingerprint": "QzZ6pdJJwQ0=",
                            "labels.%": "0",
                            "last_attach_timestamp": "2025-01-07T04:22:35.558-08:00",
                            "last_detach_timestamp": "2025-01-07T04:22:30.544-08:00",
                            "licenses.#": "0",
                            "name": "pvc-41ab9b2e-5c2d-4ce7-8581-60808f17a720",
                            "physical_block_size_bytes": "4096",
                            "project": "cal-itp-data-infra",
                            "provisioned_iops": "0",
                            "provisioned_throughput": "0",
                            "self_link": "https://www.googleapis.com/compute/v1/projects/cal-itp-data-infra/zones/us-west1-c/disks/pvc-41ab9b2e-5c2d-4ce7-8581-60808f17a720",
                            "size": "16",
                            "snapshot": "",
                            "source_disk": "",
                            "source_disk_id": "",
                            "source_image_encryption_key.#": "0",
                            "source_image_id": "",
                            "source_snapshot_encryption_key.#": "0",
                            "source_snapshot_id": "",
                            "storage_pool": "",
                            "terraform_labels.%": "0",
                            "type": "pd-standard",
                            "users.#": "1",
                            "users.0": "https://www.googleapis.com/compute/v1/projects/cal-itp-data-infra/zones/us-west1-c/instances/gke-data-infra-apps-apps-v2-24a4cc95-c6nc",
                            "zone": "us-west1-c"
                        },
                        "meta": {
                            "schema_version": 0
                        },
                        "tainted": false
                    },
                    "deposed": [],
                    "provider": "provider.google"
                },
                "google_compute_disk.tfer--us-west1-c-002F-pvc-4c20f5a4-a28e-430e-b7f3-43c7d9d7f03f": {
                    "type": "google_compute_disk",
                    "depends_on": [],
                    "primary": {
                        "id": "us-west1-c/pvc-4c20f5a4-a28e-430e-b7f3-43c7d9d7f03f",
                        "attributes": {
                            "access_mode": "",
                            "async_primary_disk.#": "0",
                            "creation_timestamp": "2023-04-12T09:44:28.379-07:00",
                            "description": "{\"kubernetes.io/created-for/pv/name\":\"pvc-4c20f5a4-a28e-430e-b7f3-43c7d9d7f03f\",\"kubernetes.io/created-for/pvc/name\":\"data-sentry-kafka-2\",\"kubernetes.io/created-for/pvc/namespace\":\"sentry\",\"storage.gke.io/created-by\":\"pd.csi.storage.gke.io\"}",
                            "disk_encryption_key.#": "0",
                            "disk_id": "7118731635655926019",
                            "effective_labels.%": "6",
                            "effective_labels.goog-gke-cluster-id-base32": "b7q6s5ghvzbrxcigz62lkdgeeggldd76ipme2xfbzcvpmcrghpqq",
                            "effective_labels.goog-gke-cost-management": "",
                            "effective_labels.goog-gke-volume": "",
                            "effective_labels.goog-k8s-cluster-location": "us-west1",
                            "effective_labels.goog-k8s-cluster-name": "data-infra-apps",
                            "effective_labels.goog-k8s-node-pool-name": "apps-v2",
                            "enable_confidential_compute": "false",
                            "guest_os_features.#": "0",
                            "id": "us-west1-c/pvc-4c20f5a4-a28e-430e-b7f3-43c7d9d7f03f",
                            "image": "",
                            "label_fingerprint": "QzZ6pdJJwQ0=",
                            "labels.%": "0",
                            "last_attach_timestamp": "2025-01-07T04:24:49.264-08:00",
                            "last_detach_timestamp": "2025-01-07T04:24:44.857-08:00",
                            "licenses.#": "0",
                            "name": "pvc-4c20f5a4-a28e-430e-b7f3-43c7d9d7f03f",
                            "physical_block_size_bytes": "4096",
                            "project": "cal-itp-data-infra",
                            "provisioned_iops": "0",
                            "provisioned_throughput": "0",
                            "self_link": "https://www.googleapis.com/compute/v1/projects/cal-itp-data-infra/zones/us-west1-c/disks/pvc-4c20f5a4-a28e-430e-b7f3-43c7d9d7f03f",
                            "size": "16",
                            "snapshot": "",
                            "source_disk": "",
                            "source_disk_id": "",
                            "source_image_encryption_key.#": "0",
                            "source_image_id": "",
                            "source_snapshot_encryption_key.#": "0",
                            "source_snapshot_id": "",
                            "storage_pool": "",
                            "terraform_labels.%": "0",
                            "type": "pd-standard",
                            "users.#": "1",
                            "users.0": "https://www.googleapis.com/compute/v1/projects/cal-itp-data-infra/zones/us-west1-c/instances/gke-data-infra-apps-apps-v2-24a4cc95-c6nc",
                            "zone": "us-west1-c"
                        },
                        "meta": {
                            "schema_version": 0
                        },
                        "tainted": false
                    },
                    "deposed": [],
                    "provider": "provider.google"
                },
                "google_compute_disk.tfer--us-west1-c-002F-pvc-51ff509f-72b2-46d8-9467-4fea927ba042": {
                    "type": "google_compute_disk",
                    "depends_on": [],
                    "primary": {
                        "id": "us-west1-c/pvc-51ff509f-72b2-46d8-9467-4fea927ba042",
                        "attributes": {
                            "access_mode": "",
                            "async_primary_disk.#": "0",
                            "creation_timestamp": "2023-03-22T14:33:41.424-07:00",
                            "description": "{\"kubernetes.io/created-for/pv/name\":\"pvc-51ff509f-72b2-46d8-9467-4fea927ba042\",\"kubernetes.io/created-for/pvc/name\":\"sentry-data\",\"kubernetes.io/created-for/pvc/namespace\":\"sentry\",\"storage.gke.io/created-by\":\"pd.csi.storage.gke.io\"}",
                            "disk_encryption_key.#": "0",
                            "disk_id": "70913649811049178",
                            "effective_labels.%": "6",
                            "effective_labels.goog-gke-cluster-id-base32": "b7q6s5ghvzbrxcigz62lkdgeeggldd76ipme2xfbzcvpmcrghpqq",
                            "effective_labels.goog-gke-cost-management": "",
                            "effective_labels.goog-gke-volume": "",
                            "effective_labels.goog-k8s-cluster-location": "us-west1",
                            "effective_labels.goog-k8s-cluster-name": "data-infra-apps",
                            "effective_labels.goog-k8s-node-pool-name": "apps-v2",
                            "enable_confidential_compute": "false",
                            "guest_os_features.#": "0",
                            "id": "us-west1-c/pvc-51ff509f-72b2-46d8-9467-4fea927ba042",
                            "image": "",
                            "label_fingerprint": "QzZ6pdJJwQ0=",
                            "labels.%": "0",
                            "last_attach_timestamp": "2025-01-07T04:24:49.255-08:00",
                            "last_detach_timestamp": "2025-01-07T04:24:44.848-08:00",
                            "licenses.#": "0",
                            "name": "pvc-51ff509f-72b2-46d8-9467-4fea927ba042",
                            "physical_block_size_bytes": "4096",
                            "project": "cal-itp-data-infra",
                            "provisioned_iops": "0",
                            "provisioned_throughput": "0",
                            "self_link": "https://www.googleapis.com/compute/v1/projects/cal-itp-data-infra/zones/us-west1-c/disks/pvc-51ff509f-72b2-46d8-9467-4fea927ba042",
                            "size": "10",
                            "snapshot": "",
                            "source_disk": "",
                            "source_disk_id": "",
                            "source_image_encryption_key.#": "0",
                            "source_image_id": "",
                            "source_snapshot_encryption_key.#": "0",
                            "source_snapshot_id": "",
                            "storage_pool": "",
                            "terraform_labels.%": "0",
                            "type": "pd-standard",
                            "users.#": "1",
                            "users.0": "https://www.googleapis.com/compute/v1/projects/cal-itp-data-infra/zones/us-west1-c/instances/gke-data-infra-apps-apps-v2-24a4cc95-c6nc",
                            "zone": "us-west1-c"
                        },
                        "meta": {
                            "schema_version": 0
                        },
                        "tainted": false
                    },
                    "deposed": [],
                    "provider": "provider.google"
                },
                "google_compute_disk.tfer--us-west1-c-002F-pvc-a2132f03-9613-4f28-8a87-157d93e7b5e9": {
                    "type": "google_compute_disk",
                    "depends_on": [],
                    "primary": {
                        "id": "us-west1-c/pvc-a2132f03-9613-4f28-8a87-157d93e7b5e9",
                        "attributes": {
                            "access_mode": "",
                            "async_primary_disk.#": "0",
                            "creation_timestamp": "2024-10-17T15:19:52.029-07:00",
                            "description": "{\"kubernetes.io/created-for/pv/name\":\"pvc-a2132f03-9613-4f28-8a87-157d93e7b5e9\",\"kubernetes.io/created-for/pvc/name\":\"claim-tiffanychu90\",\"kubernetes.io/created-for/pvc/namespace\":\"jupyterhub\",\"storage.gke.io/created-by\":\"pd.csi.storage.gke.io\"}",
                            "disk_encryption_key.#": "0",
                            "disk_id": "5815117011566211944",
                            "effective_labels.%": "6",
                            "effective_labels.goog-gke-cluster-id-base32": "b7q6s5ghvzbrxcigz62lkdgeeggldd76ipme2xfbzcvpmcrghpqq",
                            "effective_labels.goog-gke-cost-management": "",
                            "effective_labels.goog-gke-volume": "",
                            "effective_labels.goog-k8s-cluster-location": "us-west1",
                            "effective_labels.goog-k8s-cluster-name": "data-infra-apps",
                            "effective_labels.goog-k8s-node-pool-name": "jupyterhub-users",
                            "enable_confidential_compute": "false",
                            "guest_os_features.#": "0",
                            "id": "us-west1-c/pvc-a2132f03-9613-4f28-8a87-157d93e7b5e9",
                            "image": "",
                            "label_fingerprint": "2UCnGaScDgQ=",
                            "labels.%": "0",
                            "last_attach_timestamp": "2025-01-07T13:31:17.512-08:00",
                            "last_detach_timestamp": "2025-01-07T15:47:55.068-08:00",
                            "licenses.#": "0",
                            "name": "pvc-a2132f03-9613-4f28-8a87-157d93e7b5e9",
                            "physical_block_size_bytes": "4096",
                            "project": "cal-itp-data-infra",
                            "provisioned_iops": "0",
                            "provisioned_throughput": "0",
                            "self_link": "https://www.googleapis.com/compute/v1/projects/cal-itp-data-infra/zones/us-west1-c/disks/pvc-a2132f03-9613-4f28-8a87-157d93e7b5e9",
                            "size": "75",
                            "snapshot": "",
                            "source_disk": "",
                            "source_disk_id": "",
                            "source_image_encryption_key.#": "0",
                            "source_image_id": "",
                            "source_snapshot_encryption_key.#": "0",
                            "source_snapshot_id": "",
                            "storage_pool": "",
                            "terraform_labels.%": "0",
                            "type": "pd-standard",
                            "users.#": "0",
                            "zone": "us-west1-c"
                        },
                        "meta": {
                            "schema_version": 0
                        },
                        "tainted": false
                    },
                    "deposed": [],
                    "provider": "provider.google"
                },
                "google_compute_disk.tfer--us-west1-c-002F-pvc-c27aa4d3-2472-4d81-916c-668a4c3e4828": {
                    "type": "google_compute_disk",
                    "depends_on": [],
                    "primary": {
                        "id": "us-west1-c/pvc-c27aa4d3-2472-4d81-916c-668a4c3e4828",
                        "attributes": {
                            "access_mode": "",
                            "async_primary_disk.#": "0",
                            "creation_timestamp": "2024-01-17T14:11:26.903-08:00",
                            "description": "{\"kubernetes.io/created-for/pv/name\":\"pvc-c27aa4d3-2472-4d81-916c-668a4c3e4828\",\"kubernetes.io/created-for/pvc/name\":\"claim-vevetron\",\"kubernetes.io/created-for/pvc/namespace\":\"jupyterhub\",\"storage.gke.io/created-by\":\"pd.csi.storage.gke.io\"}",
                            "disk_encryption_key.#": "0",
                            "disk_id": "7186646308542082657",
                            "effective_labels.%": "6",
                            "effective_labels.goog-gke-cluster-id-base32": "b7q6s5ghvzbrxcigz62lkdgeeggldd76ipme2xfbzcvpmcrghpqq",
                            "effective_labels.goog-gke-cost-management": "",
                            "effective_labels.goog-gke-volume": "",
                            "effective_labels.goog-k8s-cluster-location": "us-west1",
                            "effective_labels.goog-k8s-cluster-name": "data-infra-apps",
                            "effective_labels.goog-k8s-node-pool-name": "jupyterhub-users",
                            "enable_confidential_compute": "false",
                            "guest_os_features.#": "0",
                            "id": "us-west1-c/pvc-c27aa4d3-2472-4d81-916c-668a4c3e4828",
                            "image": "",
                            "label_fingerprint": "2UCnGaScDgQ=",
                            "labels.%": "0",
                            "last_attach_timestamp": "2025-01-08T15:01:44.876-08:00",
                            "last_detach_timestamp": "2025-01-08T00:27:49.225-08:00",
                            "licenses.#": "0",
                            "name": "pvc-c27aa4d3-2472-4d81-916c-668a4c3e4828",
                            "physical_block_size_bytes": "4096",
                            "project": "cal-itp-data-infra",
                            "provisioned_iops": "0",
                            "provisioned_throughput": "0",
                            "self_link": "https://www.googleapis.com/compute/v1/projects/cal-itp-data-infra/zones/us-west1-c/disks/pvc-c27aa4d3-2472-4d81-916c-668a4c3e4828",
                            "size": "100",
                            "snapshot": "",
                            "source_disk": "",
                            "source_disk_id": "",
                            "source_image_encryption_key.#": "0",
                            "source_image_id": "",
                            "source_snapshot_encryption_key.#": "0",
                            "source_snapshot_id": "",
                            "storage_pool": "",
                            "terraform_labels.%": "0",
                            "type": "pd-standard",
                            "users.#": "1",
                            "users.0": "https://www.googleapis.com/compute/v1/projects/cal-itp-data-infra/zones/us-west1-c/instances/gke-data-infra-apps-jupyterhub-users-6aa76dbb-58p2",
                            "zone": "us-west1-c"
                        },
                        "meta": {
                            "schema_version": 0
                        },
                        "tainted": false
                    },
                    "deposed": [],
                    "provider": "provider.google"
                },
                "google_compute_disk.tfer--us-west1-c-002F-pvc-d18eba0e-6dbc-4f9f-a543-61770e61aefe": {
                    "type": "google_compute_disk",
                    "depends_on": [],
                    "primary": {
                        "id": "us-west1-c/pvc-d18eba0e-6dbc-4f9f-a543-61770e61aefe",
                        "attributes": {
                            "access_mode": "",
                            "async_primary_disk.#": "0",
                            "creation_timestamp": "2023-08-29T10:57:48.936-07:00",
                            "description": "{\"kubernetes.io/created-for/pv/name\":\"pvc-d18eba0e-6dbc-4f9f-a543-61770e61aefe\",\"kubernetes.io/created-for/pvc/name\":\"data-database-0\",\"kubernetes.io/created-for/pvc/namespace\":\"metabase-test\",\"storage.gke.io/created-by\":\"pd.csi.storage.gke.io\"}",
                            "disk_encryption_key.#": "0",
                            "disk_id": "8855787689153367923",
                            "effective_labels.%": "6",
                            "effective_labels.goog-gke-cluster-id-base32": "b7q6s5ghvzbrxcigz62lkdgeeggldd76ipme2xfbzcvpmcrghpqq",
                            "effective_labels.goog-gke-cost-management": "",
                            "effective_labels.goog-gke-volume": "",
                            "effective_labels.goog-k8s-cluster-location": "us-west1",
                            "effective_labels.goog-k8s-cluster-name": "data-infra-apps",
                            "effective_labels.goog-k8s-node-pool-name": "apps-v2",
                            "enable_confidential_compute": "false",
                            "guest_os_features.#": "0",
                            "id": "us-west1-c/pvc-d18eba0e-6dbc-4f9f-a543-61770e61aefe",
                            "image": "",
                            "label_fingerprint": "QzZ6pdJJwQ0=",
                            "labels.%": "0",
                            "last_attach_timestamp": "2025-01-07T04:24:58.756-08:00",
                            "last_detach_timestamp": "2025-01-07T04:24:55.404-08:00",
                            "licenses.#": "0",
                            "name": "pvc-d18eba0e-6dbc-4f9f-a543-61770e61aefe",
                            "physical_block_size_bytes": "4096",
                            "project": "cal-itp-data-infra",
                            "provisioned_iops": "0",
                            "provisioned_throughput": "0",
                            "self_link": "https://www.googleapis.com/compute/v1/projects/cal-itp-data-infra/zones/us-west1-c/disks/pvc-d18eba0e-6dbc-4f9f-a543-61770e61aefe",
                            "size": "10",
                            "snapshot": "",
                            "source_disk": "",
                            "source_disk_id": "",
                            "source_image_encryption_key.#": "0",
                            "source_image_id": "",
                            "source_snapshot_encryption_key.#": "0",
                            "source_snapshot_id": "",
                            "storage_pool": "",
                            "terraform_labels.%": "0",
                            "type": "pd-standard",
                            "users.#": "1",
                            "users.0": "https://www.googleapis.com/compute/v1/projects/cal-itp-data-infra/zones/us-west1-c/instances/gke-data-infra-apps-apps-v2-24a4cc95-c6nc",
                            "zone": "us-west1-c"
                        },
                        "meta": {
                            "schema_version": 0
                        },
                        "tainted": false
                    },
                    "deposed": [],
                    "provider": "provider.google"
                }
            },
            "depends_on": []
        }
    ]
}
