{
    "version": 3,
    "terraform_version": "0.12.31",
    "serial": 1,
    "lineage": "09404da4-7fdb-4693-3087-ad65a24fc3a8",
    "modules": [
        {
            "path": [
                "root"
            ],
            "outputs": {
                "google_container_cluster_tfer--data-infra-apps_self_link": {
                    "sensitive": false,
                    "type": "string",
                    "value": "https://container.googleapis.com/v1/projects/cal-itp-data-infra/locations/us-west1/clusters/data-infra-apps"
                },
                "google_container_node_pool_tfer--data-infra-apps_apps-v2_id": {
                    "sensitive": false,
                    "type": "string",
                    "value": "us-west1/data-infra-apps/apps-v2"
                },
                "google_container_node_pool_tfer--data-infra-apps_gtfsrt-v4_id": {
                    "sensitive": false,
                    "type": "string",
                    "value": "us-west1/data-infra-apps/gtfsrt-v4"
                },
                "google_container_node_pool_tfer--data-infra-apps_jobs-v1_id": {
                    "sensitive": false,
                    "type": "string",
                    "value": "us-west1/data-infra-apps/jobs-v1"
                },
                "google_container_node_pool_tfer--data-infra-apps_jupyterhub-users_id": {
                    "sensitive": false,
                    "type": "string",
                    "value": "us-west1/data-infra-apps/jupyterhub-users"
                }
            },
            "resources": {
                "google_container_cluster.tfer--data-infra-apps": {
                    "type": "google_container_cluster",
                    "depends_on": [],
                    "primary": {
                        "id": "data-infra-apps",
                        "attributes": {
                            "addons_config.#": "1",
                            "addons_config.0.cloudrun_config.#": "0",
                            "addons_config.0.config_connector_config.#": "0",
                            "addons_config.0.dns_cache_config.#": "0",
                            "addons_config.0.gce_persistent_disk_csi_driver_config.#": "1",
                            "addons_config.0.gce_persistent_disk_csi_driver_config.0.enabled": "true",
                            "addons_config.0.gcp_filestore_csi_driver_config.#": "0",
                            "addons_config.0.gcs_fuse_csi_driver_config.#": "0",
                            "addons_config.0.gke_backup_agent_config.#": "0",
                            "addons_config.0.horizontal_pod_autoscaling.#": "0",
                            "addons_config.0.http_load_balancing.#": "0",
                            "addons_config.0.network_policy_config.#": "1",
                            "addons_config.0.network_policy_config.0.disabled": "false",
                            "addons_config.0.parallelstore_csi_driver_config.#": "0",
                            "addons_config.0.ray_operator_config.#": "0",
                            "addons_config.0.stateful_ha_config.#": "0",
                            "authenticator_groups_config.#": "0",
                            "binary_authorization.#": "0",
                            "cluster_autoscaling.#": "1",
                            "cluster_autoscaling.0.auto_provisioning_defaults.#": "0",
                            "cluster_autoscaling.0.auto_provisioning_locations.#": "0",
                            "cluster_autoscaling.0.autoscaling_profile": "BALANCED",
                            "cluster_autoscaling.0.enabled": "false",
                            "cluster_autoscaling.0.resource_limits.#": "0",
                            "cluster_ipv4_cidr": "10.96.0.0/14",
                            "confidential_nodes.#": "0",
                            "control_plane_endpoints_config.#": "1",
                            "control_plane_endpoints_config.0.dns_endpoint_config.#": "1",
                            "control_plane_endpoints_config.0.dns_endpoint_config.0.allow_external_traffic": "false",
                            "control_plane_endpoints_config.0.dns_endpoint_config.0.endpoint": "gke-0fe1e974c7ae431b8906cfb4b50cc4218cb1-1005246706141.us-west1.gke.goog",
                            "cost_management_config.#": "0",
                            "database_encryption.#": "1",
                            "database_encryption.0.key_name": "",
                            "database_encryption.0.state": "DECRYPTED",
                            "datapath_provider": "",
                            "default_max_pods_per_node": "110",
                            "default_snat_status.#": "0",
                            "description": "",
                            "dns_config.#": "0",
                            "effective_labels.%": "0",
                            "enable_cilium_clusterwide_network_policy": "false",
                            "enable_fqdn_network_policy": "false",
                            "enable_intranode_visibility": "false",
                            "enable_k8s_beta_apis.#": "0",
                            "enable_kubernetes_alpha": "false",
                            "enable_l4_ilb_subsetting": "false",
                            "enable_legacy_abac": "false",
                            "enable_multi_networking": "false",
                            "enable_shielded_nodes": "true",
                            "enable_tpu": "false",
                            "endpoint": "35.185.223.156",
                            "enterprise_config.#": "1",
                            "enterprise_config.0.cluster_tier": "STANDARD",
                            "enterprise_config.0.desired_tier": "",
                            "fleet.#": "0",
                            "gateway_api_config.#": "0",
                            "id": "data-infra-apps",
                            "identity_service_config.#": "0",
                            "initial_node_count": "0",
                            "ip_allocation_policy.#": "1",
                            "ip_allocation_policy.0.additional_pod_ranges_config.#": "0",
                            "ip_allocation_policy.0.cluster_ipv4_cidr_block": "10.96.0.0/14",
                            "ip_allocation_policy.0.cluster_secondary_range_name": "gke-data-infra-apps-pods-0fe1e974",
                            "ip_allocation_policy.0.pod_cidr_overprovision_config.#": "0",
                            "ip_allocation_policy.0.services_ipv4_cidr_block": "10.100.0.0/20",
                            "ip_allocation_policy.0.services_secondary_range_name": "gke-data-infra-apps-services-0fe1e974",
                            "ip_allocation_policy.0.stack_type": "IPV4",
                            "label_fingerprint": "a9dc16a7",
                            "location": "us-west1",
                            "logging_config.#": "1",
                            "logging_config.0.enable_components.#": "2",
                            "logging_config.0.enable_components.0": "SYSTEM_COMPONENTS",
                            "logging_config.0.enable_components.1": "WORKLOADS",
                            "logging_service": "logging.googleapis.com/kubernetes",
                            "maintenance_policy.#": "1",
                            "maintenance_policy.0.daily_maintenance_window.#": "0",
                            "maintenance_policy.0.maintenance_exclusion.#": "0",
                            "maintenance_policy.0.recurring_window.#": "1",
                            "maintenance_policy.0.recurring_window.0.end_time": "2023-02-16T14:00:00Z",
                            "maintenance_policy.0.recurring_window.0.recurrence": "FREQ=WEEKLY;BYDAY=MO,TU,WE,TH,FR,SA,SU",
                            "maintenance_policy.0.recurring_window.0.start_time": "2023-02-16T10:00:00Z",
                            "master_auth.#": "1",
                            "master_auth.0.client_certificate": "",
                            "master_auth.0.client_certificate_config.#": "1",
                            "master_auth.0.client_certificate_config.0.issue_client_certificate": "false",
                            "master_auth.0.client_key": "",
                            "master_auth.0.cluster_ca_certificate": "LS0tLS1CRUdJTiBDRVJUSUZJQ0FURS0tLS0tCk1JSURLekNDQWhPZ0F3SUJBZ0lSQU5vZWorUTVsWDZ2QUdSWENZcERVZ0V3RFFZSktvWklodmNOQVFFTEJRQXcKTHpFdE1Dc0dBMVVFQXhNa1ptVTROall4TUdFdFlqa3hNUzAwWkRFMUxXRm1aVFF0TVRGaE56RTFNRFprT0dRMwpNQjRYRFRJeE1EVXlOakU0TURBMU5Gb1hEVEkyTURVeU5URTVNREExTkZvd0x6RXRNQ3NHQTFVRUF4TWtabVU0Ck5qWXhNR0V0WWpreE1TMDBaREUxTFdGbVpUUXRNVEZoTnpFMU1EWmtPR1EzTUlJQklqQU5CZ2txaGtpRzl3MEIKQVFFRkFBT0NBUThBTUlJQkNnS0NBUUVBdEVESXhET0VFS2dRdStxb1hPR2toM3UzdXNidHVpbVQwZ0l2bUpHWgpPaU9wNTU4TFVTM3lBSTlLcHVEMGlMb3lpZ01Hck0zclpNeHRFYmtiTUN4dlpNekw0V0dBZysvUGhQY014Rk40CjEvM0xDUEswdm9aWWdOVXl5QzhUSUJUd3UvbWxDZzEyUXU1UEtraWFQU2FJMHpqa3lLNTZocFNKYWRwM2txZXUKWHhJUzBCanU2SllFREdQRUVTSmRHWjNPckJhTU9YUlZCd0RMb1VqQ0ZPbXZhemlIdC94VHdDTUdPdFVmdVdrWAorZnF1WnFsMTJCSXEvRkp1WEh4elNjNlNzcTdMc3BWQWIvSlVRSUdQc2lEVW1BU2xJamNHVk1pai9qaW5PVWo5CjhEbGQyYzlRRGNwdnN1eGZZc09NWUhwTitNNkgxb2xJbTRSb0RSUVIvOW1WRVFJREFRQUJvMEl3UURBT0JnTlYKSFE4QkFmOEVCQU1DQWdRd0R3WURWUjBUQVFIL0JBVXdBd0VCL3pBZEJnTlZIUTRFRmdRVUJ6ampNZDRJQ3ZsMQo0V3JXM1ZhNmFJbGMxK0F3RFFZSktvWklodmNOQVFFTEJRQURnZ0VCQUVoSjdYV3E3eEt0OUFvdmRoVFIxYUlNClBvQTdqcmFjeEVYMk9zd0orNXZEaWhESVNSZzJRekN6dyswZzdISzhxaUJrcGhqY0ZYVVFOOUcxK1JOL3VZV1cKUkRLbXhISE1MeHQrVVFWS0RhcFp3TkhneFBpNnBiaXRYaXVLenVHSVd1clJKdHZOc25tTExyRDE2QllXSDc5MQoyR0YxT1BuT0JkZFhpbXNzTHFiQlg3Qm15WEpibzBzaHJ6QVJzRUJmb1ZiYUJIWUdmVjZ5cytPTHdPa0I2ZklRCnFwWllsVURxeUUrS2pSRTBWck45dlRtRVhLTlN3ZWpjQnlKdDFpV2ZYcWh6TGdYUWJGRkRFUlZsM2pjblhnb0kKUFRCMG5XQ0NTNWdBYXhSNy9yMVY4Tk05dHVqNnlIMkxESkl5Q0Vnd1pLdEZkd1RlTFJab1VCcW9sdjFmT0E0PQotLS0tLUVORCBDRVJUSUZJQ0FURS0tLS0tCg==",
                            "master_authorized_networks_config.#": "0",
                            "master_version": "1.30.5-gke.1699000",
                            "mesh_certificates.#": "0",
                            "monitoring_config.#": "1",
                            "monitoring_config.0.advanced_datapath_observability_config.#": "1",
                            "monitoring_config.0.advanced_datapath_observability_config.0.enable_metrics": "false",
                            "monitoring_config.0.advanced_datapath_observability_config.0.enable_relay": "false",
                            "monitoring_config.0.enable_components.#": "1",
                            "monitoring_config.0.enable_components.0": "SYSTEM_COMPONENTS",
                            "monitoring_config.0.managed_prometheus.#": "0",
                            "monitoring_service": "monitoring.googleapis.com/kubernetes",
                            "name": "data-infra-apps",
                            "network": "projects/cal-itp-data-infra/global/networks/default",
                            "network_policy.#": "1",
                            "network_policy.0.enabled": "true",
                            "network_policy.0.provider": "CALICO",
                            "networking_mode": "VPC_NATIVE",
                            "node_config.#": "1",
                            "node_config.0.advanced_machine_features.#": "0",
                            "node_config.0.boot_disk_kms_key": "",
                            "node_config.0.confidential_nodes.#": "0",
                            "node_config.0.containerd_config.#": "0",
                            "node_config.0.disk_size_gb": "100",
                            "node_config.0.disk_type": "pd-standard",
                            "node_config.0.effective_taints.#": "1",
                            "node_config.0.effective_taints.0.effect": "NO_SCHEDULE",
                            "node_config.0.effective_taints.0.key": "hub.jupyter.org/dedicated",
                            "node_config.0.effective_taints.0.value": "user",
                            "node_config.0.enable_confidential_storage": "false",
                            "node_config.0.ephemeral_storage_local_ssd_config.#": "0",
                            "node_config.0.fast_socket.#": "0",
                            "node_config.0.gcfs_config.#": "0",
                            "node_config.0.guest_accelerator.#": "0",
                            "node_config.0.gvnic.#": "0",
                            "node_config.0.host_maintenance_policy.#": "0",
                            "node_config.0.image_type": "COS_CONTAINERD",
                            "node_config.0.kubelet_config.#": "0",
                            "node_config.0.labels.%": "1",
                            "node_config.0.labels.hub.jupyter.org/node-purpose": "user",
                            "node_config.0.linux_node_config.#": "0",
                            "node_config.0.local_nvme_ssd_block_config.#": "0",
                            "node_config.0.local_ssd_count": "0",
                            "node_config.0.local_ssd_encryption_mode": "",
                            "node_config.0.logging_variant": "DEFAULT",
                            "node_config.0.machine_type": "e2-highmem-2",
                            "node_config.0.metadata.%": "1",
                            "node_config.0.metadata.disable-legacy-endpoints": "true",
                            "node_config.0.min_cpu_platform": "",
                            "node_config.0.node_group": "",
                            "node_config.0.oauth_scopes.#": "6",
                            "node_config.0.oauth_scopes.0": "https://www.googleapis.com/auth/devstorage.read_only",
                            "node_config.0.oauth_scopes.1": "https://www.googleapis.com/auth/logging.write",
                            "node_config.0.oauth_scopes.2": "https://www.googleapis.com/auth/monitoring",
                            "node_config.0.oauth_scopes.3": "https://www.googleapis.com/auth/service.management.readonly",
                            "node_config.0.oauth_scopes.4": "https://www.googleapis.com/auth/servicecontrol",
                            "node_config.0.oauth_scopes.5": "https://www.googleapis.com/auth/trace.append",
                            "node_config.0.preemptible": "false",
                            "node_config.0.reservation_affinity.#": "0",
                            "node_config.0.resource_labels.%": "0",
                            "node_config.0.resource_manager_tags.%": "0",
                            "node_config.0.secondary_boot_disks.#": "0",
                            "node_config.0.service_account": "default",
                            "node_config.0.shielded_instance_config.#": "1",
                            "node_config.0.shielded_instance_config.0.enable_integrity_monitoring": "true",
                            "node_config.0.shielded_instance_config.0.enable_secure_boot": "false",
                            "node_config.0.sole_tenant_config.#": "0",
                            "node_config.0.spot": "false",
                            "node_config.0.storage_pools.#": "0",
                            "node_config.0.tags.#": "0",
                            "node_config.0.taint.#": "0",
                            "node_config.0.workload_metadata_config.#": "0",
                            "node_locations.#": "3",
                            "node_locations.0": "us-west1-a",
                            "node_locations.1": "us-west1-b",
                            "node_locations.2": "us-west1-c",
                            "node_pool.#": "4",
                            "node_pool.0.autoscaling.#": "1",
                            "node_pool.0.autoscaling.0.location_policy": "BALANCED",
                            "node_pool.0.autoscaling.0.max_node_count": "0",
                            "node_pool.0.autoscaling.0.min_node_count": "0",
                            "node_pool.0.autoscaling.0.total_max_node_count": "12",
                            "node_pool.0.autoscaling.0.total_min_node_count": "6",
                            "node_pool.0.initial_node_count": "2",
                            "node_pool.0.instance_group_urls.#": "3",
                            "node_pool.0.instance_group_urls.0": "https://www.googleapis.com/compute/v1/projects/cal-itp-data-infra/zones/us-west1-a/instanceGroupManagers/gke-data-infra-apps-jupyterhub-users-b57e08f4-grp",
                            "node_pool.0.instance_group_urls.1": "https://www.googleapis.com/compute/v1/projects/cal-itp-data-infra/zones/us-west1-b/instanceGroupManagers/gke-data-infra-apps-jupyterhub-users-dddc57ff-grp",
                            "node_pool.0.instance_group_urls.2": "https://www.googleapis.com/compute/v1/projects/cal-itp-data-infra/zones/us-west1-c/instanceGroupManagers/gke-data-infra-apps-jupyterhub-users-6aa76dbb-grp",
                            "node_pool.0.managed_instance_group_urls.#": "3",
                            "node_pool.0.managed_instance_group_urls.0": "https://www.googleapis.com/compute/v1/projects/cal-itp-data-infra/zones/us-west1-a/instanceGroups/gke-data-infra-apps-jupyterhub-users-b57e08f4-grp",
                            "node_pool.0.managed_instance_group_urls.1": "https://www.googleapis.com/compute/v1/projects/cal-itp-data-infra/zones/us-west1-b/instanceGroups/gke-data-infra-apps-jupyterhub-users-dddc57ff-grp",
                            "node_pool.0.managed_instance_group_urls.2": "https://www.googleapis.com/compute/v1/projects/cal-itp-data-infra/zones/us-west1-c/instanceGroups/gke-data-infra-apps-jupyterhub-users-6aa76dbb-grp",
                            "node_pool.0.management.#": "1",
                            "node_pool.0.management.0.auto_repair": "true",
                            "node_pool.0.management.0.auto_upgrade": "true",
                            "node_pool.0.max_pods_per_node": "110",
                            "node_pool.0.name": "jupyterhub-users",
                            "node_pool.0.name_prefix": "",
                            "node_pool.0.network_config.#": "1",
                            "node_pool.0.network_config.0.additional_node_network_configs.#": "0",
                            "node_pool.0.network_config.0.additional_pod_network_configs.#": "0",
                            "node_pool.0.network_config.0.create_pod_range": "false",
                            "node_pool.0.network_config.0.enable_private_nodes": "false",
                            "node_pool.0.network_config.0.network_performance_config.#": "0",
                            "node_pool.0.network_config.0.pod_cidr_overprovision_config.#": "0",
                            "node_pool.0.network_config.0.pod_ipv4_cidr_block": "10.96.0.0/14",
                            "node_pool.0.network_config.0.pod_range": "gke-data-infra-apps-pods-0fe1e974",
                            "node_pool.0.node_config.#": "1",
                            "node_pool.0.node_config.0.advanced_machine_features.#": "0",
                            "node_pool.0.node_config.0.boot_disk_kms_key": "",
                            "node_pool.0.node_config.0.confidential_nodes.#": "0",
                            "node_pool.0.node_config.0.containerd_config.#": "0",
                            "node_pool.0.node_config.0.disk_size_gb": "100",
                            "node_pool.0.node_config.0.disk_type": "pd-standard",
                            "node_pool.0.node_config.0.effective_taints.#": "1",
                            "node_pool.0.node_config.0.effective_taints.0.effect": "NO_SCHEDULE",
                            "node_pool.0.node_config.0.effective_taints.0.key": "hub.jupyter.org/dedicated",
                            "node_pool.0.node_config.0.effective_taints.0.value": "user",
                            "node_pool.0.node_config.0.enable_confidential_storage": "false",
                            "node_pool.0.node_config.0.ephemeral_storage_local_ssd_config.#": "0",
                            "node_pool.0.node_config.0.fast_socket.#": "0",
                            "node_pool.0.node_config.0.gcfs_config.#": "0",
                            "node_pool.0.node_config.0.guest_accelerator.#": "0",
                            "node_pool.0.node_config.0.gvnic.#": "0",
                            "node_pool.0.node_config.0.host_maintenance_policy.#": "0",
                            "node_pool.0.node_config.0.image_type": "COS_CONTAINERD",
                            "node_pool.0.node_config.0.kubelet_config.#": "0",
                            "node_pool.0.node_config.0.labels.%": "1",
                            "node_pool.0.node_config.0.labels.hub.jupyter.org/node-purpose": "user",
                            "node_pool.0.node_config.0.linux_node_config.#": "0",
                            "node_pool.0.node_config.0.local_nvme_ssd_block_config.#": "0",
                            "node_pool.0.node_config.0.local_ssd_count": "0",
                            "node_pool.0.node_config.0.local_ssd_encryption_mode": "",
                            "node_pool.0.node_config.0.logging_variant": "DEFAULT",
                            "node_pool.0.node_config.0.machine_type": "e2-highmem-2",
                            "node_pool.0.node_config.0.metadata.%": "1",
                            "node_pool.0.node_config.0.metadata.disable-legacy-endpoints": "true",
                            "node_pool.0.node_config.0.min_cpu_platform": "",
                            "node_pool.0.node_config.0.node_group": "",
                            "node_pool.0.node_config.0.oauth_scopes.#": "6",
                            "node_pool.0.node_config.0.oauth_scopes.0": "https://www.googleapis.com/auth/devstorage.read_only",
                            "node_pool.0.node_config.0.oauth_scopes.1": "https://www.googleapis.com/auth/logging.write",
                            "node_pool.0.node_config.0.oauth_scopes.2": "https://www.googleapis.com/auth/monitoring",
                            "node_pool.0.node_config.0.oauth_scopes.3": "https://www.googleapis.com/auth/service.management.readonly",
                            "node_pool.0.node_config.0.oauth_scopes.4": "https://www.googleapis.com/auth/servicecontrol",
                            "node_pool.0.node_config.0.oauth_scopes.5": "https://www.googleapis.com/auth/trace.append",
                            "node_pool.0.node_config.0.preemptible": "false",
                            "node_pool.0.node_config.0.reservation_affinity.#": "0",
                            "node_pool.0.node_config.0.resource_labels.%": "0",
                            "node_pool.0.node_config.0.resource_manager_tags.%": "0",
                            "node_pool.0.node_config.0.secondary_boot_disks.#": "0",
                            "node_pool.0.node_config.0.service_account": "default",
                            "node_pool.0.node_config.0.shielded_instance_config.#": "1",
                            "node_pool.0.node_config.0.shielded_instance_config.0.enable_integrity_monitoring": "true",
                            "node_pool.0.node_config.0.shielded_instance_config.0.enable_secure_boot": "false",
                            "node_pool.0.node_config.0.sole_tenant_config.#": "0",
                            "node_pool.0.node_config.0.spot": "false",
                            "node_pool.0.node_config.0.storage_pools.#": "0",
                            "node_pool.0.node_config.0.tags.#": "0",
                            "node_pool.0.node_config.0.taint.#": "0",
                            "node_pool.0.node_config.0.workload_metadata_config.#": "0",
                            "node_pool.0.node_count": "2",
                            "node_pool.0.node_locations.#": "3",
                            "node_pool.0.node_locations.0": "us-west1-a",
                            "node_pool.0.node_locations.1": "us-west1-b",
                            "node_pool.0.node_locations.2": "us-west1-c",
                            "node_pool.0.placement_policy.#": "0",
                            "node_pool.0.queued_provisioning.#": "0",
                            "node_pool.0.upgrade_settings.#": "1",
                            "node_pool.0.upgrade_settings.0.blue_green_settings.#": "0",
                            "node_pool.0.upgrade_settings.0.max_surge": "1",
                            "node_pool.0.upgrade_settings.0.max_unavailable": "0",
                            "node_pool.0.upgrade_settings.0.strategy": "SURGE",
                            "node_pool.0.version": "1.30.5-gke.1699000",
                            "node_pool.1.autoscaling.#": "1",
                            "node_pool.1.autoscaling.0.location_policy": "BALANCED",
                            "node_pool.1.autoscaling.0.max_node_count": "2",
                            "node_pool.1.autoscaling.0.min_node_count": "1",
                            "node_pool.1.autoscaling.0.total_max_node_count": "0",
                            "node_pool.1.autoscaling.0.total_min_node_count": "0",
                            "node_pool.1.initial_node_count": "1",
                            "node_pool.1.instance_group_urls.#": "3",
                            "node_pool.1.instance_group_urls.0": "https://www.googleapis.com/compute/v1/projects/cal-itp-data-infra/zones/us-west1-a/instanceGroupManagers/gke-data-infra-apps-apps-v2-2729c0c0-grp",
                            "node_pool.1.instance_group_urls.1": "https://www.googleapis.com/compute/v1/projects/cal-itp-data-infra/zones/us-west1-b/instanceGroupManagers/gke-data-infra-apps-apps-v2-0dfb61fb-grp",
                            "node_pool.1.instance_group_urls.2": "https://www.googleapis.com/compute/v1/projects/cal-itp-data-infra/zones/us-west1-c/instanceGroupManagers/gke-data-infra-apps-apps-v2-24a4cc95-grp",
                            "node_pool.1.managed_instance_group_urls.#": "3",
                            "node_pool.1.managed_instance_group_urls.0": "https://www.googleapis.com/compute/v1/projects/cal-itp-data-infra/zones/us-west1-a/instanceGroups/gke-data-infra-apps-apps-v2-2729c0c0-grp",
                            "node_pool.1.managed_instance_group_urls.1": "https://www.googleapis.com/compute/v1/projects/cal-itp-data-infra/zones/us-west1-b/instanceGroups/gke-data-infra-apps-apps-v2-0dfb61fb-grp",
                            "node_pool.1.managed_instance_group_urls.2": "https://www.googleapis.com/compute/v1/projects/cal-itp-data-infra/zones/us-west1-c/instanceGroups/gke-data-infra-apps-apps-v2-24a4cc95-grp",
                            "node_pool.1.management.#": "1",
                            "node_pool.1.management.0.auto_repair": "true",
                            "node_pool.1.management.0.auto_upgrade": "true",
                            "node_pool.1.max_pods_per_node": "110",
                            "node_pool.1.name": "apps-v2",
                            "node_pool.1.name_prefix": "",
                            "node_pool.1.network_config.#": "1",
                            "node_pool.1.network_config.0.additional_node_network_configs.#": "0",
                            "node_pool.1.network_config.0.additional_pod_network_configs.#": "0",
                            "node_pool.1.network_config.0.create_pod_range": "false",
                            "node_pool.1.network_config.0.enable_private_nodes": "false",
                            "node_pool.1.network_config.0.network_performance_config.#": "0",
                            "node_pool.1.network_config.0.pod_cidr_overprovision_config.#": "0",
                            "node_pool.1.network_config.0.pod_ipv4_cidr_block": "10.96.0.0/14",
                            "node_pool.1.network_config.0.pod_range": "gke-data-infra-apps-pods-0fe1e974",
                            "node_pool.1.node_config.#": "1",
                            "node_pool.1.node_config.0.advanced_machine_features.#": "0",
                            "node_pool.1.node_config.0.boot_disk_kms_key": "",
                            "node_pool.1.node_config.0.confidential_nodes.#": "0",
                            "node_pool.1.node_config.0.containerd_config.#": "0",
                            "node_pool.1.node_config.0.disk_size_gb": "100",
                            "node_pool.1.node_config.0.disk_type": "pd-standard",
                            "node_pool.1.node_config.0.effective_taints.#": "0",
                            "node_pool.1.node_config.0.enable_confidential_storage": "false",
                            "node_pool.1.node_config.0.ephemeral_storage_local_ssd_config.#": "0",
                            "node_pool.1.node_config.0.fast_socket.#": "0",
                            "node_pool.1.node_config.0.gcfs_config.#": "0",
                            "node_pool.1.node_config.0.guest_accelerator.#": "0",
                            "node_pool.1.node_config.0.gvnic.#": "0",
                            "node_pool.1.node_config.0.host_maintenance_policy.#": "0",
                            "node_pool.1.node_config.0.image_type": "COS_CONTAINERD",
                            "node_pool.1.node_config.0.kubelet_config.#": "0",
                            "node_pool.1.node_config.0.labels.%": "0",
                            "node_pool.1.node_config.0.linux_node_config.#": "0",
                            "node_pool.1.node_config.0.local_nvme_ssd_block_config.#": "0",
                            "node_pool.1.node_config.0.local_ssd_count": "0",
                            "node_pool.1.node_config.0.local_ssd_encryption_mode": "",
                            "node_pool.1.node_config.0.logging_variant": "DEFAULT",
                            "node_pool.1.node_config.0.machine_type": "n1-standard-4",
                            "node_pool.1.node_config.0.metadata.%": "1",
                            "node_pool.1.node_config.0.metadata.disable-legacy-endpoints": "true",
                            "node_pool.1.node_config.0.min_cpu_platform": "",
                            "node_pool.1.node_config.0.node_group": "",
                            "node_pool.1.node_config.0.oauth_scopes.#": "6",
                            "node_pool.1.node_config.0.oauth_scopes.0": "https://www.googleapis.com/auth/devstorage.read_only",
                            "node_pool.1.node_config.0.oauth_scopes.1": "https://www.googleapis.com/auth/logging.write",
                            "node_pool.1.node_config.0.oauth_scopes.2": "https://www.googleapis.com/auth/monitoring",
                            "node_pool.1.node_config.0.oauth_scopes.3": "https://www.googleapis.com/auth/service.management.readonly",
                            "node_pool.1.node_config.0.oauth_scopes.4": "https://www.googleapis.com/auth/servicecontrol",
                            "node_pool.1.node_config.0.oauth_scopes.5": "https://www.googleapis.com/auth/trace.append",
                            "node_pool.1.node_config.0.preemptible": "false",
                            "node_pool.1.node_config.0.reservation_affinity.#": "0",
                            "node_pool.1.node_config.0.resource_labels.%": "0",
                            "node_pool.1.node_config.0.resource_manager_tags.%": "0",
                            "node_pool.1.node_config.0.secondary_boot_disks.#": "0",
                            "node_pool.1.node_config.0.service_account": "default",
                            "node_pool.1.node_config.0.shielded_instance_config.#": "1",
                            "node_pool.1.node_config.0.shielded_instance_config.0.enable_integrity_monitoring": "true",
                            "node_pool.1.node_config.0.shielded_instance_config.0.enable_secure_boot": "false",
                            "node_pool.1.node_config.0.sole_tenant_config.#": "0",
                            "node_pool.1.node_config.0.spot": "false",
                            "node_pool.1.node_config.0.storage_pools.#": "0",
                            "node_pool.1.node_config.0.tags.#": "0",
                            "node_pool.1.node_config.0.taint.#": "0",
                            "node_pool.1.node_config.0.workload_metadata_config.#": "0",
                            "node_pool.1.node_count": "1",
                            "node_pool.1.node_locations.#": "3",
                            "node_pool.1.node_locations.0": "us-west1-a",
                            "node_pool.1.node_locations.1": "us-west1-b",
                            "node_pool.1.node_locations.2": "us-west1-c",
                            "node_pool.1.placement_policy.#": "0",
                            "node_pool.1.queued_provisioning.#": "0",
                            "node_pool.1.upgrade_settings.#": "1",
                            "node_pool.1.upgrade_settings.0.blue_green_settings.#": "0",
                            "node_pool.1.upgrade_settings.0.max_surge": "1",
                            "node_pool.1.upgrade_settings.0.max_unavailable": "0",
                            "node_pool.1.upgrade_settings.0.strategy": "SURGE",
                            "node_pool.1.version": "1.30.5-gke.1699000",
                            "node_pool.2.autoscaling.#": "1",
                            "node_pool.2.autoscaling.0.location_policy": "BALANCED",
                            "node_pool.2.autoscaling.0.max_node_count": "3",
                            "node_pool.2.autoscaling.0.min_node_count": "1",
                            "node_pool.2.autoscaling.0.total_max_node_count": "0",
                            "node_pool.2.autoscaling.0.total_min_node_count": "0",
                            "node_pool.2.initial_node_count": "1",
                            "node_pool.2.instance_group_urls.#": "3",
                            "node_pool.2.instance_group_urls.0": "https://www.googleapis.com/compute/v1/projects/cal-itp-data-infra/zones/us-west1-a/instanceGroupManagers/gke-data-infra-apps-jobs-v1-cd18666b-grp",
                            "node_pool.2.instance_group_urls.1": "https://www.googleapis.com/compute/v1/projects/cal-itp-data-infra/zones/us-west1-b/instanceGroupManagers/gke-data-infra-apps-jobs-v1-8eec22fb-grp",
                            "node_pool.2.instance_group_urls.2": "https://www.googleapis.com/compute/v1/projects/cal-itp-data-infra/zones/us-west1-c/instanceGroupManagers/gke-data-infra-apps-jobs-v1-625ec063-grp",
                            "node_pool.2.managed_instance_group_urls.#": "3",
                            "node_pool.2.managed_instance_group_urls.0": "https://www.googleapis.com/compute/v1/projects/cal-itp-data-infra/zones/us-west1-a/instanceGroups/gke-data-infra-apps-jobs-v1-cd18666b-grp",
                            "node_pool.2.managed_instance_group_urls.1": "https://www.googleapis.com/compute/v1/projects/cal-itp-data-infra/zones/us-west1-b/instanceGroups/gke-data-infra-apps-jobs-v1-8eec22fb-grp",
                            "node_pool.2.managed_instance_group_urls.2": "https://www.googleapis.com/compute/v1/projects/cal-itp-data-infra/zones/us-west1-c/instanceGroups/gke-data-infra-apps-jobs-v1-625ec063-grp",
                            "node_pool.2.management.#": "1",
                            "node_pool.2.management.0.auto_repair": "true",
                            "node_pool.2.management.0.auto_upgrade": "true",
                            "node_pool.2.max_pods_per_node": "110",
                            "node_pool.2.name": "jobs-v1",
                            "node_pool.2.name_prefix": "",
                            "node_pool.2.network_config.#": "1",
                            "node_pool.2.network_config.0.additional_node_network_configs.#": "0",
                            "node_pool.2.network_config.0.additional_pod_network_configs.#": "0",
                            "node_pool.2.network_config.0.create_pod_range": "false",
                            "node_pool.2.network_config.0.enable_private_nodes": "false",
                            "node_pool.2.network_config.0.network_performance_config.#": "0",
                            "node_pool.2.network_config.0.pod_cidr_overprovision_config.#": "0",
                            "node_pool.2.network_config.0.pod_ipv4_cidr_block": "10.96.0.0/14",
                            "node_pool.2.network_config.0.pod_range": "gke-data-infra-apps-pods-0fe1e974",
                            "node_pool.2.node_config.#": "1",
                            "node_pool.2.node_config.0.advanced_machine_features.#": "0",
                            "node_pool.2.node_config.0.boot_disk_kms_key": "",
                            "node_pool.2.node_config.0.confidential_nodes.#": "0",
                            "node_pool.2.node_config.0.containerd_config.#": "0",
                            "node_pool.2.node_config.0.disk_size_gb": "100",
                            "node_pool.2.node_config.0.disk_type": "pd-standard",
                            "node_pool.2.node_config.0.effective_taints.#": "1",
                            "node_pool.2.node_config.0.effective_taints.0.effect": "NO_SCHEDULE",
                            "node_pool.2.node_config.0.effective_taints.0.key": "pod-role",
                            "node_pool.2.node_config.0.effective_taints.0.value": "computetask",
                            "node_pool.2.node_config.0.enable_confidential_storage": "false",
                            "node_pool.2.node_config.0.ephemeral_storage_local_ssd_config.#": "0",
                            "node_pool.2.node_config.0.fast_socket.#": "0",
                            "node_pool.2.node_config.0.gcfs_config.#": "0",
                            "node_pool.2.node_config.0.guest_accelerator.#": "0",
                            "node_pool.2.node_config.0.gvnic.#": "0",
                            "node_pool.2.node_config.0.host_maintenance_policy.#": "0",
                            "node_pool.2.node_config.0.image_type": "COS_CONTAINERD",
                            "node_pool.2.node_config.0.kubelet_config.#": "0",
                            "node_pool.2.node_config.0.labels.%": "1",
                            "node_pool.2.node_config.0.labels.pod-role": "computetask",
                            "node_pool.2.node_config.0.linux_node_config.#": "0",
                            "node_pool.2.node_config.0.local_nvme_ssd_block_config.#": "0",
                            "node_pool.2.node_config.0.local_ssd_count": "0",
                            "node_pool.2.node_config.0.local_ssd_encryption_mode": "",
                            "node_pool.2.node_config.0.logging_variant": "DEFAULT",
                            "node_pool.2.node_config.0.machine_type": "c2-standard-4",
                            "node_pool.2.node_config.0.metadata.%": "1",
                            "node_pool.2.node_config.0.metadata.disable-legacy-endpoints": "true",
                            "node_pool.2.node_config.0.min_cpu_platform": "",
                            "node_pool.2.node_config.0.node_group": "",
                            "node_pool.2.node_config.0.oauth_scopes.#": "6",
                            "node_pool.2.node_config.0.oauth_scopes.0": "https://www.googleapis.com/auth/devstorage.read_only",
                            "node_pool.2.node_config.0.oauth_scopes.1": "https://www.googleapis.com/auth/logging.write",
                            "node_pool.2.node_config.0.oauth_scopes.2": "https://www.googleapis.com/auth/monitoring",
                            "node_pool.2.node_config.0.oauth_scopes.3": "https://www.googleapis.com/auth/service.management.readonly",
                            "node_pool.2.node_config.0.oauth_scopes.4": "https://www.googleapis.com/auth/servicecontrol",
                            "node_pool.2.node_config.0.oauth_scopes.5": "https://www.googleapis.com/auth/trace.append",
                            "node_pool.2.node_config.0.preemptible": "false",
                            "node_pool.2.node_config.0.reservation_affinity.#": "0",
                            "node_pool.2.node_config.0.resource_labels.%": "0",
                            "node_pool.2.node_config.0.resource_manager_tags.%": "0",
                            "node_pool.2.node_config.0.secondary_boot_disks.#": "0",
                            "node_pool.2.node_config.0.service_account": "default",
                            "node_pool.2.node_config.0.shielded_instance_config.#": "1",
                            "node_pool.2.node_config.0.shielded_instance_config.0.enable_integrity_monitoring": "true",
                            "node_pool.2.node_config.0.shielded_instance_config.0.enable_secure_boot": "false",
                            "node_pool.2.node_config.0.sole_tenant_config.#": "0",
                            "node_pool.2.node_config.0.spot": "false",
                            "node_pool.2.node_config.0.storage_pools.#": "0",
                            "node_pool.2.node_config.0.tags.#": "0",
                            "node_pool.2.node_config.0.taint.#": "0",
                            "node_pool.2.node_config.0.workload_metadata_config.#": "0",
                            "node_pool.2.node_count": "1",
                            "node_pool.2.node_locations.#": "3",
                            "node_pool.2.node_locations.0": "us-west1-a",
                            "node_pool.2.node_locations.1": "us-west1-b",
                            "node_pool.2.node_locations.2": "us-west1-c",
                            "node_pool.2.placement_policy.#": "0",
                            "node_pool.2.queued_provisioning.#": "0",
                            "node_pool.2.upgrade_settings.#": "1",
                            "node_pool.2.upgrade_settings.0.blue_green_settings.#": "0",
                            "node_pool.2.upgrade_settings.0.max_surge": "1",
                            "node_pool.2.upgrade_settings.0.max_unavailable": "0",
                            "node_pool.2.upgrade_settings.0.strategy": "SURGE",
                            "node_pool.2.version": "1.30.5-gke.1699000",
                            "node_pool.3.autoscaling.#": "1",
                            "node_pool.3.autoscaling.0.location_policy": "BALANCED",
                            "node_pool.3.autoscaling.0.max_node_count": "2",
                            "node_pool.3.autoscaling.0.min_node_count": "1",
                            "node_pool.3.autoscaling.0.total_max_node_count": "0",
                            "node_pool.3.autoscaling.0.total_min_node_count": "0",
                            "node_pool.3.initial_node_count": "1",
                            "node_pool.3.instance_group_urls.#": "3",
                            "node_pool.3.instance_group_urls.0": "https://www.googleapis.com/compute/v1/projects/cal-itp-data-infra/zones/us-west1-a/instanceGroupManagers/gke-data-infra-apps-gtfsrt-v4-2a13e092-grp",
                            "node_pool.3.instance_group_urls.1": "https://www.googleapis.com/compute/v1/projects/cal-itp-data-infra/zones/us-west1-b/instanceGroupManagers/gke-data-infra-apps-gtfsrt-v4-b003cc53-grp",
                            "node_pool.3.instance_group_urls.2": "https://www.googleapis.com/compute/v1/projects/cal-itp-data-infra/zones/us-west1-c/instanceGroupManagers/gke-data-infra-apps-gtfsrt-v4-7577d4d7-grp",
                            "node_pool.3.managed_instance_group_urls.#": "3",
                            "node_pool.3.managed_instance_group_urls.0": "https://www.googleapis.com/compute/v1/projects/cal-itp-data-infra/zones/us-west1-a/instanceGroups/gke-data-infra-apps-gtfsrt-v4-2a13e092-grp",
                            "node_pool.3.managed_instance_group_urls.1": "https://www.googleapis.com/compute/v1/projects/cal-itp-data-infra/zones/us-west1-b/instanceGroups/gke-data-infra-apps-gtfsrt-v4-b003cc53-grp",
                            "node_pool.3.managed_instance_group_urls.2": "https://www.googleapis.com/compute/v1/projects/cal-itp-data-infra/zones/us-west1-c/instanceGroups/gke-data-infra-apps-gtfsrt-v4-7577d4d7-grp",
                            "node_pool.3.management.#": "1",
                            "node_pool.3.management.0.auto_repair": "true",
                            "node_pool.3.management.0.auto_upgrade": "true",
                            "node_pool.3.max_pods_per_node": "110",
                            "node_pool.3.name": "gtfsrt-v4",
                            "node_pool.3.name_prefix": "",
                            "node_pool.3.network_config.#": "1",
                            "node_pool.3.network_config.0.additional_node_network_configs.#": "0",
                            "node_pool.3.network_config.0.additional_pod_network_configs.#": "0",
                            "node_pool.3.network_config.0.create_pod_range": "false",
                            "node_pool.3.network_config.0.enable_private_nodes": "false",
                            "node_pool.3.network_config.0.network_performance_config.#": "0",
                            "node_pool.3.network_config.0.pod_cidr_overprovision_config.#": "0",
                            "node_pool.3.network_config.0.pod_ipv4_cidr_block": "10.96.0.0/14",
                            "node_pool.3.network_config.0.pod_range": "gke-data-infra-apps-pods-0fe1e974",
                            "node_pool.3.node_config.#": "1",
                            "node_pool.3.node_config.0.advanced_machine_features.#": "0",
                            "node_pool.3.node_config.0.boot_disk_kms_key": "",
                            "node_pool.3.node_config.0.confidential_nodes.#": "0",
                            "node_pool.3.node_config.0.containerd_config.#": "0",
                            "node_pool.3.node_config.0.disk_size_gb": "100",
                            "node_pool.3.node_config.0.disk_type": "pd-standard",
                            "node_pool.3.node_config.0.effective_taints.#": "1",
                            "node_pool.3.node_config.0.effective_taints.0.effect": "NO_SCHEDULE",
                            "node_pool.3.node_config.0.effective_taints.0.key": "resource-domain",
                            "node_pool.3.node_config.0.effective_taints.0.value": "gtfsrtv3",
                            "node_pool.3.node_config.0.enable_confidential_storage": "false",
                            "node_pool.3.node_config.0.ephemeral_storage_local_ssd_config.#": "0",
                            "node_pool.3.node_config.0.fast_socket.#": "0",
                            "node_pool.3.node_config.0.gcfs_config.#": "0",
                            "node_pool.3.node_config.0.guest_accelerator.#": "0",
                            "node_pool.3.node_config.0.gvnic.#": "0",
                            "node_pool.3.node_config.0.host_maintenance_policy.#": "0",
                            "node_pool.3.node_config.0.image_type": "COS_CONTAINERD",
                            "node_pool.3.node_config.0.kubelet_config.#": "0",
                            "node_pool.3.node_config.0.labels.%": "1",
                            "node_pool.3.node_config.0.labels.resource-domain": "gtfsrtv3",
                            "node_pool.3.node_config.0.linux_node_config.#": "0",
                            "node_pool.3.node_config.0.local_nvme_ssd_block_config.#": "0",
                            "node_pool.3.node_config.0.local_ssd_count": "0",
                            "node_pool.3.node_config.0.local_ssd_encryption_mode": "",
                            "node_pool.3.node_config.0.logging_variant": "DEFAULT",
                            "node_pool.3.node_config.0.machine_type": "c2-standard-4",
                            "node_pool.3.node_config.0.metadata.%": "1",
                            "node_pool.3.node_config.0.metadata.disable-legacy-endpoints": "true",
                            "node_pool.3.node_config.0.min_cpu_platform": "",
                            "node_pool.3.node_config.0.node_group": "",
                            "node_pool.3.node_config.0.oauth_scopes.#": "6",
                            "node_pool.3.node_config.0.oauth_scopes.0": "https://www.googleapis.com/auth/devstorage.read_only",
                            "node_pool.3.node_config.0.oauth_scopes.1": "https://www.googleapis.com/auth/logging.write",
                            "node_pool.3.node_config.0.oauth_scopes.2": "https://www.googleapis.com/auth/monitoring",
                            "node_pool.3.node_config.0.oauth_scopes.3": "https://www.googleapis.com/auth/service.management.readonly",
                            "node_pool.3.node_config.0.oauth_scopes.4": "https://www.googleapis.com/auth/servicecontrol",
                            "node_pool.3.node_config.0.oauth_scopes.5": "https://www.googleapis.com/auth/trace.append",
                            "node_pool.3.node_config.0.preemptible": "false",
                            "node_pool.3.node_config.0.reservation_affinity.#": "0",
                            "node_pool.3.node_config.0.resource_labels.%": "0",
                            "node_pool.3.node_config.0.resource_manager_tags.%": "0",
                            "node_pool.3.node_config.0.secondary_boot_disks.#": "0",
                            "node_pool.3.node_config.0.service_account": "default",
                            "node_pool.3.node_config.0.shielded_instance_config.#": "1",
                            "node_pool.3.node_config.0.shielded_instance_config.0.enable_integrity_monitoring": "true",
                            "node_pool.3.node_config.0.shielded_instance_config.0.enable_secure_boot": "false",
                            "node_pool.3.node_config.0.sole_tenant_config.#": "0",
                            "node_pool.3.node_config.0.spot": "false",
                            "node_pool.3.node_config.0.storage_pools.#": "0",
                            "node_pool.3.node_config.0.tags.#": "0",
                            "node_pool.3.node_config.0.taint.#": "0",
                            "node_pool.3.node_config.0.workload_metadata_config.#": "0",
                            "node_pool.3.node_count": "1",
                            "node_pool.3.node_locations.#": "3",
                            "node_pool.3.node_locations.0": "us-west1-a",
                            "node_pool.3.node_locations.1": "us-west1-b",
                            "node_pool.3.node_locations.2": "us-west1-c",
                            "node_pool.3.placement_policy.#": "0",
                            "node_pool.3.queued_provisioning.#": "0",
                            "node_pool.3.upgrade_settings.#": "1",
                            "node_pool.3.upgrade_settings.0.blue_green_settings.#": "0",
                            "node_pool.3.upgrade_settings.0.max_surge": "1",
                            "node_pool.3.upgrade_settings.0.max_unavailable": "0",
                            "node_pool.3.upgrade_settings.0.strategy": "SURGE",
                            "node_pool.3.version": "1.30.5-gke.1699000",
                            "node_pool_auto_config.#": "0",
                            "node_pool_defaults.#": "1",
                            "node_pool_defaults.0.node_config_defaults.#": "1",
                            "node_pool_defaults.0.node_config_defaults.0.containerd_config.#": "0",
                            "node_pool_defaults.0.node_config_defaults.0.gcfs_config.#": "0",
                            "node_pool_defaults.0.node_config_defaults.0.insecure_kubelet_readonly_port_enabled": "FALSE",
                            "node_pool_defaults.0.node_config_defaults.0.logging_variant": "DEFAULT",
                            "node_version": "1.30.5-gke.1699000",
                            "notification_config.#": "0",
                            "private_cluster_config.#": "1",
                            "private_cluster_config.0.enable_private_endpoint": "false",
                            "private_cluster_config.0.enable_private_nodes": "false",
                            "private_cluster_config.0.master_global_access_config.#": "1",
                            "private_cluster_config.0.master_global_access_config.0.enabled": "false",
                            "private_cluster_config.0.master_ipv4_cidr_block": "",
                            "private_cluster_config.0.peering_name": "",
                            "private_cluster_config.0.private_endpoint": "10.138.0.9",
                            "private_cluster_config.0.private_endpoint_subnetwork": "",
                            "private_cluster_config.0.public_endpoint": "35.185.223.156",
                            "private_ipv6_google_access": "",
                            "project": "cal-itp-data-infra",
                            "release_channel.#": "1",
                            "release_channel.0.channel": "STABLE",
                            "resource_labels.%": "0",
                            "resource_usage_export_config.#": "0",
                            "secret_manager_config.#": "1",
                            "secret_manager_config.0.enabled": "false",
                            "security_posture_config.#": "0",
                            "self_link": "https://container.googleapis.com/v1/projects/cal-itp-data-infra/locations/us-west1/clusters/data-infra-apps",
                            "service_external_ips_config.#": "1",
                            "service_external_ips_config.0.enabled": "true",
                            "services_ipv4_cidr": "10.100.0.0/20",
                            "subnetwork": "projects/cal-itp-data-infra/regions/us-west1/subnetworks/default",
                            "terraform_labels.%": "0",
                            "tpu_ipv4_cidr_block": "",
                            "user_managed_keys_config.#": "0",
                            "vertical_pod_autoscaling.#": "0",
                            "workload_identity_config.#": "0"
                        },
                        "meta": {
                            "schema_version": 2
                        },
                        "tainted": false
                    },
                    "deposed": [],
                    "provider": "provider.google"
                },
                "google_container_node_pool.tfer--data-infra-apps_apps-v2": {
                    "type": "google_container_node_pool",
                    "depends_on": [],
                    "primary": {
                        "id": "us-west1/data-infra-apps/apps-v2",
                        "attributes": {
                            "autoscaling.#": "1",
                            "autoscaling.0.location_policy": "BALANCED",
                            "autoscaling.0.max_node_count": "2",
                            "autoscaling.0.min_node_count": "1",
                            "autoscaling.0.total_max_node_count": "0",
                            "autoscaling.0.total_min_node_count": "0",
                            "cluster": "data-infra-apps",
                            "id": "us-west1/data-infra-apps/apps-v2",
                            "initial_node_count": "1",
                            "instance_group_urls.#": "3",
                            "instance_group_urls.0": "https://www.googleapis.com/compute/v1/projects/cal-itp-data-infra/zones/us-west1-a/instanceGroupManagers/gke-data-infra-apps-apps-v2-2729c0c0-grp",
                            "instance_group_urls.1": "https://www.googleapis.com/compute/v1/projects/cal-itp-data-infra/zones/us-west1-b/instanceGroupManagers/gke-data-infra-apps-apps-v2-0dfb61fb-grp",
                            "instance_group_urls.2": "https://www.googleapis.com/compute/v1/projects/cal-itp-data-infra/zones/us-west1-c/instanceGroupManagers/gke-data-infra-apps-apps-v2-24a4cc95-grp",
                            "location": "us-west1",
                            "managed_instance_group_urls.#": "3",
                            "managed_instance_group_urls.0": "https://www.googleapis.com/compute/v1/projects/cal-itp-data-infra/zones/us-west1-a/instanceGroups/gke-data-infra-apps-apps-v2-2729c0c0-grp",
                            "managed_instance_group_urls.1": "https://www.googleapis.com/compute/v1/projects/cal-itp-data-infra/zones/us-west1-b/instanceGroups/gke-data-infra-apps-apps-v2-0dfb61fb-grp",
                            "managed_instance_group_urls.2": "https://www.googleapis.com/compute/v1/projects/cal-itp-data-infra/zones/us-west1-c/instanceGroups/gke-data-infra-apps-apps-v2-24a4cc95-grp",
                            "management.#": "1",
                            "management.0.auto_repair": "true",
                            "management.0.auto_upgrade": "true",
                            "max_pods_per_node": "110",
                            "name": "apps-v2",
                            "name_prefix": "",
                            "network_config.#": "1",
                            "network_config.0.additional_node_network_configs.#": "0",
                            "network_config.0.additional_pod_network_configs.#": "0",
                            "network_config.0.create_pod_range": "false",
                            "network_config.0.enable_private_nodes": "false",
                            "network_config.0.network_performance_config.#": "0",
                            "network_config.0.pod_cidr_overprovision_config.#": "0",
                            "network_config.0.pod_ipv4_cidr_block": "10.96.0.0/14",
                            "network_config.0.pod_range": "gke-data-infra-apps-pods-0fe1e974",
                            "node_config.#": "1",
                            "node_config.0.advanced_machine_features.#": "0",
                            "node_config.0.boot_disk_kms_key": "",
                            "node_config.0.confidential_nodes.#": "0",
                            "node_config.0.containerd_config.#": "0",
                            "node_config.0.disk_size_gb": "100",
                            "node_config.0.disk_type": "pd-standard",
                            "node_config.0.effective_taints.#": "0",
                            "node_config.0.enable_confidential_storage": "false",
                            "node_config.0.ephemeral_storage_local_ssd_config.#": "0",
                            "node_config.0.fast_socket.#": "0",
                            "node_config.0.gcfs_config.#": "0",
                            "node_config.0.guest_accelerator.#": "0",
                            "node_config.0.gvnic.#": "0",
                            "node_config.0.host_maintenance_policy.#": "0",
                            "node_config.0.image_type": "COS_CONTAINERD",
                            "node_config.0.kubelet_config.#": "0",
                            "node_config.0.labels.%": "0",
                            "node_config.0.linux_node_config.#": "0",
                            "node_config.0.local_nvme_ssd_block_config.#": "0",
                            "node_config.0.local_ssd_count": "0",
                            "node_config.0.local_ssd_encryption_mode": "",
                            "node_config.0.logging_variant": "DEFAULT",
                            "node_config.0.machine_type": "n1-standard-4",
                            "node_config.0.metadata.%": "1",
                            "node_config.0.metadata.disable-legacy-endpoints": "true",
                            "node_config.0.min_cpu_platform": "",
                            "node_config.0.node_group": "",
                            "node_config.0.oauth_scopes.#": "6",
                            "node_config.0.oauth_scopes.0": "https://www.googleapis.com/auth/devstorage.read_only",
                            "node_config.0.oauth_scopes.1": "https://www.googleapis.com/auth/logging.write",
                            "node_config.0.oauth_scopes.2": "https://www.googleapis.com/auth/monitoring",
                            "node_config.0.oauth_scopes.3": "https://www.googleapis.com/auth/service.management.readonly",
                            "node_config.0.oauth_scopes.4": "https://www.googleapis.com/auth/servicecontrol",
                            "node_config.0.oauth_scopes.5": "https://www.googleapis.com/auth/trace.append",
                            "node_config.0.preemptible": "false",
                            "node_config.0.reservation_affinity.#": "0",
                            "node_config.0.resource_labels.%": "0",
                            "node_config.0.resource_manager_tags.%": "0",
                            "node_config.0.secondary_boot_disks.#": "0",
                            "node_config.0.service_account": "default",
                            "node_config.0.shielded_instance_config.#": "1",
                            "node_config.0.shielded_instance_config.0.enable_integrity_monitoring": "true",
                            "node_config.0.shielded_instance_config.0.enable_secure_boot": "false",
                            "node_config.0.sole_tenant_config.#": "0",
                            "node_config.0.spot": "false",
                            "node_config.0.storage_pools.#": "0",
                            "node_config.0.tags.#": "0",
                            "node_config.0.taint.#": "0",
                            "node_config.0.workload_metadata_config.#": "0",
                            "node_count": "1",
                            "node_locations.#": "3",
                            "node_locations.0": "us-west1-a",
                            "node_locations.1": "us-west1-b",
                            "node_locations.2": "us-west1-c",
                            "project": "cal-itp-data-infra",
                            "upgrade_settings.#": "1",
                            "upgrade_settings.0.blue_green_settings.#": "0",
                            "upgrade_settings.0.max_surge": "1",
                            "upgrade_settings.0.max_unavailable": "0",
                            "upgrade_settings.0.strategy": "SURGE",
                            "version": "1.30.5-gke.1699000"
                        },
                        "meta": {
                            "schema_version": 1
                        },
                        "tainted": false
                    },
                    "deposed": [],
                    "provider": "provider.google"
                },
                "google_container_node_pool.tfer--data-infra-apps_gtfsrt-v4": {
                    "type": "google_container_node_pool",
                    "depends_on": [],
                    "primary": {
                        "id": "us-west1/data-infra-apps/gtfsrt-v4",
                        "attributes": {
                            "autoscaling.#": "1",
                            "autoscaling.0.location_policy": "BALANCED",
                            "autoscaling.0.max_node_count": "2",
                            "autoscaling.0.min_node_count": "1",
                            "autoscaling.0.total_max_node_count": "0",
                            "autoscaling.0.total_min_node_count": "0",
                            "cluster": "data-infra-apps",
                            "id": "us-west1/data-infra-apps/gtfsrt-v4",
                            "initial_node_count": "1",
                            "instance_group_urls.#": "3",
                            "instance_group_urls.0": "https://www.googleapis.com/compute/v1/projects/cal-itp-data-infra/zones/us-west1-a/instanceGroupManagers/gke-data-infra-apps-gtfsrt-v4-2a13e092-grp",
                            "instance_group_urls.1": "https://www.googleapis.com/compute/v1/projects/cal-itp-data-infra/zones/us-west1-b/instanceGroupManagers/gke-data-infra-apps-gtfsrt-v4-b003cc53-grp",
                            "instance_group_urls.2": "https://www.googleapis.com/compute/v1/projects/cal-itp-data-infra/zones/us-west1-c/instanceGroupManagers/gke-data-infra-apps-gtfsrt-v4-7577d4d7-grp",
                            "location": "us-west1",
                            "managed_instance_group_urls.#": "3",
                            "managed_instance_group_urls.0": "https://www.googleapis.com/compute/v1/projects/cal-itp-data-infra/zones/us-west1-a/instanceGroups/gke-data-infra-apps-gtfsrt-v4-2a13e092-grp",
                            "managed_instance_group_urls.1": "https://www.googleapis.com/compute/v1/projects/cal-itp-data-infra/zones/us-west1-b/instanceGroups/gke-data-infra-apps-gtfsrt-v4-b003cc53-grp",
                            "managed_instance_group_urls.2": "https://www.googleapis.com/compute/v1/projects/cal-itp-data-infra/zones/us-west1-c/instanceGroups/gke-data-infra-apps-gtfsrt-v4-7577d4d7-grp",
                            "management.#": "1",
                            "management.0.auto_repair": "true",
                            "management.0.auto_upgrade": "true",
                            "max_pods_per_node": "110",
                            "name": "gtfsrt-v4",
                            "name_prefix": "",
                            "network_config.#": "1",
                            "network_config.0.additional_node_network_configs.#": "0",
                            "network_config.0.additional_pod_network_configs.#": "0",
                            "network_config.0.create_pod_range": "false",
                            "network_config.0.enable_private_nodes": "false",
                            "network_config.0.network_performance_config.#": "0",
                            "network_config.0.pod_cidr_overprovision_config.#": "0",
                            "network_config.0.pod_ipv4_cidr_block": "10.96.0.0/14",
                            "network_config.0.pod_range": "gke-data-infra-apps-pods-0fe1e974",
                            "node_config.#": "1",
                            "node_config.0.advanced_machine_features.#": "0",
                            "node_config.0.boot_disk_kms_key": "",
                            "node_config.0.confidential_nodes.#": "0",
                            "node_config.0.containerd_config.#": "0",
                            "node_config.0.disk_size_gb": "100",
                            "node_config.0.disk_type": "pd-standard",
                            "node_config.0.effective_taints.#": "1",
                            "node_config.0.effective_taints.0.effect": "NO_SCHEDULE",
                            "node_config.0.effective_taints.0.key": "resource-domain",
                            "node_config.0.effective_taints.0.value": "gtfsrtv3",
                            "node_config.0.enable_confidential_storage": "false",
                            "node_config.0.ephemeral_storage_local_ssd_config.#": "0",
                            "node_config.0.fast_socket.#": "0",
                            "node_config.0.gcfs_config.#": "0",
                            "node_config.0.guest_accelerator.#": "0",
                            "node_config.0.gvnic.#": "0",
                            "node_config.0.host_maintenance_policy.#": "0",
                            "node_config.0.image_type": "COS_CONTAINERD",
                            "node_config.0.kubelet_config.#": "0",
                            "node_config.0.labels.%": "1",
                            "node_config.0.labels.resource-domain": "gtfsrtv3",
                            "node_config.0.linux_node_config.#": "0",
                            "node_config.0.local_nvme_ssd_block_config.#": "0",
                            "node_config.0.local_ssd_count": "0",
                            "node_config.0.local_ssd_encryption_mode": "",
                            "node_config.0.logging_variant": "DEFAULT",
                            "node_config.0.machine_type": "c2-standard-4",
                            "node_config.0.metadata.%": "1",
                            "node_config.0.metadata.disable-legacy-endpoints": "true",
                            "node_config.0.min_cpu_platform": "",
                            "node_config.0.node_group": "",
                            "node_config.0.oauth_scopes.#": "6",
                            "node_config.0.oauth_scopes.0": "https://www.googleapis.com/auth/devstorage.read_only",
                            "node_config.0.oauth_scopes.1": "https://www.googleapis.com/auth/logging.write",
                            "node_config.0.oauth_scopes.2": "https://www.googleapis.com/auth/monitoring",
                            "node_config.0.oauth_scopes.3": "https://www.googleapis.com/auth/service.management.readonly",
                            "node_config.0.oauth_scopes.4": "https://www.googleapis.com/auth/servicecontrol",
                            "node_config.0.oauth_scopes.5": "https://www.googleapis.com/auth/trace.append",
                            "node_config.0.preemptible": "false",
                            "node_config.0.reservation_affinity.#": "0",
                            "node_config.0.resource_labels.%": "0",
                            "node_config.0.resource_manager_tags.%": "0",
                            "node_config.0.secondary_boot_disks.#": "0",
                            "node_config.0.service_account": "default",
                            "node_config.0.shielded_instance_config.#": "1",
                            "node_config.0.shielded_instance_config.0.enable_integrity_monitoring": "true",
                            "node_config.0.shielded_instance_config.0.enable_secure_boot": "false",
                            "node_config.0.sole_tenant_config.#": "0",
                            "node_config.0.spot": "false",
                            "node_config.0.storage_pools.#": "0",
                            "node_config.0.tags.#": "0",
                            "node_config.0.taint.#": "0",
                            "node_config.0.workload_metadata_config.#": "0",
                            "node_count": "1",
                            "node_locations.#": "3",
                            "node_locations.0": "us-west1-a",
                            "node_locations.1": "us-west1-b",
                            "node_locations.2": "us-west1-c",
                            "project": "cal-itp-data-infra",
                            "upgrade_settings.#": "1",
                            "upgrade_settings.0.blue_green_settings.#": "0",
                            "upgrade_settings.0.max_surge": "1",
                            "upgrade_settings.0.max_unavailable": "0",
                            "upgrade_settings.0.strategy": "SURGE",
                            "version": "1.30.5-gke.1699000"
                        },
                        "meta": {
                            "schema_version": 1
                        },
                        "tainted": false
                    },
                    "deposed": [],
                    "provider": "provider.google"
                },
                "google_container_node_pool.tfer--data-infra-apps_jobs-v1": {
                    "type": "google_container_node_pool",
                    "depends_on": [],
                    "primary": {
                        "id": "us-west1/data-infra-apps/jobs-v1",
                        "attributes": {
                            "autoscaling.#": "1",
                            "autoscaling.0.location_policy": "BALANCED",
                            "autoscaling.0.max_node_count": "3",
                            "autoscaling.0.min_node_count": "1",
                            "autoscaling.0.total_max_node_count": "0",
                            "autoscaling.0.total_min_node_count": "0",
                            "cluster": "data-infra-apps",
                            "id": "us-west1/data-infra-apps/jobs-v1",
                            "initial_node_count": "1",
                            "instance_group_urls.#": "3",
                            "instance_group_urls.0": "https://www.googleapis.com/compute/v1/projects/cal-itp-data-infra/zones/us-west1-a/instanceGroupManagers/gke-data-infra-apps-jobs-v1-cd18666b-grp",
                            "instance_group_urls.1": "https://www.googleapis.com/compute/v1/projects/cal-itp-data-infra/zones/us-west1-b/instanceGroupManagers/gke-data-infra-apps-jobs-v1-8eec22fb-grp",
                            "instance_group_urls.2": "https://www.googleapis.com/compute/v1/projects/cal-itp-data-infra/zones/us-west1-c/instanceGroupManagers/gke-data-infra-apps-jobs-v1-625ec063-grp",
                            "location": "us-west1",
                            "managed_instance_group_urls.#": "3",
                            "managed_instance_group_urls.0": "https://www.googleapis.com/compute/v1/projects/cal-itp-data-infra/zones/us-west1-a/instanceGroups/gke-data-infra-apps-jobs-v1-cd18666b-grp",
                            "managed_instance_group_urls.1": "https://www.googleapis.com/compute/v1/projects/cal-itp-data-infra/zones/us-west1-b/instanceGroups/gke-data-infra-apps-jobs-v1-8eec22fb-grp",
                            "managed_instance_group_urls.2": "https://www.googleapis.com/compute/v1/projects/cal-itp-data-infra/zones/us-west1-c/instanceGroups/gke-data-infra-apps-jobs-v1-625ec063-grp",
                            "management.#": "1",
                            "management.0.auto_repair": "true",
                            "management.0.auto_upgrade": "true",
                            "max_pods_per_node": "110",
                            "name": "jobs-v1",
                            "name_prefix": "",
                            "network_config.#": "1",
                            "network_config.0.additional_node_network_configs.#": "0",
                            "network_config.0.additional_pod_network_configs.#": "0",
                            "network_config.0.create_pod_range": "false",
                            "network_config.0.enable_private_nodes": "false",
                            "network_config.0.network_performance_config.#": "0",
                            "network_config.0.pod_cidr_overprovision_config.#": "0",
                            "network_config.0.pod_ipv4_cidr_block": "10.96.0.0/14",
                            "network_config.0.pod_range": "gke-data-infra-apps-pods-0fe1e974",
                            "node_config.#": "1",
                            "node_config.0.advanced_machine_features.#": "0",
                            "node_config.0.boot_disk_kms_key": "",
                            "node_config.0.confidential_nodes.#": "0",
                            "node_config.0.containerd_config.#": "0",
                            "node_config.0.disk_size_gb": "100",
                            "node_config.0.disk_type": "pd-standard",
                            "node_config.0.effective_taints.#": "1",
                            "node_config.0.effective_taints.0.effect": "NO_SCHEDULE",
                            "node_config.0.effective_taints.0.key": "pod-role",
                            "node_config.0.effective_taints.0.value": "computetask",
                            "node_config.0.enable_confidential_storage": "false",
                            "node_config.0.ephemeral_storage_local_ssd_config.#": "0",
                            "node_config.0.fast_socket.#": "0",
                            "node_config.0.gcfs_config.#": "0",
                            "node_config.0.guest_accelerator.#": "0",
                            "node_config.0.gvnic.#": "0",
                            "node_config.0.host_maintenance_policy.#": "0",
                            "node_config.0.image_type": "COS_CONTAINERD",
                            "node_config.0.kubelet_config.#": "0",
                            "node_config.0.labels.%": "1",
                            "node_config.0.labels.pod-role": "computetask",
                            "node_config.0.linux_node_config.#": "0",
                            "node_config.0.local_nvme_ssd_block_config.#": "0",
                            "node_config.0.local_ssd_count": "0",
                            "node_config.0.local_ssd_encryption_mode": "",
                            "node_config.0.logging_variant": "DEFAULT",
                            "node_config.0.machine_type": "c2-standard-4",
                            "node_config.0.metadata.%": "1",
                            "node_config.0.metadata.disable-legacy-endpoints": "true",
                            "node_config.0.min_cpu_platform": "",
                            "node_config.0.node_group": "",
                            "node_config.0.oauth_scopes.#": "6",
                            "node_config.0.oauth_scopes.0": "https://www.googleapis.com/auth/devstorage.read_only",
                            "node_config.0.oauth_scopes.1": "https://www.googleapis.com/auth/logging.write",
                            "node_config.0.oauth_scopes.2": "https://www.googleapis.com/auth/monitoring",
                            "node_config.0.oauth_scopes.3": "https://www.googleapis.com/auth/service.management.readonly",
                            "node_config.0.oauth_scopes.4": "https://www.googleapis.com/auth/servicecontrol",
                            "node_config.0.oauth_scopes.5": "https://www.googleapis.com/auth/trace.append",
                            "node_config.0.preemptible": "false",
                            "node_config.0.reservation_affinity.#": "0",
                            "node_config.0.resource_labels.%": "0",
                            "node_config.0.resource_manager_tags.%": "0",
                            "node_config.0.secondary_boot_disks.#": "0",
                            "node_config.0.service_account": "default",
                            "node_config.0.shielded_instance_config.#": "1",
                            "node_config.0.shielded_instance_config.0.enable_integrity_monitoring": "true",
                            "node_config.0.shielded_instance_config.0.enable_secure_boot": "false",
                            "node_config.0.sole_tenant_config.#": "0",
                            "node_config.0.spot": "false",
                            "node_config.0.storage_pools.#": "0",
                            "node_config.0.tags.#": "0",
                            "node_config.0.taint.#": "0",
                            "node_config.0.workload_metadata_config.#": "0",
                            "node_count": "1",
                            "node_locations.#": "3",
                            "node_locations.0": "us-west1-a",
                            "node_locations.1": "us-west1-b",
                            "node_locations.2": "us-west1-c",
                            "project": "cal-itp-data-infra",
                            "upgrade_settings.#": "1",
                            "upgrade_settings.0.blue_green_settings.#": "0",
                            "upgrade_settings.0.max_surge": "1",
                            "upgrade_settings.0.max_unavailable": "0",
                            "upgrade_settings.0.strategy": "SURGE",
                            "version": "1.30.5-gke.1699000"
                        },
                        "meta": {
                            "schema_version": 1
                        },
                        "tainted": false
                    },
                    "deposed": [],
                    "provider": "provider.google"
                },
                "google_container_node_pool.tfer--data-infra-apps_jupyterhub-users": {
                    "type": "google_container_node_pool",
                    "depends_on": [],
                    "primary": {
                        "id": "us-west1/data-infra-apps/jupyterhub-users",
                        "attributes": {
                            "autoscaling.#": "1",
                            "autoscaling.0.location_policy": "BALANCED",
                            "autoscaling.0.max_node_count": "0",
                            "autoscaling.0.min_node_count": "0",
                            "autoscaling.0.total_max_node_count": "12",
                            "autoscaling.0.total_min_node_count": "6",
                            "cluster": "data-infra-apps",
                            "id": "us-west1/data-infra-apps/jupyterhub-users",
                            "initial_node_count": "2",
                            "instance_group_urls.#": "3",
                            "instance_group_urls.0": "https://www.googleapis.com/compute/v1/projects/cal-itp-data-infra/zones/us-west1-a/instanceGroupManagers/gke-data-infra-apps-jupyterhub-users-b57e08f4-grp",
                            "instance_group_urls.1": "https://www.googleapis.com/compute/v1/projects/cal-itp-data-infra/zones/us-west1-b/instanceGroupManagers/gke-data-infra-apps-jupyterhub-users-dddc57ff-grp",
                            "instance_group_urls.2": "https://www.googleapis.com/compute/v1/projects/cal-itp-data-infra/zones/us-west1-c/instanceGroupManagers/gke-data-infra-apps-jupyterhub-users-6aa76dbb-grp",
                            "location": "us-west1",
                            "managed_instance_group_urls.#": "3",
                            "managed_instance_group_urls.0": "https://www.googleapis.com/compute/v1/projects/cal-itp-data-infra/zones/us-west1-a/instanceGroups/gke-data-infra-apps-jupyterhub-users-b57e08f4-grp",
                            "managed_instance_group_urls.1": "https://www.googleapis.com/compute/v1/projects/cal-itp-data-infra/zones/us-west1-b/instanceGroups/gke-data-infra-apps-jupyterhub-users-dddc57ff-grp",
                            "managed_instance_group_urls.2": "https://www.googleapis.com/compute/v1/projects/cal-itp-data-infra/zones/us-west1-c/instanceGroups/gke-data-infra-apps-jupyterhub-users-6aa76dbb-grp",
                            "management.#": "1",
                            "management.0.auto_repair": "true",
                            "management.0.auto_upgrade": "true",
                            "max_pods_per_node": "110",
                            "name": "jupyterhub-users",
                            "name_prefix": "",
                            "network_config.#": "1",
                            "network_config.0.additional_node_network_configs.#": "0",
                            "network_config.0.additional_pod_network_configs.#": "0",
                            "network_config.0.create_pod_range": "false",
                            "network_config.0.enable_private_nodes": "false",
                            "network_config.0.network_performance_config.#": "0",
                            "network_config.0.pod_cidr_overprovision_config.#": "0",
                            "network_config.0.pod_ipv4_cidr_block": "10.96.0.0/14",
                            "network_config.0.pod_range": "gke-data-infra-apps-pods-0fe1e974",
                            "node_config.#": "1",
                            "node_config.0.advanced_machine_features.#": "0",
                            "node_config.0.boot_disk_kms_key": "",
                            "node_config.0.confidential_nodes.#": "0",
                            "node_config.0.containerd_config.#": "0",
                            "node_config.0.disk_size_gb": "100",
                            "node_config.0.disk_type": "pd-standard",
                            "node_config.0.effective_taints.#": "1",
                            "node_config.0.effective_taints.0.effect": "NO_SCHEDULE",
                            "node_config.0.effective_taints.0.key": "hub.jupyter.org/dedicated",
                            "node_config.0.effective_taints.0.value": "user",
                            "node_config.0.enable_confidential_storage": "false",
                            "node_config.0.ephemeral_storage_local_ssd_config.#": "0",
                            "node_config.0.fast_socket.#": "0",
                            "node_config.0.gcfs_config.#": "0",
                            "node_config.0.guest_accelerator.#": "0",
                            "node_config.0.gvnic.#": "0",
                            "node_config.0.host_maintenance_policy.#": "0",
                            "node_config.0.image_type": "COS_CONTAINERD",
                            "node_config.0.kubelet_config.#": "0",
                            "node_config.0.labels.%": "1",
                            "node_config.0.labels.hub.jupyter.org/node-purpose": "user",
                            "node_config.0.linux_node_config.#": "0",
                            "node_config.0.local_nvme_ssd_block_config.#": "0",
                            "node_config.0.local_ssd_count": "0",
                            "node_config.0.local_ssd_encryption_mode": "",
                            "node_config.0.logging_variant": "DEFAULT",
                            "node_config.0.machine_type": "e2-highmem-2",
                            "node_config.0.metadata.%": "1",
                            "node_config.0.metadata.disable-legacy-endpoints": "true",
                            "node_config.0.min_cpu_platform": "",
                            "node_config.0.node_group": "",
                            "node_config.0.oauth_scopes.#": "6",
                            "node_config.0.oauth_scopes.0": "https://www.googleapis.com/auth/devstorage.read_only",
                            "node_config.0.oauth_scopes.1": "https://www.googleapis.com/auth/logging.write",
                            "node_config.0.oauth_scopes.2": "https://www.googleapis.com/auth/monitoring",
                            "node_config.0.oauth_scopes.3": "https://www.googleapis.com/auth/service.management.readonly",
                            "node_config.0.oauth_scopes.4": "https://www.googleapis.com/auth/servicecontrol",
                            "node_config.0.oauth_scopes.5": "https://www.googleapis.com/auth/trace.append",
                            "node_config.0.preemptible": "false",
                            "node_config.0.reservation_affinity.#": "0",
                            "node_config.0.resource_labels.%": "0",
                            "node_config.0.resource_manager_tags.%": "0",
                            "node_config.0.secondary_boot_disks.#": "0",
                            "node_config.0.service_account": "default",
                            "node_config.0.shielded_instance_config.#": "1",
                            "node_config.0.shielded_instance_config.0.enable_integrity_monitoring": "true",
                            "node_config.0.shielded_instance_config.0.enable_secure_boot": "false",
                            "node_config.0.sole_tenant_config.#": "0",
                            "node_config.0.spot": "false",
                            "node_config.0.storage_pools.#": "0",
                            "node_config.0.tags.#": "0",
                            "node_config.0.taint.#": "0",
                            "node_config.0.workload_metadata_config.#": "0",
                            "node_count": "2",
                            "node_locations.#": "3",
                            "node_locations.0": "us-west1-a",
                            "node_locations.1": "us-west1-b",
                            "node_locations.2": "us-west1-c",
                            "project": "cal-itp-data-infra",
                            "upgrade_settings.#": "1",
                            "upgrade_settings.0.blue_green_settings.#": "0",
                            "upgrade_settings.0.max_surge": "1",
                            "upgrade_settings.0.max_unavailable": "0",
                            "upgrade_settings.0.strategy": "SURGE",
                            "version": "1.30.5-gke.1699000"
                        },
                        "meta": {
                            "schema_version": 1
                        },
                        "tainted": false
                    },
                    "deposed": [],
                    "provider": "provider.google"
                }
            },
            "depends_on": []
        }
    ]
}
