{
  "version": 4,
  "terraform_version": "1.10.5",
  "serial": 2,
  "lineage": "464e2b74-1cf0-53e5-4f9e-23880930adb5",
  "outputs": {
    "google_compute_disk_tfer--us-west1-a-002F-gke-data-infra-apps-0f-pvc-2a93aefe-28c7-46ba-93f2-a86ff6f4aafa_self_link": {
      "value": "https://www.googleapis.com/compute/v1/projects/cal-itp-data-infra/zones/us-west1-a/disks/gke-data-infra-apps-0f-pvc-2a93aefe-28c7-46ba-93f2-a86ff6f4aafa",
      "type": "string"
    },
    "google_compute_disk_tfer--us-west1-a-002F-gke-data-infra-apps-0f-pvc-2df32811-310a-4273-9369-0cf65e9d514e_self_link": {
      "value": "https://www.googleapis.com/compute/v1/projects/cal-itp-data-infra/zones/us-west1-a/disks/gke-data-infra-apps-0f-pvc-2df32811-310a-4273-9369-0cf65e9d514e",
      "type": "string"
    },
    "google_compute_disk_tfer--us-west1-a-002F-gke-data-infra-apps-0f-pvc-3bba6b29-5241-41ff-81a2-8a38b8ba7593_self_link": {
      "value": "https://www.googleapis.com/compute/v1/projects/cal-itp-data-infra/zones/us-west1-a/disks/gke-data-infra-apps-0f-pvc-3bba6b29-5241-41ff-81a2-8a38b8ba7593",
      "type": "string"
    },
    "google_compute_disk_tfer--us-west1-a-002F-gke-data-infra-apps-0f-pvc-3d587612-adf4-4ab3-b30e-9409486d22c6_self_link": {
      "value": "https://www.googleapis.com/compute/v1/projects/cal-itp-data-infra/zones/us-west1-a/disks/gke-data-infra-apps-0f-pvc-3d587612-adf4-4ab3-b30e-9409486d22c6",
      "type": "string"
    },
    "google_compute_disk_tfer--us-west1-a-002F-gke-data-infra-apps-0f-pvc-5155c951-748b-4f8a-ad98-8629bc1573d4_self_link": {
      "value": "https://www.googleapis.com/compute/v1/projects/cal-itp-data-infra/zones/us-west1-a/disks/gke-data-infra-apps-0f-pvc-5155c951-748b-4f8a-ad98-8629bc1573d4",
      "type": "string"
    },
    "google_compute_disk_tfer--us-west1-a-002F-gke-data-infra-apps-0f-pvc-6b64b50a-58a6-4a4e-aabf-2c4f235c6d83_self_link": {
      "value": "https://www.googleapis.com/compute/v1/projects/cal-itp-data-infra/zones/us-west1-a/disks/gke-data-infra-apps-0f-pvc-6b64b50a-58a6-4a4e-aabf-2c4f235c6d83",
      "type": "string"
    },
    "google_compute_disk_tfer--us-west1-a-002F-gke-data-infra-apps-0f-pvc-7526a8e0-c331-40e9-9f3d-edada78927f3_self_link": {
      "value": "https://www.googleapis.com/compute/v1/projects/cal-itp-data-infra/zones/us-west1-a/disks/gke-data-infra-apps-0f-pvc-7526a8e0-c331-40e9-9f3d-edada78927f3",
      "type": "string"
    },
    "google_compute_disk_tfer--us-west1-a-002F-gke-data-infra-apps-0f-pvc-97d95db4-2b75-4c66-b548-6df3e4ff5503_self_link": {
      "value": "https://www.googleapis.com/compute/v1/projects/cal-itp-data-infra/zones/us-west1-a/disks/gke-data-infra-apps-0f-pvc-97d95db4-2b75-4c66-b548-6df3e4ff5503",
      "type": "string"
    },
    "google_compute_disk_tfer--us-west1-a-002F-gke-data-infra-apps-0f-pvc-b2ded399-2acb-46c7-97ba-b842f30bf19b_self_link": {
      "value": "https://www.googleapis.com/compute/v1/projects/cal-itp-data-infra/zones/us-west1-a/disks/gke-data-infra-apps-0f-pvc-b2ded399-2acb-46c7-97ba-b842f30bf19b",
      "type": "string"
    },
    "google_compute_disk_tfer--us-west1-a-002F-gke-data-infra-apps-0f-pvc-e06770ed-a26e-4870-a40f-2741eead8318_self_link": {
      "value": "https://www.googleapis.com/compute/v1/projects/cal-itp-data-infra/zones/us-west1-a/disks/gke-data-infra-apps-0f-pvc-e06770ed-a26e-4870-a40f-2741eead8318",
      "type": "string"
    },
    "google_compute_disk_tfer--us-west1-a-002F-gke-data-infra-apps-0f-pvc-e3fce3a0-6b39-4a23-b9b3-6f099c1e4152_self_link": {
      "value": "https://www.googleapis.com/compute/v1/projects/cal-itp-data-infra/zones/us-west1-a/disks/gke-data-infra-apps-0f-pvc-e3fce3a0-6b39-4a23-b9b3-6f099c1e4152",
      "type": "string"
    },
    "google_compute_disk_tfer--us-west1-a-002F-gke-data-infra-apps-0f-pvc-e97e933f-a97d-408e-afa7-e031986063c1_self_link": {
      "value": "https://www.googleapis.com/compute/v1/projects/cal-itp-data-infra/zones/us-west1-a/disks/gke-data-infra-apps-0f-pvc-e97e933f-a97d-408e-afa7-e031986063c1",
      "type": "string"
    },
    "google_compute_disk_tfer--us-west1-a-002F-gke-data-infra-apps-apps-v2-2729c0c0-v3px_self_link": {
      "value": "https://www.googleapis.com/compute/v1/projects/cal-itp-data-infra/zones/us-west1-a/disks/gke-data-infra-apps-apps-v2-2729c0c0-v3px",
      "type": "string"
    },
    "google_compute_disk_tfer--us-west1-a-002F-gke-data-infra-apps-gtfsrt-v4-2a13e092-n53e_self_link": {
      "value": "https://www.googleapis.com/compute/v1/projects/cal-itp-data-infra/zones/us-west1-a/disks/gke-data-infra-apps-gtfsrt-v4-2a13e092-n53e",
      "type": "string"
    },
    "google_compute_disk_tfer--us-west1-a-002F-gke-data-infra-apps-gtfsrt-v4-2a13e092-s9i5_self_link": {
      "value": "https://www.googleapis.com/compute/v1/projects/cal-itp-data-infra/zones/us-west1-a/disks/gke-data-infra-apps-gtfsrt-v4-2a13e092-s9i5",
      "type": "string"
    },
    "google_compute_disk_tfer--us-west1-a-002F-gke-data-infra-apps-jobs-v1-cd18666b-ygrz_self_link": {
      "value": "https://www.googleapis.com/compute/v1/projects/cal-itp-data-infra/zones/us-west1-a/disks/gke-data-infra-apps-jobs-v1-cd18666b-ygrz",
      "type": "string"
    },
    "google_compute_disk_tfer--us-west1-a-002F-pvc-39448e03-f6dd-4cd1-88ee-030e9a4c6864_self_link": {
      "value": "https://www.googleapis.com/compute/v1/projects/cal-itp-data-infra/zones/us-west1-a/disks/pvc-39448e03-f6dd-4cd1-88ee-030e9a4c6864",
      "type": "string"
    },
    "google_compute_disk_tfer--us-west1-a-002F-pvc-a5b1d3cd-ad12-405c-ab13-687bced0ff1e_self_link": {
      "value": "https://www.googleapis.com/compute/v1/projects/cal-itp-data-infra/zones/us-west1-a/disks/pvc-a5b1d3cd-ad12-405c-ab13-687bced0ff1e",
      "type": "string"
    },
    "google_compute_disk_tfer--us-west1-a-002F-pvc-bd1e9f34-09a4-4b74-8b70-ec0991eab635_self_link": {
      "value": "https://www.googleapis.com/compute/v1/projects/cal-itp-data-infra/zones/us-west1-a/disks/pvc-bd1e9f34-09a4-4b74-8b70-ec0991eab635",
      "type": "string"
    },
    "google_compute_disk_tfer--us-west1-a-002F-pvc-c5a1db47-2181-432e-8fb4-081420b87c0a_self_link": {
      "value": "https://www.googleapis.com/compute/v1/projects/cal-itp-data-infra/zones/us-west1-a/disks/pvc-c5a1db47-2181-432e-8fb4-081420b87c0a",
      "type": "string"
    },
    "google_compute_disk_tfer--us-west1-a-002F-pvc-c7a31ebc-2f7e-40c0-a468-dd6a35c5809e_self_link": {
      "value": "https://www.googleapis.com/compute/v1/projects/cal-itp-data-infra/zones/us-west1-a/disks/pvc-c7a31ebc-2f7e-40c0-a468-dd6a35c5809e",
      "type": "string"
    },
    "google_compute_disk_tfer--us-west1-a-002F-pvc-d7742e0a-a969-458c-a91a-7af8f49f6472_self_link": {
      "value": "https://www.googleapis.com/compute/v1/projects/cal-itp-data-infra/zones/us-west1-a/disks/pvc-d7742e0a-a969-458c-a91a-7af8f49f6472",
      "type": "string"
    },
    "google_compute_disk_tfer--us-west1-b-002F-gke-data-infra-apps-0f-pvc-16a68482-25de-4d96-9e3b-3cfd0db3e368_self_link": {
      "value": "https://www.googleapis.com/compute/v1/projects/cal-itp-data-infra/zones/us-west1-b/disks/gke-data-infra-apps-0f-pvc-16a68482-25de-4d96-9e3b-3cfd0db3e368",
      "type": "string"
    },
    "google_compute_disk_tfer--us-west1-b-002F-gke-data-infra-apps-0f-pvc-3265ecbf-c279-4cc3-8e67-f98174ad19e9_self_link": {
      "value": "https://www.googleapis.com/compute/v1/projects/cal-itp-data-infra/zones/us-west1-b/disks/gke-data-infra-apps-0f-pvc-3265ecbf-c279-4cc3-8e67-f98174ad19e9",
      "type": "string"
    },
    "google_compute_disk_tfer--us-west1-b-002F-gke-data-infra-apps-0f-pvc-53c7e604-a011-419d-96eb-429b7c2b8c70_self_link": {
      "value": "https://www.googleapis.com/compute/v1/projects/cal-itp-data-infra/zones/us-west1-b/disks/gke-data-infra-apps-0f-pvc-53c7e604-a011-419d-96eb-429b7c2b8c70",
      "type": "string"
    },
    "google_compute_disk_tfer--us-west1-b-002F-gke-data-infra-apps-0f-pvc-88d137db-2ba6-4aa6-b94d-2d5f77714c7c_self_link": {
      "value": "https://www.googleapis.com/compute/v1/projects/cal-itp-data-infra/zones/us-west1-b/disks/gke-data-infra-apps-0f-pvc-88d137db-2ba6-4aa6-b94d-2d5f77714c7c",
      "type": "string"
    },
    "google_compute_disk_tfer--us-west1-b-002F-gke-data-infra-apps-0f-pvc-bd2749b9-7e64-4991-83e4-9b694beac49b_self_link": {
      "value": "https://www.googleapis.com/compute/v1/projects/cal-itp-data-infra/zones/us-west1-b/disks/gke-data-infra-apps-0f-pvc-bd2749b9-7e64-4991-83e4-9b694beac49b",
      "type": "string"
    },
    "google_compute_disk_tfer--us-west1-b-002F-gke-data-infra-apps-0f-pvc-c9e0b814-b6ad-4a2a-903a-1357d22f0640_self_link": {
      "value": "https://www.googleapis.com/compute/v1/projects/cal-itp-data-infra/zones/us-west1-b/disks/gke-data-infra-apps-0f-pvc-c9e0b814-b6ad-4a2a-903a-1357d22f0640",
      "type": "string"
    },
    "google_compute_disk_tfer--us-west1-b-002F-gke-data-infra-apps-0f-pvc-cd04012e-8535-4d35-b3b6-16f2750b2fb9_self_link": {
      "value": "https://www.googleapis.com/compute/v1/projects/cal-itp-data-infra/zones/us-west1-b/disks/gke-data-infra-apps-0f-pvc-cd04012e-8535-4d35-b3b6-16f2750b2fb9",
      "type": "string"
    },
    "google_compute_disk_tfer--us-west1-b-002F-gke-data-infra-apps-0f-pvc-e936ca8a-3a35-4308-ac51-ade47e24d8ea_self_link": {
      "value": "https://www.googleapis.com/compute/v1/projects/cal-itp-data-infra/zones/us-west1-b/disks/gke-data-infra-apps-0f-pvc-e936ca8a-3a35-4308-ac51-ade47e24d8ea",
      "type": "string"
    },
    "google_compute_disk_tfer--us-west1-b-002F-gke-data-infra-apps-0f-pvc-eece374b-c967-4bcd-b32f-504b4718d5e7_self_link": {
      "value": "https://www.googleapis.com/compute/v1/projects/cal-itp-data-infra/zones/us-west1-b/disks/gke-data-infra-apps-0f-pvc-eece374b-c967-4bcd-b32f-504b4718d5e7",
      "type": "string"
    },
    "google_compute_disk_tfer--us-west1-b-002F-gke-data-infra-apps-apps-v2-0dfb61fb-5kvg_self_link": {
      "value": "https://www.googleapis.com/compute/v1/projects/cal-itp-data-infra/zones/us-west1-b/disks/gke-data-infra-apps-apps-v2-0dfb61fb-5kvg",
      "type": "string"
    },
    "google_compute_disk_tfer--us-west1-b-002F-gke-data-infra-apps-gtfsrt-v4-b003cc53-b7vi_self_link": {
      "value": "https://www.googleapis.com/compute/v1/projects/cal-itp-data-infra/zones/us-west1-b/disks/gke-data-infra-apps-gtfsrt-v4-b003cc53-b7vi",
      "type": "string"
    },
    "google_compute_disk_tfer--us-west1-b-002F-gke-data-infra-apps-jobs-v1-8eec22fb-aazx_self_link": {
      "value": "https://www.googleapis.com/compute/v1/projects/cal-itp-data-infra/zones/us-west1-b/disks/gke-data-infra-apps-jobs-v1-8eec22fb-aazx",
      "type": "string"
    },
    "google_compute_disk_tfer--us-west1-b-002F-gke-data-infra-apps-jupyterhub-users-dddc57ff-cbrw_self_link": {
      "value": "https://www.googleapis.com/compute/v1/projects/cal-itp-data-infra/zones/us-west1-b/disks/gke-data-infra-apps-jupyterhub-users-dddc57ff-cbrw",
      "type": "string"
    },
    "google_compute_disk_tfer--us-west1-b-002F-pvc-51920f4f-17fb-4119-88d3-7ab7946939c9_self_link": {
      "value": "https://www.googleapis.com/compute/v1/projects/cal-itp-data-infra/zones/us-west1-b/disks/pvc-51920f4f-17fb-4119-88d3-7ab7946939c9",
      "type": "string"
    },
    "google_compute_disk_tfer--us-west1-b-002F-pvc-56236315-a154-4f43-b3f0-8bb7915da9e4_self_link": {
      "value": "https://www.googleapis.com/compute/v1/projects/cal-itp-data-infra/zones/us-west1-b/disks/pvc-56236315-a154-4f43-b3f0-8bb7915da9e4",
      "type": "string"
    },
    "google_compute_disk_tfer--us-west1-b-002F-pvc-8ae88cc0-46d6-4dbd-b554-ebb1fd75df28_self_link": {
      "value": "https://www.googleapis.com/compute/v1/projects/cal-itp-data-infra/zones/us-west1-b/disks/pvc-8ae88cc0-46d6-4dbd-b554-ebb1fd75df28",
      "type": "string"
    },
    "google_compute_disk_tfer--us-west1-b-002F-pvc-b75ef8be-704f-4c95-b75f-8b75e7f8216e_self_link": {
      "value": "https://www.googleapis.com/compute/v1/projects/cal-itp-data-infra/zones/us-west1-b/disks/pvc-b75ef8be-704f-4c95-b75f-8b75e7f8216e",
      "type": "string"
    },
    "google_compute_disk_tfer--us-west1-b-002F-pvc-b9f30810-bebd-43b6-81d1-cb17699cd116_self_link": {
      "value": "https://www.googleapis.com/compute/v1/projects/cal-itp-data-infra/zones/us-west1-b/disks/pvc-b9f30810-bebd-43b6-81d1-cb17699cd116",
      "type": "string"
    },
    "google_compute_disk_tfer--us-west1-b-002F-pvc-bf1cfbb8-d529-4199-a4c1-2f83e4369a21_self_link": {
      "value": "https://www.googleapis.com/compute/v1/projects/cal-itp-data-infra/zones/us-west1-b/disks/pvc-bf1cfbb8-d529-4199-a4c1-2f83e4369a21",
      "type": "string"
    },
    "google_compute_disk_tfer--us-west1-b-002F-pvc-cb1787db-828d-4577-8d5b-35e46c43f3a7_self_link": {
      "value": "https://www.googleapis.com/compute/v1/projects/cal-itp-data-infra/zones/us-west1-b/disks/pvc-cb1787db-828d-4577-8d5b-35e46c43f3a7",
      "type": "string"
    },
    "google_compute_disk_tfer--us-west1-b-002F-pvc-f4d846de-ac9f-402c-a213-d175e8a78161_self_link": {
      "value": "https://www.googleapis.com/compute/v1/projects/cal-itp-data-infra/zones/us-west1-b/disks/pvc-f4d846de-ac9f-402c-a213-d175e8a78161",
      "type": "string"
    },
    "google_compute_disk_tfer--us-west1-c-002F-gke-data-infra-apps-0f-pvc-1e3b74fe-ca10-4d96-8c33-b1ec0c0f3ef1_self_link": {
      "value": "https://www.googleapis.com/compute/v1/projects/cal-itp-data-infra/zones/us-west1-c/disks/gke-data-infra-apps-0f-pvc-1e3b74fe-ca10-4d96-8c33-b1ec0c0f3ef1",
      "type": "string"
    },
    "google_compute_disk_tfer--us-west1-c-002F-gke-data-infra-apps-0f-pvc-4abf7dc1-3ee1-4a8d-9ae5-5818998838bd_self_link": {
      "value": "https://www.googleapis.com/compute/v1/projects/cal-itp-data-infra/zones/us-west1-c/disks/gke-data-infra-apps-0f-pvc-4abf7dc1-3ee1-4a8d-9ae5-5818998838bd",
      "type": "string"
    },
    "google_compute_disk_tfer--us-west1-c-002F-gke-data-infra-apps-0f-pvc-537c2c55-3c90-44db-a36d-6bd4a4b0ebc2_self_link": {
      "value": "https://www.googleapis.com/compute/v1/projects/cal-itp-data-infra/zones/us-west1-c/disks/gke-data-infra-apps-0f-pvc-537c2c55-3c90-44db-a36d-6bd4a4b0ebc2",
      "type": "string"
    },
    "google_compute_disk_tfer--us-west1-c-002F-gke-data-infra-apps-0f-pvc-5a9722fe-da89-48b2-a633-3bd3f4e8ab78_self_link": {
      "value": "https://www.googleapis.com/compute/v1/projects/cal-itp-data-infra/zones/us-west1-c/disks/gke-data-infra-apps-0f-pvc-5a9722fe-da89-48b2-a633-3bd3f4e8ab78",
      "type": "string"
    },
    "google_compute_disk_tfer--us-west1-c-002F-gke-data-infra-apps-0f-pvc-5dd43bea-6458-469b-8148-0fcd1a4f1317_self_link": {
      "value": "https://www.googleapis.com/compute/v1/projects/cal-itp-data-infra/zones/us-west1-c/disks/gke-data-infra-apps-0f-pvc-5dd43bea-6458-469b-8148-0fcd1a4f1317",
      "type": "string"
    },
    "google_compute_disk_tfer--us-west1-c-002F-gke-data-infra-apps-0f-pvc-5f1039b1-f4bb-48e0-b925-0b9f4936b92c_self_link": {
      "value": "https://www.googleapis.com/compute/v1/projects/cal-itp-data-infra/zones/us-west1-c/disks/gke-data-infra-apps-0f-pvc-5f1039b1-f4bb-48e0-b925-0b9f4936b92c",
      "type": "string"
    },
    "google_compute_disk_tfer--us-west1-c-002F-gke-data-infra-apps-0f-pvc-6d2d7ce8-56d1-45bc-bd6a-9b0a70c4c697_self_link": {
      "value": "https://www.googleapis.com/compute/v1/projects/cal-itp-data-infra/zones/us-west1-c/disks/gke-data-infra-apps-0f-pvc-6d2d7ce8-56d1-45bc-bd6a-9b0a70c4c697",
      "type": "string"
    },
    "google_compute_disk_tfer--us-west1-c-002F-gke-data-infra-apps-0f-pvc-780faa09-e65d-46f6-8809-6d69eaa6073f_self_link": {
      "value": "https://www.googleapis.com/compute/v1/projects/cal-itp-data-infra/zones/us-west1-c/disks/gke-data-infra-apps-0f-pvc-780faa09-e65d-46f6-8809-6d69eaa6073f",
      "type": "string"
    },
    "google_compute_disk_tfer--us-west1-c-002F-gke-data-infra-apps-0f-pvc-789ca26b-60f7-4b82-ba71-63b519969b5a_self_link": {
      "value": "https://www.googleapis.com/compute/v1/projects/cal-itp-data-infra/zones/us-west1-c/disks/gke-data-infra-apps-0f-pvc-789ca26b-60f7-4b82-ba71-63b519969b5a",
      "type": "string"
    },
    "google_compute_disk_tfer--us-west1-c-002F-gke-data-infra-apps-0f-pvc-7f5d3f75-5bdd-430d-a47b-d9111ae2d66b_self_link": {
      "value": "https://www.googleapis.com/compute/v1/projects/cal-itp-data-infra/zones/us-west1-c/disks/gke-data-infra-apps-0f-pvc-7f5d3f75-5bdd-430d-a47b-d9111ae2d66b",
      "type": "string"
    },
    "google_compute_disk_tfer--us-west1-c-002F-gke-data-infra-apps-0f-pvc-8e1af0b5-de26-4747-93b8-2f1bcd6f9c1b_self_link": {
      "value": "https://www.googleapis.com/compute/v1/projects/cal-itp-data-infra/zones/us-west1-c/disks/gke-data-infra-apps-0f-pvc-8e1af0b5-de26-4747-93b8-2f1bcd6f9c1b",
      "type": "string"
    },
    "google_compute_disk_tfer--us-west1-c-002F-gke-data-infra-apps-0f-pvc-998826b4-8586-42ac-b030-874e1c622155_self_link": {
      "value": "https://www.googleapis.com/compute/v1/projects/cal-itp-data-infra/zones/us-west1-c/disks/gke-data-infra-apps-0f-pvc-998826b4-8586-42ac-b030-874e1c622155",
      "type": "string"
    },
    "google_compute_disk_tfer--us-west1-c-002F-gke-data-infra-apps-0f-pvc-9b28062d-4fd5-40de-b406-057aa3722b1a_self_link": {
      "value": "https://www.googleapis.com/compute/v1/projects/cal-itp-data-infra/zones/us-west1-c/disks/gke-data-infra-apps-0f-pvc-9b28062d-4fd5-40de-b406-057aa3722b1a",
      "type": "string"
    },
    "google_compute_disk_tfer--us-west1-c-002F-gke-data-infra-apps-0f-pvc-a2132b96-edf4-4249-83e0-40a615961c37_self_link": {
      "value": "https://www.googleapis.com/compute/v1/projects/cal-itp-data-infra/zones/us-west1-c/disks/gke-data-infra-apps-0f-pvc-a2132b96-edf4-4249-83e0-40a615961c37",
      "type": "string"
    },
    "google_compute_disk_tfer--us-west1-c-002F-gke-data-infra-apps-0f-pvc-da85fe84-416e-4013-8253-d01d82ebaf2d_self_link": {
      "value": "https://www.googleapis.com/compute/v1/projects/cal-itp-data-infra/zones/us-west1-c/disks/gke-data-infra-apps-0f-pvc-da85fe84-416e-4013-8253-d01d82ebaf2d",
      "type": "string"
    },
    "google_compute_disk_tfer--us-west1-c-002F-gke-data-infra-apps-0f-pvc-e0a4118c-165d-4187-8ff4-95f01a6b95e1_self_link": {
      "value": "https://www.googleapis.com/compute/v1/projects/cal-itp-data-infra/zones/us-west1-c/disks/gke-data-infra-apps-0f-pvc-e0a4118c-165d-4187-8ff4-95f01a6b95e1",
      "type": "string"
    },
    "google_compute_disk_tfer--us-west1-c-002F-gke-data-infra-apps-0f-pvc-fd2ef2a6-9c8c-4715-abe6-94795af047db_self_link": {
      "value": "https://www.googleapis.com/compute/v1/projects/cal-itp-data-infra/zones/us-west1-c/disks/gke-data-infra-apps-0f-pvc-fd2ef2a6-9c8c-4715-abe6-94795af047db",
      "type": "string"
    },
    "google_compute_disk_tfer--us-west1-c-002F-gke-data-infra-apps-apps-v2-24a4cc95-bdau_self_link": {
      "value": "https://www.googleapis.com/compute/v1/projects/cal-itp-data-infra/zones/us-west1-c/disks/gke-data-infra-apps-apps-v2-24a4cc95-bdau",
      "type": "string"
    },
    "google_compute_disk_tfer--us-west1-c-002F-gke-data-infra-apps-apps-v2-24a4cc95-xdkc_self_link": {
      "value": "https://www.googleapis.com/compute/v1/projects/cal-itp-data-infra/zones/us-west1-c/disks/gke-data-infra-apps-apps-v2-24a4cc95-xdkc",
      "type": "string"
    },
    "google_compute_disk_tfer--us-west1-c-002F-gke-data-infra-apps-gtfsrt-v4-7577d4d7-lz65_self_link": {
      "value": "https://www.googleapis.com/compute/v1/projects/cal-itp-data-infra/zones/us-west1-c/disks/gke-data-infra-apps-gtfsrt-v4-7577d4d7-lz65",
      "type": "string"
    },
    "google_compute_disk_tfer--us-west1-c-002F-gke-data-infra-apps-jobs-v1-625ec063-5q8v_self_link": {
      "value": "https://www.googleapis.com/compute/v1/projects/cal-itp-data-infra/zones/us-west1-c/disks/gke-data-infra-apps-jobs-v1-625ec063-5q8v",
      "type": "string"
    },
    "google_compute_disk_tfer--us-west1-c-002F-gke-data-infra-apps-jupyterhub-users-6aa76dbb-b03b_self_link": {
      "value": "https://www.googleapis.com/compute/v1/projects/cal-itp-data-infra/zones/us-west1-c/disks/gke-data-infra-apps-jupyterhub-users-6aa76dbb-b03b",
      "type": "string"
    },
    "google_compute_disk_tfer--us-west1-c-002F-gke-data-infra-apps-jupyterhub-users-6aa76dbb-fk7x_self_link": {
      "value": "https://www.googleapis.com/compute/v1/projects/cal-itp-data-infra/zones/us-west1-c/disks/gke-data-infra-apps-jupyterhub-users-6aa76dbb-fk7x",
      "type": "string"
    },
    "google_compute_disk_tfer--us-west1-c-002F-gke-data-infra-apps-jupyterhub-users-6aa76dbb-juyr_self_link": {
      "value": "https://www.googleapis.com/compute/v1/projects/cal-itp-data-infra/zones/us-west1-c/disks/gke-data-infra-apps-jupyterhub-users-6aa76dbb-juyr",
      "type": "string"
    },
    "google_compute_disk_tfer--us-west1-c-002F-pvc-32c3a666-3ae5-4cfc-8129-84f571239f42_self_link": {
      "value": "https://www.googleapis.com/compute/v1/projects/cal-itp-data-infra/zones/us-west1-c/disks/pvc-32c3a666-3ae5-4cfc-8129-84f571239f42",
      "type": "string"
    },
    "google_compute_disk_tfer--us-west1-c-002F-pvc-3fb43fc4-3b64-478a-aca4-87ab2f21c969_self_link": {
      "value": "https://www.googleapis.com/compute/v1/projects/cal-itp-data-infra/zones/us-west1-c/disks/pvc-3fb43fc4-3b64-478a-aca4-87ab2f21c969",
      "type": "string"
    },
    "google_compute_disk_tfer--us-west1-c-002F-pvc-41ab9b2e-5c2d-4ce7-8581-60808f17a720_self_link": {
      "value": "https://www.googleapis.com/compute/v1/projects/cal-itp-data-infra/zones/us-west1-c/disks/pvc-41ab9b2e-5c2d-4ce7-8581-60808f17a720",
      "type": "string"
    },
    "google_compute_disk_tfer--us-west1-c-002F-pvc-4c20f5a4-a28e-430e-b7f3-43c7d9d7f03f_self_link": {
      "value": "https://www.googleapis.com/compute/v1/projects/cal-itp-data-infra/zones/us-west1-c/disks/pvc-4c20f5a4-a28e-430e-b7f3-43c7d9d7f03f",
      "type": "string"
    },
    "google_compute_disk_tfer--us-west1-c-002F-pvc-51ff509f-72b2-46d8-9467-4fea927ba042_self_link": {
      "value": "https://www.googleapis.com/compute/v1/projects/cal-itp-data-infra/zones/us-west1-c/disks/pvc-51ff509f-72b2-46d8-9467-4fea927ba042",
      "type": "string"
    },
    "google_compute_disk_tfer--us-west1-c-002F-pvc-a2132f03-9613-4f28-8a87-157d93e7b5e9_self_link": {
      "value": "https://www.googleapis.com/compute/v1/projects/cal-itp-data-infra/zones/us-west1-c/disks/pvc-a2132f03-9613-4f28-8a87-157d93e7b5e9",
      "type": "string"
    },
    "google_compute_disk_tfer--us-west1-c-002F-pvc-c27aa4d3-2472-4d81-916c-668a4c3e4828_self_link": {
      "value": "https://www.googleapis.com/compute/v1/projects/cal-itp-data-infra/zones/us-west1-c/disks/pvc-c27aa4d3-2472-4d81-916c-668a4c3e4828",
      "type": "string"
    },
    "google_compute_disk_tfer--us-west1-c-002F-pvc-d18eba0e-6dbc-4f9f-a543-61770e61aefe_self_link": {
      "value": "https://www.googleapis.com/compute/v1/projects/cal-itp-data-infra/zones/us-west1-c/disks/pvc-d18eba0e-6dbc-4f9f-a543-61770e61aefe",
      "type": "string"
    },
    "google_compute_disk_tfer--us-west2-a-002F-gke-us-west2-calitp-ai-pvc-544d90c0-5c8e-4c46-bbc0-2666f0037678_self_link": {
      "value": "https://www.googleapis.com/compute/v1/projects/cal-itp-data-infra/zones/us-west2-a/disks/gke-us-west2-calitp-ai-pvc-544d90c0-5c8e-4c46-bbc0-2666f0037678",
      "type": "string"
    },
    "google_compute_disk_tfer--us-west2-a-002F-gke-us-west2-calitp-ai-pvc-60bf5634-5335-4812-a5fd-fa35dfef3267_self_link": {
      "value": "https://www.googleapis.com/compute/v1/projects/cal-itp-data-infra/zones/us-west2-a/disks/gke-us-west2-calitp-ai-pvc-60bf5634-5335-4812-a5fd-fa35dfef3267",
      "type": "string"
    },
    "google_compute_disk_tfer--us-west2-a-002F-gke-us-west2-calitp-ai-pvc-74f6d8c4-8ef8-4519-b72f-7da8c079dcfb_self_link": {
      "value": "https://www.googleapis.com/compute/v1/projects/cal-itp-data-infra/zones/us-west2-a/disks/gke-us-west2-calitp-ai-pvc-74f6d8c4-8ef8-4519-b72f-7da8c079dcfb",
      "type": "string"
    },
    "google_compute_disk_tfer--us-west2-b-002F-pvc-f4d9e2dd-2fc3-4fac-8ba0-cd8b9043c3a1_self_link": {
      "value": "https://www.googleapis.com/compute/v1/projects/cal-itp-data-infra/zones/us-west2-b/disks/pvc-f4d9e2dd-2fc3-4fac-8ba0-cd8b9043c3a1",
      "type": "string"
    }
  },
  "resources": [
    {
      "mode": "managed",
      "type": "google_compute_disk",
      "name": "tfer--us-west1-a-002F-gke-data-infra-apps-0f-pvc-2a93aefe-28c7-46ba-93f2-a86ff6f4aafa",
      "provider": "provider[\"registry.terraform.io/hashicorp/google\"]",
      "instances": [
        {
          "schema_version": 0,
          "attributes_flat": {
            "creation_timestamp": "2022-08-04T10:38:35.947-07:00",
            "description": "{\"kubernetes.io/created-for/pv/name\":\"pvc-2a93aefe-28c7-46ba-93f2-a86ff6f4aafa\",\"kubernetes.io/created-for/pvc/name\":\"claim-katrinamkaiser\",\"kubernetes.io/created-for/pvc/namespace\":\"jupyterhub\"}",
            "disk_encryption_key.#": "0",
            "id": "us-west1-a/gke-data-infra-apps-0f-pvc-2a93aefe-28c7-46ba-93f2-a86ff6f4aafa",
            "image": "",
            "label_fingerprint": "2UCnGaScDgQ=",
            "labels.%": "6",
            "labels.goog-gke-cluster-id-base32": "b7q6s5ghvzbrxcigz62lkdgeeggldd76ipme2xfbzcvpmcrghpqq",
            "labels.goog-gke-cost-management": "",
            "labels.goog-gke-volume": "",
            "labels.goog-k8s-cluster-location": "us-west1",
            "labels.goog-k8s-cluster-name": "data-infra-apps",
            "labels.goog-k8s-node-pool-name": "jupyterhub-users",
            "last_attach_timestamp": "2024-12-13T15:21:18.457-08:00",
            "last_detach_timestamp": "2024-12-13T17:36:49.140-08:00",
            "name": "gke-data-infra-apps-0f-pvc-2a93aefe-28c7-46ba-93f2-a86ff6f4aafa",
            "physical_block_size_bytes": "4096",
            "project": "cal-itp-data-infra",
            "provisioned_iops": "0",
            "self_link": "https://www.googleapis.com/compute/v1/projects/cal-itp-data-infra/zones/us-west1-a/disks/gke-data-infra-apps-0f-pvc-2a93aefe-28c7-46ba-93f2-a86ff6f4aafa",
            "size": "100",
            "snapshot": "",
            "source_disk": "",
            "source_disk_id": "",
            "source_image_encryption_key.#": "0",
            "source_image_id": "",
            "source_snapshot_encryption_key.#": "0",
            "source_snapshot_id": "",
            "type": "pd-standard",
            "users.#": "0",
            "zone": "us-west1-a"
          },
          "sensitive_attributes": []
        }
      ]
    },
    {
      "mode": "managed",
      "type": "google_compute_disk",
      "name": "tfer--us-west1-a-002F-gke-data-infra-apps-0f-pvc-2df32811-310a-4273-9369-0cf65e9d514e",
      "provider": "provider[\"registry.terraform.io/hashicorp/google\"]",
      "instances": [
        {
          "schema_version": 0,
          "attributes_flat": {
            "creation_timestamp": "2023-02-07T08:52:06.186-08:00",
            "description": "{\"kubernetes.io/created-for/pv/name\":\"pvc-2df32811-310a-4273-9369-0cf65e9d514e\",\"kubernetes.io/created-for/pvc/name\":\"data-postgresql-0\",\"kubernetes.io/created-for/pvc/namespace\":\"monitoring-grafana\"}",
            "disk_encryption_key.#": "0",
            "id": "us-west1-a/gke-data-infra-apps-0f-pvc-2df32811-310a-4273-9369-0cf65e9d514e",
            "image": "",
            "label_fingerprint": "QzZ6pdJJwQ0=",
            "labels.%": "6",
            "labels.goog-gke-cluster-id-base32": "b7q6s5ghvzbrxcigz62lkdgeeggldd76ipme2xfbzcvpmcrghpqq",
            "labels.goog-gke-cost-management": "",
            "labels.goog-gke-volume": "",
            "labels.goog-k8s-cluster-location": "us-west1",
            "labels.goog-k8s-cluster-name": "data-infra-apps",
            "labels.goog-k8s-node-pool-name": "apps-v2",
            "last_attach_timestamp": "2025-02-08T03:50:48.141-08:00",
            "last_detach_timestamp": "2025-02-08T03:50:43.713-08:00",
            "name": "gke-data-infra-apps-0f-pvc-2df32811-310a-4273-9369-0cf65e9d514e",
            "physical_block_size_bytes": "4096",
            "project": "cal-itp-data-infra",
            "provisioned_iops": "0",
            "self_link": "https://www.googleapis.com/compute/v1/projects/cal-itp-data-infra/zones/us-west1-a/disks/gke-data-infra-apps-0f-pvc-2df32811-310a-4273-9369-0cf65e9d514e",
            "size": "8",
            "snapshot": "",
            "source_disk": "",
            "source_disk_id": "",
            "source_image_encryption_key.#": "0",
            "source_image_id": "",
            "source_snapshot_encryption_key.#": "0",
            "source_snapshot_id": "",
            "type": "pd-standard",
            "users.#": "1",
            "users.0": "https://www.googleapis.com/compute/v1/projects/cal-itp-data-infra/zones/us-west1-a/instances/gke-data-infra-apps-apps-v2-2729c0c0-v3px",
            "zone": "us-west1-a"
          },
          "sensitive_attributes": []
        }
      ]
    },
    {
      "mode": "managed",
      "type": "google_compute_disk",
      "name": "tfer--us-west1-a-002F-gke-data-infra-apps-0f-pvc-3bba6b29-5241-41ff-81a2-8a38b8ba7593",
      "provider": "provider[\"registry.terraform.io/hashicorp/google\"]",
      "instances": [
        {
          "schema_version": 0,
          "attributes_flat": {
            "creation_timestamp": "2023-02-06T10:01:53.033-08:00",
            "description": "{\"kubernetes.io/created-for/pv/name\":\"pvc-3bba6b29-5241-41ff-81a2-8a38b8ba7593\",\"kubernetes.io/created-for/pvc/name\":\"grafana\",\"kubernetes.io/created-for/pvc/namespace\":\"monitoring-grafana\"}",
            "disk_encryption_key.#": "0",
            "id": "us-west1-a/gke-data-infra-apps-0f-pvc-3bba6b29-5241-41ff-81a2-8a38b8ba7593",
            "image": "",
            "label_fingerprint": "QzZ6pdJJwQ0=",
            "labels.%": "6",
            "labels.goog-gke-cluster-id-base32": "b7q6s5ghvzbrxcigz62lkdgeeggldd76ipme2xfbzcvpmcrghpqq",
            "labels.goog-gke-cost-management": "",
            "labels.goog-gke-volume": "",
            "labels.goog-k8s-cluster-location": "us-west1",
            "labels.goog-k8s-cluster-name": "data-infra-apps",
            "labels.goog-k8s-node-pool-name": "apps-v2",
            "last_attach_timestamp": "2025-02-08T03:50:43.686-08:00",
            "last_detach_timestamp": "2025-02-08T03:50:39.988-08:00",
            "name": "gke-data-infra-apps-0f-pvc-3bba6b29-5241-41ff-81a2-8a38b8ba7593",
            "physical_block_size_bytes": "4096",
            "project": "cal-itp-data-infra",
            "provisioned_iops": "0",
            "self_link": "https://www.googleapis.com/compute/v1/projects/cal-itp-data-infra/zones/us-west1-a/disks/gke-data-infra-apps-0f-pvc-3bba6b29-5241-41ff-81a2-8a38b8ba7593",
            "size": "10",
            "snapshot": "",
            "source_disk": "",
            "source_disk_id": "",
            "source_image_encryption_key.#": "0",
            "source_image_id": "",
            "source_snapshot_encryption_key.#": "0",
            "source_snapshot_id": "",
            "type": "pd-standard",
            "users.#": "1",
            "users.0": "https://www.googleapis.com/compute/v1/projects/cal-itp-data-infra/zones/us-west1-a/instances/gke-data-infra-apps-apps-v2-2729c0c0-v3px",
            "zone": "us-west1-a"
          },
          "sensitive_attributes": []
        }
      ]
    },
    {
      "mode": "managed",
      "type": "google_compute_disk",
      "name": "tfer--us-west1-a-002F-gke-data-infra-apps-0f-pvc-3d587612-adf4-4ab3-b30e-9409486d22c6",
      "provider": "provider[\"registry.terraform.io/hashicorp/google\"]",
      "instances": [
        {
          "schema_version": 0,
          "attributes_flat": {
            "creation_timestamp": "2021-09-21T05:57:17.418-07:00",
            "description": "{\"kubernetes.io/created-for/pv/name\":\"pvc-3d587612-adf4-4ab3-b30e-9409486d22c6\",\"kubernetes.io/created-for/pvc/name\":\"claim-bill\",\"kubernetes.io/created-for/pvc/namespace\":\"jupyterhub\"}",
            "disk_encryption_key.#": "0",
            "id": "us-west1-a/gke-data-infra-apps-0f-pvc-3d587612-adf4-4ab3-b30e-9409486d22c6",
            "image": "",
            "label_fingerprint": "nT7_dAxskBs=",
            "labels.%": "1",
            "labels.goog-gke-volume": "",
            "last_attach_timestamp": "2021-09-21T05:57:21.820-07:00",
            "last_detach_timestamp": "2021-09-21T06:01:47.884-07:00",
            "name": "gke-data-infra-apps-0f-pvc-3d587612-adf4-4ab3-b30e-9409486d22c6",
            "physical_block_size_bytes": "4096",
            "project": "cal-itp-data-infra",
            "provisioned_iops": "0",
            "self_link": "https://www.googleapis.com/compute/v1/projects/cal-itp-data-infra/zones/us-west1-a/disks/gke-data-infra-apps-0f-pvc-3d587612-adf4-4ab3-b30e-9409486d22c6",
            "size": "10",
            "snapshot": "",
            "source_disk": "",
            "source_disk_id": "",
            "source_image_encryption_key.#": "0",
            "source_image_id": "",
            "source_snapshot_encryption_key.#": "0",
            "source_snapshot_id": "",
            "type": "pd-standard",
            "users.#": "0",
            "zone": "us-west1-a"
          },
          "sensitive_attributes": []
        }
      ]
    },
    {
      "mode": "managed",
      "type": "google_compute_disk",
      "name": "tfer--us-west1-a-002F-gke-data-infra-apps-0f-pvc-5155c951-748b-4f8a-ad98-8629bc1573d4",
      "provider": "provider[\"registry.terraform.io/hashicorp/google\"]",
      "instances": [
        {
          "schema_version": 0,
          "attributes_flat": {
            "creation_timestamp": "2022-09-26T10:47:16.228-07:00",
            "description": "{\"kubernetes.io/created-for/pv/name\":\"pvc-5155c951-748b-4f8a-ad98-8629bc1573d4\",\"kubernetes.io/created-for/pvc/name\":\"sentry-clickhouse-data-sentry-clickhouse-1\",\"kubernetes.io/created-for/pvc/namespace\":\"sentry\"}",
            "disk_encryption_key.#": "0",
            "id": "us-west1-a/gke-data-infra-apps-0f-pvc-5155c951-748b-4f8a-ad98-8629bc1573d4",
            "image": "",
            "label_fingerprint": "nT7_dAxskBs=",
            "labels.%": "1",
            "labels.goog-gke-volume": "",
            "last_attach_timestamp": "2023-02-28T03:41:42.140-08:00",
            "last_detach_timestamp": "2023-03-14T13:45:20.236-07:00",
            "name": "gke-data-infra-apps-0f-pvc-5155c951-748b-4f8a-ad98-8629bc1573d4",
            "physical_block_size_bytes": "4096",
            "project": "cal-itp-data-infra",
            "provisioned_iops": "0",
            "self_link": "https://www.googleapis.com/compute/v1/projects/cal-itp-data-infra/zones/us-west1-a/disks/gke-data-infra-apps-0f-pvc-5155c951-748b-4f8a-ad98-8629bc1573d4",
            "size": "30",
            "snapshot": "",
            "source_disk": "",
            "source_disk_id": "",
            "source_image_encryption_key.#": "0",
            "source_image_id": "",
            "source_snapshot_encryption_key.#": "0",
            "source_snapshot_id": "",
            "type": "pd-standard",
            "users.#": "0",
            "zone": "us-west1-a"
          },
          "sensitive_attributes": []
        }
      ]
    },
    {
      "mode": "managed",
      "type": "google_compute_disk",
      "name": "tfer--us-west1-a-002F-gke-data-infra-apps-0f-pvc-6b64b50a-58a6-4a4e-aabf-2c4f235c6d83",
      "provider": "provider[\"registry.terraform.io/hashicorp/google\"]",
      "instances": [
        {
          "schema_version": 0,
          "attributes_flat": {
            "creation_timestamp": "2022-02-23T10:30:48.492-08:00",
            "description": "{\"kubernetes.io/created-for/pv/name\":\"pvc-6b64b50a-58a6-4a4e-aabf-2c4f235c6d83\",\"kubernetes.io/created-for/pvc/name\":\"prometheus-alertmanager\",\"kubernetes.io/created-for/pvc/namespace\":\"monitoring-prometheus\"}",
            "disk_encryption_key.#": "0",
            "id": "us-west1-a/gke-data-infra-apps-0f-pvc-6b64b50a-58a6-4a4e-aabf-2c4f235c6d83",
            "image": "",
            "label_fingerprint": "QzZ6pdJJwQ0=",
            "labels.%": "6",
            "labels.goog-gke-cluster-id-base32": "b7q6s5ghvzbrxcigz62lkdgeeggldd76ipme2xfbzcvpmcrghpqq",
            "labels.goog-gke-cost-management": "",
            "labels.goog-gke-volume": "",
            "labels.goog-k8s-cluster-location": "us-west1",
            "labels.goog-k8s-cluster-name": "data-infra-apps",
            "labels.goog-k8s-node-pool-name": "apps-v2",
            "last_attach_timestamp": "2025-02-08T03:51:05.092-08:00",
            "last_detach_timestamp": "2025-02-08T03:50:56.706-08:00",
            "name": "gke-data-infra-apps-0f-pvc-6b64b50a-58a6-4a4e-aabf-2c4f235c6d83",
            "physical_block_size_bytes": "4096",
            "project": "cal-itp-data-infra",
            "provisioned_iops": "0",
            "self_link": "https://www.googleapis.com/compute/v1/projects/cal-itp-data-infra/zones/us-west1-a/disks/gke-data-infra-apps-0f-pvc-6b64b50a-58a6-4a4e-aabf-2c4f235c6d83",
            "size": "10",
            "snapshot": "",
            "source_disk": "",
            "source_disk_id": "",
            "source_image_encryption_key.#": "0",
            "source_image_id": "",
            "source_snapshot_encryption_key.#": "0",
            "source_snapshot_id": "",
            "type": "pd-standard",
            "users.#": "1",
            "users.0": "https://www.googleapis.com/compute/v1/projects/cal-itp-data-infra/zones/us-west1-a/instances/gke-data-infra-apps-apps-v2-2729c0c0-v3px",
            "zone": "us-west1-a"
          },
          "sensitive_attributes": []
        }
      ]
    },
    {
      "mode": "managed",
      "type": "google_compute_disk",
      "name": "tfer--us-west1-a-002F-gke-data-infra-apps-0f-pvc-7526a8e0-c331-40e9-9f3d-edada78927f3",
      "provider": "provider[\"registry.terraform.io/hashicorp/google\"]",
      "instances": [
        {
          "schema_version": 0,
          "attributes_flat": {
            "creation_timestamp": "2022-09-26T10:48:22.311-07:00",
            "description": "{\"kubernetes.io/created-for/pv/name\":\"pvc-7526a8e0-c331-40e9-9f3d-edada78927f3\",\"kubernetes.io/created-for/pvc/name\":\"data-sentry-rabbitmq-1\",\"kubernetes.io/created-for/pvc/namespace\":\"sentry\"}",
            "disk_encryption_key.#": "0",
            "id": "us-west1-a/gke-data-infra-apps-0f-pvc-7526a8e0-c331-40e9-9f3d-edada78927f3",
            "image": "",
            "label_fingerprint": "QzZ6pdJJwQ0=",
            "labels.%": "6",
            "labels.goog-gke-cluster-id-base32": "b7q6s5ghvzbrxcigz62lkdgeeggldd76ipme2xfbzcvpmcrghpqq",
            "labels.goog-gke-cost-management": "",
            "labels.goog-gke-volume": "",
            "labels.goog-k8s-cluster-location": "us-west1",
            "labels.goog-k8s-cluster-name": "data-infra-apps",
            "labels.goog-k8s-node-pool-name": "apps-v2",
            "last_attach_timestamp": "2025-02-08T03:51:05.094-08:00",
            "last_detach_timestamp": "2025-02-08T03:50:56.714-08:00",
            "name": "gke-data-infra-apps-0f-pvc-7526a8e0-c331-40e9-9f3d-edada78927f3",
            "physical_block_size_bytes": "4096",
            "project": "cal-itp-data-infra",
            "provisioned_iops": "0",
            "self_link": "https://www.googleapis.com/compute/v1/projects/cal-itp-data-infra/zones/us-west1-a/disks/gke-data-infra-apps-0f-pvc-7526a8e0-c331-40e9-9f3d-edada78927f3",
            "size": "8",
            "snapshot": "",
            "source_disk": "",
            "source_disk_id": "",
            "source_image_encryption_key.#": "0",
            "source_image_id": "",
            "source_snapshot_encryption_key.#": "0",
            "source_snapshot_id": "",
            "type": "pd-standard",
            "users.#": "1",
            "users.0": "https://www.googleapis.com/compute/v1/projects/cal-itp-data-infra/zones/us-west1-a/instances/gke-data-infra-apps-apps-v2-2729c0c0-v3px",
            "zone": "us-west1-a"
          },
          "sensitive_attributes": []
        }
      ]
    },
    {
      "mode": "managed",
      "type": "google_compute_disk",
      "name": "tfer--us-west1-a-002F-gke-data-infra-apps-0f-pvc-97d95db4-2b75-4c66-b548-6df3e4ff5503",
      "provider": "provider[\"registry.terraform.io/hashicorp/google\"]",
      "instances": [
        {
          "schema_version": 0,
          "attributes_flat": {
            "creation_timestamp": "2022-09-26T10:47:15.938-07:00",
            "description": "{\"kubernetes.io/created-for/pv/name\":\"pvc-97d95db4-2b75-4c66-b548-6df3e4ff5503\",\"kubernetes.io/created-for/pvc/name\":\"data-sentry-kafka-0\",\"kubernetes.io/created-for/pvc/namespace\":\"sentry\"}",
            "disk_encryption_key.#": "0",
            "id": "us-west1-a/gke-data-infra-apps-0f-pvc-97d95db4-2b75-4c66-b548-6df3e4ff5503",
            "image": "",
            "label_fingerprint": "QzZ6pdJJwQ0=",
            "labels.%": "6",
            "labels.goog-gke-cluster-id-base32": "b7q6s5ghvzbrxcigz62lkdgeeggldd76ipme2xfbzcvpmcrghpqq",
            "labels.goog-gke-cost-management": "",
            "labels.goog-gke-volume": "",
            "labels.goog-k8s-cluster-location": "us-west1",
            "labels.goog-k8s-cluster-name": "data-infra-apps",
            "labels.goog-k8s-node-pool-name": "apps-v2",
            "last_attach_timestamp": "2025-02-08T03:51:05.097-08:00",
            "last_detach_timestamp": "2025-02-08T03:51:01.127-08:00",
            "name": "gke-data-infra-apps-0f-pvc-97d95db4-2b75-4c66-b548-6df3e4ff5503",
            "physical_block_size_bytes": "4096",
            "project": "cal-itp-data-infra",
            "provisioned_iops": "0",
            "self_link": "https://www.googleapis.com/compute/v1/projects/cal-itp-data-infra/zones/us-west1-a/disks/gke-data-infra-apps-0f-pvc-97d95db4-2b75-4c66-b548-6df3e4ff5503",
            "size": "16",
            "snapshot": "",
            "source_disk": "",
            "source_disk_id": "",
            "source_image_encryption_key.#": "0",
            "source_image_id": "",
            "source_snapshot_encryption_key.#": "0",
            "source_snapshot_id": "",
            "type": "pd-standard",
            "users.#": "1",
            "users.0": "https://www.googleapis.com/compute/v1/projects/cal-itp-data-infra/zones/us-west1-a/instances/gke-data-infra-apps-apps-v2-2729c0c0-v3px",
            "zone": "us-west1-a"
          },
          "sensitive_attributes": []
        }
      ]
    },
    {
      "mode": "managed",
      "type": "google_compute_disk",
      "name": "tfer--us-west1-a-002F-gke-data-infra-apps-0f-pvc-b2ded399-2acb-46c7-97ba-b842f30bf19b",
      "provider": "provider[\"registry.terraform.io/hashicorp/google\"]",
      "instances": [
        {
          "schema_version": 0,
          "attributes_flat": {
            "creation_timestamp": "2022-09-26T10:47:16.514-07:00",
            "description": "{\"kubernetes.io/created-for/pv/name\":\"pvc-b2ded399-2acb-46c7-97ba-b842f30bf19b\",\"kubernetes.io/created-for/pvc/name\":\"data-sentry-zookeeper-0\",\"kubernetes.io/created-for/pvc/namespace\":\"sentry\"}",
            "disk_encryption_key.#": "0",
            "id": "us-west1-a/gke-data-infra-apps-0f-pvc-b2ded399-2acb-46c7-97ba-b842f30bf19b",
            "image": "",
            "label_fingerprint": "QzZ6pdJJwQ0=",
            "labels.%": "6",
            "labels.goog-gke-cluster-id-base32": "b7q6s5ghvzbrxcigz62lkdgeeggldd76ipme2xfbzcvpmcrghpqq",
            "labels.goog-gke-cost-management": "",
            "labels.goog-gke-volume": "",
            "labels.goog-k8s-cluster-location": "us-west1",
            "labels.goog-k8s-cluster-name": "data-infra-apps",
            "labels.goog-k8s-node-pool-name": "apps-v2",
            "last_attach_timestamp": "2025-02-08T03:50:48.196-08:00",
            "last_detach_timestamp": "2025-02-08T03:50:43.706-08:00",
            "name": "gke-data-infra-apps-0f-pvc-b2ded399-2acb-46c7-97ba-b842f30bf19b",
            "physical_block_size_bytes": "4096",
            "project": "cal-itp-data-infra",
            "provisioned_iops": "0",
            "self_link": "https://www.googleapis.com/compute/v1/projects/cal-itp-data-infra/zones/us-west1-a/disks/gke-data-infra-apps-0f-pvc-b2ded399-2acb-46c7-97ba-b842f30bf19b",
            "size": "8",
            "snapshot": "",
            "source_disk": "",
            "source_disk_id": "",
            "source_image_encryption_key.#": "0",
            "source_image_id": "",
            "source_snapshot_encryption_key.#": "0",
            "source_snapshot_id": "",
            "type": "pd-standard",
            "users.#": "1",
            "users.0": "https://www.googleapis.com/compute/v1/projects/cal-itp-data-infra/zones/us-west1-a/instances/gke-data-infra-apps-apps-v2-2729c0c0-v3px",
            "zone": "us-west1-a"
          },
          "sensitive_attributes": []
        }
      ]
    },
    {
      "mode": "managed",
      "type": "google_compute_disk",
      "name": "tfer--us-west1-a-002F-gke-data-infra-apps-0f-pvc-e06770ed-a26e-4870-a40f-2741eead8318",
      "provider": "provider[\"registry.terraform.io/hashicorp/google\"]",
      "instances": [
        {
          "schema_version": 0,
          "attributes_flat": {
            "creation_timestamp": "2022-09-26T10:47:15.884-07:00",
            "description": "{\"kubernetes.io/created-for/pv/name\":\"pvc-e06770ed-a26e-4870-a40f-2741eead8318\",\"kubernetes.io/created-for/pvc/name\":\"redis-data-sentry-sentry-redis-replicas-0\",\"kubernetes.io/created-for/pvc/namespace\":\"sentry\"}",
            "disk_encryption_key.#": "0",
            "id": "us-west1-a/gke-data-infra-apps-0f-pvc-e06770ed-a26e-4870-a40f-2741eead8318",
            "image": "",
            "label_fingerprint": "QzZ6pdJJwQ0=",
            "labels.%": "6",
            "labels.goog-gke-cluster-id-base32": "b7q6s5ghvzbrxcigz62lkdgeeggldd76ipme2xfbzcvpmcrghpqq",
            "labels.goog-gke-cost-management": "",
            "labels.goog-gke-volume": "",
            "labels.goog-k8s-cluster-location": "us-west1",
            "labels.goog-k8s-cluster-name": "data-infra-apps",
            "labels.goog-k8s-node-pool-name": "apps-v2",
            "last_attach_timestamp": "2025-02-08T03:50:48.146-08:00",
            "last_detach_timestamp": "2025-02-08T03:50:43.704-08:00",
            "name": "gke-data-infra-apps-0f-pvc-e06770ed-a26e-4870-a40f-2741eead8318",
            "physical_block_size_bytes": "4096",
            "project": "cal-itp-data-infra",
            "provisioned_iops": "0",
            "self_link": "https://www.googleapis.com/compute/v1/projects/cal-itp-data-infra/zones/us-west1-a/disks/gke-data-infra-apps-0f-pvc-e06770ed-a26e-4870-a40f-2741eead8318",
            "size": "8",
            "snapshot": "",
            "source_disk": "",
            "source_disk_id": "",
            "source_image_encryption_key.#": "0",
            "source_image_id": "",
            "source_snapshot_encryption_key.#": "0",
            "source_snapshot_id": "",
            "type": "pd-standard",
            "users.#": "1",
            "users.0": "https://www.googleapis.com/compute/v1/projects/cal-itp-data-infra/zones/us-west1-a/instances/gke-data-infra-apps-apps-v2-2729c0c0-v3px",
            "zone": "us-west1-a"
          },
          "sensitive_attributes": []
        }
      ]
    },
    {
      "mode": "managed",
      "type": "google_compute_disk",
      "name": "tfer--us-west1-a-002F-gke-data-infra-apps-0f-pvc-e3fce3a0-6b39-4a23-b9b3-6f099c1e4152",
      "provider": "provider[\"registry.terraform.io/hashicorp/google\"]",
      "instances": [
        {
          "schema_version": 0,
          "attributes_flat": {
            "creation_timestamp": "2022-09-26T10:47:15.818-07:00",
            "description": "{\"kubernetes.io/created-for/pv/name\":\"pvc-e3fce3a0-6b39-4a23-b9b3-6f099c1e4152\",\"kubernetes.io/created-for/pvc/name\":\"data-sentry-sentry-postgresql-0\",\"kubernetes.io/created-for/pvc/namespace\":\"sentry\"}",
            "disk_encryption_key.#": "0",
            "id": "us-west1-a/gke-data-infra-apps-0f-pvc-e3fce3a0-6b39-4a23-b9b3-6f099c1e4152",
            "image": "",
            "label_fingerprint": "QzZ6pdJJwQ0=",
            "labels.%": "6",
            "labels.goog-gke-cluster-id-base32": "b7q6s5ghvzbrxcigz62lkdgeeggldd76ipme2xfbzcvpmcrghpqq",
            "labels.goog-gke-cost-management": "",
            "labels.goog-gke-volume": "",
            "labels.goog-k8s-cluster-location": "us-west1",
            "labels.goog-k8s-cluster-name": "data-infra-apps",
            "labels.goog-k8s-node-pool-name": "apps-v2",
            "last_attach_timestamp": "2025-02-08T03:51:05.087-08:00",
            "last_detach_timestamp": "2025-02-08T03:51:01.139-08:00",
            "name": "gke-data-infra-apps-0f-pvc-e3fce3a0-6b39-4a23-b9b3-6f099c1e4152",
            "physical_block_size_bytes": "4096",
            "project": "cal-itp-data-infra",
            "provisioned_iops": "0",
            "self_link": "https://www.googleapis.com/compute/v1/projects/cal-itp-data-infra/zones/us-west1-a/disks/gke-data-infra-apps-0f-pvc-e3fce3a0-6b39-4a23-b9b3-6f099c1e4152",
            "size": "200",
            "snapshot": "",
            "source_disk": "",
            "source_disk_id": "",
            "source_image_encryption_key.#": "0",
            "source_image_id": "",
            "source_snapshot_encryption_key.#": "0",
            "source_snapshot_id": "",
            "type": "pd-standard",
            "users.#": "1",
            "users.0": "https://www.googleapis.com/compute/v1/projects/cal-itp-data-infra/zones/us-west1-a/instances/gke-data-infra-apps-apps-v2-2729c0c0-v3px",
            "zone": "us-west1-a"
          },
          "sensitive_attributes": []
        }
      ]
    },
    {
      "mode": "managed",
      "type": "google_compute_disk",
      "name": "tfer--us-west1-a-002F-gke-data-infra-apps-0f-pvc-e97e933f-a97d-408e-afa7-e031986063c1",
      "provider": "provider[\"registry.terraform.io/hashicorp/google\"]",
      "instances": [
        {
          "schema_version": 0,
          "attributes_flat": {
            "creation_timestamp": "2021-10-12T06:57:33.366-07:00",
            "description": "{\"kubernetes.io/created-for/pv/name\":\"pvc-e97e933f-a97d-408e-afa7-e031986063c1\",\"kubernetes.io/created-for/pvc/name\":\"hub-db-dir\",\"kubernetes.io/created-for/pvc/namespace\":\"jupyterhub\"}",
            "disk_encryption_key.#": "0",
            "id": "us-west1-a/gke-data-infra-apps-0f-pvc-e97e933f-a97d-408e-afa7-e031986063c1",
            "image": "",
            "label_fingerprint": "QzZ6pdJJwQ0=",
            "labels.%": "6",
            "labels.goog-gke-cluster-id-base32": "b7q6s5ghvzbrxcigz62lkdgeeggldd76ipme2xfbzcvpmcrghpqq",
            "labels.goog-gke-cost-management": "",
            "labels.goog-gke-volume": "",
            "labels.goog-k8s-cluster-location": "us-west1",
            "labels.goog-k8s-cluster-name": "data-infra-apps",
            "labels.goog-k8s-node-pool-name": "apps-v2",
            "last_attach_timestamp": "2025-02-08T03:50:53.175-08:00",
            "last_detach_timestamp": "2025-02-08T03:50:50.585-08:00",
            "name": "gke-data-infra-apps-0f-pvc-e97e933f-a97d-408e-afa7-e031986063c1",
            "physical_block_size_bytes": "4096",
            "project": "cal-itp-data-infra",
            "provisioned_iops": "0",
            "self_link": "https://www.googleapis.com/compute/v1/projects/cal-itp-data-infra/zones/us-west1-a/disks/gke-data-infra-apps-0f-pvc-e97e933f-a97d-408e-afa7-e031986063c1",
            "size": "32",
            "snapshot": "",
            "source_disk": "",
            "source_disk_id": "",
            "source_image_encryption_key.#": "0",
            "source_image_id": "",
            "source_snapshot_encryption_key.#": "0",
            "source_snapshot_id": "",
            "type": "pd-standard",
            "users.#": "1",
            "users.0": "https://www.googleapis.com/compute/v1/projects/cal-itp-data-infra/zones/us-west1-a/instances/gke-data-infra-apps-apps-v2-2729c0c0-v3px",
            "zone": "us-west1-a"
          },
          "sensitive_attributes": []
        }
      ]
    },
    {
      "mode": "managed",
      "type": "google_compute_disk",
      "name": "tfer--us-west1-a-002F-gke-data-infra-apps-apps-v2-2729c0c0-v3px",
      "provider": "provider[\"registry.terraform.io/hashicorp/google\"]",
      "instances": [
        {
          "schema_version": 0,
          "attributes_flat": {
            "creation_timestamp": "2025-02-08T03:49:12.191-08:00",
            "description": "",
            "disk_encryption_key.#": "0",
            "id": "us-west1-a/gke-data-infra-apps-apps-v2-2729c0c0-v3px",
            "image": "https://www.googleapis.com/compute/v1/projects/gke-node-images/global/images/gke-1308-gke1128001-cos-113-18244-236-70-c-cgpv1-pre",
            "label_fingerprint": "yWqg49ETEik=",
            "labels.%": "6",
            "labels.goog-gke-cluster-id-base32": "b7q6s5ghvzbrxcigz62lkdgeeggldd76ipme2xfbzcvpmcrghpqq",
            "labels.goog-gke-node": "",
            "labels.goog-gke-volume": "",
            "labels.goog-k8s-cluster-location": "us-west1",
            "labels.goog-k8s-cluster-name": "data-infra-apps",
            "labels.goog-k8s-node-pool-name": "apps-v2",
            "last_attach_timestamp": "2025-02-08T03:49:13.182-08:00",
            "last_detach_timestamp": "",
            "name": "gke-data-infra-apps-apps-v2-2729c0c0-v3px",
            "physical_block_size_bytes": "4096",
            "project": "cal-itp-data-infra",
            "provisioned_iops": "0",
            "self_link": "https://www.googleapis.com/compute/v1/projects/cal-itp-data-infra/zones/us-west1-a/disks/gke-data-infra-apps-apps-v2-2729c0c0-v3px",
            "size": "100",
            "snapshot": "",
            "source_disk": "",
            "source_disk_id": "",
            "source_image_encryption_key.#": "0",
            "source_image_id": "7941437431545325472",
            "source_snapshot_encryption_key.#": "0",
            "source_snapshot_id": "",
            "type": "pd-standard",
            "users.#": "1",
            "users.0": "https://www.googleapis.com/compute/v1/projects/cal-itp-data-infra/zones/us-west1-a/instances/gke-data-infra-apps-apps-v2-2729c0c0-v3px",
            "zone": "us-west1-a"
          },
          "sensitive_attributes": []
        }
      ]
    },
    {
      "mode": "managed",
      "type": "google_compute_disk",
      "name": "tfer--us-west1-a-002F-gke-data-infra-apps-gtfsrt-v4-2a13e092-n53e",
      "provider": "provider[\"registry.terraform.io/hashicorp/google\"]",
      "instances": [
        {
          "schema_version": 0,
          "attributes_flat": {
            "creation_timestamp": "2025-02-09T02:17:26.813-08:00",
            "description": "",
            "disk_encryption_key.#": "0",
            "id": "us-west1-a/gke-data-infra-apps-gtfsrt-v4-2a13e092-n53e",
            "image": "https://www.googleapis.com/compute/v1/projects/gke-node-images/global/images/gke-1308-gke1128001-cos-113-18244-236-70-c-cgpv1-pre",
            "label_fingerprint": "27Y9ApY3V_8=",
            "labels.%": "6",
            "labels.goog-gke-cluster-id-base32": "b7q6s5ghvzbrxcigz62lkdgeeggldd76ipme2xfbzcvpmcrghpqq",
            "labels.goog-gke-node": "",
            "labels.goog-gke-volume": "",
            "labels.goog-k8s-cluster-location": "us-west1",
            "labels.goog-k8s-cluster-name": "data-infra-apps",
            "labels.goog-k8s-node-pool-name": "gtfsrt-v4",
            "last_attach_timestamp": "2025-02-09T02:17:27.942-08:00",
            "last_detach_timestamp": "",
            "name": "gke-data-infra-apps-gtfsrt-v4-2a13e092-n53e",
            "physical_block_size_bytes": "4096",
            "project": "cal-itp-data-infra",
            "provisioned_iops": "0",
            "self_link": "https://www.googleapis.com/compute/v1/projects/cal-itp-data-infra/zones/us-west1-a/disks/gke-data-infra-apps-gtfsrt-v4-2a13e092-n53e",
            "size": "100",
            "snapshot": "",
            "source_disk": "",
            "source_disk_id": "",
            "source_image_encryption_key.#": "0",
            "source_image_id": "7941437431545325472",
            "source_snapshot_encryption_key.#": "0",
            "source_snapshot_id": "",
            "type": "pd-standard",
            "users.#": "1",
            "users.0": "https://www.googleapis.com/compute/v1/projects/cal-itp-data-infra/zones/us-west1-a/instances/gke-data-infra-apps-gtfsrt-v4-2a13e092-n53e",
            "zone": "us-west1-a"
          },
          "sensitive_attributes": []
        }
      ]
    },
    {
      "mode": "managed",
      "type": "google_compute_disk",
      "name": "tfer--us-west1-a-002F-gke-data-infra-apps-gtfsrt-v4-2a13e092-s9i5",
      "provider": "provider[\"registry.terraform.io/hashicorp/google\"]",
      "instances": [
        {
          "schema_version": 0,
          "attributes_flat": {
            "creation_timestamp": "2025-02-09T02:15:11.138-08:00",
            "description": "",
            "disk_encryption_key.#": "0",
            "id": "us-west1-a/gke-data-infra-apps-gtfsrt-v4-2a13e092-s9i5",
            "image": "https://www.googleapis.com/compute/v1/projects/gke-node-images/global/images/gke-1308-gke1128001-cos-113-18244-236-70-c-cgpv1-pre",
            "label_fingerprint": "27Y9ApY3V_8=",
            "labels.%": "6",
            "labels.goog-gke-cluster-id-base32": "b7q6s5ghvzbrxcigz62lkdgeeggldd76ipme2xfbzcvpmcrghpqq",
            "labels.goog-gke-node": "",
            "labels.goog-gke-volume": "",
            "labels.goog-k8s-cluster-location": "us-west1",
            "labels.goog-k8s-cluster-name": "data-infra-apps",
            "labels.goog-k8s-node-pool-name": "gtfsrt-v4",
            "last_attach_timestamp": "2025-02-09T02:15:12.391-08:00",
            "last_detach_timestamp": "",
            "name": "gke-data-infra-apps-gtfsrt-v4-2a13e092-s9i5",
            "physical_block_size_bytes": "4096",
            "project": "cal-itp-data-infra",
            "provisioned_iops": "0",
            "self_link": "https://www.googleapis.com/compute/v1/projects/cal-itp-data-infra/zones/us-west1-a/disks/gke-data-infra-apps-gtfsrt-v4-2a13e092-s9i5",
            "size": "100",
            "snapshot": "",
            "source_disk": "",
            "source_disk_id": "",
            "source_image_encryption_key.#": "0",
            "source_image_id": "7941437431545325472",
            "source_snapshot_encryption_key.#": "0",
            "source_snapshot_id": "",
            "type": "pd-standard",
            "users.#": "1",
            "users.0": "https://www.googleapis.com/compute/v1/projects/cal-itp-data-infra/zones/us-west1-a/instances/gke-data-infra-apps-gtfsrt-v4-2a13e092-s9i5",
            "zone": "us-west1-a"
          },
          "sensitive_attributes": []
        }
      ]
    },
    {
      "mode": "managed",
      "type": "google_compute_disk",
      "name": "tfer--us-west1-a-002F-gke-data-infra-apps-jobs-v1-cd18666b-ygrz",
      "provider": "provider[\"registry.terraform.io/hashicorp/google\"]",
      "instances": [
        {
          "schema_version": 0,
          "attributes_flat": {
            "creation_timestamp": "2025-02-08T04:31:26.800-08:00",
            "description": "",
            "disk_encryption_key.#": "0",
            "id": "us-west1-a/gke-data-infra-apps-jobs-v1-cd18666b-ygrz",
            "image": "https://www.googleapis.com/compute/v1/projects/gke-node-images/global/images/gke-1308-gke1128001-cos-113-18244-236-70-c-cgpv1-pre",
            "label_fingerprint": "kjW0Qwyy2Ig=",
            "labels.%": "6",
            "labels.goog-gke-cluster-id-base32": "b7q6s5ghvzbrxcigz62lkdgeeggldd76ipme2xfbzcvpmcrghpqq",
            "labels.goog-gke-node": "",
            "labels.goog-gke-volume": "",
            "labels.goog-k8s-cluster-location": "us-west1",
            "labels.goog-k8s-cluster-name": "data-infra-apps",
            "labels.goog-k8s-node-pool-name": "jobs-v1",
            "last_attach_timestamp": "2025-02-08T04:31:27.913-08:00",
            "last_detach_timestamp": "",
            "name": "gke-data-infra-apps-jobs-v1-cd18666b-ygrz",
            "physical_block_size_bytes": "4096",
            "project": "cal-itp-data-infra",
            "provisioned_iops": "0",
            "self_link": "https://www.googleapis.com/compute/v1/projects/cal-itp-data-infra/zones/us-west1-a/disks/gke-data-infra-apps-jobs-v1-cd18666b-ygrz",
            "size": "100",
            "snapshot": "",
            "source_disk": "",
            "source_disk_id": "",
            "source_image_encryption_key.#": "0",
            "source_image_id": "7941437431545325472",
            "source_snapshot_encryption_key.#": "0",
            "source_snapshot_id": "",
            "type": "pd-standard",
            "users.#": "1",
            "users.0": "https://www.googleapis.com/compute/v1/projects/cal-itp-data-infra/zones/us-west1-a/instances/gke-data-infra-apps-jobs-v1-cd18666b-ygrz",
            "zone": "us-west1-a"
          },
          "sensitive_attributes": []
        }
      ]
    },
    {
      "mode": "managed",
      "type": "google_compute_disk",
      "name": "tfer--us-west1-a-002F-pvc-39448e03-f6dd-4cd1-88ee-030e9a4c6864",
      "provider": "provider[\"registry.terraform.io/hashicorp/google\"]",
      "instances": [
        {
          "schema_version": 0,
          "attributes_flat": {
            "creation_timestamp": "2024-05-09T09:36:55.276-07:00",
            "description": "{\"kubernetes.io/created-for/pv/name\":\"pvc-39448e03-f6dd-4cd1-88ee-030e9a4c6864\",\"kubernetes.io/created-for/pvc/name\":\"claim-fsalemi\",\"kubernetes.io/created-for/pvc/namespace\":\"jupyterhub\",\"storage.gke.io/created-by\":\"pd.csi.storage.gke.io\"}",
            "disk_encryption_key.#": "0",
            "id": "us-west1-a/pvc-39448e03-f6dd-4cd1-88ee-030e9a4c6864",
            "image": "",
            "label_fingerprint": "2UCnGaScDgQ=",
            "labels.%": "6",
            "labels.goog-gke-cluster-id-base32": "b7q6s5ghvzbrxcigz62lkdgeeggldd76ipme2xfbzcvpmcrghpqq",
            "labels.goog-gke-cost-management": "",
            "labels.goog-gke-volume": "",
            "labels.goog-k8s-cluster-location": "us-west1",
            "labels.goog-k8s-cluster-name": "data-infra-apps",
            "labels.goog-k8s-node-pool-name": "jupyterhub-users",
            "last_attach_timestamp": "2025-02-06T10:51:15.237-08:00",
            "last_detach_timestamp": "2025-02-06T18:06:36.381-08:00",
            "name": "pvc-39448e03-f6dd-4cd1-88ee-030e9a4c6864",
            "physical_block_size_bytes": "4096",
            "project": "cal-itp-data-infra",
            "provisioned_iops": "0",
            "self_link": "https://www.googleapis.com/compute/v1/projects/cal-itp-data-infra/zones/us-west1-a/disks/pvc-39448e03-f6dd-4cd1-88ee-030e9a4c6864",
            "size": "100",
            "snapshot": "",
            "source_disk": "",
            "source_disk_id": "",
            "source_image_encryption_key.#": "0",
            "source_image_id": "",
            "source_snapshot_encryption_key.#": "0",
            "source_snapshot_id": "",
            "type": "pd-standard",
            "users.#": "0",
            "zone": "us-west1-a"
          },
          "sensitive_attributes": []
        }
      ]
    },
    {
      "mode": "managed",
      "type": "google_compute_disk",
      "name": "tfer--us-west1-a-002F-pvc-a5b1d3cd-ad12-405c-ab13-687bced0ff1e",
      "provider": "provider[\"registry.terraform.io/hashicorp/google\"]",
      "instances": [
        {
          "schema_version": 0,
          "attributes_flat": {
            "creation_timestamp": "2023-03-14T13:46:06.022-07:00",
            "description": "{\"kubernetes.io/created-for/pv/name\":\"pvc-a5b1d3cd-ad12-405c-ab13-687bced0ff1e\",\"kubernetes.io/created-for/pvc/name\":\"data-sentry-zookeeper-clickhouse-1\",\"kubernetes.io/created-for/pvc/namespace\":\"sentry\",\"storage.gke.io/created-by\":\"pd.csi.storage.gke.io\"}",
            "disk_encryption_key.#": "0",
            "id": "us-west1-a/pvc-a5b1d3cd-ad12-405c-ab13-687bced0ff1e",
            "image": "",
            "label_fingerprint": "QzZ6pdJJwQ0=",
            "labels.%": "6",
            "labels.goog-gke-cluster-id-base32": "b7q6s5ghvzbrxcigz62lkdgeeggldd76ipme2xfbzcvpmcrghpqq",
            "labels.goog-gke-cost-management": "",
            "labels.goog-gke-volume": "",
            "labels.goog-k8s-cluster-location": "us-west1",
            "labels.goog-k8s-cluster-name": "data-infra-apps",
            "labels.goog-k8s-node-pool-name": "apps-v2",
            "last_attach_timestamp": "2025-02-08T03:50:48.153-08:00",
            "last_detach_timestamp": "2025-02-08T03:50:43.720-08:00",
            "name": "pvc-a5b1d3cd-ad12-405c-ab13-687bced0ff1e",
            "physical_block_size_bytes": "4096",
            "project": "cal-itp-data-infra",
            "provisioned_iops": "0",
            "self_link": "https://www.googleapis.com/compute/v1/projects/cal-itp-data-infra/zones/us-west1-a/disks/pvc-a5b1d3cd-ad12-405c-ab13-687bced0ff1e",
            "size": "16",
            "snapshot": "",
            "source_disk": "",
            "source_disk_id": "",
            "source_image_encryption_key.#": "0",
            "source_image_id": "",
            "source_snapshot_encryption_key.#": "0",
            "source_snapshot_id": "",
            "type": "pd-standard",
            "users.#": "1",
            "users.0": "https://www.googleapis.com/compute/v1/projects/cal-itp-data-infra/zones/us-west1-a/instances/gke-data-infra-apps-apps-v2-2729c0c0-v3px",
            "zone": "us-west1-a"
          },
          "sensitive_attributes": []
        }
      ]
    },
    {
      "mode": "managed",
      "type": "google_compute_disk",
      "name": "tfer--us-west1-a-002F-pvc-bd1e9f34-09a4-4b74-8b70-ec0991eab635",
      "provider": "provider[\"registry.terraform.io/hashicorp/google\"]",
      "instances": [
        {
          "schema_version": 0,
          "attributes_flat": {
            "creation_timestamp": "2024-09-13T08:30:51.777-07:00",
            "description": "{\"kubernetes.io/created-for/pv/name\":\"pvc-bd1e9f34-09a4-4b74-8b70-ec0991eab635\",\"kubernetes.io/created-for/pvc/name\":\"claim-albeedobson\",\"kubernetes.io/created-for/pvc/namespace\":\"jupyterhub\",\"storage.gke.io/created-by\":\"pd.csi.storage.gke.io\"}",
            "disk_encryption_key.#": "0",
            "id": "us-west1-a/pvc-bd1e9f34-09a4-4b74-8b70-ec0991eab635",
            "image": "",
            "label_fingerprint": "2UCnGaScDgQ=",
            "labels.%": "6",
            "labels.goog-gke-cluster-id-base32": "b7q6s5ghvzbrxcigz62lkdgeeggldd76ipme2xfbzcvpmcrghpqq",
            "labels.goog-gke-cost-management": "",
            "labels.goog-gke-volume": "",
            "labels.goog-k8s-cluster-location": "us-west1",
            "labels.goog-k8s-cluster-name": "data-infra-apps",
            "labels.goog-k8s-node-pool-name": "jupyterhub-users",
            "last_attach_timestamp": "2024-09-13T16:18:10.118-07:00",
            "last_detach_timestamp": "2024-09-13T17:40:49.050-07:00",
            "name": "pvc-bd1e9f34-09a4-4b74-8b70-ec0991eab635",
            "physical_block_size_bytes": "4096",
            "project": "cal-itp-data-infra",
            "provisioned_iops": "0",
            "self_link": "https://www.googleapis.com/compute/v1/projects/cal-itp-data-infra/zones/us-west1-a/disks/pvc-bd1e9f34-09a4-4b74-8b70-ec0991eab635",
            "size": "32",
            "snapshot": "",
            "source_disk": "",
            "source_disk_id": "",
            "source_image_encryption_key.#": "0",
            "source_image_id": "",
            "source_snapshot_encryption_key.#": "0",
            "source_snapshot_id": "",
            "type": "pd-standard",
            "users.#": "0",
            "zone": "us-west1-a"
          },
          "sensitive_attributes": []
        }
      ]
    },
    {
      "mode": "managed",
      "type": "google_compute_disk",
      "name": "tfer--us-west1-a-002F-pvc-c5a1db47-2181-432e-8fb4-081420b87c0a",
      "provider": "provider[\"registry.terraform.io/hashicorp/google\"]",
      "instances": [
        {
          "schema_version": 0,
          "attributes_flat": {
            "creation_timestamp": "2023-03-14T13:46:04.023-07:00",
            "description": "{\"kubernetes.io/created-for/pv/name\":\"pvc-c5a1db47-2181-432e-8fb4-081420b87c0a\",\"kubernetes.io/created-for/pvc/name\":\"sentry-clickhouse-data-sentry-clickhouse-1\",\"kubernetes.io/created-for/pvc/namespace\":\"sentry\",\"storage.gke.io/created-by\":\"pd.csi.storage.gke.io\"}",
            "disk_encryption_key.#": "0",
            "id": "us-west1-a/pvc-c5a1db47-2181-432e-8fb4-081420b87c0a",
            "image": "",
            "label_fingerprint": "QzZ6pdJJwQ0=",
            "labels.%": "6",
            "labels.goog-gke-cluster-id-base32": "b7q6s5ghvzbrxcigz62lkdgeeggldd76ipme2xfbzcvpmcrghpqq",
            "labels.goog-gke-cost-management": "",
            "labels.goog-gke-volume": "",
            "labels.goog-k8s-cluster-location": "us-west1",
            "labels.goog-k8s-cluster-name": "data-infra-apps",
            "labels.goog-k8s-node-pool-name": "apps-v2",
            "last_attach_timestamp": "2025-02-08T03:51:00.359-08:00",
            "last_detach_timestamp": "2025-02-08T03:50:56.727-08:00",
            "name": "pvc-c5a1db47-2181-432e-8fb4-081420b87c0a",
            "physical_block_size_bytes": "4096",
            "project": "cal-itp-data-infra",
            "provisioned_iops": "0",
            "self_link": "https://www.googleapis.com/compute/v1/projects/cal-itp-data-infra/zones/us-west1-a/disks/pvc-c5a1db47-2181-432e-8fb4-081420b87c0a",
            "size": "100",
            "snapshot": "",
            "source_disk": "",
            "source_disk_id": "",
            "source_image_encryption_key.#": "0",
            "source_image_id": "",
            "source_snapshot_encryption_key.#": "0",
            "source_snapshot_id": "",
            "type": "pd-standard",
            "users.#": "1",
            "users.0": "https://www.googleapis.com/compute/v1/projects/cal-itp-data-infra/zones/us-west1-a/instances/gke-data-infra-apps-apps-v2-2729c0c0-v3px",
            "zone": "us-west1-a"
          },
          "sensitive_attributes": []
        }
      ]
    },
    {
      "mode": "managed",
      "type": "google_compute_disk",
      "name": "tfer--us-west1-a-002F-pvc-c7a31ebc-2f7e-40c0-a468-dd6a35c5809e",
      "provider": "provider[\"registry.terraform.io/hashicorp/google\"]",
      "instances": [
        {
          "schema_version": 0,
          "attributes_flat": {
            "creation_timestamp": "2023-08-03T09:00:57.458-07:00",
            "description": "{\"kubernetes.io/created-for/pv/name\":\"pvc-c7a31ebc-2f7e-40c0-a468-dd6a35c5809e\",\"kubernetes.io/created-for/pvc/name\":\"data-dagster-postgresql-0\",\"kubernetes.io/created-for/pvc/namespace\":\"dagster\",\"storage.gke.io/created-by\":\"pd.csi.storage.gke.io\"}",
            "disk_encryption_key.#": "0",
            "id": "us-west1-a/pvc-c7a31ebc-2f7e-40c0-a468-dd6a35c5809e",
            "image": "",
            "label_fingerprint": "nT7_dAxskBs=",
            "labels.%": "1",
            "labels.goog-gke-volume": "",
            "last_attach_timestamp": "2023-08-03T09:01:06.987-07:00",
            "last_detach_timestamp": "2023-08-03T09:01:39.290-07:00",
            "name": "pvc-c7a31ebc-2f7e-40c0-a468-dd6a35c5809e",
            "physical_block_size_bytes": "4096",
            "project": "cal-itp-data-infra",
            "provisioned_iops": "0",
            "self_link": "https://www.googleapis.com/compute/v1/projects/cal-itp-data-infra/zones/us-west1-a/disks/pvc-c7a31ebc-2f7e-40c0-a468-dd6a35c5809e",
            "size": "8",
            "snapshot": "",
            "source_disk": "",
            "source_disk_id": "",
            "source_image_encryption_key.#": "0",
            "source_image_id": "",
            "source_snapshot_encryption_key.#": "0",
            "source_snapshot_id": "",
            "type": "pd-standard",
            "users.#": "0",
            "zone": "us-west1-a"
          },
          "sensitive_attributes": []
        }
      ]
    },
    {
      "mode": "managed",
      "type": "google_compute_disk",
      "name": "tfer--us-west1-a-002F-pvc-d7742e0a-a969-458c-a91a-7af8f49f6472",
      "provider": "provider[\"registry.terraform.io/hashicorp/google\"]",
      "instances": [
        {
          "schema_version": 0,
          "attributes_flat": {
            "creation_timestamp": "2023-11-27T13:11:48.896-08:00",
            "description": "{\"kubernetes.io/created-for/pv/name\":\"pvc-d7742e0a-a969-458c-a91a-7af8f49f6472\",\"kubernetes.io/created-for/pvc/name\":\"claim-mdsaifulislamfahim\",\"kubernetes.io/created-for/pvc/namespace\":\"jupyterhub\",\"storage.gke.io/created-by\":\"pd.csi.storage.gke.io\"}",
            "disk_encryption_key.#": "0",
            "id": "us-west1-a/pvc-d7742e0a-a969-458c-a91a-7af8f49f6472",
            "image": "",
            "label_fingerprint": "9jxQ_bPsBkA=",
            "labels.%": "5",
            "labels.goog-gke-cost-management": "",
            "labels.goog-gke-volume": "",
            "labels.goog-k8s-cluster-location": "us-west1",
            "labels.goog-k8s-cluster-name": "data-infra-apps",
            "labels.goog-k8s-node-pool-name": "jupyterhub-users",
            "last_attach_timestamp": "2024-06-27T08:55:21.364-07:00",
            "last_detach_timestamp": "2024-06-27T15:06:42.837-07:00",
            "name": "pvc-d7742e0a-a969-458c-a91a-7af8f49f6472",
            "physical_block_size_bytes": "4096",
            "project": "cal-itp-data-infra",
            "provisioned_iops": "0",
            "self_link": "https://www.googleapis.com/compute/v1/projects/cal-itp-data-infra/zones/us-west1-a/disks/pvc-d7742e0a-a969-458c-a91a-7af8f49f6472",
            "size": "32",
            "snapshot": "",
            "source_disk": "",
            "source_disk_id": "",
            "source_image_encryption_key.#": "0",
            "source_image_id": "",
            "source_snapshot_encryption_key.#": "0",
            "source_snapshot_id": "",
            "type": "pd-standard",
            "users.#": "0",
            "zone": "us-west1-a"
          },
          "sensitive_attributes": []
        }
      ]
    },
    {
      "mode": "managed",
      "type": "google_compute_disk",
      "name": "tfer--us-west1-b-002F-gke-data-infra-apps-0f-pvc-16a68482-25de-4d96-9e3b-3cfd0db3e368",
      "provider": "provider[\"registry.terraform.io/hashicorp/google\"]",
      "instances": [
        {
          "schema_version": 0,
          "attributes_flat": {
            "creation_timestamp": "2021-10-12T09:05:41.716-07:00",
            "description": "{\"kubernetes.io/created-for/pv/name\":\"pvc-16a68482-25de-4d96-9e3b-3cfd0db3e368\",\"kubernetes.io/created-for/pvc/name\":\"claim-natam1\",\"kubernetes.io/created-for/pvc/namespace\":\"jupyterhub\"}",
            "disk_encryption_key.#": "0",
            "id": "us-west1-b/gke-data-infra-apps-0f-pvc-16a68482-25de-4d96-9e3b-3cfd0db3e368",
            "image": "",
            "label_fingerprint": "2UCnGaScDgQ=",
            "labels.%": "6",
            "labels.goog-gke-cluster-id-base32": "b7q6s5ghvzbrxcigz62lkdgeeggldd76ipme2xfbzcvpmcrghpqq",
            "labels.goog-gke-cost-management": "",
            "labels.goog-gke-volume": "",
            "labels.goog-k8s-cluster-location": "us-west1",
            "labels.goog-k8s-cluster-name": "data-infra-apps",
            "labels.goog-k8s-node-pool-name": "jupyterhub-users",
            "last_attach_timestamp": "2025-02-13T10:59:03.573-08:00",
            "last_detach_timestamp": "2025-02-12T18:25:37.223-08:00",
            "name": "gke-data-infra-apps-0f-pvc-16a68482-25de-4d96-9e3b-3cfd0db3e368",
            "physical_block_size_bytes": "4096",
            "project": "cal-itp-data-infra",
            "provisioned_iops": "0",
            "self_link": "https://www.googleapis.com/compute/v1/projects/cal-itp-data-infra/zones/us-west1-b/disks/gke-data-infra-apps-0f-pvc-16a68482-25de-4d96-9e3b-3cfd0db3e368",
            "size": "32",
            "snapshot": "",
            "source_disk": "",
            "source_disk_id": "",
            "source_image_encryption_key.#": "0",
            "source_image_id": "",
            "source_snapshot_encryption_key.#": "0",
            "source_snapshot_id": "",
            "type": "pd-standard",
            "users.#": "1",
            "users.0": "https://www.googleapis.com/compute/v1/projects/cal-itp-data-infra/zones/us-west1-b/instances/gke-data-infra-apps-jupyterhub-users-dddc57ff-cbrw",
            "zone": "us-west1-b"
          },
          "sensitive_attributes": []
        }
      ]
    },
    {
      "mode": "managed",
      "type": "google_compute_disk",
      "name": "tfer--us-west1-b-002F-gke-data-infra-apps-0f-pvc-3265ecbf-c279-4cc3-8e67-f98174ad19e9",
      "provider": "provider[\"registry.terraform.io/hashicorp/google\"]",
      "instances": [
        {
          "schema_version": 0,
          "attributes_flat": {
            "creation_timestamp": "2022-09-26T10:47:16.144-07:00",
            "description": "{\"kubernetes.io/created-for/pv/name\":\"pvc-3265ecbf-c279-4cc3-8e67-f98174ad19e9\",\"kubernetes.io/created-for/pvc/name\":\"data-sentry-kafka-1\",\"kubernetes.io/created-for/pvc/namespace\":\"sentry\"}",
            "disk_encryption_key.#": "0",
            "id": "us-west1-b/gke-data-infra-apps-0f-pvc-3265ecbf-c279-4cc3-8e67-f98174ad19e9",
            "image": "",
            "label_fingerprint": "QzZ6pdJJwQ0=",
            "labels.%": "6",
            "labels.goog-gke-cluster-id-base32": "b7q6s5ghvzbrxcigz62lkdgeeggldd76ipme2xfbzcvpmcrghpqq",
            "labels.goog-gke-cost-management": "",
            "labels.goog-gke-volume": "",
            "labels.goog-k8s-cluster-location": "us-west1",
            "labels.goog-k8s-cluster-name": "data-infra-apps",
            "labels.goog-k8s-node-pool-name": "apps-v2",
            "last_attach_timestamp": "2025-02-08T03:54:07.173-08:00",
            "last_detach_timestamp": "2025-02-08T03:54:03.036-08:00",
            "name": "gke-data-infra-apps-0f-pvc-3265ecbf-c279-4cc3-8e67-f98174ad19e9",
            "physical_block_size_bytes": "4096",
            "project": "cal-itp-data-infra",
            "provisioned_iops": "0",
            "self_link": "https://www.googleapis.com/compute/v1/projects/cal-itp-data-infra/zones/us-west1-b/disks/gke-data-infra-apps-0f-pvc-3265ecbf-c279-4cc3-8e67-f98174ad19e9",
            "size": "16",
            "snapshot": "",
            "source_disk": "",
            "source_disk_id": "",
            "source_image_encryption_key.#": "0",
            "source_image_id": "",
            "source_snapshot_encryption_key.#": "0",
            "source_snapshot_id": "",
            "type": "pd-standard",
            "users.#": "1",
            "users.0": "https://www.googleapis.com/compute/v1/projects/cal-itp-data-infra/zones/us-west1-b/instances/gke-data-infra-apps-apps-v2-0dfb61fb-5kvg",
            "zone": "us-west1-b"
          },
          "sensitive_attributes": []
        }
      ]
    },
    {
      "mode": "managed",
      "type": "google_compute_disk",
      "name": "tfer--us-west1-b-002F-gke-data-infra-apps-0f-pvc-53c7e604-a011-419d-96eb-429b7c2b8c70",
      "provider": "provider[\"registry.terraform.io/hashicorp/google\"]",
      "instances": [
        {
          "schema_version": 0,
          "attributes_flat": {
            "creation_timestamp": "2022-08-18T14:01:36.500-07:00",
            "description": "{\"kubernetes.io/created-for/pv/name\":\"pvc-53c7e604-a011-419d-96eb-429b7c2b8c70\",\"kubernetes.io/created-for/pvc/name\":\"data-sftp-server-0\",\"kubernetes.io/created-for/pvc/namespace\":\"prod-sftp-ingest-elavon\"}",
            "disk_encryption_key.#": "0",
            "id": "us-west1-b/gke-data-infra-apps-0f-pvc-53c7e604-a011-419d-96eb-429b7c2b8c70",
            "image": "",
            "label_fingerprint": "QzZ6pdJJwQ0=",
            "labels.%": "6",
            "labels.goog-gke-cluster-id-base32": "b7q6s5ghvzbrxcigz62lkdgeeggldd76ipme2xfbzcvpmcrghpqq",
            "labels.goog-gke-cost-management": "",
            "labels.goog-gke-volume": "",
            "labels.goog-k8s-cluster-location": "us-west1",
            "labels.goog-k8s-cluster-name": "data-infra-apps",
            "labels.goog-k8s-node-pool-name": "apps-v2",
            "last_attach_timestamp": "2025-02-08T03:53:56.962-08:00",
            "last_detach_timestamp": "2025-02-08T03:53:53.531-08:00",
            "name": "gke-data-infra-apps-0f-pvc-53c7e604-a011-419d-96eb-429b7c2b8c70",
            "physical_block_size_bytes": "4096",
            "project": "cal-itp-data-infra",
            "provisioned_iops": "0",
            "self_link": "https://www.googleapis.com/compute/v1/projects/cal-itp-data-infra/zones/us-west1-b/disks/gke-data-infra-apps-0f-pvc-53c7e604-a011-419d-96eb-429b7c2b8c70",
            "size": "50",
            "snapshot": "",
            "source_disk": "",
            "source_disk_id": "",
            "source_image_encryption_key.#": "0",
            "source_image_id": "",
            "source_snapshot_encryption_key.#": "0",
            "source_snapshot_id": "",
            "type": "pd-standard",
            "users.#": "1",
            "users.0": "https://www.googleapis.com/compute/v1/projects/cal-itp-data-infra/zones/us-west1-b/instances/gke-data-infra-apps-apps-v2-0dfb61fb-5kvg",
            "zone": "us-west1-b"
          },
          "sensitive_attributes": []
        }
      ]
    },
    {
      "mode": "managed",
      "type": "google_compute_disk",
      "name": "tfer--us-west1-b-002F-gke-data-infra-apps-0f-pvc-88d137db-2ba6-4aa6-b94d-2d5f77714c7c",
      "provider": "provider[\"registry.terraform.io/hashicorp/google\"]",
      "instances": [
        {
          "schema_version": 0,
          "attributes_flat": {
            "creation_timestamp": "2021-10-22T11:09:33.506-07:00",
            "description": "{\"kubernetes.io/created-for/pv/name\":\"pvc-88d137db-2ba6-4aa6-b94d-2d5f77714c7c\",\"kubernetes.io/created-for/pvc/name\":\"claim-evansiroky\",\"kubernetes.io/created-for/pvc/namespace\":\"jupyterhub\"}",
            "disk_encryption_key.#": "0",
            "id": "us-west1-b/gke-data-infra-apps-0f-pvc-88d137db-2ba6-4aa6-b94d-2d5f77714c7c",
            "image": "",
            "label_fingerprint": "9jxQ_bPsBkA=",
            "labels.%": "5",
            "labels.goog-gke-cost-management": "",
            "labels.goog-gke-volume": "",
            "labels.goog-k8s-cluster-location": "us-west1",
            "labels.goog-k8s-cluster-name": "data-infra-apps",
            "labels.goog-k8s-node-pool-name": "jupyterhub-users",
            "last_attach_timestamp": "2024-08-09T10:00:31.973-07:00",
            "last_detach_timestamp": "2024-08-10T00:16:46.398-07:00",
            "name": "gke-data-infra-apps-0f-pvc-88d137db-2ba6-4aa6-b94d-2d5f77714c7c",
            "physical_block_size_bytes": "4096",
            "project": "cal-itp-data-infra",
            "provisioned_iops": "0",
            "self_link": "https://www.googleapis.com/compute/v1/projects/cal-itp-data-infra/zones/us-west1-b/disks/gke-data-infra-apps-0f-pvc-88d137db-2ba6-4aa6-b94d-2d5f77714c7c",
            "size": "32",
            "snapshot": "",
            "source_disk": "",
            "source_disk_id": "",
            "source_image_encryption_key.#": "0",
            "source_image_id": "",
            "source_snapshot_encryption_key.#": "0",
            "source_snapshot_id": "",
            "type": "pd-standard",
            "users.#": "0",
            "zone": "us-west1-b"
          },
          "sensitive_attributes": []
        }
      ]
    },
    {
      "mode": "managed",
      "type": "google_compute_disk",
      "name": "tfer--us-west1-b-002F-gke-data-infra-apps-0f-pvc-bd2749b9-7e64-4991-83e4-9b694beac49b",
      "provider": "provider[\"registry.terraform.io/hashicorp/google\"]",
      "instances": [
        {
          "schema_version": 0,
          "attributes_flat": {
            "creation_timestamp": "2021-12-14T11:08:45.500-08:00",
            "description": "{\"kubernetes.io/created-for/pv/name\":\"pvc-bd2749b9-7e64-4991-83e4-9b694beac49b\",\"kubernetes.io/created-for/pvc/name\":\"claim-mjumbewu\",\"kubernetes.io/created-for/pvc/namespace\":\"jupyterhub\"}",
            "disk_encryption_key.#": "0",
            "id": "us-west1-b/gke-data-infra-apps-0f-pvc-bd2749b9-7e64-4991-83e4-9b694beac49b",
            "image": "",
            "label_fingerprint": "nT7_dAxskBs=",
            "labels.%": "1",
            "labels.goog-gke-volume": "",
            "last_attach_timestamp": "2024-10-17T17:24:55.006-07:00",
            "last_detach_timestamp": "2024-10-17T17:25:39.513-07:00",
            "name": "gke-data-infra-apps-0f-pvc-bd2749b9-7e64-4991-83e4-9b694beac49b",
            "physical_block_size_bytes": "4096",
            "project": "cal-itp-data-infra",
            "provisioned_iops": "0",
            "self_link": "https://www.googleapis.com/compute/v1/projects/cal-itp-data-infra/zones/us-west1-b/disks/gke-data-infra-apps-0f-pvc-bd2749b9-7e64-4991-83e4-9b694beac49b",
            "size": "10",
            "snapshot": "",
            "source_disk": "",
            "source_disk_id": "",
            "source_image_encryption_key.#": "0",
            "source_image_id": "",
            "source_snapshot_encryption_key.#": "0",
            "source_snapshot_id": "",
            "type": "pd-standard",
            "users.#": "0",
            "zone": "us-west1-b"
          },
          "sensitive_attributes": []
        }
      ]
    },
    {
      "mode": "managed",
      "type": "google_compute_disk",
      "name": "tfer--us-west1-b-002F-gke-data-infra-apps-0f-pvc-c9e0b814-b6ad-4a2a-903a-1357d22f0640",
      "provider": "provider[\"registry.terraform.io/hashicorp/google\"]",
      "instances": [
        {
          "schema_version": 0,
          "attributes_flat": {
            "creation_timestamp": "2022-09-26T10:49:27.313-07:00",
            "description": "{\"kubernetes.io/created-for/pv/name\":\"pvc-c9e0b814-b6ad-4a2a-903a-1357d22f0640\",\"kubernetes.io/created-for/pvc/name\":\"data-sentry-rabbitmq-2\",\"kubernetes.io/created-for/pvc/namespace\":\"sentry\"}",
            "disk_encryption_key.#": "0",
            "id": "us-west1-b/gke-data-infra-apps-0f-pvc-c9e0b814-b6ad-4a2a-903a-1357d22f0640",
            "image": "",
            "label_fingerprint": "QzZ6pdJJwQ0=",
            "labels.%": "6",
            "labels.goog-gke-cluster-id-base32": "b7q6s5ghvzbrxcigz62lkdgeeggldd76ipme2xfbzcvpmcrghpqq",
            "labels.goog-gke-cost-management": "",
            "labels.goog-gke-volume": "",
            "labels.goog-k8s-cluster-location": "us-west1",
            "labels.goog-k8s-cluster-name": "data-infra-apps",
            "labels.goog-k8s-node-pool-name": "apps-v2",
            "last_attach_timestamp": "2025-02-08T03:55:10.589-08:00",
            "last_detach_timestamp": "2025-02-08T03:54:59.940-08:00",
            "name": "gke-data-infra-apps-0f-pvc-c9e0b814-b6ad-4a2a-903a-1357d22f0640",
            "physical_block_size_bytes": "4096",
            "project": "cal-itp-data-infra",
            "provisioned_iops": "0",
            "self_link": "https://www.googleapis.com/compute/v1/projects/cal-itp-data-infra/zones/us-west1-b/disks/gke-data-infra-apps-0f-pvc-c9e0b814-b6ad-4a2a-903a-1357d22f0640",
            "size": "8",
            "snapshot": "",
            "source_disk": "",
            "source_disk_id": "",
            "source_image_encryption_key.#": "0",
            "source_image_id": "",
            "source_snapshot_encryption_key.#": "0",
            "source_snapshot_id": "",
            "type": "pd-standard",
            "users.#": "1",
            "users.0": "https://www.googleapis.com/compute/v1/projects/cal-itp-data-infra/zones/us-west1-b/instances/gke-data-infra-apps-apps-v2-0dfb61fb-5kvg",
            "zone": "us-west1-b"
          },
          "sensitive_attributes": []
        }
      ]
    },
    {
      "mode": "managed",
      "type": "google_compute_disk",
      "name": "tfer--us-west1-b-002F-gke-data-infra-apps-0f-pvc-cd04012e-8535-4d35-b3b6-16f2750b2fb9",
      "provider": "provider[\"registry.terraform.io/hashicorp/google\"]",
      "instances": [
        {
          "schema_version": 0,
          "attributes_flat": {
            "creation_timestamp": "2022-04-21T07:58:20.424-07:00",
            "description": "{\"kubernetes.io/created-for/pv/name\":\"pvc-cd04012e-8535-4d35-b3b6-16f2750b2fb9\",\"kubernetes.io/created-for/pvc/name\":\"claim-noah-2dca\",\"kubernetes.io/created-for/pvc/namespace\":\"jupyterhub\"}",
            "disk_encryption_key.#": "0",
            "id": "us-west1-b/gke-data-infra-apps-0f-pvc-cd04012e-8535-4d35-b3b6-16f2750b2fb9",
            "image": "",
            "label_fingerprint": "2UCnGaScDgQ=",
            "labels.%": "6",
            "labels.goog-gke-cluster-id-base32": "b7q6s5ghvzbrxcigz62lkdgeeggldd76ipme2xfbzcvpmcrghpqq",
            "labels.goog-gke-cost-management": "",
            "labels.goog-gke-volume": "",
            "labels.goog-k8s-cluster-location": "us-west1",
            "labels.goog-k8s-cluster-name": "data-infra-apps",
            "labels.goog-k8s-node-pool-name": "jupyterhub-users",
            "last_attach_timestamp": "2025-02-12T11:36:09.834-08:00",
            "last_detach_timestamp": "2025-02-12T14:35:39.829-08:00",
            "name": "gke-data-infra-apps-0f-pvc-cd04012e-8535-4d35-b3b6-16f2750b2fb9",
            "physical_block_size_bytes": "4096",
            "project": "cal-itp-data-infra",
            "provisioned_iops": "0",
            "self_link": "https://www.googleapis.com/compute/v1/projects/cal-itp-data-infra/zones/us-west1-b/disks/gke-data-infra-apps-0f-pvc-cd04012e-8535-4d35-b3b6-16f2750b2fb9",
            "size": "50",
            "snapshot": "",
            "source_disk": "",
            "source_disk_id": "",
            "source_image_encryption_key.#": "0",
            "source_image_id": "",
            "source_snapshot_encryption_key.#": "0",
            "source_snapshot_id": "",
            "type": "pd-standard",
            "users.#": "0",
            "zone": "us-west1-b"
          },
          "sensitive_attributes": []
        }
      ]
    },
    {
      "mode": "managed",
      "type": "google_compute_disk",
      "name": "tfer--us-west1-b-002F-gke-data-infra-apps-0f-pvc-e936ca8a-3a35-4308-ac51-ade47e24d8ea",
      "provider": "provider[\"registry.terraform.io/hashicorp/google\"]",
      "instances": [
        {
          "schema_version": 0,
          "attributes_flat": {
            "creation_timestamp": "2022-09-26T10:47:15.913-07:00",
            "description": "{\"kubernetes.io/created-for/pv/name\":\"pvc-e936ca8a-3a35-4308-ac51-ade47e24d8ea\",\"kubernetes.io/created-for/pvc/name\":\"sentry-clickhouse-data-sentry-clickhouse-2\",\"kubernetes.io/created-for/pvc/namespace\":\"sentry\"}",
            "disk_encryption_key.#": "0",
            "id": "us-west1-b/gke-data-infra-apps-0f-pvc-e936ca8a-3a35-4308-ac51-ade47e24d8ea",
            "image": "",
            "label_fingerprint": "nT7_dAxskBs=",
            "labels.%": "1",
            "labels.goog-gke-volume": "",
            "last_attach_timestamp": "2023-02-28T03:45:56.940-08:00",
            "last_detach_timestamp": "2023-03-14T13:45:21.326-07:00",
            "name": "gke-data-infra-apps-0f-pvc-e936ca8a-3a35-4308-ac51-ade47e24d8ea",
            "physical_block_size_bytes": "4096",
            "project": "cal-itp-data-infra",
            "provisioned_iops": "0",
            "self_link": "https://www.googleapis.com/compute/v1/projects/cal-itp-data-infra/zones/us-west1-b/disks/gke-data-infra-apps-0f-pvc-e936ca8a-3a35-4308-ac51-ade47e24d8ea",
            "size": "30",
            "snapshot": "",
            "source_disk": "",
            "source_disk_id": "",
            "source_image_encryption_key.#": "0",
            "source_image_id": "",
            "source_snapshot_encryption_key.#": "0",
            "source_snapshot_id": "",
            "type": "pd-standard",
            "users.#": "0",
            "zone": "us-west1-b"
          },
          "sensitive_attributes": []
        }
      ]
    },
    {
      "mode": "managed",
      "type": "google_compute_disk",
      "name": "tfer--us-west1-b-002F-gke-data-infra-apps-0f-pvc-eece374b-c967-4bcd-b32f-504b4718d5e7",
      "provider": "provider[\"registry.terraform.io/hashicorp/google\"]",
      "instances": [
        {
          "schema_version": 0,
          "attributes_flat": {
            "creation_timestamp": "2022-09-26T10:48:07.950-07:00",
            "description": "{\"kubernetes.io/created-for/pv/name\":\"pvc-eece374b-c967-4bcd-b32f-504b4718d5e7\",\"kubernetes.io/created-for/pvc/name\":\"redis-data-sentry-sentry-redis-replicas-1\",\"kubernetes.io/created-for/pvc/namespace\":\"sentry\"}",
            "disk_encryption_key.#": "0",
            "id": "us-west1-b/gke-data-infra-apps-0f-pvc-eece374b-c967-4bcd-b32f-504b4718d5e7",
            "image": "",
            "label_fingerprint": "QzZ6pdJJwQ0=",
            "labels.%": "6",
            "labels.goog-gke-cluster-id-base32": "b7q6s5ghvzbrxcigz62lkdgeeggldd76ipme2xfbzcvpmcrghpqq",
            "labels.goog-gke-cost-management": "",
            "labels.goog-gke-volume": "",
            "labels.goog-k8s-cluster-location": "us-west1",
            "labels.goog-k8s-cluster-name": "data-infra-apps",
            "labels.goog-k8s-node-pool-name": "apps-v2",
            "last_attach_timestamp": "2024-09-18T10:04:36.265-07:00",
            "last_detach_timestamp": "2024-09-18T13:23:16.096-07:00",
            "name": "gke-data-infra-apps-0f-pvc-eece374b-c967-4bcd-b32f-504b4718d5e7",
            "physical_block_size_bytes": "4096",
            "project": "cal-itp-data-infra",
            "provisioned_iops": "0",
            "self_link": "https://www.googleapis.com/compute/v1/projects/cal-itp-data-infra/zones/us-west1-b/disks/gke-data-infra-apps-0f-pvc-eece374b-c967-4bcd-b32f-504b4718d5e7",
            "size": "8",
            "snapshot": "",
            "source_disk": "",
            "source_disk_id": "",
            "source_image_encryption_key.#": "0",
            "source_image_id": "",
            "source_snapshot_encryption_key.#": "0",
            "source_snapshot_id": "",
            "type": "pd-standard",
            "users.#": "0",
            "zone": "us-west1-b"
          },
          "sensitive_attributes": []
        }
      ]
    },
    {
      "mode": "managed",
      "type": "google_compute_disk",
      "name": "tfer--us-west1-b-002F-gke-data-infra-apps-apps-v2-0dfb61fb-5kvg",
      "provider": "provider[\"registry.terraform.io/hashicorp/google\"]",
      "instances": [
        {
          "schema_version": 0,
          "attributes_flat": {
            "creation_timestamp": "2025-02-08T03:52:08.708-08:00",
            "description": "",
            "disk_encryption_key.#": "0",
            "id": "us-west1-b/gke-data-infra-apps-apps-v2-0dfb61fb-5kvg",
            "image": "https://www.googleapis.com/compute/v1/projects/gke-node-images/global/images/gke-1308-gke1128001-cos-113-18244-236-70-c-cgpv1-pre",
            "label_fingerprint": "yWqg49ETEik=",
            "labels.%": "6",
            "labels.goog-gke-cluster-id-base32": "b7q6s5ghvzbrxcigz62lkdgeeggldd76ipme2xfbzcvpmcrghpqq",
            "labels.goog-gke-node": "",
            "labels.goog-gke-volume": "",
            "labels.goog-k8s-cluster-location": "us-west1",
            "labels.goog-k8s-cluster-name": "data-infra-apps",
            "labels.goog-k8s-node-pool-name": "apps-v2",
            "last_attach_timestamp": "2025-02-08T03:52:09.858-08:00",
            "last_detach_timestamp": "",
            "name": "gke-data-infra-apps-apps-v2-0dfb61fb-5kvg",
            "physical_block_size_bytes": "4096",
            "project": "cal-itp-data-infra",
            "provisioned_iops": "0",
            "self_link": "https://www.googleapis.com/compute/v1/projects/cal-itp-data-infra/zones/us-west1-b/disks/gke-data-infra-apps-apps-v2-0dfb61fb-5kvg",
            "size": "100",
            "snapshot": "",
            "source_disk": "",
            "source_disk_id": "",
            "source_image_encryption_key.#": "0",
            "source_image_id": "7941437431545325472",
            "source_snapshot_encryption_key.#": "0",
            "source_snapshot_id": "",
            "type": "pd-standard",
            "users.#": "1",
            "users.0": "https://www.googleapis.com/compute/v1/projects/cal-itp-data-infra/zones/us-west1-b/instances/gke-data-infra-apps-apps-v2-0dfb61fb-5kvg",
            "zone": "us-west1-b"
          },
          "sensitive_attributes": []
        }
      ]
    },
    {
      "mode": "managed",
      "type": "google_compute_disk",
      "name": "tfer--us-west1-b-002F-gke-data-infra-apps-gtfsrt-v4-b003cc53-b7vi",
      "provider": "provider[\"registry.terraform.io/hashicorp/google\"]",
      "instances": [
        {
          "schema_version": 0,
          "attributes_flat": {
            "creation_timestamp": "2025-02-09T02:20:21.289-08:00",
            "description": "",
            "disk_encryption_key.#": "0",
            "id": "us-west1-b/gke-data-infra-apps-gtfsrt-v4-b003cc53-b7vi",
            "image": "https://www.googleapis.com/compute/v1/projects/gke-node-images/global/images/gke-1308-gke1128001-cos-113-18244-236-70-c-cgpv1-pre",
            "label_fingerprint": "27Y9ApY3V_8=",
            "labels.%": "6",
            "labels.goog-gke-cluster-id-base32": "b7q6s5ghvzbrxcigz62lkdgeeggldd76ipme2xfbzcvpmcrghpqq",
            "labels.goog-gke-node": "",
            "labels.goog-gke-volume": "",
            "labels.goog-k8s-cluster-location": "us-west1",
            "labels.goog-k8s-cluster-name": "data-infra-apps",
            "labels.goog-k8s-node-pool-name": "gtfsrt-v4",
            "last_attach_timestamp": "2025-02-09T02:20:22.164-08:00",
            "last_detach_timestamp": "",
            "name": "gke-data-infra-apps-gtfsrt-v4-b003cc53-b7vi",
            "physical_block_size_bytes": "4096",
            "project": "cal-itp-data-infra",
            "provisioned_iops": "0",
            "self_link": "https://www.googleapis.com/compute/v1/projects/cal-itp-data-infra/zones/us-west1-b/disks/gke-data-infra-apps-gtfsrt-v4-b003cc53-b7vi",
            "size": "100",
            "snapshot": "",
            "source_disk": "",
            "source_disk_id": "",
            "source_image_encryption_key.#": "0",
            "source_image_id": "7941437431545325472",
            "source_snapshot_encryption_key.#": "0",
            "source_snapshot_id": "",
            "type": "pd-standard",
            "users.#": "1",
            "users.0": "https://www.googleapis.com/compute/v1/projects/cal-itp-data-infra/zones/us-west1-b/instances/gke-data-infra-apps-gtfsrt-v4-b003cc53-b7vi",
            "zone": "us-west1-b"
          },
          "sensitive_attributes": []
        }
      ]
    },
    {
      "mode": "managed",
      "type": "google_compute_disk",
      "name": "tfer--us-west1-b-002F-gke-data-infra-apps-jobs-v1-8eec22fb-aazx",
      "provider": "provider[\"registry.terraform.io/hashicorp/google\"]",
      "instances": [
        {
          "schema_version": 0,
          "attributes_flat": {
            "creation_timestamp": "2025-02-08T04:33:59.528-08:00",
            "description": "",
            "disk_encryption_key.#": "0",
            "id": "us-west1-b/gke-data-infra-apps-jobs-v1-8eec22fb-aazx",
            "image": "https://www.googleapis.com/compute/v1/projects/gke-node-images/global/images/gke-1308-gke1128001-cos-113-18244-236-70-c-cgpv1-pre",
            "label_fingerprint": "kjW0Qwyy2Ig=",
            "labels.%": "6",
            "labels.goog-gke-cluster-id-base32": "b7q6s5ghvzbrxcigz62lkdgeeggldd76ipme2xfbzcvpmcrghpqq",
            "labels.goog-gke-node": "",
            "labels.goog-gke-volume": "",
            "labels.goog-k8s-cluster-location": "us-west1",
            "labels.goog-k8s-cluster-name": "data-infra-apps",
            "labels.goog-k8s-node-pool-name": "jobs-v1",
            "last_attach_timestamp": "2025-02-08T04:34:00.715-08:00",
            "last_detach_timestamp": "",
            "name": "gke-data-infra-apps-jobs-v1-8eec22fb-aazx",
            "physical_block_size_bytes": "4096",
            "project": "cal-itp-data-infra",
            "provisioned_iops": "0",
            "self_link": "https://www.googleapis.com/compute/v1/projects/cal-itp-data-infra/zones/us-west1-b/disks/gke-data-infra-apps-jobs-v1-8eec22fb-aazx",
            "size": "100",
            "snapshot": "",
            "source_disk": "",
            "source_disk_id": "",
            "source_image_encryption_key.#": "0",
            "source_image_id": "7941437431545325472",
            "source_snapshot_encryption_key.#": "0",
            "source_snapshot_id": "",
            "type": "pd-standard",
            "users.#": "1",
            "users.0": "https://www.googleapis.com/compute/v1/projects/cal-itp-data-infra/zones/us-west1-b/instances/gke-data-infra-apps-jobs-v1-8eec22fb-aazx",
            "zone": "us-west1-b"
          },
          "sensitive_attributes": []
        }
      ]
    },
    {
      "mode": "managed",
      "type": "google_compute_disk",
      "name": "tfer--us-west1-b-002F-gke-data-infra-apps-jupyterhub-users-dddc57ff-76nz",
      "provider": "provider[\"registry.terraform.io/hashicorp/google\"]",
      "instances": [
        {
          "schema_version": 0,
          "attributes_flat": {
            "creation_timestamp": "2025-02-11T10:22:04.768-08:00",
            "description": "",
            "disk_encryption_key.#": "0",
            "id": "us-west1-b/gke-data-infra-apps-jupyterhub-users-dddc57ff-76nz",
            "image": "https://www.googleapis.com/compute/v1/projects/gke-node-images/global/images/gke-1308-gke1128001-cos-113-18244-236-70-c-cgpv1-pre",
            "label_fingerprint": "xqr1XRsDpKE=",
            "labels.%": "6",
            "labels.goog-gke-cluster-id-base32": "b7q6s5ghvzbrxcigz62lkdgeeggldd76ipme2xfbzcvpmcrghpqq",
            "labels.goog-gke-node": "",
            "labels.goog-gke-volume": "",
            "labels.goog-k8s-cluster-location": "us-west1",
            "labels.goog-k8s-cluster-name": "data-infra-apps",
            "labels.goog-k8s-node-pool-name": "jupyterhub-users",
            "last_attach_timestamp": "2025-02-11T10:22:06.145-08:00",
            "last_detach_timestamp": "",
            "name": "gke-data-infra-apps-jupyterhub-users-dddc57ff-76nz",
            "physical_block_size_bytes": "4096",
            "project": "cal-itp-data-infra",
            "provisioned_iops": "0",
            "self_link": "https://www.googleapis.com/compute/v1/projects/cal-itp-data-infra/zones/us-west1-b/disks/gke-data-infra-apps-jupyterhub-users-dddc57ff-76nz",
            "size": "100",
            "snapshot": "",
            "source_disk": "",
            "source_disk_id": "",
            "source_image_encryption_key.#": "0",
            "source_image_id": "7941437431545325472",
            "source_snapshot_encryption_key.#": "0",
            "source_snapshot_id": "",
            "type": "pd-standard",
            "users.#": "1",
            "users.0": "https://www.googleapis.com/compute/v1/projects/cal-itp-data-infra/zones/us-west1-b/instances/gke-data-infra-apps-jupyterhub-users-dddc57ff-76nz",
            "zone": "us-west1-b"
          },
          "sensitive_attributes": []
        }
      ]
    },
    {
      "mode": "managed",
      "type": "google_compute_disk",
      "name": "tfer--us-west1-b-002F-gke-data-infra-apps-jupyterhub-users-dddc57ff-cbrw",
      "provider": "provider[\"registry.terraform.io/hashicorp/google\"]",
      "instances": [
        {
          "schema_version": 0,
          "attributes_flat": {
            "creation_timestamp": "2025-02-08T02:57:50.452-08:00",
            "description": "",
            "disk_encryption_key.#": "0",
            "id": "us-west1-b/gke-data-infra-apps-jupyterhub-users-dddc57ff-cbrw",
            "image": "https://www.googleapis.com/compute/v1/projects/gke-node-images/global/images/gke-1308-gke1128001-cos-113-18244-236-70-c-cgpv1-pre",
            "label_fingerprint": "xqr1XRsDpKE=",
            "labels.%": "6",
            "labels.goog-gke-cluster-id-base32": "b7q6s5ghvzbrxcigz62lkdgeeggldd76ipme2xfbzcvpmcrghpqq",
            "labels.goog-gke-node": "",
            "labels.goog-gke-volume": "",
            "labels.goog-k8s-cluster-location": "us-west1",
            "labels.goog-k8s-cluster-name": "data-infra-apps",
            "labels.goog-k8s-node-pool-name": "jupyterhub-users",
            "last_attach_timestamp": "2025-02-08T02:57:51.376-08:00",
            "last_detach_timestamp": "",
            "name": "gke-data-infra-apps-jupyterhub-users-dddc57ff-cbrw",
            "physical_block_size_bytes": "4096",
            "project": "cal-itp-data-infra",
            "provisioned_iops": "0",
            "self_link": "https://www.googleapis.com/compute/v1/projects/cal-itp-data-infra/zones/us-west1-b/disks/gke-data-infra-apps-jupyterhub-users-dddc57ff-cbrw",
            "size": "100",
            "snapshot": "",
            "source_disk": "",
            "source_disk_id": "",
            "source_image_encryption_key.#": "0",
            "source_image_id": "7941437431545325472",
            "source_snapshot_encryption_key.#": "0",
            "source_snapshot_id": "",
            "type": "pd-standard",
            "users.#": "1",
            "users.0": "https://www.googleapis.com/compute/v1/projects/cal-itp-data-infra/zones/us-west1-b/instances/gke-data-infra-apps-jupyterhub-users-dddc57ff-cbrw",
            "zone": "us-west1-b"
          },
          "sensitive_attributes": []
        }
      ]
    },
    {
      "mode": "managed",
      "type": "google_compute_disk",
      "name": "tfer--us-west1-b-002F-pvc-51920f4f-17fb-4119-88d3-7ab7946939c9",
      "provider": "provider[\"registry.terraform.io/hashicorp/google\"]",
      "instances": [
        {
          "schema_version": 0,
          "attributes_flat": {
            "creation_timestamp": "2023-03-14T13:46:04.088-07:00",
            "description": "{\"kubernetes.io/created-for/pv/name\":\"pvc-51920f4f-17fb-4119-88d3-7ab7946939c9\",\"kubernetes.io/created-for/pvc/name\":\"sentry-clickhouse-data-sentry-clickhouse-2\",\"kubernetes.io/created-for/pvc/namespace\":\"sentry\",\"storage.gke.io/created-by\":\"pd.csi.storage.gke.io\"}",
            "disk_encryption_key.#": "0",
            "id": "us-west1-b/pvc-51920f4f-17fb-4119-88d3-7ab7946939c9",
            "image": "",
            "label_fingerprint": "QzZ6pdJJwQ0=",
            "labels.%": "6",
            "labels.goog-gke-cluster-id-base32": "b7q6s5ghvzbrxcigz62lkdgeeggldd76ipme2xfbzcvpmcrghpqq",
            "labels.goog-gke-cost-management": "",
            "labels.goog-gke-volume": "",
            "labels.goog-k8s-cluster-location": "us-west1",
            "labels.goog-k8s-cluster-name": "data-infra-apps",
            "labels.goog-k8s-node-pool-name": "apps-v2",
            "last_attach_timestamp": "2025-02-08T03:55:30.606-08:00",
            "last_detach_timestamp": "2025-02-08T03:54:59.945-08:00",
            "name": "pvc-51920f4f-17fb-4119-88d3-7ab7946939c9",
            "physical_block_size_bytes": "4096",
            "project": "cal-itp-data-infra",
            "provisioned_iops": "0",
            "self_link": "https://www.googleapis.com/compute/v1/projects/cal-itp-data-infra/zones/us-west1-b/disks/pvc-51920f4f-17fb-4119-88d3-7ab7946939c9",
            "size": "100",
            "snapshot": "",
            "source_disk": "",
            "source_disk_id": "",
            "source_image_encryption_key.#": "0",
            "source_image_id": "",
            "source_snapshot_encryption_key.#": "0",
            "source_snapshot_id": "",
            "type": "pd-standard",
            "users.#": "1",
            "users.0": "https://www.googleapis.com/compute/v1/projects/cal-itp-data-infra/zones/us-west1-b/instances/gke-data-infra-apps-apps-v2-0dfb61fb-5kvg",
            "zone": "us-west1-b"
          },
          "sensitive_attributes": []
        }
      ]
    },
    {
      "mode": "managed",
      "type": "google_compute_disk",
      "name": "tfer--us-west1-b-002F-pvc-56236315-a154-4f43-b3f0-8bb7915da9e4",
      "provider": "provider[\"registry.terraform.io/hashicorp/google\"]",
      "instances": [
        {
          "schema_version": 0,
          "attributes_flat": {
            "creation_timestamp": "2024-10-17T17:14:15.656-07:00",
            "description": "{\"kubernetes.io/created-for/pv/name\":\"pvc-56236315-a154-4f43-b3f0-8bb7915da9e4\",\"kubernetes.io/created-for/pvc/name\":\"claim-themightychris\",\"kubernetes.io/created-for/pvc/namespace\":\"jupyterhub\",\"storage.gke.io/created-by\":\"pd.csi.storage.gke.io\"}",
            "disk_encryption_key.#": "0",
            "id": "us-west1-b/pvc-56236315-a154-4f43-b3f0-8bb7915da9e4",
            "image": "",
            "label_fingerprint": "2UCnGaScDgQ=",
            "labels.%": "6",
            "labels.goog-gke-cluster-id-base32": "b7q6s5ghvzbrxcigz62lkdgeeggldd76ipme2xfbzcvpmcrghpqq",
            "labels.goog-gke-cost-management": "",
            "labels.goog-gke-volume": "",
            "labels.goog-k8s-cluster-location": "us-west1",
            "labels.goog-k8s-cluster-name": "data-infra-apps",
            "labels.goog-k8s-node-pool-name": "jupyterhub-users",
            "last_attach_timestamp": "2025-02-11T10:23:26.358-08:00",
            "last_detach_timestamp": "2025-02-11T11:35:34.776-08:00",
            "name": "pvc-56236315-a154-4f43-b3f0-8bb7915da9e4",
            "physical_block_size_bytes": "4096",
            "project": "cal-itp-data-infra",
            "provisioned_iops": "0",
            "self_link": "https://www.googleapis.com/compute/v1/projects/cal-itp-data-infra/zones/us-west1-b/disks/pvc-56236315-a154-4f43-b3f0-8bb7915da9e4",
            "size": "32",
            "snapshot": "",
            "source_disk": "",
            "source_disk_id": "",
            "source_image_encryption_key.#": "0",
            "source_image_id": "",
            "source_snapshot_encryption_key.#": "0",
            "source_snapshot_id": "",
            "type": "pd-standard",
            "users.#": "0",
            "zone": "us-west1-b"
          },
          "sensitive_attributes": []
        }
      ]
    },
    {
      "mode": "managed",
      "type": "google_compute_disk",
      "name": "tfer--us-west1-b-002F-pvc-8ae88cc0-46d6-4dbd-b554-ebb1fd75df28",
      "provider": "provider[\"registry.terraform.io/hashicorp/google\"]",
      "instances": [
        {
          "schema_version": 0,
          "attributes_flat": {
            "creation_timestamp": "2023-06-07T10:02:06.680-07:00",
            "description": "{\"kubernetes.io/created-for/pv/name\":\"pvc-8ae88cc0-46d6-4dbd-b554-ebb1fd75df28\",\"kubernetes.io/created-for/pvc/name\":\"claim-monicamorenoespinoza\",\"kubernetes.io/created-for/pvc/namespace\":\"jupyterhub\",\"storage.gke.io/created-by\":\"pd.csi.storage.gke.io\"}",
            "disk_encryption_key.#": "0",
            "id": "us-west1-b/pvc-8ae88cc0-46d6-4dbd-b554-ebb1fd75df28",
            "image": "",
            "label_fingerprint": "2UCnGaScDgQ=",
            "labels.%": "6",
            "labels.goog-gke-cluster-id-base32": "b7q6s5ghvzbrxcigz62lkdgeeggldd76ipme2xfbzcvpmcrghpqq",
            "labels.goog-gke-cost-management": "",
            "labels.goog-gke-volume": "",
            "labels.goog-k8s-cluster-location": "us-west1",
            "labels.goog-k8s-cluster-name": "data-infra-apps",
            "labels.goog-k8s-node-pool-name": "jupyterhub-users",
            "last_attach_timestamp": "2024-12-23T12:36:41.772-08:00",
            "last_detach_timestamp": "2024-12-24T00:16:45.926-08:00",
            "name": "pvc-8ae88cc0-46d6-4dbd-b554-ebb1fd75df28",
            "physical_block_size_bytes": "4096",
            "project": "cal-itp-data-infra",
            "provisioned_iops": "0",
            "self_link": "https://www.googleapis.com/compute/v1/projects/cal-itp-data-infra/zones/us-west1-b/disks/pvc-8ae88cc0-46d6-4dbd-b554-ebb1fd75df28",
            "size": "10",
            "snapshot": "",
            "source_disk": "",
            "source_disk_id": "",
            "source_image_encryption_key.#": "0",
            "source_image_id": "",
            "source_snapshot_encryption_key.#": "0",
            "source_snapshot_id": "",
            "type": "pd-standard",
            "users.#": "0",
            "zone": "us-west1-b"
          },
          "sensitive_attributes": []
        }
      ]
    },
    {
      "mode": "managed",
      "type": "google_compute_disk",
      "name": "tfer--us-west1-b-002F-pvc-b75ef8be-704f-4c95-b75f-8b75e7f8216e",
      "provider": "provider[\"registry.terraform.io/hashicorp/google\"]",
      "instances": [
        {
          "schema_version": 0,
          "attributes_flat": {
            "creation_timestamp": "2024-08-14T16:55:42.666-07:00",
            "description": "{\"kubernetes.io/created-for/pv/name\":\"pvc-b75ef8be-704f-4c95-b75f-8b75e7f8216e\",\"kubernetes.io/created-for/pvc/name\":\"claim-erikamov\",\"kubernetes.io/created-for/pvc/namespace\":\"jupyterhub\",\"storage.gke.io/created-by\":\"pd.csi.storage.gke.io\"}",
            "disk_encryption_key.#": "0",
            "id": "us-west1-b/pvc-b75ef8be-704f-4c95-b75f-8b75e7f8216e",
            "image": "",
            "label_fingerprint": "2UCnGaScDgQ=",
            "labels.%": "6",
            "labels.goog-gke-cluster-id-base32": "b7q6s5ghvzbrxcigz62lkdgeeggldd76ipme2xfbzcvpmcrghpqq",
            "labels.goog-gke-cost-management": "",
            "labels.goog-gke-volume": "",
            "labels.goog-k8s-cluster-location": "us-west1",
            "labels.goog-k8s-cluster-name": "data-infra-apps",
            "labels.goog-k8s-node-pool-name": "jupyterhub-users",
            "last_attach_timestamp": "2024-09-20T12:57:58.968-07:00",
            "last_detach_timestamp": "2024-09-20T14:53:18.964-07:00",
            "name": "pvc-b75ef8be-704f-4c95-b75f-8b75e7f8216e",
            "physical_block_size_bytes": "4096",
            "project": "cal-itp-data-infra",
            "provisioned_iops": "0",
            "self_link": "https://www.googleapis.com/compute/v1/projects/cal-itp-data-infra/zones/us-west1-b/disks/pvc-b75ef8be-704f-4c95-b75f-8b75e7f8216e",
            "size": "32",
            "snapshot": "",
            "source_disk": "",
            "source_disk_id": "",
            "source_image_encryption_key.#": "0",
            "source_image_id": "",
            "source_snapshot_encryption_key.#": "0",
            "source_snapshot_id": "",
            "type": "pd-standard",
            "users.#": "0",
            "zone": "us-west1-b"
          },
          "sensitive_attributes": []
        }
      ]
    },
    {
      "mode": "managed",
      "type": "google_compute_disk",
      "name": "tfer--us-west1-b-002F-pvc-b9f30810-bebd-43b6-81d1-cb17699cd116",
      "provider": "provider[\"registry.terraform.io/hashicorp/google\"]",
      "instances": [
        {
          "schema_version": 0,
          "attributes_flat": {
            "creation_timestamp": "2024-10-17T17:17:35.575-07:00",
            "description": "{\"kubernetes.io/created-for/pv/name\":\"pvc-b9f30810-bebd-43b6-81d1-cb17699cd116\",\"kubernetes.io/created-for/pvc/name\":\"claim-lottspot\",\"kubernetes.io/created-for/pvc/namespace\":\"jupyterhub\",\"storage.gke.io/created-by\":\"pd.csi.storage.gke.io\"}",
            "disk_encryption_key.#": "0",
            "id": "us-west1-b/pvc-b9f30810-bebd-43b6-81d1-cb17699cd116",
            "image": "",
            "label_fingerprint": "2UCnGaScDgQ=",
            "labels.%": "6",
            "labels.goog-gke-cluster-id-base32": "b7q6s5ghvzbrxcigz62lkdgeeggldd76ipme2xfbzcvpmcrghpqq",
            "labels.goog-gke-cost-management": "",
            "labels.goog-gke-volume": "",
            "labels.goog-k8s-cluster-location": "us-west1",
            "labels.goog-k8s-cluster-name": "data-infra-apps",
            "labels.goog-k8s-node-pool-name": "jupyterhub-users",
            "last_attach_timestamp": "2025-02-11T10:22:56.363-08:00",
            "last_detach_timestamp": "2025-02-11T11:35:24.690-08:00",
            "name": "pvc-b9f30810-bebd-43b6-81d1-cb17699cd116",
            "physical_block_size_bytes": "4096",
            "project": "cal-itp-data-infra",
            "provisioned_iops": "0",
            "self_link": "https://www.googleapis.com/compute/v1/projects/cal-itp-data-infra/zones/us-west1-b/disks/pvc-b9f30810-bebd-43b6-81d1-cb17699cd116",
            "size": "32",
            "snapshot": "",
            "source_disk": "",
            "source_disk_id": "",
            "source_image_encryption_key.#": "0",
            "source_image_id": "",
            "source_snapshot_encryption_key.#": "0",
            "source_snapshot_id": "",
            "type": "pd-standard",
            "users.#": "0",
            "zone": "us-west1-b"
          },
          "sensitive_attributes": []
        }
      ]
    },
    {
      "mode": "managed",
      "type": "google_compute_disk",
      "name": "tfer--us-west1-b-002F-pvc-bf1cfbb8-d529-4199-a4c1-2f83e4369a21",
      "provider": "provider[\"registry.terraform.io/hashicorp/google\"]",
      "instances": [
        {
          "schema_version": 0,
          "attributes_flat": {
            "creation_timestamp": "2023-10-03T15:23:40.293-07:00",
            "description": "{\"kubernetes.io/created-for/pv/name\":\"pvc-bf1cfbb8-d529-4199-a4c1-2f83e4369a21\",\"kubernetes.io/created-for/pvc/name\":\"claim-shweta487\",\"kubernetes.io/created-for/pvc/namespace\":\"jupyterhub\",\"storage.gke.io/created-by\":\"pd.csi.storage.gke.io\"}",
            "disk_encryption_key.#": "0",
            "id": "us-west1-b/pvc-bf1cfbb8-d529-4199-a4c1-2f83e4369a21",
            "image": "",
            "label_fingerprint": "2UCnGaScDgQ=",
            "labels.%": "6",
            "labels.goog-gke-cluster-id-base32": "b7q6s5ghvzbrxcigz62lkdgeeggldd76ipme2xfbzcvpmcrghpqq",
            "labels.goog-gke-cost-management": "",
            "labels.goog-gke-volume": "",
            "labels.goog-k8s-cluster-location": "us-west1",
            "labels.goog-k8s-cluster-name": "data-infra-apps",
            "labels.goog-k8s-node-pool-name": "jupyterhub-users",
            "last_attach_timestamp": "2025-02-13T08:57:32.582-08:00",
            "last_detach_timestamp": "2025-02-13T08:54:21.001-08:00",
            "name": "pvc-bf1cfbb8-d529-4199-a4c1-2f83e4369a21",
            "physical_block_size_bytes": "4096",
            "project": "cal-itp-data-infra",
            "provisioned_iops": "0",
            "self_link": "https://www.googleapis.com/compute/v1/projects/cal-itp-data-infra/zones/us-west1-b/disks/pvc-bf1cfbb8-d529-4199-a4c1-2f83e4369a21",
            "size": "100",
            "snapshot": "",
            "source_disk": "",
            "source_disk_id": "",
            "source_image_encryption_key.#": "0",
            "source_image_id": "",
            "source_snapshot_encryption_key.#": "0",
            "source_snapshot_id": "",
            "type": "pd-standard",
            "users.#": "1",
            "users.0": "https://www.googleapis.com/compute/v1/projects/cal-itp-data-infra/zones/us-west1-b/instances/gke-data-infra-apps-jupyterhub-users-dddc57ff-cbrw",
            "zone": "us-west1-b"
          },
          "sensitive_attributes": []
        }
      ]
    },
    {
      "mode": "managed",
      "type": "google_compute_disk",
      "name": "tfer--us-west1-b-002F-pvc-cb1787db-828d-4577-8d5b-35e46c43f3a7",
      "provider": "provider[\"registry.terraform.io/hashicorp/google\"]",
      "instances": [
        {
          "schema_version": 0,
          "attributes_flat": {
            "creation_timestamp": "2023-05-01T15:21:50.878-07:00",
            "description": "{\"kubernetes.io/created-for/pv/name\":\"pvc-cb1787db-828d-4577-8d5b-35e46c43f3a7\",\"kubernetes.io/created-for/pvc/name\":\"claim-hhmckay\",\"kubernetes.io/created-for/pvc/namespace\":\"jupyterhub\",\"storage.gke.io/created-by\":\"pd.csi.storage.gke.io\"}",
            "disk_encryption_key.#": "0",
            "id": "us-west1-b/pvc-cb1787db-828d-4577-8d5b-35e46c43f3a7",
            "image": "",
            "label_fingerprint": "2UCnGaScDgQ=",
            "labels.%": "6",
            "labels.goog-gke-cluster-id-base32": "b7q6s5ghvzbrxcigz62lkdgeeggldd76ipme2xfbzcvpmcrghpqq",
            "labels.goog-gke-cost-management": "",
            "labels.goog-gke-volume": "",
            "labels.goog-k8s-cluster-location": "us-west1",
            "labels.goog-k8s-cluster-name": "data-infra-apps",
            "labels.goog-k8s-node-pool-name": "jupyterhub-users",
            "last_attach_timestamp": "2025-02-10T10:55:31.886-08:00",
            "last_detach_timestamp": "2025-02-10T12:03:28.731-08:00",
            "name": "pvc-cb1787db-828d-4577-8d5b-35e46c43f3a7",
            "physical_block_size_bytes": "4096",
            "project": "cal-itp-data-infra",
            "provisioned_iops": "0",
            "self_link": "https://www.googleapis.com/compute/v1/projects/cal-itp-data-infra/zones/us-west1-b/disks/pvc-cb1787db-828d-4577-8d5b-35e46c43f3a7",
            "size": "10",
            "snapshot": "",
            "source_disk": "",
            "source_disk_id": "",
            "source_image_encryption_key.#": "0",
            "source_image_id": "",
            "source_snapshot_encryption_key.#": "0",
            "source_snapshot_id": "",
            "type": "pd-standard",
            "users.#": "0",
            "zone": "us-west1-b"
          },
          "sensitive_attributes": []
        }
      ]
    },
    {
      "mode": "managed",
      "type": "google_compute_disk",
      "name": "tfer--us-west1-b-002F-pvc-f4d846de-ac9f-402c-a213-d175e8a78161",
      "provider": "provider[\"registry.terraform.io/hashicorp/google\"]",
      "instances": [
        {
          "schema_version": 0,
          "attributes_flat": {
            "creation_timestamp": "2023-03-14T13:46:06.026-07:00",
            "description": "{\"kubernetes.io/created-for/pv/name\":\"pvc-f4d846de-ac9f-402c-a213-d175e8a78161\",\"kubernetes.io/created-for/pvc/name\":\"data-sentry-zookeeper-clickhouse-2\",\"kubernetes.io/created-for/pvc/namespace\":\"sentry\",\"storage.gke.io/created-by\":\"pd.csi.storage.gke.io\"}",
            "disk_encryption_key.#": "0",
            "id": "us-west1-b/pvc-f4d846de-ac9f-402c-a213-d175e8a78161",
            "image": "",
            "label_fingerprint": "QzZ6pdJJwQ0=",
            "labels.%": "6",
            "labels.goog-gke-cluster-id-base32": "b7q6s5ghvzbrxcigz62lkdgeeggldd76ipme2xfbzcvpmcrghpqq",
            "labels.goog-gke-cost-management": "",
            "labels.goog-gke-volume": "",
            "labels.goog-k8s-cluster-location": "us-west1",
            "labels.goog-k8s-cluster-name": "data-infra-apps",
            "labels.goog-k8s-node-pool-name": "apps-v2",
            "last_attach_timestamp": "2025-02-08T03:54:00.664-08:00",
            "last_detach_timestamp": "2025-02-08T03:53:57.458-08:00",
            "name": "pvc-f4d846de-ac9f-402c-a213-d175e8a78161",
            "physical_block_size_bytes": "4096",
            "project": "cal-itp-data-infra",
            "provisioned_iops": "0",
            "self_link": "https://www.googleapis.com/compute/v1/projects/cal-itp-data-infra/zones/us-west1-b/disks/pvc-f4d846de-ac9f-402c-a213-d175e8a78161",
            "size": "16",
            "snapshot": "",
            "source_disk": "",
            "source_disk_id": "",
            "source_image_encryption_key.#": "0",
            "source_image_id": "",
            "source_snapshot_encryption_key.#": "0",
            "source_snapshot_id": "",
            "type": "pd-standard",
            "users.#": "1",
            "users.0": "https://www.googleapis.com/compute/v1/projects/cal-itp-data-infra/zones/us-west1-b/instances/gke-data-infra-apps-apps-v2-0dfb61fb-5kvg",
            "zone": "us-west1-b"
          },
          "sensitive_attributes": []
        }
      ]
    },
    {
      "mode": "managed",
      "type": "google_compute_disk",
      "name": "tfer--us-west1-c-002F-gke-data-infra-apps-0f-pvc-1e3b74fe-ca10-4d96-8c33-b1ec0c0f3ef1",
      "provider": "provider[\"registry.terraform.io/hashicorp/google\"]",
      "instances": [
        {
          "schema_version": 0,
          "attributes_flat": {
            "creation_timestamp": "2021-05-26T13:21:48.691-07:00",
            "description": "{\"kubernetes.io/created-for/pv/name\":\"pvc-1e3b74fe-ca10-4d96-8c33-b1ec0c0f3ef1\",\"kubernetes.io/created-for/pvc/name\":\"data-database-0\",\"kubernetes.io/created-for/pvc/namespace\":\"metabase\"}",
            "disk_encryption_key.#": "0",
            "id": "us-west1-c/gke-data-infra-apps-0f-pvc-1e3b74fe-ca10-4d96-8c33-b1ec0c0f3ef1",
            "image": "",
            "label_fingerprint": "fhzdDsqZyE0=",
            "labels.%": "2",
            "labels.goog-gke-volume": "",
            "labels.workload": "metabase-database",
            "last_attach_timestamp": "2022-03-27T04:55:50.073-07:00",
            "last_detach_timestamp": "2022-03-31T11:00:45.455-07:00",
            "name": "gke-data-infra-apps-0f-pvc-1e3b74fe-ca10-4d96-8c33-b1ec0c0f3ef1",
            "physical_block_size_bytes": "4096",
            "project": "cal-itp-data-infra",
            "provisioned_iops": "0",
            "self_link": "https://www.googleapis.com/compute/v1/projects/cal-itp-data-infra/zones/us-west1-c/disks/gke-data-infra-apps-0f-pvc-1e3b74fe-ca10-4d96-8c33-b1ec0c0f3ef1",
            "size": "20",
            "snapshot": "",
            "source_disk": "",
            "source_disk_id": "",
            "source_image_encryption_key.#": "0",
            "source_image_id": "",
            "source_snapshot_encryption_key.#": "0",
            "source_snapshot_id": "",
            "type": "pd-standard",
            "users.#": "0",
            "zone": "us-west1-c"
          },
          "sensitive_attributes": []
        }
      ]
    },
    {
      "mode": "managed",
      "type": "google_compute_disk",
      "name": "tfer--us-west1-c-002F-gke-data-infra-apps-0f-pvc-4abf7dc1-3ee1-4a8d-9ae5-5818998838bd",
      "provider": "provider[\"registry.terraform.io/hashicorp/google\"]",
      "instances": [
        {
          "schema_version": 0,
          "attributes_flat": {
            "creation_timestamp": "2021-09-21T05:56:27.202-07:00",
            "description": "{\"kubernetes.io/created-for/pv/name\":\"pvc-4abf7dc1-3ee1-4a8d-9ae5-5818998838bd\",\"kubernetes.io/created-for/pvc/name\":\"claim-admin\",\"kubernetes.io/created-for/pvc/namespace\":\"jupyterhub\"}",
            "disk_encryption_key.#": "0",
            "id": "us-west1-c/gke-data-infra-apps-0f-pvc-4abf7dc1-3ee1-4a8d-9ae5-5818998838bd",
            "image": "",
            "label_fingerprint": "nT7_dAxskBs=",
            "labels.%": "1",
            "labels.goog-gke-volume": "",
            "last_attach_timestamp": "2021-09-21T05:56:31.913-07:00",
            "last_detach_timestamp": "2021-09-21T06:01:30.091-07:00",
            "name": "gke-data-infra-apps-0f-pvc-4abf7dc1-3ee1-4a8d-9ae5-5818998838bd",
            "physical_block_size_bytes": "4096",
            "project": "cal-itp-data-infra",
            "provisioned_iops": "0",
            "self_link": "https://www.googleapis.com/compute/v1/projects/cal-itp-data-infra/zones/us-west1-c/disks/gke-data-infra-apps-0f-pvc-4abf7dc1-3ee1-4a8d-9ae5-5818998838bd",
            "size": "10",
            "snapshot": "",
            "source_disk": "",
            "source_disk_id": "",
            "source_image_encryption_key.#": "0",
            "source_image_id": "",
            "source_snapshot_encryption_key.#": "0",
            "source_snapshot_id": "",
            "type": "pd-standard",
            "users.#": "0",
            "zone": "us-west1-c"
          },
          "sensitive_attributes": []
        }
      ]
    },
    {
      "mode": "managed",
      "type": "google_compute_disk",
      "name": "tfer--us-west1-c-002F-gke-data-infra-apps-0f-pvc-537c2c55-3c90-44db-a36d-6bd4a4b0ebc2",
      "provider": "provider[\"registry.terraform.io/hashicorp/google\"]",
      "instances": [
        {
          "schema_version": 0,
          "attributes_flat": {
            "creation_timestamp": "2021-12-06T11:26:35.052-08:00",
            "description": "{\"kubernetes.io/created-for/pv/name\":\"pvc-537c2c55-3c90-44db-a36d-6bd4a4b0ebc2\",\"kubernetes.io/created-for/pvc/name\":\"claim-amandaha8\",\"kubernetes.io/created-for/pvc/namespace\":\"jupyterhub\"}",
            "disk_encryption_key.#": "0",
            "id": "us-west1-c/gke-data-infra-apps-0f-pvc-537c2c55-3c90-44db-a36d-6bd4a4b0ebc2",
            "image": "",
            "label_fingerprint": "2UCnGaScDgQ=",
            "labels.%": "6",
            "labels.goog-gke-cluster-id-base32": "b7q6s5ghvzbrxcigz62lkdgeeggldd76ipme2xfbzcvpmcrghpqq",
            "labels.goog-gke-cost-management": "",
            "labels.goog-gke-volume": "",
            "labels.goog-k8s-cluster-location": "us-west1",
            "labels.goog-k8s-cluster-name": "data-infra-apps",
            "labels.goog-k8s-node-pool-name": "jupyterhub-users",
            "last_attach_timestamp": "2025-02-10T11:00:04.437-08:00",
            "last_detach_timestamp": "2025-02-10T10:57:38.709-08:00",
            "name": "gke-data-infra-apps-0f-pvc-537c2c55-3c90-44db-a36d-6bd4a4b0ebc2",
            "physical_block_size_bytes": "4096",
            "project": "cal-itp-data-infra",
            "provisioned_iops": "0",
            "self_link": "https://www.googleapis.com/compute/v1/projects/cal-itp-data-infra/zones/us-west1-c/disks/gke-data-infra-apps-0f-pvc-537c2c55-3c90-44db-a36d-6bd4a4b0ebc2",
            "size": "100",
            "snapshot": "",
            "source_disk": "",
            "source_disk_id": "",
            "source_image_encryption_key.#": "0",
            "source_image_id": "",
            "source_snapshot_encryption_key.#": "0",
            "source_snapshot_id": "",
            "type": "pd-standard",
            "users.#": "1",
            "users.0": "https://www.googleapis.com/compute/v1/projects/cal-itp-data-infra/zones/us-west1-c/instances/gke-data-infra-apps-jupyterhub-users-6aa76dbb-b03b",
            "zone": "us-west1-c"
          },
          "sensitive_attributes": []
        }
      ]
    },
    {
      "mode": "managed",
      "type": "google_compute_disk",
      "name": "tfer--us-west1-c-002F-gke-data-infra-apps-0f-pvc-5a9722fe-da89-48b2-a633-3bd3f4e8ab78",
      "provider": "provider[\"registry.terraform.io/hashicorp/google\"]",
      "instances": [
        {
          "schema_version": 0,
          "attributes_flat": {
            "creation_timestamp": "2022-09-26T10:47:16.730-07:00",
            "description": "{\"kubernetes.io/created-for/pv/name\":\"pvc-5a9722fe-da89-48b2-a633-3bd3f4e8ab78\",\"kubernetes.io/created-for/pvc/name\":\"data-sentry-kafka-2\",\"kubernetes.io/created-for/pvc/namespace\":\"sentry\"}",
            "disk_encryption_key.#": "0",
            "id": "us-west1-c/gke-data-infra-apps-0f-pvc-5a9722fe-da89-48b2-a633-3bd3f4e8ab78",
            "image": "",
            "label_fingerprint": "nT7_dAxskBs=",
            "labels.%": "1",
            "labels.goog-gke-volume": "",
            "last_attach_timestamp": "2023-04-12T09:37:50.039-07:00",
            "last_detach_timestamp": "2023-04-12T09:44:35.125-07:00",
            "name": "gke-data-infra-apps-0f-pvc-5a9722fe-da89-48b2-a633-3bd3f4e8ab78",
            "physical_block_size_bytes": "4096",
            "project": "cal-itp-data-infra",
            "provisioned_iops": "0",
            "self_link": "https://www.googleapis.com/compute/v1/projects/cal-itp-data-infra/zones/us-west1-c/disks/gke-data-infra-apps-0f-pvc-5a9722fe-da89-48b2-a633-3bd3f4e8ab78",
            "size": "16",
            "snapshot": "",
            "source_disk": "",
            "source_disk_id": "",
            "source_image_encryption_key.#": "0",
            "source_image_id": "",
            "source_snapshot_encryption_key.#": "0",
            "source_snapshot_id": "",
            "type": "pd-standard",
            "users.#": "0",
            "zone": "us-west1-c"
          },
          "sensitive_attributes": []
        }
      ]
    },
    {
      "mode": "managed",
      "type": "google_compute_disk",
      "name": "tfer--us-west1-c-002F-gke-data-infra-apps-0f-pvc-5dd43bea-6458-469b-8148-0fcd1a4f1317",
      "provider": "provider[\"registry.terraform.io/hashicorp/google\"]",
      "instances": [
        {
          "schema_version": 0,
          "attributes_flat": {
            "creation_timestamp": "2022-09-26T10:48:39.846-07:00",
            "description": "{\"kubernetes.io/created-for/pv/name\":\"pvc-5dd43bea-6458-469b-8148-0fcd1a4f1317\",\"kubernetes.io/created-for/pvc/name\":\"redis-data-sentry-sentry-redis-replicas-2\",\"kubernetes.io/created-for/pvc/namespace\":\"sentry\"}",
            "disk_encryption_key.#": "0",
            "id": "us-west1-c/gke-data-infra-apps-0f-pvc-5dd43bea-6458-469b-8148-0fcd1a4f1317",
            "image": "",
            "label_fingerprint": "QzZ6pdJJwQ0=",
            "labels.%": "6",
            "labels.goog-gke-cluster-id-base32": "b7q6s5ghvzbrxcigz62lkdgeeggldd76ipme2xfbzcvpmcrghpqq",
            "labels.goog-gke-cost-management": "",
            "labels.goog-gke-volume": "",
            "labels.goog-k8s-cluster-location": "us-west1",
            "labels.goog-k8s-cluster-name": "data-infra-apps",
            "labels.goog-k8s-node-pool-name": "apps-v2",
            "last_attach_timestamp": "2024-09-18T13:02:22.220-07:00",
            "last_detach_timestamp": "2024-09-18T13:23:10.724-07:00",
            "name": "gke-data-infra-apps-0f-pvc-5dd43bea-6458-469b-8148-0fcd1a4f1317",
            "physical_block_size_bytes": "4096",
            "project": "cal-itp-data-infra",
            "provisioned_iops": "0",
            "self_link": "https://www.googleapis.com/compute/v1/projects/cal-itp-data-infra/zones/us-west1-c/disks/gke-data-infra-apps-0f-pvc-5dd43bea-6458-469b-8148-0fcd1a4f1317",
            "size": "8",
            "snapshot": "",
            "source_disk": "",
            "source_disk_id": "",
            "source_image_encryption_key.#": "0",
            "source_image_id": "",
            "source_snapshot_encryption_key.#": "0",
            "source_snapshot_id": "",
            "type": "pd-standard",
            "users.#": "0",
            "zone": "us-west1-c"
          },
          "sensitive_attributes": []
        }
      ]
    },
    {
      "mode": "managed",
      "type": "google_compute_disk",
      "name": "tfer--us-west1-c-002F-gke-data-infra-apps-0f-pvc-5f1039b1-f4bb-48e0-b925-0b9f4936b92c",
      "provider": "provider[\"registry.terraform.io/hashicorp/google\"]",
      "instances": [
        {
          "schema_version": 0,
          "attributes_flat": {
            "creation_timestamp": "2022-03-31T15:04:43.306-07:00",
            "description": "{\"kubernetes.io/created-for/pv/name\":\"pvc-5f1039b1-f4bb-48e0-b925-0b9f4936b92c\",\"kubernetes.io/created-for/pvc/name\":\"data-database-0\",\"kubernetes.io/created-for/pvc/namespace\":\"metabase-preprod\"}",
            "disk_encryption_key.#": "0",
            "id": "us-west1-c/gke-data-infra-apps-0f-pvc-5f1039b1-f4bb-48e0-b925-0b9f4936b92c",
            "image": "",
            "label_fingerprint": "LQ7Ui6rYS5c=",
            "labels.%": "4",
            "labels.goog-gke-volume": "",
            "labels.goog-k8s-cluster-location": "us-west1",
            "labels.goog-k8s-cluster-name": "data-infra-apps",
            "labels.goog-k8s-node-pool-name": "apps-v2",
            "last_attach_timestamp": "2023-06-03T04:33:11.716-07:00",
            "last_detach_timestamp": "2023-06-16T09:50:02.742-07:00",
            "name": "gke-data-infra-apps-0f-pvc-5f1039b1-f4bb-48e0-b925-0b9f4936b92c",
            "physical_block_size_bytes": "4096",
            "project": "cal-itp-data-infra",
            "provisioned_iops": "0",
            "self_link": "https://www.googleapis.com/compute/v1/projects/cal-itp-data-infra/zones/us-west1-c/disks/gke-data-infra-apps-0f-pvc-5f1039b1-f4bb-48e0-b925-0b9f4936b92c",
            "size": "10",
            "snapshot": "",
            "source_disk": "",
            "source_disk_id": "",
            "source_image_encryption_key.#": "0",
            "source_image_id": "",
            "source_snapshot_encryption_key.#": "0",
            "source_snapshot_id": "",
            "type": "pd-standard",
            "users.#": "0",
            "zone": "us-west1-c"
          },
          "sensitive_attributes": []
        }
      ]
    },
    {
      "mode": "managed",
      "type": "google_compute_disk",
      "name": "tfer--us-west1-c-002F-gke-data-infra-apps-0f-pvc-6d2d7ce8-56d1-45bc-bd6a-9b0a70c4c697",
      "provider": "provider[\"registry.terraform.io/hashicorp/google\"]",
      "instances": [
        {
          "schema_version": 0,
          "attributes_flat": {
            "creation_timestamp": "2022-04-22T12:59:38.559-07:00",
            "description": "{\"kubernetes.io/created-for/pv/name\":\"pvc-6d2d7ce8-56d1-45bc-bd6a-9b0a70c4c697\",\"kubernetes.io/created-for/pvc/name\":\"claim-csuyat-2ddot\",\"kubernetes.io/created-for/pvc/namespace\":\"jupyterhub\"}",
            "disk_encryption_key.#": "0",
            "id": "us-west1-c/gke-data-infra-apps-0f-pvc-6d2d7ce8-56d1-45bc-bd6a-9b0a70c4c697",
            "image": "",
            "label_fingerprint": "2UCnGaScDgQ=",
            "labels.%": "6",
            "labels.goog-gke-cluster-id-base32": "b7q6s5ghvzbrxcigz62lkdgeeggldd76ipme2xfbzcvpmcrghpqq",
            "labels.goog-gke-cost-management": "",
            "labels.goog-gke-volume": "",
            "labels.goog-k8s-cluster-location": "us-west1",
            "labels.goog-k8s-cluster-name": "data-infra-apps",
            "labels.goog-k8s-node-pool-name": "jupyterhub-users",
            "last_attach_timestamp": "2025-02-06T08:35:24.100-08:00",
            "last_detach_timestamp": "2025-02-06T10:46:36.868-08:00",
            "name": "gke-data-infra-apps-0f-pvc-6d2d7ce8-56d1-45bc-bd6a-9b0a70c4c697",
            "physical_block_size_bytes": "4096",
            "project": "cal-itp-data-infra",
            "provisioned_iops": "0",
            "self_link": "https://www.googleapis.com/compute/v1/projects/cal-itp-data-infra/zones/us-west1-c/disks/gke-data-infra-apps-0f-pvc-6d2d7ce8-56d1-45bc-bd6a-9b0a70c4c697",
            "size": "100",
            "snapshot": "",
            "source_disk": "",
            "source_disk_id": "",
            "source_image_encryption_key.#": "0",
            "source_image_id": "",
            "source_snapshot_encryption_key.#": "0",
            "source_snapshot_id": "",
            "type": "pd-standard",
            "users.#": "0",
            "zone": "us-west1-c"
          },
          "sensitive_attributes": []
        }
      ]
    },
    {
      "mode": "managed",
      "type": "google_compute_disk",
      "name": "tfer--us-west1-c-002F-gke-data-infra-apps-0f-pvc-780faa09-e65d-46f6-8809-6d69eaa6073f",
      "provider": "provider[\"registry.terraform.io/hashicorp/google\"]",
      "instances": [
        {
          "schema_version": 0,
          "attributes_flat": {
            "creation_timestamp": "2021-10-12T08:41:14.184-07:00",
            "description": "{\"kubernetes.io/created-for/pv/name\":\"pvc-780faa09-e65d-46f6-8809-6d69eaa6073f\",\"kubernetes.io/created-for/pvc/name\":\"claim-charlie-2dcostanzo\",\"kubernetes.io/created-for/pvc/namespace\":\"jupyterhub\"}",
            "disk_encryption_key.#": "0",
            "id": "us-west1-c/gke-data-infra-apps-0f-pvc-780faa09-e65d-46f6-8809-6d69eaa6073f",
            "image": "",
            "label_fingerprint": "2UCnGaScDgQ=",
            "labels.%": "6",
            "labels.goog-gke-cluster-id-base32": "b7q6s5ghvzbrxcigz62lkdgeeggldd76ipme2xfbzcvpmcrghpqq",
            "labels.goog-gke-cost-management": "",
            "labels.goog-gke-volume": "",
            "labels.goog-k8s-cluster-location": "us-west1",
            "labels.goog-k8s-cluster-name": "data-infra-apps",
            "labels.goog-k8s-node-pool-name": "jupyterhub-users",
            "last_attach_timestamp": "2024-12-04T10:03:20.592-08:00",
            "last_detach_timestamp": "2024-12-04T11:18:03.857-08:00",
            "name": "gke-data-infra-apps-0f-pvc-780faa09-e65d-46f6-8809-6d69eaa6073f",
            "physical_block_size_bytes": "4096",
            "project": "cal-itp-data-infra",
            "provisioned_iops": "0",
            "self_link": "https://www.googleapis.com/compute/v1/projects/cal-itp-data-infra/zones/us-west1-c/disks/gke-data-infra-apps-0f-pvc-780faa09-e65d-46f6-8809-6d69eaa6073f",
            "size": "100",
            "snapshot": "",
            "source_disk": "",
            "source_disk_id": "",
            "source_image_encryption_key.#": "0",
            "source_image_id": "",
            "source_snapshot_encryption_key.#": "0",
            "source_snapshot_id": "",
            "type": "pd-standard",
            "users.#": "0",
            "zone": "us-west1-c"
          },
          "sensitive_attributes": []
        }
      ]
    },
    {
      "mode": "managed",
      "type": "google_compute_disk",
      "name": "tfer--us-west1-c-002F-gke-data-infra-apps-0f-pvc-789ca26b-60f7-4b82-ba71-63b519969b5a",
      "provider": "provider[\"registry.terraform.io/hashicorp/google\"]",
      "instances": [
        {
          "schema_version": 0,
          "attributes_flat": {
            "creation_timestamp": "2023-01-27T13:45:38.027-08:00",
            "description": "{\"kubernetes.io/created-for/pv/name\":\"pvc-789ca26b-60f7-4b82-ba71-63b519969b5a\",\"kubernetes.io/created-for/pvc/name\":\"claim-chnvd\",\"kubernetes.io/created-for/pvc/namespace\":\"jupyterhub\"}",
            "disk_encryption_key.#": "0",
            "id": "us-west1-c/gke-data-infra-apps-0f-pvc-789ca26b-60f7-4b82-ba71-63b519969b5a",
            "image": "",
            "label_fingerprint": "nT7_dAxskBs=",
            "labels.%": "1",
            "labels.goog-gke-volume": "",
            "last_attach_timestamp": "2023-04-05T11:11:49.676-07:00",
            "last_detach_timestamp": "2023-04-05T11:16:18.839-07:00",
            "name": "gke-data-infra-apps-0f-pvc-789ca26b-60f7-4b82-ba71-63b519969b5a",
            "physical_block_size_bytes": "4096",
            "project": "cal-itp-data-infra",
            "provisioned_iops": "0",
            "self_link": "https://www.googleapis.com/compute/v1/projects/cal-itp-data-infra/zones/us-west1-c/disks/gke-data-infra-apps-0f-pvc-789ca26b-60f7-4b82-ba71-63b519969b5a",
            "size": "10",
            "snapshot": "",
            "source_disk": "",
            "source_disk_id": "",
            "source_image_encryption_key.#": "0",
            "source_image_id": "",
            "source_snapshot_encryption_key.#": "0",
            "source_snapshot_id": "",
            "type": "pd-standard",
            "users.#": "0",
            "zone": "us-west1-c"
          },
          "sensitive_attributes": []
        }
      ]
    },
    {
      "mode": "managed",
      "type": "google_compute_disk",
      "name": "tfer--us-west1-c-002F-gke-data-infra-apps-0f-pvc-7f5d3f75-5bdd-430d-a47b-d9111ae2d66b",
      "provider": "provider[\"registry.terraform.io/hashicorp/google\"]",
      "instances": [
        {
          "schema_version": 0,
          "attributes_flat": {
            "creation_timestamp": "2021-10-19T09:10:15.269-07:00",
            "description": "{\"kubernetes.io/created-for/pv/name\":\"pvc-7f5d3f75-5bdd-430d-a47b-d9111ae2d66b\",\"kubernetes.io/created-for/pvc/name\":\"claim-benjaminbressette\",\"kubernetes.io/created-for/pvc/namespace\":\"jupyterhub\"}",
            "disk_encryption_key.#": "0",
            "id": "us-west1-c/gke-data-infra-apps-0f-pvc-7f5d3f75-5bdd-430d-a47b-d9111ae2d66b",
            "image": "",
            "label_fingerprint": "2UCnGaScDgQ=",
            "labels.%": "6",
            "labels.goog-gke-cluster-id-base32": "b7q6s5ghvzbrxcigz62lkdgeeggldd76ipme2xfbzcvpmcrghpqq",
            "labels.goog-gke-cost-management": "",
            "labels.goog-gke-volume": "",
            "labels.goog-k8s-cluster-location": "us-west1",
            "labels.goog-k8s-cluster-name": "data-infra-apps",
            "labels.goog-k8s-node-pool-name": "jupyterhub-users",
            "last_attach_timestamp": "2025-02-11T10:24:21.825-08:00",
            "last_detach_timestamp": "2025-02-11T11:35:22.411-08:00",
            "name": "gke-data-infra-apps-0f-pvc-7f5d3f75-5bdd-430d-a47b-d9111ae2d66b",
            "physical_block_size_bytes": "4096",
            "project": "cal-itp-data-infra",
            "provisioned_iops": "0",
            "self_link": "https://www.googleapis.com/compute/v1/projects/cal-itp-data-infra/zones/us-west1-c/disks/gke-data-infra-apps-0f-pvc-7f5d3f75-5bdd-430d-a47b-d9111ae2d66b",
            "size": "10",
            "snapshot": "",
            "source_disk": "",
            "source_disk_id": "",
            "source_image_encryption_key.#": "0",
            "source_image_id": "",
            "source_snapshot_encryption_key.#": "0",
            "source_snapshot_id": "",
            "type": "pd-standard",
            "users.#": "0",
            "zone": "us-west1-c"
          },
          "sensitive_attributes": []
        }
      ]
    },
    {
      "mode": "managed",
      "type": "google_compute_disk",
      "name": "tfer--us-west1-c-002F-gke-data-infra-apps-0f-pvc-8e1af0b5-de26-4747-93b8-2f1bcd6f9c1b",
      "provider": "provider[\"registry.terraform.io/hashicorp/google\"]",
      "instances": [
        {
          "schema_version": 0,
          "attributes_flat": {
            "creation_timestamp": "2021-10-15T09:27:36.022-07:00",
            "description": "{\"kubernetes.io/created-for/pv/name\":\"pvc-8e1af0b5-de26-4747-93b8-2f1bcd6f9c1b\",\"kubernetes.io/created-for/pvc/name\":\"claim-edasmalchi\",\"kubernetes.io/created-for/pvc/namespace\":\"jupyterhub\"}",
            "disk_encryption_key.#": "0",
            "id": "us-west1-c/gke-data-infra-apps-0f-pvc-8e1af0b5-de26-4747-93b8-2f1bcd6f9c1b",
            "image": "",
            "label_fingerprint": "2UCnGaScDgQ=",
            "labels.%": "6",
            "labels.goog-gke-cluster-id-base32": "b7q6s5ghvzbrxcigz62lkdgeeggldd76ipme2xfbzcvpmcrghpqq",
            "labels.goog-gke-cost-management": "",
            "labels.goog-gke-volume": "",
            "labels.goog-k8s-cluster-location": "us-west1",
            "labels.goog-k8s-cluster-name": "data-infra-apps",
            "labels.goog-k8s-node-pool-name": "jupyterhub-users",
            "last_attach_timestamp": "2025-02-13T08:38:16.680-08:00",
            "last_detach_timestamp": "2025-02-13T08:35:57.992-08:00",
            "name": "gke-data-infra-apps-0f-pvc-8e1af0b5-de26-4747-93b8-2f1bcd6f9c1b",
            "physical_block_size_bytes": "4096",
            "project": "cal-itp-data-infra",
            "provisioned_iops": "0",
            "self_link": "https://www.googleapis.com/compute/v1/projects/cal-itp-data-infra/zones/us-west1-c/disks/gke-data-infra-apps-0f-pvc-8e1af0b5-de26-4747-93b8-2f1bcd6f9c1b",
            "size": "100",
            "snapshot": "",
            "source_disk": "",
            "source_disk_id": "",
            "source_image_encryption_key.#": "0",
            "source_image_id": "",
            "source_snapshot_encryption_key.#": "0",
            "source_snapshot_id": "",
            "type": "pd-standard",
            "users.#": "1",
            "users.0": "https://www.googleapis.com/compute/v1/projects/cal-itp-data-infra/zones/us-west1-c/instances/gke-data-infra-apps-jupyterhub-users-6aa76dbb-juyr",
            "zone": "us-west1-c"
          },
          "sensitive_attributes": []
        }
      ]
    },
    {
      "mode": "managed",
      "type": "google_compute_disk",
      "name": "tfer--us-west1-c-002F-gke-data-infra-apps-0f-pvc-998826b4-8586-42ac-b030-874e1c622155",
      "provider": "provider[\"registry.terraform.io/hashicorp/google\"]",
      "instances": [
        {
          "schema_version": 0,
          "attributes_flat": {
            "creation_timestamp": "2022-02-23T10:30:48.499-08:00",
            "description": "{\"kubernetes.io/created-for/pv/name\":\"pvc-998826b4-8586-42ac-b030-874e1c622155\",\"kubernetes.io/created-for/pvc/name\":\"prometheus-server\",\"kubernetes.io/created-for/pvc/namespace\":\"monitoring-prometheus\"}",
            "disk_encryption_key.#": "0",
            "id": "us-west1-c/gke-data-infra-apps-0f-pvc-998826b4-8586-42ac-b030-874e1c622155",
            "image": "",
            "label_fingerprint": "QzZ6pdJJwQ0=",
            "labels.%": "6",
            "labels.goog-gke-cluster-id-base32": "b7q6s5ghvzbrxcigz62lkdgeeggldd76ipme2xfbzcvpmcrghpqq",
            "labels.goog-gke-cost-management": "",
            "labels.goog-gke-volume": "",
            "labels.goog-k8s-cluster-location": "us-west1",
            "labels.goog-k8s-cluster-name": "data-infra-apps",
            "labels.goog-k8s-node-pool-name": "apps-v2",
            "last_attach_timestamp": "2025-02-08T04:00:01.055-08:00",
            "last_detach_timestamp": "2025-02-08T03:59:53.755-08:00",
            "name": "gke-data-infra-apps-0f-pvc-998826b4-8586-42ac-b030-874e1c622155",
            "physical_block_size_bytes": "4096",
            "project": "cal-itp-data-infra",
            "provisioned_iops": "0",
            "self_link": "https://www.googleapis.com/compute/v1/projects/cal-itp-data-infra/zones/us-west1-c/disks/gke-data-infra-apps-0f-pvc-998826b4-8586-42ac-b030-874e1c622155",
            "size": "100",
            "snapshot": "",
            "source_disk": "",
            "source_disk_id": "",
            "source_image_encryption_key.#": "0",
            "source_image_id": "",
            "source_snapshot_encryption_key.#": "0",
            "source_snapshot_id": "",
            "type": "pd-standard",
            "users.#": "1",
            "users.0": "https://www.googleapis.com/compute/v1/projects/cal-itp-data-infra/zones/us-west1-c/instances/gke-data-infra-apps-apps-v2-24a4cc95-bdau",
            "zone": "us-west1-c"
          },
          "sensitive_attributes": []
        }
      ]
    },
    {
      "mode": "managed",
      "type": "google_compute_disk",
      "name": "tfer--us-west1-c-002F-gke-data-infra-apps-0f-pvc-9b28062d-4fd5-40de-b406-057aa3722b1a",
      "provider": "provider[\"registry.terraform.io/hashicorp/google\"]",
      "instances": [
        {
          "schema_version": 0,
          "attributes_flat": {
            "creation_timestamp": "2022-09-26T10:47:15.789-07:00",
            "description": "{\"kubernetes.io/created-for/pv/name\":\"pvc-9b28062d-4fd5-40de-b406-057aa3722b1a\",\"kubernetes.io/created-for/pvc/name\":\"sentry-clickhouse-data-sentry-clickhouse-0\",\"kubernetes.io/created-for/pvc/namespace\":\"sentry\"}",
            "disk_encryption_key.#": "0",
            "id": "us-west1-c/gke-data-infra-apps-0f-pvc-9b28062d-4fd5-40de-b406-057aa3722b1a",
            "image": "",
            "label_fingerprint": "nT7_dAxskBs=",
            "labels.%": "1",
            "labels.goog-gke-volume": "",
            "last_attach_timestamp": "2023-02-28T03:50:03.886-08:00",
            "last_detach_timestamp": "2023-03-14T13:45:20.742-07:00",
            "name": "gke-data-infra-apps-0f-pvc-9b28062d-4fd5-40de-b406-057aa3722b1a",
            "physical_block_size_bytes": "4096",
            "project": "cal-itp-data-infra",
            "provisioned_iops": "0",
            "self_link": "https://www.googleapis.com/compute/v1/projects/cal-itp-data-infra/zones/us-west1-c/disks/gke-data-infra-apps-0f-pvc-9b28062d-4fd5-40de-b406-057aa3722b1a",
            "size": "30",
            "snapshot": "",
            "source_disk": "",
            "source_disk_id": "",
            "source_image_encryption_key.#": "0",
            "source_image_id": "",
            "source_snapshot_encryption_key.#": "0",
            "source_snapshot_id": "",
            "type": "pd-standard",
            "users.#": "0",
            "zone": "us-west1-c"
          },
          "sensitive_attributes": []
        }
      ]
    },
    {
      "mode": "managed",
      "type": "google_compute_disk",
      "name": "tfer--us-west1-c-002F-gke-data-infra-apps-0f-pvc-a2132b96-edf4-4249-83e0-40a615961c37",
      "provider": "provider[\"registry.terraform.io/hashicorp/google\"]",
      "instances": [
        {
          "schema_version": 0,
          "attributes_flat": {
            "creation_timestamp": "2022-03-31T11:43:37.789-07:00",
            "description": "{\"kubernetes.io/created-for/pv/name\":\"pvc-a2132b96-edf4-4249-83e0-40a615961c37\",\"kubernetes.io/created-for/pvc/name\":\"data-database-0\",\"kubernetes.io/created-for/pvc/namespace\":\"metabase\"}",
            "disk_encryption_key.#": "0",
            "id": "us-west1-c/gke-data-infra-apps-0f-pvc-a2132b96-edf4-4249-83e0-40a615961c37",
            "image": "",
            "label_fingerprint": "QzZ6pdJJwQ0=",
            "labels.%": "6",
            "labels.goog-gke-cluster-id-base32": "b7q6s5ghvzbrxcigz62lkdgeeggldd76ipme2xfbzcvpmcrghpqq",
            "labels.goog-gke-cost-management": "",
            "labels.goog-gke-volume": "",
            "labels.goog-k8s-cluster-location": "us-west1",
            "labels.goog-k8s-cluster-name": "data-infra-apps",
            "labels.goog-k8s-node-pool-name": "apps-v2",
            "last_attach_timestamp": "2025-02-08T03:57:13.301-08:00",
            "last_detach_timestamp": "2025-02-08T03:57:10.022-08:00",
            "name": "gke-data-infra-apps-0f-pvc-a2132b96-edf4-4249-83e0-40a615961c37",
            "physical_block_size_bytes": "4096",
            "project": "cal-itp-data-infra",
            "provisioned_iops": "0",
            "self_link": "https://www.googleapis.com/compute/v1/projects/cal-itp-data-infra/zones/us-west1-c/disks/gke-data-infra-apps-0f-pvc-a2132b96-edf4-4249-83e0-40a615961c37",
            "size": "20",
            "snapshot": "",
            "source_disk": "",
            "source_disk_id": "",
            "source_image_encryption_key.#": "0",
            "source_image_id": "",
            "source_snapshot_encryption_key.#": "0",
            "source_snapshot_id": "",
            "type": "pd-standard",
            "users.#": "1",
            "users.0": "https://www.googleapis.com/compute/v1/projects/cal-itp-data-infra/zones/us-west1-c/instances/gke-data-infra-apps-apps-v2-24a4cc95-xdkc",
            "zone": "us-west1-c"
          },
          "sensitive_attributes": []
        }
      ]
    },
    {
      "mode": "managed",
      "type": "google_compute_disk",
      "name": "tfer--us-west1-c-002F-gke-data-infra-apps-0f-pvc-da85fe84-416e-4013-8253-d01d82ebaf2d",
      "provider": "provider[\"registry.terraform.io/hashicorp/google\"]",
      "instances": [
        {
          "schema_version": 0,
          "attributes_flat": {
            "creation_timestamp": "2021-11-03T14:05:40.874-07:00",
            "description": "{\"kubernetes.io/created-for/pv/name\":\"pvc-da85fe84-416e-4013-8253-d01d82ebaf2d\",\"kubernetes.io/created-for/pvc/name\":\"claim-hunterowens\",\"kubernetes.io/created-for/pvc/namespace\":\"jupyterhub\"}",
            "disk_encryption_key.#": "0",
            "id": "us-west1-c/gke-data-infra-apps-0f-pvc-da85fe84-416e-4013-8253-d01d82ebaf2d",
            "image": "",
            "label_fingerprint": "2UCnGaScDgQ=",
            "labels.%": "6",
            "labels.goog-gke-cluster-id-base32": "b7q6s5ghvzbrxcigz62lkdgeeggldd76ipme2xfbzcvpmcrghpqq",
            "labels.goog-gke-cost-management": "",
            "labels.goog-gke-volume": "",
            "labels.goog-k8s-cluster-location": "us-west1",
            "labels.goog-k8s-cluster-name": "data-infra-apps",
            "labels.goog-k8s-node-pool-name": "jupyterhub-users",
            "last_attach_timestamp": "2024-10-16T14:26:00.557-07:00",
            "last_detach_timestamp": "2024-10-16T15:08:39.470-07:00",
            "name": "gke-data-infra-apps-0f-pvc-da85fe84-416e-4013-8253-d01d82ebaf2d",
            "physical_block_size_bytes": "4096",
            "project": "cal-itp-data-infra",
            "provisioned_iops": "0",
            "self_link": "https://www.googleapis.com/compute/v1/projects/cal-itp-data-infra/zones/us-west1-c/disks/gke-data-infra-apps-0f-pvc-da85fe84-416e-4013-8253-d01d82ebaf2d",
            "size": "10",
            "snapshot": "",
            "source_disk": "",
            "source_disk_id": "",
            "source_image_encryption_key.#": "0",
            "source_image_id": "",
            "source_snapshot_encryption_key.#": "0",
            "source_snapshot_id": "",
            "type": "pd-standard",
            "users.#": "0",
            "zone": "us-west1-c"
          },
          "sensitive_attributes": []
        }
      ]
    },
    {
      "mode": "managed",
      "type": "google_compute_disk",
      "name": "tfer--us-west1-c-002F-gke-data-infra-apps-0f-pvc-e0a4118c-165d-4187-8ff4-95f01a6b95e1",
      "provider": "provider[\"registry.terraform.io/hashicorp/google\"]",
      "instances": [
        {
          "schema_version": 0,
          "attributes_flat": {
            "creation_timestamp": "2022-09-26T10:47:16.084-07:00",
            "description": "{\"kubernetes.io/created-for/pv/name\":\"pvc-e0a4118c-165d-4187-8ff4-95f01a6b95e1\",\"kubernetes.io/created-for/pvc/name\":\"data-sentry-rabbitmq-0\",\"kubernetes.io/created-for/pvc/namespace\":\"sentry\"}",
            "disk_encryption_key.#": "0",
            "id": "us-west1-c/gke-data-infra-apps-0f-pvc-e0a4118c-165d-4187-8ff4-95f01a6b95e1",
            "image": "",
            "label_fingerprint": "QzZ6pdJJwQ0=",
            "labels.%": "6",
            "labels.goog-gke-cluster-id-base32": "b7q6s5ghvzbrxcigz62lkdgeeggldd76ipme2xfbzcvpmcrghpqq",
            "labels.goog-gke-cost-management": "",
            "labels.goog-gke-volume": "",
            "labels.goog-k8s-cluster-location": "us-west1",
            "labels.goog-k8s-cluster-name": "data-infra-apps",
            "labels.goog-k8s-node-pool-name": "apps-v2",
            "last_attach_timestamp": "2025-02-08T04:01:55.061-08:00",
            "last_detach_timestamp": "2025-02-08T04:01:50.618-08:00",
            "name": "gke-data-infra-apps-0f-pvc-e0a4118c-165d-4187-8ff4-95f01a6b95e1",
            "physical_block_size_bytes": "4096",
            "project": "cal-itp-data-infra",
            "provisioned_iops": "0",
            "self_link": "https://www.googleapis.com/compute/v1/projects/cal-itp-data-infra/zones/us-west1-c/disks/gke-data-infra-apps-0f-pvc-e0a4118c-165d-4187-8ff4-95f01a6b95e1",
            "size": "8",
            "snapshot": "",
            "source_disk": "",
            "source_disk_id": "",
            "source_image_encryption_key.#": "0",
            "source_image_id": "",
            "source_snapshot_encryption_key.#": "0",
            "source_snapshot_id": "",
            "type": "pd-standard",
            "users.#": "1",
            "users.0": "https://www.googleapis.com/compute/v1/projects/cal-itp-data-infra/zones/us-west1-c/instances/gke-data-infra-apps-apps-v2-24a4cc95-bdau",
            "zone": "us-west1-c"
          },
          "sensitive_attributes": []
        }
      ]
    },
    {
      "mode": "managed",
      "type": "google_compute_disk",
      "name": "tfer--us-west1-c-002F-gke-data-infra-apps-0f-pvc-fd2ef2a6-9c8c-4715-abe6-94795af047db",
      "provider": "provider[\"registry.terraform.io/hashicorp/google\"]",
      "instances": [
        {
          "schema_version": 0,
          "attributes_flat": {
            "creation_timestamp": "2022-09-26T10:47:15.763-07:00",
            "description": "{\"kubernetes.io/created-for/pv/name\":\"pvc-fd2ef2a6-9c8c-4715-abe6-94795af047db\",\"kubernetes.io/created-for/pvc/name\":\"redis-data-sentry-sentry-redis-master-0\",\"kubernetes.io/created-for/pvc/namespace\":\"sentry\"}",
            "disk_encryption_key.#": "0",
            "id": "us-west1-c/gke-data-infra-apps-0f-pvc-fd2ef2a6-9c8c-4715-abe6-94795af047db",
            "image": "",
            "label_fingerprint": "QzZ6pdJJwQ0=",
            "labels.%": "6",
            "labels.goog-gke-cluster-id-base32": "b7q6s5ghvzbrxcigz62lkdgeeggldd76ipme2xfbzcvpmcrghpqq",
            "labels.goog-gke-cost-management": "",
            "labels.goog-gke-volume": "",
            "labels.goog-k8s-cluster-location": "us-west1",
            "labels.goog-k8s-cluster-name": "data-infra-apps",
            "labels.goog-k8s-node-pool-name": "apps-v2",
            "last_attach_timestamp": "2025-02-08T03:59:52.907-08:00",
            "last_detach_timestamp": "2025-02-08T03:59:49.389-08:00",
            "name": "gke-data-infra-apps-0f-pvc-fd2ef2a6-9c8c-4715-abe6-94795af047db",
            "physical_block_size_bytes": "4096",
            "project": "cal-itp-data-infra",
            "provisioned_iops": "0",
            "self_link": "https://www.googleapis.com/compute/v1/projects/cal-itp-data-infra/zones/us-west1-c/disks/gke-data-infra-apps-0f-pvc-fd2ef2a6-9c8c-4715-abe6-94795af047db",
            "size": "8",
            "snapshot": "",
            "source_disk": "",
            "source_disk_id": "",
            "source_image_encryption_key.#": "0",
            "source_image_id": "",
            "source_snapshot_encryption_key.#": "0",
            "source_snapshot_id": "",
            "type": "pd-standard",
            "users.#": "1",
            "users.0": "https://www.googleapis.com/compute/v1/projects/cal-itp-data-infra/zones/us-west1-c/instances/gke-data-infra-apps-apps-v2-24a4cc95-bdau",
            "zone": "us-west1-c"
          },
          "sensitive_attributes": []
        }
      ]
    },
    {
      "mode": "managed",
      "type": "google_compute_disk",
      "name": "tfer--us-west1-c-002F-gke-data-infra-apps-apps-v2-24a4cc95-bdau",
      "provider": "provider[\"registry.terraform.io/hashicorp/google\"]",
      "instances": [
        {
          "schema_version": 0,
          "attributes_flat": {
            "creation_timestamp": "2025-02-08T03:58:13.239-08:00",
            "description": "",
            "disk_encryption_key.#": "0",
            "id": "us-west1-c/gke-data-infra-apps-apps-v2-24a4cc95-bdau",
            "image": "https://www.googleapis.com/compute/v1/projects/gke-node-images/global/images/gke-1308-gke1128001-cos-113-18244-236-70-c-cgpv1-pre",
            "label_fingerprint": "yWqg49ETEik=",
            "labels.%": "6",
            "labels.goog-gke-cluster-id-base32": "b7q6s5ghvzbrxcigz62lkdgeeggldd76ipme2xfbzcvpmcrghpqq",
            "labels.goog-gke-node": "",
            "labels.goog-gke-volume": "",
            "labels.goog-k8s-cluster-location": "us-west1",
            "labels.goog-k8s-cluster-name": "data-infra-apps",
            "labels.goog-k8s-node-pool-name": "apps-v2",
            "last_attach_timestamp": "2025-02-08T03:58:14.582-08:00",
            "last_detach_timestamp": "",
            "name": "gke-data-infra-apps-apps-v2-24a4cc95-bdau",
            "physical_block_size_bytes": "4096",
            "project": "cal-itp-data-infra",
            "provisioned_iops": "0",
            "self_link": "https://www.googleapis.com/compute/v1/projects/cal-itp-data-infra/zones/us-west1-c/disks/gke-data-infra-apps-apps-v2-24a4cc95-bdau",
            "size": "100",
            "snapshot": "",
            "source_disk": "",
            "source_disk_id": "",
            "source_image_encryption_key.#": "0",
            "source_image_id": "7941437431545325472",
            "source_snapshot_encryption_key.#": "0",
            "source_snapshot_id": "",
            "type": "pd-standard",
            "users.#": "1",
            "users.0": "https://www.googleapis.com/compute/v1/projects/cal-itp-data-infra/zones/us-west1-c/instances/gke-data-infra-apps-apps-v2-24a4cc95-bdau",
            "zone": "us-west1-c"
          },
          "sensitive_attributes": []
        }
      ]
    },
    {
      "mode": "managed",
      "type": "google_compute_disk",
      "name": "tfer--us-west1-c-002F-gke-data-infra-apps-apps-v2-24a4cc95-xdkc",
      "provider": "provider[\"registry.terraform.io/hashicorp/google\"]",
      "instances": [
        {
          "schema_version": 0,
          "attributes_flat": {
            "creation_timestamp": "2025-02-08T03:55:24.927-08:00",
            "description": "",
            "disk_encryption_key.#": "0",
            "id": "us-west1-c/gke-data-infra-apps-apps-v2-24a4cc95-xdkc",
            "image": "https://www.googleapis.com/compute/v1/projects/gke-node-images/global/images/gke-1308-gke1128001-cos-113-18244-236-70-c-cgpv1-pre",
            "label_fingerprint": "yWqg49ETEik=",
            "labels.%": "6",
            "labels.goog-gke-cluster-id-base32": "b7q6s5ghvzbrxcigz62lkdgeeggldd76ipme2xfbzcvpmcrghpqq",
            "labels.goog-gke-node": "",
            "labels.goog-gke-volume": "",
            "labels.goog-k8s-cluster-location": "us-west1",
            "labels.goog-k8s-cluster-name": "data-infra-apps",
            "labels.goog-k8s-node-pool-name": "apps-v2",
            "last_attach_timestamp": "2025-02-08T03:55:26.045-08:00",
            "last_detach_timestamp": "",
            "name": "gke-data-infra-apps-apps-v2-24a4cc95-xdkc",
            "physical_block_size_bytes": "4096",
            "project": "cal-itp-data-infra",
            "provisioned_iops": "0",
            "self_link": "https://www.googleapis.com/compute/v1/projects/cal-itp-data-infra/zones/us-west1-c/disks/gke-data-infra-apps-apps-v2-24a4cc95-xdkc",
            "size": "100",
            "snapshot": "",
            "source_disk": "",
            "source_disk_id": "",
            "source_image_encryption_key.#": "0",
            "source_image_id": "7941437431545325472",
            "source_snapshot_encryption_key.#": "0",
            "source_snapshot_id": "",
            "type": "pd-standard",
            "users.#": "1",
            "users.0": "https://www.googleapis.com/compute/v1/projects/cal-itp-data-infra/zones/us-west1-c/instances/gke-data-infra-apps-apps-v2-24a4cc95-xdkc",
            "zone": "us-west1-c"
          },
          "sensitive_attributes": []
        }
      ]
    },
    {
      "mode": "managed",
      "type": "google_compute_disk",
      "name": "tfer--us-west1-c-002F-gke-data-infra-apps-gtfsrt-v4-7577d4d7-lz65",
      "provider": "provider[\"registry.terraform.io/hashicorp/google\"]",
      "instances": [
        {
          "schema_version": 0,
          "attributes_flat": {
            "creation_timestamp": "2025-02-09T02:23:31.222-08:00",
            "description": "",
            "disk_encryption_key.#": "0",
            "id": "us-west1-c/gke-data-infra-apps-gtfsrt-v4-7577d4d7-lz65",
            "image": "https://www.googleapis.com/compute/v1/projects/gke-node-images/global/images/gke-1308-gke1128001-cos-113-18244-236-70-c-cgpv1-pre",
            "label_fingerprint": "27Y9ApY3V_8=",
            "labels.%": "6",
            "labels.goog-gke-cluster-id-base32": "b7q6s5ghvzbrxcigz62lkdgeeggldd76ipme2xfbzcvpmcrghpqq",
            "labels.goog-gke-node": "",
            "labels.goog-gke-volume": "",
            "labels.goog-k8s-cluster-location": "us-west1",
            "labels.goog-k8s-cluster-name": "data-infra-apps",
            "labels.goog-k8s-node-pool-name": "gtfsrt-v4",
            "last_attach_timestamp": "2025-02-09T02:23:32.276-08:00",
            "last_detach_timestamp": "",
            "name": "gke-data-infra-apps-gtfsrt-v4-7577d4d7-lz65",
            "physical_block_size_bytes": "4096",
            "project": "cal-itp-data-infra",
            "provisioned_iops": "0",
            "self_link": "https://www.googleapis.com/compute/v1/projects/cal-itp-data-infra/zones/us-west1-c/disks/gke-data-infra-apps-gtfsrt-v4-7577d4d7-lz65",
            "size": "100",
            "snapshot": "",
            "source_disk": "",
            "source_disk_id": "",
            "source_image_encryption_key.#": "0",
            "source_image_id": "7941437431545325472",
            "source_snapshot_encryption_key.#": "0",
            "source_snapshot_id": "",
            "type": "pd-standard",
            "users.#": "1",
            "users.0": "https://www.googleapis.com/compute/v1/projects/cal-itp-data-infra/zones/us-west1-c/instances/gke-data-infra-apps-gtfsrt-v4-7577d4d7-lz65",
            "zone": "us-west1-c"
          },
          "sensitive_attributes": []
        }
      ]
    },
    {
      "mode": "managed",
      "type": "google_compute_disk",
      "name": "tfer--us-west1-c-002F-gke-data-infra-apps-jobs-v1-625ec063-5q8v",
      "provider": "provider[\"registry.terraform.io/hashicorp/google\"]",
      "instances": [
        {
          "schema_version": 0,
          "attributes_flat": {
            "creation_timestamp": "2025-02-08T04:37:51.238-08:00",
            "description": "",
            "disk_encryption_key.#": "0",
            "id": "us-west1-c/gke-data-infra-apps-jobs-v1-625ec063-5q8v",
            "image": "https://www.googleapis.com/compute/v1/projects/gke-node-images/global/images/gke-1308-gke1128001-cos-113-18244-236-70-c-cgpv1-pre",
            "label_fingerprint": "kjW0Qwyy2Ig=",
            "labels.%": "6",
            "labels.goog-gke-cluster-id-base32": "b7q6s5ghvzbrxcigz62lkdgeeggldd76ipme2xfbzcvpmcrghpqq",
            "labels.goog-gke-node": "",
            "labels.goog-gke-volume": "",
            "labels.goog-k8s-cluster-location": "us-west1",
            "labels.goog-k8s-cluster-name": "data-infra-apps",
            "labels.goog-k8s-node-pool-name": "jobs-v1",
            "last_attach_timestamp": "2025-02-08T04:37:52.475-08:00",
            "last_detach_timestamp": "",
            "name": "gke-data-infra-apps-jobs-v1-625ec063-5q8v",
            "physical_block_size_bytes": "4096",
            "project": "cal-itp-data-infra",
            "provisioned_iops": "0",
            "self_link": "https://www.googleapis.com/compute/v1/projects/cal-itp-data-infra/zones/us-west1-c/disks/gke-data-infra-apps-jobs-v1-625ec063-5q8v",
            "size": "100",
            "snapshot": "",
            "source_disk": "",
            "source_disk_id": "",
            "source_image_encryption_key.#": "0",
            "source_image_id": "7941437431545325472",
            "source_snapshot_encryption_key.#": "0",
            "source_snapshot_id": "",
            "type": "pd-standard",
            "users.#": "1",
            "users.0": "https://www.googleapis.com/compute/v1/projects/cal-itp-data-infra/zones/us-west1-c/instances/gke-data-infra-apps-jobs-v1-625ec063-5q8v",
            "zone": "us-west1-c"
          },
          "sensitive_attributes": []
        }
      ]
    },
    {
      "mode": "managed",
      "type": "google_compute_disk",
      "name": "tfer--us-west1-c-002F-gke-data-infra-apps-jupyterhub-users-6aa76dbb-9tg2",
      "provider": "provider[\"registry.terraform.io/hashicorp/google\"]",
      "instances": [
        {
          "schema_version": 0,
          "attributes_flat": {
            "creation_timestamp": "2025-02-11T15:49:54.364-08:00",
            "description": "",
            "disk_encryption_key.#": "0",
            "id": "us-west1-c/gke-data-infra-apps-jupyterhub-users-6aa76dbb-9tg2",
            "image": "https://www.googleapis.com/compute/v1/projects/gke-node-images/global/images/gke-1308-gke1128001-cos-113-18244-236-70-c-cgpv1-pre",
            "label_fingerprint": "xqr1XRsDpKE=",
            "labels.%": "6",
            "labels.goog-gke-cluster-id-base32": "b7q6s5ghvzbrxcigz62lkdgeeggldd76ipme2xfbzcvpmcrghpqq",
            "labels.goog-gke-node": "",
            "labels.goog-gke-volume": "",
            "labels.goog-k8s-cluster-location": "us-west1",
            "labels.goog-k8s-cluster-name": "data-infra-apps",
            "labels.goog-k8s-node-pool-name": "jupyterhub-users",
            "last_attach_timestamp": "2025-02-11T15:49:55.773-08:00",
            "last_detach_timestamp": "",
            "name": "gke-data-infra-apps-jupyterhub-users-6aa76dbb-9tg2",
            "physical_block_size_bytes": "4096",
            "project": "cal-itp-data-infra",
            "provisioned_iops": "0",
            "self_link": "https://www.googleapis.com/compute/v1/projects/cal-itp-data-infra/zones/us-west1-c/disks/gke-data-infra-apps-jupyterhub-users-6aa76dbb-9tg2",
            "size": "100",
            "snapshot": "",
            "source_disk": "",
            "source_disk_id": "",
            "source_image_encryption_key.#": "0",
            "source_image_id": "7941437431545325472",
            "source_snapshot_encryption_key.#": "0",
            "source_snapshot_id": "",
            "type": "pd-standard",
            "users.#": "1",
            "users.0": "https://www.googleapis.com/compute/v1/projects/cal-itp-data-infra/zones/us-west1-c/instances/gke-data-infra-apps-jupyterhub-users-6aa76dbb-9tg2",
            "zone": "us-west1-c"
          },
          "sensitive_attributes": []
        }
      ]
    },
    {
      "mode": "managed",
      "type": "google_compute_disk",
      "name": "tfer--us-west1-c-002F-gke-data-infra-apps-jupyterhub-users-6aa76dbb-b03b",
      "provider": "provider[\"registry.terraform.io/hashicorp/google\"]",
      "instances": [
        {
          "schema_version": 0,
          "attributes_flat": {
            "creation_timestamp": "2025-02-08T03:11:16.977-08:00",
            "description": "",
            "disk_encryption_key.#": "0",
            "id": "us-west1-c/gke-data-infra-apps-jupyterhub-users-6aa76dbb-b03b",
            "image": "https://www.googleapis.com/compute/v1/projects/gke-node-images/global/images/gke-1308-gke1128001-cos-113-18244-236-70-c-cgpv1-pre",
            "label_fingerprint": "xqr1XRsDpKE=",
            "labels.%": "6",
            "labels.goog-gke-cluster-id-base32": "b7q6s5ghvzbrxcigz62lkdgeeggldd76ipme2xfbzcvpmcrghpqq",
            "labels.goog-gke-node": "",
            "labels.goog-gke-volume": "",
            "labels.goog-k8s-cluster-location": "us-west1",
            "labels.goog-k8s-cluster-name": "data-infra-apps",
            "labels.goog-k8s-node-pool-name": "jupyterhub-users",
            "last_attach_timestamp": "2025-02-08T03:11:18.195-08:00",
            "last_detach_timestamp": "",
            "name": "gke-data-infra-apps-jupyterhub-users-6aa76dbb-b03b",
            "physical_block_size_bytes": "4096",
            "project": "cal-itp-data-infra",
            "provisioned_iops": "0",
            "self_link": "https://www.googleapis.com/compute/v1/projects/cal-itp-data-infra/zones/us-west1-c/disks/gke-data-infra-apps-jupyterhub-users-6aa76dbb-b03b",
            "size": "100",
            "snapshot": "",
            "source_disk": "",
            "source_disk_id": "",
            "source_image_encryption_key.#": "0",
            "source_image_id": "7941437431545325472",
            "source_snapshot_encryption_key.#": "0",
            "source_snapshot_id": "",
            "type": "pd-standard",
            "users.#": "1",
            "users.0": "https://www.googleapis.com/compute/v1/projects/cal-itp-data-infra/zones/us-west1-c/instances/gke-data-infra-apps-jupyterhub-users-6aa76dbb-b03b",
            "zone": "us-west1-c"
          },
          "sensitive_attributes": []
        }
      ]
    },
    {
      "mode": "managed",
      "type": "google_compute_disk",
      "name": "tfer--us-west1-c-002F-gke-data-infra-apps-jupyterhub-users-6aa76dbb-fk7x",
      "provider": "provider[\"registry.terraform.io/hashicorp/google\"]",
      "instances": [
        {
          "schema_version": 0,
          "attributes_flat": {
            "creation_timestamp": "2025-02-12T13:57:04.237-08:00",
            "description": "",
            "disk_encryption_key.#": "0",
            "id": "us-west1-c/gke-data-infra-apps-jupyterhub-users-6aa76dbb-fk7x",
            "image": "https://www.googleapis.com/compute/v1/projects/gke-node-images/global/images/gke-1308-gke1128001-cos-113-18244-236-70-c-cgpv1-pre",
            "label_fingerprint": "xqr1XRsDpKE=",
            "labels.%": "6",
            "labels.goog-gke-cluster-id-base32": "b7q6s5ghvzbrxcigz62lkdgeeggldd76ipme2xfbzcvpmcrghpqq",
            "labels.goog-gke-node": "",
            "labels.goog-gke-volume": "",
            "labels.goog-k8s-cluster-location": "us-west1",
            "labels.goog-k8s-cluster-name": "data-infra-apps",
            "labels.goog-k8s-node-pool-name": "jupyterhub-users",
            "last_attach_timestamp": "2025-02-12T13:57:05.591-08:00",
            "last_detach_timestamp": "",
            "name": "gke-data-infra-apps-jupyterhub-users-6aa76dbb-fk7x",
            "physical_block_size_bytes": "4096",
            "project": "cal-itp-data-infra",
            "provisioned_iops": "0",
            "self_link": "https://www.googleapis.com/compute/v1/projects/cal-itp-data-infra/zones/us-west1-c/disks/gke-data-infra-apps-jupyterhub-users-6aa76dbb-fk7x",
            "size": "100",
            "snapshot": "",
            "source_disk": "",
            "source_disk_id": "",
            "source_image_encryption_key.#": "0",
            "source_image_id": "7941437431545325472",
            "source_snapshot_encryption_key.#": "0",
            "source_snapshot_id": "",
            "type": "pd-standard",
            "users.#": "1",
            "users.0": "https://www.googleapis.com/compute/v1/projects/cal-itp-data-infra/zones/us-west1-c/instances/gke-data-infra-apps-jupyterhub-users-6aa76dbb-fk7x",
            "zone": "us-west1-c"
          },
          "sensitive_attributes": []
        }
      ]
    },
    {
      "mode": "managed",
      "type": "google_compute_disk",
      "name": "tfer--us-west1-c-002F-gke-data-infra-apps-jupyterhub-users-6aa76dbb-juyr",
      "provider": "provider[\"registry.terraform.io/hashicorp/google\"]",
      "instances": [
        {
          "schema_version": 0,
          "attributes_flat": {
            "creation_timestamp": "2025-02-08T03:08:52.381-08:00",
            "description": "",
            "disk_encryption_key.#": "0",
            "id": "us-west1-c/gke-data-infra-apps-jupyterhub-users-6aa76dbb-juyr",
            "image": "https://www.googleapis.com/compute/v1/projects/gke-node-images/global/images/gke-1308-gke1128001-cos-113-18244-236-70-c-cgpv1-pre",
            "label_fingerprint": "xqr1XRsDpKE=",
            "labels.%": "6",
            "labels.goog-gke-cluster-id-base32": "b7q6s5ghvzbrxcigz62lkdgeeggldd76ipme2xfbzcvpmcrghpqq",
            "labels.goog-gke-node": "",
            "labels.goog-gke-volume": "",
            "labels.goog-k8s-cluster-location": "us-west1",
            "labels.goog-k8s-cluster-name": "data-infra-apps",
            "labels.goog-k8s-node-pool-name": "jupyterhub-users",
            "last_attach_timestamp": "2025-02-08T03:08:53.433-08:00",
            "last_detach_timestamp": "",
            "name": "gke-data-infra-apps-jupyterhub-users-6aa76dbb-juyr",
            "physical_block_size_bytes": "4096",
            "project": "cal-itp-data-infra",
            "provisioned_iops": "0",
            "self_link": "https://www.googleapis.com/compute/v1/projects/cal-itp-data-infra/zones/us-west1-c/disks/gke-data-infra-apps-jupyterhub-users-6aa76dbb-juyr",
            "size": "100",
            "snapshot": "",
            "source_disk": "",
            "source_disk_id": "",
            "source_image_encryption_key.#": "0",
            "source_image_id": "7941437431545325472",
            "source_snapshot_encryption_key.#": "0",
            "source_snapshot_id": "",
            "type": "pd-standard",
            "users.#": "1",
            "users.0": "https://www.googleapis.com/compute/v1/projects/cal-itp-data-infra/zones/us-west1-c/instances/gke-data-infra-apps-jupyterhub-users-6aa76dbb-juyr",
            "zone": "us-west1-c"
          },
          "sensitive_attributes": []
        }
      ]
    },
    {
      "mode": "managed",
      "type": "google_compute_disk",
      "name": "tfer--us-west1-c-002F-pvc-32c3a666-3ae5-4cfc-8129-84f571239f42",
      "provider": "provider[\"registry.terraform.io/hashicorp/google\"]",
      "instances": [
        {
          "schema_version": 0,
          "attributes_flat": {
            "creation_timestamp": "2023-06-08T09:47:50.217-07:00",
            "description": "{\"kubernetes.io/created-for/pv/name\":\"pvc-32c3a666-3ae5-4cfc-8129-84f571239f42\",\"kubernetes.io/created-for/pvc/name\":\"claim-cathyxlin\",\"kubernetes.io/created-for/pvc/namespace\":\"jupyterhub\",\"storage.gke.io/created-by\":\"pd.csi.storage.gke.io\"}",
            "disk_encryption_key.#": "0",
            "id": "us-west1-c/pvc-32c3a666-3ae5-4cfc-8129-84f571239f42",
            "image": "",
            "label_fingerprint": "2UCnGaScDgQ=",
            "labels.%": "6",
            "labels.goog-gke-cluster-id-base32": "b7q6s5ghvzbrxcigz62lkdgeeggldd76ipme2xfbzcvpmcrghpqq",
            "labels.goog-gke-cost-management": "",
            "labels.goog-gke-volume": "",
            "labels.goog-k8s-cluster-location": "us-west1",
            "labels.goog-k8s-cluster-name": "data-infra-apps",
            "labels.goog-k8s-node-pool-name": "jupyterhub-users",
            "last_attach_timestamp": "2025-02-12T09:04:39.319-08:00",
            "last_detach_timestamp": "2025-02-12T16:05:44.420-08:00",
            "name": "pvc-32c3a666-3ae5-4cfc-8129-84f571239f42",
            "physical_block_size_bytes": "4096",
            "project": "cal-itp-data-infra",
            "provisioned_iops": "0",
            "self_link": "https://www.googleapis.com/compute/v1/projects/cal-itp-data-infra/zones/us-west1-c/disks/pvc-32c3a666-3ae5-4cfc-8129-84f571239f42",
            "size": "32",
            "snapshot": "",
            "source_disk": "",
            "source_disk_id": "",
            "source_image_encryption_key.#": "0",
            "source_image_id": "",
            "source_snapshot_encryption_key.#": "0",
            "source_snapshot_id": "",
            "type": "pd-standard",
            "users.#": "0",
            "zone": "us-west1-c"
          },
          "sensitive_attributes": []
        }
      ]
    },
    {
      "mode": "managed",
      "type": "google_compute_disk",
      "name": "tfer--us-west1-c-002F-pvc-3fb43fc4-3b64-478a-aca4-87ab2f21c969",
      "provider": "provider[\"registry.terraform.io/hashicorp/google\"]",
      "instances": [
        {
          "schema_version": 0,
          "attributes_flat": {
            "creation_timestamp": "2023-03-14T13:46:04.018-07:00",
            "description": "{\"kubernetes.io/created-for/pv/name\":\"pvc-3fb43fc4-3b64-478a-aca4-87ab2f21c969\",\"kubernetes.io/created-for/pvc/name\":\"sentry-clickhouse-data-sentry-clickhouse-0\",\"kubernetes.io/created-for/pvc/namespace\":\"sentry\",\"storage.gke.io/created-by\":\"pd.csi.storage.gke.io\"}",
            "disk_encryption_key.#": "0",
            "id": "us-west1-c/pvc-3fb43fc4-3b64-478a-aca4-87ab2f21c969",
            "image": "",
            "label_fingerprint": "QzZ6pdJJwQ0=",
            "labels.%": "6",
            "labels.goog-gke-cluster-id-base32": "b7q6s5ghvzbrxcigz62lkdgeeggldd76ipme2xfbzcvpmcrghpqq",
            "labels.goog-gke-cost-management": "",
            "labels.goog-gke-volume": "",
            "labels.goog-k8s-cluster-location": "us-west1",
            "labels.goog-k8s-cluster-name": "data-infra-apps",
            "labels.goog-k8s-node-pool-name": "apps-v2",
            "last_attach_timestamp": "2025-02-08T03:59:56.488-08:00",
            "last_detach_timestamp": "2025-02-08T03:59:53.749-08:00",
            "name": "pvc-3fb43fc4-3b64-478a-aca4-87ab2f21c969",
            "physical_block_size_bytes": "4096",
            "project": "cal-itp-data-infra",
            "provisioned_iops": "0",
            "self_link": "https://www.googleapis.com/compute/v1/projects/cal-itp-data-infra/zones/us-west1-c/disks/pvc-3fb43fc4-3b64-478a-aca4-87ab2f21c969",
            "size": "100",
            "snapshot": "",
            "source_disk": "",
            "source_disk_id": "",
            "source_image_encryption_key.#": "0",
            "source_image_id": "",
            "source_snapshot_encryption_key.#": "0",
            "source_snapshot_id": "",
            "type": "pd-standard",
            "users.#": "1",
            "users.0": "https://www.googleapis.com/compute/v1/projects/cal-itp-data-infra/zones/us-west1-c/instances/gke-data-infra-apps-apps-v2-24a4cc95-bdau",
            "zone": "us-west1-c"
          },
          "sensitive_attributes": []
        }
      ]
    },
    {
      "mode": "managed",
      "type": "google_compute_disk",
      "name": "tfer--us-west1-c-002F-pvc-41ab9b2e-5c2d-4ce7-8581-60808f17a720",
      "provider": "provider[\"registry.terraform.io/hashicorp/google\"]",
      "instances": [
        {
          "schema_version": 0,
          "attributes_flat": {
            "creation_timestamp": "2023-03-14T13:46:06.047-07:00",
            "description": "{\"kubernetes.io/created-for/pv/name\":\"pvc-41ab9b2e-5c2d-4ce7-8581-60808f17a720\",\"kubernetes.io/created-for/pvc/name\":\"data-sentry-zookeeper-clickhouse-0\",\"kubernetes.io/created-for/pvc/namespace\":\"sentry\",\"storage.gke.io/created-by\":\"pd.csi.storage.gke.io\"}",
            "disk_encryption_key.#": "0",
            "id": "us-west1-c/pvc-41ab9b2e-5c2d-4ce7-8581-60808f17a720",
            "image": "",
            "label_fingerprint": "QzZ6pdJJwQ0=",
            "labels.%": "6",
            "labels.goog-gke-cluster-id-base32": "b7q6s5ghvzbrxcigz62lkdgeeggldd76ipme2xfbzcvpmcrghpqq",
            "labels.goog-gke-cost-management": "",
            "labels.goog-gke-volume": "",
            "labels.goog-k8s-cluster-location": "us-west1",
            "labels.goog-k8s-cluster-name": "data-infra-apps",
            "labels.goog-k8s-node-pool-name": "apps-v2",
            "last_attach_timestamp": "2025-02-08T03:57:18.012-08:00",
            "last_detach_timestamp": "2025-02-08T03:57:14.171-08:00",
            "name": "pvc-41ab9b2e-5c2d-4ce7-8581-60808f17a720",
            "physical_block_size_bytes": "4096",
            "project": "cal-itp-data-infra",
            "provisioned_iops": "0",
            "self_link": "https://www.googleapis.com/compute/v1/projects/cal-itp-data-infra/zones/us-west1-c/disks/pvc-41ab9b2e-5c2d-4ce7-8581-60808f17a720",
            "size": "16",
            "snapshot": "",
            "source_disk": "",
            "source_disk_id": "",
            "source_image_encryption_key.#": "0",
            "source_image_id": "",
            "source_snapshot_encryption_key.#": "0",
            "source_snapshot_id": "",
            "type": "pd-standard",
            "users.#": "1",
            "users.0": "https://www.googleapis.com/compute/v1/projects/cal-itp-data-infra/zones/us-west1-c/instances/gke-data-infra-apps-apps-v2-24a4cc95-xdkc",
            "zone": "us-west1-c"
          },
          "sensitive_attributes": []
        }
      ]
    },
    {
      "mode": "managed",
      "type": "google_compute_disk",
      "name": "tfer--us-west1-c-002F-pvc-4c20f5a4-a28e-430e-b7f3-43c7d9d7f03f",
      "provider": "provider[\"registry.terraform.io/hashicorp/google\"]",
      "instances": [
        {
          "schema_version": 0,
          "attributes_flat": {
            "creation_timestamp": "2023-04-12T09:44:28.379-07:00",
            "description": "{\"kubernetes.io/created-for/pv/name\":\"pvc-4c20f5a4-a28e-430e-b7f3-43c7d9d7f03f\",\"kubernetes.io/created-for/pvc/name\":\"data-sentry-kafka-2\",\"kubernetes.io/created-for/pvc/namespace\":\"sentry\",\"storage.gke.io/created-by\":\"pd.csi.storage.gke.io\"}",
            "disk_encryption_key.#": "0",
            "id": "us-west1-c/pvc-4c20f5a4-a28e-430e-b7f3-43c7d9d7f03f",
            "image": "",
            "label_fingerprint": "QzZ6pdJJwQ0=",
            "labels.%": "6",
            "labels.goog-gke-cluster-id-base32": "b7q6s5ghvzbrxcigz62lkdgeeggldd76ipme2xfbzcvpmcrghpqq",
            "labels.goog-gke-cost-management": "",
            "labels.goog-gke-volume": "",
            "labels.goog-k8s-cluster-location": "us-west1",
            "labels.goog-k8s-cluster-name": "data-infra-apps",
            "labels.goog-k8s-node-pool-name": "apps-v2",
            "last_attach_timestamp": "2025-02-08T03:59:56.480-08:00",
            "last_detach_timestamp": "2025-02-08T03:59:53.761-08:00",
            "name": "pvc-4c20f5a4-a28e-430e-b7f3-43c7d9d7f03f",
            "physical_block_size_bytes": "4096",
            "project": "cal-itp-data-infra",
            "provisioned_iops": "0",
            "self_link": "https://www.googleapis.com/compute/v1/projects/cal-itp-data-infra/zones/us-west1-c/disks/pvc-4c20f5a4-a28e-430e-b7f3-43c7d9d7f03f",
            "size": "16",
            "snapshot": "",
            "source_disk": "",
            "source_disk_id": "",
            "source_image_encryption_key.#": "0",
            "source_image_id": "",
            "source_snapshot_encryption_key.#": "0",
            "source_snapshot_id": "",
            "type": "pd-standard",
            "users.#": "1",
            "users.0": "https://www.googleapis.com/compute/v1/projects/cal-itp-data-infra/zones/us-west1-c/instances/gke-data-infra-apps-apps-v2-24a4cc95-bdau",
            "zone": "us-west1-c"
          },
          "sensitive_attributes": []
        }
      ]
    },
    {
      "mode": "managed",
      "type": "google_compute_disk",
      "name": "tfer--us-west1-c-002F-pvc-51ff509f-72b2-46d8-9467-4fea927ba042",
      "provider": "provider[\"registry.terraform.io/hashicorp/google\"]",
      "instances": [
        {
          "schema_version": 0,
          "attributes_flat": {
            "creation_timestamp": "2023-03-22T14:33:41.424-07:00",
            "description": "{\"kubernetes.io/created-for/pv/name\":\"pvc-51ff509f-72b2-46d8-9467-4fea927ba042\",\"kubernetes.io/created-for/pvc/name\":\"sentry-data\",\"kubernetes.io/created-for/pvc/namespace\":\"sentry\",\"storage.gke.io/created-by\":\"pd.csi.storage.gke.io\"}",
            "disk_encryption_key.#": "0",
            "id": "us-west1-c/pvc-51ff509f-72b2-46d8-9467-4fea927ba042",
            "image": "",
            "label_fingerprint": "QzZ6pdJJwQ0=",
            "labels.%": "6",
            "labels.goog-gke-cluster-id-base32": "b7q6s5ghvzbrxcigz62lkdgeeggldd76ipme2xfbzcvpmcrghpqq",
            "labels.goog-gke-cost-management": "",
            "labels.goog-gke-volume": "",
            "labels.goog-k8s-cluster-location": "us-west1",
            "labels.goog-k8s-cluster-name": "data-infra-apps",
            "labels.goog-k8s-node-pool-name": "apps-v2",
            "last_attach_timestamp": "2025-02-08T03:57:17.966-08:00",
            "last_detach_timestamp": "2025-02-08T03:57:14.173-08:00",
            "name": "pvc-51ff509f-72b2-46d8-9467-4fea927ba042",
            "physical_block_size_bytes": "4096",
            "project": "cal-itp-data-infra",
            "provisioned_iops": "0",
            "self_link": "https://www.googleapis.com/compute/v1/projects/cal-itp-data-infra/zones/us-west1-c/disks/pvc-51ff509f-72b2-46d8-9467-4fea927ba042",
            "size": "10",
            "snapshot": "",
            "source_disk": "",
            "source_disk_id": "",
            "source_image_encryption_key.#": "0",
            "source_image_id": "",
            "source_snapshot_encryption_key.#": "0",
            "source_snapshot_id": "",
            "type": "pd-standard",
            "users.#": "1",
            "users.0": "https://www.googleapis.com/compute/v1/projects/cal-itp-data-infra/zones/us-west1-c/instances/gke-data-infra-apps-apps-v2-24a4cc95-xdkc",
            "zone": "us-west1-c"
          },
          "sensitive_attributes": []
        }
      ]
    },
    {
      "mode": "managed",
      "type": "google_compute_disk",
      "name": "tfer--us-west1-c-002F-pvc-a2132f03-9613-4f28-8a87-157d93e7b5e9",
      "provider": "provider[\"registry.terraform.io/hashicorp/google\"]",
      "instances": [
        {
          "schema_version": 0,
          "attributes_flat": {
            "creation_timestamp": "2024-10-17T15:19:52.029-07:00",
            "description": "{\"kubernetes.io/created-for/pv/name\":\"pvc-a2132f03-9613-4f28-8a87-157d93e7b5e9\",\"kubernetes.io/created-for/pvc/name\":\"claim-tiffanychu90\",\"kubernetes.io/created-for/pvc/namespace\":\"jupyterhub\",\"storage.gke.io/created-by\":\"pd.csi.storage.gke.io\"}",
            "disk_encryption_key.#": "0",
            "id": "us-west1-c/pvc-a2132f03-9613-4f28-8a87-157d93e7b5e9",
            "image": "",
            "label_fingerprint": "2UCnGaScDgQ=",
            "labels.%": "6",
            "labels.goog-gke-cluster-id-base32": "b7q6s5ghvzbrxcigz62lkdgeeggldd76ipme2xfbzcvpmcrghpqq",
            "labels.goog-gke-cost-management": "",
            "labels.goog-gke-volume": "",
            "labels.goog-k8s-cluster-location": "us-west1",
            "labels.goog-k8s-cluster-name": "data-infra-apps",
            "labels.goog-k8s-node-pool-name": "jupyterhub-users",
            "last_attach_timestamp": "2025-02-12T16:38:07.122-08:00",
            "last_detach_timestamp": "2025-02-12T19:15:44.795-08:00",
            "name": "pvc-a2132f03-9613-4f28-8a87-157d93e7b5e9",
            "physical_block_size_bytes": "4096",
            "project": "cal-itp-data-infra",
            "provisioned_iops": "0",
            "self_link": "https://www.googleapis.com/compute/v1/projects/cal-itp-data-infra/zones/us-west1-c/disks/pvc-a2132f03-9613-4f28-8a87-157d93e7b5e9",
            "size": "75",
            "snapshot": "",
            "source_disk": "",
            "source_disk_id": "",
            "source_image_encryption_key.#": "0",
            "source_image_id": "",
            "source_snapshot_encryption_key.#": "0",
            "source_snapshot_id": "",
            "type": "pd-standard",
            "users.#": "0",
            "zone": "us-west1-c"
          },
          "sensitive_attributes": []
        }
      ]
    },
    {
      "mode": "managed",
      "type": "google_compute_disk",
      "name": "tfer--us-west1-c-002F-pvc-c27aa4d3-2472-4d81-916c-668a4c3e4828",
      "provider": "provider[\"registry.terraform.io/hashicorp/google\"]",
      "instances": [
        {
          "schema_version": 0,
          "attributes_flat": {
            "creation_timestamp": "2024-01-17T14:11:26.903-08:00",
            "description": "{\"kubernetes.io/created-for/pv/name\":\"pvc-c27aa4d3-2472-4d81-916c-668a4c3e4828\",\"kubernetes.io/created-for/pvc/name\":\"claim-vevetron\",\"kubernetes.io/created-for/pvc/namespace\":\"jupyterhub\",\"storage.gke.io/created-by\":\"pd.csi.storage.gke.io\"}",
            "disk_encryption_key.#": "0",
            "id": "us-west1-c/pvc-c27aa4d3-2472-4d81-916c-668a4c3e4828",
            "image": "",
            "label_fingerprint": "2UCnGaScDgQ=",
            "labels.%": "6",
            "labels.goog-gke-cluster-id-base32": "b7q6s5ghvzbrxcigz62lkdgeeggldd76ipme2xfbzcvpmcrghpqq",
            "labels.goog-gke-cost-management": "",
            "labels.goog-gke-volume": "",
            "labels.goog-k8s-cluster-location": "us-west1",
            "labels.goog-k8s-cluster-name": "data-infra-apps",
            "labels.goog-k8s-node-pool-name": "jupyterhub-users",
            "last_attach_timestamp": "2025-02-12T13:58:26.381-08:00",
            "last_detach_timestamp": "2025-02-12T14:43:31.145-08:00",
            "name": "pvc-c27aa4d3-2472-4d81-916c-668a4c3e4828",
            "physical_block_size_bytes": "4096",
            "project": "cal-itp-data-infra",
            "provisioned_iops": "0",
            "self_link": "https://www.googleapis.com/compute/v1/projects/cal-itp-data-infra/zones/us-west1-c/disks/pvc-c27aa4d3-2472-4d81-916c-668a4c3e4828",
            "size": "100",
            "snapshot": "",
            "source_disk": "",
            "source_disk_id": "",
            "source_image_encryption_key.#": "0",
            "source_image_id": "",
            "source_snapshot_encryption_key.#": "0",
            "source_snapshot_id": "",
            "type": "pd-standard",
            "users.#": "0",
            "zone": "us-west1-c"
          },
          "sensitive_attributes": []
        }
      ]
    },
    {
      "mode": "managed",
      "type": "google_compute_disk",
      "name": "tfer--us-west1-c-002F-pvc-d18eba0e-6dbc-4f9f-a543-61770e61aefe",
      "provider": "provider[\"registry.terraform.io/hashicorp/google\"]",
      "instances": [
        {
          "schema_version": 0,
          "attributes_flat": {
            "creation_timestamp": "2023-08-29T10:57:48.936-07:00",
            "description": "{\"kubernetes.io/created-for/pv/name\":\"pvc-d18eba0e-6dbc-4f9f-a543-61770e61aefe\",\"kubernetes.io/created-for/pvc/name\":\"data-database-0\",\"kubernetes.io/created-for/pvc/namespace\":\"metabase-test\",\"storage.gke.io/created-by\":\"pd.csi.storage.gke.io\"}",
            "disk_encryption_key.#": "0",
            "id": "us-west1-c/pvc-d18eba0e-6dbc-4f9f-a543-61770e61aefe",
            "image": "",
            "label_fingerprint": "QzZ6pdJJwQ0=",
            "labels.%": "6",
            "labels.goog-gke-cluster-id-base32": "b7q6s5ghvzbrxcigz62lkdgeeggldd76ipme2xfbzcvpmcrghpqq",
            "labels.goog-gke-cost-management": "",
            "labels.goog-gke-volume": "",
            "labels.goog-k8s-cluster-location": "us-west1",
            "labels.goog-k8s-cluster-name": "data-infra-apps",
            "labels.goog-k8s-node-pool-name": "apps-v2",
            "last_attach_timestamp": "2025-02-08T03:57:17.967-08:00",
            "last_detach_timestamp": "2025-02-08T03:57:14.173-08:00",
            "name": "pvc-d18eba0e-6dbc-4f9f-a543-61770e61aefe",
            "physical_block_size_bytes": "4096",
            "project": "cal-itp-data-infra",
            "provisioned_iops": "0",
            "self_link": "https://www.googleapis.com/compute/v1/projects/cal-itp-data-infra/zones/us-west1-c/disks/pvc-d18eba0e-6dbc-4f9f-a543-61770e61aefe",
            "size": "10",
            "snapshot": "",
            "source_disk": "",
            "source_disk_id": "",
            "source_image_encryption_key.#": "0",
            "source_image_id": "",
            "source_snapshot_encryption_key.#": "0",
            "source_snapshot_id": "",
            "type": "pd-standard",
            "users.#": "1",
            "users.0": "https://www.googleapis.com/compute/v1/projects/cal-itp-data-infra/zones/us-west1-c/instances/gke-data-infra-apps-apps-v2-24a4cc95-xdkc",
            "zone": "us-west1-c"
          },
          "sensitive_attributes": []
        }
      ]
    },
    {
      "mode": "managed",
      "type": "google_compute_disk",
      "name": "tfer--us-west2-a-002F-gke-us-west2-calitp-ai-pvc-544d90c0-5c8e-4c46-bbc0-2666f0037678",
      "provider": "provider[\"registry.terraform.io/hashicorp/google\"]",
      "instances": [
        {
          "schema_version": 0,
          "attributes_flat": {
            "creation_timestamp": "2021-12-22T12:36:23.415-08:00",
            "description": "{\"kubernetes.io/created-for/pv/name\":\"pvc-544d90c0-5c8e-4c46-bbc0-2666f0037678\",\"kubernetes.io/created-for/pvc/name\":\"airflow-redis-volume-airflow-redis-0\",\"kubernetes.io/created-for/pvc/namespace\":\"default\"}",
            "disk_encryption_key.#": "0",
            "id": "us-west2-a/gke-us-west2-calitp-ai-pvc-544d90c0-5c8e-4c46-bbc0-2666f0037678",
            "image": "",
            "label_fingerprint": "O97orDOslG4=",
            "labels.%": "7",
            "labels.goog-composer-environment": "calitp-airflow2-prod",
            "labels.goog-composer-location": "us-west2",
            "labels.goog-composer-version": "composer-1-17-7-airflow-2-0-2",
            "labels.goog-gke-volume": "",
            "labels.goog-k8s-cluster-location": "us-west2-a",
            "labels.goog-k8s-cluster-name": "us-west2-calitp-airflow2-pr-171e4e47-gke",
            "labels.goog-k8s-node-pool-name": "default-pool",
            "last_attach_timestamp": "2024-01-26T16:36:48.557-08:00",
            "last_detach_timestamp": "2024-02-20T12:28:27.840-08:00",
            "name": "gke-us-west2-calitp-ai-pvc-544d90c0-5c8e-4c46-bbc0-2666f0037678",
            "physical_block_size_bytes": "4096",
            "project": "cal-itp-data-infra",
            "provisioned_iops": "0",
            "self_link": "https://www.googleapis.com/compute/v1/projects/cal-itp-data-infra/zones/us-west2-a/disks/gke-us-west2-calitp-ai-pvc-544d90c0-5c8e-4c46-bbc0-2666f0037678",
            "size": "2",
            "snapshot": "",
            "source_disk": "",
            "source_disk_id": "",
            "source_image_encryption_key.#": "0",
            "source_image_id": "",
            "source_snapshot_encryption_key.#": "0",
            "source_snapshot_id": "",
            "type": "pd-standard",
            "users.#": "0",
            "zone": "us-west2-a"
          },
          "sensitive_attributes": []
        }
      ]
    },
    {
      "mode": "managed",
      "type": "google_compute_disk",
      "name": "tfer--us-west2-a-002F-gke-us-west2-calitp-ai-pvc-60bf5634-5335-4812-a5fd-fa35dfef3267",
      "provider": "provider[\"registry.terraform.io/hashicorp/google\"]",
      "instances": [
        {
          "schema_version": 0,
          "attributes_flat": {
            "creation_timestamp": "2021-02-19T12:24:14.132-08:00",
            "description": "{\"kubernetes.io/created-for/pv/name\":\"pvc-60bf5634-5335-4812-a5fd-fa35dfef3267\",\"kubernetes.io/created-for/pvc/name\":\"airflow-redis-volume-airflow-redis-0\",\"kubernetes.io/created-for/pvc/namespace\":\"default\"}",
            "disk_encryption_key.#": "0",
            "id": "us-west2-a/gke-us-west2-calitp-ai-pvc-60bf5634-5335-4812-a5fd-fa35dfef3267",
            "image": "",
            "label_fingerprint": "X4BoRfkbyw8=",
            "labels.%": "4",
            "labels.goog-composer-environment": "calitp-airflow-prod",
            "labels.goog-composer-location": "us-west2",
            "labels.goog-composer-version": "composer-1-14-2-airflow-1-10-14",
            "labels.goog-gke-volume": "",
            "last_attach_timestamp": "2022-01-25T05:41:29.430-08:00",
            "last_detach_timestamp": "2022-02-07T18:34:35.044-08:00",
            "name": "gke-us-west2-calitp-ai-pvc-60bf5634-5335-4812-a5fd-fa35dfef3267",
            "physical_block_size_bytes": "4096",
            "project": "cal-itp-data-infra",
            "provisioned_iops": "0",
            "self_link": "https://www.googleapis.com/compute/v1/projects/cal-itp-data-infra/zones/us-west2-a/disks/gke-us-west2-calitp-ai-pvc-60bf5634-5335-4812-a5fd-fa35dfef3267",
            "size": "2",
            "snapshot": "",
            "source_disk": "",
            "source_disk_id": "",
            "source_image_encryption_key.#": "0",
            "source_image_id": "",
            "source_snapshot_encryption_key.#": "0",
            "source_snapshot_id": "",
            "type": "pd-standard",
            "users.#": "0",
            "zone": "us-west2-a"
          },
          "sensitive_attributes": []
        }
      ]
    },
    {
      "mode": "managed",
      "type": "google_compute_disk",
      "name": "tfer--us-west2-a-002F-gke-us-west2-calitp-ai-pvc-74f6d8c4-8ef8-4519-b72f-7da8c079dcfb",
      "provider": "provider[\"registry.terraform.io/hashicorp/google\"]",
      "instances": [
        {
          "schema_version": 0,
          "attributes_flat": {
            "creation_timestamp": "2021-11-24T10:38:36.334-08:00",
            "description": "{\"kubernetes.io/created-for/pv/name\":\"pvc-74f6d8c4-8ef8-4519-b72f-7da8c079dcfb\",\"kubernetes.io/created-for/pvc/name\":\"airflow-redis-volume-airflow-redis-0\",\"kubernetes.io/created-for/pvc/namespace\":\"default\"}",
            "disk_encryption_key.#": "0",
            "id": "us-west2-a/gke-us-west2-calitp-ai-pvc-74f6d8c4-8ef8-4519-b72f-7da8c079dcfb",
            "image": "",
            "label_fingerprint": "a4mjXCKOf20=",
            "labels.%": "4",
            "labels.goog-composer-environment": "calitp-airflow2-prod",
            "labels.goog-composer-location": "us-west2",
            "labels.goog-composer-version": "composer-1-17-5-airflow-2-1-4",
            "labels.goog-gke-volume": "",
            "last_attach_timestamp": "2021-11-24T10:38:40.482-08:00",
            "last_detach_timestamp": "2021-12-22T12:22:35.322-08:00",
            "name": "gke-us-west2-calitp-ai-pvc-74f6d8c4-8ef8-4519-b72f-7da8c079dcfb",
            "physical_block_size_bytes": "4096",
            "project": "cal-itp-data-infra",
            "provisioned_iops": "0",
            "self_link": "https://www.googleapis.com/compute/v1/projects/cal-itp-data-infra/zones/us-west2-a/disks/gke-us-west2-calitp-ai-pvc-74f6d8c4-8ef8-4519-b72f-7da8c079dcfb",
            "size": "2",
            "snapshot": "",
            "source_disk": "",
            "source_disk_id": "",
            "source_image_encryption_key.#": "0",
            "source_image_id": "",
            "source_snapshot_encryption_key.#": "0",
            "source_snapshot_id": "",
            "type": "pd-standard",
            "users.#": "0",
            "zone": "us-west2-a"
          },
          "sensitive_attributes": []
        }
      ]
    },
    {
      "mode": "managed",
      "type": "google_compute_disk",
      "name": "tfer--us-west2-b-002F-pvc-f4d9e2dd-2fc3-4fac-8ba0-cd8b9043c3a1",
      "provider": "provider[\"registry.terraform.io/hashicorp/google\"]",
      "instances": [
        {
          "schema_version": 0,
          "attributes_flat": {
            "creation_timestamp": "2024-02-12T06:59:44.972-08:00",
            "description": "{\"kubernetes.io/created-for/pv/name\":\"pvc-f4d9e2dd-2fc3-4fac-8ba0-cd8b9043c3a1\",\"kubernetes.io/created-for/pvc/name\":\"airflow-redis-volume-airflow-redis-0\",\"kubernetes.io/created-for/pvc/namespace\":\"composer-system\",\"storage.gke.io/created-by\":\"pd.csi.storage.gke.io\"}",
            "disk_encryption_key.#": "0",
            "id": "us-west2-b/pvc-f4d9e2dd-2fc3-4fac-8ba0-cd8b9043c3a1",
            "image": "",
            "label_fingerprint": "CZZEcDUMPQQ=",
            "labels.%": "10",
            "labels.goog-composer-environment": "calitp-airflow2-prod-composer2-patch",
            "labels.goog-composer-environment-uuid": "b2062ffc-a77d-44a2-8b4e-05f8f5bf4996",
            "labels.goog-composer-location": "us-west2",
            "labels.goog-composer-version": "composer-2-6-0-airflow-2-5-3",
            "labels.goog-gke-cluster-id-base32": "tdwyuzfom5eu7lab72embfwhnqd5e3i7cx7eoimiiuqzdpyqcnoq",
            "labels.goog-k8s-cluster-location": "us-west2",
            "labels.goog-k8s-cluster-name": "us-west2-calitp-airflow2-pr-88ca8ec6-gke",
            "labels.goog-k8s-node-pool-name": "pool-2",
            "last_attach_timestamp": "2025-01-04T01:31:44.260-08:00",
            "last_detach_timestamp": "2025-01-04T01:31:39.036-08:00",
            "name": "pvc-f4d9e2dd-2fc3-4fac-8ba0-cd8b9043c3a1",
            "physical_block_size_bytes": "4096",
            "project": "cal-itp-data-infra",
            "provisioned_iops": "0",
            "self_link": "https://www.googleapis.com/compute/v1/projects/cal-itp-data-infra/zones/us-west2-b/disks/pvc-f4d9e2dd-2fc3-4fac-8ba0-cd8b9043c3a1",
            "size": "2",
            "snapshot": "",
            "source_disk": "",
            "source_disk_id": "",
            "source_image_encryption_key.#": "0",
            "source_image_id": "",
            "source_snapshot_encryption_key.#": "0",
            "source_snapshot_id": "",
            "type": "pd-standard",
            "users.#": "1",
            "users.0": "https://www.googleapis.com/compute/v1/projects/cal-itp-data-infra/zones/us-west2-b/instances/gk3-us-west2-calitp-airflow2-p-pool-2-6ea6bae2-uaes",
            "zone": "us-west2-b"
          },
          "sensitive_attributes": []
        }
      ]
    }
  ],
  "check_results": null
}
