{
  "version": 4,
  "terraform_version": "1.10.5",
  "serial": 2,
  "lineage": "2b4b3e6d-9261-bf0f-c02c-e55e234ef9e7",
  "outputs": {
    "google_storage_bucket_acl_tfer--analysis-output-models_id": {
      "value": "analysis-output-models",
      "type": "string"
    },
    "google_storage_bucket_acl_tfer--artifacts-002E-cal-itp-data-infra-002E-appspot-002E-com_id": {
      "value": "artifacts.cal-itp-data-infra.appspot.com",
      "type": "string"
    },
    "google_storage_bucket_acl_tfer--cal-itp-data-infra-002E-appspot-002E-com_id": {
      "value": "cal-itp-data-infra.appspot.com",
      "type": "string"
    },
    "google_storage_bucket_acl_tfer--calitp-aggregator-scraper_id": {
      "value": "calitp-aggregator-scraper",
      "type": "string"
    },
    "google_storage_bucket_acl_tfer--calitp-airtable_id": {
      "value": "calitp-airtable",
      "type": "string"
    },
    "google_storage_bucket_acl_tfer--calitp-amplitude-benefits-events_id": {
      "value": "calitp-amplitude-benefits-events",
      "type": "string"
    },
    "google_storage_bucket_acl_tfer--calitp-analytics-data_id": {
      "value": "calitp-analytics-data",
      "type": "string"
    },
    "google_storage_bucket_acl_tfer--calitp-backups-grafana_id": {
      "value": "calitp-backups-grafana",
      "type": "string"
    },
    "google_storage_bucket_acl_tfer--calitp-backups-metabase_id": {
      "value": "calitp-backups-metabase",
      "type": "string"
    },
    "google_storage_bucket_acl_tfer--calitp-backups-sentry_id": {
      "value": "calitp-backups-sentry",
      "type": "string"
    },
    "google_storage_bucket_acl_tfer--calitp-backups-test_id": {
      "value": "calitp-backups-test",
      "type": "string"
    },
    "google_storage_bucket_acl_tfer--calitp-ci-artifacts_id": {
      "value": "calitp-ci-artifacts",
      "type": "string"
    },
    "google_storage_bucket_acl_tfer--calitp-dbt-artifacts_id": {
      "value": "calitp-dbt-artifacts",
      "type": "string"
    },
    "google_storage_bucket_acl_tfer--calitp-dbt-python-models_id": {
      "value": "calitp-dbt-python-models",
      "type": "string"
    },
    "google_storage_bucket_acl_tfer--calitp-elavon-parsed_id": {
      "value": "calitp-elavon-parsed",
      "type": "string"
    },
    "google_storage_bucket_acl_tfer--calitp-elavon-raw_id": {
      "value": "calitp-elavon-raw",
      "type": "string"
    },
    "google_storage_bucket_acl_tfer--calitp-gtfs-download-config_id": {
      "value": "calitp-gtfs-download-config",
      "type": "string"
    },
    "google_storage_bucket_acl_tfer--calitp-gtfs-rt-parsed_id": {
      "value": "calitp-gtfs-rt-parsed",
      "type": "string"
    },
    "google_storage_bucket_acl_tfer--calitp-gtfs-rt-raw-deprecated_id": {
      "value": "calitp-gtfs-rt-raw-deprecated",
      "type": "string"
    },
    "google_storage_bucket_acl_tfer--calitp-gtfs-rt-raw-v2_id": {
      "value": "calitp-gtfs-rt-raw-v2",
      "type": "string"
    },
    "google_storage_bucket_acl_tfer--calitp-gtfs-rt-validation_id": {
      "value": "calitp-gtfs-rt-validation",
      "type": "string"
    },
    "google_storage_bucket_acl_tfer--calitp-gtfs-schedule-parsed-hourly_id": {
      "value": "calitp-gtfs-schedule-parsed-hourly",
      "type": "string"
    },
    "google_storage_bucket_acl_tfer--calitp-gtfs-schedule-parsed_id": {
      "value": "calitp-gtfs-schedule-parsed",
      "type": "string"
    },
    "google_storage_bucket_acl_tfer--calitp-gtfs-schedule-raw-v2_id": {
      "value": "calitp-gtfs-schedule-raw-v2",
      "type": "string"
    },
    "google_storage_bucket_acl_tfer--calitp-gtfs-schedule-unzipped-hourly_id": {
      "value": "calitp-gtfs-schedule-unzipped-hourly",
      "type": "string"
    },
    "google_storage_bucket_acl_tfer--calitp-gtfs-schedule-unzipped_id": {
      "value": "calitp-gtfs-schedule-unzipped",
      "type": "string"
    },
    "google_storage_bucket_acl_tfer--calitp-gtfs-schedule-validation-hourly_id": {
      "value": "calitp-gtfs-schedule-validation-hourly",
      "type": "string"
    },
    "google_storage_bucket_acl_tfer--calitp-gtfs-schedule-validation_id": {
      "value": "calitp-gtfs-schedule-validation",
      "type": "string"
    },
    "google_storage_bucket_acl_tfer--calitp-jamesl-gcp-components-tfstate_id": {
      "value": "calitp-jamesl-gcp-components-tfstate",
      "type": "string"
    },
    "google_storage_bucket_acl_tfer--calitp-map-tiles_id": {
      "value": "calitp-map-tiles",
      "type": "string"
    },
    "google_storage_bucket_acl_tfer--calitp-metabase-data-public_id": {
      "value": "calitp-metabase-data-public",
      "type": "string"
    },
    "google_storage_bucket_acl_tfer--calitp-ntd-api-products_id": {
      "value": "calitp-ntd-api-products",
      "type": "string"
    },
    "google_storage_bucket_acl_tfer--calitp-ntd-data-products_id": {
      "value": "calitp-ntd-data-products",
      "type": "string"
    },
    "google_storage_bucket_acl_tfer--calitp-ntd-report-validation_id": {
      "value": "calitp-ntd-report-validation",
      "type": "string"
    },
    "google_storage_bucket_acl_tfer--calitp-ntd-xlsx-products-clean_id": {
      "value": "calitp-ntd-xlsx-products-clean",
      "type": "string"
    },
    "google_storage_bucket_acl_tfer--calitp-ntd-xlsx-products-raw_id": {
      "value": "calitp-ntd-xlsx-products-raw",
      "type": "string"
    },
    "google_storage_bucket_acl_tfer--calitp-payments-littlepay-parsed_id": {
      "value": "calitp-payments-littlepay-parsed",
      "type": "string"
    },
    "google_storage_bucket_acl_tfer--calitp-payments-littlepay-raw_id": {
      "value": "calitp-payments-littlepay-raw",
      "type": "string"
    },
    "google_storage_bucket_acl_tfer--calitp-prod-gcp-components-tfstate_id": {
      "value": "calitp-prod-gcp-components-tfstate",
      "type": "string"
    },
    "google_storage_bucket_acl_tfer--calitp-publish-data-analysis_id": {
      "value": "calitp-publish-data-analysis",
      "type": "string"
    },
    "google_storage_bucket_acl_tfer--calitp-publish_id": {
      "value": "calitp-publish",
      "type": "string"
    },
    "google_storage_bucket_acl_tfer--calitp-reports-data_id": {
      "value": "calitp-reports-data",
      "type": "string"
    },
    "google_storage_bucket_acl_tfer--calitp-state-geoportal-scrape_id": {
      "value": "calitp-state-geoportal-scrape",
      "type": "string"
    },
    "google_storage_bucket_acl_tfer--calitp-state-highway-network-stops_id": {
      "value": "calitp-state-highway-network-stops",
      "type": "string"
    },
    "google_storage_bucket_acl_tfer--cold-storage-outputs-gtfs-data-test-charlie-test_id": {
      "value": "cold-storage-outputs-gtfs-data-test-charlie-test",
      "type": "string"
    },
    "google_storage_bucket_acl_tfer--cold-storage-outputs-gtfs-data-test_id": {
      "value": "cold-storage-outputs-gtfs-data-test",
      "type": "string"
    },
    "google_storage_bucket_acl_tfer--dataproc-staging-us-west2-1005246706141-sfgmtgyp_id": {
      "value": "dataproc-staging-us-west2-1005246706141-sfgmtgyp",
      "type": "string"
    },
    "google_storage_bucket_acl_tfer--dataproc-temp-us-west2-1005246706141-x9mtxbwg_id": {
      "value": "dataproc-temp-us-west2-1005246706141-x9mtxbwg",
      "type": "string"
    },
    "google_storage_bucket_acl_tfer--dev-calitp-aggregator-scraper_id": {
      "value": "dev-calitp-aggregator-scraper",
      "type": "string"
    },
    "google_storage_bucket_acl_tfer--dev-calitp-gtfs-rt-raw_id": {
      "value": "dev-calitp-gtfs-rt-raw",
      "type": "string"
    },
    "google_storage_bucket_acl_tfer--dev-calitp-test-sandbox_id": {
      "value": "dev-calitp-test-sandbox",
      "type": "string"
    },
    "google_storage_bucket_acl_tfer--export-ysjqwvyxc4ti3jmahojq_id": {
      "value": "export-ysjqwvyxc4ti3jmahojq",
      "type": "string"
    },
    "google_storage_bucket_acl_tfer--gtfs-data-reports_id": {
      "value": "gtfs-data-reports",
      "type": "string"
    },
    "google_storage_bucket_acl_tfer--gtfs-data-test-reports_id": {
      "value": "gtfs-data-test-reports",
      "type": "string"
    },
    "google_storage_bucket_acl_tfer--gtfs-data-test_id": {
      "value": "gtfs-data-test",
      "type": "string"
    },
    "google_storage_bucket_acl_tfer--gtfs-data_id": {
      "value": "gtfs-data",
      "type": "string"
    },
    "google_storage_bucket_acl_tfer--gtfs-schedule-backfill-test-deprecated_id": {
      "value": "gtfs-schedule-backfill-test-deprecated",
      "type": "string"
    },
    "google_storage_bucket_acl_tfer--gtfs-schedule-backfill-test_id": {
      "value": "gtfs-schedule-backfill-test",
      "type": "string"
    },
    "google_storage_bucket_acl_tfer--littlepay-data-extract-prod_id": {
      "value": "littlepay-data-extract-prod",
      "type": "string"
    },
    "google_storage_bucket_acl_tfer--rt-parsed-deprecated_id": {
      "value": "rt-parsed-deprecated",
      "type": "string"
    },
    "google_storage_bucket_acl_tfer--rt-parsed_id": {
      "value": "rt-parsed",
      "type": "string"
    },
    "google_storage_bucket_acl_tfer--staging-002E-cal-itp-data-infra-002E-appspot-002E-com_id": {
      "value": "staging.cal-itp-data-infra.appspot.com",
      "type": "string"
    },
    "google_storage_bucket_acl_tfer--test-calitp-aggregator-scraper_id": {
      "value": "test-calitp-aggregator-scraper",
      "type": "string"
    },
    "google_storage_bucket_acl_tfer--test-calitp-airtable_id": {
      "value": "test-calitp-airtable",
      "type": "string"
    },
    "google_storage_bucket_acl_tfer--test-calitp-dbt-artifacts_id": {
      "value": "test-calitp-dbt-artifacts",
      "type": "string"
    },
    "google_storage_bucket_acl_tfer--test-calitp-dbt-python-models_id": {
      "value": "test-calitp-dbt-python-models",
      "type": "string"
    },
    "google_storage_bucket_acl_tfer--test-calitp-elavon-parsed_id": {
      "value": "test-calitp-elavon-parsed",
      "type": "string"
    },
    "google_storage_bucket_acl_tfer--test-calitp-elavon-raw_id": {
      "value": "test-calitp-elavon-raw",
      "type": "string"
    },
    "google_storage_bucket_acl_tfer--test-calitp-elavon_id": {
      "value": "test-calitp-elavon",
      "type": "string"
    },
    "google_storage_bucket_acl_tfer--test-calitp-gtfs-config_id": {
      "value": "test-calitp-gtfs-config",
      "type": "string"
    },
    "google_storage_bucket_acl_tfer--test-calitp-gtfs-download-config_id": {
      "value": "test-calitp-gtfs-download-config",
      "type": "string"
    },
    "google_storage_bucket_acl_tfer--test-calitp-gtfs-raw_id": {
      "value": "test-calitp-gtfs-raw",
      "type": "string"
    },
    "google_storage_bucket_acl_tfer--test-calitp-gtfs-rt-parsed_id": {
      "value": "test-calitp-gtfs-rt-parsed",
      "type": "string"
    },
    "google_storage_bucket_acl_tfer--test-calitp-gtfs-rt-raw-v2_id": {
      "value": "test-calitp-gtfs-rt-raw-v2",
      "type": "string"
    },
    "google_storage_bucket_acl_tfer--test-calitp-gtfs-rt-raw_id": {
      "value": "test-calitp-gtfs-rt-raw",
      "type": "string"
    },
    "google_storage_bucket_acl_tfer--test-calitp-gtfs-rt-validation_id": {
      "value": "test-calitp-gtfs-rt-validation",
      "type": "string"
    },
    "google_storage_bucket_acl_tfer--test-calitp-gtfs-schedule-parsed-hourly_id": {
      "value": "test-calitp-gtfs-schedule-parsed-hourly",
      "type": "string"
    },
    "google_storage_bucket_acl_tfer--test-calitp-gtfs-schedule-parsed_id": {
      "value": "test-calitp-gtfs-schedule-parsed",
      "type": "string"
    },
    "google_storage_bucket_acl_tfer--test-calitp-gtfs-schedule-processed_id": {
      "value": "test-calitp-gtfs-schedule-processed",
      "type": "string"
    },
    "google_storage_bucket_acl_tfer--test-calitp-gtfs-schedule-raw-v2-backfill-test_id": {
      "value": "test-calitp-gtfs-schedule-raw-v2-backfill-test",
      "type": "string"
    },
    "google_storage_bucket_acl_tfer--test-calitp-gtfs-schedule-raw-v2_id": {
      "value": "test-calitp-gtfs-schedule-raw-v2",
      "type": "string"
    },
    "google_storage_bucket_acl_tfer--test-calitp-gtfs-schedule-raw_id": {
      "value": "test-calitp-gtfs-schedule-raw",
      "type": "string"
    },
    "google_storage_bucket_acl_tfer--test-calitp-gtfs-schedule-unzipped-hourly_id": {
      "value": "test-calitp-gtfs-schedule-unzipped-hourly",
      "type": "string"
    },
    "google_storage_bucket_acl_tfer--test-calitp-gtfs-schedule-unzipped_id": {
      "value": "test-calitp-gtfs-schedule-unzipped",
      "type": "string"
    },
    "google_storage_bucket_acl_tfer--test-calitp-gtfs-schedule-validation-hourly_id": {
      "value": "test-calitp-gtfs-schedule-validation-hourly",
      "type": "string"
    },
    "google_storage_bucket_acl_tfer--test-calitp-gtfs-schedule-validation_id": {
      "value": "test-calitp-gtfs-schedule-validation",
      "type": "string"
    },
    "google_storage_bucket_acl_tfer--test-calitp-ntd-api-products_id": {
      "value": "test-calitp-ntd-api-products",
      "type": "string"
    },
    "google_storage_bucket_acl_tfer--test-calitp-ntd-data-products_id": {
      "value": "test-calitp-ntd-data-products",
      "type": "string"
    },
    "google_storage_bucket_acl_tfer--test-calitp-ntd-report-validation_id": {
      "value": "test-calitp-ntd-report-validation",
      "type": "string"
    },
    "google_storage_bucket_acl_tfer--test-calitp-ntd-xlsx-products-clean_id": {
      "value": "test-calitp-ntd-xlsx-products-clean",
      "type": "string"
    },
    "google_storage_bucket_acl_tfer--test-calitp-ntd-xlsx-products-raw_id": {
      "value": "test-calitp-ntd-xlsx-products-raw",
      "type": "string"
    },
    "google_storage_bucket_acl_tfer--test-calitp-payments-littlepay-parsed_id": {
      "value": "test-calitp-payments-littlepay-parsed",
      "type": "string"
    },
    "google_storage_bucket_acl_tfer--test-calitp-payments-littlepay-raw_id": {
      "value": "test-calitp-payments-littlepay-raw",
      "type": "string"
    },
    "google_storage_bucket_acl_tfer--test-calitp-publish-data-analysis_id": {
      "value": "test-calitp-publish-data-analysis",
      "type": "string"
    },
    "google_storage_bucket_acl_tfer--test-calitp-publish_id": {
      "value": "test-calitp-publish",
      "type": "string"
    },
    "google_storage_bucket_acl_tfer--test-calitp-reports-data_id": {
      "value": "test-calitp-reports-data",
      "type": "string"
    },
    "google_storage_bucket_acl_tfer--test-calitp-sentry_id": {
      "value": "test-calitp-sentry",
      "type": "string"
    },
    "google_storage_bucket_acl_tfer--test-calitp-state-geoportal-scrape_id": {
      "value": "test-calitp-state-geoportal-scrape",
      "type": "string"
    },
    "google_storage_bucket_acl_tfer--test-rt-parsed_id": {
      "value": "test-rt-parsed",
      "type": "string"
    },
    "google_storage_bucket_acl_tfer--test-rt-validations_id": {
      "value": "test-rt-validations",
      "type": "string"
    },
    "google_storage_bucket_acl_tfer--us-002E-artifacts-002E-cal-itp-data-infra-002E-appspot-002E-com_id": {
      "value": "us.artifacts.cal-itp-data-infra.appspot.com",
      "type": "string"
    },
    "google_storage_bucket_acl_tfer--us-west2-calitp-airflow2-pr-171e4e47-bucket_id": {
      "value": "us-west2-calitp-airflow2-pr-171e4e47-bucket",
      "type": "string"
    },
    "google_storage_bucket_acl_tfer--us-west2-calitp-airflow2-pr-31e41084-bucket_id": {
      "value": "us-west2-calitp-airflow2-pr-31e41084-bucket",
      "type": "string"
    },
    "google_storage_bucket_acl_tfer--us-west2-calitp-airflow2-pr-88ca8ec6-bucket_id": {
      "value": "us-west2-calitp-airflow2-pr-88ca8ec6-bucket",
      "type": "string"
    },
    "google_storage_bucket_iam_binding_tfer--analysis-output-models_id": {
      "value": "analysis-output-models",
      "type": "string"
    },
    "google_storage_bucket_iam_binding_tfer--artifacts-002E-cal-itp-data-infra-002E-appspot-002E-com_id": {
      "value": "artifacts.cal-itp-data-infra.appspot.com",
      "type": "string"
    },
    "google_storage_bucket_iam_binding_tfer--cal-itp-data-infra-002E-appspot-002E-com_id": {
      "value": "cal-itp-data-infra.appspot.com",
      "type": "string"
    },
    "google_storage_bucket_iam_binding_tfer--calitp-aggregator-scraper_id": {
      "value": "calitp-aggregator-scraper",
      "type": "string"
    },
    "google_storage_bucket_iam_binding_tfer--calitp-airtable_id": {
      "value": "calitp-airtable",
      "type": "string"
    },
    "google_storage_bucket_iam_binding_tfer--calitp-amplitude-benefits-events_id": {
      "value": "calitp-amplitude-benefits-events",
      "type": "string"
    },
    "google_storage_bucket_iam_binding_tfer--calitp-analytics-data_id": {
      "value": "calitp-analytics-data",
      "type": "string"
    },
    "google_storage_bucket_iam_binding_tfer--calitp-backups-grafana_id": {
      "value": "calitp-backups-grafana",
      "type": "string"
    },
    "google_storage_bucket_iam_binding_tfer--calitp-backups-metabase_id": {
      "value": "calitp-backups-metabase",
      "type": "string"
    },
    "google_storage_bucket_iam_binding_tfer--calitp-backups-sentry_id": {
      "value": "calitp-backups-sentry",
      "type": "string"
    },
    "google_storage_bucket_iam_binding_tfer--calitp-backups-test_id": {
      "value": "calitp-backups-test",
      "type": "string"
    },
    "google_storage_bucket_iam_binding_tfer--calitp-ci-artifacts_id": {
      "value": "calitp-ci-artifacts",
      "type": "string"
    },
    "google_storage_bucket_iam_binding_tfer--calitp-dbt-artifacts_id": {
      "value": "calitp-dbt-artifacts",
      "type": "string"
    },
    "google_storage_bucket_iam_binding_tfer--calitp-dbt-python-models_id": {
      "value": "calitp-dbt-python-models",
      "type": "string"
    },
    "google_storage_bucket_iam_binding_tfer--calitp-elavon-parsed_id": {
      "value": "calitp-elavon-parsed",
      "type": "string"
    },
    "google_storage_bucket_iam_binding_tfer--calitp-elavon-raw_id": {
      "value": "calitp-elavon-raw",
      "type": "string"
    },
    "google_storage_bucket_iam_binding_tfer--calitp-gtfs-download-config_id": {
      "value": "calitp-gtfs-download-config",
      "type": "string"
    },
    "google_storage_bucket_iam_binding_tfer--calitp-gtfs-rt-parsed_id": {
      "value": "calitp-gtfs-rt-parsed",
      "type": "string"
    },
    "google_storage_bucket_iam_binding_tfer--calitp-gtfs-rt-raw-deprecated_id": {
      "value": "calitp-gtfs-rt-raw-deprecated",
      "type": "string"
    },
    "google_storage_bucket_iam_binding_tfer--calitp-gtfs-rt-raw-v2_id": {
      "value": "calitp-gtfs-rt-raw-v2",
      "type": "string"
    },
    "google_storage_bucket_iam_binding_tfer--calitp-gtfs-rt-validation_id": {
      "value": "calitp-gtfs-rt-validation",
      "type": "string"
    },
    "google_storage_bucket_iam_binding_tfer--calitp-gtfs-schedule-parsed-hourly_id": {
      "value": "calitp-gtfs-schedule-parsed-hourly",
      "type": "string"
    },
    "google_storage_bucket_iam_binding_tfer--calitp-gtfs-schedule-parsed_id": {
      "value": "calitp-gtfs-schedule-parsed",
      "type": "string"
    },
    "google_storage_bucket_iam_binding_tfer--calitp-gtfs-schedule-raw-v2_id": {
      "value": "calitp-gtfs-schedule-raw-v2",
      "type": "string"
    },
    "google_storage_bucket_iam_binding_tfer--calitp-gtfs-schedule-unzipped-hourly_id": {
      "value": "calitp-gtfs-schedule-unzipped-hourly",
      "type": "string"
    },
    "google_storage_bucket_iam_binding_tfer--calitp-gtfs-schedule-unzipped_id": {
      "value": "calitp-gtfs-schedule-unzipped",
      "type": "string"
    },
    "google_storage_bucket_iam_binding_tfer--calitp-gtfs-schedule-validation-hourly_id": {
      "value": "calitp-gtfs-schedule-validation-hourly",
      "type": "string"
    },
    "google_storage_bucket_iam_binding_tfer--calitp-gtfs-schedule-validation_id": {
      "value": "calitp-gtfs-schedule-validation",
      "type": "string"
    },
    "google_storage_bucket_iam_binding_tfer--calitp-jamesl-gcp-components-tfstate_id": {
      "value": "calitp-jamesl-gcp-components-tfstate",
      "type": "string"
    },
    "google_storage_bucket_iam_binding_tfer--calitp-map-tiles_id": {
      "value": "calitp-map-tiles",
      "type": "string"
    },
    "google_storage_bucket_iam_binding_tfer--calitp-metabase-data-public_id": {
      "value": "calitp-metabase-data-public",
      "type": "string"
    },
    "google_storage_bucket_iam_binding_tfer--calitp-ntd-api-products_id": {
      "value": "calitp-ntd-api-products",
      "type": "string"
    },
    "google_storage_bucket_iam_binding_tfer--calitp-ntd-data-products_id": {
      "value": "calitp-ntd-data-products",
      "type": "string"
    },
    "google_storage_bucket_iam_binding_tfer--calitp-ntd-report-validation_id": {
      "value": "calitp-ntd-report-validation",
      "type": "string"
    },
    "google_storage_bucket_iam_binding_tfer--calitp-ntd-xlsx-products-clean_id": {
      "value": "calitp-ntd-xlsx-products-clean",
      "type": "string"
    },
    "google_storage_bucket_iam_binding_tfer--calitp-ntd-xlsx-products-raw_id": {
      "value": "calitp-ntd-xlsx-products-raw",
      "type": "string"
    },
    "google_storage_bucket_iam_binding_tfer--calitp-payments-littlepay-parsed_id": {
      "value": "calitp-payments-littlepay-parsed",
      "type": "string"
    },
    "google_storage_bucket_iam_binding_tfer--calitp-payments-littlepay-raw_id": {
      "value": "calitp-payments-littlepay-raw",
      "type": "string"
    },
    "google_storage_bucket_iam_binding_tfer--calitp-prod-gcp-components-tfstate_id": {
      "value": "calitp-prod-gcp-components-tfstate",
      "type": "string"
    },
    "google_storage_bucket_iam_binding_tfer--calitp-publish-data-analysis_id": {
      "value": "calitp-publish-data-analysis",
      "type": "string"
    },
    "google_storage_bucket_iam_binding_tfer--calitp-publish_id": {
      "value": "calitp-publish",
      "type": "string"
    },
    "google_storage_bucket_iam_binding_tfer--calitp-reports-data_id": {
      "value": "calitp-reports-data",
      "type": "string"
    },
    "google_storage_bucket_iam_binding_tfer--calitp-state-geoportal-scrape_id": {
      "value": "calitp-state-geoportal-scrape",
      "type": "string"
    },
    "google_storage_bucket_iam_binding_tfer--calitp-state-highway-network-stops_id": {
      "value": "calitp-state-highway-network-stops",
      "type": "string"
    },
    "google_storage_bucket_iam_binding_tfer--cold-storage-outputs-gtfs-data-test-charlie-test_id": {
      "value": "cold-storage-outputs-gtfs-data-test-charlie-test",
      "type": "string"
    },
    "google_storage_bucket_iam_binding_tfer--cold-storage-outputs-gtfs-data-test_id": {
      "value": "cold-storage-outputs-gtfs-data-test",
      "type": "string"
    },
    "google_storage_bucket_iam_binding_tfer--dataproc-staging-us-west2-1005246706141-sfgmtgyp_id": {
      "value": "dataproc-staging-us-west2-1005246706141-sfgmtgyp",
      "type": "string"
    },
    "google_storage_bucket_iam_binding_tfer--dataproc-temp-us-west2-1005246706141-x9mtxbwg_id": {
      "value": "dataproc-temp-us-west2-1005246706141-x9mtxbwg",
      "type": "string"
    },
    "google_storage_bucket_iam_binding_tfer--dev-calitp-aggregator-scraper_id": {
      "value": "dev-calitp-aggregator-scraper",
      "type": "string"
    },
    "google_storage_bucket_iam_binding_tfer--dev-calitp-gtfs-rt-raw_id": {
      "value": "dev-calitp-gtfs-rt-raw",
      "type": "string"
    },
    "google_storage_bucket_iam_binding_tfer--dev-calitp-test-sandbox_id": {
      "value": "dev-calitp-test-sandbox",
      "type": "string"
    },
    "google_storage_bucket_iam_binding_tfer--export-ysjqwvyxc4ti3jmahojq_id": {
      "value": "export-ysjqwvyxc4ti3jmahojq",
      "type": "string"
    },
    "google_storage_bucket_iam_binding_tfer--gtfs-data-reports_id": {
      "value": "gtfs-data-reports",
      "type": "string"
    },
    "google_storage_bucket_iam_binding_tfer--gtfs-data-test-reports_id": {
      "value": "gtfs-data-test-reports",
      "type": "string"
    },
    "google_storage_bucket_iam_binding_tfer--gtfs-data-test_id": {
      "value": "gtfs-data-test",
      "type": "string"
    },
    "google_storage_bucket_iam_binding_tfer--gtfs-data_id": {
      "value": "gtfs-data",
      "type": "string"
    },
    "google_storage_bucket_iam_binding_tfer--gtfs-schedule-backfill-test-deprecated_id": {
      "value": "gtfs-schedule-backfill-test-deprecated",
      "type": "string"
    },
    "google_storage_bucket_iam_binding_tfer--gtfs-schedule-backfill-test_id": {
      "value": "gtfs-schedule-backfill-test",
      "type": "string"
    },
    "google_storage_bucket_iam_binding_tfer--littlepay-data-extract-prod_id": {
      "value": "littlepay-data-extract-prod",
      "type": "string"
    },
    "google_storage_bucket_iam_binding_tfer--rt-parsed-deprecated_id": {
      "value": "rt-parsed-deprecated",
      "type": "string"
    },
    "google_storage_bucket_iam_binding_tfer--rt-parsed_id": {
      "value": "rt-parsed",
      "type": "string"
    },
    "google_storage_bucket_iam_binding_tfer--staging-002E-cal-itp-data-infra-002E-appspot-002E-com_id": {
      "value": "staging.cal-itp-data-infra.appspot.com",
      "type": "string"
    },
    "google_storage_bucket_iam_binding_tfer--test-calitp-aggregator-scraper_id": {
      "value": "test-calitp-aggregator-scraper",
      "type": "string"
    },
    "google_storage_bucket_iam_binding_tfer--test-calitp-airtable_id": {
      "value": "test-calitp-airtable",
      "type": "string"
    },
    "google_storage_bucket_iam_binding_tfer--test-calitp-dbt-artifacts_id": {
      "value": "test-calitp-dbt-artifacts",
      "type": "string"
    },
    "google_storage_bucket_iam_binding_tfer--test-calitp-dbt-python-models_id": {
      "value": "test-calitp-dbt-python-models",
      "type": "string"
    },
    "google_storage_bucket_iam_binding_tfer--test-calitp-elavon-parsed_id": {
      "value": "test-calitp-elavon-parsed",
      "type": "string"
    },
    "google_storage_bucket_iam_binding_tfer--test-calitp-elavon-raw_id": {
      "value": "test-calitp-elavon-raw",
      "type": "string"
    },
    "google_storage_bucket_iam_binding_tfer--test-calitp-elavon_id": {
      "value": "test-calitp-elavon",
      "type": "string"
    },
    "google_storage_bucket_iam_binding_tfer--test-calitp-gtfs-config_id": {
      "value": "test-calitp-gtfs-config",
      "type": "string"
    },
    "google_storage_bucket_iam_binding_tfer--test-calitp-gtfs-download-config_id": {
      "value": "test-calitp-gtfs-download-config",
      "type": "string"
    },
    "google_storage_bucket_iam_binding_tfer--test-calitp-gtfs-raw_id": {
      "value": "test-calitp-gtfs-raw",
      "type": "string"
    },
    "google_storage_bucket_iam_binding_tfer--test-calitp-gtfs-rt-parsed_id": {
      "value": "test-calitp-gtfs-rt-parsed",
      "type": "string"
    },
    "google_storage_bucket_iam_binding_tfer--test-calitp-gtfs-rt-raw-v2_id": {
      "value": "test-calitp-gtfs-rt-raw-v2",
      "type": "string"
    },
    "google_storage_bucket_iam_binding_tfer--test-calitp-gtfs-rt-raw_id": {
      "value": "test-calitp-gtfs-rt-raw",
      "type": "string"
    },
    "google_storage_bucket_iam_binding_tfer--test-calitp-gtfs-rt-validation_id": {
      "value": "test-calitp-gtfs-rt-validation",
      "type": "string"
    },
    "google_storage_bucket_iam_binding_tfer--test-calitp-gtfs-schedule-parsed-hourly_id": {
      "value": "test-calitp-gtfs-schedule-parsed-hourly",
      "type": "string"
    },
    "google_storage_bucket_iam_binding_tfer--test-calitp-gtfs-schedule-parsed_id": {
      "value": "test-calitp-gtfs-schedule-parsed",
      "type": "string"
    },
    "google_storage_bucket_iam_binding_tfer--test-calitp-gtfs-schedule-processed_id": {
      "value": "test-calitp-gtfs-schedule-processed",
      "type": "string"
    },
    "google_storage_bucket_iam_binding_tfer--test-calitp-gtfs-schedule-raw-v2-backfill-test_id": {
      "value": "test-calitp-gtfs-schedule-raw-v2-backfill-test",
      "type": "string"
    },
    "google_storage_bucket_iam_binding_tfer--test-calitp-gtfs-schedule-raw-v2_id": {
      "value": "test-calitp-gtfs-schedule-raw-v2",
      "type": "string"
    },
    "google_storage_bucket_iam_binding_tfer--test-calitp-gtfs-schedule-raw_id": {
      "value": "test-calitp-gtfs-schedule-raw",
      "type": "string"
    },
    "google_storage_bucket_iam_binding_tfer--test-calitp-gtfs-schedule-unzipped-hourly_id": {
      "value": "test-calitp-gtfs-schedule-unzipped-hourly",
      "type": "string"
    },
    "google_storage_bucket_iam_binding_tfer--test-calitp-gtfs-schedule-unzipped_id": {
      "value": "test-calitp-gtfs-schedule-unzipped",
      "type": "string"
    },
    "google_storage_bucket_iam_binding_tfer--test-calitp-gtfs-schedule-validation-hourly_id": {
      "value": "test-calitp-gtfs-schedule-validation-hourly",
      "type": "string"
    },
    "google_storage_bucket_iam_binding_tfer--test-calitp-gtfs-schedule-validation_id": {
      "value": "test-calitp-gtfs-schedule-validation",
      "type": "string"
    },
    "google_storage_bucket_iam_binding_tfer--test-calitp-ntd-api-products_id": {
      "value": "test-calitp-ntd-api-products",
      "type": "string"
    },
    "google_storage_bucket_iam_binding_tfer--test-calitp-ntd-data-products_id": {
      "value": "test-calitp-ntd-data-products",
      "type": "string"
    },
    "google_storage_bucket_iam_binding_tfer--test-calitp-ntd-report-validation_id": {
      "value": "test-calitp-ntd-report-validation",
      "type": "string"
    },
    "google_storage_bucket_iam_binding_tfer--test-calitp-ntd-xlsx-products-clean_id": {
      "value": "test-calitp-ntd-xlsx-products-clean",
      "type": "string"
    },
    "google_storage_bucket_iam_binding_tfer--test-calitp-ntd-xlsx-products-raw_id": {
      "value": "test-calitp-ntd-xlsx-products-raw",
      "type": "string"
    },
    "google_storage_bucket_iam_binding_tfer--test-calitp-payments-littlepay-parsed_id": {
      "value": "test-calitp-payments-littlepay-parsed",
      "type": "string"
    },
    "google_storage_bucket_iam_binding_tfer--test-calitp-payments-littlepay-raw_id": {
      "value": "test-calitp-payments-littlepay-raw",
      "type": "string"
    },
    "google_storage_bucket_iam_binding_tfer--test-calitp-publish-data-analysis_id": {
      "value": "test-calitp-publish-data-analysis",
      "type": "string"
    },
    "google_storage_bucket_iam_binding_tfer--test-calitp-publish_id": {
      "value": "test-calitp-publish",
      "type": "string"
    },
    "google_storage_bucket_iam_binding_tfer--test-calitp-reports-data_id": {
      "value": "test-calitp-reports-data",
      "type": "string"
    },
    "google_storage_bucket_iam_binding_tfer--test-calitp-sentry_id": {
      "value": "test-calitp-sentry",
      "type": "string"
    },
    "google_storage_bucket_iam_binding_tfer--test-calitp-state-geoportal-scrape_id": {
      "value": "test-calitp-state-geoportal-scrape",
      "type": "string"
    },
    "google_storage_bucket_iam_binding_tfer--test-rt-parsed_id": {
      "value": "test-rt-parsed",
      "type": "string"
    },
    "google_storage_bucket_iam_binding_tfer--test-rt-validations_id": {
      "value": "test-rt-validations",
      "type": "string"
    },
    "google_storage_bucket_iam_binding_tfer--us-002E-artifacts-002E-cal-itp-data-infra-002E-appspot-002E-com_id": {
      "value": "us.artifacts.cal-itp-data-infra.appspot.com",
      "type": "string"
    },
    "google_storage_bucket_iam_binding_tfer--us-west2-calitp-airflow2-pr-171e4e47-bucket_id": {
      "value": "us-west2-calitp-airflow2-pr-171e4e47-bucket",
      "type": "string"
    },
    "google_storage_bucket_iam_binding_tfer--us-west2-calitp-airflow2-pr-31e41084-bucket_id": {
      "value": "us-west2-calitp-airflow2-pr-31e41084-bucket",
      "type": "string"
    },
    "google_storage_bucket_iam_binding_tfer--us-west2-calitp-airflow2-pr-88ca8ec6-bucket_id": {
      "value": "us-west2-calitp-airflow2-pr-88ca8ec6-bucket",
      "type": "string"
    },
    "google_storage_bucket_iam_member_tfer--analysis-output-models_id": {
      "value": "analysis-output-models",
      "type": "string"
    },
    "google_storage_bucket_iam_member_tfer--artifacts-002E-cal-itp-data-infra-002E-appspot-002E-com_id": {
      "value": "artifacts.cal-itp-data-infra.appspot.com",
      "type": "string"
    },
    "google_storage_bucket_iam_member_tfer--cal-itp-data-infra-002E-appspot-002E-com_id": {
      "value": "cal-itp-data-infra.appspot.com",
      "type": "string"
    },
    "google_storage_bucket_iam_member_tfer--calitp-aggregator-scraper_id": {
      "value": "calitp-aggregator-scraper",
      "type": "string"
    },
    "google_storage_bucket_iam_member_tfer--calitp-airtable_id": {
      "value": "calitp-airtable",
      "type": "string"
    },
    "google_storage_bucket_iam_member_tfer--calitp-amplitude-benefits-events_id": {
      "value": "calitp-amplitude-benefits-events",
      "type": "string"
    },
    "google_storage_bucket_iam_member_tfer--calitp-analytics-data_id": {
      "value": "calitp-analytics-data",
      "type": "string"
    },
    "google_storage_bucket_iam_member_tfer--calitp-backups-grafana_id": {
      "value": "calitp-backups-grafana",
      "type": "string"
    },
    "google_storage_bucket_iam_member_tfer--calitp-backups-metabase_id": {
      "value": "calitp-backups-metabase",
      "type": "string"
    },
    "google_storage_bucket_iam_member_tfer--calitp-backups-sentry_id": {
      "value": "calitp-backups-sentry",
      "type": "string"
    },
    "google_storage_bucket_iam_member_tfer--calitp-backups-test_id": {
      "value": "calitp-backups-test",
      "type": "string"
    },
    "google_storage_bucket_iam_member_tfer--calitp-ci-artifacts_id": {
      "value": "calitp-ci-artifacts",
      "type": "string"
    },
    "google_storage_bucket_iam_member_tfer--calitp-dbt-artifacts_id": {
      "value": "calitp-dbt-artifacts",
      "type": "string"
    },
    "google_storage_bucket_iam_member_tfer--calitp-dbt-python-models_id": {
      "value": "calitp-dbt-python-models",
      "type": "string"
    },
    "google_storage_bucket_iam_member_tfer--calitp-elavon-parsed_id": {
      "value": "calitp-elavon-parsed",
      "type": "string"
    },
    "google_storage_bucket_iam_member_tfer--calitp-elavon-raw_id": {
      "value": "calitp-elavon-raw",
      "type": "string"
    },
    "google_storage_bucket_iam_member_tfer--calitp-gtfs-download-config_id": {
      "value": "calitp-gtfs-download-config",
      "type": "string"
    },
    "google_storage_bucket_iam_member_tfer--calitp-gtfs-rt-parsed_id": {
      "value": "calitp-gtfs-rt-parsed",
      "type": "string"
    },
    "google_storage_bucket_iam_member_tfer--calitp-gtfs-rt-raw-deprecated_id": {
      "value": "calitp-gtfs-rt-raw-deprecated",
      "type": "string"
    },
    "google_storage_bucket_iam_member_tfer--calitp-gtfs-rt-raw-v2_id": {
      "value": "calitp-gtfs-rt-raw-v2",
      "type": "string"
    },
    "google_storage_bucket_iam_member_tfer--calitp-gtfs-rt-validation_id": {
      "value": "calitp-gtfs-rt-validation",
      "type": "string"
    },
    "google_storage_bucket_iam_member_tfer--calitp-gtfs-schedule-parsed-hourly_id": {
      "value": "calitp-gtfs-schedule-parsed-hourly",
      "type": "string"
    },
    "google_storage_bucket_iam_member_tfer--calitp-gtfs-schedule-parsed_id": {
      "value": "calitp-gtfs-schedule-parsed",
      "type": "string"
    },
    "google_storage_bucket_iam_member_tfer--calitp-gtfs-schedule-raw-v2_id": {
      "value": "calitp-gtfs-schedule-raw-v2",
      "type": "string"
    },
    "google_storage_bucket_iam_member_tfer--calitp-gtfs-schedule-unzipped-hourly_id": {
      "value": "calitp-gtfs-schedule-unzipped-hourly",
      "type": "string"
    },
    "google_storage_bucket_iam_member_tfer--calitp-gtfs-schedule-unzipped_id": {
      "value": "calitp-gtfs-schedule-unzipped",
      "type": "string"
    },
    "google_storage_bucket_iam_member_tfer--calitp-gtfs-schedule-validation-hourly_id": {
      "value": "calitp-gtfs-schedule-validation-hourly",
      "type": "string"
    },
    "google_storage_bucket_iam_member_tfer--calitp-gtfs-schedule-validation_id": {
      "value": "calitp-gtfs-schedule-validation",
      "type": "string"
    },
    "google_storage_bucket_iam_member_tfer--calitp-jamesl-gcp-components-tfstate_id": {
      "value": "calitp-jamesl-gcp-components-tfstate",
      "type": "string"
    },
    "google_storage_bucket_iam_member_tfer--calitp-map-tiles_id": {
      "value": "calitp-map-tiles",
      "type": "string"
    },
    "google_storage_bucket_iam_member_tfer--calitp-metabase-data-public_id": {
      "value": "calitp-metabase-data-public",
      "type": "string"
    },
    "google_storage_bucket_iam_member_tfer--calitp-ntd-api-products_id": {
      "value": "calitp-ntd-api-products",
      "type": "string"
    },
    "google_storage_bucket_iam_member_tfer--calitp-ntd-data-products_id": {
      "value": "calitp-ntd-data-products",
      "type": "string"
    },
    "google_storage_bucket_iam_member_tfer--calitp-ntd-report-validation_id": {
      "value": "calitp-ntd-report-validation",
      "type": "string"
    },
    "google_storage_bucket_iam_member_tfer--calitp-ntd-xlsx-products-clean_id": {
      "value": "calitp-ntd-xlsx-products-clean",
      "type": "string"
    },
    "google_storage_bucket_iam_member_tfer--calitp-ntd-xlsx-products-raw_id": {
      "value": "calitp-ntd-xlsx-products-raw",
      "type": "string"
    },
    "google_storage_bucket_iam_member_tfer--calitp-payments-littlepay-parsed_id": {
      "value": "calitp-payments-littlepay-parsed",
      "type": "string"
    },
    "google_storage_bucket_iam_member_tfer--calitp-payments-littlepay-raw_id": {
      "value": "calitp-payments-littlepay-raw",
      "type": "string"
    },
    "google_storage_bucket_iam_member_tfer--calitp-prod-gcp-components-tfstate_id": {
      "value": "calitp-prod-gcp-components-tfstate",
      "type": "string"
    },
    "google_storage_bucket_iam_member_tfer--calitp-publish-data-analysis_id": {
      "value": "calitp-publish-data-analysis",
      "type": "string"
    },
    "google_storage_bucket_iam_member_tfer--calitp-publish_id": {
      "value": "calitp-publish",
      "type": "string"
    },
    "google_storage_bucket_iam_member_tfer--calitp-reports-data_id": {
      "value": "calitp-reports-data",
      "type": "string"
    },
    "google_storage_bucket_iam_member_tfer--calitp-state-geoportal-scrape_id": {
      "value": "calitp-state-geoportal-scrape",
      "type": "string"
    },
    "google_storage_bucket_iam_member_tfer--calitp-state-highway-network-stops_id": {
      "value": "calitp-state-highway-network-stops",
      "type": "string"
    },
    "google_storage_bucket_iam_member_tfer--cold-storage-outputs-gtfs-data-test-charlie-test_id": {
      "value": "cold-storage-outputs-gtfs-data-test-charlie-test",
      "type": "string"
    },
    "google_storage_bucket_iam_member_tfer--cold-storage-outputs-gtfs-data-test_id": {
      "value": "cold-storage-outputs-gtfs-data-test",
      "type": "string"
    },
    "google_storage_bucket_iam_member_tfer--dataproc-staging-us-west2-1005246706141-sfgmtgyp_id": {
      "value": "dataproc-staging-us-west2-1005246706141-sfgmtgyp",
      "type": "string"
    },
    "google_storage_bucket_iam_member_tfer--dataproc-temp-us-west2-1005246706141-x9mtxbwg_id": {
      "value": "dataproc-temp-us-west2-1005246706141-x9mtxbwg",
      "type": "string"
    },
    "google_storage_bucket_iam_member_tfer--dev-calitp-aggregator-scraper_id": {
      "value": "dev-calitp-aggregator-scraper",
      "type": "string"
    },
    "google_storage_bucket_iam_member_tfer--dev-calitp-gtfs-rt-raw_id": {
      "value": "dev-calitp-gtfs-rt-raw",
      "type": "string"
    },
    "google_storage_bucket_iam_member_tfer--dev-calitp-test-sandbox_id": {
      "value": "dev-calitp-test-sandbox",
      "type": "string"
    },
    "google_storage_bucket_iam_member_tfer--export-ysjqwvyxc4ti3jmahojq_id": {
      "value": "export-ysjqwvyxc4ti3jmahojq",
      "type": "string"
    },
    "google_storage_bucket_iam_member_tfer--gtfs-data-reports_id": {
      "value": "gtfs-data-reports",
      "type": "string"
    },
    "google_storage_bucket_iam_member_tfer--gtfs-data-test-reports_id": {
      "value": "gtfs-data-test-reports",
      "type": "string"
    },
    "google_storage_bucket_iam_member_tfer--gtfs-data-test_id": {
      "value": "gtfs-data-test",
      "type": "string"
    },
    "google_storage_bucket_iam_member_tfer--gtfs-data_id": {
      "value": "gtfs-data",
      "type": "string"
    },
    "google_storage_bucket_iam_member_tfer--gtfs-schedule-backfill-test-deprecated_id": {
      "value": "gtfs-schedule-backfill-test-deprecated",
      "type": "string"
    },
    "google_storage_bucket_iam_member_tfer--gtfs-schedule-backfill-test_id": {
      "value": "gtfs-schedule-backfill-test",
      "type": "string"
    },
    "google_storage_bucket_iam_member_tfer--littlepay-data-extract-prod_id": {
      "value": "littlepay-data-extract-prod",
      "type": "string"
    },
    "google_storage_bucket_iam_member_tfer--rt-parsed-deprecated_id": {
      "value": "rt-parsed-deprecated",
      "type": "string"
    },
    "google_storage_bucket_iam_member_tfer--rt-parsed_id": {
      "value": "rt-parsed",
      "type": "string"
    },
    "google_storage_bucket_iam_member_tfer--staging-002E-cal-itp-data-infra-002E-appspot-002E-com_id": {
      "value": "staging.cal-itp-data-infra.appspot.com",
      "type": "string"
    },
    "google_storage_bucket_iam_member_tfer--test-calitp-aggregator-scraper_id": {
      "value": "test-calitp-aggregator-scraper",
      "type": "string"
    },
    "google_storage_bucket_iam_member_tfer--test-calitp-airtable_id": {
      "value": "test-calitp-airtable",
      "type": "string"
    },
    "google_storage_bucket_iam_member_tfer--test-calitp-dbt-artifacts_id": {
      "value": "test-calitp-dbt-artifacts",
      "type": "string"
    },
    "google_storage_bucket_iam_member_tfer--test-calitp-dbt-python-models_id": {
      "value": "test-calitp-dbt-python-models",
      "type": "string"
    },
    "google_storage_bucket_iam_member_tfer--test-calitp-elavon-parsed_id": {
      "value": "test-calitp-elavon-parsed",
      "type": "string"
    },
    "google_storage_bucket_iam_member_tfer--test-calitp-elavon-raw_id": {
      "value": "test-calitp-elavon-raw",
      "type": "string"
    },
    "google_storage_bucket_iam_member_tfer--test-calitp-elavon_id": {
      "value": "test-calitp-elavon",
      "type": "string"
    },
    "google_storage_bucket_iam_member_tfer--test-calitp-gtfs-config_id": {
      "value": "test-calitp-gtfs-config",
      "type": "string"
    },
    "google_storage_bucket_iam_member_tfer--test-calitp-gtfs-download-config_id": {
      "value": "test-calitp-gtfs-download-config",
      "type": "string"
    },
    "google_storage_bucket_iam_member_tfer--test-calitp-gtfs-raw_id": {
      "value": "test-calitp-gtfs-raw",
      "type": "string"
    },
    "google_storage_bucket_iam_member_tfer--test-calitp-gtfs-rt-parsed_id": {
      "value": "test-calitp-gtfs-rt-parsed",
      "type": "string"
    },
    "google_storage_bucket_iam_member_tfer--test-calitp-gtfs-rt-raw-v2_id": {
      "value": "test-calitp-gtfs-rt-raw-v2",
      "type": "string"
    },
    "google_storage_bucket_iam_member_tfer--test-calitp-gtfs-rt-raw_id": {
      "value": "test-calitp-gtfs-rt-raw",
      "type": "string"
    },
    "google_storage_bucket_iam_member_tfer--test-calitp-gtfs-rt-validation_id": {
      "value": "test-calitp-gtfs-rt-validation",
      "type": "string"
    },
    "google_storage_bucket_iam_member_tfer--test-calitp-gtfs-schedule-parsed-hourly_id": {
      "value": "test-calitp-gtfs-schedule-parsed-hourly",
      "type": "string"
    },
    "google_storage_bucket_iam_member_tfer--test-calitp-gtfs-schedule-parsed_id": {
      "value": "test-calitp-gtfs-schedule-parsed",
      "type": "string"
    },
    "google_storage_bucket_iam_member_tfer--test-calitp-gtfs-schedule-processed_id": {
      "value": "test-calitp-gtfs-schedule-processed",
      "type": "string"
    },
    "google_storage_bucket_iam_member_tfer--test-calitp-gtfs-schedule-raw-v2-backfill-test_id": {
      "value": "test-calitp-gtfs-schedule-raw-v2-backfill-test",
      "type": "string"
    },
    "google_storage_bucket_iam_member_tfer--test-calitp-gtfs-schedule-raw-v2_id": {
      "value": "test-calitp-gtfs-schedule-raw-v2",
      "type": "string"
    },
    "google_storage_bucket_iam_member_tfer--test-calitp-gtfs-schedule-raw_id": {
      "value": "test-calitp-gtfs-schedule-raw",
      "type": "string"
    },
    "google_storage_bucket_iam_member_tfer--test-calitp-gtfs-schedule-unzipped-hourly_id": {
      "value": "test-calitp-gtfs-schedule-unzipped-hourly",
      "type": "string"
    },
    "google_storage_bucket_iam_member_tfer--test-calitp-gtfs-schedule-unzipped_id": {
      "value": "test-calitp-gtfs-schedule-unzipped",
      "type": "string"
    },
    "google_storage_bucket_iam_member_tfer--test-calitp-gtfs-schedule-validation-hourly_id": {
      "value": "test-calitp-gtfs-schedule-validation-hourly",
      "type": "string"
    },
    "google_storage_bucket_iam_member_tfer--test-calitp-gtfs-schedule-validation_id": {
      "value": "test-calitp-gtfs-schedule-validation",
      "type": "string"
    },
    "google_storage_bucket_iam_member_tfer--test-calitp-ntd-api-products_id": {
      "value": "test-calitp-ntd-api-products",
      "type": "string"
    },
    "google_storage_bucket_iam_member_tfer--test-calitp-ntd-data-products_id": {
      "value": "test-calitp-ntd-data-products",
      "type": "string"
    },
    "google_storage_bucket_iam_member_tfer--test-calitp-ntd-report-validation_id": {
      "value": "test-calitp-ntd-report-validation",
      "type": "string"
    },
    "google_storage_bucket_iam_member_tfer--test-calitp-ntd-xlsx-products-clean_id": {
      "value": "test-calitp-ntd-xlsx-products-clean",
      "type": "string"
    },
    "google_storage_bucket_iam_member_tfer--test-calitp-ntd-xlsx-products-raw_id": {
      "value": "test-calitp-ntd-xlsx-products-raw",
      "type": "string"
    },
    "google_storage_bucket_iam_member_tfer--test-calitp-payments-littlepay-parsed_id": {
      "value": "test-calitp-payments-littlepay-parsed",
      "type": "string"
    },
    "google_storage_bucket_iam_member_tfer--test-calitp-payments-littlepay-raw_id": {
      "value": "test-calitp-payments-littlepay-raw",
      "type": "string"
    },
    "google_storage_bucket_iam_member_tfer--test-calitp-publish-data-analysis_id": {
      "value": "test-calitp-publish-data-analysis",
      "type": "string"
    },
    "google_storage_bucket_iam_member_tfer--test-calitp-publish_id": {
      "value": "test-calitp-publish",
      "type": "string"
    },
    "google_storage_bucket_iam_member_tfer--test-calitp-reports-data_id": {
      "value": "test-calitp-reports-data",
      "type": "string"
    },
    "google_storage_bucket_iam_member_tfer--test-calitp-sentry_id": {
      "value": "test-calitp-sentry",
      "type": "string"
    },
    "google_storage_bucket_iam_member_tfer--test-calitp-state-geoportal-scrape_id": {
      "value": "test-calitp-state-geoportal-scrape",
      "type": "string"
    },
    "google_storage_bucket_iam_member_tfer--test-rt-parsed_id": {
      "value": "test-rt-parsed",
      "type": "string"
    },
    "google_storage_bucket_iam_member_tfer--test-rt-validations_id": {
      "value": "test-rt-validations",
      "type": "string"
    },
    "google_storage_bucket_iam_member_tfer--us-002E-artifacts-002E-cal-itp-data-infra-002E-appspot-002E-com_id": {
      "value": "us.artifacts.cal-itp-data-infra.appspot.com",
      "type": "string"
    },
    "google_storage_bucket_iam_member_tfer--us-west2-calitp-airflow2-pr-171e4e47-bucket_id": {
      "value": "us-west2-calitp-airflow2-pr-171e4e47-bucket",
      "type": "string"
    },
    "google_storage_bucket_iam_member_tfer--us-west2-calitp-airflow2-pr-31e41084-bucket_id": {
      "value": "us-west2-calitp-airflow2-pr-31e41084-bucket",
      "type": "string"
    },
    "google_storage_bucket_iam_member_tfer--us-west2-calitp-airflow2-pr-88ca8ec6-bucket_id": {
      "value": "us-west2-calitp-airflow2-pr-88ca8ec6-bucket",
      "type": "string"
    },
    "google_storage_bucket_iam_policy_tfer--analysis-output-models_id": {
      "value": "analysis-output-models",
      "type": "string"
    },
    "google_storage_bucket_iam_policy_tfer--artifacts-002E-cal-itp-data-infra-002E-appspot-002E-com_id": {
      "value": "artifacts.cal-itp-data-infra.appspot.com",
      "type": "string"
    },
    "google_storage_bucket_iam_policy_tfer--cal-itp-data-infra-002E-appspot-002E-com_id": {
      "value": "cal-itp-data-infra.appspot.com",
      "type": "string"
    },
    "google_storage_bucket_iam_policy_tfer--calitp-aggregator-scraper_id": {
      "value": "calitp-aggregator-scraper",
      "type": "string"
    },
    "google_storage_bucket_iam_policy_tfer--calitp-airtable_id": {
      "value": "calitp-airtable",
      "type": "string"
    },
    "google_storage_bucket_iam_policy_tfer--calitp-amplitude-benefits-events_id": {
      "value": "calitp-amplitude-benefits-events",
      "type": "string"
    },
    "google_storage_bucket_iam_policy_tfer--calitp-analytics-data_id": {
      "value": "calitp-analytics-data",
      "type": "string"
    },
    "google_storage_bucket_iam_policy_tfer--calitp-backups-grafana_id": {
      "value": "calitp-backups-grafana",
      "type": "string"
    },
    "google_storage_bucket_iam_policy_tfer--calitp-backups-metabase_id": {
      "value": "calitp-backups-metabase",
      "type": "string"
    },
    "google_storage_bucket_iam_policy_tfer--calitp-backups-sentry_id": {
      "value": "calitp-backups-sentry",
      "type": "string"
    },
    "google_storage_bucket_iam_policy_tfer--calitp-backups-test_id": {
      "value": "calitp-backups-test",
      "type": "string"
    },
    "google_storage_bucket_iam_policy_tfer--calitp-ci-artifacts_id": {
      "value": "calitp-ci-artifacts",
      "type": "string"
    },
    "google_storage_bucket_iam_policy_tfer--calitp-dbt-artifacts_id": {
      "value": "calitp-dbt-artifacts",
      "type": "string"
    },
    "google_storage_bucket_iam_policy_tfer--calitp-dbt-python-models_id": {
      "value": "calitp-dbt-python-models",
      "type": "string"
    },
    "google_storage_bucket_iam_policy_tfer--calitp-elavon-parsed_id": {
      "value": "calitp-elavon-parsed",
      "type": "string"
    },
    "google_storage_bucket_iam_policy_tfer--calitp-elavon-raw_id": {
      "value": "calitp-elavon-raw",
      "type": "string"
    },
    "google_storage_bucket_iam_policy_tfer--calitp-gtfs-download-config_id": {
      "value": "calitp-gtfs-download-config",
      "type": "string"
    },
    "google_storage_bucket_iam_policy_tfer--calitp-gtfs-rt-parsed_id": {
      "value": "calitp-gtfs-rt-parsed",
      "type": "string"
    },
    "google_storage_bucket_iam_policy_tfer--calitp-gtfs-rt-raw-deprecated_id": {
      "value": "calitp-gtfs-rt-raw-deprecated",
      "type": "string"
    },
    "google_storage_bucket_iam_policy_tfer--calitp-gtfs-rt-raw-v2_id": {
      "value": "calitp-gtfs-rt-raw-v2",
      "type": "string"
    },
    "google_storage_bucket_iam_policy_tfer--calitp-gtfs-rt-validation_id": {
      "value": "calitp-gtfs-rt-validation",
      "type": "string"
    },
    "google_storage_bucket_iam_policy_tfer--calitp-gtfs-schedule-parsed-hourly_id": {
      "value": "calitp-gtfs-schedule-parsed-hourly",
      "type": "string"
    },
    "google_storage_bucket_iam_policy_tfer--calitp-gtfs-schedule-parsed_id": {
      "value": "calitp-gtfs-schedule-parsed",
      "type": "string"
    },
    "google_storage_bucket_iam_policy_tfer--calitp-gtfs-schedule-raw-v2_id": {
      "value": "calitp-gtfs-schedule-raw-v2",
      "type": "string"
    },
    "google_storage_bucket_iam_policy_tfer--calitp-gtfs-schedule-unzipped-hourly_id": {
      "value": "calitp-gtfs-schedule-unzipped-hourly",
      "type": "string"
    },
    "google_storage_bucket_iam_policy_tfer--calitp-gtfs-schedule-unzipped_id": {
      "value": "calitp-gtfs-schedule-unzipped",
      "type": "string"
    },
    "google_storage_bucket_iam_policy_tfer--calitp-gtfs-schedule-validation-hourly_id": {
      "value": "calitp-gtfs-schedule-validation-hourly",
      "type": "string"
    },
    "google_storage_bucket_iam_policy_tfer--calitp-gtfs-schedule-validation_id": {
      "value": "calitp-gtfs-schedule-validation",
      "type": "string"
    },
    "google_storage_bucket_iam_policy_tfer--calitp-jamesl-gcp-components-tfstate_id": {
      "value": "calitp-jamesl-gcp-components-tfstate",
      "type": "string"
    },
    "google_storage_bucket_iam_policy_tfer--calitp-map-tiles_id": {
      "value": "calitp-map-tiles",
      "type": "string"
    },
    "google_storage_bucket_iam_policy_tfer--calitp-metabase-data-public_id": {
      "value": "calitp-metabase-data-public",
      "type": "string"
    },
    "google_storage_bucket_iam_policy_tfer--calitp-ntd-api-products_id": {
      "value": "calitp-ntd-api-products",
      "type": "string"
    },
    "google_storage_bucket_iam_policy_tfer--calitp-ntd-data-products_id": {
      "value": "calitp-ntd-data-products",
      "type": "string"
    },
    "google_storage_bucket_iam_policy_tfer--calitp-ntd-report-validation_id": {
      "value": "calitp-ntd-report-validation",
      "type": "string"
    },
    "google_storage_bucket_iam_policy_tfer--calitp-ntd-xlsx-products-clean_id": {
      "value": "calitp-ntd-xlsx-products-clean",
      "type": "string"
    },
    "google_storage_bucket_iam_policy_tfer--calitp-ntd-xlsx-products-raw_id": {
      "value": "calitp-ntd-xlsx-products-raw",
      "type": "string"
    },
    "google_storage_bucket_iam_policy_tfer--calitp-payments-littlepay-parsed_id": {
      "value": "calitp-payments-littlepay-parsed",
      "type": "string"
    },
    "google_storage_bucket_iam_policy_tfer--calitp-payments-littlepay-raw_id": {
      "value": "calitp-payments-littlepay-raw",
      "type": "string"
    },
    "google_storage_bucket_iam_policy_tfer--calitp-prod-gcp-components-tfstate_id": {
      "value": "calitp-prod-gcp-components-tfstate",
      "type": "string"
    },
    "google_storage_bucket_iam_policy_tfer--calitp-publish-data-analysis_id": {
      "value": "calitp-publish-data-analysis",
      "type": "string"
    },
    "google_storage_bucket_iam_policy_tfer--calitp-publish_id": {
      "value": "calitp-publish",
      "type": "string"
    },
    "google_storage_bucket_iam_policy_tfer--calitp-reports-data_id": {
      "value": "calitp-reports-data",
      "type": "string"
    },
    "google_storage_bucket_iam_policy_tfer--calitp-state-geoportal-scrape_id": {
      "value": "calitp-state-geoportal-scrape",
      "type": "string"
    },
    "google_storage_bucket_iam_policy_tfer--calitp-state-highway-network-stops_id": {
      "value": "calitp-state-highway-network-stops",
      "type": "string"
    },
    "google_storage_bucket_iam_policy_tfer--cold-storage-outputs-gtfs-data-test-charlie-test_id": {
      "value": "cold-storage-outputs-gtfs-data-test-charlie-test",
      "type": "string"
    },
    "google_storage_bucket_iam_policy_tfer--cold-storage-outputs-gtfs-data-test_id": {
      "value": "cold-storage-outputs-gtfs-data-test",
      "type": "string"
    },
    "google_storage_bucket_iam_policy_tfer--dataproc-staging-us-west2-1005246706141-sfgmtgyp_id": {
      "value": "dataproc-staging-us-west2-1005246706141-sfgmtgyp",
      "type": "string"
    },
    "google_storage_bucket_iam_policy_tfer--dataproc-temp-us-west2-1005246706141-x9mtxbwg_id": {
      "value": "dataproc-temp-us-west2-1005246706141-x9mtxbwg",
      "type": "string"
    },
    "google_storage_bucket_iam_policy_tfer--dev-calitp-aggregator-scraper_id": {
      "value": "dev-calitp-aggregator-scraper",
      "type": "string"
    },
    "google_storage_bucket_iam_policy_tfer--dev-calitp-gtfs-rt-raw_id": {
      "value": "dev-calitp-gtfs-rt-raw",
      "type": "string"
    },
    "google_storage_bucket_iam_policy_tfer--dev-calitp-test-sandbox_id": {
      "value": "dev-calitp-test-sandbox",
      "type": "string"
    },
    "google_storage_bucket_iam_policy_tfer--export-ysjqwvyxc4ti3jmahojq_id": {
      "value": "export-ysjqwvyxc4ti3jmahojq",
      "type": "string"
    },
    "google_storage_bucket_iam_policy_tfer--gtfs-data-reports_id": {
      "value": "gtfs-data-reports",
      "type": "string"
    },
    "google_storage_bucket_iam_policy_tfer--gtfs-data-test-reports_id": {
      "value": "gtfs-data-test-reports",
      "type": "string"
    },
    "google_storage_bucket_iam_policy_tfer--gtfs-data-test_id": {
      "value": "gtfs-data-test",
      "type": "string"
    },
    "google_storage_bucket_iam_policy_tfer--gtfs-data_id": {
      "value": "gtfs-data",
      "type": "string"
    },
    "google_storage_bucket_iam_policy_tfer--gtfs-schedule-backfill-test-deprecated_id": {
      "value": "gtfs-schedule-backfill-test-deprecated",
      "type": "string"
    },
    "google_storage_bucket_iam_policy_tfer--gtfs-schedule-backfill-test_id": {
      "value": "gtfs-schedule-backfill-test",
      "type": "string"
    },
    "google_storage_bucket_iam_policy_tfer--littlepay-data-extract-prod_id": {
      "value": "littlepay-data-extract-prod",
      "type": "string"
    },
    "google_storage_bucket_iam_policy_tfer--rt-parsed-deprecated_id": {
      "value": "rt-parsed-deprecated",
      "type": "string"
    },
    "google_storage_bucket_iam_policy_tfer--rt-parsed_id": {
      "value": "rt-parsed",
      "type": "string"
    },
    "google_storage_bucket_iam_policy_tfer--staging-002E-cal-itp-data-infra-002E-appspot-002E-com_id": {
      "value": "staging.cal-itp-data-infra.appspot.com",
      "type": "string"
    },
    "google_storage_bucket_iam_policy_tfer--test-calitp-aggregator-scraper_id": {
      "value": "test-calitp-aggregator-scraper",
      "type": "string"
    },
    "google_storage_bucket_iam_policy_tfer--test-calitp-airtable_id": {
      "value": "test-calitp-airtable",
      "type": "string"
    },
    "google_storage_bucket_iam_policy_tfer--test-calitp-dbt-artifacts_id": {
      "value": "test-calitp-dbt-artifacts",
      "type": "string"
    },
    "google_storage_bucket_iam_policy_tfer--test-calitp-dbt-python-models_id": {
      "value": "test-calitp-dbt-python-models",
      "type": "string"
    },
    "google_storage_bucket_iam_policy_tfer--test-calitp-elavon-parsed_id": {
      "value": "test-calitp-elavon-parsed",
      "type": "string"
    },
    "google_storage_bucket_iam_policy_tfer--test-calitp-elavon-raw_id": {
      "value": "test-calitp-elavon-raw",
      "type": "string"
    },
    "google_storage_bucket_iam_policy_tfer--test-calitp-elavon_id": {
      "value": "test-calitp-elavon",
      "type": "string"
    },
    "google_storage_bucket_iam_policy_tfer--test-calitp-gtfs-config_id": {
      "value": "test-calitp-gtfs-config",
      "type": "string"
    },
    "google_storage_bucket_iam_policy_tfer--test-calitp-gtfs-download-config_id": {
      "value": "test-calitp-gtfs-download-config",
      "type": "string"
    },
    "google_storage_bucket_iam_policy_tfer--test-calitp-gtfs-raw_id": {
      "value": "test-calitp-gtfs-raw",
      "type": "string"
    },
    "google_storage_bucket_iam_policy_tfer--test-calitp-gtfs-rt-parsed_id": {
      "value": "test-calitp-gtfs-rt-parsed",
      "type": "string"
    },
    "google_storage_bucket_iam_policy_tfer--test-calitp-gtfs-rt-raw-v2_id": {
      "value": "test-calitp-gtfs-rt-raw-v2",
      "type": "string"
    },
    "google_storage_bucket_iam_policy_tfer--test-calitp-gtfs-rt-raw_id": {
      "value": "test-calitp-gtfs-rt-raw",
      "type": "string"
    },
    "google_storage_bucket_iam_policy_tfer--test-calitp-gtfs-rt-validation_id": {
      "value": "test-calitp-gtfs-rt-validation",
      "type": "string"
    },
    "google_storage_bucket_iam_policy_tfer--test-calitp-gtfs-schedule-parsed-hourly_id": {
      "value": "test-calitp-gtfs-schedule-parsed-hourly",
      "type": "string"
    },
    "google_storage_bucket_iam_policy_tfer--test-calitp-gtfs-schedule-parsed_id": {
      "value": "test-calitp-gtfs-schedule-parsed",
      "type": "string"
    },
    "google_storage_bucket_iam_policy_tfer--test-calitp-gtfs-schedule-processed_id": {
      "value": "test-calitp-gtfs-schedule-processed",
      "type": "string"
    },
    "google_storage_bucket_iam_policy_tfer--test-calitp-gtfs-schedule-raw-v2-backfill-test_id": {
      "value": "test-calitp-gtfs-schedule-raw-v2-backfill-test",
      "type": "string"
    },
    "google_storage_bucket_iam_policy_tfer--test-calitp-gtfs-schedule-raw-v2_id": {
      "value": "test-calitp-gtfs-schedule-raw-v2",
      "type": "string"
    },
    "google_storage_bucket_iam_policy_tfer--test-calitp-gtfs-schedule-raw_id": {
      "value": "test-calitp-gtfs-schedule-raw",
      "type": "string"
    },
    "google_storage_bucket_iam_policy_tfer--test-calitp-gtfs-schedule-unzipped-hourly_id": {
      "value": "test-calitp-gtfs-schedule-unzipped-hourly",
      "type": "string"
    },
    "google_storage_bucket_iam_policy_tfer--test-calitp-gtfs-schedule-unzipped_id": {
      "value": "test-calitp-gtfs-schedule-unzipped",
      "type": "string"
    },
    "google_storage_bucket_iam_policy_tfer--test-calitp-gtfs-schedule-validation-hourly_id": {
      "value": "test-calitp-gtfs-schedule-validation-hourly",
      "type": "string"
    },
    "google_storage_bucket_iam_policy_tfer--test-calitp-gtfs-schedule-validation_id": {
      "value": "test-calitp-gtfs-schedule-validation",
      "type": "string"
    },
    "google_storage_bucket_iam_policy_tfer--test-calitp-ntd-api-products_id": {
      "value": "test-calitp-ntd-api-products",
      "type": "string"
    },
    "google_storage_bucket_iam_policy_tfer--test-calitp-ntd-data-products_id": {
      "value": "test-calitp-ntd-data-products",
      "type": "string"
    },
    "google_storage_bucket_iam_policy_tfer--test-calitp-ntd-report-validation_id": {
      "value": "test-calitp-ntd-report-validation",
      "type": "string"
    },
    "google_storage_bucket_iam_policy_tfer--test-calitp-ntd-xlsx-products-clean_id": {
      "value": "test-calitp-ntd-xlsx-products-clean",
      "type": "string"
    },
    "google_storage_bucket_iam_policy_tfer--test-calitp-ntd-xlsx-products-raw_id": {
      "value": "test-calitp-ntd-xlsx-products-raw",
      "type": "string"
    },
    "google_storage_bucket_iam_policy_tfer--test-calitp-payments-littlepay-parsed_id": {
      "value": "test-calitp-payments-littlepay-parsed",
      "type": "string"
    },
    "google_storage_bucket_iam_policy_tfer--test-calitp-payments-littlepay-raw_id": {
      "value": "test-calitp-payments-littlepay-raw",
      "type": "string"
    },
    "google_storage_bucket_iam_policy_tfer--test-calitp-publish-data-analysis_id": {
      "value": "test-calitp-publish-data-analysis",
      "type": "string"
    },
    "google_storage_bucket_iam_policy_tfer--test-calitp-publish_id": {
      "value": "test-calitp-publish",
      "type": "string"
    },
    "google_storage_bucket_iam_policy_tfer--test-calitp-reports-data_id": {
      "value": "test-calitp-reports-data",
      "type": "string"
    },
    "google_storage_bucket_iam_policy_tfer--test-calitp-sentry_id": {
      "value": "test-calitp-sentry",
      "type": "string"
    },
    "google_storage_bucket_iam_policy_tfer--test-calitp-state-geoportal-scrape_id": {
      "value": "test-calitp-state-geoportal-scrape",
      "type": "string"
    },
    "google_storage_bucket_iam_policy_tfer--test-rt-parsed_id": {
      "value": "test-rt-parsed",
      "type": "string"
    },
    "google_storage_bucket_iam_policy_tfer--test-rt-validations_id": {
      "value": "test-rt-validations",
      "type": "string"
    },
    "google_storage_bucket_iam_policy_tfer--us-002E-artifacts-002E-cal-itp-data-infra-002E-appspot-002E-com_id": {
      "value": "us.artifacts.cal-itp-data-infra.appspot.com",
      "type": "string"
    },
    "google_storage_bucket_iam_policy_tfer--us-west2-calitp-airflow2-pr-171e4e47-bucket_id": {
      "value": "us-west2-calitp-airflow2-pr-171e4e47-bucket",
      "type": "string"
    },
    "google_storage_bucket_iam_policy_tfer--us-west2-calitp-airflow2-pr-31e41084-bucket_id": {
      "value": "us-west2-calitp-airflow2-pr-31e41084-bucket",
      "type": "string"
    },
    "google_storage_bucket_iam_policy_tfer--us-west2-calitp-airflow2-pr-88ca8ec6-bucket_id": {
      "value": "us-west2-calitp-airflow2-pr-88ca8ec6-bucket",
      "type": "string"
    },
    "google_storage_bucket_tfer--analysis-output-models_name": {
      "value": "analysis-output-models",
      "type": "string"
    },
    "google_storage_bucket_tfer--analysis-output-models_self_link": {
      "value": "https://www.googleapis.com/storage/v1/b/analysis-output-models",
      "type": "string"
    },
    "google_storage_bucket_tfer--artifacts-002E-cal-itp-data-infra-002E-appspot-002E-com_name": {
      "value": "artifacts.cal-itp-data-infra.appspot.com",
      "type": "string"
    },
    "google_storage_bucket_tfer--artifacts-002E-cal-itp-data-infra-002E-appspot-002E-com_self_link": {
      "value": "https://www.googleapis.com/storage/v1/b/artifacts.cal-itp-data-infra.appspot.com",
      "type": "string"
    },
    "google_storage_bucket_tfer--cal-itp-data-infra-002E-appspot-002E-com_name": {
      "value": "cal-itp-data-infra.appspot.com",
      "type": "string"
    },
    "google_storage_bucket_tfer--cal-itp-data-infra-002E-appspot-002E-com_self_link": {
      "value": "https://www.googleapis.com/storage/v1/b/cal-itp-data-infra.appspot.com",
      "type": "string"
    },
    "google_storage_bucket_tfer--calitp-aggregator-scraper_name": {
      "value": "calitp-aggregator-scraper",
      "type": "string"
    },
    "google_storage_bucket_tfer--calitp-aggregator-scraper_self_link": {
      "value": "https://www.googleapis.com/storage/v1/b/calitp-aggregator-scraper",
      "type": "string"
    },
    "google_storage_bucket_tfer--calitp-airtable_name": {
      "value": "calitp-airtable",
      "type": "string"
    },
    "google_storage_bucket_tfer--calitp-airtable_self_link": {
      "value": "https://www.googleapis.com/storage/v1/b/calitp-airtable",
      "type": "string"
    },
    "google_storage_bucket_tfer--calitp-amplitude-benefits-events_name": {
      "value": "calitp-amplitude-benefits-events",
      "type": "string"
    },
    "google_storage_bucket_tfer--calitp-amplitude-benefits-events_self_link": {
      "value": "https://www.googleapis.com/storage/v1/b/calitp-amplitude-benefits-events",
      "type": "string"
    },
    "google_storage_bucket_tfer--calitp-analytics-data_name": {
      "value": "calitp-analytics-data",
      "type": "string"
    },
    "google_storage_bucket_tfer--calitp-analytics-data_self_link": {
      "value": "https://www.googleapis.com/storage/v1/b/calitp-analytics-data",
      "type": "string"
    },
    "google_storage_bucket_tfer--calitp-backups-grafana_name": {
      "value": "calitp-backups-grafana",
      "type": "string"
    },
    "google_storage_bucket_tfer--calitp-backups-grafana_self_link": {
      "value": "https://www.googleapis.com/storage/v1/b/calitp-backups-grafana",
      "type": "string"
    },
    "google_storage_bucket_tfer--calitp-backups-metabase_name": {
      "value": "calitp-backups-metabase",
      "type": "string"
    },
    "google_storage_bucket_tfer--calitp-backups-metabase_self_link": {
      "value": "https://www.googleapis.com/storage/v1/b/calitp-backups-metabase",
      "type": "string"
    },
    "google_storage_bucket_tfer--calitp-backups-sentry_name": {
      "value": "calitp-backups-sentry",
      "type": "string"
    },
    "google_storage_bucket_tfer--calitp-backups-sentry_self_link": {
      "value": "https://www.googleapis.com/storage/v1/b/calitp-backups-sentry",
      "type": "string"
    },
    "google_storage_bucket_tfer--calitp-backups-test_name": {
      "value": "calitp-backups-test",
      "type": "string"
    },
    "google_storage_bucket_tfer--calitp-backups-test_self_link": {
      "value": "https://www.googleapis.com/storage/v1/b/calitp-backups-test",
      "type": "string"
    },
    "google_storage_bucket_tfer--calitp-ci-artifacts_name": {
      "value": "calitp-ci-artifacts",
      "type": "string"
    },
    "google_storage_bucket_tfer--calitp-ci-artifacts_self_link": {
      "value": "https://www.googleapis.com/storage/v1/b/calitp-ci-artifacts",
      "type": "string"
    },
    "google_storage_bucket_tfer--calitp-dbt-artifacts_name": {
      "value": "calitp-dbt-artifacts",
      "type": "string"
    },
    "google_storage_bucket_tfer--calitp-dbt-artifacts_self_link": {
      "value": "https://www.googleapis.com/storage/v1/b/calitp-dbt-artifacts",
      "type": "string"
    },
    "google_storage_bucket_tfer--calitp-dbt-python-models_name": {
      "value": "calitp-dbt-python-models",
      "type": "string"
    },
    "google_storage_bucket_tfer--calitp-dbt-python-models_self_link": {
      "value": "https://www.googleapis.com/storage/v1/b/calitp-dbt-python-models",
      "type": "string"
    },
    "google_storage_bucket_tfer--calitp-elavon-parsed_name": {
      "value": "calitp-elavon-parsed",
      "type": "string"
    },
    "google_storage_bucket_tfer--calitp-elavon-parsed_self_link": {
      "value": "https://www.googleapis.com/storage/v1/b/calitp-elavon-parsed",
      "type": "string"
    },
    "google_storage_bucket_tfer--calitp-elavon-raw_name": {
      "value": "calitp-elavon-raw",
      "type": "string"
    },
    "google_storage_bucket_tfer--calitp-elavon-raw_self_link": {
      "value": "https://www.googleapis.com/storage/v1/b/calitp-elavon-raw",
      "type": "string"
    },
    "google_storage_bucket_tfer--calitp-gtfs-download-config_name": {
      "value": "calitp-gtfs-download-config",
      "type": "string"
    },
    "google_storage_bucket_tfer--calitp-gtfs-download-config_self_link": {
      "value": "https://www.googleapis.com/storage/v1/b/calitp-gtfs-download-config",
      "type": "string"
    },
    "google_storage_bucket_tfer--calitp-gtfs-rt-parsed_name": {
      "value": "calitp-gtfs-rt-parsed",
      "type": "string"
    },
    "google_storage_bucket_tfer--calitp-gtfs-rt-parsed_self_link": {
      "value": "https://www.googleapis.com/storage/v1/b/calitp-gtfs-rt-parsed",
      "type": "string"
    },
    "google_storage_bucket_tfer--calitp-gtfs-rt-raw-deprecated_name": {
      "value": "calitp-gtfs-rt-raw-deprecated",
      "type": "string"
    },
    "google_storage_bucket_tfer--calitp-gtfs-rt-raw-deprecated_self_link": {
      "value": "https://www.googleapis.com/storage/v1/b/calitp-gtfs-rt-raw-deprecated",
      "type": "string"
    },
    "google_storage_bucket_tfer--calitp-gtfs-rt-raw-v2_name": {
      "value": "calitp-gtfs-rt-raw-v2",
      "type": "string"
    },
    "google_storage_bucket_tfer--calitp-gtfs-rt-raw-v2_self_link": {
      "value": "https://www.googleapis.com/storage/v1/b/calitp-gtfs-rt-raw-v2",
      "type": "string"
    },
    "google_storage_bucket_tfer--calitp-gtfs-rt-validation_name": {
      "value": "calitp-gtfs-rt-validation",
      "type": "string"
    },
    "google_storage_bucket_tfer--calitp-gtfs-rt-validation_self_link": {
      "value": "https://www.googleapis.com/storage/v1/b/calitp-gtfs-rt-validation",
      "type": "string"
    },
    "google_storage_bucket_tfer--calitp-gtfs-schedule-parsed-hourly_name": {
      "value": "calitp-gtfs-schedule-parsed-hourly",
      "type": "string"
    },
    "google_storage_bucket_tfer--calitp-gtfs-schedule-parsed-hourly_self_link": {
      "value": "https://www.googleapis.com/storage/v1/b/calitp-gtfs-schedule-parsed-hourly",
      "type": "string"
    },
    "google_storage_bucket_tfer--calitp-gtfs-schedule-parsed_name": {
      "value": "calitp-gtfs-schedule-parsed",
      "type": "string"
    },
    "google_storage_bucket_tfer--calitp-gtfs-schedule-parsed_self_link": {
      "value": "https://www.googleapis.com/storage/v1/b/calitp-gtfs-schedule-parsed",
      "type": "string"
    },
    "google_storage_bucket_tfer--calitp-gtfs-schedule-raw-v2_name": {
      "value": "calitp-gtfs-schedule-raw-v2",
      "type": "string"
    },
    "google_storage_bucket_tfer--calitp-gtfs-schedule-raw-v2_self_link": {
      "value": "https://www.googleapis.com/storage/v1/b/calitp-gtfs-schedule-raw-v2",
      "type": "string"
    },
    "google_storage_bucket_tfer--calitp-gtfs-schedule-unzipped-hourly_name": {
      "value": "calitp-gtfs-schedule-unzipped-hourly",
      "type": "string"
    },
    "google_storage_bucket_tfer--calitp-gtfs-schedule-unzipped-hourly_self_link": {
      "value": "https://www.googleapis.com/storage/v1/b/calitp-gtfs-schedule-unzipped-hourly",
      "type": "string"
    },
    "google_storage_bucket_tfer--calitp-gtfs-schedule-unzipped_name": {
      "value": "calitp-gtfs-schedule-unzipped",
      "type": "string"
    },
    "google_storage_bucket_tfer--calitp-gtfs-schedule-unzipped_self_link": {
      "value": "https://www.googleapis.com/storage/v1/b/calitp-gtfs-schedule-unzipped",
      "type": "string"
    },
    "google_storage_bucket_tfer--calitp-gtfs-schedule-validation-hourly_name": {
      "value": "calitp-gtfs-schedule-validation-hourly",
      "type": "string"
    },
    "google_storage_bucket_tfer--calitp-gtfs-schedule-validation-hourly_self_link": {
      "value": "https://www.googleapis.com/storage/v1/b/calitp-gtfs-schedule-validation-hourly",
      "type": "string"
    },
    "google_storage_bucket_tfer--calitp-gtfs-schedule-validation_name": {
      "value": "calitp-gtfs-schedule-validation",
      "type": "string"
    },
    "google_storage_bucket_tfer--calitp-gtfs-schedule-validation_self_link": {
      "value": "https://www.googleapis.com/storage/v1/b/calitp-gtfs-schedule-validation",
      "type": "string"
    },
    "google_storage_bucket_tfer--calitp-jamesl-gcp-components-tfstate_name": {
      "value": "calitp-jamesl-gcp-components-tfstate",
      "type": "string"
    },
    "google_storage_bucket_tfer--calitp-jamesl-gcp-components-tfstate_self_link": {
      "value": "https://www.googleapis.com/storage/v1/b/calitp-jamesl-gcp-components-tfstate",
      "type": "string"
    },
    "google_storage_bucket_tfer--calitp-map-tiles_name": {
      "value": "calitp-map-tiles",
      "type": "string"
    },
    "google_storage_bucket_tfer--calitp-map-tiles_self_link": {
      "value": "https://www.googleapis.com/storage/v1/b/calitp-map-tiles",
      "type": "string"
    },
    "google_storage_bucket_tfer--calitp-metabase-data-public_name": {
      "value": "calitp-metabase-data-public",
      "type": "string"
    },
    "google_storage_bucket_tfer--calitp-metabase-data-public_self_link": {
      "value": "https://www.googleapis.com/storage/v1/b/calitp-metabase-data-public",
      "type": "string"
    },
    "google_storage_bucket_tfer--calitp-ntd-api-products_name": {
      "value": "calitp-ntd-api-products",
      "type": "string"
    },
    "google_storage_bucket_tfer--calitp-ntd-api-products_self_link": {
      "value": "https://www.googleapis.com/storage/v1/b/calitp-ntd-api-products",
      "type": "string"
    },
    "google_storage_bucket_tfer--calitp-ntd-data-products_name": {
      "value": "calitp-ntd-data-products",
      "type": "string"
    },
    "google_storage_bucket_tfer--calitp-ntd-data-products_self_link": {
      "value": "https://www.googleapis.com/storage/v1/b/calitp-ntd-data-products",
      "type": "string"
    },
    "google_storage_bucket_tfer--calitp-ntd-report-validation_name": {
      "value": "calitp-ntd-report-validation",
      "type": "string"
    },
    "google_storage_bucket_tfer--calitp-ntd-report-validation_self_link": {
      "value": "https://www.googleapis.com/storage/v1/b/calitp-ntd-report-validation",
      "type": "string"
    },
    "google_storage_bucket_tfer--calitp-ntd-xlsx-products-clean_name": {
      "value": "calitp-ntd-xlsx-products-clean",
      "type": "string"
    },
    "google_storage_bucket_tfer--calitp-ntd-xlsx-products-clean_self_link": {
      "value": "https://www.googleapis.com/storage/v1/b/calitp-ntd-xlsx-products-clean",
      "type": "string"
    },
    "google_storage_bucket_tfer--calitp-ntd-xlsx-products-raw_name": {
      "value": "calitp-ntd-xlsx-products-raw",
      "type": "string"
    },
    "google_storage_bucket_tfer--calitp-ntd-xlsx-products-raw_self_link": {
      "value": "https://www.googleapis.com/storage/v1/b/calitp-ntd-xlsx-products-raw",
      "type": "string"
    },
    "google_storage_bucket_tfer--calitp-payments-littlepay-parsed_name": {
      "value": "calitp-payments-littlepay-parsed",
      "type": "string"
    },
    "google_storage_bucket_tfer--calitp-payments-littlepay-parsed_self_link": {
      "value": "https://www.googleapis.com/storage/v1/b/calitp-payments-littlepay-parsed",
      "type": "string"
    },
    "google_storage_bucket_tfer--calitp-payments-littlepay-raw_name": {
      "value": "calitp-payments-littlepay-raw",
      "type": "string"
    },
    "google_storage_bucket_tfer--calitp-payments-littlepay-raw_self_link": {
      "value": "https://www.googleapis.com/storage/v1/b/calitp-payments-littlepay-raw",
      "type": "string"
    },
    "google_storage_bucket_tfer--calitp-prod-gcp-components-tfstate_name": {
      "value": "calitp-prod-gcp-components-tfstate",
      "type": "string"
    },
    "google_storage_bucket_tfer--calitp-prod-gcp-components-tfstate_self_link": {
      "value": "https://www.googleapis.com/storage/v1/b/calitp-prod-gcp-components-tfstate",
      "type": "string"
    },
    "google_storage_bucket_tfer--calitp-publish-data-analysis_name": {
      "value": "calitp-publish-data-analysis",
      "type": "string"
    },
    "google_storage_bucket_tfer--calitp-publish-data-analysis_self_link": {
      "value": "https://www.googleapis.com/storage/v1/b/calitp-publish-data-analysis",
      "type": "string"
    },
    "google_storage_bucket_tfer--calitp-publish_name": {
      "value": "calitp-publish",
      "type": "string"
    },
    "google_storage_bucket_tfer--calitp-publish_self_link": {
      "value": "https://www.googleapis.com/storage/v1/b/calitp-publish",
      "type": "string"
    },
    "google_storage_bucket_tfer--calitp-reports-data_name": {
      "value": "calitp-reports-data",
      "type": "string"
    },
    "google_storage_bucket_tfer--calitp-reports-data_self_link": {
      "value": "https://www.googleapis.com/storage/v1/b/calitp-reports-data",
      "type": "string"
    },
    "google_storage_bucket_tfer--calitp-state-geoportal-scrape_name": {
      "value": "calitp-state-geoportal-scrape",
      "type": "string"
    },
    "google_storage_bucket_tfer--calitp-state-geoportal-scrape_self_link": {
      "value": "https://www.googleapis.com/storage/v1/b/calitp-state-geoportal-scrape",
      "type": "string"
    },
    "google_storage_bucket_tfer--calitp-state-highway-network-stops_name": {
      "value": "calitp-state-highway-network-stops",
      "type": "string"
    },
    "google_storage_bucket_tfer--calitp-state-highway-network-stops_self_link": {
      "value": "https://www.googleapis.com/storage/v1/b/calitp-state-highway-network-stops",
      "type": "string"
    },
    "google_storage_bucket_tfer--cold-storage-outputs-gtfs-data-test-charlie-test_name": {
      "value": "cold-storage-outputs-gtfs-data-test-charlie-test",
      "type": "string"
    },
    "google_storage_bucket_tfer--cold-storage-outputs-gtfs-data-test-charlie-test_self_link": {
      "value": "https://www.googleapis.com/storage/v1/b/cold-storage-outputs-gtfs-data-test-charlie-test",
      "type": "string"
    },
    "google_storage_bucket_tfer--cold-storage-outputs-gtfs-data-test_name": {
      "value": "cold-storage-outputs-gtfs-data-test",
      "type": "string"
    },
    "google_storage_bucket_tfer--cold-storage-outputs-gtfs-data-test_self_link": {
      "value": "https://www.googleapis.com/storage/v1/b/cold-storage-outputs-gtfs-data-test",
      "type": "string"
    },
    "google_storage_bucket_tfer--dataproc-staging-us-west2-1005246706141-sfgmtgyp_name": {
      "value": "dataproc-staging-us-west2-1005246706141-sfgmtgyp",
      "type": "string"
    },
    "google_storage_bucket_tfer--dataproc-staging-us-west2-1005246706141-sfgmtgyp_self_link": {
      "value": "https://www.googleapis.com/storage/v1/b/dataproc-staging-us-west2-1005246706141-sfgmtgyp",
      "type": "string"
    },
    "google_storage_bucket_tfer--dataproc-temp-us-west2-1005246706141-x9mtxbwg_name": {
      "value": "dataproc-temp-us-west2-1005246706141-x9mtxbwg",
      "type": "string"
    },
    "google_storage_bucket_tfer--dataproc-temp-us-west2-1005246706141-x9mtxbwg_self_link": {
      "value": "https://www.googleapis.com/storage/v1/b/dataproc-temp-us-west2-1005246706141-x9mtxbwg",
      "type": "string"
    },
    "google_storage_bucket_tfer--dev-calitp-aggregator-scraper_name": {
      "value": "dev-calitp-aggregator-scraper",
      "type": "string"
    },
    "google_storage_bucket_tfer--dev-calitp-aggregator-scraper_self_link": {
      "value": "https://www.googleapis.com/storage/v1/b/dev-calitp-aggregator-scraper",
      "type": "string"
    },
    "google_storage_bucket_tfer--dev-calitp-gtfs-rt-raw_name": {
      "value": "dev-calitp-gtfs-rt-raw",
      "type": "string"
    },
    "google_storage_bucket_tfer--dev-calitp-gtfs-rt-raw_self_link": {
      "value": "https://www.googleapis.com/storage/v1/b/dev-calitp-gtfs-rt-raw",
      "type": "string"
    },
    "google_storage_bucket_tfer--dev-calitp-test-sandbox_name": {
      "value": "dev-calitp-test-sandbox",
      "type": "string"
    },
    "google_storage_bucket_tfer--dev-calitp-test-sandbox_self_link": {
      "value": "https://www.googleapis.com/storage/v1/b/dev-calitp-test-sandbox",
      "type": "string"
    },
    "google_storage_bucket_tfer--export-ysjqwvyxc4ti3jmahojq_name": {
      "value": "export-ysjqwvyxc4ti3jmahojq",
      "type": "string"
    },
    "google_storage_bucket_tfer--export-ysjqwvyxc4ti3jmahojq_self_link": {
      "value": "https://www.googleapis.com/storage/v1/b/export-ysjqwvyxc4ti3jmahojq",
      "type": "string"
    },
    "google_storage_bucket_tfer--gtfs-data-reports_name": {
      "value": "gtfs-data-reports",
      "type": "string"
    },
    "google_storage_bucket_tfer--gtfs-data-reports_self_link": {
      "value": "https://www.googleapis.com/storage/v1/b/gtfs-data-reports",
      "type": "string"
    },
    "google_storage_bucket_tfer--gtfs-data-test-reports_name": {
      "value": "gtfs-data-test-reports",
      "type": "string"
    },
    "google_storage_bucket_tfer--gtfs-data-test-reports_self_link": {
      "value": "https://www.googleapis.com/storage/v1/b/gtfs-data-test-reports",
      "type": "string"
    },
    "google_storage_bucket_tfer--gtfs-data-test_name": {
      "value": "gtfs-data-test",
      "type": "string"
    },
    "google_storage_bucket_tfer--gtfs-data-test_self_link": {
      "value": "https://www.googleapis.com/storage/v1/b/gtfs-data-test",
      "type": "string"
    },
    "google_storage_bucket_tfer--gtfs-data_name": {
      "value": "gtfs-data",
      "type": "string"
    },
    "google_storage_bucket_tfer--gtfs-data_self_link": {
      "value": "https://www.googleapis.com/storage/v1/b/gtfs-data",
      "type": "string"
    },
    "google_storage_bucket_tfer--gtfs-schedule-backfill-test-deprecated_name": {
      "value": "gtfs-schedule-backfill-test-deprecated",
      "type": "string"
    },
    "google_storage_bucket_tfer--gtfs-schedule-backfill-test-deprecated_self_link": {
      "value": "https://www.googleapis.com/storage/v1/b/gtfs-schedule-backfill-test-deprecated",
      "type": "string"
    },
    "google_storage_bucket_tfer--gtfs-schedule-backfill-test_name": {
      "value": "gtfs-schedule-backfill-test",
      "type": "string"
    },
    "google_storage_bucket_tfer--gtfs-schedule-backfill-test_self_link": {
      "value": "https://www.googleapis.com/storage/v1/b/gtfs-schedule-backfill-test",
      "type": "string"
    },
    "google_storage_bucket_tfer--littlepay-data-extract-prod_name": {
      "value": "littlepay-data-extract-prod",
      "type": "string"
    },
    "google_storage_bucket_tfer--littlepay-data-extract-prod_self_link": {
      "value": "https://www.googleapis.com/storage/v1/b/littlepay-data-extract-prod",
      "type": "string"
    },
    "google_storage_bucket_tfer--rt-parsed-deprecated_name": {
      "value": "rt-parsed-deprecated",
      "type": "string"
    },
    "google_storage_bucket_tfer--rt-parsed-deprecated_self_link": {
      "value": "https://www.googleapis.com/storage/v1/b/rt-parsed-deprecated",
      "type": "string"
    },
    "google_storage_bucket_tfer--rt-parsed_name": {
      "value": "rt-parsed",
      "type": "string"
    },
    "google_storage_bucket_tfer--rt-parsed_self_link": {
      "value": "https://www.googleapis.com/storage/v1/b/rt-parsed",
      "type": "string"
    },
    "google_storage_bucket_tfer--staging-002E-cal-itp-data-infra-002E-appspot-002E-com_name": {
      "value": "staging.cal-itp-data-infra.appspot.com",
      "type": "string"
    },
    "google_storage_bucket_tfer--staging-002E-cal-itp-data-infra-002E-appspot-002E-com_self_link": {
      "value": "https://www.googleapis.com/storage/v1/b/staging.cal-itp-data-infra.appspot.com",
      "type": "string"
    },
    "google_storage_bucket_tfer--test-calitp-aggregator-scraper_name": {
      "value": "test-calitp-aggregator-scraper",
      "type": "string"
    },
    "google_storage_bucket_tfer--test-calitp-aggregator-scraper_self_link": {
      "value": "https://www.googleapis.com/storage/v1/b/test-calitp-aggregator-scraper",
      "type": "string"
    },
    "google_storage_bucket_tfer--test-calitp-airtable_name": {
      "value": "test-calitp-airtable",
      "type": "string"
    },
    "google_storage_bucket_tfer--test-calitp-airtable_self_link": {
      "value": "https://www.googleapis.com/storage/v1/b/test-calitp-airtable",
      "type": "string"
    },
    "google_storage_bucket_tfer--test-calitp-dbt-artifacts_name": {
      "value": "test-calitp-dbt-artifacts",
      "type": "string"
    },
    "google_storage_bucket_tfer--test-calitp-dbt-artifacts_self_link": {
      "value": "https://www.googleapis.com/storage/v1/b/test-calitp-dbt-artifacts",
      "type": "string"
    },
    "google_storage_bucket_tfer--test-calitp-dbt-python-models_name": {
      "value": "test-calitp-dbt-python-models",
      "type": "string"
    },
    "google_storage_bucket_tfer--test-calitp-dbt-python-models_self_link": {
      "value": "https://www.googleapis.com/storage/v1/b/test-calitp-dbt-python-models",
      "type": "string"
    },
    "google_storage_bucket_tfer--test-calitp-elavon-parsed_name": {
      "value": "test-calitp-elavon-parsed",
      "type": "string"
    },
    "google_storage_bucket_tfer--test-calitp-elavon-parsed_self_link": {
      "value": "https://www.googleapis.com/storage/v1/b/test-calitp-elavon-parsed",
      "type": "string"
    },
    "google_storage_bucket_tfer--test-calitp-elavon-raw_name": {
      "value": "test-calitp-elavon-raw",
      "type": "string"
    },
    "google_storage_bucket_tfer--test-calitp-elavon-raw_self_link": {
      "value": "https://www.googleapis.com/storage/v1/b/test-calitp-elavon-raw",
      "type": "string"
    },
    "google_storage_bucket_tfer--test-calitp-elavon_name": {
      "value": "test-calitp-elavon",
      "type": "string"
    },
    "google_storage_bucket_tfer--test-calitp-elavon_self_link": {
      "value": "https://www.googleapis.com/storage/v1/b/test-calitp-elavon",
      "type": "string"
    },
    "google_storage_bucket_tfer--test-calitp-gtfs-config_name": {
      "value": "test-calitp-gtfs-config",
      "type": "string"
    },
    "google_storage_bucket_tfer--test-calitp-gtfs-config_self_link": {
      "value": "https://www.googleapis.com/storage/v1/b/test-calitp-gtfs-config",
      "type": "string"
    },
    "google_storage_bucket_tfer--test-calitp-gtfs-download-config_name": {
      "value": "test-calitp-gtfs-download-config",
      "type": "string"
    },
    "google_storage_bucket_tfer--test-calitp-gtfs-download-config_self_link": {
      "value": "https://www.googleapis.com/storage/v1/b/test-calitp-gtfs-download-config",
      "type": "string"
    },
    "google_storage_bucket_tfer--test-calitp-gtfs-raw_name": {
      "value": "test-calitp-gtfs-raw",
      "type": "string"
    },
    "google_storage_bucket_tfer--test-calitp-gtfs-raw_self_link": {
      "value": "https://www.googleapis.com/storage/v1/b/test-calitp-gtfs-raw",
      "type": "string"
    },
    "google_storage_bucket_tfer--test-calitp-gtfs-rt-parsed_name": {
      "value": "test-calitp-gtfs-rt-parsed",
      "type": "string"
    },
    "google_storage_bucket_tfer--test-calitp-gtfs-rt-parsed_self_link": {
      "value": "https://www.googleapis.com/storage/v1/b/test-calitp-gtfs-rt-parsed",
      "type": "string"
    },
    "google_storage_bucket_tfer--test-calitp-gtfs-rt-raw-v2_name": {
      "value": "test-calitp-gtfs-rt-raw-v2",
      "type": "string"
    },
    "google_storage_bucket_tfer--test-calitp-gtfs-rt-raw-v2_self_link": {
      "value": "https://www.googleapis.com/storage/v1/b/test-calitp-gtfs-rt-raw-v2",
      "type": "string"
    },
    "google_storage_bucket_tfer--test-calitp-gtfs-rt-raw_name": {
      "value": "test-calitp-gtfs-rt-raw",
      "type": "string"
    },
    "google_storage_bucket_tfer--test-calitp-gtfs-rt-raw_self_link": {
      "value": "https://www.googleapis.com/storage/v1/b/test-calitp-gtfs-rt-raw",
      "type": "string"
    },
    "google_storage_bucket_tfer--test-calitp-gtfs-rt-validation_name": {
      "value": "test-calitp-gtfs-rt-validation",
      "type": "string"
    },
    "google_storage_bucket_tfer--test-calitp-gtfs-rt-validation_self_link": {
      "value": "https://www.googleapis.com/storage/v1/b/test-calitp-gtfs-rt-validation",
      "type": "string"
    },
    "google_storage_bucket_tfer--test-calitp-gtfs-schedule-parsed-hourly_name": {
      "value": "test-calitp-gtfs-schedule-parsed-hourly",
      "type": "string"
    },
    "google_storage_bucket_tfer--test-calitp-gtfs-schedule-parsed-hourly_self_link": {
      "value": "https://www.googleapis.com/storage/v1/b/test-calitp-gtfs-schedule-parsed-hourly",
      "type": "string"
    },
    "google_storage_bucket_tfer--test-calitp-gtfs-schedule-parsed_name": {
      "value": "test-calitp-gtfs-schedule-parsed",
      "type": "string"
    },
    "google_storage_bucket_tfer--test-calitp-gtfs-schedule-parsed_self_link": {
      "value": "https://www.googleapis.com/storage/v1/b/test-calitp-gtfs-schedule-parsed",
      "type": "string"
    },
    "google_storage_bucket_tfer--test-calitp-gtfs-schedule-processed_name": {
      "value": "test-calitp-gtfs-schedule-processed",
      "type": "string"
    },
    "google_storage_bucket_tfer--test-calitp-gtfs-schedule-processed_self_link": {
      "value": "https://www.googleapis.com/storage/v1/b/test-calitp-gtfs-schedule-processed",
      "type": "string"
    },
    "google_storage_bucket_tfer--test-calitp-gtfs-schedule-raw-v2-backfill-test_name": {
      "value": "test-calitp-gtfs-schedule-raw-v2-backfill-test",
      "type": "string"
    },
    "google_storage_bucket_tfer--test-calitp-gtfs-schedule-raw-v2-backfill-test_self_link": {
      "value": "https://www.googleapis.com/storage/v1/b/test-calitp-gtfs-schedule-raw-v2-backfill-test",
      "type": "string"
    },
    "google_storage_bucket_tfer--test-calitp-gtfs-schedule-raw-v2_name": {
      "value": "test-calitp-gtfs-schedule-raw-v2",
      "type": "string"
    },
    "google_storage_bucket_tfer--test-calitp-gtfs-schedule-raw-v2_self_link": {
      "value": "https://www.googleapis.com/storage/v1/b/test-calitp-gtfs-schedule-raw-v2",
      "type": "string"
    },
    "google_storage_bucket_tfer--test-calitp-gtfs-schedule-raw_name": {
      "value": "test-calitp-gtfs-schedule-raw",
      "type": "string"
    },
    "google_storage_bucket_tfer--test-calitp-gtfs-schedule-raw_self_link": {
      "value": "https://www.googleapis.com/storage/v1/b/test-calitp-gtfs-schedule-raw",
      "type": "string"
    },
    "google_storage_bucket_tfer--test-calitp-gtfs-schedule-unzipped-hourly_name": {
      "value": "test-calitp-gtfs-schedule-unzipped-hourly",
      "type": "string"
    },
    "google_storage_bucket_tfer--test-calitp-gtfs-schedule-unzipped-hourly_self_link": {
      "value": "https://www.googleapis.com/storage/v1/b/test-calitp-gtfs-schedule-unzipped-hourly",
      "type": "string"
    },
    "google_storage_bucket_tfer--test-calitp-gtfs-schedule-unzipped_name": {
      "value": "test-calitp-gtfs-schedule-unzipped",
      "type": "string"
    },
    "google_storage_bucket_tfer--test-calitp-gtfs-schedule-unzipped_self_link": {
      "value": "https://www.googleapis.com/storage/v1/b/test-calitp-gtfs-schedule-unzipped",
      "type": "string"
    },
    "google_storage_bucket_tfer--test-calitp-gtfs-schedule-validation-hourly_name": {
      "value": "test-calitp-gtfs-schedule-validation-hourly",
      "type": "string"
    },
    "google_storage_bucket_tfer--test-calitp-gtfs-schedule-validation-hourly_self_link": {
      "value": "https://www.googleapis.com/storage/v1/b/test-calitp-gtfs-schedule-validation-hourly",
      "type": "string"
    },
    "google_storage_bucket_tfer--test-calitp-gtfs-schedule-validation_name": {
      "value": "test-calitp-gtfs-schedule-validation",
      "type": "string"
    },
    "google_storage_bucket_tfer--test-calitp-gtfs-schedule-validation_self_link": {
      "value": "https://www.googleapis.com/storage/v1/b/test-calitp-gtfs-schedule-validation",
      "type": "string"
    },
    "google_storage_bucket_tfer--test-calitp-ntd-api-products_name": {
      "value": "test-calitp-ntd-api-products",
      "type": "string"
    },
    "google_storage_bucket_tfer--test-calitp-ntd-api-products_self_link": {
      "value": "https://www.googleapis.com/storage/v1/b/test-calitp-ntd-api-products",
      "type": "string"
    },
    "google_storage_bucket_tfer--test-calitp-ntd-data-products_name": {
      "value": "test-calitp-ntd-data-products",
      "type": "string"
    },
    "google_storage_bucket_tfer--test-calitp-ntd-data-products_self_link": {
      "value": "https://www.googleapis.com/storage/v1/b/test-calitp-ntd-data-products",
      "type": "string"
    },
    "google_storage_bucket_tfer--test-calitp-ntd-report-validation_name": {
      "value": "test-calitp-ntd-report-validation",
      "type": "string"
    },
    "google_storage_bucket_tfer--test-calitp-ntd-report-validation_self_link": {
      "value": "https://www.googleapis.com/storage/v1/b/test-calitp-ntd-report-validation",
      "type": "string"
    },
    "google_storage_bucket_tfer--test-calitp-ntd-xlsx-products-clean_name": {
      "value": "test-calitp-ntd-xlsx-products-clean",
      "type": "string"
    },
    "google_storage_bucket_tfer--test-calitp-ntd-xlsx-products-clean_self_link": {
      "value": "https://www.googleapis.com/storage/v1/b/test-calitp-ntd-xlsx-products-clean",
      "type": "string"
    },
    "google_storage_bucket_tfer--test-calitp-ntd-xlsx-products-raw_name": {
      "value": "test-calitp-ntd-xlsx-products-raw",
      "type": "string"
    },
    "google_storage_bucket_tfer--test-calitp-ntd-xlsx-products-raw_self_link": {
      "value": "https://www.googleapis.com/storage/v1/b/test-calitp-ntd-xlsx-products-raw",
      "type": "string"
    },
    "google_storage_bucket_tfer--test-calitp-payments-littlepay-parsed_name": {
      "value": "test-calitp-payments-littlepay-parsed",
      "type": "string"
    },
    "google_storage_bucket_tfer--test-calitp-payments-littlepay-parsed_self_link": {
      "value": "https://www.googleapis.com/storage/v1/b/test-calitp-payments-littlepay-parsed",
      "type": "string"
    },
    "google_storage_bucket_tfer--test-calitp-payments-littlepay-raw_name": {
      "value": "test-calitp-payments-littlepay-raw",
      "type": "string"
    },
    "google_storage_bucket_tfer--test-calitp-payments-littlepay-raw_self_link": {
      "value": "https://www.googleapis.com/storage/v1/b/test-calitp-payments-littlepay-raw",
      "type": "string"
    },
    "google_storage_bucket_tfer--test-calitp-publish-data-analysis_name": {
      "value": "test-calitp-publish-data-analysis",
      "type": "string"
    },
    "google_storage_bucket_tfer--test-calitp-publish-data-analysis_self_link": {
      "value": "https://www.googleapis.com/storage/v1/b/test-calitp-publish-data-analysis",
      "type": "string"
    },
    "google_storage_bucket_tfer--test-calitp-publish_name": {
      "value": "test-calitp-publish",
      "type": "string"
    },
    "google_storage_bucket_tfer--test-calitp-publish_self_link": {
      "value": "https://www.googleapis.com/storage/v1/b/test-calitp-publish",
      "type": "string"
    },
    "google_storage_bucket_tfer--test-calitp-reports-data_name": {
      "value": "test-calitp-reports-data",
      "type": "string"
    },
    "google_storage_bucket_tfer--test-calitp-reports-data_self_link": {
      "value": "https://www.googleapis.com/storage/v1/b/test-calitp-reports-data",
      "type": "string"
    },
    "google_storage_bucket_tfer--test-calitp-sentry_name": {
      "value": "test-calitp-sentry",
      "type": "string"
    },
    "google_storage_bucket_tfer--test-calitp-sentry_self_link": {
      "value": "https://www.googleapis.com/storage/v1/b/test-calitp-sentry",
      "type": "string"
    },
    "google_storage_bucket_tfer--test-calitp-state-geoportal-scrape_name": {
      "value": "test-calitp-state-geoportal-scrape",
      "type": "string"
    },
    "google_storage_bucket_tfer--test-calitp-state-geoportal-scrape_self_link": {
      "value": "https://www.googleapis.com/storage/v1/b/test-calitp-state-geoportal-scrape",
      "type": "string"
    },
    "google_storage_bucket_tfer--test-rt-parsed_name": {
      "value": "test-rt-parsed",
      "type": "string"
    },
    "google_storage_bucket_tfer--test-rt-parsed_self_link": {
      "value": "https://www.googleapis.com/storage/v1/b/test-rt-parsed",
      "type": "string"
    },
    "google_storage_bucket_tfer--test-rt-validations_name": {
      "value": "test-rt-validations",
      "type": "string"
    },
    "google_storage_bucket_tfer--test-rt-validations_self_link": {
      "value": "https://www.googleapis.com/storage/v1/b/test-rt-validations",
      "type": "string"
    },
    "google_storage_bucket_tfer--us-002E-artifacts-002E-cal-itp-data-infra-002E-appspot-002E-com_name": {
      "value": "us.artifacts.cal-itp-data-infra.appspot.com",
      "type": "string"
    },
    "google_storage_bucket_tfer--us-002E-artifacts-002E-cal-itp-data-infra-002E-appspot-002E-com_self_link": {
      "value": "https://www.googleapis.com/storage/v1/b/us.artifacts.cal-itp-data-infra.appspot.com",
      "type": "string"
    },
    "google_storage_bucket_tfer--us-west2-calitp-airflow2-pr-171e4e47-bucket_name": {
      "value": "us-west2-calitp-airflow2-pr-171e4e47-bucket",
      "type": "string"
    },
    "google_storage_bucket_tfer--us-west2-calitp-airflow2-pr-171e4e47-bucket_self_link": {
      "value": "https://www.googleapis.com/storage/v1/b/us-west2-calitp-airflow2-pr-171e4e47-bucket",
      "type": "string"
    },
    "google_storage_bucket_tfer--us-west2-calitp-airflow2-pr-31e41084-bucket_name": {
      "value": "us-west2-calitp-airflow2-pr-31e41084-bucket",
      "type": "string"
    },
    "google_storage_bucket_tfer--us-west2-calitp-airflow2-pr-31e41084-bucket_self_link": {
      "value": "https://www.googleapis.com/storage/v1/b/us-west2-calitp-airflow2-pr-31e41084-bucket",
      "type": "string"
    },
    "google_storage_bucket_tfer--us-west2-calitp-airflow2-pr-88ca8ec6-bucket_name": {
      "value": "us-west2-calitp-airflow2-pr-88ca8ec6-bucket",
      "type": "string"
    },
    "google_storage_bucket_tfer--us-west2-calitp-airflow2-pr-88ca8ec6-bucket_self_link": {
      "value": "https://www.googleapis.com/storage/v1/b/us-west2-calitp-airflow2-pr-88ca8ec6-bucket",
      "type": "string"
    },
    "google_storage_default_object_acl_tfer--analysis-output-models_id": {
      "value": "analysis-output-models",
      "type": "string"
    },
    "google_storage_default_object_acl_tfer--artifacts-002E-cal-itp-data-infra-002E-appspot-002E-com_id": {
      "value": "artifacts.cal-itp-data-infra.appspot.com",
      "type": "string"
    },
    "google_storage_default_object_acl_tfer--cal-itp-data-infra-002E-appspot-002E-com_id": {
      "value": "cal-itp-data-infra.appspot.com",
      "type": "string"
    },
    "google_storage_default_object_acl_tfer--calitp-aggregator-scraper_id": {
      "value": "calitp-aggregator-scraper",
      "type": "string"
    },
    "google_storage_default_object_acl_tfer--calitp-airtable_id": {
      "value": "calitp-airtable",
      "type": "string"
    },
    "google_storage_default_object_acl_tfer--calitp-amplitude-benefits-events_id": {
      "value": "calitp-amplitude-benefits-events",
      "type": "string"
    },
    "google_storage_default_object_acl_tfer--calitp-analytics-data_id": {
      "value": "calitp-analytics-data",
      "type": "string"
    },
    "google_storage_default_object_acl_tfer--calitp-backups-grafana_id": {
      "value": "calitp-backups-grafana",
      "type": "string"
    },
    "google_storage_default_object_acl_tfer--calitp-backups-metabase_id": {
      "value": "calitp-backups-metabase",
      "type": "string"
    },
    "google_storage_default_object_acl_tfer--calitp-backups-sentry_id": {
      "value": "calitp-backups-sentry",
      "type": "string"
    },
    "google_storage_default_object_acl_tfer--calitp-backups-test_id": {
      "value": "calitp-backups-test",
      "type": "string"
    },
    "google_storage_default_object_acl_tfer--calitp-ci-artifacts_id": {
      "value": "calitp-ci-artifacts",
      "type": "string"
    },
    "google_storage_default_object_acl_tfer--calitp-dbt-artifacts_id": {
      "value": "calitp-dbt-artifacts",
      "type": "string"
    },
    "google_storage_default_object_acl_tfer--calitp-dbt-python-models_id": {
      "value": "calitp-dbt-python-models",
      "type": "string"
    },
    "google_storage_default_object_acl_tfer--calitp-elavon-parsed_id": {
      "value": "calitp-elavon-parsed",
      "type": "string"
    },
    "google_storage_default_object_acl_tfer--calitp-elavon-raw_id": {
      "value": "calitp-elavon-raw",
      "type": "string"
    },
    "google_storage_default_object_acl_tfer--calitp-gtfs-download-config_id": {
      "value": "calitp-gtfs-download-config",
      "type": "string"
    },
    "google_storage_default_object_acl_tfer--calitp-gtfs-rt-parsed_id": {
      "value": "calitp-gtfs-rt-parsed",
      "type": "string"
    },
    "google_storage_default_object_acl_tfer--calitp-gtfs-rt-raw-deprecated_id": {
      "value": "calitp-gtfs-rt-raw-deprecated",
      "type": "string"
    },
    "google_storage_default_object_acl_tfer--calitp-gtfs-rt-raw-v2_id": {
      "value": "calitp-gtfs-rt-raw-v2",
      "type": "string"
    },
    "google_storage_default_object_acl_tfer--calitp-gtfs-rt-validation_id": {
      "value": "calitp-gtfs-rt-validation",
      "type": "string"
    },
    "google_storage_default_object_acl_tfer--calitp-gtfs-schedule-parsed-hourly_id": {
      "value": "calitp-gtfs-schedule-parsed-hourly",
      "type": "string"
    },
    "google_storage_default_object_acl_tfer--calitp-gtfs-schedule-parsed_id": {
      "value": "calitp-gtfs-schedule-parsed",
      "type": "string"
    },
    "google_storage_default_object_acl_tfer--calitp-gtfs-schedule-raw-v2_id": {
      "value": "calitp-gtfs-schedule-raw-v2",
      "type": "string"
    },
    "google_storage_default_object_acl_tfer--calitp-gtfs-schedule-unzipped-hourly_id": {
      "value": "calitp-gtfs-schedule-unzipped-hourly",
      "type": "string"
    },
    "google_storage_default_object_acl_tfer--calitp-gtfs-schedule-unzipped_id": {
      "value": "calitp-gtfs-schedule-unzipped",
      "type": "string"
    },
    "google_storage_default_object_acl_tfer--calitp-gtfs-schedule-validation-hourly_id": {
      "value": "calitp-gtfs-schedule-validation-hourly",
      "type": "string"
    },
    "google_storage_default_object_acl_tfer--calitp-gtfs-schedule-validation_id": {
      "value": "calitp-gtfs-schedule-validation",
      "type": "string"
    },
    "google_storage_default_object_acl_tfer--calitp-jamesl-gcp-components-tfstate_id": {
      "value": "calitp-jamesl-gcp-components-tfstate",
      "type": "string"
    },
    "google_storage_default_object_acl_tfer--calitp-map-tiles_id": {
      "value": "calitp-map-tiles",
      "type": "string"
    },
    "google_storage_default_object_acl_tfer--calitp-metabase-data-public_id": {
      "value": "calitp-metabase-data-public",
      "type": "string"
    },
    "google_storage_default_object_acl_tfer--calitp-ntd-api-products_id": {
      "value": "calitp-ntd-api-products",
      "type": "string"
    },
    "google_storage_default_object_acl_tfer--calitp-ntd-data-products_id": {
      "value": "calitp-ntd-data-products",
      "type": "string"
    },
    "google_storage_default_object_acl_tfer--calitp-ntd-report-validation_id": {
      "value": "calitp-ntd-report-validation",
      "type": "string"
    },
    "google_storage_default_object_acl_tfer--calitp-ntd-xlsx-products-clean_id": {
      "value": "calitp-ntd-xlsx-products-clean",
      "type": "string"
    },
    "google_storage_default_object_acl_tfer--calitp-ntd-xlsx-products-raw_id": {
      "value": "calitp-ntd-xlsx-products-raw",
      "type": "string"
    },
    "google_storage_default_object_acl_tfer--calitp-payments-littlepay-parsed_id": {
      "value": "calitp-payments-littlepay-parsed",
      "type": "string"
    },
    "google_storage_default_object_acl_tfer--calitp-payments-littlepay-raw_id": {
      "value": "calitp-payments-littlepay-raw",
      "type": "string"
    },
    "google_storage_default_object_acl_tfer--calitp-prod-gcp-components-tfstate_id": {
      "value": "calitp-prod-gcp-components-tfstate",
      "type": "string"
    },
    "google_storage_default_object_acl_tfer--calitp-publish-data-analysis_id": {
      "value": "calitp-publish-data-analysis",
      "type": "string"
    },
    "google_storage_default_object_acl_tfer--calitp-publish_id": {
      "value": "calitp-publish",
      "type": "string"
    },
    "google_storage_default_object_acl_tfer--calitp-reports-data_id": {
      "value": "calitp-reports-data",
      "type": "string"
    },
    "google_storage_default_object_acl_tfer--calitp-state-geoportal-scrape_id": {
      "value": "calitp-state-geoportal-scrape",
      "type": "string"
    },
    "google_storage_default_object_acl_tfer--calitp-state-highway-network-stops_id": {
      "value": "calitp-state-highway-network-stops",
      "type": "string"
    },
    "google_storage_default_object_acl_tfer--cold-storage-outputs-gtfs-data-test-charlie-test_id": {
      "value": "cold-storage-outputs-gtfs-data-test-charlie-test",
      "type": "string"
    },
    "google_storage_default_object_acl_tfer--cold-storage-outputs-gtfs-data-test_id": {
      "value": "cold-storage-outputs-gtfs-data-test",
      "type": "string"
    },
    "google_storage_default_object_acl_tfer--dataproc-staging-us-west2-1005246706141-sfgmtgyp_id": {
      "value": "dataproc-staging-us-west2-1005246706141-sfgmtgyp",
      "type": "string"
    },
    "google_storage_default_object_acl_tfer--dataproc-temp-us-west2-1005246706141-x9mtxbwg_id": {
      "value": "dataproc-temp-us-west2-1005246706141-x9mtxbwg",
      "type": "string"
    },
    "google_storage_default_object_acl_tfer--dev-calitp-aggregator-scraper_id": {
      "value": "dev-calitp-aggregator-scraper",
      "type": "string"
    },
    "google_storage_default_object_acl_tfer--dev-calitp-gtfs-rt-raw_id": {
      "value": "dev-calitp-gtfs-rt-raw",
      "type": "string"
    },
    "google_storage_default_object_acl_tfer--dev-calitp-test-sandbox_id": {
      "value": "dev-calitp-test-sandbox",
      "type": "string"
    },
    "google_storage_default_object_acl_tfer--export-ysjqwvyxc4ti3jmahojq_id": {
      "value": "export-ysjqwvyxc4ti3jmahojq",
      "type": "string"
    },
    "google_storage_default_object_acl_tfer--gtfs-data-reports_id": {
      "value": "gtfs-data-reports",
      "type": "string"
    },
    "google_storage_default_object_acl_tfer--gtfs-data-test-reports_id": {
      "value": "gtfs-data-test-reports",
      "type": "string"
    },
    "google_storage_default_object_acl_tfer--gtfs-data-test_id": {
      "value": "gtfs-data-test",
      "type": "string"
    },
    "google_storage_default_object_acl_tfer--gtfs-data_id": {
      "value": "gtfs-data",
      "type": "string"
    },
    "google_storage_default_object_acl_tfer--gtfs-schedule-backfill-test-deprecated_id": {
      "value": "gtfs-schedule-backfill-test-deprecated",
      "type": "string"
    },
    "google_storage_default_object_acl_tfer--gtfs-schedule-backfill-test_id": {
      "value": "gtfs-schedule-backfill-test",
      "type": "string"
    },
    "google_storage_default_object_acl_tfer--littlepay-data-extract-prod_id": {
      "value": "littlepay-data-extract-prod",
      "type": "string"
    },
    "google_storage_default_object_acl_tfer--rt-parsed-deprecated_id": {
      "value": "rt-parsed-deprecated",
      "type": "string"
    },
    "google_storage_default_object_acl_tfer--rt-parsed_id": {
      "value": "rt-parsed",
      "type": "string"
    },
    "google_storage_default_object_acl_tfer--staging-002E-cal-itp-data-infra-002E-appspot-002E-com_id": {
      "value": "staging.cal-itp-data-infra.appspot.com",
      "type": "string"
    },
    "google_storage_default_object_acl_tfer--test-calitp-aggregator-scraper_id": {
      "value": "test-calitp-aggregator-scraper",
      "type": "string"
    },
    "google_storage_default_object_acl_tfer--test-calitp-airtable_id": {
      "value": "test-calitp-airtable",
      "type": "string"
    },
    "google_storage_default_object_acl_tfer--test-calitp-dbt-artifacts_id": {
      "value": "test-calitp-dbt-artifacts",
      "type": "string"
    },
    "google_storage_default_object_acl_tfer--test-calitp-dbt-python-models_id": {
      "value": "test-calitp-dbt-python-models",
      "type": "string"
    },
    "google_storage_default_object_acl_tfer--test-calitp-elavon-parsed_id": {
      "value": "test-calitp-elavon-parsed",
      "type": "string"
    },
    "google_storage_default_object_acl_tfer--test-calitp-elavon-raw_id": {
      "value": "test-calitp-elavon-raw",
      "type": "string"
    },
    "google_storage_default_object_acl_tfer--test-calitp-elavon_id": {
      "value": "test-calitp-elavon",
      "type": "string"
    },
    "google_storage_default_object_acl_tfer--test-calitp-gtfs-config_id": {
      "value": "test-calitp-gtfs-config",
      "type": "string"
    },
    "google_storage_default_object_acl_tfer--test-calitp-gtfs-download-config_id": {
      "value": "test-calitp-gtfs-download-config",
      "type": "string"
    },
    "google_storage_default_object_acl_tfer--test-calitp-gtfs-raw_id": {
      "value": "test-calitp-gtfs-raw",
      "type": "string"
    },
    "google_storage_default_object_acl_tfer--test-calitp-gtfs-rt-parsed_id": {
      "value": "test-calitp-gtfs-rt-parsed",
      "type": "string"
    },
    "google_storage_default_object_acl_tfer--test-calitp-gtfs-rt-raw-v2_id": {
      "value": "test-calitp-gtfs-rt-raw-v2",
      "type": "string"
    },
    "google_storage_default_object_acl_tfer--test-calitp-gtfs-rt-raw_id": {
      "value": "test-calitp-gtfs-rt-raw",
      "type": "string"
    },
    "google_storage_default_object_acl_tfer--test-calitp-gtfs-rt-validation_id": {
      "value": "test-calitp-gtfs-rt-validation",
      "type": "string"
    },
    "google_storage_default_object_acl_tfer--test-calitp-gtfs-schedule-parsed-hourly_id": {
      "value": "test-calitp-gtfs-schedule-parsed-hourly",
      "type": "string"
    },
    "google_storage_default_object_acl_tfer--test-calitp-gtfs-schedule-parsed_id": {
      "value": "test-calitp-gtfs-schedule-parsed",
      "type": "string"
    },
    "google_storage_default_object_acl_tfer--test-calitp-gtfs-schedule-processed_id": {
      "value": "test-calitp-gtfs-schedule-processed",
      "type": "string"
    },
    "google_storage_default_object_acl_tfer--test-calitp-gtfs-schedule-raw-v2-backfill-test_id": {
      "value": "test-calitp-gtfs-schedule-raw-v2-backfill-test",
      "type": "string"
    },
    "google_storage_default_object_acl_tfer--test-calitp-gtfs-schedule-raw-v2_id": {
      "value": "test-calitp-gtfs-schedule-raw-v2",
      "type": "string"
    },
    "google_storage_default_object_acl_tfer--test-calitp-gtfs-schedule-raw_id": {
      "value": "test-calitp-gtfs-schedule-raw",
      "type": "string"
    },
    "google_storage_default_object_acl_tfer--test-calitp-gtfs-schedule-unzipped-hourly_id": {
      "value": "test-calitp-gtfs-schedule-unzipped-hourly",
      "type": "string"
    },
    "google_storage_default_object_acl_tfer--test-calitp-gtfs-schedule-unzipped_id": {
      "value": "test-calitp-gtfs-schedule-unzipped",
      "type": "string"
    },
    "google_storage_default_object_acl_tfer--test-calitp-gtfs-schedule-validation-hourly_id": {
      "value": "test-calitp-gtfs-schedule-validation-hourly",
      "type": "string"
    },
    "google_storage_default_object_acl_tfer--test-calitp-gtfs-schedule-validation_id": {
      "value": "test-calitp-gtfs-schedule-validation",
      "type": "string"
    },
    "google_storage_default_object_acl_tfer--test-calitp-ntd-api-products_id": {
      "value": "test-calitp-ntd-api-products",
      "type": "string"
    },
    "google_storage_default_object_acl_tfer--test-calitp-ntd-data-products_id": {
      "value": "test-calitp-ntd-data-products",
      "type": "string"
    },
    "google_storage_default_object_acl_tfer--test-calitp-ntd-report-validation_id": {
      "value": "test-calitp-ntd-report-validation",
      "type": "string"
    },
    "google_storage_default_object_acl_tfer--test-calitp-ntd-xlsx-products-clean_id": {
      "value": "test-calitp-ntd-xlsx-products-clean",
      "type": "string"
    },
    "google_storage_default_object_acl_tfer--test-calitp-ntd-xlsx-products-raw_id": {
      "value": "test-calitp-ntd-xlsx-products-raw",
      "type": "string"
    },
    "google_storage_default_object_acl_tfer--test-calitp-payments-littlepay-parsed_id": {
      "value": "test-calitp-payments-littlepay-parsed",
      "type": "string"
    },
    "google_storage_default_object_acl_tfer--test-calitp-payments-littlepay-raw_id": {
      "value": "test-calitp-payments-littlepay-raw",
      "type": "string"
    },
    "google_storage_default_object_acl_tfer--test-calitp-publish-data-analysis_id": {
      "value": "test-calitp-publish-data-analysis",
      "type": "string"
    },
    "google_storage_default_object_acl_tfer--test-calitp-publish_id": {
      "value": "test-calitp-publish",
      "type": "string"
    },
    "google_storage_default_object_acl_tfer--test-calitp-reports-data_id": {
      "value": "test-calitp-reports-data",
      "type": "string"
    },
    "google_storage_default_object_acl_tfer--test-calitp-sentry_id": {
      "value": "test-calitp-sentry",
      "type": "string"
    },
    "google_storage_default_object_acl_tfer--test-calitp-state-geoportal-scrape_id": {
      "value": "test-calitp-state-geoportal-scrape",
      "type": "string"
    },
    "google_storage_default_object_acl_tfer--test-rt-parsed_id": {
      "value": "test-rt-parsed",
      "type": "string"
    },
    "google_storage_default_object_acl_tfer--test-rt-validations_id": {
      "value": "test-rt-validations",
      "type": "string"
    },
    "google_storage_default_object_acl_tfer--us-002E-artifacts-002E-cal-itp-data-infra-002E-appspot-002E-com_id": {
      "value": "us.artifacts.cal-itp-data-infra.appspot.com",
      "type": "string"
    },
    "google_storage_default_object_acl_tfer--us-west2-calitp-airflow2-pr-171e4e47-bucket_id": {
      "value": "us-west2-calitp-airflow2-pr-171e4e47-bucket",
      "type": "string"
    },
    "google_storage_default_object_acl_tfer--us-west2-calitp-airflow2-pr-31e41084-bucket_id": {
      "value": "us-west2-calitp-airflow2-pr-31e41084-bucket",
      "type": "string"
    },
    "google_storage_default_object_acl_tfer--us-west2-calitp-airflow2-pr-88ca8ec6-bucket_id": {
      "value": "us-west2-calitp-airflow2-pr-88ca8ec6-bucket",
      "type": "string"
    }
  },
  "resources": [
    {
      "mode": "managed",
      "type": "google_storage_bucket",
      "name": "tfer--analysis-output-models",
      "provider": "provider[\"registry.terraform.io/hashicorp/google\"]",
      "instances": [
        {
          "schema_version": 0,
          "attributes_flat": {
            "autoclass.#": "0",
            "cors.#": "0",
            "custom_placement_config.#": "0",
            "default_event_based_hold": "false",
            "encryption.#": "0",
            "force_destroy": "false",
            "id": "analysis-output-models",
            "labels.%": "0",
            "lifecycle_rule.#": "2",
            "lifecycle_rule.0.action.#": "1",
            "lifecycle_rule.0.action.0.storage_class": "",
            "lifecycle_rule.0.action.0.type": "Delete",
            "lifecycle_rule.0.condition.#": "1",
            "lifecycle_rule.0.condition.0.age": "0",
            "lifecycle_rule.0.condition.0.created_before": "",
            "lifecycle_rule.0.condition.0.custom_time_before": "",
            "lifecycle_rule.0.condition.0.days_since_custom_time": "0",
            "lifecycle_rule.0.condition.0.days_since_noncurrent_time": "0",
            "lifecycle_rule.0.condition.0.matches_prefix.#": "0",
            "lifecycle_rule.0.condition.0.matches_storage_class.#": "0",
            "lifecycle_rule.0.condition.0.matches_suffix.#": "0",
            "lifecycle_rule.0.condition.0.noncurrent_time_before": "",
            "lifecycle_rule.0.condition.0.num_newer_versions": "2",
            "lifecycle_rule.0.condition.0.with_state": "ARCHIVED",
            "lifecycle_rule.1.action.#": "1",
            "lifecycle_rule.1.action.0.storage_class": "",
            "lifecycle_rule.1.action.0.type": "Delete",
            "lifecycle_rule.1.condition.#": "1",
            "lifecycle_rule.1.condition.0.age": "0",
            "lifecycle_rule.1.condition.0.created_before": "",
            "lifecycle_rule.1.condition.0.custom_time_before": "",
            "lifecycle_rule.1.condition.0.days_since_custom_time": "0",
            "lifecycle_rule.1.condition.0.days_since_noncurrent_time": "7",
            "lifecycle_rule.1.condition.0.matches_prefix.#": "0",
            "lifecycle_rule.1.condition.0.matches_storage_class.#": "0",
            "lifecycle_rule.1.condition.0.matches_suffix.#": "0",
            "lifecycle_rule.1.condition.0.noncurrent_time_before": "",
            "lifecycle_rule.1.condition.0.num_newer_versions": "0",
            "lifecycle_rule.1.condition.0.with_state": "ANY",
            "location": "US-WEST2",
            "logging.#": "0",
            "name": "analysis-output-models",
            "project": "cal-itp-data-infra",
            "public_access_prevention": "enforced",
            "requester_pays": "false",
            "retention_policy.#": "0",
            "self_link": "https://www.googleapis.com/storage/v1/b/analysis-output-models",
            "storage_class": "STANDARD",
            "uniform_bucket_level_access": "true",
            "url": "gs://analysis-output-models",
            "versioning.#": "1",
            "versioning.0.enabled": "true",
            "website.#": "0"
          },
          "sensitive_attributes": []
        }
      ]
    },
    {
      "mode": "managed",
      "type": "google_storage_bucket",
      "name": "tfer--artifacts-002E-cal-itp-data-infra-002E-appspot-002E-com",
      "provider": "provider[\"registry.terraform.io/hashicorp/google\"]",
      "instances": [
        {
          "schema_version": 0,
          "attributes_flat": {
            "autoclass.#": "0",
            "cors.#": "0",
            "custom_placement_config.#": "0",
            "default_event_based_hold": "false",
            "encryption.#": "0",
            "force_destroy": "false",
            "id": "artifacts.cal-itp-data-infra.appspot.com",
            "labels.%": "0",
            "lifecycle_rule.#": "0",
            "location": "US",
            "logging.#": "0",
            "name": "artifacts.cal-itp-data-infra.appspot.com",
            "project": "cal-itp-data-infra",
            "public_access_prevention": "inherited",
            "requester_pays": "false",
            "retention_policy.#": "0",
            "self_link": "https://www.googleapis.com/storage/v1/b/artifacts.cal-itp-data-infra.appspot.com",
            "storage_class": "STANDARD",
            "uniform_bucket_level_access": "false",
            "url": "gs://artifacts.cal-itp-data-infra.appspot.com",
            "versioning.#": "0",
            "website.#": "0"
          },
          "sensitive_attributes": []
        }
      ]
    },
    {
      "mode": "managed",
      "type": "google_storage_bucket",
      "name": "tfer--cal-itp-data-infra-002E-appspot-002E-com",
      "provider": "provider[\"registry.terraform.io/hashicorp/google\"]",
      "instances": [
        {
          "schema_version": 0,
          "attributes_flat": {
            "autoclass.#": "0",
            "cors.#": "0",
            "custom_placement_config.#": "0",
            "default_event_based_hold": "false",
            "encryption.#": "0",
            "force_destroy": "false",
            "id": "cal-itp-data-infra.appspot.com",
            "labels.%": "0",
            "lifecycle_rule.#": "0",
            "location": "US-WEST2",
            "logging.#": "0",
            "name": "cal-itp-data-infra.appspot.com",
            "project": "cal-itp-data-infra",
            "public_access_prevention": "inherited",
            "requester_pays": "false",
            "retention_policy.#": "0",
            "self_link": "https://www.googleapis.com/storage/v1/b/cal-itp-data-infra.appspot.com",
            "storage_class": "STANDARD",
            "uniform_bucket_level_access": "false",
            "url": "gs://cal-itp-data-infra.appspot.com",
            "versioning.#": "0",
            "website.#": "0"
          },
          "sensitive_attributes": []
        }
      ]
    },
    {
      "mode": "managed",
      "type": "google_storage_bucket",
      "name": "tfer--calitp-aggregator-scraper",
      "provider": "provider[\"registry.terraform.io/hashicorp/google\"]",
      "instances": [
        {
          "schema_version": 0,
          "attributes_flat": {
            "autoclass.#": "0",
            "cors.#": "0",
            "custom_placement_config.#": "0",
            "default_event_based_hold": "false",
            "encryption.#": "0",
            "force_destroy": "false",
            "id": "calitp-aggregator-scraper",
            "labels.%": "0",
            "lifecycle_rule.#": "0",
            "location": "US-WEST2",
            "logging.#": "0",
            "name": "calitp-aggregator-scraper",
            "project": "cal-itp-data-infra",
            "public_access_prevention": "enforced",
            "requester_pays": "false",
            "retention_policy.#": "0",
            "self_link": "https://www.googleapis.com/storage/v1/b/calitp-aggregator-scraper",
            "storage_class": "STANDARD",
            "uniform_bucket_level_access": "true",
            "url": "gs://calitp-aggregator-scraper",
            "versioning.#": "0",
            "website.#": "0"
          },
          "sensitive_attributes": []
        }
      ]
    },
    {
      "mode": "managed",
      "type": "google_storage_bucket",
      "name": "tfer--calitp-airtable",
      "provider": "provider[\"registry.terraform.io/hashicorp/google\"]",
      "instances": [
        {
          "schema_version": 0,
          "attributes_flat": {
            "autoclass.#": "0",
            "cors.#": "0",
            "custom_placement_config.#": "0",
            "default_event_based_hold": "false",
            "encryption.#": "0",
            "force_destroy": "false",
            "id": "calitp-airtable",
            "labels.%": "0",
            "lifecycle_rule.#": "2",
            "lifecycle_rule.0.action.#": "1",
            "lifecycle_rule.0.action.0.storage_class": "",
            "lifecycle_rule.0.action.0.type": "Delete",
            "lifecycle_rule.0.condition.#": "1",
            "lifecycle_rule.0.condition.0.age": "0",
            "lifecycle_rule.0.condition.0.created_before": "",
            "lifecycle_rule.0.condition.0.custom_time_before": "",
            "lifecycle_rule.0.condition.0.days_since_custom_time": "0",
            "lifecycle_rule.0.condition.0.days_since_noncurrent_time": "0",
            "lifecycle_rule.0.condition.0.matches_prefix.#": "0",
            "lifecycle_rule.0.condition.0.matches_storage_class.#": "0",
            "lifecycle_rule.0.condition.0.matches_suffix.#": "0",
            "lifecycle_rule.0.condition.0.noncurrent_time_before": "",
            "lifecycle_rule.0.condition.0.num_newer_versions": "2",
            "lifecycle_rule.0.condition.0.with_state": "ARCHIVED",
            "lifecycle_rule.1.action.#": "1",
            "lifecycle_rule.1.action.0.storage_class": "",
            "lifecycle_rule.1.action.0.type": "Delete",
            "lifecycle_rule.1.condition.#": "1",
            "lifecycle_rule.1.condition.0.age": "0",
            "lifecycle_rule.1.condition.0.created_before": "",
            "lifecycle_rule.1.condition.0.custom_time_before": "",
            "lifecycle_rule.1.condition.0.days_since_custom_time": "0",
            "lifecycle_rule.1.condition.0.days_since_noncurrent_time": "7",
            "lifecycle_rule.1.condition.0.matches_prefix.#": "0",
            "lifecycle_rule.1.condition.0.matches_storage_class.#": "0",
            "lifecycle_rule.1.condition.0.matches_suffix.#": "0",
            "lifecycle_rule.1.condition.0.noncurrent_time_before": "",
            "lifecycle_rule.1.condition.0.num_newer_versions": "0",
            "lifecycle_rule.1.condition.0.with_state": "ANY",
            "location": "US-WEST2",
            "logging.#": "0",
            "name": "calitp-airtable",
            "project": "cal-itp-data-infra",
            "public_access_prevention": "inherited",
            "requester_pays": "false",
            "retention_policy.#": "1",
            "retention_policy.0.is_locked": "false",
            "retention_policy.0.retention_period": "31557600",
            "self_link": "https://www.googleapis.com/storage/v1/b/calitp-airtable",
            "storage_class": "STANDARD",
            "uniform_bucket_level_access": "true",
            "url": "gs://calitp-airtable",
            "versioning.#": "1",
            "versioning.0.enabled": "false",
            "website.#": "0"
          },
          "sensitive_attributes": []
        }
      ]
    },
    {
      "mode": "managed",
      "type": "google_storage_bucket",
      "name": "tfer--calitp-amplitude-benefits-events",
      "provider": "provider[\"registry.terraform.io/hashicorp/google\"]",
      "instances": [
        {
          "schema_version": 0,
          "attributes_flat": {
            "autoclass.#": "0",
            "cors.#": "0",
            "custom_placement_config.#": "0",
            "default_event_based_hold": "false",
            "encryption.#": "0",
            "force_destroy": "false",
            "id": "calitp-amplitude-benefits-events",
            "labels.%": "0",
            "lifecycle_rule.#": "0",
            "location": "US-WEST2",
            "logging.#": "0",
            "name": "calitp-amplitude-benefits-events",
            "project": "cal-itp-data-infra",
            "public_access_prevention": "enforced",
            "requester_pays": "false",
            "retention_policy.#": "0",
            "self_link": "https://www.googleapis.com/storage/v1/b/calitp-amplitude-benefits-events",
            "storage_class": "STANDARD",
            "uniform_bucket_level_access": "true",
            "url": "gs://calitp-amplitude-benefits-events",
            "versioning.#": "0",
            "website.#": "0"
          },
          "sensitive_attributes": []
        }
      ]
    },
    {
      "mode": "managed",
      "type": "google_storage_bucket",
      "name": "tfer--calitp-analytics-data",
      "provider": "provider[\"registry.terraform.io/hashicorp/google\"]",
      "instances": [
        {
          "schema_version": 0,
          "attributes_flat": {
            "autoclass.#": "0",
            "cors.#": "0",
            "custom_placement_config.#": "0",
            "default_event_based_hold": "false",
            "encryption.#": "0",
            "force_destroy": "false",
            "id": "calitp-analytics-data",
            "labels.%": "0",
            "lifecycle_rule.#": "0",
            "location": "US-WEST2",
            "logging.#": "0",
            "name": "calitp-analytics-data",
            "project": "cal-itp-data-infra",
            "public_access_prevention": "inherited",
            "requester_pays": "false",
            "retention_policy.#": "0",
            "self_link": "https://www.googleapis.com/storage/v1/b/calitp-analytics-data",
            "storage_class": "STANDARD",
            "uniform_bucket_level_access": "true",
            "url": "gs://calitp-analytics-data",
            "versioning.#": "1",
            "versioning.0.enabled": "true",
            "website.#": "0"
          },
          "sensitive_attributes": []
        }
      ]
    },
    {
      "mode": "managed",
      "type": "google_storage_bucket",
      "name": "tfer--calitp-backups-grafana",
      "provider": "provider[\"registry.terraform.io/hashicorp/google\"]",
      "instances": [
        {
          "schema_version": 0,
          "attributes_flat": {
            "autoclass.#": "0",
            "cors.#": "0",
            "custom_placement_config.#": "0",
            "default_event_based_hold": "false",
            "encryption.#": "0",
            "force_destroy": "false",
            "id": "calitp-backups-grafana",
            "labels.%": "0",
            "lifecycle_rule.#": "0",
            "location": "US-WEST2",
            "logging.#": "0",
            "name": "calitp-backups-grafana",
            "project": "cal-itp-data-infra",
            "public_access_prevention": "enforced",
            "requester_pays": "false",
            "retention_policy.#": "0",
            "self_link": "https://www.googleapis.com/storage/v1/b/calitp-backups-grafana",
            "storage_class": "STANDARD",
            "uniform_bucket_level_access": "true",
            "url": "gs://calitp-backups-grafana",
            "versioning.#": "0",
            "website.#": "0"
          },
          "sensitive_attributes": []
        }
      ]
    },
    {
      "mode": "managed",
      "type": "google_storage_bucket",
      "name": "tfer--calitp-backups-metabase",
      "provider": "provider[\"registry.terraform.io/hashicorp/google\"]",
      "instances": [
        {
          "schema_version": 0,
          "attributes_flat": {
            "autoclass.#": "0",
            "cors.#": "0",
            "custom_placement_config.#": "0",
            "default_event_based_hold": "false",
            "encryption.#": "0",
            "force_destroy": "false",
            "id": "calitp-backups-metabase",
            "labels.%": "0",
            "lifecycle_rule.#": "0",
            "location": "US-WEST1",
            "logging.#": "0",
            "name": "calitp-backups-metabase",
            "project": "cal-itp-data-infra",
            "public_access_prevention": "inherited",
            "requester_pays": "false",
            "retention_policy.#": "0",
            "self_link": "https://www.googleapis.com/storage/v1/b/calitp-backups-metabase",
            "storage_class": "NEARLINE",
            "uniform_bucket_level_access": "true",
            "url": "gs://calitp-backups-metabase",
            "versioning.#": "0",
            "website.#": "0"
          },
          "sensitive_attributes": []
        }
      ]
    },
    {
      "mode": "managed",
      "type": "google_storage_bucket",
      "name": "tfer--calitp-backups-sentry",
      "provider": "provider[\"registry.terraform.io/hashicorp/google\"]",
      "instances": [
        {
          "schema_version": 0,
          "attributes_flat": {
            "autoclass.#": "0",
            "cors.#": "0",
            "custom_placement_config.#": "0",
            "default_event_based_hold": "false",
            "encryption.#": "0",
            "force_destroy": "false",
            "id": "calitp-backups-sentry",
            "labels.%": "0",
            "lifecycle_rule.#": "0",
            "location": "US-WEST2",
            "logging.#": "0",
            "name": "calitp-backups-sentry",
            "project": "cal-itp-data-infra",
            "public_access_prevention": "enforced",
            "requester_pays": "false",
            "retention_policy.#": "0",
            "self_link": "https://www.googleapis.com/storage/v1/b/calitp-backups-sentry",
            "storage_class": "STANDARD",
            "uniform_bucket_level_access": "true",
            "url": "gs://calitp-backups-sentry",
            "versioning.#": "0",
            "website.#": "0"
          },
          "sensitive_attributes": []
        }
      ]
    },
    {
      "mode": "managed",
      "type": "google_storage_bucket",
      "name": "tfer--calitp-backups-test",
      "provider": "provider[\"registry.terraform.io/hashicorp/google\"]",
      "instances": [
        {
          "schema_version": 0,
          "attributes_flat": {
            "autoclass.#": "0",
            "cors.#": "0",
            "custom_placement_config.#": "0",
            "default_event_based_hold": "false",
            "encryption.#": "0",
            "force_destroy": "false",
            "id": "calitp-backups-test",
            "labels.%": "0",
            "lifecycle_rule.#": "0",
            "location": "US-WEST2",
            "logging.#": "0",
            "name": "calitp-backups-test",
            "project": "cal-itp-data-infra",
            "public_access_prevention": "enforced",
            "requester_pays": "false",
            "retention_policy.#": "0",
            "self_link": "https://www.googleapis.com/storage/v1/b/calitp-backups-test",
            "storage_class": "STANDARD",
            "uniform_bucket_level_access": "true",
            "url": "gs://calitp-backups-test",
            "versioning.#": "0",
            "website.#": "0"
          },
          "sensitive_attributes": []
        }
      ]
    },
    {
      "mode": "managed",
      "type": "google_storage_bucket",
      "name": "tfer--calitp-ci-artifacts",
      "provider": "provider[\"registry.terraform.io/hashicorp/google\"]",
      "instances": [
        {
          "schema_version": 0,
          "attributes_flat": {
            "autoclass.#": "0",
            "cors.#": "0",
            "custom_placement_config.#": "0",
            "default_event_based_hold": "false",
            "encryption.#": "0",
            "force_destroy": "false",
            "id": "calitp-ci-artifacts",
            "labels.%": "0",
            "lifecycle_rule.#": "0",
            "location": "US-WEST2",
            "logging.#": "0",
            "name": "calitp-ci-artifacts",
            "project": "cal-itp-data-infra",
            "public_access_prevention": "enforced",
            "requester_pays": "false",
            "retention_policy.#": "0",
            "self_link": "https://www.googleapis.com/storage/v1/b/calitp-ci-artifacts",
            "storage_class": "STANDARD",
            "uniform_bucket_level_access": "true",
            "url": "gs://calitp-ci-artifacts",
            "versioning.#": "0",
            "website.#": "0"
          },
          "sensitive_attributes": []
        }
      ]
    },
    {
      "mode": "managed",
      "type": "google_storage_bucket",
      "name": "tfer--calitp-dbt-artifacts",
      "provider": "provider[\"registry.terraform.io/hashicorp/google\"]",
      "instances": [
        {
          "schema_version": 0,
          "attributes_flat": {
            "autoclass.#": "0",
            "cors.#": "0",
            "custom_placement_config.#": "0",
            "default_event_based_hold": "false",
            "encryption.#": "0",
            "force_destroy": "false",
            "id": "calitp-dbt-artifacts",
            "labels.%": "0",
            "lifecycle_rule.#": "0",
            "location": "US-WEST2",
            "logging.#": "0",
            "name": "calitp-dbt-artifacts",
            "project": "cal-itp-data-infra",
            "public_access_prevention": "enforced",
            "requester_pays": "false",
            "retention_policy.#": "0",
            "self_link": "https://www.googleapis.com/storage/v1/b/calitp-dbt-artifacts",
            "storage_class": "STANDARD",
            "uniform_bucket_level_access": "true",
            "url": "gs://calitp-dbt-artifacts",
            "versioning.#": "0",
            "website.#": "0"
          },
          "sensitive_attributes": []
        }
      ]
    },
    {
      "mode": "managed",
      "type": "google_storage_bucket",
      "name": "tfer--calitp-dbt-python-models",
      "provider": "provider[\"registry.terraform.io/hashicorp/google\"]",
      "instances": [
        {
          "schema_version": 0,
          "attributes_flat": {
            "autoclass.#": "0",
            "cors.#": "0",
            "custom_placement_config.#": "0",
            "default_event_based_hold": "false",
            "encryption.#": "0",
            "force_destroy": "false",
            "id": "calitp-dbt-python-models",
            "labels.%": "0",
            "lifecycle_rule.#": "0",
            "location": "US-WEST2",
            "logging.#": "0",
            "name": "calitp-dbt-python-models",
            "project": "cal-itp-data-infra",
            "public_access_prevention": "enforced",
            "requester_pays": "false",
            "retention_policy.#": "0",
            "self_link": "https://www.googleapis.com/storage/v1/b/calitp-dbt-python-models",
            "storage_class": "STANDARD",
            "uniform_bucket_level_access": "true",
            "url": "gs://calitp-dbt-python-models",
            "versioning.#": "0",
            "website.#": "0"
          },
          "sensitive_attributes": []
        }
      ]
    },
    {
      "mode": "managed",
      "type": "google_storage_bucket",
      "name": "tfer--calitp-elavon-parsed",
      "provider": "provider[\"registry.terraform.io/hashicorp/google\"]",
      "instances": [
        {
          "schema_version": 0,
          "attributes_flat": {
            "autoclass.#": "0",
            "cors.#": "0",
            "custom_placement_config.#": "0",
            "default_event_based_hold": "false",
            "encryption.#": "0",
            "force_destroy": "false",
            "id": "calitp-elavon-parsed",
            "labels.%": "0",
            "lifecycle_rule.#": "0",
            "location": "US-WEST2",
            "logging.#": "0",
            "name": "calitp-elavon-parsed",
            "project": "cal-itp-data-infra",
            "public_access_prevention": "enforced",
            "requester_pays": "false",
            "retention_policy.#": "0",
            "self_link": "https://www.googleapis.com/storage/v1/b/calitp-elavon-parsed",
            "storage_class": "STANDARD",
            "uniform_bucket_level_access": "true",
            "url": "gs://calitp-elavon-parsed",
            "versioning.#": "0",
            "website.#": "0"
          },
          "sensitive_attributes": []
        }
      ]
    },
    {
      "mode": "managed",
      "type": "google_storage_bucket",
      "name": "tfer--calitp-elavon-raw",
      "provider": "provider[\"registry.terraform.io/hashicorp/google\"]",
      "instances": [
        {
          "schema_version": 0,
          "attributes_flat": {
            "autoclass.#": "0",
            "cors.#": "0",
            "custom_placement_config.#": "0",
            "default_event_based_hold": "false",
            "encryption.#": "0",
            "force_destroy": "false",
            "id": "calitp-elavon-raw",
            "labels.%": "0",
            "lifecycle_rule.#": "0",
            "location": "US-WEST2",
            "logging.#": "0",
            "name": "calitp-elavon-raw",
            "project": "cal-itp-data-infra",
            "public_access_prevention": "enforced",
            "requester_pays": "false",
            "retention_policy.#": "0",
            "self_link": "https://www.googleapis.com/storage/v1/b/calitp-elavon-raw",
            "storage_class": "STANDARD",
            "uniform_bucket_level_access": "true",
            "url": "gs://calitp-elavon-raw",
            "versioning.#": "0",
            "website.#": "0"
          },
          "sensitive_attributes": []
        }
      ]
    },
    {
      "mode": "managed",
      "type": "google_storage_bucket",
      "name": "tfer--calitp-gtfs-download-config",
      "provider": "provider[\"registry.terraform.io/hashicorp/google\"]",
      "instances": [
        {
          "schema_version": 0,
          "attributes_flat": {
            "autoclass.#": "0",
            "cors.#": "0",
            "custom_placement_config.#": "0",
            "default_event_based_hold": "false",
            "encryption.#": "0",
            "force_destroy": "false",
            "id": "calitp-gtfs-download-config",
            "labels.%": "0",
            "lifecycle_rule.#": "0",
            "location": "US-WEST2",
            "logging.#": "0",
            "name": "calitp-gtfs-download-config",
            "project": "cal-itp-data-infra",
            "public_access_prevention": "inherited",
            "requester_pays": "false",
            "retention_policy.#": "1",
            "retention_policy.0.is_locked": "false",
            "retention_policy.0.retention_period": "31557600",
            "self_link": "https://www.googleapis.com/storage/v1/b/calitp-gtfs-download-config",
            "storage_class": "STANDARD",
            "uniform_bucket_level_access": "true",
            "url": "gs://calitp-gtfs-download-config",
            "versioning.#": "0",
            "website.#": "0"
          },
          "sensitive_attributes": []
        }
      ]
    },
    {
      "mode": "managed",
      "type": "google_storage_bucket",
      "name": "tfer--calitp-gtfs-rt-parsed",
      "provider": "provider[\"registry.terraform.io/hashicorp/google\"]",
      "instances": [
        {
          "schema_version": 0,
          "attributes_flat": {
            "autoclass.#": "0",
            "cors.#": "0",
            "custom_placement_config.#": "0",
            "default_event_based_hold": "false",
            "encryption.#": "0",
            "force_destroy": "false",
            "id": "calitp-gtfs-rt-parsed",
            "labels.%": "0",
            "lifecycle_rule.#": "0",
            "location": "US-WEST2",
            "logging.#": "0",
            "name": "calitp-gtfs-rt-parsed",
            "project": "cal-itp-data-infra",
            "public_access_prevention": "inherited",
            "requester_pays": "false",
            "retention_policy.#": "0",
            "self_link": "https://www.googleapis.com/storage/v1/b/calitp-gtfs-rt-parsed",
            "storage_class": "STANDARD",
            "uniform_bucket_level_access": "true",
            "url": "gs://calitp-gtfs-rt-parsed",
            "versioning.#": "0",
            "website.#": "0"
          },
          "sensitive_attributes": []
        }
      ]
    },
    {
      "mode": "managed",
      "type": "google_storage_bucket",
      "name": "tfer--calitp-gtfs-rt-raw-deprecated",
      "provider": "provider[\"registry.terraform.io/hashicorp/google\"]",
      "instances": [
        {
          "schema_version": 0,
          "attributes_flat": {
            "autoclass.#": "0",
            "cors.#": "0",
            "custom_placement_config.#": "0",
            "default_event_based_hold": "false",
            "encryption.#": "0",
            "force_destroy": "false",
            "id": "calitp-gtfs-rt-raw-deprecated",
            "labels.%": "1",
            "labels.deprecated": "true",
            "lifecycle_rule.#": "0",
            "location": "US-WEST2",
            "logging.#": "0",
            "name": "calitp-gtfs-rt-raw-deprecated",
            "project": "cal-itp-data-infra",
            "public_access_prevention": "enforced",
            "requester_pays": "false",
            "retention_policy.#": "0",
            "self_link": "https://www.googleapis.com/storage/v1/b/calitp-gtfs-rt-raw-deprecated",
            "storage_class": "ARCHIVE",
            "uniform_bucket_level_access": "true",
            "url": "gs://calitp-gtfs-rt-raw-deprecated",
            "versioning.#": "0",
            "website.#": "0"
          },
          "sensitive_attributes": []
        }
      ]
    },
    {
      "mode": "managed",
      "type": "google_storage_bucket",
      "name": "tfer--calitp-gtfs-rt-raw-v2",
      "provider": "provider[\"registry.terraform.io/hashicorp/google\"]",
      "instances": [
        {
          "schema_version": 0,
          "attributes_flat": {
            "autoclass.#": "0",
            "cors.#": "0",
            "custom_placement_config.#": "0",
            "default_event_based_hold": "false",
            "encryption.#": "0",
            "force_destroy": "false",
            "id": "calitp-gtfs-rt-raw-v2",
            "labels.%": "0",
            "lifecycle_rule.#": "0",
            "location": "US-WEST2",
            "logging.#": "0",
            "name": "calitp-gtfs-rt-raw-v2",
            "project": "cal-itp-data-infra",
            "public_access_prevention": "inherited",
            "requester_pays": "false",
            "retention_policy.#": "1",
            "retention_policy.0.is_locked": "false",
            "retention_policy.0.retention_period": "31557600",
            "self_link": "https://www.googleapis.com/storage/v1/b/calitp-gtfs-rt-raw-v2",
            "storage_class": "STANDARD",
            "uniform_bucket_level_access": "true",
            "url": "gs://calitp-gtfs-rt-raw-v2",
            "versioning.#": "0",
            "website.#": "0"
          },
          "sensitive_attributes": []
        }
      ]
    },
    {
      "mode": "managed",
      "type": "google_storage_bucket",
      "name": "tfer--calitp-gtfs-rt-validation",
      "provider": "provider[\"registry.terraform.io/hashicorp/google\"]",
      "instances": [
        {
          "schema_version": 0,
          "attributes_flat": {
            "autoclass.#": "0",
            "cors.#": "0",
            "custom_placement_config.#": "0",
            "default_event_based_hold": "false",
            "encryption.#": "0",
            "force_destroy": "false",
            "id": "calitp-gtfs-rt-validation",
            "labels.%": "0",
            "lifecycle_rule.#": "0",
            "location": "US-WEST2",
            "logging.#": "0",
            "name": "calitp-gtfs-rt-validation",
            "project": "cal-itp-data-infra",
            "public_access_prevention": "inherited",
            "requester_pays": "false",
            "retention_policy.#": "0",
            "self_link": "https://www.googleapis.com/storage/v1/b/calitp-gtfs-rt-validation",
            "storage_class": "STANDARD",
            "uniform_bucket_level_access": "true",
            "url": "gs://calitp-gtfs-rt-validation",
            "versioning.#": "0",
            "website.#": "0"
          },
          "sensitive_attributes": []
        }
      ]
    },
    {
      "mode": "managed",
      "type": "google_storage_bucket",
      "name": "tfer--calitp-gtfs-schedule-parsed",
      "provider": "provider[\"registry.terraform.io/hashicorp/google\"]",
      "instances": [
        {
          "schema_version": 0,
          "attributes_flat": {
            "autoclass.#": "0",
            "cors.#": "0",
            "custom_placement_config.#": "0",
            "default_event_based_hold": "false",
            "encryption.#": "0",
            "force_destroy": "false",
            "id": "calitp-gtfs-schedule-parsed",
            "labels.%": "0",
            "lifecycle_rule.#": "0",
            "location": "US-WEST2",
            "logging.#": "0",
            "name": "calitp-gtfs-schedule-parsed",
            "project": "cal-itp-data-infra",
            "public_access_prevention": "inherited",
            "requester_pays": "false",
            "retention_policy.#": "0",
            "self_link": "https://www.googleapis.com/storage/v1/b/calitp-gtfs-schedule-parsed",
            "storage_class": "STANDARD",
            "uniform_bucket_level_access": "true",
            "url": "gs://calitp-gtfs-schedule-parsed",
            "versioning.#": "0",
            "website.#": "0"
          },
          "sensitive_attributes": []
        }
      ]
    },
    {
      "mode": "managed",
      "type": "google_storage_bucket",
      "name": "tfer--calitp-gtfs-schedule-parsed-hourly",
      "provider": "provider[\"registry.terraform.io/hashicorp/google\"]",
      "instances": [
        {
          "schema_version": 0,
          "attributes_flat": {
            "autoclass.#": "0",
            "cors.#": "0",
            "custom_placement_config.#": "0",
            "default_event_based_hold": "false",
            "encryption.#": "0",
            "force_destroy": "false",
            "id": "calitp-gtfs-schedule-parsed-hourly",
            "labels.%": "0",
            "lifecycle_rule.#": "0",
            "location": "US-WEST2",
            "logging.#": "0",
            "name": "calitp-gtfs-schedule-parsed-hourly",
            "project": "cal-itp-data-infra",
            "public_access_prevention": "enforced",
            "requester_pays": "false",
            "retention_policy.#": "0",
            "self_link": "https://www.googleapis.com/storage/v1/b/calitp-gtfs-schedule-parsed-hourly",
            "storage_class": "STANDARD",
            "uniform_bucket_level_access": "true",
            "url": "gs://calitp-gtfs-schedule-parsed-hourly",
            "versioning.#": "0",
            "website.#": "0"
          },
          "sensitive_attributes": []
        }
      ]
    },
    {
      "mode": "managed",
      "type": "google_storage_bucket",
      "name": "tfer--calitp-gtfs-schedule-raw-v2",
      "provider": "provider[\"registry.terraform.io/hashicorp/google\"]",
      "instances": [
        {
          "schema_version": 0,
          "attributes_flat": {
            "autoclass.#": "0",
            "cors.#": "0",
            "custom_placement_config.#": "0",
            "default_event_based_hold": "false",
            "encryption.#": "0",
            "force_destroy": "false",
            "id": "calitp-gtfs-schedule-raw-v2",
            "labels.%": "0",
            "lifecycle_rule.#": "0",
            "location": "US-WEST2",
            "logging.#": "0",
            "name": "calitp-gtfs-schedule-raw-v2",
            "project": "cal-itp-data-infra",
            "public_access_prevention": "inherited",
            "requester_pays": "false",
            "retention_policy.#": "1",
            "retention_policy.0.is_locked": "false",
            "retention_policy.0.retention_period": "31557600",
            "self_link": "https://www.googleapis.com/storage/v1/b/calitp-gtfs-schedule-raw-v2",
            "storage_class": "STANDARD",
            "uniform_bucket_level_access": "true",
            "url": "gs://calitp-gtfs-schedule-raw-v2",
            "versioning.#": "0",
            "website.#": "0"
          },
          "sensitive_attributes": []
        }
      ]
    },
    {
      "mode": "managed",
      "type": "google_storage_bucket",
      "name": "tfer--calitp-gtfs-schedule-unzipped",
      "provider": "provider[\"registry.terraform.io/hashicorp/google\"]",
      "instances": [
        {
          "schema_version": 0,
          "attributes_flat": {
            "autoclass.#": "0",
            "cors.#": "0",
            "custom_placement_config.#": "0",
            "default_event_based_hold": "false",
            "encryption.#": "0",
            "force_destroy": "false",
            "id": "calitp-gtfs-schedule-unzipped",
            "labels.%": "0",
            "lifecycle_rule.#": "0",
            "location": "US-WEST2",
            "logging.#": "0",
            "name": "calitp-gtfs-schedule-unzipped",
            "project": "cal-itp-data-infra",
            "public_access_prevention": "inherited",
            "requester_pays": "false",
            "retention_policy.#": "0",
            "self_link": "https://www.googleapis.com/storage/v1/b/calitp-gtfs-schedule-unzipped",
            "storage_class": "STANDARD",
            "uniform_bucket_level_access": "true",
            "url": "gs://calitp-gtfs-schedule-unzipped",
            "versioning.#": "0",
            "website.#": "0"
          },
          "sensitive_attributes": []
        }
      ]
    },
    {
      "mode": "managed",
      "type": "google_storage_bucket",
      "name": "tfer--calitp-gtfs-schedule-unzipped-hourly",
      "provider": "provider[\"registry.terraform.io/hashicorp/google\"]",
      "instances": [
        {
          "schema_version": 0,
          "attributes_flat": {
            "autoclass.#": "0",
            "cors.#": "0",
            "custom_placement_config.#": "0",
            "default_event_based_hold": "false",
            "encryption.#": "0",
            "force_destroy": "false",
            "id": "calitp-gtfs-schedule-unzipped-hourly",
            "labels.%": "0",
            "lifecycle_rule.#": "0",
            "location": "US-WEST2",
            "logging.#": "0",
            "name": "calitp-gtfs-schedule-unzipped-hourly",
            "project": "cal-itp-data-infra",
            "public_access_prevention": "enforced",
            "requester_pays": "false",
            "retention_policy.#": "0",
            "self_link": "https://www.googleapis.com/storage/v1/b/calitp-gtfs-schedule-unzipped-hourly",
            "storage_class": "STANDARD",
            "uniform_bucket_level_access": "true",
            "url": "gs://calitp-gtfs-schedule-unzipped-hourly",
            "versioning.#": "0",
            "website.#": "0"
          },
          "sensitive_attributes": []
        }
      ]
    },
    {
      "mode": "managed",
      "type": "google_storage_bucket",
      "name": "tfer--calitp-gtfs-schedule-validation",
      "provider": "provider[\"registry.terraform.io/hashicorp/google\"]",
      "instances": [
        {
          "schema_version": 0,
          "attributes_flat": {
            "autoclass.#": "0",
            "cors.#": "0",
            "custom_placement_config.#": "0",
            "default_event_based_hold": "false",
            "encryption.#": "0",
            "force_destroy": "false",
            "id": "calitp-gtfs-schedule-validation",
            "labels.%": "0",
            "lifecycle_rule.#": "0",
            "location": "US-WEST2",
            "logging.#": "0",
            "name": "calitp-gtfs-schedule-validation",
            "project": "cal-itp-data-infra",
            "public_access_prevention": "inherited",
            "requester_pays": "false",
            "retention_policy.#": "0",
            "self_link": "https://www.googleapis.com/storage/v1/b/calitp-gtfs-schedule-validation",
            "storage_class": "STANDARD",
            "uniform_bucket_level_access": "true",
            "url": "gs://calitp-gtfs-schedule-validation",
            "versioning.#": "0",
            "website.#": "0"
          },
          "sensitive_attributes": []
        }
      ]
    },
    {
      "mode": "managed",
      "type": "google_storage_bucket",
      "name": "tfer--calitp-gtfs-schedule-validation-hourly",
      "provider": "provider[\"registry.terraform.io/hashicorp/google\"]",
      "instances": [
        {
          "schema_version": 0,
          "attributes_flat": {
            "autoclass.#": "0",
            "cors.#": "0",
            "custom_placement_config.#": "0",
            "default_event_based_hold": "false",
            "encryption.#": "0",
            "force_destroy": "false",
            "id": "calitp-gtfs-schedule-validation-hourly",
            "labels.%": "0",
            "lifecycle_rule.#": "0",
            "location": "US-WEST2",
            "logging.#": "0",
            "name": "calitp-gtfs-schedule-validation-hourly",
            "project": "cal-itp-data-infra",
            "public_access_prevention": "enforced",
            "requester_pays": "false",
            "retention_policy.#": "0",
            "self_link": "https://www.googleapis.com/storage/v1/b/calitp-gtfs-schedule-validation-hourly",
            "storage_class": "STANDARD",
            "uniform_bucket_level_access": "true",
            "url": "gs://calitp-gtfs-schedule-validation-hourly",
            "versioning.#": "0",
            "website.#": "0"
          },
          "sensitive_attributes": []
        }
      ]
    },
    {
      "mode": "managed",
      "type": "google_storage_bucket",
      "name": "tfer--calitp-jamesl-gcp-components-tfstate",
      "provider": "provider[\"registry.terraform.io/hashicorp/google\"]",
      "instances": [
        {
          "schema_version": 0,
          "attributes_flat": {
            "autoclass.#": "0",
            "cors.#": "0",
            "custom_placement_config.#": "0",
            "default_event_based_hold": "false",
            "encryption.#": "0",
            "force_destroy": "false",
            "id": "calitp-jamesl-gcp-components-tfstate",
            "labels.%": "0",
            "lifecycle_rule.#": "0",
            "location": "US-WEST1",
            "logging.#": "0",
            "name": "calitp-jamesl-gcp-components-tfstate",
            "project": "cal-itp-data-infra",
            "public_access_prevention": "enforced",
            "requester_pays": "false",
            "retention_policy.#": "0",
            "self_link": "https://www.googleapis.com/storage/v1/b/calitp-jamesl-gcp-components-tfstate",
            "storage_class": "STANDARD",
            "uniform_bucket_level_access": "true",
            "url": "gs://calitp-jamesl-gcp-components-tfstate",
            "versioning.#": "0",
            "website.#": "0"
          },
          "sensitive_attributes": []
        }
      ]
    },
    {
      "mode": "managed",
      "type": "google_storage_bucket",
      "name": "tfer--calitp-map-tiles",
      "provider": "provider[\"registry.terraform.io/hashicorp/google\"]",
      "instances": [
        {
          "schema_version": 0,
          "attributes_flat": {
            "autoclass.#": "0",
            "cors.#": "1",
            "cors.0.max_age_seconds": "300",
            "cors.0.method.#": "2",
            "cors.0.method.0": "GET",
            "cors.0.method.1": "HEAD",
            "cors.0.origin.#": "1",
            "cors.0.origin.0": "*",
            "cors.0.response_header.#": "2",
            "cors.0.response_header.0": "range",
            "cors.0.response_header.1": "etag",
            "custom_placement_config.#": "0",
            "default_event_based_hold": "false",
            "encryption.#": "0",
            "force_destroy": "false",
            "id": "calitp-map-tiles",
            "labels.%": "0",
            "lifecycle_rule.#": "0",
            "location": "US-WEST2",
            "logging.#": "0",
            "name": "calitp-map-tiles",
            "project": "cal-itp-data-infra",
            "public_access_prevention": "inherited",
            "requester_pays": "false",
            "retention_policy.#": "0",
            "self_link": "https://www.googleapis.com/storage/v1/b/calitp-map-tiles",
            "storage_class": "STANDARD",
            "uniform_bucket_level_access": "true",
            "url": "gs://calitp-map-tiles",
            "versioning.#": "0",
            "website.#": "0"
          },
          "sensitive_attributes": []
        }
      ]
    },
    {
      "mode": "managed",
      "type": "google_storage_bucket",
      "name": "tfer--calitp-metabase-data-public",
      "provider": "provider[\"registry.terraform.io/hashicorp/google\"]",
      "instances": [
        {
          "schema_version": 0,
          "attributes_flat": {
            "autoclass.#": "0",
            "cors.#": "0",
            "custom_placement_config.#": "0",
            "default_event_based_hold": "false",
            "encryption.#": "0",
            "force_destroy": "false",
            "id": "calitp-metabase-data-public",
            "labels.%": "0",
            "lifecycle_rule.#": "0",
            "location": "US-WEST2",
            "logging.#": "0",
            "name": "calitp-metabase-data-public",
            "project": "cal-itp-data-infra",
            "public_access_prevention": "inherited",
            "requester_pays": "false",
            "retention_policy.#": "0",
            "self_link": "https://www.googleapis.com/storage/v1/b/calitp-metabase-data-public",
            "storage_class": "STANDARD",
            "uniform_bucket_level_access": "false",
            "url": "gs://calitp-metabase-data-public",
            "versioning.#": "0",
            "website.#": "0"
          },
          "sensitive_attributes": []
        }
      ]
    },
    {
      "mode": "managed",
      "type": "google_storage_bucket",
      "name": "tfer--calitp-ntd-api-products",
      "provider": "provider[\"registry.terraform.io/hashicorp/google\"]",
      "instances": [
        {
          "schema_version": 0,
          "attributes_flat": {
            "autoclass.#": "0",
            "cors.#": "0",
            "custom_placement_config.#": "0",
            "default_event_based_hold": "false",
            "encryption.#": "0",
            "force_destroy": "false",
            "id": "calitp-ntd-api-products",
            "labels.%": "0",
            "lifecycle_rule.#": "0",
            "location": "US",
            "logging.#": "0",
            "name": "calitp-ntd-api-products",
            "project": "cal-itp-data-infra",
            "public_access_prevention": "enforced",
            "requester_pays": "false",
            "retention_policy.#": "0",
            "self_link": "https://www.googleapis.com/storage/v1/b/calitp-ntd-api-products",
            "storage_class": "STANDARD",
            "uniform_bucket_level_access": "true",
            "url": "gs://calitp-ntd-api-products",
            "versioning.#": "0",
            "website.#": "0"
          },
          "sensitive_attributes": []
        }
      ]
    },
    {
      "mode": "managed",
      "type": "google_storage_bucket",
      "name": "tfer--calitp-ntd-data-products",
      "provider": "provider[\"registry.terraform.io/hashicorp/google\"]",
      "instances": [
        {
          "schema_version": 0,
          "attributes_flat": {
            "autoclass.#": "0",
            "cors.#": "0",
            "custom_placement_config.#": "0",
            "default_event_based_hold": "false",
            "encryption.#": "0",
            "force_destroy": "false",
            "id": "calitp-ntd-data-products",
            "labels.%": "0",
            "lifecycle_rule.#": "0",
            "location": "US-WEST2",
            "logging.#": "0",
            "name": "calitp-ntd-data-products",
            "project": "cal-itp-data-infra",
            "public_access_prevention": "enforced",
            "requester_pays": "false",
            "retention_policy.#": "1",
            "retention_policy.0.is_locked": "false",
            "retention_policy.0.retention_period": "31557600",
            "self_link": "https://www.googleapis.com/storage/v1/b/calitp-ntd-data-products",
            "storage_class": "STANDARD",
            "uniform_bucket_level_access": "true",
            "url": "gs://calitp-ntd-data-products",
            "versioning.#": "0",
            "website.#": "0"
          },
          "sensitive_attributes": []
        }
      ]
    },
    {
      "mode": "managed",
      "type": "google_storage_bucket",
      "name": "tfer--calitp-ntd-report-validation",
      "provider": "provider[\"registry.terraform.io/hashicorp/google\"]",
      "instances": [
        {
          "schema_version": 0,
          "attributes_flat": {
            "autoclass.#": "0",
            "cors.#": "0",
            "custom_placement_config.#": "0",
            "default_event_based_hold": "false",
            "encryption.#": "0",
            "force_destroy": "false",
            "id": "calitp-ntd-report-validation",
            "labels.%": "0",
            "lifecycle_rule.#": "0",
            "location": "US-WEST2",
            "logging.#": "0",
            "name": "calitp-ntd-report-validation",
            "project": "cal-itp-data-infra",
            "public_access_prevention": "enforced",
            "requester_pays": "false",
            "retention_policy.#": "0",
            "self_link": "https://www.googleapis.com/storage/v1/b/calitp-ntd-report-validation",
            "storage_class": "STANDARD",
            "uniform_bucket_level_access": "true",
            "url": "gs://calitp-ntd-report-validation",
            "versioning.#": "0",
            "website.#": "0"
          },
          "sensitive_attributes": []
        }
      ]
    },
    {
      "mode": "managed",
      "type": "google_storage_bucket",
      "name": "tfer--calitp-ntd-xlsx-products-clean",
      "provider": "provider[\"registry.terraform.io/hashicorp/google\"]",
      "instances": [
        {
          "schema_version": 0,
          "attributes_flat": {
            "autoclass.#": "0",
            "cors.#": "0",
            "custom_placement_config.#": "0",
            "default_event_based_hold": "false",
            "encryption.#": "0",
            "force_destroy": "false",
            "id": "calitp-ntd-xlsx-products-clean",
            "labels.%": "0",
            "lifecycle_rule.#": "0",
            "location": "US",
            "logging.#": "0",
            "name": "calitp-ntd-xlsx-products-clean",
            "project": "cal-itp-data-infra",
            "public_access_prevention": "enforced",
            "requester_pays": "false",
            "retention_policy.#": "0",
            "self_link": "https://www.googleapis.com/storage/v1/b/calitp-ntd-xlsx-products-clean",
            "storage_class": "STANDARD",
            "uniform_bucket_level_access": "true",
            "url": "gs://calitp-ntd-xlsx-products-clean",
            "versioning.#": "0",
            "website.#": "0"
          },
          "sensitive_attributes": []
        }
      ]
    },
    {
      "mode": "managed",
      "type": "google_storage_bucket",
      "name": "tfer--calitp-ntd-xlsx-products-raw",
      "provider": "provider[\"registry.terraform.io/hashicorp/google\"]",
      "instances": [
        {
          "schema_version": 0,
          "attributes_flat": {
            "autoclass.#": "0",
            "cors.#": "0",
            "custom_placement_config.#": "0",
            "default_event_based_hold": "false",
            "encryption.#": "0",
            "force_destroy": "false",
            "id": "calitp-ntd-xlsx-products-raw",
            "labels.%": "0",
            "lifecycle_rule.#": "0",
            "location": "US",
            "logging.#": "0",
            "name": "calitp-ntd-xlsx-products-raw",
            "project": "cal-itp-data-infra",
            "public_access_prevention": "enforced",
            "requester_pays": "false",
            "retention_policy.#": "0",
            "self_link": "https://www.googleapis.com/storage/v1/b/calitp-ntd-xlsx-products-raw",
            "storage_class": "STANDARD",
            "uniform_bucket_level_access": "true",
            "url": "gs://calitp-ntd-xlsx-products-raw",
            "versioning.#": "0",
            "website.#": "0"
          },
          "sensitive_attributes": []
        }
      ]
    },
    {
      "mode": "managed",
      "type": "google_storage_bucket",
      "name": "tfer--calitp-payments-littlepay-parsed",
      "provider": "provider[\"registry.terraform.io/hashicorp/google\"]",
      "instances": [
        {
          "schema_version": 0,
          "attributes_flat": {
            "autoclass.#": "0",
            "cors.#": "0",
            "custom_placement_config.#": "0",
            "default_event_based_hold": "false",
            "encryption.#": "0",
            "force_destroy": "false",
            "id": "calitp-payments-littlepay-parsed",
            "labels.%": "0",
            "lifecycle_rule.#": "0",
            "location": "US-WEST2",
            "logging.#": "0",
            "name": "calitp-payments-littlepay-parsed",
            "project": "cal-itp-data-infra",
            "public_access_prevention": "enforced",
            "requester_pays": "false",
            "retention_policy.#": "0",
            "self_link": "https://www.googleapis.com/storage/v1/b/calitp-payments-littlepay-parsed",
            "storage_class": "STANDARD",
            "uniform_bucket_level_access": "true",
            "url": "gs://calitp-payments-littlepay-parsed",
            "versioning.#": "0",
            "website.#": "0"
          },
          "sensitive_attributes": []
        }
      ]
    },
    {
      "mode": "managed",
      "type": "google_storage_bucket",
      "name": "tfer--calitp-payments-littlepay-raw",
      "provider": "provider[\"registry.terraform.io/hashicorp/google\"]",
      "instances": [
        {
          "schema_version": 0,
          "attributes_flat": {
            "autoclass.#": "0",
            "cors.#": "0",
            "custom_placement_config.#": "0",
            "default_event_based_hold": "false",
            "encryption.#": "0",
            "force_destroy": "false",
            "id": "calitp-payments-littlepay-raw",
            "labels.%": "0",
            "lifecycle_rule.#": "0",
            "location": "US-WEST2",
            "logging.#": "0",
            "name": "calitp-payments-littlepay-raw",
            "project": "cal-itp-data-infra",
            "public_access_prevention": "enforced",
            "requester_pays": "false",
            "retention_policy.#": "1",
            "retention_policy.0.is_locked": "false",
            "retention_policy.0.retention_period": "31557600",
            "self_link": "https://www.googleapis.com/storage/v1/b/calitp-payments-littlepay-raw",
            "storage_class": "STANDARD",
            "uniform_bucket_level_access": "true",
            "url": "gs://calitp-payments-littlepay-raw",
            "versioning.#": "0",
            "website.#": "0"
          },
          "sensitive_attributes": []
        }
      ]
    },
    {
      "mode": "managed",
      "type": "google_storage_bucket",
      "name": "tfer--calitp-prod-gcp-components-tfstate",
      "provider": "provider[\"registry.terraform.io/hashicorp/google\"]",
      "instances": [
        {
          "schema_version": 0,
          "attributes_flat": {
            "autoclass.#": "0",
            "cors.#": "0",
            "custom_placement_config.#": "0",
            "default_event_based_hold": "false",
            "encryption.#": "0",
            "force_destroy": "false",
            "id": "calitp-prod-gcp-components-tfstate",
            "labels.%": "0",
            "lifecycle_rule.#": "0",
            "location": "US",
            "logging.#": "0",
            "name": "calitp-prod-gcp-components-tfstate",
            "project": "cal-itp-data-infra",
            "public_access_prevention": "inherited",
            "requester_pays": "false",
            "retention_policy.#": "0",
            "self_link": "https://www.googleapis.com/storage/v1/b/calitp-prod-gcp-components-tfstate",
            "storage_class": "STANDARD",
            "uniform_bucket_level_access": "true",
            "url": "gs://calitp-prod-gcp-components-tfstate",
            "versioning.#": "0",
            "website.#": "0"
          },
          "sensitive_attributes": []
        }
      ]
    },
    {
      "mode": "managed",
      "type": "google_storage_bucket",
      "name": "tfer--calitp-publish",
      "provider": "provider[\"registry.terraform.io/hashicorp/google\"]",
      "instances": [
        {
          "schema_version": 0,
          "attributes_flat": {
            "autoclass.#": "0",
            "cors.#": "0",
            "custom_placement_config.#": "0",
            "default_event_based_hold": "false",
            "encryption.#": "0",
            "force_destroy": "false",
            "id": "calitp-publish",
            "labels.%": "0",
            "lifecycle_rule.#": "0",
            "location": "US-WEST2",
            "logging.#": "0",
            "name": "calitp-publish",
            "project": "cal-itp-data-infra",
            "public_access_prevention": "inherited",
            "requester_pays": "false",
            "retention_policy.#": "0",
            "self_link": "https://www.googleapis.com/storage/v1/b/calitp-publish",
            "storage_class": "STANDARD",
            "uniform_bucket_level_access": "true",
            "url": "gs://calitp-publish",
            "versioning.#": "0",
            "website.#": "0"
          },
          "sensitive_attributes": []
        }
      ]
    },
    {
      "mode": "managed",
      "type": "google_storage_bucket",
      "name": "tfer--calitp-publish-data-analysis",
      "provider": "provider[\"registry.terraform.io/hashicorp/google\"]",
      "instances": [
        {
          "schema_version": 0,
          "attributes_flat": {
            "autoclass.#": "0",
            "cors.#": "0",
            "custom_placement_config.#": "0",
            "default_event_based_hold": "false",
            "encryption.#": "0",
            "force_destroy": "false",
            "id": "calitp-publish-data-analysis",
            "labels.%": "0",
            "lifecycle_rule.#": "0",
            "location": "US-WEST2",
            "logging.#": "0",
            "name": "calitp-publish-data-analysis",
            "project": "cal-itp-data-infra",
            "public_access_prevention": "inherited",
            "requester_pays": "false",
            "retention_policy.#": "0",
            "self_link": "https://www.googleapis.com/storage/v1/b/calitp-publish-data-analysis",
            "storage_class": "STANDARD",
            "uniform_bucket_level_access": "true",
            "url": "gs://calitp-publish-data-analysis",
            "versioning.#": "0",
            "website.#": "0"
          },
          "sensitive_attributes": []
        }
      ]
    },
    {
      "mode": "managed",
      "type": "google_storage_bucket",
      "name": "tfer--calitp-reports-data",
      "provider": "provider[\"registry.terraform.io/hashicorp/google\"]",
      "instances": [
        {
          "schema_version": 0,
          "attributes_flat": {
            "autoclass.#": "0",
            "cors.#": "0",
            "custom_placement_config.#": "0",
            "default_event_based_hold": "false",
            "encryption.#": "0",
            "force_destroy": "false",
            "id": "calitp-reports-data",
            "labels.%": "0",
            "lifecycle_rule.#": "0",
            "location": "US-WEST2",
            "logging.#": "0",
            "name": "calitp-reports-data",
            "project": "cal-itp-data-infra",
            "public_access_prevention": "enforced",
            "requester_pays": "false",
            "retention_policy.#": "0",
            "self_link": "https://www.googleapis.com/storage/v1/b/calitp-reports-data",
            "storage_class": "STANDARD",
            "uniform_bucket_level_access": "true",
            "url": "gs://calitp-reports-data",
            "versioning.#": "0",
            "website.#": "0"
          },
          "sensitive_attributes": []
        }
      ]
    },
    {
      "mode": "managed",
      "type": "google_storage_bucket",
      "name": "tfer--calitp-state-geoportal-scrape",
      "provider": "provider[\"registry.terraform.io/hashicorp/google\"]",
      "instances": [
        {
          "schema_version": 0,
          "attributes_flat": {
            "autoclass.#": "0",
            "cors.#": "0",
            "custom_placement_config.#": "0",
            "default_event_based_hold": "false",
            "encryption.#": "0",
            "force_destroy": "false",
            "id": "calitp-state-geoportal-scrape",
            "labels.%": "0",
            "lifecycle_rule.#": "0",
            "location": "US",
            "logging.#": "0",
            "name": "calitp-state-geoportal-scrape",
            "project": "cal-itp-data-infra",
            "public_access_prevention": "enforced",
            "requester_pays": "false",
            "retention_policy.#": "0",
            "self_link": "https://www.googleapis.com/storage/v1/b/calitp-state-geoportal-scrape",
            "storage_class": "STANDARD",
            "uniform_bucket_level_access": "true",
            "url": "gs://calitp-state-geoportal-scrape",
            "versioning.#": "0",
            "website.#": "0"
          },
          "sensitive_attributes": []
        }
      ]
    },
    {
      "mode": "managed",
      "type": "google_storage_bucket",
      "name": "tfer--calitp-state-highway-network-stops",
      "provider": "provider[\"registry.terraform.io/hashicorp/google\"]",
      "instances": [
        {
          "schema_version": 0,
          "attributes_flat": {
            "autoclass.#": "0",
            "cors.#": "0",
            "custom_placement_config.#": "0",
            "default_event_based_hold": "false",
            "encryption.#": "0",
            "force_destroy": "false",
            "id": "calitp-state-highway-network-stops",
            "labels.%": "0",
            "lifecycle_rule.#": "0",
            "location": "US",
            "logging.#": "0",
            "name": "calitp-state-highway-network-stops",
            "project": "cal-itp-data-infra",
            "public_access_prevention": "enforced",
            "requester_pays": "false",
            "retention_policy.#": "0",
            "self_link": "https://www.googleapis.com/storage/v1/b/calitp-state-highway-network-stops",
            "storage_class": "STANDARD",
            "uniform_bucket_level_access": "true",
            "url": "gs://calitp-state-highway-network-stops",
            "versioning.#": "0",
            "website.#": "0"
          },
          "sensitive_attributes": []
        }
      ]
    },
    {
      "mode": "managed",
      "type": "google_storage_bucket",
      "name": "tfer--cold-storage-outputs-gtfs-data-test",
      "provider": "provider[\"registry.terraform.io/hashicorp/google\"]",
      "instances": [
        {
          "schema_version": 0,
          "attributes_flat": {
            "autoclass.#": "0",
            "cors.#": "0",
            "custom_placement_config.#": "0",
            "default_event_based_hold": "false",
            "encryption.#": "0",
            "force_destroy": "false",
            "id": "cold-storage-outputs-gtfs-data-test",
            "labels.%": "0",
            "lifecycle_rule.#": "0",
            "location": "US",
            "logging.#": "0",
            "name": "cold-storage-outputs-gtfs-data-test",
            "project": "cal-itp-data-infra",
            "public_access_prevention": "inherited",
            "requester_pays": "false",
            "retention_policy.#": "0",
            "self_link": "https://www.googleapis.com/storage/v1/b/cold-storage-outputs-gtfs-data-test",
            "storage_class": "STANDARD",
            "uniform_bucket_level_access": "false",
            "url": "gs://cold-storage-outputs-gtfs-data-test",
            "versioning.#": "0",
            "website.#": "0"
          },
          "sensitive_attributes": []
        }
      ]
    },
    {
      "mode": "managed",
      "type": "google_storage_bucket",
      "name": "tfer--cold-storage-outputs-gtfs-data-test-charlie-test",
      "provider": "provider[\"registry.terraform.io/hashicorp/google\"]",
      "instances": [
        {
          "schema_version": 0,
          "attributes_flat": {
            "autoclass.#": "0",
            "cors.#": "0",
            "custom_placement_config.#": "0",
            "default_event_based_hold": "false",
            "encryption.#": "0",
            "force_destroy": "false",
            "id": "cold-storage-outputs-gtfs-data-test-charlie-test",
            "labels.%": "0",
            "lifecycle_rule.#": "0",
            "location": "US",
            "logging.#": "0",
            "name": "cold-storage-outputs-gtfs-data-test-charlie-test",
            "project": "cal-itp-data-infra",
            "public_access_prevention": "inherited",
            "requester_pays": "false",
            "retention_policy.#": "0",
            "self_link": "https://www.googleapis.com/storage/v1/b/cold-storage-outputs-gtfs-data-test-charlie-test",
            "storage_class": "STANDARD",
            "uniform_bucket_level_access": "false",
            "url": "gs://cold-storage-outputs-gtfs-data-test-charlie-test",
            "versioning.#": "0",
            "website.#": "0"
          },
          "sensitive_attributes": []
        }
      ]
    },
    {
      "mode": "managed",
      "type": "google_storage_bucket",
      "name": "tfer--dataproc-staging-us-west2-1005246706141-sfgmtgyp",
      "provider": "provider[\"registry.terraform.io/hashicorp/google\"]",
      "instances": [
        {
          "schema_version": 0,
          "attributes_flat": {
            "autoclass.#": "0",
            "cors.#": "0",
            "custom_placement_config.#": "0",
            "default_event_based_hold": "false",
            "encryption.#": "0",
            "force_destroy": "false",
            "id": "dataproc-staging-us-west2-1005246706141-sfgmtgyp",
            "labels.%": "0",
            "lifecycle_rule.#": "0",
            "location": "US-WEST2",
            "logging.#": "0",
            "name": "dataproc-staging-us-west2-1005246706141-sfgmtgyp",
            "project": "cal-itp-data-infra",
            "public_access_prevention": "inherited",
            "requester_pays": "false",
            "retention_policy.#": "0",
            "self_link": "https://www.googleapis.com/storage/v1/b/dataproc-staging-us-west2-1005246706141-sfgmtgyp",
            "storage_class": "STANDARD",
            "uniform_bucket_level_access": "false",
            "url": "gs://dataproc-staging-us-west2-1005246706141-sfgmtgyp",
            "versioning.#": "0",
            "website.#": "0"
          },
          "sensitive_attributes": []
        }
      ]
    },
    {
      "mode": "managed",
      "type": "google_storage_bucket",
      "name": "tfer--dataproc-temp-us-west2-1005246706141-x9mtxbwg",
      "provider": "provider[\"registry.terraform.io/hashicorp/google\"]",
      "instances": [
        {
          "schema_version": 0,
          "attributes_flat": {
            "autoclass.#": "0",
            "cors.#": "0",
            "custom_placement_config.#": "0",
            "default_event_based_hold": "false",
            "encryption.#": "0",
            "force_destroy": "false",
            "id": "dataproc-temp-us-west2-1005246706141-x9mtxbwg",
            "labels.%": "1",
            "labels.goog-dataproc-location": "us-west2",
            "lifecycle_rule.#": "1",
            "lifecycle_rule.0.action.#": "1",
            "lifecycle_rule.0.action.0.storage_class": "",
            "lifecycle_rule.0.action.0.type": "Delete",
            "lifecycle_rule.0.condition.#": "1",
            "lifecycle_rule.0.condition.0.age": "90",
            "lifecycle_rule.0.condition.0.created_before": "",
            "lifecycle_rule.0.condition.0.custom_time_before": "",
            "lifecycle_rule.0.condition.0.days_since_custom_time": "0",
            "lifecycle_rule.0.condition.0.days_since_noncurrent_time": "0",
            "lifecycle_rule.0.condition.0.matches_prefix.#": "0",
            "lifecycle_rule.0.condition.0.matches_storage_class.#": "0",
            "lifecycle_rule.0.condition.0.matches_suffix.#": "0",
            "lifecycle_rule.0.condition.0.noncurrent_time_before": "",
            "lifecycle_rule.0.condition.0.num_newer_versions": "0",
            "lifecycle_rule.0.condition.0.with_state": "ANY",
            "location": "US-WEST2",
            "logging.#": "0",
            "name": "dataproc-temp-us-west2-1005246706141-x9mtxbwg",
            "project": "cal-itp-data-infra",
            "public_access_prevention": "inherited",
            "requester_pays": "false",
            "retention_policy.#": "0",
            "self_link": "https://www.googleapis.com/storage/v1/b/dataproc-temp-us-west2-1005246706141-x9mtxbwg",
            "storage_class": "STANDARD",
            "uniform_bucket_level_access": "false",
            "url": "gs://dataproc-temp-us-west2-1005246706141-x9mtxbwg",
            "versioning.#": "0",
            "website.#": "0"
          },
          "sensitive_attributes": []
        }
      ]
    },
    {
      "mode": "managed",
      "type": "google_storage_bucket",
      "name": "tfer--dev-calitp-aggregator-scraper",
      "provider": "provider[\"registry.terraform.io/hashicorp/google\"]",
      "instances": [
        {
          "schema_version": 0,
          "attributes_flat": {
            "autoclass.#": "0",
            "cors.#": "0",
            "custom_placement_config.#": "0",
            "default_event_based_hold": "false",
            "encryption.#": "0",
            "force_destroy": "false",
            "id": "dev-calitp-aggregator-scraper",
            "labels.%": "0",
            "lifecycle_rule.#": "0",
            "location": "US-WEST2",
            "logging.#": "0",
            "name": "dev-calitp-aggregator-scraper",
            "project": "cal-itp-data-infra",
            "public_access_prevention": "enforced",
            "requester_pays": "false",
            "retention_policy.#": "0",
            "self_link": "https://www.googleapis.com/storage/v1/b/dev-calitp-aggregator-scraper",
            "storage_class": "STANDARD",
            "uniform_bucket_level_access": "true",
            "url": "gs://dev-calitp-aggregator-scraper",
            "versioning.#": "0",
            "website.#": "0"
          },
          "sensitive_attributes": []
        }
      ]
    },
    {
      "mode": "managed",
      "type": "google_storage_bucket",
      "name": "tfer--dev-calitp-gtfs-rt-raw",
      "provider": "provider[\"registry.terraform.io/hashicorp/google\"]",
      "instances": [
        {
          "schema_version": 0,
          "attributes_flat": {
            "autoclass.#": "0",
            "cors.#": "0",
            "custom_placement_config.#": "0",
            "default_event_based_hold": "false",
            "encryption.#": "0",
            "force_destroy": "false",
            "id": "dev-calitp-gtfs-rt-raw",
            "labels.%": "0",
            "lifecycle_rule.#": "0",
            "location": "US-WEST2",
            "logging.#": "0",
            "name": "dev-calitp-gtfs-rt-raw",
            "project": "cal-itp-data-infra",
            "public_access_prevention": "inherited",
            "requester_pays": "false",
            "retention_policy.#": "0",
            "self_link": "https://www.googleapis.com/storage/v1/b/dev-calitp-gtfs-rt-raw",
            "storage_class": "STANDARD",
            "uniform_bucket_level_access": "true",
            "url": "gs://dev-calitp-gtfs-rt-raw",
            "versioning.#": "0",
            "website.#": "0"
          },
          "sensitive_attributes": []
        }
      ]
    },
    {
      "mode": "managed",
      "type": "google_storage_bucket",
      "name": "tfer--dev-calitp-test-sandbox",
      "provider": "provider[\"registry.terraform.io/hashicorp/google\"]",
      "instances": [
        {
          "schema_version": 0,
          "attributes_flat": {
            "autoclass.#": "0",
            "cors.#": "0",
            "custom_placement_config.#": "0",
            "default_event_based_hold": "false",
            "encryption.#": "0",
            "force_destroy": "false",
            "id": "dev-calitp-test-sandbox",
            "labels.%": "0",
            "lifecycle_rule.#": "1",
            "lifecycle_rule.0.action.#": "1",
            "lifecycle_rule.0.action.0.storage_class": "",
            "lifecycle_rule.0.action.0.type": "Delete",
            "lifecycle_rule.0.condition.#": "1",
            "lifecycle_rule.0.condition.0.age": "1",
            "lifecycle_rule.0.condition.0.created_before": "",
            "lifecycle_rule.0.condition.0.custom_time_before": "",
            "lifecycle_rule.0.condition.0.days_since_custom_time": "0",
            "lifecycle_rule.0.condition.0.days_since_noncurrent_time": "0",
            "lifecycle_rule.0.condition.0.matches_prefix.#": "0",
            "lifecycle_rule.0.condition.0.matches_storage_class.#": "0",
            "lifecycle_rule.0.condition.0.matches_suffix.#": "0",
            "lifecycle_rule.0.condition.0.noncurrent_time_before": "",
            "lifecycle_rule.0.condition.0.num_newer_versions": "0",
            "lifecycle_rule.0.condition.0.with_state": "ANY",
            "location": "US-WEST2",
            "logging.#": "0",
            "name": "dev-calitp-test-sandbox",
            "project": "cal-itp-data-infra",
            "public_access_prevention": "enforced",
            "requester_pays": "false",
            "retention_policy.#": "0",
            "self_link": "https://www.googleapis.com/storage/v1/b/dev-calitp-test-sandbox",
            "storage_class": "STANDARD",
            "uniform_bucket_level_access": "true",
            "url": "gs://dev-calitp-test-sandbox",
            "versioning.#": "0",
            "website.#": "0"
          },
          "sensitive_attributes": []
        }
      ]
    },
    {
      "mode": "managed",
      "type": "google_storage_bucket",
      "name": "tfer--export-ysjqwvyxc4ti3jmahojq",
      "provider": "provider[\"registry.terraform.io/hashicorp/google\"]",
      "instances": [
        {
          "schema_version": 0,
          "attributes_flat": {
            "autoclass.#": "0",
            "cors.#": "0",
            "custom_placement_config.#": "0",
            "default_event_based_hold": "false",
            "encryption.#": "0",
            "force_destroy": "false",
            "id": "export-ysjqwvyxc4ti3jmahojq",
            "labels.%": "0",
            "lifecycle_rule.#": "0",
            "location": "US",
            "logging.#": "0",
            "name": "export-ysjqwvyxc4ti3jmahojq",
            "project": "cal-itp-data-infra",
            "public_access_prevention": "inherited",
            "requester_pays": "false",
            "retention_policy.#": "0",
            "self_link": "https://www.googleapis.com/storage/v1/b/export-ysjqwvyxc4ti3jmahojq",
            "storage_class": "STANDARD",
            "uniform_bucket_level_access": "false",
            "url": "gs://export-ysjqwvyxc4ti3jmahojq",
            "versioning.#": "0",
            "website.#": "0"
          },
          "sensitive_attributes": []
        }
      ]
    },
    {
      "mode": "managed",
      "type": "google_storage_bucket",
      "name": "tfer--gtfs-data",
      "provider": "provider[\"registry.terraform.io/hashicorp/google\"]",
      "instances": [
        {
          "schema_version": 0,
          "attributes_flat": {
            "autoclass.#": "0",
            "cors.#": "0",
            "custom_placement_config.#": "0",
            "default_event_based_hold": "false",
            "encryption.#": "0",
            "force_destroy": "false",
            "id": "gtfs-data",
            "labels.%": "0",
            "lifecycle_rule.#": "0",
            "location": "US-WEST2",
            "logging.#": "0",
            "name": "gtfs-data",
            "project": "cal-itp-data-infra",
            "public_access_prevention": "inherited",
            "requester_pays": "false",
            "retention_policy.#": "0",
            "self_link": "https://www.googleapis.com/storage/v1/b/gtfs-data",
            "storage_class": "STANDARD",
            "uniform_bucket_level_access": "false",
            "url": "gs://gtfs-data",
            "versioning.#": "0",
            "website.#": "0"
          },
          "sensitive_attributes": []
        }
      ]
    },
    {
      "mode": "managed",
      "type": "google_storage_bucket",
      "name": "tfer--gtfs-data-reports",
      "provider": "provider[\"registry.terraform.io/hashicorp/google\"]",
      "instances": [
        {
          "schema_version": 0,
          "attributes_flat": {
            "autoclass.#": "1",
            "autoclass.0.enabled": "true",
            "cors.#": "0",
            "custom_placement_config.#": "0",
            "default_event_based_hold": "false",
            "encryption.#": "0",
            "force_destroy": "false",
            "id": "gtfs-data-reports",
            "labels.%": "0",
            "lifecycle_rule.#": "0",
            "location": "US-WEST2",
            "logging.#": "0",
            "name": "gtfs-data-reports",
            "project": "cal-itp-data-infra",
            "public_access_prevention": "enforced",
            "requester_pays": "false",
            "retention_policy.#": "0",
            "self_link": "https://www.googleapis.com/storage/v1/b/gtfs-data-reports",
            "storage_class": "STANDARD",
            "uniform_bucket_level_access": "true",
            "url": "gs://gtfs-data-reports",
            "versioning.#": "0",
            "website.#": "0"
          },
          "sensitive_attributes": []
        }
      ]
    },
    {
      "mode": "managed",
      "type": "google_storage_bucket",
      "name": "tfer--gtfs-data-test",
      "provider": "provider[\"registry.terraform.io/hashicorp/google\"]",
      "instances": [
        {
          "schema_version": 0,
          "attributes_flat": {
            "autoclass.#": "0",
            "cors.#": "0",
            "custom_placement_config.#": "0",
            "default_event_based_hold": "false",
            "encryption.#": "0",
            "force_destroy": "false",
            "id": "gtfs-data-test",
            "labels.%": "0",
            "lifecycle_rule.#": "0",
            "location": "US-WEST2",
            "logging.#": "0",
            "name": "gtfs-data-test",
            "project": "cal-itp-data-infra",
            "public_access_prevention": "inherited",
            "requester_pays": "false",
            "retention_policy.#": "0",
            "self_link": "https://www.googleapis.com/storage/v1/b/gtfs-data-test",
            "storage_class": "STANDARD",
            "uniform_bucket_level_access": "true",
            "url": "gs://gtfs-data-test",
            "versioning.#": "0",
            "website.#": "0"
          },
          "sensitive_attributes": []
        }
      ]
    },
    {
      "mode": "managed",
      "type": "google_storage_bucket",
      "name": "tfer--gtfs-data-test-reports",
      "provider": "provider[\"registry.terraform.io/hashicorp/google\"]",
      "instances": [
        {
          "schema_version": 0,
          "attributes_flat": {
            "autoclass.#": "1",
            "autoclass.0.enabled": "true",
            "cors.#": "0",
            "custom_placement_config.#": "0",
            "default_event_based_hold": "false",
            "encryption.#": "0",
            "force_destroy": "false",
            "id": "gtfs-data-test-reports",
            "labels.%": "0",
            "lifecycle_rule.#": "0",
            "location": "US-WEST2",
            "logging.#": "0",
            "name": "gtfs-data-test-reports",
            "project": "cal-itp-data-infra",
            "public_access_prevention": "enforced",
            "requester_pays": "false",
            "retention_policy.#": "0",
            "self_link": "https://www.googleapis.com/storage/v1/b/gtfs-data-test-reports",
            "storage_class": "STANDARD",
            "uniform_bucket_level_access": "true",
            "url": "gs://gtfs-data-test-reports",
            "versioning.#": "0",
            "website.#": "0"
          },
          "sensitive_attributes": []
        }
      ]
    },
    {
      "mode": "managed",
      "type": "google_storage_bucket",
      "name": "tfer--gtfs-schedule-backfill-test",
      "provider": "provider[\"registry.terraform.io/hashicorp/google\"]",
      "instances": [
        {
          "schema_version": 0,
          "attributes_flat": {
            "autoclass.#": "0",
            "cors.#": "0",
            "custom_placement_config.#": "0",
            "default_event_based_hold": "false",
            "encryption.#": "0",
            "force_destroy": "false",
            "id": "gtfs-schedule-backfill-test",
            "labels.%": "0",
            "lifecycle_rule.#": "1",
            "lifecycle_rule.0.action.#": "1",
            "lifecycle_rule.0.action.0.storage_class": "",
            "lifecycle_rule.0.action.0.type": "Delete",
            "lifecycle_rule.0.condition.#": "1",
            "lifecycle_rule.0.condition.0.age": "0",
            "lifecycle_rule.0.condition.0.created_before": "",
            "lifecycle_rule.0.condition.0.custom_time_before": "",
            "lifecycle_rule.0.condition.0.days_since_custom_time": "0",
            "lifecycle_rule.0.condition.0.days_since_noncurrent_time": "0",
            "lifecycle_rule.0.condition.0.matches_prefix.#": "0",
            "lifecycle_rule.0.condition.0.matches_storage_class.#": "0",
            "lifecycle_rule.0.condition.0.matches_suffix.#": "0",
            "lifecycle_rule.0.condition.0.noncurrent_time_before": "",
            "lifecycle_rule.0.condition.0.num_newer_versions": "0",
            "lifecycle_rule.0.condition.0.with_state": "ANY",
            "location": "US-WEST2",
            "logging.#": "0",
            "name": "gtfs-schedule-backfill-test",
            "project": "cal-itp-data-infra",
            "public_access_prevention": "enforced",
            "requester_pays": "false",
            "retention_policy.#": "0",
            "self_link": "https://www.googleapis.com/storage/v1/b/gtfs-schedule-backfill-test",
            "storage_class": "STANDARD",
            "uniform_bucket_level_access": "true",
            "url": "gs://gtfs-schedule-backfill-test",
            "versioning.#": "0",
            "website.#": "0"
          },
          "sensitive_attributes": []
        }
      ]
    },
    {
      "mode": "managed",
      "type": "google_storage_bucket",
      "name": "tfer--gtfs-schedule-backfill-test-deprecated",
      "provider": "provider[\"registry.terraform.io/hashicorp/google\"]",
      "instances": [
        {
          "schema_version": 0,
          "attributes_flat": {
            "autoclass.#": "0",
            "cors.#": "0",
            "custom_placement_config.#": "0",
            "default_event_based_hold": "false",
            "encryption.#": "0",
            "force_destroy": "false",
            "id": "gtfs-schedule-backfill-test-deprecated",
            "labels.%": "0",
            "lifecycle_rule.#": "1",
            "lifecycle_rule.0.action.#": "1",
            "lifecycle_rule.0.action.0.storage_class": "",
            "lifecycle_rule.0.action.0.type": "Delete",
            "lifecycle_rule.0.condition.#": "1",
            "lifecycle_rule.0.condition.0.age": "0",
            "lifecycle_rule.0.condition.0.created_before": "",
            "lifecycle_rule.0.condition.0.custom_time_before": "",
            "lifecycle_rule.0.condition.0.days_since_custom_time": "0",
            "lifecycle_rule.0.condition.0.days_since_noncurrent_time": "0",
            "lifecycle_rule.0.condition.0.matches_prefix.#": "0",
            "lifecycle_rule.0.condition.0.matches_storage_class.#": "0",
            "lifecycle_rule.0.condition.0.matches_suffix.#": "0",
            "lifecycle_rule.0.condition.0.noncurrent_time_before": "",
            "lifecycle_rule.0.condition.0.num_newer_versions": "0",
            "lifecycle_rule.0.condition.0.with_state": "ANY",
            "location": "US-WEST2",
            "logging.#": "0",
            "name": "gtfs-schedule-backfill-test-deprecated",
            "project": "cal-itp-data-infra",
            "public_access_prevention": "enforced",
            "requester_pays": "false",
            "retention_policy.#": "0",
            "self_link": "https://www.googleapis.com/storage/v1/b/gtfs-schedule-backfill-test-deprecated",
            "storage_class": "ARCHIVE",
            "uniform_bucket_level_access": "true",
            "url": "gs://gtfs-schedule-backfill-test-deprecated",
            "versioning.#": "0",
            "website.#": "0"
          },
          "sensitive_attributes": []
        }
      ]
    },
    {
      "mode": "managed",
      "type": "google_storage_bucket",
      "name": "tfer--littlepay-data-extract-prod",
      "provider": "provider[\"registry.terraform.io/hashicorp/google\"]",
      "instances": [
        {
          "schema_version": 0,
          "attributes_flat": {
            "autoclass.#": "0",
            "cors.#": "0",
            "custom_placement_config.#": "0",
            "default_event_based_hold": "false",
            "encryption.#": "0",
            "force_destroy": "false",
            "id": "littlepay-data-extract-prod",
            "labels.%": "0",
            "lifecycle_rule.#": "0",
            "location": "US-WEST2",
            "logging.#": "0",
            "name": "littlepay-data-extract-prod",
            "project": "cal-itp-data-infra",
            "public_access_prevention": "inherited",
            "requester_pays": "false",
            "retention_policy.#": "0",
            "self_link": "https://www.googleapis.com/storage/v1/b/littlepay-data-extract-prod",
            "storage_class": "STANDARD",
            "uniform_bucket_level_access": "true",
            "url": "gs://littlepay-data-extract-prod",
            "versioning.#": "0",
            "website.#": "0"
          },
          "sensitive_attributes": []
        }
      ]
    },
    {
      "mode": "managed",
      "type": "google_storage_bucket",
      "name": "tfer--rt-parsed",
      "provider": "provider[\"registry.terraform.io/hashicorp/google\"]",
      "instances": [
        {
          "schema_version": 0,
          "attributes_flat": {
            "autoclass.#": "0",
            "cors.#": "0",
            "custom_placement_config.#": "0",
            "default_event_based_hold": "false",
            "encryption.#": "0",
            "force_destroy": "false",
            "id": "rt-parsed",
            "labels.%": "0",
            "lifecycle_rule.#": "0",
            "location": "US-WEST2",
            "logging.#": "0",
            "name": "rt-parsed",
            "project": "cal-itp-data-infra",
            "public_access_prevention": "inherited",
            "requester_pays": "false",
            "retention_policy.#": "0",
            "self_link": "https://www.googleapis.com/storage/v1/b/rt-parsed",
            "storage_class": "STANDARD",
            "uniform_bucket_level_access": "true",
            "url": "gs://rt-parsed",
            "versioning.#": "0",
            "website.#": "0"
          },
          "sensitive_attributes": []
        }
      ]
    },
    {
      "mode": "managed",
      "type": "google_storage_bucket",
      "name": "tfer--rt-parsed-deprecated",
      "provider": "provider[\"registry.terraform.io/hashicorp/google\"]",
      "instances": [
        {
          "schema_version": 0,
          "attributes_flat": {
            "autoclass.#": "0",
            "cors.#": "0",
            "custom_placement_config.#": "0",
            "default_event_based_hold": "false",
            "encryption.#": "0",
            "force_destroy": "false",
            "id": "rt-parsed-deprecated",
            "labels.%": "1",
            "labels.deprecated": "",
            "lifecycle_rule.#": "0",
            "location": "US-WEST2",
            "logging.#": "0",
            "name": "rt-parsed-deprecated",
            "project": "cal-itp-data-infra",
            "public_access_prevention": "enforced",
            "requester_pays": "false",
            "retention_policy.#": "0",
            "self_link": "https://www.googleapis.com/storage/v1/b/rt-parsed-deprecated",
            "storage_class": "ARCHIVE",
            "uniform_bucket_level_access": "true",
            "url": "gs://rt-parsed-deprecated",
            "versioning.#": "0",
            "website.#": "0"
          },
          "sensitive_attributes": []
        }
      ]
    },
    {
      "mode": "managed",
      "type": "google_storage_bucket",
      "name": "tfer--staging-002E-cal-itp-data-infra-002E-appspot-002E-com",
      "provider": "provider[\"registry.terraform.io/hashicorp/google\"]",
      "instances": [
        {
          "schema_version": 0,
          "attributes_flat": {
            "autoclass.#": "0",
            "cors.#": "0",
            "custom_placement_config.#": "0",
            "default_event_based_hold": "false",
            "encryption.#": "0",
            "force_destroy": "false",
            "id": "staging.cal-itp-data-infra.appspot.com",
            "labels.%": "0",
            "lifecycle_rule.#": "1",
            "lifecycle_rule.0.action.#": "1",
            "lifecycle_rule.0.action.0.storage_class": "",
            "lifecycle_rule.0.action.0.type": "Delete",
            "lifecycle_rule.0.condition.#": "1",
            "lifecycle_rule.0.condition.0.age": "15",
            "lifecycle_rule.0.condition.0.created_before": "",
            "lifecycle_rule.0.condition.0.custom_time_before": "",
            "lifecycle_rule.0.condition.0.days_since_custom_time": "0",
            "lifecycle_rule.0.condition.0.days_since_noncurrent_time": "0",
            "lifecycle_rule.0.condition.0.matches_prefix.#": "0",
            "lifecycle_rule.0.condition.0.matches_storage_class.#": "0",
            "lifecycle_rule.0.condition.0.matches_suffix.#": "0",
            "lifecycle_rule.0.condition.0.noncurrent_time_before": "",
            "lifecycle_rule.0.condition.0.num_newer_versions": "0",
            "lifecycle_rule.0.condition.0.with_state": "ANY",
            "location": "US-WEST2",
            "logging.#": "0",
            "name": "staging.cal-itp-data-infra.appspot.com",
            "project": "cal-itp-data-infra",
            "public_access_prevention": "inherited",
            "requester_pays": "false",
            "retention_policy.#": "0",
            "self_link": "https://www.googleapis.com/storage/v1/b/staging.cal-itp-data-infra.appspot.com",
            "storage_class": "STANDARD",
            "uniform_bucket_level_access": "false",
            "url": "gs://staging.cal-itp-data-infra.appspot.com",
            "versioning.#": "0",
            "website.#": "0"
          },
          "sensitive_attributes": []
        }
      ]
    },
    {
      "mode": "managed",
      "type": "google_storage_bucket",
      "name": "tfer--test-calitp-aggregator-scraper",
      "provider": "provider[\"registry.terraform.io/hashicorp/google\"]",
      "instances": [
        {
          "schema_version": 0,
          "attributes_flat": {
            "autoclass.#": "0",
            "cors.#": "0",
            "custom_placement_config.#": "0",
            "default_event_based_hold": "false",
            "encryption.#": "0",
            "force_destroy": "false",
            "id": "test-calitp-aggregator-scraper",
            "labels.%": "0",
            "lifecycle_rule.#": "0",
            "location": "US-WEST2",
            "logging.#": "0",
            "name": "test-calitp-aggregator-scraper",
            "project": "cal-itp-data-infra",
            "public_access_prevention": "enforced",
            "requester_pays": "false",
            "retention_policy.#": "0",
            "self_link": "https://www.googleapis.com/storage/v1/b/test-calitp-aggregator-scraper",
            "storage_class": "STANDARD",
            "uniform_bucket_level_access": "true",
            "url": "gs://test-calitp-aggregator-scraper",
            "versioning.#": "0",
            "website.#": "0"
          },
          "sensitive_attributes": []
        }
      ]
    },
    {
      "mode": "managed",
      "type": "google_storage_bucket",
      "name": "tfer--test-calitp-airtable",
      "provider": "provider[\"registry.terraform.io/hashicorp/google\"]",
      "instances": [
        {
          "schema_version": 0,
          "attributes_flat": {
            "autoclass.#": "0",
            "cors.#": "0",
            "custom_placement_config.#": "0",
            "default_event_based_hold": "false",
            "encryption.#": "0",
            "force_destroy": "false",
            "id": "test-calitp-airtable",
            "labels.%": "0",
            "lifecycle_rule.#": "0",
            "location": "US-WEST2",
            "logging.#": "0",
            "name": "test-calitp-airtable",
            "project": "cal-itp-data-infra",
            "public_access_prevention": "inherited",
            "requester_pays": "false",
            "retention_policy.#": "0",
            "self_link": "https://www.googleapis.com/storage/v1/b/test-calitp-airtable",
            "storage_class": "STANDARD",
            "uniform_bucket_level_access": "true",
            "url": "gs://test-calitp-airtable",
            "versioning.#": "0",
            "website.#": "0"
          },
          "sensitive_attributes": []
        }
      ]
    },
    {
      "mode": "managed",
      "type": "google_storage_bucket",
      "name": "tfer--test-calitp-dbt-artifacts",
      "provider": "provider[\"registry.terraform.io/hashicorp/google\"]",
      "instances": [
        {
          "schema_version": 0,
          "attributes_flat": {
            "autoclass.#": "0",
            "cors.#": "0",
            "custom_placement_config.#": "0",
            "default_event_based_hold": "false",
            "encryption.#": "0",
            "force_destroy": "false",
            "id": "test-calitp-dbt-artifacts",
            "labels.%": "0",
            "lifecycle_rule.#": "0",
            "location": "US-WEST2",
            "logging.#": "0",
            "name": "test-calitp-dbt-artifacts",
            "project": "cal-itp-data-infra",
            "public_access_prevention": "inherited",
            "requester_pays": "false",
            "retention_policy.#": "0",
            "self_link": "https://www.googleapis.com/storage/v1/b/test-calitp-dbt-artifacts",
            "storage_class": "STANDARD",
            "uniform_bucket_level_access": "true",
            "url": "gs://test-calitp-dbt-artifacts",
            "versioning.#": "0",
            "website.#": "0"
          },
          "sensitive_attributes": []
        }
      ]
    },
    {
      "mode": "managed",
      "type": "google_storage_bucket",
      "name": "tfer--test-calitp-dbt-python-models",
      "provider": "provider[\"registry.terraform.io/hashicorp/google\"]",
      "instances": [
        {
          "schema_version": 0,
          "attributes_flat": {
            "autoclass.#": "0",
            "cors.#": "0",
            "custom_placement_config.#": "0",
            "default_event_based_hold": "false",
            "encryption.#": "0",
            "force_destroy": "false",
            "id": "test-calitp-dbt-python-models",
            "labels.%": "0",
            "lifecycle_rule.#": "0",
            "location": "US-WEST2",
            "logging.#": "0",
            "name": "test-calitp-dbt-python-models",
            "project": "cal-itp-data-infra",
            "public_access_prevention": "enforced",
            "requester_pays": "false",
            "retention_policy.#": "0",
            "self_link": "https://www.googleapis.com/storage/v1/b/test-calitp-dbt-python-models",
            "storage_class": "STANDARD",
            "uniform_bucket_level_access": "true",
            "url": "gs://test-calitp-dbt-python-models",
            "versioning.#": "0",
            "website.#": "0"
          },
          "sensitive_attributes": []
        }
      ]
    },
    {
      "mode": "managed",
      "type": "google_storage_bucket",
      "name": "tfer--test-calitp-elavon",
      "provider": "provider[\"registry.terraform.io/hashicorp/google\"]",
      "instances": [
        {
          "schema_version": 0,
          "attributes_flat": {
            "autoclass.#": "0",
            "cors.#": "0",
            "custom_placement_config.#": "0",
            "default_event_based_hold": "false",
            "encryption.#": "0",
            "force_destroy": "false",
            "id": "test-calitp-elavon",
            "labels.%": "0",
            "lifecycle_rule.#": "2",
            "lifecycle_rule.0.action.#": "1",
            "lifecycle_rule.0.action.0.storage_class": "",
            "lifecycle_rule.0.action.0.type": "Delete",
            "lifecycle_rule.0.condition.#": "1",
            "lifecycle_rule.0.condition.0.age": "0",
            "lifecycle_rule.0.condition.0.created_before": "",
            "lifecycle_rule.0.condition.0.custom_time_before": "",
            "lifecycle_rule.0.condition.0.days_since_custom_time": "0",
            "lifecycle_rule.0.condition.0.days_since_noncurrent_time": "0",
            "lifecycle_rule.0.condition.0.matches_prefix.#": "0",
            "lifecycle_rule.0.condition.0.matches_storage_class.#": "0",
            "lifecycle_rule.0.condition.0.matches_suffix.#": "0",
            "lifecycle_rule.0.condition.0.noncurrent_time_before": "",
            "lifecycle_rule.0.condition.0.num_newer_versions": "1",
            "lifecycle_rule.0.condition.0.with_state": "ARCHIVED",
            "lifecycle_rule.1.action.#": "1",
            "lifecycle_rule.1.action.0.storage_class": "",
            "lifecycle_rule.1.action.0.type": "Delete",
            "lifecycle_rule.1.condition.#": "1",
            "lifecycle_rule.1.condition.0.age": "0",
            "lifecycle_rule.1.condition.0.created_before": "",
            "lifecycle_rule.1.condition.0.custom_time_before": "",
            "lifecycle_rule.1.condition.0.days_since_custom_time": "0",
            "lifecycle_rule.1.condition.0.days_since_noncurrent_time": "7",
            "lifecycle_rule.1.condition.0.matches_prefix.#": "0",
            "lifecycle_rule.1.condition.0.matches_storage_class.#": "0",
            "lifecycle_rule.1.condition.0.matches_suffix.#": "0",
            "lifecycle_rule.1.condition.0.noncurrent_time_before": "",
            "lifecycle_rule.1.condition.0.num_newer_versions": "0",
            "lifecycle_rule.1.condition.0.with_state": "ANY",
            "location": "US-WEST2",
            "logging.#": "0",
            "name": "test-calitp-elavon",
            "project": "cal-itp-data-infra",
            "public_access_prevention": "enforced",
            "requester_pays": "false",
            "retention_policy.#": "0",
            "self_link": "https://www.googleapis.com/storage/v1/b/test-calitp-elavon",
            "storage_class": "STANDARD",
            "uniform_bucket_level_access": "true",
            "url": "gs://test-calitp-elavon",
            "versioning.#": "1",
            "versioning.0.enabled": "true",
            "website.#": "0"
          },
          "sensitive_attributes": []
        }
      ]
    },
    {
      "mode": "managed",
      "type": "google_storage_bucket",
      "name": "tfer--test-calitp-elavon-parsed",
      "provider": "provider[\"registry.terraform.io/hashicorp/google\"]",
      "instances": [
        {
          "schema_version": 0,
          "attributes_flat": {
            "autoclass.#": "0",
            "cors.#": "0",
            "custom_placement_config.#": "0",
            "default_event_based_hold": "false",
            "encryption.#": "0",
            "force_destroy": "false",
            "id": "test-calitp-elavon-parsed",
            "labels.%": "0",
            "lifecycle_rule.#": "0",
            "location": "US-WEST2",
            "logging.#": "0",
            "name": "test-calitp-elavon-parsed",
            "project": "cal-itp-data-infra",
            "public_access_prevention": "enforced",
            "requester_pays": "false",
            "retention_policy.#": "0",
            "self_link": "https://www.googleapis.com/storage/v1/b/test-calitp-elavon-parsed",
            "storage_class": "STANDARD",
            "uniform_bucket_level_access": "true",
            "url": "gs://test-calitp-elavon-parsed",
            "versioning.#": "0",
            "website.#": "0"
          },
          "sensitive_attributes": []
        }
      ]
    },
    {
      "mode": "managed",
      "type": "google_storage_bucket",
      "name": "tfer--test-calitp-elavon-raw",
      "provider": "provider[\"registry.terraform.io/hashicorp/google\"]",
      "instances": [
        {
          "schema_version": 0,
          "attributes_flat": {
            "autoclass.#": "0",
            "cors.#": "0",
            "custom_placement_config.#": "0",
            "default_event_based_hold": "false",
            "encryption.#": "0",
            "force_destroy": "false",
            "id": "test-calitp-elavon-raw",
            "labels.%": "0",
            "lifecycle_rule.#": "0",
            "location": "US-WEST2",
            "logging.#": "0",
            "name": "test-calitp-elavon-raw",
            "project": "cal-itp-data-infra",
            "public_access_prevention": "enforced",
            "requester_pays": "false",
            "retention_policy.#": "0",
            "self_link": "https://www.googleapis.com/storage/v1/b/test-calitp-elavon-raw",
            "storage_class": "STANDARD",
            "uniform_bucket_level_access": "true",
            "url": "gs://test-calitp-elavon-raw",
            "versioning.#": "0",
            "website.#": "0"
          },
          "sensitive_attributes": []
        }
      ]
    },
    {
      "mode": "managed",
      "type": "google_storage_bucket",
      "name": "tfer--test-calitp-gtfs-config",
      "provider": "provider[\"registry.terraform.io/hashicorp/google\"]",
      "instances": [
        {
          "schema_version": 0,
          "attributes_flat": {
            "autoclass.#": "0",
            "cors.#": "0",
            "custom_placement_config.#": "0",
            "default_event_based_hold": "false",
            "encryption.#": "0",
            "force_destroy": "false",
            "id": "test-calitp-gtfs-config",
            "labels.%": "0",
            "lifecycle_rule.#": "0",
            "location": "US-WEST2",
            "logging.#": "0",
            "name": "test-calitp-gtfs-config",
            "project": "cal-itp-data-infra",
            "public_access_prevention": "inherited",
            "requester_pays": "false",
            "retention_policy.#": "0",
            "self_link": "https://www.googleapis.com/storage/v1/b/test-calitp-gtfs-config",
            "storage_class": "STANDARD",
            "uniform_bucket_level_access": "true",
            "url": "gs://test-calitp-gtfs-config",
            "versioning.#": "0",
            "website.#": "0"
          },
          "sensitive_attributes": []
        }
      ]
    },
    {
      "mode": "managed",
      "type": "google_storage_bucket",
      "name": "tfer--test-calitp-gtfs-download-config",
      "provider": "provider[\"registry.terraform.io/hashicorp/google\"]",
      "instances": [
        {
          "schema_version": 0,
          "attributes_flat": {
            "autoclass.#": "0",
            "cors.#": "0",
            "custom_placement_config.#": "0",
            "default_event_based_hold": "false",
            "encryption.#": "0",
            "force_destroy": "false",
            "id": "test-calitp-gtfs-download-config",
            "labels.%": "0",
            "lifecycle_rule.#": "0",
            "location": "US-WEST2",
            "logging.#": "0",
            "name": "test-calitp-gtfs-download-config",
            "project": "cal-itp-data-infra",
            "public_access_prevention": "inherited",
            "requester_pays": "false",
            "retention_policy.#": "0",
            "self_link": "https://www.googleapis.com/storage/v1/b/test-calitp-gtfs-download-config",
            "storage_class": "STANDARD",
            "uniform_bucket_level_access": "true",
            "url": "gs://test-calitp-gtfs-download-config",
            "versioning.#": "0",
            "website.#": "0"
          },
          "sensitive_attributes": []
        }
      ]
    },
    {
      "mode": "managed",
      "type": "google_storage_bucket",
      "name": "tfer--test-calitp-gtfs-raw",
      "provider": "provider[\"registry.terraform.io/hashicorp/google\"]",
      "instances": [
        {
          "schema_version": 0,
          "attributes_flat": {
            "autoclass.#": "0",
            "cors.#": "0",
            "custom_placement_config.#": "0",
            "default_event_based_hold": "false",
            "encryption.#": "0",
            "force_destroy": "false",
            "id": "test-calitp-gtfs-raw",
            "labels.%": "0",
            "lifecycle_rule.#": "0",
            "location": "US-WEST2",
            "logging.#": "0",
            "name": "test-calitp-gtfs-raw",
            "project": "cal-itp-data-infra",
            "public_access_prevention": "inherited",
            "requester_pays": "false",
            "retention_policy.#": "0",
            "self_link": "https://www.googleapis.com/storage/v1/b/test-calitp-gtfs-raw",
            "storage_class": "STANDARD",
            "uniform_bucket_level_access": "true",
            "url": "gs://test-calitp-gtfs-raw",
            "versioning.#": "0",
            "website.#": "0"
          },
          "sensitive_attributes": []
        }
      ]
    },
    {
      "mode": "managed",
      "type": "google_storage_bucket",
      "name": "tfer--test-calitp-gtfs-rt-parsed",
      "provider": "provider[\"registry.terraform.io/hashicorp/google\"]",
      "instances": [
        {
          "schema_version": 0,
          "attributes_flat": {
            "autoclass.#": "0",
            "cors.#": "0",
            "custom_placement_config.#": "0",
            "default_event_based_hold": "false",
            "encryption.#": "0",
            "force_destroy": "false",
            "id": "test-calitp-gtfs-rt-parsed",
            "labels.%": "0",
            "lifecycle_rule.#": "0",
            "location": "US-WEST2",
            "logging.#": "0",
            "name": "test-calitp-gtfs-rt-parsed",
            "project": "cal-itp-data-infra",
            "public_access_prevention": "inherited",
            "requester_pays": "false",
            "retention_policy.#": "0",
            "self_link": "https://www.googleapis.com/storage/v1/b/test-calitp-gtfs-rt-parsed",
            "storage_class": "STANDARD",
            "uniform_bucket_level_access": "true",
            "url": "gs://test-calitp-gtfs-rt-parsed",
            "versioning.#": "0",
            "website.#": "0"
          },
          "sensitive_attributes": []
        }
      ]
    },
    {
      "mode": "managed",
      "type": "google_storage_bucket",
      "name": "tfer--test-calitp-gtfs-rt-raw",
      "provider": "provider[\"registry.terraform.io/hashicorp/google\"]",
      "instances": [
        {
          "schema_version": 0,
          "attributes_flat": {
            "autoclass.#": "0",
            "cors.#": "0",
            "custom_placement_config.#": "0",
            "default_event_based_hold": "false",
            "encryption.#": "0",
            "force_destroy": "false",
            "id": "test-calitp-gtfs-rt-raw",
            "labels.%": "0",
            "lifecycle_rule.#": "0",
            "location": "US-WEST2",
            "logging.#": "0",
            "name": "test-calitp-gtfs-rt-raw",
            "project": "cal-itp-data-infra",
            "public_access_prevention": "inherited",
            "requester_pays": "false",
            "retention_policy.#": "0",
            "self_link": "https://www.googleapis.com/storage/v1/b/test-calitp-gtfs-rt-raw",
            "storage_class": "STANDARD",
            "uniform_bucket_level_access": "true",
            "url": "gs://test-calitp-gtfs-rt-raw",
            "versioning.#": "0",
            "website.#": "0"
          },
          "sensitive_attributes": []
        }
      ]
    },
    {
      "mode": "managed",
      "type": "google_storage_bucket",
      "name": "tfer--test-calitp-gtfs-rt-raw-v2",
      "provider": "provider[\"registry.terraform.io/hashicorp/google\"]",
      "instances": [
        {
          "schema_version": 0,
          "attributes_flat": {
            "autoclass.#": "0",
            "cors.#": "0",
            "custom_placement_config.#": "0",
            "default_event_based_hold": "false",
            "encryption.#": "0",
            "force_destroy": "false",
            "id": "test-calitp-gtfs-rt-raw-v2",
            "labels.%": "0",
            "lifecycle_rule.#": "0",
            "location": "US-WEST2",
            "logging.#": "0",
            "name": "test-calitp-gtfs-rt-raw-v2",
            "project": "cal-itp-data-infra",
            "public_access_prevention": "inherited",
            "requester_pays": "false",
            "retention_policy.#": "0",
            "self_link": "https://www.googleapis.com/storage/v1/b/test-calitp-gtfs-rt-raw-v2",
            "storage_class": "STANDARD",
            "uniform_bucket_level_access": "true",
            "url": "gs://test-calitp-gtfs-rt-raw-v2",
            "versioning.#": "0",
            "website.#": "0"
          },
          "sensitive_attributes": []
        }
      ]
    },
    {
      "mode": "managed",
      "type": "google_storage_bucket",
      "name": "tfer--test-calitp-gtfs-rt-validation",
      "provider": "provider[\"registry.terraform.io/hashicorp/google\"]",
      "instances": [
        {
          "schema_version": 0,
          "attributes_flat": {
            "autoclass.#": "0",
            "cors.#": "0",
            "custom_placement_config.#": "0",
            "default_event_based_hold": "false",
            "encryption.#": "0",
            "force_destroy": "false",
            "id": "test-calitp-gtfs-rt-validation",
            "labels.%": "0",
            "lifecycle_rule.#": "0",
            "location": "US-WEST2",
            "logging.#": "0",
            "name": "test-calitp-gtfs-rt-validation",
            "project": "cal-itp-data-infra",
            "public_access_prevention": "inherited",
            "requester_pays": "false",
            "retention_policy.#": "0",
            "self_link": "https://www.googleapis.com/storage/v1/b/test-calitp-gtfs-rt-validation",
            "storage_class": "STANDARD",
            "uniform_bucket_level_access": "true",
            "url": "gs://test-calitp-gtfs-rt-validation",
            "versioning.#": "0",
            "website.#": "0"
          },
          "sensitive_attributes": []
        }
      ]
    },
    {
      "mode": "managed",
      "type": "google_storage_bucket",
      "name": "tfer--test-calitp-gtfs-schedule-parsed",
      "provider": "provider[\"registry.terraform.io/hashicorp/google\"]",
      "instances": [
        {
          "schema_version": 0,
          "attributes_flat": {
            "autoclass.#": "0",
            "cors.#": "0",
            "custom_placement_config.#": "0",
            "default_event_based_hold": "false",
            "encryption.#": "0",
            "force_destroy": "false",
            "id": "test-calitp-gtfs-schedule-parsed",
            "labels.%": "0",
            "lifecycle_rule.#": "0",
            "location": "US-WEST2",
            "logging.#": "0",
            "name": "test-calitp-gtfs-schedule-parsed",
            "project": "cal-itp-data-infra",
            "public_access_prevention": "inherited",
            "requester_pays": "false",
            "retention_policy.#": "0",
            "self_link": "https://www.googleapis.com/storage/v1/b/test-calitp-gtfs-schedule-parsed",
            "storage_class": "STANDARD",
            "uniform_bucket_level_access": "true",
            "url": "gs://test-calitp-gtfs-schedule-parsed",
            "versioning.#": "0",
            "website.#": "0"
          },
          "sensitive_attributes": []
        }
      ]
    },
    {
      "mode": "managed",
      "type": "google_storage_bucket",
      "name": "tfer--test-calitp-gtfs-schedule-parsed-hourly",
      "provider": "provider[\"registry.terraform.io/hashicorp/google\"]",
      "instances": [
        {
          "schema_version": 0,
          "attributes_flat": {
            "autoclass.#": "0",
            "cors.#": "0",
            "custom_placement_config.#": "0",
            "default_event_based_hold": "false",
            "encryption.#": "0",
            "force_destroy": "false",
            "id": "test-calitp-gtfs-schedule-parsed-hourly",
            "labels.%": "0",
            "lifecycle_rule.#": "0",
            "location": "US-WEST2",
            "logging.#": "0",
            "name": "test-calitp-gtfs-schedule-parsed-hourly",
            "project": "cal-itp-data-infra",
            "public_access_prevention": "enforced",
            "requester_pays": "false",
            "retention_policy.#": "0",
            "self_link": "https://www.googleapis.com/storage/v1/b/test-calitp-gtfs-schedule-parsed-hourly",
            "storage_class": "STANDARD",
            "uniform_bucket_level_access": "true",
            "url": "gs://test-calitp-gtfs-schedule-parsed-hourly",
            "versioning.#": "0",
            "website.#": "0"
          },
          "sensitive_attributes": []
        }
      ]
    },
    {
      "mode": "managed",
      "type": "google_storage_bucket",
      "name": "tfer--test-calitp-gtfs-schedule-processed",
      "provider": "provider[\"registry.terraform.io/hashicorp/google\"]",
      "instances": [
        {
          "schema_version": 0,
          "attributes_flat": {
            "autoclass.#": "0",
            "cors.#": "0",
            "custom_placement_config.#": "0",
            "default_event_based_hold": "false",
            "encryption.#": "0",
            "force_destroy": "false",
            "id": "test-calitp-gtfs-schedule-processed",
            "labels.%": "0",
            "lifecycle_rule.#": "0",
            "location": "US-WEST2",
            "logging.#": "0",
            "name": "test-calitp-gtfs-schedule-processed",
            "project": "cal-itp-data-infra",
            "public_access_prevention": "inherited",
            "requester_pays": "false",
            "retention_policy.#": "0",
            "self_link": "https://www.googleapis.com/storage/v1/b/test-calitp-gtfs-schedule-processed",
            "storage_class": "STANDARD",
            "uniform_bucket_level_access": "true",
            "url": "gs://test-calitp-gtfs-schedule-processed",
            "versioning.#": "0",
            "website.#": "0"
          },
          "sensitive_attributes": []
        }
      ]
    },
    {
      "mode": "managed",
      "type": "google_storage_bucket",
      "name": "tfer--test-calitp-gtfs-schedule-raw",
      "provider": "provider[\"registry.terraform.io/hashicorp/google\"]",
      "instances": [
        {
          "schema_version": 0,
          "attributes_flat": {
            "autoclass.#": "0",
            "cors.#": "0",
            "custom_placement_config.#": "0",
            "default_event_based_hold": "false",
            "encryption.#": "0",
            "force_destroy": "false",
            "id": "test-calitp-gtfs-schedule-raw",
            "labels.%": "0",
            "lifecycle_rule.#": "0",
            "location": "US-WEST2",
            "logging.#": "0",
            "name": "test-calitp-gtfs-schedule-raw",
            "project": "cal-itp-data-infra",
            "public_access_prevention": "inherited",
            "requester_pays": "false",
            "retention_policy.#": "1",
            "retention_policy.0.is_locked": "false",
            "retention_policy.0.retention_period": "2678400",
            "self_link": "https://www.googleapis.com/storage/v1/b/test-calitp-gtfs-schedule-raw",
            "storage_class": "STANDARD",
            "uniform_bucket_level_access": "true",
            "url": "gs://test-calitp-gtfs-schedule-raw",
            "versioning.#": "0",
            "website.#": "0"
          },
          "sensitive_attributes": []
        }
      ]
    },
    {
      "mode": "managed",
      "type": "google_storage_bucket",
      "name": "tfer--test-calitp-gtfs-schedule-raw-v2",
      "provider": "provider[\"registry.terraform.io/hashicorp/google\"]",
      "instances": [
        {
          "schema_version": 0,
          "attributes_flat": {
            "autoclass.#": "0",
            "cors.#": "0",
            "custom_placement_config.#": "0",
            "default_event_based_hold": "false",
            "encryption.#": "0",
            "force_destroy": "false",
            "id": "test-calitp-gtfs-schedule-raw-v2",
            "labels.%": "0",
            "lifecycle_rule.#": "0",
            "location": "US-WEST2",
            "logging.#": "0",
            "name": "test-calitp-gtfs-schedule-raw-v2",
            "project": "cal-itp-data-infra",
            "public_access_prevention": "inherited",
            "requester_pays": "false",
            "retention_policy.#": "0",
            "self_link": "https://www.googleapis.com/storage/v1/b/test-calitp-gtfs-schedule-raw-v2",
            "storage_class": "STANDARD",
            "uniform_bucket_level_access": "true",
            "url": "gs://test-calitp-gtfs-schedule-raw-v2",
            "versioning.#": "0",
            "website.#": "0"
          },
          "sensitive_attributes": []
        }
      ]
    },
    {
      "mode": "managed",
      "type": "google_storage_bucket",
      "name": "tfer--test-calitp-gtfs-schedule-raw-v2-backfill-test",
      "provider": "provider[\"registry.terraform.io/hashicorp/google\"]",
      "instances": [
        {
          "schema_version": 0,
          "attributes_flat": {
            "autoclass.#": "0",
            "cors.#": "0",
            "custom_placement_config.#": "0",
            "default_event_based_hold": "false",
            "encryption.#": "0",
            "force_destroy": "false",
            "id": "test-calitp-gtfs-schedule-raw-v2-backfill-test",
            "labels.%": "0",
            "lifecycle_rule.#": "0",
            "location": "US-WEST2",
            "logging.#": "0",
            "name": "test-calitp-gtfs-schedule-raw-v2-backfill-test",
            "project": "cal-itp-data-infra",
            "public_access_prevention": "enforced",
            "requester_pays": "false",
            "retention_policy.#": "0",
            "self_link": "https://www.googleapis.com/storage/v1/b/test-calitp-gtfs-schedule-raw-v2-backfill-test",
            "storage_class": "STANDARD",
            "uniform_bucket_level_access": "true",
            "url": "gs://test-calitp-gtfs-schedule-raw-v2-backfill-test",
            "versioning.#": "0",
            "website.#": "0"
          },
          "sensitive_attributes": []
        }
      ]
    },
    {
      "mode": "managed",
      "type": "google_storage_bucket",
      "name": "tfer--test-calitp-gtfs-schedule-unzipped",
      "provider": "provider[\"registry.terraform.io/hashicorp/google\"]",
      "instances": [
        {
          "schema_version": 0,
          "attributes_flat": {
            "autoclass.#": "0",
            "cors.#": "0",
            "custom_placement_config.#": "0",
            "default_event_based_hold": "false",
            "encryption.#": "0",
            "force_destroy": "false",
            "id": "test-calitp-gtfs-schedule-unzipped",
            "labels.%": "0",
            "lifecycle_rule.#": "0",
            "location": "US-WEST2",
            "logging.#": "0",
            "name": "test-calitp-gtfs-schedule-unzipped",
            "project": "cal-itp-data-infra",
            "public_access_prevention": "enforced",
            "requester_pays": "false",
            "retention_policy.#": "0",
            "self_link": "https://www.googleapis.com/storage/v1/b/test-calitp-gtfs-schedule-unzipped",
            "storage_class": "STANDARD",
            "uniform_bucket_level_access": "true",
            "url": "gs://test-calitp-gtfs-schedule-unzipped",
            "versioning.#": "0",
            "website.#": "0"
          },
          "sensitive_attributes": []
        }
      ]
    },
    {
      "mode": "managed",
      "type": "google_storage_bucket",
      "name": "tfer--test-calitp-gtfs-schedule-unzipped-hourly",
      "provider": "provider[\"registry.terraform.io/hashicorp/google\"]",
      "instances": [
        {
          "schema_version": 0,
          "attributes_flat": {
            "autoclass.#": "0",
            "cors.#": "0",
            "custom_placement_config.#": "0",
            "default_event_based_hold": "false",
            "encryption.#": "0",
            "force_destroy": "false",
            "id": "test-calitp-gtfs-schedule-unzipped-hourly",
            "labels.%": "0",
            "lifecycle_rule.#": "0",
            "location": "US-WEST2",
            "logging.#": "0",
            "name": "test-calitp-gtfs-schedule-unzipped-hourly",
            "project": "cal-itp-data-infra",
            "public_access_prevention": "enforced",
            "requester_pays": "false",
            "retention_policy.#": "0",
            "self_link": "https://www.googleapis.com/storage/v1/b/test-calitp-gtfs-schedule-unzipped-hourly",
            "storage_class": "STANDARD",
            "uniform_bucket_level_access": "true",
            "url": "gs://test-calitp-gtfs-schedule-unzipped-hourly",
            "versioning.#": "0",
            "website.#": "0"
          },
          "sensitive_attributes": []
        }
      ]
    },
    {
      "mode": "managed",
      "type": "google_storage_bucket",
      "name": "tfer--test-calitp-gtfs-schedule-validation",
      "provider": "provider[\"registry.terraform.io/hashicorp/google\"]",
      "instances": [
        {
          "schema_version": 0,
          "attributes_flat": {
            "autoclass.#": "0",
            "cors.#": "0",
            "custom_placement_config.#": "0",
            "default_event_based_hold": "false",
            "encryption.#": "0",
            "force_destroy": "false",
            "id": "test-calitp-gtfs-schedule-validation",
            "labels.%": "0",
            "lifecycle_rule.#": "0",
            "location": "US-WEST2",
            "logging.#": "0",
            "name": "test-calitp-gtfs-schedule-validation",
            "project": "cal-itp-data-infra",
            "public_access_prevention": "inherited",
            "requester_pays": "false",
            "retention_policy.#": "0",
            "self_link": "https://www.googleapis.com/storage/v1/b/test-calitp-gtfs-schedule-validation",
            "storage_class": "STANDARD",
            "uniform_bucket_level_access": "true",
            "url": "gs://test-calitp-gtfs-schedule-validation",
            "versioning.#": "0",
            "website.#": "0"
          },
          "sensitive_attributes": []
        }
      ]
    },
    {
      "mode": "managed",
      "type": "google_storage_bucket",
      "name": "tfer--test-calitp-gtfs-schedule-validation-hourly",
      "provider": "provider[\"registry.terraform.io/hashicorp/google\"]",
      "instances": [
        {
          "schema_version": 0,
          "attributes_flat": {
            "autoclass.#": "0",
            "cors.#": "0",
            "custom_placement_config.#": "0",
            "default_event_based_hold": "false",
            "encryption.#": "0",
            "force_destroy": "false",
            "id": "test-calitp-gtfs-schedule-validation-hourly",
            "labels.%": "0",
            "lifecycle_rule.#": "0",
            "location": "US-WEST2",
            "logging.#": "0",
            "name": "test-calitp-gtfs-schedule-validation-hourly",
            "project": "cal-itp-data-infra",
            "public_access_prevention": "enforced",
            "requester_pays": "false",
            "retention_policy.#": "0",
            "self_link": "https://www.googleapis.com/storage/v1/b/test-calitp-gtfs-schedule-validation-hourly",
            "storage_class": "STANDARD",
            "uniform_bucket_level_access": "true",
            "url": "gs://test-calitp-gtfs-schedule-validation-hourly",
            "versioning.#": "0",
            "website.#": "0"
          },
          "sensitive_attributes": []
        }
      ]
    },
    {
      "mode": "managed",
      "type": "google_storage_bucket",
      "name": "tfer--test-calitp-ntd-api-products",
      "provider": "provider[\"registry.terraform.io/hashicorp/google\"]",
      "instances": [
        {
          "schema_version": 0,
          "attributes_flat": {
            "autoclass.#": "0",
            "cors.#": "0",
            "custom_placement_config.#": "0",
            "default_event_based_hold": "false",
            "encryption.#": "0",
            "force_destroy": "false",
            "id": "test-calitp-ntd-api-products",
            "labels.%": "0",
            "lifecycle_rule.#": "0",
            "location": "US",
            "logging.#": "0",
            "name": "test-calitp-ntd-api-products",
            "project": "cal-itp-data-infra",
            "public_access_prevention": "enforced",
            "requester_pays": "false",
            "retention_policy.#": "0",
            "self_link": "https://www.googleapis.com/storage/v1/b/test-calitp-ntd-api-products",
            "storage_class": "STANDARD",
            "uniform_bucket_level_access": "true",
            "url": "gs://test-calitp-ntd-api-products",
            "versioning.#": "0",
            "website.#": "0"
          },
          "sensitive_attributes": []
        }
      ]
    },
    {
      "mode": "managed",
      "type": "google_storage_bucket",
      "name": "tfer--test-calitp-ntd-data-products",
      "provider": "provider[\"registry.terraform.io/hashicorp/google\"]",
      "instances": [
        {
          "schema_version": 0,
          "attributes_flat": {
            "autoclass.#": "0",
            "cors.#": "0",
            "custom_placement_config.#": "0",
            "default_event_based_hold": "false",
            "encryption.#": "0",
            "force_destroy": "false",
            "id": "test-calitp-ntd-data-products",
            "labels.%": "0",
            "lifecycle_rule.#": "0",
            "location": "US-WEST2",
            "logging.#": "0",
            "name": "test-calitp-ntd-data-products",
            "project": "cal-itp-data-infra",
            "public_access_prevention": "enforced",
            "requester_pays": "false",
            "retention_policy.#": "0",
            "self_link": "https://www.googleapis.com/storage/v1/b/test-calitp-ntd-data-products",
            "storage_class": "STANDARD",
            "uniform_bucket_level_access": "true",
            "url": "gs://test-calitp-ntd-data-products",
            "versioning.#": "0",
            "website.#": "0"
          },
          "sensitive_attributes": []
        }
      ]
    },
    {
      "mode": "managed",
      "type": "google_storage_bucket",
      "name": "tfer--test-calitp-ntd-report-validation",
      "provider": "provider[\"registry.terraform.io/hashicorp/google\"]",
      "instances": [
        {
          "schema_version": 0,
          "attributes_flat": {
            "autoclass.#": "0",
            "cors.#": "0",
            "custom_placement_config.#": "0",
            "default_event_based_hold": "false",
            "encryption.#": "0",
            "force_destroy": "false",
            "id": "test-calitp-ntd-report-validation",
            "labels.%": "0",
            "lifecycle_rule.#": "0",
            "location": "US-WEST2",
            "logging.#": "0",
            "name": "test-calitp-ntd-report-validation",
            "project": "cal-itp-data-infra",
            "public_access_prevention": "enforced",
            "requester_pays": "false",
            "retention_policy.#": "0",
            "self_link": "https://www.googleapis.com/storage/v1/b/test-calitp-ntd-report-validation",
            "storage_class": "STANDARD",
            "uniform_bucket_level_access": "true",
            "url": "gs://test-calitp-ntd-report-validation",
            "versioning.#": "0",
            "website.#": "0"
          },
          "sensitive_attributes": []
        }
      ]
    },
    {
      "mode": "managed",
      "type": "google_storage_bucket",
      "name": "tfer--test-calitp-ntd-xlsx-products-clean",
      "provider": "provider[\"registry.terraform.io/hashicorp/google\"]",
      "instances": [
        {
          "schema_version": 0,
          "attributes_flat": {
            "autoclass.#": "0",
            "cors.#": "0",
            "custom_placement_config.#": "0",
            "default_event_based_hold": "false",
            "encryption.#": "0",
            "force_destroy": "false",
            "id": "test-calitp-ntd-xlsx-products-clean",
            "labels.%": "0",
            "lifecycle_rule.#": "0",
            "location": "US",
            "logging.#": "0",
            "name": "test-calitp-ntd-xlsx-products-clean",
            "project": "cal-itp-data-infra",
            "public_access_prevention": "enforced",
            "requester_pays": "false",
            "retention_policy.#": "0",
            "self_link": "https://www.googleapis.com/storage/v1/b/test-calitp-ntd-xlsx-products-clean",
            "storage_class": "STANDARD",
            "uniform_bucket_level_access": "true",
            "url": "gs://test-calitp-ntd-xlsx-products-clean",
            "versioning.#": "0",
            "website.#": "0"
          },
          "sensitive_attributes": []
        }
      ]
    },
    {
      "mode": "managed",
      "type": "google_storage_bucket",
      "name": "tfer--test-calitp-ntd-xlsx-products-raw",
      "provider": "provider[\"registry.terraform.io/hashicorp/google\"]",
      "instances": [
        {
          "schema_version": 0,
          "attributes_flat": {
            "autoclass.#": "0",
            "cors.#": "0",
            "custom_placement_config.#": "0",
            "default_event_based_hold": "false",
            "encryption.#": "0",
            "force_destroy": "false",
            "id": "test-calitp-ntd-xlsx-products-raw",
            "labels.%": "0",
            "lifecycle_rule.#": "0",
            "location": "US",
            "logging.#": "0",
            "name": "test-calitp-ntd-xlsx-products-raw",
            "project": "cal-itp-data-infra",
            "public_access_prevention": "enforced",
            "requester_pays": "false",
            "retention_policy.#": "0",
            "self_link": "https://www.googleapis.com/storage/v1/b/test-calitp-ntd-xlsx-products-raw",
            "storage_class": "STANDARD",
            "uniform_bucket_level_access": "true",
            "url": "gs://test-calitp-ntd-xlsx-products-raw",
            "versioning.#": "0",
            "website.#": "0"
          },
          "sensitive_attributes": []
        }
      ]
    },
    {
      "mode": "managed",
      "type": "google_storage_bucket",
      "name": "tfer--test-calitp-payments-littlepay-parsed",
      "provider": "provider[\"registry.terraform.io/hashicorp/google\"]",
      "instances": [
        {
          "schema_version": 0,
          "attributes_flat": {
            "autoclass.#": "0",
            "cors.#": "0",
            "custom_placement_config.#": "0",
            "default_event_based_hold": "false",
            "encryption.#": "0",
            "force_destroy": "false",
            "id": "test-calitp-payments-littlepay-parsed",
            "labels.%": "0",
            "lifecycle_rule.#": "0",
            "location": "US-WEST2",
            "logging.#": "0",
            "name": "test-calitp-payments-littlepay-parsed",
            "project": "cal-itp-data-infra",
            "public_access_prevention": "enforced",
            "requester_pays": "false",
            "retention_policy.#": "0",
            "self_link": "https://www.googleapis.com/storage/v1/b/test-calitp-payments-littlepay-parsed",
            "storage_class": "STANDARD",
            "uniform_bucket_level_access": "true",
            "url": "gs://test-calitp-payments-littlepay-parsed",
            "versioning.#": "0",
            "website.#": "0"
          },
          "sensitive_attributes": []
        }
      ]
    },
    {
      "mode": "managed",
      "type": "google_storage_bucket",
      "name": "tfer--test-calitp-payments-littlepay-raw",
      "provider": "provider[\"registry.terraform.io/hashicorp/google\"]",
      "instances": [
        {
          "schema_version": 0,
          "attributes_flat": {
            "autoclass.#": "0",
            "cors.#": "0",
            "custom_placement_config.#": "0",
            "default_event_based_hold": "false",
            "encryption.#": "0",
            "force_destroy": "false",
            "id": "test-calitp-payments-littlepay-raw",
            "labels.%": "0",
            "lifecycle_rule.#": "0",
            "location": "US-WEST2",
            "logging.#": "0",
            "name": "test-calitp-payments-littlepay-raw",
            "project": "cal-itp-data-infra",
            "public_access_prevention": "enforced",
            "requester_pays": "false",
            "retention_policy.#": "0",
            "self_link": "https://www.googleapis.com/storage/v1/b/test-calitp-payments-littlepay-raw",
            "storage_class": "STANDARD",
            "uniform_bucket_level_access": "true",
            "url": "gs://test-calitp-payments-littlepay-raw",
            "versioning.#": "0",
            "website.#": "0"
          },
          "sensitive_attributes": []
        }
      ]
    },
    {
      "mode": "managed",
      "type": "google_storage_bucket",
      "name": "tfer--test-calitp-publish",
      "provider": "provider[\"registry.terraform.io/hashicorp/google\"]",
      "instances": [
        {
          "schema_version": 0,
          "attributes_flat": {
            "autoclass.#": "0",
            "cors.#": "0",
            "custom_placement_config.#": "0",
            "default_event_based_hold": "false",
            "encryption.#": "0",
            "force_destroy": "false",
            "id": "test-calitp-publish",
            "labels.%": "0",
            "lifecycle_rule.#": "0",
            "location": "US-WEST2",
            "logging.#": "0",
            "name": "test-calitp-publish",
            "project": "cal-itp-data-infra",
            "public_access_prevention": "inherited",
            "requester_pays": "false",
            "retention_policy.#": "0",
            "self_link": "https://www.googleapis.com/storage/v1/b/test-calitp-publish",
            "storage_class": "STANDARD",
            "uniform_bucket_level_access": "true",
            "url": "gs://test-calitp-publish",
            "versioning.#": "0",
            "website.#": "0"
          },
          "sensitive_attributes": []
        }
      ]
    },
    {
      "mode": "managed",
      "type": "google_storage_bucket",
      "name": "tfer--test-calitp-publish-data-analysis",
      "provider": "provider[\"registry.terraform.io/hashicorp/google\"]",
      "instances": [
        {
          "schema_version": 0,
          "attributes_flat": {
            "autoclass.#": "0",
            "cors.#": "0",
            "custom_placement_config.#": "0",
            "default_event_based_hold": "false",
            "encryption.#": "0",
            "force_destroy": "false",
            "id": "test-calitp-publish-data-analysis",
            "labels.%": "0",
            "lifecycle_rule.#": "0",
            "location": "US-WEST2",
            "logging.#": "0",
            "name": "test-calitp-publish-data-analysis",
            "project": "cal-itp-data-infra",
            "public_access_prevention": "enforced",
            "requester_pays": "false",
            "retention_policy.#": "0",
            "self_link": "https://www.googleapis.com/storage/v1/b/test-calitp-publish-data-analysis",
            "storage_class": "STANDARD",
            "uniform_bucket_level_access": "true",
            "url": "gs://test-calitp-publish-data-analysis",
            "versioning.#": "0",
            "website.#": "0"
          },
          "sensitive_attributes": []
        }
      ]
    },
    {
      "mode": "managed",
      "type": "google_storage_bucket",
      "name": "tfer--test-calitp-reports-data",
      "provider": "provider[\"registry.terraform.io/hashicorp/google\"]",
      "instances": [
        {
          "schema_version": 0,
          "attributes_flat": {
            "autoclass.#": "0",
            "cors.#": "0",
            "custom_placement_config.#": "0",
            "default_event_based_hold": "false",
            "encryption.#": "0",
            "force_destroy": "false",
            "id": "test-calitp-reports-data",
            "labels.%": "0",
            "lifecycle_rule.#": "0",
            "location": "US-WEST2",
            "logging.#": "0",
            "name": "test-calitp-reports-data",
            "project": "cal-itp-data-infra",
            "public_access_prevention": "enforced",
            "requester_pays": "false",
            "retention_policy.#": "0",
            "self_link": "https://www.googleapis.com/storage/v1/b/test-calitp-reports-data",
            "storage_class": "STANDARD",
            "uniform_bucket_level_access": "true",
            "url": "gs://test-calitp-reports-data",
            "versioning.#": "0",
            "website.#": "0"
          },
          "sensitive_attributes": []
        }
      ]
    },
    {
      "mode": "managed",
      "type": "google_storage_bucket",
      "name": "tfer--test-calitp-sentry",
      "provider": "provider[\"registry.terraform.io/hashicorp/google\"]",
      "instances": [
        {
          "schema_version": 0,
          "attributes_flat": {
            "autoclass.#": "0",
            "cors.#": "0",
            "custom_placement_config.#": "0",
            "default_event_based_hold": "false",
            "encryption.#": "0",
            "force_destroy": "false",
            "id": "test-calitp-sentry",
            "labels.%": "0",
            "lifecycle_rule.#": "0",
            "location": "US-WEST2",
            "logging.#": "0",
            "name": "test-calitp-sentry",
            "project": "cal-itp-data-infra",
            "public_access_prevention": "enforced",
            "requester_pays": "false",
            "retention_policy.#": "0",
            "self_link": "https://www.googleapis.com/storage/v1/b/test-calitp-sentry",
            "storage_class": "STANDARD",
            "uniform_bucket_level_access": "true",
            "url": "gs://test-calitp-sentry",
            "versioning.#": "0",
            "website.#": "0"
          },
          "sensitive_attributes": []
        }
      ]
    },
    {
      "mode": "managed",
      "type": "google_storage_bucket",
      "name": "tfer--test-calitp-state-geoportal-scrape",
      "provider": "provider[\"registry.terraform.io/hashicorp/google\"]",
      "instances": [
        {
          "schema_version": 0,
          "attributes_flat": {
            "autoclass.#": "0",
            "cors.#": "0",
            "custom_placement_config.#": "0",
            "default_event_based_hold": "false",
            "encryption.#": "0",
            "force_destroy": "false",
            "id": "test-calitp-state-geoportal-scrape",
            "labels.%": "0",
            "lifecycle_rule.#": "0",
            "location": "US",
            "logging.#": "0",
            "name": "test-calitp-state-geoportal-scrape",
            "project": "cal-itp-data-infra",
            "public_access_prevention": "enforced",
            "requester_pays": "false",
            "retention_policy.#": "0",
            "self_link": "https://www.googleapis.com/storage/v1/b/test-calitp-state-geoportal-scrape",
            "storage_class": "STANDARD",
            "uniform_bucket_level_access": "true",
            "url": "gs://test-calitp-state-geoportal-scrape",
            "versioning.#": "0",
            "website.#": "0"
          },
          "sensitive_attributes": []
        }
      ]
    },
    {
      "mode": "managed",
      "type": "google_storage_bucket",
      "name": "tfer--test-rt-parsed",
      "provider": "provider[\"registry.terraform.io/hashicorp/google\"]",
      "instances": [
        {
          "schema_version": 0,
          "attributes_flat": {
            "autoclass.#": "0",
            "cors.#": "0",
            "custom_placement_config.#": "0",
            "default_event_based_hold": "false",
            "encryption.#": "0",
            "force_destroy": "false",
            "id": "test-rt-parsed",
            "labels.%": "0",
            "lifecycle_rule.#": "0",
            "location": "US-WEST2",
            "logging.#": "0",
            "name": "test-rt-parsed",
            "project": "cal-itp-data-infra",
            "public_access_prevention": "inherited",
            "requester_pays": "false",
            "retention_policy.#": "0",
            "self_link": "https://www.googleapis.com/storage/v1/b/test-rt-parsed",
            "storage_class": "STANDARD",
            "uniform_bucket_level_access": "true",
            "url": "gs://test-rt-parsed",
            "versioning.#": "0",
            "website.#": "0"
          },
          "sensitive_attributes": []
        }
      ]
    },
    {
      "mode": "managed",
      "type": "google_storage_bucket",
      "name": "tfer--test-rt-validations",
      "provider": "provider[\"registry.terraform.io/hashicorp/google\"]",
      "instances": [
        {
          "schema_version": 0,
          "attributes_flat": {
            "autoclass.#": "0",
            "cors.#": "0",
            "custom_placement_config.#": "0",
            "default_event_based_hold": "false",
            "encryption.#": "0",
            "force_destroy": "false",
            "id": "test-rt-validations",
            "labels.%": "0",
            "lifecycle_rule.#": "0",
            "location": "US-WEST2",
            "logging.#": "0",
            "name": "test-rt-validations",
            "project": "cal-itp-data-infra",
            "public_access_prevention": "inherited",
            "requester_pays": "false",
            "retention_policy.#": "0",
            "self_link": "https://www.googleapis.com/storage/v1/b/test-rt-validations",
            "storage_class": "STANDARD",
            "uniform_bucket_level_access": "true",
            "url": "gs://test-rt-validations",
            "versioning.#": "0",
            "website.#": "0"
          },
          "sensitive_attributes": []
        }
      ]
    },
    {
      "mode": "managed",
      "type": "google_storage_bucket",
      "name": "tfer--us-002E-artifacts-002E-cal-itp-data-infra-002E-appspot-002E-com",
      "provider": "provider[\"registry.terraform.io/hashicorp/google\"]",
      "instances": [
        {
          "schema_version": 0,
          "attributes_flat": {
            "autoclass.#": "0",
            "cors.#": "0",
            "custom_placement_config.#": "0",
            "default_event_based_hold": "false",
            "encryption.#": "0",
            "force_destroy": "false",
            "id": "us.artifacts.cal-itp-data-infra.appspot.com",
            "labels.%": "0",
            "lifecycle_rule.#": "0",
            "location": "US",
            "logging.#": "0",
            "name": "us.artifacts.cal-itp-data-infra.appspot.com",
            "project": "cal-itp-data-infra",
            "public_access_prevention": "inherited",
            "requester_pays": "false",
            "retention_policy.#": "0",
            "self_link": "https://www.googleapis.com/storage/v1/b/us.artifacts.cal-itp-data-infra.appspot.com",
            "storage_class": "STANDARD",
            "uniform_bucket_level_access": "false",
            "url": "gs://us.artifacts.cal-itp-data-infra.appspot.com",
            "versioning.#": "0",
            "website.#": "0"
          },
          "sensitive_attributes": []
        }
      ]
    },
    {
      "mode": "managed",
      "type": "google_storage_bucket",
      "name": "tfer--us-west2-calitp-airflow2-pr-171e4e47-bucket",
      "provider": "provider[\"registry.terraform.io/hashicorp/google\"]",
      "instances": [
        {
          "schema_version": 0,
          "attributes_flat": {
            "autoclass.#": "0",
            "cors.#": "0",
            "custom_placement_config.#": "0",
            "default_event_based_hold": "false",
            "encryption.#": "0",
            "force_destroy": "false",
            "id": "us-west2-calitp-airflow2-pr-171e4e47-bucket",
            "labels.%": "5",
            "labels.goog-composer-environment": "calitp-airflow2-prod",
            "labels.goog-composer-environment-deleted": "true",
            "labels.goog-composer-environment-uuid": "8731c3aa-7c40-4da7-9bf6-6aa1759ec2ec",
            "labels.goog-composer-location": "us-west2",
            "labels.goog-composer-version": "composer-1-20-6-airflow-2-4-3",
            "lifecycle_rule.#": "0",
            "location": "US-WEST2",
            "logging.#": "0",
            "name": "us-west2-calitp-airflow2-pr-171e4e47-bucket",
            "project": "cal-itp-data-infra",
            "public_access_prevention": "inherited",
            "requester_pays": "false",
            "retention_policy.#": "0",
            "self_link": "https://www.googleapis.com/storage/v1/b/us-west2-calitp-airflow2-pr-171e4e47-bucket",
            "storage_class": "STANDARD",
            "uniform_bucket_level_access": "false",
            "url": "gs://us-west2-calitp-airflow2-pr-171e4e47-bucket",
            "versioning.#": "0",
            "website.#": "0"
          },
          "sensitive_attributes": []
        }
      ]
    },
    {
      "mode": "managed",
      "type": "google_storage_bucket",
      "name": "tfer--us-west2-calitp-airflow2-pr-31e41084-bucket",
      "provider": "provider[\"registry.terraform.io/hashicorp/google\"]",
      "instances": [
        {
          "schema_version": 0,
          "attributes_flat": {
            "autoclass.#": "0",
            "cors.#": "0",
            "custom_placement_config.#": "0",
            "default_event_based_hold": "false",
            "encryption.#": "0",
            "force_destroy": "false",
            "id": "us-west2-calitp-airflow2-pr-31e41084-bucket",
            "labels.%": "5",
            "labels.goog-composer-environment": "calitp-airflow2-prod-composer2",
            "labels.goog-composer-environment-deleted": "true",
            "labels.goog-composer-environment-uuid": "43d3f4a4-235d-4f04-addc-6d86e6542b09",
            "labels.goog-composer-location": "us-west2",
            "labels.goog-composer-version": "composer-2-6-0-airflow-2-5-3",
            "lifecycle_rule.#": "0",
            "location": "US-WEST2",
            "logging.#": "0",
            "name": "us-west2-calitp-airflow2-pr-31e41084-bucket",
            "project": "cal-itp-data-infra",
            "public_access_prevention": "inherited",
            "requester_pays": "false",
            "retention_policy.#": "0",
            "self_link": "https://www.googleapis.com/storage/v1/b/us-west2-calitp-airflow2-pr-31e41084-bucket",
            "storage_class": "STANDARD",
            "uniform_bucket_level_access": "false",
            "url": "gs://us-west2-calitp-airflow2-pr-31e41084-bucket",
            "versioning.#": "0",
            "website.#": "0"
          },
          "sensitive_attributes": []
        }
      ]
    },
    {
      "mode": "managed",
      "type": "google_storage_bucket",
      "name": "tfer--us-west2-calitp-airflow2-pr-88ca8ec6-bucket",
      "provider": "provider[\"registry.terraform.io/hashicorp/google\"]",
      "instances": [
        {
          "schema_version": 0,
          "attributes_flat": {
            "autoclass.#": "0",
            "cors.#": "0",
            "custom_placement_config.#": "0",
            "default_event_based_hold": "false",
            "encryption.#": "0",
            "force_destroy": "false",
            "id": "us-west2-calitp-airflow2-pr-88ca8ec6-bucket",
            "labels.%": "4",
            "labels.goog-composer-environment": "calitp-airflow2-prod-composer2-patch",
            "labels.goog-composer-environment-uuid": "b2062ffc-a77d-44a2-8b4e-05f8f5bf4996",
            "labels.goog-composer-location": "us-west2",
            "labels.goog-composer-version": "composer-2-6-0-airflow-2-5-3",
            "lifecycle_rule.#": "0",
            "location": "US-WEST2",
            "logging.#": "0",
            "name": "us-west2-calitp-airflow2-pr-88ca8ec6-bucket",
            "project": "cal-itp-data-infra",
            "public_access_prevention": "inherited",
            "requester_pays": "false",
            "retention_policy.#": "0",
            "self_link": "https://www.googleapis.com/storage/v1/b/us-west2-calitp-airflow2-pr-88ca8ec6-bucket",
            "storage_class": "STANDARD",
            "uniform_bucket_level_access": "false",
            "url": "gs://us-west2-calitp-airflow2-pr-88ca8ec6-bucket",
            "versioning.#": "0",
            "website.#": "0"
          },
          "sensitive_attributes": []
        }
      ]
    },
    {
      "mode": "managed",
      "type": "google_storage_bucket_acl",
      "name": "tfer--analysis-output-models",
      "provider": "provider[\"registry.terraform.io/hashicorp/google\"]",
      "instances": [
        {
          "schema_version": 0,
          "attributes_flat": {
            "bucket": "analysis-output-models",
            "id": "analysis-output-models",
            "role_entity.#": "0"
          },
          "sensitive_attributes": []
        }
      ]
    },
    {
      "mode": "managed",
      "type": "google_storage_bucket_acl",
      "name": "tfer--artifacts-002E-cal-itp-data-infra-002E-appspot-002E-com",
      "provider": "provider[\"registry.terraform.io/hashicorp/google\"]",
      "instances": [
        {
          "schema_version": 0,
          "attributes_flat": {
            "bucket": "artifacts.cal-itp-data-infra.appspot.com",
            "id": "artifacts.cal-itp-data-infra.appspot.com",
            "role_entity.#": "0"
          },
          "sensitive_attributes": []
        }
      ]
    },
    {
      "mode": "managed",
      "type": "google_storage_bucket_acl",
      "name": "tfer--cal-itp-data-infra-002E-appspot-002E-com",
      "provider": "provider[\"registry.terraform.io/hashicorp/google\"]",
      "instances": [
        {
          "schema_version": 0,
          "attributes_flat": {
            "bucket": "cal-itp-data-infra.appspot.com",
            "id": "cal-itp-data-infra.appspot.com",
            "role_entity.#": "0"
          },
          "sensitive_attributes": []
        }
      ]
    },
    {
      "mode": "managed",
      "type": "google_storage_bucket_acl",
      "name": "tfer--calitp-aggregator-scraper",
      "provider": "provider[\"registry.terraform.io/hashicorp/google\"]",
      "instances": [
        {
          "schema_version": 0,
          "attributes_flat": {
            "bucket": "calitp-aggregator-scraper",
            "id": "calitp-aggregator-scraper",
            "role_entity.#": "0"
          },
          "sensitive_attributes": []
        }
      ]
    },
    {
      "mode": "managed",
      "type": "google_storage_bucket_acl",
      "name": "tfer--calitp-airtable",
      "provider": "provider[\"registry.terraform.io/hashicorp/google\"]",
      "instances": [
        {
          "schema_version": 0,
          "attributes_flat": {
            "bucket": "calitp-airtable",
            "id": "calitp-airtable",
            "role_entity.#": "0"
          },
          "sensitive_attributes": []
        }
      ]
    },
    {
      "mode": "managed",
      "type": "google_storage_bucket_acl",
      "name": "tfer--calitp-amplitude-benefits-events",
      "provider": "provider[\"registry.terraform.io/hashicorp/google\"]",
      "instances": [
        {
          "schema_version": 0,
          "attributes_flat": {
            "bucket": "calitp-amplitude-benefits-events",
            "id": "calitp-amplitude-benefits-events",
            "role_entity.#": "0"
          },
          "sensitive_attributes": []
        }
      ]
    },
    {
      "mode": "managed",
      "type": "google_storage_bucket_acl",
      "name": "tfer--calitp-analytics-data",
      "provider": "provider[\"registry.terraform.io/hashicorp/google\"]",
      "instances": [
        {
          "schema_version": 0,
          "attributes_flat": {
            "bucket": "calitp-analytics-data",
            "id": "calitp-analytics-data",
            "role_entity.#": "0"
          },
          "sensitive_attributes": []
        }
      ]
    },
    {
      "mode": "managed",
      "type": "google_storage_bucket_acl",
      "name": "tfer--calitp-backups-grafana",
      "provider": "provider[\"registry.terraform.io/hashicorp/google\"]",
      "instances": [
        {
          "schema_version": 0,
          "attributes_flat": {
            "bucket": "calitp-backups-grafana",
            "id": "calitp-backups-grafana",
            "role_entity.#": "0"
          },
          "sensitive_attributes": []
        }
      ]
    },
    {
      "mode": "managed",
      "type": "google_storage_bucket_acl",
      "name": "tfer--calitp-backups-metabase",
      "provider": "provider[\"registry.terraform.io/hashicorp/google\"]",
      "instances": [
        {
          "schema_version": 0,
          "attributes_flat": {
            "bucket": "calitp-backups-metabase",
            "id": "calitp-backups-metabase",
            "role_entity.#": "0"
          },
          "sensitive_attributes": []
        }
      ]
    },
    {
      "mode": "managed",
      "type": "google_storage_bucket_acl",
      "name": "tfer--calitp-backups-sentry",
      "provider": "provider[\"registry.terraform.io/hashicorp/google\"]",
      "instances": [
        {
          "schema_version": 0,
          "attributes_flat": {
            "bucket": "calitp-backups-sentry",
            "id": "calitp-backups-sentry",
            "role_entity.#": "0"
          },
          "sensitive_attributes": []
        }
      ]
    },
    {
      "mode": "managed",
      "type": "google_storage_bucket_acl",
      "name": "tfer--calitp-backups-test",
      "provider": "provider[\"registry.terraform.io/hashicorp/google\"]",
      "instances": [
        {
          "schema_version": 0,
          "attributes_flat": {
            "bucket": "calitp-backups-test",
            "id": "calitp-backups-test",
            "role_entity.#": "0"
          },
          "sensitive_attributes": []
        }
      ]
    },
    {
      "mode": "managed",
      "type": "google_storage_bucket_acl",
      "name": "tfer--calitp-ci-artifacts",
      "provider": "provider[\"registry.terraform.io/hashicorp/google\"]",
      "instances": [
        {
          "schema_version": 0,
          "attributes_flat": {
            "bucket": "calitp-ci-artifacts",
            "id": "calitp-ci-artifacts",
            "role_entity.#": "0"
          },
          "sensitive_attributes": []
        }
      ]
    },
    {
      "mode": "managed",
      "type": "google_storage_bucket_acl",
      "name": "tfer--calitp-dbt-artifacts",
      "provider": "provider[\"registry.terraform.io/hashicorp/google\"]",
      "instances": [
        {
          "schema_version": 0,
          "attributes_flat": {
            "bucket": "calitp-dbt-artifacts",
            "id": "calitp-dbt-artifacts",
            "role_entity.#": "0"
          },
          "sensitive_attributes": []
        }
      ]
    },
    {
      "mode": "managed",
      "type": "google_storage_bucket_acl",
      "name": "tfer--calitp-dbt-python-models",
      "provider": "provider[\"registry.terraform.io/hashicorp/google\"]",
      "instances": [
        {
          "schema_version": 0,
          "attributes_flat": {
            "bucket": "calitp-dbt-python-models",
            "id": "calitp-dbt-python-models",
            "role_entity.#": "0"
          },
          "sensitive_attributes": []
        }
      ]
    },
    {
      "mode": "managed",
      "type": "google_storage_bucket_acl",
      "name": "tfer--calitp-elavon-parsed",
      "provider": "provider[\"registry.terraform.io/hashicorp/google\"]",
      "instances": [
        {
          "schema_version": 0,
          "attributes_flat": {
            "bucket": "calitp-elavon-parsed",
            "id": "calitp-elavon-parsed",
            "role_entity.#": "0"
          },
          "sensitive_attributes": []
        }
      ]
    },
    {
      "mode": "managed",
      "type": "google_storage_bucket_acl",
      "name": "tfer--calitp-elavon-raw",
      "provider": "provider[\"registry.terraform.io/hashicorp/google\"]",
      "instances": [
        {
          "schema_version": 0,
          "attributes_flat": {
            "bucket": "calitp-elavon-raw",
            "id": "calitp-elavon-raw",
            "role_entity.#": "0"
          },
          "sensitive_attributes": []
        }
      ]
    },
    {
      "mode": "managed",
      "type": "google_storage_bucket_acl",
      "name": "tfer--calitp-gtfs-download-config",
      "provider": "provider[\"registry.terraform.io/hashicorp/google\"]",
      "instances": [
        {
          "schema_version": 0,
          "attributes_flat": {
            "bucket": "calitp-gtfs-download-config",
            "id": "calitp-gtfs-download-config",
            "role_entity.#": "0"
          },
          "sensitive_attributes": []
        }
      ]
    },
    {
      "mode": "managed",
      "type": "google_storage_bucket_acl",
      "name": "tfer--calitp-gtfs-rt-parsed",
      "provider": "provider[\"registry.terraform.io/hashicorp/google\"]",
      "instances": [
        {
          "schema_version": 0,
          "attributes_flat": {
            "bucket": "calitp-gtfs-rt-parsed",
            "id": "calitp-gtfs-rt-parsed",
            "role_entity.#": "0"
          },
          "sensitive_attributes": []
        }
      ]
    },
    {
      "mode": "managed",
      "type": "google_storage_bucket_acl",
      "name": "tfer--calitp-gtfs-rt-raw-deprecated",
      "provider": "provider[\"registry.terraform.io/hashicorp/google\"]",
      "instances": [
        {
          "schema_version": 0,
          "attributes_flat": {
            "bucket": "calitp-gtfs-rt-raw-deprecated",
            "id": "calitp-gtfs-rt-raw-deprecated",
            "role_entity.#": "0"
          },
          "sensitive_attributes": []
        }
      ]
    },
    {
      "mode": "managed",
      "type": "google_storage_bucket_acl",
      "name": "tfer--calitp-gtfs-rt-raw-v2",
      "provider": "provider[\"registry.terraform.io/hashicorp/google\"]",
      "instances": [
        {
          "schema_version": 0,
          "attributes_flat": {
            "bucket": "calitp-gtfs-rt-raw-v2",
            "id": "calitp-gtfs-rt-raw-v2",
            "role_entity.#": "0"
          },
          "sensitive_attributes": []
        }
      ]
    },
    {
      "mode": "managed",
      "type": "google_storage_bucket_acl",
      "name": "tfer--calitp-gtfs-rt-validation",
      "provider": "provider[\"registry.terraform.io/hashicorp/google\"]",
      "instances": [
        {
          "schema_version": 0,
          "attributes_flat": {
            "bucket": "calitp-gtfs-rt-validation",
            "id": "calitp-gtfs-rt-validation",
            "role_entity.#": "0"
          },
          "sensitive_attributes": []
        }
      ]
    },
    {
      "mode": "managed",
      "type": "google_storage_bucket_acl",
      "name": "tfer--calitp-gtfs-schedule-parsed",
      "provider": "provider[\"registry.terraform.io/hashicorp/google\"]",
      "instances": [
        {
          "schema_version": 0,
          "attributes_flat": {
            "bucket": "calitp-gtfs-schedule-parsed",
            "id": "calitp-gtfs-schedule-parsed",
            "role_entity.#": "0"
          },
          "sensitive_attributes": []
        }
      ]
    },
    {
      "mode": "managed",
      "type": "google_storage_bucket_acl",
      "name": "tfer--calitp-gtfs-schedule-parsed-hourly",
      "provider": "provider[\"registry.terraform.io/hashicorp/google\"]",
      "instances": [
        {
          "schema_version": 0,
          "attributes_flat": {
            "bucket": "calitp-gtfs-schedule-parsed-hourly",
            "id": "calitp-gtfs-schedule-parsed-hourly",
            "role_entity.#": "0"
          },
          "sensitive_attributes": []
        }
      ]
    },
    {
      "mode": "managed",
      "type": "google_storage_bucket_acl",
      "name": "tfer--calitp-gtfs-schedule-raw-v2",
      "provider": "provider[\"registry.terraform.io/hashicorp/google\"]",
      "instances": [
        {
          "schema_version": 0,
          "attributes_flat": {
            "bucket": "calitp-gtfs-schedule-raw-v2",
            "id": "calitp-gtfs-schedule-raw-v2",
            "role_entity.#": "0"
          },
          "sensitive_attributes": []
        }
      ]
    },
    {
      "mode": "managed",
      "type": "google_storage_bucket_acl",
      "name": "tfer--calitp-gtfs-schedule-unzipped",
      "provider": "provider[\"registry.terraform.io/hashicorp/google\"]",
      "instances": [
        {
          "schema_version": 0,
          "attributes_flat": {
            "bucket": "calitp-gtfs-schedule-unzipped",
            "id": "calitp-gtfs-schedule-unzipped",
            "role_entity.#": "0"
          },
          "sensitive_attributes": []
        }
      ]
    },
    {
      "mode": "managed",
      "type": "google_storage_bucket_acl",
      "name": "tfer--calitp-gtfs-schedule-unzipped-hourly",
      "provider": "provider[\"registry.terraform.io/hashicorp/google\"]",
      "instances": [
        {
          "schema_version": 0,
          "attributes_flat": {
            "bucket": "calitp-gtfs-schedule-unzipped-hourly",
            "id": "calitp-gtfs-schedule-unzipped-hourly",
            "role_entity.#": "0"
          },
          "sensitive_attributes": []
        }
      ]
    },
    {
      "mode": "managed",
      "type": "google_storage_bucket_acl",
      "name": "tfer--calitp-gtfs-schedule-validation",
      "provider": "provider[\"registry.terraform.io/hashicorp/google\"]",
      "instances": [
        {
          "schema_version": 0,
          "attributes_flat": {
            "bucket": "calitp-gtfs-schedule-validation",
            "id": "calitp-gtfs-schedule-validation",
            "role_entity.#": "0"
          },
          "sensitive_attributes": []
        }
      ]
    },
    {
      "mode": "managed",
      "type": "google_storage_bucket_acl",
      "name": "tfer--calitp-gtfs-schedule-validation-hourly",
      "provider": "provider[\"registry.terraform.io/hashicorp/google\"]",
      "instances": [
        {
          "schema_version": 0,
          "attributes_flat": {
            "bucket": "calitp-gtfs-schedule-validation-hourly",
            "id": "calitp-gtfs-schedule-validation-hourly",
            "role_entity.#": "0"
          },
          "sensitive_attributes": []
        }
      ]
    },
    {
      "mode": "managed",
      "type": "google_storage_bucket_acl",
      "name": "tfer--calitp-jamesl-gcp-components-tfstate",
      "provider": "provider[\"registry.terraform.io/hashicorp/google\"]",
      "instances": [
        {
          "schema_version": 0,
          "attributes_flat": {
            "bucket": "calitp-jamesl-gcp-components-tfstate",
            "id": "calitp-jamesl-gcp-components-tfstate",
            "role_entity.#": "0"
          },
          "sensitive_attributes": []
        }
      ]
    },
    {
      "mode": "managed",
      "type": "google_storage_bucket_acl",
      "name": "tfer--calitp-map-tiles",
      "provider": "provider[\"registry.terraform.io/hashicorp/google\"]",
      "instances": [
        {
          "schema_version": 0,
          "attributes_flat": {
            "bucket": "calitp-map-tiles",
            "id": "calitp-map-tiles",
            "role_entity.#": "0"
          },
          "sensitive_attributes": []
        }
      ]
    },
    {
      "mode": "managed",
      "type": "google_storage_bucket_acl",
      "name": "tfer--calitp-metabase-data-public",
      "provider": "provider[\"registry.terraform.io/hashicorp/google\"]",
      "instances": [
        {
          "schema_version": 0,
          "attributes_flat": {
            "bucket": "calitp-metabase-data-public",
            "id": "calitp-metabase-data-public",
            "role_entity.#": "0"
          },
          "sensitive_attributes": []
        }
      ]
    },
    {
      "mode": "managed",
      "type": "google_storage_bucket_acl",
      "name": "tfer--calitp-ntd-api-products",
      "provider": "provider[\"registry.terraform.io/hashicorp/google\"]",
      "instances": [
        {
          "schema_version": 0,
          "attributes_flat": {
            "bucket": "calitp-ntd-api-products",
            "id": "calitp-ntd-api-products",
            "role_entity.#": "0"
          },
          "sensitive_attributes": []
        }
      ]
    },
    {
      "mode": "managed",
      "type": "google_storage_bucket_acl",
      "name": "tfer--calitp-ntd-data-products",
      "provider": "provider[\"registry.terraform.io/hashicorp/google\"]",
      "instances": [
        {
          "schema_version": 0,
          "attributes_flat": {
            "bucket": "calitp-ntd-data-products",
            "id": "calitp-ntd-data-products",
            "role_entity.#": "0"
          },
          "sensitive_attributes": []
        }
      ]
    },
    {
      "mode": "managed",
      "type": "google_storage_bucket_acl",
      "name": "tfer--calitp-ntd-report-validation",
      "provider": "provider[\"registry.terraform.io/hashicorp/google\"]",
      "instances": [
        {
          "schema_version": 0,
          "attributes_flat": {
            "bucket": "calitp-ntd-report-validation",
            "id": "calitp-ntd-report-validation",
            "role_entity.#": "0"
          },
          "sensitive_attributes": []
        }
      ]
    },
    {
      "mode": "managed",
      "type": "google_storage_bucket_acl",
      "name": "tfer--calitp-ntd-xlsx-products-clean",
      "provider": "provider[\"registry.terraform.io/hashicorp/google\"]",
      "instances": [
        {
          "schema_version": 0,
          "attributes_flat": {
            "bucket": "calitp-ntd-xlsx-products-clean",
            "id": "calitp-ntd-xlsx-products-clean",
            "role_entity.#": "0"
          },
          "sensitive_attributes": []
        }
      ]
    },
    {
      "mode": "managed",
      "type": "google_storage_bucket_acl",
      "name": "tfer--calitp-ntd-xlsx-products-raw",
      "provider": "provider[\"registry.terraform.io/hashicorp/google\"]",
      "instances": [
        {
          "schema_version": 0,
          "attributes_flat": {
            "bucket": "calitp-ntd-xlsx-products-raw",
            "id": "calitp-ntd-xlsx-products-raw",
            "role_entity.#": "0"
          },
          "sensitive_attributes": []
        }
      ]
    },
    {
      "mode": "managed",
      "type": "google_storage_bucket_acl",
      "name": "tfer--calitp-payments-littlepay-parsed",
      "provider": "provider[\"registry.terraform.io/hashicorp/google\"]",
      "instances": [
        {
          "schema_version": 0,
          "attributes_flat": {
            "bucket": "calitp-payments-littlepay-parsed",
            "id": "calitp-payments-littlepay-parsed",
            "role_entity.#": "0"
          },
          "sensitive_attributes": []
        }
      ]
    },
    {
      "mode": "managed",
      "type": "google_storage_bucket_acl",
      "name": "tfer--calitp-payments-littlepay-raw",
      "provider": "provider[\"registry.terraform.io/hashicorp/google\"]",
      "instances": [
        {
          "schema_version": 0,
          "attributes_flat": {
            "bucket": "calitp-payments-littlepay-raw",
            "id": "calitp-payments-littlepay-raw",
            "role_entity.#": "0"
          },
          "sensitive_attributes": []
        }
      ]
    },
    {
      "mode": "managed",
      "type": "google_storage_bucket_acl",
      "name": "tfer--calitp-prod-gcp-components-tfstate",
      "provider": "provider[\"registry.terraform.io/hashicorp/google\"]",
      "instances": [
        {
          "schema_version": 0,
          "attributes_flat": {
            "bucket": "calitp-prod-gcp-components-tfstate",
            "id": "calitp-prod-gcp-components-tfstate",
            "role_entity.#": "0"
          },
          "sensitive_attributes": []
        }
      ]
    },
    {
      "mode": "managed",
      "type": "google_storage_bucket_acl",
      "name": "tfer--calitp-publish",
      "provider": "provider[\"registry.terraform.io/hashicorp/google\"]",
      "instances": [
        {
          "schema_version": 0,
          "attributes_flat": {
            "bucket": "calitp-publish",
            "id": "calitp-publish",
            "role_entity.#": "0"
          },
          "sensitive_attributes": []
        }
      ]
    },
    {
      "mode": "managed",
      "type": "google_storage_bucket_acl",
      "name": "tfer--calitp-publish-data-analysis",
      "provider": "provider[\"registry.terraform.io/hashicorp/google\"]",
      "instances": [
        {
          "schema_version": 0,
          "attributes_flat": {
            "bucket": "calitp-publish-data-analysis",
            "id": "calitp-publish-data-analysis",
            "role_entity.#": "0"
          },
          "sensitive_attributes": []
        }
      ]
    },
    {
      "mode": "managed",
      "type": "google_storage_bucket_acl",
      "name": "tfer--calitp-reports-data",
      "provider": "provider[\"registry.terraform.io/hashicorp/google\"]",
      "instances": [
        {
          "schema_version": 0,
          "attributes_flat": {
            "bucket": "calitp-reports-data",
            "id": "calitp-reports-data",
            "role_entity.#": "0"
          },
          "sensitive_attributes": []
        }
      ]
    },
    {
      "mode": "managed",
      "type": "google_storage_bucket_acl",
      "name": "tfer--calitp-state-geoportal-scrape",
      "provider": "provider[\"registry.terraform.io/hashicorp/google\"]",
      "instances": [
        {
          "schema_version": 0,
          "attributes_flat": {
            "bucket": "calitp-state-geoportal-scrape",
            "id": "calitp-state-geoportal-scrape",
            "role_entity.#": "0"
          },
          "sensitive_attributes": []
        }
      ]
    },
    {
      "mode": "managed",
      "type": "google_storage_bucket_acl",
      "name": "tfer--calitp-state-highway-network-stops",
      "provider": "provider[\"registry.terraform.io/hashicorp/google\"]",
      "instances": [
        {
          "schema_version": 0,
          "attributes_flat": {
            "bucket": "calitp-state-highway-network-stops",
            "id": "calitp-state-highway-network-stops",
            "role_entity.#": "0"
          },
          "sensitive_attributes": []
        }
      ]
    },
    {
      "mode": "managed",
      "type": "google_storage_bucket_acl",
      "name": "tfer--cold-storage-outputs-gtfs-data-test",
      "provider": "provider[\"registry.terraform.io/hashicorp/google\"]",
      "instances": [
        {
          "schema_version": 0,
          "attributes_flat": {
            "bucket": "cold-storage-outputs-gtfs-data-test",
            "id": "cold-storage-outputs-gtfs-data-test",
            "role_entity.#": "0"
          },
          "sensitive_attributes": []
        }
      ]
    },
    {
      "mode": "managed",
      "type": "google_storage_bucket_acl",
      "name": "tfer--cold-storage-outputs-gtfs-data-test-charlie-test",
      "provider": "provider[\"registry.terraform.io/hashicorp/google\"]",
      "instances": [
        {
          "schema_version": 0,
          "attributes_flat": {
            "bucket": "cold-storage-outputs-gtfs-data-test-charlie-test",
            "id": "cold-storage-outputs-gtfs-data-test-charlie-test",
            "role_entity.#": "0"
          },
          "sensitive_attributes": []
        }
      ]
    },
    {
      "mode": "managed",
      "type": "google_storage_bucket_acl",
      "name": "tfer--dataproc-staging-us-west2-1005246706141-sfgmtgyp",
      "provider": "provider[\"registry.terraform.io/hashicorp/google\"]",
      "instances": [
        {
          "schema_version": 0,
          "attributes_flat": {
            "bucket": "dataproc-staging-us-west2-1005246706141-sfgmtgyp",
            "id": "dataproc-staging-us-west2-1005246706141-sfgmtgyp",
            "role_entity.#": "0"
          },
          "sensitive_attributes": []
        }
      ]
    },
    {
      "mode": "managed",
      "type": "google_storage_bucket_acl",
      "name": "tfer--dataproc-temp-us-west2-1005246706141-x9mtxbwg",
      "provider": "provider[\"registry.terraform.io/hashicorp/google\"]",
      "instances": [
        {
          "schema_version": 0,
          "attributes_flat": {
            "bucket": "dataproc-temp-us-west2-1005246706141-x9mtxbwg",
            "id": "dataproc-temp-us-west2-1005246706141-x9mtxbwg",
            "role_entity.#": "0"
          },
          "sensitive_attributes": []
        }
      ]
    },
    {
      "mode": "managed",
      "type": "google_storage_bucket_acl",
      "name": "tfer--dev-calitp-aggregator-scraper",
      "provider": "provider[\"registry.terraform.io/hashicorp/google\"]",
      "instances": [
        {
          "schema_version": 0,
          "attributes_flat": {
            "bucket": "dev-calitp-aggregator-scraper",
            "id": "dev-calitp-aggregator-scraper",
            "role_entity.#": "0"
          },
          "sensitive_attributes": []
        }
      ]
    },
    {
      "mode": "managed",
      "type": "google_storage_bucket_acl",
      "name": "tfer--dev-calitp-gtfs-rt-raw",
      "provider": "provider[\"registry.terraform.io/hashicorp/google\"]",
      "instances": [
        {
          "schema_version": 0,
          "attributes_flat": {
            "bucket": "dev-calitp-gtfs-rt-raw",
            "id": "dev-calitp-gtfs-rt-raw",
            "role_entity.#": "0"
          },
          "sensitive_attributes": []
        }
      ]
    },
    {
      "mode": "managed",
      "type": "google_storage_bucket_acl",
      "name": "tfer--dev-calitp-test-sandbox",
      "provider": "provider[\"registry.terraform.io/hashicorp/google\"]",
      "instances": [
        {
          "schema_version": 0,
          "attributes_flat": {
            "bucket": "dev-calitp-test-sandbox",
            "id": "dev-calitp-test-sandbox",
            "role_entity.#": "0"
          },
          "sensitive_attributes": []
        }
      ]
    },
    {
      "mode": "managed",
      "type": "google_storage_bucket_acl",
      "name": "tfer--export-ysjqwvyxc4ti3jmahojq",
      "provider": "provider[\"registry.terraform.io/hashicorp/google\"]",
      "instances": [
        {
          "schema_version": 0,
          "attributes_flat": {
            "bucket": "export-ysjqwvyxc4ti3jmahojq",
            "id": "export-ysjqwvyxc4ti3jmahojq",
            "role_entity.#": "0"
          },
          "sensitive_attributes": []
        }
      ]
    },
    {
      "mode": "managed",
      "type": "google_storage_bucket_acl",
      "name": "tfer--gtfs-data",
      "provider": "provider[\"registry.terraform.io/hashicorp/google\"]",
      "instances": [
        {
          "schema_version": 0,
          "attributes_flat": {
            "bucket": "gtfs-data",
            "id": "gtfs-data",
            "role_entity.#": "0"
          },
          "sensitive_attributes": []
        }
      ]
    },
    {
      "mode": "managed",
      "type": "google_storage_bucket_acl",
      "name": "tfer--gtfs-data-reports",
      "provider": "provider[\"registry.terraform.io/hashicorp/google\"]",
      "instances": [
        {
          "schema_version": 0,
          "attributes_flat": {
            "bucket": "gtfs-data-reports",
            "id": "gtfs-data-reports",
            "role_entity.#": "0"
          },
          "sensitive_attributes": []
        }
      ]
    },
    {
      "mode": "managed",
      "type": "google_storage_bucket_acl",
      "name": "tfer--gtfs-data-test",
      "provider": "provider[\"registry.terraform.io/hashicorp/google\"]",
      "instances": [
        {
          "schema_version": 0,
          "attributes_flat": {
            "bucket": "gtfs-data-test",
            "id": "gtfs-data-test",
            "role_entity.#": "0"
          },
          "sensitive_attributes": []
        }
      ]
    },
    {
      "mode": "managed",
      "type": "google_storage_bucket_acl",
      "name": "tfer--gtfs-data-test-reports",
      "provider": "provider[\"registry.terraform.io/hashicorp/google\"]",
      "instances": [
        {
          "schema_version": 0,
          "attributes_flat": {
            "bucket": "gtfs-data-test-reports",
            "id": "gtfs-data-test-reports",
            "role_entity.#": "0"
          },
          "sensitive_attributes": []
        }
      ]
    },
    {
      "mode": "managed",
      "type": "google_storage_bucket_acl",
      "name": "tfer--gtfs-schedule-backfill-test",
      "provider": "provider[\"registry.terraform.io/hashicorp/google\"]",
      "instances": [
        {
          "schema_version": 0,
          "attributes_flat": {
            "bucket": "gtfs-schedule-backfill-test",
            "id": "gtfs-schedule-backfill-test",
            "role_entity.#": "0"
          },
          "sensitive_attributes": []
        }
      ]
    },
    {
      "mode": "managed",
      "type": "google_storage_bucket_acl",
      "name": "tfer--gtfs-schedule-backfill-test-deprecated",
      "provider": "provider[\"registry.terraform.io/hashicorp/google\"]",
      "instances": [
        {
          "schema_version": 0,
          "attributes_flat": {
            "bucket": "gtfs-schedule-backfill-test-deprecated",
            "id": "gtfs-schedule-backfill-test-deprecated",
            "role_entity.#": "0"
          },
          "sensitive_attributes": []
        }
      ]
    },
    {
      "mode": "managed",
      "type": "google_storage_bucket_acl",
      "name": "tfer--littlepay-data-extract-prod",
      "provider": "provider[\"registry.terraform.io/hashicorp/google\"]",
      "instances": [
        {
          "schema_version": 0,
          "attributes_flat": {
            "bucket": "littlepay-data-extract-prod",
            "id": "littlepay-data-extract-prod",
            "role_entity.#": "0"
          },
          "sensitive_attributes": []
        }
      ]
    },
    {
      "mode": "managed",
      "type": "google_storage_bucket_acl",
      "name": "tfer--rt-parsed",
      "provider": "provider[\"registry.terraform.io/hashicorp/google\"]",
      "instances": [
        {
          "schema_version": 0,
          "attributes_flat": {
            "bucket": "rt-parsed",
            "id": "rt-parsed",
            "role_entity.#": "0"
          },
          "sensitive_attributes": []
        }
      ]
    },
    {
      "mode": "managed",
      "type": "google_storage_bucket_acl",
      "name": "tfer--rt-parsed-deprecated",
      "provider": "provider[\"registry.terraform.io/hashicorp/google\"]",
      "instances": [
        {
          "schema_version": 0,
          "attributes_flat": {
            "bucket": "rt-parsed-deprecated",
            "id": "rt-parsed-deprecated",
            "role_entity.#": "0"
          },
          "sensitive_attributes": []
        }
      ]
    },
    {
      "mode": "managed",
      "type": "google_storage_bucket_acl",
      "name": "tfer--staging-002E-cal-itp-data-infra-002E-appspot-002E-com",
      "provider": "provider[\"registry.terraform.io/hashicorp/google\"]",
      "instances": [
        {
          "schema_version": 0,
          "attributes_flat": {
            "bucket": "staging.cal-itp-data-infra.appspot.com",
            "id": "staging.cal-itp-data-infra.appspot.com",
            "role_entity.#": "0"
          },
          "sensitive_attributes": []
        }
      ]
    },
    {
      "mode": "managed",
      "type": "google_storage_bucket_acl",
      "name": "tfer--test-calitp-aggregator-scraper",
      "provider": "provider[\"registry.terraform.io/hashicorp/google\"]",
      "instances": [
        {
          "schema_version": 0,
          "attributes_flat": {
            "bucket": "test-calitp-aggregator-scraper",
            "id": "test-calitp-aggregator-scraper",
            "role_entity.#": "0"
          },
          "sensitive_attributes": []
        }
      ]
    },
    {
      "mode": "managed",
      "type": "google_storage_bucket_acl",
      "name": "tfer--test-calitp-airtable",
      "provider": "provider[\"registry.terraform.io/hashicorp/google\"]",
      "instances": [
        {
          "schema_version": 0,
          "attributes_flat": {
            "bucket": "test-calitp-airtable",
            "id": "test-calitp-airtable",
            "role_entity.#": "0"
          },
          "sensitive_attributes": []
        }
      ]
    },
    {
      "mode": "managed",
      "type": "google_storage_bucket_acl",
      "name": "tfer--test-calitp-dbt-artifacts",
      "provider": "provider[\"registry.terraform.io/hashicorp/google\"]",
      "instances": [
        {
          "schema_version": 0,
          "attributes_flat": {
            "bucket": "test-calitp-dbt-artifacts",
            "id": "test-calitp-dbt-artifacts",
            "role_entity.#": "0"
          },
          "sensitive_attributes": []
        }
      ]
    },
    {
      "mode": "managed",
      "type": "google_storage_bucket_acl",
      "name": "tfer--test-calitp-dbt-python-models",
      "provider": "provider[\"registry.terraform.io/hashicorp/google\"]",
      "instances": [
        {
          "schema_version": 0,
          "attributes_flat": {
            "bucket": "test-calitp-dbt-python-models",
            "id": "test-calitp-dbt-python-models",
            "role_entity.#": "0"
          },
          "sensitive_attributes": []
        }
      ]
    },
    {
      "mode": "managed",
      "type": "google_storage_bucket_acl",
      "name": "tfer--test-calitp-elavon",
      "provider": "provider[\"registry.terraform.io/hashicorp/google\"]",
      "instances": [
        {
          "schema_version": 0,
          "attributes_flat": {
            "bucket": "test-calitp-elavon",
            "id": "test-calitp-elavon",
            "role_entity.#": "0"
          },
          "sensitive_attributes": []
        }
      ]
    },
    {
      "mode": "managed",
      "type": "google_storage_bucket_acl",
      "name": "tfer--test-calitp-elavon-parsed",
      "provider": "provider[\"registry.terraform.io/hashicorp/google\"]",
      "instances": [
        {
          "schema_version": 0,
          "attributes_flat": {
            "bucket": "test-calitp-elavon-parsed",
            "id": "test-calitp-elavon-parsed",
            "role_entity.#": "0"
          },
          "sensitive_attributes": []
        }
      ]
    },
    {
      "mode": "managed",
      "type": "google_storage_bucket_acl",
      "name": "tfer--test-calitp-elavon-raw",
      "provider": "provider[\"registry.terraform.io/hashicorp/google\"]",
      "instances": [
        {
          "schema_version": 0,
          "attributes_flat": {
            "bucket": "test-calitp-elavon-raw",
            "id": "test-calitp-elavon-raw",
            "role_entity.#": "0"
          },
          "sensitive_attributes": []
        }
      ]
    },
    {
      "mode": "managed",
      "type": "google_storage_bucket_acl",
      "name": "tfer--test-calitp-gtfs-config",
      "provider": "provider[\"registry.terraform.io/hashicorp/google\"]",
      "instances": [
        {
          "schema_version": 0,
          "attributes_flat": {
            "bucket": "test-calitp-gtfs-config",
            "id": "test-calitp-gtfs-config",
            "role_entity.#": "0"
          },
          "sensitive_attributes": []
        }
      ]
    },
    {
      "mode": "managed",
      "type": "google_storage_bucket_acl",
      "name": "tfer--test-calitp-gtfs-download-config",
      "provider": "provider[\"registry.terraform.io/hashicorp/google\"]",
      "instances": [
        {
          "schema_version": 0,
          "attributes_flat": {
            "bucket": "test-calitp-gtfs-download-config",
            "id": "test-calitp-gtfs-download-config",
            "role_entity.#": "0"
          },
          "sensitive_attributes": []
        }
      ]
    },
    {
      "mode": "managed",
      "type": "google_storage_bucket_acl",
      "name": "tfer--test-calitp-gtfs-raw",
      "provider": "provider[\"registry.terraform.io/hashicorp/google\"]",
      "instances": [
        {
          "schema_version": 0,
          "attributes_flat": {
            "bucket": "test-calitp-gtfs-raw",
            "id": "test-calitp-gtfs-raw",
            "role_entity.#": "0"
          },
          "sensitive_attributes": []
        }
      ]
    },
    {
      "mode": "managed",
      "type": "google_storage_bucket_acl",
      "name": "tfer--test-calitp-gtfs-rt-parsed",
      "provider": "provider[\"registry.terraform.io/hashicorp/google\"]",
      "instances": [
        {
          "schema_version": 0,
          "attributes_flat": {
            "bucket": "test-calitp-gtfs-rt-parsed",
            "id": "test-calitp-gtfs-rt-parsed",
            "role_entity.#": "0"
          },
          "sensitive_attributes": []
        }
      ]
    },
    {
      "mode": "managed",
      "type": "google_storage_bucket_acl",
      "name": "tfer--test-calitp-gtfs-rt-raw",
      "provider": "provider[\"registry.terraform.io/hashicorp/google\"]",
      "instances": [
        {
          "schema_version": 0,
          "attributes_flat": {
            "bucket": "test-calitp-gtfs-rt-raw",
            "id": "test-calitp-gtfs-rt-raw",
            "role_entity.#": "0"
          },
          "sensitive_attributes": []
        }
      ]
    },
    {
      "mode": "managed",
      "type": "google_storage_bucket_acl",
      "name": "tfer--test-calitp-gtfs-rt-raw-v2",
      "provider": "provider[\"registry.terraform.io/hashicorp/google\"]",
      "instances": [
        {
          "schema_version": 0,
          "attributes_flat": {
            "bucket": "test-calitp-gtfs-rt-raw-v2",
            "id": "test-calitp-gtfs-rt-raw-v2",
            "role_entity.#": "0"
          },
          "sensitive_attributes": []
        }
      ]
    },
    {
      "mode": "managed",
      "type": "google_storage_bucket_acl",
      "name": "tfer--test-calitp-gtfs-rt-validation",
      "provider": "provider[\"registry.terraform.io/hashicorp/google\"]",
      "instances": [
        {
          "schema_version": 0,
          "attributes_flat": {
            "bucket": "test-calitp-gtfs-rt-validation",
            "id": "test-calitp-gtfs-rt-validation",
            "role_entity.#": "0"
          },
          "sensitive_attributes": []
        }
      ]
    },
    {
      "mode": "managed",
      "type": "google_storage_bucket_acl",
      "name": "tfer--test-calitp-gtfs-schedule-parsed",
      "provider": "provider[\"registry.terraform.io/hashicorp/google\"]",
      "instances": [
        {
          "schema_version": 0,
          "attributes_flat": {
            "bucket": "test-calitp-gtfs-schedule-parsed",
            "id": "test-calitp-gtfs-schedule-parsed",
            "role_entity.#": "0"
          },
          "sensitive_attributes": []
        }
      ]
    },
    {
      "mode": "managed",
      "type": "google_storage_bucket_acl",
      "name": "tfer--test-calitp-gtfs-schedule-parsed-hourly",
      "provider": "provider[\"registry.terraform.io/hashicorp/google\"]",
      "instances": [
        {
          "schema_version": 0,
          "attributes_flat": {
            "bucket": "test-calitp-gtfs-schedule-parsed-hourly",
            "id": "test-calitp-gtfs-schedule-parsed-hourly",
            "role_entity.#": "0"
          },
          "sensitive_attributes": []
        }
      ]
    },
    {
      "mode": "managed",
      "type": "google_storage_bucket_acl",
      "name": "tfer--test-calitp-gtfs-schedule-processed",
      "provider": "provider[\"registry.terraform.io/hashicorp/google\"]",
      "instances": [
        {
          "schema_version": 0,
          "attributes_flat": {
            "bucket": "test-calitp-gtfs-schedule-processed",
            "id": "test-calitp-gtfs-schedule-processed",
            "role_entity.#": "0"
          },
          "sensitive_attributes": []
        }
      ]
    },
    {
      "mode": "managed",
      "type": "google_storage_bucket_acl",
      "name": "tfer--test-calitp-gtfs-schedule-raw",
      "provider": "provider[\"registry.terraform.io/hashicorp/google\"]",
      "instances": [
        {
          "schema_version": 0,
          "attributes_flat": {
            "bucket": "test-calitp-gtfs-schedule-raw",
            "id": "test-calitp-gtfs-schedule-raw",
            "role_entity.#": "0"
          },
          "sensitive_attributes": []
        }
      ]
    },
    {
      "mode": "managed",
      "type": "google_storage_bucket_acl",
      "name": "tfer--test-calitp-gtfs-schedule-raw-v2",
      "provider": "provider[\"registry.terraform.io/hashicorp/google\"]",
      "instances": [
        {
          "schema_version": 0,
          "attributes_flat": {
            "bucket": "test-calitp-gtfs-schedule-raw-v2",
            "id": "test-calitp-gtfs-schedule-raw-v2",
            "role_entity.#": "0"
          },
          "sensitive_attributes": []
        }
      ]
    },
    {
      "mode": "managed",
      "type": "google_storage_bucket_acl",
      "name": "tfer--test-calitp-gtfs-schedule-raw-v2-backfill-test",
      "provider": "provider[\"registry.terraform.io/hashicorp/google\"]",
      "instances": [
        {
          "schema_version": 0,
          "attributes_flat": {
            "bucket": "test-calitp-gtfs-schedule-raw-v2-backfill-test",
            "id": "test-calitp-gtfs-schedule-raw-v2-backfill-test",
            "role_entity.#": "0"
          },
          "sensitive_attributes": []
        }
      ]
    },
    {
      "mode": "managed",
      "type": "google_storage_bucket_acl",
      "name": "tfer--test-calitp-gtfs-schedule-unzipped",
      "provider": "provider[\"registry.terraform.io/hashicorp/google\"]",
      "instances": [
        {
          "schema_version": 0,
          "attributes_flat": {
            "bucket": "test-calitp-gtfs-schedule-unzipped",
            "id": "test-calitp-gtfs-schedule-unzipped",
            "role_entity.#": "0"
          },
          "sensitive_attributes": []
        }
      ]
    },
    {
      "mode": "managed",
      "type": "google_storage_bucket_acl",
      "name": "tfer--test-calitp-gtfs-schedule-unzipped-hourly",
      "provider": "provider[\"registry.terraform.io/hashicorp/google\"]",
      "instances": [
        {
          "schema_version": 0,
          "attributes_flat": {
            "bucket": "test-calitp-gtfs-schedule-unzipped-hourly",
            "id": "test-calitp-gtfs-schedule-unzipped-hourly",
            "role_entity.#": "0"
          },
          "sensitive_attributes": []
        }
      ]
    },
    {
      "mode": "managed",
      "type": "google_storage_bucket_acl",
      "name": "tfer--test-calitp-gtfs-schedule-validation",
      "provider": "provider[\"registry.terraform.io/hashicorp/google\"]",
      "instances": [
        {
          "schema_version": 0,
          "attributes_flat": {
            "bucket": "test-calitp-gtfs-schedule-validation",
            "id": "test-calitp-gtfs-schedule-validation",
            "role_entity.#": "0"
          },
          "sensitive_attributes": []
        }
      ]
    },
    {
      "mode": "managed",
      "type": "google_storage_bucket_acl",
      "name": "tfer--test-calitp-gtfs-schedule-validation-hourly",
      "provider": "provider[\"registry.terraform.io/hashicorp/google\"]",
      "instances": [
        {
          "schema_version": 0,
          "attributes_flat": {
            "bucket": "test-calitp-gtfs-schedule-validation-hourly",
            "id": "test-calitp-gtfs-schedule-validation-hourly",
            "role_entity.#": "0"
          },
          "sensitive_attributes": []
        }
      ]
    },
    {
      "mode": "managed",
      "type": "google_storage_bucket_acl",
      "name": "tfer--test-calitp-ntd-api-products",
      "provider": "provider[\"registry.terraform.io/hashicorp/google\"]",
      "instances": [
        {
          "schema_version": 0,
          "attributes_flat": {
            "bucket": "test-calitp-ntd-api-products",
            "id": "test-calitp-ntd-api-products",
            "role_entity.#": "0"
          },
          "sensitive_attributes": []
        }
      ]
    },
    {
      "mode": "managed",
      "type": "google_storage_bucket_acl",
      "name": "tfer--test-calitp-ntd-data-products",
      "provider": "provider[\"registry.terraform.io/hashicorp/google\"]",
      "instances": [
        {
          "schema_version": 0,
          "attributes_flat": {
            "bucket": "test-calitp-ntd-data-products",
            "id": "test-calitp-ntd-data-products",
            "role_entity.#": "0"
          },
          "sensitive_attributes": []
        }
      ]
    },
    {
      "mode": "managed",
      "type": "google_storage_bucket_acl",
      "name": "tfer--test-calitp-ntd-report-validation",
      "provider": "provider[\"registry.terraform.io/hashicorp/google\"]",
      "instances": [
        {
          "schema_version": 0,
          "attributes_flat": {
            "bucket": "test-calitp-ntd-report-validation",
            "id": "test-calitp-ntd-report-validation",
            "role_entity.#": "0"
          },
          "sensitive_attributes": []
        }
      ]
    },
    {
      "mode": "managed",
      "type": "google_storage_bucket_acl",
      "name": "tfer--test-calitp-ntd-xlsx-products-clean",
      "provider": "provider[\"registry.terraform.io/hashicorp/google\"]",
      "instances": [
        {
          "schema_version": 0,
          "attributes_flat": {
            "bucket": "test-calitp-ntd-xlsx-products-clean",
            "id": "test-calitp-ntd-xlsx-products-clean",
            "role_entity.#": "0"
          },
          "sensitive_attributes": []
        }
      ]
    },
    {
      "mode": "managed",
      "type": "google_storage_bucket_acl",
      "name": "tfer--test-calitp-ntd-xlsx-products-raw",
      "provider": "provider[\"registry.terraform.io/hashicorp/google\"]",
      "instances": [
        {
          "schema_version": 0,
          "attributes_flat": {
            "bucket": "test-calitp-ntd-xlsx-products-raw",
            "id": "test-calitp-ntd-xlsx-products-raw",
            "role_entity.#": "0"
          },
          "sensitive_attributes": []
        }
      ]
    },
    {
      "mode": "managed",
      "type": "google_storage_bucket_acl",
      "name": "tfer--test-calitp-payments-littlepay-parsed",
      "provider": "provider[\"registry.terraform.io/hashicorp/google\"]",
      "instances": [
        {
          "schema_version": 0,
          "attributes_flat": {
            "bucket": "test-calitp-payments-littlepay-parsed",
            "id": "test-calitp-payments-littlepay-parsed",
            "role_entity.#": "0"
          },
          "sensitive_attributes": []
        }
      ]
    },
    {
      "mode": "managed",
      "type": "google_storage_bucket_acl",
      "name": "tfer--test-calitp-payments-littlepay-raw",
      "provider": "provider[\"registry.terraform.io/hashicorp/google\"]",
      "instances": [
        {
          "schema_version": 0,
          "attributes_flat": {
            "bucket": "test-calitp-payments-littlepay-raw",
            "id": "test-calitp-payments-littlepay-raw",
            "role_entity.#": "0"
          },
          "sensitive_attributes": []
        }
      ]
    },
    {
      "mode": "managed",
      "type": "google_storage_bucket_acl",
      "name": "tfer--test-calitp-publish",
      "provider": "provider[\"registry.terraform.io/hashicorp/google\"]",
      "instances": [
        {
          "schema_version": 0,
          "attributes_flat": {
            "bucket": "test-calitp-publish",
            "id": "test-calitp-publish",
            "role_entity.#": "0"
          },
          "sensitive_attributes": []
        }
      ]
    },
    {
      "mode": "managed",
      "type": "google_storage_bucket_acl",
      "name": "tfer--test-calitp-publish-data-analysis",
      "provider": "provider[\"registry.terraform.io/hashicorp/google\"]",
      "instances": [
        {
          "schema_version": 0,
          "attributes_flat": {
            "bucket": "test-calitp-publish-data-analysis",
            "id": "test-calitp-publish-data-analysis",
            "role_entity.#": "0"
          },
          "sensitive_attributes": []
        }
      ]
    },
    {
      "mode": "managed",
      "type": "google_storage_bucket_acl",
      "name": "tfer--test-calitp-reports-data",
      "provider": "provider[\"registry.terraform.io/hashicorp/google\"]",
      "instances": [
        {
          "schema_version": 0,
          "attributes_flat": {
            "bucket": "test-calitp-reports-data",
            "id": "test-calitp-reports-data",
            "role_entity.#": "0"
          },
          "sensitive_attributes": []
        }
      ]
    },
    {
      "mode": "managed",
      "type": "google_storage_bucket_acl",
      "name": "tfer--test-calitp-sentry",
      "provider": "provider[\"registry.terraform.io/hashicorp/google\"]",
      "instances": [
        {
          "schema_version": 0,
          "attributes_flat": {
            "bucket": "test-calitp-sentry",
            "id": "test-calitp-sentry",
            "role_entity.#": "0"
          },
          "sensitive_attributes": []
        }
      ]
    },
    {
      "mode": "managed",
      "type": "google_storage_bucket_acl",
      "name": "tfer--test-calitp-state-geoportal-scrape",
      "provider": "provider[\"registry.terraform.io/hashicorp/google\"]",
      "instances": [
        {
          "schema_version": 0,
          "attributes_flat": {
            "bucket": "test-calitp-state-geoportal-scrape",
            "id": "test-calitp-state-geoportal-scrape",
            "role_entity.#": "0"
          },
          "sensitive_attributes": []
        }
      ]
    },
    {
      "mode": "managed",
      "type": "google_storage_bucket_acl",
      "name": "tfer--test-rt-parsed",
      "provider": "provider[\"registry.terraform.io/hashicorp/google\"]",
      "instances": [
        {
          "schema_version": 0,
          "attributes_flat": {
            "bucket": "test-rt-parsed",
            "id": "test-rt-parsed",
            "role_entity.#": "0"
          },
          "sensitive_attributes": []
        }
      ]
    },
    {
      "mode": "managed",
      "type": "google_storage_bucket_acl",
      "name": "tfer--test-rt-validations",
      "provider": "provider[\"registry.terraform.io/hashicorp/google\"]",
      "instances": [
        {
          "schema_version": 0,
          "attributes_flat": {
            "bucket": "test-rt-validations",
            "id": "test-rt-validations",
            "role_entity.#": "0"
          },
          "sensitive_attributes": []
        }
      ]
    },
    {
      "mode": "managed",
      "type": "google_storage_bucket_acl",
      "name": "tfer--us-002E-artifacts-002E-cal-itp-data-infra-002E-appspot-002E-com",
      "provider": "provider[\"registry.terraform.io/hashicorp/google\"]",
      "instances": [
        {
          "schema_version": 0,
          "attributes_flat": {
            "bucket": "us.artifacts.cal-itp-data-infra.appspot.com",
            "id": "us.artifacts.cal-itp-data-infra.appspot.com",
            "role_entity.#": "0"
          },
          "sensitive_attributes": []
        }
      ]
    },
    {
      "mode": "managed",
      "type": "google_storage_bucket_acl",
      "name": "tfer--us-west2-calitp-airflow2-pr-171e4e47-bucket",
      "provider": "provider[\"registry.terraform.io/hashicorp/google\"]",
      "instances": [
        {
          "schema_version": 0,
          "attributes_flat": {
            "bucket": "us-west2-calitp-airflow2-pr-171e4e47-bucket",
            "id": "us-west2-calitp-airflow2-pr-171e4e47-bucket",
            "role_entity.#": "0"
          },
          "sensitive_attributes": []
        }
      ]
    },
    {
      "mode": "managed",
      "type": "google_storage_bucket_acl",
      "name": "tfer--us-west2-calitp-airflow2-pr-31e41084-bucket",
      "provider": "provider[\"registry.terraform.io/hashicorp/google\"]",
      "instances": [
        {
          "schema_version": 0,
          "attributes_flat": {
            "bucket": "us-west2-calitp-airflow2-pr-31e41084-bucket",
            "id": "us-west2-calitp-airflow2-pr-31e41084-bucket",
            "role_entity.#": "0"
          },
          "sensitive_attributes": []
        }
      ]
    },
    {
      "mode": "managed",
      "type": "google_storage_bucket_acl",
      "name": "tfer--us-west2-calitp-airflow2-pr-88ca8ec6-bucket",
      "provider": "provider[\"registry.terraform.io/hashicorp/google\"]",
      "instances": [
        {
          "schema_version": 0,
          "attributes_flat": {
            "bucket": "us-west2-calitp-airflow2-pr-88ca8ec6-bucket",
            "id": "us-west2-calitp-airflow2-pr-88ca8ec6-bucket",
            "role_entity.#": "0"
          },
          "sensitive_attributes": []
        }
      ]
    },
    {
      "mode": "managed",
      "type": "google_storage_bucket_iam_binding",
      "name": "tfer--analysis-output-models",
      "provider": "provider[\"registry.terraform.io/hashicorp/google\"]",
      "instances": [
        {
          "schema_version": 0,
          "attributes_flat": {
            "bucket": "b/analysis-output-models",
            "condition.#": "0",
            "etag": "CAM=",
            "id": "analysis-output-models",
            "members.#": "2",
            "members.0": "projectEditor:cal-itp-data-infra",
            "members.1": "projectOwner:cal-itp-data-infra",
            "role": "roles/storage.legacyBucketOwner"
          },
          "sensitive_attributes": []
        }
      ]
    },
    {
      "mode": "managed",
      "type": "google_storage_bucket_iam_binding",
      "name": "tfer--artifacts-002E-cal-itp-data-infra-002E-appspot-002E-com",
      "provider": "provider[\"registry.terraform.io/hashicorp/google\"]",
      "instances": [
        {
          "schema_version": 0,
          "attributes_flat": {
            "bucket": "b/artifacts.cal-itp-data-infra.appspot.com",
            "condition.#": "0",
            "etag": "CAE=",
            "id": "artifacts.cal-itp-data-infra.appspot.com",
            "members.#": "1",
            "members.0": "projectViewer:cal-itp-data-infra",
            "role": "roles/storage.legacyBucketReader"
          },
          "sensitive_attributes": []
        }
      ]
    },
    {
      "mode": "managed",
      "type": "google_storage_bucket_iam_binding",
      "name": "tfer--cal-itp-data-infra-002E-appspot-002E-com",
      "provider": "provider[\"registry.terraform.io/hashicorp/google\"]",
      "instances": [
        {
          "schema_version": 0,
          "attributes_flat": {
            "bucket": "b/cal-itp-data-infra.appspot.com",
            "condition.#": "0",
            "etag": "CAE=",
            "id": "cal-itp-data-infra.appspot.com",
            "members.#": "2",
            "members.0": "projectEditor:cal-itp-data-infra",
            "members.1": "projectOwner:cal-itp-data-infra",
            "role": "roles/storage.legacyBucketOwner"
          },
          "sensitive_attributes": []
        }
      ]
    },
    {
      "mode": "managed",
      "type": "google_storage_bucket_iam_binding",
      "name": "tfer--calitp-aggregator-scraper",
      "provider": "provider[\"registry.terraform.io/hashicorp/google\"]",
      "instances": [
        {
          "schema_version": 0,
          "attributes_flat": {
            "bucket": "b/calitp-aggregator-scraper",
            "condition.#": "0",
            "etag": "CAE=",
            "id": "calitp-aggregator-scraper",
            "members.#": "1",
            "members.0": "projectViewer:cal-itp-data-infra",
            "role": "roles/storage.legacyObjectReader"
          },
          "sensitive_attributes": []
        }
      ]
    },
    {
      "mode": "managed",
      "type": "google_storage_bucket_iam_binding",
      "name": "tfer--calitp-airtable",
      "provider": "provider[\"registry.terraform.io/hashicorp/google\"]",
      "instances": [
        {
          "schema_version": 0,
          "attributes_flat": {
            "bucket": "b/calitp-airtable",
            "condition.#": "0",
            "etag": "CAQ=",
            "id": "calitp-airtable",
            "members.#": "1",
            "members.0": "projectViewer:cal-itp-data-infra",
            "role": "roles/storage.legacyBucketReader"
          },
          "sensitive_attributes": []
        }
      ]
    },
    {
      "mode": "managed",
      "type": "google_storage_bucket_iam_binding",
      "name": "tfer--calitp-amplitude-benefits-events",
      "provider": "provider[\"registry.terraform.io/hashicorp/google\"]",
      "instances": [
        {
          "schema_version": 0,
          "attributes_flat": {
            "bucket": "b/calitp-amplitude-benefits-events",
            "condition.#": "0",
            "etag": "CAE=",
            "id": "calitp-amplitude-benefits-events",
            "members.#": "1",
            "members.0": "projectViewer:cal-itp-data-infra",
            "role": "roles/storage.legacyBucketReader"
          },
          "sensitive_attributes": []
        }
      ]
    },
    {
      "mode": "managed",
      "type": "google_storage_bucket_iam_binding",
      "name": "tfer--calitp-analytics-data",
      "provider": "provider[\"registry.terraform.io/hashicorp/google\"]",
      "instances": [
        {
          "schema_version": 0,
          "attributes_flat": {
            "bucket": "b/calitp-analytics-data",
            "condition.#": "0",
            "etag": "CAw=",
            "id": "calitp-analytics-data",
            "members.#": "2",
            "members.0": "projectEditor:cal-itp-data-infra",
            "members.1": "projectOwner:cal-itp-data-infra",
            "role": "roles/storage.legacyObjectOwner"
          },
          "sensitive_attributes": []
        }
      ]
    },
    {
      "mode": "managed",
      "type": "google_storage_bucket_iam_binding",
      "name": "tfer--calitp-backups-grafana",
      "provider": "provider[\"registry.terraform.io/hashicorp/google\"]",
      "instances": [
        {
          "schema_version": 0,
          "attributes_flat": {
            "bucket": "b/calitp-backups-grafana",
            "condition.#": "0",
            "etag": "CAI=",
            "id": "calitp-backups-grafana",
            "members.#": "1",
            "members.0": "serviceAccount:backup-grafana@cal-itp-data-infra.iam.gserviceaccount.com",
            "role": "roles/storage.objectAdmin"
          },
          "sensitive_attributes": []
        }
      ]
    },
    {
      "mode": "managed",
      "type": "google_storage_bucket_iam_binding",
      "name": "tfer--calitp-backups-metabase",
      "provider": "provider[\"registry.terraform.io/hashicorp/google\"]",
      "instances": [
        {
          "schema_version": 0,
          "attributes_flat": {
            "bucket": "b/calitp-backups-metabase",
            "condition.#": "0",
            "etag": "CAI=",
            "id": "calitp-backups-metabase",
            "members.#": "1",
            "members.0": "projectViewer:cal-itp-data-infra",
            "role": "roles/storage.legacyObjectReader"
          },
          "sensitive_attributes": []
        }
      ]
    },
    {
      "mode": "managed",
      "type": "google_storage_bucket_iam_binding",
      "name": "tfer--calitp-backups-sentry",
      "provider": "provider[\"registry.terraform.io/hashicorp/google\"]",
      "instances": [
        {
          "schema_version": 0,
          "attributes_flat": {
            "bucket": "b/calitp-backups-sentry",
            "condition.#": "0",
            "etag": "CAI=",
            "id": "calitp-backups-sentry",
            "members.#": "2",
            "members.0": "projectEditor:cal-itp-data-infra",
            "members.1": "projectOwner:cal-itp-data-infra",
            "role": "roles/storage.legacyObjectOwner"
          },
          "sensitive_attributes": []
        }
      ]
    },
    {
      "mode": "managed",
      "type": "google_storage_bucket_iam_binding",
      "name": "tfer--calitp-backups-test",
      "provider": "provider[\"registry.terraform.io/hashicorp/google\"]",
      "instances": [
        {
          "schema_version": 0,
          "attributes_flat": {
            "bucket": "b/calitp-backups-test",
            "condition.#": "0",
            "etag": "CAM=",
            "id": "calitp-backups-test",
            "members.#": "1",
            "members.0": "projectViewer:cal-itp-data-infra",
            "role": "roles/storage.legacyBucketReader"
          },
          "sensitive_attributes": []
        }
      ]
    },
    {
      "mode": "managed",
      "type": "google_storage_bucket_iam_binding",
      "name": "tfer--calitp-ci-artifacts",
      "provider": "provider[\"registry.terraform.io/hashicorp/google\"]",
      "instances": [
        {
          "schema_version": 0,
          "attributes_flat": {
            "bucket": "b/calitp-ci-artifacts",
            "condition.#": "0",
            "etag": "CAE=",
            "id": "calitp-ci-artifacts",
            "members.#": "2",
            "members.0": "projectEditor:cal-itp-data-infra",
            "members.1": "projectOwner:cal-itp-data-infra",
            "role": "roles/storage.legacyObjectOwner"
          },
          "sensitive_attributes": []
        }
      ]
    },
    {
      "mode": "managed",
      "type": "google_storage_bucket_iam_binding",
      "name": "tfer--calitp-dbt-artifacts",
      "provider": "provider[\"registry.terraform.io/hashicorp/google\"]",
      "instances": [
        {
          "schema_version": 0,
          "attributes_flat": {
            "bucket": "b/calitp-dbt-artifacts",
            "condition.#": "0",
            "etag": "CAE=",
            "id": "calitp-dbt-artifacts",
            "members.#": "2",
            "members.0": "projectEditor:cal-itp-data-infra",
            "members.1": "projectOwner:cal-itp-data-infra",
            "role": "roles/storage.legacyBucketOwner"
          },
          "sensitive_attributes": []
        }
      ]
    },
    {
      "mode": "managed",
      "type": "google_storage_bucket_iam_binding",
      "name": "tfer--calitp-dbt-python-models",
      "provider": "provider[\"registry.terraform.io/hashicorp/google\"]",
      "instances": [
        {
          "schema_version": 0,
          "attributes_flat": {
            "bucket": "b/calitp-dbt-python-models",
            "condition.#": "0",
            "etag": "CAE=",
            "id": "calitp-dbt-python-models",
            "members.#": "1",
            "members.0": "projectViewer:cal-itp-data-infra",
            "role": "roles/storage.legacyBucketReader"
          },
          "sensitive_attributes": []
        }
      ]
    },
    {
      "mode": "managed",
      "type": "google_storage_bucket_iam_binding",
      "name": "tfer--calitp-elavon-parsed",
      "provider": "provider[\"registry.terraform.io/hashicorp/google\"]",
      "instances": [
        {
          "schema_version": 0,
          "attributes_flat": {
            "bucket": "b/calitp-elavon-parsed",
            "condition.#": "0",
            "etag": "CAE=",
            "id": "calitp-elavon-parsed",
            "members.#": "2",
            "members.0": "projectEditor:cal-itp-data-infra",
            "members.1": "projectOwner:cal-itp-data-infra",
            "role": "roles/storage.legacyObjectOwner"
          },
          "sensitive_attributes": []
        }
      ]
    },
    {
      "mode": "managed",
      "type": "google_storage_bucket_iam_binding",
      "name": "tfer--calitp-elavon-raw",
      "provider": "provider[\"registry.terraform.io/hashicorp/google\"]",
      "instances": [
        {
          "schema_version": 0,
          "attributes_flat": {
            "bucket": "b/calitp-elavon-raw",
            "condition.#": "0",
            "etag": "CAE=",
            "id": "calitp-elavon-raw",
            "members.#": "1",
            "members.0": "projectViewer:cal-itp-data-infra",
            "role": "roles/storage.legacyObjectReader"
          },
          "sensitive_attributes": []
        }
      ]
    },
    {
      "mode": "managed",
      "type": "google_storage_bucket_iam_binding",
      "name": "tfer--calitp-gtfs-download-config",
      "provider": "provider[\"registry.terraform.io/hashicorp/google\"]",
      "instances": [
        {
          "schema_version": 0,
          "attributes_flat": {
            "bucket": "b/calitp-gtfs-download-config",
            "condition.#": "0",
            "etag": "CAE=",
            "id": "calitp-gtfs-download-config",
            "members.#": "2",
            "members.0": "projectEditor:cal-itp-data-infra",
            "members.1": "projectOwner:cal-itp-data-infra",
            "role": "roles/storage.legacyBucketOwner"
          },
          "sensitive_attributes": []
        }
      ]
    },
    {
      "mode": "managed",
      "type": "google_storage_bucket_iam_binding",
      "name": "tfer--calitp-gtfs-rt-parsed",
      "provider": "provider[\"registry.terraform.io/hashicorp/google\"]",
      "instances": [
        {
          "schema_version": 0,
          "attributes_flat": {
            "bucket": "b/calitp-gtfs-rt-parsed",
            "condition.#": "0",
            "etag": "CAE=",
            "id": "calitp-gtfs-rt-parsed",
            "members.#": "1",
            "members.0": "projectViewer:cal-itp-data-infra",
            "role": "roles/storage.legacyObjectReader"
          },
          "sensitive_attributes": []
        }
      ]
    },
    {
      "mode": "managed",
      "type": "google_storage_bucket_iam_binding",
      "name": "tfer--calitp-gtfs-rt-raw-deprecated",
      "provider": "provider[\"registry.terraform.io/hashicorp/google\"]",
      "instances": [
        {
          "schema_version": 0,
          "attributes_flat": {
            "bucket": "b/calitp-gtfs-rt-raw-deprecated",
            "condition.#": "0",
            "etag": "CAQ=",
            "id": "calitp-gtfs-rt-raw-deprecated",
            "members.#": "2",
            "members.0": "projectEditor:cal-itp-data-infra",
            "members.1": "projectOwner:cal-itp-data-infra",
            "role": "roles/storage.legacyObjectOwner"
          },
          "sensitive_attributes": []
        }
      ]
    },
    {
      "mode": "managed",
      "type": "google_storage_bucket_iam_binding",
      "name": "tfer--calitp-gtfs-rt-raw-v2",
      "provider": "provider[\"registry.terraform.io/hashicorp/google\"]",
      "instances": [
        {
          "schema_version": 0,
          "attributes_flat": {
            "bucket": "b/calitp-gtfs-rt-raw-v2",
            "condition.#": "0",
            "etag": "CAM=",
            "id": "calitp-gtfs-rt-raw-v2",
            "members.#": "2",
            "members.0": "projectEditor:cal-itp-data-infra",
            "members.1": "projectOwner:cal-itp-data-infra",
            "role": "roles/storage.legacyObjectOwner"
          },
          "sensitive_attributes": []
        }
      ]
    },
    {
      "mode": "managed",
      "type": "google_storage_bucket_iam_binding",
      "name": "tfer--calitp-gtfs-rt-validation",
      "provider": "provider[\"registry.terraform.io/hashicorp/google\"]",
      "instances": [
        {
          "schema_version": 0,
          "attributes_flat": {
            "bucket": "b/calitp-gtfs-rt-validation",
            "condition.#": "0",
            "etag": "CAE=",
            "id": "calitp-gtfs-rt-validation",
            "members.#": "1",
            "members.0": "projectViewer:cal-itp-data-infra",
            "role": "roles/storage.legacyBucketReader"
          },
          "sensitive_attributes": []
        }
      ]
    },
    {
      "mode": "managed",
      "type": "google_storage_bucket_iam_binding",
      "name": "tfer--calitp-gtfs-schedule-parsed",
      "provider": "provider[\"registry.terraform.io/hashicorp/google\"]",
      "instances": [
        {
          "schema_version": 0,
          "attributes_flat": {
            "bucket": "b/calitp-gtfs-schedule-parsed",
            "condition.#": "0",
            "etag": "CAE=",
            "id": "calitp-gtfs-schedule-parsed",
            "members.#": "2",
            "members.0": "projectEditor:cal-itp-data-infra",
            "members.1": "projectOwner:cal-itp-data-infra",
            "role": "roles/storage.legacyObjectOwner"
          },
          "sensitive_attributes": []
        }
      ]
    },
    {
      "mode": "managed",
      "type": "google_storage_bucket_iam_binding",
      "name": "tfer--calitp-gtfs-schedule-parsed-hourly",
      "provider": "provider[\"registry.terraform.io/hashicorp/google\"]",
      "instances": [
        {
          "schema_version": 0,
          "attributes_flat": {
            "bucket": "b/calitp-gtfs-schedule-parsed-hourly",
            "condition.#": "0",
            "etag": "CAE=",
            "id": "calitp-gtfs-schedule-parsed-hourly",
            "members.#": "1",
            "members.0": "projectViewer:cal-itp-data-infra",
            "role": "roles/storage.legacyObjectReader"
          },
          "sensitive_attributes": []
        }
      ]
    },
    {
      "mode": "managed",
      "type": "google_storage_bucket_iam_binding",
      "name": "tfer--calitp-gtfs-schedule-raw-v2",
      "provider": "provider[\"registry.terraform.io/hashicorp/google\"]",
      "instances": [
        {
          "schema_version": 0,
          "attributes_flat": {
            "bucket": "b/calitp-gtfs-schedule-raw-v2",
            "condition.#": "0",
            "etag": "CAI=",
            "id": "calitp-gtfs-schedule-raw-v2",
            "members.#": "1",
            "members.0": "projectViewer:cal-itp-data-infra",
            "role": "roles/storage.legacyObjectReader"
          },
          "sensitive_attributes": []
        }
      ]
    },
    {
      "mode": "managed",
      "type": "google_storage_bucket_iam_binding",
      "name": "tfer--calitp-gtfs-schedule-unzipped",
      "provider": "provider[\"registry.terraform.io/hashicorp/google\"]",
      "instances": [
        {
          "schema_version": 0,
          "attributes_flat": {
            "bucket": "b/calitp-gtfs-schedule-unzipped",
            "condition.#": "0",
            "etag": "CAE=",
            "id": "calitp-gtfs-schedule-unzipped",
            "members.#": "2",
            "members.0": "projectEditor:cal-itp-data-infra",
            "members.1": "projectOwner:cal-itp-data-infra",
            "role": "roles/storage.legacyObjectOwner"
          },
          "sensitive_attributes": []
        }
      ]
    },
    {
      "mode": "managed",
      "type": "google_storage_bucket_iam_binding",
      "name": "tfer--calitp-gtfs-schedule-unzipped-hourly",
      "provider": "provider[\"registry.terraform.io/hashicorp/google\"]",
      "instances": [
        {
          "schema_version": 0,
          "attributes_flat": {
            "bucket": "b/calitp-gtfs-schedule-unzipped-hourly",
            "condition.#": "0",
            "etag": "CAE=",
            "id": "calitp-gtfs-schedule-unzipped-hourly",
            "members.#": "2",
            "members.0": "projectEditor:cal-itp-data-infra",
            "members.1": "projectOwner:cal-itp-data-infra",
            "role": "roles/storage.legacyObjectOwner"
          },
          "sensitive_attributes": []
        }
      ]
    },
    {
      "mode": "managed",
      "type": "google_storage_bucket_iam_binding",
      "name": "tfer--calitp-gtfs-schedule-validation",
      "provider": "provider[\"registry.terraform.io/hashicorp/google\"]",
      "instances": [
        {
          "schema_version": 0,
          "attributes_flat": {
            "bucket": "b/calitp-gtfs-schedule-validation",
            "condition.#": "0",
            "etag": "CAI=",
            "id": "calitp-gtfs-schedule-validation",
            "members.#": "1",
            "members.0": "projectViewer:cal-itp-data-infra",
            "role": "roles/storage.legacyBucketReader"
          },
          "sensitive_attributes": []
        }
      ]
    },
    {
      "mode": "managed",
      "type": "google_storage_bucket_iam_binding",
      "name": "tfer--calitp-gtfs-schedule-validation-hourly",
      "provider": "provider[\"registry.terraform.io/hashicorp/google\"]",
      "instances": [
        {
          "schema_version": 0,
          "attributes_flat": {
            "bucket": "b/calitp-gtfs-schedule-validation-hourly",
            "condition.#": "0",
            "etag": "CAE=",
            "id": "calitp-gtfs-schedule-validation-hourly",
            "members.#": "2",
            "members.0": "projectEditor:cal-itp-data-infra",
            "members.1": "projectOwner:cal-itp-data-infra",
            "role": "roles/storage.legacyObjectOwner"
          },
          "sensitive_attributes": []
        }
      ]
    },
    {
      "mode": "managed",
      "type": "google_storage_bucket_iam_binding",
      "name": "tfer--calitp-jamesl-gcp-components-tfstate",
      "provider": "provider[\"registry.terraform.io/hashicorp/google\"]",
      "instances": [
        {
          "schema_version": 0,
          "attributes_flat": {
            "bucket": "b/calitp-jamesl-gcp-components-tfstate",
            "condition.#": "0",
            "etag": "CAE=",
            "id": "calitp-jamesl-gcp-components-tfstate",
            "members.#": "2",
            "members.0": "projectEditor:cal-itp-data-infra",
            "members.1": "projectOwner:cal-itp-data-infra",
            "role": "roles/storage.legacyObjectOwner"
          },
          "sensitive_attributes": []
        }
      ]
    },
    {
      "mode": "managed",
      "type": "google_storage_bucket_iam_binding",
      "name": "tfer--calitp-map-tiles",
      "provider": "provider[\"registry.terraform.io/hashicorp/google\"]",
      "instances": [
        {
          "schema_version": 0,
          "attributes_flat": {
            "bucket": "b/calitp-map-tiles",
            "condition.#": "0",
            "etag": "CAM=",
            "id": "calitp-map-tiles",
            "members.#": "1",
            "members.0": "allUsers",
            "role": "roles/storage.objectViewer"
          },
          "sensitive_attributes": []
        }
      ]
    },
    {
      "mode": "managed",
      "type": "google_storage_bucket_iam_binding",
      "name": "tfer--calitp-metabase-data-public",
      "provider": "provider[\"registry.terraform.io/hashicorp/google\"]",
      "instances": [
        {
          "schema_version": 0,
          "attributes_flat": {
            "bucket": "b/calitp-metabase-data-public",
            "condition.#": "0",
            "etag": "CAM=",
            "id": "calitp-metabase-data-public",
            "members.#": "2",
            "members.0": "projectEditor:cal-itp-data-infra",
            "members.1": "projectOwner:cal-itp-data-infra",
            "role": "roles/storage.legacyBucketOwner"
          },
          "sensitive_attributes": []
        }
      ]
    },
    {
      "mode": "managed",
      "type": "google_storage_bucket_iam_binding",
      "name": "tfer--calitp-ntd-api-products",
      "provider": "provider[\"registry.terraform.io/hashicorp/google\"]",
      "instances": [
        {
          "schema_version": 0,
          "attributes_flat": {
            "bucket": "b/calitp-ntd-api-products",
            "condition.#": "0",
            "etag": "CAE=",
            "id": "calitp-ntd-api-products",
            "members.#": "2",
            "members.0": "projectEditor:cal-itp-data-infra",
            "members.1": "projectOwner:cal-itp-data-infra",
            "role": "roles/storage.legacyBucketOwner"
          },
          "sensitive_attributes": []
        }
      ]
    },
    {
      "mode": "managed",
      "type": "google_storage_bucket_iam_binding",
      "name": "tfer--calitp-ntd-data-products",
      "provider": "provider[\"registry.terraform.io/hashicorp/google\"]",
      "instances": [
        {
          "schema_version": 0,
          "attributes_flat": {
            "bucket": "b/calitp-ntd-data-products",
            "condition.#": "0",
            "etag": "CAE=",
            "id": "calitp-ntd-data-products",
            "members.#": "2",
            "members.0": "projectEditor:cal-itp-data-infra",
            "members.1": "projectOwner:cal-itp-data-infra",
            "role": "roles/storage.legacyObjectOwner"
          },
          "sensitive_attributes": []
        }
      ]
    },
    {
      "mode": "managed",
      "type": "google_storage_bucket_iam_binding",
      "name": "tfer--calitp-ntd-report-validation",
      "provider": "provider[\"registry.terraform.io/hashicorp/google\"]",
      "instances": [
        {
          "schema_version": 0,
          "attributes_flat": {
            "bucket": "b/calitp-ntd-report-validation",
            "condition.#": "0",
            "etag": "CAE=",
            "id": "calitp-ntd-report-validation",
            "members.#": "2",
            "members.0": "projectEditor:cal-itp-data-infra",
            "members.1": "projectOwner:cal-itp-data-infra",
            "role": "roles/storage.legacyObjectOwner"
          },
          "sensitive_attributes": []
        }
      ]
    },
    {
      "mode": "managed",
      "type": "google_storage_bucket_iam_binding",
      "name": "tfer--calitp-ntd-xlsx-products-clean",
      "provider": "provider[\"registry.terraform.io/hashicorp/google\"]",
      "instances": [
        {
          "schema_version": 0,
          "attributes_flat": {
            "bucket": "b/calitp-ntd-xlsx-products-clean",
            "condition.#": "0",
            "etag": "CAE=",
            "id": "calitp-ntd-xlsx-products-clean",
            "members.#": "2",
            "members.0": "projectEditor:cal-itp-data-infra",
            "members.1": "projectOwner:cal-itp-data-infra",
            "role": "roles/storage.legacyBucketOwner"
          },
          "sensitive_attributes": []
        }
      ]
    },
    {
      "mode": "managed",
      "type": "google_storage_bucket_iam_binding",
      "name": "tfer--calitp-ntd-xlsx-products-raw",
      "provider": "provider[\"registry.terraform.io/hashicorp/google\"]",
      "instances": [
        {
          "schema_version": 0,
          "attributes_flat": {
            "bucket": "b/calitp-ntd-xlsx-products-raw",
            "condition.#": "0",
            "etag": "CAE=",
            "id": "calitp-ntd-xlsx-products-raw",
            "members.#": "2",
            "members.0": "projectEditor:cal-itp-data-infra",
            "members.1": "projectOwner:cal-itp-data-infra",
            "role": "roles/storage.legacyBucketOwner"
          },
          "sensitive_attributes": []
        }
      ]
    },
    {
      "mode": "managed",
      "type": "google_storage_bucket_iam_binding",
      "name": "tfer--calitp-payments-littlepay-parsed",
      "provider": "provider[\"registry.terraform.io/hashicorp/google\"]",
      "instances": [
        {
          "schema_version": 0,
          "attributes_flat": {
            "bucket": "b/calitp-payments-littlepay-parsed",
            "condition.#": "0",
            "etag": "CAE=",
            "id": "calitp-payments-littlepay-parsed",
            "members.#": "2",
            "members.0": "projectEditor:cal-itp-data-infra",
            "members.1": "projectOwner:cal-itp-data-infra",
            "role": "roles/storage.legacyObjectOwner"
          },
          "sensitive_attributes": []
        }
      ]
    },
    {
      "mode": "managed",
      "type": "google_storage_bucket_iam_binding",
      "name": "tfer--calitp-payments-littlepay-raw",
      "provider": "provider[\"registry.terraform.io/hashicorp/google\"]",
      "instances": [
        {
          "schema_version": 0,
          "attributes_flat": {
            "bucket": "b/calitp-payments-littlepay-raw",
            "condition.#": "0",
            "etag": "CAE=",
            "id": "calitp-payments-littlepay-raw",
            "members.#": "2",
            "members.0": "projectEditor:cal-itp-data-infra",
            "members.1": "projectOwner:cal-itp-data-infra",
            "role": "roles/storage.legacyBucketOwner"
          },
          "sensitive_attributes": []
        }
      ]
    },
    {
      "mode": "managed",
      "type": "google_storage_bucket_iam_binding",
      "name": "tfer--calitp-prod-gcp-components-tfstate",
      "provider": "provider[\"registry.terraform.io/hashicorp/google\"]",
      "instances": [
        {
          "schema_version": 0,
          "attributes_flat": {
            "bucket": "b/calitp-prod-gcp-components-tfstate",
            "condition.#": "0",
            "etag": "CAE=",
            "id": "calitp-prod-gcp-components-tfstate",
            "members.#": "1",
            "members.0": "projectViewer:cal-itp-data-infra",
            "role": "roles/storage.legacyObjectReader"
          },
          "sensitive_attributes": []
        }
      ]
    },
    {
      "mode": "managed",
      "type": "google_storage_bucket_iam_binding",
      "name": "tfer--calitp-publish",
      "provider": "provider[\"registry.terraform.io/hashicorp/google\"]",
      "instances": [
        {
          "schema_version": 0,
          "attributes_flat": {
            "bucket": "b/calitp-publish",
            "condition.#": "0",
            "etag": "CAE=",
            "id": "calitp-publish",
            "members.#": "2",
            "members.0": "projectEditor:cal-itp-data-infra",
            "members.1": "projectOwner:cal-itp-data-infra",
            "role": "roles/storage.legacyBucketOwner"
          },
          "sensitive_attributes": []
        }
      ]
    },
    {
      "mode": "managed",
      "type": "google_storage_bucket_iam_binding",
      "name": "tfer--calitp-publish-data-analysis",
      "provider": "provider[\"registry.terraform.io/hashicorp/google\"]",
      "instances": [
        {
          "schema_version": 0,
          "attributes_flat": {
            "bucket": "b/calitp-publish-data-analysis",
            "condition.#": "0",
            "etag": "CAI=",
            "id": "calitp-publish-data-analysis",
            "members.#": "2",
            "members.0": "projectEditor:cal-itp-data-infra",
            "members.1": "projectOwner:cal-itp-data-infra",
            "role": "roles/storage.legacyObjectOwner"
          },
          "sensitive_attributes": []
        }
      ]
    },
    {
      "mode": "managed",
      "type": "google_storage_bucket_iam_binding",
      "name": "tfer--calitp-reports-data",
      "provider": "provider[\"registry.terraform.io/hashicorp/google\"]",
      "instances": [
        {
          "schema_version": 0,
          "attributes_flat": {
            "bucket": "b/calitp-reports-data",
            "condition.#": "0",
            "etag": "CAI=",
            "id": "calitp-reports-data",
            "members.#": "1",
            "members.0": "serviceAccount:calitp-py-ci@cal-itp-data-infra.iam.gserviceaccount.com",
            "role": "roles/storage.objectAdmin"
          },
          "sensitive_attributes": []
        }
      ]
    },
    {
      "mode": "managed",
      "type": "google_storage_bucket_iam_binding",
      "name": "tfer--calitp-state-geoportal-scrape",
      "provider": "provider[\"registry.terraform.io/hashicorp/google\"]",
      "instances": [
        {
          "schema_version": 0,
          "attributes_flat": {
            "bucket": "b/calitp-state-geoportal-scrape",
            "condition.#": "0",
            "etag": "CAE=",
            "id": "calitp-state-geoportal-scrape",
            "members.#": "2",
            "members.0": "projectEditor:cal-itp-data-infra",
            "members.1": "projectOwner:cal-itp-data-infra",
            "role": "roles/storage.legacyBucketOwner"
          },
          "sensitive_attributes": []
        }
      ]
    },
    {
      "mode": "managed",
      "type": "google_storage_bucket_iam_binding",
      "name": "tfer--calitp-state-highway-network-stops",
      "provider": "provider[\"registry.terraform.io/hashicorp/google\"]",
      "instances": [
        {
          "schema_version": 0,
          "attributes_flat": {
            "bucket": "b/calitp-state-highway-network-stops",
            "condition.#": "0",
            "etag": "CAE=",
            "id": "calitp-state-highway-network-stops",
            "members.#": "1",
            "members.0": "projectViewer:cal-itp-data-infra",
            "role": "roles/storage.legacyBucketReader"
          },
          "sensitive_attributes": []
        }
      ]
    },
    {
      "mode": "managed",
      "type": "google_storage_bucket_iam_binding",
      "name": "tfer--cold-storage-outputs-gtfs-data-test",
      "provider": "provider[\"registry.terraform.io/hashicorp/google\"]",
      "instances": [
        {
          "schema_version": 0,
          "attributes_flat": {
            "bucket": "b/cold-storage-outputs-gtfs-data-test",
            "condition.#": "0",
            "etag": "CAE=",
            "id": "cold-storage-outputs-gtfs-data-test",
            "members.#": "2",
            "members.0": "projectEditor:cal-itp-data-infra",
            "members.1": "projectOwner:cal-itp-data-infra",
            "role": "roles/storage.legacyBucketOwner"
          },
          "sensitive_attributes": []
        }
      ]
    },
    {
      "mode": "managed",
      "type": "google_storage_bucket_iam_binding",
      "name": "tfer--cold-storage-outputs-gtfs-data-test-charlie-test",
      "provider": "provider[\"registry.terraform.io/hashicorp/google\"]",
      "instances": [
        {
          "schema_version": 0,
          "attributes_flat": {
            "bucket": "b/cold-storage-outputs-gtfs-data-test-charlie-test",
            "condition.#": "0",
            "etag": "CAE=",
            "id": "cold-storage-outputs-gtfs-data-test-charlie-test",
            "members.#": "1",
            "members.0": "projectViewer:cal-itp-data-infra",
            "role": "roles/storage.legacyBucketReader"
          },
          "sensitive_attributes": []
        }
      ]
    },
    {
      "mode": "managed",
      "type": "google_storage_bucket_iam_binding",
      "name": "tfer--dataproc-staging-us-west2-1005246706141-sfgmtgyp",
      "provider": "provider[\"registry.terraform.io/hashicorp/google\"]",
      "instances": [
        {
          "schema_version": 0,
          "attributes_flat": {
            "bucket": "b/dataproc-staging-us-west2-1005246706141-sfgmtgyp",
            "condition.#": "0",
            "etag": "CAI=",
            "id": "dataproc-staging-us-west2-1005246706141-sfgmtgyp",
            "members.#": "1",
            "members.0": "projectViewer:cal-itp-data-infra",
            "role": "roles/storage.legacyBucketReader"
          },
          "sensitive_attributes": []
        }
      ]
    },
    {
      "mode": "managed",
      "type": "google_storage_bucket_iam_binding",
      "name": "tfer--dataproc-temp-us-west2-1005246706141-x9mtxbwg",
      "provider": "provider[\"registry.terraform.io/hashicorp/google\"]",
      "instances": [
        {
          "schema_version": 0,
          "attributes_flat": {
            "bucket": "b/dataproc-temp-us-west2-1005246706141-x9mtxbwg",
            "condition.#": "0",
            "etag": "CAI=",
            "id": "dataproc-temp-us-west2-1005246706141-x9mtxbwg",
            "members.#": "1",
            "members.0": "projectViewer:cal-itp-data-infra",
            "role": "roles/storage.legacyBucketReader"
          },
          "sensitive_attributes": []
        }
      ]
    },
    {
      "mode": "managed",
      "type": "google_storage_bucket_iam_binding",
      "name": "tfer--dev-calitp-aggregator-scraper",
      "provider": "provider[\"registry.terraform.io/hashicorp/google\"]",
      "instances": [
        {
          "schema_version": 0,
          "attributes_flat": {
            "bucket": "b/dev-calitp-aggregator-scraper",
            "condition.#": "0",
            "etag": "CAE=",
            "id": "dev-calitp-aggregator-scraper",
            "members.#": "1",
            "members.0": "projectViewer:cal-itp-data-infra",
            "role": "roles/storage.legacyObjectReader"
          },
          "sensitive_attributes": []
        }
      ]
    },
    {
      "mode": "managed",
      "type": "google_storage_bucket_iam_binding",
      "name": "tfer--dev-calitp-gtfs-rt-raw",
      "provider": "provider[\"registry.terraform.io/hashicorp/google\"]",
      "instances": [
        {
          "schema_version": 0,
          "attributes_flat": {
            "bucket": "b/dev-calitp-gtfs-rt-raw",
            "condition.#": "0",
            "etag": "CAQ=",
            "id": "dev-calitp-gtfs-rt-raw",
            "members.#": "1",
            "members.0": "projectViewer:cal-itp-data-infra",
            "role": "roles/storage.legacyObjectReader"
          },
          "sensitive_attributes": []
        }
      ]
    },
    {
      "mode": "managed",
      "type": "google_storage_bucket_iam_binding",
      "name": "tfer--dev-calitp-test-sandbox",
      "provider": "provider[\"registry.terraform.io/hashicorp/google\"]",
      "instances": [
        {
          "schema_version": 0,
          "attributes_flat": {
            "bucket": "b/dev-calitp-test-sandbox",
            "condition.#": "0",
            "etag": "CAI=",
            "id": "dev-calitp-test-sandbox",
            "members.#": "1",
            "members.0": "projectViewer:cal-itp-data-infra",
            "role": "roles/storage.legacyObjectReader"
          },
          "sensitive_attributes": []
        }
      ]
    },
    {
      "mode": "managed",
      "type": "google_storage_bucket_iam_binding",
      "name": "tfer--export-ysjqwvyxc4ti3jmahojq",
      "provider": "provider[\"registry.terraform.io/hashicorp/google\"]",
      "instances": [
        {
          "schema_version": 0,
          "attributes_flat": {
            "bucket": "b/export-ysjqwvyxc4ti3jmahojq",
            "condition.#": "0",
            "etag": "CAE=",
            "id": "export-ysjqwvyxc4ti3jmahojq",
            "members.#": "2",
            "members.0": "projectEditor:cal-itp-data-infra",
            "members.1": "projectOwner:cal-itp-data-infra",
            "role": "roles/storage.legacyBucketOwner"
          },
          "sensitive_attributes": []
        }
      ]
    },
    {
      "mode": "managed",
      "type": "google_storage_bucket_iam_binding",
      "name": "tfer--gtfs-data",
      "provider": "provider[\"registry.terraform.io/hashicorp/google\"]",
      "instances": [
        {
          "schema_version": 0,
          "attributes_flat": {
            "bucket": "b/gtfs-data",
            "condition.#": "0",
            "etag": "CAk=",
            "id": "gtfs-data",
            "members.#": "3",
            "members.0": "projectViewer:cal-itp-data-infra",
            "members.1": "serviceAccount:project-1005246706141@storage-transfer-service.iam.gserviceaccount.com",
            "members.2": "serviceAccount:project-473674835135@storage-transfer-service.iam.gserviceaccount.com",
            "role": "roles/storage.legacyBucketReader"
          },
          "sensitive_attributes": []
        }
      ]
    },
    {
      "mode": "managed",
      "type": "google_storage_bucket_iam_binding",
      "name": "tfer--gtfs-data-reports",
      "provider": "provider[\"registry.terraform.io/hashicorp/google\"]",
      "instances": [
        {
          "schema_version": 0,
          "attributes_flat": {
            "bucket": "b/gtfs-data-reports",
            "condition.#": "0",
            "etag": "CAE=",
            "id": "gtfs-data-reports",
            "members.#": "2",
            "members.0": "projectEditor:cal-itp-data-infra",
            "members.1": "projectOwner:cal-itp-data-infra",
            "role": "roles/storage.legacyObjectOwner"
          },
          "sensitive_attributes": []
        }
      ]
    },
    {
      "mode": "managed",
      "type": "google_storage_bucket_iam_binding",
      "name": "tfer--gtfs-data-test",
      "provider": "provider[\"registry.terraform.io/hashicorp/google\"]",
      "instances": [
        {
          "schema_version": 0,
          "attributes_flat": {
            "bucket": "b/gtfs-data-test",
            "condition.#": "0",
            "etag": "CAg=",
            "id": "gtfs-data-test",
            "members.#": "4",
            "members.0": "serviceAccount:calitp-py-ci@cal-itp-data-infra.iam.gserviceaccount.com",
            "members.1": "serviceAccount:gtfs-rt-archiver-test@cal-itp-data-infra.iam.gserviceaccount.com",
            "members.2": "serviceAccount:local-airflow-dev@cal-itp-data-infra-staging.iam.gserviceaccount.com",
            "members.3": "serviceAccount:project-1005246706141@storage-transfer-service.iam.gserviceaccount.com",
            "role": "roles/storage.objectAdmin"
          },
          "sensitive_attributes": []
        }
      ]
    },
    {
      "mode": "managed",
      "type": "google_storage_bucket_iam_binding",
      "name": "tfer--gtfs-data-test-reports",
      "provider": "provider[\"registry.terraform.io/hashicorp/google\"]",
      "instances": [
        {
          "schema_version": 0,
          "attributes_flat": {
            "bucket": "b/gtfs-data-test-reports",
            "condition.#": "0",
            "etag": "CAE=",
            "id": "gtfs-data-test-reports",
            "members.#": "2",
            "members.0": "projectEditor:cal-itp-data-infra",
            "members.1": "projectOwner:cal-itp-data-infra",
            "role": "roles/storage.legacyBucketOwner"
          },
          "sensitive_attributes": []
        }
      ]
    },
    {
      "mode": "managed",
      "type": "google_storage_bucket_iam_binding",
      "name": "tfer--gtfs-schedule-backfill-test",
      "provider": "provider[\"registry.terraform.io/hashicorp/google\"]",
      "instances": [
        {
          "schema_version": 0,
          "attributes_flat": {
            "bucket": "b/gtfs-schedule-backfill-test",
            "condition.#": "0",
            "etag": "CAM=",
            "id": "gtfs-schedule-backfill-test",
            "members.#": "2",
            "members.0": "projectEditor:cal-itp-data-infra",
            "members.1": "projectOwner:cal-itp-data-infra",
            "role": "roles/storage.legacyObjectOwner"
          },
          "sensitive_attributes": []
        }
      ]
    },
    {
      "mode": "managed",
      "type": "google_storage_bucket_iam_binding",
      "name": "tfer--gtfs-schedule-backfill-test-deprecated",
      "provider": "provider[\"registry.terraform.io/hashicorp/google\"]",
      "instances": [
        {
          "schema_version": 0,
          "attributes_flat": {
            "bucket": "b/gtfs-schedule-backfill-test-deprecated",
            "condition.#": "0",
            "etag": "CAI=",
            "id": "gtfs-schedule-backfill-test-deprecated",
            "members.#": "2",
            "members.0": "projectEditor:cal-itp-data-infra",
            "members.1": "projectOwner:cal-itp-data-infra",
            "role": "roles/storage.legacyObjectOwner"
          },
          "sensitive_attributes": []
        }
      ]
    },
    {
      "mode": "managed",
      "type": "google_storage_bucket_iam_binding",
      "name": "tfer--littlepay-data-extract-prod",
      "provider": "provider[\"registry.terraform.io/hashicorp/google\"]",
      "instances": [
        {
          "schema_version": 0,
          "attributes_flat": {
            "bucket": "b/littlepay-data-extract-prod",
            "condition.#": "0",
            "etag": "CAI=",
            "id": "littlepay-data-extract-prod",
            "members.#": "1",
            "members.0": "projectViewer:cal-itp-data-infra",
            "role": "roles/storage.legacyObjectReader"
          },
          "sensitive_attributes": []
        }
      ]
    },
    {
      "mode": "managed",
      "type": "google_storage_bucket_iam_binding",
      "name": "tfer--rt-parsed",
      "provider": "provider[\"registry.terraform.io/hashicorp/google\"]",
      "instances": [
        {
          "schema_version": 0,
          "attributes_flat": {
            "bucket": "b/rt-parsed",
            "condition.#": "0",
            "etag": "CAE=",
            "id": "rt-parsed",
            "members.#": "1",
            "members.0": "projectViewer:cal-itp-data-infra",
            "role": "roles/storage.legacyObjectReader"
          },
          "sensitive_attributes": []
        }
      ]
    },
    {
      "mode": "managed",
      "type": "google_storage_bucket_iam_binding",
      "name": "tfer--rt-parsed-deprecated",
      "provider": "provider[\"registry.terraform.io/hashicorp/google\"]",
      "instances": [
        {
          "schema_version": 0,
          "attributes_flat": {
            "bucket": "b/rt-parsed-deprecated",
            "condition.#": "0",
            "etag": "CAI=",
            "id": "rt-parsed-deprecated",
            "members.#": "1",
            "members.0": "projectViewer:cal-itp-data-infra",
            "role": "roles/storage.legacyBucketReader"
          },
          "sensitive_attributes": []
        }
      ]
    },
    {
      "mode": "managed",
      "type": "google_storage_bucket_iam_binding",
      "name": "tfer--staging-002E-cal-itp-data-infra-002E-appspot-002E-com",
      "provider": "provider[\"registry.terraform.io/hashicorp/google\"]",
      "instances": [
        {
          "schema_version": 0,
          "attributes_flat": {
            "bucket": "b/staging.cal-itp-data-infra.appspot.com",
            "condition.#": "0",
            "etag": "CAE=",
            "id": "staging.cal-itp-data-infra.appspot.com",
            "members.#": "2",
            "members.0": "projectEditor:cal-itp-data-infra",
            "members.1": "projectOwner:cal-itp-data-infra",
            "role": "roles/storage.legacyBucketOwner"
          },
          "sensitive_attributes": []
        }
      ]
    },
    {
      "mode": "managed",
      "type": "google_storage_bucket_iam_binding",
      "name": "tfer--test-calitp-aggregator-scraper",
      "provider": "provider[\"registry.terraform.io/hashicorp/google\"]",
      "instances": [
        {
          "schema_version": 0,
          "attributes_flat": {
            "bucket": "b/test-calitp-aggregator-scraper",
            "condition.#": "0",
            "etag": "CAE=",
            "id": "test-calitp-aggregator-scraper",
            "members.#": "2",
            "members.0": "projectEditor:cal-itp-data-infra",
            "members.1": "projectOwner:cal-itp-data-infra",
            "role": "roles/storage.legacyBucketOwner"
          },
          "sensitive_attributes": []
        }
      ]
    },
    {
      "mode": "managed",
      "type": "google_storage_bucket_iam_binding",
      "name": "tfer--test-calitp-airtable",
      "provider": "provider[\"registry.terraform.io/hashicorp/google\"]",
      "instances": [
        {
          "schema_version": 0,
          "attributes_flat": {
            "bucket": "b/test-calitp-airtable",
            "condition.#": "0",
            "etag": "CAE=",
            "id": "test-calitp-airtable",
            "members.#": "1",
            "members.0": "projectViewer:cal-itp-data-infra",
            "role": "roles/storage.legacyObjectReader"
          },
          "sensitive_attributes": []
        }
      ]
    },
    {
      "mode": "managed",
      "type": "google_storage_bucket_iam_binding",
      "name": "tfer--test-calitp-dbt-artifacts",
      "provider": "provider[\"registry.terraform.io/hashicorp/google\"]",
      "instances": [
        {
          "schema_version": 0,
          "attributes_flat": {
            "bucket": "b/test-calitp-dbt-artifacts",
            "condition.#": "0",
            "etag": "CAE=",
            "id": "test-calitp-dbt-artifacts",
            "members.#": "2",
            "members.0": "projectEditor:cal-itp-data-infra",
            "members.1": "projectOwner:cal-itp-data-infra",
            "role": "roles/storage.legacyBucketOwner"
          },
          "sensitive_attributes": []
        }
      ]
    },
    {
      "mode": "managed",
      "type": "google_storage_bucket_iam_binding",
      "name": "tfer--test-calitp-dbt-python-models",
      "provider": "provider[\"registry.terraform.io/hashicorp/google\"]",
      "instances": [
        {
          "schema_version": 0,
          "attributes_flat": {
            "bucket": "b/test-calitp-dbt-python-models",
            "condition.#": "0",
            "etag": "CAE=",
            "id": "test-calitp-dbt-python-models",
            "members.#": "1",
            "members.0": "projectViewer:cal-itp-data-infra",
            "role": "roles/storage.legacyObjectReader"
          },
          "sensitive_attributes": []
        }
      ]
    },
    {
      "mode": "managed",
      "type": "google_storage_bucket_iam_binding",
      "name": "tfer--test-calitp-elavon",
      "provider": "provider[\"registry.terraform.io/hashicorp/google\"]",
      "instances": [
        {
          "schema_version": 0,
          "attributes_flat": {
            "bucket": "b/test-calitp-elavon",
            "condition.#": "0",
            "etag": "CAE=",
            "id": "test-calitp-elavon",
            "members.#": "1",
            "members.0": "projectViewer:cal-itp-data-infra",
            "role": "roles/storage.legacyObjectReader"
          },
          "sensitive_attributes": []
        }
      ]
    },
    {
      "mode": "managed",
      "type": "google_storage_bucket_iam_binding",
      "name": "tfer--test-calitp-elavon-parsed",
      "provider": "provider[\"registry.terraform.io/hashicorp/google\"]",
      "instances": [
        {
          "schema_version": 0,
          "attributes_flat": {
            "bucket": "b/test-calitp-elavon-parsed",
            "condition.#": "0",
            "etag": "CAE=",
            "id": "test-calitp-elavon-parsed",
            "members.#": "1",
            "members.0": "projectViewer:cal-itp-data-infra",
            "role": "roles/storage.legacyObjectReader"
          },
          "sensitive_attributes": []
        }
      ]
    },
    {
      "mode": "managed",
      "type": "google_storage_bucket_iam_binding",
      "name": "tfer--test-calitp-elavon-raw",
      "provider": "provider[\"registry.terraform.io/hashicorp/google\"]",
      "instances": [
        {
          "schema_version": 0,
          "attributes_flat": {
            "bucket": "b/test-calitp-elavon-raw",
            "condition.#": "0",
            "etag": "CAE=",
            "id": "test-calitp-elavon-raw",
            "members.#": "2",
            "members.0": "projectEditor:cal-itp-data-infra",
            "members.1": "projectOwner:cal-itp-data-infra",
            "role": "roles/storage.legacyBucketOwner"
          },
          "sensitive_attributes": []
        }
      ]
    },
    {
      "mode": "managed",
      "type": "google_storage_bucket_iam_binding",
      "name": "tfer--test-calitp-gtfs-config",
      "provider": "provider[\"registry.terraform.io/hashicorp/google\"]",
      "instances": [
        {
          "schema_version": 0,
          "attributes_flat": {
            "bucket": "b/test-calitp-gtfs-config",
            "condition.#": "0",
            "etag": "CAE=",
            "id": "test-calitp-gtfs-config",
            "members.#": "2",
            "members.0": "projectEditor:cal-itp-data-infra",
            "members.1": "projectOwner:cal-itp-data-infra",
            "role": "roles/storage.legacyBucketOwner"
          },
          "sensitive_attributes": []
        }
      ]
    },
    {
      "mode": "managed",
      "type": "google_storage_bucket_iam_binding",
      "name": "tfer--test-calitp-gtfs-download-config",
      "provider": "provider[\"registry.terraform.io/hashicorp/google\"]",
      "instances": [
        {
          "schema_version": 0,
          "attributes_flat": {
            "bucket": "b/test-calitp-gtfs-download-config",
            "condition.#": "0",
            "etag": "CAI=",
            "id": "test-calitp-gtfs-download-config",
            "members.#": "2",
            "members.0": "projectEditor:cal-itp-data-infra",
            "members.1": "projectOwner:cal-itp-data-infra",
            "role": "roles/storage.legacyObjectOwner"
          },
          "sensitive_attributes": []
        }
      ]
    },
    {
      "mode": "managed",
      "type": "google_storage_bucket_iam_binding",
      "name": "tfer--test-calitp-gtfs-raw",
      "provider": "provider[\"registry.terraform.io/hashicorp/google\"]",
      "instances": [
        {
          "schema_version": 0,
          "attributes_flat": {
            "bucket": "b/test-calitp-gtfs-raw",
            "condition.#": "0",
            "etag": "CAE=",
            "id": "test-calitp-gtfs-raw",
            "members.#": "2",
            "members.0": "projectEditor:cal-itp-data-infra",
            "members.1": "projectOwner:cal-itp-data-infra",
            "role": "roles/storage.legacyObjectOwner"
          },
          "sensitive_attributes": []
        }
      ]
    },
    {
      "mode": "managed",
      "type": "google_storage_bucket_iam_binding",
      "name": "tfer--test-calitp-gtfs-rt-parsed",
      "provider": "provider[\"registry.terraform.io/hashicorp/google\"]",
      "instances": [
        {
          "schema_version": 0,
          "attributes_flat": {
            "bucket": "b/test-calitp-gtfs-rt-parsed",
            "condition.#": "0",
            "etag": "CAE=",
            "id": "test-calitp-gtfs-rt-parsed",
            "members.#": "2",
            "members.0": "projectEditor:cal-itp-data-infra",
            "members.1": "projectOwner:cal-itp-data-infra",
            "role": "roles/storage.legacyBucketOwner"
          },
          "sensitive_attributes": []
        }
      ]
    },
    {
      "mode": "managed",
      "type": "google_storage_bucket_iam_binding",
      "name": "tfer--test-calitp-gtfs-rt-raw",
      "provider": "provider[\"registry.terraform.io/hashicorp/google\"]",
      "instances": [
        {
          "schema_version": 0,
          "attributes_flat": {
            "bucket": "b/test-calitp-gtfs-rt-raw",
            "condition.#": "0",
            "etag": "CAQ=",
            "id": "test-calitp-gtfs-rt-raw",
            "members.#": "2",
            "members.0": "serviceAccount:gtfs-rt-archiver-test@cal-itp-data-infra.iam.gserviceaccount.com",
            "members.1": "serviceAccount:gtfs-rt-archiver-v3@cal-itp-data-infra.iam.gserviceaccount.com",
            "role": "roles/storage.objectAdmin"
          },
          "sensitive_attributes": []
        }
      ]
    },
    {
      "mode": "managed",
      "type": "google_storage_bucket_iam_binding",
      "name": "tfer--test-calitp-gtfs-rt-raw-v2",
      "provider": "provider[\"registry.terraform.io/hashicorp/google\"]",
      "instances": [
        {
          "schema_version": 0,
          "attributes_flat": {
            "bucket": "b/test-calitp-gtfs-rt-raw-v2",
            "condition.#": "0",
            "etag": "CAM=",
            "id": "test-calitp-gtfs-rt-raw-v2",
            "members.#": "1",
            "members.0": "projectViewer:cal-itp-data-infra",
            "role": "roles/storage.legacyBucketReader"
          },
          "sensitive_attributes": []
        }
      ]
    },
    {
      "mode": "managed",
      "type": "google_storage_bucket_iam_binding",
      "name": "tfer--test-calitp-gtfs-rt-validation",
      "provider": "provider[\"registry.terraform.io/hashicorp/google\"]",
      "instances": [
        {
          "schema_version": 0,
          "attributes_flat": {
            "bucket": "b/test-calitp-gtfs-rt-validation",
            "condition.#": "0",
            "etag": "CAE=",
            "id": "test-calitp-gtfs-rt-validation",
            "members.#": "1",
            "members.0": "projectViewer:cal-itp-data-infra",
            "role": "roles/storage.legacyBucketReader"
          },
          "sensitive_attributes": []
        }
      ]
    },
    {
      "mode": "managed",
      "type": "google_storage_bucket_iam_binding",
      "name": "tfer--test-calitp-gtfs-schedule-parsed",
      "provider": "provider[\"registry.terraform.io/hashicorp/google\"]",
      "instances": [
        {
          "schema_version": 0,
          "attributes_flat": {
            "bucket": "b/test-calitp-gtfs-schedule-parsed",
            "condition.#": "0",
            "etag": "CAE=",
            "id": "test-calitp-gtfs-schedule-parsed",
            "members.#": "1",
            "members.0": "projectViewer:cal-itp-data-infra",
            "role": "roles/storage.legacyObjectReader"
          },
          "sensitive_attributes": []
        }
      ]
    },
    {
      "mode": "managed",
      "type": "google_storage_bucket_iam_binding",
      "name": "tfer--test-calitp-gtfs-schedule-parsed-hourly",
      "provider": "provider[\"registry.terraform.io/hashicorp/google\"]",
      "instances": [
        {
          "schema_version": 0,
          "attributes_flat": {
            "bucket": "b/test-calitp-gtfs-schedule-parsed-hourly",
            "condition.#": "0",
            "etag": "CAE=",
            "id": "test-calitp-gtfs-schedule-parsed-hourly",
            "members.#": "1",
            "members.0": "projectViewer:cal-itp-data-infra",
            "role": "roles/storage.legacyBucketReader"
          },
          "sensitive_attributes": []
        }
      ]
    },
    {
      "mode": "managed",
      "type": "google_storage_bucket_iam_binding",
      "name": "tfer--test-calitp-gtfs-schedule-processed",
      "provider": "provider[\"registry.terraform.io/hashicorp/google\"]",
      "instances": [
        {
          "schema_version": 0,
          "attributes_flat": {
            "bucket": "b/test-calitp-gtfs-schedule-processed",
            "condition.#": "0",
            "etag": "CAE=",
            "id": "test-calitp-gtfs-schedule-processed",
            "members.#": "2",
            "members.0": "projectEditor:cal-itp-data-infra",
            "members.1": "projectOwner:cal-itp-data-infra",
            "role": "roles/storage.legacyObjectOwner"
          },
          "sensitive_attributes": []
        }
      ]
    },
    {
      "mode": "managed",
      "type": "google_storage_bucket_iam_binding",
      "name": "tfer--test-calitp-gtfs-schedule-raw",
      "provider": "provider[\"registry.terraform.io/hashicorp/google\"]",
      "instances": [
        {
          "schema_version": 0,
          "attributes_flat": {
            "bucket": "b/test-calitp-gtfs-schedule-raw",
            "condition.#": "0",
            "etag": "CAI=",
            "id": "test-calitp-gtfs-schedule-raw",
            "members.#": "2",
            "members.0": "projectEditor:cal-itp-data-infra",
            "members.1": "projectOwner:cal-itp-data-infra",
            "role": "roles/storage.legacyBucketOwner"
          },
          "sensitive_attributes": []
        }
      ]
    },
    {
      "mode": "managed",
      "type": "google_storage_bucket_iam_binding",
      "name": "tfer--test-calitp-gtfs-schedule-raw-v2",
      "provider": "provider[\"registry.terraform.io/hashicorp/google\"]",
      "instances": [
        {
          "schema_version": 0,
          "attributes_flat": {
            "bucket": "b/test-calitp-gtfs-schedule-raw-v2",
            "condition.#": "0",
            "etag": "CAI=",
            "id": "test-calitp-gtfs-schedule-raw-v2",
            "members.#": "2",
            "members.0": "projectViewer:cal-itp-data-infra",
            "members.1": "serviceAccount:project-1005246706141@storage-transfer-service.iam.gserviceaccount.com",
            "role": "roles/storage.legacyBucketReader"
          },
          "sensitive_attributes": []
        }
      ]
    },
    {
      "mode": "managed",
      "type": "google_storage_bucket_iam_binding",
      "name": "tfer--test-calitp-gtfs-schedule-raw-v2-backfill-test",
      "provider": "provider[\"registry.terraform.io/hashicorp/google\"]",
      "instances": [
        {
          "schema_version": 0,
          "attributes_flat": {
            "bucket": "b/test-calitp-gtfs-schedule-raw-v2-backfill-test",
            "condition.#": "0",
            "etag": "CAE=",
            "id": "test-calitp-gtfs-schedule-raw-v2-backfill-test",
            "members.#": "2",
            "members.0": "projectEditor:cal-itp-data-infra",
            "members.1": "projectOwner:cal-itp-data-infra",
            "role": "roles/storage.legacyBucketOwner"
          },
          "sensitive_attributes": []
        }
      ]
    },
    {
      "mode": "managed",
      "type": "google_storage_bucket_iam_binding",
      "name": "tfer--test-calitp-gtfs-schedule-unzipped",
      "provider": "provider[\"registry.terraform.io/hashicorp/google\"]",
      "instances": [
        {
          "schema_version": 0,
          "attributes_flat": {
            "bucket": "b/test-calitp-gtfs-schedule-unzipped",
            "condition.#": "0",
            "etag": "CAE=",
            "id": "test-calitp-gtfs-schedule-unzipped",
            "members.#": "2",
            "members.0": "projectEditor:cal-itp-data-infra",
            "members.1": "projectOwner:cal-itp-data-infra",
            "role": "roles/storage.legacyBucketOwner"
          },
          "sensitive_attributes": []
        }
      ]
    },
    {
      "mode": "managed",
      "type": "google_storage_bucket_iam_binding",
      "name": "tfer--test-calitp-gtfs-schedule-unzipped-hourly",
      "provider": "provider[\"registry.terraform.io/hashicorp/google\"]",
      "instances": [
        {
          "schema_version": 0,
          "attributes_flat": {
            "bucket": "b/test-calitp-gtfs-schedule-unzipped-hourly",
            "condition.#": "0",
            "etag": "CAE=",
            "id": "test-calitp-gtfs-schedule-unzipped-hourly",
            "members.#": "1",
            "members.0": "projectViewer:cal-itp-data-infra",
            "role": "roles/storage.legacyObjectReader"
          },
          "sensitive_attributes": []
        }
      ]
    },
    {
      "mode": "managed",
      "type": "google_storage_bucket_iam_binding",
      "name": "tfer--test-calitp-gtfs-schedule-validation",
      "provider": "provider[\"registry.terraform.io/hashicorp/google\"]",
      "instances": [
        {
          "schema_version": 0,
          "attributes_flat": {
            "bucket": "b/test-calitp-gtfs-schedule-validation",
            "condition.#": "0",
            "etag": "CAE=",
            "id": "test-calitp-gtfs-schedule-validation",
            "members.#": "1",
            "members.0": "projectViewer:cal-itp-data-infra",
            "role": "roles/storage.legacyBucketReader"
          },
          "sensitive_attributes": []
        }
      ]
    },
    {
      "mode": "managed",
      "type": "google_storage_bucket_iam_binding",
      "name": "tfer--test-calitp-gtfs-schedule-validation-hourly",
      "provider": "provider[\"registry.terraform.io/hashicorp/google\"]",
      "instances": [
        {
          "schema_version": 0,
          "attributes_flat": {
            "bucket": "b/test-calitp-gtfs-schedule-validation-hourly",
            "condition.#": "0",
            "etag": "CAE=",
            "id": "test-calitp-gtfs-schedule-validation-hourly",
            "members.#": "2",
            "members.0": "projectEditor:cal-itp-data-infra",
            "members.1": "projectOwner:cal-itp-data-infra",
            "role": "roles/storage.legacyBucketOwner"
          },
          "sensitive_attributes": []
        }
      ]
    },
    {
      "mode": "managed",
      "type": "google_storage_bucket_iam_binding",
      "name": "tfer--test-calitp-ntd-api-products",
      "provider": "provider[\"registry.terraform.io/hashicorp/google\"]",
      "instances": [
        {
          "schema_version": 0,
          "attributes_flat": {
            "bucket": "b/test-calitp-ntd-api-products",
            "condition.#": "0",
            "etag": "CAE=",
            "id": "test-calitp-ntd-api-products",
            "members.#": "2",
            "members.0": "projectEditor:cal-itp-data-infra",
            "members.1": "projectOwner:cal-itp-data-infra",
            "role": "roles/storage.legacyObjectOwner"
          },
          "sensitive_attributes": []
        }
      ]
    },
    {
      "mode": "managed",
      "type": "google_storage_bucket_iam_binding",
      "name": "tfer--test-calitp-ntd-data-products",
      "provider": "provider[\"registry.terraform.io/hashicorp/google\"]",
      "instances": [
        {
          "schema_version": 0,
          "attributes_flat": {
            "bucket": "b/test-calitp-ntd-data-products",
            "condition.#": "0",
            "etag": "CAE=",
            "id": "test-calitp-ntd-data-products",
            "members.#": "1",
            "members.0": "projectViewer:cal-itp-data-infra",
            "role": "roles/storage.legacyObjectReader"
          },
          "sensitive_attributes": []
        }
      ]
    },
    {
      "mode": "managed",
      "type": "google_storage_bucket_iam_binding",
      "name": "tfer--test-calitp-ntd-report-validation",
      "provider": "provider[\"registry.terraform.io/hashicorp/google\"]",
      "instances": [
        {
          "schema_version": 0,
          "attributes_flat": {
            "bucket": "b/test-calitp-ntd-report-validation",
            "condition.#": "0",
            "etag": "CAE=",
            "id": "test-calitp-ntd-report-validation",
            "members.#": "2",
            "members.0": "projectEditor:cal-itp-data-infra",
            "members.1": "projectOwner:cal-itp-data-infra",
            "role": "roles/storage.legacyObjectOwner"
          },
          "sensitive_attributes": []
        }
      ]
    },
    {
      "mode": "managed",
      "type": "google_storage_bucket_iam_binding",
      "name": "tfer--test-calitp-ntd-xlsx-products-clean",
      "provider": "provider[\"registry.terraform.io/hashicorp/google\"]",
      "instances": [
        {
          "schema_version": 0,
          "attributes_flat": {
            "bucket": "b/test-calitp-ntd-xlsx-products-clean",
            "condition.#": "0",
            "etag": "CAE=",
            "id": "test-calitp-ntd-xlsx-products-clean",
            "members.#": "1",
            "members.0": "projectViewer:cal-itp-data-infra",
            "role": "roles/storage.legacyObjectReader"
          },
          "sensitive_attributes": []
        }
      ]
    },
    {
      "mode": "managed",
      "type": "google_storage_bucket_iam_binding",
      "name": "tfer--test-calitp-ntd-xlsx-products-raw",
      "provider": "provider[\"registry.terraform.io/hashicorp/google\"]",
      "instances": [
        {
          "schema_version": 0,
          "attributes_flat": {
            "bucket": "b/test-calitp-ntd-xlsx-products-raw",
            "condition.#": "0",
            "etag": "CAE=",
            "id": "test-calitp-ntd-xlsx-products-raw",
            "members.#": "1",
            "members.0": "projectViewer:cal-itp-data-infra",
            "role": "roles/storage.legacyObjectReader"
          },
          "sensitive_attributes": []
        }
      ]
    },
    {
      "mode": "managed",
      "type": "google_storage_bucket_iam_binding",
      "name": "tfer--test-calitp-payments-littlepay-parsed",
      "provider": "provider[\"registry.terraform.io/hashicorp/google\"]",
      "instances": [
        {
          "schema_version": 0,
          "attributes_flat": {
            "bucket": "b/test-calitp-payments-littlepay-parsed",
            "condition.#": "0",
            "etag": "CAE=",
            "id": "test-calitp-payments-littlepay-parsed",
            "members.#": "1",
            "members.0": "projectViewer:cal-itp-data-infra",
            "role": "roles/storage.legacyBucketReader"
          },
          "sensitive_attributes": []
        }
      ]
    },
    {
      "mode": "managed",
      "type": "google_storage_bucket_iam_binding",
      "name": "tfer--test-calitp-payments-littlepay-raw",
      "provider": "provider[\"registry.terraform.io/hashicorp/google\"]",
      "instances": [
        {
          "schema_version": 0,
          "attributes_flat": {
            "bucket": "b/test-calitp-payments-littlepay-raw",
            "condition.#": "0",
            "etag": "CAE=",
            "id": "test-calitp-payments-littlepay-raw",
            "members.#": "1",
            "members.0": "projectViewer:cal-itp-data-infra",
            "role": "roles/storage.legacyBucketReader"
          },
          "sensitive_attributes": []
        }
      ]
    },
    {
      "mode": "managed",
      "type": "google_storage_bucket_iam_binding",
      "name": "tfer--test-calitp-publish",
      "provider": "provider[\"registry.terraform.io/hashicorp/google\"]",
      "instances": [
        {
          "schema_version": 0,
          "attributes_flat": {
            "bucket": "b/test-calitp-publish",
            "condition.#": "0",
            "etag": "CAE=",
            "id": "test-calitp-publish",
            "members.#": "2",
            "members.0": "projectEditor:cal-itp-data-infra",
            "members.1": "projectOwner:cal-itp-data-infra",
            "role": "roles/storage.legacyBucketOwner"
          },
          "sensitive_attributes": []
        }
      ]
    },
    {
      "mode": "managed",
      "type": "google_storage_bucket_iam_binding",
      "name": "tfer--test-calitp-publish-data-analysis",
      "provider": "provider[\"registry.terraform.io/hashicorp/google\"]",
      "instances": [
        {
          "schema_version": 0,
          "attributes_flat": {
            "bucket": "b/test-calitp-publish-data-analysis",
            "condition.#": "0",
            "etag": "CAE=",
            "id": "test-calitp-publish-data-analysis",
            "members.#": "1",
            "members.0": "projectViewer:cal-itp-data-infra",
            "role": "roles/storage.legacyObjectReader"
          },
          "sensitive_attributes": []
        }
      ]
    },
    {
      "mode": "managed",
      "type": "google_storage_bucket_iam_binding",
      "name": "tfer--test-calitp-reports-data",
      "provider": "provider[\"registry.terraform.io/hashicorp/google\"]",
      "instances": [
        {
          "schema_version": 0,
          "attributes_flat": {
            "bucket": "b/test-calitp-reports-data",
            "condition.#": "0",
            "etag": "CAI=",
            "id": "test-calitp-reports-data",
            "members.#": "2",
            "members.0": "projectEditor:cal-itp-data-infra",
            "members.1": "projectOwner:cal-itp-data-infra",
            "role": "roles/storage.legacyObjectOwner"
          },
          "sensitive_attributes": []
        }
      ]
    },
    {
      "mode": "managed",
      "type": "google_storage_bucket_iam_binding",
      "name": "tfer--test-calitp-sentry",
      "provider": "provider[\"registry.terraform.io/hashicorp/google\"]",
      "instances": [
        {
          "schema_version": 0,
          "attributes_flat": {
            "bucket": "b/test-calitp-sentry",
            "condition.#": "0",
            "etag": "CAE=",
            "id": "test-calitp-sentry",
            "members.#": "2",
            "members.0": "projectEditor:cal-itp-data-infra",
            "members.1": "projectOwner:cal-itp-data-infra",
            "role": "roles/storage.legacyObjectOwner"
          },
          "sensitive_attributes": []
        }
      ]
    },
    {
      "mode": "managed",
      "type": "google_storage_bucket_iam_binding",
      "name": "tfer--test-calitp-state-geoportal-scrape",
      "provider": "provider[\"registry.terraform.io/hashicorp/google\"]",
      "instances": [
        {
          "schema_version": 0,
          "attributes_flat": {
            "bucket": "b/test-calitp-state-geoportal-scrape",
            "condition.#": "0",
            "etag": "CAE=",
            "id": "test-calitp-state-geoportal-scrape",
            "members.#": "2",
            "members.0": "projectEditor:cal-itp-data-infra",
            "members.1": "projectOwner:cal-itp-data-infra",
            "role": "roles/storage.legacyBucketOwner"
          },
          "sensitive_attributes": []
        }
      ]
    },
    {
      "mode": "managed",
      "type": "google_storage_bucket_iam_binding",
      "name": "tfer--test-rt-parsed",
      "provider": "provider[\"registry.terraform.io/hashicorp/google\"]",
      "instances": [
        {
          "schema_version": 0,
          "attributes_flat": {
            "bucket": "b/test-rt-parsed",
            "condition.#": "0",
            "etag": "CAE=",
            "id": "test-rt-parsed",
            "members.#": "2",
            "members.0": "projectEditor:cal-itp-data-infra",
            "members.1": "projectOwner:cal-itp-data-infra",
            "role": "roles/storage.legacyObjectOwner"
          },
          "sensitive_attributes": []
        }
      ]
    },
    {
      "mode": "managed",
      "type": "google_storage_bucket_iam_binding",
      "name": "tfer--test-rt-validations",
      "provider": "provider[\"registry.terraform.io/hashicorp/google\"]",
      "instances": [
        {
          "schema_version": 0,
          "attributes_flat": {
            "bucket": "b/test-rt-validations",
            "condition.#": "0",
            "etag": "CAE=",
            "id": "test-rt-validations",
            "members.#": "2",
            "members.0": "projectEditor:cal-itp-data-infra",
            "members.1": "projectOwner:cal-itp-data-infra",
            "role": "roles/storage.legacyBucketOwner"
          },
          "sensitive_attributes": []
        }
      ]
    },
    {
      "mode": "managed",
      "type": "google_storage_bucket_iam_binding",
      "name": "tfer--us-002E-artifacts-002E-cal-itp-data-infra-002E-appspot-002E-com",
      "provider": "provider[\"registry.terraform.io/hashicorp/google\"]",
      "instances": [
        {
          "schema_version": 0,
          "attributes_flat": {
            "bucket": "b/us.artifacts.cal-itp-data-infra.appspot.com",
            "condition.#": "0",
            "etag": "CAE=",
            "id": "us.artifacts.cal-itp-data-infra.appspot.com",
            "members.#": "1",
            "members.0": "projectViewer:cal-itp-data-infra",
            "role": "roles/storage.legacyBucketReader"
          },
          "sensitive_attributes": []
        }
      ]
    },
    {
      "mode": "managed",
      "type": "google_storage_bucket_iam_binding",
      "name": "tfer--us-west2-calitp-airflow2-pr-171e4e47-bucket",
      "provider": "provider[\"registry.terraform.io/hashicorp/google\"]",
      "instances": [
        {
          "schema_version": 0,
          "attributes_flat": {
            "bucket": "b/us-west2-calitp-airflow2-pr-171e4e47-bucket",
            "condition.#": "0",
            "etag": "CBc=",
            "id": "us-west2-calitp-airflow2-pr-171e4e47-bucket",
            "members.#": "2",
            "members.0": "projectEditor:cal-itp-data-infra",
            "members.1": "projectOwner:cal-itp-data-infra",
            "role": "roles/storage.legacyObjectOwner"
          },
          "sensitive_attributes": []
        }
      ]
    },
    {
      "mode": "managed",
      "type": "google_storage_bucket_iam_binding",
      "name": "tfer--us-west2-calitp-airflow2-pr-31e41084-bucket",
      "provider": "provider[\"registry.terraform.io/hashicorp/google\"]",
      "instances": [
        {
          "schema_version": 0,
          "attributes_flat": {
            "bucket": "b/us-west2-calitp-airflow2-pr-31e41084-bucket",
            "condition.#": "0",
            "etag": "CFM=",
            "id": "us-west2-calitp-airflow2-pr-31e41084-bucket",
            "members.#": "3",
            "members.0": "projectEditor:cal-itp-data-infra",
            "members.1": "projectOwner:cal-itp-data-infra",
            "members.2": "serviceAccount:composer2-service-account@cal-itp-data-infra.iam.gserviceaccount.com",
            "role": "roles/storage.legacyBucketOwner"
          },
          "sensitive_attributes": []
        }
      ]
    },
    {
      "mode": "managed",
      "type": "google_storage_bucket_iam_binding",
      "name": "tfer--us-west2-calitp-airflow2-pr-88ca8ec6-bucket",
      "provider": "provider[\"registry.terraform.io/hashicorp/google\"]",
      "instances": [
        {
          "schema_version": 0,
          "attributes_flat": {
            "bucket": "b/us-west2-calitp-airflow2-pr-88ca8ec6-bucket",
            "condition.#": "0",
            "etag": "CB4=",
            "id": "us-west2-calitp-airflow2-pr-88ca8ec6-bucket",
            "members.#": "2",
            "members.0": "projectEditor:cal-itp-data-infra",
            "members.1": "projectOwner:cal-itp-data-infra",
            "role": "roles/storage.legacyObjectOwner"
          },
          "sensitive_attributes": []
        }
      ]
    },
    {
      "mode": "managed",
      "type": "google_storage_bucket_iam_member",
      "name": "tfer--analysis-output-models",
      "provider": "provider[\"registry.terraform.io/hashicorp/google\"]",
      "instances": [
        {
          "schema_version": 0,
          "attributes_flat": {
            "bucket": "b/analysis-output-models",
            "condition.#": "0",
            "etag": "CAM=",
            "id": "analysis-output-models",
            "member": "projectEditor:cal-itp-data-infra",
            "role": "roles/storage.legacyBucketOwner"
          },
          "sensitive_attributes": []
        }
      ]
    },
    {
      "mode": "managed",
      "type": "google_storage_bucket_iam_member",
      "name": "tfer--artifacts-002E-cal-itp-data-infra-002E-appspot-002E-com",
      "provider": "provider[\"registry.terraform.io/hashicorp/google\"]",
      "instances": [
        {
          "schema_version": 0,
          "attributes_flat": {
            "bucket": "b/artifacts.cal-itp-data-infra.appspot.com",
            "condition.#": "0",
            "etag": "CAE=",
            "id": "artifacts.cal-itp-data-infra.appspot.com",
            "member": "projectEditor:cal-itp-data-infra",
            "role": "roles/storage.legacyBucketOwner"
          },
          "sensitive_attributes": []
        }
      ]
    },
    {
      "mode": "managed",
      "type": "google_storage_bucket_iam_member",
      "name": "tfer--cal-itp-data-infra-002E-appspot-002E-com",
      "provider": "provider[\"registry.terraform.io/hashicorp/google\"]",
      "instances": [
        {
          "schema_version": 0,
          "attributes_flat": {
            "bucket": "b/cal-itp-data-infra.appspot.com",
            "condition.#": "0",
            "etag": "CAE=",
            "id": "cal-itp-data-infra.appspot.com",
            "member": "projectOwner:cal-itp-data-infra",
            "role": "roles/storage.legacyBucketOwner"
          },
          "sensitive_attributes": []
        }
      ]
    },
    {
      "mode": "managed",
      "type": "google_storage_bucket_iam_member",
      "name": "tfer--calitp-aggregator-scraper",
      "provider": "provider[\"registry.terraform.io/hashicorp/google\"]",
      "instances": [
        {
          "schema_version": 0,
          "attributes_flat": {
            "bucket": "b/calitp-aggregator-scraper",
            "condition.#": "0",
            "etag": "CAE=",
            "id": "calitp-aggregator-scraper",
            "member": "projectViewer:cal-itp-data-infra",
            "role": "roles/storage.legacyObjectReader"
          },
          "sensitive_attributes": []
        }
      ]
    },
    {
      "mode": "managed",
      "type": "google_storage_bucket_iam_member",
      "name": "tfer--calitp-airtable",
      "provider": "provider[\"registry.terraform.io/hashicorp/google\"]",
      "instances": [
        {
          "schema_version": 0,
          "attributes_flat": {
            "bucket": "b/calitp-airtable",
            "condition.#": "0",
            "etag": "CAQ=",
            "id": "calitp-airtable",
            "member": "projectOwner:cal-itp-data-infra",
            "role": "roles/storage.legacyBucketOwner"
          },
          "sensitive_attributes": []
        }
      ]
    },
    {
      "mode": "managed",
      "type": "google_storage_bucket_iam_member",
      "name": "tfer--calitp-amplitude-benefits-events",
      "provider": "provider[\"registry.terraform.io/hashicorp/google\"]",
      "instances": [
        {
          "schema_version": 0,
          "attributes_flat": {
            "bucket": "b/calitp-amplitude-benefits-events",
            "condition.#": "0",
            "etag": "CAE=",
            "id": "calitp-amplitude-benefits-events",
            "member": "projectViewer:cal-itp-data-infra",
            "role": "roles/storage.legacyBucketReader"
          },
          "sensitive_attributes": []
        }
      ]
    },
    {
      "mode": "managed",
      "type": "google_storage_bucket_iam_member",
      "name": "tfer--calitp-analytics-data",
      "provider": "provider[\"registry.terraform.io/hashicorp/google\"]",
      "instances": [
        {
          "schema_version": 0,
          "attributes_flat": {
            "bucket": "b/calitp-analytics-data",
            "condition.#": "0",
            "etag": "CAw=",
            "id": "calitp-analytics-data",
            "member": "projectOwner:cal-itp-data-infra",
            "role": "roles/storage.legacyObjectOwner"
          },
          "sensitive_attributes": []
        }
      ]
    },
    {
      "mode": "managed",
      "type": "google_storage_bucket_iam_member",
      "name": "tfer--calitp-backups-grafana",
      "provider": "provider[\"registry.terraform.io/hashicorp/google\"]",
      "instances": [
        {
          "schema_version": 0,
          "attributes_flat": {
            "bucket": "b/calitp-backups-grafana",
            "condition.#": "0",
            "etag": "CAI=",
            "id": "calitp-backups-grafana",
            "member": "projectEditor:cal-itp-data-infra",
            "role": "roles/storage.legacyBucketOwner"
          },
          "sensitive_attributes": []
        }
      ]
    },
    {
      "mode": "managed",
      "type": "google_storage_bucket_iam_member",
      "name": "tfer--calitp-backups-metabase",
      "provider": "provider[\"registry.terraform.io/hashicorp/google\"]",
      "instances": [
        {
          "schema_version": 0,
          "attributes_flat": {
            "bucket": "b/calitp-backups-metabase",
            "condition.#": "0",
            "etag": "CAI=",
            "id": "calitp-backups-metabase",
            "member": "projectOwner:cal-itp-data-infra",
            "role": "roles/storage.legacyBucketOwner"
          },
          "sensitive_attributes": []
        }
      ]
    },
    {
      "mode": "managed",
      "type": "google_storage_bucket_iam_member",
      "name": "tfer--calitp-backups-sentry",
      "provider": "provider[\"registry.terraform.io/hashicorp/google\"]",
      "instances": [
        {
          "schema_version": 0,
          "attributes_flat": {
            "bucket": "b/calitp-backups-sentry",
            "condition.#": "0",
            "etag": "CAI=",
            "id": "calitp-backups-sentry",
            "member": "projectEditor:cal-itp-data-infra",
            "role": "roles/storage.legacyObjectOwner"
          },
          "sensitive_attributes": []
        }
      ]
    },
    {
      "mode": "managed",
      "type": "google_storage_bucket_iam_member",
      "name": "tfer--calitp-backups-test",
      "provider": "provider[\"registry.terraform.io/hashicorp/google\"]",
      "instances": [
        {
          "schema_version": 0,
          "attributes_flat": {
            "bucket": "b/calitp-backups-test",
            "condition.#": "0",
            "etag": "CAM=",
            "id": "calitp-backups-test",
            "member": "projectEditor:cal-itp-data-infra",
            "role": "roles/storage.legacyObjectOwner"
          },
          "sensitive_attributes": []
        }
      ]
    },
    {
      "mode": "managed",
      "type": "google_storage_bucket_iam_member",
      "name": "tfer--calitp-ci-artifacts",
      "provider": "provider[\"registry.terraform.io/hashicorp/google\"]",
      "instances": [
        {
          "schema_version": 0,
          "attributes_flat": {
            "bucket": "b/calitp-ci-artifacts",
            "condition.#": "0",
            "etag": "CAE=",
            "id": "calitp-ci-artifacts",
            "member": "projectEditor:cal-itp-data-infra",
            "role": "roles/storage.legacyObjectOwner"
          },
          "sensitive_attributes": []
        }
      ]
    },
    {
      "mode": "managed",
      "type": "google_storage_bucket_iam_member",
      "name": "tfer--calitp-dbt-artifacts",
      "provider": "provider[\"registry.terraform.io/hashicorp/google\"]",
      "instances": [
        {
          "schema_version": 0,
          "attributes_flat": {
            "bucket": "b/calitp-dbt-artifacts",
            "condition.#": "0",
            "etag": "CAE=",
            "id": "calitp-dbt-artifacts",
            "member": "projectViewer:cal-itp-data-infra",
            "role": "roles/storage.legacyBucketReader"
          },
          "sensitive_attributes": []
        }
      ]
    },
    {
      "mode": "managed",
      "type": "google_storage_bucket_iam_member",
      "name": "tfer--calitp-dbt-python-models",
      "provider": "provider[\"registry.terraform.io/hashicorp/google\"]",
      "instances": [
        {
          "schema_version": 0,
          "attributes_flat": {
            "bucket": "b/calitp-dbt-python-models",
            "condition.#": "0",
            "etag": "CAE=",
            "id": "calitp-dbt-python-models",
            "member": "projectOwner:cal-itp-data-infra",
            "role": "roles/storage.legacyObjectOwner"
          },
          "sensitive_attributes": []
        }
      ]
    },
    {
      "mode": "managed",
      "type": "google_storage_bucket_iam_member",
      "name": "tfer--calitp-elavon-parsed",
      "provider": "provider[\"registry.terraform.io/hashicorp/google\"]",
      "instances": [
        {
          "schema_version": 0,
          "attributes_flat": {
            "bucket": "b/calitp-elavon-parsed",
            "condition.#": "0",
            "etag": "CAE=",
            "id": "calitp-elavon-parsed",
            "member": "projectEditor:cal-itp-data-infra",
            "role": "roles/storage.legacyObjectOwner"
          },
          "sensitive_attributes": []
        }
      ]
    },
    {
      "mode": "managed",
      "type": "google_storage_bucket_iam_member",
      "name": "tfer--calitp-elavon-raw",
      "provider": "provider[\"registry.terraform.io/hashicorp/google\"]",
      "instances": [
        {
          "schema_version": 0,
          "attributes_flat": {
            "bucket": "b/calitp-elavon-raw",
            "condition.#": "0",
            "etag": "CAE=",
            "id": "calitp-elavon-raw",
            "member": "projectEditor:cal-itp-data-infra",
            "role": "roles/storage.legacyObjectOwner"
          },
          "sensitive_attributes": []
        }
      ]
    },
    {
      "mode": "managed",
      "type": "google_storage_bucket_iam_member",
      "name": "tfer--calitp-gtfs-download-config",
      "provider": "provider[\"registry.terraform.io/hashicorp/google\"]",
      "instances": [
        {
          "schema_version": 0,
          "attributes_flat": {
            "bucket": "b/calitp-gtfs-download-config",
            "condition.#": "0",
            "etag": "CAE=",
            "id": "calitp-gtfs-download-config",
            "member": "projectEditor:cal-itp-data-infra",
            "role": "roles/storage.legacyBucketOwner"
          },
          "sensitive_attributes": []
        }
      ]
    },
    {
      "mode": "managed",
      "type": "google_storage_bucket_iam_member",
      "name": "tfer--calitp-gtfs-rt-parsed",
      "provider": "provider[\"registry.terraform.io/hashicorp/google\"]",
      "instances": [
        {
          "schema_version": 0,
          "attributes_flat": {
            "bucket": "b/calitp-gtfs-rt-parsed",
            "condition.#": "0",
            "etag": "CAE=",
            "id": "calitp-gtfs-rt-parsed",
            "member": "projectOwner:cal-itp-data-infra",
            "role": "roles/storage.legacyBucketOwner"
          },
          "sensitive_attributes": []
        }
      ]
    },
    {
      "mode": "managed",
      "type": "google_storage_bucket_iam_member",
      "name": "tfer--calitp-gtfs-rt-raw-deprecated",
      "provider": "provider[\"registry.terraform.io/hashicorp/google\"]",
      "instances": [
        {
          "schema_version": 0,
          "attributes_flat": {
            "bucket": "b/calitp-gtfs-rt-raw-deprecated",
            "condition.#": "0",
            "etag": "CAQ=",
            "id": "calitp-gtfs-rt-raw-deprecated",
            "member": "projectOwner:cal-itp-data-infra",
            "role": "roles/storage.legacyObjectOwner"
          },
          "sensitive_attributes": []
        }
      ]
    },
    {
      "mode": "managed",
      "type": "google_storage_bucket_iam_member",
      "name": "tfer--calitp-gtfs-rt-raw-v2",
      "provider": "provider[\"registry.terraform.io/hashicorp/google\"]",
      "instances": [
        {
          "schema_version": 0,
          "attributes_flat": {
            "bucket": "b/calitp-gtfs-rt-raw-v2",
            "condition.#": "0",
            "etag": "CAM=",
            "id": "calitp-gtfs-rt-raw-v2",
            "member": "projectViewer:cal-itp-data-infra",
            "role": "roles/storage.legacyObjectReader"
          },
          "sensitive_attributes": []
        }
      ]
    },
    {
      "mode": "managed",
      "type": "google_storage_bucket_iam_member",
      "name": "tfer--calitp-gtfs-rt-validation",
      "provider": "provider[\"registry.terraform.io/hashicorp/google\"]",
      "instances": [
        {
          "schema_version": 0,
          "attributes_flat": {
            "bucket": "b/calitp-gtfs-rt-validation",
            "condition.#": "0",
            "etag": "CAE=",
            "id": "calitp-gtfs-rt-validation",
            "member": "projectEditor:cal-itp-data-infra",
            "role": "roles/storage.legacyBucketOwner"
          },
          "sensitive_attributes": []
        }
      ]
    },
    {
      "mode": "managed",
      "type": "google_storage_bucket_iam_member",
      "name": "tfer--calitp-gtfs-schedule-parsed",
      "provider": "provider[\"registry.terraform.io/hashicorp/google\"]",
      "instances": [
        {
          "schema_version": 0,
          "attributes_flat": {
            "bucket": "b/calitp-gtfs-schedule-parsed",
            "condition.#": "0",
            "etag": "CAE=",
            "id": "calitp-gtfs-schedule-parsed",
            "member": "projectViewer:cal-itp-data-infra",
            "role": "roles/storage.legacyBucketReader"
          },
          "sensitive_attributes": []
        }
      ]
    },
    {
      "mode": "managed",
      "type": "google_storage_bucket_iam_member",
      "name": "tfer--calitp-gtfs-schedule-parsed-hourly",
      "provider": "provider[\"registry.terraform.io/hashicorp/google\"]",
      "instances": [
        {
          "schema_version": 0,
          "attributes_flat": {
            "bucket": "b/calitp-gtfs-schedule-parsed-hourly",
            "condition.#": "0",
            "etag": "CAE=",
            "id": "calitp-gtfs-schedule-parsed-hourly",
            "member": "projectViewer:cal-itp-data-infra",
            "role": "roles/storage.legacyBucketReader"
          },
          "sensitive_attributes": []
        }
      ]
    },
    {
      "mode": "managed",
      "type": "google_storage_bucket_iam_member",
      "name": "tfer--calitp-gtfs-schedule-raw-v2",
      "provider": "provider[\"registry.terraform.io/hashicorp/google\"]",
      "instances": [
        {
          "schema_version": 0,
          "attributes_flat": {
            "bucket": "b/calitp-gtfs-schedule-raw-v2",
            "condition.#": "0",
            "etag": "CAI=",
            "id": "calitp-gtfs-schedule-raw-v2",
            "member": "projectViewer:cal-itp-data-infra",
            "role": "roles/storage.legacyBucketReader"
          },
          "sensitive_attributes": []
        }
      ]
    },
    {
      "mode": "managed",
      "type": "google_storage_bucket_iam_member",
      "name": "tfer--calitp-gtfs-schedule-unzipped",
      "provider": "provider[\"registry.terraform.io/hashicorp/google\"]",
      "instances": [
        {
          "schema_version": 0,
          "attributes_flat": {
            "bucket": "b/calitp-gtfs-schedule-unzipped",
            "condition.#": "0",
            "etag": "CAE=",
            "id": "calitp-gtfs-schedule-unzipped",
            "member": "projectOwner:cal-itp-data-infra",
            "role": "roles/storage.legacyObjectOwner"
          },
          "sensitive_attributes": []
        }
      ]
    },
    {
      "mode": "managed",
      "type": "google_storage_bucket_iam_member",
      "name": "tfer--calitp-gtfs-schedule-unzipped-hourly",
      "provider": "provider[\"registry.terraform.io/hashicorp/google\"]",
      "instances": [
        {
          "schema_version": 0,
          "attributes_flat": {
            "bucket": "b/calitp-gtfs-schedule-unzipped-hourly",
            "condition.#": "0",
            "etag": "CAE=",
            "id": "calitp-gtfs-schedule-unzipped-hourly",
            "member": "projectEditor:cal-itp-data-infra",
            "role": "roles/storage.legacyObjectOwner"
          },
          "sensitive_attributes": []
        }
      ]
    },
    {
      "mode": "managed",
      "type": "google_storage_bucket_iam_member",
      "name": "tfer--calitp-gtfs-schedule-validation",
      "provider": "provider[\"registry.terraform.io/hashicorp/google\"]",
      "instances": [
        {
          "schema_version": 0,
          "attributes_flat": {
            "bucket": "b/calitp-gtfs-schedule-validation",
            "condition.#": "0",
            "etag": "CAI=",
            "id": "calitp-gtfs-schedule-validation",
            "member": "serviceAccount:gtfs-rt-archiver@cal-itp-data-infra.iam.gserviceaccount.com",
            "role": "roles/storage.objectCreator"
          },
          "sensitive_attributes": []
        }
      ]
    },
    {
      "mode": "managed",
      "type": "google_storage_bucket_iam_member",
      "name": "tfer--calitp-gtfs-schedule-validation-hourly",
      "provider": "provider[\"registry.terraform.io/hashicorp/google\"]",
      "instances": [
        {
          "schema_version": 0,
          "attributes_flat": {
            "bucket": "b/calitp-gtfs-schedule-validation-hourly",
            "condition.#": "0",
            "etag": "CAE=",
            "id": "calitp-gtfs-schedule-validation-hourly",
            "member": "projectOwner:cal-itp-data-infra",
            "role": "roles/storage.legacyObjectOwner"
          },
          "sensitive_attributes": []
        }
      ]
    },
    {
      "mode": "managed",
      "type": "google_storage_bucket_iam_member",
      "name": "tfer--calitp-jamesl-gcp-components-tfstate",
      "provider": "provider[\"registry.terraform.io/hashicorp/google\"]",
      "instances": [
        {
          "schema_version": 0,
          "attributes_flat": {
            "bucket": "b/calitp-jamesl-gcp-components-tfstate",
            "condition.#": "0",
            "etag": "CAE=",
            "id": "calitp-jamesl-gcp-components-tfstate",
            "member": "projectViewer:cal-itp-data-infra",
            "role": "roles/storage.legacyObjectReader"
          },
          "sensitive_attributes": []
        }
      ]
    },
    {
      "mode": "managed",
      "type": "google_storage_bucket_iam_member",
      "name": "tfer--calitp-map-tiles",
      "provider": "provider[\"registry.terraform.io/hashicorp/google\"]",
      "instances": [
        {
          "schema_version": 0,
          "attributes_flat": {
            "bucket": "b/calitp-map-tiles",
            "condition.#": "0",
            "etag": "CAM=",
            "id": "calitp-map-tiles",
            "member": "projectEditor:cal-itp-data-infra",
            "role": "roles/storage.legacyBucketOwner"
          },
          "sensitive_attributes": []
        }
      ]
    },
    {
      "mode": "managed",
      "type": "google_storage_bucket_iam_member",
      "name": "tfer--calitp-metabase-data-public",
      "provider": "provider[\"registry.terraform.io/hashicorp/google\"]",
      "instances": [
        {
          "schema_version": 0,
          "attributes_flat": {
            "bucket": "b/calitp-metabase-data-public",
            "condition.#": "0",
            "etag": "CAM=",
            "id": "calitp-metabase-data-public",
            "member": "projectEditor:cal-itp-data-infra",
            "role": "roles/storage.legacyBucketOwner"
          },
          "sensitive_attributes": []
        }
      ]
    },
    {
      "mode": "managed",
      "type": "google_storage_bucket_iam_member",
      "name": "tfer--calitp-ntd-api-products",
      "provider": "provider[\"registry.terraform.io/hashicorp/google\"]",
      "instances": [
        {
          "schema_version": 0,
          "attributes_flat": {
            "bucket": "b/calitp-ntd-api-products",
            "condition.#": "0",
            "etag": "CAE=",
            "id": "calitp-ntd-api-products",
            "member": "projectEditor:cal-itp-data-infra",
            "role": "roles/storage.legacyBucketOwner"
          },
          "sensitive_attributes": []
        }
      ]
    },
    {
      "mode": "managed",
      "type": "google_storage_bucket_iam_member",
      "name": "tfer--calitp-ntd-data-products",
      "provider": "provider[\"registry.terraform.io/hashicorp/google\"]",
      "instances": [
        {
          "schema_version": 0,
          "attributes_flat": {
            "bucket": "b/calitp-ntd-data-products",
            "condition.#": "0",
            "etag": "CAE=",
            "id": "calitp-ntd-data-products",
            "member": "projectOwner:cal-itp-data-infra",
            "role": "roles/storage.legacyBucketOwner"
          },
          "sensitive_attributes": []
        }
      ]
    },
    {
      "mode": "managed",
      "type": "google_storage_bucket_iam_member",
      "name": "tfer--calitp-ntd-report-validation",
      "provider": "provider[\"registry.terraform.io/hashicorp/google\"]",
      "instances": [
        {
          "schema_version": 0,
          "attributes_flat": {
            "bucket": "b/calitp-ntd-report-validation",
            "condition.#": "0",
            "etag": "CAE=",
            "id": "calitp-ntd-report-validation",
            "member": "projectViewer:cal-itp-data-infra",
            "role": "roles/storage.legacyBucketReader"
          },
          "sensitive_attributes": []
        }
      ]
    },
    {
      "mode": "managed",
      "type": "google_storage_bucket_iam_member",
      "name": "tfer--calitp-ntd-xlsx-products-clean",
      "provider": "provider[\"registry.terraform.io/hashicorp/google\"]",
      "instances": [
        {
          "schema_version": 0,
          "attributes_flat": {
            "bucket": "b/calitp-ntd-xlsx-products-clean",
            "condition.#": "0",
            "etag": "CAE=",
            "id": "calitp-ntd-xlsx-products-clean",
            "member": "projectViewer:cal-itp-data-infra",
            "role": "roles/storage.legacyObjectReader"
          },
          "sensitive_attributes": []
        }
      ]
    },
    {
      "mode": "managed",
      "type": "google_storage_bucket_iam_member",
      "name": "tfer--calitp-ntd-xlsx-products-raw",
      "provider": "provider[\"registry.terraform.io/hashicorp/google\"]",
      "instances": [
        {
          "schema_version": 0,
          "attributes_flat": {
            "bucket": "b/calitp-ntd-xlsx-products-raw",
            "condition.#": "0",
            "etag": "CAE=",
            "id": "calitp-ntd-xlsx-products-raw",
            "member": "projectViewer:cal-itp-data-infra",
            "role": "roles/storage.legacyBucketReader"
          },
          "sensitive_attributes": []
        }
      ]
    },
    {
      "mode": "managed",
      "type": "google_storage_bucket_iam_member",
      "name": "tfer--calitp-payments-littlepay-parsed",
      "provider": "provider[\"registry.terraform.io/hashicorp/google\"]",
      "instances": [
        {
          "schema_version": 0,
          "attributes_flat": {
            "bucket": "b/calitp-payments-littlepay-parsed",
            "condition.#": "0",
            "etag": "CAE=",
            "id": "calitp-payments-littlepay-parsed",
            "member": "projectEditor:cal-itp-data-infra",
            "role": "roles/storage.legacyBucketOwner"
          },
          "sensitive_attributes": []
        }
      ]
    },
    {
      "mode": "managed",
      "type": "google_storage_bucket_iam_member",
      "name": "tfer--calitp-payments-littlepay-raw",
      "provider": "provider[\"registry.terraform.io/hashicorp/google\"]",
      "instances": [
        {
          "schema_version": 0,
          "attributes_flat": {
            "bucket": "b/calitp-payments-littlepay-raw",
            "condition.#": "0",
            "etag": "CAE=",
            "id": "calitp-payments-littlepay-raw",
            "member": "projectViewer:cal-itp-data-infra",
            "role": "roles/storage.legacyBucketReader"
          },
          "sensitive_attributes": []
        }
      ]
    },
    {
      "mode": "managed",
      "type": "google_storage_bucket_iam_member",
      "name": "tfer--calitp-prod-gcp-components-tfstate",
      "provider": "provider[\"registry.terraform.io/hashicorp/google\"]",
      "instances": [
        {
          "schema_version": 0,
          "attributes_flat": {
            "bucket": "b/calitp-prod-gcp-components-tfstate",
            "condition.#": "0",
            "etag": "CAE=",
            "id": "calitp-prod-gcp-components-tfstate",
            "member": "projectViewer:cal-itp-data-infra",
            "role": "roles/storage.legacyBucketReader"
          },
          "sensitive_attributes": []
        }
      ]
    },
    {
      "mode": "managed",
      "type": "google_storage_bucket_iam_member",
      "name": "tfer--calitp-publish",
      "provider": "provider[\"registry.terraform.io/hashicorp/google\"]",
      "instances": [
        {
          "schema_version": 0,
          "attributes_flat": {
            "bucket": "b/calitp-publish",
            "condition.#": "0",
            "etag": "CAE=",
            "id": "calitp-publish",
            "member": "projectEditor:cal-itp-data-infra",
            "role": "roles/storage.legacyObjectOwner"
          },
          "sensitive_attributes": []
        }
      ]
    },
    {
      "mode": "managed",
      "type": "google_storage_bucket_iam_member",
      "name": "tfer--calitp-publish-data-analysis",
      "provider": "provider[\"registry.terraform.io/hashicorp/google\"]",
      "instances": [
        {
          "schema_version": 0,
          "attributes_flat": {
            "bucket": "b/calitp-publish-data-analysis",
            "condition.#": "0",
            "etag": "CAI=",
            "id": "calitp-publish-data-analysis",
            "member": "projectOwner:cal-itp-data-infra",
            "role": "roles/storage.legacyBucketOwner"
          },
          "sensitive_attributes": []
        }
      ]
    },
    {
      "mode": "managed",
      "type": "google_storage_bucket_iam_member",
      "name": "tfer--calitp-reports-data",
      "provider": "provider[\"registry.terraform.io/hashicorp/google\"]",
      "instances": [
        {
          "schema_version": 0,
          "attributes_flat": {
            "bucket": "b/calitp-reports-data",
            "condition.#": "0",
            "etag": "CAI=",
            "id": "calitp-reports-data",
            "member": "projectViewer:cal-itp-data-infra",
            "role": "roles/storage.legacyBucketReader"
          },
          "sensitive_attributes": []
        }
      ]
    },
    {
      "mode": "managed",
      "type": "google_storage_bucket_iam_member",
      "name": "tfer--calitp-state-geoportal-scrape",
      "provider": "provider[\"registry.terraform.io/hashicorp/google\"]",
      "instances": [
        {
          "schema_version": 0,
          "attributes_flat": {
            "bucket": "b/calitp-state-geoportal-scrape",
            "condition.#": "0",
            "etag": "CAE=",
            "id": "calitp-state-geoportal-scrape",
            "member": "projectEditor:cal-itp-data-infra",
            "role": "roles/storage.legacyObjectOwner"
          },
          "sensitive_attributes": []
        }
      ]
    },
    {
      "mode": "managed",
      "type": "google_storage_bucket_iam_member",
      "name": "tfer--calitp-state-highway-network-stops",
      "provider": "provider[\"registry.terraform.io/hashicorp/google\"]",
      "instances": [
        {
          "schema_version": 0,
          "attributes_flat": {
            "bucket": "b/calitp-state-highway-network-stops",
            "condition.#": "0",
            "etag": "CAE=",
            "id": "calitp-state-highway-network-stops",
            "member": "projectViewer:cal-itp-data-infra",
            "role": "roles/storage.legacyObjectReader"
          },
          "sensitive_attributes": []
        }
      ]
    },
    {
      "mode": "managed",
      "type": "google_storage_bucket_iam_member",
      "name": "tfer--cold-storage-outputs-gtfs-data-test",
      "provider": "provider[\"registry.terraform.io/hashicorp/google\"]",
      "instances": [
        {
          "schema_version": 0,
          "attributes_flat": {
            "bucket": "b/cold-storage-outputs-gtfs-data-test",
            "condition.#": "0",
            "etag": "CAE=",
            "id": "cold-storage-outputs-gtfs-data-test",
            "member": "projectViewer:cal-itp-data-infra",
            "role": "roles/storage.legacyBucketReader"
          },
          "sensitive_attributes": []
        }
      ]
    },
    {
      "mode": "managed",
      "type": "google_storage_bucket_iam_member",
      "name": "tfer--cold-storage-outputs-gtfs-data-test-charlie-test",
      "provider": "provider[\"registry.terraform.io/hashicorp/google\"]",
      "instances": [
        {
          "schema_version": 0,
          "attributes_flat": {
            "bucket": "b/cold-storage-outputs-gtfs-data-test-charlie-test",
            "condition.#": "0",
            "etag": "CAE=",
            "id": "cold-storage-outputs-gtfs-data-test-charlie-test",
            "member": "projectEditor:cal-itp-data-infra",
            "role": "roles/storage.legacyBucketOwner"
          },
          "sensitive_attributes": []
        }
      ]
    },
    {
      "mode": "managed",
      "type": "google_storage_bucket_iam_member",
      "name": "tfer--dataproc-staging-us-west2-1005246706141-sfgmtgyp",
      "provider": "provider[\"registry.terraform.io/hashicorp/google\"]",
      "instances": [
        {
          "schema_version": 0,
          "attributes_flat": {
            "bucket": "b/dataproc-staging-us-west2-1005246706141-sfgmtgyp",
            "condition.#": "0",
            "etag": "CAI=",
            "id": "dataproc-staging-us-west2-1005246706141-sfgmtgyp",
            "member": "projectEditor:cal-itp-data-infra",
            "role": "roles/storage.legacyBucketOwner"
          },
          "sensitive_attributes": []
        }
      ]
    },
    {
      "mode": "managed",
      "type": "google_storage_bucket_iam_member",
      "name": "tfer--dataproc-temp-us-west2-1005246706141-x9mtxbwg",
      "provider": "provider[\"registry.terraform.io/hashicorp/google\"]",
      "instances": [
        {
          "schema_version": 0,
          "attributes_flat": {
            "bucket": "b/dataproc-temp-us-west2-1005246706141-x9mtxbwg",
            "condition.#": "0",
            "etag": "CAI=",
            "id": "dataproc-temp-us-west2-1005246706141-x9mtxbwg",
            "member": "projectEditor:cal-itp-data-infra",
            "role": "roles/storage.legacyBucketOwner"
          },
          "sensitive_attributes": []
        }
      ]
    },
    {
      "mode": "managed",
      "type": "google_storage_bucket_iam_member",
      "name": "tfer--dev-calitp-aggregator-scraper",
      "provider": "provider[\"registry.terraform.io/hashicorp/google\"]",
      "instances": [
        {
          "schema_version": 0,
          "attributes_flat": {
            "bucket": "b/dev-calitp-aggregator-scraper",
            "condition.#": "0",
            "etag": "CAE=",
            "id": "dev-calitp-aggregator-scraper",
            "member": "projectOwner:cal-itp-data-infra",
            "role": "roles/storage.legacyBucketOwner"
          },
          "sensitive_attributes": []
        }
      ]
    },
    {
      "mode": "managed",
      "type": "google_storage_bucket_iam_member",
      "name": "tfer--dev-calitp-gtfs-rt-raw",
      "provider": "provider[\"registry.terraform.io/hashicorp/google\"]",
      "instances": [
        {
          "schema_version": 0,
          "attributes_flat": {
            "bucket": "b/dev-calitp-gtfs-rt-raw",
            "condition.#": "0",
            "etag": "CAQ=",
            "id": "dev-calitp-gtfs-rt-raw",
            "member": "projectEditor:cal-itp-data-infra",
            "role": "roles/storage.legacyBucketOwner"
          },
          "sensitive_attributes": []
        }
      ]
    },
    {
      "mode": "managed",
      "type": "google_storage_bucket_iam_member",
      "name": "tfer--dev-calitp-test-sandbox",
      "provider": "provider[\"registry.terraform.io/hashicorp/google\"]",
      "instances": [
        {
          "schema_version": 0,
          "attributes_flat": {
            "bucket": "b/dev-calitp-test-sandbox",
            "condition.#": "0",
            "etag": "CAI=",
            "id": "dev-calitp-test-sandbox",
            "member": "projectViewer:cal-itp-data-infra",
            "role": "roles/storage.legacyObjectReader"
          },
          "sensitive_attributes": []
        }
      ]
    },
    {
      "mode": "managed",
      "type": "google_storage_bucket_iam_member",
      "name": "tfer--export-ysjqwvyxc4ti3jmahojq",
      "provider": "provider[\"registry.terraform.io/hashicorp/google\"]",
      "instances": [
        {
          "schema_version": 0,
          "attributes_flat": {
            "bucket": "b/export-ysjqwvyxc4ti3jmahojq",
            "condition.#": "0",
            "etag": "CAE=",
            "id": "export-ysjqwvyxc4ti3jmahojq",
            "member": "projectViewer:cal-itp-data-infra",
            "role": "roles/storage.legacyBucketReader"
          },
          "sensitive_attributes": []
        }
      ]
    },
    {
      "mode": "managed",
      "type": "google_storage_bucket_iam_member",
      "name": "tfer--gtfs-data",
      "provider": "provider[\"registry.terraform.io/hashicorp/google\"]",
      "instances": [
        {
          "schema_version": 0,
          "attributes_flat": {
            "bucket": "b/gtfs-data",
            "condition.#": "0",
            "etag": "CAk=",
            "id": "gtfs-data",
            "member": "serviceAccount:calitp-py-ci@cal-itp-data-infra.iam.gserviceaccount.com",
            "role": "roles/storage.objectAdmin"
          },
          "sensitive_attributes": []
        }
      ]
    },
    {
      "mode": "managed",
      "type": "google_storage_bucket_iam_member",
      "name": "tfer--gtfs-data-reports",
      "provider": "provider[\"registry.terraform.io/hashicorp/google\"]",
      "instances": [
        {
          "schema_version": 0,
          "attributes_flat": {
            "bucket": "b/gtfs-data-reports",
            "condition.#": "0",
            "etag": "CAE=",
            "id": "gtfs-data-reports",
            "member": "projectViewer:cal-itp-data-infra",
            "role": "roles/storage.legacyObjectReader"
          },
          "sensitive_attributes": []
        }
      ]
    },
    {
      "mode": "managed",
      "type": "google_storage_bucket_iam_member",
      "name": "tfer--gtfs-data-test",
      "provider": "provider[\"registry.terraform.io/hashicorp/google\"]",
      "instances": [
        {
          "schema_version": 0,
          "attributes_flat": {
            "bucket": "b/gtfs-data-test",
            "condition.#": "0",
            "etag": "CAg=",
            "id": "gtfs-data-test",
            "member": "serviceAccount:project-473674835135@storage-transfer-service.iam.gserviceaccount.com",
            "role": "roles/storage.legacyBucketReader"
          },
          "sensitive_attributes": []
        }
      ]
    },
    {
      "mode": "managed",
      "type": "google_storage_bucket_iam_member",
      "name": "tfer--gtfs-data-test-reports",
      "provider": "provider[\"registry.terraform.io/hashicorp/google\"]",
      "instances": [
        {
          "schema_version": 0,
          "attributes_flat": {
            "bucket": "b/gtfs-data-test-reports",
            "condition.#": "0",
            "etag": "CAE=",
            "id": "gtfs-data-test-reports",
            "member": "projectEditor:cal-itp-data-infra",
            "role": "roles/storage.legacyObjectOwner"
          },
          "sensitive_attributes": []
        }
      ]
    },
    {
      "mode": "managed",
      "type": "google_storage_bucket_iam_member",
      "name": "tfer--gtfs-schedule-backfill-test",
      "provider": "provider[\"registry.terraform.io/hashicorp/google\"]",
      "instances": [
        {
          "schema_version": 0,
          "attributes_flat": {
            "bucket": "b/gtfs-schedule-backfill-test",
            "condition.#": "0",
            "etag": "CAM=",
            "id": "gtfs-schedule-backfill-test",
            "member": "projectViewer:cal-itp-data-infra",
            "role": "roles/storage.legacyObjectReader"
          },
          "sensitive_attributes": []
        }
      ]
    },
    {
      "mode": "managed",
      "type": "google_storage_bucket_iam_member",
      "name": "tfer--gtfs-schedule-backfill-test-deprecated",
      "provider": "provider[\"registry.terraform.io/hashicorp/google\"]",
      "instances": [
        {
          "schema_version": 0,
          "attributes_flat": {
            "bucket": "b/gtfs-schedule-backfill-test-deprecated",
            "condition.#": "0",
            "etag": "CAI=",
            "id": "gtfs-schedule-backfill-test-deprecated",
            "member": "projectEditor:cal-itp-data-infra",
            "role": "roles/storage.legacyObjectOwner"
          },
          "sensitive_attributes": []
        }
      ]
    },
    {
      "mode": "managed",
      "type": "google_storage_bucket_iam_member",
      "name": "tfer--littlepay-data-extract-prod",
      "provider": "provider[\"registry.terraform.io/hashicorp/google\"]",
      "instances": [
        {
          "schema_version": 0,
          "attributes_flat": {
            "bucket": "b/littlepay-data-extract-prod",
            "condition.#": "0",
            "etag": "CAI=",
            "id": "littlepay-data-extract-prod",
            "member": "serviceAccount:project-1005246706141@storage-transfer-service.iam.gserviceaccount.com",
            "role": "roles/storage.objectAdmin"
          },
          "sensitive_attributes": []
        }
      ]
    },
    {
      "mode": "managed",
      "type": "google_storage_bucket_iam_member",
      "name": "tfer--rt-parsed",
      "provider": "provider[\"registry.terraform.io/hashicorp/google\"]",
      "instances": [
        {
          "schema_version": 0,
          "attributes_flat": {
            "bucket": "b/rt-parsed",
            "condition.#": "0",
            "etag": "CAE=",
            "id": "rt-parsed",
            "member": "projectEditor:cal-itp-data-infra",
            "role": "roles/storage.legacyObjectOwner"
          },
          "sensitive_attributes": []
        }
      ]
    },
    {
      "mode": "managed",
      "type": "google_storage_bucket_iam_member",
      "name": "tfer--rt-parsed-deprecated",
      "provider": "provider[\"registry.terraform.io/hashicorp/google\"]",
      "instances": [
        {
          "schema_version": 0,
          "attributes_flat": {
            "bucket": "b/rt-parsed-deprecated",
            "condition.#": "0",
            "etag": "CAI=",
            "id": "rt-parsed-deprecated",
            "member": "projectOwner:cal-itp-data-infra",
            "role": "roles/storage.legacyObjectOwner"
          },
          "sensitive_attributes": []
        }
      ]
    },
    {
      "mode": "managed",
      "type": "google_storage_bucket_iam_member",
      "name": "tfer--staging-002E-cal-itp-data-infra-002E-appspot-002E-com",
      "provider": "provider[\"registry.terraform.io/hashicorp/google\"]",
      "instances": [
        {
          "schema_version": 0,
          "attributes_flat": {
            "bucket": "b/staging.cal-itp-data-infra.appspot.com",
            "condition.#": "0",
            "etag": "CAE=",
            "id": "staging.cal-itp-data-infra.appspot.com",
            "member": "projectViewer:cal-itp-data-infra",
            "role": "roles/storage.legacyBucketReader"
          },
          "sensitive_attributes": []
        }
      ]
    },
    {
      "mode": "managed",
      "type": "google_storage_bucket_iam_member",
      "name": "tfer--test-calitp-aggregator-scraper",
      "provider": "provider[\"registry.terraform.io/hashicorp/google\"]",
      "instances": [
        {
          "schema_version": 0,
          "attributes_flat": {
            "bucket": "b/test-calitp-aggregator-scraper",
            "condition.#": "0",
            "etag": "CAE=",
            "id": "test-calitp-aggregator-scraper",
            "member": "projectViewer:cal-itp-data-infra",
            "role": "roles/storage.legacyBucketReader"
          },
          "sensitive_attributes": []
        }
      ]
    },
    {
      "mode": "managed",
      "type": "google_storage_bucket_iam_member",
      "name": "tfer--test-calitp-airtable",
      "provider": "provider[\"registry.terraform.io/hashicorp/google\"]",
      "instances": [
        {
          "schema_version": 0,
          "attributes_flat": {
            "bucket": "b/test-calitp-airtable",
            "condition.#": "0",
            "etag": "CAE=",
            "id": "test-calitp-airtable",
            "member": "projectEditor:cal-itp-data-infra",
            "role": "roles/storage.legacyObjectOwner"
          },
          "sensitive_attributes": []
        }
      ]
    },
    {
      "mode": "managed",
      "type": "google_storage_bucket_iam_member",
      "name": "tfer--test-calitp-dbt-artifacts",
      "provider": "provider[\"registry.terraform.io/hashicorp/google\"]",
      "instances": [
        {
          "schema_version": 0,
          "attributes_flat": {
            "bucket": "b/test-calitp-dbt-artifacts",
            "condition.#": "0",
            "etag": "CAE=",
            "id": "test-calitp-dbt-artifacts",
            "member": "projectOwner:cal-itp-data-infra",
            "role": "roles/storage.legacyBucketOwner"
          },
          "sensitive_attributes": []
        }
      ]
    },
    {
      "mode": "managed",
      "type": "google_storage_bucket_iam_member",
      "name": "tfer--test-calitp-dbt-python-models",
      "provider": "provider[\"registry.terraform.io/hashicorp/google\"]",
      "instances": [
        {
          "schema_version": 0,
          "attributes_flat": {
            "bucket": "b/test-calitp-dbt-python-models",
            "condition.#": "0",
            "etag": "CAE=",
            "id": "test-calitp-dbt-python-models",
            "member": "projectEditor:cal-itp-data-infra",
            "role": "roles/storage.legacyObjectOwner"
          },
          "sensitive_attributes": []
        }
      ]
    },
    {
      "mode": "managed",
      "type": "google_storage_bucket_iam_member",
      "name": "tfer--test-calitp-elavon",
      "provider": "provider[\"registry.terraform.io/hashicorp/google\"]",
      "instances": [
        {
          "schema_version": 0,
          "attributes_flat": {
            "bucket": "b/test-calitp-elavon",
            "condition.#": "0",
            "etag": "CAE=",
            "id": "test-calitp-elavon",
            "member": "projectViewer:cal-itp-data-infra",
            "role": "roles/storage.legacyObjectReader"
          },
          "sensitive_attributes": []
        }
      ]
    },
    {
      "mode": "managed",
      "type": "google_storage_bucket_iam_member",
      "name": "tfer--test-calitp-elavon-parsed",
      "provider": "provider[\"registry.terraform.io/hashicorp/google\"]",
      "instances": [
        {
          "schema_version": 0,
          "attributes_flat": {
            "bucket": "b/test-calitp-elavon-parsed",
            "condition.#": "0",
            "etag": "CAE=",
            "id": "test-calitp-elavon-parsed",
            "member": "projectEditor:cal-itp-data-infra",
            "role": "roles/storage.legacyObjectOwner"
          },
          "sensitive_attributes": []
        }
      ]
    },
    {
      "mode": "managed",
      "type": "google_storage_bucket_iam_member",
      "name": "tfer--test-calitp-elavon-raw",
      "provider": "provider[\"registry.terraform.io/hashicorp/google\"]",
      "instances": [
        {
          "schema_version": 0,
          "attributes_flat": {
            "bucket": "b/test-calitp-elavon-raw",
            "condition.#": "0",
            "etag": "CAE=",
            "id": "test-calitp-elavon-raw",
            "member": "projectViewer:cal-itp-data-infra",
            "role": "roles/storage.legacyBucketReader"
          },
          "sensitive_attributes": []
        }
      ]
    },
    {
      "mode": "managed",
      "type": "google_storage_bucket_iam_member",
      "name": "tfer--test-calitp-gtfs-config",
      "provider": "provider[\"registry.terraform.io/hashicorp/google\"]",
      "instances": [
        {
          "schema_version": 0,
          "attributes_flat": {
            "bucket": "b/test-calitp-gtfs-config",
            "condition.#": "0",
            "etag": "CAE=",
            "id": "test-calitp-gtfs-config",
            "member": "projectOwner:cal-itp-data-infra",
            "role": "roles/storage.legacyObjectOwner"
          },
          "sensitive_attributes": []
        }
      ]
    },
    {
      "mode": "managed",
      "type": "google_storage_bucket_iam_member",
      "name": "tfer--test-calitp-gtfs-download-config",
      "provider": "provider[\"registry.terraform.io/hashicorp/google\"]",
      "instances": [
        {
          "schema_version": 0,
          "attributes_flat": {
            "bucket": "b/test-calitp-gtfs-download-config",
            "condition.#": "0",
            "etag": "CAI=",
            "id": "test-calitp-gtfs-download-config",
            "member": "projectOwner:cal-itp-data-infra",
            "role": "roles/storage.legacyObjectOwner"
          },
          "sensitive_attributes": []
        }
      ]
    },
    {
      "mode": "managed",
      "type": "google_storage_bucket_iam_member",
      "name": "tfer--test-calitp-gtfs-raw",
      "provider": "provider[\"registry.terraform.io/hashicorp/google\"]",
      "instances": [
        {
          "schema_version": 0,
          "attributes_flat": {
            "bucket": "b/test-calitp-gtfs-raw",
            "condition.#": "0",
            "etag": "CAE=",
            "id": "test-calitp-gtfs-raw",
            "member": "projectEditor:cal-itp-data-infra",
            "role": "roles/storage.legacyObjectOwner"
          },
          "sensitive_attributes": []
        }
      ]
    },
    {
      "mode": "managed",
      "type": "google_storage_bucket_iam_member",
      "name": "tfer--test-calitp-gtfs-rt-parsed",
      "provider": "provider[\"registry.terraform.io/hashicorp/google\"]",
      "instances": [
        {
          "schema_version": 0,
          "attributes_flat": {
            "bucket": "b/test-calitp-gtfs-rt-parsed",
            "condition.#": "0",
            "etag": "CAE=",
            "id": "test-calitp-gtfs-rt-parsed",
            "member": "projectEditor:cal-itp-data-infra",
            "role": "roles/storage.legacyBucketOwner"
          },
          "sensitive_attributes": []
        }
      ]
    },
    {
      "mode": "managed",
      "type": "google_storage_bucket_iam_member",
      "name": "tfer--test-calitp-gtfs-rt-raw",
      "provider": "provider[\"registry.terraform.io/hashicorp/google\"]",
      "instances": [
        {
          "schema_version": 0,
          "attributes_flat": {
            "bucket": "b/test-calitp-gtfs-rt-raw",
            "condition.#": "0",
            "etag": "CAQ=",
            "id": "test-calitp-gtfs-rt-raw",
            "member": "projectEditor:cal-itp-data-infra",
            "role": "roles/storage.legacyObjectOwner"
          },
          "sensitive_attributes": []
        }
      ]
    },
    {
      "mode": "managed",
      "type": "google_storage_bucket_iam_member",
      "name": "tfer--test-calitp-gtfs-rt-raw-v2",
      "provider": "provider[\"registry.terraform.io/hashicorp/google\"]",
      "instances": [
        {
          "schema_version": 0,
          "attributes_flat": {
            "bucket": "b/test-calitp-gtfs-rt-raw-v2",
            "condition.#": "0",
            "etag": "CAM=",
            "id": "test-calitp-gtfs-rt-raw-v2",
            "member": "projectViewer:cal-itp-data-infra",
            "role": "roles/storage.legacyObjectReader"
          },
          "sensitive_attributes": []
        }
      ]
    },
    {
      "mode": "managed",
      "type": "google_storage_bucket_iam_member",
      "name": "tfer--test-calitp-gtfs-rt-validation",
      "provider": "provider[\"registry.terraform.io/hashicorp/google\"]",
      "instances": [
        {
          "schema_version": 0,
          "attributes_flat": {
            "bucket": "b/test-calitp-gtfs-rt-validation",
            "condition.#": "0",
            "etag": "CAE=",
            "id": "test-calitp-gtfs-rt-validation",
            "member": "projectEditor:cal-itp-data-infra",
            "role": "roles/storage.legacyBucketOwner"
          },
          "sensitive_attributes": []
        }
      ]
    },
    {
      "mode": "managed",
      "type": "google_storage_bucket_iam_member",
      "name": "tfer--test-calitp-gtfs-schedule-parsed",
      "provider": "provider[\"registry.terraform.io/hashicorp/google\"]",
      "instances": [
        {
          "schema_version": 0,
          "attributes_flat": {
            "bucket": "b/test-calitp-gtfs-schedule-parsed",
            "condition.#": "0",
            "etag": "CAE=",
            "id": "test-calitp-gtfs-schedule-parsed",
            "member": "projectEditor:cal-itp-data-infra",
            "role": "roles/storage.legacyObjectOwner"
          },
          "sensitive_attributes": []
        }
      ]
    },
    {
      "mode": "managed",
      "type": "google_storage_bucket_iam_member",
      "name": "tfer--test-calitp-gtfs-schedule-parsed-hourly",
      "provider": "provider[\"registry.terraform.io/hashicorp/google\"]",
      "instances": [
        {
          "schema_version": 0,
          "attributes_flat": {
            "bucket": "b/test-calitp-gtfs-schedule-parsed-hourly",
            "condition.#": "0",
            "etag": "CAE=",
            "id": "test-calitp-gtfs-schedule-parsed-hourly",
            "member": "projectViewer:cal-itp-data-infra",
            "role": "roles/storage.legacyObjectReader"
          },
          "sensitive_attributes": []
        }
      ]
    },
    {
      "mode": "managed",
      "type": "google_storage_bucket_iam_member",
      "name": "tfer--test-calitp-gtfs-schedule-processed",
      "provider": "provider[\"registry.terraform.io/hashicorp/google\"]",
      "instances": [
        {
          "schema_version": 0,
          "attributes_flat": {
            "bucket": "b/test-calitp-gtfs-schedule-processed",
            "condition.#": "0",
            "etag": "CAE=",
            "id": "test-calitp-gtfs-schedule-processed",
            "member": "projectViewer:cal-itp-data-infra",
            "role": "roles/storage.legacyBucketReader"
          },
          "sensitive_attributes": []
        }
      ]
    },
    {
      "mode": "managed",
      "type": "google_storage_bucket_iam_member",
      "name": "tfer--test-calitp-gtfs-schedule-raw",
      "provider": "provider[\"registry.terraform.io/hashicorp/google\"]",
      "instances": [
        {
          "schema_version": 0,
          "attributes_flat": {
            "bucket": "b/test-calitp-gtfs-schedule-raw",
            "condition.#": "0",
            "etag": "CAI=",
            "id": "test-calitp-gtfs-schedule-raw",
            "member": "projectOwner:cal-itp-data-infra",
            "role": "roles/storage.legacyBucketOwner"
          },
          "sensitive_attributes": []
        }
      ]
    },
    {
      "mode": "managed",
      "type": "google_storage_bucket_iam_member",
      "name": "tfer--test-calitp-gtfs-schedule-raw-v2",
      "provider": "provider[\"registry.terraform.io/hashicorp/google\"]",
      "instances": [
        {
          "schema_version": 0,
          "attributes_flat": {
            "bucket": "b/test-calitp-gtfs-schedule-raw-v2",
            "condition.#": "0",
            "etag": "CAI=",
            "id": "test-calitp-gtfs-schedule-raw-v2",
            "member": "projectViewer:cal-itp-data-infra",
            "role": "roles/storage.legacyObjectReader"
          },
          "sensitive_attributes": []
        }
      ]
    },
    {
      "mode": "managed",
      "type": "google_storage_bucket_iam_member",
      "name": "tfer--test-calitp-gtfs-schedule-raw-v2-backfill-test",
      "provider": "provider[\"registry.terraform.io/hashicorp/google\"]",
      "instances": [
        {
          "schema_version": 0,
          "attributes_flat": {
            "bucket": "b/test-calitp-gtfs-schedule-raw-v2-backfill-test",
            "condition.#": "0",
            "etag": "CAE=",
            "id": "test-calitp-gtfs-schedule-raw-v2-backfill-test",
            "member": "projectViewer:cal-itp-data-infra",
            "role": "roles/storage.legacyBucketReader"
          },
          "sensitive_attributes": []
        }
      ]
    },
    {
      "mode": "managed",
      "type": "google_storage_bucket_iam_member",
      "name": "tfer--test-calitp-gtfs-schedule-unzipped",
      "provider": "provider[\"registry.terraform.io/hashicorp/google\"]",
      "instances": [
        {
          "schema_version": 0,
          "attributes_flat": {
            "bucket": "b/test-calitp-gtfs-schedule-unzipped",
            "condition.#": "0",
            "etag": "CAE=",
            "id": "test-calitp-gtfs-schedule-unzipped",
            "member": "projectOwner:cal-itp-data-infra",
            "role": "roles/storage.legacyBucketOwner"
          },
          "sensitive_attributes": []
        }
      ]
    },
    {
      "mode": "managed",
      "type": "google_storage_bucket_iam_member",
      "name": "tfer--test-calitp-gtfs-schedule-unzipped-hourly",
      "provider": "provider[\"registry.terraform.io/hashicorp/google\"]",
      "instances": [
        {
          "schema_version": 0,
          "attributes_flat": {
            "bucket": "b/test-calitp-gtfs-schedule-unzipped-hourly",
            "condition.#": "0",
            "etag": "CAE=",
            "id": "test-calitp-gtfs-schedule-unzipped-hourly",
            "member": "projectViewer:cal-itp-data-infra",
            "role": "roles/storage.legacyObjectReader"
          },
          "sensitive_attributes": []
        }
      ]
    },
    {
      "mode": "managed",
      "type": "google_storage_bucket_iam_member",
      "name": "tfer--test-calitp-gtfs-schedule-validation",
      "provider": "provider[\"registry.terraform.io/hashicorp/google\"]",
      "instances": [
        {
          "schema_version": 0,
          "attributes_flat": {
            "bucket": "b/test-calitp-gtfs-schedule-validation",
            "condition.#": "0",
            "etag": "CAE=",
            "id": "test-calitp-gtfs-schedule-validation",
            "member": "projectViewer:cal-itp-data-infra",
            "role": "roles/storage.legacyObjectReader"
          },
          "sensitive_attributes": []
        }
      ]
    },
    {
      "mode": "managed",
      "type": "google_storage_bucket_iam_member",
      "name": "tfer--test-calitp-gtfs-schedule-validation-hourly",
      "provider": "provider[\"registry.terraform.io/hashicorp/google\"]",
      "instances": [
        {
          "schema_version": 0,
          "attributes_flat": {
            "bucket": "b/test-calitp-gtfs-schedule-validation-hourly",
            "condition.#": "0",
            "etag": "CAE=",
            "id": "test-calitp-gtfs-schedule-validation-hourly",
            "member": "projectOwner:cal-itp-data-infra",
            "role": "roles/storage.legacyBucketOwner"
          },
          "sensitive_attributes": []
        }
      ]
    },
    {
      "mode": "managed",
      "type": "google_storage_bucket_iam_member",
      "name": "tfer--test-calitp-ntd-api-products",
      "provider": "provider[\"registry.terraform.io/hashicorp/google\"]",
      "instances": [
        {
          "schema_version": 0,
          "attributes_flat": {
            "bucket": "b/test-calitp-ntd-api-products",
            "condition.#": "0",
            "etag": "CAE=",
            "id": "test-calitp-ntd-api-products",
            "member": "projectOwner:cal-itp-data-infra",
            "role": "roles/storage.legacyObjectOwner"
          },
          "sensitive_attributes": []
        }
      ]
    },
    {
      "mode": "managed",
      "type": "google_storage_bucket_iam_member",
      "name": "tfer--test-calitp-ntd-data-products",
      "provider": "provider[\"registry.terraform.io/hashicorp/google\"]",
      "instances": [
        {
          "schema_version": 0,
          "attributes_flat": {
            "bucket": "b/test-calitp-ntd-data-products",
            "condition.#": "0",
            "etag": "CAE=",
            "id": "test-calitp-ntd-data-products",
            "member": "projectEditor:cal-itp-data-infra",
            "role": "roles/storage.legacyBucketOwner"
          },
          "sensitive_attributes": []
        }
      ]
    },
    {
      "mode": "managed",
      "type": "google_storage_bucket_iam_member",
      "name": "tfer--test-calitp-ntd-report-validation",
      "provider": "provider[\"registry.terraform.io/hashicorp/google\"]",
      "instances": [
        {
          "schema_version": 0,
          "attributes_flat": {
            "bucket": "b/test-calitp-ntd-report-validation",
            "condition.#": "0",
            "etag": "CAE=",
            "id": "test-calitp-ntd-report-validation",
            "member": "projectViewer:cal-itp-data-infra",
            "role": "roles/storage.legacyBucketReader"
          },
          "sensitive_attributes": []
        }
      ]
    },
    {
      "mode": "managed",
      "type": "google_storage_bucket_iam_member",
      "name": "tfer--test-calitp-ntd-xlsx-products-clean",
      "provider": "provider[\"registry.terraform.io/hashicorp/google\"]",
      "instances": [
        {
          "schema_version": 0,
          "attributes_flat": {
            "bucket": "b/test-calitp-ntd-xlsx-products-clean",
            "condition.#": "0",
            "etag": "CAE=",
            "id": "test-calitp-ntd-xlsx-products-clean",
            "member": "projectViewer:cal-itp-data-infra",
            "role": "roles/storage.legacyObjectReader"
          },
          "sensitive_attributes": []
        }
      ]
    },
    {
      "mode": "managed",
      "type": "google_storage_bucket_iam_member",
      "name": "tfer--test-calitp-ntd-xlsx-products-raw",
      "provider": "provider[\"registry.terraform.io/hashicorp/google\"]",
      "instances": [
        {
          "schema_version": 0,
          "attributes_flat": {
            "bucket": "b/test-calitp-ntd-xlsx-products-raw",
            "condition.#": "0",
            "etag": "CAE=",
            "id": "test-calitp-ntd-xlsx-products-raw",
            "member": "projectOwner:cal-itp-data-infra",
            "role": "roles/storage.legacyObjectOwner"
          },
          "sensitive_attributes": []
        }
      ]
    },
    {
      "mode": "managed",
      "type": "google_storage_bucket_iam_member",
      "name": "tfer--test-calitp-payments-littlepay-parsed",
      "provider": "provider[\"registry.terraform.io/hashicorp/google\"]",
      "instances": [
        {
          "schema_version": 0,
          "attributes_flat": {
            "bucket": "b/test-calitp-payments-littlepay-parsed",
            "condition.#": "0",
            "etag": "CAE=",
            "id": "test-calitp-payments-littlepay-parsed",
            "member": "projectEditor:cal-itp-data-infra",
            "role": "roles/storage.legacyObjectOwner"
          },
          "sensitive_attributes": []
        }
      ]
    },
    {
      "mode": "managed",
      "type": "google_storage_bucket_iam_member",
      "name": "tfer--test-calitp-payments-littlepay-raw",
      "provider": "provider[\"registry.terraform.io/hashicorp/google\"]",
      "instances": [
        {
          "schema_version": 0,
          "attributes_flat": {
            "bucket": "b/test-calitp-payments-littlepay-raw",
            "condition.#": "0",
            "etag": "CAE=",
            "id": "test-calitp-payments-littlepay-raw",
            "member": "projectOwner:cal-itp-data-infra",
            "role": "roles/storage.legacyBucketOwner"
          },
          "sensitive_attributes": []
        }
      ]
    },
    {
      "mode": "managed",
      "type": "google_storage_bucket_iam_member",
      "name": "tfer--test-calitp-publish",
      "provider": "provider[\"registry.terraform.io/hashicorp/google\"]",
      "instances": [
        {
          "schema_version": 0,
          "attributes_flat": {
            "bucket": "b/test-calitp-publish",
            "condition.#": "0",
            "etag": "CAE=",
            "id": "test-calitp-publish",
            "member": "projectViewer:cal-itp-data-infra",
            "role": "roles/storage.legacyBucketReader"
          },
          "sensitive_attributes": []
        }
      ]
    },
    {
      "mode": "managed",
      "type": "google_storage_bucket_iam_member",
      "name": "tfer--test-calitp-publish-data-analysis",
      "provider": "provider[\"registry.terraform.io/hashicorp/google\"]",
      "instances": [
        {
          "schema_version": 0,
          "attributes_flat": {
            "bucket": "b/test-calitp-publish-data-analysis",
            "condition.#": "0",
            "etag": "CAE=",
            "id": "test-calitp-publish-data-analysis",
            "member": "projectViewer:cal-itp-data-infra",
            "role": "roles/storage.legacyObjectReader"
          },
          "sensitive_attributes": []
        }
      ]
    },
    {
      "mode": "managed",
      "type": "google_storage_bucket_iam_member",
      "name": "tfer--test-calitp-reports-data",
      "provider": "provider[\"registry.terraform.io/hashicorp/google\"]",
      "instances": [
        {
          "schema_version": 0,
          "attributes_flat": {
            "bucket": "b/test-calitp-reports-data",
            "condition.#": "0",
            "etag": "CAI=",
            "id": "test-calitp-reports-data",
            "member": "projectViewer:cal-itp-data-infra",
            "role": "roles/storage.legacyObjectReader"
          },
          "sensitive_attributes": []
        }
      ]
    },
    {
      "mode": "managed",
      "type": "google_storage_bucket_iam_member",
      "name": "tfer--test-calitp-sentry",
      "provider": "provider[\"registry.terraform.io/hashicorp/google\"]",
      "instances": [
        {
          "schema_version": 0,
          "attributes_flat": {
            "bucket": "b/test-calitp-sentry",
            "condition.#": "0",
            "etag": "CAE=",
            "id": "test-calitp-sentry",
            "member": "projectEditor:cal-itp-data-infra",
            "role": "roles/storage.legacyBucketOwner"
          },
          "sensitive_attributes": []
        }
      ]
    },
    {
      "mode": "managed",
      "type": "google_storage_bucket_iam_member",
      "name": "tfer--test-calitp-state-geoportal-scrape",
      "provider": "provider[\"registry.terraform.io/hashicorp/google\"]",
      "instances": [
        {
          "schema_version": 0,
          "attributes_flat": {
            "bucket": "b/test-calitp-state-geoportal-scrape",
            "condition.#": "0",
            "etag": "CAE=",
            "id": "test-calitp-state-geoportal-scrape",
            "member": "projectEditor:cal-itp-data-infra",
            "role": "roles/storage.legacyObjectOwner"
          },
          "sensitive_attributes": []
        }
      ]
    },
    {
      "mode": "managed",
      "type": "google_storage_bucket_iam_member",
      "name": "tfer--test-rt-parsed",
      "provider": "provider[\"registry.terraform.io/hashicorp/google\"]",
      "instances": [
        {
          "schema_version": 0,
          "attributes_flat": {
            "bucket": "b/test-rt-parsed",
            "condition.#": "0",
            "etag": "CAE=",
            "id": "test-rt-parsed",
            "member": "projectEditor:cal-itp-data-infra",
            "role": "roles/storage.legacyBucketOwner"
          },
          "sensitive_attributes": []
        }
      ]
    },
    {
      "mode": "managed",
      "type": "google_storage_bucket_iam_member",
      "name": "tfer--test-rt-validations",
      "provider": "provider[\"registry.terraform.io/hashicorp/google\"]",
      "instances": [
        {
          "schema_version": 0,
          "attributes_flat": {
            "bucket": "b/test-rt-validations",
            "condition.#": "0",
            "etag": "CAE=",
            "id": "test-rt-validations",
            "member": "projectOwner:cal-itp-data-infra",
            "role": "roles/storage.legacyObjectOwner"
          },
          "sensitive_attributes": []
        }
      ]
    },
    {
      "mode": "managed",
      "type": "google_storage_bucket_iam_member",
      "name": "tfer--us-002E-artifacts-002E-cal-itp-data-infra-002E-appspot-002E-com",
      "provider": "provider[\"registry.terraform.io/hashicorp/google\"]",
      "instances": [
        {
          "schema_version": 0,
          "attributes_flat": {
            "bucket": "b/us.artifacts.cal-itp-data-infra.appspot.com",
            "condition.#": "0",
            "etag": "CAE=",
            "id": "us.artifacts.cal-itp-data-infra.appspot.com",
            "member": "projectViewer:cal-itp-data-infra",
            "role": "roles/storage.legacyBucketReader"
          },
          "sensitive_attributes": []
        }
      ]
    },
    {
      "mode": "managed",
      "type": "google_storage_bucket_iam_member",
      "name": "tfer--us-west2-calitp-airflow2-pr-171e4e47-bucket",
      "provider": "provider[\"registry.terraform.io/hashicorp/google\"]",
      "instances": [
        {
          "schema_version": 0,
          "attributes_flat": {
            "bucket": "b/us-west2-calitp-airflow2-pr-171e4e47-bucket",
            "condition.#": "0",
            "etag": "CBc=",
            "id": "us-west2-calitp-airflow2-pr-171e4e47-bucket",
            "member": "projectEditor:cal-itp-data-infra",
            "role": "roles/storage.legacyObjectOwner"
          },
          "sensitive_attributes": []
        }
      ]
    },
    {
      "mode": "managed",
      "type": "google_storage_bucket_iam_member",
      "name": "tfer--us-west2-calitp-airflow2-pr-31e41084-bucket",
      "provider": "provider[\"registry.terraform.io/hashicorp/google\"]",
      "instances": [
        {
          "schema_version": 0,
          "attributes_flat": {
            "bucket": "b/us-west2-calitp-airflow2-pr-31e41084-bucket",
            "condition.#": "0",
            "etag": "CFM=",
            "id": "us-west2-calitp-airflow2-pr-31e41084-bucket",
            "member": "projectViewer:cal-itp-data-infra",
            "role": "roles/storage.legacyBucketReader"
          },
          "sensitive_attributes": []
        }
      ]
    },
    {
      "mode": "managed",
      "type": "google_storage_bucket_iam_member",
      "name": "tfer--us-west2-calitp-airflow2-pr-88ca8ec6-bucket",
      "provider": "provider[\"registry.terraform.io/hashicorp/google\"]",
      "instances": [
        {
          "schema_version": 0,
          "attributes_flat": {
            "bucket": "b/us-west2-calitp-airflow2-pr-88ca8ec6-bucket",
            "condition.#": "0",
            "etag": "CB4=",
            "id": "us-west2-calitp-airflow2-pr-88ca8ec6-bucket",
            "member": "projectViewer:cal-itp-data-infra",
            "role": "roles/storage.legacyBucketReader"
          },
          "sensitive_attributes": []
        }
      ]
    },
    {
      "mode": "managed",
      "type": "google_storage_bucket_iam_policy",
      "name": "tfer--analysis-output-models",
      "provider": "provider[\"registry.terraform.io/hashicorp/google\"]",
      "instances": [
        {
          "schema_version": 0,
          "attributes_flat": {
            "bucket": "b/analysis-output-models",
            "etag": "CAM=",
            "id": "analysis-output-models",
            "policy_data": "{\"bindings\":[{\"members\":[\"projectEditor:cal-itp-data-infra\",\"projectOwner:cal-itp-data-infra\"],\"role\":\"roles/storage.legacyBucketOwner\"},{\"members\":[\"projectViewer:cal-itp-data-infra\"],\"role\":\"roles/storage.legacyBucketReader\"},{\"members\":[\"projectEditor:cal-itp-data-infra\",\"projectOwner:cal-itp-data-infra\"],\"role\":\"roles/storage.legacyObjectOwner\"},{\"members\":[\"projectViewer:cal-itp-data-infra\"],\"role\":\"roles/storage.legacyObjectReader\"}]}"
          },
          "sensitive_attributes": []
        }
      ]
    },
    {
      "mode": "managed",
      "type": "google_storage_bucket_iam_policy",
      "name": "tfer--artifacts-002E-cal-itp-data-infra-002E-appspot-002E-com",
      "provider": "provider[\"registry.terraform.io/hashicorp/google\"]",
      "instances": [
        {
          "schema_version": 0,
          "attributes_flat": {
            "bucket": "b/artifacts.cal-itp-data-infra.appspot.com",
            "etag": "CAE=",
            "id": "artifacts.cal-itp-data-infra.appspot.com",
            "policy_data": "{\"bindings\":[{\"members\":[\"projectEditor:cal-itp-data-infra\",\"projectOwner:cal-itp-data-infra\"],\"role\":\"roles/storage.legacyBucketOwner\"},{\"members\":[\"projectViewer:cal-itp-data-infra\"],\"role\":\"roles/storage.legacyBucketReader\"}]}"
          },
          "sensitive_attributes": []
        }
      ]
    },
    {
      "mode": "managed",
      "type": "google_storage_bucket_iam_policy",
      "name": "tfer--cal-itp-data-infra-002E-appspot-002E-com",
      "provider": "provider[\"registry.terraform.io/hashicorp/google\"]",
      "instances": [
        {
          "schema_version": 0,
          "attributes_flat": {
            "bucket": "b/cal-itp-data-infra.appspot.com",
            "etag": "CAE=",
            "id": "cal-itp-data-infra.appspot.com",
            "policy_data": "{\"bindings\":[{\"members\":[\"projectEditor:cal-itp-data-infra\",\"projectOwner:cal-itp-data-infra\"],\"role\":\"roles/storage.legacyBucketOwner\"},{\"members\":[\"projectViewer:cal-itp-data-infra\"],\"role\":\"roles/storage.legacyBucketReader\"}]}"
          },
          "sensitive_attributes": []
        }
      ]
    },
    {
      "mode": "managed",
      "type": "google_storage_bucket_iam_policy",
      "name": "tfer--calitp-aggregator-scraper",
      "provider": "provider[\"registry.terraform.io/hashicorp/google\"]",
      "instances": [
        {
          "schema_version": 0,
          "attributes_flat": {
            "bucket": "b/calitp-aggregator-scraper",
            "etag": "CAE=",
            "id": "calitp-aggregator-scraper",
            "policy_data": "{\"bindings\":[{\"members\":[\"projectEditor:cal-itp-data-infra\",\"projectOwner:cal-itp-data-infra\"],\"role\":\"roles/storage.legacyBucketOwner\"},{\"members\":[\"projectViewer:cal-itp-data-infra\"],\"role\":\"roles/storage.legacyBucketReader\"},{\"members\":[\"projectEditor:cal-itp-data-infra\",\"projectOwner:cal-itp-data-infra\"],\"role\":\"roles/storage.legacyObjectOwner\"},{\"members\":[\"projectViewer:cal-itp-data-infra\"],\"role\":\"roles/storage.legacyObjectReader\"}]}"
          },
          "sensitive_attributes": []
        }
      ]
    },
    {
      "mode": "managed",
      "type": "google_storage_bucket_iam_policy",
      "name": "tfer--calitp-airtable",
      "provider": "provider[\"registry.terraform.io/hashicorp/google\"]",
      "instances": [
        {
          "schema_version": 0,
          "attributes_flat": {
            "bucket": "b/calitp-airtable",
            "etag": "CAQ=",
            "id": "calitp-airtable",
            "policy_data": "{\"bindings\":[{\"members\":[\"projectEditor:cal-itp-data-infra\",\"projectOwner:cal-itp-data-infra\"],\"role\":\"roles/storage.legacyBucketOwner\"},{\"members\":[\"projectViewer:cal-itp-data-infra\"],\"role\":\"roles/storage.legacyBucketReader\"},{\"members\":[\"projectEditor:cal-itp-data-infra\",\"projectOwner:cal-itp-data-infra\"],\"role\":\"roles/storage.legacyObjectOwner\"},{\"members\":[\"projectViewer:cal-itp-data-infra\"],\"role\":\"roles/storage.legacyObjectReader\"}]}"
          },
          "sensitive_attributes": []
        }
      ]
    },
    {
      "mode": "managed",
      "type": "google_storage_bucket_iam_policy",
      "name": "tfer--calitp-amplitude-benefits-events",
      "provider": "provider[\"registry.terraform.io/hashicorp/google\"]",
      "instances": [
        {
          "schema_version": 0,
          "attributes_flat": {
            "bucket": "b/calitp-amplitude-benefits-events",
            "etag": "CAE=",
            "id": "calitp-amplitude-benefits-events",
            "policy_data": "{\"bindings\":[{\"members\":[\"projectEditor:cal-itp-data-infra\",\"projectOwner:cal-itp-data-infra\"],\"role\":\"roles/storage.legacyBucketOwner\"},{\"members\":[\"projectViewer:cal-itp-data-infra\"],\"role\":\"roles/storage.legacyBucketReader\"},{\"members\":[\"projectEditor:cal-itp-data-infra\",\"projectOwner:cal-itp-data-infra\"],\"role\":\"roles/storage.legacyObjectOwner\"},{\"members\":[\"projectViewer:cal-itp-data-infra\"],\"role\":\"roles/storage.legacyObjectReader\"}]}"
          },
          "sensitive_attributes": []
        }
      ]
    },
    {
      "mode": "managed",
      "type": "google_storage_bucket_iam_policy",
      "name": "tfer--calitp-analytics-data",
      "provider": "provider[\"registry.terraform.io/hashicorp/google\"]",
      "instances": [
        {
          "schema_version": 0,
          "attributes_flat": {
            "bucket": "b/calitp-analytics-data",
            "etag": "CAw=",
            "id": "calitp-analytics-data",
            "policy_data": "{\"bindings\":[{\"members\":[\"projectEditor:cal-itp-data-infra\",\"projectOwner:cal-itp-data-infra\"],\"role\":\"roles/storage.legacyBucketOwner\"},{\"members\":[\"projectViewer:cal-itp-data-infra\",\"serviceAccount:project-1005246706141@storage-transfer-service.iam.gserviceaccount.com\"],\"role\":\"roles/storage.legacyBucketReader\"},{\"members\":[\"projectEditor:cal-itp-data-infra\",\"projectOwner:cal-itp-data-infra\"],\"role\":\"roles/storage.legacyObjectOwner\"},{\"members\":[\"projectViewer:cal-itp-data-infra\"],\"role\":\"roles/storage.legacyObjectReader\"},{\"members\":[\"serviceAccount:project-1005246706141@storage-transfer-service.iam.gserviceaccount.com\"],\"role\":\"roles/storage.objectAdmin\"},{\"members\":[\"serviceAccount:jupyterlab@cal-itp-data-infra.iam.gserviceaccount.com\",\"user:charlie.c@jarv.us\",\"user:tiffany@calitp.org\"],\"role\":\"roles/storage.objectCreator\"}]}"
          },
          "sensitive_attributes": []
        }
      ]
    },
    {
      "mode": "managed",
      "type": "google_storage_bucket_iam_policy",
      "name": "tfer--calitp-backups-grafana",
      "provider": "provider[\"registry.terraform.io/hashicorp/google\"]",
      "instances": [
        {
          "schema_version": 0,
          "attributes_flat": {
            "bucket": "b/calitp-backups-grafana",
            "etag": "CAI=",
            "id": "calitp-backups-grafana",
            "policy_data": "{\"bindings\":[{\"members\":[\"projectEditor:cal-itp-data-infra\",\"projectOwner:cal-itp-data-infra\"],\"role\":\"roles/storage.legacyBucketOwner\"},{\"members\":[\"projectViewer:cal-itp-data-infra\"],\"role\":\"roles/storage.legacyBucketReader\"},{\"members\":[\"projectEditor:cal-itp-data-infra\",\"projectOwner:cal-itp-data-infra\"],\"role\":\"roles/storage.legacyObjectOwner\"},{\"members\":[\"projectViewer:cal-itp-data-infra\"],\"role\":\"roles/storage.legacyObjectReader\"},{\"members\":[\"serviceAccount:backup-grafana@cal-itp-data-infra.iam.gserviceaccount.com\"],\"role\":\"roles/storage.objectAdmin\"}]}"
          },
          "sensitive_attributes": []
        }
      ]
    },
    {
      "mode": "managed",
      "type": "google_storage_bucket_iam_policy",
      "name": "tfer--calitp-backups-metabase",
      "provider": "provider[\"registry.terraform.io/hashicorp/google\"]",
      "instances": [
        {
          "schema_version": 0,
          "attributes_flat": {
            "bucket": "b/calitp-backups-metabase",
            "etag": "CAI=",
            "id": "calitp-backups-metabase",
            "policy_data": "{\"bindings\":[{\"members\":[\"projectEditor:cal-itp-data-infra\",\"projectOwner:cal-itp-data-infra\"],\"role\":\"roles/storage.legacyBucketOwner\"},{\"members\":[\"projectViewer:cal-itp-data-infra\"],\"role\":\"roles/storage.legacyBucketReader\"},{\"members\":[\"projectEditor:cal-itp-data-infra\",\"projectOwner:cal-itp-data-infra\"],\"role\":\"roles/storage.legacyObjectOwner\"},{\"members\":[\"projectViewer:cal-itp-data-infra\"],\"role\":\"roles/storage.legacyObjectReader\"},{\"members\":[\"serviceAccount:backup-metabase@cal-itp-data-infra.iam.gserviceaccount.com\"],\"role\":\"roles/storage.objectAdmin\"}]}"
          },
          "sensitive_attributes": []
        }
      ]
    },
    {
      "mode": "managed",
      "type": "google_storage_bucket_iam_policy",
      "name": "tfer--calitp-backups-sentry",
      "provider": "provider[\"registry.terraform.io/hashicorp/google\"]",
      "instances": [
        {
          "schema_version": 0,
          "attributes_flat": {
            "bucket": "b/calitp-backups-sentry",
            "etag": "CAI=",
            "id": "calitp-backups-sentry",
            "policy_data": "{\"bindings\":[{\"members\":[\"projectEditor:cal-itp-data-infra\",\"projectOwner:cal-itp-data-infra\"],\"role\":\"roles/storage.legacyBucketOwner\"},{\"members\":[\"projectViewer:cal-itp-data-infra\"],\"role\":\"roles/storage.legacyBucketReader\"},{\"members\":[\"projectEditor:cal-itp-data-infra\",\"projectOwner:cal-itp-data-infra\"],\"role\":\"roles/storage.legacyObjectOwner\"},{\"members\":[\"projectViewer:cal-itp-data-infra\"],\"role\":\"roles/storage.legacyObjectReader\"},{\"members\":[\"serviceAccount:backup-sentry@cal-itp-data-infra.iam.gserviceaccount.com\"],\"role\":\"roles/storage.objectAdmin\"}]}"
          },
          "sensitive_attributes": []
        }
      ]
    },
    {
      "mode": "managed",
      "type": "google_storage_bucket_iam_policy",
      "name": "tfer--calitp-backups-test",
      "provider": "provider[\"registry.terraform.io/hashicorp/google\"]",
      "instances": [
        {
          "schema_version": 0,
          "attributes_flat": {
            "bucket": "b/calitp-backups-test",
            "etag": "CAM=",
            "id": "calitp-backups-test",
            "policy_data": "{\"bindings\":[{\"members\":[\"projectEditor:cal-itp-data-infra\",\"projectOwner:cal-itp-data-infra\"],\"role\":\"roles/storage.legacyBucketOwner\"},{\"members\":[\"projectViewer:cal-itp-data-infra\"],\"role\":\"roles/storage.legacyBucketReader\"},{\"members\":[\"projectEditor:cal-itp-data-infra\",\"projectOwner:cal-itp-data-infra\"],\"role\":\"roles/storage.legacyObjectOwner\"},{\"members\":[\"projectViewer:cal-itp-data-infra\"],\"role\":\"roles/storage.legacyObjectReader\"},{\"members\":[\"serviceAccount:backups-test@cal-itp-data-infra.iam.gserviceaccount.com\",\"serviceAccount:metabase-backup@cal-itp-data-infra.iam.gserviceaccount.com\"],\"role\":\"roles/storage.objectAdmin\"}]}"
          },
          "sensitive_attributes": []
        }
      ]
    },
    {
      "mode": "managed",
      "type": "google_storage_bucket_iam_policy",
      "name": "tfer--calitp-ci-artifacts",
      "provider": "provider[\"registry.terraform.io/hashicorp/google\"]",
      "instances": [
        {
          "schema_version": 0,
          "attributes_flat": {
            "bucket": "b/calitp-ci-artifacts",
            "etag": "CAE=",
            "id": "calitp-ci-artifacts",
            "policy_data": "{\"bindings\":[{\"members\":[\"projectEditor:cal-itp-data-infra\",\"projectOwner:cal-itp-data-infra\"],\"role\":\"roles/storage.legacyBucketOwner\"},{\"members\":[\"projectViewer:cal-itp-data-infra\"],\"role\":\"roles/storage.legacyBucketReader\"},{\"members\":[\"projectEditor:cal-itp-data-infra\",\"projectOwner:cal-itp-data-infra\"],\"role\":\"roles/storage.legacyObjectOwner\"},{\"members\":[\"projectViewer:cal-itp-data-infra\"],\"role\":\"roles/storage.legacyObjectReader\"}]}"
          },
          "sensitive_attributes": []
        }
      ]
    },
    {
      "mode": "managed",
      "type": "google_storage_bucket_iam_policy",
      "name": "tfer--calitp-dbt-artifacts",
      "provider": "provider[\"registry.terraform.io/hashicorp/google\"]",
      "instances": [
        {
          "schema_version": 0,
          "attributes_flat": {
            "bucket": "b/calitp-dbt-artifacts",
            "etag": "CAE=",
            "id": "calitp-dbt-artifacts",
            "policy_data": "{\"bindings\":[{\"members\":[\"projectEditor:cal-itp-data-infra\",\"projectOwner:cal-itp-data-infra\"],\"role\":\"roles/storage.legacyBucketOwner\"},{\"members\":[\"projectViewer:cal-itp-data-infra\"],\"role\":\"roles/storage.legacyBucketReader\"},{\"members\":[\"projectEditor:cal-itp-data-infra\",\"projectOwner:cal-itp-data-infra\"],\"role\":\"roles/storage.legacyObjectOwner\"},{\"members\":[\"projectViewer:cal-itp-data-infra\"],\"role\":\"roles/storage.legacyObjectReader\"}]}"
          },
          "sensitive_attributes": []
        }
      ]
    },
    {
      "mode": "managed",
      "type": "google_storage_bucket_iam_policy",
      "name": "tfer--calitp-dbt-python-models",
      "provider": "provider[\"registry.terraform.io/hashicorp/google\"]",
      "instances": [
        {
          "schema_version": 0,
          "attributes_flat": {
            "bucket": "b/calitp-dbt-python-models",
            "etag": "CAE=",
            "id": "calitp-dbt-python-models",
            "policy_data": "{\"bindings\":[{\"members\":[\"projectEditor:cal-itp-data-infra\",\"projectOwner:cal-itp-data-infra\"],\"role\":\"roles/storage.legacyBucketOwner\"},{\"members\":[\"projectViewer:cal-itp-data-infra\"],\"role\":\"roles/storage.legacyBucketReader\"},{\"members\":[\"projectEditor:cal-itp-data-infra\",\"projectOwner:cal-itp-data-infra\"],\"role\":\"roles/storage.legacyObjectOwner\"},{\"members\":[\"projectViewer:cal-itp-data-infra\"],\"role\":\"roles/storage.legacyObjectReader\"}]}"
          },
          "sensitive_attributes": []
        }
      ]
    },
    {
      "mode": "managed",
      "type": "google_storage_bucket_iam_policy",
      "name": "tfer--calitp-elavon-parsed",
      "provider": "provider[\"registry.terraform.io/hashicorp/google\"]",
      "instances": [
        {
          "schema_version": 0,
          "attributes_flat": {
            "bucket": "b/calitp-elavon-parsed",
            "etag": "CAE=",
            "id": "calitp-elavon-parsed",
            "policy_data": "{\"bindings\":[{\"members\":[\"projectEditor:cal-itp-data-infra\",\"projectOwner:cal-itp-data-infra\"],\"role\":\"roles/storage.legacyBucketOwner\"},{\"members\":[\"projectViewer:cal-itp-data-infra\"],\"role\":\"roles/storage.legacyBucketReader\"},{\"members\":[\"projectEditor:cal-itp-data-infra\",\"projectOwner:cal-itp-data-infra\"],\"role\":\"roles/storage.legacyObjectOwner\"},{\"members\":[\"projectViewer:cal-itp-data-infra\"],\"role\":\"roles/storage.legacyObjectReader\"}]}"
          },
          "sensitive_attributes": []
        }
      ]
    },
    {
      "mode": "managed",
      "type": "google_storage_bucket_iam_policy",
      "name": "tfer--calitp-elavon-raw",
      "provider": "provider[\"registry.terraform.io/hashicorp/google\"]",
      "instances": [
        {
          "schema_version": 0,
          "attributes_flat": {
            "bucket": "b/calitp-elavon-raw",
            "etag": "CAE=",
            "id": "calitp-elavon-raw",
            "policy_data": "{\"bindings\":[{\"members\":[\"projectEditor:cal-itp-data-infra\",\"projectOwner:cal-itp-data-infra\"],\"role\":\"roles/storage.legacyBucketOwner\"},{\"members\":[\"projectViewer:cal-itp-data-infra\"],\"role\":\"roles/storage.legacyBucketReader\"},{\"members\":[\"projectEditor:cal-itp-data-infra\",\"projectOwner:cal-itp-data-infra\"],\"role\":\"roles/storage.legacyObjectOwner\"},{\"members\":[\"projectViewer:cal-itp-data-infra\"],\"role\":\"roles/storage.legacyObjectReader\"}]}"
          },
          "sensitive_attributes": []
        }
      ]
    },
    {
      "mode": "managed",
      "type": "google_storage_bucket_iam_policy",
      "name": "tfer--calitp-gtfs-download-config",
      "provider": "provider[\"registry.terraform.io/hashicorp/google\"]",
      "instances": [
        {
          "schema_version": 0,
          "attributes_flat": {
            "bucket": "b/calitp-gtfs-download-config",
            "etag": "CAE=",
            "id": "calitp-gtfs-download-config",
            "policy_data": "{\"bindings\":[{\"members\":[\"projectEditor:cal-itp-data-infra\",\"projectOwner:cal-itp-data-infra\"],\"role\":\"roles/storage.legacyBucketOwner\"},{\"members\":[\"projectViewer:cal-itp-data-infra\"],\"role\":\"roles/storage.legacyBucketReader\"},{\"members\":[\"projectEditor:cal-itp-data-infra\",\"projectOwner:cal-itp-data-infra\"],\"role\":\"roles/storage.legacyObjectOwner\"},{\"members\":[\"projectViewer:cal-itp-data-infra\"],\"role\":\"roles/storage.legacyObjectReader\"}]}"
          },
          "sensitive_attributes": []
        }
      ]
    },
    {
      "mode": "managed",
      "type": "google_storage_bucket_iam_policy",
      "name": "tfer--calitp-gtfs-rt-parsed",
      "provider": "provider[\"registry.terraform.io/hashicorp/google\"]",
      "instances": [
        {
          "schema_version": 0,
          "attributes_flat": {
            "bucket": "b/calitp-gtfs-rt-parsed",
            "etag": "CAE=",
            "id": "calitp-gtfs-rt-parsed",
            "policy_data": "{\"bindings\":[{\"members\":[\"projectEditor:cal-itp-data-infra\",\"projectOwner:cal-itp-data-infra\"],\"role\":\"roles/storage.legacyBucketOwner\"},{\"members\":[\"projectViewer:cal-itp-data-infra\"],\"role\":\"roles/storage.legacyBucketReader\"},{\"members\":[\"projectEditor:cal-itp-data-infra\",\"projectOwner:cal-itp-data-infra\"],\"role\":\"roles/storage.legacyObjectOwner\"},{\"members\":[\"projectViewer:cal-itp-data-infra\"],\"role\":\"roles/storage.legacyObjectReader\"}]}"
          },
          "sensitive_attributes": []
        }
      ]
    },
    {
      "mode": "managed",
      "type": "google_storage_bucket_iam_policy",
      "name": "tfer--calitp-gtfs-rt-raw-deprecated",
      "provider": "provider[\"registry.terraform.io/hashicorp/google\"]",
      "instances": [
        {
          "schema_version": 0,
          "attributes_flat": {
            "bucket": "b/calitp-gtfs-rt-raw-deprecated",
            "etag": "CAQ=",
            "id": "calitp-gtfs-rt-raw-deprecated",
            "policy_data": "{\"bindings\":[{\"members\":[\"projectEditor:cal-itp-data-infra\",\"projectOwner:cal-itp-data-infra\"],\"role\":\"roles/storage.legacyBucketOwner\"},{\"members\":[\"projectViewer:cal-itp-data-infra\",\"serviceAccount:project-1005246706141@storage-transfer-service.iam.gserviceaccount.com\"],\"role\":\"roles/storage.legacyBucketReader\"},{\"members\":[\"serviceAccount:project-1005246706141@storage-transfer-service.iam.gserviceaccount.com\"],\"role\":\"roles/storage.legacyBucketWriter\"},{\"members\":[\"projectEditor:cal-itp-data-infra\",\"projectOwner:cal-itp-data-infra\"],\"role\":\"roles/storage.legacyObjectOwner\"},{\"members\":[\"projectViewer:cal-itp-data-infra\"],\"role\":\"roles/storage.legacyObjectReader\"},{\"members\":[\"serviceAccount:project-1005246706141@storage-transfer-service.iam.gserviceaccount.com\"],\"role\":\"roles/storage.objectAdmin\"}]}"
          },
          "sensitive_attributes": []
        }
      ]
    },
    {
      "mode": "managed",
      "type": "google_storage_bucket_iam_policy",
      "name": "tfer--calitp-gtfs-rt-raw-v2",
      "provider": "provider[\"registry.terraform.io/hashicorp/google\"]",
      "instances": [
        {
          "schema_version": 0,
          "attributes_flat": {
            "bucket": "b/calitp-gtfs-rt-raw-v2",
            "etag": "CAM=",
            "id": "calitp-gtfs-rt-raw-v2",
            "policy_data": "{\"bindings\":[{\"members\":[\"projectEditor:cal-itp-data-infra\",\"projectOwner:cal-itp-data-infra\"],\"role\":\"roles/storage.legacyBucketOwner\"},{\"members\":[\"projectViewer:cal-itp-data-infra\"],\"role\":\"roles/storage.legacyBucketReader\"},{\"members\":[\"projectEditor:cal-itp-data-infra\",\"projectOwner:cal-itp-data-infra\"],\"role\":\"roles/storage.legacyObjectOwner\"},{\"members\":[\"projectViewer:cal-itp-data-infra\"],\"role\":\"roles/storage.legacyObjectReader\"},{\"members\":[\"serviceAccount:gtfs-rt-archiver-v3@cal-itp-data-infra.iam.gserviceaccount.com\"],\"role\":\"roles/storage.objectAdmin\"},{\"members\":[\"serviceAccount:gtfs-rt-archiver-v3@cal-itp-data-infra.iam.gserviceaccount.com\"],\"role\":\"roles/storage.objectCreator\"},{\"members\":[\"serviceAccount:gtfs-rt-archiver-v3@cal-itp-data-infra.iam.gserviceaccount.com\"],\"role\":\"roles/storage.objectViewer\"}]}"
          },
          "sensitive_attributes": []
        }
      ]
    },
    {
      "mode": "managed",
      "type": "google_storage_bucket_iam_policy",
      "name": "tfer--calitp-gtfs-rt-validation",
      "provider": "provider[\"registry.terraform.io/hashicorp/google\"]",
      "instances": [
        {
          "schema_version": 0,
          "attributes_flat": {
            "bucket": "b/calitp-gtfs-rt-validation",
            "etag": "CAE=",
            "id": "calitp-gtfs-rt-validation",
            "policy_data": "{\"bindings\":[{\"members\":[\"projectEditor:cal-itp-data-infra\",\"projectOwner:cal-itp-data-infra\"],\"role\":\"roles/storage.legacyBucketOwner\"},{\"members\":[\"projectViewer:cal-itp-data-infra\"],\"role\":\"roles/storage.legacyBucketReader\"},{\"members\":[\"projectEditor:cal-itp-data-infra\",\"projectOwner:cal-itp-data-infra\"],\"role\":\"roles/storage.legacyObjectOwner\"},{\"members\":[\"projectViewer:cal-itp-data-infra\"],\"role\":\"roles/storage.legacyObjectReader\"}]}"
          },
          "sensitive_attributes": []
        }
      ]
    },
    {
      "mode": "managed",
      "type": "google_storage_bucket_iam_policy",
      "name": "tfer--calitp-gtfs-schedule-parsed",
      "provider": "provider[\"registry.terraform.io/hashicorp/google\"]",
      "instances": [
        {
          "schema_version": 0,
          "attributes_flat": {
            "bucket": "b/calitp-gtfs-schedule-parsed",
            "etag": "CAE=",
            "id": "calitp-gtfs-schedule-parsed",
            "policy_data": "{\"bindings\":[{\"members\":[\"projectEditor:cal-itp-data-infra\",\"projectOwner:cal-itp-data-infra\"],\"role\":\"roles/storage.legacyBucketOwner\"},{\"members\":[\"projectViewer:cal-itp-data-infra\"],\"role\":\"roles/storage.legacyBucketReader\"},{\"members\":[\"projectEditor:cal-itp-data-infra\",\"projectOwner:cal-itp-data-infra\"],\"role\":\"roles/storage.legacyObjectOwner\"},{\"members\":[\"projectViewer:cal-itp-data-infra\"],\"role\":\"roles/storage.legacyObjectReader\"}]}"
          },
          "sensitive_attributes": []
        }
      ]
    },
    {
      "mode": "managed",
      "type": "google_storage_bucket_iam_policy",
      "name": "tfer--calitp-gtfs-schedule-parsed-hourly",
      "provider": "provider[\"registry.terraform.io/hashicorp/google\"]",
      "instances": [
        {
          "schema_version": 0,
          "attributes_flat": {
            "bucket": "b/calitp-gtfs-schedule-parsed-hourly",
            "etag": "CAE=",
            "id": "calitp-gtfs-schedule-parsed-hourly",
            "policy_data": "{\"bindings\":[{\"members\":[\"projectEditor:cal-itp-data-infra\",\"projectOwner:cal-itp-data-infra\"],\"role\":\"roles/storage.legacyBucketOwner\"},{\"members\":[\"projectViewer:cal-itp-data-infra\"],\"role\":\"roles/storage.legacyBucketReader\"},{\"members\":[\"projectEditor:cal-itp-data-infra\",\"projectOwner:cal-itp-data-infra\"],\"role\":\"roles/storage.legacyObjectOwner\"},{\"members\":[\"projectViewer:cal-itp-data-infra\"],\"role\":\"roles/storage.legacyObjectReader\"}]}"
          },
          "sensitive_attributes": []
        }
      ]
    },
    {
      "mode": "managed",
      "type": "google_storage_bucket_iam_policy",
      "name": "tfer--calitp-gtfs-schedule-raw-v2",
      "provider": "provider[\"registry.terraform.io/hashicorp/google\"]",
      "instances": [
        {
          "schema_version": 0,
          "attributes_flat": {
            "bucket": "b/calitp-gtfs-schedule-raw-v2",
            "etag": "CAI=",
            "id": "calitp-gtfs-schedule-raw-v2",
            "policy_data": "{\"bindings\":[{\"members\":[\"projectEditor:cal-itp-data-infra\",\"projectOwner:cal-itp-data-infra\"],\"role\":\"roles/storage.legacyBucketOwner\"},{\"members\":[\"projectViewer:cal-itp-data-infra\",\"serviceAccount:project-1005246706141@storage-transfer-service.iam.gserviceaccount.com\"],\"role\":\"roles/storage.legacyBucketReader\"},{\"members\":[\"projectEditor:cal-itp-data-infra\",\"projectOwner:cal-itp-data-infra\"],\"role\":\"roles/storage.legacyObjectOwner\"},{\"members\":[\"projectViewer:cal-itp-data-infra\"],\"role\":\"roles/storage.legacyObjectReader\"},{\"members\":[\"serviceAccount:project-1005246706141@storage-transfer-service.iam.gserviceaccount.com\"],\"role\":\"roles/storage.objectAdmin\"}]}"
          },
          "sensitive_attributes": []
        }
      ]
    },
    {
      "mode": "managed",
      "type": "google_storage_bucket_iam_policy",
      "name": "tfer--calitp-gtfs-schedule-unzipped",
      "provider": "provider[\"registry.terraform.io/hashicorp/google\"]",
      "instances": [
        {
          "schema_version": 0,
          "attributes_flat": {
            "bucket": "b/calitp-gtfs-schedule-unzipped",
            "etag": "CAE=",
            "id": "calitp-gtfs-schedule-unzipped",
            "policy_data": "{\"bindings\":[{\"members\":[\"projectEditor:cal-itp-data-infra\",\"projectOwner:cal-itp-data-infra\"],\"role\":\"roles/storage.legacyBucketOwner\"},{\"members\":[\"projectViewer:cal-itp-data-infra\"],\"role\":\"roles/storage.legacyBucketReader\"},{\"members\":[\"projectEditor:cal-itp-data-infra\",\"projectOwner:cal-itp-data-infra\"],\"role\":\"roles/storage.legacyObjectOwner\"},{\"members\":[\"projectViewer:cal-itp-data-infra\"],\"role\":\"roles/storage.legacyObjectReader\"}]}"
          },
          "sensitive_attributes": []
        }
      ]
    },
    {
      "mode": "managed",
      "type": "google_storage_bucket_iam_policy",
      "name": "tfer--calitp-gtfs-schedule-unzipped-hourly",
      "provider": "provider[\"registry.terraform.io/hashicorp/google\"]",
      "instances": [
        {
          "schema_version": 0,
          "attributes_flat": {
            "bucket": "b/calitp-gtfs-schedule-unzipped-hourly",
            "etag": "CAE=",
            "id": "calitp-gtfs-schedule-unzipped-hourly",
            "policy_data": "{\"bindings\":[{\"members\":[\"projectEditor:cal-itp-data-infra\",\"projectOwner:cal-itp-data-infra\"],\"role\":\"roles/storage.legacyBucketOwner\"},{\"members\":[\"projectViewer:cal-itp-data-infra\"],\"role\":\"roles/storage.legacyBucketReader\"},{\"members\":[\"projectEditor:cal-itp-data-infra\",\"projectOwner:cal-itp-data-infra\"],\"role\":\"roles/storage.legacyObjectOwner\"},{\"members\":[\"projectViewer:cal-itp-data-infra\"],\"role\":\"roles/storage.legacyObjectReader\"}]}"
          },
          "sensitive_attributes": []
        }
      ]
    },
    {
      "mode": "managed",
      "type": "google_storage_bucket_iam_policy",
      "name": "tfer--calitp-gtfs-schedule-validation",
      "provider": "provider[\"registry.terraform.io/hashicorp/google\"]",
      "instances": [
        {
          "schema_version": 0,
          "attributes_flat": {
            "bucket": "b/calitp-gtfs-schedule-validation",
            "etag": "CAI=",
            "id": "calitp-gtfs-schedule-validation",
            "policy_data": "{\"bindings\":[{\"members\":[\"projectEditor:cal-itp-data-infra\",\"projectOwner:cal-itp-data-infra\"],\"role\":\"roles/storage.legacyBucketOwner\"},{\"members\":[\"projectViewer:cal-itp-data-infra\"],\"role\":\"roles/storage.legacyBucketReader\"},{\"members\":[\"projectEditor:cal-itp-data-infra\",\"projectOwner:cal-itp-data-infra\"],\"role\":\"roles/storage.legacyObjectOwner\"},{\"members\":[\"projectViewer:cal-itp-data-infra\"],\"role\":\"roles/storage.legacyObjectReader\"},{\"members\":[\"serviceAccount:gtfs-rt-archiver@cal-itp-data-infra.iam.gserviceaccount.com\"],\"role\":\"roles/storage.objectCreator\"}]}"
          },
          "sensitive_attributes": []
        }
      ]
    },
    {
      "mode": "managed",
      "type": "google_storage_bucket_iam_policy",
      "name": "tfer--calitp-gtfs-schedule-validation-hourly",
      "provider": "provider[\"registry.terraform.io/hashicorp/google\"]",
      "instances": [
        {
          "schema_version": 0,
          "attributes_flat": {
            "bucket": "b/calitp-gtfs-schedule-validation-hourly",
            "etag": "CAE=",
            "id": "calitp-gtfs-schedule-validation-hourly",
            "policy_data": "{\"bindings\":[{\"members\":[\"projectEditor:cal-itp-data-infra\",\"projectOwner:cal-itp-data-infra\"],\"role\":\"roles/storage.legacyBucketOwner\"},{\"members\":[\"projectViewer:cal-itp-data-infra\"],\"role\":\"roles/storage.legacyBucketReader\"},{\"members\":[\"projectEditor:cal-itp-data-infra\",\"projectOwner:cal-itp-data-infra\"],\"role\":\"roles/storage.legacyObjectOwner\"},{\"members\":[\"projectViewer:cal-itp-data-infra\"],\"role\":\"roles/storage.legacyObjectReader\"}]}"
          },
          "sensitive_attributes": []
        }
      ]
    },
    {
      "mode": "managed",
      "type": "google_storage_bucket_iam_policy",
      "name": "tfer--calitp-jamesl-gcp-components-tfstate",
      "provider": "provider[\"registry.terraform.io/hashicorp/google\"]",
      "instances": [
        {
          "schema_version": 0,
          "attributes_flat": {
            "bucket": "b/calitp-jamesl-gcp-components-tfstate",
            "etag": "CAE=",
            "id": "calitp-jamesl-gcp-components-tfstate",
            "policy_data": "{\"bindings\":[{\"members\":[\"projectEditor:cal-itp-data-infra\",\"projectOwner:cal-itp-data-infra\"],\"role\":\"roles/storage.legacyBucketOwner\"},{\"members\":[\"projectViewer:cal-itp-data-infra\"],\"role\":\"roles/storage.legacyBucketReader\"},{\"members\":[\"projectEditor:cal-itp-data-infra\",\"projectOwner:cal-itp-data-infra\"],\"role\":\"roles/storage.legacyObjectOwner\"},{\"members\":[\"projectViewer:cal-itp-data-infra\"],\"role\":\"roles/storage.legacyObjectReader\"}]}"
          },
          "sensitive_attributes": []
        }
      ]
    },
    {
      "mode": "managed",
      "type": "google_storage_bucket_iam_policy",
      "name": "tfer--calitp-map-tiles",
      "provider": "provider[\"registry.terraform.io/hashicorp/google\"]",
      "instances": [
        {
          "schema_version": 0,
          "attributes_flat": {
            "bucket": "b/calitp-map-tiles",
            "etag": "CAM=",
            "id": "calitp-map-tiles",
            "policy_data": "{\"bindings\":[{\"members\":[\"projectEditor:cal-itp-data-infra\",\"projectOwner:cal-itp-data-infra\"],\"role\":\"roles/storage.legacyBucketOwner\"},{\"members\":[\"projectViewer:cal-itp-data-infra\"],\"role\":\"roles/storage.legacyBucketReader\"},{\"members\":[\"projectEditor:cal-itp-data-infra\",\"projectOwner:cal-itp-data-infra\"],\"role\":\"roles/storage.legacyObjectOwner\"},{\"members\":[\"projectViewer:cal-itp-data-infra\"],\"role\":\"roles/storage.legacyObjectReader\"},{\"members\":[\"allUsers\"],\"role\":\"roles/storage.objectViewer\"}]}"
          },
          "sensitive_attributes": []
        }
      ]
    },
    {
      "mode": "managed",
      "type": "google_storage_bucket_iam_policy",
      "name": "tfer--calitp-metabase-data-public",
      "provider": "provider[\"registry.terraform.io/hashicorp/google\"]",
      "instances": [
        {
          "schema_version": 0,
          "attributes_flat": {
            "bucket": "b/calitp-metabase-data-public",
            "etag": "CAM=",
            "id": "calitp-metabase-data-public",
            "policy_data": "{\"bindings\":[{\"members\":[\"projectEditor:cal-itp-data-infra\",\"projectOwner:cal-itp-data-infra\"],\"role\":\"roles/storage.legacyBucketOwner\"},{\"members\":[\"projectViewer:cal-itp-data-infra\"],\"role\":\"roles/storage.legacyBucketReader\"},{\"members\":[\"projectEditor:cal-itp-data-infra\",\"projectOwner:cal-itp-data-infra\"],\"role\":\"roles/storage.legacyObjectOwner\"},{\"members\":[\"projectViewer:cal-itp-data-infra\"],\"role\":\"roles/storage.legacyObjectReader\"},{\"members\":[\"allUsers\"],\"role\":\"roles/storage.objectViewer\"}]}"
          },
          "sensitive_attributes": []
        }
      ]
    },
    {
      "mode": "managed",
      "type": "google_storage_bucket_iam_policy",
      "name": "tfer--calitp-ntd-api-products",
      "provider": "provider[\"registry.terraform.io/hashicorp/google\"]",
      "instances": [
        {
          "schema_version": 0,
          "attributes_flat": {
            "bucket": "b/calitp-ntd-api-products",
            "etag": "CAE=",
            "id": "calitp-ntd-api-products",
            "policy_data": "{\"bindings\":[{\"members\":[\"projectEditor:cal-itp-data-infra\",\"projectOwner:cal-itp-data-infra\"],\"role\":\"roles/storage.legacyBucketOwner\"},{\"members\":[\"projectViewer:cal-itp-data-infra\"],\"role\":\"roles/storage.legacyBucketReader\"},{\"members\":[\"projectEditor:cal-itp-data-infra\",\"projectOwner:cal-itp-data-infra\"],\"role\":\"roles/storage.legacyObjectOwner\"},{\"members\":[\"projectViewer:cal-itp-data-infra\"],\"role\":\"roles/storage.legacyObjectReader\"}]}"
          },
          "sensitive_attributes": []
        }
      ]
    },
    {
      "mode": "managed",
      "type": "google_storage_bucket_iam_policy",
      "name": "tfer--calitp-ntd-data-products",
      "provider": "provider[\"registry.terraform.io/hashicorp/google\"]",
      "instances": [
        {
          "schema_version": 0,
          "attributes_flat": {
            "bucket": "b/calitp-ntd-data-products",
            "etag": "CAE=",
            "id": "calitp-ntd-data-products",
            "policy_data": "{\"bindings\":[{\"members\":[\"projectEditor:cal-itp-data-infra\",\"projectOwner:cal-itp-data-infra\"],\"role\":\"roles/storage.legacyBucketOwner\"},{\"members\":[\"projectViewer:cal-itp-data-infra\"],\"role\":\"roles/storage.legacyBucketReader\"},{\"members\":[\"projectEditor:cal-itp-data-infra\",\"projectOwner:cal-itp-data-infra\"],\"role\":\"roles/storage.legacyObjectOwner\"},{\"members\":[\"projectViewer:cal-itp-data-infra\"],\"role\":\"roles/storage.legacyObjectReader\"}]}"
          },
          "sensitive_attributes": []
        }
      ]
    },
    {
      "mode": "managed",
      "type": "google_storage_bucket_iam_policy",
      "name": "tfer--calitp-ntd-report-validation",
      "provider": "provider[\"registry.terraform.io/hashicorp/google\"]",
      "instances": [
        {
          "schema_version": 0,
          "attributes_flat": {
            "bucket": "b/calitp-ntd-report-validation",
            "etag": "CAE=",
            "id": "calitp-ntd-report-validation",
            "policy_data": "{\"bindings\":[{\"members\":[\"projectEditor:cal-itp-data-infra\",\"projectOwner:cal-itp-data-infra\"],\"role\":\"roles/storage.legacyBucketOwner\"},{\"members\":[\"projectViewer:cal-itp-data-infra\"],\"role\":\"roles/storage.legacyBucketReader\"},{\"members\":[\"projectEditor:cal-itp-data-infra\",\"projectOwner:cal-itp-data-infra\"],\"role\":\"roles/storage.legacyObjectOwner\"},{\"members\":[\"projectViewer:cal-itp-data-infra\"],\"role\":\"roles/storage.legacyObjectReader\"}]}"
          },
          "sensitive_attributes": []
        }
      ]
    },
    {
      "mode": "managed",
      "type": "google_storage_bucket_iam_policy",
      "name": "tfer--calitp-ntd-xlsx-products-clean",
      "provider": "provider[\"registry.terraform.io/hashicorp/google\"]",
      "instances": [
        {
          "schema_version": 0,
          "attributes_flat": {
            "bucket": "b/calitp-ntd-xlsx-products-clean",
            "etag": "CAE=",
            "id": "calitp-ntd-xlsx-products-clean",
            "policy_data": "{\"bindings\":[{\"members\":[\"projectEditor:cal-itp-data-infra\",\"projectOwner:cal-itp-data-infra\"],\"role\":\"roles/storage.legacyBucketOwner\"},{\"members\":[\"projectViewer:cal-itp-data-infra\"],\"role\":\"roles/storage.legacyBucketReader\"},{\"members\":[\"projectEditor:cal-itp-data-infra\",\"projectOwner:cal-itp-data-infra\"],\"role\":\"roles/storage.legacyObjectOwner\"},{\"members\":[\"projectViewer:cal-itp-data-infra\"],\"role\":\"roles/storage.legacyObjectReader\"}]}"
          },
          "sensitive_attributes": []
        }
      ]
    },
    {
      "mode": "managed",
      "type": "google_storage_bucket_iam_policy",
      "name": "tfer--calitp-ntd-xlsx-products-raw",
      "provider": "provider[\"registry.terraform.io/hashicorp/google\"]",
      "instances": [
        {
          "schema_version": 0,
          "attributes_flat": {
            "bucket": "b/calitp-ntd-xlsx-products-raw",
            "etag": "CAE=",
            "id": "calitp-ntd-xlsx-products-raw",
            "policy_data": "{\"bindings\":[{\"members\":[\"projectEditor:cal-itp-data-infra\",\"projectOwner:cal-itp-data-infra\"],\"role\":\"roles/storage.legacyBucketOwner\"},{\"members\":[\"projectViewer:cal-itp-data-infra\"],\"role\":\"roles/storage.legacyBucketReader\"},{\"members\":[\"projectEditor:cal-itp-data-infra\",\"projectOwner:cal-itp-data-infra\"],\"role\":\"roles/storage.legacyObjectOwner\"},{\"members\":[\"projectViewer:cal-itp-data-infra\"],\"role\":\"roles/storage.legacyObjectReader\"}]}"
          },
          "sensitive_attributes": []
        }
      ]
    },
    {
      "mode": "managed",
      "type": "google_storage_bucket_iam_policy",
      "name": "tfer--calitp-payments-littlepay-parsed",
      "provider": "provider[\"registry.terraform.io/hashicorp/google\"]",
      "instances": [
        {
          "schema_version": 0,
          "attributes_flat": {
            "bucket": "b/calitp-payments-littlepay-parsed",
            "etag": "CAE=",
            "id": "calitp-payments-littlepay-parsed",
            "policy_data": "{\"bindings\":[{\"members\":[\"projectEditor:cal-itp-data-infra\",\"projectOwner:cal-itp-data-infra\"],\"role\":\"roles/storage.legacyBucketOwner\"},{\"members\":[\"projectViewer:cal-itp-data-infra\"],\"role\":\"roles/storage.legacyBucketReader\"},{\"members\":[\"projectEditor:cal-itp-data-infra\",\"projectOwner:cal-itp-data-infra\"],\"role\":\"roles/storage.legacyObjectOwner\"},{\"members\":[\"projectViewer:cal-itp-data-infra\"],\"role\":\"roles/storage.legacyObjectReader\"}]}"
          },
          "sensitive_attributes": []
        }
      ]
    },
    {
      "mode": "managed",
      "type": "google_storage_bucket_iam_policy",
      "name": "tfer--calitp-payments-littlepay-raw",
      "provider": "provider[\"registry.terraform.io/hashicorp/google\"]",
      "instances": [
        {
          "schema_version": 0,
          "attributes_flat": {
            "bucket": "b/calitp-payments-littlepay-raw",
            "etag": "CAE=",
            "id": "calitp-payments-littlepay-raw",
            "policy_data": "{\"bindings\":[{\"members\":[\"projectEditor:cal-itp-data-infra\",\"projectOwner:cal-itp-data-infra\"],\"role\":\"roles/storage.legacyBucketOwner\"},{\"members\":[\"projectViewer:cal-itp-data-infra\"],\"role\":\"roles/storage.legacyBucketReader\"},{\"members\":[\"projectEditor:cal-itp-data-infra\",\"projectOwner:cal-itp-data-infra\"],\"role\":\"roles/storage.legacyObjectOwner\"},{\"members\":[\"projectViewer:cal-itp-data-infra\"],\"role\":\"roles/storage.legacyObjectReader\"}]}"
          },
          "sensitive_attributes": []
        }
      ]
    },
    {
      "mode": "managed",
      "type": "google_storage_bucket_iam_policy",
      "name": "tfer--calitp-prod-gcp-components-tfstate",
      "provider": "provider[\"registry.terraform.io/hashicorp/google\"]",
      "instances": [
        {
          "schema_version": 0,
          "attributes_flat": {
            "bucket": "b/calitp-prod-gcp-components-tfstate",
            "etag": "CAE=",
            "id": "calitp-prod-gcp-components-tfstate",
            "policy_data": "{\"bindings\":[{\"members\":[\"projectEditor:cal-itp-data-infra\",\"projectOwner:cal-itp-data-infra\"],\"role\":\"roles/storage.legacyBucketOwner\"},{\"members\":[\"projectViewer:cal-itp-data-infra\"],\"role\":\"roles/storage.legacyBucketReader\"},{\"members\":[\"projectEditor:cal-itp-data-infra\",\"projectOwner:cal-itp-data-infra\"],\"role\":\"roles/storage.legacyObjectOwner\"},{\"members\":[\"projectViewer:cal-itp-data-infra\"],\"role\":\"roles/storage.legacyObjectReader\"}]}"
          },
          "sensitive_attributes": []
        }
      ]
    },
    {
      "mode": "managed",
      "type": "google_storage_bucket_iam_policy",
      "name": "tfer--calitp-publish",
      "provider": "provider[\"registry.terraform.io/hashicorp/google\"]",
      "instances": [
        {
          "schema_version": 0,
          "attributes_flat": {
            "bucket": "b/calitp-publish",
            "etag": "CAE=",
            "id": "calitp-publish",
            "policy_data": "{\"bindings\":[{\"members\":[\"projectEditor:cal-itp-data-infra\",\"projectOwner:cal-itp-data-infra\"],\"role\":\"roles/storage.legacyBucketOwner\"},{\"members\":[\"projectViewer:cal-itp-data-infra\"],\"role\":\"roles/storage.legacyBucketReader\"},{\"members\":[\"projectEditor:cal-itp-data-infra\",\"projectOwner:cal-itp-data-infra\"],\"role\":\"roles/storage.legacyObjectOwner\"},{\"members\":[\"projectViewer:cal-itp-data-infra\"],\"role\":\"roles/storage.legacyObjectReader\"}]}"
          },
          "sensitive_attributes": []
        }
      ]
    },
    {
      "mode": "managed",
      "type": "google_storage_bucket_iam_policy",
      "name": "tfer--calitp-publish-data-analysis",
      "provider": "provider[\"registry.terraform.io/hashicorp/google\"]",
      "instances": [
        {
          "schema_version": 0,
          "attributes_flat": {
            "bucket": "b/calitp-publish-data-analysis",
            "etag": "CAI=",
            "id": "calitp-publish-data-analysis",
            "policy_data": "{\"bindings\":[{\"members\":[\"projectEditor:cal-itp-data-infra\",\"projectOwner:cal-itp-data-infra\"],\"role\":\"roles/storage.legacyBucketOwner\"},{\"members\":[\"projectViewer:cal-itp-data-infra\"],\"role\":\"roles/storage.legacyBucketReader\"},{\"members\":[\"projectEditor:cal-itp-data-infra\",\"projectOwner:cal-itp-data-infra\"],\"role\":\"roles/storage.legacyObjectOwner\"},{\"members\":[\"projectViewer:cal-itp-data-infra\"],\"role\":\"roles/storage.legacyObjectReader\"},{\"members\":[\"allUsers\"],\"role\":\"roles/storage.objectViewer\"}]}"
          },
          "sensitive_attributes": []
        }
      ]
    },
    {
      "mode": "managed",
      "type": "google_storage_bucket_iam_policy",
      "name": "tfer--calitp-reports-data",
      "provider": "provider[\"registry.terraform.io/hashicorp/google\"]",
      "instances": [
        {
          "schema_version": 0,
          "attributes_flat": {
            "bucket": "b/calitp-reports-data",
            "etag": "CAI=",
            "id": "calitp-reports-data",
            "policy_data": "{\"bindings\":[{\"members\":[\"projectEditor:cal-itp-data-infra\",\"projectOwner:cal-itp-data-infra\"],\"role\":\"roles/storage.legacyBucketOwner\"},{\"members\":[\"projectViewer:cal-itp-data-infra\"],\"role\":\"roles/storage.legacyBucketReader\"},{\"members\":[\"projectEditor:cal-itp-data-infra\",\"projectOwner:cal-itp-data-infra\"],\"role\":\"roles/storage.legacyObjectOwner\"},{\"members\":[\"projectViewer:cal-itp-data-infra\"],\"role\":\"roles/storage.legacyObjectReader\"},{\"members\":[\"serviceAccount:calitp-py-ci@cal-itp-data-infra.iam.gserviceaccount.com\"],\"role\":\"roles/storage.objectAdmin\"}]}"
          },
          "sensitive_attributes": []
        }
      ]
    },
    {
      "mode": "managed",
      "type": "google_storage_bucket_iam_policy",
      "name": "tfer--calitp-state-geoportal-scrape",
      "provider": "provider[\"registry.terraform.io/hashicorp/google\"]",
      "instances": [
        {
          "schema_version": 0,
          "attributes_flat": {
            "bucket": "b/calitp-state-geoportal-scrape",
            "etag": "CAE=",
            "id": "calitp-state-geoportal-scrape",
            "policy_data": "{\"bindings\":[{\"members\":[\"projectEditor:cal-itp-data-infra\",\"projectOwner:cal-itp-data-infra\"],\"role\":\"roles/storage.legacyBucketOwner\"},{\"members\":[\"projectViewer:cal-itp-data-infra\"],\"role\":\"roles/storage.legacyBucketReader\"},{\"members\":[\"projectEditor:cal-itp-data-infra\",\"projectOwner:cal-itp-data-infra\"],\"role\":\"roles/storage.legacyObjectOwner\"},{\"members\":[\"projectViewer:cal-itp-data-infra\"],\"role\":\"roles/storage.legacyObjectReader\"}]}"
          },
          "sensitive_attributes": []
        }
      ]
    },
    {
      "mode": "managed",
      "type": "google_storage_bucket_iam_policy",
      "name": "tfer--calitp-state-highway-network-stops",
      "provider": "provider[\"registry.terraform.io/hashicorp/google\"]",
      "instances": [
        {
          "schema_version": 0,
          "attributes_flat": {
            "bucket": "b/calitp-state-highway-network-stops",
            "etag": "CAE=",
            "id": "calitp-state-highway-network-stops",
            "policy_data": "{\"bindings\":[{\"members\":[\"projectEditor:cal-itp-data-infra\",\"projectOwner:cal-itp-data-infra\"],\"role\":\"roles/storage.legacyBucketOwner\"},{\"members\":[\"projectViewer:cal-itp-data-infra\"],\"role\":\"roles/storage.legacyBucketReader\"},{\"members\":[\"projectEditor:cal-itp-data-infra\",\"projectOwner:cal-itp-data-infra\"],\"role\":\"roles/storage.legacyObjectOwner\"},{\"members\":[\"projectViewer:cal-itp-data-infra\"],\"role\":\"roles/storage.legacyObjectReader\"}]}"
          },
          "sensitive_attributes": []
        }
      ]
    },
    {
      "mode": "managed",
      "type": "google_storage_bucket_iam_policy",
      "name": "tfer--cold-storage-outputs-gtfs-data-test",
      "provider": "provider[\"registry.terraform.io/hashicorp/google\"]",
      "instances": [
        {
          "schema_version": 0,
          "attributes_flat": {
            "bucket": "b/cold-storage-outputs-gtfs-data-test",
            "etag": "CAE=",
            "id": "cold-storage-outputs-gtfs-data-test",
            "policy_data": "{\"bindings\":[{\"members\":[\"projectEditor:cal-itp-data-infra\",\"projectOwner:cal-itp-data-infra\"],\"role\":\"roles/storage.legacyBucketOwner\"},{\"members\":[\"projectViewer:cal-itp-data-infra\"],\"role\":\"roles/storage.legacyBucketReader\"}]}"
          },
          "sensitive_attributes": []
        }
      ]
    },
    {
      "mode": "managed",
      "type": "google_storage_bucket_iam_policy",
      "name": "tfer--cold-storage-outputs-gtfs-data-test-charlie-test",
      "provider": "provider[\"registry.terraform.io/hashicorp/google\"]",
      "instances": [
        {
          "schema_version": 0,
          "attributes_flat": {
            "bucket": "b/cold-storage-outputs-gtfs-data-test-charlie-test",
            "etag": "CAE=",
            "id": "cold-storage-outputs-gtfs-data-test-charlie-test",
            "policy_data": "{\"bindings\":[{\"members\":[\"projectEditor:cal-itp-data-infra\",\"projectOwner:cal-itp-data-infra\"],\"role\":\"roles/storage.legacyBucketOwner\"},{\"members\":[\"projectViewer:cal-itp-data-infra\"],\"role\":\"roles/storage.legacyBucketReader\"}]}"
          },
          "sensitive_attributes": []
        }
      ]
    },
    {
      "mode": "managed",
      "type": "google_storage_bucket_iam_policy",
      "name": "tfer--dataproc-staging-us-west2-1005246706141-sfgmtgyp",
      "provider": "provider[\"registry.terraform.io/hashicorp/google\"]",
      "instances": [
        {
          "schema_version": 0,
          "attributes_flat": {
            "bucket": "b/dataproc-staging-us-west2-1005246706141-sfgmtgyp",
            "etag": "CAI=",
            "id": "dataproc-staging-us-west2-1005246706141-sfgmtgyp",
            "policy_data": "{\"bindings\":[{\"members\":[\"projectEditor:cal-itp-data-infra\",\"projectOwner:cal-itp-data-infra\"],\"role\":\"roles/storage.legacyBucketOwner\"},{\"members\":[\"projectViewer:cal-itp-data-infra\"],\"role\":\"roles/storage.legacyBucketReader\"}]}"
          },
          "sensitive_attributes": []
        }
      ]
    },
    {
      "mode": "managed",
      "type": "google_storage_bucket_iam_policy",
      "name": "tfer--dataproc-temp-us-west2-1005246706141-x9mtxbwg",
      "provider": "provider[\"registry.terraform.io/hashicorp/google\"]",
      "instances": [
        {
          "schema_version": 0,
          "attributes_flat": {
            "bucket": "b/dataproc-temp-us-west2-1005246706141-x9mtxbwg",
            "etag": "CAI=",
            "id": "dataproc-temp-us-west2-1005246706141-x9mtxbwg",
            "policy_data": "{\"bindings\":[{\"members\":[\"projectEditor:cal-itp-data-infra\",\"projectOwner:cal-itp-data-infra\"],\"role\":\"roles/storage.legacyBucketOwner\"},{\"members\":[\"projectViewer:cal-itp-data-infra\"],\"role\":\"roles/storage.legacyBucketReader\"}]}"
          },
          "sensitive_attributes": []
        }
      ]
    },
    {
      "mode": "managed",
      "type": "google_storage_bucket_iam_policy",
      "name": "tfer--dev-calitp-aggregator-scraper",
      "provider": "provider[\"registry.terraform.io/hashicorp/google\"]",
      "instances": [
        {
          "schema_version": 0,
          "attributes_flat": {
            "bucket": "b/dev-calitp-aggregator-scraper",
            "etag": "CAE=",
            "id": "dev-calitp-aggregator-scraper",
            "policy_data": "{\"bindings\":[{\"members\":[\"projectEditor:cal-itp-data-infra\",\"projectOwner:cal-itp-data-infra\"],\"role\":\"roles/storage.legacyBucketOwner\"},{\"members\":[\"projectViewer:cal-itp-data-infra\"],\"role\":\"roles/storage.legacyBucketReader\"},{\"members\":[\"projectEditor:cal-itp-data-infra\",\"projectOwner:cal-itp-data-infra\"],\"role\":\"roles/storage.legacyObjectOwner\"},{\"members\":[\"projectViewer:cal-itp-data-infra\"],\"role\":\"roles/storage.legacyObjectReader\"}]}"
          },
          "sensitive_attributes": []
        }
      ]
    },
    {
      "mode": "managed",
      "type": "google_storage_bucket_iam_policy",
      "name": "tfer--dev-calitp-gtfs-rt-raw",
      "provider": "provider[\"registry.terraform.io/hashicorp/google\"]",
      "instances": [
        {
          "schema_version": 0,
          "attributes_flat": {
            "bucket": "b/dev-calitp-gtfs-rt-raw",
            "etag": "CAQ=",
            "id": "dev-calitp-gtfs-rt-raw",
            "policy_data": "{\"bindings\":[{\"members\":[\"projectEditor:cal-itp-data-infra\",\"projectOwner:cal-itp-data-infra\"],\"role\":\"roles/storage.legacyBucketOwner\"},{\"members\":[\"projectViewer:cal-itp-data-infra\"],\"role\":\"roles/storage.legacyBucketReader\"},{\"members\":[\"projectEditor:cal-itp-data-infra\",\"projectOwner:cal-itp-data-infra\"],\"role\":\"roles/storage.legacyObjectOwner\"},{\"members\":[\"projectViewer:cal-itp-data-infra\"],\"role\":\"roles/storage.legacyObjectReader\"},{\"members\":[\"serviceAccount:dev-gtfs-rt-archiver-v3@cal-itp-data-infra.iam.gserviceaccount.com\",\"serviceAccount:gtfs-rt-archiver-v3@cal-itp-data-infra.iam.gserviceaccount.com\"],\"role\":\"roles/storage.objectAdmin\"}]}"
          },
          "sensitive_attributes": []
        }
      ]
    },
    {
      "mode": "managed",
      "type": "google_storage_bucket_iam_policy",
      "name": "tfer--dev-calitp-test-sandbox",
      "provider": "provider[\"registry.terraform.io/hashicorp/google\"]",
      "instances": [
        {
          "schema_version": 0,
          "attributes_flat": {
            "bucket": "b/dev-calitp-test-sandbox",
            "etag": "CAI=",
            "id": "dev-calitp-test-sandbox",
            "policy_data": "{\"bindings\":[{\"members\":[\"projectEditor:cal-itp-data-infra\",\"projectOwner:cal-itp-data-infra\"],\"role\":\"roles/storage.legacyBucketOwner\"},{\"members\":[\"projectViewer:cal-itp-data-infra\"],\"role\":\"roles/storage.legacyBucketReader\"},{\"members\":[\"projectEditor:cal-itp-data-infra\",\"projectOwner:cal-itp-data-infra\"],\"role\":\"roles/storage.legacyObjectOwner\"},{\"members\":[\"projectViewer:cal-itp-data-infra\"],\"role\":\"roles/storage.legacyObjectReader\"}]}"
          },
          "sensitive_attributes": []
        }
      ]
    },
    {
      "mode": "managed",
      "type": "google_storage_bucket_iam_policy",
      "name": "tfer--export-ysjqwvyxc4ti3jmahojq",
      "provider": "provider[\"registry.terraform.io/hashicorp/google\"]",
      "instances": [
        {
          "schema_version": 0,
          "attributes_flat": {
            "bucket": "b/export-ysjqwvyxc4ti3jmahojq",
            "etag": "CAE=",
            "id": "export-ysjqwvyxc4ti3jmahojq",
            "policy_data": "{\"bindings\":[{\"members\":[\"projectEditor:cal-itp-data-infra\",\"projectOwner:cal-itp-data-infra\"],\"role\":\"roles/storage.legacyBucketOwner\"},{\"members\":[\"projectViewer:cal-itp-data-infra\"],\"role\":\"roles/storage.legacyBucketReader\"}]}"
          },
          "sensitive_attributes": []
        }
      ]
    },
    {
      "mode": "managed",
      "type": "google_storage_bucket_iam_policy",
      "name": "tfer--gtfs-data",
      "provider": "provider[\"registry.terraform.io/hashicorp/google\"]",
      "instances": [
        {
          "schema_version": 0,
          "attributes_flat": {
            "bucket": "b/gtfs-data",
            "etag": "CAk=",
            "id": "gtfs-data",
            "policy_data": "{\"bindings\":[{\"members\":[\"projectEditor:cal-itp-data-infra\",\"projectOwner:cal-itp-data-infra\"],\"role\":\"roles/storage.legacyBucketOwner\"},{\"members\":[\"projectViewer:cal-itp-data-infra\",\"serviceAccount:project-1005246706141@storage-transfer-service.iam.gserviceaccount.com\",\"serviceAccount:project-473674835135@storage-transfer-service.iam.gserviceaccount.com\"],\"role\":\"roles/storage.legacyBucketReader\"},{\"members\":[\"serviceAccount:calitp-py-ci@cal-itp-data-infra.iam.gserviceaccount.com\",\"serviceAccount:project-1005246706141@storage-transfer-service.iam.gserviceaccount.com\",\"serviceAccount:project-473674835135@storage-transfer-service.iam.gserviceaccount.com\"],\"role\":\"roles/storage.objectAdmin\"},{\"members\":[\"serviceAccount:project-1005246706141@storage-transfer-service.iam.gserviceaccount.com\"],\"role\":\"roles/storage.objectViewer\"}]}"
          },
          "sensitive_attributes": []
        }
      ]
    },
    {
      "mode": "managed",
      "type": "google_storage_bucket_iam_policy",
      "name": "tfer--gtfs-data-reports",
      "provider": "provider[\"registry.terraform.io/hashicorp/google\"]",
      "instances": [
        {
          "schema_version": 0,
          "attributes_flat": {
            "bucket": "b/gtfs-data-reports",
            "etag": "CAE=",
            "id": "gtfs-data-reports",
            "policy_data": "{\"bindings\":[{\"members\":[\"projectEditor:cal-itp-data-infra\",\"projectOwner:cal-itp-data-infra\"],\"role\":\"roles/storage.legacyBucketOwner\"},{\"members\":[\"projectViewer:cal-itp-data-infra\"],\"role\":\"roles/storage.legacyBucketReader\"},{\"members\":[\"projectEditor:cal-itp-data-infra\",\"projectOwner:cal-itp-data-infra\"],\"role\":\"roles/storage.legacyObjectOwner\"},{\"members\":[\"projectViewer:cal-itp-data-infra\"],\"role\":\"roles/storage.legacyObjectReader\"}]}"
          },
          "sensitive_attributes": []
        }
      ]
    },
    {
      "mode": "managed",
      "type": "google_storage_bucket_iam_policy",
      "name": "tfer--gtfs-data-test",
      "provider": "provider[\"registry.terraform.io/hashicorp/google\"]",
      "instances": [
        {
          "schema_version": 0,
          "attributes_flat": {
            "bucket": "b/gtfs-data-test",
            "etag": "CAg=",
            "id": "gtfs-data-test",
            "policy_data": "{\"bindings\":[{\"members\":[\"projectEditor:cal-itp-data-infra\",\"projectOwner:cal-itp-data-infra\"],\"role\":\"roles/storage.legacyBucketOwner\"},{\"members\":[\"projectViewer:cal-itp-data-infra\",\"serviceAccount:project-1005246706141@storage-transfer-service.iam.gserviceaccount.com\",\"serviceAccount:project-473674835135@storage-transfer-service.iam.gserviceaccount.com\"],\"role\":\"roles/storage.legacyBucketReader\"},{\"members\":[\"projectEditor:cal-itp-data-infra\",\"projectOwner:cal-itp-data-infra\",\"serviceAccount:calitp-py-ci@cal-itp-data-infra.iam.gserviceaccount.com\"],\"role\":\"roles/storage.legacyObjectOwner\"},{\"members\":[\"projectViewer:cal-itp-data-infra\"],\"role\":\"roles/storage.legacyObjectReader\"},{\"members\":[\"serviceAccount:calitp-py-ci@cal-itp-data-infra.iam.gserviceaccount.com\",\"serviceAccount:gtfs-rt-archiver-test@cal-itp-data-infra.iam.gserviceaccount.com\",\"serviceAccount:local-airflow-dev@cal-itp-data-infra-staging.iam.gserviceaccount.com\",\"serviceAccount:project-1005246706141@storage-transfer-service.iam.gserviceaccount.com\"],\"role\":\"roles/storage.objectAdmin\"},{\"members\":[\"serviceAccount:project-1005246706141@storage-transfer-service.iam.gserviceaccount.com\",\"serviceAccount:project-473674835135@storage-transfer-service.iam.gserviceaccount.com\"],\"role\":\"roles/storage.objectViewer\"}]}"
          },
          "sensitive_attributes": []
        }
      ]
    },
    {
      "mode": "managed",
      "type": "google_storage_bucket_iam_policy",
      "name": "tfer--gtfs-data-test-reports",
      "provider": "provider[\"registry.terraform.io/hashicorp/google\"]",
      "instances": [
        {
          "schema_version": 0,
          "attributes_flat": {
            "bucket": "b/gtfs-data-test-reports",
            "etag": "CAE=",
            "id": "gtfs-data-test-reports",
            "policy_data": "{\"bindings\":[{\"members\":[\"projectEditor:cal-itp-data-infra\",\"projectOwner:cal-itp-data-infra\"],\"role\":\"roles/storage.legacyBucketOwner\"},{\"members\":[\"projectViewer:cal-itp-data-infra\"],\"role\":\"roles/storage.legacyBucketReader\"},{\"members\":[\"projectEditor:cal-itp-data-infra\",\"projectOwner:cal-itp-data-infra\"],\"role\":\"roles/storage.legacyObjectOwner\"},{\"members\":[\"projectViewer:cal-itp-data-infra\"],\"role\":\"roles/storage.legacyObjectReader\"}]}"
          },
          "sensitive_attributes": []
        }
      ]
    },
    {
      "mode": "managed",
      "type": "google_storage_bucket_iam_policy",
      "name": "tfer--gtfs-schedule-backfill-test",
      "provider": "provider[\"registry.terraform.io/hashicorp/google\"]",
      "instances": [
        {
          "schema_version": 0,
          "attributes_flat": {
            "bucket": "b/gtfs-schedule-backfill-test",
            "etag": "CAM=",
            "id": "gtfs-schedule-backfill-test",
            "policy_data": "{\"bindings\":[{\"members\":[\"projectEditor:cal-itp-data-infra\",\"projectOwner:cal-itp-data-infra\"],\"role\":\"roles/storage.legacyBucketOwner\"},{\"members\":[\"projectViewer:cal-itp-data-infra\",\"serviceAccount:project-1005246706141@storage-transfer-service.iam.gserviceaccount.com\"],\"role\":\"roles/storage.legacyBucketReader\"},{\"members\":[\"projectEditor:cal-itp-data-infra\",\"projectOwner:cal-itp-data-infra\"],\"role\":\"roles/storage.legacyObjectOwner\"},{\"members\":[\"projectViewer:cal-itp-data-infra\"],\"role\":\"roles/storage.legacyObjectReader\"},{\"members\":[\"serviceAccount:project-1005246706141@storage-transfer-service.iam.gserviceaccount.com\"],\"role\":\"roles/storage.objectAdmin\"}]}"
          },
          "sensitive_attributes": []
        }
      ]
    },
    {
      "mode": "managed",
      "type": "google_storage_bucket_iam_policy",
      "name": "tfer--gtfs-schedule-backfill-test-deprecated",
      "provider": "provider[\"registry.terraform.io/hashicorp/google\"]",
      "instances": [
        {
          "schema_version": 0,
          "attributes_flat": {
            "bucket": "b/gtfs-schedule-backfill-test-deprecated",
            "etag": "CAI=",
            "id": "gtfs-schedule-backfill-test-deprecated",
            "policy_data": "{\"bindings\":[{\"members\":[\"projectEditor:cal-itp-data-infra\",\"projectOwner:cal-itp-data-infra\"],\"role\":\"roles/storage.legacyBucketOwner\"},{\"members\":[\"projectViewer:cal-itp-data-infra\"],\"role\":\"roles/storage.legacyBucketReader\"},{\"members\":[\"projectEditor:cal-itp-data-infra\",\"projectOwner:cal-itp-data-infra\"],\"role\":\"roles/storage.legacyObjectOwner\"},{\"members\":[\"projectViewer:cal-itp-data-infra\"],\"role\":\"roles/storage.legacyObjectReader\"}]}"
          },
          "sensitive_attributes": []
        }
      ]
    },
    {
      "mode": "managed",
      "type": "google_storage_bucket_iam_policy",
      "name": "tfer--littlepay-data-extract-prod",
      "provider": "provider[\"registry.terraform.io/hashicorp/google\"]",
      "instances": [
        {
          "schema_version": 0,
          "attributes_flat": {
            "bucket": "b/littlepay-data-extract-prod",
            "etag": "CAI=",
            "id": "littlepay-data-extract-prod",
            "policy_data": "{\"bindings\":[{\"members\":[\"projectEditor:cal-itp-data-infra\",\"projectOwner:cal-itp-data-infra\"],\"role\":\"roles/storage.legacyBucketOwner\"},{\"members\":[\"projectViewer:cal-itp-data-infra\",\"serviceAccount:project-1005246706141@storage-transfer-service.iam.gserviceaccount.com\"],\"role\":\"roles/storage.legacyBucketReader\"},{\"members\":[\"projectEditor:cal-itp-data-infra\",\"projectOwner:cal-itp-data-infra\"],\"role\":\"roles/storage.legacyObjectOwner\"},{\"members\":[\"projectViewer:cal-itp-data-infra\"],\"role\":\"roles/storage.legacyObjectReader\"},{\"members\":[\"serviceAccount:project-1005246706141@storage-transfer-service.iam.gserviceaccount.com\"],\"role\":\"roles/storage.objectAdmin\"}]}"
          },
          "sensitive_attributes": []
        }
      ]
    },
    {
      "mode": "managed",
      "type": "google_storage_bucket_iam_policy",
      "name": "tfer--rt-parsed",
      "provider": "provider[\"registry.terraform.io/hashicorp/google\"]",
      "instances": [
        {
          "schema_version": 0,
          "attributes_flat": {
            "bucket": "b/rt-parsed",
            "etag": "CAE=",
            "id": "rt-parsed",
            "policy_data": "{\"bindings\":[{\"members\":[\"projectEditor:cal-itp-data-infra\",\"projectOwner:cal-itp-data-infra\"],\"role\":\"roles/storage.legacyBucketOwner\"},{\"members\":[\"projectViewer:cal-itp-data-infra\"],\"role\":\"roles/storage.legacyBucketReader\"},{\"members\":[\"projectEditor:cal-itp-data-infra\",\"projectOwner:cal-itp-data-infra\"],\"role\":\"roles/storage.legacyObjectOwner\"},{\"members\":[\"projectViewer:cal-itp-data-infra\"],\"role\":\"roles/storage.legacyObjectReader\"}]}"
          },
          "sensitive_attributes": []
        }
      ]
    },
    {
      "mode": "managed",
      "type": "google_storage_bucket_iam_policy",
      "name": "tfer--rt-parsed-deprecated",
      "provider": "provider[\"registry.terraform.io/hashicorp/google\"]",
      "instances": [
        {
          "schema_version": 0,
          "attributes_flat": {
            "bucket": "b/rt-parsed-deprecated",
            "etag": "CAI=",
            "id": "rt-parsed-deprecated",
            "policy_data": "{\"bindings\":[{\"members\":[\"projectEditor:cal-itp-data-infra\",\"projectOwner:cal-itp-data-infra\"],\"role\":\"roles/storage.legacyBucketOwner\"},{\"members\":[\"projectViewer:cal-itp-data-infra\"],\"role\":\"roles/storage.legacyBucketReader\"},{\"members\":[\"projectEditor:cal-itp-data-infra\",\"projectOwner:cal-itp-data-infra\"],\"role\":\"roles/storage.legacyObjectOwner\"},{\"members\":[\"projectViewer:cal-itp-data-infra\"],\"role\":\"roles/storage.legacyObjectReader\"}]}"
          },
          "sensitive_attributes": []
        }
      ]
    },
    {
      "mode": "managed",
      "type": "google_storage_bucket_iam_policy",
      "name": "tfer--staging-002E-cal-itp-data-infra-002E-appspot-002E-com",
      "provider": "provider[\"registry.terraform.io/hashicorp/google\"]",
      "instances": [
        {
          "schema_version": 0,
          "attributes_flat": {
            "bucket": "b/staging.cal-itp-data-infra.appspot.com",
            "etag": "CAE=",
            "id": "staging.cal-itp-data-infra.appspot.com",
            "policy_data": "{\"bindings\":[{\"members\":[\"projectEditor:cal-itp-data-infra\",\"projectOwner:cal-itp-data-infra\"],\"role\":\"roles/storage.legacyBucketOwner\"},{\"members\":[\"projectViewer:cal-itp-data-infra\"],\"role\":\"roles/storage.legacyBucketReader\"}]}"
          },
          "sensitive_attributes": []
        }
      ]
    },
    {
      "mode": "managed",
      "type": "google_storage_bucket_iam_policy",
      "name": "tfer--test-calitp-aggregator-scraper",
      "provider": "provider[\"registry.terraform.io/hashicorp/google\"]",
      "instances": [
        {
          "schema_version": 0,
          "attributes_flat": {
            "bucket": "b/test-calitp-aggregator-scraper",
            "etag": "CAE=",
            "id": "test-calitp-aggregator-scraper",
            "policy_data": "{\"bindings\":[{\"members\":[\"projectEditor:cal-itp-data-infra\",\"projectOwner:cal-itp-data-infra\"],\"role\":\"roles/storage.legacyBucketOwner\"},{\"members\":[\"projectViewer:cal-itp-data-infra\"],\"role\":\"roles/storage.legacyBucketReader\"},{\"members\":[\"projectEditor:cal-itp-data-infra\",\"projectOwner:cal-itp-data-infra\"],\"role\":\"roles/storage.legacyObjectOwner\"},{\"members\":[\"projectViewer:cal-itp-data-infra\"],\"role\":\"roles/storage.legacyObjectReader\"}]}"
          },
          "sensitive_attributes": []
        }
      ]
    },
    {
      "mode": "managed",
      "type": "google_storage_bucket_iam_policy",
      "name": "tfer--test-calitp-airtable",
      "provider": "provider[\"registry.terraform.io/hashicorp/google\"]",
      "instances": [
        {
          "schema_version": 0,
          "attributes_flat": {
            "bucket": "b/test-calitp-airtable",
            "etag": "CAE=",
            "id": "test-calitp-airtable",
            "policy_data": "{\"bindings\":[{\"members\":[\"projectEditor:cal-itp-data-infra\",\"projectOwner:cal-itp-data-infra\"],\"role\":\"roles/storage.legacyBucketOwner\"},{\"members\":[\"projectViewer:cal-itp-data-infra\"],\"role\":\"roles/storage.legacyBucketReader\"},{\"members\":[\"projectEditor:cal-itp-data-infra\",\"projectOwner:cal-itp-data-infra\"],\"role\":\"roles/storage.legacyObjectOwner\"},{\"members\":[\"projectViewer:cal-itp-data-infra\"],\"role\":\"roles/storage.legacyObjectReader\"}]}"
          },
          "sensitive_attributes": []
        }
      ]
    },
    {
      "mode": "managed",
      "type": "google_storage_bucket_iam_policy",
      "name": "tfer--test-calitp-dbt-artifacts",
      "provider": "provider[\"registry.terraform.io/hashicorp/google\"]",
      "instances": [
        {
          "schema_version": 0,
          "attributes_flat": {
            "bucket": "b/test-calitp-dbt-artifacts",
            "etag": "CAE=",
            "id": "test-calitp-dbt-artifacts",
            "policy_data": "{\"bindings\":[{\"members\":[\"projectEditor:cal-itp-data-infra\",\"projectOwner:cal-itp-data-infra\"],\"role\":\"roles/storage.legacyBucketOwner\"},{\"members\":[\"projectViewer:cal-itp-data-infra\"],\"role\":\"roles/storage.legacyBucketReader\"},{\"members\":[\"projectEditor:cal-itp-data-infra\",\"projectOwner:cal-itp-data-infra\"],\"role\":\"roles/storage.legacyObjectOwner\"},{\"members\":[\"projectViewer:cal-itp-data-infra\"],\"role\":\"roles/storage.legacyObjectReader\"}]}"
          },
          "sensitive_attributes": []
        }
      ]
    },
    {
      "mode": "managed",
      "type": "google_storage_bucket_iam_policy",
      "name": "tfer--test-calitp-dbt-python-models",
      "provider": "provider[\"registry.terraform.io/hashicorp/google\"]",
      "instances": [
        {
          "schema_version": 0,
          "attributes_flat": {
            "bucket": "b/test-calitp-dbt-python-models",
            "etag": "CAE=",
            "id": "test-calitp-dbt-python-models",
            "policy_data": "{\"bindings\":[{\"members\":[\"projectEditor:cal-itp-data-infra\",\"projectOwner:cal-itp-data-infra\"],\"role\":\"roles/storage.legacyBucketOwner\"},{\"members\":[\"projectViewer:cal-itp-data-infra\"],\"role\":\"roles/storage.legacyBucketReader\"},{\"members\":[\"projectEditor:cal-itp-data-infra\",\"projectOwner:cal-itp-data-infra\"],\"role\":\"roles/storage.legacyObjectOwner\"},{\"members\":[\"projectViewer:cal-itp-data-infra\"],\"role\":\"roles/storage.legacyObjectReader\"}]}"
          },
          "sensitive_attributes": []
        }
      ]
    },
    {
      "mode": "managed",
      "type": "google_storage_bucket_iam_policy",
      "name": "tfer--test-calitp-elavon",
      "provider": "provider[\"registry.terraform.io/hashicorp/google\"]",
      "instances": [
        {
          "schema_version": 0,
          "attributes_flat": {
            "bucket": "b/test-calitp-elavon",
            "etag": "CAE=",
            "id": "test-calitp-elavon",
            "policy_data": "{\"bindings\":[{\"members\":[\"projectEditor:cal-itp-data-infra\",\"projectOwner:cal-itp-data-infra\"],\"role\":\"roles/storage.legacyBucketOwner\"},{\"members\":[\"projectViewer:cal-itp-data-infra\"],\"role\":\"roles/storage.legacyBucketReader\"},{\"members\":[\"projectEditor:cal-itp-data-infra\",\"projectOwner:cal-itp-data-infra\"],\"role\":\"roles/storage.legacyObjectOwner\"},{\"members\":[\"projectViewer:cal-itp-data-infra\"],\"role\":\"roles/storage.legacyObjectReader\"}]}"
          },
          "sensitive_attributes": []
        }
      ]
    },
    {
      "mode": "managed",
      "type": "google_storage_bucket_iam_policy",
      "name": "tfer--test-calitp-elavon-parsed",
      "provider": "provider[\"registry.terraform.io/hashicorp/google\"]",
      "instances": [
        {
          "schema_version": 0,
          "attributes_flat": {
            "bucket": "b/test-calitp-elavon-parsed",
            "etag": "CAE=",
            "id": "test-calitp-elavon-parsed",
            "policy_data": "{\"bindings\":[{\"members\":[\"projectEditor:cal-itp-data-infra\",\"projectOwner:cal-itp-data-infra\"],\"role\":\"roles/storage.legacyBucketOwner\"},{\"members\":[\"projectViewer:cal-itp-data-infra\"],\"role\":\"roles/storage.legacyBucketReader\"},{\"members\":[\"projectEditor:cal-itp-data-infra\",\"projectOwner:cal-itp-data-infra\"],\"role\":\"roles/storage.legacyObjectOwner\"},{\"members\":[\"projectViewer:cal-itp-data-infra\"],\"role\":\"roles/storage.legacyObjectReader\"}]}"
          },
          "sensitive_attributes": []
        }
      ]
    },
    {
      "mode": "managed",
      "type": "google_storage_bucket_iam_policy",
      "name": "tfer--test-calitp-elavon-raw",
      "provider": "provider[\"registry.terraform.io/hashicorp/google\"]",
      "instances": [
        {
          "schema_version": 0,
          "attributes_flat": {
            "bucket": "b/test-calitp-elavon-raw",
            "etag": "CAE=",
            "id": "test-calitp-elavon-raw",
            "policy_data": "{\"bindings\":[{\"members\":[\"projectEditor:cal-itp-data-infra\",\"projectOwner:cal-itp-data-infra\"],\"role\":\"roles/storage.legacyBucketOwner\"},{\"members\":[\"projectViewer:cal-itp-data-infra\"],\"role\":\"roles/storage.legacyBucketReader\"},{\"members\":[\"projectEditor:cal-itp-data-infra\",\"projectOwner:cal-itp-data-infra\"],\"role\":\"roles/storage.legacyObjectOwner\"},{\"members\":[\"projectViewer:cal-itp-data-infra\"],\"role\":\"roles/storage.legacyObjectReader\"}]}"
          },
          "sensitive_attributes": []
        }
      ]
    },
    {
      "mode": "managed",
      "type": "google_storage_bucket_iam_policy",
      "name": "tfer--test-calitp-gtfs-config",
      "provider": "provider[\"registry.terraform.io/hashicorp/google\"]",
      "instances": [
        {
          "schema_version": 0,
          "attributes_flat": {
            "bucket": "b/test-calitp-gtfs-config",
            "etag": "CAE=",
            "id": "test-calitp-gtfs-config",
            "policy_data": "{\"bindings\":[{\"members\":[\"projectEditor:cal-itp-data-infra\",\"projectOwner:cal-itp-data-infra\"],\"role\":\"roles/storage.legacyBucketOwner\"},{\"members\":[\"projectViewer:cal-itp-data-infra\"],\"role\":\"roles/storage.legacyBucketReader\"},{\"members\":[\"projectEditor:cal-itp-data-infra\",\"projectOwner:cal-itp-data-infra\"],\"role\":\"roles/storage.legacyObjectOwner\"},{\"members\":[\"projectViewer:cal-itp-data-infra\"],\"role\":\"roles/storage.legacyObjectReader\"}]}"
          },
          "sensitive_attributes": []
        }
      ]
    },
    {
      "mode": "managed",
      "type": "google_storage_bucket_iam_policy",
      "name": "tfer--test-calitp-gtfs-download-config",
      "provider": "provider[\"registry.terraform.io/hashicorp/google\"]",
      "instances": [
        {
          "schema_version": 0,
          "attributes_flat": {
            "bucket": "b/test-calitp-gtfs-download-config",
            "etag": "CAI=",
            "id": "test-calitp-gtfs-download-config",
            "policy_data": "{\"bindings\":[{\"members\":[\"projectEditor:cal-itp-data-infra\",\"projectOwner:cal-itp-data-infra\"],\"role\":\"roles/storage.legacyBucketOwner\"},{\"members\":[\"projectViewer:cal-itp-data-infra\"],\"role\":\"roles/storage.legacyBucketReader\"},{\"members\":[\"projectEditor:cal-itp-data-infra\",\"projectOwner:cal-itp-data-infra\"],\"role\":\"roles/storage.legacyObjectOwner\"},{\"members\":[\"projectViewer:cal-itp-data-infra\"],\"role\":\"roles/storage.legacyObjectReader\"},{\"members\":[\"serviceAccount:dev-gtfs-rt-archiver-v3@cal-itp-data-infra.iam.gserviceaccount.com\"],\"role\":\"roles/storage.objectViewer\"}]}"
          },
          "sensitive_attributes": []
        }
      ]
    },
    {
      "mode": "managed",
      "type": "google_storage_bucket_iam_policy",
      "name": "tfer--test-calitp-gtfs-raw",
      "provider": "provider[\"registry.terraform.io/hashicorp/google\"]",
      "instances": [
        {
          "schema_version": 0,
          "attributes_flat": {
            "bucket": "b/test-calitp-gtfs-raw",
            "etag": "CAE=",
            "id": "test-calitp-gtfs-raw",
            "policy_data": "{\"bindings\":[{\"members\":[\"projectEditor:cal-itp-data-infra\",\"projectOwner:cal-itp-data-infra\"],\"role\":\"roles/storage.legacyBucketOwner\"},{\"members\":[\"projectViewer:cal-itp-data-infra\"],\"role\":\"roles/storage.legacyBucketReader\"},{\"members\":[\"projectEditor:cal-itp-data-infra\",\"projectOwner:cal-itp-data-infra\"],\"role\":\"roles/storage.legacyObjectOwner\"},{\"members\":[\"projectViewer:cal-itp-data-infra\"],\"role\":\"roles/storage.legacyObjectReader\"}]}"
          },
          "sensitive_attributes": []
        }
      ]
    },
    {
      "mode": "managed",
      "type": "google_storage_bucket_iam_policy",
      "name": "tfer--test-calitp-gtfs-rt-parsed",
      "provider": "provider[\"registry.terraform.io/hashicorp/google\"]",
      "instances": [
        {
          "schema_version": 0,
          "attributes_flat": {
            "bucket": "b/test-calitp-gtfs-rt-parsed",
            "etag": "CAE=",
            "id": "test-calitp-gtfs-rt-parsed",
            "policy_data": "{\"bindings\":[{\"members\":[\"projectEditor:cal-itp-data-infra\",\"projectOwner:cal-itp-data-infra\"],\"role\":\"roles/storage.legacyBucketOwner\"},{\"members\":[\"projectViewer:cal-itp-data-infra\"],\"role\":\"roles/storage.legacyBucketReader\"},{\"members\":[\"projectEditor:cal-itp-data-infra\",\"projectOwner:cal-itp-data-infra\"],\"role\":\"roles/storage.legacyObjectOwner\"},{\"members\":[\"projectViewer:cal-itp-data-infra\"],\"role\":\"roles/storage.legacyObjectReader\"}]}"
          },
          "sensitive_attributes": []
        }
      ]
    },
    {
      "mode": "managed",
      "type": "google_storage_bucket_iam_policy",
      "name": "tfer--test-calitp-gtfs-rt-raw",
      "provider": "provider[\"registry.terraform.io/hashicorp/google\"]",
      "instances": [
        {
          "schema_version": 0,
          "attributes_flat": {
            "bucket": "b/test-calitp-gtfs-rt-raw",
            "etag": "CAQ=",
            "id": "test-calitp-gtfs-rt-raw",
            "policy_data": "{\"bindings\":[{\"members\":[\"projectEditor:cal-itp-data-infra\",\"projectOwner:cal-itp-data-infra\"],\"role\":\"roles/storage.legacyBucketOwner\"},{\"members\":[\"projectViewer:cal-itp-data-infra\"],\"role\":\"roles/storage.legacyBucketReader\"},{\"members\":[\"projectEditor:cal-itp-data-infra\",\"projectOwner:cal-itp-data-infra\"],\"role\":\"roles/storage.legacyObjectOwner\"},{\"members\":[\"projectViewer:cal-itp-data-infra\"],\"role\":\"roles/storage.legacyObjectReader\"},{\"members\":[\"serviceAccount:gtfs-rt-archiver-test@cal-itp-data-infra.iam.gserviceaccount.com\",\"serviceAccount:gtfs-rt-archiver-v3@cal-itp-data-infra.iam.gserviceaccount.com\"],\"role\":\"roles/storage.objectAdmin\"}]}"
          },
          "sensitive_attributes": []
        }
      ]
    },
    {
      "mode": "managed",
      "type": "google_storage_bucket_iam_policy",
      "name": "tfer--test-calitp-gtfs-rt-raw-v2",
      "provider": "provider[\"registry.terraform.io/hashicorp/google\"]",
      "instances": [
        {
          "schema_version": 0,
          "attributes_flat": {
            "bucket": "b/test-calitp-gtfs-rt-raw-v2",
            "etag": "CAM=",
            "id": "test-calitp-gtfs-rt-raw-v2",
            "policy_data": "{\"bindings\":[{\"members\":[\"projectEditor:cal-itp-data-infra\",\"projectOwner:cal-itp-data-infra\"],\"role\":\"roles/storage.legacyBucketOwner\"},{\"members\":[\"projectViewer:cal-itp-data-infra\"],\"role\":\"roles/storage.legacyBucketReader\"},{\"members\":[\"projectEditor:cal-itp-data-infra\",\"projectOwner:cal-itp-data-infra\"],\"role\":\"roles/storage.legacyObjectOwner\"},{\"members\":[\"projectViewer:cal-itp-data-infra\"],\"role\":\"roles/storage.legacyObjectReader\"},{\"members\":[\"serviceAccount:gtfs-rt-archiver-v3@cal-itp-data-infra.iam.gserviceaccount.com\"],\"role\":\"roles/storage.objectAdmin\"}]}"
          },
          "sensitive_attributes": []
        }
      ]
    },
    {
      "mode": "managed",
      "type": "google_storage_bucket_iam_policy",
      "name": "tfer--test-calitp-gtfs-rt-validation",
      "provider": "provider[\"registry.terraform.io/hashicorp/google\"]",
      "instances": [
        {
          "schema_version": 0,
          "attributes_flat": {
            "bucket": "b/test-calitp-gtfs-rt-validation",
            "etag": "CAE=",
            "id": "test-calitp-gtfs-rt-validation",
            "policy_data": "{\"bindings\":[{\"members\":[\"projectEditor:cal-itp-data-infra\",\"projectOwner:cal-itp-data-infra\"],\"role\":\"roles/storage.legacyBucketOwner\"},{\"members\":[\"projectViewer:cal-itp-data-infra\"],\"role\":\"roles/storage.legacyBucketReader\"},{\"members\":[\"projectEditor:cal-itp-data-infra\",\"projectOwner:cal-itp-data-infra\"],\"role\":\"roles/storage.legacyObjectOwner\"},{\"members\":[\"projectViewer:cal-itp-data-infra\"],\"role\":\"roles/storage.legacyObjectReader\"}]}"
          },
          "sensitive_attributes": []
        }
      ]
    },
    {
      "mode": "managed",
      "type": "google_storage_bucket_iam_policy",
      "name": "tfer--test-calitp-gtfs-schedule-parsed",
      "provider": "provider[\"registry.terraform.io/hashicorp/google\"]",
      "instances": [
        {
          "schema_version": 0,
          "attributes_flat": {
            "bucket": "b/test-calitp-gtfs-schedule-parsed",
            "etag": "CAE=",
            "id": "test-calitp-gtfs-schedule-parsed",
            "policy_data": "{\"bindings\":[{\"members\":[\"projectEditor:cal-itp-data-infra\",\"projectOwner:cal-itp-data-infra\"],\"role\":\"roles/storage.legacyBucketOwner\"},{\"members\":[\"projectViewer:cal-itp-data-infra\"],\"role\":\"roles/storage.legacyBucketReader\"},{\"members\":[\"projectEditor:cal-itp-data-infra\",\"projectOwner:cal-itp-data-infra\"],\"role\":\"roles/storage.legacyObjectOwner\"},{\"members\":[\"projectViewer:cal-itp-data-infra\"],\"role\":\"roles/storage.legacyObjectReader\"}]}"
          },
          "sensitive_attributes": []
        }
      ]
    },
    {
      "mode": "managed",
      "type": "google_storage_bucket_iam_policy",
      "name": "tfer--test-calitp-gtfs-schedule-parsed-hourly",
      "provider": "provider[\"registry.terraform.io/hashicorp/google\"]",
      "instances": [
        {
          "schema_version": 0,
          "attributes_flat": {
            "bucket": "b/test-calitp-gtfs-schedule-parsed-hourly",
            "etag": "CAE=",
            "id": "test-calitp-gtfs-schedule-parsed-hourly",
            "policy_data": "{\"bindings\":[{\"members\":[\"projectEditor:cal-itp-data-infra\",\"projectOwner:cal-itp-data-infra\"],\"role\":\"roles/storage.legacyBucketOwner\"},{\"members\":[\"projectViewer:cal-itp-data-infra\"],\"role\":\"roles/storage.legacyBucketReader\"},{\"members\":[\"projectEditor:cal-itp-data-infra\",\"projectOwner:cal-itp-data-infra\"],\"role\":\"roles/storage.legacyObjectOwner\"},{\"members\":[\"projectViewer:cal-itp-data-infra\"],\"role\":\"roles/storage.legacyObjectReader\"}]}"
          },
          "sensitive_attributes": []
        }
      ]
    },
    {
      "mode": "managed",
      "type": "google_storage_bucket_iam_policy",
      "name": "tfer--test-calitp-gtfs-schedule-processed",
      "provider": "provider[\"registry.terraform.io/hashicorp/google\"]",
      "instances": [
        {
          "schema_version": 0,
          "attributes_flat": {
            "bucket": "b/test-calitp-gtfs-schedule-processed",
            "etag": "CAE=",
            "id": "test-calitp-gtfs-schedule-processed",
            "policy_data": "{\"bindings\":[{\"members\":[\"projectEditor:cal-itp-data-infra\",\"projectOwner:cal-itp-data-infra\"],\"role\":\"roles/storage.legacyBucketOwner\"},{\"members\":[\"projectViewer:cal-itp-data-infra\"],\"role\":\"roles/storage.legacyBucketReader\"},{\"members\":[\"projectEditor:cal-itp-data-infra\",\"projectOwner:cal-itp-data-infra\"],\"role\":\"roles/storage.legacyObjectOwner\"},{\"members\":[\"projectViewer:cal-itp-data-infra\"],\"role\":\"roles/storage.legacyObjectReader\"}]}"
          },
          "sensitive_attributes": []
        }
      ]
    },
    {
      "mode": "managed",
      "type": "google_storage_bucket_iam_policy",
      "name": "tfer--test-calitp-gtfs-schedule-raw",
      "provider": "provider[\"registry.terraform.io/hashicorp/google\"]",
      "instances": [
        {
          "schema_version": 0,
          "attributes_flat": {
            "bucket": "b/test-calitp-gtfs-schedule-raw",
            "etag": "CAI=",
            "id": "test-calitp-gtfs-schedule-raw",
            "policy_data": "{\"bindings\":[{\"members\":[\"projectEditor:cal-itp-data-infra\",\"projectOwner:cal-itp-data-infra\"],\"role\":\"roles/storage.legacyBucketOwner\"},{\"members\":[\"projectViewer:cal-itp-data-infra\"],\"role\":\"roles/storage.legacyBucketReader\"},{\"members\":[\"projectEditor:cal-itp-data-infra\",\"projectOwner:cal-itp-data-infra\"],\"role\":\"roles/storage.legacyObjectOwner\"},{\"members\":[\"projectViewer:cal-itp-data-infra\"],\"role\":\"roles/storage.legacyObjectReader\"}]}"
          },
          "sensitive_attributes": []
        }
      ]
    },
    {
      "mode": "managed",
      "type": "google_storage_bucket_iam_policy",
      "name": "tfer--test-calitp-gtfs-schedule-raw-v2",
      "provider": "provider[\"registry.terraform.io/hashicorp/google\"]",
      "instances": [
        {
          "schema_version": 0,
          "attributes_flat": {
            "bucket": "b/test-calitp-gtfs-schedule-raw-v2",
            "etag": "CAI=",
            "id": "test-calitp-gtfs-schedule-raw-v2",
            "policy_data": "{\"bindings\":[{\"members\":[\"projectEditor:cal-itp-data-infra\",\"projectOwner:cal-itp-data-infra\"],\"role\":\"roles/storage.legacyBucketOwner\"},{\"members\":[\"projectViewer:cal-itp-data-infra\",\"serviceAccount:project-1005246706141@storage-transfer-service.iam.gserviceaccount.com\"],\"role\":\"roles/storage.legacyBucketReader\"},{\"members\":[\"projectEditor:cal-itp-data-infra\",\"projectOwner:cal-itp-data-infra\"],\"role\":\"roles/storage.legacyObjectOwner\"},{\"members\":[\"projectViewer:cal-itp-data-infra\"],\"role\":\"roles/storage.legacyObjectReader\"},{\"members\":[\"serviceAccount:project-1005246706141@storage-transfer-service.iam.gserviceaccount.com\"],\"role\":\"roles/storage.objectViewer\"}]}"
          },
          "sensitive_attributes": []
        }
      ]
    },
    {
      "mode": "managed",
      "type": "google_storage_bucket_iam_policy",
      "name": "tfer--test-calitp-gtfs-schedule-raw-v2-backfill-test",
      "provider": "provider[\"registry.terraform.io/hashicorp/google\"]",
      "instances": [
        {
          "schema_version": 0,
          "attributes_flat": {
            "bucket": "b/test-calitp-gtfs-schedule-raw-v2-backfill-test",
            "etag": "CAE=",
            "id": "test-calitp-gtfs-schedule-raw-v2-backfill-test",
            "policy_data": "{\"bindings\":[{\"members\":[\"projectEditor:cal-itp-data-infra\",\"projectOwner:cal-itp-data-infra\"],\"role\":\"roles/storage.legacyBucketOwner\"},{\"members\":[\"projectViewer:cal-itp-data-infra\"],\"role\":\"roles/storage.legacyBucketReader\"},{\"members\":[\"projectEditor:cal-itp-data-infra\",\"projectOwner:cal-itp-data-infra\"],\"role\":\"roles/storage.legacyObjectOwner\"},{\"members\":[\"projectViewer:cal-itp-data-infra\"],\"role\":\"roles/storage.legacyObjectReader\"}]}"
          },
          "sensitive_attributes": []
        }
      ]
    },
    {
      "mode": "managed",
      "type": "google_storage_bucket_iam_policy",
      "name": "tfer--test-calitp-gtfs-schedule-unzipped",
      "provider": "provider[\"registry.terraform.io/hashicorp/google\"]",
      "instances": [
        {
          "schema_version": 0,
          "attributes_flat": {
            "bucket": "b/test-calitp-gtfs-schedule-unzipped",
            "etag": "CAE=",
            "id": "test-calitp-gtfs-schedule-unzipped",
            "policy_data": "{\"bindings\":[{\"members\":[\"projectEditor:cal-itp-data-infra\",\"projectOwner:cal-itp-data-infra\"],\"role\":\"roles/storage.legacyBucketOwner\"},{\"members\":[\"projectViewer:cal-itp-data-infra\"],\"role\":\"roles/storage.legacyBucketReader\"},{\"members\":[\"projectEditor:cal-itp-data-infra\",\"projectOwner:cal-itp-data-infra\"],\"role\":\"roles/storage.legacyObjectOwner\"},{\"members\":[\"projectViewer:cal-itp-data-infra\"],\"role\":\"roles/storage.legacyObjectReader\"}]}"
          },
          "sensitive_attributes": []
        }
      ]
    },
    {
      "mode": "managed",
      "type": "google_storage_bucket_iam_policy",
      "name": "tfer--test-calitp-gtfs-schedule-unzipped-hourly",
      "provider": "provider[\"registry.terraform.io/hashicorp/google\"]",
      "instances": [
        {
          "schema_version": 0,
          "attributes_flat": {
            "bucket": "b/test-calitp-gtfs-schedule-unzipped-hourly",
            "etag": "CAE=",
            "id": "test-calitp-gtfs-schedule-unzipped-hourly",
            "policy_data": "{\"bindings\":[{\"members\":[\"projectEditor:cal-itp-data-infra\",\"projectOwner:cal-itp-data-infra\"],\"role\":\"roles/storage.legacyBucketOwner\"},{\"members\":[\"projectViewer:cal-itp-data-infra\"],\"role\":\"roles/storage.legacyBucketReader\"},{\"members\":[\"projectEditor:cal-itp-data-infra\",\"projectOwner:cal-itp-data-infra\"],\"role\":\"roles/storage.legacyObjectOwner\"},{\"members\":[\"projectViewer:cal-itp-data-infra\"],\"role\":\"roles/storage.legacyObjectReader\"}]}"
          },
          "sensitive_attributes": []
        }
      ]
    },
    {
      "mode": "managed",
      "type": "google_storage_bucket_iam_policy",
      "name": "tfer--test-calitp-gtfs-schedule-validation",
      "provider": "provider[\"registry.terraform.io/hashicorp/google\"]",
      "instances": [
        {
          "schema_version": 0,
          "attributes_flat": {
            "bucket": "b/test-calitp-gtfs-schedule-validation",
            "etag": "CAE=",
            "id": "test-calitp-gtfs-schedule-validation",
            "policy_data": "{\"bindings\":[{\"members\":[\"projectEditor:cal-itp-data-infra\",\"projectOwner:cal-itp-data-infra\"],\"role\":\"roles/storage.legacyBucketOwner\"},{\"members\":[\"projectViewer:cal-itp-data-infra\"],\"role\":\"roles/storage.legacyBucketReader\"},{\"members\":[\"projectEditor:cal-itp-data-infra\",\"projectOwner:cal-itp-data-infra\"],\"role\":\"roles/storage.legacyObjectOwner\"},{\"members\":[\"projectViewer:cal-itp-data-infra\"],\"role\":\"roles/storage.legacyObjectReader\"}]}"
          },
          "sensitive_attributes": []
        }
      ]
    },
    {
      "mode": "managed",
      "type": "google_storage_bucket_iam_policy",
      "name": "tfer--test-calitp-gtfs-schedule-validation-hourly",
      "provider": "provider[\"registry.terraform.io/hashicorp/google\"]",
      "instances": [
        {
          "schema_version": 0,
          "attributes_flat": {
            "bucket": "b/test-calitp-gtfs-schedule-validation-hourly",
            "etag": "CAE=",
            "id": "test-calitp-gtfs-schedule-validation-hourly",
            "policy_data": "{\"bindings\":[{\"members\":[\"projectEditor:cal-itp-data-infra\",\"projectOwner:cal-itp-data-infra\"],\"role\":\"roles/storage.legacyBucketOwner\"},{\"members\":[\"projectViewer:cal-itp-data-infra\"],\"role\":\"roles/storage.legacyBucketReader\"},{\"members\":[\"projectEditor:cal-itp-data-infra\",\"projectOwner:cal-itp-data-infra\"],\"role\":\"roles/storage.legacyObjectOwner\"},{\"members\":[\"projectViewer:cal-itp-data-infra\"],\"role\":\"roles/storage.legacyObjectReader\"}]}"
          },
          "sensitive_attributes": []
        }
      ]
    },
    {
      "mode": "managed",
      "type": "google_storage_bucket_iam_policy",
      "name": "tfer--test-calitp-ntd-api-products",
      "provider": "provider[\"registry.terraform.io/hashicorp/google\"]",
      "instances": [
        {
          "schema_version": 0,
          "attributes_flat": {
            "bucket": "b/test-calitp-ntd-api-products",
            "etag": "CAE=",
            "id": "test-calitp-ntd-api-products",
            "policy_data": "{\"bindings\":[{\"members\":[\"projectEditor:cal-itp-data-infra\",\"projectOwner:cal-itp-data-infra\"],\"role\":\"roles/storage.legacyBucketOwner\"},{\"members\":[\"projectViewer:cal-itp-data-infra\"],\"role\":\"roles/storage.legacyBucketReader\"},{\"members\":[\"projectEditor:cal-itp-data-infra\",\"projectOwner:cal-itp-data-infra\"],\"role\":\"roles/storage.legacyObjectOwner\"},{\"members\":[\"projectViewer:cal-itp-data-infra\"],\"role\":\"roles/storage.legacyObjectReader\"}]}"
          },
          "sensitive_attributes": []
        }
      ]
    },
    {
      "mode": "managed",
      "type": "google_storage_bucket_iam_policy",
      "name": "tfer--test-calitp-ntd-data-products",
      "provider": "provider[\"registry.terraform.io/hashicorp/google\"]",
      "instances": [
        {
          "schema_version": 0,
          "attributes_flat": {
            "bucket": "b/test-calitp-ntd-data-products",
            "etag": "CAE=",
            "id": "test-calitp-ntd-data-products",
            "policy_data": "{\"bindings\":[{\"members\":[\"projectEditor:cal-itp-data-infra\",\"projectOwner:cal-itp-data-infra\"],\"role\":\"roles/storage.legacyBucketOwner\"},{\"members\":[\"projectViewer:cal-itp-data-infra\"],\"role\":\"roles/storage.legacyBucketReader\"},{\"members\":[\"projectEditor:cal-itp-data-infra\",\"projectOwner:cal-itp-data-infra\"],\"role\":\"roles/storage.legacyObjectOwner\"},{\"members\":[\"projectViewer:cal-itp-data-infra\"],\"role\":\"roles/storage.legacyObjectReader\"}]}"
          },
          "sensitive_attributes": []
        }
      ]
    },
    {
      "mode": "managed",
      "type": "google_storage_bucket_iam_policy",
      "name": "tfer--test-calitp-ntd-report-validation",
      "provider": "provider[\"registry.terraform.io/hashicorp/google\"]",
      "instances": [
        {
          "schema_version": 0,
          "attributes_flat": {
            "bucket": "b/test-calitp-ntd-report-validation",
            "etag": "CAE=",
            "id": "test-calitp-ntd-report-validation",
            "policy_data": "{\"bindings\":[{\"members\":[\"projectEditor:cal-itp-data-infra\",\"projectOwner:cal-itp-data-infra\"],\"role\":\"roles/storage.legacyBucketOwner\"},{\"members\":[\"projectViewer:cal-itp-data-infra\"],\"role\":\"roles/storage.legacyBucketReader\"},{\"members\":[\"projectEditor:cal-itp-data-infra\",\"projectOwner:cal-itp-data-infra\"],\"role\":\"roles/storage.legacyObjectOwner\"},{\"members\":[\"projectViewer:cal-itp-data-infra\"],\"role\":\"roles/storage.legacyObjectReader\"}]}"
          },
          "sensitive_attributes": []
        }
      ]
    },
    {
      "mode": "managed",
      "type": "google_storage_bucket_iam_policy",
      "name": "tfer--test-calitp-ntd-xlsx-products-clean",
      "provider": "provider[\"registry.terraform.io/hashicorp/google\"]",
      "instances": [
        {
          "schema_version": 0,
          "attributes_flat": {
            "bucket": "b/test-calitp-ntd-xlsx-products-clean",
            "etag": "CAE=",
            "id": "test-calitp-ntd-xlsx-products-clean",
            "policy_data": "{\"bindings\":[{\"members\":[\"projectEditor:cal-itp-data-infra\",\"projectOwner:cal-itp-data-infra\"],\"role\":\"roles/storage.legacyBucketOwner\"},{\"members\":[\"projectViewer:cal-itp-data-infra\"],\"role\":\"roles/storage.legacyBucketReader\"},{\"members\":[\"projectEditor:cal-itp-data-infra\",\"projectOwner:cal-itp-data-infra\"],\"role\":\"roles/storage.legacyObjectOwner\"},{\"members\":[\"projectViewer:cal-itp-data-infra\"],\"role\":\"roles/storage.legacyObjectReader\"}]}"
          },
          "sensitive_attributes": []
        }
      ]
    },
    {
      "mode": "managed",
      "type": "google_storage_bucket_iam_policy",
      "name": "tfer--test-calitp-ntd-xlsx-products-raw",
      "provider": "provider[\"registry.terraform.io/hashicorp/google\"]",
      "instances": [
        {
          "schema_version": 0,
          "attributes_flat": {
            "bucket": "b/test-calitp-ntd-xlsx-products-raw",
            "etag": "CAE=",
            "id": "test-calitp-ntd-xlsx-products-raw",
            "policy_data": "{\"bindings\":[{\"members\":[\"projectEditor:cal-itp-data-infra\",\"projectOwner:cal-itp-data-infra\"],\"role\":\"roles/storage.legacyBucketOwner\"},{\"members\":[\"projectViewer:cal-itp-data-infra\"],\"role\":\"roles/storage.legacyBucketReader\"},{\"members\":[\"projectEditor:cal-itp-data-infra\",\"projectOwner:cal-itp-data-infra\"],\"role\":\"roles/storage.legacyObjectOwner\"},{\"members\":[\"projectViewer:cal-itp-data-infra\"],\"role\":\"roles/storage.legacyObjectReader\"}]}"
          },
          "sensitive_attributes": []
        }
      ]
    },
    {
      "mode": "managed",
      "type": "google_storage_bucket_iam_policy",
      "name": "tfer--test-calitp-payments-littlepay-parsed",
      "provider": "provider[\"registry.terraform.io/hashicorp/google\"]",
      "instances": [
        {
          "schema_version": 0,
          "attributes_flat": {
            "bucket": "b/test-calitp-payments-littlepay-parsed",
            "etag": "CAE=",
            "id": "test-calitp-payments-littlepay-parsed",
            "policy_data": "{\"bindings\":[{\"members\":[\"projectEditor:cal-itp-data-infra\",\"projectOwner:cal-itp-data-infra\"],\"role\":\"roles/storage.legacyBucketOwner\"},{\"members\":[\"projectViewer:cal-itp-data-infra\"],\"role\":\"roles/storage.legacyBucketReader\"},{\"members\":[\"projectEditor:cal-itp-data-infra\",\"projectOwner:cal-itp-data-infra\"],\"role\":\"roles/storage.legacyObjectOwner\"},{\"members\":[\"projectViewer:cal-itp-data-infra\"],\"role\":\"roles/storage.legacyObjectReader\"}]}"
          },
          "sensitive_attributes": []
        }
      ]
    },
    {
      "mode": "managed",
      "type": "google_storage_bucket_iam_policy",
      "name": "tfer--test-calitp-payments-littlepay-raw",
      "provider": "provider[\"registry.terraform.io/hashicorp/google\"]",
      "instances": [
        {
          "schema_version": 0,
          "attributes_flat": {
            "bucket": "b/test-calitp-payments-littlepay-raw",
            "etag": "CAE=",
            "id": "test-calitp-payments-littlepay-raw",
            "policy_data": "{\"bindings\":[{\"members\":[\"projectEditor:cal-itp-data-infra\",\"projectOwner:cal-itp-data-infra\"],\"role\":\"roles/storage.legacyBucketOwner\"},{\"members\":[\"projectViewer:cal-itp-data-infra\"],\"role\":\"roles/storage.legacyBucketReader\"},{\"members\":[\"projectEditor:cal-itp-data-infra\",\"projectOwner:cal-itp-data-infra\"],\"role\":\"roles/storage.legacyObjectOwner\"},{\"members\":[\"projectViewer:cal-itp-data-infra\"],\"role\":\"roles/storage.legacyObjectReader\"}]}"
          },
          "sensitive_attributes": []
        }
      ]
    },
    {
      "mode": "managed",
      "type": "google_storage_bucket_iam_policy",
      "name": "tfer--test-calitp-publish",
      "provider": "provider[\"registry.terraform.io/hashicorp/google\"]",
      "instances": [
        {
          "schema_version": 0,
          "attributes_flat": {
            "bucket": "b/test-calitp-publish",
            "etag": "CAE=",
            "id": "test-calitp-publish",
            "policy_data": "{\"bindings\":[{\"members\":[\"projectEditor:cal-itp-data-infra\",\"projectOwner:cal-itp-data-infra\"],\"role\":\"roles/storage.legacyBucketOwner\"},{\"members\":[\"projectViewer:cal-itp-data-infra\"],\"role\":\"roles/storage.legacyBucketReader\"},{\"members\":[\"projectEditor:cal-itp-data-infra\",\"projectOwner:cal-itp-data-infra\"],\"role\":\"roles/storage.legacyObjectOwner\"},{\"members\":[\"projectViewer:cal-itp-data-infra\"],\"role\":\"roles/storage.legacyObjectReader\"}]}"
          },
          "sensitive_attributes": []
        }
      ]
    },
    {
      "mode": "managed",
      "type": "google_storage_bucket_iam_policy",
      "name": "tfer--test-calitp-publish-data-analysis",
      "provider": "provider[\"registry.terraform.io/hashicorp/google\"]",
      "instances": [
        {
          "schema_version": 0,
          "attributes_flat": {
            "bucket": "b/test-calitp-publish-data-analysis",
            "etag": "CAE=",
            "id": "test-calitp-publish-data-analysis",
            "policy_data": "{\"bindings\":[{\"members\":[\"projectEditor:cal-itp-data-infra\",\"projectOwner:cal-itp-data-infra\"],\"role\":\"roles/storage.legacyBucketOwner\"},{\"members\":[\"projectViewer:cal-itp-data-infra\"],\"role\":\"roles/storage.legacyBucketReader\"},{\"members\":[\"projectEditor:cal-itp-data-infra\",\"projectOwner:cal-itp-data-infra\"],\"role\":\"roles/storage.legacyObjectOwner\"},{\"members\":[\"projectViewer:cal-itp-data-infra\"],\"role\":\"roles/storage.legacyObjectReader\"}]}"
          },
          "sensitive_attributes": []
        }
      ]
    },
    {
      "mode": "managed",
      "type": "google_storage_bucket_iam_policy",
      "name": "tfer--test-calitp-reports-data",
      "provider": "provider[\"registry.terraform.io/hashicorp/google\"]",
      "instances": [
        {
          "schema_version": 0,
          "attributes_flat": {
            "bucket": "b/test-calitp-reports-data",
            "etag": "CAI=",
            "id": "test-calitp-reports-data",
            "policy_data": "{\"bindings\":[{\"members\":[\"projectEditor:cal-itp-data-infra\",\"projectOwner:cal-itp-data-infra\"],\"role\":\"roles/storage.legacyBucketOwner\"},{\"members\":[\"projectViewer:cal-itp-data-infra\"],\"role\":\"roles/storage.legacyBucketReader\"},{\"members\":[\"projectEditor:cal-itp-data-infra\",\"projectOwner:cal-itp-data-infra\"],\"role\":\"roles/storage.legacyObjectOwner\"},{\"members\":[\"projectViewer:cal-itp-data-infra\"],\"role\":\"roles/storage.legacyObjectReader\"},{\"members\":[\"serviceAccount:calitp-py-ci@cal-itp-data-infra.iam.gserviceaccount.com\"],\"role\":\"roles/storage.objectAdmin\"}]}"
          },
          "sensitive_attributes": []
        }
      ]
    },
    {
      "mode": "managed",
      "type": "google_storage_bucket_iam_policy",
      "name": "tfer--test-calitp-sentry",
      "provider": "provider[\"registry.terraform.io/hashicorp/google\"]",
      "instances": [
        {
          "schema_version": 0,
          "attributes_flat": {
            "bucket": "b/test-calitp-sentry",
            "etag": "CAE=",
            "id": "test-calitp-sentry",
            "policy_data": "{\"bindings\":[{\"members\":[\"projectEditor:cal-itp-data-infra\",\"projectOwner:cal-itp-data-infra\"],\"role\":\"roles/storage.legacyBucketOwner\"},{\"members\":[\"projectViewer:cal-itp-data-infra\"],\"role\":\"roles/storage.legacyBucketReader\"},{\"members\":[\"projectEditor:cal-itp-data-infra\",\"projectOwner:cal-itp-data-infra\"],\"role\":\"roles/storage.legacyObjectOwner\"},{\"members\":[\"projectViewer:cal-itp-data-infra\"],\"role\":\"roles/storage.legacyObjectReader\"}]}"
          },
          "sensitive_attributes": []
        }
      ]
    },
    {
      "mode": "managed",
      "type": "google_storage_bucket_iam_policy",
      "name": "tfer--test-calitp-state-geoportal-scrape",
      "provider": "provider[\"registry.terraform.io/hashicorp/google\"]",
      "instances": [
        {
          "schema_version": 0,
          "attributes_flat": {
            "bucket": "b/test-calitp-state-geoportal-scrape",
            "etag": "CAE=",
            "id": "test-calitp-state-geoportal-scrape",
            "policy_data": "{\"bindings\":[{\"members\":[\"projectEditor:cal-itp-data-infra\",\"projectOwner:cal-itp-data-infra\"],\"role\":\"roles/storage.legacyBucketOwner\"},{\"members\":[\"projectViewer:cal-itp-data-infra\"],\"role\":\"roles/storage.legacyBucketReader\"},{\"members\":[\"projectEditor:cal-itp-data-infra\",\"projectOwner:cal-itp-data-infra\"],\"role\":\"roles/storage.legacyObjectOwner\"},{\"members\":[\"projectViewer:cal-itp-data-infra\"],\"role\":\"roles/storage.legacyObjectReader\"}]}"
          },
          "sensitive_attributes": []
        }
      ]
    },
    {
      "mode": "managed",
      "type": "google_storage_bucket_iam_policy",
      "name": "tfer--test-rt-parsed",
      "provider": "provider[\"registry.terraform.io/hashicorp/google\"]",
      "instances": [
        {
          "schema_version": 0,
          "attributes_flat": {
            "bucket": "b/test-rt-parsed",
            "etag": "CAE=",
            "id": "test-rt-parsed",
            "policy_data": "{\"bindings\":[{\"members\":[\"projectEditor:cal-itp-data-infra\",\"projectOwner:cal-itp-data-infra\"],\"role\":\"roles/storage.legacyBucketOwner\"},{\"members\":[\"projectViewer:cal-itp-data-infra\"],\"role\":\"roles/storage.legacyBucketReader\"},{\"members\":[\"projectEditor:cal-itp-data-infra\",\"projectOwner:cal-itp-data-infra\"],\"role\":\"roles/storage.legacyObjectOwner\"},{\"members\":[\"projectViewer:cal-itp-data-infra\"],\"role\":\"roles/storage.legacyObjectReader\"}]}"
          },
          "sensitive_attributes": []
        }
      ]
    },
    {
      "mode": "managed",
      "type": "google_storage_bucket_iam_policy",
      "name": "tfer--test-rt-validations",
      "provider": "provider[\"registry.terraform.io/hashicorp/google\"]",
      "instances": [
        {
          "schema_version": 0,
          "attributes_flat": {
            "bucket": "b/test-rt-validations",
            "etag": "CAE=",
            "id": "test-rt-validations",
            "policy_data": "{\"bindings\":[{\"members\":[\"projectEditor:cal-itp-data-infra\",\"projectOwner:cal-itp-data-infra\"],\"role\":\"roles/storage.legacyBucketOwner\"},{\"members\":[\"projectViewer:cal-itp-data-infra\"],\"role\":\"roles/storage.legacyBucketReader\"},{\"members\":[\"projectEditor:cal-itp-data-infra\",\"projectOwner:cal-itp-data-infra\"],\"role\":\"roles/storage.legacyObjectOwner\"},{\"members\":[\"projectViewer:cal-itp-data-infra\"],\"role\":\"roles/storage.legacyObjectReader\"}]}"
          },
          "sensitive_attributes": []
        }
      ]
    },
    {
      "mode": "managed",
      "type": "google_storage_bucket_iam_policy",
      "name": "tfer--us-002E-artifacts-002E-cal-itp-data-infra-002E-appspot-002E-com",
      "provider": "provider[\"registry.terraform.io/hashicorp/google\"]",
      "instances": [
        {
          "schema_version": 0,
          "attributes_flat": {
            "bucket": "b/us.artifacts.cal-itp-data-infra.appspot.com",
            "etag": "CAE=",
            "id": "us.artifacts.cal-itp-data-infra.appspot.com",
            "policy_data": "{\"bindings\":[{\"members\":[\"projectEditor:cal-itp-data-infra\",\"projectOwner:cal-itp-data-infra\"],\"role\":\"roles/storage.legacyBucketOwner\"},{\"members\":[\"projectViewer:cal-itp-data-infra\"],\"role\":\"roles/storage.legacyBucketReader\"}]}"
          },
          "sensitive_attributes": []
        }
      ]
    },
    {
      "mode": "managed",
      "type": "google_storage_bucket_iam_policy",
      "name": "tfer--us-west2-calitp-airflow2-pr-171e4e47-bucket",
      "provider": "provider[\"registry.terraform.io/hashicorp/google\"]",
      "instances": [
        {
          "schema_version": 0,
          "attributes_flat": {
            "bucket": "b/us-west2-calitp-airflow2-pr-171e4e47-bucket",
            "etag": "CBc=",
            "id": "us-west2-calitp-airflow2-pr-171e4e47-bucket",
            "policy_data": "{\"bindings\":[{\"members\":[\"projectEditor:cal-itp-data-infra\",\"projectOwner:cal-itp-data-infra\",\"serviceAccount:1005246706141-compute@developer.gserviceaccount.com\"],\"role\":\"roles/storage.legacyBucketOwner\"},{\"members\":[\"projectViewer:cal-itp-data-infra\"],\"role\":\"roles/storage.legacyBucketReader\"},{\"members\":[\"projectEditor:cal-itp-data-infra\",\"projectOwner:cal-itp-data-infra\"],\"role\":\"roles/storage.legacyObjectOwner\"},{\"members\":[\"projectViewer:cal-itp-data-infra\"],\"role\":\"roles/storage.legacyObjectReader\"}]}"
          },
          "sensitive_attributes": []
        }
      ]
    },
    {
      "mode": "managed",
      "type": "google_storage_bucket_iam_policy",
      "name": "tfer--us-west2-calitp-airflow2-pr-31e41084-bucket",
      "provider": "provider[\"registry.terraform.io/hashicorp/google\"]",
      "instances": [
        {
          "schema_version": 0,
          "attributes_flat": {
            "bucket": "b/us-west2-calitp-airflow2-pr-31e41084-bucket",
            "etag": "CFM=",
            "id": "us-west2-calitp-airflow2-pr-31e41084-bucket",
            "policy_data": "{\"bindings\":[{\"members\":[\"projectEditor:cal-itp-data-infra\",\"projectOwner:cal-itp-data-infra\",\"serviceAccount:composer2-service-account@cal-itp-data-infra.iam.gserviceaccount.com\"],\"role\":\"roles/storage.legacyBucketOwner\"},{\"members\":[\"projectViewer:cal-itp-data-infra\"],\"role\":\"roles/storage.legacyBucketReader\"},{\"members\":[\"projectEditor:cal-itp-data-infra\",\"projectOwner:cal-itp-data-infra\"],\"role\":\"roles/storage.legacyObjectOwner\"},{\"members\":[\"projectViewer:cal-itp-data-infra\"],\"role\":\"roles/storage.legacyObjectReader\"}]}"
          },
          "sensitive_attributes": []
        }
      ]
    },
    {
      "mode": "managed",
      "type": "google_storage_bucket_iam_policy",
      "name": "tfer--us-west2-calitp-airflow2-pr-88ca8ec6-bucket",
      "provider": "provider[\"registry.terraform.io/hashicorp/google\"]",
      "instances": [
        {
          "schema_version": 0,
          "attributes_flat": {
            "bucket": "b/us-west2-calitp-airflow2-pr-88ca8ec6-bucket",
            "etag": "CB4=",
            "id": "us-west2-calitp-airflow2-pr-88ca8ec6-bucket",
            "policy_data": "{\"bindings\":[{\"members\":[\"projectEditor:cal-itp-data-infra\",\"projectOwner:cal-itp-data-infra\",\"serviceAccount:composer2-service-account@cal-itp-data-infra.iam.gserviceaccount.com\"],\"role\":\"roles/storage.legacyBucketOwner\"},{\"members\":[\"projectViewer:cal-itp-data-infra\"],\"role\":\"roles/storage.legacyBucketReader\"},{\"members\":[\"projectEditor:cal-itp-data-infra\",\"projectOwner:cal-itp-data-infra\"],\"role\":\"roles/storage.legacyObjectOwner\"},{\"members\":[\"projectViewer:cal-itp-data-infra\"],\"role\":\"roles/storage.legacyObjectReader\"}]}"
          },
          "sensitive_attributes": []
        }
      ]
    },
    {
      "mode": "managed",
      "type": "google_storage_default_object_acl",
      "name": "tfer--analysis-output-models",
      "provider": "provider[\"registry.terraform.io/hashicorp/google\"]",
      "instances": [
        {
          "schema_version": 0,
          "attributes_flat": {
            "bucket": "analysis-output-models",
            "id": "analysis-output-models",
            "role_entity.#": "0"
          },
          "sensitive_attributes": []
        }
      ]
    },
    {
      "mode": "managed",
      "type": "google_storage_default_object_acl",
      "name": "tfer--artifacts-002E-cal-itp-data-infra-002E-appspot-002E-com",
      "provider": "provider[\"registry.terraform.io/hashicorp/google\"]",
      "instances": [
        {
          "schema_version": 0,
          "attributes_flat": {
            "bucket": "artifacts.cal-itp-data-infra.appspot.com",
            "id": "artifacts.cal-itp-data-infra.appspot.com",
            "role_entity.#": "3",
            "role_entity.0": "OWNER:project-editors-1005246706141",
            "role_entity.1": "OWNER:project-owners-1005246706141",
            "role_entity.2": "READER:project-viewers-1005246706141"
          },
          "sensitive_attributes": []
        }
      ]
    },
    {
      "mode": "managed",
      "type": "google_storage_default_object_acl",
      "name": "tfer--cal-itp-data-infra-002E-appspot-002E-com",
      "provider": "provider[\"registry.terraform.io/hashicorp/google\"]",
      "instances": [
        {
          "schema_version": 0,
          "attributes_flat": {
            "bucket": "cal-itp-data-infra.appspot.com",
            "id": "cal-itp-data-infra.appspot.com",
            "role_entity.#": "3",
            "role_entity.0": "OWNER:project-editors-1005246706141",
            "role_entity.1": "OWNER:project-owners-1005246706141",
            "role_entity.2": "READER:project-viewers-1005246706141"
          },
          "sensitive_attributes": []
        }
      ]
    },
    {
      "mode": "managed",
      "type": "google_storage_default_object_acl",
      "name": "tfer--calitp-aggregator-scraper",
      "provider": "provider[\"registry.terraform.io/hashicorp/google\"]",
      "instances": [
        {
          "schema_version": 0,
          "attributes_flat": {
            "bucket": "calitp-aggregator-scraper",
            "id": "calitp-aggregator-scraper",
            "role_entity.#": "0"
          },
          "sensitive_attributes": []
        }
      ]
    },
    {
      "mode": "managed",
      "type": "google_storage_default_object_acl",
      "name": "tfer--calitp-airtable",
      "provider": "provider[\"registry.terraform.io/hashicorp/google\"]",
      "instances": [
        {
          "schema_version": 0,
          "attributes_flat": {
            "bucket": "calitp-airtable",
            "id": "calitp-airtable",
            "role_entity.#": "0"
          },
          "sensitive_attributes": []
        }
      ]
    },
    {
      "mode": "managed",
      "type": "google_storage_default_object_acl",
      "name": "tfer--calitp-amplitude-benefits-events",
      "provider": "provider[\"registry.terraform.io/hashicorp/google\"]",
      "instances": [
        {
          "schema_version": 0,
          "attributes_flat": {
            "bucket": "calitp-amplitude-benefits-events",
            "id": "calitp-amplitude-benefits-events",
            "role_entity.#": "0"
          },
          "sensitive_attributes": []
        }
      ]
    },
    {
      "mode": "managed",
      "type": "google_storage_default_object_acl",
      "name": "tfer--calitp-analytics-data",
      "provider": "provider[\"registry.terraform.io/hashicorp/google\"]",
      "instances": [
        {
          "schema_version": 0,
          "attributes_flat": {
            "bucket": "calitp-analytics-data",
            "id": "calitp-analytics-data",
            "role_entity.#": "0"
          },
          "sensitive_attributes": []
        }
      ]
    },
    {
      "mode": "managed",
      "type": "google_storage_default_object_acl",
      "name": "tfer--calitp-backups-grafana",
      "provider": "provider[\"registry.terraform.io/hashicorp/google\"]",
      "instances": [
        {
          "schema_version": 0,
          "attributes_flat": {
            "bucket": "calitp-backups-grafana",
            "id": "calitp-backups-grafana",
            "role_entity.#": "0"
          },
          "sensitive_attributes": []
        }
      ]
    },
    {
      "mode": "managed",
      "type": "google_storage_default_object_acl",
      "name": "tfer--calitp-backups-metabase",
      "provider": "provider[\"registry.terraform.io/hashicorp/google\"]",
      "instances": [
        {
          "schema_version": 0,
          "attributes_flat": {
            "bucket": "calitp-backups-metabase",
            "id": "calitp-backups-metabase",
            "role_entity.#": "0"
          },
          "sensitive_attributes": []
        }
      ]
    },
    {
      "mode": "managed",
      "type": "google_storage_default_object_acl",
      "name": "tfer--calitp-backups-sentry",
      "provider": "provider[\"registry.terraform.io/hashicorp/google\"]",
      "instances": [
        {
          "schema_version": 0,
          "attributes_flat": {
            "bucket": "calitp-backups-sentry",
            "id": "calitp-backups-sentry",
            "role_entity.#": "0"
          },
          "sensitive_attributes": []
        }
      ]
    },
    {
      "mode": "managed",
      "type": "google_storage_default_object_acl",
      "name": "tfer--calitp-backups-test",
      "provider": "provider[\"registry.terraform.io/hashicorp/google\"]",
      "instances": [
        {
          "schema_version": 0,
          "attributes_flat": {
            "bucket": "calitp-backups-test",
            "id": "calitp-backups-test",
            "role_entity.#": "0"
          },
          "sensitive_attributes": []
        }
      ]
    },
    {
      "mode": "managed",
      "type": "google_storage_default_object_acl",
      "name": "tfer--calitp-ci-artifacts",
      "provider": "provider[\"registry.terraform.io/hashicorp/google\"]",
      "instances": [
        {
          "schema_version": 0,
          "attributes_flat": {
            "bucket": "calitp-ci-artifacts",
            "id": "calitp-ci-artifacts",
            "role_entity.#": "0"
          },
          "sensitive_attributes": []
        }
      ]
    },
    {
      "mode": "managed",
      "type": "google_storage_default_object_acl",
      "name": "tfer--calitp-dbt-artifacts",
      "provider": "provider[\"registry.terraform.io/hashicorp/google\"]",
      "instances": [
        {
          "schema_version": 0,
          "attributes_flat": {
            "bucket": "calitp-dbt-artifacts",
            "id": "calitp-dbt-artifacts",
            "role_entity.#": "0"
          },
          "sensitive_attributes": []
        }
      ]
    },
    {
      "mode": "managed",
      "type": "google_storage_default_object_acl",
      "name": "tfer--calitp-dbt-python-models",
      "provider": "provider[\"registry.terraform.io/hashicorp/google\"]",
      "instances": [
        {
          "schema_version": 0,
          "attributes_flat": {
            "bucket": "calitp-dbt-python-models",
            "id": "calitp-dbt-python-models",
            "role_entity.#": "0"
          },
          "sensitive_attributes": []
        }
      ]
    },
    {
      "mode": "managed",
      "type": "google_storage_default_object_acl",
      "name": "tfer--calitp-elavon-parsed",
      "provider": "provider[\"registry.terraform.io/hashicorp/google\"]",
      "instances": [
        {
          "schema_version": 0,
          "attributes_flat": {
            "bucket": "calitp-elavon-parsed",
            "id": "calitp-elavon-parsed",
            "role_entity.#": "0"
          },
          "sensitive_attributes": []
        }
      ]
    },
    {
      "mode": "managed",
      "type": "google_storage_default_object_acl",
      "name": "tfer--calitp-elavon-raw",
      "provider": "provider[\"registry.terraform.io/hashicorp/google\"]",
      "instances": [
        {
          "schema_version": 0,
          "attributes_flat": {
            "bucket": "calitp-elavon-raw",
            "id": "calitp-elavon-raw",
            "role_entity.#": "0"
          },
          "sensitive_attributes": []
        }
      ]
    },
    {
      "mode": "managed",
      "type": "google_storage_default_object_acl",
      "name": "tfer--calitp-gtfs-download-config",
      "provider": "provider[\"registry.terraform.io/hashicorp/google\"]",
      "instances": [
        {
          "schema_version": 0,
          "attributes_flat": {
            "bucket": "calitp-gtfs-download-config",
            "id": "calitp-gtfs-download-config",
            "role_entity.#": "0"
          },
          "sensitive_attributes": []
        }
      ]
    },
    {
      "mode": "managed",
      "type": "google_storage_default_object_acl",
      "name": "tfer--calitp-gtfs-rt-parsed",
      "provider": "provider[\"registry.terraform.io/hashicorp/google\"]",
      "instances": [
        {
          "schema_version": 0,
          "attributes_flat": {
            "bucket": "calitp-gtfs-rt-parsed",
            "id": "calitp-gtfs-rt-parsed",
            "role_entity.#": "0"
          },
          "sensitive_attributes": []
        }
      ]
    },
    {
      "mode": "managed",
      "type": "google_storage_default_object_acl",
      "name": "tfer--calitp-gtfs-rt-raw-deprecated",
      "provider": "provider[\"registry.terraform.io/hashicorp/google\"]",
      "instances": [
        {
          "schema_version": 0,
          "attributes_flat": {
            "bucket": "calitp-gtfs-rt-raw-deprecated",
            "id": "calitp-gtfs-rt-raw-deprecated",
            "role_entity.#": "0"
          },
          "sensitive_attributes": []
        }
      ]
    },
    {
      "mode": "managed",
      "type": "google_storage_default_object_acl",
      "name": "tfer--calitp-gtfs-rt-raw-v2",
      "provider": "provider[\"registry.terraform.io/hashicorp/google\"]",
      "instances": [
        {
          "schema_version": 0,
          "attributes_flat": {
            "bucket": "calitp-gtfs-rt-raw-v2",
            "id": "calitp-gtfs-rt-raw-v2",
            "role_entity.#": "0"
          },
          "sensitive_attributes": []
        }
      ]
    },
    {
      "mode": "managed",
      "type": "google_storage_default_object_acl",
      "name": "tfer--calitp-gtfs-rt-validation",
      "provider": "provider[\"registry.terraform.io/hashicorp/google\"]",
      "instances": [
        {
          "schema_version": 0,
          "attributes_flat": {
            "bucket": "calitp-gtfs-rt-validation",
            "id": "calitp-gtfs-rt-validation",
            "role_entity.#": "0"
          },
          "sensitive_attributes": []
        }
      ]
    },
    {
      "mode": "managed",
      "type": "google_storage_default_object_acl",
      "name": "tfer--calitp-gtfs-schedule-parsed",
      "provider": "provider[\"registry.terraform.io/hashicorp/google\"]",
      "instances": [
        {
          "schema_version": 0,
          "attributes_flat": {
            "bucket": "calitp-gtfs-schedule-parsed",
            "id": "calitp-gtfs-schedule-parsed",
            "role_entity.#": "0"
          },
          "sensitive_attributes": []
        }
      ]
    },
    {
      "mode": "managed",
      "type": "google_storage_default_object_acl",
      "name": "tfer--calitp-gtfs-schedule-parsed-hourly",
      "provider": "provider[\"registry.terraform.io/hashicorp/google\"]",
      "instances": [
        {
          "schema_version": 0,
          "attributes_flat": {
            "bucket": "calitp-gtfs-schedule-parsed-hourly",
            "id": "calitp-gtfs-schedule-parsed-hourly",
            "role_entity.#": "0"
          },
          "sensitive_attributes": []
        }
      ]
    },
    {
      "mode": "managed",
      "type": "google_storage_default_object_acl",
      "name": "tfer--calitp-gtfs-schedule-raw-v2",
      "provider": "provider[\"registry.terraform.io/hashicorp/google\"]",
      "instances": [
        {
          "schema_version": 0,
          "attributes_flat": {
            "bucket": "calitp-gtfs-schedule-raw-v2",
            "id": "calitp-gtfs-schedule-raw-v2",
            "role_entity.#": "0"
          },
          "sensitive_attributes": []
        }
      ]
    },
    {
      "mode": "managed",
      "type": "google_storage_default_object_acl",
      "name": "tfer--calitp-gtfs-schedule-unzipped",
      "provider": "provider[\"registry.terraform.io/hashicorp/google\"]",
      "instances": [
        {
          "schema_version": 0,
          "attributes_flat": {
            "bucket": "calitp-gtfs-schedule-unzipped",
            "id": "calitp-gtfs-schedule-unzipped",
            "role_entity.#": "0"
          },
          "sensitive_attributes": []
        }
      ]
    },
    {
      "mode": "managed",
      "type": "google_storage_default_object_acl",
      "name": "tfer--calitp-gtfs-schedule-unzipped-hourly",
      "provider": "provider[\"registry.terraform.io/hashicorp/google\"]",
      "instances": [
        {
          "schema_version": 0,
          "attributes_flat": {
            "bucket": "calitp-gtfs-schedule-unzipped-hourly",
            "id": "calitp-gtfs-schedule-unzipped-hourly",
            "role_entity.#": "0"
          },
          "sensitive_attributes": []
        }
      ]
    },
    {
      "mode": "managed",
      "type": "google_storage_default_object_acl",
      "name": "tfer--calitp-gtfs-schedule-validation",
      "provider": "provider[\"registry.terraform.io/hashicorp/google\"]",
      "instances": [
        {
          "schema_version": 0,
          "attributes_flat": {
            "bucket": "calitp-gtfs-schedule-validation",
            "id": "calitp-gtfs-schedule-validation",
            "role_entity.#": "0"
          },
          "sensitive_attributes": []
        }
      ]
    },
    {
      "mode": "managed",
      "type": "google_storage_default_object_acl",
      "name": "tfer--calitp-gtfs-schedule-validation-hourly",
      "provider": "provider[\"registry.terraform.io/hashicorp/google\"]",
      "instances": [
        {
          "schema_version": 0,
          "attributes_flat": {
            "bucket": "calitp-gtfs-schedule-validation-hourly",
            "id": "calitp-gtfs-schedule-validation-hourly",
            "role_entity.#": "0"
          },
          "sensitive_attributes": []
        }
      ]
    },
    {
      "mode": "managed",
      "type": "google_storage_default_object_acl",
      "name": "tfer--calitp-jamesl-gcp-components-tfstate",
      "provider": "provider[\"registry.terraform.io/hashicorp/google\"]",
      "instances": [
        {
          "schema_version": 0,
          "attributes_flat": {
            "bucket": "calitp-jamesl-gcp-components-tfstate",
            "id": "calitp-jamesl-gcp-components-tfstate",
            "role_entity.#": "0"
          },
          "sensitive_attributes": []
        }
      ]
    },
    {
      "mode": "managed",
      "type": "google_storage_default_object_acl",
      "name": "tfer--calitp-map-tiles",
      "provider": "provider[\"registry.terraform.io/hashicorp/google\"]",
      "instances": [
        {
          "schema_version": 0,
          "attributes_flat": {
            "bucket": "calitp-map-tiles",
            "id": "calitp-map-tiles",
            "role_entity.#": "0"
          },
          "sensitive_attributes": []
        }
      ]
    },
    {
      "mode": "managed",
      "type": "google_storage_default_object_acl",
      "name": "tfer--calitp-metabase-data-public",
      "provider": "provider[\"registry.terraform.io/hashicorp/google\"]",
      "instances": [
        {
          "schema_version": 0,
          "attributes_flat": {
            "bucket": "calitp-metabase-data-public",
            "id": "calitp-metabase-data-public",
            "role_entity.#": "0"
          },
          "sensitive_attributes": []
        }
      ]
    },
    {
      "mode": "managed",
      "type": "google_storage_default_object_acl",
      "name": "tfer--calitp-ntd-api-products",
      "provider": "provider[\"registry.terraform.io/hashicorp/google\"]",
      "instances": [
        {
          "schema_version": 0,
          "attributes_flat": {
            "bucket": "calitp-ntd-api-products",
            "id": "calitp-ntd-api-products",
            "role_entity.#": "0"
          },
          "sensitive_attributes": []
        }
      ]
    },
    {
      "mode": "managed",
      "type": "google_storage_default_object_acl",
      "name": "tfer--calitp-ntd-data-products",
      "provider": "provider[\"registry.terraform.io/hashicorp/google\"]",
      "instances": [
        {
          "schema_version": 0,
          "attributes_flat": {
            "bucket": "calitp-ntd-data-products",
            "id": "calitp-ntd-data-products",
            "role_entity.#": "0"
          },
          "sensitive_attributes": []
        }
      ]
    },
    {
      "mode": "managed",
      "type": "google_storage_default_object_acl",
      "name": "tfer--calitp-ntd-report-validation",
      "provider": "provider[\"registry.terraform.io/hashicorp/google\"]",
      "instances": [
        {
          "schema_version": 0,
          "attributes_flat": {
            "bucket": "calitp-ntd-report-validation",
            "id": "calitp-ntd-report-validation",
            "role_entity.#": "0"
          },
          "sensitive_attributes": []
        }
      ]
    },
    {
      "mode": "managed",
      "type": "google_storage_default_object_acl",
      "name": "tfer--calitp-ntd-xlsx-products-clean",
      "provider": "provider[\"registry.terraform.io/hashicorp/google\"]",
      "instances": [
        {
          "schema_version": 0,
          "attributes_flat": {
            "bucket": "calitp-ntd-xlsx-products-clean",
            "id": "calitp-ntd-xlsx-products-clean",
            "role_entity.#": "0"
          },
          "sensitive_attributes": []
        }
      ]
    },
    {
      "mode": "managed",
      "type": "google_storage_default_object_acl",
      "name": "tfer--calitp-ntd-xlsx-products-raw",
      "provider": "provider[\"registry.terraform.io/hashicorp/google\"]",
      "instances": [
        {
          "schema_version": 0,
          "attributes_flat": {
            "bucket": "calitp-ntd-xlsx-products-raw",
            "id": "calitp-ntd-xlsx-products-raw",
            "role_entity.#": "0"
          },
          "sensitive_attributes": []
        }
      ]
    },
    {
      "mode": "managed",
      "type": "google_storage_default_object_acl",
      "name": "tfer--calitp-payments-littlepay-parsed",
      "provider": "provider[\"registry.terraform.io/hashicorp/google\"]",
      "instances": [
        {
          "schema_version": 0,
          "attributes_flat": {
            "bucket": "calitp-payments-littlepay-parsed",
            "id": "calitp-payments-littlepay-parsed",
            "role_entity.#": "0"
          },
          "sensitive_attributes": []
        }
      ]
    },
    {
      "mode": "managed",
      "type": "google_storage_default_object_acl",
      "name": "tfer--calitp-payments-littlepay-raw",
      "provider": "provider[\"registry.terraform.io/hashicorp/google\"]",
      "instances": [
        {
          "schema_version": 0,
          "attributes_flat": {
            "bucket": "calitp-payments-littlepay-raw",
            "id": "calitp-payments-littlepay-raw",
            "role_entity.#": "0"
          },
          "sensitive_attributes": []
        }
      ]
    },
    {
      "mode": "managed",
      "type": "google_storage_default_object_acl",
      "name": "tfer--calitp-prod-gcp-components-tfstate",
      "provider": "provider[\"registry.terraform.io/hashicorp/google\"]",
      "instances": [
        {
          "schema_version": 0,
          "attributes_flat": {
            "bucket": "calitp-prod-gcp-components-tfstate",
            "id": "calitp-prod-gcp-components-tfstate",
            "role_entity.#": "0"
          },
          "sensitive_attributes": []
        }
      ]
    },
    {
      "mode": "managed",
      "type": "google_storage_default_object_acl",
      "name": "tfer--calitp-publish",
      "provider": "provider[\"registry.terraform.io/hashicorp/google\"]",
      "instances": [
        {
          "schema_version": 0,
          "attributes_flat": {
            "bucket": "calitp-publish",
            "id": "calitp-publish",
            "role_entity.#": "0"
          },
          "sensitive_attributes": []
        }
      ]
    },
    {
      "mode": "managed",
      "type": "google_storage_default_object_acl",
      "name": "tfer--calitp-publish-data-analysis",
      "provider": "provider[\"registry.terraform.io/hashicorp/google\"]",
      "instances": [
        {
          "schema_version": 0,
          "attributes_flat": {
            "bucket": "calitp-publish-data-analysis",
            "id": "calitp-publish-data-analysis",
            "role_entity.#": "0"
          },
          "sensitive_attributes": []
        }
      ]
    },
    {
      "mode": "managed",
      "type": "google_storage_default_object_acl",
      "name": "tfer--calitp-reports-data",
      "provider": "provider[\"registry.terraform.io/hashicorp/google\"]",
      "instances": [
        {
          "schema_version": 0,
          "attributes_flat": {
            "bucket": "calitp-reports-data",
            "id": "calitp-reports-data",
            "role_entity.#": "0"
          },
          "sensitive_attributes": []
        }
      ]
    },
    {
      "mode": "managed",
      "type": "google_storage_default_object_acl",
      "name": "tfer--calitp-state-geoportal-scrape",
      "provider": "provider[\"registry.terraform.io/hashicorp/google\"]",
      "instances": [
        {
          "schema_version": 0,
          "attributes_flat": {
            "bucket": "calitp-state-geoportal-scrape",
            "id": "calitp-state-geoportal-scrape",
            "role_entity.#": "0"
          },
          "sensitive_attributes": []
        }
      ]
    },
    {
      "mode": "managed",
      "type": "google_storage_default_object_acl",
      "name": "tfer--calitp-state-highway-network-stops",
      "provider": "provider[\"registry.terraform.io/hashicorp/google\"]",
      "instances": [
        {
          "schema_version": 0,
          "attributes_flat": {
            "bucket": "calitp-state-highway-network-stops",
            "id": "calitp-state-highway-network-stops",
            "role_entity.#": "0"
          },
          "sensitive_attributes": []
        }
      ]
    },
    {
      "mode": "managed",
      "type": "google_storage_default_object_acl",
      "name": "tfer--cold-storage-outputs-gtfs-data-test",
      "provider": "provider[\"registry.terraform.io/hashicorp/google\"]",
      "instances": [
        {
          "schema_version": 0,
          "attributes_flat": {
            "bucket": "cold-storage-outputs-gtfs-data-test",
            "id": "cold-storage-outputs-gtfs-data-test",
            "role_entity.#": "3",
            "role_entity.0": "OWNER:project-editors-1005246706141",
            "role_entity.1": "OWNER:project-owners-1005246706141",
            "role_entity.2": "READER:project-viewers-1005246706141"
          },
          "sensitive_attributes": []
        }
      ]
    },
    {
      "mode": "managed",
      "type": "google_storage_default_object_acl",
      "name": "tfer--cold-storage-outputs-gtfs-data-test-charlie-test",
      "provider": "provider[\"registry.terraform.io/hashicorp/google\"]",
      "instances": [
        {
          "schema_version": 0,
          "attributes_flat": {
            "bucket": "cold-storage-outputs-gtfs-data-test-charlie-test",
            "id": "cold-storage-outputs-gtfs-data-test-charlie-test",
            "role_entity.#": "3",
            "role_entity.0": "OWNER:project-editors-1005246706141",
            "role_entity.1": "OWNER:project-owners-1005246706141",
            "role_entity.2": "READER:project-viewers-1005246706141"
          },
          "sensitive_attributes": []
        }
      ]
    },
    {
      "mode": "managed",
      "type": "google_storage_default_object_acl",
      "name": "tfer--dataproc-staging-us-west2-1005246706141-sfgmtgyp",
      "provider": "provider[\"registry.terraform.io/hashicorp/google\"]",
      "instances": [
        {
          "schema_version": 0,
          "attributes_flat": {
            "bucket": "dataproc-staging-us-west2-1005246706141-sfgmtgyp",
            "id": "dataproc-staging-us-west2-1005246706141-sfgmtgyp",
            "role_entity.#": "3",
            "role_entity.0": "OWNER:project-editors-1005246706141",
            "role_entity.1": "OWNER:project-owners-1005246706141",
            "role_entity.2": "READER:project-viewers-1005246706141"
          },
          "sensitive_attributes": []
        }
      ]
    },
    {
      "mode": "managed",
      "type": "google_storage_default_object_acl",
      "name": "tfer--dataproc-temp-us-west2-1005246706141-x9mtxbwg",
      "provider": "provider[\"registry.terraform.io/hashicorp/google\"]",
      "instances": [
        {
          "schema_version": 0,
          "attributes_flat": {
            "bucket": "dataproc-temp-us-west2-1005246706141-x9mtxbwg",
            "id": "dataproc-temp-us-west2-1005246706141-x9mtxbwg",
            "role_entity.#": "3",
            "role_entity.0": "OWNER:project-editors-1005246706141",
            "role_entity.1": "OWNER:project-owners-1005246706141",
            "role_entity.2": "READER:project-viewers-1005246706141"
          },
          "sensitive_attributes": []
        }
      ]
    },
    {
      "mode": "managed",
      "type": "google_storage_default_object_acl",
      "name": "tfer--dev-calitp-aggregator-scraper",
      "provider": "provider[\"registry.terraform.io/hashicorp/google\"]",
      "instances": [
        {
          "schema_version": 0,
          "attributes_flat": {
            "bucket": "dev-calitp-aggregator-scraper",
            "id": "dev-calitp-aggregator-scraper",
            "role_entity.#": "0"
          },
          "sensitive_attributes": []
        }
      ]
    },
    {
      "mode": "managed",
      "type": "google_storage_default_object_acl",
      "name": "tfer--dev-calitp-gtfs-rt-raw",
      "provider": "provider[\"registry.terraform.io/hashicorp/google\"]",
      "instances": [
        {
          "schema_version": 0,
          "attributes_flat": {
            "bucket": "dev-calitp-gtfs-rt-raw",
            "id": "dev-calitp-gtfs-rt-raw",
            "role_entity.#": "0"
          },
          "sensitive_attributes": []
        }
      ]
    },
    {
      "mode": "managed",
      "type": "google_storage_default_object_acl",
      "name": "tfer--dev-calitp-test-sandbox",
      "provider": "provider[\"registry.terraform.io/hashicorp/google\"]",
      "instances": [
        {
          "schema_version": 0,
          "attributes_flat": {
            "bucket": "dev-calitp-test-sandbox",
            "id": "dev-calitp-test-sandbox",
            "role_entity.#": "0"
          },
          "sensitive_attributes": []
        }
      ]
    },
    {
      "mode": "managed",
      "type": "google_storage_default_object_acl",
      "name": "tfer--export-ysjqwvyxc4ti3jmahojq",
      "provider": "provider[\"registry.terraform.io/hashicorp/google\"]",
      "instances": [
        {
          "schema_version": 0,
          "attributes_flat": {
            "bucket": "export-ysjqwvyxc4ti3jmahojq",
            "id": "export-ysjqwvyxc4ti3jmahojq",
            "role_entity.#": "3",
            "role_entity.0": "OWNER:project-editors-1005246706141",
            "role_entity.1": "OWNER:project-owners-1005246706141",
            "role_entity.2": "READER:project-viewers-1005246706141"
          },
          "sensitive_attributes": []
        }
      ]
    },
    {
      "mode": "managed",
      "type": "google_storage_default_object_acl",
      "name": "tfer--gtfs-data",
      "provider": "provider[\"registry.terraform.io/hashicorp/google\"]",
      "instances": [
        {
          "schema_version": 0,
          "attributes_flat": {
            "bucket": "gtfs-data",
            "id": "gtfs-data",
            "role_entity.#": "3",
            "role_entity.0": "OWNER:project-editors-1005246706141",
            "role_entity.1": "OWNER:project-owners-1005246706141",
            "role_entity.2": "READER:project-viewers-1005246706141"
          },
          "sensitive_attributes": []
        }
      ]
    },
    {
      "mode": "managed",
      "type": "google_storage_default_object_acl",
      "name": "tfer--gtfs-data-reports",
      "provider": "provider[\"registry.terraform.io/hashicorp/google\"]",
      "instances": [
        {
          "schema_version": 0,
          "attributes_flat": {
            "bucket": "gtfs-data-reports",
            "id": "gtfs-data-reports",
            "role_entity.#": "0"
          },
          "sensitive_attributes": []
        }
      ]
    },
    {
      "mode": "managed",
      "type": "google_storage_default_object_acl",
      "name": "tfer--gtfs-data-test",
      "provider": "provider[\"registry.terraform.io/hashicorp/google\"]",
      "instances": [
        {
          "schema_version": 0,
          "attributes_flat": {
            "bucket": "gtfs-data-test",
            "id": "gtfs-data-test",
            "role_entity.#": "0"
          },
          "sensitive_attributes": []
        }
      ]
    },
    {
      "mode": "managed",
      "type": "google_storage_default_object_acl",
      "name": "tfer--gtfs-data-test-reports",
      "provider": "provider[\"registry.terraform.io/hashicorp/google\"]",
      "instances": [
        {
          "schema_version": 0,
          "attributes_flat": {
            "bucket": "gtfs-data-test-reports",
            "id": "gtfs-data-test-reports",
            "role_entity.#": "0"
          },
          "sensitive_attributes": []
        }
      ]
    },
    {
      "mode": "managed",
      "type": "google_storage_default_object_acl",
      "name": "tfer--gtfs-schedule-backfill-test",
      "provider": "provider[\"registry.terraform.io/hashicorp/google\"]",
      "instances": [
        {
          "schema_version": 0,
          "attributes_flat": {
            "bucket": "gtfs-schedule-backfill-test",
            "id": "gtfs-schedule-backfill-test",
            "role_entity.#": "0"
          },
          "sensitive_attributes": []
        }
      ]
    },
    {
      "mode": "managed",
      "type": "google_storage_default_object_acl",
      "name": "tfer--gtfs-schedule-backfill-test-deprecated",
      "provider": "provider[\"registry.terraform.io/hashicorp/google\"]",
      "instances": [
        {
          "schema_version": 0,
          "attributes_flat": {
            "bucket": "gtfs-schedule-backfill-test-deprecated",
            "id": "gtfs-schedule-backfill-test-deprecated",
            "role_entity.#": "0"
          },
          "sensitive_attributes": []
        }
      ]
    },
    {
      "mode": "managed",
      "type": "google_storage_default_object_acl",
      "name": "tfer--littlepay-data-extract-prod",
      "provider": "provider[\"registry.terraform.io/hashicorp/google\"]",
      "instances": [
        {
          "schema_version": 0,
          "attributes_flat": {
            "bucket": "littlepay-data-extract-prod",
            "id": "littlepay-data-extract-prod",
            "role_entity.#": "0"
          },
          "sensitive_attributes": []
        }
      ]
    },
    {
      "mode": "managed",
      "type": "google_storage_default_object_acl",
      "name": "tfer--rt-parsed",
      "provider": "provider[\"registry.terraform.io/hashicorp/google\"]",
      "instances": [
        {
          "schema_version": 0,
          "attributes_flat": {
            "bucket": "rt-parsed",
            "id": "rt-parsed",
            "role_entity.#": "0"
          },
          "sensitive_attributes": []
        }
      ]
    },
    {
      "mode": "managed",
      "type": "google_storage_default_object_acl",
      "name": "tfer--rt-parsed-deprecated",
      "provider": "provider[\"registry.terraform.io/hashicorp/google\"]",
      "instances": [
        {
          "schema_version": 0,
          "attributes_flat": {
            "bucket": "rt-parsed-deprecated",
            "id": "rt-parsed-deprecated",
            "role_entity.#": "0"
          },
          "sensitive_attributes": []
        }
      ]
    },
    {
      "mode": "managed",
      "type": "google_storage_default_object_acl",
      "name": "tfer--staging-002E-cal-itp-data-infra-002E-appspot-002E-com",
      "provider": "provider[\"registry.terraform.io/hashicorp/google\"]",
      "instances": [
        {
          "schema_version": 0,
          "attributes_flat": {
            "bucket": "staging.cal-itp-data-infra.appspot.com",
            "id": "staging.cal-itp-data-infra.appspot.com",
            "role_entity.#": "3",
            "role_entity.0": "OWNER:project-editors-1005246706141",
            "role_entity.1": "OWNER:project-owners-1005246706141",
            "role_entity.2": "READER:project-viewers-1005246706141"
          },
          "sensitive_attributes": []
        }
      ]
    },
    {
      "mode": "managed",
      "type": "google_storage_default_object_acl",
      "name": "tfer--test-calitp-aggregator-scraper",
      "provider": "provider[\"registry.terraform.io/hashicorp/google\"]",
      "instances": [
        {
          "schema_version": 0,
          "attributes_flat": {
            "bucket": "test-calitp-aggregator-scraper",
            "id": "test-calitp-aggregator-scraper",
            "role_entity.#": "0"
          },
          "sensitive_attributes": []
        }
      ]
    },
    {
      "mode": "managed",
      "type": "google_storage_default_object_acl",
      "name": "tfer--test-calitp-airtable",
      "provider": "provider[\"registry.terraform.io/hashicorp/google\"]",
      "instances": [
        {
          "schema_version": 0,
          "attributes_flat": {
            "bucket": "test-calitp-airtable",
            "id": "test-calitp-airtable",
            "role_entity.#": "0"
          },
          "sensitive_attributes": []
        }
      ]
    },
    {
      "mode": "managed",
      "type": "google_storage_default_object_acl",
      "name": "tfer--test-calitp-dbt-artifacts",
      "provider": "provider[\"registry.terraform.io/hashicorp/google\"]",
      "instances": [
        {
          "schema_version": 0,
          "attributes_flat": {
            "bucket": "test-calitp-dbt-artifacts",
            "id": "test-calitp-dbt-artifacts",
            "role_entity.#": "0"
          },
          "sensitive_attributes": []
        }
      ]
    },
    {
      "mode": "managed",
      "type": "google_storage_default_object_acl",
      "name": "tfer--test-calitp-dbt-python-models",
      "provider": "provider[\"registry.terraform.io/hashicorp/google\"]",
      "instances": [
        {
          "schema_version": 0,
          "attributes_flat": {
            "bucket": "test-calitp-dbt-python-models",
            "id": "test-calitp-dbt-python-models",
            "role_entity.#": "0"
          },
          "sensitive_attributes": []
        }
      ]
    },
    {
      "mode": "managed",
      "type": "google_storage_default_object_acl",
      "name": "tfer--test-calitp-elavon",
      "provider": "provider[\"registry.terraform.io/hashicorp/google\"]",
      "instances": [
        {
          "schema_version": 0,
          "attributes_flat": {
            "bucket": "test-calitp-elavon",
            "id": "test-calitp-elavon",
            "role_entity.#": "0"
          },
          "sensitive_attributes": []
        }
      ]
    },
    {
      "mode": "managed",
      "type": "google_storage_default_object_acl",
      "name": "tfer--test-calitp-elavon-parsed",
      "provider": "provider[\"registry.terraform.io/hashicorp/google\"]",
      "instances": [
        {
          "schema_version": 0,
          "attributes_flat": {
            "bucket": "test-calitp-elavon-parsed",
            "id": "test-calitp-elavon-parsed",
            "role_entity.#": "0"
          },
          "sensitive_attributes": []
        }
      ]
    },
    {
      "mode": "managed",
      "type": "google_storage_default_object_acl",
      "name": "tfer--test-calitp-elavon-raw",
      "provider": "provider[\"registry.terraform.io/hashicorp/google\"]",
      "instances": [
        {
          "schema_version": 0,
          "attributes_flat": {
            "bucket": "test-calitp-elavon-raw",
            "id": "test-calitp-elavon-raw",
            "role_entity.#": "0"
          },
          "sensitive_attributes": []
        }
      ]
    },
    {
      "mode": "managed",
      "type": "google_storage_default_object_acl",
      "name": "tfer--test-calitp-gtfs-config",
      "provider": "provider[\"registry.terraform.io/hashicorp/google\"]",
      "instances": [
        {
          "schema_version": 0,
          "attributes_flat": {
            "bucket": "test-calitp-gtfs-config",
            "id": "test-calitp-gtfs-config",
            "role_entity.#": "0"
          },
          "sensitive_attributes": []
        }
      ]
    },
    {
      "mode": "managed",
      "type": "google_storage_default_object_acl",
      "name": "tfer--test-calitp-gtfs-download-config",
      "provider": "provider[\"registry.terraform.io/hashicorp/google\"]",
      "instances": [
        {
          "schema_version": 0,
          "attributes_flat": {
            "bucket": "test-calitp-gtfs-download-config",
            "id": "test-calitp-gtfs-download-config",
            "role_entity.#": "0"
          },
          "sensitive_attributes": []
        }
      ]
    },
    {
      "mode": "managed",
      "type": "google_storage_default_object_acl",
      "name": "tfer--test-calitp-gtfs-raw",
      "provider": "provider[\"registry.terraform.io/hashicorp/google\"]",
      "instances": [
        {
          "schema_version": 0,
          "attributes_flat": {
            "bucket": "test-calitp-gtfs-raw",
            "id": "test-calitp-gtfs-raw",
            "role_entity.#": "0"
          },
          "sensitive_attributes": []
        }
      ]
    },
    {
      "mode": "managed",
      "type": "google_storage_default_object_acl",
      "name": "tfer--test-calitp-gtfs-rt-parsed",
      "provider": "provider[\"registry.terraform.io/hashicorp/google\"]",
      "instances": [
        {
          "schema_version": 0,
          "attributes_flat": {
            "bucket": "test-calitp-gtfs-rt-parsed",
            "id": "test-calitp-gtfs-rt-parsed",
            "role_entity.#": "0"
          },
          "sensitive_attributes": []
        }
      ]
    },
    {
      "mode": "managed",
      "type": "google_storage_default_object_acl",
      "name": "tfer--test-calitp-gtfs-rt-raw",
      "provider": "provider[\"registry.terraform.io/hashicorp/google\"]",
      "instances": [
        {
          "schema_version": 0,
          "attributes_flat": {
            "bucket": "test-calitp-gtfs-rt-raw",
            "id": "test-calitp-gtfs-rt-raw",
            "role_entity.#": "0"
          },
          "sensitive_attributes": []
        }
      ]
    },
    {
      "mode": "managed",
      "type": "google_storage_default_object_acl",
      "name": "tfer--test-calitp-gtfs-rt-raw-v2",
      "provider": "provider[\"registry.terraform.io/hashicorp/google\"]",
      "instances": [
        {
          "schema_version": 0,
          "attributes_flat": {
            "bucket": "test-calitp-gtfs-rt-raw-v2",
            "id": "test-calitp-gtfs-rt-raw-v2",
            "role_entity.#": "0"
          },
          "sensitive_attributes": []
        }
      ]
    },
    {
      "mode": "managed",
      "type": "google_storage_default_object_acl",
      "name": "tfer--test-calitp-gtfs-rt-validation",
      "provider": "provider[\"registry.terraform.io/hashicorp/google\"]",
      "instances": [
        {
          "schema_version": 0,
          "attributes_flat": {
            "bucket": "test-calitp-gtfs-rt-validation",
            "id": "test-calitp-gtfs-rt-validation",
            "role_entity.#": "0"
          },
          "sensitive_attributes": []
        }
      ]
    },
    {
      "mode": "managed",
      "type": "google_storage_default_object_acl",
      "name": "tfer--test-calitp-gtfs-schedule-parsed",
      "provider": "provider[\"registry.terraform.io/hashicorp/google\"]",
      "instances": [
        {
          "schema_version": 0,
          "attributes_flat": {
            "bucket": "test-calitp-gtfs-schedule-parsed",
            "id": "test-calitp-gtfs-schedule-parsed",
            "role_entity.#": "0"
          },
          "sensitive_attributes": []
        }
      ]
    },
    {
      "mode": "managed",
      "type": "google_storage_default_object_acl",
      "name": "tfer--test-calitp-gtfs-schedule-parsed-hourly",
      "provider": "provider[\"registry.terraform.io/hashicorp/google\"]",
      "instances": [
        {
          "schema_version": 0,
          "attributes_flat": {
            "bucket": "test-calitp-gtfs-schedule-parsed-hourly",
            "id": "test-calitp-gtfs-schedule-parsed-hourly",
            "role_entity.#": "0"
          },
          "sensitive_attributes": []
        }
      ]
    },
    {
      "mode": "managed",
      "type": "google_storage_default_object_acl",
      "name": "tfer--test-calitp-gtfs-schedule-processed",
      "provider": "provider[\"registry.terraform.io/hashicorp/google\"]",
      "instances": [
        {
          "schema_version": 0,
          "attributes_flat": {
            "bucket": "test-calitp-gtfs-schedule-processed",
            "id": "test-calitp-gtfs-schedule-processed",
            "role_entity.#": "0"
          },
          "sensitive_attributes": []
        }
      ]
    },
    {
      "mode": "managed",
      "type": "google_storage_default_object_acl",
      "name": "tfer--test-calitp-gtfs-schedule-raw",
      "provider": "provider[\"registry.terraform.io/hashicorp/google\"]",
      "instances": [
        {
          "schema_version": 0,
          "attributes_flat": {
            "bucket": "test-calitp-gtfs-schedule-raw",
            "id": "test-calitp-gtfs-schedule-raw",
            "role_entity.#": "0"
          },
          "sensitive_attributes": []
        }
      ]
    },
    {
      "mode": "managed",
      "type": "google_storage_default_object_acl",
      "name": "tfer--test-calitp-gtfs-schedule-raw-v2",
      "provider": "provider[\"registry.terraform.io/hashicorp/google\"]",
      "instances": [
        {
          "schema_version": 0,
          "attributes_flat": {
            "bucket": "test-calitp-gtfs-schedule-raw-v2",
            "id": "test-calitp-gtfs-schedule-raw-v2",
            "role_entity.#": "0"
          },
          "sensitive_attributes": []
        }
      ]
    },
    {
      "mode": "managed",
      "type": "google_storage_default_object_acl",
      "name": "tfer--test-calitp-gtfs-schedule-raw-v2-backfill-test",
      "provider": "provider[\"registry.terraform.io/hashicorp/google\"]",
      "instances": [
        {
          "schema_version": 0,
          "attributes_flat": {
            "bucket": "test-calitp-gtfs-schedule-raw-v2-backfill-test",
            "id": "test-calitp-gtfs-schedule-raw-v2-backfill-test",
            "role_entity.#": "0"
          },
          "sensitive_attributes": []
        }
      ]
    },
    {
      "mode": "managed",
      "type": "google_storage_default_object_acl",
      "name": "tfer--test-calitp-gtfs-schedule-unzipped",
      "provider": "provider[\"registry.terraform.io/hashicorp/google\"]",
      "instances": [
        {
          "schema_version": 0,
          "attributes_flat": {
            "bucket": "test-calitp-gtfs-schedule-unzipped",
            "id": "test-calitp-gtfs-schedule-unzipped",
            "role_entity.#": "0"
          },
          "sensitive_attributes": []
        }
      ]
    },
    {
      "mode": "managed",
      "type": "google_storage_default_object_acl",
      "name": "tfer--test-calitp-gtfs-schedule-unzipped-hourly",
      "provider": "provider[\"registry.terraform.io/hashicorp/google\"]",
      "instances": [
        {
          "schema_version": 0,
          "attributes_flat": {
            "bucket": "test-calitp-gtfs-schedule-unzipped-hourly",
            "id": "test-calitp-gtfs-schedule-unzipped-hourly",
            "role_entity.#": "0"
          },
          "sensitive_attributes": []
        }
      ]
    },
    {
      "mode": "managed",
      "type": "google_storage_default_object_acl",
      "name": "tfer--test-calitp-gtfs-schedule-validation",
      "provider": "provider[\"registry.terraform.io/hashicorp/google\"]",
      "instances": [
        {
          "schema_version": 0,
          "attributes_flat": {
            "bucket": "test-calitp-gtfs-schedule-validation",
            "id": "test-calitp-gtfs-schedule-validation",
            "role_entity.#": "0"
          },
          "sensitive_attributes": []
        }
      ]
    },
    {
      "mode": "managed",
      "type": "google_storage_default_object_acl",
      "name": "tfer--test-calitp-gtfs-schedule-validation-hourly",
      "provider": "provider[\"registry.terraform.io/hashicorp/google\"]",
      "instances": [
        {
          "schema_version": 0,
          "attributes_flat": {
            "bucket": "test-calitp-gtfs-schedule-validation-hourly",
            "id": "test-calitp-gtfs-schedule-validation-hourly",
            "role_entity.#": "0"
          },
          "sensitive_attributes": []
        }
      ]
    },
    {
      "mode": "managed",
      "type": "google_storage_default_object_acl",
      "name": "tfer--test-calitp-ntd-api-products",
      "provider": "provider[\"registry.terraform.io/hashicorp/google\"]",
      "instances": [
        {
          "schema_version": 0,
          "attributes_flat": {
            "bucket": "test-calitp-ntd-api-products",
            "id": "test-calitp-ntd-api-products",
            "role_entity.#": "0"
          },
          "sensitive_attributes": []
        }
      ]
    },
    {
      "mode": "managed",
      "type": "google_storage_default_object_acl",
      "name": "tfer--test-calitp-ntd-data-products",
      "provider": "provider[\"registry.terraform.io/hashicorp/google\"]",
      "instances": [
        {
          "schema_version": 0,
          "attributes_flat": {
            "bucket": "test-calitp-ntd-data-products",
            "id": "test-calitp-ntd-data-products",
            "role_entity.#": "0"
          },
          "sensitive_attributes": []
        }
      ]
    },
    {
      "mode": "managed",
      "type": "google_storage_default_object_acl",
      "name": "tfer--test-calitp-ntd-report-validation",
      "provider": "provider[\"registry.terraform.io/hashicorp/google\"]",
      "instances": [
        {
          "schema_version": 0,
          "attributes_flat": {
            "bucket": "test-calitp-ntd-report-validation",
            "id": "test-calitp-ntd-report-validation",
            "role_entity.#": "0"
          },
          "sensitive_attributes": []
        }
      ]
    },
    {
      "mode": "managed",
      "type": "google_storage_default_object_acl",
      "name": "tfer--test-calitp-ntd-xlsx-products-clean",
      "provider": "provider[\"registry.terraform.io/hashicorp/google\"]",
      "instances": [
        {
          "schema_version": 0,
          "attributes_flat": {
            "bucket": "test-calitp-ntd-xlsx-products-clean",
            "id": "test-calitp-ntd-xlsx-products-clean",
            "role_entity.#": "0"
          },
          "sensitive_attributes": []
        }
      ]
    },
    {
      "mode": "managed",
      "type": "google_storage_default_object_acl",
      "name": "tfer--test-calitp-ntd-xlsx-products-raw",
      "provider": "provider[\"registry.terraform.io/hashicorp/google\"]",
      "instances": [
        {
          "schema_version": 0,
          "attributes_flat": {
            "bucket": "test-calitp-ntd-xlsx-products-raw",
            "id": "test-calitp-ntd-xlsx-products-raw",
            "role_entity.#": "0"
          },
          "sensitive_attributes": []
        }
      ]
    },
    {
      "mode": "managed",
      "type": "google_storage_default_object_acl",
      "name": "tfer--test-calitp-payments-littlepay-parsed",
      "provider": "provider[\"registry.terraform.io/hashicorp/google\"]",
      "instances": [
        {
          "schema_version": 0,
          "attributes_flat": {
            "bucket": "test-calitp-payments-littlepay-parsed",
            "id": "test-calitp-payments-littlepay-parsed",
            "role_entity.#": "0"
          },
          "sensitive_attributes": []
        }
      ]
    },
    {
      "mode": "managed",
      "type": "google_storage_default_object_acl",
      "name": "tfer--test-calitp-payments-littlepay-raw",
      "provider": "provider[\"registry.terraform.io/hashicorp/google\"]",
      "instances": [
        {
          "schema_version": 0,
          "attributes_flat": {
            "bucket": "test-calitp-payments-littlepay-raw",
            "id": "test-calitp-payments-littlepay-raw",
            "role_entity.#": "0"
          },
          "sensitive_attributes": []
        }
      ]
    },
    {
      "mode": "managed",
      "type": "google_storage_default_object_acl",
      "name": "tfer--test-calitp-publish",
      "provider": "provider[\"registry.terraform.io/hashicorp/google\"]",
      "instances": [
        {
          "schema_version": 0,
          "attributes_flat": {
            "bucket": "test-calitp-publish",
            "id": "test-calitp-publish",
            "role_entity.#": "0"
          },
          "sensitive_attributes": []
        }
      ]
    },
    {
      "mode": "managed",
      "type": "google_storage_default_object_acl",
      "name": "tfer--test-calitp-publish-data-analysis",
      "provider": "provider[\"registry.terraform.io/hashicorp/google\"]",
      "instances": [
        {
          "schema_version": 0,
          "attributes_flat": {
            "bucket": "test-calitp-publish-data-analysis",
            "id": "test-calitp-publish-data-analysis",
            "role_entity.#": "0"
          },
          "sensitive_attributes": []
        }
      ]
    },
    {
      "mode": "managed",
      "type": "google_storage_default_object_acl",
      "name": "tfer--test-calitp-reports-data",
      "provider": "provider[\"registry.terraform.io/hashicorp/google\"]",
      "instances": [
        {
          "schema_version": 0,
          "attributes_flat": {
            "bucket": "test-calitp-reports-data",
            "id": "test-calitp-reports-data",
            "role_entity.#": "0"
          },
          "sensitive_attributes": []
        }
      ]
    },
    {
      "mode": "managed",
      "type": "google_storage_default_object_acl",
      "name": "tfer--test-calitp-sentry",
      "provider": "provider[\"registry.terraform.io/hashicorp/google\"]",
      "instances": [
        {
          "schema_version": 0,
          "attributes_flat": {
            "bucket": "test-calitp-sentry",
            "id": "test-calitp-sentry",
            "role_entity.#": "0"
          },
          "sensitive_attributes": []
        }
      ]
    },
    {
      "mode": "managed",
      "type": "google_storage_default_object_acl",
      "name": "tfer--test-calitp-state-geoportal-scrape",
      "provider": "provider[\"registry.terraform.io/hashicorp/google\"]",
      "instances": [
        {
          "schema_version": 0,
          "attributes_flat": {
            "bucket": "test-calitp-state-geoportal-scrape",
            "id": "test-calitp-state-geoportal-scrape",
            "role_entity.#": "0"
          },
          "sensitive_attributes": []
        }
      ]
    },
    {
      "mode": "managed",
      "type": "google_storage_default_object_acl",
      "name": "tfer--test-rt-parsed",
      "provider": "provider[\"registry.terraform.io/hashicorp/google\"]",
      "instances": [
        {
          "schema_version": 0,
          "attributes_flat": {
            "bucket": "test-rt-parsed",
            "id": "test-rt-parsed",
            "role_entity.#": "0"
          },
          "sensitive_attributes": []
        }
      ]
    },
    {
      "mode": "managed",
      "type": "google_storage_default_object_acl",
      "name": "tfer--test-rt-validations",
      "provider": "provider[\"registry.terraform.io/hashicorp/google\"]",
      "instances": [
        {
          "schema_version": 0,
          "attributes_flat": {
            "bucket": "test-rt-validations",
            "id": "test-rt-validations",
            "role_entity.#": "0"
          },
          "sensitive_attributes": []
        }
      ]
    },
    {
      "mode": "managed",
      "type": "google_storage_default_object_acl",
      "name": "tfer--us-002E-artifacts-002E-cal-itp-data-infra-002E-appspot-002E-com",
      "provider": "provider[\"registry.terraform.io/hashicorp/google\"]",
      "instances": [
        {
          "schema_version": 0,
          "attributes_flat": {
            "bucket": "us.artifacts.cal-itp-data-infra.appspot.com",
            "id": "us.artifacts.cal-itp-data-infra.appspot.com",
            "role_entity.#": "3",
            "role_entity.0": "OWNER:project-editors-1005246706141",
            "role_entity.1": "OWNER:project-owners-1005246706141",
            "role_entity.2": "READER:project-viewers-1005246706141"
          },
          "sensitive_attributes": []
        }
      ]
    },
    {
      "mode": "managed",
      "type": "google_storage_default_object_acl",
      "name": "tfer--us-west2-calitp-airflow2-pr-171e4e47-bucket",
      "provider": "provider[\"registry.terraform.io/hashicorp/google\"]",
      "instances": [
        {
          "schema_version": 0,
          "attributes_flat": {
            "bucket": "us-west2-calitp-airflow2-pr-171e4e47-bucket",
            "id": "us-west2-calitp-airflow2-pr-171e4e47-bucket",
            "role_entity.#": "3",
            "role_entity.0": "OWNER:project-editors-1005246706141",
            "role_entity.1": "OWNER:project-owners-1005246706141",
            "role_entity.2": "READER:project-viewers-1005246706141"
          },
          "sensitive_attributes": []
        }
      ]
    },
    {
      "mode": "managed",
      "type": "google_storage_default_object_acl",
      "name": "tfer--us-west2-calitp-airflow2-pr-31e41084-bucket",
      "provider": "provider[\"registry.terraform.io/hashicorp/google\"]",
      "instances": [
        {
          "schema_version": 0,
          "attributes_flat": {
            "bucket": "us-west2-calitp-airflow2-pr-31e41084-bucket",
            "id": "us-west2-calitp-airflow2-pr-31e41084-bucket",
            "role_entity.#": "3",
            "role_entity.0": "OWNER:project-editors-1005246706141",
            "role_entity.1": "OWNER:project-owners-1005246706141",
            "role_entity.2": "READER:project-viewers-1005246706141"
          },
          "sensitive_attributes": []
        }
      ]
    },
    {
      "mode": "managed",
      "type": "google_storage_default_object_acl",
      "name": "tfer--us-west2-calitp-airflow2-pr-88ca8ec6-bucket",
      "provider": "provider[\"registry.terraform.io/hashicorp/google\"]",
      "instances": [
        {
          "schema_version": 0,
          "attributes_flat": {
            "bucket": "us-west2-calitp-airflow2-pr-88ca8ec6-bucket",
            "id": "us-west2-calitp-airflow2-pr-88ca8ec6-bucket",
            "role_entity.#": "3",
            "role_entity.0": "OWNER:project-editors-1005246706141",
            "role_entity.1": "OWNER:project-owners-1005246706141",
            "role_entity.2": "READER:project-viewers-1005246706141"
          },
          "sensitive_attributes": []
        }
      ]
    }
  ],
  "check_results": null
}
