{
  "version": 4,
  "terraform_version": "1.10.5",
  "serial": 2,
  "lineage": "71561290-8a73-ba44-2317-a0738c6266e3",
  "outputs": {
    "google_compute_route_tfer--default-route-5698a55f5a20cff3_self_link": {
      "value": "https://www.googleapis.com/compute/v1/projects/cal-itp-data-infra/global/routes/default-route-5698a55f5a20cff3",
      "type": "string"
    }
  },
  "resources": [
    {
      "mode": "managed",
      "type": "google_compute_route",
      "name": "tfer--default-route-5698a55f5a20cff3",
      "provider": "provider[\"registry.terraform.io/hashicorp/google\"]",
      "instances": [
        {
          "schema_version": 0,
          "attributes_flat": {
            "description": "Default route to the Internet.",
            "dest_range": "0.0.0.0/0",
            "id": "default-route-5698a55f5a20cff3",
            "name": "default-route-5698a55f5a20cff3",
            "network": "https://www.googleapis.com/compute/v1/projects/cal-itp-data-infra/global/networks/default",
            "next_hop_gateway": "https://www.googleapis.com/compute/v1/projects/cal-itp-data-infra/global/gateways/default-internet-gateway",
            "next_hop_ilb": "",
            "next_hop_instance": "",
            "next_hop_ip": "",
            "next_hop_network": "",
            "next_hop_vpn_tunnel": "",
            "priority": "1000",
            "project": "cal-itp-data-infra",
            "self_link": "https://www.googleapis.com/compute/v1/projects/cal-itp-data-infra/global/routes/default-route-5698a55f5a20cff3",
            "tags.#": "0"
          },
          "sensitive_attributes": []
        }
      ]
    }
  ],
  "check_results": null
}
