{
  "version": 4,
  "terraform_version": "1.10.5",
  "serial": 2,
  "lineage": "d4d07d9d-0784-d1ae-c4c4-21e03d0560a3",
  "outputs": {
    "google_compute_instance_group_tfer--us-west1-a-002F-gke-data-infra-apps-apps-v2-2729c0c0-grp_self_link": {
      "value": "https://www.googleapis.com/compute/v1/projects/cal-itp-data-infra/zones/us-west1-a/instanceGroups/gke-data-infra-apps-apps-v2-2729c0c0-grp",
      "type": "string"
    },
    "google_compute_instance_group_tfer--us-west1-a-002F-gke-data-infra-apps-gtfsrt-v4-2a13e092-grp_self_link": {
      "value": "https://www.googleapis.com/compute/v1/projects/cal-itp-data-infra/zones/us-west1-a/instanceGroups/gke-data-infra-apps-gtfsrt-v4-2a13e092-grp",
      "type": "string"
    },
    "google_compute_instance_group_tfer--us-west1-a-002F-gke-data-infra-apps-jobs-v1-cd18666b-grp_self_link": {
      "value": "https://www.googleapis.com/compute/v1/projects/cal-itp-data-infra/zones/us-west1-a/instanceGroups/gke-data-infra-apps-jobs-v1-cd18666b-grp",
      "type": "string"
    },
    "google_compute_instance_group_tfer--us-west1-b-002F-gke-data-infra-apps-apps-v2-0dfb61fb-grp_self_link": {
      "value": "https://www.googleapis.com/compute/v1/projects/cal-itp-data-infra/zones/us-west1-b/instanceGroups/gke-data-infra-apps-apps-v2-0dfb61fb-grp",
      "type": "string"
    },
    "google_compute_instance_group_tfer--us-west1-b-002F-gke-data-infra-apps-gtfsrt-v4-b003cc53-grp_self_link": {
      "value": "https://www.googleapis.com/compute/v1/projects/cal-itp-data-infra/zones/us-west1-b/instanceGroups/gke-data-infra-apps-gtfsrt-v4-b003cc53-grp",
      "type": "string"
    },
    "google_compute_instance_group_tfer--us-west1-b-002F-gke-data-infra-apps-jobs-v1-8eec22fb-grp_self_link": {
      "value": "https://www.googleapis.com/compute/v1/projects/cal-itp-data-infra/zones/us-west1-b/instanceGroups/gke-data-infra-apps-jobs-v1-8eec22fb-grp",
      "type": "string"
    },
    "google_compute_instance_group_tfer--us-west1-c-002F-gke-data-infra-apps-apps-v2-24a4cc95-grp_self_link": {
      "value": "https://www.googleapis.com/compute/v1/projects/cal-itp-data-infra/zones/us-west1-c/instanceGroups/gke-data-infra-apps-apps-v2-24a4cc95-grp",
      "type": "string"
    },
    "google_compute_instance_group_tfer--us-west1-c-002F-gke-data-infra-apps-gtfsrt-v4-7577d4d7-grp_self_link": {
      "value": "https://www.googleapis.com/compute/v1/projects/cal-itp-data-infra/zones/us-west1-c/instanceGroups/gke-data-infra-apps-gtfsrt-v4-7577d4d7-grp",
      "type": "string"
    },
    "google_compute_instance_group_tfer--us-west1-c-002F-gke-data-infra-apps-jobs-v1-625ec063-grp_self_link": {
      "value": "https://www.googleapis.com/compute/v1/projects/cal-itp-data-infra/zones/us-west1-c/instanceGroups/gke-data-infra-apps-jobs-v1-625ec063-grp",
      "type": "string"
    }
  },
  "resources": [
    {
      "mode": "managed",
      "type": "google_compute_instance_group",
      "name": "tfer--us-west1-a-002F-gke-data-infra-apps-apps-v2-2729c0c0-grp",
      "provider": "provider[\"registry.terraform.io/hashicorp/google\"]",
      "instances": [
        {
          "schema_version": 2,
          "attributes_flat": {
            "description": "This instance group is controlled by Instance Group Manager 'gke-data-infra-apps-apps-v2-2729c0c0-grp'. To modify instances in this group, use the Instance Group Manager API: https://cloud.google.com/compute/docs/reference/latest/instanceGroupManagers",
            "id": "us-west1-a/gke-data-infra-apps-apps-v2-2729c0c0-grp",
            "instances.#": "1",
            "instances.0": "https://www.googleapis.com/compute/v1/projects/cal-itp-data-infra/zones/us-west1-a/instances/gke-data-infra-apps-apps-v2-2729c0c0-v3px",
            "name": "gke-data-infra-apps-apps-v2-2729c0c0-grp",
            "named_port.#": "0",
            "network": "https://www.googleapis.com/compute/v1/projects/cal-itp-data-infra/global/networks/default",
            "project": "cal-itp-data-infra",
            "self_link": "https://www.googleapis.com/compute/v1/projects/cal-itp-data-infra/zones/us-west1-a/instanceGroups/gke-data-infra-apps-apps-v2-2729c0c0-grp",
            "size": "1",
            "zone": "us-west1-a"
          },
          "sensitive_attributes": []
        }
      ]
    },
    {
      "mode": "managed",
      "type": "google_compute_instance_group",
      "name": "tfer--us-west1-a-002F-gke-data-infra-apps-gtfsrt-v4-2a13e092-grp",
      "provider": "provider[\"registry.terraform.io/hashicorp/google\"]",
      "instances": [
        {
          "schema_version": 2,
          "attributes_flat": {
            "description": "This instance group is controlled by Instance Group Manager 'gke-data-infra-apps-gtfsrt-v4-2a13e092-grp'. To modify instances in this group, use the Instance Group Manager API: https://cloud.google.com/compute/docs/reference/latest/instanceGroupManagers",
            "id": "us-west1-a/gke-data-infra-apps-gtfsrt-v4-2a13e092-grp",
            "instances.#": "2",
            "instances.0": "https://www.googleapis.com/compute/v1/projects/cal-itp-data-infra/zones/us-west1-a/instances/gke-data-infra-apps-gtfsrt-v4-2a13e092-n53e",
            "instances.1": "https://www.googleapis.com/compute/v1/projects/cal-itp-data-infra/zones/us-west1-a/instances/gke-data-infra-apps-gtfsrt-v4-2a13e092-s9i5",
            "name": "gke-data-infra-apps-gtfsrt-v4-2a13e092-grp",
            "named_port.#": "0",
            "network": "https://www.googleapis.com/compute/v1/projects/cal-itp-data-infra/global/networks/default",
            "project": "cal-itp-data-infra",
            "self_link": "https://www.googleapis.com/compute/v1/projects/cal-itp-data-infra/zones/us-west1-a/instanceGroups/gke-data-infra-apps-gtfsrt-v4-2a13e092-grp",
            "size": "2",
            "zone": "us-west1-a"
          },
          "sensitive_attributes": []
        }
      ]
    },
    {
      "mode": "managed",
      "type": "google_compute_instance_group",
      "name": "tfer--us-west1-a-002F-gke-data-infra-apps-jobs-v1-cd18666b-grp",
      "provider": "provider[\"registry.terraform.io/hashicorp/google\"]",
      "instances": [
        {
          "schema_version": 2,
          "attributes_flat": {
            "description": "This instance group is controlled by Instance Group Manager 'gke-data-infra-apps-jobs-v1-cd18666b-grp'. To modify instances in this group, use the Instance Group Manager API: https://cloud.google.com/compute/docs/reference/latest/instanceGroupManagers",
            "id": "us-west1-a/gke-data-infra-apps-jobs-v1-cd18666b-grp",
            "instances.#": "1",
            "instances.0": "https://www.googleapis.com/compute/v1/projects/cal-itp-data-infra/zones/us-west1-a/instances/gke-data-infra-apps-jobs-v1-cd18666b-ygrz",
            "name": "gke-data-infra-apps-jobs-v1-cd18666b-grp",
            "named_port.#": "0",
            "network": "https://www.googleapis.com/compute/v1/projects/cal-itp-data-infra/global/networks/default",
            "project": "cal-itp-data-infra",
            "self_link": "https://www.googleapis.com/compute/v1/projects/cal-itp-data-infra/zones/us-west1-a/instanceGroups/gke-data-infra-apps-jobs-v1-cd18666b-grp",
            "size": "1",
            "zone": "us-west1-a"
          },
          "sensitive_attributes": []
        }
      ]
    },
    {
      "mode": "managed",
      "type": "google_compute_instance_group",
      "name": "tfer--us-west1-b-002F-gke-data-infra-apps-apps-v2-0dfb61fb-grp",
      "provider": "provider[\"registry.terraform.io/hashicorp/google\"]",
      "instances": [
        {
          "schema_version": 2,
          "attributes_flat": {
            "description": "This instance group is controlled by Instance Group Manager 'gke-data-infra-apps-apps-v2-0dfb61fb-grp'. To modify instances in this group, use the Instance Group Manager API: https://cloud.google.com/compute/docs/reference/latest/instanceGroupManagers",
            "id": "us-west1-b/gke-data-infra-apps-apps-v2-0dfb61fb-grp",
            "instances.#": "1",
            "instances.0": "https://www.googleapis.com/compute/v1/projects/cal-itp-data-infra/zones/us-west1-b/instances/gke-data-infra-apps-apps-v2-0dfb61fb-5kvg",
            "name": "gke-data-infra-apps-apps-v2-0dfb61fb-grp",
            "named_port.#": "0",
            "network": "https://www.googleapis.com/compute/v1/projects/cal-itp-data-infra/global/networks/default",
            "project": "cal-itp-data-infra",
            "self_link": "https://www.googleapis.com/compute/v1/projects/cal-itp-data-infra/zones/us-west1-b/instanceGroups/gke-data-infra-apps-apps-v2-0dfb61fb-grp",
            "size": "1",
            "zone": "us-west1-b"
          },
          "sensitive_attributes": []
        }
      ]
    },
    {
      "mode": "managed",
      "type": "google_compute_instance_group",
      "name": "tfer--us-west1-b-002F-gke-data-infra-apps-gtfsrt-v4-b003cc53-grp",
      "provider": "provider[\"registry.terraform.io/hashicorp/google\"]",
      "instances": [
        {
          "schema_version": 2,
          "attributes_flat": {
            "description": "This instance group is controlled by Instance Group Manager 'gke-data-infra-apps-gtfsrt-v4-b003cc53-grp'. To modify instances in this group, use the Instance Group Manager API: https://cloud.google.com/compute/docs/reference/latest/instanceGroupManagers",
            "id": "us-west1-b/gke-data-infra-apps-gtfsrt-v4-b003cc53-grp",
            "instances.#": "1",
            "instances.0": "https://www.googleapis.com/compute/v1/projects/cal-itp-data-infra/zones/us-west1-b/instances/gke-data-infra-apps-gtfsrt-v4-b003cc53-b7vi",
            "name": "gke-data-infra-apps-gtfsrt-v4-b003cc53-grp",
            "named_port.#": "0",
            "network": "https://www.googleapis.com/compute/v1/projects/cal-itp-data-infra/global/networks/default",
            "project": "cal-itp-data-infra",
            "self_link": "https://www.googleapis.com/compute/v1/projects/cal-itp-data-infra/zones/us-west1-b/instanceGroups/gke-data-infra-apps-gtfsrt-v4-b003cc53-grp",
            "size": "1",
            "zone": "us-west1-b"
          },
          "sensitive_attributes": []
        }
      ]
    },
    {
      "mode": "managed",
      "type": "google_compute_instance_group",
      "name": "tfer--us-west1-b-002F-gke-data-infra-apps-jobs-v1-8eec22fb-grp",
      "provider": "provider[\"registry.terraform.io/hashicorp/google\"]",
      "instances": [
        {
          "schema_version": 2,
          "attributes_flat": {
            "description": "This instance group is controlled by Instance Group Manager 'gke-data-infra-apps-jobs-v1-8eec22fb-grp'. To modify instances in this group, use the Instance Group Manager API: https://cloud.google.com/compute/docs/reference/latest/instanceGroupManagers",
            "id": "us-west1-b/gke-data-infra-apps-jobs-v1-8eec22fb-grp",
            "instances.#": "1",
            "instances.0": "https://www.googleapis.com/compute/v1/projects/cal-itp-data-infra/zones/us-west1-b/instances/gke-data-infra-apps-jobs-v1-8eec22fb-aazx",
            "name": "gke-data-infra-apps-jobs-v1-8eec22fb-grp",
            "named_port.#": "0",
            "network": "https://www.googleapis.com/compute/v1/projects/cal-itp-data-infra/global/networks/default",
            "project": "cal-itp-data-infra",
            "self_link": "https://www.googleapis.com/compute/v1/projects/cal-itp-data-infra/zones/us-west1-b/instanceGroups/gke-data-infra-apps-jobs-v1-8eec22fb-grp",
            "size": "1",
            "zone": "us-west1-b"
          },
          "sensitive_attributes": []
        }
      ]
    },
    {
      "mode": "managed",
      "type": "google_compute_instance_group",
      "name": "tfer--us-west1-c-002F-gke-data-infra-apps-apps-v2-24a4cc95-grp",
      "provider": "provider[\"registry.terraform.io/hashicorp/google\"]",
      "instances": [
        {
          "schema_version": 2,
          "attributes_flat": {
            "description": "This instance group is controlled by Instance Group Manager 'gke-data-infra-apps-apps-v2-24a4cc95-grp'. To modify instances in this group, use the Instance Group Manager API: https://cloud.google.com/compute/docs/reference/latest/instanceGroupManagers",
            "id": "us-west1-c/gke-data-infra-apps-apps-v2-24a4cc95-grp",
            "instances.#": "2",
            "instances.0": "https://www.googleapis.com/compute/v1/projects/cal-itp-data-infra/zones/us-west1-c/instances/gke-data-infra-apps-apps-v2-24a4cc95-bdau",
            "instances.1": "https://www.googleapis.com/compute/v1/projects/cal-itp-data-infra/zones/us-west1-c/instances/gke-data-infra-apps-apps-v2-24a4cc95-xdkc",
            "name": "gke-data-infra-apps-apps-v2-24a4cc95-grp",
            "named_port.#": "0",
            "network": "https://www.googleapis.com/compute/v1/projects/cal-itp-data-infra/global/networks/default",
            "project": "cal-itp-data-infra",
            "self_link": "https://www.googleapis.com/compute/v1/projects/cal-itp-data-infra/zones/us-west1-c/instanceGroups/gke-data-infra-apps-apps-v2-24a4cc95-grp",
            "size": "2",
            "zone": "us-west1-c"
          },
          "sensitive_attributes": []
        }
      ]
    },
    {
      "mode": "managed",
      "type": "google_compute_instance_group",
      "name": "tfer--us-west1-c-002F-gke-data-infra-apps-gtfsrt-v4-7577d4d7-grp",
      "provider": "provider[\"registry.terraform.io/hashicorp/google\"]",
      "instances": [
        {
          "schema_version": 2,
          "attributes_flat": {
            "description": "This instance group is controlled by Instance Group Manager 'gke-data-infra-apps-gtfsrt-v4-7577d4d7-grp'. To modify instances in this group, use the Instance Group Manager API: https://cloud.google.com/compute/docs/reference/latest/instanceGroupManagers",
            "id": "us-west1-c/gke-data-infra-apps-gtfsrt-v4-7577d4d7-grp",
            "instances.#": "1",
            "instances.0": "https://www.googleapis.com/compute/v1/projects/cal-itp-data-infra/zones/us-west1-c/instances/gke-data-infra-apps-gtfsrt-v4-7577d4d7-lz65",
            "name": "gke-data-infra-apps-gtfsrt-v4-7577d4d7-grp",
            "named_port.#": "0",
            "network": "https://www.googleapis.com/compute/v1/projects/cal-itp-data-infra/global/networks/default",
            "project": "cal-itp-data-infra",
            "self_link": "https://www.googleapis.com/compute/v1/projects/cal-itp-data-infra/zones/us-west1-c/instanceGroups/gke-data-infra-apps-gtfsrt-v4-7577d4d7-grp",
            "size": "1",
            "zone": "us-west1-c"
          },
          "sensitive_attributes": []
        }
      ]
    },
    {
      "mode": "managed",
      "type": "google_compute_instance_group",
      "name": "tfer--us-west1-c-002F-gke-data-infra-apps-jobs-v1-625ec063-grp",
      "provider": "provider[\"registry.terraform.io/hashicorp/google\"]",
      "instances": [
        {
          "schema_version": 2,
          "attributes_flat": {
            "description": "This instance group is controlled by Instance Group Manager 'gke-data-infra-apps-jobs-v1-625ec063-grp'. To modify instances in this group, use the Instance Group Manager API: https://cloud.google.com/compute/docs/reference/latest/instanceGroupManagers",
            "id": "us-west1-c/gke-data-infra-apps-jobs-v1-625ec063-grp",
            "instances.#": "1",
            "instances.0": "https://www.googleapis.com/compute/v1/projects/cal-itp-data-infra/zones/us-west1-c/instances/gke-data-infra-apps-jobs-v1-625ec063-5q8v",
            "name": "gke-data-infra-apps-jobs-v1-625ec063-grp",
            "named_port.#": "0",
            "network": "https://www.googleapis.com/compute/v1/projects/cal-itp-data-infra/global/networks/default",
            "project": "cal-itp-data-infra",
            "self_link": "https://www.googleapis.com/compute/v1/projects/cal-itp-data-infra/zones/us-west1-c/instanceGroups/gke-data-infra-apps-jobs-v1-625ec063-grp",
            "size": "1",
            "zone": "us-west1-c"
          },
          "sensitive_attributes": []
        }
      ]
    }
  ],
  "check_results": null
}
