{
    "version": 3,
    "terraform_version": "0.12.31",
    "serial": 1,
    "lineage": "32c78a73-bd71-34f2-6297-4e378bdd411a",
    "modules": [
        {
            "path": [
                "root"
            ],
            "outputs": {
                "google_compute_instance_group_tfer--us-west1-a-002F-gke-data-infra-apps-apps-v2-2729c0c0-grp_self_link": {
                    "sensitive": false,
                    "type": "string",
                    "value": "https://www.googleapis.com/compute/v1/projects/cal-itp-data-infra/zones/us-west1-a/instanceGroups/gke-data-infra-apps-apps-v2-2729c0c0-grp"
                },
                "google_compute_instance_group_tfer--us-west1-a-002F-gke-data-infra-apps-gtfsrt-v4-2a13e092-grp_self_link": {
                    "sensitive": false,
                    "type": "string",
                    "value": "https://www.googleapis.com/compute/v1/projects/cal-itp-data-infra/zones/us-west1-a/instanceGroups/gke-data-infra-apps-gtfsrt-v4-2a13e092-grp"
                },
                "google_compute_instance_group_tfer--us-west1-a-002F-gke-data-infra-apps-jobs-v1-cd18666b-grp_self_link": {
                    "sensitive": false,
                    "type": "string",
                    "value": "https://www.googleapis.com/compute/v1/projects/cal-itp-data-infra/zones/us-west1-a/instanceGroups/gke-data-infra-apps-jobs-v1-cd18666b-grp"
                },
                "google_compute_instance_group_tfer--us-west1-a-002F-gke-data-infra-apps-jupyterhub-users-b57e08f4-grp_self_link": {
                    "sensitive": false,
                    "type": "string",
                    "value": "https://www.googleapis.com/compute/v1/projects/cal-itp-data-infra/zones/us-west1-a/instanceGroups/gke-data-infra-apps-jupyterhub-users-b57e08f4-grp"
                },
                "google_compute_instance_group_tfer--us-west1-b-002F-gke-data-infra-apps-apps-v2-0dfb61fb-grp_self_link": {
                    "sensitive": false,
                    "type": "string",
                    "value": "https://www.googleapis.com/compute/v1/projects/cal-itp-data-infra/zones/us-west1-b/instanceGroups/gke-data-infra-apps-apps-v2-0dfb61fb-grp"
                },
                "google_compute_instance_group_tfer--us-west1-b-002F-gke-data-infra-apps-gtfsrt-v4-b003cc53-grp_self_link": {
                    "sensitive": false,
                    "type": "string",
                    "value": "https://www.googleapis.com/compute/v1/projects/cal-itp-data-infra/zones/us-west1-b/instanceGroups/gke-data-infra-apps-gtfsrt-v4-b003cc53-grp"
                },
                "google_compute_instance_group_tfer--us-west1-b-002F-gke-data-infra-apps-jobs-v1-8eec22fb-grp_self_link": {
                    "sensitive": false,
                    "type": "string",
                    "value": "https://www.googleapis.com/compute/v1/projects/cal-itp-data-infra/zones/us-west1-b/instanceGroups/gke-data-infra-apps-jobs-v1-8eec22fb-grp"
                },
                "google_compute_instance_group_tfer--us-west1-b-002F-gke-data-infra-apps-jupyterhub-users-dddc57ff-grp_self_link": {
                    "sensitive": false,
                    "type": "string",
                    "value": "https://www.googleapis.com/compute/v1/projects/cal-itp-data-infra/zones/us-west1-b/instanceGroups/gke-data-infra-apps-jupyterhub-users-dddc57ff-grp"
                },
                "google_compute_instance_group_tfer--us-west1-c-002F-gke-data-infra-apps-apps-v2-24a4cc95-grp_self_link": {
                    "sensitive": false,
                    "type": "string",
                    "value": "https://www.googleapis.com/compute/v1/projects/cal-itp-data-infra/zones/us-west1-c/instanceGroups/gke-data-infra-apps-apps-v2-24a4cc95-grp"
                },
                "google_compute_instance_group_tfer--us-west1-c-002F-gke-data-infra-apps-gtfsrt-v4-7577d4d7-grp_self_link": {
                    "sensitive": false,
                    "type": "string",
                    "value": "https://www.googleapis.com/compute/v1/projects/cal-itp-data-infra/zones/us-west1-c/instanceGroups/gke-data-infra-apps-gtfsrt-v4-7577d4d7-grp"
                },
                "google_compute_instance_group_tfer--us-west1-c-002F-gke-data-infra-apps-jobs-v1-625ec063-grp_self_link": {
                    "sensitive": false,
                    "type": "string",
                    "value": "https://www.googleapis.com/compute/v1/projects/cal-itp-data-infra/zones/us-west1-c/instanceGroups/gke-data-infra-apps-jobs-v1-625ec063-grp"
                },
                "google_compute_instance_group_tfer--us-west1-c-002F-gke-data-infra-apps-jupyterhub-users-6aa76dbb-grp_self_link": {
                    "sensitive": false,
                    "type": "string",
                    "value": "https://www.googleapis.com/compute/v1/projects/cal-itp-data-infra/zones/us-west1-c/instanceGroups/gke-data-infra-apps-jupyterhub-users-6aa76dbb-grp"
                }
            },
            "resources": {
                "google_compute_instance_group.tfer--us-west1-a-002F-gke-data-infra-apps-apps-v2-2729c0c0-grp": {
                    "type": "google_compute_instance_group",
                    "depends_on": [],
                    "primary": {
                        "id": "us-west1-a/gke-data-infra-apps-apps-v2-2729c0c0-grp",
                        "attributes": {
                            "description": "This instance group is controlled by Instance Group Manager 'gke-data-infra-apps-apps-v2-2729c0c0-grp'. To modify instances in this group, use the Instance Group Manager API: https://cloud.google.com/compute/docs/reference/latest/instanceGroupManagers",
                            "id": "us-west1-a/gke-data-infra-apps-apps-v2-2729c0c0-grp",
                            "instances.#": "1",
                            "instances.0": "https://www.googleapis.com/compute/v1/projects/cal-itp-data-infra/zones/us-west1-a/instances/gke-data-infra-apps-apps-v2-2729c0c0-8ms8",
                            "name": "gke-data-infra-apps-apps-v2-2729c0c0-grp",
                            "named_port.#": "0",
                            "network": "https://www.googleapis.com/compute/v1/projects/cal-itp-data-infra/global/networks/default",
                            "project": "cal-itp-data-infra",
                            "self_link": "https://www.googleapis.com/compute/v1/projects/cal-itp-data-infra/zones/us-west1-a/instanceGroups/gke-data-infra-apps-apps-v2-2729c0c0-grp",
                            "size": "1",
                            "zone": "us-west1-a"
                        },
                        "meta": {
                            "schema_version": 2
                        },
                        "tainted": false
                    },
                    "deposed": [],
                    "provider": "provider.google"
                },
                "google_compute_instance_group.tfer--us-west1-a-002F-gke-data-infra-apps-gtfsrt-v4-2a13e092-grp": {
                    "type": "google_compute_instance_group",
                    "depends_on": [],
                    "primary": {
                        "id": "us-west1-a/gke-data-infra-apps-gtfsrt-v4-2a13e092-grp",
                        "attributes": {
                            "description": "This instance group is controlled by Instance Group Manager 'gke-data-infra-apps-gtfsrt-v4-2a13e092-grp'. To modify instances in this group, use the Instance Group Manager API: https://cloud.google.com/compute/docs/reference/latest/instanceGroupManagers",
                            "id": "us-west1-a/gke-data-infra-apps-gtfsrt-v4-2a13e092-grp",
                            "instances.#": "2",
                            "instances.0": "https://www.googleapis.com/compute/v1/projects/cal-itp-data-infra/zones/us-west1-a/instances/gke-data-infra-apps-gtfsrt-v4-2a13e092-k2sh",
                            "instances.1": "https://www.googleapis.com/compute/v1/projects/cal-itp-data-infra/zones/us-west1-a/instances/gke-data-infra-apps-gtfsrt-v4-2a13e092-qr7i",
                            "name": "gke-data-infra-apps-gtfsrt-v4-2a13e092-grp",
                            "named_port.#": "0",
                            "network": "https://www.googleapis.com/compute/v1/projects/cal-itp-data-infra/global/networks/default",
                            "project": "cal-itp-data-infra",
                            "self_link": "https://www.googleapis.com/compute/v1/projects/cal-itp-data-infra/zones/us-west1-a/instanceGroups/gke-data-infra-apps-gtfsrt-v4-2a13e092-grp",
                            "size": "2",
                            "zone": "us-west1-a"
                        },
                        "meta": {
                            "schema_version": 2
                        },
                        "tainted": false
                    },
                    "deposed": [],
                    "provider": "provider.google"
                },
                "google_compute_instance_group.tfer--us-west1-a-002F-gke-data-infra-apps-jobs-v1-cd18666b-grp": {
                    "type": "google_compute_instance_group",
                    "depends_on": [],
                    "primary": {
                        "id": "us-west1-a/gke-data-infra-apps-jobs-v1-cd18666b-grp",
                        "attributes": {
                            "description": "This instance group is controlled by Instance Group Manager 'gke-data-infra-apps-jobs-v1-cd18666b-grp'. To modify instances in this group, use the Instance Group Manager API: https://cloud.google.com/compute/docs/reference/latest/instanceGroupManagers",
                            "id": "us-west1-a/gke-data-infra-apps-jobs-v1-cd18666b-grp",
                            "instances.#": "1",
                            "instances.0": "https://www.googleapis.com/compute/v1/projects/cal-itp-data-infra/zones/us-west1-a/instances/gke-data-infra-apps-jobs-v1-cd18666b-d7vg",
                            "name": "gke-data-infra-apps-jobs-v1-cd18666b-grp",
                            "named_port.#": "0",
                            "network": "https://www.googleapis.com/compute/v1/projects/cal-itp-data-infra/global/networks/default",
                            "project": "cal-itp-data-infra",
                            "self_link": "https://www.googleapis.com/compute/v1/projects/cal-itp-data-infra/zones/us-west1-a/instanceGroups/gke-data-infra-apps-jobs-v1-cd18666b-grp",
                            "size": "1",
                            "zone": "us-west1-a"
                        },
                        "meta": {
                            "schema_version": 2
                        },
                        "tainted": false
                    },
                    "deposed": [],
                    "provider": "provider.google"
                },
                "google_compute_instance_group.tfer--us-west1-a-002F-gke-data-infra-apps-jupyterhub-users-b57e08f4-grp": {
                    "type": "google_compute_instance_group",
                    "depends_on": [],
                    "primary": {
                        "id": "us-west1-a/gke-data-infra-apps-jupyterhub-users-b57e08f4-grp",
                        "attributes": {
                            "description": "This instance group is controlled by Instance Group Manager 'gke-data-infra-apps-jupyterhub-users-b57e08f4-grp'. To modify instances in this group, use the Instance Group Manager API: https://cloud.google.com/compute/docs/reference/latest/instanceGroupManagers",
                            "id": "us-west1-a/gke-data-infra-apps-jupyterhub-users-b57e08f4-grp",
                            "instances.#": "1",
                            "instances.0": "https://www.googleapis.com/compute/v1/projects/cal-itp-data-infra/zones/us-west1-a/instances/gke-data-infra-apps-jupyterhub-users-b57e08f4-ldpn",
                            "name": "gke-data-infra-apps-jupyterhub-users-b57e08f4-grp",
                            "named_port.#": "0",
                            "network": "https://www.googleapis.com/compute/v1/projects/cal-itp-data-infra/global/networks/default",
                            "project": "cal-itp-data-infra",
                            "self_link": "https://www.googleapis.com/compute/v1/projects/cal-itp-data-infra/zones/us-west1-a/instanceGroups/gke-data-infra-apps-jupyterhub-users-b57e08f4-grp",
                            "size": "1",
                            "zone": "us-west1-a"
                        },
                        "meta": {
                            "schema_version": 2
                        },
                        "tainted": false
                    },
                    "deposed": [],
                    "provider": "provider.google"
                },
                "google_compute_instance_group.tfer--us-west1-b-002F-gke-data-infra-apps-apps-v2-0dfb61fb-grp": {
                    "type": "google_compute_instance_group",
                    "depends_on": [],
                    "primary": {
                        "id": "us-west1-b/gke-data-infra-apps-apps-v2-0dfb61fb-grp",
                        "attributes": {
                            "description": "This instance group is controlled by Instance Group Manager 'gke-data-infra-apps-apps-v2-0dfb61fb-grp'. To modify instances in this group, use the Instance Group Manager API: https://cloud.google.com/compute/docs/reference/latest/instanceGroupManagers",
                            "id": "us-west1-b/gke-data-infra-apps-apps-v2-0dfb61fb-grp",
                            "instances.#": "1",
                            "instances.0": "https://www.googleapis.com/compute/v1/projects/cal-itp-data-infra/zones/us-west1-b/instances/gke-data-infra-apps-apps-v2-0dfb61fb-qloc",
                            "name": "gke-data-infra-apps-apps-v2-0dfb61fb-grp",
                            "named_port.#": "0",
                            "network": "https://www.googleapis.com/compute/v1/projects/cal-itp-data-infra/global/networks/default",
                            "project": "cal-itp-data-infra",
                            "self_link": "https://www.googleapis.com/compute/v1/projects/cal-itp-data-infra/zones/us-west1-b/instanceGroups/gke-data-infra-apps-apps-v2-0dfb61fb-grp",
                            "size": "1",
                            "zone": "us-west1-b"
                        },
                        "meta": {
                            "schema_version": 2
                        },
                        "tainted": false
                    },
                    "deposed": [],
                    "provider": "provider.google"
                },
                "google_compute_instance_group.tfer--us-west1-b-002F-gke-data-infra-apps-gtfsrt-v4-b003cc53-grp": {
                    "type": "google_compute_instance_group",
                    "depends_on": [],
                    "primary": {
                        "id": "us-west1-b/gke-data-infra-apps-gtfsrt-v4-b003cc53-grp",
                        "attributes": {
                            "description": "This instance group is controlled by Instance Group Manager 'gke-data-infra-apps-gtfsrt-v4-b003cc53-grp'. To modify instances in this group, use the Instance Group Manager API: https://cloud.google.com/compute/docs/reference/latest/instanceGroupManagers",
                            "id": "us-west1-b/gke-data-infra-apps-gtfsrt-v4-b003cc53-grp",
                            "instances.#": "1",
                            "instances.0": "https://www.googleapis.com/compute/v1/projects/cal-itp-data-infra/zones/us-west1-b/instances/gke-data-infra-apps-gtfsrt-v4-b003cc53-d25a",
                            "name": "gke-data-infra-apps-gtfsrt-v4-b003cc53-grp",
                            "named_port.#": "0",
                            "network": "https://www.googleapis.com/compute/v1/projects/cal-itp-data-infra/global/networks/default",
                            "project": "cal-itp-data-infra",
                            "self_link": "https://www.googleapis.com/compute/v1/projects/cal-itp-data-infra/zones/us-west1-b/instanceGroups/gke-data-infra-apps-gtfsrt-v4-b003cc53-grp",
                            "size": "1",
                            "zone": "us-west1-b"
                        },
                        "meta": {
                            "schema_version": 2
                        },
                        "tainted": false
                    },
                    "deposed": [],
                    "provider": "provider.google"
                },
                "google_compute_instance_group.tfer--us-west1-b-002F-gke-data-infra-apps-jobs-v1-8eec22fb-grp": {
                    "type": "google_compute_instance_group",
                    "depends_on": [],
                    "primary": {
                        "id": "us-west1-b/gke-data-infra-apps-jobs-v1-8eec22fb-grp",
                        "attributes": {
                            "description": "This instance group is controlled by Instance Group Manager 'gke-data-infra-apps-jobs-v1-8eec22fb-grp'. To modify instances in this group, use the Instance Group Manager API: https://cloud.google.com/compute/docs/reference/latest/instanceGroupManagers",
                            "id": "us-west1-b/gke-data-infra-apps-jobs-v1-8eec22fb-grp",
                            "instances.#": "1",
                            "instances.0": "https://www.googleapis.com/compute/v1/projects/cal-itp-data-infra/zones/us-west1-b/instances/gke-data-infra-apps-jobs-v1-8eec22fb-9fgb",
                            "name": "gke-data-infra-apps-jobs-v1-8eec22fb-grp",
                            "named_port.#": "0",
                            "network": "https://www.googleapis.com/compute/v1/projects/cal-itp-data-infra/global/networks/default",
                            "project": "cal-itp-data-infra",
                            "self_link": "https://www.googleapis.com/compute/v1/projects/cal-itp-data-infra/zones/us-west1-b/instanceGroups/gke-data-infra-apps-jobs-v1-8eec22fb-grp",
                            "size": "1",
                            "zone": "us-west1-b"
                        },
                        "meta": {
                            "schema_version": 2
                        },
                        "tainted": false
                    },
                    "deposed": [],
                    "provider": "provider.google"
                },
                "google_compute_instance_group.tfer--us-west1-b-002F-gke-data-infra-apps-jupyterhub-users-dddc57ff-grp": {
                    "type": "google_compute_instance_group",
                    "depends_on": [],
                    "primary": {
                        "id": "us-west1-b/gke-data-infra-apps-jupyterhub-users-dddc57ff-grp",
                        "attributes": {
                            "description": "This instance group is controlled by Instance Group Manager 'gke-data-infra-apps-jupyterhub-users-dddc57ff-grp'. To modify instances in this group, use the Instance Group Manager API: https://cloud.google.com/compute/docs/reference/latest/instanceGroupManagers",
                            "id": "us-west1-b/gke-data-infra-apps-jupyterhub-users-dddc57ff-grp",
                            "instances.#": "2",
                            "instances.0": "https://www.googleapis.com/compute/v1/projects/cal-itp-data-infra/zones/us-west1-b/instances/gke-data-infra-apps-jupyterhub-users-dddc57ff-2iq0",
                            "instances.1": "https://www.googleapis.com/compute/v1/projects/cal-itp-data-infra/zones/us-west1-b/instances/gke-data-infra-apps-jupyterhub-users-dddc57ff-rb5c",
                            "name": "gke-data-infra-apps-jupyterhub-users-dddc57ff-grp",
                            "named_port.#": "0",
                            "network": "https://www.googleapis.com/compute/v1/projects/cal-itp-data-infra/global/networks/default",
                            "project": "cal-itp-data-infra",
                            "self_link": "https://www.googleapis.com/compute/v1/projects/cal-itp-data-infra/zones/us-west1-b/instanceGroups/gke-data-infra-apps-jupyterhub-users-dddc57ff-grp",
                            "size": "2",
                            "zone": "us-west1-b"
                        },
                        "meta": {
                            "schema_version": 2
                        },
                        "tainted": false
                    },
                    "deposed": [],
                    "provider": "provider.google"
                },
                "google_compute_instance_group.tfer--us-west1-c-002F-gke-data-infra-apps-apps-v2-24a4cc95-grp": {
                    "type": "google_compute_instance_group",
                    "depends_on": [],
                    "primary": {
                        "id": "us-west1-c/gke-data-infra-apps-apps-v2-24a4cc95-grp",
                        "attributes": {
                            "description": "This instance group is controlled by Instance Group Manager 'gke-data-infra-apps-apps-v2-24a4cc95-grp'. To modify instances in this group, use the Instance Group Manager API: https://cloud.google.com/compute/docs/reference/latest/instanceGroupManagers",
                            "id": "us-west1-c/gke-data-infra-apps-apps-v2-24a4cc95-grp",
                            "instances.#": "2",
                            "instances.0": "https://www.googleapis.com/compute/v1/projects/cal-itp-data-infra/zones/us-west1-c/instances/gke-data-infra-apps-apps-v2-24a4cc95-c6nc",
                            "instances.1": "https://www.googleapis.com/compute/v1/projects/cal-itp-data-infra/zones/us-west1-c/instances/gke-data-infra-apps-apps-v2-24a4cc95-r80w",
                            "name": "gke-data-infra-apps-apps-v2-24a4cc95-grp",
                            "named_port.#": "0",
                            "network": "https://www.googleapis.com/compute/v1/projects/cal-itp-data-infra/global/networks/default",
                            "project": "cal-itp-data-infra",
                            "self_link": "https://www.googleapis.com/compute/v1/projects/cal-itp-data-infra/zones/us-west1-c/instanceGroups/gke-data-infra-apps-apps-v2-24a4cc95-grp",
                            "size": "2",
                            "zone": "us-west1-c"
                        },
                        "meta": {
                            "schema_version": 2
                        },
                        "tainted": false
                    },
                    "deposed": [],
                    "provider": "provider.google"
                },
                "google_compute_instance_group.tfer--us-west1-c-002F-gke-data-infra-apps-gtfsrt-v4-7577d4d7-grp": {
                    "type": "google_compute_instance_group",
                    "depends_on": [],
                    "primary": {
                        "id": "us-west1-c/gke-data-infra-apps-gtfsrt-v4-7577d4d7-grp",
                        "attributes": {
                            "description": "This instance group is controlled by Instance Group Manager 'gke-data-infra-apps-gtfsrt-v4-7577d4d7-grp'. To modify instances in this group, use the Instance Group Manager API: https://cloud.google.com/compute/docs/reference/latest/instanceGroupManagers",
                            "id": "us-west1-c/gke-data-infra-apps-gtfsrt-v4-7577d4d7-grp",
                            "instances.#": "1",
                            "instances.0": "https://www.googleapis.com/compute/v1/projects/cal-itp-data-infra/zones/us-west1-c/instances/gke-data-infra-apps-gtfsrt-v4-7577d4d7-2q5e",
                            "name": "gke-data-infra-apps-gtfsrt-v4-7577d4d7-grp",
                            "named_port.#": "0",
                            "network": "https://www.googleapis.com/compute/v1/projects/cal-itp-data-infra/global/networks/default",
                            "project": "cal-itp-data-infra",
                            "self_link": "https://www.googleapis.com/compute/v1/projects/cal-itp-data-infra/zones/us-west1-c/instanceGroups/gke-data-infra-apps-gtfsrt-v4-7577d4d7-grp",
                            "size": "1",
                            "zone": "us-west1-c"
                        },
                        "meta": {
                            "schema_version": 2
                        },
                        "tainted": false
                    },
                    "deposed": [],
                    "provider": "provider.google"
                },
                "google_compute_instance_group.tfer--us-west1-c-002F-gke-data-infra-apps-jobs-v1-625ec063-grp": {
                    "type": "google_compute_instance_group",
                    "depends_on": [],
                    "primary": {
                        "id": "us-west1-c/gke-data-infra-apps-jobs-v1-625ec063-grp",
                        "attributes": {
                            "description": "This instance group is controlled by Instance Group Manager 'gke-data-infra-apps-jobs-v1-625ec063-grp'. To modify instances in this group, use the Instance Group Manager API: https://cloud.google.com/compute/docs/reference/latest/instanceGroupManagers",
                            "id": "us-west1-c/gke-data-infra-apps-jobs-v1-625ec063-grp",
                            "instances.#": "1",
                            "instances.0": "https://www.googleapis.com/compute/v1/projects/cal-itp-data-infra/zones/us-west1-c/instances/gke-data-infra-apps-jobs-v1-625ec063-7qyx",
                            "name": "gke-data-infra-apps-jobs-v1-625ec063-grp",
                            "named_port.#": "0",
                            "network": "https://www.googleapis.com/compute/v1/projects/cal-itp-data-infra/global/networks/default",
                            "project": "cal-itp-data-infra",
                            "self_link": "https://www.googleapis.com/compute/v1/projects/cal-itp-data-infra/zones/us-west1-c/instanceGroups/gke-data-infra-apps-jobs-v1-625ec063-grp",
                            "size": "1",
                            "zone": "us-west1-c"
                        },
                        "meta": {
                            "schema_version": 2
                        },
                        "tainted": false
                    },
                    "deposed": [],
                    "provider": "provider.google"
                },
                "google_compute_instance_group.tfer--us-west1-c-002F-gke-data-infra-apps-jupyterhub-users-6aa76dbb-grp": {
                    "type": "google_compute_instance_group",
                    "depends_on": [],
                    "primary": {
                        "id": "us-west1-c/gke-data-infra-apps-jupyterhub-users-6aa76dbb-grp",
                        "attributes": {
                            "description": "This instance group is controlled by Instance Group Manager 'gke-data-infra-apps-jupyterhub-users-6aa76dbb-grp'. To modify instances in this group, use the Instance Group Manager API: https://cloud.google.com/compute/docs/reference/latest/instanceGroupManagers",
                            "id": "us-west1-c/gke-data-infra-apps-jupyterhub-users-6aa76dbb-grp",
                            "instances.#": "3",
                            "instances.0": "https://www.googleapis.com/compute/v1/projects/cal-itp-data-infra/zones/us-west1-c/instances/gke-data-infra-apps-jupyterhub-users-6aa76dbb-0ipn",
                            "instances.1": "https://www.googleapis.com/compute/v1/projects/cal-itp-data-infra/zones/us-west1-c/instances/gke-data-infra-apps-jupyterhub-users-6aa76dbb-58p2",
                            "instances.2": "https://www.googleapis.com/compute/v1/projects/cal-itp-data-infra/zones/us-west1-c/instances/gke-data-infra-apps-jupyterhub-users-6aa76dbb-f0y0",
                            "name": "gke-data-infra-apps-jupyterhub-users-6aa76dbb-grp",
                            "named_port.#": "0",
                            "network": "https://www.googleapis.com/compute/v1/projects/cal-itp-data-infra/global/networks/default",
                            "project": "cal-itp-data-infra",
                            "self_link": "https://www.googleapis.com/compute/v1/projects/cal-itp-data-infra/zones/us-west1-c/instanceGroups/gke-data-infra-apps-jupyterhub-users-6aa76dbb-grp",
                            "size": "3",
                            "zone": "us-west1-c"
                        },
                        "meta": {
                            "schema_version": 2
                        },
                        "tainted": false
                    },
                    "deposed": [],
                    "provider": "provider.google"
                }
            },
            "depends_on": []
        }
    ]
}
