{
  "version": 4,
  "terraform_version": "1.10.5",
  "serial": 2,
  "lineage": "c1e3ade7-94fd-9151-bdd1-02db8eec08e2",
  "outputs": {
    "google_project_iam_custom_role_tfer--projects-002F-cal-itp-data-infra-002F-roles-002F-AgencyPaymentsServiceReader_id": {
      "value": "projects/cal-itp-data-infra/roles/AgencyPaymentsServiceReader",
      "type": "string"
    },
    "google_project_iam_custom_role_tfer--projects-002F-cal-itp-data-infra-002F-roles-002F-DataAnalyst_id": {
      "value": "projects/cal-itp-data-infra/roles/DataAnalyst",
      "type": "string"
    },
    "google_project_iam_member_tfer--projects-002F-cal-itp-data-infra-002F-roles-002F-AgencyPaymentsServiceReaderserviceAccount-003A-atn-payments-user-0040-cal-itp-data-infra-002E-iam-002E-gserviceaccount-002E-com_id": {
      "value": "projects/cal-itp-data-infra/roles/AgencyPaymentsServiceReaderserviceAccount:atn-payments-user@cal-itp-data-infra.iam.gserviceaccount.com",
      "type": "string"
    },
    "google_project_iam_member_tfer--projects-002F-cal-itp-data-infra-002F-roles-002F-AgencyPaymentsServiceReaderserviceAccount-003A-ccjpa-payments-user-0040-cal-itp-data-infra-002E-iam-002E-gserviceaccount-002E-com_id": {
      "value": "projects/cal-itp-data-infra/roles/AgencyPaymentsServiceReaderserviceAccount:ccjpa-payments-user@cal-itp-data-infra.iam.gserviceaccount.com",
      "type": "string"
    },
    "google_project_iam_member_tfer--projects-002F-cal-itp-data-infra-002F-roles-002F-AgencyPaymentsServiceReaderserviceAccount-003A-clean-air-payments-user-0040-cal-itp-data-infra-002E-iam-002E-gserviceaccount-002E-com_id": {
      "value": "projects/cal-itp-data-infra/roles/AgencyPaymentsServiceReaderserviceAccount:clean-air-payments-user@cal-itp-data-infra.iam.gserviceaccount.com",
      "type": "string"
    },
    "google_project_iam_member_tfer--projects-002F-cal-itp-data-infra-002F-roles-002F-AgencyPaymentsServiceReaderserviceAccount-003A-humboldt-transit-authority-0040-cal-itp-data-infra-002E-iam-002E-gserviceaccount-002E-com_id": {
      "value": "projects/cal-itp-data-infra/roles/AgencyPaymentsServiceReaderserviceAccount:humboldt-transit-authority@cal-itp-data-infra.iam.gserviceaccount.com",
      "type": "string"
    },
    "google_project_iam_member_tfer--projects-002F-cal-itp-data-infra-002F-roles-002F-AgencyPaymentsServiceReaderserviceAccount-003A-lake-transit-authority-0040-cal-itp-data-infra-002E-iam-002E-gserviceaccount-002E-com_id": {
      "value": "projects/cal-itp-data-infra/roles/AgencyPaymentsServiceReaderserviceAccount:lake-transit-authority@cal-itp-data-infra.iam.gserviceaccount.com",
      "type": "string"
    },
    "google_project_iam_member_tfer--projects-002F-cal-itp-data-infra-002F-roles-002F-AgencyPaymentsServiceReaderserviceAccount-003A-mendocino-transit-authority-0040-cal-itp-data-infra-002E-iam-002E-gserviceaccount-002E-com_id": {
      "value": "projects/cal-itp-data-infra/roles/AgencyPaymentsServiceReaderserviceAccount:mendocino-transit-authority@cal-itp-data-infra.iam.gserviceaccount.com",
      "type": "string"
    },
    "google_project_iam_member_tfer--projects-002F-cal-itp-data-infra-002F-roles-002F-AgencyPaymentsServiceReaderserviceAccount-003A-mst-payments-user-0040-cal-itp-data-infra-002E-iam-002E-gserviceaccount-002E-com_id": {
      "value": "projects/cal-itp-data-infra/roles/AgencyPaymentsServiceReaderserviceAccount:mst-payments-user@cal-itp-data-infra.iam.gserviceaccount.com",
      "type": "string"
    },
    "google_project_iam_member_tfer--projects-002F-cal-itp-data-infra-002F-roles-002F-AgencyPaymentsServiceReaderserviceAccount-003A-redwood-coast-transit-0040-cal-itp-data-infra-002E-iam-002E-gserviceaccount-002E-com_id": {
      "value": "projects/cal-itp-data-infra/roles/AgencyPaymentsServiceReaderserviceAccount:redwood-coast-transit@cal-itp-data-infra.iam.gserviceaccount.com",
      "type": "string"
    },
    "google_project_iam_member_tfer--projects-002F-cal-itp-data-infra-002F-roles-002F-AgencyPaymentsServiceReaderserviceAccount-003A-sacrt-payments-user-0040-cal-itp-data-infra-002E-iam-002E-gserviceaccount-002E-com_id": {
      "value": "projects/cal-itp-data-infra/roles/AgencyPaymentsServiceReaderserviceAccount:sacrt-payments-user@cal-itp-data-infra.iam.gserviceaccount.com",
      "type": "string"
    },
    "google_project_iam_member_tfer--projects-002F-cal-itp-data-infra-002F-roles-002F-AgencyPaymentsServiceReaderserviceAccount-003A-sbmtd-payments-user-0040-cal-itp-data-infra-002E-iam-002E-gserviceaccount-002E-com_id": {
      "value": "projects/cal-itp-data-infra/roles/AgencyPaymentsServiceReaderserviceAccount:sbmtd-payments-user@cal-itp-data-infra.iam.gserviceaccount.com",
      "type": "string"
    },
    "google_project_iam_member_tfer--roles-002F-appengine-002E-serviceAgentserviceAccount-003A-service-1005246706141-0040-gcp-gae-service-002E-iam-002E-gserviceaccount-002E-com_id": {
      "value": "roles/appengine.serviceAgentserviceAccount:service-1005246706141@gcp-gae-service.iam.gserviceaccount.com",
      "type": "string"
    },
    "google_project_iam_member_tfer--roles-002F-appengineflex-002E-serviceAgentserviceAccount-003A-service-1005246706141-0040-gae-api-prod-002E-google-002E-com-002E-iam-002E-gserviceaccount-002E-com_id": {
      "value": "roles/appengineflex.serviceAgentserviceAccount:service-1005246706141@gae-api-prod.google.com.iam.gserviceaccount.com",
      "type": "string"
    },
    "google_project_iam_member_tfer--roles-002F-artifactregistry-002E-serviceAgentserviceAccount-003A-service-1005246706141-0040-gcp-sa-artifactregistry-002E-iam-002E-gserviceaccount-002E-com_id": {
      "value": "roles/artifactregistry.serviceAgentserviceAccount:service-1005246706141@gcp-sa-artifactregistry.iam.gserviceaccount.com",
      "type": "string"
    },
    "google_project_iam_member_tfer--roles-002F-bigquery-002E-adminserviceAccount-003A-bq-transform-svcacct-0040-cal-itp-data-infra-002E-iam-002E-gserviceaccount-002E-com_id": {
      "value": "roles/bigquery.adminserviceAccount:bq-transform-svcacct@cal-itp-data-infra.iam.gserviceaccount.com",
      "type": "string"
    },
    "google_project_iam_member_tfer--roles-002F-bigquery-002E-dataEditorserviceAccount-003A-bq-transform-svcacct-0040-cal-itp-data-infra-002E-iam-002E-gserviceaccount-002E-com_id": {
      "value": "roles/bigquery.dataEditorserviceAccount:bq-transform-svcacct@cal-itp-data-infra.iam.gserviceaccount.com",
      "type": "string"
    },
    "google_project_iam_member_tfer--roles-002F-bigquery-002E-dataEditorserviceAccount-003A-composer2-service-account-0040-cal-itp-data-infra-002E-iam-002E-gserviceaccount-002E-com_id": {
      "value": "roles/bigquery.dataEditorserviceAccount:composer2-service-account@cal-itp-data-infra.iam.gserviceaccount.com",
      "type": "string"
    },
    "google_project_iam_member_tfer--roles-002F-bigquery-002E-dataViewerserviceAccount-003A-473674835135-compute-0040-developer-002E-gserviceaccount-002E-com_id": {
      "value": "roles/bigquery.dataViewerserviceAccount:473674835135-compute@developer.gserviceaccount.com",
      "type": "string"
    },
    "google_project_iam_member_tfer--roles-002F-bigquery-002E-dataViewerserviceAccount-003A-calitp-py-ci-0040-cal-itp-data-infra-002E-iam-002E-gserviceaccount-002E-com_id": {
      "value": "roles/bigquery.dataViewerserviceAccount:calitp-py-ci@cal-itp-data-infra.iam.gserviceaccount.com",
      "type": "string"
    },
    "google_project_iam_member_tfer--roles-002F-bigquery-002E-dataViewerserviceAccount-003A-gh-actions-mobi-mart-0040-cal-itp-data-infra-002E-iam-002E-gserviceaccount-002E-com_id": {
      "value": "roles/bigquery.dataViewerserviceAccount:gh-actions-mobi-mart@cal-itp-data-infra.iam.gserviceaccount.com",
      "type": "string"
    },
    "google_project_iam_member_tfer--roles-002F-bigquery-002E-dataViewerserviceAccount-003A-github-actions-services-accoun-0040-cal-itp-data-infra-002E-iam-002E-gserviceaccount-002E-com_id": {
      "value": "roles/bigquery.dataViewerserviceAccount:github-actions-services-accoun@cal-itp-data-infra.iam.gserviceaccount.com",
      "type": "string"
    },
    "google_project_iam_member_tfer--roles-002F-bigquery-002E-dataViewerserviceAccount-003A-jupyterlab-0040-cal-itp-data-infra-002E-iam-002E-gserviceaccount-002E-com_id": {
      "value": "roles/bigquery.dataViewerserviceAccount:jupyterlab@cal-itp-data-infra.iam.gserviceaccount.com",
      "type": "string"
    },
    "google_project_iam_member_tfer--roles-002F-bigquery-002E-dataViewerserviceAccount-003A-metabase-0040-cal-itp-data-infra-002E-iam-002E-gserviceaccount-002E-com_id": {
      "value": "roles/bigquery.dataViewerserviceAccount:metabase@cal-itp-data-infra.iam.gserviceaccount.com",
      "type": "string"
    },
    "google_project_iam_member_tfer--roles-002F-bigquery-002E-dataViewerserviceAccount-003A-metabase-payments-team-0040-cal-itp-data-infra-002E-iam-002E-gserviceaccount-002E-com_id": {
      "value": "roles/bigquery.dataViewerserviceAccount:metabase-payments-team@cal-itp-data-infra.iam.gserviceaccount.com",
      "type": "string"
    },
    "google_project_iam_member_tfer--roles-002F-bigquery-002E-jobUserserviceAccount-003A-473674835135-compute-0040-developer-002E-gserviceaccount-002E-com_id": {
      "value": "roles/bigquery.jobUserserviceAccount:473674835135-compute@developer.gserviceaccount.com",
      "type": "string"
    },
    "google_project_iam_member_tfer--roles-002F-bigquery-002E-jobUserserviceAccount-003A-calitp-py-ci-0040-cal-itp-data-infra-002E-iam-002E-gserviceaccount-002E-com_id": {
      "value": "roles/bigquery.jobUserserviceAccount:calitp-py-ci@cal-itp-data-infra.iam.gserviceaccount.com",
      "type": "string"
    },
    "google_project_iam_member_tfer--roles-002F-bigquery-002E-jobUserserviceAccount-003A-composer2-service-account-0040-cal-itp-data-infra-002E-iam-002E-gserviceaccount-002E-com_id": {
      "value": "roles/bigquery.jobUserserviceAccount:composer2-service-account@cal-itp-data-infra.iam.gserviceaccount.com",
      "type": "string"
    },
    "google_project_iam_member_tfer--roles-002F-bigquery-002E-jobUserserviceAccount-003A-gh-actions-mobi-mart-0040-cal-itp-data-infra-002E-iam-002E-gserviceaccount-002E-com_id": {
      "value": "roles/bigquery.jobUserserviceAccount:gh-actions-mobi-mart@cal-itp-data-infra.iam.gserviceaccount.com",
      "type": "string"
    },
    "google_project_iam_member_tfer--roles-002F-bigquery-002E-jobUserserviceAccount-003A-github-actions-services-accoun-0040-cal-itp-data-infra-002E-iam-002E-gserviceaccount-002E-com_id": {
      "value": "roles/bigquery.jobUserserviceAccount:github-actions-services-accoun@cal-itp-data-infra.iam.gserviceaccount.com",
      "type": "string"
    },
    "google_project_iam_member_tfer--roles-002F-bigquery-002E-jobUserserviceAccount-003A-jupyterlab-0040-cal-itp-data-infra-002E-iam-002E-gserviceaccount-002E-com_id": {
      "value": "roles/bigquery.jobUserserviceAccount:jupyterlab@cal-itp-data-infra.iam.gserviceaccount.com",
      "type": "string"
    },
    "google_project_iam_member_tfer--roles-002F-bigquery-002E-jobUserserviceAccount-003A-metabase-0040-cal-itp-data-infra-002E-iam-002E-gserviceaccount-002E-com_id": {
      "value": "roles/bigquery.jobUserserviceAccount:metabase@cal-itp-data-infra.iam.gserviceaccount.com",
      "type": "string"
    },
    "google_project_iam_member_tfer--roles-002F-bigquery-002E-jobUserserviceAccount-003A-metabase-payments-team-0040-cal-itp-data-infra-002E-iam-002E-gserviceaccount-002E-com_id": {
      "value": "roles/bigquery.jobUserserviceAccount:metabase-payments-team@cal-itp-data-infra.iam.gserviceaccount.com",
      "type": "string"
    },
    "google_project_iam_member_tfer--roles-002F-bigquery-002E-metadataViewerserviceAccount-003A-jupyterlab-0040-cal-itp-data-infra-002E-iam-002E-gserviceaccount-002E-com_id": {
      "value": "roles/bigquery.metadataViewerserviceAccount:jupyterlab@cal-itp-data-infra.iam.gserviceaccount.com",
      "type": "string"
    },
    "google_project_iam_member_tfer--roles-002F-bigquery-002E-metadataViewerserviceAccount-003A-metabase-0040-cal-itp-data-infra-002E-iam-002E-gserviceaccount-002E-com_id": {
      "value": "roles/bigquery.metadataViewerserviceAccount:metabase@cal-itp-data-infra.iam.gserviceaccount.com",
      "type": "string"
    },
    "google_project_iam_member_tfer--roles-002F-bigquery-002E-metadataViewerserviceAccount-003A-metabase-payments-team-0040-cal-itp-data-infra-002E-iam-002E-gserviceaccount-002E-com_id": {
      "value": "roles/bigquery.metadataViewerserviceAccount:metabase-payments-team@cal-itp-data-infra.iam.gserviceaccount.com",
      "type": "string"
    },
    "google_project_iam_member_tfer--roles-002F-bigquery-002E-readSessionUserserviceAccount-003A-github-actions-services-accoun-0040-cal-itp-data-infra-002E-iam-002E-gserviceaccount-002E-com_id": {
      "value": "roles/bigquery.readSessionUserserviceAccount:github-actions-services-accoun@cal-itp-data-infra.iam.gserviceaccount.com",
      "type": "string"
    },
    "google_project_iam_member_tfer--roles-002F-bigquery-002E-readSessionUserserviceAccount-003A-jupyterlab-0040-cal-itp-data-infra-002E-iam-002E-gserviceaccount-002E-com_id": {
      "value": "roles/bigquery.readSessionUserserviceAccount:jupyterlab@cal-itp-data-infra.iam.gserviceaccount.com",
      "type": "string"
    },
    "google_project_iam_member_tfer--roles-002F-bigquery-002E-userserviceAccount-003A-473674835135-compute-0040-developer-002E-gserviceaccount-002E-com_id": {
      "value": "roles/bigquery.userserviceAccount:473674835135-compute@developer.gserviceaccount.com",
      "type": "string"
    },
    "google_project_iam_member_tfer--roles-002F-bigquery-002E-userserviceAccount-003A-bq-transform-svcacct-0040-cal-itp-data-infra-002E-iam-002E-gserviceaccount-002E-com_id": {
      "value": "roles/bigquery.userserviceAccount:bq-transform-svcacct@cal-itp-data-infra.iam.gserviceaccount.com",
      "type": "string"
    },
    "google_project_iam_member_tfer--roles-002F-bigquery-002E-userserviceAccount-003A-calitp-py-ci-0040-cal-itp-data-infra-002E-iam-002E-gserviceaccount-002E-com_id": {
      "value": "roles/bigquery.userserviceAccount:calitp-py-ci@cal-itp-data-infra.iam.gserviceaccount.com",
      "type": "string"
    },
    "google_project_iam_member_tfer--roles-002F-bigquerydatatransfer-002E-serviceAgentserviceAccount-003A-service-1005246706141-0040-gcp-sa-bigquerydatatransfer-002E-iam-002E-gserviceaccount-002E-com_id": {
      "value": "roles/bigquerydatatransfer.serviceAgentserviceAccount:service-1005246706141@gcp-sa-bigquerydatatransfer.iam.gserviceaccount.com",
      "type": "string"
    },
    "google_project_iam_member_tfer--roles-002F-cloudasset-002E-serviceAgentserviceAccount-003A-service-1005246706141-0040-gcp-sa-cloudasset-002E-iam-002E-gserviceaccount-002E-com_id": {
      "value": "roles/cloudasset.serviceAgentserviceAccount:service-1005246706141@gcp-sa-cloudasset.iam.gserviceaccount.com",
      "type": "string"
    },
    "google_project_iam_member_tfer--roles-002F-cloudbuild-002E-builds-002E-builderserviceAccount-003A-1005246706141-0040-cloudbuild-002E-gserviceaccount-002E-com_id": {
      "value": "roles/cloudbuild.builds.builderserviceAccount:1005246706141@cloudbuild.gserviceaccount.com",
      "type": "string"
    },
    "google_project_iam_member_tfer--roles-002F-cloudbuild-002E-builds-002E-viewerserviceAccount-003A-composer2-service-account-0040-cal-itp-data-infra-002E-iam-002E-gserviceaccount-002E-com_id": {
      "value": "roles/cloudbuild.builds.viewerserviceAccount:composer2-service-account@cal-itp-data-infra.iam.gserviceaccount.com",
      "type": "string"
    },
    "google_project_iam_member_tfer--roles-002F-cloudbuild-002E-serviceAgentserviceAccount-003A-service-1005246706141-0040-gcp-sa-cloudbuild-002E-iam-002E-gserviceaccount-002E-com_id": {
      "value": "roles/cloudbuild.serviceAgentserviceAccount:service-1005246706141@gcp-sa-cloudbuild.iam.gserviceaccount.com",
      "type": "string"
    },
    "google_project_iam_member_tfer--roles-002F-cloudfunctions-002E-serviceAgentserviceAccount-003A-service-1005246706141-0040-gcf-admin-robot-002E-iam-002E-gserviceaccount-002E-com_id": {
      "value": "roles/cloudfunctions.serviceAgentserviceAccount:service-1005246706141@gcf-admin-robot.iam.gserviceaccount.com",
      "type": "string"
    },
    "google_project_iam_member_tfer--roles-002F-cloudscheduler-002E-serviceAgentserviceAccount-003A-service-1005246706141-0040-gcp-sa-cloudscheduler-002E-iam-002E-gserviceaccount-002E-com_id": {
      "value": "roles/cloudscheduler.serviceAgentserviceAccount:service-1005246706141@gcp-sa-cloudscheduler.iam.gserviceaccount.com",
      "type": "string"
    },
    "google_project_iam_member_tfer--roles-002F-composer-002E-ServiceAgentV2ExtserviceAccount-003A-composer2-service-account-0040-cal-itp-data-infra-002E-iam-002E-gserviceaccount-002E-com_id": {
      "value": "roles/composer.ServiceAgentV2ExtserviceAccount:composer2-service-account@cal-itp-data-infra.iam.gserviceaccount.com",
      "type": "string"
    },
    "google_project_iam_member_tfer--roles-002F-composer-002E-ServiceAgentV2ExtserviceAccount-003A-service-1005246706141-0040-cloudcomposer-accounts-002E-iam-002E-gserviceaccount-002E-com_id": {
      "value": "roles/composer.ServiceAgentV2ExtserviceAccount:service-1005246706141@cloudcomposer-accounts.iam.gserviceaccount.com",
      "type": "string"
    },
    "google_project_iam_member_tfer--roles-002F-composer-002E-adminserviceAccount-003A-github-actions-services-accoun-0040-cal-itp-data-infra-002E-iam-002E-gserviceaccount-002E-com_id": {
      "value": "roles/composer.adminserviceAccount:github-actions-services-accoun@cal-itp-data-infra.iam.gserviceaccount.com",
      "type": "string"
    },
    "google_project_iam_member_tfer--roles-002F-composer-002E-serviceAgentserviceAccount-003A-composer2-service-account-0040-cal-itp-data-infra-002E-iam-002E-gserviceaccount-002E-com_id": {
      "value": "roles/composer.serviceAgentserviceAccount:composer2-service-account@cal-itp-data-infra.iam.gserviceaccount.com",
      "type": "string"
    },
    "google_project_iam_member_tfer--roles-002F-composer-002E-serviceAgentserviceAccount-003A-service-1005246706141-0040-cloudcomposer-accounts-002E-iam-002E-gserviceaccount-002E-com_id": {
      "value": "roles/composer.serviceAgentserviceAccount:service-1005246706141@cloudcomposer-accounts.iam.gserviceaccount.com",
      "type": "string"
    },
    "google_project_iam_member_tfer--roles-002F-composer-002E-workerserviceAccount-003A-composer2-service-account-0040-cal-itp-data-infra-002E-iam-002E-gserviceaccount-002E-com_id": {
      "value": "roles/composer.workerserviceAccount:composer2-service-account@cal-itp-data-infra.iam.gserviceaccount.com",
      "type": "string"
    },
    "google_project_iam_member_tfer--roles-002F-compute-002E-serviceAgentserviceAccount-003A-service-1005246706141-0040-compute-system-002E-iam-002E-gserviceaccount-002E-com_id": {
      "value": "roles/compute.serviceAgentserviceAccount:service-1005246706141@compute-system.iam.gserviceaccount.com",
      "type": "string"
    },
    "google_project_iam_member_tfer--roles-002F-container-002E-adminserviceAccount-003A-github-actions-services-accoun-0040-cal-itp-data-infra-002E-iam-002E-gserviceaccount-002E-com_id": {
      "value": "roles/container.adminserviceAccount:github-actions-services-accoun@cal-itp-data-infra.iam.gserviceaccount.com",
      "type": "string"
    },
    "google_project_iam_member_tfer--roles-002F-container-002E-nodeServiceAgentserviceAccount-003A-service-1005246706141-0040-gcp-sa-gkenode-002E-iam-002E-gserviceaccount-002E-com_id": {
      "value": "roles/container.nodeServiceAgentserviceAccount:service-1005246706141@gcp-sa-gkenode.iam.gserviceaccount.com",
      "type": "string"
    },
    "google_project_iam_member_tfer--roles-002F-container-002E-serviceAgentserviceAccount-003A-service-1005246706141-0040-container-engine-robot-002E-iam-002E-gserviceaccount-002E-com_id": {
      "value": "roles/container.serviceAgentserviceAccount:service-1005246706141@container-engine-robot.iam.gserviceaccount.com",
      "type": "string"
    },
    "google_project_iam_member_tfer--roles-002F-containerregistry-002E-ServiceAgentserviceAccount-003A-service-1005246706141-0040-containerregistry-002E-iam-002E-gserviceaccount-002E-com_id": {
      "value": "roles/containerregistry.ServiceAgentserviceAccount:service-1005246706141@containerregistry.iam.gserviceaccount.com",
      "type": "string"
    },
    "google_project_iam_member_tfer--roles-002F-dataproc-002E-editorserviceAccount-003A-bq-transform-svcacct-0040-cal-itp-data-infra-002E-iam-002E-gserviceaccount-002E-com_id": {
      "value": "roles/dataproc.editorserviceAccount:bq-transform-svcacct@cal-itp-data-infra.iam.gserviceaccount.com",
      "type": "string"
    },
    "google_project_iam_member_tfer--roles-002F-dataproc-002E-serviceAgentserviceAccount-003A-service-1005246706141-0040-dataproc-accounts-002E-iam-002E-gserviceaccount-002E-com_id": {
      "value": "roles/dataproc.serviceAgentserviceAccount:service-1005246706141@dataproc-accounts.iam.gserviceaccount.com",
      "type": "string"
    },
    "google_project_iam_member_tfer--roles-002F-dataproc-002E-workerserviceAccount-003A-bq-transform-svcacct-0040-cal-itp-data-infra-002E-iam-002E-gserviceaccount-002E-com_id": {
      "value": "roles/dataproc.workerserviceAccount:bq-transform-svcacct@cal-itp-data-infra.iam.gserviceaccount.com",
      "type": "string"
    },
    "google_project_iam_member_tfer--roles-002F-editorserviceAccount-003A-1005246706141-0040-cloudservices-002E-gserviceaccount-002E-com_id": {
      "value": "roles/editorserviceAccount:1005246706141@cloudservices.gserviceaccount.com",
      "type": "string"
    },
    "google_project_iam_member_tfer--roles-002F-editorserviceAccount-003A-1005246706141-compute-0040-developer-002E-gserviceaccount-002E-com_id": {
      "value": "roles/editorserviceAccount:1005246706141-compute@developer.gserviceaccount.com",
      "type": "string"
    },
    "google_project_iam_member_tfer--roles-002F-editorserviceAccount-003A-cal-itp-data-infra-0040-appspot-002E-gserviceaccount-002E-com_id": {
      "value": "roles/editorserviceAccount:cal-itp-data-infra@appspot.gserviceaccount.com",
      "type": "string"
    },
    "google_project_iam_member_tfer--roles-002F-firebaserules-002E-systemserviceAccount-003A-service-1005246706141-0040-firebase-rules-002E-iam-002E-gserviceaccount-002E-com_id": {
      "value": "roles/firebaserules.systemserviceAccount:service-1005246706141@firebase-rules.iam.gserviceaccount.com",
      "type": "string"
    },
    "google_project_iam_member_tfer--roles-002F-firestore-002E-serviceAgentserviceAccount-003A-service-1005246706141-0040-gcp-sa-firestore-002E-iam-002E-gserviceaccount-002E-com_id": {
      "value": "roles/firestore.serviceAgentserviceAccount:service-1005246706141@gcp-sa-firestore.iam.gserviceaccount.com",
      "type": "string"
    },
    "google_project_iam_member_tfer--roles-002F-iam-002E-serviceAccountUserserviceAccount-003A-bq-transform-svcacct-0040-cal-itp-data-infra-002E-iam-002E-gserviceaccount-002E-com_id": {
      "value": "roles/iam.serviceAccountUserserviceAccount:bq-transform-svcacct@cal-itp-data-infra.iam.gserviceaccount.com",
      "type": "string"
    },
    "google_project_iam_member_tfer--roles-002F-ownerserviceAccount-003A-cc-jarvus-airflow-0040-cal-itp-data-infra-002E-iam-002E-gserviceaccount-002E-com_id": {
      "value": "roles/ownerserviceAccount:cc-jarvus-airflow@cal-itp-data-infra.iam.gserviceaccount.com",
      "type": "string"
    },
    "google_project_iam_member_tfer--roles-002F-run-002E-serviceAgentserviceAccount-003A-service-1005246706141-0040-serverless-robot-prod-002E-iam-002E-gserviceaccount-002E-com_id": {
      "value": "roles/run.serviceAgentserviceAccount:service-1005246706141@serverless-robot-prod.iam.gserviceaccount.com",
      "type": "string"
    },
    "google_project_iam_member_tfer--roles-002F-secretmanager-002E-secretAccessorserviceAccount-003A-1005246706141-compute-0040-developer-002E-gserviceaccount-002E-com_id": {
      "value": "roles/secretmanager.secretAccessorserviceAccount:1005246706141-compute@developer.gserviceaccount.com",
      "type": "string"
    },
    "google_project_iam_member_tfer--roles-002F-secretmanager-002E-secretAccessorserviceAccount-003A-composer2-service-account-0040-cal-itp-data-infra-002E-iam-002E-gserviceaccount-002E-com_id": {
      "value": "roles/secretmanager.secretAccessorserviceAccount:composer2-service-account@cal-itp-data-infra.iam.gserviceaccount.com",
      "type": "string"
    },
    "google_project_iam_member_tfer--roles-002F-secretmanager-002E-secretAccessorserviceAccount-003A-dev-gtfs-rt-archiver-v3-0040-cal-itp-data-infra-002E-iam-002E-gserviceaccount-002E-com_id": {
      "value": "roles/secretmanager.secretAccessorserviceAccount:dev-gtfs-rt-archiver-v3@cal-itp-data-infra.iam.gserviceaccount.com",
      "type": "string"
    },
    "google_project_iam_member_tfer--roles-002F-secretmanager-002E-secretAccessorserviceAccount-003A-github-actions-services-accoun-0040-cal-itp-data-infra-002E-iam-002E-gserviceaccount-002E-com_id": {
      "value": "roles/secretmanager.secretAccessorserviceAccount:github-actions-services-accoun@cal-itp-data-infra.iam.gserviceaccount.com",
      "type": "string"
    },
    "google_project_iam_member_tfer--roles-002F-secretmanager-002E-secretAccessorserviceAccount-003A-gtfs-rt-archiver-v3-0040-cal-itp-data-infra-002E-iam-002E-gserviceaccount-002E-com_id": {
      "value": "roles/secretmanager.secretAccessorserviceAccount:gtfs-rt-archiver-v3@cal-itp-data-infra.iam.gserviceaccount.com",
      "type": "string"
    },
    "google_project_iam_member_tfer--roles-002F-secretmanager-002E-viewerserviceAccount-003A-1005246706141-compute-0040-developer-002E-gserviceaccount-002E-com_id": {
      "value": "roles/secretmanager.viewerserviceAccount:1005246706141-compute@developer.gserviceaccount.com",
      "type": "string"
    },
    "google_project_iam_member_tfer--roles-002F-secretmanager-002E-viewerserviceAccount-003A-composer2-service-account-0040-cal-itp-data-infra-002E-iam-002E-gserviceaccount-002E-com_id": {
      "value": "roles/secretmanager.viewerserviceAccount:composer2-service-account@cal-itp-data-infra.iam.gserviceaccount.com",
      "type": "string"
    },
    "google_project_iam_member_tfer--roles-002F-secretmanager-002E-viewerserviceAccount-003A-dev-gtfs-rt-archiver-v3-0040-cal-itp-data-infra-002E-iam-002E-gserviceaccount-002E-com_id": {
      "value": "roles/secretmanager.viewerserviceAccount:dev-gtfs-rt-archiver-v3@cal-itp-data-infra.iam.gserviceaccount.com",
      "type": "string"
    },
    "google_project_iam_member_tfer--roles-002F-secretmanager-002E-viewerserviceAccount-003A-gtfs-rt-archiver-v3-0040-cal-itp-data-infra-002E-iam-002E-gserviceaccount-002E-com_id": {
      "value": "roles/secretmanager.viewerserviceAccount:gtfs-rt-archiver-v3@cal-itp-data-infra.iam.gserviceaccount.com",
      "type": "string"
    },
    "google_project_iam_member_tfer--roles-002F-storage-002E-adminserviceAccount-003A-amplitude-export-0040-cal-itp-data-infra-002E-iam-002E-gserviceaccount-002E-com_id": {
      "value": "roles/storage.adminserviceAccount:amplitude-export@cal-itp-data-infra.iam.gserviceaccount.com",
      "type": "string"
    },
    "google_project_iam_member_tfer--roles-002F-storage-002E-adminserviceAccount-003A-github-actions-services-accoun-0040-cal-itp-data-infra-002E-iam-002E-gserviceaccount-002E-com_id": {
      "value": "roles/storage.adminserviceAccount:github-actions-services-accoun@cal-itp-data-infra.iam.gserviceaccount.com",
      "type": "string"
    },
    "google_project_iam_member_tfer--roles-002F-storage-002E-adminserviceAccount-003A-service-1005246706141-0040-gcp-sa-storageinsights-002E-iam-002E-gserviceaccount-002E-com_id": {
      "value": "roles/storage.adminserviceAccount:service-1005246706141@gcp-sa-storageinsights.iam.gserviceaccount.com",
      "type": "string"
    },
    "google_project_iam_member_tfer--roles-002F-storage-002E-objectAdminserviceAccount-003A-amplitude-export-0040-cal-itp-data-infra-002E-iam-002E-gserviceaccount-002E-com_id": {
      "value": "roles/storage.objectAdminserviceAccount:amplitude-export@cal-itp-data-infra.iam.gserviceaccount.com",
      "type": "string"
    },
    "google_project_iam_member_tfer--roles-002F-storage-002E-objectAdminserviceAccount-003A-bq-transform-svcacct-0040-cal-itp-data-infra-002E-iam-002E-gserviceaccount-002E-com_id": {
      "value": "roles/storage.objectAdminserviceAccount:bq-transform-svcacct@cal-itp-data-infra.iam.gserviceaccount.com",
      "type": "string"
    },
    "google_project_iam_member_tfer--roles-002F-storage-002E-objectCreatorserviceAccount-003A-gtfs-rt-archiver-0040-cal-itp-data-infra-002E-iam-002E-gserviceaccount-002E-com_id": {
      "value": "roles/storage.objectCreatorserviceAccount:gtfs-rt-archiver@cal-itp-data-infra.iam.gserviceaccount.com",
      "type": "string"
    },
    "google_project_iam_member_tfer--roles-002F-storage-002E-objectViewerserviceAccount-003A-473674835135-compute-0040-developer-002E-gserviceaccount-002E-com_id": {
      "value": "roles/storage.objectViewerserviceAccount:473674835135-compute@developer.gserviceaccount.com",
      "type": "string"
    },
    "google_project_iam_member_tfer--roles-002F-storage-002E-objectViewerserviceAccount-003A-gtfs-rt-archiver-v3-0040-cal-itp-data-infra-002E-iam-002E-gserviceaccount-002E-com_id": {
      "value": "roles/storage.objectViewerserviceAccount:gtfs-rt-archiver-v3@cal-itp-data-infra.iam.gserviceaccount.com",
      "type": "string"
    },
    "google_project_iam_member_tfer--roles-002F-storage-002E-objectViewerserviceAccount-003A-jupyterlab-0040-cal-itp-data-infra-002E-iam-002E-gserviceaccount-002E-com_id": {
      "value": "roles/storage.objectViewerserviceAccount:jupyterlab@cal-itp-data-infra.iam.gserviceaccount.com",
      "type": "string"
    },
    "google_project_iam_member_tfer--roles-002F-storage-002E-objectViewerserviceAccount-003A-metabase-0040-cal-itp-data-infra-002E-iam-002E-gserviceaccount-002E-com_id": {
      "value": "roles/storage.objectViewerserviceAccount:metabase@cal-itp-data-infra.iam.gserviceaccount.com",
      "type": "string"
    },
    "google_project_iam_member_tfer--roles-002F-storage-002E-objectViewerserviceAccount-003A-metabase-payments-team-0040-cal-itp-data-infra-002E-iam-002E-gserviceaccount-002E-com_id": {
      "value": "roles/storage.objectViewerserviceAccount:metabase-payments-team@cal-itp-data-infra.iam.gserviceaccount.com",
      "type": "string"
    },
    "google_project_iam_member_tfer--roles-002F-storageinsights-002E-serviceAgentserviceAccount-003A-service-1005246706141-0040-gcp-sa-storageinsights-002E-iam-002E-gserviceaccount-002E-com_id": {
      "value": "roles/storageinsights.serviceAgentserviceAccount:service-1005246706141@gcp-sa-storageinsights.iam.gserviceaccount.com",
      "type": "string"
    },
    "google_project_iam_member_tfer--roles-002F-viewerserviceAccount-003A-jyoung-cal-itp-0040-cal-itp-data-infra-002E-iam-002E-gserviceaccount-002E-com_id": {
      "value": "roles/viewerserviceAccount:jyoung-cal-itp@cal-itp-data-infra.iam.gserviceaccount.com",
      "type": "string"
    },
    "google_service_account_tfer--100119052859631924010_id": {
      "value": "projects/cal-itp-data-infra/serviceAccounts/ccjpa-payments-user@cal-itp-data-infra.iam.gserviceaccount.com",
      "type": "string"
    },
    "google_service_account_tfer--100409301237368942133_id": {
      "value": "projects/cal-itp-data-infra/serviceAccounts/backup-sentry@cal-itp-data-infra.iam.gserviceaccount.com",
      "type": "string"
    },
    "google_service_account_tfer--100825686811848658754_id": {
      "value": "projects/cal-itp-data-infra/serviceAccounts/dev-gtfs-rt-archiver-v3@cal-itp-data-infra.iam.gserviceaccount.com",
      "type": "string"
    },
    "google_service_account_tfer--101531038543713191301_id": {
      "value": "projects/cal-itp-data-infra/serviceAccounts/gtfs-rt-archiver-v3@cal-itp-data-infra.iam.gserviceaccount.com",
      "type": "string"
    },
    "google_service_account_tfer--102313012674966610402_id": {
      "value": "projects/cal-itp-data-infra/serviceAccounts/metabase-backup@cal-itp-data-infra.iam.gserviceaccount.com",
      "type": "string"
    },
    "google_service_account_tfer--102898235871657893180_id": {
      "value": "projects/cal-itp-data-infra/serviceAccounts/cal-itp-data-infra@appspot.gserviceaccount.com",
      "type": "string"
    },
    "google_service_account_tfer--103282778270991614945_id": {
      "value": "projects/cal-itp-data-infra/serviceAccounts/composer2-service-account@cal-itp-data-infra.iam.gserviceaccount.com",
      "type": "string"
    },
    "google_service_account_tfer--104228008692447712489_id": {
      "value": "projects/cal-itp-data-infra/serviceAccounts/atn-payments-user@cal-itp-data-infra.iam.gserviceaccount.com",
      "type": "string"
    },
    "google_service_account_tfer--104296524238941538670_id": {
      "value": "projects/cal-itp-data-infra/serviceAccounts/clean-air-payments-user@cal-itp-data-infra.iam.gserviceaccount.com",
      "type": "string"
    },
    "google_service_account_tfer--104433253766206552796_id": {
      "value": "projects/cal-itp-data-infra/serviceAccounts/github-actions-services-accoun@cal-itp-data-infra.iam.gserviceaccount.com",
      "type": "string"
    },
    "google_service_account_tfer--105781789064132478524_id": {
      "value": "projects/cal-itp-data-infra/serviceAccounts/cc-jarvus-airflow@cal-itp-data-infra.iam.gserviceaccount.com",
      "type": "string"
    },
    "google_service_account_tfer--108192824187785555345_id": {
      "value": "projects/cal-itp-data-infra/serviceAccounts/jupyterlab@cal-itp-data-infra.iam.gserviceaccount.com",
      "type": "string"
    },
    "google_service_account_tfer--108511010517410478567_id": {
      "value": "projects/cal-itp-data-infra/serviceAccounts/backup-preprod@cal-itp-data-infra.iam.gserviceaccount.com",
      "type": "string"
    },
    "google_service_account_tfer--108990031826874583979_id": {
      "value": "projects/cal-itp-data-infra/serviceAccounts/metabase@cal-itp-data-infra.iam.gserviceaccount.com",
      "type": "string"
    },
    "google_service_account_tfer--109486432003654134124_id": {
      "value": "projects/cal-itp-data-infra/serviceAccounts/cal-itp-reports-generation@cal-itp-data-infra.iam.gserviceaccount.com",
      "type": "string"
    },
    "google_service_account_tfer--110811083403587775493_id": {
      "value": "projects/cal-itp-data-infra/serviceAccounts/sbmtd-payments-user@cal-itp-data-infra.iam.gserviceaccount.com",
      "type": "string"
    },
    "google_service_account_tfer--110962145619706212937_id": {
      "value": "projects/cal-itp-data-infra/serviceAccounts/backup-grafana@cal-itp-data-infra.iam.gserviceaccount.com",
      "type": "string"
    },
    "google_service_account_tfer--111041565629350650664_id": {
      "value": "projects/cal-itp-data-infra/serviceAccounts/redwood-coast-transit@cal-itp-data-infra.iam.gserviceaccount.com",
      "type": "string"
    },
    "google_service_account_tfer--111080371999374643299_id": {
      "value": "projects/cal-itp-data-infra/serviceAccounts/gtfs-rt-archiver-test@cal-itp-data-infra.iam.gserviceaccount.com",
      "type": "string"
    },
    "google_service_account_tfer--111148370496926482871_id": {
      "value": "projects/cal-itp-data-infra/serviceAccounts/jyoung-cal-itp@cal-itp-data-infra.iam.gserviceaccount.com",
      "type": "string"
    },
    "google_service_account_tfer--111181631017890268696_id": {
      "value": "projects/cal-itp-data-infra/serviceAccounts/test-natalyaa@cal-itp-data-infra.iam.gserviceaccount.com",
      "type": "string"
    },
    "google_service_account_tfer--111891315267954755979_id": {
      "value": "projects/cal-itp-data-infra/serviceAccounts/lake-transit-authority@cal-itp-data-infra.iam.gserviceaccount.com",
      "type": "string"
    },
    "google_service_account_tfer--112089510539904302491_id": {
      "value": "projects/cal-itp-data-infra/serviceAccounts/sacrt-payments-user@cal-itp-data-infra.iam.gserviceaccount.com",
      "type": "string"
    },
    "google_service_account_tfer--113085154642268227475_id": {
      "value": "projects/cal-itp-data-infra/serviceAccounts/mst-payments-user@cal-itp-data-infra.iam.gserviceaccount.com",
      "type": "string"
    },
    "google_service_account_tfer--113224801129857519602_id": {
      "value": "projects/cal-itp-data-infra/serviceAccounts/mendocino-transit-authority@cal-itp-data-infra.iam.gserviceaccount.com",
      "type": "string"
    },
    "google_service_account_tfer--113512472366715495471_id": {
      "value": "projects/cal-itp-data-infra/serviceAccounts/backup-metabase@cal-itp-data-infra.iam.gserviceaccount.com",
      "type": "string"
    },
    "google_service_account_tfer--114731815246487683241_id": {
      "value": "projects/cal-itp-data-infra/serviceAccounts/bq-transform-svcacct@cal-itp-data-infra.iam.gserviceaccount.com",
      "type": "string"
    },
    "google_service_account_tfer--114755160399419974306_id": {
      "value": "projects/cal-itp-data-infra/serviceAccounts/metabase-payments-team@cal-itp-data-infra.iam.gserviceaccount.com",
      "type": "string"
    },
    "google_service_account_tfer--115285307593924299795_id": {
      "value": "projects/cal-itp-data-infra/serviceAccounts/backups-test@cal-itp-data-infra.iam.gserviceaccount.com",
      "type": "string"
    },
    "google_service_account_tfer--115862066379506089980_id": {
      "value": "projects/cal-itp-data-infra/serviceAccounts/calitp-py-ci@cal-itp-data-infra.iam.gserviceaccount.com",
      "type": "string"
    },
    "google_service_account_tfer--116204646797454087621_id": {
      "value": "projects/cal-itp-data-infra/serviceAccounts/agency-hub-readonly@cal-itp-data-infra.iam.gserviceaccount.com",
      "type": "string"
    },
    "google_service_account_tfer--117250920371991618056_id": {
      "value": "projects/cal-itp-data-infra/serviceAccounts/humboldt-transit-authority@cal-itp-data-infra.iam.gserviceaccount.com",
      "type": "string"
    },
    "google_service_account_tfer--117710413824821071161_id": {
      "value": "projects/cal-itp-data-infra/serviceAccounts/amplitude-export@cal-itp-data-infra.iam.gserviceaccount.com",
      "type": "string"
    },
    "google_service_account_tfer--117956330948086473326_id": {
      "value": "projects/cal-itp-data-infra/serviceAccounts/gtfs-rt-archiver@cal-itp-data-infra.iam.gserviceaccount.com",
      "type": "string"
    },
    "google_service_account_tfer--118350215382382143206_id": {
      "value": "projects/cal-itp-data-infra/serviceAccounts/gh-actions-mobi-mart@cal-itp-data-infra.iam.gserviceaccount.com",
      "type": "string"
    }
  },
  "resources": [
    {
      "mode": "managed",
      "type": "google_project_iam_custom_role",
      "name": "tfer--projects-002F-cal-itp-data-infra-002F-roles-002F-AgencyPaymentsServiceReader",
      "provider": "provider[\"registry.terraform.io/hashicorp/google\"]",
      "instances": [
        {
          "schema_version": 0,
          "attributes_flat": {
            "deleted": "false",
            "description": "Created on: 2022-08-29 Based on: BigQuery Data Viewer, BigQuery Job User, BigQuery Metadata Viewer",
            "id": "projects/cal-itp-data-infra/roles/AgencyPaymentsServiceReader",
            "name": "projects/cal-itp-data-infra/roles/AgencyPaymentsServiceReader",
            "permissions.#": "17",
            "permissions.0": "bigquery.config.get",
            "permissions.1": "bigquery.datasets.get",
            "permissions.10": "bigquery.tables.createSnapshot",
            "permissions.11": "bigquery.tables.export",
            "permissions.12": "bigquery.tables.get",
            "permissions.13": "bigquery.tables.getData",
            "permissions.14": "bigquery.tables.getIamPolicy",
            "permissions.15": "bigquery.tables.list",
            "permissions.16": "resourcemanager.projects.get",
            "permissions.2": "bigquery.datasets.getIamPolicy",
            "permissions.3": "bigquery.jobs.create",
            "permissions.4": "bigquery.models.export",
            "permissions.5": "bigquery.models.getData",
            "permissions.6": "bigquery.models.getMetadata",
            "permissions.7": "bigquery.models.list",
            "permissions.8": "bigquery.routines.get",
            "permissions.9": "bigquery.routines.list",
            "project": "cal-itp-data-infra",
            "role_id": "AgencyPaymentsServiceReader",
            "stage": "GA",
            "title": "Agency Payments Service Reader"
          },
          "sensitive_attributes": []
        }
      ]
    },
    {
      "mode": "managed",
      "type": "google_project_iam_custom_role",
      "name": "tfer--projects-002F-cal-itp-data-infra-002F-roles-002F-DataAnalyst",
      "provider": "provider[\"registry.terraform.io/hashicorp/google\"]",
      "instances": [
        {
          "schema_version": 0,
          "attributes_flat": {
            "deleted": "false",
            "description": "Access to view GCS, admin on analysis bucket, and BigQuery user",
            "id": "projects/cal-itp-data-infra/roles/DataAnalyst",
            "name": "projects/cal-itp-data-infra/roles/DataAnalyst",
            "permissions.#": "28",
            "permissions.0": "bigquery.bireservations.get",
            "permissions.1": "bigquery.capacityCommitments.get",
            "permissions.10": "bigquery.readsessions.create",
            "permissions.11": "bigquery.readsessions.getData",
            "permissions.12": "bigquery.readsessions.update",
            "permissions.13": "bigquery.reservationAssignments.list",
            "permissions.14": "bigquery.reservationAssignments.search",
            "permissions.15": "bigquery.reservations.get",
            "permissions.16": "bigquery.reservations.list",
            "permissions.17": "bigquery.routines.list",
            "permissions.18": "bigquery.savedqueries.get",
            "permissions.19": "bigquery.savedqueries.list",
            "permissions.2": "bigquery.capacityCommitments.list",
            "permissions.20": "bigquery.tables.get",
            "permissions.21": "bigquery.tables.getData",
            "permissions.22": "bigquery.tables.list",
            "permissions.23": "resourcemanager.projects.get",
            "permissions.24": "storage.buckets.get",
            "permissions.25": "storage.buckets.list",
            "permissions.26": "storage.objects.get",
            "permissions.27": "storage.objects.list",
            "permissions.3": "bigquery.config.get",
            "permissions.4": "bigquery.datasets.create",
            "permissions.5": "bigquery.datasets.get",
            "permissions.6": "bigquery.datasets.getIamPolicy",
            "permissions.7": "bigquery.jobs.create",
            "permissions.8": "bigquery.jobs.list",
            "permissions.9": "bigquery.models.list",
            "project": "cal-itp-data-infra",
            "role_id": "DataAnalyst",
            "stage": "",
            "title": "Data Analyst"
          },
          "sensitive_attributes": []
        }
      ]
    },
    {
      "mode": "managed",
      "type": "google_project_iam_member",
      "name": "tfer--projects-002F-cal-itp-data-infra-002F-roles-002F-AgencyPaymentsServiceReaderserviceAccount-003A-atn-payments-user-0040-cal-itp-data-infra-002E-iam-002E-gserviceaccount-002E-com",
      "provider": "provider[\"registry.terraform.io/hashicorp/google\"]",
      "instances": [
        {
          "schema_version": 0,
          "attributes_flat": {
            "condition.#": "0",
            "etag": "BwYtfq6/NWM=",
            "id": "projects/cal-itp-data-infra/roles/AgencyPaymentsServiceReaderserviceAccount:atn-payments-user@cal-itp-data-infra.iam.gserviceaccount.com",
            "member": "serviceAccount:atn-payments-user@cal-itp-data-infra.iam.gserviceaccount.com",
            "project": "cal-itp-data-infra",
            "role": "projects/cal-itp-data-infra/roles/AgencyPaymentsServiceReader"
          },
          "sensitive_attributes": []
        }
      ]
    },
    {
      "mode": "managed",
      "type": "google_project_iam_member",
      "name": "tfer--projects-002F-cal-itp-data-infra-002F-roles-002F-AgencyPaymentsServiceReaderserviceAccount-003A-ccjpa-payments-user-0040-cal-itp-data-infra-002E-iam-002E-gserviceaccount-002E-com",
      "provider": "provider[\"registry.terraform.io/hashicorp/google\"]",
      "instances": [
        {
          "schema_version": 0,
          "attributes_flat": {
            "condition.#": "0",
            "etag": "BwYtfq6/NWM=",
            "id": "projects/cal-itp-data-infra/roles/AgencyPaymentsServiceReaderserviceAccount:ccjpa-payments-user@cal-itp-data-infra.iam.gserviceaccount.com",
            "member": "serviceAccount:ccjpa-payments-user@cal-itp-data-infra.iam.gserviceaccount.com",
            "project": "cal-itp-data-infra",
            "role": "projects/cal-itp-data-infra/roles/AgencyPaymentsServiceReader"
          },
          "sensitive_attributes": []
        }
      ]
    },
    {
      "mode": "managed",
      "type": "google_project_iam_member",
      "name": "tfer--projects-002F-cal-itp-data-infra-002F-roles-002F-AgencyPaymentsServiceReaderserviceAccount-003A-clean-air-payments-user-0040-cal-itp-data-infra-002E-iam-002E-gserviceaccount-002E-com",
      "provider": "provider[\"registry.terraform.io/hashicorp/google\"]",
      "instances": [
        {
          "schema_version": 0,
          "attributes_flat": {
            "condition.#": "0",
            "etag": "BwYtfq6/NWM=",
            "id": "projects/cal-itp-data-infra/roles/AgencyPaymentsServiceReaderserviceAccount:clean-air-payments-user@cal-itp-data-infra.iam.gserviceaccount.com",
            "member": "serviceAccount:clean-air-payments-user@cal-itp-data-infra.iam.gserviceaccount.com",
            "project": "cal-itp-data-infra",
            "role": "projects/cal-itp-data-infra/roles/AgencyPaymentsServiceReader"
          },
          "sensitive_attributes": []
        }
      ]
    },
    {
      "mode": "managed",
      "type": "google_project_iam_member",
      "name": "tfer--projects-002F-cal-itp-data-infra-002F-roles-002F-AgencyPaymentsServiceReaderserviceAccount-003A-humboldt-transit-authority-0040-cal-itp-data-infra-002E-iam-002E-gserviceaccount-002E-com",
      "provider": "provider[\"registry.terraform.io/hashicorp/google\"]",
      "instances": [
        {
          "schema_version": 0,
          "attributes_flat": {
            "condition.#": "0",
            "etag": "BwYtfq6/NWM=",
            "id": "projects/cal-itp-data-infra/roles/AgencyPaymentsServiceReaderserviceAccount:humboldt-transit-authority@cal-itp-data-infra.iam.gserviceaccount.com",
            "member": "serviceAccount:humboldt-transit-authority@cal-itp-data-infra.iam.gserviceaccount.com",
            "project": "cal-itp-data-infra",
            "role": "projects/cal-itp-data-infra/roles/AgencyPaymentsServiceReader"
          },
          "sensitive_attributes": []
        }
      ]
    },
    {
      "mode": "managed",
      "type": "google_project_iam_member",
      "name": "tfer--projects-002F-cal-itp-data-infra-002F-roles-002F-AgencyPaymentsServiceReaderserviceAccount-003A-lake-transit-authority-0040-cal-itp-data-infra-002E-iam-002E-gserviceaccount-002E-com",
      "provider": "provider[\"registry.terraform.io/hashicorp/google\"]",
      "instances": [
        {
          "schema_version": 0,
          "attributes_flat": {
            "condition.#": "0",
            "etag": "BwYtfq6/NWM=",
            "id": "projects/cal-itp-data-infra/roles/AgencyPaymentsServiceReaderserviceAccount:lake-transit-authority@cal-itp-data-infra.iam.gserviceaccount.com",
            "member": "serviceAccount:lake-transit-authority@cal-itp-data-infra.iam.gserviceaccount.com",
            "project": "cal-itp-data-infra",
            "role": "projects/cal-itp-data-infra/roles/AgencyPaymentsServiceReader"
          },
          "sensitive_attributes": []
        }
      ]
    },
    {
      "mode": "managed",
      "type": "google_project_iam_member",
      "name": "tfer--projects-002F-cal-itp-data-infra-002F-roles-002F-AgencyPaymentsServiceReaderserviceAccount-003A-mendocino-transit-authority-0040-cal-itp-data-infra-002E-iam-002E-gserviceaccount-002E-com",
      "provider": "provider[\"registry.terraform.io/hashicorp/google\"]",
      "instances": [
        {
          "schema_version": 0,
          "attributes_flat": {
            "condition.#": "0",
            "etag": "BwYtfq6/NWM=",
            "id": "projects/cal-itp-data-infra/roles/AgencyPaymentsServiceReaderserviceAccount:mendocino-transit-authority@cal-itp-data-infra.iam.gserviceaccount.com",
            "member": "serviceAccount:mendocino-transit-authority@cal-itp-data-infra.iam.gserviceaccount.com",
            "project": "cal-itp-data-infra",
            "role": "projects/cal-itp-data-infra/roles/AgencyPaymentsServiceReader"
          },
          "sensitive_attributes": []
        }
      ]
    },
    {
      "mode": "managed",
      "type": "google_project_iam_member",
      "name": "tfer--projects-002F-cal-itp-data-infra-002F-roles-002F-AgencyPaymentsServiceReaderserviceAccount-003A-mst-payments-user-0040-cal-itp-data-infra-002E-iam-002E-gserviceaccount-002E-com",
      "provider": "provider[\"registry.terraform.io/hashicorp/google\"]",
      "instances": [
        {
          "schema_version": 0,
          "attributes_flat": {
            "condition.#": "0",
            "etag": "BwYtfq6/NWM=",
            "id": "projects/cal-itp-data-infra/roles/AgencyPaymentsServiceReaderserviceAccount:mst-payments-user@cal-itp-data-infra.iam.gserviceaccount.com",
            "member": "serviceAccount:mst-payments-user@cal-itp-data-infra.iam.gserviceaccount.com",
            "project": "cal-itp-data-infra",
            "role": "projects/cal-itp-data-infra/roles/AgencyPaymentsServiceReader"
          },
          "sensitive_attributes": []
        }
      ]
    },
    {
      "mode": "managed",
      "type": "google_project_iam_member",
      "name": "tfer--projects-002F-cal-itp-data-infra-002F-roles-002F-AgencyPaymentsServiceReaderserviceAccount-003A-redwood-coast-transit-0040-cal-itp-data-infra-002E-iam-002E-gserviceaccount-002E-com",
      "provider": "provider[\"registry.terraform.io/hashicorp/google\"]",
      "instances": [
        {
          "schema_version": 0,
          "attributes_flat": {
            "condition.#": "0",
            "etag": "BwYtfq6/NWM=",
            "id": "projects/cal-itp-data-infra/roles/AgencyPaymentsServiceReaderserviceAccount:redwood-coast-transit@cal-itp-data-infra.iam.gserviceaccount.com",
            "member": "serviceAccount:redwood-coast-transit@cal-itp-data-infra.iam.gserviceaccount.com",
            "project": "cal-itp-data-infra",
            "role": "projects/cal-itp-data-infra/roles/AgencyPaymentsServiceReader"
          },
          "sensitive_attributes": []
        }
      ]
    },
    {
      "mode": "managed",
      "type": "google_project_iam_member",
      "name": "tfer--projects-002F-cal-itp-data-infra-002F-roles-002F-AgencyPaymentsServiceReaderserviceAccount-003A-sacrt-payments-user-0040-cal-itp-data-infra-002E-iam-002E-gserviceaccount-002E-com",
      "provider": "provider[\"registry.terraform.io/hashicorp/google\"]",
      "instances": [
        {
          "schema_version": 0,
          "attributes_flat": {
            "condition.#": "0",
            "etag": "BwYtfq6/NWM=",
            "id": "projects/cal-itp-data-infra/roles/AgencyPaymentsServiceReaderserviceAccount:sacrt-payments-user@cal-itp-data-infra.iam.gserviceaccount.com",
            "member": "serviceAccount:sacrt-payments-user@cal-itp-data-infra.iam.gserviceaccount.com",
            "project": "cal-itp-data-infra",
            "role": "projects/cal-itp-data-infra/roles/AgencyPaymentsServiceReader"
          },
          "sensitive_attributes": []
        }
      ]
    },
    {
      "mode": "managed",
      "type": "google_project_iam_member",
      "name": "tfer--projects-002F-cal-itp-data-infra-002F-roles-002F-AgencyPaymentsServiceReaderserviceAccount-003A-sbmtd-payments-user-0040-cal-itp-data-infra-002E-iam-002E-gserviceaccount-002E-com",
      "provider": "provider[\"registry.terraform.io/hashicorp/google\"]",
      "instances": [
        {
          "schema_version": 0,
          "attributes_flat": {
            "condition.#": "0",
            "etag": "BwYtfq6/NWM=",
            "id": "projects/cal-itp-data-infra/roles/AgencyPaymentsServiceReaderserviceAccount:sbmtd-payments-user@cal-itp-data-infra.iam.gserviceaccount.com",
            "member": "serviceAccount:sbmtd-payments-user@cal-itp-data-infra.iam.gserviceaccount.com",
            "project": "cal-itp-data-infra",
            "role": "projects/cal-itp-data-infra/roles/AgencyPaymentsServiceReader"
          },
          "sensitive_attributes": []
        }
      ]
    },
    {
      "mode": "managed",
      "type": "google_project_iam_member",
      "name": "tfer--roles-002F-appengine-002E-serviceAgentserviceAccount-003A-service-1005246706141-0040-gcp-gae-service-002E-iam-002E-gserviceaccount-002E-com",
      "provider": "provider[\"registry.terraform.io/hashicorp/google\"]",
      "instances": [
        {
          "schema_version": 0,
          "attributes_flat": {
            "condition.#": "0",
            "etag": "BwYtfq6/NWM=",
            "id": "roles/appengine.serviceAgentserviceAccount:service-1005246706141@gcp-gae-service.iam.gserviceaccount.com",
            "member": "serviceAccount:service-1005246706141@gcp-gae-service.iam.gserviceaccount.com",
            "project": "cal-itp-data-infra",
            "role": "roles/appengine.serviceAgent"
          },
          "sensitive_attributes": []
        }
      ]
    },
    {
      "mode": "managed",
      "type": "google_project_iam_member",
      "name": "tfer--roles-002F-appengineflex-002E-serviceAgentserviceAccount-003A-service-1005246706141-0040-gae-api-prod-002E-google-002E-com-002E-iam-002E-gserviceaccount-002E-com",
      "provider": "provider[\"registry.terraform.io/hashicorp/google\"]",
      "instances": [
        {
          "schema_version": 0,
          "attributes_flat": {
            "condition.#": "0",
            "etag": "BwYtfq6/NWM=",
            "id": "roles/appengineflex.serviceAgentserviceAccount:service-1005246706141@gae-api-prod.google.com.iam.gserviceaccount.com",
            "member": "serviceAccount:service-1005246706141@gae-api-prod.google.com.iam.gserviceaccount.com",
            "project": "cal-itp-data-infra",
            "role": "roles/appengineflex.serviceAgent"
          },
          "sensitive_attributes": []
        }
      ]
    },
    {
      "mode": "managed",
      "type": "google_project_iam_member",
      "name": "tfer--roles-002F-artifactregistry-002E-serviceAgentserviceAccount-003A-service-1005246706141-0040-gcp-sa-artifactregistry-002E-iam-002E-gserviceaccount-002E-com",
      "provider": "provider[\"registry.terraform.io/hashicorp/google\"]",
      "instances": [
        {
          "schema_version": 0,
          "attributes_flat": {
            "condition.#": "0",
            "etag": "BwYtfq6/NWM=",
            "id": "roles/artifactregistry.serviceAgentserviceAccount:service-1005246706141@gcp-sa-artifactregistry.iam.gserviceaccount.com",
            "member": "serviceAccount:service-1005246706141@gcp-sa-artifactregistry.iam.gserviceaccount.com",
            "project": "cal-itp-data-infra",
            "role": "roles/artifactregistry.serviceAgent"
          },
          "sensitive_attributes": []
        }
      ]
    },
    {
      "mode": "managed",
      "type": "google_project_iam_member",
      "name": "tfer--roles-002F-bigquery-002E-adminserviceAccount-003A-bq-transform-svcacct-0040-cal-itp-data-infra-002E-iam-002E-gserviceaccount-002E-com",
      "provider": "provider[\"registry.terraform.io/hashicorp/google\"]",
      "instances": [
        {
          "schema_version": 0,
          "attributes_flat": {
            "condition.#": "0",
            "etag": "BwYtfq6/NWM=",
            "id": "roles/bigquery.adminserviceAccount:bq-transform-svcacct@cal-itp-data-infra.iam.gserviceaccount.com",
            "member": "serviceAccount:bq-transform-svcacct@cal-itp-data-infra.iam.gserviceaccount.com",
            "project": "cal-itp-data-infra",
            "role": "roles/bigquery.admin"
          },
          "sensitive_attributes": []
        }
      ]
    },
    {
      "mode": "managed",
      "type": "google_project_iam_member",
      "name": "tfer--roles-002F-bigquery-002E-dataEditorserviceAccount-003A-bq-transform-svcacct-0040-cal-itp-data-infra-002E-iam-002E-gserviceaccount-002E-com",
      "provider": "provider[\"registry.terraform.io/hashicorp/google\"]",
      "instances": [
        {
          "schema_version": 0,
          "attributes_flat": {
            "condition.#": "0",
            "etag": "BwYtfq6/NWM=",
            "id": "roles/bigquery.dataEditorserviceAccount:bq-transform-svcacct@cal-itp-data-infra.iam.gserviceaccount.com",
            "member": "serviceAccount:bq-transform-svcacct@cal-itp-data-infra.iam.gserviceaccount.com",
            "project": "cal-itp-data-infra",
            "role": "roles/bigquery.dataEditor"
          },
          "sensitive_attributes": []
        }
      ]
    },
    {
      "mode": "managed",
      "type": "google_project_iam_member",
      "name": "tfer--roles-002F-bigquery-002E-dataEditorserviceAccount-003A-composer2-service-account-0040-cal-itp-data-infra-002E-iam-002E-gserviceaccount-002E-com",
      "provider": "provider[\"registry.terraform.io/hashicorp/google\"]",
      "instances": [
        {
          "schema_version": 0,
          "attributes_flat": {
            "condition.#": "0",
            "etag": "BwYtfq6/NWM=",
            "id": "roles/bigquery.dataEditorserviceAccount:composer2-service-account@cal-itp-data-infra.iam.gserviceaccount.com",
            "member": "serviceAccount:composer2-service-account@cal-itp-data-infra.iam.gserviceaccount.com",
            "project": "cal-itp-data-infra",
            "role": "roles/bigquery.dataEditor"
          },
          "sensitive_attributes": []
        }
      ]
    },
    {
      "mode": "managed",
      "type": "google_project_iam_member",
      "name": "tfer--roles-002F-bigquery-002E-dataViewerserviceAccount-003A-473674835135-compute-0040-developer-002E-gserviceaccount-002E-com",
      "provider": "provider[\"registry.terraform.io/hashicorp/google\"]",
      "instances": [
        {
          "schema_version": 0,
          "attributes_flat": {
            "condition.#": "0",
            "etag": "BwYtfq6/NWM=",
            "id": "roles/bigquery.dataViewerserviceAccount:473674835135-compute@developer.gserviceaccount.com",
            "member": "serviceAccount:473674835135-compute@developer.gserviceaccount.com",
            "project": "cal-itp-data-infra",
            "role": "roles/bigquery.dataViewer"
          },
          "sensitive_attributes": []
        }
      ]
    },
    {
      "mode": "managed",
      "type": "google_project_iam_member",
      "name": "tfer--roles-002F-bigquery-002E-dataViewerserviceAccount-003A-calitp-py-ci-0040-cal-itp-data-infra-002E-iam-002E-gserviceaccount-002E-com",
      "provider": "provider[\"registry.terraform.io/hashicorp/google\"]",
      "instances": [
        {
          "schema_version": 0,
          "attributes_flat": {
            "condition.#": "0",
            "etag": "BwYtfq6/NWM=",
            "id": "roles/bigquery.dataViewerserviceAccount:calitp-py-ci@cal-itp-data-infra.iam.gserviceaccount.com",
            "member": "serviceAccount:calitp-py-ci@cal-itp-data-infra.iam.gserviceaccount.com",
            "project": "cal-itp-data-infra",
            "role": "roles/bigquery.dataViewer"
          },
          "sensitive_attributes": []
        }
      ]
    },
    {
      "mode": "managed",
      "type": "google_project_iam_member",
      "name": "tfer--roles-002F-bigquery-002E-dataViewerserviceAccount-003A-gh-actions-mobi-mart-0040-cal-itp-data-infra-002E-iam-002E-gserviceaccount-002E-com",
      "provider": "provider[\"registry.terraform.io/hashicorp/google\"]",
      "instances": [
        {
          "schema_version": 0,
          "attributes_flat": {
            "condition.#": "0",
            "etag": "BwYtfq6/NWM=",
            "id": "roles/bigquery.dataViewerserviceAccount:gh-actions-mobi-mart@cal-itp-data-infra.iam.gserviceaccount.com",
            "member": "serviceAccount:gh-actions-mobi-mart@cal-itp-data-infra.iam.gserviceaccount.com",
            "project": "cal-itp-data-infra",
            "role": "roles/bigquery.dataViewer"
          },
          "sensitive_attributes": []
        }
      ]
    },
    {
      "mode": "managed",
      "type": "google_project_iam_member",
      "name": "tfer--roles-002F-bigquery-002E-dataViewerserviceAccount-003A-github-actions-services-accoun-0040-cal-itp-data-infra-002E-iam-002E-gserviceaccount-002E-com",
      "provider": "provider[\"registry.terraform.io/hashicorp/google\"]",
      "instances": [
        {
          "schema_version": 0,
          "attributes_flat": {
            "condition.#": "0",
            "etag": "BwYtfq6/NWM=",
            "id": "roles/bigquery.dataViewerserviceAccount:github-actions-services-accoun@cal-itp-data-infra.iam.gserviceaccount.com",
            "member": "serviceAccount:github-actions-services-accoun@cal-itp-data-infra.iam.gserviceaccount.com",
            "project": "cal-itp-data-infra",
            "role": "roles/bigquery.dataViewer"
          },
          "sensitive_attributes": []
        }
      ]
    },
    {
      "mode": "managed",
      "type": "google_project_iam_member",
      "name": "tfer--roles-002F-bigquery-002E-dataViewerserviceAccount-003A-jupyterlab-0040-cal-itp-data-infra-002E-iam-002E-gserviceaccount-002E-com",
      "provider": "provider[\"registry.terraform.io/hashicorp/google\"]",
      "instances": [
        {
          "schema_version": 0,
          "attributes_flat": {
            "condition.#": "0",
            "etag": "BwYtfq6/NWM=",
            "id": "roles/bigquery.dataViewerserviceAccount:jupyterlab@cal-itp-data-infra.iam.gserviceaccount.com",
            "member": "serviceAccount:jupyterlab@cal-itp-data-infra.iam.gserviceaccount.com",
            "project": "cal-itp-data-infra",
            "role": "roles/bigquery.dataViewer"
          },
          "sensitive_attributes": []
        }
      ]
    },
    {
      "mode": "managed",
      "type": "google_project_iam_member",
      "name": "tfer--roles-002F-bigquery-002E-dataViewerserviceAccount-003A-metabase-0040-cal-itp-data-infra-002E-iam-002E-gserviceaccount-002E-com",
      "provider": "provider[\"registry.terraform.io/hashicorp/google\"]",
      "instances": [
        {
          "schema_version": 0,
          "attributes_flat": {
            "condition.#": "0",
            "etag": "BwYtfq6/NWM=",
            "id": "roles/bigquery.dataViewerserviceAccount:metabase@cal-itp-data-infra.iam.gserviceaccount.com",
            "member": "serviceAccount:metabase@cal-itp-data-infra.iam.gserviceaccount.com",
            "project": "cal-itp-data-infra",
            "role": "roles/bigquery.dataViewer"
          },
          "sensitive_attributes": []
        }
      ]
    },
    {
      "mode": "managed",
      "type": "google_project_iam_member",
      "name": "tfer--roles-002F-bigquery-002E-dataViewerserviceAccount-003A-metabase-payments-team-0040-cal-itp-data-infra-002E-iam-002E-gserviceaccount-002E-com",
      "provider": "provider[\"registry.terraform.io/hashicorp/google\"]",
      "instances": [
        {
          "schema_version": 0,
          "attributes_flat": {
            "condition.#": "0",
            "etag": "BwYtfq6/NWM=",
            "id": "roles/bigquery.dataViewerserviceAccount:metabase-payments-team@cal-itp-data-infra.iam.gserviceaccount.com",
            "member": "serviceAccount:metabase-payments-team@cal-itp-data-infra.iam.gserviceaccount.com",
            "project": "cal-itp-data-infra",
            "role": "roles/bigquery.dataViewer"
          },
          "sensitive_attributes": []
        }
      ]
    },
    {
      "mode": "managed",
      "type": "google_project_iam_member",
      "name": "tfer--roles-002F-bigquery-002E-jobUserserviceAccount-003A-473674835135-compute-0040-developer-002E-gserviceaccount-002E-com",
      "provider": "provider[\"registry.terraform.io/hashicorp/google\"]",
      "instances": [
        {
          "schema_version": 0,
          "attributes_flat": {
            "condition.#": "0",
            "etag": "BwYtfq6/NWM=",
            "id": "roles/bigquery.jobUserserviceAccount:473674835135-compute@developer.gserviceaccount.com",
            "member": "serviceAccount:473674835135-compute@developer.gserviceaccount.com",
            "project": "cal-itp-data-infra",
            "role": "roles/bigquery.jobUser"
          },
          "sensitive_attributes": []
        }
      ]
    },
    {
      "mode": "managed",
      "type": "google_project_iam_member",
      "name": "tfer--roles-002F-bigquery-002E-jobUserserviceAccount-003A-calitp-py-ci-0040-cal-itp-data-infra-002E-iam-002E-gserviceaccount-002E-com",
      "provider": "provider[\"registry.terraform.io/hashicorp/google\"]",
      "instances": [
        {
          "schema_version": 0,
          "attributes_flat": {
            "condition.#": "0",
            "etag": "BwYtfq6/NWM=",
            "id": "roles/bigquery.jobUserserviceAccount:calitp-py-ci@cal-itp-data-infra.iam.gserviceaccount.com",
            "member": "serviceAccount:calitp-py-ci@cal-itp-data-infra.iam.gserviceaccount.com",
            "project": "cal-itp-data-infra",
            "role": "roles/bigquery.jobUser"
          },
          "sensitive_attributes": []
        }
      ]
    },
    {
      "mode": "managed",
      "type": "google_project_iam_member",
      "name": "tfer--roles-002F-bigquery-002E-jobUserserviceAccount-003A-composer2-service-account-0040-cal-itp-data-infra-002E-iam-002E-gserviceaccount-002E-com",
      "provider": "provider[\"registry.terraform.io/hashicorp/google\"]",
      "instances": [
        {
          "schema_version": 0,
          "attributes_flat": {
            "condition.#": "0",
            "etag": "BwYtfq6/NWM=",
            "id": "roles/bigquery.jobUserserviceAccount:composer2-service-account@cal-itp-data-infra.iam.gserviceaccount.com",
            "member": "serviceAccount:composer2-service-account@cal-itp-data-infra.iam.gserviceaccount.com",
            "project": "cal-itp-data-infra",
            "role": "roles/bigquery.jobUser"
          },
          "sensitive_attributes": []
        }
      ]
    },
    {
      "mode": "managed",
      "type": "google_project_iam_member",
      "name": "tfer--roles-002F-bigquery-002E-jobUserserviceAccount-003A-gh-actions-mobi-mart-0040-cal-itp-data-infra-002E-iam-002E-gserviceaccount-002E-com",
      "provider": "provider[\"registry.terraform.io/hashicorp/google\"]",
      "instances": [
        {
          "schema_version": 0,
          "attributes_flat": {
            "condition.#": "0",
            "etag": "BwYtfq6/NWM=",
            "id": "roles/bigquery.jobUserserviceAccount:gh-actions-mobi-mart@cal-itp-data-infra.iam.gserviceaccount.com",
            "member": "serviceAccount:gh-actions-mobi-mart@cal-itp-data-infra.iam.gserviceaccount.com",
            "project": "cal-itp-data-infra",
            "role": "roles/bigquery.jobUser"
          },
          "sensitive_attributes": []
        }
      ]
    },
    {
      "mode": "managed",
      "type": "google_project_iam_member",
      "name": "tfer--roles-002F-bigquery-002E-jobUserserviceAccount-003A-github-actions-services-accoun-0040-cal-itp-data-infra-002E-iam-002E-gserviceaccount-002E-com",
      "provider": "provider[\"registry.terraform.io/hashicorp/google\"]",
      "instances": [
        {
          "schema_version": 0,
          "attributes_flat": {
            "condition.#": "0",
            "etag": "BwYtfq6/NWM=",
            "id": "roles/bigquery.jobUserserviceAccount:github-actions-services-accoun@cal-itp-data-infra.iam.gserviceaccount.com",
            "member": "serviceAccount:github-actions-services-accoun@cal-itp-data-infra.iam.gserviceaccount.com",
            "project": "cal-itp-data-infra",
            "role": "roles/bigquery.jobUser"
          },
          "sensitive_attributes": []
        }
      ]
    },
    {
      "mode": "managed",
      "type": "google_project_iam_member",
      "name": "tfer--roles-002F-bigquery-002E-jobUserserviceAccount-003A-jupyterlab-0040-cal-itp-data-infra-002E-iam-002E-gserviceaccount-002E-com",
      "provider": "provider[\"registry.terraform.io/hashicorp/google\"]",
      "instances": [
        {
          "schema_version": 0,
          "attributes_flat": {
            "condition.#": "0",
            "etag": "BwYtfq6/NWM=",
            "id": "roles/bigquery.jobUserserviceAccount:jupyterlab@cal-itp-data-infra.iam.gserviceaccount.com",
            "member": "serviceAccount:jupyterlab@cal-itp-data-infra.iam.gserviceaccount.com",
            "project": "cal-itp-data-infra",
            "role": "roles/bigquery.jobUser"
          },
          "sensitive_attributes": []
        }
      ]
    },
    {
      "mode": "managed",
      "type": "google_project_iam_member",
      "name": "tfer--roles-002F-bigquery-002E-jobUserserviceAccount-003A-metabase-0040-cal-itp-data-infra-002E-iam-002E-gserviceaccount-002E-com",
      "provider": "provider[\"registry.terraform.io/hashicorp/google\"]",
      "instances": [
        {
          "schema_version": 0,
          "attributes_flat": {
            "condition.#": "0",
            "etag": "BwYtfq6/NWM=",
            "id": "roles/bigquery.jobUserserviceAccount:metabase@cal-itp-data-infra.iam.gserviceaccount.com",
            "member": "serviceAccount:metabase@cal-itp-data-infra.iam.gserviceaccount.com",
            "project": "cal-itp-data-infra",
            "role": "roles/bigquery.jobUser"
          },
          "sensitive_attributes": []
        }
      ]
    },
    {
      "mode": "managed",
      "type": "google_project_iam_member",
      "name": "tfer--roles-002F-bigquery-002E-jobUserserviceAccount-003A-metabase-payments-team-0040-cal-itp-data-infra-002E-iam-002E-gserviceaccount-002E-com",
      "provider": "provider[\"registry.terraform.io/hashicorp/google\"]",
      "instances": [
        {
          "schema_version": 0,
          "attributes_flat": {
            "condition.#": "0",
            "etag": "BwYtfq6/NWM=",
            "id": "roles/bigquery.jobUserserviceAccount:metabase-payments-team@cal-itp-data-infra.iam.gserviceaccount.com",
            "member": "serviceAccount:metabase-payments-team@cal-itp-data-infra.iam.gserviceaccount.com",
            "project": "cal-itp-data-infra",
            "role": "roles/bigquery.jobUser"
          },
          "sensitive_attributes": []
        }
      ]
    },
    {
      "mode": "managed",
      "type": "google_project_iam_member",
      "name": "tfer--roles-002F-bigquery-002E-metadataViewerserviceAccount-003A-jupyterlab-0040-cal-itp-data-infra-002E-iam-002E-gserviceaccount-002E-com",
      "provider": "provider[\"registry.terraform.io/hashicorp/google\"]",
      "instances": [
        {
          "schema_version": 0,
          "attributes_flat": {
            "condition.#": "0",
            "etag": "BwYtfq6/NWM=",
            "id": "roles/bigquery.metadataViewerserviceAccount:jupyterlab@cal-itp-data-infra.iam.gserviceaccount.com",
            "member": "serviceAccount:jupyterlab@cal-itp-data-infra.iam.gserviceaccount.com",
            "project": "cal-itp-data-infra",
            "role": "roles/bigquery.metadataViewer"
          },
          "sensitive_attributes": []
        }
      ]
    },
    {
      "mode": "managed",
      "type": "google_project_iam_member",
      "name": "tfer--roles-002F-bigquery-002E-metadataViewerserviceAccount-003A-metabase-0040-cal-itp-data-infra-002E-iam-002E-gserviceaccount-002E-com",
      "provider": "provider[\"registry.terraform.io/hashicorp/google\"]",
      "instances": [
        {
          "schema_version": 0,
          "attributes_flat": {
            "condition.#": "0",
            "etag": "BwYtfq6/NWM=",
            "id": "roles/bigquery.metadataViewerserviceAccount:metabase@cal-itp-data-infra.iam.gserviceaccount.com",
            "member": "serviceAccount:metabase@cal-itp-data-infra.iam.gserviceaccount.com",
            "project": "cal-itp-data-infra",
            "role": "roles/bigquery.metadataViewer"
          },
          "sensitive_attributes": []
        }
      ]
    },
    {
      "mode": "managed",
      "type": "google_project_iam_member",
      "name": "tfer--roles-002F-bigquery-002E-metadataViewerserviceAccount-003A-metabase-payments-team-0040-cal-itp-data-infra-002E-iam-002E-gserviceaccount-002E-com",
      "provider": "provider[\"registry.terraform.io/hashicorp/google\"]",
      "instances": [
        {
          "schema_version": 0,
          "attributes_flat": {
            "condition.#": "0",
            "etag": "BwYtfq6/NWM=",
            "id": "roles/bigquery.metadataViewerserviceAccount:metabase-payments-team@cal-itp-data-infra.iam.gserviceaccount.com",
            "member": "serviceAccount:metabase-payments-team@cal-itp-data-infra.iam.gserviceaccount.com",
            "project": "cal-itp-data-infra",
            "role": "roles/bigquery.metadataViewer"
          },
          "sensitive_attributes": []
        }
      ]
    },
    {
      "mode": "managed",
      "type": "google_project_iam_member",
      "name": "tfer--roles-002F-bigquery-002E-readSessionUserserviceAccount-003A-github-actions-services-accoun-0040-cal-itp-data-infra-002E-iam-002E-gserviceaccount-002E-com",
      "provider": "provider[\"registry.terraform.io/hashicorp/google\"]",
      "instances": [
        {
          "schema_version": 0,
          "attributes_flat": {
            "condition.#": "0",
            "etag": "BwYtfq6/NWM=",
            "id": "roles/bigquery.readSessionUserserviceAccount:github-actions-services-accoun@cal-itp-data-infra.iam.gserviceaccount.com",
            "member": "serviceAccount:github-actions-services-accoun@cal-itp-data-infra.iam.gserviceaccount.com",
            "project": "cal-itp-data-infra",
            "role": "roles/bigquery.readSessionUser"
          },
          "sensitive_attributes": []
        }
      ]
    },
    {
      "mode": "managed",
      "type": "google_project_iam_member",
      "name": "tfer--roles-002F-bigquery-002E-readSessionUserserviceAccount-003A-jupyterlab-0040-cal-itp-data-infra-002E-iam-002E-gserviceaccount-002E-com",
      "provider": "provider[\"registry.terraform.io/hashicorp/google\"]",
      "instances": [
        {
          "schema_version": 0,
          "attributes_flat": {
            "condition.#": "0",
            "etag": "BwYtfq6/NWM=",
            "id": "roles/bigquery.readSessionUserserviceAccount:jupyterlab@cal-itp-data-infra.iam.gserviceaccount.com",
            "member": "serviceAccount:jupyterlab@cal-itp-data-infra.iam.gserviceaccount.com",
            "project": "cal-itp-data-infra",
            "role": "roles/bigquery.readSessionUser"
          },
          "sensitive_attributes": []
        }
      ]
    },
    {
      "mode": "managed",
      "type": "google_project_iam_member",
      "name": "tfer--roles-002F-bigquery-002E-userserviceAccount-003A-473674835135-compute-0040-developer-002E-gserviceaccount-002E-com",
      "provider": "provider[\"registry.terraform.io/hashicorp/google\"]",
      "instances": [
        {
          "schema_version": 0,
          "attributes_flat": {
            "condition.#": "0",
            "etag": "BwYtfq6/NWM=",
            "id": "roles/bigquery.userserviceAccount:473674835135-compute@developer.gserviceaccount.com",
            "member": "serviceAccount:473674835135-compute@developer.gserviceaccount.com",
            "project": "cal-itp-data-infra",
            "role": "roles/bigquery.user"
          },
          "sensitive_attributes": []
        }
      ]
    },
    {
      "mode": "managed",
      "type": "google_project_iam_member",
      "name": "tfer--roles-002F-bigquery-002E-userserviceAccount-003A-bq-transform-svcacct-0040-cal-itp-data-infra-002E-iam-002E-gserviceaccount-002E-com",
      "provider": "provider[\"registry.terraform.io/hashicorp/google\"]",
      "instances": [
        {
          "schema_version": 0,
          "attributes_flat": {
            "condition.#": "0",
            "etag": "BwYtfq6/NWM=",
            "id": "roles/bigquery.userserviceAccount:bq-transform-svcacct@cal-itp-data-infra.iam.gserviceaccount.com",
            "member": "serviceAccount:bq-transform-svcacct@cal-itp-data-infra.iam.gserviceaccount.com",
            "project": "cal-itp-data-infra",
            "role": "roles/bigquery.user"
          },
          "sensitive_attributes": []
        }
      ]
    },
    {
      "mode": "managed",
      "type": "google_project_iam_member",
      "name": "tfer--roles-002F-bigquery-002E-userserviceAccount-003A-calitp-py-ci-0040-cal-itp-data-infra-002E-iam-002E-gserviceaccount-002E-com",
      "provider": "provider[\"registry.terraform.io/hashicorp/google\"]",
      "instances": [
        {
          "schema_version": 0,
          "attributes_flat": {
            "condition.#": "0",
            "etag": "BwYtfq6/NWM=",
            "id": "roles/bigquery.userserviceAccount:calitp-py-ci@cal-itp-data-infra.iam.gserviceaccount.com",
            "member": "serviceAccount:calitp-py-ci@cal-itp-data-infra.iam.gserviceaccount.com",
            "project": "cal-itp-data-infra",
            "role": "roles/bigquery.user"
          },
          "sensitive_attributes": []
        }
      ]
    },
    {
      "mode": "managed",
      "type": "google_project_iam_member",
      "name": "tfer--roles-002F-bigquerydatatransfer-002E-serviceAgentserviceAccount-003A-service-1005246706141-0040-gcp-sa-bigquerydatatransfer-002E-iam-002E-gserviceaccount-002E-com",
      "provider": "provider[\"registry.terraform.io/hashicorp/google\"]",
      "instances": [
        {
          "schema_version": 0,
          "attributes_flat": {
            "condition.#": "0",
            "etag": "BwYtfq6/NWM=",
            "id": "roles/bigquerydatatransfer.serviceAgentserviceAccount:service-1005246706141@gcp-sa-bigquerydatatransfer.iam.gserviceaccount.com",
            "member": "serviceAccount:service-1005246706141@gcp-sa-bigquerydatatransfer.iam.gserviceaccount.com",
            "project": "cal-itp-data-infra",
            "role": "roles/bigquerydatatransfer.serviceAgent"
          },
          "sensitive_attributes": []
        }
      ]
    },
    {
      "mode": "managed",
      "type": "google_project_iam_member",
      "name": "tfer--roles-002F-cloudasset-002E-serviceAgentserviceAccount-003A-service-1005246706141-0040-gcp-sa-cloudasset-002E-iam-002E-gserviceaccount-002E-com",
      "provider": "provider[\"registry.terraform.io/hashicorp/google\"]",
      "instances": [
        {
          "schema_version": 0,
          "attributes_flat": {
            "condition.#": "0",
            "etag": "BwYtfq6/NWM=",
            "id": "roles/cloudasset.serviceAgentserviceAccount:service-1005246706141@gcp-sa-cloudasset.iam.gserviceaccount.com",
            "member": "serviceAccount:service-1005246706141@gcp-sa-cloudasset.iam.gserviceaccount.com",
            "project": "cal-itp-data-infra",
            "role": "roles/cloudasset.serviceAgent"
          },
          "sensitive_attributes": []
        }
      ]
    },
    {
      "mode": "managed",
      "type": "google_project_iam_member",
      "name": "tfer--roles-002F-cloudbuild-002E-builds-002E-builderserviceAccount-003A-1005246706141-0040-cloudbuild-002E-gserviceaccount-002E-com",
      "provider": "provider[\"registry.terraform.io/hashicorp/google\"]",
      "instances": [
        {
          "schema_version": 0,
          "attributes_flat": {
            "condition.#": "0",
            "etag": "BwYtfq6/NWM=",
            "id": "roles/cloudbuild.builds.builderserviceAccount:1005246706141@cloudbuild.gserviceaccount.com",
            "member": "serviceAccount:1005246706141@cloudbuild.gserviceaccount.com",
            "project": "cal-itp-data-infra",
            "role": "roles/cloudbuild.builds.builder"
          },
          "sensitive_attributes": []
        }
      ]
    },
    {
      "mode": "managed",
      "type": "google_project_iam_member",
      "name": "tfer--roles-002F-cloudbuild-002E-builds-002E-viewerserviceAccount-003A-composer2-service-account-0040-cal-itp-data-infra-002E-iam-002E-gserviceaccount-002E-com",
      "provider": "provider[\"registry.terraform.io/hashicorp/google\"]",
      "instances": [
        {
          "schema_version": 0,
          "attributes_flat": {
            "condition.#": "0",
            "etag": "BwYtfq6/NWM=",
            "id": "roles/cloudbuild.builds.viewerserviceAccount:composer2-service-account@cal-itp-data-infra.iam.gserviceaccount.com",
            "member": "serviceAccount:composer2-service-account@cal-itp-data-infra.iam.gserviceaccount.com",
            "project": "cal-itp-data-infra",
            "role": "roles/cloudbuild.builds.viewer"
          },
          "sensitive_attributes": []
        }
      ]
    },
    {
      "mode": "managed",
      "type": "google_project_iam_member",
      "name": "tfer--roles-002F-cloudbuild-002E-serviceAgentserviceAccount-003A-service-1005246706141-0040-gcp-sa-cloudbuild-002E-iam-002E-gserviceaccount-002E-com",
      "provider": "provider[\"registry.terraform.io/hashicorp/google\"]",
      "instances": [
        {
          "schema_version": 0,
          "attributes_flat": {
            "condition.#": "0",
            "etag": "BwYtfq6/NWM=",
            "id": "roles/cloudbuild.serviceAgentserviceAccount:service-1005246706141@gcp-sa-cloudbuild.iam.gserviceaccount.com",
            "member": "serviceAccount:service-1005246706141@gcp-sa-cloudbuild.iam.gserviceaccount.com",
            "project": "cal-itp-data-infra",
            "role": "roles/cloudbuild.serviceAgent"
          },
          "sensitive_attributes": []
        }
      ]
    },
    {
      "mode": "managed",
      "type": "google_project_iam_member",
      "name": "tfer--roles-002F-cloudfunctions-002E-serviceAgentserviceAccount-003A-service-1005246706141-0040-gcf-admin-robot-002E-iam-002E-gserviceaccount-002E-com",
      "provider": "provider[\"registry.terraform.io/hashicorp/google\"]",
      "instances": [
        {
          "schema_version": 0,
          "attributes_flat": {
            "condition.#": "0",
            "etag": "BwYtfq6/NWM=",
            "id": "roles/cloudfunctions.serviceAgentserviceAccount:service-1005246706141@gcf-admin-robot.iam.gserviceaccount.com",
            "member": "serviceAccount:service-1005246706141@gcf-admin-robot.iam.gserviceaccount.com",
            "project": "cal-itp-data-infra",
            "role": "roles/cloudfunctions.serviceAgent"
          },
          "sensitive_attributes": []
        }
      ]
    },
    {
      "mode": "managed",
      "type": "google_project_iam_member",
      "name": "tfer--roles-002F-cloudscheduler-002E-serviceAgentserviceAccount-003A-service-1005246706141-0040-gcp-sa-cloudscheduler-002E-iam-002E-gserviceaccount-002E-com",
      "provider": "provider[\"registry.terraform.io/hashicorp/google\"]",
      "instances": [
        {
          "schema_version": 0,
          "attributes_flat": {
            "condition.#": "0",
            "etag": "BwYtfq6/NWM=",
            "id": "roles/cloudscheduler.serviceAgentserviceAccount:service-1005246706141@gcp-sa-cloudscheduler.iam.gserviceaccount.com",
            "member": "serviceAccount:service-1005246706141@gcp-sa-cloudscheduler.iam.gserviceaccount.com",
            "project": "cal-itp-data-infra",
            "role": "roles/cloudscheduler.serviceAgent"
          },
          "sensitive_attributes": []
        }
      ]
    },
    {
      "mode": "managed",
      "type": "google_project_iam_member",
      "name": "tfer--roles-002F-composer-002E-ServiceAgentV2ExtserviceAccount-003A-composer2-service-account-0040-cal-itp-data-infra-002E-iam-002E-gserviceaccount-002E-com",
      "provider": "provider[\"registry.terraform.io/hashicorp/google\"]",
      "instances": [
        {
          "schema_version": 0,
          "attributes_flat": {
            "condition.#": "0",
            "etag": "BwYtfq6/NWM=",
            "id": "roles/composer.ServiceAgentV2ExtserviceAccount:composer2-service-account@cal-itp-data-infra.iam.gserviceaccount.com",
            "member": "serviceAccount:composer2-service-account@cal-itp-data-infra.iam.gserviceaccount.com",
            "project": "cal-itp-data-infra",
            "role": "roles/composer.ServiceAgentV2Ext"
          },
          "sensitive_attributes": []
        }
      ]
    },
    {
      "mode": "managed",
      "type": "google_project_iam_member",
      "name": "tfer--roles-002F-composer-002E-ServiceAgentV2ExtserviceAccount-003A-service-1005246706141-0040-cloudcomposer-accounts-002E-iam-002E-gserviceaccount-002E-com",
      "provider": "provider[\"registry.terraform.io/hashicorp/google\"]",
      "instances": [
        {
          "schema_version": 0,
          "attributes_flat": {
            "condition.#": "0",
            "etag": "BwYtfq6/NWM=",
            "id": "roles/composer.ServiceAgentV2ExtserviceAccount:service-1005246706141@cloudcomposer-accounts.iam.gserviceaccount.com",
            "member": "serviceAccount:service-1005246706141@cloudcomposer-accounts.iam.gserviceaccount.com",
            "project": "cal-itp-data-infra",
            "role": "roles/composer.ServiceAgentV2Ext"
          },
          "sensitive_attributes": []
        }
      ]
    },
    {
      "mode": "managed",
      "type": "google_project_iam_member",
      "name": "tfer--roles-002F-composer-002E-adminserviceAccount-003A-github-actions-services-accoun-0040-cal-itp-data-infra-002E-iam-002E-gserviceaccount-002E-com",
      "provider": "provider[\"registry.terraform.io/hashicorp/google\"]",
      "instances": [
        {
          "schema_version": 0,
          "attributes_flat": {
            "condition.#": "0",
            "etag": "BwYtfq6/NWM=",
            "id": "roles/composer.adminserviceAccount:github-actions-services-accoun@cal-itp-data-infra.iam.gserviceaccount.com",
            "member": "serviceAccount:github-actions-services-accoun@cal-itp-data-infra.iam.gserviceaccount.com",
            "project": "cal-itp-data-infra",
            "role": "roles/composer.admin"
          },
          "sensitive_attributes": []
        }
      ]
    },
    {
      "mode": "managed",
      "type": "google_project_iam_member",
      "name": "tfer--roles-002F-composer-002E-serviceAgentserviceAccount-003A-composer2-service-account-0040-cal-itp-data-infra-002E-iam-002E-gserviceaccount-002E-com",
      "provider": "provider[\"registry.terraform.io/hashicorp/google\"]",
      "instances": [
        {
          "schema_version": 0,
          "attributes_flat": {
            "condition.#": "0",
            "etag": "BwYtfq6/NWM=",
            "id": "roles/composer.serviceAgentserviceAccount:composer2-service-account@cal-itp-data-infra.iam.gserviceaccount.com",
            "member": "serviceAccount:composer2-service-account@cal-itp-data-infra.iam.gserviceaccount.com",
            "project": "cal-itp-data-infra",
            "role": "roles/composer.serviceAgent"
          },
          "sensitive_attributes": []
        }
      ]
    },
    {
      "mode": "managed",
      "type": "google_project_iam_member",
      "name": "tfer--roles-002F-composer-002E-serviceAgentserviceAccount-003A-service-1005246706141-0040-cloudcomposer-accounts-002E-iam-002E-gserviceaccount-002E-com",
      "provider": "provider[\"registry.terraform.io/hashicorp/google\"]",
      "instances": [
        {
          "schema_version": 0,
          "attributes_flat": {
            "condition.#": "0",
            "etag": "BwYtfq6/NWM=",
            "id": "roles/composer.serviceAgentserviceAccount:service-1005246706141@cloudcomposer-accounts.iam.gserviceaccount.com",
            "member": "serviceAccount:service-1005246706141@cloudcomposer-accounts.iam.gserviceaccount.com",
            "project": "cal-itp-data-infra",
            "role": "roles/composer.serviceAgent"
          },
          "sensitive_attributes": []
        }
      ]
    },
    {
      "mode": "managed",
      "type": "google_project_iam_member",
      "name": "tfer--roles-002F-composer-002E-workerserviceAccount-003A-composer2-service-account-0040-cal-itp-data-infra-002E-iam-002E-gserviceaccount-002E-com",
      "provider": "provider[\"registry.terraform.io/hashicorp/google\"]",
      "instances": [
        {
          "schema_version": 0,
          "attributes_flat": {
            "condition.#": "0",
            "etag": "BwYtfq6/NWM=",
            "id": "roles/composer.workerserviceAccount:composer2-service-account@cal-itp-data-infra.iam.gserviceaccount.com",
            "member": "serviceAccount:composer2-service-account@cal-itp-data-infra.iam.gserviceaccount.com",
            "project": "cal-itp-data-infra",
            "role": "roles/composer.worker"
          },
          "sensitive_attributes": []
        }
      ]
    },
    {
      "mode": "managed",
      "type": "google_project_iam_member",
      "name": "tfer--roles-002F-compute-002E-serviceAgentserviceAccount-003A-service-1005246706141-0040-compute-system-002E-iam-002E-gserviceaccount-002E-com",
      "provider": "provider[\"registry.terraform.io/hashicorp/google\"]",
      "instances": [
        {
          "schema_version": 0,
          "attributes_flat": {
            "condition.#": "0",
            "etag": "BwYtfq6/NWM=",
            "id": "roles/compute.serviceAgentserviceAccount:service-1005246706141@compute-system.iam.gserviceaccount.com",
            "member": "serviceAccount:service-1005246706141@compute-system.iam.gserviceaccount.com",
            "project": "cal-itp-data-infra",
            "role": "roles/compute.serviceAgent"
          },
          "sensitive_attributes": []
        }
      ]
    },
    {
      "mode": "managed",
      "type": "google_project_iam_member",
      "name": "tfer--roles-002F-container-002E-adminserviceAccount-003A-github-actions-services-accoun-0040-cal-itp-data-infra-002E-iam-002E-gserviceaccount-002E-com",
      "provider": "provider[\"registry.terraform.io/hashicorp/google\"]",
      "instances": [
        {
          "schema_version": 0,
          "attributes_flat": {
            "condition.#": "0",
            "etag": "BwYtfq6/NWM=",
            "id": "roles/container.adminserviceAccount:github-actions-services-accoun@cal-itp-data-infra.iam.gserviceaccount.com",
            "member": "serviceAccount:github-actions-services-accoun@cal-itp-data-infra.iam.gserviceaccount.com",
            "project": "cal-itp-data-infra",
            "role": "roles/container.admin"
          },
          "sensitive_attributes": []
        }
      ]
    },
    {
      "mode": "managed",
      "type": "google_project_iam_member",
      "name": "tfer--roles-002F-container-002E-nodeServiceAgentserviceAccount-003A-service-1005246706141-0040-gcp-sa-gkenode-002E-iam-002E-gserviceaccount-002E-com",
      "provider": "provider[\"registry.terraform.io/hashicorp/google\"]",
      "instances": [
        {
          "schema_version": 0,
          "attributes_flat": {
            "condition.#": "0",
            "etag": "BwYtfq6/NWM=",
            "id": "roles/container.nodeServiceAgentserviceAccount:service-1005246706141@gcp-sa-gkenode.iam.gserviceaccount.com",
            "member": "serviceAccount:service-1005246706141@gcp-sa-gkenode.iam.gserviceaccount.com",
            "project": "cal-itp-data-infra",
            "role": "roles/container.nodeServiceAgent"
          },
          "sensitive_attributes": []
        }
      ]
    },
    {
      "mode": "managed",
      "type": "google_project_iam_member",
      "name": "tfer--roles-002F-container-002E-serviceAgentserviceAccount-003A-service-1005246706141-0040-container-engine-robot-002E-iam-002E-gserviceaccount-002E-com",
      "provider": "provider[\"registry.terraform.io/hashicorp/google\"]",
      "instances": [
        {
          "schema_version": 0,
          "attributes_flat": {
            "condition.#": "0",
            "etag": "BwYtfq6/NWM=",
            "id": "roles/container.serviceAgentserviceAccount:service-1005246706141@container-engine-robot.iam.gserviceaccount.com",
            "member": "serviceAccount:service-1005246706141@container-engine-robot.iam.gserviceaccount.com",
            "project": "cal-itp-data-infra",
            "role": "roles/container.serviceAgent"
          },
          "sensitive_attributes": []
        }
      ]
    },
    {
      "mode": "managed",
      "type": "google_project_iam_member",
      "name": "tfer--roles-002F-containerregistry-002E-ServiceAgentserviceAccount-003A-service-1005246706141-0040-containerregistry-002E-iam-002E-gserviceaccount-002E-com",
      "provider": "provider[\"registry.terraform.io/hashicorp/google\"]",
      "instances": [
        {
          "schema_version": 0,
          "attributes_flat": {
            "condition.#": "0",
            "etag": "BwYtfq6/NWM=",
            "id": "roles/containerregistry.ServiceAgentserviceAccount:service-1005246706141@containerregistry.iam.gserviceaccount.com",
            "member": "serviceAccount:service-1005246706141@containerregistry.iam.gserviceaccount.com",
            "project": "cal-itp-data-infra",
            "role": "roles/containerregistry.ServiceAgent"
          },
          "sensitive_attributes": []
        }
      ]
    },
    {
      "mode": "managed",
      "type": "google_project_iam_member",
      "name": "tfer--roles-002F-dataproc-002E-editorserviceAccount-003A-bq-transform-svcacct-0040-cal-itp-data-infra-002E-iam-002E-gserviceaccount-002E-com",
      "provider": "provider[\"registry.terraform.io/hashicorp/google\"]",
      "instances": [
        {
          "schema_version": 0,
          "attributes_flat": {
            "condition.#": "0",
            "etag": "BwYtfq6/NWM=",
            "id": "roles/dataproc.editorserviceAccount:bq-transform-svcacct@cal-itp-data-infra.iam.gserviceaccount.com",
            "member": "serviceAccount:bq-transform-svcacct@cal-itp-data-infra.iam.gserviceaccount.com",
            "project": "cal-itp-data-infra",
            "role": "roles/dataproc.editor"
          },
          "sensitive_attributes": []
        }
      ]
    },
    {
      "mode": "managed",
      "type": "google_project_iam_member",
      "name": "tfer--roles-002F-dataproc-002E-serviceAgentserviceAccount-003A-service-1005246706141-0040-dataproc-accounts-002E-iam-002E-gserviceaccount-002E-com",
      "provider": "provider[\"registry.terraform.io/hashicorp/google\"]",
      "instances": [
        {
          "schema_version": 0,
          "attributes_flat": {
            "condition.#": "0",
            "etag": "BwYtfq6/NWM=",
            "id": "roles/dataproc.serviceAgentserviceAccount:service-1005246706141@dataproc-accounts.iam.gserviceaccount.com",
            "member": "serviceAccount:service-1005246706141@dataproc-accounts.iam.gserviceaccount.com",
            "project": "cal-itp-data-infra",
            "role": "roles/dataproc.serviceAgent"
          },
          "sensitive_attributes": []
        }
      ]
    },
    {
      "mode": "managed",
      "type": "google_project_iam_member",
      "name": "tfer--roles-002F-dataproc-002E-workerserviceAccount-003A-bq-transform-svcacct-0040-cal-itp-data-infra-002E-iam-002E-gserviceaccount-002E-com",
      "provider": "provider[\"registry.terraform.io/hashicorp/google\"]",
      "instances": [
        {
          "schema_version": 0,
          "attributes_flat": {
            "condition.#": "0",
            "etag": "BwYtfq6/NWM=",
            "id": "roles/dataproc.workerserviceAccount:bq-transform-svcacct@cal-itp-data-infra.iam.gserviceaccount.com",
            "member": "serviceAccount:bq-transform-svcacct@cal-itp-data-infra.iam.gserviceaccount.com",
            "project": "cal-itp-data-infra",
            "role": "roles/dataproc.worker"
          },
          "sensitive_attributes": []
        }
      ]
    },
    {
      "mode": "managed",
      "type": "google_project_iam_member",
      "name": "tfer--roles-002F-editorserviceAccount-003A-1005246706141-0040-cloudservices-002E-gserviceaccount-002E-com",
      "provider": "provider[\"registry.terraform.io/hashicorp/google\"]",
      "instances": [
        {
          "schema_version": 0,
          "attributes_flat": {
            "condition.#": "0",
            "etag": "BwYtfq6/NWM=",
            "id": "roles/editorserviceAccount:1005246706141@cloudservices.gserviceaccount.com",
            "member": "serviceAccount:1005246706141@cloudservices.gserviceaccount.com",
            "project": "cal-itp-data-infra",
            "role": "roles/editor"
          },
          "sensitive_attributes": []
        }
      ]
    },
    {
      "mode": "managed",
      "type": "google_project_iam_member",
      "name": "tfer--roles-002F-editorserviceAccount-003A-1005246706141-compute-0040-developer-002E-gserviceaccount-002E-com",
      "provider": "provider[\"registry.terraform.io/hashicorp/google\"]",
      "instances": [
        {
          "schema_version": 0,
          "attributes_flat": {
            "condition.#": "0",
            "etag": "BwYtfq6/NWM=",
            "id": "roles/editorserviceAccount:1005246706141-compute@developer.gserviceaccount.com",
            "member": "serviceAccount:1005246706141-compute@developer.gserviceaccount.com",
            "project": "cal-itp-data-infra",
            "role": "roles/editor"
          },
          "sensitive_attributes": []
        }
      ]
    },
    {
      "mode": "managed",
      "type": "google_project_iam_member",
      "name": "tfer--roles-002F-editorserviceAccount-003A-cal-itp-data-infra-0040-appspot-002E-gserviceaccount-002E-com",
      "provider": "provider[\"registry.terraform.io/hashicorp/google\"]",
      "instances": [
        {
          "schema_version": 0,
          "attributes_flat": {
            "condition.#": "0",
            "etag": "BwYtfq6/NWM=",
            "id": "roles/editorserviceAccount:cal-itp-data-infra@appspot.gserviceaccount.com",
            "member": "serviceAccount:cal-itp-data-infra@appspot.gserviceaccount.com",
            "project": "cal-itp-data-infra",
            "role": "roles/editor"
          },
          "sensitive_attributes": []
        }
      ]
    },
    {
      "mode": "managed",
      "type": "google_project_iam_member",
      "name": "tfer--roles-002F-firebaserules-002E-systemserviceAccount-003A-service-1005246706141-0040-firebase-rules-002E-iam-002E-gserviceaccount-002E-com",
      "provider": "provider[\"registry.terraform.io/hashicorp/google\"]",
      "instances": [
        {
          "schema_version": 0,
          "attributes_flat": {
            "condition.#": "0",
            "etag": "BwYtfq6/NWM=",
            "id": "roles/firebaserules.systemserviceAccount:service-1005246706141@firebase-rules.iam.gserviceaccount.com",
            "member": "serviceAccount:service-1005246706141@firebase-rules.iam.gserviceaccount.com",
            "project": "cal-itp-data-infra",
            "role": "roles/firebaserules.system"
          },
          "sensitive_attributes": []
        }
      ]
    },
    {
      "mode": "managed",
      "type": "google_project_iam_member",
      "name": "tfer--roles-002F-firestore-002E-serviceAgentserviceAccount-003A-service-1005246706141-0040-gcp-sa-firestore-002E-iam-002E-gserviceaccount-002E-com",
      "provider": "provider[\"registry.terraform.io/hashicorp/google\"]",
      "instances": [
        {
          "schema_version": 0,
          "attributes_flat": {
            "condition.#": "0",
            "etag": "BwYtfq6/NWM=",
            "id": "roles/firestore.serviceAgentserviceAccount:service-1005246706141@gcp-sa-firestore.iam.gserviceaccount.com",
            "member": "serviceAccount:service-1005246706141@gcp-sa-firestore.iam.gserviceaccount.com",
            "project": "cal-itp-data-infra",
            "role": "roles/firestore.serviceAgent"
          },
          "sensitive_attributes": []
        }
      ]
    },
    {
      "mode": "managed",
      "type": "google_project_iam_member",
      "name": "tfer--roles-002F-iam-002E-serviceAccountUserserviceAccount-003A-bq-transform-svcacct-0040-cal-itp-data-infra-002E-iam-002E-gserviceaccount-002E-com",
      "provider": "provider[\"registry.terraform.io/hashicorp/google\"]",
      "instances": [
        {
          "schema_version": 0,
          "attributes_flat": {
            "condition.#": "0",
            "etag": "BwYtfq6/NWM=",
            "id": "roles/iam.serviceAccountUserserviceAccount:bq-transform-svcacct@cal-itp-data-infra.iam.gserviceaccount.com",
            "member": "serviceAccount:bq-transform-svcacct@cal-itp-data-infra.iam.gserviceaccount.com",
            "project": "cal-itp-data-infra",
            "role": "roles/iam.serviceAccountUser"
          },
          "sensitive_attributes": []
        }
      ]
    },
    {
      "mode": "managed",
      "type": "google_project_iam_member",
      "name": "tfer--roles-002F-ownerserviceAccount-003A-cc-jarvus-airflow-0040-cal-itp-data-infra-002E-iam-002E-gserviceaccount-002E-com",
      "provider": "provider[\"registry.terraform.io/hashicorp/google\"]",
      "instances": [
        {
          "schema_version": 0,
          "attributes_flat": {
            "condition.#": "0",
            "etag": "BwYtfq6/NWM=",
            "id": "roles/ownerserviceAccount:cc-jarvus-airflow@cal-itp-data-infra.iam.gserviceaccount.com",
            "member": "serviceAccount:cc-jarvus-airflow@cal-itp-data-infra.iam.gserviceaccount.com",
            "project": "cal-itp-data-infra",
            "role": "roles/owner"
          },
          "sensitive_attributes": []
        }
      ]
    },
    {
      "mode": "managed",
      "type": "google_project_iam_member",
      "name": "tfer--roles-002F-run-002E-serviceAgentserviceAccount-003A-service-1005246706141-0040-serverless-robot-prod-002E-iam-002E-gserviceaccount-002E-com",
      "provider": "provider[\"registry.terraform.io/hashicorp/google\"]",
      "instances": [
        {
          "schema_version": 0,
          "attributes_flat": {
            "condition.#": "0",
            "etag": "BwYtfq6/NWM=",
            "id": "roles/run.serviceAgentserviceAccount:service-1005246706141@serverless-robot-prod.iam.gserviceaccount.com",
            "member": "serviceAccount:service-1005246706141@serverless-robot-prod.iam.gserviceaccount.com",
            "project": "cal-itp-data-infra",
            "role": "roles/run.serviceAgent"
          },
          "sensitive_attributes": []
        }
      ]
    },
    {
      "mode": "managed",
      "type": "google_project_iam_member",
      "name": "tfer--roles-002F-secretmanager-002E-secretAccessorserviceAccount-003A-1005246706141-compute-0040-developer-002E-gserviceaccount-002E-com",
      "provider": "provider[\"registry.terraform.io/hashicorp/google\"]",
      "instances": [
        {
          "schema_version": 0,
          "attributes_flat": {
            "condition.#": "0",
            "etag": "BwYtfq6/NWM=",
            "id": "roles/secretmanager.secretAccessorserviceAccount:1005246706141-compute@developer.gserviceaccount.com",
            "member": "serviceAccount:1005246706141-compute@developer.gserviceaccount.com",
            "project": "cal-itp-data-infra",
            "role": "roles/secretmanager.secretAccessor"
          },
          "sensitive_attributes": []
        }
      ]
    },
    {
      "mode": "managed",
      "type": "google_project_iam_member",
      "name": "tfer--roles-002F-secretmanager-002E-secretAccessorserviceAccount-003A-composer2-service-account-0040-cal-itp-data-infra-002E-iam-002E-gserviceaccount-002E-com",
      "provider": "provider[\"registry.terraform.io/hashicorp/google\"]",
      "instances": [
        {
          "schema_version": 0,
          "attributes_flat": {
            "condition.#": "0",
            "etag": "BwYtfq6/NWM=",
            "id": "roles/secretmanager.secretAccessorserviceAccount:composer2-service-account@cal-itp-data-infra.iam.gserviceaccount.com",
            "member": "serviceAccount:composer2-service-account@cal-itp-data-infra.iam.gserviceaccount.com",
            "project": "cal-itp-data-infra",
            "role": "roles/secretmanager.secretAccessor"
          },
          "sensitive_attributes": []
        }
      ]
    },
    {
      "mode": "managed",
      "type": "google_project_iam_member",
      "name": "tfer--roles-002F-secretmanager-002E-secretAccessorserviceAccount-003A-dev-gtfs-rt-archiver-v3-0040-cal-itp-data-infra-002E-iam-002E-gserviceaccount-002E-com",
      "provider": "provider[\"registry.terraform.io/hashicorp/google\"]",
      "instances": [
        {
          "schema_version": 0,
          "attributes_flat": {
            "condition.#": "0",
            "etag": "BwYtfq6/NWM=",
            "id": "roles/secretmanager.secretAccessorserviceAccount:dev-gtfs-rt-archiver-v3@cal-itp-data-infra.iam.gserviceaccount.com",
            "member": "serviceAccount:dev-gtfs-rt-archiver-v3@cal-itp-data-infra.iam.gserviceaccount.com",
            "project": "cal-itp-data-infra",
            "role": "roles/secretmanager.secretAccessor"
          },
          "sensitive_attributes": []
        }
      ]
    },
    {
      "mode": "managed",
      "type": "google_project_iam_member",
      "name": "tfer--roles-002F-secretmanager-002E-secretAccessorserviceAccount-003A-github-actions-services-accoun-0040-cal-itp-data-infra-002E-iam-002E-gserviceaccount-002E-com",
      "provider": "provider[\"registry.terraform.io/hashicorp/google\"]",
      "instances": [
        {
          "schema_version": 0,
          "attributes_flat": {
            "condition.#": "0",
            "etag": "BwYtfq6/NWM=",
            "id": "roles/secretmanager.secretAccessorserviceAccount:github-actions-services-accoun@cal-itp-data-infra.iam.gserviceaccount.com",
            "member": "serviceAccount:github-actions-services-accoun@cal-itp-data-infra.iam.gserviceaccount.com",
            "project": "cal-itp-data-infra",
            "role": "roles/secretmanager.secretAccessor"
          },
          "sensitive_attributes": []
        }
      ]
    },
    {
      "mode": "managed",
      "type": "google_project_iam_member",
      "name": "tfer--roles-002F-secretmanager-002E-secretAccessorserviceAccount-003A-gtfs-rt-archiver-v3-0040-cal-itp-data-infra-002E-iam-002E-gserviceaccount-002E-com",
      "provider": "provider[\"registry.terraform.io/hashicorp/google\"]",
      "instances": [
        {
          "schema_version": 0,
          "attributes_flat": {
            "condition.#": "0",
            "etag": "BwYtfq6/NWM=",
            "id": "roles/secretmanager.secretAccessorserviceAccount:gtfs-rt-archiver-v3@cal-itp-data-infra.iam.gserviceaccount.com",
            "member": "serviceAccount:gtfs-rt-archiver-v3@cal-itp-data-infra.iam.gserviceaccount.com",
            "project": "cal-itp-data-infra",
            "role": "roles/secretmanager.secretAccessor"
          },
          "sensitive_attributes": []
        }
      ]
    },
    {
      "mode": "managed",
      "type": "google_project_iam_member",
      "name": "tfer--roles-002F-secretmanager-002E-viewerserviceAccount-003A-1005246706141-compute-0040-developer-002E-gserviceaccount-002E-com",
      "provider": "provider[\"registry.terraform.io/hashicorp/google\"]",
      "instances": [
        {
          "schema_version": 0,
          "attributes_flat": {
            "condition.#": "0",
            "etag": "BwYtfq6/NWM=",
            "id": "roles/secretmanager.viewerserviceAccount:1005246706141-compute@developer.gserviceaccount.com",
            "member": "serviceAccount:1005246706141-compute@developer.gserviceaccount.com",
            "project": "cal-itp-data-infra",
            "role": "roles/secretmanager.viewer"
          },
          "sensitive_attributes": []
        }
      ]
    },
    {
      "mode": "managed",
      "type": "google_project_iam_member",
      "name": "tfer--roles-002F-secretmanager-002E-viewerserviceAccount-003A-composer2-service-account-0040-cal-itp-data-infra-002E-iam-002E-gserviceaccount-002E-com",
      "provider": "provider[\"registry.terraform.io/hashicorp/google\"]",
      "instances": [
        {
          "schema_version": 0,
          "attributes_flat": {
            "condition.#": "0",
            "etag": "BwYtfq6/NWM=",
            "id": "roles/secretmanager.viewerserviceAccount:composer2-service-account@cal-itp-data-infra.iam.gserviceaccount.com",
            "member": "serviceAccount:composer2-service-account@cal-itp-data-infra.iam.gserviceaccount.com",
            "project": "cal-itp-data-infra",
            "role": "roles/secretmanager.viewer"
          },
          "sensitive_attributes": []
        }
      ]
    },
    {
      "mode": "managed",
      "type": "google_project_iam_member",
      "name": "tfer--roles-002F-secretmanager-002E-viewerserviceAccount-003A-dev-gtfs-rt-archiver-v3-0040-cal-itp-data-infra-002E-iam-002E-gserviceaccount-002E-com",
      "provider": "provider[\"registry.terraform.io/hashicorp/google\"]",
      "instances": [
        {
          "schema_version": 0,
          "attributes_flat": {
            "condition.#": "0",
            "etag": "BwYtfq6/NWM=",
            "id": "roles/secretmanager.viewerserviceAccount:dev-gtfs-rt-archiver-v3@cal-itp-data-infra.iam.gserviceaccount.com",
            "member": "serviceAccount:dev-gtfs-rt-archiver-v3@cal-itp-data-infra.iam.gserviceaccount.com",
            "project": "cal-itp-data-infra",
            "role": "roles/secretmanager.viewer"
          },
          "sensitive_attributes": []
        }
      ]
    },
    {
      "mode": "managed",
      "type": "google_project_iam_member",
      "name": "tfer--roles-002F-secretmanager-002E-viewerserviceAccount-003A-gtfs-rt-archiver-v3-0040-cal-itp-data-infra-002E-iam-002E-gserviceaccount-002E-com",
      "provider": "provider[\"registry.terraform.io/hashicorp/google\"]",
      "instances": [
        {
          "schema_version": 0,
          "attributes_flat": {
            "condition.#": "0",
            "etag": "BwYtfq6/NWM=",
            "id": "roles/secretmanager.viewerserviceAccount:gtfs-rt-archiver-v3@cal-itp-data-infra.iam.gserviceaccount.com",
            "member": "serviceAccount:gtfs-rt-archiver-v3@cal-itp-data-infra.iam.gserviceaccount.com",
            "project": "cal-itp-data-infra",
            "role": "roles/secretmanager.viewer"
          },
          "sensitive_attributes": []
        }
      ]
    },
    {
      "mode": "managed",
      "type": "google_project_iam_member",
      "name": "tfer--roles-002F-storage-002E-adminserviceAccount-003A-amplitude-export-0040-cal-itp-data-infra-002E-iam-002E-gserviceaccount-002E-com",
      "provider": "provider[\"registry.terraform.io/hashicorp/google\"]",
      "instances": [
        {
          "schema_version": 0,
          "attributes_flat": {
            "condition.#": "0",
            "etag": "BwYtfq6/NWM=",
            "id": "roles/storage.adminserviceAccount:amplitude-export@cal-itp-data-infra.iam.gserviceaccount.com",
            "member": "serviceAccount:amplitude-export@cal-itp-data-infra.iam.gserviceaccount.com",
            "project": "cal-itp-data-infra",
            "role": "roles/storage.admin"
          },
          "sensitive_attributes": []
        }
      ]
    },
    {
      "mode": "managed",
      "type": "google_project_iam_member",
      "name": "tfer--roles-002F-storage-002E-adminserviceAccount-003A-github-actions-services-accoun-0040-cal-itp-data-infra-002E-iam-002E-gserviceaccount-002E-com",
      "provider": "provider[\"registry.terraform.io/hashicorp/google\"]",
      "instances": [
        {
          "schema_version": 0,
          "attributes_flat": {
            "condition.#": "0",
            "etag": "BwYtfq6/NWM=",
            "id": "roles/storage.adminserviceAccount:github-actions-services-accoun@cal-itp-data-infra.iam.gserviceaccount.com",
            "member": "serviceAccount:github-actions-services-accoun@cal-itp-data-infra.iam.gserviceaccount.com",
            "project": "cal-itp-data-infra",
            "role": "roles/storage.admin"
          },
          "sensitive_attributes": []
        }
      ]
    },
    {
      "mode": "managed",
      "type": "google_project_iam_member",
      "name": "tfer--roles-002F-storage-002E-adminserviceAccount-003A-service-1005246706141-0040-gcp-sa-storageinsights-002E-iam-002E-gserviceaccount-002E-com",
      "provider": "provider[\"registry.terraform.io/hashicorp/google\"]",
      "instances": [
        {
          "schema_version": 0,
          "attributes_flat": {
            "condition.#": "0",
            "etag": "BwYtfq6/NWM=",
            "id": "roles/storage.adminserviceAccount:service-1005246706141@gcp-sa-storageinsights.iam.gserviceaccount.com",
            "member": "serviceAccount:service-1005246706141@gcp-sa-storageinsights.iam.gserviceaccount.com",
            "project": "cal-itp-data-infra",
            "role": "roles/storage.admin"
          },
          "sensitive_attributes": []
        }
      ]
    },
    {
      "mode": "managed",
      "type": "google_project_iam_member",
      "name": "tfer--roles-002F-storage-002E-objectAdminserviceAccount-003A-amplitude-export-0040-cal-itp-data-infra-002E-iam-002E-gserviceaccount-002E-com",
      "provider": "provider[\"registry.terraform.io/hashicorp/google\"]",
      "instances": [
        {
          "schema_version": 0,
          "attributes_flat": {
            "condition.#": "0",
            "etag": "BwYtfq6/NWM=",
            "id": "roles/storage.objectAdminserviceAccount:amplitude-export@cal-itp-data-infra.iam.gserviceaccount.com",
            "member": "serviceAccount:amplitude-export@cal-itp-data-infra.iam.gserviceaccount.com",
            "project": "cal-itp-data-infra",
            "role": "roles/storage.objectAdmin"
          },
          "sensitive_attributes": []
        }
      ]
    },
    {
      "mode": "managed",
      "type": "google_project_iam_member",
      "name": "tfer--roles-002F-storage-002E-objectAdminserviceAccount-003A-bq-transform-svcacct-0040-cal-itp-data-infra-002E-iam-002E-gserviceaccount-002E-com",
      "provider": "provider[\"registry.terraform.io/hashicorp/google\"]",
      "instances": [
        {
          "schema_version": 0,
          "attributes_flat": {
            "condition.#": "0",
            "etag": "BwYtfq6/NWM=",
            "id": "roles/storage.objectAdminserviceAccount:bq-transform-svcacct@cal-itp-data-infra.iam.gserviceaccount.com",
            "member": "serviceAccount:bq-transform-svcacct@cal-itp-data-infra.iam.gserviceaccount.com",
            "project": "cal-itp-data-infra",
            "role": "roles/storage.objectAdmin"
          },
          "sensitive_attributes": []
        }
      ]
    },
    {
      "mode": "managed",
      "type": "google_project_iam_member",
      "name": "tfer--roles-002F-storage-002E-objectCreatorserviceAccount-003A-gtfs-rt-archiver-0040-cal-itp-data-infra-002E-iam-002E-gserviceaccount-002E-com",
      "provider": "provider[\"registry.terraform.io/hashicorp/google\"]",
      "instances": [
        {
          "schema_version": 0,
          "attributes_flat": {
            "condition.#": "0",
            "etag": "BwYtfq6/NWM=",
            "id": "roles/storage.objectCreatorserviceAccount:gtfs-rt-archiver@cal-itp-data-infra.iam.gserviceaccount.com",
            "member": "serviceAccount:gtfs-rt-archiver@cal-itp-data-infra.iam.gserviceaccount.com",
            "project": "cal-itp-data-infra",
            "role": "roles/storage.objectCreator"
          },
          "sensitive_attributes": []
        }
      ]
    },
    {
      "mode": "managed",
      "type": "google_project_iam_member",
      "name": "tfer--roles-002F-storage-002E-objectViewerserviceAccount-003A-473674835135-compute-0040-developer-002E-gserviceaccount-002E-com",
      "provider": "provider[\"registry.terraform.io/hashicorp/google\"]",
      "instances": [
        {
          "schema_version": 0,
          "attributes_flat": {
            "condition.#": "0",
            "etag": "BwYtfq6/NWM=",
            "id": "roles/storage.objectViewerserviceAccount:473674835135-compute@developer.gserviceaccount.com",
            "member": "serviceAccount:473674835135-compute@developer.gserviceaccount.com",
            "project": "cal-itp-data-infra",
            "role": "roles/storage.objectViewer"
          },
          "sensitive_attributes": []
        }
      ]
    },
    {
      "mode": "managed",
      "type": "google_project_iam_member",
      "name": "tfer--roles-002F-storage-002E-objectViewerserviceAccount-003A-gtfs-rt-archiver-v3-0040-cal-itp-data-infra-002E-iam-002E-gserviceaccount-002E-com",
      "provider": "provider[\"registry.terraform.io/hashicorp/google\"]",
      "instances": [
        {
          "schema_version": 0,
          "attributes_flat": {
            "condition.#": "0",
            "etag": "BwYtfq6/NWM=",
            "id": "roles/storage.objectViewerserviceAccount:gtfs-rt-archiver-v3@cal-itp-data-infra.iam.gserviceaccount.com",
            "member": "serviceAccount:gtfs-rt-archiver-v3@cal-itp-data-infra.iam.gserviceaccount.com",
            "project": "cal-itp-data-infra",
            "role": "roles/storage.objectViewer"
          },
          "sensitive_attributes": []
        }
      ]
    },
    {
      "mode": "managed",
      "type": "google_project_iam_member",
      "name": "tfer--roles-002F-storage-002E-objectViewerserviceAccount-003A-jupyterlab-0040-cal-itp-data-infra-002E-iam-002E-gserviceaccount-002E-com",
      "provider": "provider[\"registry.terraform.io/hashicorp/google\"]",
      "instances": [
        {
          "schema_version": 0,
          "attributes_flat": {
            "condition.#": "0",
            "etag": "BwYtfq6/NWM=",
            "id": "roles/storage.objectViewerserviceAccount:jupyterlab@cal-itp-data-infra.iam.gserviceaccount.com",
            "member": "serviceAccount:jupyterlab@cal-itp-data-infra.iam.gserviceaccount.com",
            "project": "cal-itp-data-infra",
            "role": "roles/storage.objectViewer"
          },
          "sensitive_attributes": []
        }
      ]
    },
    {
      "mode": "managed",
      "type": "google_project_iam_member",
      "name": "tfer--roles-002F-storage-002E-objectViewerserviceAccount-003A-metabase-0040-cal-itp-data-infra-002E-iam-002E-gserviceaccount-002E-com",
      "provider": "provider[\"registry.terraform.io/hashicorp/google\"]",
      "instances": [
        {
          "schema_version": 0,
          "attributes_flat": {
            "condition.#": "0",
            "etag": "BwYtfq6/NWM=",
            "id": "roles/storage.objectViewerserviceAccount:metabase@cal-itp-data-infra.iam.gserviceaccount.com",
            "member": "serviceAccount:metabase@cal-itp-data-infra.iam.gserviceaccount.com",
            "project": "cal-itp-data-infra",
            "role": "roles/storage.objectViewer"
          },
          "sensitive_attributes": []
        }
      ]
    },
    {
      "mode": "managed",
      "type": "google_project_iam_member",
      "name": "tfer--roles-002F-storage-002E-objectViewerserviceAccount-003A-metabase-payments-team-0040-cal-itp-data-infra-002E-iam-002E-gserviceaccount-002E-com",
      "provider": "provider[\"registry.terraform.io/hashicorp/google\"]",
      "instances": [
        {
          "schema_version": 0,
          "attributes_flat": {
            "condition.#": "0",
            "etag": "BwYtfq6/NWM=",
            "id": "roles/storage.objectViewerserviceAccount:metabase-payments-team@cal-itp-data-infra.iam.gserviceaccount.com",
            "member": "serviceAccount:metabase-payments-team@cal-itp-data-infra.iam.gserviceaccount.com",
            "project": "cal-itp-data-infra",
            "role": "roles/storage.objectViewer"
          },
          "sensitive_attributes": []
        }
      ]
    },
    {
      "mode": "managed",
      "type": "google_project_iam_member",
      "name": "tfer--roles-002F-storageinsights-002E-serviceAgentserviceAccount-003A-service-1005246706141-0040-gcp-sa-storageinsights-002E-iam-002E-gserviceaccount-002E-com",
      "provider": "provider[\"registry.terraform.io/hashicorp/google\"]",
      "instances": [
        {
          "schema_version": 0,
          "attributes_flat": {
            "condition.#": "0",
            "etag": "BwYtfq6/NWM=",
            "id": "roles/storageinsights.serviceAgentserviceAccount:service-1005246706141@gcp-sa-storageinsights.iam.gserviceaccount.com",
            "member": "serviceAccount:service-1005246706141@gcp-sa-storageinsights.iam.gserviceaccount.com",
            "project": "cal-itp-data-infra",
            "role": "roles/storageinsights.serviceAgent"
          },
          "sensitive_attributes": []
        }
      ]
    },
    {
      "mode": "managed",
      "type": "google_project_iam_member",
      "name": "tfer--roles-002F-viewerserviceAccount-003A-jyoung-cal-itp-0040-cal-itp-data-infra-002E-iam-002E-gserviceaccount-002E-com",
      "provider": "provider[\"registry.terraform.io/hashicorp/google\"]",
      "instances": [
        {
          "schema_version": 0,
          "attributes_flat": {
            "condition.#": "0",
            "etag": "BwYtfq6/NWM=",
            "id": "roles/viewerserviceAccount:jyoung-cal-itp@cal-itp-data-infra.iam.gserviceaccount.com",
            "member": "serviceAccount:jyoung-cal-itp@cal-itp-data-infra.iam.gserviceaccount.com",
            "project": "cal-itp-data-infra",
            "role": "roles/viewer"
          },
          "sensitive_attributes": []
        }
      ]
    },
    {
      "mode": "managed",
      "type": "google_service_account",
      "name": "tfer--100119052859631924010",
      "provider": "provider[\"registry.terraform.io/hashicorp/google\"]",
      "instances": [
        {
          "schema_version": 0,
          "attributes_flat": {
            "account_id": "ccjpa-payments-user",
            "description": "",
            "disabled": "false",
            "display_name": "",
            "email": "ccjpa-payments-user@cal-itp-data-infra.iam.gserviceaccount.com",
            "id": "projects/cal-itp-data-infra/serviceAccounts/ccjpa-payments-user@cal-itp-data-infra.iam.gserviceaccount.com",
            "member": "serviceAccount:ccjpa-payments-user@cal-itp-data-infra.iam.gserviceaccount.com",
            "name": "projects/cal-itp-data-infra/serviceAccounts/ccjpa-payments-user@cal-itp-data-infra.iam.gserviceaccount.com",
            "project": "cal-itp-data-infra",
            "unique_id": "100119052859631924010"
          },
          "sensitive_attributes": []
        }
      ]
    },
    {
      "mode": "managed",
      "type": "google_service_account",
      "name": "tfer--100409301237368942133",
      "provider": "provider[\"registry.terraform.io/hashicorp/google\"]",
      "instances": [
        {
          "schema_version": 0,
          "attributes_flat": {
            "account_id": "backup-sentry",
            "description": "",
            "disabled": "false",
            "display_name": "backup-sentry",
            "email": "backup-sentry@cal-itp-data-infra.iam.gserviceaccount.com",
            "id": "projects/cal-itp-data-infra/serviceAccounts/backup-sentry@cal-itp-data-infra.iam.gserviceaccount.com",
            "member": "serviceAccount:backup-sentry@cal-itp-data-infra.iam.gserviceaccount.com",
            "name": "projects/cal-itp-data-infra/serviceAccounts/backup-sentry@cal-itp-data-infra.iam.gserviceaccount.com",
            "project": "cal-itp-data-infra",
            "unique_id": "100409301237368942133"
          },
          "sensitive_attributes": []
        }
      ]
    },
    {
      "mode": "managed",
      "type": "google_service_account",
      "name": "tfer--100825686811848658754",
      "provider": "provider[\"registry.terraform.io/hashicorp/google\"]",
      "instances": [
        {
          "schema_version": 0,
          "attributes_flat": {
            "account_id": "dev-gtfs-rt-archiver-v3",
            "description": "",
            "disabled": "false",
            "display_name": "dev-gtfs-rt-archiver-v3",
            "email": "dev-gtfs-rt-archiver-v3@cal-itp-data-infra.iam.gserviceaccount.com",
            "id": "projects/cal-itp-data-infra/serviceAccounts/dev-gtfs-rt-archiver-v3@cal-itp-data-infra.iam.gserviceaccount.com",
            "member": "serviceAccount:dev-gtfs-rt-archiver-v3@cal-itp-data-infra.iam.gserviceaccount.com",
            "name": "projects/cal-itp-data-infra/serviceAccounts/dev-gtfs-rt-archiver-v3@cal-itp-data-infra.iam.gserviceaccount.com",
            "project": "cal-itp-data-infra",
            "unique_id": "100825686811848658754"
          },
          "sensitive_attributes": []
        }
      ]
    },
    {
      "mode": "managed",
      "type": "google_service_account",
      "name": "tfer--101531038543713191301",
      "provider": "provider[\"registry.terraform.io/hashicorp/google\"]",
      "instances": [
        {
          "schema_version": 0,
          "attributes_flat": {
            "account_id": "gtfs-rt-archiver-v3",
            "description": "Reads config data from and writes data back out to GCS",
            "disabled": "false",
            "display_name": "gtfs-rt-archiver-v3",
            "email": "gtfs-rt-archiver-v3@cal-itp-data-infra.iam.gserviceaccount.com",
            "id": "projects/cal-itp-data-infra/serviceAccounts/gtfs-rt-archiver-v3@cal-itp-data-infra.iam.gserviceaccount.com",
            "member": "serviceAccount:gtfs-rt-archiver-v3@cal-itp-data-infra.iam.gserviceaccount.com",
            "name": "projects/cal-itp-data-infra/serviceAccounts/gtfs-rt-archiver-v3@cal-itp-data-infra.iam.gserviceaccount.com",
            "project": "cal-itp-data-infra",
            "unique_id": "101531038543713191301"
          },
          "sensitive_attributes": []
        }
      ]
    },
    {
      "mode": "managed",
      "type": "google_service_account",
      "name": "tfer--102313012674966610402",
      "provider": "provider[\"registry.terraform.io/hashicorp/google\"]",
      "instances": [
        {
          "schema_version": 0,
          "attributes_flat": {
            "account_id": "metabase-backup",
            "description": "LEGACY ACCOUNT -- PLEASE USE backup-preprod INSTEAD",
            "disabled": "false",
            "display_name": "metabase-backup",
            "email": "metabase-backup@cal-itp-data-infra.iam.gserviceaccount.com",
            "id": "projects/cal-itp-data-infra/serviceAccounts/metabase-backup@cal-itp-data-infra.iam.gserviceaccount.com",
            "member": "serviceAccount:metabase-backup@cal-itp-data-infra.iam.gserviceaccount.com",
            "name": "projects/cal-itp-data-infra/serviceAccounts/metabase-backup@cal-itp-data-infra.iam.gserviceaccount.com",
            "project": "cal-itp-data-infra",
            "unique_id": "102313012674966610402"
          },
          "sensitive_attributes": []
        }
      ]
    },
    {
      "mode": "managed",
      "type": "google_service_account",
      "name": "tfer--102898235871657893180",
      "provider": "provider[\"registry.terraform.io/hashicorp/google\"]",
      "instances": [
        {
          "schema_version": 0,
          "attributes_flat": {
            "account_id": "cal-itp-data-infra",
            "description": "",
            "disabled": "false",
            "display_name": "App Engine default service account",
            "email": "cal-itp-data-infra@appspot.gserviceaccount.com",
            "id": "projects/cal-itp-data-infra/serviceAccounts/cal-itp-data-infra@appspot.gserviceaccount.com",
            "member": "serviceAccount:cal-itp-data-infra@appspot.gserviceaccount.com",
            "name": "projects/cal-itp-data-infra/serviceAccounts/cal-itp-data-infra@appspot.gserviceaccount.com",
            "project": "cal-itp-data-infra",
            "unique_id": "102898235871657893180"
          },
          "sensitive_attributes": []
        }
      ]
    },
    {
      "mode": "managed",
      "type": "google_service_account",
      "name": "tfer--103282778270991614945",
      "provider": "provider[\"registry.terraform.io/hashicorp/google\"]",
      "instances": [
        {
          "schema_version": 0,
          "attributes_flat": {
            "account_id": "composer2-service-account",
            "description": "Used for Composer 2 (managed Airflow)",
            "disabled": "false",
            "display_name": "composer2-service-account",
            "email": "composer2-service-account@cal-itp-data-infra.iam.gserviceaccount.com",
            "id": "projects/cal-itp-data-infra/serviceAccounts/composer2-service-account@cal-itp-data-infra.iam.gserviceaccount.com",
            "member": "serviceAccount:composer2-service-account@cal-itp-data-infra.iam.gserviceaccount.com",
            "name": "projects/cal-itp-data-infra/serviceAccounts/composer2-service-account@cal-itp-data-infra.iam.gserviceaccount.com",
            "project": "cal-itp-data-infra",
            "unique_id": "103282778270991614945"
          },
          "sensitive_attributes": []
        }
      ]
    },
    {
      "mode": "managed",
      "type": "google_service_account",
      "name": "tfer--104228008692447712489",
      "provider": "provider[\"registry.terraform.io/hashicorp/google\"]",
      "instances": [
        {
          "schema_version": 0,
          "attributes_flat": {
            "account_id": "atn-payments-user",
            "description": "",
            "disabled": "false",
            "display_name": "",
            "email": "atn-payments-user@cal-itp-data-infra.iam.gserviceaccount.com",
            "id": "projects/cal-itp-data-infra/serviceAccounts/atn-payments-user@cal-itp-data-infra.iam.gserviceaccount.com",
            "member": "serviceAccount:atn-payments-user@cal-itp-data-infra.iam.gserviceaccount.com",
            "name": "projects/cal-itp-data-infra/serviceAccounts/atn-payments-user@cal-itp-data-infra.iam.gserviceaccount.com",
            "project": "cal-itp-data-infra",
            "unique_id": "104228008692447712489"
          },
          "sensitive_attributes": []
        }
      ]
    },
    {
      "mode": "managed",
      "type": "google_service_account",
      "name": "tfer--104296524238941538670",
      "provider": "provider[\"registry.terraform.io/hashicorp/google\"]",
      "instances": [
        {
          "schema_version": 0,
          "attributes_flat": {
            "account_id": "clean-air-payments-user",
            "description": "",
            "disabled": "false",
            "display_name": "",
            "email": "clean-air-payments-user@cal-itp-data-infra.iam.gserviceaccount.com",
            "id": "projects/cal-itp-data-infra/serviceAccounts/clean-air-payments-user@cal-itp-data-infra.iam.gserviceaccount.com",
            "member": "serviceAccount:clean-air-payments-user@cal-itp-data-infra.iam.gserviceaccount.com",
            "name": "projects/cal-itp-data-infra/serviceAccounts/clean-air-payments-user@cal-itp-data-infra.iam.gserviceaccount.com",
            "project": "cal-itp-data-infra",
            "unique_id": "104296524238941538670"
          },
          "sensitive_attributes": []
        }
      ]
    },
    {
      "mode": "managed",
      "type": "google_service_account",
      "name": "tfer--104433253766206552796",
      "provider": "provider[\"registry.terraform.io/hashicorp/google\"]",
      "instances": [
        {
          "schema_version": 0,
          "attributes_flat": {
            "account_id": "github-actions-services-accoun",
            "description": "service account to handle GH actions",
            "disabled": "false",
            "display_name": "github_actions_services_account",
            "email": "github-actions-services-accoun@cal-itp-data-infra.iam.gserviceaccount.com",
            "id": "projects/cal-itp-data-infra/serviceAccounts/github-actions-services-accoun@cal-itp-data-infra.iam.gserviceaccount.com",
            "member": "serviceAccount:github-actions-services-accoun@cal-itp-data-infra.iam.gserviceaccount.com",
            "name": "projects/cal-itp-data-infra/serviceAccounts/github-actions-services-accoun@cal-itp-data-infra.iam.gserviceaccount.com",
            "project": "cal-itp-data-infra",
            "unique_id": "104433253766206552796"
          },
          "sensitive_attributes": []
        }
      ]
    },
    {
      "mode": "managed",
      "type": "google_service_account",
      "name": "tfer--105781789064132478524",
      "provider": "provider[\"registry.terraform.io/hashicorp/google\"]",
      "instances": [
        {
          "schema_version": 0,
          "attributes_flat": {
            "account_id": "cc-jarvus-airflow",
            "description": "Chris's service account for Airflow",
            "disabled": "false",
            "display_name": "cc-jarvus-airflow",
            "email": "cc-jarvus-airflow@cal-itp-data-infra.iam.gserviceaccount.com",
            "id": "projects/cal-itp-data-infra/serviceAccounts/cc-jarvus-airflow@cal-itp-data-infra.iam.gserviceaccount.com",
            "member": "serviceAccount:cc-jarvus-airflow@cal-itp-data-infra.iam.gserviceaccount.com",
            "name": "projects/cal-itp-data-infra/serviceAccounts/cc-jarvus-airflow@cal-itp-data-infra.iam.gserviceaccount.com",
            "project": "cal-itp-data-infra",
            "unique_id": "105781789064132478524"
          },
          "sensitive_attributes": []
        }
      ]
    },
    {
      "mode": "managed",
      "type": "google_service_account",
      "name": "tfer--108192824187785555345",
      "provider": "provider[\"registry.terraform.io/hashicorp/google\"]",
      "instances": [
        {
          "schema_version": 0,
          "attributes_flat": {
            "account_id": "jupyterlab",
            "description": "warehouse access for jupyterlab cloud",
            "disabled": "false",
            "display_name": "jupyterlab",
            "email": "jupyterlab@cal-itp-data-infra.iam.gserviceaccount.com",
            "id": "projects/cal-itp-data-infra/serviceAccounts/jupyterlab@cal-itp-data-infra.iam.gserviceaccount.com",
            "member": "serviceAccount:jupyterlab@cal-itp-data-infra.iam.gserviceaccount.com",
            "name": "projects/cal-itp-data-infra/serviceAccounts/jupyterlab@cal-itp-data-infra.iam.gserviceaccount.com",
            "project": "cal-itp-data-infra",
            "unique_id": "108192824187785555345"
          },
          "sensitive_attributes": []
        }
      ]
    },
    {
      "mode": "managed",
      "type": "google_service_account",
      "name": "tfer--108511010517410478567",
      "provider": "provider[\"registry.terraform.io/hashicorp/google\"]",
      "instances": [
        {
          "schema_version": 0,
          "attributes_flat": {
            "account_id": "backup-preprod",
            "description": "R/W access to preprod backups bucket",
            "disabled": "false",
            "display_name": "backup-preprod",
            "email": "backup-preprod@cal-itp-data-infra.iam.gserviceaccount.com",
            "id": "projects/cal-itp-data-infra/serviceAccounts/backup-preprod@cal-itp-data-infra.iam.gserviceaccount.com",
            "member": "serviceAccount:backup-preprod@cal-itp-data-infra.iam.gserviceaccount.com",
            "name": "projects/cal-itp-data-infra/serviceAccounts/backup-preprod@cal-itp-data-infra.iam.gserviceaccount.com",
            "project": "cal-itp-data-infra",
            "unique_id": "108511010517410478567"
          },
          "sensitive_attributes": []
        }
      ]
    },
    {
      "mode": "managed",
      "type": "google_service_account",
      "name": "tfer--108990031826874583979",
      "provider": "provider[\"registry.terraform.io/hashicorp/google\"]",
      "instances": [
        {
          "schema_version": 0,
          "attributes_flat": {
            "account_id": "metabase",
            "description": "Metabase  Bigquery access",
            "disabled": "false",
            "display_name": "metabase",
            "email": "metabase@cal-itp-data-infra.iam.gserviceaccount.com",
            "id": "projects/cal-itp-data-infra/serviceAccounts/metabase@cal-itp-data-infra.iam.gserviceaccount.com",
            "member": "serviceAccount:metabase@cal-itp-data-infra.iam.gserviceaccount.com",
            "name": "projects/cal-itp-data-infra/serviceAccounts/metabase@cal-itp-data-infra.iam.gserviceaccount.com",
            "project": "cal-itp-data-infra",
            "unique_id": "108990031826874583979"
          },
          "sensitive_attributes": []
        }
      ]
    },
    {
      "mode": "managed",
      "type": "google_service_account",
      "name": "tfer--109486432003654134124",
      "provider": "provider[\"registry.terraform.io/hashicorp/google\"]",
      "instances": [
        {
          "schema_version": 0,
          "attributes_flat": {
            "account_id": "cal-itp-reports-generation",
            "description": "For generation of calitp-reports website. Deprecate asap.",
            "disabled": "false",
            "display_name": "cal-itp-reports-generation",
            "email": "cal-itp-reports-generation@cal-itp-data-infra.iam.gserviceaccount.com",
            "id": "projects/cal-itp-data-infra/serviceAccounts/cal-itp-reports-generation@cal-itp-data-infra.iam.gserviceaccount.com",
            "member": "serviceAccount:cal-itp-reports-generation@cal-itp-data-infra.iam.gserviceaccount.com",
            "name": "projects/cal-itp-data-infra/serviceAccounts/cal-itp-reports-generation@cal-itp-data-infra.iam.gserviceaccount.com",
            "project": "cal-itp-data-infra",
            "unique_id": "109486432003654134124"
          },
          "sensitive_attributes": []
        }
      ]
    },
    {
      "mode": "managed",
      "type": "google_service_account",
      "name": "tfer--110811083403587775493",
      "provider": "provider[\"registry.terraform.io/hashicorp/google\"]",
      "instances": [
        {
          "schema_version": 0,
          "attributes_flat": {
            "account_id": "sbmtd-payments-user",
            "description": "",
            "disabled": "false",
            "display_name": "",
            "email": "sbmtd-payments-user@cal-itp-data-infra.iam.gserviceaccount.com",
            "id": "projects/cal-itp-data-infra/serviceAccounts/sbmtd-payments-user@cal-itp-data-infra.iam.gserviceaccount.com",
            "member": "serviceAccount:sbmtd-payments-user@cal-itp-data-infra.iam.gserviceaccount.com",
            "name": "projects/cal-itp-data-infra/serviceAccounts/sbmtd-payments-user@cal-itp-data-infra.iam.gserviceaccount.com",
            "project": "cal-itp-data-infra",
            "unique_id": "110811083403587775493"
          },
          "sensitive_attributes": []
        }
      ]
    },
    {
      "mode": "managed",
      "type": "google_service_account",
      "name": "tfer--110962145619706212937",
      "provider": "provider[\"registry.terraform.io/hashicorp/google\"]",
      "instances": [
        {
          "schema_version": 0,
          "attributes_flat": {
            "account_id": "backup-grafana",
            "description": "",
            "disabled": "false",
            "display_name": "backup-grafana",
            "email": "backup-grafana@cal-itp-data-infra.iam.gserviceaccount.com",
            "id": "projects/cal-itp-data-infra/serviceAccounts/backup-grafana@cal-itp-data-infra.iam.gserviceaccount.com",
            "member": "serviceAccount:backup-grafana@cal-itp-data-infra.iam.gserviceaccount.com",
            "name": "projects/cal-itp-data-infra/serviceAccounts/backup-grafana@cal-itp-data-infra.iam.gserviceaccount.com",
            "project": "cal-itp-data-infra",
            "unique_id": "110962145619706212937"
          },
          "sensitive_attributes": []
        }
      ]
    },
    {
      "mode": "managed",
      "type": "google_service_account",
      "name": "tfer--111041565629350650664",
      "provider": "provider[\"registry.terraform.io/hashicorp/google\"]",
      "instances": [
        {
          "schema_version": 0,
          "attributes_flat": {
            "account_id": "redwood-coast-transit",
            "description": "",
            "disabled": "false",
            "display_name": "",
            "email": "redwood-coast-transit@cal-itp-data-infra.iam.gserviceaccount.com",
            "id": "projects/cal-itp-data-infra/serviceAccounts/redwood-coast-transit@cal-itp-data-infra.iam.gserviceaccount.com",
            "member": "serviceAccount:redwood-coast-transit@cal-itp-data-infra.iam.gserviceaccount.com",
            "name": "projects/cal-itp-data-infra/serviceAccounts/redwood-coast-transit@cal-itp-data-infra.iam.gserviceaccount.com",
            "project": "cal-itp-data-infra",
            "unique_id": "111041565629350650664"
          },
          "sensitive_attributes": []
        }
      ]
    },
    {
      "mode": "managed",
      "type": "google_service_account",
      "name": "tfer--111080371999374643299",
      "provider": "provider[\"registry.terraform.io/hashicorp/google\"]",
      "instances": [
        {
          "schema_version": 0,
          "attributes_flat": {
            "account_id": "gtfs-rt-archiver-test",
            "description": "Access to the gtfs-data-test bucket",
            "disabled": "false",
            "display_name": "gtfs-rt-archiver-test",
            "email": "gtfs-rt-archiver-test@cal-itp-data-infra.iam.gserviceaccount.com",
            "id": "projects/cal-itp-data-infra/serviceAccounts/gtfs-rt-archiver-test@cal-itp-data-infra.iam.gserviceaccount.com",
            "member": "serviceAccount:gtfs-rt-archiver-test@cal-itp-data-infra.iam.gserviceaccount.com",
            "name": "projects/cal-itp-data-infra/serviceAccounts/gtfs-rt-archiver-test@cal-itp-data-infra.iam.gserviceaccount.com",
            "project": "cal-itp-data-infra",
            "unique_id": "111080371999374643299"
          },
          "sensitive_attributes": []
        }
      ]
    },
    {
      "mode": "managed",
      "type": "google_service_account",
      "name": "tfer--111148370496926482871",
      "provider": "provider[\"registry.terraform.io/hashicorp/google\"]",
      "instances": [
        {
          "schema_version": 0,
          "attributes_flat": {
            "account_id": "jyoung-cal-itp",
            "description": "",
            "disabled": "false",
            "display_name": "",
            "email": "jyoung-cal-itp@cal-itp-data-infra.iam.gserviceaccount.com",
            "id": "projects/cal-itp-data-infra/serviceAccounts/jyoung-cal-itp@cal-itp-data-infra.iam.gserviceaccount.com",
            "member": "serviceAccount:jyoung-cal-itp@cal-itp-data-infra.iam.gserviceaccount.com",
            "name": "projects/cal-itp-data-infra/serviceAccounts/jyoung-cal-itp@cal-itp-data-infra.iam.gserviceaccount.com",
            "project": "cal-itp-data-infra",
            "unique_id": "111148370496926482871"
          },
          "sensitive_attributes": []
        }
      ]
    },
    {
      "mode": "managed",
      "type": "google_service_account",
      "name": "tfer--111181631017890268696",
      "provider": "provider[\"registry.terraform.io/hashicorp/google\"]",
      "instances": [
        {
          "schema_version": 0,
          "attributes_flat": {
            "account_id": "test-natalyaa",
            "description": "",
            "disabled": "false",
            "display_name": "",
            "email": "test-natalyaa@cal-itp-data-infra.iam.gserviceaccount.com",
            "id": "projects/cal-itp-data-infra/serviceAccounts/test-natalyaa@cal-itp-data-infra.iam.gserviceaccount.com",
            "member": "serviceAccount:test-natalyaa@cal-itp-data-infra.iam.gserviceaccount.com",
            "name": "projects/cal-itp-data-infra/serviceAccounts/test-natalyaa@cal-itp-data-infra.iam.gserviceaccount.com",
            "project": "cal-itp-data-infra",
            "unique_id": "111181631017890268696"
          },
          "sensitive_attributes": []
        }
      ]
    },
    {
      "mode": "managed",
      "type": "google_service_account",
      "name": "tfer--111891315267954755979",
      "provider": "provider[\"registry.terraform.io/hashicorp/google\"]",
      "instances": [
        {
          "schema_version": 0,
          "attributes_flat": {
            "account_id": "lake-transit-authority",
            "description": "",
            "disabled": "false",
            "display_name": "",
            "email": "lake-transit-authority@cal-itp-data-infra.iam.gserviceaccount.com",
            "id": "projects/cal-itp-data-infra/serviceAccounts/lake-transit-authority@cal-itp-data-infra.iam.gserviceaccount.com",
            "member": "serviceAccount:lake-transit-authority@cal-itp-data-infra.iam.gserviceaccount.com",
            "name": "projects/cal-itp-data-infra/serviceAccounts/lake-transit-authority@cal-itp-data-infra.iam.gserviceaccount.com",
            "project": "cal-itp-data-infra",
            "unique_id": "111891315267954755979"
          },
          "sensitive_attributes": []
        }
      ]
    },
    {
      "mode": "managed",
      "type": "google_service_account",
      "name": "tfer--112089510539904302491",
      "provider": "provider[\"registry.terraform.io/hashicorp/google\"]",
      "instances": [
        {
          "schema_version": 0,
          "attributes_flat": {
            "account_id": "sacrt-payments-user",
            "description": "",
            "disabled": "false",
            "display_name": "",
            "email": "sacrt-payments-user@cal-itp-data-infra.iam.gserviceaccount.com",
            "id": "projects/cal-itp-data-infra/serviceAccounts/sacrt-payments-user@cal-itp-data-infra.iam.gserviceaccount.com",
            "member": "serviceAccount:sacrt-payments-user@cal-itp-data-infra.iam.gserviceaccount.com",
            "name": "projects/cal-itp-data-infra/serviceAccounts/sacrt-payments-user@cal-itp-data-infra.iam.gserviceaccount.com",
            "project": "cal-itp-data-infra",
            "unique_id": "112089510539904302491"
          },
          "sensitive_attributes": []
        }
      ]
    },
    {
      "mode": "managed",
      "type": "google_service_account",
      "name": "tfer--113085154642268227475",
      "provider": "provider[\"registry.terraform.io/hashicorp/google\"]",
      "instances": [
        {
          "schema_version": 0,
          "attributes_flat": {
            "account_id": "mst-payments-user",
            "description": "",
            "disabled": "false",
            "display_name": "",
            "email": "mst-payments-user@cal-itp-data-infra.iam.gserviceaccount.com",
            "id": "projects/cal-itp-data-infra/serviceAccounts/mst-payments-user@cal-itp-data-infra.iam.gserviceaccount.com",
            "member": "serviceAccount:mst-payments-user@cal-itp-data-infra.iam.gserviceaccount.com",
            "name": "projects/cal-itp-data-infra/serviceAccounts/mst-payments-user@cal-itp-data-infra.iam.gserviceaccount.com",
            "project": "cal-itp-data-infra",
            "unique_id": "113085154642268227475"
          },
          "sensitive_attributes": []
        }
      ]
    },
    {
      "mode": "managed",
      "type": "google_service_account",
      "name": "tfer--113224801129857519602",
      "provider": "provider[\"registry.terraform.io/hashicorp/google\"]",
      "instances": [
        {
          "schema_version": 0,
          "attributes_flat": {
            "account_id": "mendocino-transit-authority",
            "description": "",
            "disabled": "false",
            "display_name": "",
            "email": "mendocino-transit-authority@cal-itp-data-infra.iam.gserviceaccount.com",
            "id": "projects/cal-itp-data-infra/serviceAccounts/mendocino-transit-authority@cal-itp-data-infra.iam.gserviceaccount.com",
            "member": "serviceAccount:mendocino-transit-authority@cal-itp-data-infra.iam.gserviceaccount.com",
            "name": "projects/cal-itp-data-infra/serviceAccounts/mendocino-transit-authority@cal-itp-data-infra.iam.gserviceaccount.com",
            "project": "cal-itp-data-infra",
            "unique_id": "113224801129857519602"
          },
          "sensitive_attributes": []
        }
      ]
    },
    {
      "mode": "managed",
      "type": "google_service_account",
      "name": "tfer--113512472366715495471",
      "provider": "provider[\"registry.terraform.io/hashicorp/google\"]",
      "instances": [
        {
          "schema_version": 0,
          "attributes_flat": {
            "account_id": "backup-metabase",
            "description": "R/W access to production metabase backups",
            "disabled": "false",
            "display_name": "backup-metabase",
            "email": "backup-metabase@cal-itp-data-infra.iam.gserviceaccount.com",
            "id": "projects/cal-itp-data-infra/serviceAccounts/backup-metabase@cal-itp-data-infra.iam.gserviceaccount.com",
            "member": "serviceAccount:backup-metabase@cal-itp-data-infra.iam.gserviceaccount.com",
            "name": "projects/cal-itp-data-infra/serviceAccounts/backup-metabase@cal-itp-data-infra.iam.gserviceaccount.com",
            "project": "cal-itp-data-infra",
            "unique_id": "113512472366715495471"
          },
          "sensitive_attributes": []
        }
      ]
    },
    {
      "mode": "managed",
      "type": "google_service_account",
      "name": "tfer--114731815246487683241",
      "provider": "provider[\"registry.terraform.io/hashicorp/google\"]",
      "instances": [
        {
          "schema_version": 0,
          "attributes_flat": {
            "account_id": "bq-transform-svcacct",
            "description": "Grants Airflow pod operators access to GCS and bigquery",
            "disabled": "false",
            "display_name": "airflow-jobs-service-user",
            "email": "bq-transform-svcacct@cal-itp-data-infra.iam.gserviceaccount.com",
            "id": "projects/cal-itp-data-infra/serviceAccounts/bq-transform-svcacct@cal-itp-data-infra.iam.gserviceaccount.com",
            "member": "serviceAccount:bq-transform-svcacct@cal-itp-data-infra.iam.gserviceaccount.com",
            "name": "projects/cal-itp-data-infra/serviceAccounts/bq-transform-svcacct@cal-itp-data-infra.iam.gserviceaccount.com",
            "project": "cal-itp-data-infra",
            "unique_id": "114731815246487683241"
          },
          "sensitive_attributes": []
        }
      ]
    },
    {
      "mode": "managed",
      "type": "google_service_account",
      "name": "tfer--114755160399419974306",
      "provider": "provider[\"registry.terraform.io/hashicorp/google\"]",
      "instances": [
        {
          "schema_version": 0,
          "attributes_flat": {
            "account_id": "metabase-payments-team",
            "description": "Service account for Payments Data Team to use via Metabase",
            "disabled": "false",
            "display_name": "metabase-payments-team",
            "email": "metabase-payments-team@cal-itp-data-infra.iam.gserviceaccount.com",
            "id": "projects/cal-itp-data-infra/serviceAccounts/metabase-payments-team@cal-itp-data-infra.iam.gserviceaccount.com",
            "member": "serviceAccount:metabase-payments-team@cal-itp-data-infra.iam.gserviceaccount.com",
            "name": "projects/cal-itp-data-infra/serviceAccounts/metabase-payments-team@cal-itp-data-infra.iam.gserviceaccount.com",
            "project": "cal-itp-data-infra",
            "unique_id": "114755160399419974306"
          },
          "sensitive_attributes": []
        }
      ]
    },
    {
      "mode": "managed",
      "type": "google_service_account",
      "name": "tfer--115285307593924299795",
      "provider": "provider[\"registry.terraform.io/hashicorp/google\"]",
      "instances": [
        {
          "schema_version": 0,
          "attributes_flat": {
            "account_id": "backups-test",
            "description": "",
            "disabled": "false",
            "display_name": "backups-test",
            "email": "backups-test@cal-itp-data-infra.iam.gserviceaccount.com",
            "id": "projects/cal-itp-data-infra/serviceAccounts/backups-test@cal-itp-data-infra.iam.gserviceaccount.com",
            "member": "serviceAccount:backups-test@cal-itp-data-infra.iam.gserviceaccount.com",
            "name": "projects/cal-itp-data-infra/serviceAccounts/backups-test@cal-itp-data-infra.iam.gserviceaccount.com",
            "project": "cal-itp-data-infra",
            "unique_id": "115285307593924299795"
          },
          "sensitive_attributes": []
        }
      ]
    },
    {
      "mode": "managed",
      "type": "google_service_account",
      "name": "tfer--115862066379506089980",
      "provider": "provider[\"registry.terraform.io/hashicorp/google\"]",
      "instances": [
        {
          "schema_version": 0,
          "attributes_flat": {
            "account_id": "calitp-py-ci",
            "description": "CI testing for calitp-py library",
            "disabled": "false",
            "display_name": "calitp-py-ci",
            "email": "calitp-py-ci@cal-itp-data-infra.iam.gserviceaccount.com",
            "id": "projects/cal-itp-data-infra/serviceAccounts/calitp-py-ci@cal-itp-data-infra.iam.gserviceaccount.com",
            "member": "serviceAccount:calitp-py-ci@cal-itp-data-infra.iam.gserviceaccount.com",
            "name": "projects/cal-itp-data-infra/serviceAccounts/calitp-py-ci@cal-itp-data-infra.iam.gserviceaccount.com",
            "project": "cal-itp-data-infra",
            "unique_id": "115862066379506089980"
          },
          "sensitive_attributes": []
        }
      ]
    },
    {
      "mode": "managed",
      "type": "google_service_account",
      "name": "tfer--116204646797454087621",
      "provider": "provider[\"registry.terraform.io/hashicorp/google\"]",
      "instances": [
        {
          "schema_version": 0,
          "attributes_flat": {
            "account_id": "agency-hub-readonly",
            "description": "Read-only access for AgencyHub to read validation codes",
            "disabled": "false",
            "display_name": "agency-hub-readonly",
            "email": "agency-hub-readonly@cal-itp-data-infra.iam.gserviceaccount.com",
            "id": "projects/cal-itp-data-infra/serviceAccounts/agency-hub-readonly@cal-itp-data-infra.iam.gserviceaccount.com",
            "member": "serviceAccount:agency-hub-readonly@cal-itp-data-infra.iam.gserviceaccount.com",
            "name": "projects/cal-itp-data-infra/serviceAccounts/agency-hub-readonly@cal-itp-data-infra.iam.gserviceaccount.com",
            "project": "cal-itp-data-infra",
            "unique_id": "116204646797454087621"
          },
          "sensitive_attributes": []
        }
      ]
    },
    {
      "mode": "managed",
      "type": "google_service_account",
      "name": "tfer--117250920371991618056",
      "provider": "provider[\"registry.terraform.io/hashicorp/google\"]",
      "instances": [
        {
          "schema_version": 0,
          "attributes_flat": {
            "account_id": "humboldt-transit-authority",
            "description": "",
            "disabled": "false",
            "display_name": "",
            "email": "humboldt-transit-authority@cal-itp-data-infra.iam.gserviceaccount.com",
            "id": "projects/cal-itp-data-infra/serviceAccounts/humboldt-transit-authority@cal-itp-data-infra.iam.gserviceaccount.com",
            "member": "serviceAccount:humboldt-transit-authority@cal-itp-data-infra.iam.gserviceaccount.com",
            "name": "projects/cal-itp-data-infra/serviceAccounts/humboldt-transit-authority@cal-itp-data-infra.iam.gserviceaccount.com",
            "project": "cal-itp-data-infra",
            "unique_id": "117250920371991618056"
          },
          "sensitive_attributes": []
        }
      ]
    },
    {
      "mode": "managed",
      "type": "google_service_account",
      "name": "tfer--117710413824821071161",
      "provider": "provider[\"registry.terraform.io/hashicorp/google\"]",
      "instances": [
        {
          "schema_version": 0,
          "attributes_flat": {
            "account_id": "amplitude-export",
            "description": "",
            "disabled": "false",
            "display_name": "amplitude-export",
            "email": "amplitude-export@cal-itp-data-infra.iam.gserviceaccount.com",
            "id": "projects/cal-itp-data-infra/serviceAccounts/amplitude-export@cal-itp-data-infra.iam.gserviceaccount.com",
            "member": "serviceAccount:amplitude-export@cal-itp-data-infra.iam.gserviceaccount.com",
            "name": "projects/cal-itp-data-infra/serviceAccounts/amplitude-export@cal-itp-data-infra.iam.gserviceaccount.com",
            "project": "cal-itp-data-infra",
            "unique_id": "117710413824821071161"
          },
          "sensitive_attributes": []
        }
      ]
    },
    {
      "mode": "managed",
      "type": "google_service_account",
      "name": "tfer--117956330948086473326",
      "provider": "provider[\"registry.terraform.io/hashicorp/google\"]",
      "instances": [
        {
          "schema_version": 0,
          "attributes_flat": {
            "account_id": "gtfs-rt-archiver",
            "description": "Service to upload GTFS-RT feeds to storage bucket",
            "disabled": "false",
            "display_name": "gtfs-rt-archiver",
            "email": "gtfs-rt-archiver@cal-itp-data-infra.iam.gserviceaccount.com",
            "id": "projects/cal-itp-data-infra/serviceAccounts/gtfs-rt-archiver@cal-itp-data-infra.iam.gserviceaccount.com",
            "member": "serviceAccount:gtfs-rt-archiver@cal-itp-data-infra.iam.gserviceaccount.com",
            "name": "projects/cal-itp-data-infra/serviceAccounts/gtfs-rt-archiver@cal-itp-data-infra.iam.gserviceaccount.com",
            "project": "cal-itp-data-infra",
            "unique_id": "117956330948086473326"
          },
          "sensitive_attributes": []
        }
      ]
    },
    {
      "mode": "managed",
      "type": "google_service_account",
      "name": "tfer--118350215382382143206",
      "provider": "provider[\"registry.terraform.io/hashicorp/google\"]",
      "instances": [
        {
          "schema_version": 0,
          "attributes_flat": {
            "account_id": "gh-actions-mobi-mart",
            "description": "Used to pull Provider Map data from warehouse into MobiMart site",
            "disabled": "false",
            "display_name": "gh_actions_mobi_mart",
            "email": "gh-actions-mobi-mart@cal-itp-data-infra.iam.gserviceaccount.com",
            "id": "projects/cal-itp-data-infra/serviceAccounts/gh-actions-mobi-mart@cal-itp-data-infra.iam.gserviceaccount.com",
            "member": "serviceAccount:gh-actions-mobi-mart@cal-itp-data-infra.iam.gserviceaccount.com",
            "name": "projects/cal-itp-data-infra/serviceAccounts/gh-actions-mobi-mart@cal-itp-data-infra.iam.gserviceaccount.com",
            "project": "cal-itp-data-infra",
            "unique_id": "118350215382382143206"
          },
          "sensitive_attributes": []
        }
      ]
    }
  ],
  "check_results": null
}
