{
  "version": 4,
  "terraform_version": "1.10.5",
  "serial": 2,
  "lineage": "5aaa0c07-2d17-567f-36c4-199e17263465",
  "outputs": {
    "google_dns_managed_zone_tfer--gke-us-west2-calitp-airflow2-pr-88ca8ec6-gke-98ed8a64-dns_id": {
      "value": "gke-us-west2-calitp-airflow2-pr-88ca8ec6-gke-98ed8a64-dns",
      "type": "string"
    },
    "google_dns_record_set_tfer--gke-us-west2-calitp-airflow2-pr-88ca8ec6-gke-98ed8a64-dns__dns-002E-_udp-002E-kube-dns-002E-kube-system-002E-svc-002E-cluster-002E-local-002E--SRV_id": {
      "value": "gke-us-west2-calitp-airflow2-pr-88ca8ec6-gke-98ed8a64-dns/_dns._udp.kube-dns.kube-system.svc.cluster.local./SRV",
      "type": "string"
    },
    "google_dns_record_set_tfer--gke-us-west2-calitp-airflow2-pr-88ca8ec6-gke-98ed8a64-dns__dns-tcp-002E-_tcp-002E-kube-dns-002E-kube-system-002E-svc-002E-cluster-002E-local-002E--SRV_id": {
      "value": "gke-us-west2-calitp-airflow2-pr-88ca8ec6-gke-98ed8a64-dns/_dns-tcp._tcp.kube-dns.kube-system.svc.cluster.local./SRV",
      "type": "string"
    },
    "google_dns_record_set_tfer--gke-us-west2-calitp-airflow2-pr-88ca8ec6-gke-98ed8a64-dns__http-002E-_tcp-002E-default-http-backend-002E-kube-system-002E-svc-002E-cluster-002E-local-002E--SRV_id": {
      "value": "gke-us-west2-calitp-airflow2-pr-88ca8ec6-gke-98ed8a64-dns/_http._tcp.default-http-backend.kube-system.svc.cluster.local./SRV",
      "type": "string"
    },
    "google_dns_record_set_tfer--gke-us-west2-calitp-airflow2-pr-88ca8ec6-gke-98ed8a64-dns__https-002E-_tcp-002E-kubernetes-002E-default-002E-svc-002E-cluster-002E-local-002E--SRV_id": {
      "value": "gke-us-west2-calitp-airflow2-pr-88ca8ec6-gke-98ed8a64-dns/_https._tcp.kubernetes.default.svc.cluster.local./SRV",
      "type": "string"
    },
    "google_dns_record_set_tfer--gke-us-west2-calitp-airflow2-pr-88ca8ec6-gke-98ed8a64-dns__legacy-002E-_tcp-002E-gmp-operator-002E-gke-gmp-system-002E-svc-002E-cluster-002E-local-002E--SRV_id": {
      "value": "gke-us-west2-calitp-airflow2-pr-88ca8ec6-gke-98ed8a64-dns/_legacy._tcp.gmp-operator.gke-gmp-system.svc.cluster.local./SRV",
      "type": "string"
    },
    "google_dns_record_set_tfer--gke-us-west2-calitp-airflow2-pr-88ca8ec6-gke-98ed8a64-dns__otlp-grpc-002E-_tcp-002E-airflow-monitoring-service-002E-composer-system-002E-svc-002E-cluster-002E-local-002E--SRV_id": {
      "value": "gke-us-west2-calitp-airflow2-pr-88ca8ec6-gke-98ed8a64-dns/_otlp-grpc._tcp.airflow-monitoring-service.composer-system.svc.cluster.local./SRV",
      "type": "string"
    },
    "google_dns_record_set_tfer--gke-us-west2-calitp-airflow2-pr-88ca8ec6-gke-98ed8a64-dns__otlp-http-002E-_tcp-002E-airflow-monitoring-service-002E-composer-system-002E-svc-002E-cluster-002E-local-002E--SRV_id": {
      "value": "gke-us-west2-calitp-airflow2-pr-88ca8ec6-gke-98ed8a64-dns/_otlp-http._tcp.airflow-monitoring-service.composer-system.svc.cluster.local./SRV",
      "type": "string"
    },
    "google_dns_record_set_tfer--gke-us-west2-calitp-airflow2-pr-88ca8ec6-gke-98ed8a64-dns__statsd-collectd-002E-_udp-002E-airflow-monitoring-service-002E-composer-system-002E-svc-002E-cluster-002E-local-002E--SRV_id": {
      "value": "gke-us-west2-calitp-airflow2-pr-88ca8ec6-gke-98ed8a64-dns/_statsd-collectd._udp.airflow-monitoring-service.composer-system.svc.cluster.local./SRV",
      "type": "string"
    },
    "google_dns_record_set_tfer--gke-us-west2-calitp-airflow2-pr-88ca8ec6-gke-98ed8a64-dns__statsd-ot-002E-_udp-002E-airflow-monitoring-service-002E-composer-system-002E-svc-002E-cluster-002E-local-002E--SRV_id": {
      "value": "gke-us-west2-calitp-airflow2-pr-88ca8ec6-gke-98ed8a64-dns/_statsd-ot._udp.airflow-monitoring-service.composer-system.svc.cluster.local./SRV",
      "type": "string"
    },
    "google_dns_record_set_tfer--gke-us-west2-calitp-airflow2-pr-88ca8ec6-gke-98ed8a64-dns__webhook-002E-_tcp-002E-gmp-operator-002E-gke-gmp-system-002E-svc-002E-cluster-002E-local-002E--SRV_id": {
      "value": "gke-us-west2-calitp-airflow2-pr-88ca8ec6-gke-98ed8a64-dns/_webhook._tcp.gmp-operator.gke-gmp-system.svc.cluster.local./SRV",
      "type": "string"
    },
    "google_dns_record_set_tfer--gke-us-west2-calitp-airflow2-pr-88ca8ec6-gke-98ed8a64-dns_airflow-monitoring-service-002E-composer-system-002E-svc-002E-cluster-002E-local-002E--A_id": {
      "value": "gke-us-west2-calitp-airflow2-pr-88ca8ec6-gke-98ed8a64-dns/airflow-monitoring-service.composer-system.svc.cluster.local./A",
      "type": "string"
    },
    "google_dns_record_set_tfer--gke-us-west2-calitp-airflow2-pr-88ca8ec6-gke-98ed8a64-dns_airflow-monitoring-service-002E-composer-system-002E-svc-002E-cluster-002E-local-002E--SRV_id": {
      "value": "gke-us-west2-calitp-airflow2-pr-88ca8ec6-gke-98ed8a64-dns/airflow-monitoring-service.composer-system.svc.cluster.local./SRV",
      "type": "string"
    },
    "google_dns_record_set_tfer--gke-us-west2-calitp-airflow2-pr-88ca8ec6-gke-98ed8a64-dns_airflow-redis-service-002E-composer-system-002E-svc-002E-cluster-002E-local-002E--A_id": {
      "value": "gke-us-west2-calitp-airflow2-pr-88ca8ec6-gke-98ed8a64-dns/airflow-redis-service.composer-system.svc.cluster.local./A",
      "type": "string"
    },
    "google_dns_record_set_tfer--gke-us-west2-calitp-airflow2-pr-88ca8ec6-gke-98ed8a64-dns_airflow-sqlproxy-service-002E-composer-system-002E-svc-002E-cluster-002E-local-002E--A_id": {
      "value": "gke-us-west2-calitp-airflow2-pr-88ca8ec6-gke-98ed8a64-dns/airflow-sqlproxy-service.composer-system.svc.cluster.local./A",
      "type": "string"
    },
    "google_dns_record_set_tfer--gke-us-west2-calitp-airflow2-pr-88ca8ec6-gke-98ed8a64-dns_antrea-002E-kube-system-002E-svc-002E-cluster-002E-local-002E--A_id": {
      "value": "gke-us-west2-calitp-airflow2-pr-88ca8ec6-gke-98ed8a64-dns/antrea.kube-system.svc.cluster.local./A",
      "type": "string"
    },
    "google_dns_record_set_tfer--gke-us-west2-calitp-airflow2-pr-88ca8ec6-gke-98ed8a64-dns_cluster-002E-local-002E--NS_id": {
      "value": "gke-us-west2-calitp-airflow2-pr-88ca8ec6-gke-98ed8a64-dns/cluster.local./NS",
      "type": "string"
    },
    "google_dns_record_set_tfer--gke-us-west2-calitp-airflow2-pr-88ca8ec6-gke-98ed8a64-dns_cluster-002E-local-002E--SOA_id": {
      "value": "gke-us-west2-calitp-airflow2-pr-88ca8ec6-gke-98ed8a64-dns/cluster.local./SOA",
      "type": "string"
    },
    "google_dns_record_set_tfer--gke-us-west2-calitp-airflow2-pr-88ca8ec6-gke-98ed8a64-dns_custom-metrics-stackdriver-adapter-002E-composer-system-002E-svc-002E-cluster-002E-local-002E--A_id": {
      "value": "gke-us-west2-calitp-airflow2-pr-88ca8ec6-gke-98ed8a64-dns/custom-metrics-stackdriver-adapter.composer-system.svc.cluster.local./A",
      "type": "string"
    },
    "google_dns_record_set_tfer--gke-us-west2-calitp-airflow2-pr-88ca8ec6-gke-98ed8a64-dns_default-http-backend-002E-kube-system-002E-svc-002E-cluster-002E-local-002E--A_id": {
      "value": "gke-us-west2-calitp-airflow2-pr-88ca8ec6-gke-98ed8a64-dns/default-http-backend.kube-system.svc.cluster.local./A",
      "type": "string"
    },
    "google_dns_record_set_tfer--gke-us-west2-calitp-airflow2-pr-88ca8ec6-gke-98ed8a64-dns_default-http-backend-002E-kube-system-002E-svc-002E-cluster-002E-local-002E--SRV_id": {
      "value": "gke-us-west2-calitp-airflow2-pr-88ca8ec6-gke-98ed8a64-dns/default-http-backend.kube-system.svc.cluster.local./SRV",
      "type": "string"
    },
    "google_dns_record_set_tfer--gke-us-west2-calitp-airflow2-pr-88ca8ec6-gke-98ed8a64-dns_dns-version-002E-cluster-002E-local-002E--TXT_id": {
      "value": "gke-us-west2-calitp-airflow2-pr-88ca8ec6-gke-98ed8a64-dns/dns-version.cluster.local./TXT",
      "type": "string"
    },
    "google_dns_record_set_tfer--gke-us-west2-calitp-airflow2-pr-88ca8ec6-gke-98ed8a64-dns_gmp-operator-002E-gke-gmp-system-002E-svc-002E-cluster-002E-local-002E--A_id": {
      "value": "gke-us-west2-calitp-airflow2-pr-88ca8ec6-gke-98ed8a64-dns/gmp-operator.gke-gmp-system.svc.cluster.local./A",
      "type": "string"
    },
    "google_dns_record_set_tfer--gke-us-west2-calitp-airflow2-pr-88ca8ec6-gke-98ed8a64-dns_gmp-operator-002E-gke-gmp-system-002E-svc-002E-cluster-002E-local-002E--SRV_id": {
      "value": "gke-us-west2-calitp-airflow2-pr-88ca8ec6-gke-98ed8a64-dns/gmp-operator.gke-gmp-system.svc.cluster.local./SRV",
      "type": "string"
    },
    "google_dns_record_set_tfer--gke-us-west2-calitp-airflow2-pr-88ca8ec6-gke-98ed8a64-dns_kube-dns-002E-kube-system-002E-svc-002E-cluster-002E-local-002E--A_id": {
      "value": "gke-us-west2-calitp-airflow2-pr-88ca8ec6-gke-98ed8a64-dns/kube-dns.kube-system.svc.cluster.local./A",
      "type": "string"
    },
    "google_dns_record_set_tfer--gke-us-west2-calitp-airflow2-pr-88ca8ec6-gke-98ed8a64-dns_kube-dns-002E-kube-system-002E-svc-002E-cluster-002E-local-002E--SRV_id": {
      "value": "gke-us-west2-calitp-airflow2-pr-88ca8ec6-gke-98ed8a64-dns/kube-dns.kube-system.svc.cluster.local./SRV",
      "type": "string"
    },
    "google_dns_record_set_tfer--gke-us-west2-calitp-airflow2-pr-88ca8ec6-gke-98ed8a64-dns_kubernetes-002E-default-002E-svc-002E-cluster-002E-local-002E--A_id": {
      "value": "gke-us-west2-calitp-airflow2-pr-88ca8ec6-gke-98ed8a64-dns/kubernetes.default.svc.cluster.local./A",
      "type": "string"
    },
    "google_dns_record_set_tfer--gke-us-west2-calitp-airflow2-pr-88ca8ec6-gke-98ed8a64-dns_kubernetes-002E-default-002E-svc-002E-cluster-002E-local-002E--SRV_id": {
      "value": "gke-us-west2-calitp-airflow2-pr-88ca8ec6-gke-98ed8a64-dns/kubernetes.default.svc.cluster.local./SRV",
      "type": "string"
    },
    "google_dns_record_set_tfer--gke-us-west2-calitp-airflow2-pr-88ca8ec6-gke-98ed8a64-dns_metrics-server-002E-kube-system-002E-svc-002E-cluster-002E-local-002E--A_id": {
      "value": "gke-us-west2-calitp-airflow2-pr-88ca8ec6-gke-98ed8a64-dns/metrics-server.kube-system.svc.cluster.local./A",
      "type": "string"
    }
  },
  "resources": [
    {
      "mode": "managed",
      "type": "google_dns_managed_zone",
      "name": "tfer--gke-us-west2-calitp-airflow2-pr-88ca8ec6-gke-98ed8a64-dns",
      "provider": "provider[\"registry.terraform.io/hashicorp/google\"]",
      "instances": [
        {
          "schema_version": 0,
          "attributes_flat": {
            "cloud_logging_config.#": "1",
            "cloud_logging_config.0.enable_logging": "false",
            "creation_time": "2024-02-12T14:50:39.521Z",
            "description": "Private zone for GKE cluster \"us-west2-calitp-airflow2-pr-88ca8ec6-gke\" with cluster suffix \"cluster.local.\" in project \"cal-itp-data-infra\" with scope \"CLUSTER_SCOPE\"",
            "dns_name": "cluster.local.",
            "dnssec_config.#": "0",
            "effective_labels.%": "1",
            "effective_labels.goog-gke-node": "clouddns-autopilot",
            "force_destroy": "false",
            "forwarding_config.#": "0",
            "id": "gke-us-west2-calitp-airflow2-pr-88ca8ec6-gke-98ed8a64-dns",
            "labels.%": "0",
            "managed_zone_id": "8524081254879018980",
            "name": "gke-us-west2-calitp-airflow2-pr-88ca8ec6-gke-98ed8a64-dns",
            "name_servers.#": "1",
            "name_servers.0": "ns-gcp-private.googledomains.com.",
            "peering_config.#": "0",
            "private_visibility_config.#": "1",
            "private_visibility_config.0.gke_clusters.#": "1",
            "private_visibility_config.0.gke_clusters.0.gke_cluster_name": "projects/cal-itp-data-infra/locations/us-west2/clusters/us-west2-calitp-airflow2-pr-88ca8ec6-gke",
            "private_visibility_config.0.networks.#": "0",
            "project": "cal-itp-data-infra",
            "terraform_labels.%": "0",
            "visibility": "private"
          },
          "sensitive_attributes": []
        }
      ]
    },
    {
      "mode": "managed",
      "type": "google_dns_record_set",
      "name": "tfer--gke-us-west2-calitp-airflow2-pr-88ca8ec6-gke-98ed8a64-dns__dns-002E-_udp-002E-kube-dns-002E-kube-system-002E-svc-002E-cluster-002E-local-002E--SRV",
      "provider": "provider[\"registry.terraform.io/hashicorp/google\"]",
      "instances": [
        {
          "schema_version": 0,
          "attributes_flat": {
            "id": "gke-us-west2-calitp-airflow2-pr-88ca8ec6-gke-98ed8a64-dns/_dns._udp.kube-dns.kube-system.svc.cluster.local./SRV",
            "managed_zone": "gke-us-west2-calitp-airflow2-pr-88ca8ec6-gke-98ed8a64-dns",
            "name": "_dns._udp.kube-dns.kube-system.svc.cluster.local.",
            "project": "cal-itp-data-infra",
            "routing_policy.#": "0",
            "rrdatas.#": "1",
            "rrdatas.0": "10 100 53 kube-dns.kube-system.svc.cluster.local.",
            "ttl": "30",
            "type": "SRV"
          },
          "sensitive_attributes": []
        }
      ]
    },
    {
      "mode": "managed",
      "type": "google_dns_record_set",
      "name": "tfer--gke-us-west2-calitp-airflow2-pr-88ca8ec6-gke-98ed8a64-dns__dns-tcp-002E-_tcp-002E-kube-dns-002E-kube-system-002E-svc-002E-cluster-002E-local-002E--SRV",
      "provider": "provider[\"registry.terraform.io/hashicorp/google\"]",
      "instances": [
        {
          "schema_version": 0,
          "attributes_flat": {
            "id": "gke-us-west2-calitp-airflow2-pr-88ca8ec6-gke-98ed8a64-dns/_dns-tcp._tcp.kube-dns.kube-system.svc.cluster.local./SRV",
            "managed_zone": "gke-us-west2-calitp-airflow2-pr-88ca8ec6-gke-98ed8a64-dns",
            "name": "_dns-tcp._tcp.kube-dns.kube-system.svc.cluster.local.",
            "project": "cal-itp-data-infra",
            "routing_policy.#": "0",
            "rrdatas.#": "1",
            "rrdatas.0": "10 100 53 kube-dns.kube-system.svc.cluster.local.",
            "ttl": "30",
            "type": "SRV"
          },
          "sensitive_attributes": []
        }
      ]
    },
    {
      "mode": "managed",
      "type": "google_dns_record_set",
      "name": "tfer--gke-us-west2-calitp-airflow2-pr-88ca8ec6-gke-98ed8a64-dns__http-002E-_tcp-002E-default-http-backend-002E-kube-system-002E-svc-002E-cluster-002E-local-002E--SRV",
      "provider": "provider[\"registry.terraform.io/hashicorp/google\"]",
      "instances": [
        {
          "schema_version": 0,
          "attributes_flat": {
            "id": "gke-us-west2-calitp-airflow2-pr-88ca8ec6-gke-98ed8a64-dns/_http._tcp.default-http-backend.kube-system.svc.cluster.local./SRV",
            "managed_zone": "gke-us-west2-calitp-airflow2-pr-88ca8ec6-gke-98ed8a64-dns",
            "name": "_http._tcp.default-http-backend.kube-system.svc.cluster.local.",
            "project": "cal-itp-data-infra",
            "routing_policy.#": "0",
            "rrdatas.#": "1",
            "rrdatas.0": "10 100 80 default-http-backend.kube-system.svc.cluster.local.",
            "ttl": "30",
            "type": "SRV"
          },
          "sensitive_attributes": []
        }
      ]
    },
    {
      "mode": "managed",
      "type": "google_dns_record_set",
      "name": "tfer--gke-us-west2-calitp-airflow2-pr-88ca8ec6-gke-98ed8a64-dns__https-002E-_tcp-002E-kubernetes-002E-default-002E-svc-002E-cluster-002E-local-002E--SRV",
      "provider": "provider[\"registry.terraform.io/hashicorp/google\"]",
      "instances": [
        {
          "schema_version": 0,
          "attributes_flat": {
            "id": "gke-us-west2-calitp-airflow2-pr-88ca8ec6-gke-98ed8a64-dns/_https._tcp.kubernetes.default.svc.cluster.local./SRV",
            "managed_zone": "gke-us-west2-calitp-airflow2-pr-88ca8ec6-gke-98ed8a64-dns",
            "name": "_https._tcp.kubernetes.default.svc.cluster.local.",
            "project": "cal-itp-data-infra",
            "routing_policy.#": "0",
            "rrdatas.#": "1",
            "rrdatas.0": "10 100 443 kubernetes.default.svc.cluster.local.",
            "ttl": "30",
            "type": "SRV"
          },
          "sensitive_attributes": []
        }
      ]
    },
    {
      "mode": "managed",
      "type": "google_dns_record_set",
      "name": "tfer--gke-us-west2-calitp-airflow2-pr-88ca8ec6-gke-98ed8a64-dns__legacy-002E-_tcp-002E-gmp-operator-002E-gke-gmp-system-002E-svc-002E-cluster-002E-local-002E--SRV",
      "provider": "provider[\"registry.terraform.io/hashicorp/google\"]",
      "instances": [
        {
          "schema_version": 0,
          "attributes_flat": {
            "id": "gke-us-west2-calitp-airflow2-pr-88ca8ec6-gke-98ed8a64-dns/_legacy._tcp.gmp-operator.gke-gmp-system.svc.cluster.local./SRV",
            "managed_zone": "gke-us-west2-calitp-airflow2-pr-88ca8ec6-gke-98ed8a64-dns",
            "name": "_legacy._tcp.gmp-operator.gke-gmp-system.svc.cluster.local.",
            "project": "cal-itp-data-infra",
            "routing_policy.#": "0",
            "rrdatas.#": "1",
            "rrdatas.0": "10 100 8443 gmp-operator.gke-gmp-system.svc.cluster.local.",
            "ttl": "30",
            "type": "SRV"
          },
          "sensitive_attributes": []
        }
      ]
    },
    {
      "mode": "managed",
      "type": "google_dns_record_set",
      "name": "tfer--gke-us-west2-calitp-airflow2-pr-88ca8ec6-gke-98ed8a64-dns__otlp-grpc-002E-_tcp-002E-airflow-monitoring-service-002E-composer-system-002E-svc-002E-cluster-002E-local-002E--SRV",
      "provider": "provider[\"registry.terraform.io/hashicorp/google\"]",
      "instances": [
        {
          "schema_version": 0,
          "attributes_flat": {
            "id": "gke-us-west2-calitp-airflow2-pr-88ca8ec6-gke-98ed8a64-dns/_otlp-grpc._tcp.airflow-monitoring-service.composer-system.svc.cluster.local./SRV",
            "managed_zone": "gke-us-west2-calitp-airflow2-pr-88ca8ec6-gke-98ed8a64-dns",
            "name": "_otlp-grpc._tcp.airflow-monitoring-service.composer-system.svc.cluster.local.",
            "project": "cal-itp-data-infra",
            "routing_policy.#": "0",
            "rrdatas.#": "1",
            "rrdatas.0": "10 100 4317 airflow-monitoring-service.composer-system.svc.cluster.local.",
            "ttl": "30",
            "type": "SRV"
          },
          "sensitive_attributes": []
        }
      ]
    },
    {
      "mode": "managed",
      "type": "google_dns_record_set",
      "name": "tfer--gke-us-west2-calitp-airflow2-pr-88ca8ec6-gke-98ed8a64-dns__otlp-http-002E-_tcp-002E-airflow-monitoring-service-002E-composer-system-002E-svc-002E-cluster-002E-local-002E--SRV",
      "provider": "provider[\"registry.terraform.io/hashicorp/google\"]",
      "instances": [
        {
          "schema_version": 0,
          "attributes_flat": {
            "id": "gke-us-west2-calitp-airflow2-pr-88ca8ec6-gke-98ed8a64-dns/_otlp-http._tcp.airflow-monitoring-service.composer-system.svc.cluster.local./SRV",
            "managed_zone": "gke-us-west2-calitp-airflow2-pr-88ca8ec6-gke-98ed8a64-dns",
            "name": "_otlp-http._tcp.airflow-monitoring-service.composer-system.svc.cluster.local.",
            "project": "cal-itp-data-infra",
            "routing_policy.#": "0",
            "rrdatas.#": "1",
            "rrdatas.0": "10 100 4318 airflow-monitoring-service.composer-system.svc.cluster.local.",
            "ttl": "30",
            "type": "SRV"
          },
          "sensitive_attributes": []
        }
      ]
    },
    {
      "mode": "managed",
      "type": "google_dns_record_set",
      "name": "tfer--gke-us-west2-calitp-airflow2-pr-88ca8ec6-gke-98ed8a64-dns__statsd-collectd-002E-_udp-002E-airflow-monitoring-service-002E-composer-system-002E-svc-002E-cluster-002E-local-002E--SRV",
      "provider": "provider[\"registry.terraform.io/hashicorp/google\"]",
      "instances": [
        {
          "schema_version": 0,
          "attributes_flat": {
            "id": "gke-us-west2-calitp-airflow2-pr-88ca8ec6-gke-98ed8a64-dns/_statsd-collectd._udp.airflow-monitoring-service.composer-system.svc.cluster.local./SRV",
            "managed_zone": "gke-us-west2-calitp-airflow2-pr-88ca8ec6-gke-98ed8a64-dns",
            "name": "_statsd-collectd._udp.airflow-monitoring-service.composer-system.svc.cluster.local.",
            "project": "cal-itp-data-infra",
            "routing_policy.#": "0",
            "rrdatas.#": "1",
            "rrdatas.0": "10 100 8125 airflow-monitoring-service.composer-system.svc.cluster.local.",
            "ttl": "30",
            "type": "SRV"
          },
          "sensitive_attributes": []
        }
      ]
    },
    {
      "mode": "managed",
      "type": "google_dns_record_set",
      "name": "tfer--gke-us-west2-calitp-airflow2-pr-88ca8ec6-gke-98ed8a64-dns__statsd-ot-002E-_udp-002E-airflow-monitoring-service-002E-composer-system-002E-svc-002E-cluster-002E-local-002E--SRV",
      "provider": "provider[\"registry.terraform.io/hashicorp/google\"]",
      "instances": [
        {
          "schema_version": 0,
          "attributes_flat": {
            "id": "gke-us-west2-calitp-airflow2-pr-88ca8ec6-gke-98ed8a64-dns/_statsd-ot._udp.airflow-monitoring-service.composer-system.svc.cluster.local./SRV",
            "managed_zone": "gke-us-west2-calitp-airflow2-pr-88ca8ec6-gke-98ed8a64-dns",
            "name": "_statsd-ot._udp.airflow-monitoring-service.composer-system.svc.cluster.local.",
            "project": "cal-itp-data-infra",
            "routing_policy.#": "0",
            "rrdatas.#": "1",
            "rrdatas.0": "10 100 8126 airflow-monitoring-service.composer-system.svc.cluster.local.",
            "ttl": "30",
            "type": "SRV"
          },
          "sensitive_attributes": []
        }
      ]
    },
    {
      "mode": "managed",
      "type": "google_dns_record_set",
      "name": "tfer--gke-us-west2-calitp-airflow2-pr-88ca8ec6-gke-98ed8a64-dns__webhook-002E-_tcp-002E-gmp-operator-002E-gke-gmp-system-002E-svc-002E-cluster-002E-local-002E--SRV",
      "provider": "provider[\"registry.terraform.io/hashicorp/google\"]",
      "instances": [
        {
          "schema_version": 0,
          "attributes_flat": {
            "id": "gke-us-west2-calitp-airflow2-pr-88ca8ec6-gke-98ed8a64-dns/_webhook._tcp.gmp-operator.gke-gmp-system.svc.cluster.local./SRV",
            "managed_zone": "gke-us-west2-calitp-airflow2-pr-88ca8ec6-gke-98ed8a64-dns",
            "name": "_webhook._tcp.gmp-operator.gke-gmp-system.svc.cluster.local.",
            "project": "cal-itp-data-infra",
            "routing_policy.#": "0",
            "rrdatas.#": "1",
            "rrdatas.0": "10 100 443 gmp-operator.gke-gmp-system.svc.cluster.local.",
            "ttl": "30",
            "type": "SRV"
          },
          "sensitive_attributes": []
        }
      ]
    },
    {
      "mode": "managed",
      "type": "google_dns_record_set",
      "name": "tfer--gke-us-west2-calitp-airflow2-pr-88ca8ec6-gke-98ed8a64-dns_airflow-monitoring-service-002E-composer-system-002E-svc-002E-cluster-002E-local-002E--A",
      "provider": "provider[\"registry.terraform.io/hashicorp/google\"]",
      "instances": [
        {
          "schema_version": 0,
          "attributes_flat": {
            "id": "gke-us-west2-calitp-airflow2-pr-88ca8ec6-gke-98ed8a64-dns/airflow-monitoring-service.composer-system.svc.cluster.local./A",
            "managed_zone": "gke-us-west2-calitp-airflow2-pr-88ca8ec6-gke-98ed8a64-dns",
            "name": "airflow-monitoring-service.composer-system.svc.cluster.local.",
            "project": "cal-itp-data-infra",
            "routing_policy.#": "0",
            "rrdatas.#": "1",
            "rrdatas.0": "10.15.130.198",
            "ttl": "30",
            "type": "A"
          },
          "sensitive_attributes": []
        }
      ]
    },
    {
      "mode": "managed",
      "type": "google_dns_record_set",
      "name": "tfer--gke-us-west2-calitp-airflow2-pr-88ca8ec6-gke-98ed8a64-dns_airflow-monitoring-service-002E-composer-system-002E-svc-002E-cluster-002E-local-002E--SRV",
      "provider": "provider[\"registry.terraform.io/hashicorp/google\"]",
      "instances": [
        {
          "schema_version": 0,
          "attributes_flat": {
            "id": "gke-us-west2-calitp-airflow2-pr-88ca8ec6-gke-98ed8a64-dns/airflow-monitoring-service.composer-system.svc.cluster.local./SRV",
            "managed_zone": "gke-us-west2-calitp-airflow2-pr-88ca8ec6-gke-98ed8a64-dns",
            "name": "airflow-monitoring-service.composer-system.svc.cluster.local.",
            "project": "cal-itp-data-infra",
            "routing_policy.#": "0",
            "rrdatas.#": "4",
            "rrdatas.0": "10 25 4317 airflow-monitoring-service.composer-system.svc.cluster.local.",
            "rrdatas.1": "10 25 4318 airflow-monitoring-service.composer-system.svc.cluster.local.",
            "rrdatas.2": "10 25 8125 airflow-monitoring-service.composer-system.svc.cluster.local.",
            "rrdatas.3": "10 25 8126 airflow-monitoring-service.composer-system.svc.cluster.local.",
            "ttl": "30",
            "type": "SRV"
          },
          "sensitive_attributes": []
        }
      ]
    },
    {
      "mode": "managed",
      "type": "google_dns_record_set",
      "name": "tfer--gke-us-west2-calitp-airflow2-pr-88ca8ec6-gke-98ed8a64-dns_airflow-redis-service-002E-composer-system-002E-svc-002E-cluster-002E-local-002E--A",
      "provider": "provider[\"registry.terraform.io/hashicorp/google\"]",
      "instances": [
        {
          "schema_version": 0,
          "attributes_flat": {
            "id": "gke-us-west2-calitp-airflow2-pr-88ca8ec6-gke-98ed8a64-dns/airflow-redis-service.composer-system.svc.cluster.local./A",
            "managed_zone": "gke-us-west2-calitp-airflow2-pr-88ca8ec6-gke-98ed8a64-dns",
            "name": "airflow-redis-service.composer-system.svc.cluster.local.",
            "project": "cal-itp-data-infra",
            "routing_policy.#": "0",
            "rrdatas.#": "1",
            "rrdatas.0": "10.15.131.240",
            "ttl": "30",
            "type": "A"
          },
          "sensitive_attributes": []
        }
      ]
    },
    {
      "mode": "managed",
      "type": "google_dns_record_set",
      "name": "tfer--gke-us-west2-calitp-airflow2-pr-88ca8ec6-gke-98ed8a64-dns_airflow-sqlproxy-service-002E-composer-system-002E-svc-002E-cluster-002E-local-002E--A",
      "provider": "provider[\"registry.terraform.io/hashicorp/google\"]",
      "instances": [
        {
          "schema_version": 0,
          "attributes_flat": {
            "id": "gke-us-west2-calitp-airflow2-pr-88ca8ec6-gke-98ed8a64-dns/airflow-sqlproxy-service.composer-system.svc.cluster.local./A",
            "managed_zone": "gke-us-west2-calitp-airflow2-pr-88ca8ec6-gke-98ed8a64-dns",
            "name": "airflow-sqlproxy-service.composer-system.svc.cluster.local.",
            "project": "cal-itp-data-infra",
            "routing_policy.#": "0",
            "rrdatas.#": "1",
            "rrdatas.0": "10.15.129.206",
            "ttl": "30",
            "type": "A"
          },
          "sensitive_attributes": []
        }
      ]
    },
    {
      "mode": "managed",
      "type": "google_dns_record_set",
      "name": "tfer--gke-us-west2-calitp-airflow2-pr-88ca8ec6-gke-98ed8a64-dns_antrea-002E-kube-system-002E-svc-002E-cluster-002E-local-002E--A",
      "provider": "provider[\"registry.terraform.io/hashicorp/google\"]",
      "instances": [
        {
          "schema_version": 0,
          "attributes_flat": {
            "id": "gke-us-west2-calitp-airflow2-pr-88ca8ec6-gke-98ed8a64-dns/antrea.kube-system.svc.cluster.local./A",
            "managed_zone": "gke-us-west2-calitp-airflow2-pr-88ca8ec6-gke-98ed8a64-dns",
            "name": "antrea.kube-system.svc.cluster.local.",
            "project": "cal-itp-data-infra",
            "routing_policy.#": "0",
            "rrdatas.#": "1",
            "rrdatas.0": "10.15.131.43",
            "ttl": "30",
            "type": "A"
          },
          "sensitive_attributes": []
        }
      ]
    },
    {
      "mode": "managed",
      "type": "google_dns_record_set",
      "name": "tfer--gke-us-west2-calitp-airflow2-pr-88ca8ec6-gke-98ed8a64-dns_cluster-002E-local-002E--NS",
      "provider": "provider[\"registry.terraform.io/hashicorp/google\"]",
      "instances": [
        {
          "schema_version": 0,
          "attributes_flat": {
            "id": "gke-us-west2-calitp-airflow2-pr-88ca8ec6-gke-98ed8a64-dns/cluster.local./NS",
            "managed_zone": "gke-us-west2-calitp-airflow2-pr-88ca8ec6-gke-98ed8a64-dns",
            "name": "cluster.local.",
            "project": "cal-itp-data-infra",
            "routing_policy.#": "0",
            "rrdatas.#": "1",
            "rrdatas.0": "ns-gcp-private.googledomains.com.",
            "ttl": "21600",
            "type": "NS"
          },
          "sensitive_attributes": []
        }
      ]
    },
    {
      "mode": "managed",
      "type": "google_dns_record_set",
      "name": "tfer--gke-us-west2-calitp-airflow2-pr-88ca8ec6-gke-98ed8a64-dns_cluster-002E-local-002E--SOA",
      "provider": "provider[\"registry.terraform.io/hashicorp/google\"]",
      "instances": [
        {
          "schema_version": 0,
          "attributes_flat": {
            "id": "gke-us-west2-calitp-airflow2-pr-88ca8ec6-gke-98ed8a64-dns/cluster.local./SOA",
            "managed_zone": "gke-us-west2-calitp-airflow2-pr-88ca8ec6-gke-98ed8a64-dns",
            "name": "cluster.local.",
            "project": "cal-itp-data-infra",
            "routing_policy.#": "0",
            "rrdatas.#": "1",
            "rrdatas.0": "ns-gcp-private.googledomains.com. cloud-dns-hostmaster.google.com. 1 21600 3600 259200 300",
            "ttl": "21600",
            "type": "SOA"
          },
          "sensitive_attributes": []
        }
      ]
    },
    {
      "mode": "managed",
      "type": "google_dns_record_set",
      "name": "tfer--gke-us-west2-calitp-airflow2-pr-88ca8ec6-gke-98ed8a64-dns_custom-metrics-stackdriver-adapter-002E-composer-system-002E-svc-002E-cluster-002E-local-002E--A",
      "provider": "provider[\"registry.terraform.io/hashicorp/google\"]",
      "instances": [
        {
          "schema_version": 0,
          "attributes_flat": {
            "id": "gke-us-west2-calitp-airflow2-pr-88ca8ec6-gke-98ed8a64-dns/custom-metrics-stackdriver-adapter.composer-system.svc.cluster.local./A",
            "managed_zone": "gke-us-west2-calitp-airflow2-pr-88ca8ec6-gke-98ed8a64-dns",
            "name": "custom-metrics-stackdriver-adapter.composer-system.svc.cluster.local.",
            "project": "cal-itp-data-infra",
            "routing_policy.#": "0",
            "rrdatas.#": "1",
            "rrdatas.0": "10.15.130.249",
            "ttl": "30",
            "type": "A"
          },
          "sensitive_attributes": []
        }
      ]
    },
    {
      "mode": "managed",
      "type": "google_dns_record_set",
      "name": "tfer--gke-us-west2-calitp-airflow2-pr-88ca8ec6-gke-98ed8a64-dns_default-http-backend-002E-kube-system-002E-svc-002E-cluster-002E-local-002E--A",
      "provider": "provider[\"registry.terraform.io/hashicorp/google\"]",
      "instances": [
        {
          "schema_version": 0,
          "attributes_flat": {
            "id": "gke-us-west2-calitp-airflow2-pr-88ca8ec6-gke-98ed8a64-dns/default-http-backend.kube-system.svc.cluster.local./A",
            "managed_zone": "gke-us-west2-calitp-airflow2-pr-88ca8ec6-gke-98ed8a64-dns",
            "name": "default-http-backend.kube-system.svc.cluster.local.",
            "project": "cal-itp-data-infra",
            "routing_policy.#": "0",
            "rrdatas.#": "1",
            "rrdatas.0": "10.15.128.114",
            "ttl": "30",
            "type": "A"
          },
          "sensitive_attributes": []
        }
      ]
    },
    {
      "mode": "managed",
      "type": "google_dns_record_set",
      "name": "tfer--gke-us-west2-calitp-airflow2-pr-88ca8ec6-gke-98ed8a64-dns_default-http-backend-002E-kube-system-002E-svc-002E-cluster-002E-local-002E--SRV",
      "provider": "provider[\"registry.terraform.io/hashicorp/google\"]",
      "instances": [
        {
          "schema_version": 0,
          "attributes_flat": {
            "id": "gke-us-west2-calitp-airflow2-pr-88ca8ec6-gke-98ed8a64-dns/default-http-backend.kube-system.svc.cluster.local./SRV",
            "managed_zone": "gke-us-west2-calitp-airflow2-pr-88ca8ec6-gke-98ed8a64-dns",
            "name": "default-http-backend.kube-system.svc.cluster.local.",
            "project": "cal-itp-data-infra",
            "routing_policy.#": "0",
            "rrdatas.#": "1",
            "rrdatas.0": "10 100 80 default-http-backend.kube-system.svc.cluster.local.",
            "ttl": "30",
            "type": "SRV"
          },
          "sensitive_attributes": []
        }
      ]
    },
    {
      "mode": "managed",
      "type": "google_dns_record_set",
      "name": "tfer--gke-us-west2-calitp-airflow2-pr-88ca8ec6-gke-98ed8a64-dns_dns-version-002E-cluster-002E-local-002E--TXT",
      "provider": "provider[\"registry.terraform.io/hashicorp/google\"]",
      "instances": [
        {
          "schema_version": 0,
          "attributes_flat": {
            "id": "gke-us-west2-calitp-airflow2-pr-88ca8ec6-gke-98ed8a64-dns/dns-version.cluster.local./TXT",
            "managed_zone": "gke-us-west2-calitp-airflow2-pr-88ca8ec6-gke-98ed8a64-dns",
            "name": "dns-version.cluster.local.",
            "project": "cal-itp-data-infra",
            "routing_policy.#": "0",
            "rrdatas.#": "1",
            "rrdatas.0": "\"1.0.0\"",
            "ttl": "30",
            "type": "TXT"
          },
          "sensitive_attributes": []
        }
      ]
    },
    {
      "mode": "managed",
      "type": "google_dns_record_set",
      "name": "tfer--gke-us-west2-calitp-airflow2-pr-88ca8ec6-gke-98ed8a64-dns_gmp-operator-002E-gke-gmp-system-002E-svc-002E-cluster-002E-local-002E--A",
      "provider": "provider[\"registry.terraform.io/hashicorp/google\"]",
      "instances": [
        {
          "schema_version": 0,
          "attributes_flat": {
            "id": "gke-us-west2-calitp-airflow2-pr-88ca8ec6-gke-98ed8a64-dns/gmp-operator.gke-gmp-system.svc.cluster.local./A",
            "managed_zone": "gke-us-west2-calitp-airflow2-pr-88ca8ec6-gke-98ed8a64-dns",
            "name": "gmp-operator.gke-gmp-system.svc.cluster.local.",
            "project": "cal-itp-data-infra",
            "routing_policy.#": "0",
            "rrdatas.#": "1",
            "rrdatas.0": "10.15.128.124",
            "ttl": "30",
            "type": "A"
          },
          "sensitive_attributes": []
        }
      ]
    },
    {
      "mode": "managed",
      "type": "google_dns_record_set",
      "name": "tfer--gke-us-west2-calitp-airflow2-pr-88ca8ec6-gke-98ed8a64-dns_gmp-operator-002E-gke-gmp-system-002E-svc-002E-cluster-002E-local-002E--SRV",
      "provider": "provider[\"registry.terraform.io/hashicorp/google\"]",
      "instances": [
        {
          "schema_version": 0,
          "attributes_flat": {
            "id": "gke-us-west2-calitp-airflow2-pr-88ca8ec6-gke-98ed8a64-dns/gmp-operator.gke-gmp-system.svc.cluster.local./SRV",
            "managed_zone": "gke-us-west2-calitp-airflow2-pr-88ca8ec6-gke-98ed8a64-dns",
            "name": "gmp-operator.gke-gmp-system.svc.cluster.local.",
            "project": "cal-itp-data-infra",
            "routing_policy.#": "0",
            "rrdatas.#": "2",
            "rrdatas.0": "10 50 443 gmp-operator.gke-gmp-system.svc.cluster.local.",
            "rrdatas.1": "10 50 8443 gmp-operator.gke-gmp-system.svc.cluster.local.",
            "ttl": "30",
            "type": "SRV"
          },
          "sensitive_attributes": []
        }
      ]
    },
    {
      "mode": "managed",
      "type": "google_dns_record_set",
      "name": "tfer--gke-us-west2-calitp-airflow2-pr-88ca8ec6-gke-98ed8a64-dns_kube-dns-002E-kube-system-002E-svc-002E-cluster-002E-local-002E--A",
      "provider": "provider[\"registry.terraform.io/hashicorp/google\"]",
      "instances": [
        {
          "schema_version": 0,
          "attributes_flat": {
            "id": "gke-us-west2-calitp-airflow2-pr-88ca8ec6-gke-98ed8a64-dns/kube-dns.kube-system.svc.cluster.local./A",
            "managed_zone": "gke-us-west2-calitp-airflow2-pr-88ca8ec6-gke-98ed8a64-dns",
            "name": "kube-dns.kube-system.svc.cluster.local.",
            "project": "cal-itp-data-infra",
            "routing_policy.#": "0",
            "rrdatas.#": "1",
            "rrdatas.0": "10.15.128.10",
            "ttl": "30",
            "type": "A"
          },
          "sensitive_attributes": []
        }
      ]
    },
    {
      "mode": "managed",
      "type": "google_dns_record_set",
      "name": "tfer--gke-us-west2-calitp-airflow2-pr-88ca8ec6-gke-98ed8a64-dns_kube-dns-002E-kube-system-002E-svc-002E-cluster-002E-local-002E--SRV",
      "provider": "provider[\"registry.terraform.io/hashicorp/google\"]",
      "instances": [
        {
          "schema_version": 0,
          "attributes_flat": {
            "id": "gke-us-west2-calitp-airflow2-pr-88ca8ec6-gke-98ed8a64-dns/kube-dns.kube-system.svc.cluster.local./SRV",
            "managed_zone": "gke-us-west2-calitp-airflow2-pr-88ca8ec6-gke-98ed8a64-dns",
            "name": "kube-dns.kube-system.svc.cluster.local.",
            "project": "cal-itp-data-infra",
            "routing_policy.#": "0",
            "rrdatas.#": "1",
            "rrdatas.0": "10 50 53 kube-dns.kube-system.svc.cluster.local.",
            "ttl": "30",
            "type": "SRV"
          },
          "sensitive_attributes": []
        }
      ]
    },
    {
      "mode": "managed",
      "type": "google_dns_record_set",
      "name": "tfer--gke-us-west2-calitp-airflow2-pr-88ca8ec6-gke-98ed8a64-dns_kubernetes-002E-default-002E-svc-002E-cluster-002E-local-002E--A",
      "provider": "provider[\"registry.terraform.io/hashicorp/google\"]",
      "instances": [
        {
          "schema_version": 0,
          "attributes_flat": {
            "id": "gke-us-west2-calitp-airflow2-pr-88ca8ec6-gke-98ed8a64-dns/kubernetes.default.svc.cluster.local./A",
            "managed_zone": "gke-us-west2-calitp-airflow2-pr-88ca8ec6-gke-98ed8a64-dns",
            "name": "kubernetes.default.svc.cluster.local.",
            "project": "cal-itp-data-infra",
            "routing_policy.#": "0",
            "rrdatas.#": "1",
            "rrdatas.0": "10.15.128.1",
            "ttl": "30",
            "type": "A"
          },
          "sensitive_attributes": []
        }
      ]
    },
    {
      "mode": "managed",
      "type": "google_dns_record_set",
      "name": "tfer--gke-us-west2-calitp-airflow2-pr-88ca8ec6-gke-98ed8a64-dns_kubernetes-002E-default-002E-svc-002E-cluster-002E-local-002E--SRV",
      "provider": "provider[\"registry.terraform.io/hashicorp/google\"]",
      "instances": [
        {
          "schema_version": 0,
          "attributes_flat": {
            "id": "gke-us-west2-calitp-airflow2-pr-88ca8ec6-gke-98ed8a64-dns/kubernetes.default.svc.cluster.local./SRV",
            "managed_zone": "gke-us-west2-calitp-airflow2-pr-88ca8ec6-gke-98ed8a64-dns",
            "name": "kubernetes.default.svc.cluster.local.",
            "project": "cal-itp-data-infra",
            "routing_policy.#": "0",
            "rrdatas.#": "1",
            "rrdatas.0": "10 100 443 kubernetes.default.svc.cluster.local.",
            "ttl": "30",
            "type": "SRV"
          },
          "sensitive_attributes": []
        }
      ]
    },
    {
      "mode": "managed",
      "type": "google_dns_record_set",
      "name": "tfer--gke-us-west2-calitp-airflow2-pr-88ca8ec6-gke-98ed8a64-dns_metrics-server-002E-kube-system-002E-svc-002E-cluster-002E-local-002E--A",
      "provider": "provider[\"registry.terraform.io/hashicorp/google\"]",
      "instances": [
        {
          "schema_version": 0,
          "attributes_flat": {
            "id": "gke-us-west2-calitp-airflow2-pr-88ca8ec6-gke-98ed8a64-dns/metrics-server.kube-system.svc.cluster.local./A",
            "managed_zone": "gke-us-west2-calitp-airflow2-pr-88ca8ec6-gke-98ed8a64-dns",
            "name": "metrics-server.kube-system.svc.cluster.local.",
            "project": "cal-itp-data-infra",
            "routing_policy.#": "0",
            "rrdatas.#": "1",
            "rrdatas.0": "10.15.130.150",
            "ttl": "30",
            "type": "A"
          },
          "sensitive_attributes": []
        }
      ]
    }
  ],
  "check_results": null
}
