{
    "version": 3,
    "terraform_version": "0.12.31",
    "serial": 1,
    "lineage": "6dea97c2-c5d0-16c9-9f78-b7f04b65548c",
    "modules": [
        {
            "path": [
                "root"
            ],
            "outputs": {
                "google_compute_firewall_tfer--default-allow-http_self_link": {
                    "sensitive": false,
                    "type": "string",
                    "value": "https://www.googleapis.com/compute/v1/projects/cal-itp-data-infra/global/firewalls/default-allow-http"
                },
                "google_compute_firewall_tfer--default-allow-https_self_link": {
                    "sensitive": false,
                    "type": "string",
                    "value": "https://www.googleapis.com/compute/v1/projects/cal-itp-data-infra/global/firewalls/default-allow-https"
                },
                "google_compute_firewall_tfer--default-allow-icmp_self_link": {
                    "sensitive": false,
                    "type": "string",
                    "value": "https://www.googleapis.com/compute/v1/projects/cal-itp-data-infra/global/firewalls/default-allow-icmp"
                },
                "google_compute_firewall_tfer--default-allow-internal_self_link": {
                    "sensitive": false,
                    "type": "string",
                    "value": "https://www.googleapis.com/compute/v1/projects/cal-itp-data-infra/global/firewalls/default-allow-internal"
                },
                "google_compute_firewall_tfer--default-allow-rdp_self_link": {
                    "sensitive": false,
                    "type": "string",
                    "value": "https://www.googleapis.com/compute/v1/projects/cal-itp-data-infra/global/firewalls/default-allow-rdp"
                },
                "google_compute_firewall_tfer--default-allow-ssh_self_link": {
                    "sensitive": false,
                    "type": "string",
                    "value": "https://www.googleapis.com/compute/v1/projects/cal-itp-data-infra/global/firewalls/default-allow-ssh"
                },
                "google_compute_firewall_tfer--gke-data-infra-apps-0fe1e974-all_self_link": {
                    "sensitive": false,
                    "type": "string",
                    "value": "https://www.googleapis.com/compute/v1/projects/cal-itp-data-infra/global/firewalls/gke-data-infra-apps-0fe1e974-all"
                },
                "google_compute_firewall_tfer--gke-data-infra-apps-0fe1e974-ssh_self_link": {
                    "sensitive": false,
                    "type": "string",
                    "value": "https://www.googleapis.com/compute/v1/projects/cal-itp-data-infra/global/firewalls/gke-data-infra-apps-0fe1e974-ssh"
                },
                "google_compute_firewall_tfer--gke-data-infra-apps-0fe1e974-vms_self_link": {
                    "sensitive": false,
                    "type": "string",
                    "value": "https://www.googleapis.com/compute/v1/projects/cal-itp-data-infra/global/firewalls/gke-data-infra-apps-0fe1e974-vms"
                },
                "google_compute_firewall_tfer--gke-us-west2-calitp-airflow2-pr-171e4e47-gke-0b2083d6-ssh_self_link": {
                    "sensitive": false,
                    "type": "string",
                    "value": "https://www.googleapis.com/compute/v1/projects/cal-itp-data-infra/global/firewalls/gke-us-west2-calitp-airflow2-pr-171e4e47-gke-0b2083d6-ssh"
                },
                "google_compute_firewall_tfer--gke-us-west2-calitp-airflow2-pr-88ca8ec6-gke-98ed8a64-all_self_link": {
                    "sensitive": false,
                    "type": "string",
                    "value": "https://www.googleapis.com/compute/v1/projects/cal-itp-data-infra/global/firewalls/gke-us-west2-calitp-airflow2-pr-88ca8ec6-gke-98ed8a64-all"
                },
                "google_compute_firewall_tfer--gke-us-west2-calitp-airflow2-pr-88ca8ec6-gke-98ed8a64-exkubelet_self_link": {
                    "sensitive": false,
                    "type": "string",
                    "value": "https://www.googleapis.com/compute/v1/projects/cal-itp-data-infra/global/firewalls/gke-us-west2-calitp-airflow2-pr-88ca8ec6-gke-98ed8a64-exkubelet"
                },
                "google_compute_firewall_tfer--gke-us-west2-calitp-airflow2-pr-88ca8ec6-gke-98ed8a64-inkubelet_self_link": {
                    "sensitive": false,
                    "type": "string",
                    "value": "https://www.googleapis.com/compute/v1/projects/cal-itp-data-infra/global/firewalls/gke-us-west2-calitp-airflow2-pr-88ca8ec6-gke-98ed8a64-inkubelet"
                },
                "google_compute_firewall_tfer--gke-us-west2-calitp-airflow2-pr-88ca8ec6-gke-98ed8a64-vms_self_link": {
                    "sensitive": false,
                    "type": "string",
                    "value": "https://www.googleapis.com/compute/v1/projects/cal-itp-data-infra/global/firewalls/gke-us-west2-calitp-airflow2-pr-88ca8ec6-gke-98ed8a64-vms"
                },
                "google_compute_firewall_tfer--k8s-ad40eb3afc69e4deeaf43a1ed1393eeb-http-hc_self_link": {
                    "sensitive": false,
                    "type": "string",
                    "value": "https://www.googleapis.com/compute/v1/projects/cal-itp-data-infra/global/firewalls/k8s-ad40eb3afc69e4deeaf43a1ed1393eeb-http-hc"
                },
                "google_compute_firewall_tfer--k8s-e092126e72b02003-node-http-hc_self_link": {
                    "sensitive": false,
                    "type": "string",
                    "value": "https://www.googleapis.com/compute/v1/projects/cal-itp-data-infra/global/firewalls/k8s-e092126e72b02003-node-http-hc"
                },
                "google_compute_firewall_tfer--k8s-fw-a0d3bb39e959b49a1b6015fd2193e30d_self_link": {
                    "sensitive": false,
                    "type": "string",
                    "value": "https://www.googleapis.com/compute/v1/projects/cal-itp-data-infra/global/firewalls/k8s-fw-a0d3bb39e959b49a1b6015fd2193e30d"
                },
                "google_compute_firewall_tfer--k8s-fw-ad40eb3afc69e4deeaf43a1ed1393eeb_self_link": {
                    "sensitive": false,
                    "type": "string",
                    "value": "https://www.googleapis.com/compute/v1/projects/cal-itp-data-infra/global/firewalls/k8s-fw-ad40eb3afc69e4deeaf43a1ed1393eeb"
                }
            },
            "resources": {
                "google_compute_firewall.tfer--default-allow-http": {
                    "type": "google_compute_firewall",
                    "depends_on": [],
                    "primary": {
                        "id": "default-allow-http",
                        "attributes": {
                            "allow.#": "1",
                            "allow.0.ports.#": "1",
                            "allow.0.ports.0": "80",
                            "allow.0.protocol": "tcp",
                            "creation_timestamp": "2021-04-29T15:13:33.680-07:00",
                            "deny.#": "0",
                            "description": "",
                            "destination_ranges.#": "0",
                            "direction": "INGRESS",
                            "disabled": "false",
                            "id": "default-allow-http",
                            "log_config.#": "0",
                            "name": "default-allow-http",
                            "network": "https://www.googleapis.com/compute/v1/projects/cal-itp-data-infra/global/networks/default",
                            "priority": "1000",
                            "project": "cal-itp-data-infra",
                            "self_link": "https://www.googleapis.com/compute/v1/projects/cal-itp-data-infra/global/firewalls/default-allow-http",
                            "source_ranges.#": "1",
                            "source_ranges.0": "0.0.0.0/0",
                            "source_service_accounts.#": "0",
                            "source_tags.#": "0",
                            "target_service_accounts.#": "0",
                            "target_tags.#": "1",
                            "target_tags.0": "http-server"
                        },
                        "meta": {
                            "schema_version": 1
                        },
                        "tainted": false
                    },
                    "deposed": [],
                    "provider": "provider.google"
                },
                "google_compute_firewall.tfer--default-allow-https": {
                    "type": "google_compute_firewall",
                    "depends_on": [],
                    "primary": {
                        "id": "default-allow-https",
                        "attributes": {
                            "allow.#": "1",
                            "allow.0.ports.#": "1",
                            "allow.0.ports.0": "443",
                            "allow.0.protocol": "tcp",
                            "creation_timestamp": "2021-04-29T15:13:32.981-07:00",
                            "deny.#": "0",
                            "description": "",
                            "destination_ranges.#": "0",
                            "direction": "INGRESS",
                            "disabled": "false",
                            "id": "default-allow-https",
                            "log_config.#": "0",
                            "name": "default-allow-https",
                            "network": "https://www.googleapis.com/compute/v1/projects/cal-itp-data-infra/global/networks/default",
                            "priority": "1000",
                            "project": "cal-itp-data-infra",
                            "self_link": "https://www.googleapis.com/compute/v1/projects/cal-itp-data-infra/global/firewalls/default-allow-https",
                            "source_ranges.#": "1",
                            "source_ranges.0": "0.0.0.0/0",
                            "source_service_accounts.#": "0",
                            "source_tags.#": "0",
                            "target_service_accounts.#": "0",
                            "target_tags.#": "1",
                            "target_tags.0": "https-server"
                        },
                        "meta": {
                            "schema_version": 1
                        },
                        "tainted": false
                    },
                    "deposed": [],
                    "provider": "provider.google"
                },
                "google_compute_firewall.tfer--default-allow-icmp": {
                    "type": "google_compute_firewall",
                    "depends_on": [],
                    "primary": {
                        "id": "default-allow-icmp",
                        "attributes": {
                            "allow.#": "1",
                            "allow.0.ports.#": "0",
                            "allow.0.protocol": "icmp",
                            "creation_timestamp": "2021-02-17T10:55:56.674-08:00",
                            "deny.#": "0",
                            "description": "Allow ICMP from anywhere",
                            "destination_ranges.#": "0",
                            "direction": "INGRESS",
                            "disabled": "false",
                            "id": "default-allow-icmp",
                            "log_config.#": "0",
                            "name": "default-allow-icmp",
                            "network": "https://www.googleapis.com/compute/v1/projects/cal-itp-data-infra/global/networks/default",
                            "priority": "65534",
                            "project": "cal-itp-data-infra",
                            "self_link": "https://www.googleapis.com/compute/v1/projects/cal-itp-data-infra/global/firewalls/default-allow-icmp",
                            "source_ranges.#": "1",
                            "source_ranges.0": "0.0.0.0/0",
                            "source_service_accounts.#": "0",
                            "source_tags.#": "0",
                            "target_service_accounts.#": "0",
                            "target_tags.#": "0"
                        },
                        "meta": {
                            "schema_version": 1
                        },
                        "tainted": false
                    },
                    "deposed": [],
                    "provider": "provider.google"
                },
                "google_compute_firewall.tfer--default-allow-internal": {
                    "type": "google_compute_firewall",
                    "depends_on": [],
                    "primary": {
                        "id": "default-allow-internal",
                        "attributes": {
                            "allow.#": "3",
                            "allow.0.ports.#": "1",
                            "allow.0.ports.0": "0-65535",
                            "allow.0.protocol": "tcp",
                            "allow.1.ports.#": "1",
                            "allow.1.ports.0": "0-65535",
                            "allow.1.protocol": "udp",
                            "allow.2.ports.#": "0",
                            "allow.2.protocol": "icmp",
                            "creation_timestamp": "2021-02-17T10:55:56.609-08:00",
                            "deny.#": "0",
                            "description": "Allow internal traffic on the default network",
                            "destination_ranges.#": "0",
                            "direction": "INGRESS",
                            "disabled": "false",
                            "id": "default-allow-internal",
                            "log_config.#": "0",
                            "name": "default-allow-internal",
                            "network": "https://www.googleapis.com/compute/v1/projects/cal-itp-data-infra/global/networks/default",
                            "priority": "65534",
                            "project": "cal-itp-data-infra",
                            "self_link": "https://www.googleapis.com/compute/v1/projects/cal-itp-data-infra/global/firewalls/default-allow-internal",
                            "source_ranges.#": "1",
                            "source_ranges.0": "10.128.0.0/9",
                            "source_service_accounts.#": "0",
                            "source_tags.#": "0",
                            "target_service_accounts.#": "0",
                            "target_tags.#": "0"
                        },
                        "meta": {
                            "schema_version": 1
                        },
                        "tainted": false
                    },
                    "deposed": [],
                    "provider": "provider.google"
                },
                "google_compute_firewall.tfer--default-allow-rdp": {
                    "type": "google_compute_firewall",
                    "depends_on": [],
                    "primary": {
                        "id": "default-allow-rdp",
                        "attributes": {
                            "allow.#": "1",
                            "allow.0.ports.#": "1",
                            "allow.0.ports.0": "3389",
                            "allow.0.protocol": "tcp",
                            "creation_timestamp": "2021-02-17T10:55:56.652-08:00",
                            "deny.#": "0",
                            "description": "Allow RDP from anywhere",
                            "destination_ranges.#": "0",
                            "direction": "INGRESS",
                            "disabled": "false",
                            "id": "default-allow-rdp",
                            "log_config.#": "0",
                            "name": "default-allow-rdp",
                            "network": "https://www.googleapis.com/compute/v1/projects/cal-itp-data-infra/global/networks/default",
                            "priority": "65534",
                            "project": "cal-itp-data-infra",
                            "self_link": "https://www.googleapis.com/compute/v1/projects/cal-itp-data-infra/global/firewalls/default-allow-rdp",
                            "source_ranges.#": "1",
                            "source_ranges.0": "0.0.0.0/0",
                            "source_service_accounts.#": "0",
                            "source_tags.#": "0",
                            "target_service_accounts.#": "0",
                            "target_tags.#": "0"
                        },
                        "meta": {
                            "schema_version": 1
                        },
                        "tainted": false
                    },
                    "deposed": [],
                    "provider": "provider.google"
                },
                "google_compute_firewall.tfer--default-allow-ssh": {
                    "type": "google_compute_firewall",
                    "depends_on": [],
                    "primary": {
                        "id": "default-allow-ssh",
                        "attributes": {
                            "allow.#": "1",
                            "allow.0.ports.#": "1",
                            "allow.0.ports.0": "22",
                            "allow.0.protocol": "tcp",
                            "creation_timestamp": "2021-02-17T10:55:56.630-08:00",
                            "deny.#": "0",
                            "description": "Allow SSH from anywhere",
                            "destination_ranges.#": "0",
                            "direction": "INGRESS",
                            "disabled": "false",
                            "id": "default-allow-ssh",
                            "log_config.#": "0",
                            "name": "default-allow-ssh",
                            "network": "https://www.googleapis.com/compute/v1/projects/cal-itp-data-infra/global/networks/default",
                            "priority": "65534",
                            "project": "cal-itp-data-infra",
                            "self_link": "https://www.googleapis.com/compute/v1/projects/cal-itp-data-infra/global/firewalls/default-allow-ssh",
                            "source_ranges.#": "1",
                            "source_ranges.0": "0.0.0.0/0",
                            "source_service_accounts.#": "0",
                            "source_tags.#": "0",
                            "target_service_accounts.#": "0",
                            "target_tags.#": "0"
                        },
                        "meta": {
                            "schema_version": 1
                        },
                        "tainted": false
                    },
                    "deposed": [],
                    "provider": "provider.google"
                },
                "google_compute_firewall.tfer--gke-data-infra-apps-0fe1e974-all": {
                    "type": "google_compute_firewall",
                    "depends_on": [],
                    "primary": {
                        "id": "gke-data-infra-apps-0fe1e974-all",
                        "attributes": {
                            "allow.#": "6",
                            "allow.0.ports.#": "0",
                            "allow.0.protocol": "ah",
                            "allow.1.ports.#": "0",
                            "allow.1.protocol": "esp",
                            "allow.2.ports.#": "0",
                            "allow.2.protocol": "icmp",
                            "allow.3.ports.#": "0",
                            "allow.3.protocol": "sctp",
                            "allow.4.ports.#": "0",
                            "allow.4.protocol": "tcp",
                            "allow.5.ports.#": "0",
                            "allow.5.protocol": "udp",
                            "creation_timestamp": "2021-05-26T12:01:25.643-07:00",
                            "deny.#": "0",
                            "description": "",
                            "destination_ranges.#": "0",
                            "direction": "INGRESS",
                            "disabled": "false",
                            "id": "gke-data-infra-apps-0fe1e974-all",
                            "log_config.#": "0",
                            "name": "gke-data-infra-apps-0fe1e974-all",
                            "network": "https://www.googleapis.com/compute/v1/projects/cal-itp-data-infra/global/networks/default",
                            "priority": "1000",
                            "project": "cal-itp-data-infra",
                            "self_link": "https://www.googleapis.com/compute/v1/projects/cal-itp-data-infra/global/firewalls/gke-data-infra-apps-0fe1e974-all",
                            "source_ranges.#": "1",
                            "source_ranges.0": "10.96.0.0/14",
                            "source_service_accounts.#": "0",
                            "source_tags.#": "0",
                            "target_service_accounts.#": "0",
                            "target_tags.#": "1",
                            "target_tags.0": "gke-data-infra-apps-0fe1e974-node"
                        },
                        "meta": {
                            "schema_version": 1
                        },
                        "tainted": false
                    },
                    "deposed": [],
                    "provider": "provider.google"
                },
                "google_compute_firewall.tfer--gke-data-infra-apps-0fe1e974-ssh": {
                    "type": "google_compute_firewall",
                    "depends_on": [],
                    "primary": {
                        "id": "gke-data-infra-apps-0fe1e974-ssh",
                        "attributes": {
                            "allow.#": "1",
                            "allow.0.ports.#": "1",
                            "allow.0.ports.0": "22",
                            "allow.0.protocol": "tcp",
                            "creation_timestamp": "2021-05-26T12:01:25.728-07:00",
                            "deny.#": "0",
                            "description": "",
                            "destination_ranges.#": "0",
                            "direction": "INGRESS",
                            "disabled": "false",
                            "id": "gke-data-infra-apps-0fe1e974-ssh",
                            "log_config.#": "0",
                            "name": "gke-data-infra-apps-0fe1e974-ssh",
                            "network": "https://www.googleapis.com/compute/v1/projects/cal-itp-data-infra/global/networks/default",
                            "priority": "1000",
                            "project": "cal-itp-data-infra",
                            "self_link": "https://www.googleapis.com/compute/v1/projects/cal-itp-data-infra/global/firewalls/gke-data-infra-apps-0fe1e974-ssh",
                            "source_ranges.#": "3",
                            "source_ranges.0": "34.127.17.149/32",
                            "source_ranges.1": "34.145.121.153/32",
                            "source_ranges.2": "34.145.4.65/32",
                            "source_service_accounts.#": "0",
                            "source_tags.#": "0",
                            "target_service_accounts.#": "0",
                            "target_tags.#": "1",
                            "target_tags.0": "gke-data-infra-apps-0fe1e974-node"
                        },
                        "meta": {
                            "schema_version": 1
                        },
                        "tainted": false
                    },
                    "deposed": [],
                    "provider": "provider.google"
                },
                "google_compute_firewall.tfer--gke-data-infra-apps-0fe1e974-vms": {
                    "type": "google_compute_firewall",
                    "depends_on": [],
                    "primary": {
                        "id": "gke-data-infra-apps-0fe1e974-vms",
                        "attributes": {
                            "allow.#": "3",
                            "allow.0.ports.#": "1",
                            "allow.0.ports.0": "1-65535",
                            "allow.0.protocol": "tcp",
                            "allow.1.ports.#": "1",
                            "allow.1.ports.0": "1-65535",
                            "allow.1.protocol": "udp",
                            "allow.2.ports.#": "0",
                            "allow.2.protocol": "icmp",
                            "creation_timestamp": "2021-05-26T12:01:25.924-07:00",
                            "deny.#": "0",
                            "description": "",
                            "destination_ranges.#": "0",
                            "direction": "INGRESS",
                            "disabled": "false",
                            "id": "gke-data-infra-apps-0fe1e974-vms",
                            "log_config.#": "0",
                            "name": "gke-data-infra-apps-0fe1e974-vms",
                            "network": "https://www.googleapis.com/compute/v1/projects/cal-itp-data-infra/global/networks/default",
                            "priority": "1000",
                            "project": "cal-itp-data-infra",
                            "self_link": "https://www.googleapis.com/compute/v1/projects/cal-itp-data-infra/global/firewalls/gke-data-infra-apps-0fe1e974-vms",
                            "source_ranges.#": "1",
                            "source_ranges.0": "10.128.0.0/9",
                            "source_service_accounts.#": "0",
                            "source_tags.#": "0",
                            "target_service_accounts.#": "0",
                            "target_tags.#": "1",
                            "target_tags.0": "gke-data-infra-apps-0fe1e974-node"
                        },
                        "meta": {
                            "schema_version": 1
                        },
                        "tainted": false
                    },
                    "deposed": [],
                    "provider": "provider.google"
                },
                "google_compute_firewall.tfer--gke-us-west2-calitp-airflow2-pr-171e4e47-gke-0b2083d6-ssh": {
                    "type": "google_compute_firewall",
                    "depends_on": [],
                    "primary": {
                        "id": "gke-us-west2-calitp-airflow2-pr-171e4e47-gke-0b2083d6-ssh",
                        "attributes": {
                            "allow.#": "1",
                            "allow.0.ports.#": "1",
                            "allow.0.ports.0": "22",
                            "allow.0.protocol": "tcp",
                            "creation_timestamp": "2021-12-22T12:31:31.517-08:00",
                            "deny.#": "0",
                            "description": "",
                            "destination_ranges.#": "0",
                            "direction": "INGRESS",
                            "disabled": "false",
                            "id": "gke-us-west2-calitp-airflow2-pr-171e4e47-gke-0b2083d6-ssh",
                            "log_config.#": "0",
                            "name": "gke-us-west2-calitp-airflow2-pr-171e4e47-gke-0b2083d6-ssh",
                            "network": "https://www.googleapis.com/compute/v1/projects/cal-itp-data-infra/global/networks/default",
                            "priority": "1000",
                            "project": "cal-itp-data-infra",
                            "self_link": "https://www.googleapis.com/compute/v1/projects/cal-itp-data-infra/global/firewalls/gke-us-west2-calitp-airflow2-pr-171e4e47-gke-0b2083d6-ssh",
                            "source_ranges.#": "1",
                            "source_ranges.0": "34.94.25.3/32",
                            "source_service_accounts.#": "0",
                            "source_tags.#": "0",
                            "target_service_accounts.#": "0",
                            "target_tags.#": "1",
                            "target_tags.0": "gke-us-west2-calitp-airflow2-pr-171e4e47-gke-0b2083d6-node"
                        },
                        "meta": {
                            "schema_version": 1
                        },
                        "tainted": false
                    },
                    "deposed": [],
                    "provider": "provider.google"
                },
                "google_compute_firewall.tfer--gke-us-west2-calitp-airflow2-pr-88ca8ec6-gke-98ed8a64-all": {
                    "type": "google_compute_firewall",
                    "depends_on": [],
                    "primary": {
                        "id": "gke-us-west2-calitp-airflow2-pr-88ca8ec6-gke-98ed8a64-all",
                        "attributes": {
                            "allow.#": "6",
                            "allow.0.ports.#": "0",
                            "allow.0.protocol": "ah",
                            "allow.1.ports.#": "0",
                            "allow.1.protocol": "esp",
                            "allow.2.ports.#": "0",
                            "allow.2.protocol": "icmp",
                            "allow.3.ports.#": "0",
                            "allow.3.protocol": "sctp",
                            "allow.4.ports.#": "0",
                            "allow.4.protocol": "tcp",
                            "allow.5.ports.#": "0",
                            "allow.5.protocol": "udp",
                            "creation_timestamp": "2024-02-12T06:51:17.080-08:00",
                            "deny.#": "0",
                            "description": "",
                            "destination_ranges.#": "0",
                            "direction": "INGRESS",
                            "disabled": "false",
                            "id": "gke-us-west2-calitp-airflow2-pr-88ca8ec6-gke-98ed8a64-all",
                            "log_config.#": "0",
                            "name": "gke-us-west2-calitp-airflow2-pr-88ca8ec6-gke-98ed8a64-all",
                            "network": "https://www.googleapis.com/compute/v1/projects/cal-itp-data-infra/global/networks/default",
                            "priority": "1000",
                            "project": "cal-itp-data-infra",
                            "self_link": "https://www.googleapis.com/compute/v1/projects/cal-itp-data-infra/global/firewalls/gke-us-west2-calitp-airflow2-pr-88ca8ec6-gke-98ed8a64-all",
                            "source_ranges.#": "1",
                            "source_ranges.0": "10.15.0.0/17",
                            "source_service_accounts.#": "0",
                            "source_tags.#": "0",
                            "target_service_accounts.#": "0",
                            "target_tags.#": "1",
                            "target_tags.0": "gke-us-west2-calitp-airflow2-pr-88ca8ec6-gke-98ed8a64-node"
                        },
                        "meta": {
                            "schema_version": 1
                        },
                        "tainted": false
                    },
                    "deposed": [],
                    "provider": "provider.google"
                },
                "google_compute_firewall.tfer--gke-us-west2-calitp-airflow2-pr-88ca8ec6-gke-98ed8a64-exkubelet": {
                    "type": "google_compute_firewall",
                    "depends_on": [],
                    "primary": {
                        "id": "gke-us-west2-calitp-airflow2-pr-88ca8ec6-gke-98ed8a64-exkubelet",
                        "attributes": {
                            "allow.#": "0",
                            "creation_timestamp": "2024-02-12T06:51:17.108-08:00",
                            "deny.#": "1",
                            "deny.0.ports.#": "1",
                            "deny.0.ports.0": "10255",
                            "deny.0.protocol": "tcp",
                            "description": "",
                            "destination_ranges.#": "0",
                            "direction": "INGRESS",
                            "disabled": "false",
                            "id": "gke-us-west2-calitp-airflow2-pr-88ca8ec6-gke-98ed8a64-exkubelet",
                            "log_config.#": "0",
                            "name": "gke-us-west2-calitp-airflow2-pr-88ca8ec6-gke-98ed8a64-exkubelet",
                            "network": "https://www.googleapis.com/compute/v1/projects/cal-itp-data-infra/global/networks/default",
                            "priority": "1000",
                            "project": "cal-itp-data-infra",
                            "self_link": "https://www.googleapis.com/compute/v1/projects/cal-itp-data-infra/global/firewalls/gke-us-west2-calitp-airflow2-pr-88ca8ec6-gke-98ed8a64-exkubelet",
                            "source_ranges.#": "1",
                            "source_ranges.0": "0.0.0.0/0",
                            "source_service_accounts.#": "0",
                            "source_tags.#": "0",
                            "target_service_accounts.#": "0",
                            "target_tags.#": "1",
                            "target_tags.0": "gke-us-west2-calitp-airflow2-pr-88ca8ec6-gke-98ed8a64-node"
                        },
                        "meta": {
                            "schema_version": 1
                        },
                        "tainted": false
                    },
                    "deposed": [],
                    "provider": "provider.google"
                },
                "google_compute_firewall.tfer--gke-us-west2-calitp-airflow2-pr-88ca8ec6-gke-98ed8a64-inkubelet": {
                    "type": "google_compute_firewall",
                    "depends_on": [],
                    "primary": {
                        "id": "gke-us-west2-calitp-airflow2-pr-88ca8ec6-gke-98ed8a64-inkubelet",
                        "attributes": {
                            "allow.#": "1",
                            "allow.0.ports.#": "1",
                            "allow.0.ports.0": "10255",
                            "allow.0.protocol": "tcp",
                            "creation_timestamp": "2024-02-12T06:51:17.111-08:00",
                            "deny.#": "0",
                            "description": "",
                            "destination_ranges.#": "0",
                            "direction": "INGRESS",
                            "disabled": "false",
                            "id": "gke-us-west2-calitp-airflow2-pr-88ca8ec6-gke-98ed8a64-inkubelet",
                            "log_config.#": "0",
                            "name": "gke-us-west2-calitp-airflow2-pr-88ca8ec6-gke-98ed8a64-inkubelet",
                            "network": "https://www.googleapis.com/compute/v1/projects/cal-itp-data-infra/global/networks/default",
                            "priority": "999",
                            "project": "cal-itp-data-infra",
                            "self_link": "https://www.googleapis.com/compute/v1/projects/cal-itp-data-infra/global/firewalls/gke-us-west2-calitp-airflow2-pr-88ca8ec6-gke-98ed8a64-inkubelet",
                            "source_ranges.#": "1",
                            "source_ranges.0": "10.15.0.0/17",
                            "source_service_accounts.#": "0",
                            "source_tags.#": "1",
                            "source_tags.0": "gke-us-west2-calitp-airflow2-pr-88ca8ec6-gke-98ed8a64-node",
                            "target_service_accounts.#": "0",
                            "target_tags.#": "1",
                            "target_tags.0": "gke-us-west2-calitp-airflow2-pr-88ca8ec6-gke-98ed8a64-node"
                        },
                        "meta": {
                            "schema_version": 1
                        },
                        "tainted": false
                    },
                    "deposed": [],
                    "provider": "provider.google"
                },
                "google_compute_firewall.tfer--gke-us-west2-calitp-airflow2-pr-88ca8ec6-gke-98ed8a64-vms": {
                    "type": "google_compute_firewall",
                    "depends_on": [],
                    "primary": {
                        "id": "gke-us-west2-calitp-airflow2-pr-88ca8ec6-gke-98ed8a64-vms",
                        "attributes": {
                            "allow.#": "3",
                            "allow.0.ports.#": "1",
                            "allow.0.ports.0": "1-65535",
                            "allow.0.protocol": "tcp",
                            "allow.1.ports.#": "1",
                            "allow.1.ports.0": "1-65535",
                            "allow.1.protocol": "udp",
                            "allow.2.ports.#": "0",
                            "allow.2.protocol": "icmp",
                            "creation_timestamp": "2024-02-12T06:51:17.353-08:00",
                            "deny.#": "0",
                            "description": "",
                            "destination_ranges.#": "0",
                            "direction": "INGRESS",
                            "disabled": "false",
                            "id": "gke-us-west2-calitp-airflow2-pr-88ca8ec6-gke-98ed8a64-vms",
                            "log_config.#": "0",
                            "name": "gke-us-west2-calitp-airflow2-pr-88ca8ec6-gke-98ed8a64-vms",
                            "network": "https://www.googleapis.com/compute/v1/projects/cal-itp-data-infra/global/networks/default",
                            "priority": "1000",
                            "project": "cal-itp-data-infra",
                            "self_link": "https://www.googleapis.com/compute/v1/projects/cal-itp-data-infra/global/firewalls/gke-us-west2-calitp-airflow2-pr-88ca8ec6-gke-98ed8a64-vms",
                            "source_ranges.#": "1",
                            "source_ranges.0": "10.128.0.0/9",
                            "source_service_accounts.#": "0",
                            "source_tags.#": "0",
                            "target_service_accounts.#": "0",
                            "target_tags.#": "1",
                            "target_tags.0": "gke-us-west2-calitp-airflow2-pr-88ca8ec6-gke-98ed8a64-node"
                        },
                        "meta": {
                            "schema_version": 1
                        },
                        "tainted": false
                    },
                    "deposed": [],
                    "provider": "provider.google"
                },
                "google_compute_firewall.tfer--k8s-ad40eb3afc69e4deeaf43a1ed1393eeb-http-hc": {
                    "type": "google_compute_firewall",
                    "depends_on": [],
                    "primary": {
                        "id": "k8s-ad40eb3afc69e4deeaf43a1ed1393eeb-http-hc",
                        "attributes": {
                            "allow.#": "1",
                            "allow.0.ports.#": "1",
                            "allow.0.ports.0": "32549",
                            "allow.0.protocol": "tcp",
                            "creation_timestamp": "2023-01-27T07:13:51.816-08:00",
                            "deny.#": "0",
                            "description": "{\"kubernetes.io/service-name\":\"ingress-nginx/ingress-nginx-controller\", \"kubernetes.io/service-ip\":\"34.127.51.123\"}",
                            "destination_ranges.#": "0",
                            "direction": "INGRESS",
                            "disabled": "false",
                            "id": "k8s-ad40eb3afc69e4deeaf43a1ed1393eeb-http-hc",
                            "log_config.#": "0",
                            "name": "k8s-ad40eb3afc69e4deeaf43a1ed1393eeb-http-hc",
                            "network": "https://www.googleapis.com/compute/v1/projects/cal-itp-data-infra/global/networks/default",
                            "priority": "1000",
                            "project": "cal-itp-data-infra",
                            "self_link": "https://www.googleapis.com/compute/v1/projects/cal-itp-data-infra/global/firewalls/k8s-ad40eb3afc69e4deeaf43a1ed1393eeb-http-hc",
                            "source_ranges.#": "4",
                            "source_ranges.0": "130.211.0.0/22",
                            "source_ranges.1": "209.85.152.0/22",
                            "source_ranges.2": "209.85.204.0/22",
                            "source_ranges.3": "35.191.0.0/16",
                            "source_service_accounts.#": "0",
                            "source_tags.#": "0",
                            "target_service_accounts.#": "0",
                            "target_tags.#": "1",
                            "target_tags.0": "gke-data-infra-apps-0fe1e974-node"
                        },
                        "meta": {
                            "schema_version": 1
                        },
                        "tainted": false
                    },
                    "deposed": [],
                    "provider": "provider.google"
                },
                "google_compute_firewall.tfer--k8s-e092126e72b02003-node-http-hc": {
                    "type": "google_compute_firewall",
                    "depends_on": [],
                    "primary": {
                        "id": "k8s-e092126e72b02003-node-http-hc",
                        "attributes": {
                            "allow.#": "1",
                            "allow.0.ports.#": "1",
                            "allow.0.ports.0": "10256",
                            "allow.0.protocol": "tcp",
                            "creation_timestamp": "2022-08-18T14:01:40.809-07:00",
                            "deny.#": "0",
                            "description": "{\"kubernetes.io/cluster-id\":\"e092126e72b02003\"}",
                            "destination_ranges.#": "0",
                            "direction": "INGRESS",
                            "disabled": "false",
                            "id": "k8s-e092126e72b02003-node-http-hc",
                            "log_config.#": "0",
                            "name": "k8s-e092126e72b02003-node-http-hc",
                            "network": "https://www.googleapis.com/compute/v1/projects/cal-itp-data-infra/global/networks/default",
                            "priority": "1000",
                            "project": "cal-itp-data-infra",
                            "self_link": "https://www.googleapis.com/compute/v1/projects/cal-itp-data-infra/global/firewalls/k8s-e092126e72b02003-node-http-hc",
                            "source_ranges.#": "4",
                            "source_ranges.0": "130.211.0.0/22",
                            "source_ranges.1": "209.85.152.0/22",
                            "source_ranges.2": "209.85.204.0/22",
                            "source_ranges.3": "35.191.0.0/16",
                            "source_service_accounts.#": "0",
                            "source_tags.#": "0",
                            "target_service_accounts.#": "0",
                            "target_tags.#": "1",
                            "target_tags.0": "gke-data-infra-apps-0fe1e974-node"
                        },
                        "meta": {
                            "schema_version": 1
                        },
                        "tainted": false
                    },
                    "deposed": [],
                    "provider": "provider.google"
                },
                "google_compute_firewall.tfer--k8s-fw-a0d3bb39e959b49a1b6015fd2193e30d": {
                    "type": "google_compute_firewall",
                    "depends_on": [],
                    "primary": {
                        "id": "k8s-fw-a0d3bb39e959b49a1b6015fd2193e30d",
                        "attributes": {
                            "allow.#": "1",
                            "allow.0.ports.#": "1",
                            "allow.0.ports.0": "2200",
                            "allow.0.protocol": "tcp",
                            "creation_timestamp": "2022-08-18T14:01:36.228-07:00",
                            "deny.#": "0",
                            "description": "{\"kubernetes.io/service-name\":\"prod-sftp-ingest-elavon/sftp-internet\", \"kubernetes.io/service-ip\":\"34.145.56.125\"}",
                            "destination_ranges.#": "1",
                            "destination_ranges.0": "34.145.56.125",
                            "direction": "INGRESS",
                            "disabled": "false",
                            "id": "k8s-fw-a0d3bb39e959b49a1b6015fd2193e30d",
                            "log_config.#": "0",
                            "name": "k8s-fw-a0d3bb39e959b49a1b6015fd2193e30d",
                            "network": "https://www.googleapis.com/compute/v1/projects/cal-itp-data-infra/global/networks/default",
                            "priority": "1000",
                            "project": "cal-itp-data-infra",
                            "self_link": "https://www.googleapis.com/compute/v1/projects/cal-itp-data-infra/global/firewalls/k8s-fw-a0d3bb39e959b49a1b6015fd2193e30d",
                            "source_ranges.#": "1",
                            "source_ranges.0": "0.0.0.0/0",
                            "source_service_accounts.#": "0",
                            "source_tags.#": "0",
                            "target_service_accounts.#": "0",
                            "target_tags.#": "1",
                            "target_tags.0": "gke-data-infra-apps-0fe1e974-node"
                        },
                        "meta": {
                            "schema_version": 1
                        },
                        "tainted": false
                    },
                    "deposed": [],
                    "provider": "provider.google"
                },
                "google_compute_firewall.tfer--k8s-fw-ad40eb3afc69e4deeaf43a1ed1393eeb": {
                    "type": "google_compute_firewall",
                    "depends_on": [],
                    "primary": {
                        "id": "k8s-fw-ad40eb3afc69e4deeaf43a1ed1393eeb",
                        "attributes": {
                            "allow.#": "1",
                            "allow.0.ports.#": "2",
                            "allow.0.ports.0": "80",
                            "allow.0.ports.1": "443",
                            "allow.0.protocol": "tcp",
                            "creation_timestamp": "2023-01-27T07:13:47.505-08:00",
                            "deny.#": "0",
                            "description": "{\"kubernetes.io/service-name\":\"ingress-nginx/ingress-nginx-controller\", \"kubernetes.io/service-ip\":\"34.127.51.123\"}",
                            "destination_ranges.#": "1",
                            "destination_ranges.0": "34.127.51.123",
                            "direction": "INGRESS",
                            "disabled": "false",
                            "id": "k8s-fw-ad40eb3afc69e4deeaf43a1ed1393eeb",
                            "log_config.#": "0",
                            "name": "k8s-fw-ad40eb3afc69e4deeaf43a1ed1393eeb",
                            "network": "https://www.googleapis.com/compute/v1/projects/cal-itp-data-infra/global/networks/default",
                            "priority": "1000",
                            "project": "cal-itp-data-infra",
                            "self_link": "https://www.googleapis.com/compute/v1/projects/cal-itp-data-infra/global/firewalls/k8s-fw-ad40eb3afc69e4deeaf43a1ed1393eeb",
                            "source_ranges.#": "1",
                            "source_ranges.0": "0.0.0.0/0",
                            "source_service_accounts.#": "0",
                            "source_tags.#": "0",
                            "target_service_accounts.#": "0",
                            "target_tags.#": "1",
                            "target_tags.0": "gke-data-infra-apps-0fe1e974-node"
                        },
                        "meta": {
                            "schema_version": 1
                        },
                        "tainted": false
                    },
                    "deposed": [],
                    "provider": "provider.google"
                }
            },
            "depends_on": []
        }
    ]
}
