{
  "version": 4,
  "terraform_version": "1.10.5",
  "serial": 2,
  "lineage": "73865b0d-208c-c537-9220-c586ce4868bd",
  "outputs": {
    "google_compute_instance_group_manager_tfer--gke-data-infra-apps-apps-v2-0dfb61fb-grp_instance_group": {
      "value": "https://www.googleapis.com/compute/v1/projects/cal-itp-data-infra/zones/us-west1-b/instanceGroups/gke-data-infra-apps-apps-v2-0dfb61fb-grp",
      "type": "string"
    },
    "google_compute_instance_group_manager_tfer--gke-data-infra-apps-apps-v2-0dfb61fb-grp_self_link": {
      "value": "https://www.googleapis.com/compute/v1/projects/cal-itp-data-infra/zones/us-west1-b/instanceGroupManagers/gke-data-infra-apps-apps-v2-0dfb61fb-grp",
      "type": "string"
    },
    "google_compute_instance_group_manager_tfer--gke-data-infra-apps-apps-v2-24a4cc95-grp_instance_group": {
      "value": "https://www.googleapis.com/compute/v1/projects/cal-itp-data-infra/zones/us-west1-c/instanceGroups/gke-data-infra-apps-apps-v2-24a4cc95-grp",
      "type": "string"
    },
    "google_compute_instance_group_manager_tfer--gke-data-infra-apps-apps-v2-24a4cc95-grp_self_link": {
      "value": "https://www.googleapis.com/compute/v1/projects/cal-itp-data-infra/zones/us-west1-c/instanceGroupManagers/gke-data-infra-apps-apps-v2-24a4cc95-grp",
      "type": "string"
    },
    "google_compute_instance_group_manager_tfer--gke-data-infra-apps-apps-v2-2729c0c0-grp_instance_group": {
      "value": "https://www.googleapis.com/compute/v1/projects/cal-itp-data-infra/zones/us-west1-a/instanceGroups/gke-data-infra-apps-apps-v2-2729c0c0-grp",
      "type": "string"
    },
    "google_compute_instance_group_manager_tfer--gke-data-infra-apps-apps-v2-2729c0c0-grp_self_link": {
      "value": "https://www.googleapis.com/compute/v1/projects/cal-itp-data-infra/zones/us-west1-a/instanceGroupManagers/gke-data-infra-apps-apps-v2-2729c0c0-grp",
      "type": "string"
    },
    "google_compute_instance_group_manager_tfer--gke-data-infra-apps-gtfsrt-v4-2a13e092-grp_instance_group": {
      "value": "https://www.googleapis.com/compute/v1/projects/cal-itp-data-infra/zones/us-west1-a/instanceGroups/gke-data-infra-apps-gtfsrt-v4-2a13e092-grp",
      "type": "string"
    },
    "google_compute_instance_group_manager_tfer--gke-data-infra-apps-gtfsrt-v4-2a13e092-grp_self_link": {
      "value": "https://www.googleapis.com/compute/v1/projects/cal-itp-data-infra/zones/us-west1-a/instanceGroupManagers/gke-data-infra-apps-gtfsrt-v4-2a13e092-grp",
      "type": "string"
    },
    "google_compute_instance_group_manager_tfer--gke-data-infra-apps-gtfsrt-v4-7577d4d7-grp_instance_group": {
      "value": "https://www.googleapis.com/compute/v1/projects/cal-itp-data-infra/zones/us-west1-c/instanceGroups/gke-data-infra-apps-gtfsrt-v4-7577d4d7-grp",
      "type": "string"
    },
    "google_compute_instance_group_manager_tfer--gke-data-infra-apps-gtfsrt-v4-7577d4d7-grp_self_link": {
      "value": "https://www.googleapis.com/compute/v1/projects/cal-itp-data-infra/zones/us-west1-c/instanceGroupManagers/gke-data-infra-apps-gtfsrt-v4-7577d4d7-grp",
      "type": "string"
    },
    "google_compute_instance_group_manager_tfer--gke-data-infra-apps-gtfsrt-v4-b003cc53-grp_instance_group": {
      "value": "https://www.googleapis.com/compute/v1/projects/cal-itp-data-infra/zones/us-west1-b/instanceGroups/gke-data-infra-apps-gtfsrt-v4-b003cc53-grp",
      "type": "string"
    },
    "google_compute_instance_group_manager_tfer--gke-data-infra-apps-gtfsrt-v4-b003cc53-grp_self_link": {
      "value": "https://www.googleapis.com/compute/v1/projects/cal-itp-data-infra/zones/us-west1-b/instanceGroupManagers/gke-data-infra-apps-gtfsrt-v4-b003cc53-grp",
      "type": "string"
    },
    "google_compute_instance_group_manager_tfer--gke-data-infra-apps-jobs-v1-625ec063-grp_instance_group": {
      "value": "https://www.googleapis.com/compute/v1/projects/cal-itp-data-infra/zones/us-west1-c/instanceGroups/gke-data-infra-apps-jobs-v1-625ec063-grp",
      "type": "string"
    },
    "google_compute_instance_group_manager_tfer--gke-data-infra-apps-jobs-v1-625ec063-grp_self_link": {
      "value": "https://www.googleapis.com/compute/v1/projects/cal-itp-data-infra/zones/us-west1-c/instanceGroupManagers/gke-data-infra-apps-jobs-v1-625ec063-grp",
      "type": "string"
    },
    "google_compute_instance_group_manager_tfer--gke-data-infra-apps-jobs-v1-8eec22fb-grp_instance_group": {
      "value": "https://www.googleapis.com/compute/v1/projects/cal-itp-data-infra/zones/us-west1-b/instanceGroups/gke-data-infra-apps-jobs-v1-8eec22fb-grp",
      "type": "string"
    },
    "google_compute_instance_group_manager_tfer--gke-data-infra-apps-jobs-v1-8eec22fb-grp_self_link": {
      "value": "https://www.googleapis.com/compute/v1/projects/cal-itp-data-infra/zones/us-west1-b/instanceGroupManagers/gke-data-infra-apps-jobs-v1-8eec22fb-grp",
      "type": "string"
    },
    "google_compute_instance_group_manager_tfer--gke-data-infra-apps-jobs-v1-cd18666b-grp_instance_group": {
      "value": "https://www.googleapis.com/compute/v1/projects/cal-itp-data-infra/zones/us-west1-a/instanceGroups/gke-data-infra-apps-jobs-v1-cd18666b-grp",
      "type": "string"
    },
    "google_compute_instance_group_manager_tfer--gke-data-infra-apps-jobs-v1-cd18666b-grp_self_link": {
      "value": "https://www.googleapis.com/compute/v1/projects/cal-itp-data-infra/zones/us-west1-a/instanceGroupManagers/gke-data-infra-apps-jobs-v1-cd18666b-grp",
      "type": "string"
    },
    "google_compute_instance_group_manager_tfer--gke-data-infra-apps-jupyterhub-users-6aa76dbb-grp_instance_group": {
      "value": "https://www.googleapis.com/compute/v1/projects/cal-itp-data-infra/zones/us-west1-c/instanceGroups/gke-data-infra-apps-jupyterhub-users-6aa76dbb-grp",
      "type": "string"
    },
    "google_compute_instance_group_manager_tfer--gke-data-infra-apps-jupyterhub-users-6aa76dbb-grp_self_link": {
      "value": "https://www.googleapis.com/compute/v1/projects/cal-itp-data-infra/zones/us-west1-c/instanceGroupManagers/gke-data-infra-apps-jupyterhub-users-6aa76dbb-grp",
      "type": "string"
    },
    "google_compute_instance_group_manager_tfer--gke-data-infra-apps-jupyterhub-users-b57e08f4-grp_instance_group": {
      "value": "https://www.googleapis.com/compute/v1/projects/cal-itp-data-infra/zones/us-west1-a/instanceGroups/gke-data-infra-apps-jupyterhub-users-b57e08f4-grp",
      "type": "string"
    },
    "google_compute_instance_group_manager_tfer--gke-data-infra-apps-jupyterhub-users-b57e08f4-grp_self_link": {
      "value": "https://www.googleapis.com/compute/v1/projects/cal-itp-data-infra/zones/us-west1-a/instanceGroupManagers/gke-data-infra-apps-jupyterhub-users-b57e08f4-grp",
      "type": "string"
    },
    "google_compute_instance_group_manager_tfer--gke-data-infra-apps-jupyterhub-users-dddc57ff-grp_instance_group": {
      "value": "https://www.googleapis.com/compute/v1/projects/cal-itp-data-infra/zones/us-west1-b/instanceGroups/gke-data-infra-apps-jupyterhub-users-dddc57ff-grp",
      "type": "string"
    },
    "google_compute_instance_group_manager_tfer--gke-data-infra-apps-jupyterhub-users-dddc57ff-grp_self_link": {
      "value": "https://www.googleapis.com/compute/v1/projects/cal-itp-data-infra/zones/us-west1-b/instanceGroupManagers/gke-data-infra-apps-jupyterhub-users-dddc57ff-grp",
      "type": "string"
    }
  },
  "resources": [
    {
      "mode": "managed",
      "type": "google_compute_instance_group_manager",
      "name": "tfer--gke-data-infra-apps-apps-v2-0dfb61fb-grp",
      "provider": "provider[\"registry.terraform.io/hashicorp/google\"]",
      "instances": [
        {
          "schema_version": 0,
          "attributes_flat": {
            "auto_healing_policies.#": "0",
            "base_instance_name": "gke-data-infra-apps-apps-v2-0dfb61fb",
            "creation_timestamp": "2022-01-25T18:32:12.205-08:00",
            "description": "",
            "fingerprint": "qXcT8-_46fY=",
            "id": "gke-data-infra-apps-apps-v2-0dfb61fb-grp",
            "instance_group": "https://www.googleapis.com/compute/v1/projects/cal-itp-data-infra/zones/us-west1-b/instanceGroups/gke-data-infra-apps-apps-v2-0dfb61fb-grp",
            "instance_group_manager_id": "8410298683272006723",
            "instance_lifecycle_policy.#": "1",
            "instance_lifecycle_policy.0.default_action_on_failure": "REPAIR",
            "instance_lifecycle_policy.0.force_update_on_repair": "NO",
            "list_managed_instances_results": "PAGELESS",
            "name": "gke-data-infra-apps-apps-v2-0dfb61fb-grp",
            "named_port.#": "0",
            "project": "cal-itp-data-infra",
            "self_link": "https://www.googleapis.com/compute/v1/projects/cal-itp-data-infra/zones/us-west1-b/instanceGroupManagers/gke-data-infra-apps-apps-v2-0dfb61fb-grp",
            "standby_policy.#": "1",
            "standby_policy.0.initial_delay_sec": "0",
            "standby_policy.0.mode": "MANUAL",
            "stateful_disk.#": "0",
            "stateful_external_ip.#": "0",
            "stateful_internal_ip.#": "0",
            "status.#": "1",
            "status.0.all_instances_config.#": "1",
            "status.0.all_instances_config.0.current_revision": "",
            "status.0.all_instances_config.0.effective": "true",
            "status.0.is_stable": "true",
            "status.0.stateful.#": "1",
            "status.0.stateful.0.has_stateful_config": "false",
            "status.0.stateful.0.per_instance_configs.#": "1",
            "status.0.stateful.0.per_instance_configs.0.all_effective": "true",
            "status.0.version_target.#": "1",
            "status.0.version_target.0.is_reached": "true",
            "target_pools.#": "0",
            "target_size": "1",
            "target_stopped_size": "0",
            "target_suspended_size": "0",
            "update_policy.#": "1",
            "update_policy.0.max_surge_fixed": "1",
            "update_policy.0.max_surge_percent": "0",
            "update_policy.0.max_unavailable_fixed": "1",
            "update_policy.0.max_unavailable_percent": "0",
            "update_policy.0.minimal_action": "REPLACE",
            "update_policy.0.most_disruptive_allowed_action": "",
            "update_policy.0.replacement_method": "SUBSTITUTE",
            "update_policy.0.type": "OPPORTUNISTIC",
            "version.#": "1",
            "version.0.instance_template": "https://www.googleapis.com/compute/v1/projects/cal-itp-data-infra/regions/us-west1/instanceTemplates/gke-data-infra-apps-apps-v2-a55e8d05",
            "version.0.name": "",
            "version.0.target_size.#": "0",
            "wait_for_instances_status": "STABLE",
            "zone": "us-west1-b"
          },
          "sensitive_attributes": []
        }
      ]
    },
    {
      "mode": "managed",
      "type": "google_compute_instance_group_manager",
      "name": "tfer--gke-data-infra-apps-apps-v2-24a4cc95-grp",
      "provider": "provider[\"registry.terraform.io/hashicorp/google\"]",
      "instances": [
        {
          "schema_version": 0,
          "attributes_flat": {
            "auto_healing_policies.#": "0",
            "base_instance_name": "gke-data-infra-apps-apps-v2-24a4cc95",
            "creation_timestamp": "2022-01-25T18:32:12.259-08:00",
            "description": "",
            "fingerprint": "nhXEqysdm7Y=",
            "id": "gke-data-infra-apps-apps-v2-24a4cc95-grp",
            "instance_group": "https://www.googleapis.com/compute/v1/projects/cal-itp-data-infra/zones/us-west1-c/instanceGroups/gke-data-infra-apps-apps-v2-24a4cc95-grp",
            "instance_group_manager_id": "4641927818376973379",
            "instance_lifecycle_policy.#": "1",
            "instance_lifecycle_policy.0.default_action_on_failure": "REPAIR",
            "instance_lifecycle_policy.0.force_update_on_repair": "NO",
            "list_managed_instances_results": "PAGELESS",
            "name": "gke-data-infra-apps-apps-v2-24a4cc95-grp",
            "named_port.#": "0",
            "project": "cal-itp-data-infra",
            "self_link": "https://www.googleapis.com/compute/v1/projects/cal-itp-data-infra/zones/us-west1-c/instanceGroupManagers/gke-data-infra-apps-apps-v2-24a4cc95-grp",
            "standby_policy.#": "1",
            "standby_policy.0.initial_delay_sec": "0",
            "standby_policy.0.mode": "MANUAL",
            "stateful_disk.#": "0",
            "stateful_external_ip.#": "0",
            "stateful_internal_ip.#": "0",
            "status.#": "1",
            "status.0.all_instances_config.#": "1",
            "status.0.all_instances_config.0.current_revision": "",
            "status.0.all_instances_config.0.effective": "true",
            "status.0.is_stable": "true",
            "status.0.stateful.#": "1",
            "status.0.stateful.0.has_stateful_config": "false",
            "status.0.stateful.0.per_instance_configs.#": "1",
            "status.0.stateful.0.per_instance_configs.0.all_effective": "true",
            "status.0.version_target.#": "1",
            "status.0.version_target.0.is_reached": "true",
            "target_pools.#": "0",
            "target_size": "2",
            "target_stopped_size": "0",
            "target_suspended_size": "0",
            "update_policy.#": "1",
            "update_policy.0.max_surge_fixed": "1",
            "update_policy.0.max_surge_percent": "0",
            "update_policy.0.max_unavailable_fixed": "1",
            "update_policy.0.max_unavailable_percent": "0",
            "update_policy.0.minimal_action": "REPLACE",
            "update_policy.0.most_disruptive_allowed_action": "",
            "update_policy.0.replacement_method": "SUBSTITUTE",
            "update_policy.0.type": "OPPORTUNISTIC",
            "version.#": "1",
            "version.0.instance_template": "https://www.googleapis.com/compute/v1/projects/cal-itp-data-infra/regions/us-west1/instanceTemplates/gke-data-infra-apps-apps-v2-b3e3e463",
            "version.0.name": "",
            "version.0.target_size.#": "0",
            "wait_for_instances_status": "STABLE",
            "zone": "us-west1-c"
          },
          "sensitive_attributes": []
        }
      ]
    },
    {
      "mode": "managed",
      "type": "google_compute_instance_group_manager",
      "name": "tfer--gke-data-infra-apps-apps-v2-2729c0c0-grp",
      "provider": "provider[\"registry.terraform.io/hashicorp/google\"]",
      "instances": [
        {
          "schema_version": 0,
          "attributes_flat": {
            "auto_healing_policies.#": "0",
            "base_instance_name": "gke-data-infra-apps-apps-v2-2729c0c0",
            "creation_timestamp": "2022-01-25T18:32:12.662-08:00",
            "description": "",
            "fingerprint": "zlJa8XjMMxc=",
            "id": "gke-data-infra-apps-apps-v2-2729c0c0-grp",
            "instance_group": "https://www.googleapis.com/compute/v1/projects/cal-itp-data-infra/zones/us-west1-a/instanceGroups/gke-data-infra-apps-apps-v2-2729c0c0-grp",
            "instance_group_manager_id": "6734959939717762115",
            "instance_lifecycle_policy.#": "1",
            "instance_lifecycle_policy.0.default_action_on_failure": "REPAIR",
            "instance_lifecycle_policy.0.force_update_on_repair": "NO",
            "list_managed_instances_results": "PAGELESS",
            "name": "gke-data-infra-apps-apps-v2-2729c0c0-grp",
            "named_port.#": "0",
            "project": "cal-itp-data-infra",
            "self_link": "https://www.googleapis.com/compute/v1/projects/cal-itp-data-infra/zones/us-west1-a/instanceGroupManagers/gke-data-infra-apps-apps-v2-2729c0c0-grp",
            "standby_policy.#": "1",
            "standby_policy.0.initial_delay_sec": "0",
            "standby_policy.0.mode": "MANUAL",
            "stateful_disk.#": "0",
            "stateful_external_ip.#": "0",
            "stateful_internal_ip.#": "0",
            "status.#": "1",
            "status.0.all_instances_config.#": "1",
            "status.0.all_instances_config.0.current_revision": "",
            "status.0.all_instances_config.0.effective": "true",
            "status.0.is_stable": "true",
            "status.0.stateful.#": "1",
            "status.0.stateful.0.has_stateful_config": "false",
            "status.0.stateful.0.per_instance_configs.#": "1",
            "status.0.stateful.0.per_instance_configs.0.all_effective": "true",
            "status.0.version_target.#": "1",
            "status.0.version_target.0.is_reached": "true",
            "target_pools.#": "0",
            "target_size": "1",
            "target_stopped_size": "0",
            "target_suspended_size": "0",
            "update_policy.#": "1",
            "update_policy.0.max_surge_fixed": "1",
            "update_policy.0.max_surge_percent": "0",
            "update_policy.0.max_unavailable_fixed": "1",
            "update_policy.0.max_unavailable_percent": "0",
            "update_policy.0.minimal_action": "REPLACE",
            "update_policy.0.most_disruptive_allowed_action": "",
            "update_policy.0.replacement_method": "SUBSTITUTE",
            "update_policy.0.type": "OPPORTUNISTIC",
            "version.#": "1",
            "version.0.instance_template": "https://www.googleapis.com/compute/v1/projects/cal-itp-data-infra/regions/us-west1/instanceTemplates/gke-data-infra-apps-apps-v2-c92d48f3",
            "version.0.name": "",
            "version.0.target_size.#": "0",
            "wait_for_instances_status": "STABLE",
            "zone": "us-west1-a"
          },
          "sensitive_attributes": []
        }
      ]
    },
    {
      "mode": "managed",
      "type": "google_compute_instance_group_manager",
      "name": "tfer--gke-data-infra-apps-gtfsrt-v4-2a13e092-grp",
      "provider": "provider[\"registry.terraform.io/hashicorp/google\"]",
      "instances": [
        {
          "schema_version": 0,
          "attributes_flat": {
            "auto_healing_policies.#": "0",
            "base_instance_name": "gke-data-infra-apps-gtfsrt-v4-2a13e092",
            "creation_timestamp": "2022-07-23T11:59:28.408-07:00",
            "description": "",
            "fingerprint": "me99Sag3-Hg=",
            "id": "gke-data-infra-apps-gtfsrt-v4-2a13e092-grp",
            "instance_group": "https://www.googleapis.com/compute/v1/projects/cal-itp-data-infra/zones/us-west1-a/instanceGroups/gke-data-infra-apps-gtfsrt-v4-2a13e092-grp",
            "instance_group_manager_id": "7825490511655992319",
            "instance_lifecycle_policy.#": "1",
            "instance_lifecycle_policy.0.default_action_on_failure": "REPAIR",
            "instance_lifecycle_policy.0.force_update_on_repair": "NO",
            "list_managed_instances_results": "PAGELESS",
            "name": "gke-data-infra-apps-gtfsrt-v4-2a13e092-grp",
            "named_port.#": "0",
            "project": "cal-itp-data-infra",
            "self_link": "https://www.googleapis.com/compute/v1/projects/cal-itp-data-infra/zones/us-west1-a/instanceGroupManagers/gke-data-infra-apps-gtfsrt-v4-2a13e092-grp",
            "standby_policy.#": "1",
            "standby_policy.0.initial_delay_sec": "0",
            "standby_policy.0.mode": "MANUAL",
            "stateful_disk.#": "0",
            "stateful_external_ip.#": "0",
            "stateful_internal_ip.#": "0",
            "status.#": "1",
            "status.0.all_instances_config.#": "1",
            "status.0.all_instances_config.0.current_revision": "",
            "status.0.all_instances_config.0.effective": "true",
            "status.0.is_stable": "true",
            "status.0.stateful.#": "1",
            "status.0.stateful.0.has_stateful_config": "false",
            "status.0.stateful.0.per_instance_configs.#": "1",
            "status.0.stateful.0.per_instance_configs.0.all_effective": "true",
            "status.0.version_target.#": "1",
            "status.0.version_target.0.is_reached": "true",
            "target_pools.#": "0",
            "target_size": "2",
            "target_stopped_size": "0",
            "target_suspended_size": "0",
            "update_policy.#": "1",
            "update_policy.0.max_surge_fixed": "1",
            "update_policy.0.max_surge_percent": "0",
            "update_policy.0.max_unavailable_fixed": "1",
            "update_policy.0.max_unavailable_percent": "0",
            "update_policy.0.minimal_action": "REPLACE",
            "update_policy.0.most_disruptive_allowed_action": "",
            "update_policy.0.replacement_method": "SUBSTITUTE",
            "update_policy.0.type": "OPPORTUNISTIC",
            "version.#": "1",
            "version.0.instance_template": "https://www.googleapis.com/compute/v1/projects/cal-itp-data-infra/regions/us-west1/instanceTemplates/gke-data-infra-apps-gtfsrt-v4-070f7b18",
            "version.0.name": "",
            "version.0.target_size.#": "0",
            "wait_for_instances_status": "STABLE",
            "zone": "us-west1-a"
          },
          "sensitive_attributes": []
        }
      ]
    },
    {
      "mode": "managed",
      "type": "google_compute_instance_group_manager",
      "name": "tfer--gke-data-infra-apps-gtfsrt-v4-7577d4d7-grp",
      "provider": "provider[\"registry.terraform.io/hashicorp/google\"]",
      "instances": [
        {
          "schema_version": 0,
          "attributes_flat": {
            "auto_healing_policies.#": "0",
            "base_instance_name": "gke-data-infra-apps-gtfsrt-v4-7577d4d7",
            "creation_timestamp": "2022-07-23T11:59:25.621-07:00",
            "description": "",
            "fingerprint": "-JqEYuAvxIA=",
            "id": "gke-data-infra-apps-gtfsrt-v4-7577d4d7-grp",
            "instance_group": "https://www.googleapis.com/compute/v1/projects/cal-itp-data-infra/zones/us-west1-c/instanceGroups/gke-data-infra-apps-gtfsrt-v4-7577d4d7-grp",
            "instance_group_manager_id": "4618862826041244642",
            "instance_lifecycle_policy.#": "1",
            "instance_lifecycle_policy.0.default_action_on_failure": "REPAIR",
            "instance_lifecycle_policy.0.force_update_on_repair": "NO",
            "list_managed_instances_results": "PAGELESS",
            "name": "gke-data-infra-apps-gtfsrt-v4-7577d4d7-grp",
            "named_port.#": "0",
            "project": "cal-itp-data-infra",
            "self_link": "https://www.googleapis.com/compute/v1/projects/cal-itp-data-infra/zones/us-west1-c/instanceGroupManagers/gke-data-infra-apps-gtfsrt-v4-7577d4d7-grp",
            "standby_policy.#": "1",
            "standby_policy.0.initial_delay_sec": "0",
            "standby_policy.0.mode": "MANUAL",
            "stateful_disk.#": "0",
            "stateful_external_ip.#": "0",
            "stateful_internal_ip.#": "0",
            "status.#": "1",
            "status.0.all_instances_config.#": "1",
            "status.0.all_instances_config.0.current_revision": "",
            "status.0.all_instances_config.0.effective": "true",
            "status.0.is_stable": "true",
            "status.0.stateful.#": "1",
            "status.0.stateful.0.has_stateful_config": "false",
            "status.0.stateful.0.per_instance_configs.#": "1",
            "status.0.stateful.0.per_instance_configs.0.all_effective": "true",
            "status.0.version_target.#": "1",
            "status.0.version_target.0.is_reached": "true",
            "target_pools.#": "0",
            "target_size": "1",
            "target_stopped_size": "0",
            "target_suspended_size": "0",
            "update_policy.#": "1",
            "update_policy.0.max_surge_fixed": "1",
            "update_policy.0.max_surge_percent": "0",
            "update_policy.0.max_unavailable_fixed": "1",
            "update_policy.0.max_unavailable_percent": "0",
            "update_policy.0.minimal_action": "REPLACE",
            "update_policy.0.most_disruptive_allowed_action": "",
            "update_policy.0.replacement_method": "SUBSTITUTE",
            "update_policy.0.type": "OPPORTUNISTIC",
            "version.#": "1",
            "version.0.instance_template": "https://www.googleapis.com/compute/v1/projects/cal-itp-data-infra/regions/us-west1/instanceTemplates/gke-data-infra-apps-gtfsrt-v4-8c4a685b",
            "version.0.name": "",
            "version.0.target_size.#": "0",
            "wait_for_instances_status": "STABLE",
            "zone": "us-west1-c"
          },
          "sensitive_attributes": []
        }
      ]
    },
    {
      "mode": "managed",
      "type": "google_compute_instance_group_manager",
      "name": "tfer--gke-data-infra-apps-gtfsrt-v4-b003cc53-grp",
      "provider": "provider[\"registry.terraform.io/hashicorp/google\"]",
      "instances": [
        {
          "schema_version": 0,
          "attributes_flat": {
            "auto_healing_policies.#": "0",
            "base_instance_name": "gke-data-infra-apps-gtfsrt-v4-b003cc53",
            "creation_timestamp": "2022-07-23T11:59:25.014-07:00",
            "description": "",
            "fingerprint": "AhevpACkwHQ=",
            "id": "gke-data-infra-apps-gtfsrt-v4-b003cc53-grp",
            "instance_group": "https://www.googleapis.com/compute/v1/projects/cal-itp-data-infra/zones/us-west1-b/instanceGroups/gke-data-infra-apps-gtfsrt-v4-b003cc53-grp",
            "instance_group_manager_id": "5452954399866485730",
            "instance_lifecycle_policy.#": "1",
            "instance_lifecycle_policy.0.default_action_on_failure": "REPAIR",
            "instance_lifecycle_policy.0.force_update_on_repair": "NO",
            "list_managed_instances_results": "PAGELESS",
            "name": "gke-data-infra-apps-gtfsrt-v4-b003cc53-grp",
            "named_port.#": "0",
            "project": "cal-itp-data-infra",
            "self_link": "https://www.googleapis.com/compute/v1/projects/cal-itp-data-infra/zones/us-west1-b/instanceGroupManagers/gke-data-infra-apps-gtfsrt-v4-b003cc53-grp",
            "standby_policy.#": "1",
            "standby_policy.0.initial_delay_sec": "0",
            "standby_policy.0.mode": "MANUAL",
            "stateful_disk.#": "0",
            "stateful_external_ip.#": "0",
            "stateful_internal_ip.#": "0",
            "status.#": "1",
            "status.0.all_instances_config.#": "1",
            "status.0.all_instances_config.0.current_revision": "",
            "status.0.all_instances_config.0.effective": "true",
            "status.0.is_stable": "true",
            "status.0.stateful.#": "1",
            "status.0.stateful.0.has_stateful_config": "false",
            "status.0.stateful.0.per_instance_configs.#": "1",
            "status.0.stateful.0.per_instance_configs.0.all_effective": "true",
            "status.0.version_target.#": "1",
            "status.0.version_target.0.is_reached": "true",
            "target_pools.#": "0",
            "target_size": "1",
            "target_stopped_size": "0",
            "target_suspended_size": "0",
            "update_policy.#": "1",
            "update_policy.0.max_surge_fixed": "1",
            "update_policy.0.max_surge_percent": "0",
            "update_policy.0.max_unavailable_fixed": "1",
            "update_policy.0.max_unavailable_percent": "0",
            "update_policy.0.minimal_action": "REPLACE",
            "update_policy.0.most_disruptive_allowed_action": "",
            "update_policy.0.replacement_method": "SUBSTITUTE",
            "update_policy.0.type": "OPPORTUNISTIC",
            "version.#": "1",
            "version.0.instance_template": "https://www.googleapis.com/compute/v1/projects/cal-itp-data-infra/regions/us-west1/instanceTemplates/gke-data-infra-apps-gtfsrt-v4-daedc7bd",
            "version.0.name": "",
            "version.0.target_size.#": "0",
            "wait_for_instances_status": "STABLE",
            "zone": "us-west1-b"
          },
          "sensitive_attributes": []
        }
      ]
    },
    {
      "mode": "managed",
      "type": "google_compute_instance_group_manager",
      "name": "tfer--gke-data-infra-apps-jobs-v1-625ec063-grp",
      "provider": "provider[\"registry.terraform.io/hashicorp/google\"]",
      "instances": [
        {
          "schema_version": 0,
          "attributes_flat": {
            "auto_healing_policies.#": "0",
            "base_instance_name": "gke-data-infra-apps-jobs-v1-625ec063",
            "creation_timestamp": "2022-04-21T15:27:39.331-07:00",
            "description": "",
            "fingerprint": "y-jDIi4Lc7E=",
            "id": "gke-data-infra-apps-jobs-v1-625ec063-grp",
            "instance_group": "https://www.googleapis.com/compute/v1/projects/cal-itp-data-infra/zones/us-west1-c/instanceGroups/gke-data-infra-apps-jobs-v1-625ec063-grp",
            "instance_group_manager_id": "142533298953675956",
            "instance_lifecycle_policy.#": "1",
            "instance_lifecycle_policy.0.default_action_on_failure": "REPAIR",
            "instance_lifecycle_policy.0.force_update_on_repair": "NO",
            "list_managed_instances_results": "PAGELESS",
            "name": "gke-data-infra-apps-jobs-v1-625ec063-grp",
            "named_port.#": "0",
            "project": "cal-itp-data-infra",
            "self_link": "https://www.googleapis.com/compute/v1/projects/cal-itp-data-infra/zones/us-west1-c/instanceGroupManagers/gke-data-infra-apps-jobs-v1-625ec063-grp",
            "standby_policy.#": "1",
            "standby_policy.0.initial_delay_sec": "0",
            "standby_policy.0.mode": "MANUAL",
            "stateful_disk.#": "0",
            "stateful_external_ip.#": "0",
            "stateful_internal_ip.#": "0",
            "status.#": "1",
            "status.0.all_instances_config.#": "1",
            "status.0.all_instances_config.0.current_revision": "",
            "status.0.all_instances_config.0.effective": "true",
            "status.0.is_stable": "true",
            "status.0.stateful.#": "1",
            "status.0.stateful.0.has_stateful_config": "false",
            "status.0.stateful.0.per_instance_configs.#": "1",
            "status.0.stateful.0.per_instance_configs.0.all_effective": "true",
            "status.0.version_target.#": "1",
            "status.0.version_target.0.is_reached": "true",
            "target_pools.#": "0",
            "target_size": "1",
            "target_stopped_size": "0",
            "target_suspended_size": "0",
            "update_policy.#": "1",
            "update_policy.0.max_surge_fixed": "1",
            "update_policy.0.max_surge_percent": "0",
            "update_policy.0.max_unavailable_fixed": "1",
            "update_policy.0.max_unavailable_percent": "0",
            "update_policy.0.minimal_action": "REPLACE",
            "update_policy.0.most_disruptive_allowed_action": "",
            "update_policy.0.replacement_method": "SUBSTITUTE",
            "update_policy.0.type": "OPPORTUNISTIC",
            "version.#": "1",
            "version.0.instance_template": "https://www.googleapis.com/compute/v1/projects/cal-itp-data-infra/regions/us-west1/instanceTemplates/gke-data-infra-apps-jobs-v1-40686f4e",
            "version.0.name": "",
            "version.0.target_size.#": "0",
            "wait_for_instances_status": "STABLE",
            "zone": "us-west1-c"
          },
          "sensitive_attributes": []
        }
      ]
    },
    {
      "mode": "managed",
      "type": "google_compute_instance_group_manager",
      "name": "tfer--gke-data-infra-apps-jobs-v1-8eec22fb-grp",
      "provider": "provider[\"registry.terraform.io/hashicorp/google\"]",
      "instances": [
        {
          "schema_version": 0,
          "attributes_flat": {
            "auto_healing_policies.#": "0",
            "base_instance_name": "gke-data-infra-apps-jobs-v1-8eec22fb",
            "creation_timestamp": "2022-04-21T15:27:39.882-07:00",
            "description": "",
            "fingerprint": "-gtgLCTnz4U=",
            "id": "gke-data-infra-apps-jobs-v1-8eec22fb-grp",
            "instance_group": "https://www.googleapis.com/compute/v1/projects/cal-itp-data-infra/zones/us-west1-b/instanceGroups/gke-data-infra-apps-jobs-v1-8eec22fb-grp",
            "instance_group_manager_id": "7719579311087051956",
            "instance_lifecycle_policy.#": "1",
            "instance_lifecycle_policy.0.default_action_on_failure": "REPAIR",
            "instance_lifecycle_policy.0.force_update_on_repair": "NO",
            "list_managed_instances_results": "PAGELESS",
            "name": "gke-data-infra-apps-jobs-v1-8eec22fb-grp",
            "named_port.#": "0",
            "project": "cal-itp-data-infra",
            "self_link": "https://www.googleapis.com/compute/v1/projects/cal-itp-data-infra/zones/us-west1-b/instanceGroupManagers/gke-data-infra-apps-jobs-v1-8eec22fb-grp",
            "standby_policy.#": "1",
            "standby_policy.0.initial_delay_sec": "0",
            "standby_policy.0.mode": "MANUAL",
            "stateful_disk.#": "0",
            "stateful_external_ip.#": "0",
            "stateful_internal_ip.#": "0",
            "status.#": "1",
            "status.0.all_instances_config.#": "1",
            "status.0.all_instances_config.0.current_revision": "",
            "status.0.all_instances_config.0.effective": "true",
            "status.0.is_stable": "true",
            "status.0.stateful.#": "1",
            "status.0.stateful.0.has_stateful_config": "false",
            "status.0.stateful.0.per_instance_configs.#": "1",
            "status.0.stateful.0.per_instance_configs.0.all_effective": "true",
            "status.0.version_target.#": "1",
            "status.0.version_target.0.is_reached": "true",
            "target_pools.#": "0",
            "target_size": "1",
            "target_stopped_size": "0",
            "target_suspended_size": "0",
            "update_policy.#": "1",
            "update_policy.0.max_surge_fixed": "1",
            "update_policy.0.max_surge_percent": "0",
            "update_policy.0.max_unavailable_fixed": "1",
            "update_policy.0.max_unavailable_percent": "0",
            "update_policy.0.minimal_action": "REPLACE",
            "update_policy.0.most_disruptive_allowed_action": "",
            "update_policy.0.replacement_method": "SUBSTITUTE",
            "update_policy.0.type": "OPPORTUNISTIC",
            "version.#": "1",
            "version.0.instance_template": "https://www.googleapis.com/compute/v1/projects/cal-itp-data-infra/regions/us-west1/instanceTemplates/gke-data-infra-apps-jobs-v1-dec41dab",
            "version.0.name": "",
            "version.0.target_size.#": "0",
            "wait_for_instances_status": "STABLE",
            "zone": "us-west1-b"
          },
          "sensitive_attributes": []
        }
      ]
    },
    {
      "mode": "managed",
      "type": "google_compute_instance_group_manager",
      "name": "tfer--gke-data-infra-apps-jobs-v1-cd18666b-grp",
      "provider": "provider[\"registry.terraform.io/hashicorp/google\"]",
      "instances": [
        {
          "schema_version": 0,
          "attributes_flat": {
            "auto_healing_policies.#": "0",
            "base_instance_name": "gke-data-infra-apps-jobs-v1-cd18666b",
            "creation_timestamp": "2022-03-25T12:38:55.552-07:00",
            "description": "",
            "fingerprint": "jEqFEVUuVwg=",
            "id": "gke-data-infra-apps-jobs-v1-cd18666b-grp",
            "instance_group": "https://www.googleapis.com/compute/v1/projects/cal-itp-data-infra/zones/us-west1-a/instanceGroups/gke-data-infra-apps-jobs-v1-cd18666b-grp",
            "instance_group_manager_id": "2237611173343372448",
            "instance_lifecycle_policy.#": "1",
            "instance_lifecycle_policy.0.default_action_on_failure": "REPAIR",
            "instance_lifecycle_policy.0.force_update_on_repair": "NO",
            "list_managed_instances_results": "PAGELESS",
            "name": "gke-data-infra-apps-jobs-v1-cd18666b-grp",
            "named_port.#": "0",
            "project": "cal-itp-data-infra",
            "self_link": "https://www.googleapis.com/compute/v1/projects/cal-itp-data-infra/zones/us-west1-a/instanceGroupManagers/gke-data-infra-apps-jobs-v1-cd18666b-grp",
            "standby_policy.#": "1",
            "standby_policy.0.initial_delay_sec": "0",
            "standby_policy.0.mode": "MANUAL",
            "stateful_disk.#": "0",
            "stateful_external_ip.#": "0",
            "stateful_internal_ip.#": "0",
            "status.#": "1",
            "status.0.all_instances_config.#": "1",
            "status.0.all_instances_config.0.current_revision": "",
            "status.0.all_instances_config.0.effective": "true",
            "status.0.is_stable": "true",
            "status.0.stateful.#": "1",
            "status.0.stateful.0.has_stateful_config": "false",
            "status.0.stateful.0.per_instance_configs.#": "1",
            "status.0.stateful.0.per_instance_configs.0.all_effective": "true",
            "status.0.version_target.#": "1",
            "status.0.version_target.0.is_reached": "true",
            "target_pools.#": "0",
            "target_size": "1",
            "target_stopped_size": "0",
            "target_suspended_size": "0",
            "update_policy.#": "1",
            "update_policy.0.max_surge_fixed": "1",
            "update_policy.0.max_surge_percent": "0",
            "update_policy.0.max_unavailable_fixed": "1",
            "update_policy.0.max_unavailable_percent": "0",
            "update_policy.0.minimal_action": "REPLACE",
            "update_policy.0.most_disruptive_allowed_action": "",
            "update_policy.0.replacement_method": "SUBSTITUTE",
            "update_policy.0.type": "OPPORTUNISTIC",
            "version.#": "1",
            "version.0.instance_template": "https://www.googleapis.com/compute/v1/projects/cal-itp-data-infra/regions/us-west1/instanceTemplates/gke-data-infra-apps-jobs-v1-e0eae9ba",
            "version.0.name": "",
            "version.0.target_size.#": "0",
            "wait_for_instances_status": "STABLE",
            "zone": "us-west1-a"
          },
          "sensitive_attributes": []
        }
      ]
    },
    {
      "mode": "managed",
      "type": "google_compute_instance_group_manager",
      "name": "tfer--gke-data-infra-apps-jupyterhub-users-6aa76dbb-grp",
      "provider": "provider[\"registry.terraform.io/hashicorp/google\"]",
      "instances": [
        {
          "schema_version": 0,
          "attributes_flat": {
            "auto_healing_policies.#": "0",
            "base_instance_name": "gke-data-infra-apps-jupyterhub-users-6aa76dbb",
            "creation_timestamp": "2024-10-16T09:30:12.281-07:00",
            "description": "",
            "fingerprint": "iO08qiNX2B4=",
            "id": "gke-data-infra-apps-jupyterhub-users-6aa76dbb-grp",
            "instance_group": "https://www.googleapis.com/compute/v1/projects/cal-itp-data-infra/zones/us-west1-c/instanceGroups/gke-data-infra-apps-jupyterhub-users-6aa76dbb-grp",
            "instance_group_manager_id": "9178573297688925435",
            "instance_lifecycle_policy.#": "1",
            "instance_lifecycle_policy.0.default_action_on_failure": "REPAIR",
            "instance_lifecycle_policy.0.force_update_on_repair": "YES",
            "list_managed_instances_results": "PAGINATED",
            "name": "gke-data-infra-apps-jupyterhub-users-6aa76dbb-grp",
            "named_port.#": "0",
            "project": "cal-itp-data-infra",
            "self_link": "https://www.googleapis.com/compute/v1/projects/cal-itp-data-infra/zones/us-west1-c/instanceGroupManagers/gke-data-infra-apps-jupyterhub-users-6aa76dbb-grp",
            "standby_policy.#": "1",
            "standby_policy.0.initial_delay_sec": "0",
            "standby_policy.0.mode": "MANUAL",
            "stateful_disk.#": "0",
            "stateful_external_ip.#": "0",
            "stateful_internal_ip.#": "0",
            "status.#": "1",
            "status.0.all_instances_config.#": "1",
            "status.0.all_instances_config.0.current_revision": "",
            "status.0.all_instances_config.0.effective": "true",
            "status.0.is_stable": "true",
            "status.0.stateful.#": "1",
            "status.0.stateful.0.has_stateful_config": "false",
            "status.0.stateful.0.per_instance_configs.#": "1",
            "status.0.stateful.0.per_instance_configs.0.all_effective": "true",
            "status.0.version_target.#": "1",
            "status.0.version_target.0.is_reached": "true",
            "target_pools.#": "0",
            "target_size": "3",
            "target_stopped_size": "0",
            "target_suspended_size": "0",
            "update_policy.#": "1",
            "update_policy.0.max_surge_fixed": "1",
            "update_policy.0.max_surge_percent": "0",
            "update_policy.0.max_unavailable_fixed": "1",
            "update_policy.0.max_unavailable_percent": "0",
            "update_policy.0.minimal_action": "REPLACE",
            "update_policy.0.most_disruptive_allowed_action": "",
            "update_policy.0.replacement_method": "SUBSTITUTE",
            "update_policy.0.type": "OPPORTUNISTIC",
            "version.#": "1",
            "version.0.instance_template": "https://www.googleapis.com/compute/v1/projects/cal-itp-data-infra/regions/us-west1/instanceTemplates/gke-data-infra-apps-jupyterhub-users-af5c5f36",
            "version.0.name": "",
            "version.0.target_size.#": "0",
            "wait_for_instances_status": "STABLE",
            "zone": "us-west1-c"
          },
          "sensitive_attributes": []
        }
      ]
    },
    {
      "mode": "managed",
      "type": "google_compute_instance_group_manager",
      "name": "tfer--gke-data-infra-apps-jupyterhub-users-b57e08f4-grp",
      "provider": "provider[\"registry.terraform.io/hashicorp/google\"]",
      "instances": [
        {
          "schema_version": 0,
          "attributes_flat": {
            "auto_healing_policies.#": "0",
            "base_instance_name": "gke-data-infra-apps-jupyterhub-users-b57e08f4",
            "creation_timestamp": "2022-01-24T06:02:27.636-08:00",
            "description": "",
            "fingerprint": "QqQ-UNHnxlI=",
            "id": "gke-data-infra-apps-jupyterhub-users-b57e08f4-grp",
            "instance_group": "https://www.googleapis.com/compute/v1/projects/cal-itp-data-infra/zones/us-west1-a/instanceGroups/gke-data-infra-apps-jupyterhub-users-b57e08f4-grp",
            "instance_group_manager_id": "1251924025861672860",
            "instance_lifecycle_policy.#": "1",
            "instance_lifecycle_policy.0.default_action_on_failure": "REPAIR",
            "instance_lifecycle_policy.0.force_update_on_repair": "NO",
            "list_managed_instances_results": "PAGELESS",
            "name": "gke-data-infra-apps-jupyterhub-users-b57e08f4-grp",
            "named_port.#": "0",
            "project": "cal-itp-data-infra",
            "self_link": "https://www.googleapis.com/compute/v1/projects/cal-itp-data-infra/zones/us-west1-a/instanceGroupManagers/gke-data-infra-apps-jupyterhub-users-b57e08f4-grp",
            "standby_policy.#": "1",
            "standby_policy.0.initial_delay_sec": "0",
            "standby_policy.0.mode": "MANUAL",
            "stateful_disk.#": "0",
            "stateful_external_ip.#": "0",
            "stateful_internal_ip.#": "0",
            "status.#": "1",
            "status.0.all_instances_config.#": "1",
            "status.0.all_instances_config.0.current_revision": "",
            "status.0.all_instances_config.0.effective": "true",
            "status.0.is_stable": "true",
            "status.0.stateful.#": "1",
            "status.0.stateful.0.has_stateful_config": "false",
            "status.0.stateful.0.per_instance_configs.#": "1",
            "status.0.stateful.0.per_instance_configs.0.all_effective": "true",
            "status.0.version_target.#": "1",
            "status.0.version_target.0.is_reached": "true",
            "target_pools.#": "0",
            "target_size": "1",
            "target_stopped_size": "0",
            "target_suspended_size": "0",
            "update_policy.#": "1",
            "update_policy.0.max_surge_fixed": "1",
            "update_policy.0.max_surge_percent": "0",
            "update_policy.0.max_unavailable_fixed": "1",
            "update_policy.0.max_unavailable_percent": "0",
            "update_policy.0.minimal_action": "REPLACE",
            "update_policy.0.most_disruptive_allowed_action": "",
            "update_policy.0.replacement_method": "SUBSTITUTE",
            "update_policy.0.type": "OPPORTUNISTIC",
            "version.#": "1",
            "version.0.instance_template": "https://www.googleapis.com/compute/v1/projects/cal-itp-data-infra/regions/us-west1/instanceTemplates/gke-data-infra-apps-jupyterhub-users-ed8f771a",
            "version.0.name": "",
            "version.0.target_size.#": "0",
            "wait_for_instances_status": "STABLE",
            "zone": "us-west1-a"
          },
          "sensitive_attributes": []
        }
      ]
    },
    {
      "mode": "managed",
      "type": "google_compute_instance_group_manager",
      "name": "tfer--gke-data-infra-apps-jupyterhub-users-dddc57ff-grp",
      "provider": "provider[\"registry.terraform.io/hashicorp/google\"]",
      "instances": [
        {
          "schema_version": 0,
          "attributes_flat": {
            "auto_healing_policies.#": "0",
            "base_instance_name": "gke-data-infra-apps-jupyterhub-users-dddc57ff",
            "creation_timestamp": "2022-01-24T06:02:30.251-08:00",
            "description": "",
            "fingerprint": "Y4dSoKWwJIg=",
            "id": "gke-data-infra-apps-jupyterhub-users-dddc57ff-grp",
            "instance_group": "https://www.googleapis.com/compute/v1/projects/cal-itp-data-infra/zones/us-west1-b/instanceGroups/gke-data-infra-apps-jupyterhub-users-dddc57ff-grp",
            "instance_group_manager_id": "196631594658893721",
            "instance_lifecycle_policy.#": "1",
            "instance_lifecycle_policy.0.default_action_on_failure": "REPAIR",
            "instance_lifecycle_policy.0.force_update_on_repair": "NO",
            "list_managed_instances_results": "PAGELESS",
            "name": "gke-data-infra-apps-jupyterhub-users-dddc57ff-grp",
            "named_port.#": "0",
            "project": "cal-itp-data-infra",
            "self_link": "https://www.googleapis.com/compute/v1/projects/cal-itp-data-infra/zones/us-west1-b/instanceGroupManagers/gke-data-infra-apps-jupyterhub-users-dddc57ff-grp",
            "standby_policy.#": "1",
            "standby_policy.0.initial_delay_sec": "0",
            "standby_policy.0.mode": "MANUAL",
            "stateful_disk.#": "0",
            "stateful_external_ip.#": "0",
            "stateful_internal_ip.#": "0",
            "status.#": "1",
            "status.0.all_instances_config.#": "1",
            "status.0.all_instances_config.0.current_revision": "",
            "status.0.all_instances_config.0.effective": "true",
            "status.0.is_stable": "true",
            "status.0.stateful.#": "1",
            "status.0.stateful.0.has_stateful_config": "false",
            "status.0.stateful.0.per_instance_configs.#": "1",
            "status.0.stateful.0.per_instance_configs.0.all_effective": "true",
            "status.0.version_target.#": "1",
            "status.0.version_target.0.is_reached": "true",
            "target_pools.#": "0",
            "target_size": "2",
            "target_stopped_size": "0",
            "target_suspended_size": "0",
            "update_policy.#": "1",
            "update_policy.0.max_surge_fixed": "1",
            "update_policy.0.max_surge_percent": "0",
            "update_policy.0.max_unavailable_fixed": "1",
            "update_policy.0.max_unavailable_percent": "0",
            "update_policy.0.minimal_action": "REPLACE",
            "update_policy.0.most_disruptive_allowed_action": "",
            "update_policy.0.replacement_method": "SUBSTITUTE",
            "update_policy.0.type": "OPPORTUNISTIC",
            "version.#": "1",
            "version.0.instance_template": "https://www.googleapis.com/compute/v1/projects/cal-itp-data-infra/regions/us-west1/instanceTemplates/gke-data-infra-apps-jupyterhub-users-7f61d909",
            "version.0.name": "",
            "version.0.target_size.#": "0",
            "wait_for_instances_status": "STABLE",
            "zone": "us-west1-b"
          },
          "sensitive_attributes": []
        }
      ]
    }
  ],
  "check_results": null
}
