{
  "version": 4,
  "terraform_version": "1.10.5",
  "serial": 2,
  "lineage": "87b79e34-b9b2-12d5-e6e0-26c2ff9e8f04",
  "outputs": {
    "google_compute_instance_group_manager_tfer--gke-data-infra-apps-apps-v2-0dfb61fb-grp_instance_group": {
      "value": "https://www.googleapis.com/compute/v1/projects/cal-itp-data-infra/zones/us-west1-b/instanceGroups/gke-data-infra-apps-apps-v2-0dfb61fb-grp",
      "type": "string"
    },
    "google_compute_instance_group_manager_tfer--gke-data-infra-apps-apps-v2-0dfb61fb-grp_self_link": {
      "value": "https://www.googleapis.com/compute/v1/projects/cal-itp-data-infra/zones/us-west1-b/instanceGroupManagers/gke-data-infra-apps-apps-v2-0dfb61fb-grp",
      "type": "string"
    },
    "google_compute_instance_group_manager_tfer--gke-data-infra-apps-apps-v2-24a4cc95-grp_instance_group": {
      "value": "https://www.googleapis.com/compute/v1/projects/cal-itp-data-infra/zones/us-west1-c/instanceGroups/gke-data-infra-apps-apps-v2-24a4cc95-grp",
      "type": "string"
    },
    "google_compute_instance_group_manager_tfer--gke-data-infra-apps-apps-v2-24a4cc95-grp_self_link": {
      "value": "https://www.googleapis.com/compute/v1/projects/cal-itp-data-infra/zones/us-west1-c/instanceGroupManagers/gke-data-infra-apps-apps-v2-24a4cc95-grp",
      "type": "string"
    },
    "google_compute_instance_group_manager_tfer--gke-data-infra-apps-apps-v2-2729c0c0-grp_instance_group": {
      "value": "https://www.googleapis.com/compute/v1/projects/cal-itp-data-infra/zones/us-west1-a/instanceGroups/gke-data-infra-apps-apps-v2-2729c0c0-grp",
      "type": "string"
    },
    "google_compute_instance_group_manager_tfer--gke-data-infra-apps-apps-v2-2729c0c0-grp_self_link": {
      "value": "https://www.googleapis.com/compute/v1/projects/cal-itp-data-infra/zones/us-west1-a/instanceGroupManagers/gke-data-infra-apps-apps-v2-2729c0c0-grp",
      "type": "string"
    },
    "google_compute_instance_group_manager_tfer--gke-data-infra-apps-gtfsrt-v4-2a13e092-grp_instance_group": {
      "value": "https://www.googleapis.com/compute/v1/projects/cal-itp-data-infra/zones/us-west1-a/instanceGroups/gke-data-infra-apps-gtfsrt-v4-2a13e092-grp",
      "type": "string"
    },
    "google_compute_instance_group_manager_tfer--gke-data-infra-apps-gtfsrt-v4-2a13e092-grp_self_link": {
      "value": "https://www.googleapis.com/compute/v1/projects/cal-itp-data-infra/zones/us-west1-a/instanceGroupManagers/gke-data-infra-apps-gtfsrt-v4-2a13e092-grp",
      "type": "string"
    },
    "google_compute_instance_group_manager_tfer--gke-data-infra-apps-gtfsrt-v4-7577d4d7-grp_instance_group": {
      "value": "https://www.googleapis.com/compute/v1/projects/cal-itp-data-infra/zones/us-west1-c/instanceGroups/gke-data-infra-apps-gtfsrt-v4-7577d4d7-grp",
      "type": "string"
    },
    "google_compute_instance_group_manager_tfer--gke-data-infra-apps-gtfsrt-v4-7577d4d7-grp_self_link": {
      "value": "https://www.googleapis.com/compute/v1/projects/cal-itp-data-infra/zones/us-west1-c/instanceGroupManagers/gke-data-infra-apps-gtfsrt-v4-7577d4d7-grp",
      "type": "string"
    },
    "google_compute_instance_group_manager_tfer--gke-data-infra-apps-gtfsrt-v4-b003cc53-grp_instance_group": {
      "value": "https://www.googleapis.com/compute/v1/projects/cal-itp-data-infra/zones/us-west1-b/instanceGroups/gke-data-infra-apps-gtfsrt-v4-b003cc53-grp",
      "type": "string"
    },
    "google_compute_instance_group_manager_tfer--gke-data-infra-apps-gtfsrt-v4-b003cc53-grp_self_link": {
      "value": "https://www.googleapis.com/compute/v1/projects/cal-itp-data-infra/zones/us-west1-b/instanceGroupManagers/gke-data-infra-apps-gtfsrt-v4-b003cc53-grp",
      "type": "string"
    },
    "google_compute_instance_group_manager_tfer--gke-data-infra-apps-jobs-v1-625ec063-grp_instance_group": {
      "value": "https://www.googleapis.com/compute/v1/projects/cal-itp-data-infra/zones/us-west1-c/instanceGroups/gke-data-infra-apps-jobs-v1-625ec063-grp",
      "type": "string"
    },
    "google_compute_instance_group_manager_tfer--gke-data-infra-apps-jobs-v1-625ec063-grp_self_link": {
      "value": "https://www.googleapis.com/compute/v1/projects/cal-itp-data-infra/zones/us-west1-c/instanceGroupManagers/gke-data-infra-apps-jobs-v1-625ec063-grp",
      "type": "string"
    },
    "google_compute_instance_group_manager_tfer--gke-data-infra-apps-jobs-v1-8eec22fb-grp_instance_group": {
      "value": "https://www.googleapis.com/compute/v1/projects/cal-itp-data-infra/zones/us-west1-b/instanceGroups/gke-data-infra-apps-jobs-v1-8eec22fb-grp",
      "type": "string"
    },
    "google_compute_instance_group_manager_tfer--gke-data-infra-apps-jobs-v1-8eec22fb-grp_self_link": {
      "value": "https://www.googleapis.com/compute/v1/projects/cal-itp-data-infra/zones/us-west1-b/instanceGroupManagers/gke-data-infra-apps-jobs-v1-8eec22fb-grp",
      "type": "string"
    },
    "google_compute_instance_group_manager_tfer--gke-data-infra-apps-jobs-v1-cd18666b-grp_instance_group": {
      "value": "https://www.googleapis.com/compute/v1/projects/cal-itp-data-infra/zones/us-west1-a/instanceGroups/gke-data-infra-apps-jobs-v1-cd18666b-grp",
      "type": "string"
    },
    "google_compute_instance_group_manager_tfer--gke-data-infra-apps-jobs-v1-cd18666b-grp_self_link": {
      "value": "https://www.googleapis.com/compute/v1/projects/cal-itp-data-infra/zones/us-west1-a/instanceGroupManagers/gke-data-infra-apps-jobs-v1-cd18666b-grp",
      "type": "string"
    }
  },
  "resources": [
    {
      "mode": "managed",
      "type": "google_compute_instance_group_manager",
      "name": "tfer--gke-data-infra-apps-apps-v2-0dfb61fb-grp",
      "provider": "provider[\"registry.terraform.io/hashicorp/google\"]",
      "instances": [
        {
          "schema_version": 0,
          "attributes_flat": {
            "auto_healing_policies.#": "0",
            "base_instance_name": "gke-data-infra-apps-apps-v2-0dfb61fb",
            "description": "",
            "fingerprint": "qXcT8-_46fY=",
            "id": "gke-data-infra-apps-apps-v2-0dfb61fb-grp",
            "instance_group": "https://www.googleapis.com/compute/v1/projects/cal-itp-data-infra/zones/us-west1-b/instanceGroups/gke-data-infra-apps-apps-v2-0dfb61fb-grp",
            "list_managed_instances_results": "PAGELESS",
            "name": "gke-data-infra-apps-apps-v2-0dfb61fb-grp",
            "named_port.#": "0",
            "project": "cal-itp-data-infra",
            "self_link": "https://www.googleapis.com/compute/v1/projects/cal-itp-data-infra/zones/us-west1-b/instanceGroupManagers/gke-data-infra-apps-apps-v2-0dfb61fb-grp",
            "stateful_disk.#": "0",
            "status.#": "1",
            "status.0.is_stable": "true",
            "status.0.stateful.#": "1",
            "status.0.stateful.0.has_stateful_config": "false",
            "status.0.stateful.0.per_instance_configs.#": "1",
            "status.0.stateful.0.per_instance_configs.0.all_effective": "true",
            "status.0.version_target.#": "1",
            "status.0.version_target.0.is_reached": "true",
            "target_pools.#": "0",
            "target_size": "1",
            "update_policy.#": "1",
            "update_policy.0.max_surge_fixed": "1",
            "update_policy.0.max_surge_percent": "0",
            "update_policy.0.max_unavailable_fixed": "1",
            "update_policy.0.max_unavailable_percent": "0",
            "update_policy.0.minimal_action": "REPLACE",
            "update_policy.0.most_disruptive_allowed_action": "",
            "update_policy.0.replacement_method": "SUBSTITUTE",
            "update_policy.0.type": "OPPORTUNISTIC",
            "version.#": "1",
            "version.0.instance_template": "https://www.googleapis.com/compute/v1/projects/cal-itp-data-infra/regions/us-west1/instanceTemplates/gke-data-infra-apps-apps-v2-a55e8d05",
            "version.0.name": "",
            "version.0.target_size.#": "0",
            "wait_for_instances": "false",
            "wait_for_instances_status": "STABLE",
            "zone": "us-west1-b"
          },
          "sensitive_attributes": []
        }
      ]
    },
    {
      "mode": "managed",
      "type": "google_compute_instance_group_manager",
      "name": "tfer--gke-data-infra-apps-apps-v2-24a4cc95-grp",
      "provider": "provider[\"registry.terraform.io/hashicorp/google\"]",
      "instances": [
        {
          "schema_version": 0,
          "attributes_flat": {
            "auto_healing_policies.#": "0",
            "base_instance_name": "gke-data-infra-apps-apps-v2-24a4cc95",
            "description": "",
            "fingerprint": "nhXEqysdm7Y=",
            "id": "gke-data-infra-apps-apps-v2-24a4cc95-grp",
            "instance_group": "https://www.googleapis.com/compute/v1/projects/cal-itp-data-infra/zones/us-west1-c/instanceGroups/gke-data-infra-apps-apps-v2-24a4cc95-grp",
            "list_managed_instances_results": "PAGELESS",
            "name": "gke-data-infra-apps-apps-v2-24a4cc95-grp",
            "named_port.#": "0",
            "project": "cal-itp-data-infra",
            "self_link": "https://www.googleapis.com/compute/v1/projects/cal-itp-data-infra/zones/us-west1-c/instanceGroupManagers/gke-data-infra-apps-apps-v2-24a4cc95-grp",
            "stateful_disk.#": "0",
            "status.#": "1",
            "status.0.is_stable": "true",
            "status.0.stateful.#": "1",
            "status.0.stateful.0.has_stateful_config": "false",
            "status.0.stateful.0.per_instance_configs.#": "1",
            "status.0.stateful.0.per_instance_configs.0.all_effective": "true",
            "status.0.version_target.#": "1",
            "status.0.version_target.0.is_reached": "true",
            "target_pools.#": "0",
            "target_size": "2",
            "update_policy.#": "1",
            "update_policy.0.max_surge_fixed": "1",
            "update_policy.0.max_surge_percent": "0",
            "update_policy.0.max_unavailable_fixed": "1",
            "update_policy.0.max_unavailable_percent": "0",
            "update_policy.0.minimal_action": "REPLACE",
            "update_policy.0.most_disruptive_allowed_action": "",
            "update_policy.0.replacement_method": "SUBSTITUTE",
            "update_policy.0.type": "OPPORTUNISTIC",
            "version.#": "1",
            "version.0.instance_template": "https://www.googleapis.com/compute/v1/projects/cal-itp-data-infra/regions/us-west1/instanceTemplates/gke-data-infra-apps-apps-v2-b3e3e463",
            "version.0.name": "",
            "version.0.target_size.#": "0",
            "wait_for_instances": "false",
            "wait_for_instances_status": "STABLE",
            "zone": "us-west1-c"
          },
          "sensitive_attributes": []
        }
      ]
    },
    {
      "mode": "managed",
      "type": "google_compute_instance_group_manager",
      "name": "tfer--gke-data-infra-apps-apps-v2-2729c0c0-grp",
      "provider": "provider[\"registry.terraform.io/hashicorp/google\"]",
      "instances": [
        {
          "schema_version": 0,
          "attributes_flat": {
            "auto_healing_policies.#": "0",
            "base_instance_name": "gke-data-infra-apps-apps-v2-2729c0c0",
            "description": "",
            "fingerprint": "zlJa8XjMMxc=",
            "id": "gke-data-infra-apps-apps-v2-2729c0c0-grp",
            "instance_group": "https://www.googleapis.com/compute/v1/projects/cal-itp-data-infra/zones/us-west1-a/instanceGroups/gke-data-infra-apps-apps-v2-2729c0c0-grp",
            "list_managed_instances_results": "PAGELESS",
            "name": "gke-data-infra-apps-apps-v2-2729c0c0-grp",
            "named_port.#": "0",
            "project": "cal-itp-data-infra",
            "self_link": "https://www.googleapis.com/compute/v1/projects/cal-itp-data-infra/zones/us-west1-a/instanceGroupManagers/gke-data-infra-apps-apps-v2-2729c0c0-grp",
            "stateful_disk.#": "0",
            "status.#": "1",
            "status.0.is_stable": "true",
            "status.0.stateful.#": "1",
            "status.0.stateful.0.has_stateful_config": "false",
            "status.0.stateful.0.per_instance_configs.#": "1",
            "status.0.stateful.0.per_instance_configs.0.all_effective": "true",
            "status.0.version_target.#": "1",
            "status.0.version_target.0.is_reached": "true",
            "target_pools.#": "0",
            "target_size": "1",
            "update_policy.#": "1",
            "update_policy.0.max_surge_fixed": "1",
            "update_policy.0.max_surge_percent": "0",
            "update_policy.0.max_unavailable_fixed": "1",
            "update_policy.0.max_unavailable_percent": "0",
            "update_policy.0.minimal_action": "REPLACE",
            "update_policy.0.most_disruptive_allowed_action": "",
            "update_policy.0.replacement_method": "SUBSTITUTE",
            "update_policy.0.type": "OPPORTUNISTIC",
            "version.#": "1",
            "version.0.instance_template": "https://www.googleapis.com/compute/v1/projects/cal-itp-data-infra/regions/us-west1/instanceTemplates/gke-data-infra-apps-apps-v2-c92d48f3",
            "version.0.name": "",
            "version.0.target_size.#": "0",
            "wait_for_instances": "false",
            "wait_for_instances_status": "STABLE",
            "zone": "us-west1-a"
          },
          "sensitive_attributes": []
        }
      ]
    },
    {
      "mode": "managed",
      "type": "google_compute_instance_group_manager",
      "name": "tfer--gke-data-infra-apps-gtfsrt-v4-2a13e092-grp",
      "provider": "provider[\"registry.terraform.io/hashicorp/google\"]",
      "instances": [
        {
          "schema_version": 0,
          "attributes_flat": {
            "auto_healing_policies.#": "0",
            "base_instance_name": "gke-data-infra-apps-gtfsrt-v4-2a13e092",
            "description": "",
            "fingerprint": "me99Sag3-Hg=",
            "id": "gke-data-infra-apps-gtfsrt-v4-2a13e092-grp",
            "instance_group": "https://www.googleapis.com/compute/v1/projects/cal-itp-data-infra/zones/us-west1-a/instanceGroups/gke-data-infra-apps-gtfsrt-v4-2a13e092-grp",
            "list_managed_instances_results": "PAGELESS",
            "name": "gke-data-infra-apps-gtfsrt-v4-2a13e092-grp",
            "named_port.#": "0",
            "project": "cal-itp-data-infra",
            "self_link": "https://www.googleapis.com/compute/v1/projects/cal-itp-data-infra/zones/us-west1-a/instanceGroupManagers/gke-data-infra-apps-gtfsrt-v4-2a13e092-grp",
            "stateful_disk.#": "0",
            "status.#": "1",
            "status.0.is_stable": "true",
            "status.0.stateful.#": "1",
            "status.0.stateful.0.has_stateful_config": "false",
            "status.0.stateful.0.per_instance_configs.#": "1",
            "status.0.stateful.0.per_instance_configs.0.all_effective": "true",
            "status.0.version_target.#": "1",
            "status.0.version_target.0.is_reached": "true",
            "target_pools.#": "0",
            "target_size": "2",
            "update_policy.#": "1",
            "update_policy.0.max_surge_fixed": "1",
            "update_policy.0.max_surge_percent": "0",
            "update_policy.0.max_unavailable_fixed": "1",
            "update_policy.0.max_unavailable_percent": "0",
            "update_policy.0.minimal_action": "REPLACE",
            "update_policy.0.most_disruptive_allowed_action": "",
            "update_policy.0.replacement_method": "SUBSTITUTE",
            "update_policy.0.type": "OPPORTUNISTIC",
            "version.#": "1",
            "version.0.instance_template": "https://www.googleapis.com/compute/v1/projects/cal-itp-data-infra/regions/us-west1/instanceTemplates/gke-data-infra-apps-gtfsrt-v4-070f7b18",
            "version.0.name": "",
            "version.0.target_size.#": "0",
            "wait_for_instances": "false",
            "wait_for_instances_status": "STABLE",
            "zone": "us-west1-a"
          },
          "sensitive_attributes": []
        }
      ]
    },
    {
      "mode": "managed",
      "type": "google_compute_instance_group_manager",
      "name": "tfer--gke-data-infra-apps-gtfsrt-v4-7577d4d7-grp",
      "provider": "provider[\"registry.terraform.io/hashicorp/google\"]",
      "instances": [
        {
          "schema_version": 0,
          "attributes_flat": {
            "auto_healing_policies.#": "0",
            "base_instance_name": "gke-data-infra-apps-gtfsrt-v4-7577d4d7",
            "description": "",
            "fingerprint": "-JqEYuAvxIA=",
            "id": "gke-data-infra-apps-gtfsrt-v4-7577d4d7-grp",
            "instance_group": "https://www.googleapis.com/compute/v1/projects/cal-itp-data-infra/zones/us-west1-c/instanceGroups/gke-data-infra-apps-gtfsrt-v4-7577d4d7-grp",
            "list_managed_instances_results": "PAGELESS",
            "name": "gke-data-infra-apps-gtfsrt-v4-7577d4d7-grp",
            "named_port.#": "0",
            "project": "cal-itp-data-infra",
            "self_link": "https://www.googleapis.com/compute/v1/projects/cal-itp-data-infra/zones/us-west1-c/instanceGroupManagers/gke-data-infra-apps-gtfsrt-v4-7577d4d7-grp",
            "stateful_disk.#": "0",
            "status.#": "1",
            "status.0.is_stable": "true",
            "status.0.stateful.#": "1",
            "status.0.stateful.0.has_stateful_config": "false",
            "status.0.stateful.0.per_instance_configs.#": "1",
            "status.0.stateful.0.per_instance_configs.0.all_effective": "true",
            "status.0.version_target.#": "1",
            "status.0.version_target.0.is_reached": "true",
            "target_pools.#": "0",
            "target_size": "1",
            "update_policy.#": "1",
            "update_policy.0.max_surge_fixed": "1",
            "update_policy.0.max_surge_percent": "0",
            "update_policy.0.max_unavailable_fixed": "1",
            "update_policy.0.max_unavailable_percent": "0",
            "update_policy.0.minimal_action": "REPLACE",
            "update_policy.0.most_disruptive_allowed_action": "",
            "update_policy.0.replacement_method": "SUBSTITUTE",
            "update_policy.0.type": "OPPORTUNISTIC",
            "version.#": "1",
            "version.0.instance_template": "https://www.googleapis.com/compute/v1/projects/cal-itp-data-infra/regions/us-west1/instanceTemplates/gke-data-infra-apps-gtfsrt-v4-8c4a685b",
            "version.0.name": "",
            "version.0.target_size.#": "0",
            "wait_for_instances": "false",
            "wait_for_instances_status": "STABLE",
            "zone": "us-west1-c"
          },
          "sensitive_attributes": []
        }
      ]
    },
    {
      "mode": "managed",
      "type": "google_compute_instance_group_manager",
      "name": "tfer--gke-data-infra-apps-gtfsrt-v4-b003cc53-grp",
      "provider": "provider[\"registry.terraform.io/hashicorp/google\"]",
      "instances": [
        {
          "schema_version": 0,
          "attributes_flat": {
            "auto_healing_policies.#": "0",
            "base_instance_name": "gke-data-infra-apps-gtfsrt-v4-b003cc53",
            "description": "",
            "fingerprint": "AhevpACkwHQ=",
            "id": "gke-data-infra-apps-gtfsrt-v4-b003cc53-grp",
            "instance_group": "https://www.googleapis.com/compute/v1/projects/cal-itp-data-infra/zones/us-west1-b/instanceGroups/gke-data-infra-apps-gtfsrt-v4-b003cc53-grp",
            "list_managed_instances_results": "PAGELESS",
            "name": "gke-data-infra-apps-gtfsrt-v4-b003cc53-grp",
            "named_port.#": "0",
            "project": "cal-itp-data-infra",
            "self_link": "https://www.googleapis.com/compute/v1/projects/cal-itp-data-infra/zones/us-west1-b/instanceGroupManagers/gke-data-infra-apps-gtfsrt-v4-b003cc53-grp",
            "stateful_disk.#": "0",
            "status.#": "1",
            "status.0.is_stable": "true",
            "status.0.stateful.#": "1",
            "status.0.stateful.0.has_stateful_config": "false",
            "status.0.stateful.0.per_instance_configs.#": "1",
            "status.0.stateful.0.per_instance_configs.0.all_effective": "true",
            "status.0.version_target.#": "1",
            "status.0.version_target.0.is_reached": "true",
            "target_pools.#": "0",
            "target_size": "1",
            "update_policy.#": "1",
            "update_policy.0.max_surge_fixed": "1",
            "update_policy.0.max_surge_percent": "0",
            "update_policy.0.max_unavailable_fixed": "1",
            "update_policy.0.max_unavailable_percent": "0",
            "update_policy.0.minimal_action": "REPLACE",
            "update_policy.0.most_disruptive_allowed_action": "",
            "update_policy.0.replacement_method": "SUBSTITUTE",
            "update_policy.0.type": "OPPORTUNISTIC",
            "version.#": "1",
            "version.0.instance_template": "https://www.googleapis.com/compute/v1/projects/cal-itp-data-infra/regions/us-west1/instanceTemplates/gke-data-infra-apps-gtfsrt-v4-daedc7bd",
            "version.0.name": "",
            "version.0.target_size.#": "0",
            "wait_for_instances": "false",
            "wait_for_instances_status": "STABLE",
            "zone": "us-west1-b"
          },
          "sensitive_attributes": []
        }
      ]
    },
    {
      "mode": "managed",
      "type": "google_compute_instance_group_manager",
      "name": "tfer--gke-data-infra-apps-jobs-v1-625ec063-grp",
      "provider": "provider[\"registry.terraform.io/hashicorp/google\"]",
      "instances": [
        {
          "schema_version": 0,
          "attributes_flat": {
            "auto_healing_policies.#": "0",
            "base_instance_name": "gke-data-infra-apps-jobs-v1-625ec063",
            "description": "",
            "fingerprint": "y-jDIi4Lc7E=",
            "id": "gke-data-infra-apps-jobs-v1-625ec063-grp",
            "instance_group": "https://www.googleapis.com/compute/v1/projects/cal-itp-data-infra/zones/us-west1-c/instanceGroups/gke-data-infra-apps-jobs-v1-625ec063-grp",
            "list_managed_instances_results": "PAGELESS",
            "name": "gke-data-infra-apps-jobs-v1-625ec063-grp",
            "named_port.#": "0",
            "project": "cal-itp-data-infra",
            "self_link": "https://www.googleapis.com/compute/v1/projects/cal-itp-data-infra/zones/us-west1-c/instanceGroupManagers/gke-data-infra-apps-jobs-v1-625ec063-grp",
            "stateful_disk.#": "0",
            "status.#": "1",
            "status.0.is_stable": "true",
            "status.0.stateful.#": "1",
            "status.0.stateful.0.has_stateful_config": "false",
            "status.0.stateful.0.per_instance_configs.#": "1",
            "status.0.stateful.0.per_instance_configs.0.all_effective": "true",
            "status.0.version_target.#": "1",
            "status.0.version_target.0.is_reached": "true",
            "target_pools.#": "0",
            "target_size": "1",
            "update_policy.#": "1",
            "update_policy.0.max_surge_fixed": "1",
            "update_policy.0.max_surge_percent": "0",
            "update_policy.0.max_unavailable_fixed": "1",
            "update_policy.0.max_unavailable_percent": "0",
            "update_policy.0.minimal_action": "REPLACE",
            "update_policy.0.most_disruptive_allowed_action": "",
            "update_policy.0.replacement_method": "SUBSTITUTE",
            "update_policy.0.type": "OPPORTUNISTIC",
            "version.#": "1",
            "version.0.instance_template": "https://www.googleapis.com/compute/v1/projects/cal-itp-data-infra/regions/us-west1/instanceTemplates/gke-data-infra-apps-jobs-v1-40686f4e",
            "version.0.name": "",
            "version.0.target_size.#": "0",
            "wait_for_instances": "false",
            "wait_for_instances_status": "STABLE",
            "zone": "us-west1-c"
          },
          "sensitive_attributes": []
        }
      ]
    },
    {
      "mode": "managed",
      "type": "google_compute_instance_group_manager",
      "name": "tfer--gke-data-infra-apps-jobs-v1-8eec22fb-grp",
      "provider": "provider[\"registry.terraform.io/hashicorp/google\"]",
      "instances": [
        {
          "schema_version": 0,
          "attributes_flat": {
            "auto_healing_policies.#": "0",
            "base_instance_name": "gke-data-infra-apps-jobs-v1-8eec22fb",
            "description": "",
            "fingerprint": "-gtgLCTnz4U=",
            "id": "gke-data-infra-apps-jobs-v1-8eec22fb-grp",
            "instance_group": "https://www.googleapis.com/compute/v1/projects/cal-itp-data-infra/zones/us-west1-b/instanceGroups/gke-data-infra-apps-jobs-v1-8eec22fb-grp",
            "list_managed_instances_results": "PAGELESS",
            "name": "gke-data-infra-apps-jobs-v1-8eec22fb-grp",
            "named_port.#": "0",
            "project": "cal-itp-data-infra",
            "self_link": "https://www.googleapis.com/compute/v1/projects/cal-itp-data-infra/zones/us-west1-b/instanceGroupManagers/gke-data-infra-apps-jobs-v1-8eec22fb-grp",
            "stateful_disk.#": "0",
            "status.#": "1",
            "status.0.is_stable": "true",
            "status.0.stateful.#": "1",
            "status.0.stateful.0.has_stateful_config": "false",
            "status.0.stateful.0.per_instance_configs.#": "1",
            "status.0.stateful.0.per_instance_configs.0.all_effective": "true",
            "status.0.version_target.#": "1",
            "status.0.version_target.0.is_reached": "true",
            "target_pools.#": "0",
            "target_size": "1",
            "update_policy.#": "1",
            "update_policy.0.max_surge_fixed": "1",
            "update_policy.0.max_surge_percent": "0",
            "update_policy.0.max_unavailable_fixed": "1",
            "update_policy.0.max_unavailable_percent": "0",
            "update_policy.0.minimal_action": "REPLACE",
            "update_policy.0.most_disruptive_allowed_action": "",
            "update_policy.0.replacement_method": "SUBSTITUTE",
            "update_policy.0.type": "OPPORTUNISTIC",
            "version.#": "1",
            "version.0.instance_template": "https://www.googleapis.com/compute/v1/projects/cal-itp-data-infra/regions/us-west1/instanceTemplates/gke-data-infra-apps-jobs-v1-dec41dab",
            "version.0.name": "",
            "version.0.target_size.#": "0",
            "wait_for_instances": "false",
            "wait_for_instances_status": "STABLE",
            "zone": "us-west1-b"
          },
          "sensitive_attributes": []
        }
      ]
    },
    {
      "mode": "managed",
      "type": "google_compute_instance_group_manager",
      "name": "tfer--gke-data-infra-apps-jobs-v1-cd18666b-grp",
      "provider": "provider[\"registry.terraform.io/hashicorp/google\"]",
      "instances": [
        {
          "schema_version": 0,
          "attributes_flat": {
            "auto_healing_policies.#": "0",
            "base_instance_name": "gke-data-infra-apps-jobs-v1-cd18666b",
            "description": "",
            "fingerprint": "jEqFEVUuVwg=",
            "id": "gke-data-infra-apps-jobs-v1-cd18666b-grp",
            "instance_group": "https://www.googleapis.com/compute/v1/projects/cal-itp-data-infra/zones/us-west1-a/instanceGroups/gke-data-infra-apps-jobs-v1-cd18666b-grp",
            "list_managed_instances_results": "PAGELESS",
            "name": "gke-data-infra-apps-jobs-v1-cd18666b-grp",
            "named_port.#": "0",
            "project": "cal-itp-data-infra",
            "self_link": "https://www.googleapis.com/compute/v1/projects/cal-itp-data-infra/zones/us-west1-a/instanceGroupManagers/gke-data-infra-apps-jobs-v1-cd18666b-grp",
            "stateful_disk.#": "0",
            "status.#": "1",
            "status.0.is_stable": "true",
            "status.0.stateful.#": "1",
            "status.0.stateful.0.has_stateful_config": "false",
            "status.0.stateful.0.per_instance_configs.#": "1",
            "status.0.stateful.0.per_instance_configs.0.all_effective": "true",
            "status.0.version_target.#": "1",
            "status.0.version_target.0.is_reached": "true",
            "target_pools.#": "0",
            "target_size": "1",
            "update_policy.#": "1",
            "update_policy.0.max_surge_fixed": "1",
            "update_policy.0.max_surge_percent": "0",
            "update_policy.0.max_unavailable_fixed": "1",
            "update_policy.0.max_unavailable_percent": "0",
            "update_policy.0.minimal_action": "REPLACE",
            "update_policy.0.most_disruptive_allowed_action": "",
            "update_policy.0.replacement_method": "SUBSTITUTE",
            "update_policy.0.type": "OPPORTUNISTIC",
            "version.#": "1",
            "version.0.instance_template": "https://www.googleapis.com/compute/v1/projects/cal-itp-data-infra/regions/us-west1/instanceTemplates/gke-data-infra-apps-jobs-v1-e0eae9ba",
            "version.0.name": "",
            "version.0.target_size.#": "0",
            "wait_for_instances": "false",
            "wait_for_instances_status": "STABLE",
            "zone": "us-west1-a"
          },
          "sensitive_attributes": []
        }
      ]
    }
  ],
  "check_results": null
}
