{
    "version": 3,
    "terraform_version": "0.12.31",
    "serial": 1,
    "lineage": "7141f58d-a509-2dcb-3edb-fd6fd9f948bd",
    "modules": [
        {
            "path": [
                "root"
            ],
            "outputs": {
                "google_project_iam_custom_role_tfer--projects-002F-cal-itp-data-infra-002F-roles-002F-AgencyPaymentsServiceReader_id": {
                    "sensitive": false,
                    "type": "string",
                    "value": "projects/cal-itp-data-infra/roles/AgencyPaymentsServiceReader"
                },
                "google_project_iam_custom_role_tfer--projects-002F-cal-itp-data-infra-002F-roles-002F-DataAnalyst_id": {
                    "sensitive": false,
                    "type": "string",
                    "value": "projects/cal-itp-data-infra/roles/DataAnalyst"
                },
                "google_project_iam_member_tfer--projects-002F-cal-itp-data-infra-002F-roles-002F-AgencyPaymentsServiceReaderserviceAccount-003A-atn-payments-user-0040-cal-itp-data-infra-002E-iam-002E-gserviceaccount-002E-com_id": {
                    "sensitive": false,
                    "type": "string",
                    "value": "projects/cal-itp-data-infra/roles/AgencyPaymentsServiceReaderserviceAccount:atn-payments-user@cal-itp-data-infra.iam.gserviceaccount.com"
                },
                "google_project_iam_member_tfer--projects-002F-cal-itp-data-infra-002F-roles-002F-AgencyPaymentsServiceReaderserviceAccount-003A-ccjpa-payments-user-0040-cal-itp-data-infra-002E-iam-002E-gserviceaccount-002E-com_id": {
                    "sensitive": false,
                    "type": "string",
                    "value": "projects/cal-itp-data-infra/roles/AgencyPaymentsServiceReaderserviceAccount:ccjpa-payments-user@cal-itp-data-infra.iam.gserviceaccount.com"
                },
                "google_project_iam_member_tfer--projects-002F-cal-itp-data-infra-002F-roles-002F-AgencyPaymentsServiceReaderserviceAccount-003A-clean-air-payments-user-0040-cal-itp-data-infra-002E-iam-002E-gserviceaccount-002E-com_id": {
                    "sensitive": false,
                    "type": "string",
                    "value": "projects/cal-itp-data-infra/roles/AgencyPaymentsServiceReaderserviceAccount:clean-air-payments-user@cal-itp-data-infra.iam.gserviceaccount.com"
                },
                "google_project_iam_member_tfer--projects-002F-cal-itp-data-infra-002F-roles-002F-AgencyPaymentsServiceReaderserviceAccount-003A-humboldt-transit-authority-0040-cal-itp-data-infra-002E-iam-002E-gserviceaccount-002E-com_id": {
                    "sensitive": false,
                    "type": "string",
                    "value": "projects/cal-itp-data-infra/roles/AgencyPaymentsServiceReaderserviceAccount:humboldt-transit-authority@cal-itp-data-infra.iam.gserviceaccount.com"
                },
                "google_project_iam_member_tfer--projects-002F-cal-itp-data-infra-002F-roles-002F-AgencyPaymentsServiceReaderserviceAccount-003A-lake-transit-authority-0040-cal-itp-data-infra-002E-iam-002E-gserviceaccount-002E-com_id": {
                    "sensitive": false,
                    "type": "string",
                    "value": "projects/cal-itp-data-infra/roles/AgencyPaymentsServiceReaderserviceAccount:lake-transit-authority@cal-itp-data-infra.iam.gserviceaccount.com"
                },
                "google_project_iam_member_tfer--projects-002F-cal-itp-data-infra-002F-roles-002F-AgencyPaymentsServiceReaderserviceAccount-003A-mendocino-transit-authority-0040-cal-itp-data-infra-002E-iam-002E-gserviceaccount-002E-com_id": {
                    "sensitive": false,
                    "type": "string",
                    "value": "projects/cal-itp-data-infra/roles/AgencyPaymentsServiceReaderserviceAccount:mendocino-transit-authority@cal-itp-data-infra.iam.gserviceaccount.com"
                },
                "google_project_iam_member_tfer--projects-002F-cal-itp-data-infra-002F-roles-002F-AgencyPaymentsServiceReaderserviceAccount-003A-mst-payments-user-0040-cal-itp-data-infra-002E-iam-002E-gserviceaccount-002E-com_id": {
                    "sensitive": false,
                    "type": "string",
                    "value": "projects/cal-itp-data-infra/roles/AgencyPaymentsServiceReaderserviceAccount:mst-payments-user@cal-itp-data-infra.iam.gserviceaccount.com"
                },
                "google_project_iam_member_tfer--projects-002F-cal-itp-data-infra-002F-roles-002F-AgencyPaymentsServiceReaderserviceAccount-003A-redwood-coast-transit-0040-cal-itp-data-infra-002E-iam-002E-gserviceaccount-002E-com_id": {
                    "sensitive": false,
                    "type": "string",
                    "value": "projects/cal-itp-data-infra/roles/AgencyPaymentsServiceReaderserviceAccount:redwood-coast-transit@cal-itp-data-infra.iam.gserviceaccount.com"
                },
                "google_project_iam_member_tfer--projects-002F-cal-itp-data-infra-002F-roles-002F-AgencyPaymentsServiceReaderserviceAccount-003A-sacrt-payments-user-0040-cal-itp-data-infra-002E-iam-002E-gserviceaccount-002E-com_id": {
                    "sensitive": false,
                    "type": "string",
                    "value": "projects/cal-itp-data-infra/roles/AgencyPaymentsServiceReaderserviceAccount:sacrt-payments-user@cal-itp-data-infra.iam.gserviceaccount.com"
                },
                "google_project_iam_member_tfer--projects-002F-cal-itp-data-infra-002F-roles-002F-AgencyPaymentsServiceReaderserviceAccount-003A-sbmtd-payments-user-0040-cal-itp-data-infra-002E-iam-002E-gserviceaccount-002E-com_id": {
                    "sensitive": false,
                    "type": "string",
                    "value": "projects/cal-itp-data-infra/roles/AgencyPaymentsServiceReaderserviceAccount:sbmtd-payments-user@cal-itp-data-infra.iam.gserviceaccount.com"
                },
                "google_project_iam_member_tfer--projects-002F-cal-itp-data-infra-002F-roles-002F-DataAnalystuser-003A-cathy-0040-calitp-002E-org_id": {
                    "sensitive": false,
                    "type": "string",
                    "value": "projects/cal-itp-data-infra/roles/DataAnalystuser:cathy@calitp.org"
                },
                "google_project_iam_member_tfer--projects-002F-cal-itp-data-infra-002F-roles-002F-DataAnalystuser-003A-doc-0040-ministryofvelocity-002E-com_id": {
                    "sensitive": false,
                    "type": "string",
                    "value": "projects/cal-itp-data-infra/roles/DataAnalystuser:doc@ministryofvelocity.com"
                },
                "google_project_iam_member_tfer--projects-002F-cal-itp-data-infra-002F-roles-002F-DataAnalystuser-003A-erika-0040-ministryofvelocity-002E-com_id": {
                    "sensitive": false,
                    "type": "string",
                    "value": "projects/cal-itp-data-infra/roles/DataAnalystuser:erika@ministryofvelocity.com"
                },
                "google_project_iam_member_tfer--projects-002F-cal-itp-data-infra-002F-roles-002F-DataAnalystuser-003A-farhad-002E-salemi-0040-calitp-002E-org_id": {
                    "sensitive": false,
                    "type": "string",
                    "value": "projects/cal-itp-data-infra/roles/DataAnalystuser:farhad.salemi@calitp.org"
                },
                "google_project_iam_member_tfer--projects-002F-cal-itp-data-infra-002F-roles-002F-DataAnalystuser-003A-henry-0040-calitp-002E-org_id": {
                    "sensitive": false,
                    "type": "string",
                    "value": "projects/cal-itp-data-infra/roles/DataAnalystuser:henry@calitp.org"
                },
                "google_project_iam_member_tfer--projects-002F-cal-itp-data-infra-002F-roles-002F-DataAnalystuser-003A-noah-002E-sanchez-0040-calitp-002E-org_id": {
                    "sensitive": false,
                    "type": "string",
                    "value": "projects/cal-itp-data-infra/roles/DataAnalystuser:noah.sanchez@calitp.org"
                },
                "google_project_iam_member_tfer--projects-002F-cal-itp-data-infra-002F-roles-002F-DataAnalystuser-003A-saiful-0040-calitp-002E-org_id": {
                    "sensitive": false,
                    "type": "string",
                    "value": "projects/cal-itp-data-infra/roles/DataAnalystuser:saiful@calitp.org"
                },
                "google_project_iam_member_tfer--projects-002F-cal-itp-data-infra-002F-roles-002F-DataAnalystuser-003A-shweta-0040-calitp-002E-org_id": {
                    "sensitive": false,
                    "type": "string",
                    "value": "projects/cal-itp-data-infra/roles/DataAnalystuser:shweta@calitp.org"
                },
                "google_project_iam_member_tfer--roles-002F-appengine-002E-serviceAgentserviceAccount-003A-service-1005246706141-0040-gcp-gae-service-002E-iam-002E-gserviceaccount-002E-com_id": {
                    "sensitive": false,
                    "type": "string",
                    "value": "roles/appengine.serviceAgentserviceAccount:service-1005246706141@gcp-gae-service.iam.gserviceaccount.com"
                },
                "google_project_iam_member_tfer--roles-002F-appengineflex-002E-serviceAgentserviceAccount-003A-service-1005246706141-0040-gae-api-prod-002E-google-002E-com-002E-iam-002E-gserviceaccount-002E-com_id": {
                    "sensitive": false,
                    "type": "string",
                    "value": "roles/appengineflex.serviceAgentserviceAccount:service-1005246706141@gae-api-prod.google.com.iam.gserviceaccount.com"
                },
                "google_project_iam_member_tfer--roles-002F-artifactregistry-002E-serviceAgentserviceAccount-003A-service-1005246706141-0040-gcp-sa-artifactregistry-002E-iam-002E-gserviceaccount-002E-com_id": {
                    "sensitive": false,
                    "type": "string",
                    "value": "roles/artifactregistry.serviceAgentserviceAccount:service-1005246706141@gcp-sa-artifactregistry.iam.gserviceaccount.com"
                },
                "google_project_iam_member_tfer--roles-002F-bigquery-002E-adminserviceAccount-003A-bq-transform-svcacct-0040-cal-itp-data-infra-002E-iam-002E-gserviceaccount-002E-com_id": {
                    "sensitive": false,
                    "type": "string",
                    "value": "roles/bigquery.adminserviceAccount:bq-transform-svcacct@cal-itp-data-infra.iam.gserviceaccount.com"
                },
                "google_project_iam_member_tfer--roles-002F-bigquery-002E-adminuser-003A-jeremyscottowades-0040-gmail-002E-com_id": {
                    "sensitive": false,
                    "type": "string",
                    "value": "roles/bigquery.adminuser:jeremyscottowades@gmail.com"
                },
                "google_project_iam_member_tfer--roles-002F-bigquery-002E-dataEditorserviceAccount-003A-bq-transform-svcacct-0040-cal-itp-data-infra-002E-iam-002E-gserviceaccount-002E-com_id": {
                    "sensitive": false,
                    "type": "string",
                    "value": "roles/bigquery.dataEditorserviceAccount:bq-transform-svcacct@cal-itp-data-infra.iam.gserviceaccount.com"
                },
                "google_project_iam_member_tfer--roles-002F-bigquery-002E-dataEditorserviceAccount-003A-composer2-service-account-0040-cal-itp-data-infra-002E-iam-002E-gserviceaccount-002E-com_id": {
                    "sensitive": false,
                    "type": "string",
                    "value": "roles/bigquery.dataEditorserviceAccount:composer2-service-account@cal-itp-data-infra.iam.gserviceaccount.com"
                },
                "google_project_iam_member_tfer--roles-002F-bigquery-002E-dataEditoruser-003A-natalie-0040-calitp-002E-org_id": {
                    "sensitive": false,
                    "type": "string",
                    "value": "roles/bigquery.dataEditoruser:natalie@calitp.org"
                },
                "google_project_iam_member_tfer--roles-002F-bigquery-002E-dataOwneruser-003A-charlie-002E-c-0040-jarv-002E-us_id": {
                    "sensitive": false,
                    "type": "string",
                    "value": "roles/bigquery.dataOwneruser:charlie.c@jarv.us"
                },
                "google_project_iam_member_tfer--roles-002F-bigquery-002E-dataOwneruser-003A-christian-0040-calitp-002E-org_id": {
                    "sensitive": false,
                    "type": "string",
                    "value": "roles/bigquery.dataOwneruser:christian@calitp.org"
                },
                "google_project_iam_member_tfer--roles-002F-bigquery-002E-dataOwneruser-003A-doc-0040-ministryofvelocity-002E-com_id": {
                    "sensitive": false,
                    "type": "string",
                    "value": "roles/bigquery.dataOwneruser:doc@ministryofvelocity.com"
                },
                "google_project_iam_member_tfer--roles-002F-bigquery-002E-dataOwneruser-003A-erika-0040-ministryofvelocity-002E-com_id": {
                    "sensitive": false,
                    "type": "string",
                    "value": "roles/bigquery.dataOwneruser:erika@ministryofvelocity.com"
                },
                "google_project_iam_member_tfer--roles-002F-bigquery-002E-dataOwneruser-003A-vivek-0040-calitp-002E-org_id": {
                    "sensitive": false,
                    "type": "string",
                    "value": "roles/bigquery.dataOwneruser:vivek@calitp.org"
                },
                "google_project_iam_member_tfer--roles-002F-bigquery-002E-dataViewerserviceAccount-003A-473674835135-compute-0040-developer-002E-gserviceaccount-002E-com_id": {
                    "sensitive": false,
                    "type": "string",
                    "value": "roles/bigquery.dataViewerserviceAccount:473674835135-compute@developer.gserviceaccount.com"
                },
                "google_project_iam_member_tfer--roles-002F-bigquery-002E-dataViewerserviceAccount-003A-calitp-py-ci-0040-cal-itp-data-infra-002E-iam-002E-gserviceaccount-002E-com_id": {
                    "sensitive": false,
                    "type": "string",
                    "value": "roles/bigquery.dataViewerserviceAccount:calitp-py-ci@cal-itp-data-infra.iam.gserviceaccount.com"
                },
                "google_project_iam_member_tfer--roles-002F-bigquery-002E-dataViewerserviceAccount-003A-gh-actions-mobi-mart-0040-cal-itp-data-infra-002E-iam-002E-gserviceaccount-002E-com_id": {
                    "sensitive": false,
                    "type": "string",
                    "value": "roles/bigquery.dataViewerserviceAccount:gh-actions-mobi-mart@cal-itp-data-infra.iam.gserviceaccount.com"
                },
                "google_project_iam_member_tfer--roles-002F-bigquery-002E-dataViewerserviceAccount-003A-github-actions-services-accoun-0040-cal-itp-data-infra-002E-iam-002E-gserviceaccount-002E-com_id": {
                    "sensitive": false,
                    "type": "string",
                    "value": "roles/bigquery.dataViewerserviceAccount:github-actions-services-accoun@cal-itp-data-infra.iam.gserviceaccount.com"
                },
                "google_project_iam_member_tfer--roles-002F-bigquery-002E-dataViewerserviceAccount-003A-jupyterlab-0040-cal-itp-data-infra-002E-iam-002E-gserviceaccount-002E-com_id": {
                    "sensitive": false,
                    "type": "string",
                    "value": "roles/bigquery.dataViewerserviceAccount:jupyterlab@cal-itp-data-infra.iam.gserviceaccount.com"
                },
                "google_project_iam_member_tfer--roles-002F-bigquery-002E-dataViewerserviceAccount-003A-metabase-0040-cal-itp-data-infra-002E-iam-002E-gserviceaccount-002E-com_id": {
                    "sensitive": false,
                    "type": "string",
                    "value": "roles/bigquery.dataViewerserviceAccount:metabase@cal-itp-data-infra.iam.gserviceaccount.com"
                },
                "google_project_iam_member_tfer--roles-002F-bigquery-002E-dataViewerserviceAccount-003A-metabase-payments-team-0040-cal-itp-data-infra-002E-iam-002E-gserviceaccount-002E-com_id": {
                    "sensitive": false,
                    "type": "string",
                    "value": "roles/bigquery.dataViewerserviceAccount:metabase-payments-team@cal-itp-data-infra.iam.gserviceaccount.com"
                },
                "google_project_iam_member_tfer--roles-002F-bigquery-002E-dataVieweruser-003A-mst_data_viewer-0040-calitp-002E-org_id": {
                    "sensitive": false,
                    "type": "string",
                    "value": "roles/bigquery.dataVieweruser:mst_data_viewer@calitp.org"
                },
                "google_project_iam_member_tfer--roles-002F-bigquery-002E-jobUserserviceAccount-003A-473674835135-compute-0040-developer-002E-gserviceaccount-002E-com_id": {
                    "sensitive": false,
                    "type": "string",
                    "value": "roles/bigquery.jobUserserviceAccount:473674835135-compute@developer.gserviceaccount.com"
                },
                "google_project_iam_member_tfer--roles-002F-bigquery-002E-jobUserserviceAccount-003A-calitp-py-ci-0040-cal-itp-data-infra-002E-iam-002E-gserviceaccount-002E-com_id": {
                    "sensitive": false,
                    "type": "string",
                    "value": "roles/bigquery.jobUserserviceAccount:calitp-py-ci@cal-itp-data-infra.iam.gserviceaccount.com"
                },
                "google_project_iam_member_tfer--roles-002F-bigquery-002E-jobUserserviceAccount-003A-composer2-service-account-0040-cal-itp-data-infra-002E-iam-002E-gserviceaccount-002E-com_id": {
                    "sensitive": false,
                    "type": "string",
                    "value": "roles/bigquery.jobUserserviceAccount:composer2-service-account@cal-itp-data-infra.iam.gserviceaccount.com"
                },
                "google_project_iam_member_tfer--roles-002F-bigquery-002E-jobUserserviceAccount-003A-gh-actions-mobi-mart-0040-cal-itp-data-infra-002E-iam-002E-gserviceaccount-002E-com_id": {
                    "sensitive": false,
                    "type": "string",
                    "value": "roles/bigquery.jobUserserviceAccount:gh-actions-mobi-mart@cal-itp-data-infra.iam.gserviceaccount.com"
                },
                "google_project_iam_member_tfer--roles-002F-bigquery-002E-jobUserserviceAccount-003A-github-actions-services-accoun-0040-cal-itp-data-infra-002E-iam-002E-gserviceaccount-002E-com_id": {
                    "sensitive": false,
                    "type": "string",
                    "value": "roles/bigquery.jobUserserviceAccount:github-actions-services-accoun@cal-itp-data-infra.iam.gserviceaccount.com"
                },
                "google_project_iam_member_tfer--roles-002F-bigquery-002E-jobUserserviceAccount-003A-jupyterlab-0040-cal-itp-data-infra-002E-iam-002E-gserviceaccount-002E-com_id": {
                    "sensitive": false,
                    "type": "string",
                    "value": "roles/bigquery.jobUserserviceAccount:jupyterlab@cal-itp-data-infra.iam.gserviceaccount.com"
                },
                "google_project_iam_member_tfer--roles-002F-bigquery-002E-jobUserserviceAccount-003A-metabase-0040-cal-itp-data-infra-002E-iam-002E-gserviceaccount-002E-com_id": {
                    "sensitive": false,
                    "type": "string",
                    "value": "roles/bigquery.jobUserserviceAccount:metabase@cal-itp-data-infra.iam.gserviceaccount.com"
                },
                "google_project_iam_member_tfer--roles-002F-bigquery-002E-jobUserserviceAccount-003A-metabase-payments-team-0040-cal-itp-data-infra-002E-iam-002E-gserviceaccount-002E-com_id": {
                    "sensitive": false,
                    "type": "string",
                    "value": "roles/bigquery.jobUserserviceAccount:metabase-payments-team@cal-itp-data-infra.iam.gserviceaccount.com"
                },
                "google_project_iam_member_tfer--roles-002F-bigquery-002E-jobUseruser-003A-christian-0040-calitp-002E-org_id": {
                    "sensitive": false,
                    "type": "string",
                    "value": "roles/bigquery.jobUseruser:christian@calitp.org"
                },
                "google_project_iam_member_tfer--roles-002F-bigquery-002E-jobUseruser-003A-erika-0040-ministryofvelocity-002E-com_id": {
                    "sensitive": false,
                    "type": "string",
                    "value": "roles/bigquery.jobUseruser:erika@ministryofvelocity.com"
                },
                "google_project_iam_member_tfer--roles-002F-bigquery-002E-jobUseruser-003A-mst_data_viewer-0040-calitp-002E-org_id": {
                    "sensitive": false,
                    "type": "string",
                    "value": "roles/bigquery.jobUseruser:mst_data_viewer@calitp.org"
                },
                "google_project_iam_member_tfer--roles-002F-bigquery-002E-metadataViewerserviceAccount-003A-jupyterlab-0040-cal-itp-data-infra-002E-iam-002E-gserviceaccount-002E-com_id": {
                    "sensitive": false,
                    "type": "string",
                    "value": "roles/bigquery.metadataViewerserviceAccount:jupyterlab@cal-itp-data-infra.iam.gserviceaccount.com"
                },
                "google_project_iam_member_tfer--roles-002F-bigquery-002E-metadataViewerserviceAccount-003A-metabase-0040-cal-itp-data-infra-002E-iam-002E-gserviceaccount-002E-com_id": {
                    "sensitive": false,
                    "type": "string",
                    "value": "roles/bigquery.metadataViewerserviceAccount:metabase@cal-itp-data-infra.iam.gserviceaccount.com"
                },
                "google_project_iam_member_tfer--roles-002F-bigquery-002E-metadataViewerserviceAccount-003A-metabase-payments-team-0040-cal-itp-data-infra-002E-iam-002E-gserviceaccount-002E-com_id": {
                    "sensitive": false,
                    "type": "string",
                    "value": "roles/bigquery.metadataViewerserviceAccount:metabase-payments-team@cal-itp-data-infra.iam.gserviceaccount.com"
                },
                "google_project_iam_member_tfer--roles-002F-bigquery-002E-metadataVieweruser-003A-mst_data_viewer-0040-calitp-002E-org_id": {
                    "sensitive": false,
                    "type": "string",
                    "value": "roles/bigquery.metadataVieweruser:mst_data_viewer@calitp.org"
                },
                "google_project_iam_member_tfer--roles-002F-bigquery-002E-readSessionUserserviceAccount-003A-github-actions-services-accoun-0040-cal-itp-data-infra-002E-iam-002E-gserviceaccount-002E-com_id": {
                    "sensitive": false,
                    "type": "string",
                    "value": "roles/bigquery.readSessionUserserviceAccount:github-actions-services-accoun@cal-itp-data-infra.iam.gserviceaccount.com"
                },
                "google_project_iam_member_tfer--roles-002F-bigquery-002E-readSessionUserserviceAccount-003A-jupyterlab-0040-cal-itp-data-infra-002E-iam-002E-gserviceaccount-002E-com_id": {
                    "sensitive": false,
                    "type": "string",
                    "value": "roles/bigquery.readSessionUserserviceAccount:jupyterlab@cal-itp-data-infra.iam.gserviceaccount.com"
                },
                "google_project_iam_member_tfer--roles-002F-bigquery-002E-userserviceAccount-003A-473674835135-compute-0040-developer-002E-gserviceaccount-002E-com_id": {
                    "sensitive": false,
                    "type": "string",
                    "value": "roles/bigquery.userserviceAccount:473674835135-compute@developer.gserviceaccount.com"
                },
                "google_project_iam_member_tfer--roles-002F-bigquery-002E-userserviceAccount-003A-bq-transform-svcacct-0040-cal-itp-data-infra-002E-iam-002E-gserviceaccount-002E-com_id": {
                    "sensitive": false,
                    "type": "string",
                    "value": "roles/bigquery.userserviceAccount:bq-transform-svcacct@cal-itp-data-infra.iam.gserviceaccount.com"
                },
                "google_project_iam_member_tfer--roles-002F-bigquery-002E-userserviceAccount-003A-calitp-py-ci-0040-cal-itp-data-infra-002E-iam-002E-gserviceaccount-002E-com_id": {
                    "sensitive": false,
                    "type": "string",
                    "value": "roles/bigquery.userserviceAccount:calitp-py-ci@cal-itp-data-infra.iam.gserviceaccount.com"
                },
                "google_project_iam_member_tfer--roles-002F-bigquery-002E-useruser-003A-amanda-0040-calitp-002E-org_id": {
                    "sensitive": false,
                    "type": "string",
                    "value": "roles/bigquery.useruser:amanda@calitp.org"
                },
                "google_project_iam_member_tfer--roles-002F-bigquery-002E-useruser-003A-christian-0040-calitp-002E-org_id": {
                    "sensitive": false,
                    "type": "string",
                    "value": "roles/bigquery.useruser:christian@calitp.org"
                },
                "google_project_iam_member_tfer--roles-002F-bigquery-002E-useruser-003A-doc-0040-ministryofvelocity-002E-com_id": {
                    "sensitive": false,
                    "type": "string",
                    "value": "roles/bigquery.useruser:doc@ministryofvelocity.com"
                },
                "google_project_iam_member_tfer--roles-002F-bigquery-002E-useruser-003A-easall-0040-gmail-002E-com_id": {
                    "sensitive": false,
                    "type": "string",
                    "value": "roles/bigquery.useruser:easall@gmail.com"
                },
                "google_project_iam_member_tfer--roles-002F-bigquery-002E-useruser-003A-erika-0040-ministryofvelocity-002E-com_id": {
                    "sensitive": false,
                    "type": "string",
                    "value": "roles/bigquery.useruser:erika@ministryofvelocity.com"
                },
                "google_project_iam_member_tfer--roles-002F-bigquery-002E-useruser-003A-farhad-002E-salemi-0040-calitp-002E-org_id": {
                    "sensitive": false,
                    "type": "string",
                    "value": "roles/bigquery.useruser:farhad.salemi@calitp.org"
                },
                "google_project_iam_member_tfer--roles-002F-bigquery-002E-useruser-003A-machiko-0040-compiler-002E-la_id": {
                    "sensitive": false,
                    "type": "string",
                    "value": "roles/bigquery.useruser:machiko@compiler.la"
                },
                "google_project_iam_member_tfer--roles-002F-bigquery-002E-useruser-003A-shweta-0040-calitp-002E-org_id": {
                    "sensitive": false,
                    "type": "string",
                    "value": "roles/bigquery.useruser:shweta@calitp.org"
                },
                "google_project_iam_member_tfer--roles-002F-bigquery-002E-useruser-003A-vivek-0040-calitp-002E-org_id": {
                    "sensitive": false,
                    "type": "string",
                    "value": "roles/bigquery.useruser:vivek@calitp.org"
                },
                "google_project_iam_member_tfer--roles-002F-bigquery-002E-useruser-003A-vlad-0040-compiler-002E-la_id": {
                    "sensitive": false,
                    "type": "string",
                    "value": "roles/bigquery.useruser:vlad@compiler.la"
                },
                "google_project_iam_member_tfer--roles-002F-bigquerydatatransfer-002E-serviceAgentserviceAccount-003A-service-1005246706141-0040-gcp-sa-bigquerydatatransfer-002E-iam-002E-gserviceaccount-002E-com_id": {
                    "sensitive": false,
                    "type": "string",
                    "value": "roles/bigquerydatatransfer.serviceAgentserviceAccount:service-1005246706141@gcp-sa-bigquerydatatransfer.iam.gserviceaccount.com"
                },
                "google_project_iam_member_tfer--roles-002F-billing-002E-projectManageruser-003A-vyki-0040-compiler-002E-la_id": {
                    "sensitive": false,
                    "type": "string",
                    "value": "roles/billing.projectManageruser:vyki@compiler.la"
                },
                "google_project_iam_member_tfer--roles-002F-cloudasset-002E-serviceAgentserviceAccount-003A-service-1005246706141-0040-gcp-sa-cloudasset-002E-iam-002E-gserviceaccount-002E-com_id": {
                    "sensitive": false,
                    "type": "string",
                    "value": "roles/cloudasset.serviceAgentserviceAccount:service-1005246706141@gcp-sa-cloudasset.iam.gserviceaccount.com"
                },
                "google_project_iam_member_tfer--roles-002F-cloudbuild-002E-builds-002E-builderserviceAccount-003A-1005246706141-0040-cloudbuild-002E-gserviceaccount-002E-com_id": {
                    "sensitive": false,
                    "type": "string",
                    "value": "roles/cloudbuild.builds.builderserviceAccount:1005246706141@cloudbuild.gserviceaccount.com"
                },
                "google_project_iam_member_tfer--roles-002F-cloudbuild-002E-builds-002E-viewerserviceAccount-003A-composer2-service-account-0040-cal-itp-data-infra-002E-iam-002E-gserviceaccount-002E-com_id": {
                    "sensitive": false,
                    "type": "string",
                    "value": "roles/cloudbuild.builds.viewerserviceAccount:composer2-service-account@cal-itp-data-infra.iam.gserviceaccount.com"
                },
                "google_project_iam_member_tfer--roles-002F-cloudbuild-002E-serviceAgentserviceAccount-003A-service-1005246706141-0040-gcp-sa-cloudbuild-002E-iam-002E-gserviceaccount-002E-com_id": {
                    "sensitive": false,
                    "type": "string",
                    "value": "roles/cloudbuild.serviceAgentserviceAccount:service-1005246706141@gcp-sa-cloudbuild.iam.gserviceaccount.com"
                },
                "google_project_iam_member_tfer--roles-002F-cloudfunctions-002E-serviceAgentserviceAccount-003A-service-1005246706141-0040-gcf-admin-robot-002E-iam-002E-gserviceaccount-002E-com_id": {
                    "sensitive": false,
                    "type": "string",
                    "value": "roles/cloudfunctions.serviceAgentserviceAccount:service-1005246706141@gcf-admin-robot.iam.gserviceaccount.com"
                },
                "google_project_iam_member_tfer--roles-002F-cloudscheduler-002E-serviceAgentserviceAccount-003A-service-1005246706141-0040-gcp-sa-cloudscheduler-002E-iam-002E-gserviceaccount-002E-com_id": {
                    "sensitive": false,
                    "type": "string",
                    "value": "roles/cloudscheduler.serviceAgentserviceAccount:service-1005246706141@gcp-sa-cloudscheduler.iam.gserviceaccount.com"
                },
                "google_project_iam_member_tfer--roles-002F-composer-002E-ServiceAgentV2ExtserviceAccount-003A-composer2-service-account-0040-cal-itp-data-infra-002E-iam-002E-gserviceaccount-002E-com_id": {
                    "sensitive": false,
                    "type": "string",
                    "value": "roles/composer.ServiceAgentV2ExtserviceAccount:composer2-service-account@cal-itp-data-infra.iam.gserviceaccount.com"
                },
                "google_project_iam_member_tfer--roles-002F-composer-002E-ServiceAgentV2ExtserviceAccount-003A-service-1005246706141-0040-cloudcomposer-accounts-002E-iam-002E-gserviceaccount-002E-com_id": {
                    "sensitive": false,
                    "type": "string",
                    "value": "roles/composer.ServiceAgentV2ExtserviceAccount:service-1005246706141@cloudcomposer-accounts.iam.gserviceaccount.com"
                },
                "google_project_iam_member_tfer--roles-002F-composer-002E-adminserviceAccount-003A-github-actions-services-accoun-0040-cal-itp-data-infra-002E-iam-002E-gserviceaccount-002E-com_id": {
                    "sensitive": false,
                    "type": "string",
                    "value": "roles/composer.adminserviceAccount:github-actions-services-accoun@cal-itp-data-infra.iam.gserviceaccount.com"
                },
                "google_project_iam_member_tfer--roles-002F-composer-002E-adminuser-003A-charlie-002E-c-0040-jarv-002E-us_id": {
                    "sensitive": false,
                    "type": "string",
                    "value": "roles/composer.adminuser:charlie.c@jarv.us"
                },
                "google_project_iam_member_tfer--roles-002F-composer-002E-serviceAgentserviceAccount-003A-composer2-service-account-0040-cal-itp-data-infra-002E-iam-002E-gserviceaccount-002E-com_id": {
                    "sensitive": false,
                    "type": "string",
                    "value": "roles/composer.serviceAgentserviceAccount:composer2-service-account@cal-itp-data-infra.iam.gserviceaccount.com"
                },
                "google_project_iam_member_tfer--roles-002F-composer-002E-serviceAgentserviceAccount-003A-service-1005246706141-0040-cloudcomposer-accounts-002E-iam-002E-gserviceaccount-002E-com_id": {
                    "sensitive": false,
                    "type": "string",
                    "value": "roles/composer.serviceAgentserviceAccount:service-1005246706141@cloudcomposer-accounts.iam.gserviceaccount.com"
                },
                "google_project_iam_member_tfer--roles-002F-composer-002E-workerserviceAccount-003A-composer2-service-account-0040-cal-itp-data-infra-002E-iam-002E-gserviceaccount-002E-com_id": {
                    "sensitive": false,
                    "type": "string",
                    "value": "roles/composer.workerserviceAccount:composer2-service-account@cal-itp-data-infra.iam.gserviceaccount.com"
                },
                "google_project_iam_member_tfer--roles-002F-compute-002E-serviceAgentserviceAccount-003A-service-1005246706141-0040-compute-system-002E-iam-002E-gserviceaccount-002E-com_id": {
                    "sensitive": false,
                    "type": "string",
                    "value": "roles/compute.serviceAgentserviceAccount:service-1005246706141@compute-system.iam.gserviceaccount.com"
                },
                "google_project_iam_member_tfer--roles-002F-container-002E-adminserviceAccount-003A-github-actions-services-accoun-0040-cal-itp-data-infra-002E-iam-002E-gserviceaccount-002E-com_id": {
                    "sensitive": false,
                    "type": "string",
                    "value": "roles/container.adminserviceAccount:github-actions-services-accoun@cal-itp-data-infra.iam.gserviceaccount.com"
                },
                "google_project_iam_member_tfer--roles-002F-container-002E-adminuser-003A-doc-0040-ministryofvelocity-002E-com_id": {
                    "sensitive": false,
                    "type": "string",
                    "value": "roles/container.adminuser:doc@ministryofvelocity.com"
                },
                "google_project_iam_member_tfer--roles-002F-container-002E-developeruser-003A-charlie-002E-c-0040-jarv-002E-us_id": {
                    "sensitive": false,
                    "type": "string",
                    "value": "roles/container.developeruser:charlie.c@jarv.us"
                },
                "google_project_iam_member_tfer--roles-002F-container-002E-developeruser-003A-vivek-0040-calitp-002E-org_id": {
                    "sensitive": false,
                    "type": "string",
                    "value": "roles/container.developeruser:vivek@calitp.org"
                },
                "google_project_iam_member_tfer--roles-002F-container-002E-nodeServiceAgentserviceAccount-003A-service-1005246706141-0040-gcp-sa-gkenode-002E-iam-002E-gserviceaccount-002E-com_id": {
                    "sensitive": false,
                    "type": "string",
                    "value": "roles/container.nodeServiceAgentserviceAccount:service-1005246706141@gcp-sa-gkenode.iam.gserviceaccount.com"
                },
                "google_project_iam_member_tfer--roles-002F-container-002E-serviceAgentserviceAccount-003A-service-1005246706141-0040-container-engine-robot-002E-iam-002E-gserviceaccount-002E-com_id": {
                    "sensitive": false,
                    "type": "string",
                    "value": "roles/container.serviceAgentserviceAccount:service-1005246706141@container-engine-robot.iam.gserviceaccount.com"
                },
                "google_project_iam_member_tfer--roles-002F-containerregistry-002E-ServiceAgentserviceAccount-003A-service-1005246706141-0040-containerregistry-002E-iam-002E-gserviceaccount-002E-com_id": {
                    "sensitive": false,
                    "type": "string",
                    "value": "roles/containerregistry.ServiceAgentserviceAccount:service-1005246706141@containerregistry.iam.gserviceaccount.com"
                },
                "google_project_iam_member_tfer--roles-002F-dataproc-002E-editorserviceAccount-003A-bq-transform-svcacct-0040-cal-itp-data-infra-002E-iam-002E-gserviceaccount-002E-com_id": {
                    "sensitive": false,
                    "type": "string",
                    "value": "roles/dataproc.editorserviceAccount:bq-transform-svcacct@cal-itp-data-infra.iam.gserviceaccount.com"
                },
                "google_project_iam_member_tfer--roles-002F-dataproc-002E-serviceAgentserviceAccount-003A-service-1005246706141-0040-dataproc-accounts-002E-iam-002E-gserviceaccount-002E-com_id": {
                    "sensitive": false,
                    "type": "string",
                    "value": "roles/dataproc.serviceAgentserviceAccount:service-1005246706141@dataproc-accounts.iam.gserviceaccount.com"
                },
                "google_project_iam_member_tfer--roles-002F-dataproc-002E-workerserviceAccount-003A-bq-transform-svcacct-0040-cal-itp-data-infra-002E-iam-002E-gserviceaccount-002E-com_id": {
                    "sensitive": false,
                    "type": "string",
                    "value": "roles/dataproc.workerserviceAccount:bq-transform-svcacct@cal-itp-data-infra.iam.gserviceaccount.com"
                },
                "google_project_iam_member_tfer--roles-002F-editorserviceAccount-003A-1005246706141-0040-cloudservices-002E-gserviceaccount-002E-com_id": {
                    "sensitive": false,
                    "type": "string",
                    "value": "roles/editorserviceAccount:1005246706141@cloudservices.gserviceaccount.com"
                },
                "google_project_iam_member_tfer--roles-002F-editorserviceAccount-003A-1005246706141-compute-0040-developer-002E-gserviceaccount-002E-com_id": {
                    "sensitive": false,
                    "type": "string",
                    "value": "roles/editorserviceAccount:1005246706141-compute@developer.gserviceaccount.com"
                },
                "google_project_iam_member_tfer--roles-002F-editorserviceAccount-003A-cal-itp-data-infra-0040-appspot-002E-gserviceaccount-002E-com_id": {
                    "sensitive": false,
                    "type": "string",
                    "value": "roles/editorserviceAccount:cal-itp-data-infra@appspot.gserviceaccount.com"
                },
                "google_project_iam_member_tfer--roles-002F-editoruser-003A-christian-0040-calitp-002E-org_id": {
                    "sensitive": false,
                    "type": "string",
                    "value": "roles/editoruser:christian@calitp.org"
                },
                "google_project_iam_member_tfer--roles-002F-editoruser-003A-doc-0040-ministryofvelocity-002E-com_id": {
                    "sensitive": false,
                    "type": "string",
                    "value": "roles/editoruser:doc@ministryofvelocity.com"
                },
                "google_project_iam_member_tfer--roles-002F-editoruser-003A-vivek-0040-calitp-002E-org_id": {
                    "sensitive": false,
                    "type": "string",
                    "value": "roles/editoruser:vivek@calitp.org"
                },
                "google_project_iam_member_tfer--roles-002F-firebaserules-002E-systemserviceAccount-003A-service-1005246706141-0040-firebase-rules-002E-iam-002E-gserviceaccount-002E-com_id": {
                    "sensitive": false,
                    "type": "string",
                    "value": "roles/firebaserules.systemserviceAccount:service-1005246706141@firebase-rules.iam.gserviceaccount.com"
                },
                "google_project_iam_member_tfer--roles-002F-firestore-002E-serviceAgentserviceAccount-003A-service-1005246706141-0040-gcp-sa-firestore-002E-iam-002E-gserviceaccount-002E-com_id": {
                    "sensitive": false,
                    "type": "string",
                    "value": "roles/firestore.serviceAgentserviceAccount:service-1005246706141@gcp-sa-firestore.iam.gserviceaccount.com"
                },
                "google_project_iam_member_tfer--roles-002F-iam-002E-serviceAccountAdminuser-003A-charlie-002E-c-0040-jarv-002E-us_id": {
                    "sensitive": false,
                    "type": "string",
                    "value": "roles/iam.serviceAccountAdminuser:charlie.c@jarv.us"
                },
                "google_project_iam_member_tfer--roles-002F-iam-002E-serviceAccountKeyAdminuser-003A-charlie-002E-c-0040-jarv-002E-us_id": {
                    "sensitive": false,
                    "type": "string",
                    "value": "roles/iam.serviceAccountKeyAdminuser:charlie.c@jarv.us"
                },
                "google_project_iam_member_tfer--roles-002F-iam-002E-serviceAccountUserserviceAccount-003A-bq-transform-svcacct-0040-cal-itp-data-infra-002E-iam-002E-gserviceaccount-002E-com_id": {
                    "sensitive": false,
                    "type": "string",
                    "value": "roles/iam.serviceAccountUserserviceAccount:bq-transform-svcacct@cal-itp-data-infra.iam.gserviceaccount.com"
                },
                "google_project_iam_member_tfer--roles-002F-ownerserviceAccount-003A-cc-jarvus-airflow-0040-cal-itp-data-infra-002E-iam-002E-gserviceaccount-002E-com_id": {
                    "sensitive": false,
                    "type": "string",
                    "value": "roles/ownerserviceAccount:cc-jarvus-airflow@cal-itp-data-infra.iam.gserviceaccount.com"
                },
                "google_project_iam_member_tfer--roles-002F-owneruser-003A-chris-0040-jarv-002E-us_id": {
                    "sensitive": false,
                    "type": "string",
                    "value": "roles/owneruser:chris@jarv.us"
                },
                "google_project_iam_member_tfer--roles-002F-owneruser-003A-eric-0040-calitp-002E-org_id": {
                    "sensitive": false,
                    "type": "string",
                    "value": "roles/owneruser:eric@calitp.org"
                },
                "google_project_iam_member_tfer--roles-002F-owneruser-003A-evan-0040-calitp-002E-org_id": {
                    "sensitive": false,
                    "type": "string",
                    "value": "roles/owneruser:evan@calitp.org"
                },
                "google_project_iam_member_tfer--roles-002F-owneruser-003A-hunter-0040-calitp-002E-org_id": {
                    "sensitive": false,
                    "type": "string",
                    "value": "roles/owneruser:hunter@calitp.org"
                },
                "google_project_iam_member_tfer--roles-002F-owneruser-003A-katrina-0040-calitp-002E-org_id": {
                    "sensitive": false,
                    "type": "string",
                    "value": "roles/owneruser:katrina@calitp.org"
                },
                "google_project_iam_member_tfer--roles-002F-owneruser-003A-kegan-0040-compiler-002E-la_id": {
                    "sensitive": false,
                    "type": "string",
                    "value": "roles/owneruser:kegan@compiler.la"
                },
                "google_project_iam_member_tfer--roles-002F-owneruser-003A-mjumbe-002E-p-0040-jarv-002E-us_id": {
                    "sensitive": false,
                    "type": "string",
                    "value": "roles/owneruser:mjumbe.p@jarv.us"
                },
                "google_project_iam_member_tfer--roles-002F-owneruser-003A-tiffany-0040-calitp-002E-org_id": {
                    "sensitive": false,
                    "type": "string",
                    "value": "roles/owneruser:tiffany@calitp.org"
                },
                "google_project_iam_member_tfer--roles-002F-resourcemanager-002E-projectIamAdminuser-003A-charlie-002E-c-0040-jarv-002E-us_id": {
                    "sensitive": false,
                    "type": "string",
                    "value": "roles/resourcemanager.projectIamAdminuser:charlie.c@jarv.us"
                },
                "google_project_iam_member_tfer--roles-002F-run-002E-serviceAgentserviceAccount-003A-service-1005246706141-0040-serverless-robot-prod-002E-iam-002E-gserviceaccount-002E-com_id": {
                    "sensitive": false,
                    "type": "string",
                    "value": "roles/run.serviceAgentserviceAccount:service-1005246706141@serverless-robot-prod.iam.gserviceaccount.com"
                },
                "google_project_iam_member_tfer--roles-002F-secretmanager-002E-adminuser-003A-doc-0040-ministryofvelocity-002E-com_id": {
                    "sensitive": false,
                    "type": "string",
                    "value": "roles/secretmanager.adminuser:doc@ministryofvelocity.com"
                },
                "google_project_iam_member_tfer--roles-002F-secretmanager-002E-adminuser-003A-farhad-002E-salemi-0040-calitp-002E-org_id": {
                    "sensitive": false,
                    "type": "string",
                    "value": "roles/secretmanager.adminuser:farhad.salemi@calitp.org"
                },
                "google_project_iam_member_tfer--roles-002F-secretmanager-002E-adminuser-003A-vivek-0040-calitp-002E-org_id": {
                    "sensitive": false,
                    "type": "string",
                    "value": "roles/secretmanager.adminuser:vivek@calitp.org"
                },
                "google_project_iam_member_tfer--roles-002F-secretmanager-002E-secretAccessorserviceAccount-003A-1005246706141-compute-0040-developer-002E-gserviceaccount-002E-com_id": {
                    "sensitive": false,
                    "type": "string",
                    "value": "roles/secretmanager.secretAccessorserviceAccount:1005246706141-compute@developer.gserviceaccount.com"
                },
                "google_project_iam_member_tfer--roles-002F-secretmanager-002E-secretAccessorserviceAccount-003A-composer2-service-account-0040-cal-itp-data-infra-002E-iam-002E-gserviceaccount-002E-com_id": {
                    "sensitive": false,
                    "type": "string",
                    "value": "roles/secretmanager.secretAccessorserviceAccount:composer2-service-account@cal-itp-data-infra.iam.gserviceaccount.com"
                },
                "google_project_iam_member_tfer--roles-002F-secretmanager-002E-secretAccessorserviceAccount-003A-dev-gtfs-rt-archiver-v3-0040-cal-itp-data-infra-002E-iam-002E-gserviceaccount-002E-com_id": {
                    "sensitive": false,
                    "type": "string",
                    "value": "roles/secretmanager.secretAccessorserviceAccount:dev-gtfs-rt-archiver-v3@cal-itp-data-infra.iam.gserviceaccount.com"
                },
                "google_project_iam_member_tfer--roles-002F-secretmanager-002E-secretAccessorserviceAccount-003A-github-actions-services-accoun-0040-cal-itp-data-infra-002E-iam-002E-gserviceaccount-002E-com_id": {
                    "sensitive": false,
                    "type": "string",
                    "value": "roles/secretmanager.secretAccessorserviceAccount:github-actions-services-accoun@cal-itp-data-infra.iam.gserviceaccount.com"
                },
                "google_project_iam_member_tfer--roles-002F-secretmanager-002E-secretAccessorserviceAccount-003A-gtfs-rt-archiver-v3-0040-cal-itp-data-infra-002E-iam-002E-gserviceaccount-002E-com_id": {
                    "sensitive": false,
                    "type": "string",
                    "value": "roles/secretmanager.secretAccessorserviceAccount:gtfs-rt-archiver-v3@cal-itp-data-infra.iam.gserviceaccount.com"
                },
                "google_project_iam_member_tfer--roles-002F-secretmanager-002E-secretAccessoruser-003A-charlie-002E-c-0040-jarv-002E-us_id": {
                    "sensitive": false,
                    "type": "string",
                    "value": "roles/secretmanager.secretAccessoruser:charlie.c@jarv.us"
                },
                "google_project_iam_member_tfer--roles-002F-secretmanager-002E-secretAccessoruser-003A-machiko-0040-compiler-002E-la_id": {
                    "sensitive": false,
                    "type": "string",
                    "value": "roles/secretmanager.secretAccessoruser:machiko@compiler.la"
                },
                "google_project_iam_member_tfer--roles-002F-secretmanager-002E-secretAccessoruser-003A-vlad-0040-compiler-002E-la_id": {
                    "sensitive": false,
                    "type": "string",
                    "value": "roles/secretmanager.secretAccessoruser:vlad@compiler.la"
                },
                "google_project_iam_member_tfer--roles-002F-secretmanager-002E-viewerserviceAccount-003A-1005246706141-compute-0040-developer-002E-gserviceaccount-002E-com_id": {
                    "sensitive": false,
                    "type": "string",
                    "value": "roles/secretmanager.viewerserviceAccount:1005246706141-compute@developer.gserviceaccount.com"
                },
                "google_project_iam_member_tfer--roles-002F-secretmanager-002E-viewerserviceAccount-003A-composer2-service-account-0040-cal-itp-data-infra-002E-iam-002E-gserviceaccount-002E-com_id": {
                    "sensitive": false,
                    "type": "string",
                    "value": "roles/secretmanager.viewerserviceAccount:composer2-service-account@cal-itp-data-infra.iam.gserviceaccount.com"
                },
                "google_project_iam_member_tfer--roles-002F-secretmanager-002E-viewerserviceAccount-003A-dev-gtfs-rt-archiver-v3-0040-cal-itp-data-infra-002E-iam-002E-gserviceaccount-002E-com_id": {
                    "sensitive": false,
                    "type": "string",
                    "value": "roles/secretmanager.viewerserviceAccount:dev-gtfs-rt-archiver-v3@cal-itp-data-infra.iam.gserviceaccount.com"
                },
                "google_project_iam_member_tfer--roles-002F-secretmanager-002E-viewerserviceAccount-003A-gtfs-rt-archiver-v3-0040-cal-itp-data-infra-002E-iam-002E-gserviceaccount-002E-com_id": {
                    "sensitive": false,
                    "type": "string",
                    "value": "roles/secretmanager.viewerserviceAccount:gtfs-rt-archiver-v3@cal-itp-data-infra.iam.gserviceaccount.com"
                },
                "google_project_iam_member_tfer--roles-002F-serviceusage-002E-serviceUsageConsumeruser-003A-amanda-0040-calitp-002E-org_id": {
                    "sensitive": false,
                    "type": "string",
                    "value": "roles/serviceusage.serviceUsageConsumeruser:amanda@calitp.org"
                },
                "google_project_iam_member_tfer--roles-002F-serviceusage-002E-serviceUsageConsumeruser-003A-charlie-002E-c-0040-jarv-002E-us_id": {
                    "sensitive": false,
                    "type": "string",
                    "value": "roles/serviceusage.serviceUsageConsumeruser:charlie.c@jarv.us"
                },
                "google_project_iam_member_tfer--roles-002F-serviceusage-002E-serviceUsageConsumeruser-003A-christian-0040-calitp-002E-org_id": {
                    "sensitive": false,
                    "type": "string",
                    "value": "roles/serviceusage.serviceUsageConsumeruser:christian@calitp.org"
                },
                "google_project_iam_member_tfer--roles-002F-serviceusage-002E-serviceUsageConsumeruser-003A-doc-0040-ministryofvelocity-002E-com_id": {
                    "sensitive": false,
                    "type": "string",
                    "value": "roles/serviceusage.serviceUsageConsumeruser:doc@ministryofvelocity.com"
                },
                "google_project_iam_member_tfer--roles-002F-serviceusage-002E-serviceUsageConsumeruser-003A-erika-0040-ministryofvelocity-002E-com_id": {
                    "sensitive": false,
                    "type": "string",
                    "value": "roles/serviceusage.serviceUsageConsumeruser:erika@ministryofvelocity.com"
                },
                "google_project_iam_member_tfer--roles-002F-serviceusage-002E-serviceUsageConsumeruser-003A-farhad-002E-salemi-0040-calitp-002E-org_id": {
                    "sensitive": false,
                    "type": "string",
                    "value": "roles/serviceusage.serviceUsageConsumeruser:farhad.salemi@calitp.org"
                },
                "google_project_iam_member_tfer--roles-002F-serviceusage-002E-serviceUsageConsumeruser-003A-natalie-0040-calitp-002E-org_id": {
                    "sensitive": false,
                    "type": "string",
                    "value": "roles/serviceusage.serviceUsageConsumeruser:natalie@calitp.org"
                },
                "google_project_iam_member_tfer--roles-002F-serviceusage-002E-serviceUsageConsumeruser-003A-shweta-0040-calitp-002E-org_id": {
                    "sensitive": false,
                    "type": "string",
                    "value": "roles/serviceusage.serviceUsageConsumeruser:shweta@calitp.org"
                },
                "google_project_iam_member_tfer--roles-002F-serviceusage-002E-serviceUsageConsumeruser-003A-vivek-0040-calitp-002E-org_id": {
                    "sensitive": false,
                    "type": "string",
                    "value": "roles/serviceusage.serviceUsageConsumeruser:vivek@calitp.org"
                },
                "google_project_iam_member_tfer--roles-002F-storage-002E-adminserviceAccount-003A-amplitude-export-0040-cal-itp-data-infra-002E-iam-002E-gserviceaccount-002E-com_id": {
                    "sensitive": false,
                    "type": "string",
                    "value": "roles/storage.adminserviceAccount:amplitude-export@cal-itp-data-infra.iam.gserviceaccount.com"
                },
                "google_project_iam_member_tfer--roles-002F-storage-002E-adminserviceAccount-003A-github-actions-services-accoun-0040-cal-itp-data-infra-002E-iam-002E-gserviceaccount-002E-com_id": {
                    "sensitive": false,
                    "type": "string",
                    "value": "roles/storage.adminserviceAccount:github-actions-services-accoun@cal-itp-data-infra.iam.gserviceaccount.com"
                },
                "google_project_iam_member_tfer--roles-002F-storage-002E-adminserviceAccount-003A-service-1005246706141-0040-gcp-sa-storageinsights-002E-iam-002E-gserviceaccount-002E-com_id": {
                    "sensitive": false,
                    "type": "string",
                    "value": "roles/storage.adminserviceAccount:service-1005246706141@gcp-sa-storageinsights.iam.gserviceaccount.com"
                },
                "google_project_iam_member_tfer--roles-002F-storage-002E-adminuser-003A-charlie-002E-c-0040-jarv-002E-us_id": {
                    "sensitive": false,
                    "type": "string",
                    "value": "roles/storage.adminuser:charlie.c@jarv.us"
                },
                "google_project_iam_member_tfer--roles-002F-storage-002E-adminuser-003A-erika-0040-ministryofvelocity-002E-com_id": {
                    "sensitive": false,
                    "type": "string",
                    "value": "roles/storage.adminuser:erika@ministryofvelocity.com"
                },
                "google_project_iam_member_tfer--roles-002F-storage-002E-adminuser-003A-jeremyscottowades-0040-gmail-002E-com_id": {
                    "sensitive": false,
                    "type": "string",
                    "value": "roles/storage.adminuser:jeremyscottowades@gmail.com"
                },
                "google_project_iam_member_tfer--roles-002F-storage-002E-adminuser-003A-natalie-0040-calitp-002E-org_id": {
                    "sensitive": false,
                    "type": "string",
                    "value": "roles/storage.adminuser:natalie@calitp.org"
                },
                "google_project_iam_member_tfer--roles-002F-storage-002E-adminuser-003A-vivek-0040-calitp-002E-org_id": {
                    "sensitive": false,
                    "type": "string",
                    "value": "roles/storage.adminuser:vivek@calitp.org"
                },
                "google_project_iam_member_tfer--roles-002F-storage-002E-objectAdminserviceAccount-003A-amplitude-export-0040-cal-itp-data-infra-002E-iam-002E-gserviceaccount-002E-com_id": {
                    "sensitive": false,
                    "type": "string",
                    "value": "roles/storage.objectAdminserviceAccount:amplitude-export@cal-itp-data-infra.iam.gserviceaccount.com"
                },
                "google_project_iam_member_tfer--roles-002F-storage-002E-objectAdminserviceAccount-003A-bq-transform-svcacct-0040-cal-itp-data-infra-002E-iam-002E-gserviceaccount-002E-com_id": {
                    "sensitive": false,
                    "type": "string",
                    "value": "roles/storage.objectAdminserviceAccount:bq-transform-svcacct@cal-itp-data-infra.iam.gserviceaccount.com"
                },
                "google_project_iam_member_tfer--roles-002F-storage-002E-objectAdminuser-003A-amanda-0040-calitp-002E-org_id": {
                    "sensitive": false,
                    "type": "string",
                    "value": "roles/storage.objectAdminuser:amanda@calitp.org"
                },
                "google_project_iam_member_tfer--roles-002F-storage-002E-objectAdminuser-003A-cathy-0040-calitp-002E-org_id": {
                    "sensitive": false,
                    "type": "string",
                    "value": "roles/storage.objectAdminuser:cathy@calitp.org"
                },
                "google_project_iam_member_tfer--roles-002F-storage-002E-objectAdminuser-003A-christian-0040-calitp-002E-org_id": {
                    "sensitive": false,
                    "type": "string",
                    "value": "roles/storage.objectAdminuser:christian@calitp.org"
                },
                "google_project_iam_member_tfer--roles-002F-storage-002E-objectAdminuser-003A-doc-0040-ministryofvelocity-002E-com_id": {
                    "sensitive": false,
                    "type": "string",
                    "value": "roles/storage.objectAdminuser:doc@ministryofvelocity.com"
                },
                "google_project_iam_member_tfer--roles-002F-storage-002E-objectAdminuser-003A-erika-0040-ministryofvelocity-002E-com_id": {
                    "sensitive": false,
                    "type": "string",
                    "value": "roles/storage.objectAdminuser:erika@ministryofvelocity.com"
                },
                "google_project_iam_member_tfer--roles-002F-storage-002E-objectAdminuser-003A-farhad-002E-salemi-0040-calitp-002E-org_id": {
                    "sensitive": false,
                    "type": "string",
                    "value": "roles/storage.objectAdminuser:farhad.salemi@calitp.org"
                },
                "google_project_iam_member_tfer--roles-002F-storage-002E-objectAdminuser-003A-henry-0040-calitp-002E-org_id": {
                    "sensitive": false,
                    "type": "string",
                    "value": "roles/storage.objectAdminuser:henry@calitp.org"
                },
                "google_project_iam_member_tfer--roles-002F-storage-002E-objectAdminuser-003A-noah-002E-sanchez-0040-calitp-002E-org_id": {
                    "sensitive": false,
                    "type": "string",
                    "value": "roles/storage.objectAdminuser:noah.sanchez@calitp.org"
                },
                "google_project_iam_member_tfer--roles-002F-storage-002E-objectAdminuser-003A-shweta-0040-calitp-002E-org_id": {
                    "sensitive": false,
                    "type": "string",
                    "value": "roles/storage.objectAdminuser:shweta@calitp.org"
                },
                "google_project_iam_member_tfer--roles-002F-storage-002E-objectCreatorserviceAccount-003A-gtfs-rt-archiver-0040-cal-itp-data-infra-002E-iam-002E-gserviceaccount-002E-com_id": {
                    "sensitive": false,
                    "type": "string",
                    "value": "roles/storage.objectCreatorserviceAccount:gtfs-rt-archiver@cal-itp-data-infra.iam.gserviceaccount.com"
                },
                "google_project_iam_member_tfer--roles-002F-storage-002E-objectViewergroup-003A-accounts-0040-conveyal-002E-com_id": {
                    "sensitive": false,
                    "type": "string",
                    "value": "roles/storage.objectViewergroup:accounts@conveyal.com"
                },
                "google_project_iam_member_tfer--roles-002F-storage-002E-objectViewerserviceAccount-003A-473674835135-compute-0040-developer-002E-gserviceaccount-002E-com_id": {
                    "sensitive": false,
                    "type": "string",
                    "value": "roles/storage.objectViewerserviceAccount:473674835135-compute@developer.gserviceaccount.com"
                },
                "google_project_iam_member_tfer--roles-002F-storage-002E-objectViewerserviceAccount-003A-gtfs-rt-archiver-v3-0040-cal-itp-data-infra-002E-iam-002E-gserviceaccount-002E-com_id": {
                    "sensitive": false,
                    "type": "string",
                    "value": "roles/storage.objectViewerserviceAccount:gtfs-rt-archiver-v3@cal-itp-data-infra.iam.gserviceaccount.com"
                },
                "google_project_iam_member_tfer--roles-002F-storage-002E-objectViewerserviceAccount-003A-jupyterlab-0040-cal-itp-data-infra-002E-iam-002E-gserviceaccount-002E-com_id": {
                    "sensitive": false,
                    "type": "string",
                    "value": "roles/storage.objectViewerserviceAccount:jupyterlab@cal-itp-data-infra.iam.gserviceaccount.com"
                },
                "google_project_iam_member_tfer--roles-002F-storage-002E-objectViewerserviceAccount-003A-metabase-0040-cal-itp-data-infra-002E-iam-002E-gserviceaccount-002E-com_id": {
                    "sensitive": false,
                    "type": "string",
                    "value": "roles/storage.objectViewerserviceAccount:metabase@cal-itp-data-infra.iam.gserviceaccount.com"
                },
                "google_project_iam_member_tfer--roles-002F-storage-002E-objectViewerserviceAccount-003A-metabase-payments-team-0040-cal-itp-data-infra-002E-iam-002E-gserviceaccount-002E-com_id": {
                    "sensitive": false,
                    "type": "string",
                    "value": "roles/storage.objectViewerserviceAccount:metabase-payments-team@cal-itp-data-infra.iam.gserviceaccount.com"
                },
                "google_project_iam_member_tfer--roles-002F-storage-002E-objectVieweruser-003A-astewart-0040-conveyal-002E-com_id": {
                    "sensitive": false,
                    "type": "string",
                    "value": "roles/storage.objectVieweruser:astewart@conveyal.com"
                },
                "google_project_iam_member_tfer--roles-002F-storage-002E-objectVieweruser-003A-easall-0040-gmail-002E-com_id": {
                    "sensitive": false,
                    "type": "string",
                    "value": "roles/storage.objectVieweruser:easall@gmail.com"
                },
                "google_project_iam_member_tfer--roles-002F-storage-002E-objectVieweruser-003A-henry-0040-calitp-002E-org_id": {
                    "sensitive": false,
                    "type": "string",
                    "value": "roles/storage.objectVieweruser:henry@calitp.org"
                },
                "google_project_iam_member_tfer--roles-002F-storage-002E-objectVieweruser-003A-kay-002E-neuenhofen-0040-gmail-002E-com_id": {
                    "sensitive": false,
                    "type": "string",
                    "value": "roles/storage.objectVieweruser:kay.neuenhofen@gmail.com"
                },
                "google_project_iam_member_tfer--roles-002F-storage-002E-objectVieweruser-003A-machiko-0040-compiler-002E-la_id": {
                    "sensitive": false,
                    "type": "string",
                    "value": "roles/storage.objectVieweruser:machiko@compiler.la"
                },
                "google_project_iam_member_tfer--roles-002F-storage-002E-objectVieweruser-003A-vlad-0040-compiler-002E-la_id": {
                    "sensitive": false,
                    "type": "string",
                    "value": "roles/storage.objectVieweruser:vlad@compiler.la"
                },
                "google_project_iam_member_tfer--roles-002F-storageinsights-002E-adminuser-003A-charlie-002E-c-0040-jarv-002E-us_id": {
                    "sensitive": false,
                    "type": "string",
                    "value": "roles/storageinsights.adminuser:charlie.c@jarv.us"
                },
                "google_project_iam_member_tfer--roles-002F-storageinsights-002E-serviceAgentserviceAccount-003A-service-1005246706141-0040-gcp-sa-storageinsights-002E-iam-002E-gserviceaccount-002E-com_id": {
                    "sensitive": false,
                    "type": "string",
                    "value": "roles/storageinsights.serviceAgentserviceAccount:service-1005246706141@gcp-sa-storageinsights.iam.gserviceaccount.com"
                },
                "google_project_iam_member_tfer--roles-002F-storagetransfer-002E-adminuser-003A-charlie-002E-c-0040-jarv-002E-us_id": {
                    "sensitive": false,
                    "type": "string",
                    "value": "roles/storagetransfer.adminuser:charlie.c@jarv.us"
                },
                "google_project_iam_member_tfer--roles-002F-viewerserviceAccount-003A-jyoung-cal-itp-0040-cal-itp-data-infra-002E-iam-002E-gserviceaccount-002E-com_id": {
                    "sensitive": false,
                    "type": "string",
                    "value": "roles/viewerserviceAccount:jyoung-cal-itp@cal-itp-data-infra.iam.gserviceaccount.com"
                },
                "google_project_iam_member_tfer--roles-002F-vieweruser-003A-amanda-0040-calitp-002E-org_id": {
                    "sensitive": false,
                    "type": "string",
                    "value": "roles/vieweruser:amanda@calitp.org"
                },
                "google_project_iam_member_tfer--roles-002F-vieweruser-003A-angela-0040-compiler-002E-la_id": {
                    "sensitive": false,
                    "type": "string",
                    "value": "roles/vieweruser:angela@compiler.la"
                },
                "google_project_iam_member_tfer--roles-002F-vieweruser-003A-charlie-002E-c-0040-jarv-002E-us_id": {
                    "sensitive": false,
                    "type": "string",
                    "value": "roles/vieweruser:charlie.c@jarv.us"
                },
                "google_project_iam_member_tfer--roles-002F-vieweruser-003A-christian-0040-calitp-002E-org_id": {
                    "sensitive": false,
                    "type": "string",
                    "value": "roles/vieweruser:christian@calitp.org"
                },
                "google_project_iam_member_tfer--roles-002F-vieweruser-003A-erika-0040-ministryofvelocity-002E-com_id": {
                    "sensitive": false,
                    "type": "string",
                    "value": "roles/vieweruser:erika@ministryofvelocity.com"
                },
                "google_project_iam_member_tfer--roles-002F-vieweruser-003A-farhad-002E-salemi-0040-calitp-002E-org_id": {
                    "sensitive": false,
                    "type": "string",
                    "value": "roles/vieweruser:farhad.salemi@calitp.org"
                },
                "google_project_iam_member_tfer--roles-002F-vieweruser-003A-harold-0040-ministryofvelocity-002E-com_id": {
                    "sensitive": false,
                    "type": "string",
                    "value": "roles/vieweruser:harold@ministryofvelocity.com"
                },
                "google_project_iam_member_tfer--roles-002F-vieweruser-003A-jeff-0040-ministryofvelocity-002E-com_id": {
                    "sensitive": false,
                    "type": "string",
                    "value": "roles/vieweruser:jeff@ministryofvelocity.com"
                },
                "google_project_iam_member_tfer--roles-002F-vieweruser-003A-machiko-0040-compiler-002E-la_id": {
                    "sensitive": false,
                    "type": "string",
                    "value": "roles/vieweruser:machiko@compiler.la"
                },
                "google_project_iam_member_tfer--roles-002F-vieweruser-003A-natalie-0040-calitp-002E-org_id": {
                    "sensitive": false,
                    "type": "string",
                    "value": "roles/vieweruser:natalie@calitp.org"
                },
                "google_project_iam_member_tfer--roles-002F-vieweruser-003A-shweta-0040-calitp-002E-org_id": {
                    "sensitive": false,
                    "type": "string",
                    "value": "roles/vieweruser:shweta@calitp.org"
                },
                "google_project_iam_member_tfer--roles-002F-vieweruser-003A-vivek-0040-calitp-002E-org_id": {
                    "sensitive": false,
                    "type": "string",
                    "value": "roles/vieweruser:vivek@calitp.org"
                },
                "google_project_iam_member_tfer--roles-002F-vieweruser-003A-vlad-0040-compiler-002E-la_id": {
                    "sensitive": false,
                    "type": "string",
                    "value": "roles/vieweruser:vlad@compiler.la"
                },
                "google_service_account_tfer--100119052859631924010_id": {
                    "sensitive": false,
                    "type": "string",
                    "value": "projects/cal-itp-data-infra/serviceAccounts/ccjpa-payments-user@cal-itp-data-infra.iam.gserviceaccount.com"
                },
                "google_service_account_tfer--100409301237368942133_id": {
                    "sensitive": false,
                    "type": "string",
                    "value": "projects/cal-itp-data-infra/serviceAccounts/backup-sentry@cal-itp-data-infra.iam.gserviceaccount.com"
                },
                "google_service_account_tfer--100825686811848658754_id": {
                    "sensitive": false,
                    "type": "string",
                    "value": "projects/cal-itp-data-infra/serviceAccounts/dev-gtfs-rt-archiver-v3@cal-itp-data-infra.iam.gserviceaccount.com"
                },
                "google_service_account_tfer--101531038543713191301_id": {
                    "sensitive": false,
                    "type": "string",
                    "value": "projects/cal-itp-data-infra/serviceAccounts/gtfs-rt-archiver-v3@cal-itp-data-infra.iam.gserviceaccount.com"
                },
                "google_service_account_tfer--102313012674966610402_id": {
                    "sensitive": false,
                    "type": "string",
                    "value": "projects/cal-itp-data-infra/serviceAccounts/metabase-backup@cal-itp-data-infra.iam.gserviceaccount.com"
                },
                "google_service_account_tfer--102898235871657893180_id": {
                    "sensitive": false,
                    "type": "string",
                    "value": "projects/cal-itp-data-infra/serviceAccounts/cal-itp-data-infra@appspot.gserviceaccount.com"
                },
                "google_service_account_tfer--103282778270991614945_id": {
                    "sensitive": false,
                    "type": "string",
                    "value": "projects/cal-itp-data-infra/serviceAccounts/composer2-service-account@cal-itp-data-infra.iam.gserviceaccount.com"
                },
                "google_service_account_tfer--104228008692447712489_id": {
                    "sensitive": false,
                    "type": "string",
                    "value": "projects/cal-itp-data-infra/serviceAccounts/atn-payments-user@cal-itp-data-infra.iam.gserviceaccount.com"
                },
                "google_service_account_tfer--104296524238941538670_id": {
                    "sensitive": false,
                    "type": "string",
                    "value": "projects/cal-itp-data-infra/serviceAccounts/clean-air-payments-user@cal-itp-data-infra.iam.gserviceaccount.com"
                },
                "google_service_account_tfer--104433253766206552796_id": {
                    "sensitive": false,
                    "type": "string",
                    "value": "projects/cal-itp-data-infra/serviceAccounts/github-actions-services-accoun@cal-itp-data-infra.iam.gserviceaccount.com"
                },
                "google_service_account_tfer--105781789064132478524_id": {
                    "sensitive": false,
                    "type": "string",
                    "value": "projects/cal-itp-data-infra/serviceAccounts/cc-jarvus-airflow@cal-itp-data-infra.iam.gserviceaccount.com"
                },
                "google_service_account_tfer--108192824187785555345_id": {
                    "sensitive": false,
                    "type": "string",
                    "value": "projects/cal-itp-data-infra/serviceAccounts/jupyterlab@cal-itp-data-infra.iam.gserviceaccount.com"
                },
                "google_service_account_tfer--108511010517410478567_id": {
                    "sensitive": false,
                    "type": "string",
                    "value": "projects/cal-itp-data-infra/serviceAccounts/backup-preprod@cal-itp-data-infra.iam.gserviceaccount.com"
                },
                "google_service_account_tfer--108990031826874583979_id": {
                    "sensitive": false,
                    "type": "string",
                    "value": "projects/cal-itp-data-infra/serviceAccounts/metabase@cal-itp-data-infra.iam.gserviceaccount.com"
                },
                "google_service_account_tfer--109486432003654134124_id": {
                    "sensitive": false,
                    "type": "string",
                    "value": "projects/cal-itp-data-infra/serviceAccounts/cal-itp-reports-generation@cal-itp-data-infra.iam.gserviceaccount.com"
                },
                "google_service_account_tfer--110811083403587775493_id": {
                    "sensitive": false,
                    "type": "string",
                    "value": "projects/cal-itp-data-infra/serviceAccounts/sbmtd-payments-user@cal-itp-data-infra.iam.gserviceaccount.com"
                },
                "google_service_account_tfer--110962145619706212937_id": {
                    "sensitive": false,
                    "type": "string",
                    "value": "projects/cal-itp-data-infra/serviceAccounts/backup-grafana@cal-itp-data-infra.iam.gserviceaccount.com"
                },
                "google_service_account_tfer--111041565629350650664_id": {
                    "sensitive": false,
                    "type": "string",
                    "value": "projects/cal-itp-data-infra/serviceAccounts/redwood-coast-transit@cal-itp-data-infra.iam.gserviceaccount.com"
                },
                "google_service_account_tfer--111080371999374643299_id": {
                    "sensitive": false,
                    "type": "string",
                    "value": "projects/cal-itp-data-infra/serviceAccounts/gtfs-rt-archiver-test@cal-itp-data-infra.iam.gserviceaccount.com"
                },
                "google_service_account_tfer--111148370496926482871_id": {
                    "sensitive": false,
                    "type": "string",
                    "value": "projects/cal-itp-data-infra/serviceAccounts/jyoung-cal-itp@cal-itp-data-infra.iam.gserviceaccount.com"
                },
                "google_service_account_tfer--111181631017890268696_id": {
                    "sensitive": false,
                    "type": "string",
                    "value": "projects/cal-itp-data-infra/serviceAccounts/test-natalyaa@cal-itp-data-infra.iam.gserviceaccount.com"
                },
                "google_service_account_tfer--111891315267954755979_id": {
                    "sensitive": false,
                    "type": "string",
                    "value": "projects/cal-itp-data-infra/serviceAccounts/lake-transit-authority@cal-itp-data-infra.iam.gserviceaccount.com"
                },
                "google_service_account_tfer--112089510539904302491_id": {
                    "sensitive": false,
                    "type": "string",
                    "value": "projects/cal-itp-data-infra/serviceAccounts/sacrt-payments-user@cal-itp-data-infra.iam.gserviceaccount.com"
                },
                "google_service_account_tfer--113085154642268227475_id": {
                    "sensitive": false,
                    "type": "string",
                    "value": "projects/cal-itp-data-infra/serviceAccounts/mst-payments-user@cal-itp-data-infra.iam.gserviceaccount.com"
                },
                "google_service_account_tfer--113224801129857519602_id": {
                    "sensitive": false,
                    "type": "string",
                    "value": "projects/cal-itp-data-infra/serviceAccounts/mendocino-transit-authority@cal-itp-data-infra.iam.gserviceaccount.com"
                },
                "google_service_account_tfer--113512472366715495471_id": {
                    "sensitive": false,
                    "type": "string",
                    "value": "projects/cal-itp-data-infra/serviceAccounts/backup-metabase@cal-itp-data-infra.iam.gserviceaccount.com"
                },
                "google_service_account_tfer--114731815246487683241_id": {
                    "sensitive": false,
                    "type": "string",
                    "value": "projects/cal-itp-data-infra/serviceAccounts/bq-transform-svcacct@cal-itp-data-infra.iam.gserviceaccount.com"
                },
                "google_service_account_tfer--114755160399419974306_id": {
                    "sensitive": false,
                    "type": "string",
                    "value": "projects/cal-itp-data-infra/serviceAccounts/metabase-payments-team@cal-itp-data-infra.iam.gserviceaccount.com"
                },
                "google_service_account_tfer--115285307593924299795_id": {
                    "sensitive": false,
                    "type": "string",
                    "value": "projects/cal-itp-data-infra/serviceAccounts/backups-test@cal-itp-data-infra.iam.gserviceaccount.com"
                },
                "google_service_account_tfer--115862066379506089980_id": {
                    "sensitive": false,
                    "type": "string",
                    "value": "projects/cal-itp-data-infra/serviceAccounts/calitp-py-ci@cal-itp-data-infra.iam.gserviceaccount.com"
                },
                "google_service_account_tfer--116204646797454087621_id": {
                    "sensitive": false,
                    "type": "string",
                    "value": "projects/cal-itp-data-infra/serviceAccounts/agency-hub-readonly@cal-itp-data-infra.iam.gserviceaccount.com"
                },
                "google_service_account_tfer--117250920371991618056_id": {
                    "sensitive": false,
                    "type": "string",
                    "value": "projects/cal-itp-data-infra/serviceAccounts/humboldt-transit-authority@cal-itp-data-infra.iam.gserviceaccount.com"
                },
                "google_service_account_tfer--117710413824821071161_id": {
                    "sensitive": false,
                    "type": "string",
                    "value": "projects/cal-itp-data-infra/serviceAccounts/amplitude-export@cal-itp-data-infra.iam.gserviceaccount.com"
                },
                "google_service_account_tfer--117956330948086473326_id": {
                    "sensitive": false,
                    "type": "string",
                    "value": "projects/cal-itp-data-infra/serviceAccounts/gtfs-rt-archiver@cal-itp-data-infra.iam.gserviceaccount.com"
                },
                "google_service_account_tfer--118350215382382143206_id": {
                    "sensitive": false,
                    "type": "string",
                    "value": "projects/cal-itp-data-infra/serviceAccounts/gh-actions-mobi-mart@cal-itp-data-infra.iam.gserviceaccount.com"
                }
            },
            "resources": {
                "google_project_iam_custom_role.tfer--projects-002F-cal-itp-data-infra-002F-roles-002F-AgencyPaymentsServiceReader": {
                    "type": "google_project_iam_custom_role",
                    "depends_on": [],
                    "primary": {
                        "id": "projects/cal-itp-data-infra/roles/AgencyPaymentsServiceReader",
                        "attributes": {
                            "deleted": "false",
                            "description": "Created on: 2022-08-29 Based on: BigQuery Data Viewer, BigQuery Job User, BigQuery Metadata Viewer",
                            "id": "projects/cal-itp-data-infra/roles/AgencyPaymentsServiceReader",
                            "name": "projects/cal-itp-data-infra/roles/AgencyPaymentsServiceReader",
                            "permissions.#": "17",
                            "permissions.0": "bigquery.config.get",
                            "permissions.1": "bigquery.datasets.get",
                            "permissions.10": "bigquery.tables.createSnapshot",
                            "permissions.11": "bigquery.tables.export",
                            "permissions.12": "bigquery.tables.get",
                            "permissions.13": "bigquery.tables.getData",
                            "permissions.14": "bigquery.tables.getIamPolicy",
                            "permissions.15": "bigquery.tables.list",
                            "permissions.16": "resourcemanager.projects.get",
                            "permissions.2": "bigquery.datasets.getIamPolicy",
                            "permissions.3": "bigquery.jobs.create",
                            "permissions.4": "bigquery.models.export",
                            "permissions.5": "bigquery.models.getData",
                            "permissions.6": "bigquery.models.getMetadata",
                            "permissions.7": "bigquery.models.list",
                            "permissions.8": "bigquery.routines.get",
                            "permissions.9": "bigquery.routines.list",
                            "project": "cal-itp-data-infra",
                            "role_id": "AgencyPaymentsServiceReader",
                            "stage": "GA",
                            "title": "Agency Payments Service Reader"
                        },
                        "meta": {
                            "schema_version": 0
                        },
                        "tainted": false
                    },
                    "deposed": [],
                    "provider": "provider.google"
                },
                "google_project_iam_custom_role.tfer--projects-002F-cal-itp-data-infra-002F-roles-002F-DataAnalyst": {
                    "type": "google_project_iam_custom_role",
                    "depends_on": [],
                    "primary": {
                        "id": "projects/cal-itp-data-infra/roles/DataAnalyst",
                        "attributes": {
                            "deleted": "false",
                            "description": "Access to view GCS, admin on analysis bucket, and BigQuery user",
                            "id": "projects/cal-itp-data-infra/roles/DataAnalyst",
                            "name": "projects/cal-itp-data-infra/roles/DataAnalyst",
                            "permissions.#": "28",
                            "permissions.0": "bigquery.bireservations.get",
                            "permissions.1": "bigquery.capacityCommitments.get",
                            "permissions.10": "bigquery.readsessions.create",
                            "permissions.11": "bigquery.readsessions.getData",
                            "permissions.12": "bigquery.readsessions.update",
                            "permissions.13": "bigquery.reservationAssignments.list",
                            "permissions.14": "bigquery.reservationAssignments.search",
                            "permissions.15": "bigquery.reservations.get",
                            "permissions.16": "bigquery.reservations.list",
                            "permissions.17": "bigquery.routines.list",
                            "permissions.18": "bigquery.savedqueries.get",
                            "permissions.19": "bigquery.savedqueries.list",
                            "permissions.2": "bigquery.capacityCommitments.list",
                            "permissions.20": "bigquery.tables.get",
                            "permissions.21": "bigquery.tables.getData",
                            "permissions.22": "bigquery.tables.list",
                            "permissions.23": "resourcemanager.projects.get",
                            "permissions.24": "storage.buckets.get",
                            "permissions.25": "storage.buckets.list",
                            "permissions.26": "storage.objects.get",
                            "permissions.27": "storage.objects.list",
                            "permissions.3": "bigquery.config.get",
                            "permissions.4": "bigquery.datasets.create",
                            "permissions.5": "bigquery.datasets.get",
                            "permissions.6": "bigquery.datasets.getIamPolicy",
                            "permissions.7": "bigquery.jobs.create",
                            "permissions.8": "bigquery.jobs.list",
                            "permissions.9": "bigquery.models.list",
                            "project": "cal-itp-data-infra",
                            "role_id": "DataAnalyst",
                            "stage": "",
                            "title": "Data Analyst"
                        },
                        "meta": {
                            "schema_version": 0
                        },
                        "tainted": false
                    },
                    "deposed": [],
                    "provider": "provider.google"
                },
                "google_project_iam_member.tfer--projects-002F-cal-itp-data-infra-002F-roles-002F-AgencyPaymentsServiceReaderserviceAccount-003A-atn-payments-user-0040-cal-itp-data-infra-002E-iam-002E-gserviceaccount-002E-com": {
                    "type": "google_project_iam_member",
                    "depends_on": [],
                    "primary": {
                        "id": "projects/cal-itp-data-infra/roles/AgencyPaymentsServiceReaderserviceAccount:atn-payments-user@cal-itp-data-infra.iam.gserviceaccount.com",
                        "attributes": {
                            "condition.#": "0",
                            "etag": "BwYrOhnQZjw=",
                            "id": "projects/cal-itp-data-infra/roles/AgencyPaymentsServiceReaderserviceAccount:atn-payments-user@cal-itp-data-infra.iam.gserviceaccount.com",
                            "member": "serviceAccount:atn-payments-user@cal-itp-data-infra.iam.gserviceaccount.com",
                            "project": "cal-itp-data-infra",
                            "role": "projects/cal-itp-data-infra/roles/AgencyPaymentsServiceReader"
                        },
                        "meta": {
                            "schema_version": 0
                        },
                        "tainted": false
                    },
                    "deposed": [],
                    "provider": "provider.google"
                },
                "google_project_iam_member.tfer--projects-002F-cal-itp-data-infra-002F-roles-002F-AgencyPaymentsServiceReaderserviceAccount-003A-ccjpa-payments-user-0040-cal-itp-data-infra-002E-iam-002E-gserviceaccount-002E-com": {
                    "type": "google_project_iam_member",
                    "depends_on": [],
                    "primary": {
                        "id": "projects/cal-itp-data-infra/roles/AgencyPaymentsServiceReaderserviceAccount:ccjpa-payments-user@cal-itp-data-infra.iam.gserviceaccount.com",
                        "attributes": {
                            "condition.#": "0",
                            "etag": "BwYrOhnQZjw=",
                            "id": "projects/cal-itp-data-infra/roles/AgencyPaymentsServiceReaderserviceAccount:ccjpa-payments-user@cal-itp-data-infra.iam.gserviceaccount.com",
                            "member": "serviceAccount:ccjpa-payments-user@cal-itp-data-infra.iam.gserviceaccount.com",
                            "project": "cal-itp-data-infra",
                            "role": "projects/cal-itp-data-infra/roles/AgencyPaymentsServiceReader"
                        },
                        "meta": {
                            "schema_version": 0
                        },
                        "tainted": false
                    },
                    "deposed": [],
                    "provider": "provider.google"
                },
                "google_project_iam_member.tfer--projects-002F-cal-itp-data-infra-002F-roles-002F-AgencyPaymentsServiceReaderserviceAccount-003A-clean-air-payments-user-0040-cal-itp-data-infra-002E-iam-002E-gserviceaccount-002E-com": {
                    "type": "google_project_iam_member",
                    "depends_on": [],
                    "primary": {
                        "id": "projects/cal-itp-data-infra/roles/AgencyPaymentsServiceReaderserviceAccount:clean-air-payments-user@cal-itp-data-infra.iam.gserviceaccount.com",
                        "attributes": {
                            "condition.#": "0",
                            "etag": "BwYrOhnQZjw=",
                            "id": "projects/cal-itp-data-infra/roles/AgencyPaymentsServiceReaderserviceAccount:clean-air-payments-user@cal-itp-data-infra.iam.gserviceaccount.com",
                            "member": "serviceAccount:clean-air-payments-user@cal-itp-data-infra.iam.gserviceaccount.com",
                            "project": "cal-itp-data-infra",
                            "role": "projects/cal-itp-data-infra/roles/AgencyPaymentsServiceReader"
                        },
                        "meta": {
                            "schema_version": 0
                        },
                        "tainted": false
                    },
                    "deposed": [],
                    "provider": "provider.google"
                },
                "google_project_iam_member.tfer--projects-002F-cal-itp-data-infra-002F-roles-002F-AgencyPaymentsServiceReaderserviceAccount-003A-humboldt-transit-authority-0040-cal-itp-data-infra-002E-iam-002E-gserviceaccount-002E-com": {
                    "type": "google_project_iam_member",
                    "depends_on": [],
                    "primary": {
                        "id": "projects/cal-itp-data-infra/roles/AgencyPaymentsServiceReaderserviceAccount:humboldt-transit-authority@cal-itp-data-infra.iam.gserviceaccount.com",
                        "attributes": {
                            "condition.#": "0",
                            "etag": "BwYrOhnQZjw=",
                            "id": "projects/cal-itp-data-infra/roles/AgencyPaymentsServiceReaderserviceAccount:humboldt-transit-authority@cal-itp-data-infra.iam.gserviceaccount.com",
                            "member": "serviceAccount:humboldt-transit-authority@cal-itp-data-infra.iam.gserviceaccount.com",
                            "project": "cal-itp-data-infra",
                            "role": "projects/cal-itp-data-infra/roles/AgencyPaymentsServiceReader"
                        },
                        "meta": {
                            "schema_version": 0
                        },
                        "tainted": false
                    },
                    "deposed": [],
                    "provider": "provider.google"
                },
                "google_project_iam_member.tfer--projects-002F-cal-itp-data-infra-002F-roles-002F-AgencyPaymentsServiceReaderserviceAccount-003A-lake-transit-authority-0040-cal-itp-data-infra-002E-iam-002E-gserviceaccount-002E-com": {
                    "type": "google_project_iam_member",
                    "depends_on": [],
                    "primary": {
                        "id": "projects/cal-itp-data-infra/roles/AgencyPaymentsServiceReaderserviceAccount:lake-transit-authority@cal-itp-data-infra.iam.gserviceaccount.com",
                        "attributes": {
                            "condition.#": "0",
                            "etag": "BwYrOhnQZjw=",
                            "id": "projects/cal-itp-data-infra/roles/AgencyPaymentsServiceReaderserviceAccount:lake-transit-authority@cal-itp-data-infra.iam.gserviceaccount.com",
                            "member": "serviceAccount:lake-transit-authority@cal-itp-data-infra.iam.gserviceaccount.com",
                            "project": "cal-itp-data-infra",
                            "role": "projects/cal-itp-data-infra/roles/AgencyPaymentsServiceReader"
                        },
                        "meta": {
                            "schema_version": 0
                        },
                        "tainted": false
                    },
                    "deposed": [],
                    "provider": "provider.google"
                },
                "google_project_iam_member.tfer--projects-002F-cal-itp-data-infra-002F-roles-002F-AgencyPaymentsServiceReaderserviceAccount-003A-mendocino-transit-authority-0040-cal-itp-data-infra-002E-iam-002E-gserviceaccount-002E-com": {
                    "type": "google_project_iam_member",
                    "depends_on": [],
                    "primary": {
                        "id": "projects/cal-itp-data-infra/roles/AgencyPaymentsServiceReaderserviceAccount:mendocino-transit-authority@cal-itp-data-infra.iam.gserviceaccount.com",
                        "attributes": {
                            "condition.#": "0",
                            "etag": "BwYrOhnQZjw=",
                            "id": "projects/cal-itp-data-infra/roles/AgencyPaymentsServiceReaderserviceAccount:mendocino-transit-authority@cal-itp-data-infra.iam.gserviceaccount.com",
                            "member": "serviceAccount:mendocino-transit-authority@cal-itp-data-infra.iam.gserviceaccount.com",
                            "project": "cal-itp-data-infra",
                            "role": "projects/cal-itp-data-infra/roles/AgencyPaymentsServiceReader"
                        },
                        "meta": {
                            "schema_version": 0
                        },
                        "tainted": false
                    },
                    "deposed": [],
                    "provider": "provider.google"
                },
                "google_project_iam_member.tfer--projects-002F-cal-itp-data-infra-002F-roles-002F-AgencyPaymentsServiceReaderserviceAccount-003A-mst-payments-user-0040-cal-itp-data-infra-002E-iam-002E-gserviceaccount-002E-com": {
                    "type": "google_project_iam_member",
                    "depends_on": [],
                    "primary": {
                        "id": "projects/cal-itp-data-infra/roles/AgencyPaymentsServiceReaderserviceAccount:mst-payments-user@cal-itp-data-infra.iam.gserviceaccount.com",
                        "attributes": {
                            "condition.#": "0",
                            "etag": "BwYrOhnQZjw=",
                            "id": "projects/cal-itp-data-infra/roles/AgencyPaymentsServiceReaderserviceAccount:mst-payments-user@cal-itp-data-infra.iam.gserviceaccount.com",
                            "member": "serviceAccount:mst-payments-user@cal-itp-data-infra.iam.gserviceaccount.com",
                            "project": "cal-itp-data-infra",
                            "role": "projects/cal-itp-data-infra/roles/AgencyPaymentsServiceReader"
                        },
                        "meta": {
                            "schema_version": 0
                        },
                        "tainted": false
                    },
                    "deposed": [],
                    "provider": "provider.google"
                },
                "google_project_iam_member.tfer--projects-002F-cal-itp-data-infra-002F-roles-002F-AgencyPaymentsServiceReaderserviceAccount-003A-redwood-coast-transit-0040-cal-itp-data-infra-002E-iam-002E-gserviceaccount-002E-com": {
                    "type": "google_project_iam_member",
                    "depends_on": [],
                    "primary": {
                        "id": "projects/cal-itp-data-infra/roles/AgencyPaymentsServiceReaderserviceAccount:redwood-coast-transit@cal-itp-data-infra.iam.gserviceaccount.com",
                        "attributes": {
                            "condition.#": "0",
                            "etag": "BwYrOhnQZjw=",
                            "id": "projects/cal-itp-data-infra/roles/AgencyPaymentsServiceReaderserviceAccount:redwood-coast-transit@cal-itp-data-infra.iam.gserviceaccount.com",
                            "member": "serviceAccount:redwood-coast-transit@cal-itp-data-infra.iam.gserviceaccount.com",
                            "project": "cal-itp-data-infra",
                            "role": "projects/cal-itp-data-infra/roles/AgencyPaymentsServiceReader"
                        },
                        "meta": {
                            "schema_version": 0
                        },
                        "tainted": false
                    },
                    "deposed": [],
                    "provider": "provider.google"
                },
                "google_project_iam_member.tfer--projects-002F-cal-itp-data-infra-002F-roles-002F-AgencyPaymentsServiceReaderserviceAccount-003A-sacrt-payments-user-0040-cal-itp-data-infra-002E-iam-002E-gserviceaccount-002E-com": {
                    "type": "google_project_iam_member",
                    "depends_on": [],
                    "primary": {
                        "id": "projects/cal-itp-data-infra/roles/AgencyPaymentsServiceReaderserviceAccount:sacrt-payments-user@cal-itp-data-infra.iam.gserviceaccount.com",
                        "attributes": {
                            "condition.#": "0",
                            "etag": "BwYrOhnQZjw=",
                            "id": "projects/cal-itp-data-infra/roles/AgencyPaymentsServiceReaderserviceAccount:sacrt-payments-user@cal-itp-data-infra.iam.gserviceaccount.com",
                            "member": "serviceAccount:sacrt-payments-user@cal-itp-data-infra.iam.gserviceaccount.com",
                            "project": "cal-itp-data-infra",
                            "role": "projects/cal-itp-data-infra/roles/AgencyPaymentsServiceReader"
                        },
                        "meta": {
                            "schema_version": 0
                        },
                        "tainted": false
                    },
                    "deposed": [],
                    "provider": "provider.google"
                },
                "google_project_iam_member.tfer--projects-002F-cal-itp-data-infra-002F-roles-002F-AgencyPaymentsServiceReaderserviceAccount-003A-sbmtd-payments-user-0040-cal-itp-data-infra-002E-iam-002E-gserviceaccount-002E-com": {
                    "type": "google_project_iam_member",
                    "depends_on": [],
                    "primary": {
                        "id": "projects/cal-itp-data-infra/roles/AgencyPaymentsServiceReaderserviceAccount:sbmtd-payments-user@cal-itp-data-infra.iam.gserviceaccount.com",
                        "attributes": {
                            "condition.#": "0",
                            "etag": "BwYrOhnQZjw=",
                            "id": "projects/cal-itp-data-infra/roles/AgencyPaymentsServiceReaderserviceAccount:sbmtd-payments-user@cal-itp-data-infra.iam.gserviceaccount.com",
                            "member": "serviceAccount:sbmtd-payments-user@cal-itp-data-infra.iam.gserviceaccount.com",
                            "project": "cal-itp-data-infra",
                            "role": "projects/cal-itp-data-infra/roles/AgencyPaymentsServiceReader"
                        },
                        "meta": {
                            "schema_version": 0
                        },
                        "tainted": false
                    },
                    "deposed": [],
                    "provider": "provider.google"
                },
                "google_project_iam_member.tfer--projects-002F-cal-itp-data-infra-002F-roles-002F-DataAnalystuser-003A-cathy-0040-calitp-002E-org": {
                    "type": "google_project_iam_member",
                    "depends_on": [],
                    "primary": {
                        "id": "projects/cal-itp-data-infra/roles/DataAnalystuser:cathy@calitp.org",
                        "attributes": {
                            "condition.#": "0",
                            "etag": "BwYrOhnQZjw=",
                            "id": "projects/cal-itp-data-infra/roles/DataAnalystuser:cathy@calitp.org",
                            "member": "user:cathy@calitp.org",
                            "project": "cal-itp-data-infra",
                            "role": "projects/cal-itp-data-infra/roles/DataAnalyst"
                        },
                        "meta": {
                            "schema_version": 0
                        },
                        "tainted": false
                    },
                    "deposed": [],
                    "provider": "provider.google"
                },
                "google_project_iam_member.tfer--projects-002F-cal-itp-data-infra-002F-roles-002F-DataAnalystuser-003A-doc-0040-ministryofvelocity-002E-com": {
                    "type": "google_project_iam_member",
                    "depends_on": [],
                    "primary": {
                        "id": "projects/cal-itp-data-infra/roles/DataAnalystuser:doc@ministryofvelocity.com",
                        "attributes": {
                            "condition.#": "0",
                            "etag": "BwYrOhnQZjw=",
                            "id": "projects/cal-itp-data-infra/roles/DataAnalystuser:doc@ministryofvelocity.com",
                            "member": "user:doc@ministryofvelocity.com",
                            "project": "cal-itp-data-infra",
                            "role": "projects/cal-itp-data-infra/roles/DataAnalyst"
                        },
                        "meta": {
                            "schema_version": 0
                        },
                        "tainted": false
                    },
                    "deposed": [],
                    "provider": "provider.google"
                },
                "google_project_iam_member.tfer--projects-002F-cal-itp-data-infra-002F-roles-002F-DataAnalystuser-003A-erika-0040-ministryofvelocity-002E-com": {
                    "type": "google_project_iam_member",
                    "depends_on": [],
                    "primary": {
                        "id": "projects/cal-itp-data-infra/roles/DataAnalystuser:erika@ministryofvelocity.com",
                        "attributes": {
                            "condition.#": "0",
                            "etag": "BwYrOhnQZjw=",
                            "id": "projects/cal-itp-data-infra/roles/DataAnalystuser:erika@ministryofvelocity.com",
                            "member": "user:erika@ministryofvelocity.com",
                            "project": "cal-itp-data-infra",
                            "role": "projects/cal-itp-data-infra/roles/DataAnalyst"
                        },
                        "meta": {
                            "schema_version": 0
                        },
                        "tainted": false
                    },
                    "deposed": [],
                    "provider": "provider.google"
                },
                "google_project_iam_member.tfer--projects-002F-cal-itp-data-infra-002F-roles-002F-DataAnalystuser-003A-farhad-002E-salemi-0040-calitp-002E-org": {
                    "type": "google_project_iam_member",
                    "depends_on": [],
                    "primary": {
                        "id": "projects/cal-itp-data-infra/roles/DataAnalystuser:farhad.salemi@calitp.org",
                        "attributes": {
                            "condition.#": "0",
                            "etag": "BwYrOhnQZjw=",
                            "id": "projects/cal-itp-data-infra/roles/DataAnalystuser:farhad.salemi@calitp.org",
                            "member": "user:farhad.salemi@calitp.org",
                            "project": "cal-itp-data-infra",
                            "role": "projects/cal-itp-data-infra/roles/DataAnalyst"
                        },
                        "meta": {
                            "schema_version": 0
                        },
                        "tainted": false
                    },
                    "deposed": [],
                    "provider": "provider.google"
                },
                "google_project_iam_member.tfer--projects-002F-cal-itp-data-infra-002F-roles-002F-DataAnalystuser-003A-henry-0040-calitp-002E-org": {
                    "type": "google_project_iam_member",
                    "depends_on": [],
                    "primary": {
                        "id": "projects/cal-itp-data-infra/roles/DataAnalystuser:henry@calitp.org",
                        "attributes": {
                            "condition.#": "0",
                            "etag": "BwYrOhnQZjw=",
                            "id": "projects/cal-itp-data-infra/roles/DataAnalystuser:henry@calitp.org",
                            "member": "user:henry@calitp.org",
                            "project": "cal-itp-data-infra",
                            "role": "projects/cal-itp-data-infra/roles/DataAnalyst"
                        },
                        "meta": {
                            "schema_version": 0
                        },
                        "tainted": false
                    },
                    "deposed": [],
                    "provider": "provider.google"
                },
                "google_project_iam_member.tfer--projects-002F-cal-itp-data-infra-002F-roles-002F-DataAnalystuser-003A-noah-002E-sanchez-0040-calitp-002E-org": {
                    "type": "google_project_iam_member",
                    "depends_on": [],
                    "primary": {
                        "id": "projects/cal-itp-data-infra/roles/DataAnalystuser:noah.sanchez@calitp.org",
                        "attributes": {
                            "condition.#": "0",
                            "etag": "BwYrOhnQZjw=",
                            "id": "projects/cal-itp-data-infra/roles/DataAnalystuser:noah.sanchez@calitp.org",
                            "member": "user:noah.sanchez@calitp.org",
                            "project": "cal-itp-data-infra",
                            "role": "projects/cal-itp-data-infra/roles/DataAnalyst"
                        },
                        "meta": {
                            "schema_version": 0
                        },
                        "tainted": false
                    },
                    "deposed": [],
                    "provider": "provider.google"
                },
                "google_project_iam_member.tfer--projects-002F-cal-itp-data-infra-002F-roles-002F-DataAnalystuser-003A-saiful-0040-calitp-002E-org": {
                    "type": "google_project_iam_member",
                    "depends_on": [],
                    "primary": {
                        "id": "projects/cal-itp-data-infra/roles/DataAnalystuser:saiful@calitp.org",
                        "attributes": {
                            "condition.#": "0",
                            "etag": "BwYrOhnQZjw=",
                            "id": "projects/cal-itp-data-infra/roles/DataAnalystuser:saiful@calitp.org",
                            "member": "user:saiful@calitp.org",
                            "project": "cal-itp-data-infra",
                            "role": "projects/cal-itp-data-infra/roles/DataAnalyst"
                        },
                        "meta": {
                            "schema_version": 0
                        },
                        "tainted": false
                    },
                    "deposed": [],
                    "provider": "provider.google"
                },
                "google_project_iam_member.tfer--projects-002F-cal-itp-data-infra-002F-roles-002F-DataAnalystuser-003A-shweta-0040-calitp-002E-org": {
                    "type": "google_project_iam_member",
                    "depends_on": [],
                    "primary": {
                        "id": "projects/cal-itp-data-infra/roles/DataAnalystuser:shweta@calitp.org",
                        "attributes": {
                            "condition.#": "0",
                            "etag": "BwYrOhnQZjw=",
                            "id": "projects/cal-itp-data-infra/roles/DataAnalystuser:shweta@calitp.org",
                            "member": "user:shweta@calitp.org",
                            "project": "cal-itp-data-infra",
                            "role": "projects/cal-itp-data-infra/roles/DataAnalyst"
                        },
                        "meta": {
                            "schema_version": 0
                        },
                        "tainted": false
                    },
                    "deposed": [],
                    "provider": "provider.google"
                },
                "google_project_iam_member.tfer--roles-002F-appengine-002E-serviceAgentserviceAccount-003A-service-1005246706141-0040-gcp-gae-service-002E-iam-002E-gserviceaccount-002E-com": {
                    "type": "google_project_iam_member",
                    "depends_on": [],
                    "primary": {
                        "id": "roles/appengine.serviceAgentserviceAccount:service-1005246706141@gcp-gae-service.iam.gserviceaccount.com",
                        "attributes": {
                            "condition.#": "0",
                            "etag": "BwYrOhnQZjw=",
                            "id": "roles/appengine.serviceAgentserviceAccount:service-1005246706141@gcp-gae-service.iam.gserviceaccount.com",
                            "member": "serviceAccount:service-1005246706141@gcp-gae-service.iam.gserviceaccount.com",
                            "project": "cal-itp-data-infra",
                            "role": "roles/appengine.serviceAgent"
                        },
                        "meta": {
                            "schema_version": 0
                        },
                        "tainted": false
                    },
                    "deposed": [],
                    "provider": "provider.google"
                },
                "google_project_iam_member.tfer--roles-002F-appengineflex-002E-serviceAgentserviceAccount-003A-service-1005246706141-0040-gae-api-prod-002E-google-002E-com-002E-iam-002E-gserviceaccount-002E-com": {
                    "type": "google_project_iam_member",
                    "depends_on": [],
                    "primary": {
                        "id": "roles/appengineflex.serviceAgentserviceAccount:service-1005246706141@gae-api-prod.google.com.iam.gserviceaccount.com",
                        "attributes": {
                            "condition.#": "0",
                            "etag": "BwYrOhnQZjw=",
                            "id": "roles/appengineflex.serviceAgentserviceAccount:service-1005246706141@gae-api-prod.google.com.iam.gserviceaccount.com",
                            "member": "serviceAccount:service-1005246706141@gae-api-prod.google.com.iam.gserviceaccount.com",
                            "project": "cal-itp-data-infra",
                            "role": "roles/appengineflex.serviceAgent"
                        },
                        "meta": {
                            "schema_version": 0
                        },
                        "tainted": false
                    },
                    "deposed": [],
                    "provider": "provider.google"
                },
                "google_project_iam_member.tfer--roles-002F-artifactregistry-002E-serviceAgentserviceAccount-003A-service-1005246706141-0040-gcp-sa-artifactregistry-002E-iam-002E-gserviceaccount-002E-com": {
                    "type": "google_project_iam_member",
                    "depends_on": [],
                    "primary": {
                        "id": "roles/artifactregistry.serviceAgentserviceAccount:service-1005246706141@gcp-sa-artifactregistry.iam.gserviceaccount.com",
                        "attributes": {
                            "condition.#": "0",
                            "etag": "BwYrOhnQZjw=",
                            "id": "roles/artifactregistry.serviceAgentserviceAccount:service-1005246706141@gcp-sa-artifactregistry.iam.gserviceaccount.com",
                            "member": "serviceAccount:service-1005246706141@gcp-sa-artifactregistry.iam.gserviceaccount.com",
                            "project": "cal-itp-data-infra",
                            "role": "roles/artifactregistry.serviceAgent"
                        },
                        "meta": {
                            "schema_version": 0
                        },
                        "tainted": false
                    },
                    "deposed": [],
                    "provider": "provider.google"
                },
                "google_project_iam_member.tfer--roles-002F-bigquery-002E-adminserviceAccount-003A-bq-transform-svcacct-0040-cal-itp-data-infra-002E-iam-002E-gserviceaccount-002E-com": {
                    "type": "google_project_iam_member",
                    "depends_on": [],
                    "primary": {
                        "id": "roles/bigquery.adminserviceAccount:bq-transform-svcacct@cal-itp-data-infra.iam.gserviceaccount.com",
                        "attributes": {
                            "condition.#": "0",
                            "etag": "BwYrOhnQZjw=",
                            "id": "roles/bigquery.adminserviceAccount:bq-transform-svcacct@cal-itp-data-infra.iam.gserviceaccount.com",
                            "member": "serviceAccount:bq-transform-svcacct@cal-itp-data-infra.iam.gserviceaccount.com",
                            "project": "cal-itp-data-infra",
                            "role": "roles/bigquery.admin"
                        },
                        "meta": {
                            "schema_version": 0
                        },
                        "tainted": false
                    },
                    "deposed": [],
                    "provider": "provider.google"
                },
                "google_project_iam_member.tfer--roles-002F-bigquery-002E-adminuser-003A-jeremyscottowades-0040-gmail-002E-com": {
                    "type": "google_project_iam_member",
                    "depends_on": [],
                    "primary": {
                        "id": "roles/bigquery.adminuser:jeremyscottowades@gmail.com",
                        "attributes": {
                            "condition.#": "0",
                            "etag": "BwYrOhnQZjw=",
                            "id": "roles/bigquery.adminuser:jeremyscottowades@gmail.com",
                            "member": "user:jeremyscottowades@gmail.com",
                            "project": "cal-itp-data-infra",
                            "role": "roles/bigquery.admin"
                        },
                        "meta": {
                            "schema_version": 0
                        },
                        "tainted": false
                    },
                    "deposed": [],
                    "provider": "provider.google"
                },
                "google_project_iam_member.tfer--roles-002F-bigquery-002E-dataEditorserviceAccount-003A-bq-transform-svcacct-0040-cal-itp-data-infra-002E-iam-002E-gserviceaccount-002E-com": {
                    "type": "google_project_iam_member",
                    "depends_on": [],
                    "primary": {
                        "id": "roles/bigquery.dataEditorserviceAccount:bq-transform-svcacct@cal-itp-data-infra.iam.gserviceaccount.com",
                        "attributes": {
                            "condition.#": "0",
                            "etag": "BwYrOhnQZjw=",
                            "id": "roles/bigquery.dataEditorserviceAccount:bq-transform-svcacct@cal-itp-data-infra.iam.gserviceaccount.com",
                            "member": "serviceAccount:bq-transform-svcacct@cal-itp-data-infra.iam.gserviceaccount.com",
                            "project": "cal-itp-data-infra",
                            "role": "roles/bigquery.dataEditor"
                        },
                        "meta": {
                            "schema_version": 0
                        },
                        "tainted": false
                    },
                    "deposed": [],
                    "provider": "provider.google"
                },
                "google_project_iam_member.tfer--roles-002F-bigquery-002E-dataEditorserviceAccount-003A-composer2-service-account-0040-cal-itp-data-infra-002E-iam-002E-gserviceaccount-002E-com": {
                    "type": "google_project_iam_member",
                    "depends_on": [],
                    "primary": {
                        "id": "roles/bigquery.dataEditorserviceAccount:composer2-service-account@cal-itp-data-infra.iam.gserviceaccount.com",
                        "attributes": {
                            "condition.#": "0",
                            "etag": "BwYrOhnQZjw=",
                            "id": "roles/bigquery.dataEditorserviceAccount:composer2-service-account@cal-itp-data-infra.iam.gserviceaccount.com",
                            "member": "serviceAccount:composer2-service-account@cal-itp-data-infra.iam.gserviceaccount.com",
                            "project": "cal-itp-data-infra",
                            "role": "roles/bigquery.dataEditor"
                        },
                        "meta": {
                            "schema_version": 0
                        },
                        "tainted": false
                    },
                    "deposed": [],
                    "provider": "provider.google"
                },
                "google_project_iam_member.tfer--roles-002F-bigquery-002E-dataEditoruser-003A-natalie-0040-calitp-002E-org": {
                    "type": "google_project_iam_member",
                    "depends_on": [],
                    "primary": {
                        "id": "roles/bigquery.dataEditoruser:natalie@calitp.org",
                        "attributes": {
                            "condition.#": "0",
                            "etag": "BwYrOhnQZjw=",
                            "id": "roles/bigquery.dataEditoruser:natalie@calitp.org",
                            "member": "user:natalie@calitp.org",
                            "project": "cal-itp-data-infra",
                            "role": "roles/bigquery.dataEditor"
                        },
                        "meta": {
                            "schema_version": 0
                        },
                        "tainted": false
                    },
                    "deposed": [],
                    "provider": "provider.google"
                },
                "google_project_iam_member.tfer--roles-002F-bigquery-002E-dataOwneruser-003A-charlie-002E-c-0040-jarv-002E-us": {
                    "type": "google_project_iam_member",
                    "depends_on": [],
                    "primary": {
                        "id": "roles/bigquery.dataOwneruser:charlie.c@jarv.us",
                        "attributes": {
                            "condition.#": "0",
                            "etag": "BwYrOhnQZjw=",
                            "id": "roles/bigquery.dataOwneruser:charlie.c@jarv.us",
                            "member": "user:charlie.c@jarv.us",
                            "project": "cal-itp-data-infra",
                            "role": "roles/bigquery.dataOwner"
                        },
                        "meta": {
                            "schema_version": 0
                        },
                        "tainted": false
                    },
                    "deposed": [],
                    "provider": "provider.google"
                },
                "google_project_iam_member.tfer--roles-002F-bigquery-002E-dataOwneruser-003A-christian-0040-calitp-002E-org": {
                    "type": "google_project_iam_member",
                    "depends_on": [],
                    "primary": {
                        "id": "roles/bigquery.dataOwneruser:christian@calitp.org",
                        "attributes": {
                            "condition.#": "0",
                            "etag": "BwYrOhnQZjw=",
                            "id": "roles/bigquery.dataOwneruser:christian@calitp.org",
                            "member": "user:christian@calitp.org",
                            "project": "cal-itp-data-infra",
                            "role": "roles/bigquery.dataOwner"
                        },
                        "meta": {
                            "schema_version": 0
                        },
                        "tainted": false
                    },
                    "deposed": [],
                    "provider": "provider.google"
                },
                "google_project_iam_member.tfer--roles-002F-bigquery-002E-dataOwneruser-003A-doc-0040-ministryofvelocity-002E-com": {
                    "type": "google_project_iam_member",
                    "depends_on": [],
                    "primary": {
                        "id": "roles/bigquery.dataOwneruser:doc@ministryofvelocity.com",
                        "attributes": {
                            "condition.#": "0",
                            "etag": "BwYrOhnQZjw=",
                            "id": "roles/bigquery.dataOwneruser:doc@ministryofvelocity.com",
                            "member": "user:doc@ministryofvelocity.com",
                            "project": "cal-itp-data-infra",
                            "role": "roles/bigquery.dataOwner"
                        },
                        "meta": {
                            "schema_version": 0
                        },
                        "tainted": false
                    },
                    "deposed": [],
                    "provider": "provider.google"
                },
                "google_project_iam_member.tfer--roles-002F-bigquery-002E-dataOwneruser-003A-erika-0040-ministryofvelocity-002E-com": {
                    "type": "google_project_iam_member",
                    "depends_on": [],
                    "primary": {
                        "id": "roles/bigquery.dataOwneruser:erika@ministryofvelocity.com",
                        "attributes": {
                            "condition.#": "0",
                            "etag": "BwYrOhnQZjw=",
                            "id": "roles/bigquery.dataOwneruser:erika@ministryofvelocity.com",
                            "member": "user:erika@ministryofvelocity.com",
                            "project": "cal-itp-data-infra",
                            "role": "roles/bigquery.dataOwner"
                        },
                        "meta": {
                            "schema_version": 0
                        },
                        "tainted": false
                    },
                    "deposed": [],
                    "provider": "provider.google"
                },
                "google_project_iam_member.tfer--roles-002F-bigquery-002E-dataOwneruser-003A-vivek-0040-calitp-002E-org": {
                    "type": "google_project_iam_member",
                    "depends_on": [],
                    "primary": {
                        "id": "roles/bigquery.dataOwneruser:vivek@calitp.org",
                        "attributes": {
                            "condition.#": "0",
                            "etag": "BwYrOhnQZjw=",
                            "id": "roles/bigquery.dataOwneruser:vivek@calitp.org",
                            "member": "user:vivek@calitp.org",
                            "project": "cal-itp-data-infra",
                            "role": "roles/bigquery.dataOwner"
                        },
                        "meta": {
                            "schema_version": 0
                        },
                        "tainted": false
                    },
                    "deposed": [],
                    "provider": "provider.google"
                },
                "google_project_iam_member.tfer--roles-002F-bigquery-002E-dataViewerserviceAccount-003A-473674835135-compute-0040-developer-002E-gserviceaccount-002E-com": {
                    "type": "google_project_iam_member",
                    "depends_on": [],
                    "primary": {
                        "id": "roles/bigquery.dataViewerserviceAccount:473674835135-compute@developer.gserviceaccount.com",
                        "attributes": {
                            "condition.#": "0",
                            "etag": "BwYrOhnQZjw=",
                            "id": "roles/bigquery.dataViewerserviceAccount:473674835135-compute@developer.gserviceaccount.com",
                            "member": "serviceAccount:473674835135-compute@developer.gserviceaccount.com",
                            "project": "cal-itp-data-infra",
                            "role": "roles/bigquery.dataViewer"
                        },
                        "meta": {
                            "schema_version": 0
                        },
                        "tainted": false
                    },
                    "deposed": [],
                    "provider": "provider.google"
                },
                "google_project_iam_member.tfer--roles-002F-bigquery-002E-dataViewerserviceAccount-003A-calitp-py-ci-0040-cal-itp-data-infra-002E-iam-002E-gserviceaccount-002E-com": {
                    "type": "google_project_iam_member",
                    "depends_on": [],
                    "primary": {
                        "id": "roles/bigquery.dataViewerserviceAccount:calitp-py-ci@cal-itp-data-infra.iam.gserviceaccount.com",
                        "attributes": {
                            "condition.#": "0",
                            "etag": "BwYrOhnQZjw=",
                            "id": "roles/bigquery.dataViewerserviceAccount:calitp-py-ci@cal-itp-data-infra.iam.gserviceaccount.com",
                            "member": "serviceAccount:calitp-py-ci@cal-itp-data-infra.iam.gserviceaccount.com",
                            "project": "cal-itp-data-infra",
                            "role": "roles/bigquery.dataViewer"
                        },
                        "meta": {
                            "schema_version": 0
                        },
                        "tainted": false
                    },
                    "deposed": [],
                    "provider": "provider.google"
                },
                "google_project_iam_member.tfer--roles-002F-bigquery-002E-dataViewerserviceAccount-003A-gh-actions-mobi-mart-0040-cal-itp-data-infra-002E-iam-002E-gserviceaccount-002E-com": {
                    "type": "google_project_iam_member",
                    "depends_on": [],
                    "primary": {
                        "id": "roles/bigquery.dataViewerserviceAccount:gh-actions-mobi-mart@cal-itp-data-infra.iam.gserviceaccount.com",
                        "attributes": {
                            "condition.#": "0",
                            "etag": "BwYrOhnQZjw=",
                            "id": "roles/bigquery.dataViewerserviceAccount:gh-actions-mobi-mart@cal-itp-data-infra.iam.gserviceaccount.com",
                            "member": "serviceAccount:gh-actions-mobi-mart@cal-itp-data-infra.iam.gserviceaccount.com",
                            "project": "cal-itp-data-infra",
                            "role": "roles/bigquery.dataViewer"
                        },
                        "meta": {
                            "schema_version": 0
                        },
                        "tainted": false
                    },
                    "deposed": [],
                    "provider": "provider.google"
                },
                "google_project_iam_member.tfer--roles-002F-bigquery-002E-dataViewerserviceAccount-003A-github-actions-services-accoun-0040-cal-itp-data-infra-002E-iam-002E-gserviceaccount-002E-com": {
                    "type": "google_project_iam_member",
                    "depends_on": [],
                    "primary": {
                        "id": "roles/bigquery.dataViewerserviceAccount:github-actions-services-accoun@cal-itp-data-infra.iam.gserviceaccount.com",
                        "attributes": {
                            "condition.#": "0",
                            "etag": "BwYrOhnQZjw=",
                            "id": "roles/bigquery.dataViewerserviceAccount:github-actions-services-accoun@cal-itp-data-infra.iam.gserviceaccount.com",
                            "member": "serviceAccount:github-actions-services-accoun@cal-itp-data-infra.iam.gserviceaccount.com",
                            "project": "cal-itp-data-infra",
                            "role": "roles/bigquery.dataViewer"
                        },
                        "meta": {
                            "schema_version": 0
                        },
                        "tainted": false
                    },
                    "deposed": [],
                    "provider": "provider.google"
                },
                "google_project_iam_member.tfer--roles-002F-bigquery-002E-dataViewerserviceAccount-003A-jupyterlab-0040-cal-itp-data-infra-002E-iam-002E-gserviceaccount-002E-com": {
                    "type": "google_project_iam_member",
                    "depends_on": [],
                    "primary": {
                        "id": "roles/bigquery.dataViewerserviceAccount:jupyterlab@cal-itp-data-infra.iam.gserviceaccount.com",
                        "attributes": {
                            "condition.#": "0",
                            "etag": "BwYrOhnQZjw=",
                            "id": "roles/bigquery.dataViewerserviceAccount:jupyterlab@cal-itp-data-infra.iam.gserviceaccount.com",
                            "member": "serviceAccount:jupyterlab@cal-itp-data-infra.iam.gserviceaccount.com",
                            "project": "cal-itp-data-infra",
                            "role": "roles/bigquery.dataViewer"
                        },
                        "meta": {
                            "schema_version": 0
                        },
                        "tainted": false
                    },
                    "deposed": [],
                    "provider": "provider.google"
                },
                "google_project_iam_member.tfer--roles-002F-bigquery-002E-dataViewerserviceAccount-003A-metabase-0040-cal-itp-data-infra-002E-iam-002E-gserviceaccount-002E-com": {
                    "type": "google_project_iam_member",
                    "depends_on": [],
                    "primary": {
                        "id": "roles/bigquery.dataViewerserviceAccount:metabase@cal-itp-data-infra.iam.gserviceaccount.com",
                        "attributes": {
                            "condition.#": "0",
                            "etag": "BwYrOhnQZjw=",
                            "id": "roles/bigquery.dataViewerserviceAccount:metabase@cal-itp-data-infra.iam.gserviceaccount.com",
                            "member": "serviceAccount:metabase@cal-itp-data-infra.iam.gserviceaccount.com",
                            "project": "cal-itp-data-infra",
                            "role": "roles/bigquery.dataViewer"
                        },
                        "meta": {
                            "schema_version": 0
                        },
                        "tainted": false
                    },
                    "deposed": [],
                    "provider": "provider.google"
                },
                "google_project_iam_member.tfer--roles-002F-bigquery-002E-dataViewerserviceAccount-003A-metabase-payments-team-0040-cal-itp-data-infra-002E-iam-002E-gserviceaccount-002E-com": {
                    "type": "google_project_iam_member",
                    "depends_on": [],
                    "primary": {
                        "id": "roles/bigquery.dataViewerserviceAccount:metabase-payments-team@cal-itp-data-infra.iam.gserviceaccount.com",
                        "attributes": {
                            "condition.#": "0",
                            "etag": "BwYrOhnQZjw=",
                            "id": "roles/bigquery.dataViewerserviceAccount:metabase-payments-team@cal-itp-data-infra.iam.gserviceaccount.com",
                            "member": "serviceAccount:metabase-payments-team@cal-itp-data-infra.iam.gserviceaccount.com",
                            "project": "cal-itp-data-infra",
                            "role": "roles/bigquery.dataViewer"
                        },
                        "meta": {
                            "schema_version": 0
                        },
                        "tainted": false
                    },
                    "deposed": [],
                    "provider": "provider.google"
                },
                "google_project_iam_member.tfer--roles-002F-bigquery-002E-dataVieweruser-003A-mst_data_viewer-0040-calitp-002E-org": {
                    "type": "google_project_iam_member",
                    "depends_on": [],
                    "primary": {
                        "id": "roles/bigquery.dataVieweruser:mst_data_viewer@calitp.org",
                        "attributes": {
                            "condition.#": "0",
                            "etag": "BwYrOhnQZjw=",
                            "id": "roles/bigquery.dataVieweruser:mst_data_viewer@calitp.org",
                            "member": "user:mst_data_viewer@calitp.org",
                            "project": "cal-itp-data-infra",
                            "role": "roles/bigquery.dataViewer"
                        },
                        "meta": {
                            "schema_version": 0
                        },
                        "tainted": false
                    },
                    "deposed": [],
                    "provider": "provider.google"
                },
                "google_project_iam_member.tfer--roles-002F-bigquery-002E-jobUserserviceAccount-003A-473674835135-compute-0040-developer-002E-gserviceaccount-002E-com": {
                    "type": "google_project_iam_member",
                    "depends_on": [],
                    "primary": {
                        "id": "roles/bigquery.jobUserserviceAccount:473674835135-compute@developer.gserviceaccount.com",
                        "attributes": {
                            "condition.#": "0",
                            "etag": "BwYrOhnQZjw=",
                            "id": "roles/bigquery.jobUserserviceAccount:473674835135-compute@developer.gserviceaccount.com",
                            "member": "serviceAccount:473674835135-compute@developer.gserviceaccount.com",
                            "project": "cal-itp-data-infra",
                            "role": "roles/bigquery.jobUser"
                        },
                        "meta": {
                            "schema_version": 0
                        },
                        "tainted": false
                    },
                    "deposed": [],
                    "provider": "provider.google"
                },
                "google_project_iam_member.tfer--roles-002F-bigquery-002E-jobUserserviceAccount-003A-calitp-py-ci-0040-cal-itp-data-infra-002E-iam-002E-gserviceaccount-002E-com": {
                    "type": "google_project_iam_member",
                    "depends_on": [],
                    "primary": {
                        "id": "roles/bigquery.jobUserserviceAccount:calitp-py-ci@cal-itp-data-infra.iam.gserviceaccount.com",
                        "attributes": {
                            "condition.#": "0",
                            "etag": "BwYrOhnQZjw=",
                            "id": "roles/bigquery.jobUserserviceAccount:calitp-py-ci@cal-itp-data-infra.iam.gserviceaccount.com",
                            "member": "serviceAccount:calitp-py-ci@cal-itp-data-infra.iam.gserviceaccount.com",
                            "project": "cal-itp-data-infra",
                            "role": "roles/bigquery.jobUser"
                        },
                        "meta": {
                            "schema_version": 0
                        },
                        "tainted": false
                    },
                    "deposed": [],
                    "provider": "provider.google"
                },
                "google_project_iam_member.tfer--roles-002F-bigquery-002E-jobUserserviceAccount-003A-composer2-service-account-0040-cal-itp-data-infra-002E-iam-002E-gserviceaccount-002E-com": {
                    "type": "google_project_iam_member",
                    "depends_on": [],
                    "primary": {
                        "id": "roles/bigquery.jobUserserviceAccount:composer2-service-account@cal-itp-data-infra.iam.gserviceaccount.com",
                        "attributes": {
                            "condition.#": "0",
                            "etag": "BwYrOhnQZjw=",
                            "id": "roles/bigquery.jobUserserviceAccount:composer2-service-account@cal-itp-data-infra.iam.gserviceaccount.com",
                            "member": "serviceAccount:composer2-service-account@cal-itp-data-infra.iam.gserviceaccount.com",
                            "project": "cal-itp-data-infra",
                            "role": "roles/bigquery.jobUser"
                        },
                        "meta": {
                            "schema_version": 0
                        },
                        "tainted": false
                    },
                    "deposed": [],
                    "provider": "provider.google"
                },
                "google_project_iam_member.tfer--roles-002F-bigquery-002E-jobUserserviceAccount-003A-gh-actions-mobi-mart-0040-cal-itp-data-infra-002E-iam-002E-gserviceaccount-002E-com": {
                    "type": "google_project_iam_member",
                    "depends_on": [],
                    "primary": {
                        "id": "roles/bigquery.jobUserserviceAccount:gh-actions-mobi-mart@cal-itp-data-infra.iam.gserviceaccount.com",
                        "attributes": {
                            "condition.#": "0",
                            "etag": "BwYrOhnQZjw=",
                            "id": "roles/bigquery.jobUserserviceAccount:gh-actions-mobi-mart@cal-itp-data-infra.iam.gserviceaccount.com",
                            "member": "serviceAccount:gh-actions-mobi-mart@cal-itp-data-infra.iam.gserviceaccount.com",
                            "project": "cal-itp-data-infra",
                            "role": "roles/bigquery.jobUser"
                        },
                        "meta": {
                            "schema_version": 0
                        },
                        "tainted": false
                    },
                    "deposed": [],
                    "provider": "provider.google"
                },
                "google_project_iam_member.tfer--roles-002F-bigquery-002E-jobUserserviceAccount-003A-github-actions-services-accoun-0040-cal-itp-data-infra-002E-iam-002E-gserviceaccount-002E-com": {
                    "type": "google_project_iam_member",
                    "depends_on": [],
                    "primary": {
                        "id": "roles/bigquery.jobUserserviceAccount:github-actions-services-accoun@cal-itp-data-infra.iam.gserviceaccount.com",
                        "attributes": {
                            "condition.#": "0",
                            "etag": "BwYrOhnQZjw=",
                            "id": "roles/bigquery.jobUserserviceAccount:github-actions-services-accoun@cal-itp-data-infra.iam.gserviceaccount.com",
                            "member": "serviceAccount:github-actions-services-accoun@cal-itp-data-infra.iam.gserviceaccount.com",
                            "project": "cal-itp-data-infra",
                            "role": "roles/bigquery.jobUser"
                        },
                        "meta": {
                            "schema_version": 0
                        },
                        "tainted": false
                    },
                    "deposed": [],
                    "provider": "provider.google"
                },
                "google_project_iam_member.tfer--roles-002F-bigquery-002E-jobUserserviceAccount-003A-jupyterlab-0040-cal-itp-data-infra-002E-iam-002E-gserviceaccount-002E-com": {
                    "type": "google_project_iam_member",
                    "depends_on": [],
                    "primary": {
                        "id": "roles/bigquery.jobUserserviceAccount:jupyterlab@cal-itp-data-infra.iam.gserviceaccount.com",
                        "attributes": {
                            "condition.#": "0",
                            "etag": "BwYrOhnQZjw=",
                            "id": "roles/bigquery.jobUserserviceAccount:jupyterlab@cal-itp-data-infra.iam.gserviceaccount.com",
                            "member": "serviceAccount:jupyterlab@cal-itp-data-infra.iam.gserviceaccount.com",
                            "project": "cal-itp-data-infra",
                            "role": "roles/bigquery.jobUser"
                        },
                        "meta": {
                            "schema_version": 0
                        },
                        "tainted": false
                    },
                    "deposed": [],
                    "provider": "provider.google"
                },
                "google_project_iam_member.tfer--roles-002F-bigquery-002E-jobUserserviceAccount-003A-metabase-0040-cal-itp-data-infra-002E-iam-002E-gserviceaccount-002E-com": {
                    "type": "google_project_iam_member",
                    "depends_on": [],
                    "primary": {
                        "id": "roles/bigquery.jobUserserviceAccount:metabase@cal-itp-data-infra.iam.gserviceaccount.com",
                        "attributes": {
                            "condition.#": "0",
                            "etag": "BwYrOhnQZjw=",
                            "id": "roles/bigquery.jobUserserviceAccount:metabase@cal-itp-data-infra.iam.gserviceaccount.com",
                            "member": "serviceAccount:metabase@cal-itp-data-infra.iam.gserviceaccount.com",
                            "project": "cal-itp-data-infra",
                            "role": "roles/bigquery.jobUser"
                        },
                        "meta": {
                            "schema_version": 0
                        },
                        "tainted": false
                    },
                    "deposed": [],
                    "provider": "provider.google"
                },
                "google_project_iam_member.tfer--roles-002F-bigquery-002E-jobUserserviceAccount-003A-metabase-payments-team-0040-cal-itp-data-infra-002E-iam-002E-gserviceaccount-002E-com": {
                    "type": "google_project_iam_member",
                    "depends_on": [],
                    "primary": {
                        "id": "roles/bigquery.jobUserserviceAccount:metabase-payments-team@cal-itp-data-infra.iam.gserviceaccount.com",
                        "attributes": {
                            "condition.#": "0",
                            "etag": "BwYrOhnQZjw=",
                            "id": "roles/bigquery.jobUserserviceAccount:metabase-payments-team@cal-itp-data-infra.iam.gserviceaccount.com",
                            "member": "serviceAccount:metabase-payments-team@cal-itp-data-infra.iam.gserviceaccount.com",
                            "project": "cal-itp-data-infra",
                            "role": "roles/bigquery.jobUser"
                        },
                        "meta": {
                            "schema_version": 0
                        },
                        "tainted": false
                    },
                    "deposed": [],
                    "provider": "provider.google"
                },
                "google_project_iam_member.tfer--roles-002F-bigquery-002E-jobUseruser-003A-christian-0040-calitp-002E-org": {
                    "type": "google_project_iam_member",
                    "depends_on": [],
                    "primary": {
                        "id": "roles/bigquery.jobUseruser:christian@calitp.org",
                        "attributes": {
                            "condition.#": "0",
                            "etag": "BwYrOhnQZjw=",
                            "id": "roles/bigquery.jobUseruser:christian@calitp.org",
                            "member": "user:christian@calitp.org",
                            "project": "cal-itp-data-infra",
                            "role": "roles/bigquery.jobUser"
                        },
                        "meta": {
                            "schema_version": 0
                        },
                        "tainted": false
                    },
                    "deposed": [],
                    "provider": "provider.google"
                },
                "google_project_iam_member.tfer--roles-002F-bigquery-002E-jobUseruser-003A-erika-0040-ministryofvelocity-002E-com": {
                    "type": "google_project_iam_member",
                    "depends_on": [],
                    "primary": {
                        "id": "roles/bigquery.jobUseruser:erika@ministryofvelocity.com",
                        "attributes": {
                            "condition.#": "0",
                            "etag": "BwYrOhnQZjw=",
                            "id": "roles/bigquery.jobUseruser:erika@ministryofvelocity.com",
                            "member": "user:erika@ministryofvelocity.com",
                            "project": "cal-itp-data-infra",
                            "role": "roles/bigquery.jobUser"
                        },
                        "meta": {
                            "schema_version": 0
                        },
                        "tainted": false
                    },
                    "deposed": [],
                    "provider": "provider.google"
                },
                "google_project_iam_member.tfer--roles-002F-bigquery-002E-jobUseruser-003A-mst_data_viewer-0040-calitp-002E-org": {
                    "type": "google_project_iam_member",
                    "depends_on": [],
                    "primary": {
                        "id": "roles/bigquery.jobUseruser:mst_data_viewer@calitp.org",
                        "attributes": {
                            "condition.#": "0",
                            "etag": "BwYrOhnQZjw=",
                            "id": "roles/bigquery.jobUseruser:mst_data_viewer@calitp.org",
                            "member": "user:mst_data_viewer@calitp.org",
                            "project": "cal-itp-data-infra",
                            "role": "roles/bigquery.jobUser"
                        },
                        "meta": {
                            "schema_version": 0
                        },
                        "tainted": false
                    },
                    "deposed": [],
                    "provider": "provider.google"
                },
                "google_project_iam_member.tfer--roles-002F-bigquery-002E-metadataViewerserviceAccount-003A-jupyterlab-0040-cal-itp-data-infra-002E-iam-002E-gserviceaccount-002E-com": {
                    "type": "google_project_iam_member",
                    "depends_on": [],
                    "primary": {
                        "id": "roles/bigquery.metadataViewerserviceAccount:jupyterlab@cal-itp-data-infra.iam.gserviceaccount.com",
                        "attributes": {
                            "condition.#": "0",
                            "etag": "BwYrOhnQZjw=",
                            "id": "roles/bigquery.metadataViewerserviceAccount:jupyterlab@cal-itp-data-infra.iam.gserviceaccount.com",
                            "member": "serviceAccount:jupyterlab@cal-itp-data-infra.iam.gserviceaccount.com",
                            "project": "cal-itp-data-infra",
                            "role": "roles/bigquery.metadataViewer"
                        },
                        "meta": {
                            "schema_version": 0
                        },
                        "tainted": false
                    },
                    "deposed": [],
                    "provider": "provider.google"
                },
                "google_project_iam_member.tfer--roles-002F-bigquery-002E-metadataViewerserviceAccount-003A-metabase-0040-cal-itp-data-infra-002E-iam-002E-gserviceaccount-002E-com": {
                    "type": "google_project_iam_member",
                    "depends_on": [],
                    "primary": {
                        "id": "roles/bigquery.metadataViewerserviceAccount:metabase@cal-itp-data-infra.iam.gserviceaccount.com",
                        "attributes": {
                            "condition.#": "0",
                            "etag": "BwYrOhnQZjw=",
                            "id": "roles/bigquery.metadataViewerserviceAccount:metabase@cal-itp-data-infra.iam.gserviceaccount.com",
                            "member": "serviceAccount:metabase@cal-itp-data-infra.iam.gserviceaccount.com",
                            "project": "cal-itp-data-infra",
                            "role": "roles/bigquery.metadataViewer"
                        },
                        "meta": {
                            "schema_version": 0
                        },
                        "tainted": false
                    },
                    "deposed": [],
                    "provider": "provider.google"
                },
                "google_project_iam_member.tfer--roles-002F-bigquery-002E-metadataViewerserviceAccount-003A-metabase-payments-team-0040-cal-itp-data-infra-002E-iam-002E-gserviceaccount-002E-com": {
                    "type": "google_project_iam_member",
                    "depends_on": [],
                    "primary": {
                        "id": "roles/bigquery.metadataViewerserviceAccount:metabase-payments-team@cal-itp-data-infra.iam.gserviceaccount.com",
                        "attributes": {
                            "condition.#": "0",
                            "etag": "BwYrOhnQZjw=",
                            "id": "roles/bigquery.metadataViewerserviceAccount:metabase-payments-team@cal-itp-data-infra.iam.gserviceaccount.com",
                            "member": "serviceAccount:metabase-payments-team@cal-itp-data-infra.iam.gserviceaccount.com",
                            "project": "cal-itp-data-infra",
                            "role": "roles/bigquery.metadataViewer"
                        },
                        "meta": {
                            "schema_version": 0
                        },
                        "tainted": false
                    },
                    "deposed": [],
                    "provider": "provider.google"
                },
                "google_project_iam_member.tfer--roles-002F-bigquery-002E-metadataVieweruser-003A-mst_data_viewer-0040-calitp-002E-org": {
                    "type": "google_project_iam_member",
                    "depends_on": [],
                    "primary": {
                        "id": "roles/bigquery.metadataVieweruser:mst_data_viewer@calitp.org",
                        "attributes": {
                            "condition.#": "0",
                            "etag": "BwYrOhnQZjw=",
                            "id": "roles/bigquery.metadataVieweruser:mst_data_viewer@calitp.org",
                            "member": "user:mst_data_viewer@calitp.org",
                            "project": "cal-itp-data-infra",
                            "role": "roles/bigquery.metadataViewer"
                        },
                        "meta": {
                            "schema_version": 0
                        },
                        "tainted": false
                    },
                    "deposed": [],
                    "provider": "provider.google"
                },
                "google_project_iam_member.tfer--roles-002F-bigquery-002E-readSessionUserserviceAccount-003A-github-actions-services-accoun-0040-cal-itp-data-infra-002E-iam-002E-gserviceaccount-002E-com": {
                    "type": "google_project_iam_member",
                    "depends_on": [],
                    "primary": {
                        "id": "roles/bigquery.readSessionUserserviceAccount:github-actions-services-accoun@cal-itp-data-infra.iam.gserviceaccount.com",
                        "attributes": {
                            "condition.#": "0",
                            "etag": "BwYrOhnQZjw=",
                            "id": "roles/bigquery.readSessionUserserviceAccount:github-actions-services-accoun@cal-itp-data-infra.iam.gserviceaccount.com",
                            "member": "serviceAccount:github-actions-services-accoun@cal-itp-data-infra.iam.gserviceaccount.com",
                            "project": "cal-itp-data-infra",
                            "role": "roles/bigquery.readSessionUser"
                        },
                        "meta": {
                            "schema_version": 0
                        },
                        "tainted": false
                    },
                    "deposed": [],
                    "provider": "provider.google"
                },
                "google_project_iam_member.tfer--roles-002F-bigquery-002E-readSessionUserserviceAccount-003A-jupyterlab-0040-cal-itp-data-infra-002E-iam-002E-gserviceaccount-002E-com": {
                    "type": "google_project_iam_member",
                    "depends_on": [],
                    "primary": {
                        "id": "roles/bigquery.readSessionUserserviceAccount:jupyterlab@cal-itp-data-infra.iam.gserviceaccount.com",
                        "attributes": {
                            "condition.#": "0",
                            "etag": "BwYrOhnQZjw=",
                            "id": "roles/bigquery.readSessionUserserviceAccount:jupyterlab@cal-itp-data-infra.iam.gserviceaccount.com",
                            "member": "serviceAccount:jupyterlab@cal-itp-data-infra.iam.gserviceaccount.com",
                            "project": "cal-itp-data-infra",
                            "role": "roles/bigquery.readSessionUser"
                        },
                        "meta": {
                            "schema_version": 0
                        },
                        "tainted": false
                    },
                    "deposed": [],
                    "provider": "provider.google"
                },
                "google_project_iam_member.tfer--roles-002F-bigquery-002E-userserviceAccount-003A-473674835135-compute-0040-developer-002E-gserviceaccount-002E-com": {
                    "type": "google_project_iam_member",
                    "depends_on": [],
                    "primary": {
                        "id": "roles/bigquery.userserviceAccount:473674835135-compute@developer.gserviceaccount.com",
                        "attributes": {
                            "condition.#": "0",
                            "etag": "BwYrOhnQZjw=",
                            "id": "roles/bigquery.userserviceAccount:473674835135-compute@developer.gserviceaccount.com",
                            "member": "serviceAccount:473674835135-compute@developer.gserviceaccount.com",
                            "project": "cal-itp-data-infra",
                            "role": "roles/bigquery.user"
                        },
                        "meta": {
                            "schema_version": 0
                        },
                        "tainted": false
                    },
                    "deposed": [],
                    "provider": "provider.google"
                },
                "google_project_iam_member.tfer--roles-002F-bigquery-002E-userserviceAccount-003A-bq-transform-svcacct-0040-cal-itp-data-infra-002E-iam-002E-gserviceaccount-002E-com": {
                    "type": "google_project_iam_member",
                    "depends_on": [],
                    "primary": {
                        "id": "roles/bigquery.userserviceAccount:bq-transform-svcacct@cal-itp-data-infra.iam.gserviceaccount.com",
                        "attributes": {
                            "condition.#": "0",
                            "etag": "BwYrOhnQZjw=",
                            "id": "roles/bigquery.userserviceAccount:bq-transform-svcacct@cal-itp-data-infra.iam.gserviceaccount.com",
                            "member": "serviceAccount:bq-transform-svcacct@cal-itp-data-infra.iam.gserviceaccount.com",
                            "project": "cal-itp-data-infra",
                            "role": "roles/bigquery.user"
                        },
                        "meta": {
                            "schema_version": 0
                        },
                        "tainted": false
                    },
                    "deposed": [],
                    "provider": "provider.google"
                },
                "google_project_iam_member.tfer--roles-002F-bigquery-002E-userserviceAccount-003A-calitp-py-ci-0040-cal-itp-data-infra-002E-iam-002E-gserviceaccount-002E-com": {
                    "type": "google_project_iam_member",
                    "depends_on": [],
                    "primary": {
                        "id": "roles/bigquery.userserviceAccount:calitp-py-ci@cal-itp-data-infra.iam.gserviceaccount.com",
                        "attributes": {
                            "condition.#": "0",
                            "etag": "BwYrOhnQZjw=",
                            "id": "roles/bigquery.userserviceAccount:calitp-py-ci@cal-itp-data-infra.iam.gserviceaccount.com",
                            "member": "serviceAccount:calitp-py-ci@cal-itp-data-infra.iam.gserviceaccount.com",
                            "project": "cal-itp-data-infra",
                            "role": "roles/bigquery.user"
                        },
                        "meta": {
                            "schema_version": 0
                        },
                        "tainted": false
                    },
                    "deposed": [],
                    "provider": "provider.google"
                },
                "google_project_iam_member.tfer--roles-002F-bigquery-002E-useruser-003A-amanda-0040-calitp-002E-org": {
                    "type": "google_project_iam_member",
                    "depends_on": [],
                    "primary": {
                        "id": "roles/bigquery.useruser:amanda@calitp.org",
                        "attributes": {
                            "condition.#": "0",
                            "etag": "BwYrOhnQZjw=",
                            "id": "roles/bigquery.useruser:amanda@calitp.org",
                            "member": "user:amanda@calitp.org",
                            "project": "cal-itp-data-infra",
                            "role": "roles/bigquery.user"
                        },
                        "meta": {
                            "schema_version": 0
                        },
                        "tainted": false
                    },
                    "deposed": [],
                    "provider": "provider.google"
                },
                "google_project_iam_member.tfer--roles-002F-bigquery-002E-useruser-003A-christian-0040-calitp-002E-org": {
                    "type": "google_project_iam_member",
                    "depends_on": [],
                    "primary": {
                        "id": "roles/bigquery.useruser:christian@calitp.org",
                        "attributes": {
                            "condition.#": "0",
                            "etag": "BwYrOhnQZjw=",
                            "id": "roles/bigquery.useruser:christian@calitp.org",
                            "member": "user:christian@calitp.org",
                            "project": "cal-itp-data-infra",
                            "role": "roles/bigquery.user"
                        },
                        "meta": {
                            "schema_version": 0
                        },
                        "tainted": false
                    },
                    "deposed": [],
                    "provider": "provider.google"
                },
                "google_project_iam_member.tfer--roles-002F-bigquery-002E-useruser-003A-doc-0040-ministryofvelocity-002E-com": {
                    "type": "google_project_iam_member",
                    "depends_on": [],
                    "primary": {
                        "id": "roles/bigquery.useruser:doc@ministryofvelocity.com",
                        "attributes": {
                            "condition.#": "0",
                            "etag": "BwYrOhnQZjw=",
                            "id": "roles/bigquery.useruser:doc@ministryofvelocity.com",
                            "member": "user:doc@ministryofvelocity.com",
                            "project": "cal-itp-data-infra",
                            "role": "roles/bigquery.user"
                        },
                        "meta": {
                            "schema_version": 0
                        },
                        "tainted": false
                    },
                    "deposed": [],
                    "provider": "provider.google"
                },
                "google_project_iam_member.tfer--roles-002F-bigquery-002E-useruser-003A-easall-0040-gmail-002E-com": {
                    "type": "google_project_iam_member",
                    "depends_on": [],
                    "primary": {
                        "id": "roles/bigquery.useruser:easall@gmail.com",
                        "attributes": {
                            "condition.#": "0",
                            "etag": "BwYrOhnQZjw=",
                            "id": "roles/bigquery.useruser:easall@gmail.com",
                            "member": "user:easall@gmail.com",
                            "project": "cal-itp-data-infra",
                            "role": "roles/bigquery.user"
                        },
                        "meta": {
                            "schema_version": 0
                        },
                        "tainted": false
                    },
                    "deposed": [],
                    "provider": "provider.google"
                },
                "google_project_iam_member.tfer--roles-002F-bigquery-002E-useruser-003A-erika-0040-ministryofvelocity-002E-com": {
                    "type": "google_project_iam_member",
                    "depends_on": [],
                    "primary": {
                        "id": "roles/bigquery.useruser:erika@ministryofvelocity.com",
                        "attributes": {
                            "condition.#": "0",
                            "etag": "BwYrOhnQZjw=",
                            "id": "roles/bigquery.useruser:erika@ministryofvelocity.com",
                            "member": "user:erika@ministryofvelocity.com",
                            "project": "cal-itp-data-infra",
                            "role": "roles/bigquery.user"
                        },
                        "meta": {
                            "schema_version": 0
                        },
                        "tainted": false
                    },
                    "deposed": [],
                    "provider": "provider.google"
                },
                "google_project_iam_member.tfer--roles-002F-bigquery-002E-useruser-003A-farhad-002E-salemi-0040-calitp-002E-org": {
                    "type": "google_project_iam_member",
                    "depends_on": [],
                    "primary": {
                        "id": "roles/bigquery.useruser:farhad.salemi@calitp.org",
                        "attributes": {
                            "condition.#": "0",
                            "etag": "BwYrOhnQZjw=",
                            "id": "roles/bigquery.useruser:farhad.salemi@calitp.org",
                            "member": "user:farhad.salemi@calitp.org",
                            "project": "cal-itp-data-infra",
                            "role": "roles/bigquery.user"
                        },
                        "meta": {
                            "schema_version": 0
                        },
                        "tainted": false
                    },
                    "deposed": [],
                    "provider": "provider.google"
                },
                "google_project_iam_member.tfer--roles-002F-bigquery-002E-useruser-003A-machiko-0040-compiler-002E-la": {
                    "type": "google_project_iam_member",
                    "depends_on": [],
                    "primary": {
                        "id": "roles/bigquery.useruser:machiko@compiler.la",
                        "attributes": {
                            "condition.#": "0",
                            "etag": "BwYrOhnQZjw=",
                            "id": "roles/bigquery.useruser:machiko@compiler.la",
                            "member": "user:machiko@compiler.la",
                            "project": "cal-itp-data-infra",
                            "role": "roles/bigquery.user"
                        },
                        "meta": {
                            "schema_version": 0
                        },
                        "tainted": false
                    },
                    "deposed": [],
                    "provider": "provider.google"
                },
                "google_project_iam_member.tfer--roles-002F-bigquery-002E-useruser-003A-shweta-0040-calitp-002E-org": {
                    "type": "google_project_iam_member",
                    "depends_on": [],
                    "primary": {
                        "id": "roles/bigquery.useruser:shweta@calitp.org",
                        "attributes": {
                            "condition.#": "0",
                            "etag": "BwYrOhnQZjw=",
                            "id": "roles/bigquery.useruser:shweta@calitp.org",
                            "member": "user:shweta@calitp.org",
                            "project": "cal-itp-data-infra",
                            "role": "roles/bigquery.user"
                        },
                        "meta": {
                            "schema_version": 0
                        },
                        "tainted": false
                    },
                    "deposed": [],
                    "provider": "provider.google"
                },
                "google_project_iam_member.tfer--roles-002F-bigquery-002E-useruser-003A-vivek-0040-calitp-002E-org": {
                    "type": "google_project_iam_member",
                    "depends_on": [],
                    "primary": {
                        "id": "roles/bigquery.useruser:vivek@calitp.org",
                        "attributes": {
                            "condition.#": "0",
                            "etag": "BwYrOhnQZjw=",
                            "id": "roles/bigquery.useruser:vivek@calitp.org",
                            "member": "user:vivek@calitp.org",
                            "project": "cal-itp-data-infra",
                            "role": "roles/bigquery.user"
                        },
                        "meta": {
                            "schema_version": 0
                        },
                        "tainted": false
                    },
                    "deposed": [],
                    "provider": "provider.google"
                },
                "google_project_iam_member.tfer--roles-002F-bigquery-002E-useruser-003A-vlad-0040-compiler-002E-la": {
                    "type": "google_project_iam_member",
                    "depends_on": [],
                    "primary": {
                        "id": "roles/bigquery.useruser:vlad@compiler.la",
                        "attributes": {
                            "condition.#": "0",
                            "etag": "BwYrOhnQZjw=",
                            "id": "roles/bigquery.useruser:vlad@compiler.la",
                            "member": "user:vlad@compiler.la",
                            "project": "cal-itp-data-infra",
                            "role": "roles/bigquery.user"
                        },
                        "meta": {
                            "schema_version": 0
                        },
                        "tainted": false
                    },
                    "deposed": [],
                    "provider": "provider.google"
                },
                "google_project_iam_member.tfer--roles-002F-bigquerydatatransfer-002E-serviceAgentserviceAccount-003A-service-1005246706141-0040-gcp-sa-bigquerydatatransfer-002E-iam-002E-gserviceaccount-002E-com": {
                    "type": "google_project_iam_member",
                    "depends_on": [],
                    "primary": {
                        "id": "roles/bigquerydatatransfer.serviceAgentserviceAccount:service-1005246706141@gcp-sa-bigquerydatatransfer.iam.gserviceaccount.com",
                        "attributes": {
                            "condition.#": "0",
                            "etag": "BwYrOhnQZjw=",
                            "id": "roles/bigquerydatatransfer.serviceAgentserviceAccount:service-1005246706141@gcp-sa-bigquerydatatransfer.iam.gserviceaccount.com",
                            "member": "serviceAccount:service-1005246706141@gcp-sa-bigquerydatatransfer.iam.gserviceaccount.com",
                            "project": "cal-itp-data-infra",
                            "role": "roles/bigquerydatatransfer.serviceAgent"
                        },
                        "meta": {
                            "schema_version": 0
                        },
                        "tainted": false
                    },
                    "deposed": [],
                    "provider": "provider.google"
                },
                "google_project_iam_member.tfer--roles-002F-billing-002E-projectManageruser-003A-vyki-0040-compiler-002E-la": {
                    "type": "google_project_iam_member",
                    "depends_on": [],
                    "primary": {
                        "id": "roles/billing.projectManageruser:vyki@compiler.la",
                        "attributes": {
                            "condition.#": "0",
                            "etag": "BwYrOhnQZjw=",
                            "id": "roles/billing.projectManageruser:vyki@compiler.la",
                            "member": "user:vyki@compiler.la",
                            "project": "cal-itp-data-infra",
                            "role": "roles/billing.projectManager"
                        },
                        "meta": {
                            "schema_version": 0
                        },
                        "tainted": false
                    },
                    "deposed": [],
                    "provider": "provider.google"
                },
                "google_project_iam_member.tfer--roles-002F-cloudasset-002E-serviceAgentserviceAccount-003A-service-1005246706141-0040-gcp-sa-cloudasset-002E-iam-002E-gserviceaccount-002E-com": {
                    "type": "google_project_iam_member",
                    "depends_on": [],
                    "primary": {
                        "id": "roles/cloudasset.serviceAgentserviceAccount:service-1005246706141@gcp-sa-cloudasset.iam.gserviceaccount.com",
                        "attributes": {
                            "condition.#": "0",
                            "etag": "BwYrOhnQZjw=",
                            "id": "roles/cloudasset.serviceAgentserviceAccount:service-1005246706141@gcp-sa-cloudasset.iam.gserviceaccount.com",
                            "member": "serviceAccount:service-1005246706141@gcp-sa-cloudasset.iam.gserviceaccount.com",
                            "project": "cal-itp-data-infra",
                            "role": "roles/cloudasset.serviceAgent"
                        },
                        "meta": {
                            "schema_version": 0
                        },
                        "tainted": false
                    },
                    "deposed": [],
                    "provider": "provider.google"
                },
                "google_project_iam_member.tfer--roles-002F-cloudbuild-002E-builds-002E-builderserviceAccount-003A-1005246706141-0040-cloudbuild-002E-gserviceaccount-002E-com": {
                    "type": "google_project_iam_member",
                    "depends_on": [],
                    "primary": {
                        "id": "roles/cloudbuild.builds.builderserviceAccount:1005246706141@cloudbuild.gserviceaccount.com",
                        "attributes": {
                            "condition.#": "0",
                            "etag": "BwYrOhnQZjw=",
                            "id": "roles/cloudbuild.builds.builderserviceAccount:1005246706141@cloudbuild.gserviceaccount.com",
                            "member": "serviceAccount:1005246706141@cloudbuild.gserviceaccount.com",
                            "project": "cal-itp-data-infra",
                            "role": "roles/cloudbuild.builds.builder"
                        },
                        "meta": {
                            "schema_version": 0
                        },
                        "tainted": false
                    },
                    "deposed": [],
                    "provider": "provider.google"
                },
                "google_project_iam_member.tfer--roles-002F-cloudbuild-002E-builds-002E-viewerserviceAccount-003A-composer2-service-account-0040-cal-itp-data-infra-002E-iam-002E-gserviceaccount-002E-com": {
                    "type": "google_project_iam_member",
                    "depends_on": [],
                    "primary": {
                        "id": "roles/cloudbuild.builds.viewerserviceAccount:composer2-service-account@cal-itp-data-infra.iam.gserviceaccount.com",
                        "attributes": {
                            "condition.#": "0",
                            "etag": "BwYrOhnQZjw=",
                            "id": "roles/cloudbuild.builds.viewerserviceAccount:composer2-service-account@cal-itp-data-infra.iam.gserviceaccount.com",
                            "member": "serviceAccount:composer2-service-account@cal-itp-data-infra.iam.gserviceaccount.com",
                            "project": "cal-itp-data-infra",
                            "role": "roles/cloudbuild.builds.viewer"
                        },
                        "meta": {
                            "schema_version": 0
                        },
                        "tainted": false
                    },
                    "deposed": [],
                    "provider": "provider.google"
                },
                "google_project_iam_member.tfer--roles-002F-cloudbuild-002E-serviceAgentserviceAccount-003A-service-1005246706141-0040-gcp-sa-cloudbuild-002E-iam-002E-gserviceaccount-002E-com": {
                    "type": "google_project_iam_member",
                    "depends_on": [],
                    "primary": {
                        "id": "roles/cloudbuild.serviceAgentserviceAccount:service-1005246706141@gcp-sa-cloudbuild.iam.gserviceaccount.com",
                        "attributes": {
                            "condition.#": "0",
                            "etag": "BwYrOhnQZjw=",
                            "id": "roles/cloudbuild.serviceAgentserviceAccount:service-1005246706141@gcp-sa-cloudbuild.iam.gserviceaccount.com",
                            "member": "serviceAccount:service-1005246706141@gcp-sa-cloudbuild.iam.gserviceaccount.com",
                            "project": "cal-itp-data-infra",
                            "role": "roles/cloudbuild.serviceAgent"
                        },
                        "meta": {
                            "schema_version": 0
                        },
                        "tainted": false
                    },
                    "deposed": [],
                    "provider": "provider.google"
                },
                "google_project_iam_member.tfer--roles-002F-cloudfunctions-002E-serviceAgentserviceAccount-003A-service-1005246706141-0040-gcf-admin-robot-002E-iam-002E-gserviceaccount-002E-com": {
                    "type": "google_project_iam_member",
                    "depends_on": [],
                    "primary": {
                        "id": "roles/cloudfunctions.serviceAgentserviceAccount:service-1005246706141@gcf-admin-robot.iam.gserviceaccount.com",
                        "attributes": {
                            "condition.#": "0",
                            "etag": "BwYrOhnQZjw=",
                            "id": "roles/cloudfunctions.serviceAgentserviceAccount:service-1005246706141@gcf-admin-robot.iam.gserviceaccount.com",
                            "member": "serviceAccount:service-1005246706141@gcf-admin-robot.iam.gserviceaccount.com",
                            "project": "cal-itp-data-infra",
                            "role": "roles/cloudfunctions.serviceAgent"
                        },
                        "meta": {
                            "schema_version": 0
                        },
                        "tainted": false
                    },
                    "deposed": [],
                    "provider": "provider.google"
                },
                "google_project_iam_member.tfer--roles-002F-cloudscheduler-002E-serviceAgentserviceAccount-003A-service-1005246706141-0040-gcp-sa-cloudscheduler-002E-iam-002E-gserviceaccount-002E-com": {
                    "type": "google_project_iam_member",
                    "depends_on": [],
                    "primary": {
                        "id": "roles/cloudscheduler.serviceAgentserviceAccount:service-1005246706141@gcp-sa-cloudscheduler.iam.gserviceaccount.com",
                        "attributes": {
                            "condition.#": "0",
                            "etag": "BwYrOhnQZjw=",
                            "id": "roles/cloudscheduler.serviceAgentserviceAccount:service-1005246706141@gcp-sa-cloudscheduler.iam.gserviceaccount.com",
                            "member": "serviceAccount:service-1005246706141@gcp-sa-cloudscheduler.iam.gserviceaccount.com",
                            "project": "cal-itp-data-infra",
                            "role": "roles/cloudscheduler.serviceAgent"
                        },
                        "meta": {
                            "schema_version": 0
                        },
                        "tainted": false
                    },
                    "deposed": [],
                    "provider": "provider.google"
                },
                "google_project_iam_member.tfer--roles-002F-composer-002E-ServiceAgentV2ExtserviceAccount-003A-composer2-service-account-0040-cal-itp-data-infra-002E-iam-002E-gserviceaccount-002E-com": {
                    "type": "google_project_iam_member",
                    "depends_on": [],
                    "primary": {
                        "id": "roles/composer.ServiceAgentV2ExtserviceAccount:composer2-service-account@cal-itp-data-infra.iam.gserviceaccount.com",
                        "attributes": {
                            "condition.#": "0",
                            "etag": "BwYrOhnQZjw=",
                            "id": "roles/composer.ServiceAgentV2ExtserviceAccount:composer2-service-account@cal-itp-data-infra.iam.gserviceaccount.com",
                            "member": "serviceAccount:composer2-service-account@cal-itp-data-infra.iam.gserviceaccount.com",
                            "project": "cal-itp-data-infra",
                            "role": "roles/composer.ServiceAgentV2Ext"
                        },
                        "meta": {
                            "schema_version": 0
                        },
                        "tainted": false
                    },
                    "deposed": [],
                    "provider": "provider.google"
                },
                "google_project_iam_member.tfer--roles-002F-composer-002E-ServiceAgentV2ExtserviceAccount-003A-service-1005246706141-0040-cloudcomposer-accounts-002E-iam-002E-gserviceaccount-002E-com": {
                    "type": "google_project_iam_member",
                    "depends_on": [],
                    "primary": {
                        "id": "roles/composer.ServiceAgentV2ExtserviceAccount:service-1005246706141@cloudcomposer-accounts.iam.gserviceaccount.com",
                        "attributes": {
                            "condition.#": "0",
                            "etag": "BwYrOhnQZjw=",
                            "id": "roles/composer.ServiceAgentV2ExtserviceAccount:service-1005246706141@cloudcomposer-accounts.iam.gserviceaccount.com",
                            "member": "serviceAccount:service-1005246706141@cloudcomposer-accounts.iam.gserviceaccount.com",
                            "project": "cal-itp-data-infra",
                            "role": "roles/composer.ServiceAgentV2Ext"
                        },
                        "meta": {
                            "schema_version": 0
                        },
                        "tainted": false
                    },
                    "deposed": [],
                    "provider": "provider.google"
                },
                "google_project_iam_member.tfer--roles-002F-composer-002E-adminserviceAccount-003A-github-actions-services-accoun-0040-cal-itp-data-infra-002E-iam-002E-gserviceaccount-002E-com": {
                    "type": "google_project_iam_member",
                    "depends_on": [],
                    "primary": {
                        "id": "roles/composer.adminserviceAccount:github-actions-services-accoun@cal-itp-data-infra.iam.gserviceaccount.com",
                        "attributes": {
                            "condition.#": "0",
                            "etag": "BwYrOhnQZjw=",
                            "id": "roles/composer.adminserviceAccount:github-actions-services-accoun@cal-itp-data-infra.iam.gserviceaccount.com",
                            "member": "serviceAccount:github-actions-services-accoun@cal-itp-data-infra.iam.gserviceaccount.com",
                            "project": "cal-itp-data-infra",
                            "role": "roles/composer.admin"
                        },
                        "meta": {
                            "schema_version": 0
                        },
                        "tainted": false
                    },
                    "deposed": [],
                    "provider": "provider.google"
                },
                "google_project_iam_member.tfer--roles-002F-composer-002E-adminuser-003A-charlie-002E-c-0040-jarv-002E-us": {
                    "type": "google_project_iam_member",
                    "depends_on": [],
                    "primary": {
                        "id": "roles/composer.adminuser:charlie.c@jarv.us",
                        "attributes": {
                            "condition.#": "0",
                            "etag": "BwYrOhnQZjw=",
                            "id": "roles/composer.adminuser:charlie.c@jarv.us",
                            "member": "user:charlie.c@jarv.us",
                            "project": "cal-itp-data-infra",
                            "role": "roles/composer.admin"
                        },
                        "meta": {
                            "schema_version": 0
                        },
                        "tainted": false
                    },
                    "deposed": [],
                    "provider": "provider.google"
                },
                "google_project_iam_member.tfer--roles-002F-composer-002E-serviceAgentserviceAccount-003A-composer2-service-account-0040-cal-itp-data-infra-002E-iam-002E-gserviceaccount-002E-com": {
                    "type": "google_project_iam_member",
                    "depends_on": [],
                    "primary": {
                        "id": "roles/composer.serviceAgentserviceAccount:composer2-service-account@cal-itp-data-infra.iam.gserviceaccount.com",
                        "attributes": {
                            "condition.#": "0",
                            "etag": "BwYrOhnQZjw=",
                            "id": "roles/composer.serviceAgentserviceAccount:composer2-service-account@cal-itp-data-infra.iam.gserviceaccount.com",
                            "member": "serviceAccount:composer2-service-account@cal-itp-data-infra.iam.gserviceaccount.com",
                            "project": "cal-itp-data-infra",
                            "role": "roles/composer.serviceAgent"
                        },
                        "meta": {
                            "schema_version": 0
                        },
                        "tainted": false
                    },
                    "deposed": [],
                    "provider": "provider.google"
                },
                "google_project_iam_member.tfer--roles-002F-composer-002E-serviceAgentserviceAccount-003A-service-1005246706141-0040-cloudcomposer-accounts-002E-iam-002E-gserviceaccount-002E-com": {
                    "type": "google_project_iam_member",
                    "depends_on": [],
                    "primary": {
                        "id": "roles/composer.serviceAgentserviceAccount:service-1005246706141@cloudcomposer-accounts.iam.gserviceaccount.com",
                        "attributes": {
                            "condition.#": "0",
                            "etag": "BwYrOhnQZjw=",
                            "id": "roles/composer.serviceAgentserviceAccount:service-1005246706141@cloudcomposer-accounts.iam.gserviceaccount.com",
                            "member": "serviceAccount:service-1005246706141@cloudcomposer-accounts.iam.gserviceaccount.com",
                            "project": "cal-itp-data-infra",
                            "role": "roles/composer.serviceAgent"
                        },
                        "meta": {
                            "schema_version": 0
                        },
                        "tainted": false
                    },
                    "deposed": [],
                    "provider": "provider.google"
                },
                "google_project_iam_member.tfer--roles-002F-composer-002E-workerserviceAccount-003A-composer2-service-account-0040-cal-itp-data-infra-002E-iam-002E-gserviceaccount-002E-com": {
                    "type": "google_project_iam_member",
                    "depends_on": [],
                    "primary": {
                        "id": "roles/composer.workerserviceAccount:composer2-service-account@cal-itp-data-infra.iam.gserviceaccount.com",
                        "attributes": {
                            "condition.#": "0",
                            "etag": "BwYrOhnQZjw=",
                            "id": "roles/composer.workerserviceAccount:composer2-service-account@cal-itp-data-infra.iam.gserviceaccount.com",
                            "member": "serviceAccount:composer2-service-account@cal-itp-data-infra.iam.gserviceaccount.com",
                            "project": "cal-itp-data-infra",
                            "role": "roles/composer.worker"
                        },
                        "meta": {
                            "schema_version": 0
                        },
                        "tainted": false
                    },
                    "deposed": [],
                    "provider": "provider.google"
                },
                "google_project_iam_member.tfer--roles-002F-compute-002E-serviceAgentserviceAccount-003A-service-1005246706141-0040-compute-system-002E-iam-002E-gserviceaccount-002E-com": {
                    "type": "google_project_iam_member",
                    "depends_on": [],
                    "primary": {
                        "id": "roles/compute.serviceAgentserviceAccount:service-1005246706141@compute-system.iam.gserviceaccount.com",
                        "attributes": {
                            "condition.#": "0",
                            "etag": "BwYrOhnQZjw=",
                            "id": "roles/compute.serviceAgentserviceAccount:service-1005246706141@compute-system.iam.gserviceaccount.com",
                            "member": "serviceAccount:service-1005246706141@compute-system.iam.gserviceaccount.com",
                            "project": "cal-itp-data-infra",
                            "role": "roles/compute.serviceAgent"
                        },
                        "meta": {
                            "schema_version": 0
                        },
                        "tainted": false
                    },
                    "deposed": [],
                    "provider": "provider.google"
                },
                "google_project_iam_member.tfer--roles-002F-container-002E-adminserviceAccount-003A-github-actions-services-accoun-0040-cal-itp-data-infra-002E-iam-002E-gserviceaccount-002E-com": {
                    "type": "google_project_iam_member",
                    "depends_on": [],
                    "primary": {
                        "id": "roles/container.adminserviceAccount:github-actions-services-accoun@cal-itp-data-infra.iam.gserviceaccount.com",
                        "attributes": {
                            "condition.#": "0",
                            "etag": "BwYrOhnQZjw=",
                            "id": "roles/container.adminserviceAccount:github-actions-services-accoun@cal-itp-data-infra.iam.gserviceaccount.com",
                            "member": "serviceAccount:github-actions-services-accoun@cal-itp-data-infra.iam.gserviceaccount.com",
                            "project": "cal-itp-data-infra",
                            "role": "roles/container.admin"
                        },
                        "meta": {
                            "schema_version": 0
                        },
                        "tainted": false
                    },
                    "deposed": [],
                    "provider": "provider.google"
                },
                "google_project_iam_member.tfer--roles-002F-container-002E-adminuser-003A-doc-0040-ministryofvelocity-002E-com": {
                    "type": "google_project_iam_member",
                    "depends_on": [],
                    "primary": {
                        "id": "roles/container.adminuser:doc@ministryofvelocity.com",
                        "attributes": {
                            "condition.#": "0",
                            "etag": "BwYrOhnQZjw=",
                            "id": "roles/container.adminuser:doc@ministryofvelocity.com",
                            "member": "user:doc@ministryofvelocity.com",
                            "project": "cal-itp-data-infra",
                            "role": "roles/container.admin"
                        },
                        "meta": {
                            "schema_version": 0
                        },
                        "tainted": false
                    },
                    "deposed": [],
                    "provider": "provider.google"
                },
                "google_project_iam_member.tfer--roles-002F-container-002E-developeruser-003A-charlie-002E-c-0040-jarv-002E-us": {
                    "type": "google_project_iam_member",
                    "depends_on": [],
                    "primary": {
                        "id": "roles/container.developeruser:charlie.c@jarv.us",
                        "attributes": {
                            "condition.#": "0",
                            "etag": "BwYrOhnQZjw=",
                            "id": "roles/container.developeruser:charlie.c@jarv.us",
                            "member": "user:charlie.c@jarv.us",
                            "project": "cal-itp-data-infra",
                            "role": "roles/container.developer"
                        },
                        "meta": {
                            "schema_version": 0
                        },
                        "tainted": false
                    },
                    "deposed": [],
                    "provider": "provider.google"
                },
                "google_project_iam_member.tfer--roles-002F-container-002E-developeruser-003A-vivek-0040-calitp-002E-org": {
                    "type": "google_project_iam_member",
                    "depends_on": [],
                    "primary": {
                        "id": "roles/container.developeruser:vivek@calitp.org",
                        "attributes": {
                            "condition.#": "0",
                            "etag": "BwYrOhnQZjw=",
                            "id": "roles/container.developeruser:vivek@calitp.org",
                            "member": "user:vivek@calitp.org",
                            "project": "cal-itp-data-infra",
                            "role": "roles/container.developer"
                        },
                        "meta": {
                            "schema_version": 0
                        },
                        "tainted": false
                    },
                    "deposed": [],
                    "provider": "provider.google"
                },
                "google_project_iam_member.tfer--roles-002F-container-002E-nodeServiceAgentserviceAccount-003A-service-1005246706141-0040-gcp-sa-gkenode-002E-iam-002E-gserviceaccount-002E-com": {
                    "type": "google_project_iam_member",
                    "depends_on": [],
                    "primary": {
                        "id": "roles/container.nodeServiceAgentserviceAccount:service-1005246706141@gcp-sa-gkenode.iam.gserviceaccount.com",
                        "attributes": {
                            "condition.#": "0",
                            "etag": "BwYrOhnQZjw=",
                            "id": "roles/container.nodeServiceAgentserviceAccount:service-1005246706141@gcp-sa-gkenode.iam.gserviceaccount.com",
                            "member": "serviceAccount:service-1005246706141@gcp-sa-gkenode.iam.gserviceaccount.com",
                            "project": "cal-itp-data-infra",
                            "role": "roles/container.nodeServiceAgent"
                        },
                        "meta": {
                            "schema_version": 0
                        },
                        "tainted": false
                    },
                    "deposed": [],
                    "provider": "provider.google"
                },
                "google_project_iam_member.tfer--roles-002F-container-002E-serviceAgentserviceAccount-003A-service-1005246706141-0040-container-engine-robot-002E-iam-002E-gserviceaccount-002E-com": {
                    "type": "google_project_iam_member",
                    "depends_on": [],
                    "primary": {
                        "id": "roles/container.serviceAgentserviceAccount:service-1005246706141@container-engine-robot.iam.gserviceaccount.com",
                        "attributes": {
                            "condition.#": "0",
                            "etag": "BwYrOhnQZjw=",
                            "id": "roles/container.serviceAgentserviceAccount:service-1005246706141@container-engine-robot.iam.gserviceaccount.com",
                            "member": "serviceAccount:service-1005246706141@container-engine-robot.iam.gserviceaccount.com",
                            "project": "cal-itp-data-infra",
                            "role": "roles/container.serviceAgent"
                        },
                        "meta": {
                            "schema_version": 0
                        },
                        "tainted": false
                    },
                    "deposed": [],
                    "provider": "provider.google"
                },
                "google_project_iam_member.tfer--roles-002F-containerregistry-002E-ServiceAgentserviceAccount-003A-service-1005246706141-0040-containerregistry-002E-iam-002E-gserviceaccount-002E-com": {
                    "type": "google_project_iam_member",
                    "depends_on": [],
                    "primary": {
                        "id": "roles/containerregistry.ServiceAgentserviceAccount:service-1005246706141@containerregistry.iam.gserviceaccount.com",
                        "attributes": {
                            "condition.#": "0",
                            "etag": "BwYrOhnQZjw=",
                            "id": "roles/containerregistry.ServiceAgentserviceAccount:service-1005246706141@containerregistry.iam.gserviceaccount.com",
                            "member": "serviceAccount:service-1005246706141@containerregistry.iam.gserviceaccount.com",
                            "project": "cal-itp-data-infra",
                            "role": "roles/containerregistry.ServiceAgent"
                        },
                        "meta": {
                            "schema_version": 0
                        },
                        "tainted": false
                    },
                    "deposed": [],
                    "provider": "provider.google"
                },
                "google_project_iam_member.tfer--roles-002F-dataproc-002E-editorserviceAccount-003A-bq-transform-svcacct-0040-cal-itp-data-infra-002E-iam-002E-gserviceaccount-002E-com": {
                    "type": "google_project_iam_member",
                    "depends_on": [],
                    "primary": {
                        "id": "roles/dataproc.editorserviceAccount:bq-transform-svcacct@cal-itp-data-infra.iam.gserviceaccount.com",
                        "attributes": {
                            "condition.#": "0",
                            "etag": "BwYrOhnQZjw=",
                            "id": "roles/dataproc.editorserviceAccount:bq-transform-svcacct@cal-itp-data-infra.iam.gserviceaccount.com",
                            "member": "serviceAccount:bq-transform-svcacct@cal-itp-data-infra.iam.gserviceaccount.com",
                            "project": "cal-itp-data-infra",
                            "role": "roles/dataproc.editor"
                        },
                        "meta": {
                            "schema_version": 0
                        },
                        "tainted": false
                    },
                    "deposed": [],
                    "provider": "provider.google"
                },
                "google_project_iam_member.tfer--roles-002F-dataproc-002E-serviceAgentserviceAccount-003A-service-1005246706141-0040-dataproc-accounts-002E-iam-002E-gserviceaccount-002E-com": {
                    "type": "google_project_iam_member",
                    "depends_on": [],
                    "primary": {
                        "id": "roles/dataproc.serviceAgentserviceAccount:service-1005246706141@dataproc-accounts.iam.gserviceaccount.com",
                        "attributes": {
                            "condition.#": "0",
                            "etag": "BwYrOhnQZjw=",
                            "id": "roles/dataproc.serviceAgentserviceAccount:service-1005246706141@dataproc-accounts.iam.gserviceaccount.com",
                            "member": "serviceAccount:service-1005246706141@dataproc-accounts.iam.gserviceaccount.com",
                            "project": "cal-itp-data-infra",
                            "role": "roles/dataproc.serviceAgent"
                        },
                        "meta": {
                            "schema_version": 0
                        },
                        "tainted": false
                    },
                    "deposed": [],
                    "provider": "provider.google"
                },
                "google_project_iam_member.tfer--roles-002F-dataproc-002E-workerserviceAccount-003A-bq-transform-svcacct-0040-cal-itp-data-infra-002E-iam-002E-gserviceaccount-002E-com": {
                    "type": "google_project_iam_member",
                    "depends_on": [],
                    "primary": {
                        "id": "roles/dataproc.workerserviceAccount:bq-transform-svcacct@cal-itp-data-infra.iam.gserviceaccount.com",
                        "attributes": {
                            "condition.#": "0",
                            "etag": "BwYrOhnQZjw=",
                            "id": "roles/dataproc.workerserviceAccount:bq-transform-svcacct@cal-itp-data-infra.iam.gserviceaccount.com",
                            "member": "serviceAccount:bq-transform-svcacct@cal-itp-data-infra.iam.gserviceaccount.com",
                            "project": "cal-itp-data-infra",
                            "role": "roles/dataproc.worker"
                        },
                        "meta": {
                            "schema_version": 0
                        },
                        "tainted": false
                    },
                    "deposed": [],
                    "provider": "provider.google"
                },
                "google_project_iam_member.tfer--roles-002F-editorserviceAccount-003A-1005246706141-0040-cloudservices-002E-gserviceaccount-002E-com": {
                    "type": "google_project_iam_member",
                    "depends_on": [],
                    "primary": {
                        "id": "roles/editorserviceAccount:1005246706141@cloudservices.gserviceaccount.com",
                        "attributes": {
                            "condition.#": "0",
                            "etag": "BwYrOhnQZjw=",
                            "id": "roles/editorserviceAccount:1005246706141@cloudservices.gserviceaccount.com",
                            "member": "serviceAccount:1005246706141@cloudservices.gserviceaccount.com",
                            "project": "cal-itp-data-infra",
                            "role": "roles/editor"
                        },
                        "meta": {
                            "schema_version": 0
                        },
                        "tainted": false
                    },
                    "deposed": [],
                    "provider": "provider.google"
                },
                "google_project_iam_member.tfer--roles-002F-editorserviceAccount-003A-1005246706141-compute-0040-developer-002E-gserviceaccount-002E-com": {
                    "type": "google_project_iam_member",
                    "depends_on": [],
                    "primary": {
                        "id": "roles/editorserviceAccount:1005246706141-compute@developer.gserviceaccount.com",
                        "attributes": {
                            "condition.#": "0",
                            "etag": "BwYrOhnQZjw=",
                            "id": "roles/editorserviceAccount:1005246706141-compute@developer.gserviceaccount.com",
                            "member": "serviceAccount:1005246706141-compute@developer.gserviceaccount.com",
                            "project": "cal-itp-data-infra",
                            "role": "roles/editor"
                        },
                        "meta": {
                            "schema_version": 0
                        },
                        "tainted": false
                    },
                    "deposed": [],
                    "provider": "provider.google"
                },
                "google_project_iam_member.tfer--roles-002F-editorserviceAccount-003A-cal-itp-data-infra-0040-appspot-002E-gserviceaccount-002E-com": {
                    "type": "google_project_iam_member",
                    "depends_on": [],
                    "primary": {
                        "id": "roles/editorserviceAccount:cal-itp-data-infra@appspot.gserviceaccount.com",
                        "attributes": {
                            "condition.#": "0",
                            "etag": "BwYrOhnQZjw=",
                            "id": "roles/editorserviceAccount:cal-itp-data-infra@appspot.gserviceaccount.com",
                            "member": "serviceAccount:cal-itp-data-infra@appspot.gserviceaccount.com",
                            "project": "cal-itp-data-infra",
                            "role": "roles/editor"
                        },
                        "meta": {
                            "schema_version": 0
                        },
                        "tainted": false
                    },
                    "deposed": [],
                    "provider": "provider.google"
                },
                "google_project_iam_member.tfer--roles-002F-editoruser-003A-christian-0040-calitp-002E-org": {
                    "type": "google_project_iam_member",
                    "depends_on": [],
                    "primary": {
                        "id": "roles/editoruser:christian@calitp.org",
                        "attributes": {
                            "condition.#": "0",
                            "etag": "BwYrOhnQZjw=",
                            "id": "roles/editoruser:christian@calitp.org",
                            "member": "user:christian@calitp.org",
                            "project": "cal-itp-data-infra",
                            "role": "roles/editor"
                        },
                        "meta": {
                            "schema_version": 0
                        },
                        "tainted": false
                    },
                    "deposed": [],
                    "provider": "provider.google"
                },
                "google_project_iam_member.tfer--roles-002F-editoruser-003A-doc-0040-ministryofvelocity-002E-com": {
                    "type": "google_project_iam_member",
                    "depends_on": [],
                    "primary": {
                        "id": "roles/editoruser:doc@ministryofvelocity.com",
                        "attributes": {
                            "condition.#": "0",
                            "etag": "BwYrOhnQZjw=",
                            "id": "roles/editoruser:doc@ministryofvelocity.com",
                            "member": "user:doc@ministryofvelocity.com",
                            "project": "cal-itp-data-infra",
                            "role": "roles/editor"
                        },
                        "meta": {
                            "schema_version": 0
                        },
                        "tainted": false
                    },
                    "deposed": [],
                    "provider": "provider.google"
                },
                "google_project_iam_member.tfer--roles-002F-editoruser-003A-vivek-0040-calitp-002E-org": {
                    "type": "google_project_iam_member",
                    "depends_on": [],
                    "primary": {
                        "id": "roles/editoruser:vivek@calitp.org",
                        "attributes": {
                            "condition.#": "0",
                            "etag": "BwYrOhnQZjw=",
                            "id": "roles/editoruser:vivek@calitp.org",
                            "member": "user:vivek@calitp.org",
                            "project": "cal-itp-data-infra",
                            "role": "roles/editor"
                        },
                        "meta": {
                            "schema_version": 0
                        },
                        "tainted": false
                    },
                    "deposed": [],
                    "provider": "provider.google"
                },
                "google_project_iam_member.tfer--roles-002F-firebaserules-002E-systemserviceAccount-003A-service-1005246706141-0040-firebase-rules-002E-iam-002E-gserviceaccount-002E-com": {
                    "type": "google_project_iam_member",
                    "depends_on": [],
                    "primary": {
                        "id": "roles/firebaserules.systemserviceAccount:service-1005246706141@firebase-rules.iam.gserviceaccount.com",
                        "attributes": {
                            "condition.#": "0",
                            "etag": "BwYrOhnQZjw=",
                            "id": "roles/firebaserules.systemserviceAccount:service-1005246706141@firebase-rules.iam.gserviceaccount.com",
                            "member": "serviceAccount:service-1005246706141@firebase-rules.iam.gserviceaccount.com",
                            "project": "cal-itp-data-infra",
                            "role": "roles/firebaserules.system"
                        },
                        "meta": {
                            "schema_version": 0
                        },
                        "tainted": false
                    },
                    "deposed": [],
                    "provider": "provider.google"
                },
                "google_project_iam_member.tfer--roles-002F-firestore-002E-serviceAgentserviceAccount-003A-service-1005246706141-0040-gcp-sa-firestore-002E-iam-002E-gserviceaccount-002E-com": {
                    "type": "google_project_iam_member",
                    "depends_on": [],
                    "primary": {
                        "id": "roles/firestore.serviceAgentserviceAccount:service-1005246706141@gcp-sa-firestore.iam.gserviceaccount.com",
                        "attributes": {
                            "condition.#": "0",
                            "etag": "BwYrOhnQZjw=",
                            "id": "roles/firestore.serviceAgentserviceAccount:service-1005246706141@gcp-sa-firestore.iam.gserviceaccount.com",
                            "member": "serviceAccount:service-1005246706141@gcp-sa-firestore.iam.gserviceaccount.com",
                            "project": "cal-itp-data-infra",
                            "role": "roles/firestore.serviceAgent"
                        },
                        "meta": {
                            "schema_version": 0
                        },
                        "tainted": false
                    },
                    "deposed": [],
                    "provider": "provider.google"
                },
                "google_project_iam_member.tfer--roles-002F-iam-002E-serviceAccountAdminuser-003A-charlie-002E-c-0040-jarv-002E-us": {
                    "type": "google_project_iam_member",
                    "depends_on": [],
                    "primary": {
                        "id": "roles/iam.serviceAccountAdminuser:charlie.c@jarv.us",
                        "attributes": {
                            "condition.#": "0",
                            "etag": "BwYrOhnQZjw=",
                            "id": "roles/iam.serviceAccountAdminuser:charlie.c@jarv.us",
                            "member": "user:charlie.c@jarv.us",
                            "project": "cal-itp-data-infra",
                            "role": "roles/iam.serviceAccountAdmin"
                        },
                        "meta": {
                            "schema_version": 0
                        },
                        "tainted": false
                    },
                    "deposed": [],
                    "provider": "provider.google"
                },
                "google_project_iam_member.tfer--roles-002F-iam-002E-serviceAccountKeyAdminuser-003A-charlie-002E-c-0040-jarv-002E-us": {
                    "type": "google_project_iam_member",
                    "depends_on": [],
                    "primary": {
                        "id": "roles/iam.serviceAccountKeyAdminuser:charlie.c@jarv.us",
                        "attributes": {
                            "condition.#": "0",
                            "etag": "BwYrOhnQZjw=",
                            "id": "roles/iam.serviceAccountKeyAdminuser:charlie.c@jarv.us",
                            "member": "user:charlie.c@jarv.us",
                            "project": "cal-itp-data-infra",
                            "role": "roles/iam.serviceAccountKeyAdmin"
                        },
                        "meta": {
                            "schema_version": 0
                        },
                        "tainted": false
                    },
                    "deposed": [],
                    "provider": "provider.google"
                },
                "google_project_iam_member.tfer--roles-002F-iam-002E-serviceAccountUserserviceAccount-003A-bq-transform-svcacct-0040-cal-itp-data-infra-002E-iam-002E-gserviceaccount-002E-com": {
                    "type": "google_project_iam_member",
                    "depends_on": [],
                    "primary": {
                        "id": "roles/iam.serviceAccountUserserviceAccount:bq-transform-svcacct@cal-itp-data-infra.iam.gserviceaccount.com",
                        "attributes": {
                            "condition.#": "0",
                            "etag": "BwYrOhnQZjw=",
                            "id": "roles/iam.serviceAccountUserserviceAccount:bq-transform-svcacct@cal-itp-data-infra.iam.gserviceaccount.com",
                            "member": "serviceAccount:bq-transform-svcacct@cal-itp-data-infra.iam.gserviceaccount.com",
                            "project": "cal-itp-data-infra",
                            "role": "roles/iam.serviceAccountUser"
                        },
                        "meta": {
                            "schema_version": 0
                        },
                        "tainted": false
                    },
                    "deposed": [],
                    "provider": "provider.google"
                },
                "google_project_iam_member.tfer--roles-002F-ownerserviceAccount-003A-cc-jarvus-airflow-0040-cal-itp-data-infra-002E-iam-002E-gserviceaccount-002E-com": {
                    "type": "google_project_iam_member",
                    "depends_on": [],
                    "primary": {
                        "id": "roles/ownerserviceAccount:cc-jarvus-airflow@cal-itp-data-infra.iam.gserviceaccount.com",
                        "attributes": {
                            "condition.#": "0",
                            "etag": "BwYrOhnQZjw=",
                            "id": "roles/ownerserviceAccount:cc-jarvus-airflow@cal-itp-data-infra.iam.gserviceaccount.com",
                            "member": "serviceAccount:cc-jarvus-airflow@cal-itp-data-infra.iam.gserviceaccount.com",
                            "project": "cal-itp-data-infra",
                            "role": "roles/owner"
                        },
                        "meta": {
                            "schema_version": 0
                        },
                        "tainted": false
                    },
                    "deposed": [],
                    "provider": "provider.google"
                },
                "google_project_iam_member.tfer--roles-002F-owneruser-003A-chris-0040-jarv-002E-us": {
                    "type": "google_project_iam_member",
                    "depends_on": [],
                    "primary": {
                        "id": "roles/owneruser:chris@jarv.us",
                        "attributes": {
                            "condition.#": "0",
                            "etag": "BwYrOhnQZjw=",
                            "id": "roles/owneruser:chris@jarv.us",
                            "member": "user:chris@jarv.us",
                            "project": "cal-itp-data-infra",
                            "role": "roles/owner"
                        },
                        "meta": {
                            "schema_version": 0
                        },
                        "tainted": false
                    },
                    "deposed": [],
                    "provider": "provider.google"
                },
                "google_project_iam_member.tfer--roles-002F-owneruser-003A-eric-0040-calitp-002E-org": {
                    "type": "google_project_iam_member",
                    "depends_on": [],
                    "primary": {
                        "id": "roles/owneruser:eric@calitp.org",
                        "attributes": {
                            "condition.#": "0",
                            "etag": "BwYrOhnQZjw=",
                            "id": "roles/owneruser:eric@calitp.org",
                            "member": "user:eric@calitp.org",
                            "project": "cal-itp-data-infra",
                            "role": "roles/owner"
                        },
                        "meta": {
                            "schema_version": 0
                        },
                        "tainted": false
                    },
                    "deposed": [],
                    "provider": "provider.google"
                },
                "google_project_iam_member.tfer--roles-002F-owneruser-003A-evan-0040-calitp-002E-org": {
                    "type": "google_project_iam_member",
                    "depends_on": [],
                    "primary": {
                        "id": "roles/owneruser:evan@calitp.org",
                        "attributes": {
                            "condition.#": "0",
                            "etag": "BwYrOhnQZjw=",
                            "id": "roles/owneruser:evan@calitp.org",
                            "member": "user:evan@calitp.org",
                            "project": "cal-itp-data-infra",
                            "role": "roles/owner"
                        },
                        "meta": {
                            "schema_version": 0
                        },
                        "tainted": false
                    },
                    "deposed": [],
                    "provider": "provider.google"
                },
                "google_project_iam_member.tfer--roles-002F-owneruser-003A-hunter-0040-calitp-002E-org": {
                    "type": "google_project_iam_member",
                    "depends_on": [],
                    "primary": {
                        "id": "roles/owneruser:hunter@calitp.org",
                        "attributes": {
                            "condition.#": "0",
                            "etag": "BwYrOhnQZjw=",
                            "id": "roles/owneruser:hunter@calitp.org",
                            "member": "user:hunter@calitp.org",
                            "project": "cal-itp-data-infra",
                            "role": "roles/owner"
                        },
                        "meta": {
                            "schema_version": 0
                        },
                        "tainted": false
                    },
                    "deposed": [],
                    "provider": "provider.google"
                },
                "google_project_iam_member.tfer--roles-002F-owneruser-003A-katrina-0040-calitp-002E-org": {
                    "type": "google_project_iam_member",
                    "depends_on": [],
                    "primary": {
                        "id": "roles/owneruser:katrina@calitp.org",
                        "attributes": {
                            "condition.#": "0",
                            "etag": "BwYrOhnQZjw=",
                            "id": "roles/owneruser:katrina@calitp.org",
                            "member": "user:katrina@calitp.org",
                            "project": "cal-itp-data-infra",
                            "role": "roles/owner"
                        },
                        "meta": {
                            "schema_version": 0
                        },
                        "tainted": false
                    },
                    "deposed": [],
                    "provider": "provider.google"
                },
                "google_project_iam_member.tfer--roles-002F-owneruser-003A-kegan-0040-compiler-002E-la": {
                    "type": "google_project_iam_member",
                    "depends_on": [],
                    "primary": {
                        "id": "roles/owneruser:kegan@compiler.la",
                        "attributes": {
                            "condition.#": "0",
                            "etag": "BwYrOhnQZjw=",
                            "id": "roles/owneruser:kegan@compiler.la",
                            "member": "user:kegan@compiler.la",
                            "project": "cal-itp-data-infra",
                            "role": "roles/owner"
                        },
                        "meta": {
                            "schema_version": 0
                        },
                        "tainted": false
                    },
                    "deposed": [],
                    "provider": "provider.google"
                },
                "google_project_iam_member.tfer--roles-002F-owneruser-003A-mjumbe-002E-p-0040-jarv-002E-us": {
                    "type": "google_project_iam_member",
                    "depends_on": [],
                    "primary": {
                        "id": "roles/owneruser:mjumbe.p@jarv.us",
                        "attributes": {
                            "condition.#": "0",
                            "etag": "BwYrOhnQZjw=",
                            "id": "roles/owneruser:mjumbe.p@jarv.us",
                            "member": "user:mjumbe.p@jarv.us",
                            "project": "cal-itp-data-infra",
                            "role": "roles/owner"
                        },
                        "meta": {
                            "schema_version": 0
                        },
                        "tainted": false
                    },
                    "deposed": [],
                    "provider": "provider.google"
                },
                "google_project_iam_member.tfer--roles-002F-owneruser-003A-tiffany-0040-calitp-002E-org": {
                    "type": "google_project_iam_member",
                    "depends_on": [],
                    "primary": {
                        "id": "roles/owneruser:tiffany@calitp.org",
                        "attributes": {
                            "condition.#": "0",
                            "etag": "BwYrOhnQZjw=",
                            "id": "roles/owneruser:tiffany@calitp.org",
                            "member": "user:tiffany@calitp.org",
                            "project": "cal-itp-data-infra",
                            "role": "roles/owner"
                        },
                        "meta": {
                            "schema_version": 0
                        },
                        "tainted": false
                    },
                    "deposed": [],
                    "provider": "provider.google"
                },
                "google_project_iam_member.tfer--roles-002F-resourcemanager-002E-projectIamAdminuser-003A-charlie-002E-c-0040-jarv-002E-us": {
                    "type": "google_project_iam_member",
                    "depends_on": [],
                    "primary": {
                        "id": "roles/resourcemanager.projectIamAdminuser:charlie.c@jarv.us",
                        "attributes": {
                            "condition.#": "0",
                            "etag": "BwYrOhnQZjw=",
                            "id": "roles/resourcemanager.projectIamAdminuser:charlie.c@jarv.us",
                            "member": "user:charlie.c@jarv.us",
                            "project": "cal-itp-data-infra",
                            "role": "roles/resourcemanager.projectIamAdmin"
                        },
                        "meta": {
                            "schema_version": 0
                        },
                        "tainted": false
                    },
                    "deposed": [],
                    "provider": "provider.google"
                },
                "google_project_iam_member.tfer--roles-002F-run-002E-serviceAgentserviceAccount-003A-service-1005246706141-0040-serverless-robot-prod-002E-iam-002E-gserviceaccount-002E-com": {
                    "type": "google_project_iam_member",
                    "depends_on": [],
                    "primary": {
                        "id": "roles/run.serviceAgentserviceAccount:service-1005246706141@serverless-robot-prod.iam.gserviceaccount.com",
                        "attributes": {
                            "condition.#": "0",
                            "etag": "BwYrOhnQZjw=",
                            "id": "roles/run.serviceAgentserviceAccount:service-1005246706141@serverless-robot-prod.iam.gserviceaccount.com",
                            "member": "serviceAccount:service-1005246706141@serverless-robot-prod.iam.gserviceaccount.com",
                            "project": "cal-itp-data-infra",
                            "role": "roles/run.serviceAgent"
                        },
                        "meta": {
                            "schema_version": 0
                        },
                        "tainted": false
                    },
                    "deposed": [],
                    "provider": "provider.google"
                },
                "google_project_iam_member.tfer--roles-002F-secretmanager-002E-adminuser-003A-doc-0040-ministryofvelocity-002E-com": {
                    "type": "google_project_iam_member",
                    "depends_on": [],
                    "primary": {
                        "id": "roles/secretmanager.adminuser:doc@ministryofvelocity.com",
                        "attributes": {
                            "condition.#": "0",
                            "etag": "BwYrOhnQZjw=",
                            "id": "roles/secretmanager.adminuser:doc@ministryofvelocity.com",
                            "member": "user:doc@ministryofvelocity.com",
                            "project": "cal-itp-data-infra",
                            "role": "roles/secretmanager.admin"
                        },
                        "meta": {
                            "schema_version": 0
                        },
                        "tainted": false
                    },
                    "deposed": [],
                    "provider": "provider.google"
                },
                "google_project_iam_member.tfer--roles-002F-secretmanager-002E-adminuser-003A-farhad-002E-salemi-0040-calitp-002E-org": {
                    "type": "google_project_iam_member",
                    "depends_on": [],
                    "primary": {
                        "id": "roles/secretmanager.adminuser:farhad.salemi@calitp.org",
                        "attributes": {
                            "condition.#": "0",
                            "etag": "BwYrOhnQZjw=",
                            "id": "roles/secretmanager.adminuser:farhad.salemi@calitp.org",
                            "member": "user:farhad.salemi@calitp.org",
                            "project": "cal-itp-data-infra",
                            "role": "roles/secretmanager.admin"
                        },
                        "meta": {
                            "schema_version": 0
                        },
                        "tainted": false
                    },
                    "deposed": [],
                    "provider": "provider.google"
                },
                "google_project_iam_member.tfer--roles-002F-secretmanager-002E-adminuser-003A-vivek-0040-calitp-002E-org": {
                    "type": "google_project_iam_member",
                    "depends_on": [],
                    "primary": {
                        "id": "roles/secretmanager.adminuser:vivek@calitp.org",
                        "attributes": {
                            "condition.#": "0",
                            "etag": "BwYrOhnQZjw=",
                            "id": "roles/secretmanager.adminuser:vivek@calitp.org",
                            "member": "user:vivek@calitp.org",
                            "project": "cal-itp-data-infra",
                            "role": "roles/secretmanager.admin"
                        },
                        "meta": {
                            "schema_version": 0
                        },
                        "tainted": false
                    },
                    "deposed": [],
                    "provider": "provider.google"
                },
                "google_project_iam_member.tfer--roles-002F-secretmanager-002E-secretAccessorserviceAccount-003A-1005246706141-compute-0040-developer-002E-gserviceaccount-002E-com": {
                    "type": "google_project_iam_member",
                    "depends_on": [],
                    "primary": {
                        "id": "roles/secretmanager.secretAccessorserviceAccount:1005246706141-compute@developer.gserviceaccount.com",
                        "attributes": {
                            "condition.#": "0",
                            "etag": "BwYrOhnQZjw=",
                            "id": "roles/secretmanager.secretAccessorserviceAccount:1005246706141-compute@developer.gserviceaccount.com",
                            "member": "serviceAccount:1005246706141-compute@developer.gserviceaccount.com",
                            "project": "cal-itp-data-infra",
                            "role": "roles/secretmanager.secretAccessor"
                        },
                        "meta": {
                            "schema_version": 0
                        },
                        "tainted": false
                    },
                    "deposed": [],
                    "provider": "provider.google"
                },
                "google_project_iam_member.tfer--roles-002F-secretmanager-002E-secretAccessorserviceAccount-003A-composer2-service-account-0040-cal-itp-data-infra-002E-iam-002E-gserviceaccount-002E-com": {
                    "type": "google_project_iam_member",
                    "depends_on": [],
                    "primary": {
                        "id": "roles/secretmanager.secretAccessorserviceAccount:composer2-service-account@cal-itp-data-infra.iam.gserviceaccount.com",
                        "attributes": {
                            "condition.#": "0",
                            "etag": "BwYrOhnQZjw=",
                            "id": "roles/secretmanager.secretAccessorserviceAccount:composer2-service-account@cal-itp-data-infra.iam.gserviceaccount.com",
                            "member": "serviceAccount:composer2-service-account@cal-itp-data-infra.iam.gserviceaccount.com",
                            "project": "cal-itp-data-infra",
                            "role": "roles/secretmanager.secretAccessor"
                        },
                        "meta": {
                            "schema_version": 0
                        },
                        "tainted": false
                    },
                    "deposed": [],
                    "provider": "provider.google"
                },
                "google_project_iam_member.tfer--roles-002F-secretmanager-002E-secretAccessorserviceAccount-003A-dev-gtfs-rt-archiver-v3-0040-cal-itp-data-infra-002E-iam-002E-gserviceaccount-002E-com": {
                    "type": "google_project_iam_member",
                    "depends_on": [],
                    "primary": {
                        "id": "roles/secretmanager.secretAccessorserviceAccount:dev-gtfs-rt-archiver-v3@cal-itp-data-infra.iam.gserviceaccount.com",
                        "attributes": {
                            "condition.#": "0",
                            "etag": "BwYrOhnQZjw=",
                            "id": "roles/secretmanager.secretAccessorserviceAccount:dev-gtfs-rt-archiver-v3@cal-itp-data-infra.iam.gserviceaccount.com",
                            "member": "serviceAccount:dev-gtfs-rt-archiver-v3@cal-itp-data-infra.iam.gserviceaccount.com",
                            "project": "cal-itp-data-infra",
                            "role": "roles/secretmanager.secretAccessor"
                        },
                        "meta": {
                            "schema_version": 0
                        },
                        "tainted": false
                    },
                    "deposed": [],
                    "provider": "provider.google"
                },
                "google_project_iam_member.tfer--roles-002F-secretmanager-002E-secretAccessorserviceAccount-003A-github-actions-services-accoun-0040-cal-itp-data-infra-002E-iam-002E-gserviceaccount-002E-com": {
                    "type": "google_project_iam_member",
                    "depends_on": [],
                    "primary": {
                        "id": "roles/secretmanager.secretAccessorserviceAccount:github-actions-services-accoun@cal-itp-data-infra.iam.gserviceaccount.com",
                        "attributes": {
                            "condition.#": "0",
                            "etag": "BwYrOhnQZjw=",
                            "id": "roles/secretmanager.secretAccessorserviceAccount:github-actions-services-accoun@cal-itp-data-infra.iam.gserviceaccount.com",
                            "member": "serviceAccount:github-actions-services-accoun@cal-itp-data-infra.iam.gserviceaccount.com",
                            "project": "cal-itp-data-infra",
                            "role": "roles/secretmanager.secretAccessor"
                        },
                        "meta": {
                            "schema_version": 0
                        },
                        "tainted": false
                    },
                    "deposed": [],
                    "provider": "provider.google"
                },
                "google_project_iam_member.tfer--roles-002F-secretmanager-002E-secretAccessorserviceAccount-003A-gtfs-rt-archiver-v3-0040-cal-itp-data-infra-002E-iam-002E-gserviceaccount-002E-com": {
                    "type": "google_project_iam_member",
                    "depends_on": [],
                    "primary": {
                        "id": "roles/secretmanager.secretAccessorserviceAccount:gtfs-rt-archiver-v3@cal-itp-data-infra.iam.gserviceaccount.com",
                        "attributes": {
                            "condition.#": "0",
                            "etag": "BwYrOhnQZjw=",
                            "id": "roles/secretmanager.secretAccessorserviceAccount:gtfs-rt-archiver-v3@cal-itp-data-infra.iam.gserviceaccount.com",
                            "member": "serviceAccount:gtfs-rt-archiver-v3@cal-itp-data-infra.iam.gserviceaccount.com",
                            "project": "cal-itp-data-infra",
                            "role": "roles/secretmanager.secretAccessor"
                        },
                        "meta": {
                            "schema_version": 0
                        },
                        "tainted": false
                    },
                    "deposed": [],
                    "provider": "provider.google"
                },
                "google_project_iam_member.tfer--roles-002F-secretmanager-002E-secretAccessoruser-003A-charlie-002E-c-0040-jarv-002E-us": {
                    "type": "google_project_iam_member",
                    "depends_on": [],
                    "primary": {
                        "id": "roles/secretmanager.secretAccessoruser:charlie.c@jarv.us",
                        "attributes": {
                            "condition.#": "0",
                            "etag": "BwYrOhnQZjw=",
                            "id": "roles/secretmanager.secretAccessoruser:charlie.c@jarv.us",
                            "member": "user:charlie.c@jarv.us",
                            "project": "cal-itp-data-infra",
                            "role": "roles/secretmanager.secretAccessor"
                        },
                        "meta": {
                            "schema_version": 0
                        },
                        "tainted": false
                    },
                    "deposed": [],
                    "provider": "provider.google"
                },
                "google_project_iam_member.tfer--roles-002F-secretmanager-002E-secretAccessoruser-003A-machiko-0040-compiler-002E-la": {
                    "type": "google_project_iam_member",
                    "depends_on": [],
                    "primary": {
                        "id": "roles/secretmanager.secretAccessoruser:machiko@compiler.la",
                        "attributes": {
                            "condition.#": "0",
                            "etag": "BwYrOhnQZjw=",
                            "id": "roles/secretmanager.secretAccessoruser:machiko@compiler.la",
                            "member": "user:machiko@compiler.la",
                            "project": "cal-itp-data-infra",
                            "role": "roles/secretmanager.secretAccessor"
                        },
                        "meta": {
                            "schema_version": 0
                        },
                        "tainted": false
                    },
                    "deposed": [],
                    "provider": "provider.google"
                },
                "google_project_iam_member.tfer--roles-002F-secretmanager-002E-secretAccessoruser-003A-vlad-0040-compiler-002E-la": {
                    "type": "google_project_iam_member",
                    "depends_on": [],
                    "primary": {
                        "id": "roles/secretmanager.secretAccessoruser:vlad@compiler.la",
                        "attributes": {
                            "condition.#": "0",
                            "etag": "BwYrOhnQZjw=",
                            "id": "roles/secretmanager.secretAccessoruser:vlad@compiler.la",
                            "member": "user:vlad@compiler.la",
                            "project": "cal-itp-data-infra",
                            "role": "roles/secretmanager.secretAccessor"
                        },
                        "meta": {
                            "schema_version": 0
                        },
                        "tainted": false
                    },
                    "deposed": [],
                    "provider": "provider.google"
                },
                "google_project_iam_member.tfer--roles-002F-secretmanager-002E-viewerserviceAccount-003A-1005246706141-compute-0040-developer-002E-gserviceaccount-002E-com": {
                    "type": "google_project_iam_member",
                    "depends_on": [],
                    "primary": {
                        "id": "roles/secretmanager.viewerserviceAccount:1005246706141-compute@developer.gserviceaccount.com",
                        "attributes": {
                            "condition.#": "0",
                            "etag": "BwYrOhnQZjw=",
                            "id": "roles/secretmanager.viewerserviceAccount:1005246706141-compute@developer.gserviceaccount.com",
                            "member": "serviceAccount:1005246706141-compute@developer.gserviceaccount.com",
                            "project": "cal-itp-data-infra",
                            "role": "roles/secretmanager.viewer"
                        },
                        "meta": {
                            "schema_version": 0
                        },
                        "tainted": false
                    },
                    "deposed": [],
                    "provider": "provider.google"
                },
                "google_project_iam_member.tfer--roles-002F-secretmanager-002E-viewerserviceAccount-003A-composer2-service-account-0040-cal-itp-data-infra-002E-iam-002E-gserviceaccount-002E-com": {
                    "type": "google_project_iam_member",
                    "depends_on": [],
                    "primary": {
                        "id": "roles/secretmanager.viewerserviceAccount:composer2-service-account@cal-itp-data-infra.iam.gserviceaccount.com",
                        "attributes": {
                            "condition.#": "0",
                            "etag": "BwYrOhnQZjw=",
                            "id": "roles/secretmanager.viewerserviceAccount:composer2-service-account@cal-itp-data-infra.iam.gserviceaccount.com",
                            "member": "serviceAccount:composer2-service-account@cal-itp-data-infra.iam.gserviceaccount.com",
                            "project": "cal-itp-data-infra",
                            "role": "roles/secretmanager.viewer"
                        },
                        "meta": {
                            "schema_version": 0
                        },
                        "tainted": false
                    },
                    "deposed": [],
                    "provider": "provider.google"
                },
                "google_project_iam_member.tfer--roles-002F-secretmanager-002E-viewerserviceAccount-003A-dev-gtfs-rt-archiver-v3-0040-cal-itp-data-infra-002E-iam-002E-gserviceaccount-002E-com": {
                    "type": "google_project_iam_member",
                    "depends_on": [],
                    "primary": {
                        "id": "roles/secretmanager.viewerserviceAccount:dev-gtfs-rt-archiver-v3@cal-itp-data-infra.iam.gserviceaccount.com",
                        "attributes": {
                            "condition.#": "0",
                            "etag": "BwYrOhnQZjw=",
                            "id": "roles/secretmanager.viewerserviceAccount:dev-gtfs-rt-archiver-v3@cal-itp-data-infra.iam.gserviceaccount.com",
                            "member": "serviceAccount:dev-gtfs-rt-archiver-v3@cal-itp-data-infra.iam.gserviceaccount.com",
                            "project": "cal-itp-data-infra",
                            "role": "roles/secretmanager.viewer"
                        },
                        "meta": {
                            "schema_version": 0
                        },
                        "tainted": false
                    },
                    "deposed": [],
                    "provider": "provider.google"
                },
                "google_project_iam_member.tfer--roles-002F-secretmanager-002E-viewerserviceAccount-003A-gtfs-rt-archiver-v3-0040-cal-itp-data-infra-002E-iam-002E-gserviceaccount-002E-com": {
                    "type": "google_project_iam_member",
                    "depends_on": [],
                    "primary": {
                        "id": "roles/secretmanager.viewerserviceAccount:gtfs-rt-archiver-v3@cal-itp-data-infra.iam.gserviceaccount.com",
                        "attributes": {
                            "condition.#": "0",
                            "etag": "BwYrOhnQZjw=",
                            "id": "roles/secretmanager.viewerserviceAccount:gtfs-rt-archiver-v3@cal-itp-data-infra.iam.gserviceaccount.com",
                            "member": "serviceAccount:gtfs-rt-archiver-v3@cal-itp-data-infra.iam.gserviceaccount.com",
                            "project": "cal-itp-data-infra",
                            "role": "roles/secretmanager.viewer"
                        },
                        "meta": {
                            "schema_version": 0
                        },
                        "tainted": false
                    },
                    "deposed": [],
                    "provider": "provider.google"
                },
                "google_project_iam_member.tfer--roles-002F-serviceusage-002E-serviceUsageConsumeruser-003A-amanda-0040-calitp-002E-org": {
                    "type": "google_project_iam_member",
                    "depends_on": [],
                    "primary": {
                        "id": "roles/serviceusage.serviceUsageConsumeruser:amanda@calitp.org",
                        "attributes": {
                            "condition.#": "0",
                            "etag": "BwYrOhnQZjw=",
                            "id": "roles/serviceusage.serviceUsageConsumeruser:amanda@calitp.org",
                            "member": "user:amanda@calitp.org",
                            "project": "cal-itp-data-infra",
                            "role": "roles/serviceusage.serviceUsageConsumer"
                        },
                        "meta": {
                            "schema_version": 0
                        },
                        "tainted": false
                    },
                    "deposed": [],
                    "provider": "provider.google"
                },
                "google_project_iam_member.tfer--roles-002F-serviceusage-002E-serviceUsageConsumeruser-003A-charlie-002E-c-0040-jarv-002E-us": {
                    "type": "google_project_iam_member",
                    "depends_on": [],
                    "primary": {
                        "id": "roles/serviceusage.serviceUsageConsumeruser:charlie.c@jarv.us",
                        "attributes": {
                            "condition.#": "0",
                            "etag": "BwYrOhnQZjw=",
                            "id": "roles/serviceusage.serviceUsageConsumeruser:charlie.c@jarv.us",
                            "member": "user:charlie.c@jarv.us",
                            "project": "cal-itp-data-infra",
                            "role": "roles/serviceusage.serviceUsageConsumer"
                        },
                        "meta": {
                            "schema_version": 0
                        },
                        "tainted": false
                    },
                    "deposed": [],
                    "provider": "provider.google"
                },
                "google_project_iam_member.tfer--roles-002F-serviceusage-002E-serviceUsageConsumeruser-003A-christian-0040-calitp-002E-org": {
                    "type": "google_project_iam_member",
                    "depends_on": [],
                    "primary": {
                        "id": "roles/serviceusage.serviceUsageConsumeruser:christian@calitp.org",
                        "attributes": {
                            "condition.#": "0",
                            "etag": "BwYrOhnQZjw=",
                            "id": "roles/serviceusage.serviceUsageConsumeruser:christian@calitp.org",
                            "member": "user:christian@calitp.org",
                            "project": "cal-itp-data-infra",
                            "role": "roles/serviceusage.serviceUsageConsumer"
                        },
                        "meta": {
                            "schema_version": 0
                        },
                        "tainted": false
                    },
                    "deposed": [],
                    "provider": "provider.google"
                },
                "google_project_iam_member.tfer--roles-002F-serviceusage-002E-serviceUsageConsumeruser-003A-doc-0040-ministryofvelocity-002E-com": {
                    "type": "google_project_iam_member",
                    "depends_on": [],
                    "primary": {
                        "id": "roles/serviceusage.serviceUsageConsumeruser:doc@ministryofvelocity.com",
                        "attributes": {
                            "condition.#": "0",
                            "etag": "BwYrOhnQZjw=",
                            "id": "roles/serviceusage.serviceUsageConsumeruser:doc@ministryofvelocity.com",
                            "member": "user:doc@ministryofvelocity.com",
                            "project": "cal-itp-data-infra",
                            "role": "roles/serviceusage.serviceUsageConsumer"
                        },
                        "meta": {
                            "schema_version": 0
                        },
                        "tainted": false
                    },
                    "deposed": [],
                    "provider": "provider.google"
                },
                "google_project_iam_member.tfer--roles-002F-serviceusage-002E-serviceUsageConsumeruser-003A-erika-0040-ministryofvelocity-002E-com": {
                    "type": "google_project_iam_member",
                    "depends_on": [],
                    "primary": {
                        "id": "roles/serviceusage.serviceUsageConsumeruser:erika@ministryofvelocity.com",
                        "attributes": {
                            "condition.#": "0",
                            "etag": "BwYrOhnQZjw=",
                            "id": "roles/serviceusage.serviceUsageConsumeruser:erika@ministryofvelocity.com",
                            "member": "user:erika@ministryofvelocity.com",
                            "project": "cal-itp-data-infra",
                            "role": "roles/serviceusage.serviceUsageConsumer"
                        },
                        "meta": {
                            "schema_version": 0
                        },
                        "tainted": false
                    },
                    "deposed": [],
                    "provider": "provider.google"
                },
                "google_project_iam_member.tfer--roles-002F-serviceusage-002E-serviceUsageConsumeruser-003A-farhad-002E-salemi-0040-calitp-002E-org": {
                    "type": "google_project_iam_member",
                    "depends_on": [],
                    "primary": {
                        "id": "roles/serviceusage.serviceUsageConsumeruser:farhad.salemi@calitp.org",
                        "attributes": {
                            "condition.#": "0",
                            "etag": "BwYrOhnQZjw=",
                            "id": "roles/serviceusage.serviceUsageConsumeruser:farhad.salemi@calitp.org",
                            "member": "user:farhad.salemi@calitp.org",
                            "project": "cal-itp-data-infra",
                            "role": "roles/serviceusage.serviceUsageConsumer"
                        },
                        "meta": {
                            "schema_version": 0
                        },
                        "tainted": false
                    },
                    "deposed": [],
                    "provider": "provider.google"
                },
                "google_project_iam_member.tfer--roles-002F-serviceusage-002E-serviceUsageConsumeruser-003A-natalie-0040-calitp-002E-org": {
                    "type": "google_project_iam_member",
                    "depends_on": [],
                    "primary": {
                        "id": "roles/serviceusage.serviceUsageConsumeruser:natalie@calitp.org",
                        "attributes": {
                            "condition.#": "0",
                            "etag": "BwYrOhnQZjw=",
                            "id": "roles/serviceusage.serviceUsageConsumeruser:natalie@calitp.org",
                            "member": "user:natalie@calitp.org",
                            "project": "cal-itp-data-infra",
                            "role": "roles/serviceusage.serviceUsageConsumer"
                        },
                        "meta": {
                            "schema_version": 0
                        },
                        "tainted": false
                    },
                    "deposed": [],
                    "provider": "provider.google"
                },
                "google_project_iam_member.tfer--roles-002F-serviceusage-002E-serviceUsageConsumeruser-003A-shweta-0040-calitp-002E-org": {
                    "type": "google_project_iam_member",
                    "depends_on": [],
                    "primary": {
                        "id": "roles/serviceusage.serviceUsageConsumeruser:shweta@calitp.org",
                        "attributes": {
                            "condition.#": "0",
                            "etag": "BwYrOhnQZjw=",
                            "id": "roles/serviceusage.serviceUsageConsumeruser:shweta@calitp.org",
                            "member": "user:shweta@calitp.org",
                            "project": "cal-itp-data-infra",
                            "role": "roles/serviceusage.serviceUsageConsumer"
                        },
                        "meta": {
                            "schema_version": 0
                        },
                        "tainted": false
                    },
                    "deposed": [],
                    "provider": "provider.google"
                },
                "google_project_iam_member.tfer--roles-002F-serviceusage-002E-serviceUsageConsumeruser-003A-vivek-0040-calitp-002E-org": {
                    "type": "google_project_iam_member",
                    "depends_on": [],
                    "primary": {
                        "id": "roles/serviceusage.serviceUsageConsumeruser:vivek@calitp.org",
                        "attributes": {
                            "condition.#": "0",
                            "etag": "BwYrOhnQZjw=",
                            "id": "roles/serviceusage.serviceUsageConsumeruser:vivek@calitp.org",
                            "member": "user:vivek@calitp.org",
                            "project": "cal-itp-data-infra",
                            "role": "roles/serviceusage.serviceUsageConsumer"
                        },
                        "meta": {
                            "schema_version": 0
                        },
                        "tainted": false
                    },
                    "deposed": [],
                    "provider": "provider.google"
                },
                "google_project_iam_member.tfer--roles-002F-storage-002E-adminserviceAccount-003A-amplitude-export-0040-cal-itp-data-infra-002E-iam-002E-gserviceaccount-002E-com": {
                    "type": "google_project_iam_member",
                    "depends_on": [],
                    "primary": {
                        "id": "roles/storage.adminserviceAccount:amplitude-export@cal-itp-data-infra.iam.gserviceaccount.com",
                        "attributes": {
                            "condition.#": "0",
                            "etag": "BwYrOhnQZjw=",
                            "id": "roles/storage.adminserviceAccount:amplitude-export@cal-itp-data-infra.iam.gserviceaccount.com",
                            "member": "serviceAccount:amplitude-export@cal-itp-data-infra.iam.gserviceaccount.com",
                            "project": "cal-itp-data-infra",
                            "role": "roles/storage.admin"
                        },
                        "meta": {
                            "schema_version": 0
                        },
                        "tainted": false
                    },
                    "deposed": [],
                    "provider": "provider.google"
                },
                "google_project_iam_member.tfer--roles-002F-storage-002E-adminserviceAccount-003A-github-actions-services-accoun-0040-cal-itp-data-infra-002E-iam-002E-gserviceaccount-002E-com": {
                    "type": "google_project_iam_member",
                    "depends_on": [],
                    "primary": {
                        "id": "roles/storage.adminserviceAccount:github-actions-services-accoun@cal-itp-data-infra.iam.gserviceaccount.com",
                        "attributes": {
                            "condition.#": "0",
                            "etag": "BwYrOhnQZjw=",
                            "id": "roles/storage.adminserviceAccount:github-actions-services-accoun@cal-itp-data-infra.iam.gserviceaccount.com",
                            "member": "serviceAccount:github-actions-services-accoun@cal-itp-data-infra.iam.gserviceaccount.com",
                            "project": "cal-itp-data-infra",
                            "role": "roles/storage.admin"
                        },
                        "meta": {
                            "schema_version": 0
                        },
                        "tainted": false
                    },
                    "deposed": [],
                    "provider": "provider.google"
                },
                "google_project_iam_member.tfer--roles-002F-storage-002E-adminserviceAccount-003A-service-1005246706141-0040-gcp-sa-storageinsights-002E-iam-002E-gserviceaccount-002E-com": {
                    "type": "google_project_iam_member",
                    "depends_on": [],
                    "primary": {
                        "id": "roles/storage.adminserviceAccount:service-1005246706141@gcp-sa-storageinsights.iam.gserviceaccount.com",
                        "attributes": {
                            "condition.#": "0",
                            "etag": "BwYrOhnQZjw=",
                            "id": "roles/storage.adminserviceAccount:service-1005246706141@gcp-sa-storageinsights.iam.gserviceaccount.com",
                            "member": "serviceAccount:service-1005246706141@gcp-sa-storageinsights.iam.gserviceaccount.com",
                            "project": "cal-itp-data-infra",
                            "role": "roles/storage.admin"
                        },
                        "meta": {
                            "schema_version": 0
                        },
                        "tainted": false
                    },
                    "deposed": [],
                    "provider": "provider.google"
                },
                "google_project_iam_member.tfer--roles-002F-storage-002E-adminuser-003A-charlie-002E-c-0040-jarv-002E-us": {
                    "type": "google_project_iam_member",
                    "depends_on": [],
                    "primary": {
                        "id": "roles/storage.adminuser:charlie.c@jarv.us",
                        "attributes": {
                            "condition.#": "0",
                            "etag": "BwYrOhnQZjw=",
                            "id": "roles/storage.adminuser:charlie.c@jarv.us",
                            "member": "user:charlie.c@jarv.us",
                            "project": "cal-itp-data-infra",
                            "role": "roles/storage.admin"
                        },
                        "meta": {
                            "schema_version": 0
                        },
                        "tainted": false
                    },
                    "deposed": [],
                    "provider": "provider.google"
                },
                "google_project_iam_member.tfer--roles-002F-storage-002E-adminuser-003A-erika-0040-ministryofvelocity-002E-com": {
                    "type": "google_project_iam_member",
                    "depends_on": [],
                    "primary": {
                        "id": "roles/storage.adminuser:erika@ministryofvelocity.com",
                        "attributes": {
                            "condition.#": "0",
                            "etag": "BwYrOhnQZjw=",
                            "id": "roles/storage.adminuser:erika@ministryofvelocity.com",
                            "member": "user:erika@ministryofvelocity.com",
                            "project": "cal-itp-data-infra",
                            "role": "roles/storage.admin"
                        },
                        "meta": {
                            "schema_version": 0
                        },
                        "tainted": false
                    },
                    "deposed": [],
                    "provider": "provider.google"
                },
                "google_project_iam_member.tfer--roles-002F-storage-002E-adminuser-003A-jeremyscottowades-0040-gmail-002E-com": {
                    "type": "google_project_iam_member",
                    "depends_on": [],
                    "primary": {
                        "id": "roles/storage.adminuser:jeremyscottowades@gmail.com",
                        "attributes": {
                            "condition.#": "0",
                            "etag": "BwYrOhnQZjw=",
                            "id": "roles/storage.adminuser:jeremyscottowades@gmail.com",
                            "member": "user:jeremyscottowades@gmail.com",
                            "project": "cal-itp-data-infra",
                            "role": "roles/storage.admin"
                        },
                        "meta": {
                            "schema_version": 0
                        },
                        "tainted": false
                    },
                    "deposed": [],
                    "provider": "provider.google"
                },
                "google_project_iam_member.tfer--roles-002F-storage-002E-adminuser-003A-natalie-0040-calitp-002E-org": {
                    "type": "google_project_iam_member",
                    "depends_on": [],
                    "primary": {
                        "id": "roles/storage.adminuser:natalie@calitp.org",
                        "attributes": {
                            "condition.#": "0",
                            "etag": "BwYrOhnQZjw=",
                            "id": "roles/storage.adminuser:natalie@calitp.org",
                            "member": "user:natalie@calitp.org",
                            "project": "cal-itp-data-infra",
                            "role": "roles/storage.admin"
                        },
                        "meta": {
                            "schema_version": 0
                        },
                        "tainted": false
                    },
                    "deposed": [],
                    "provider": "provider.google"
                },
                "google_project_iam_member.tfer--roles-002F-storage-002E-adminuser-003A-vivek-0040-calitp-002E-org": {
                    "type": "google_project_iam_member",
                    "depends_on": [],
                    "primary": {
                        "id": "roles/storage.adminuser:vivek@calitp.org",
                        "attributes": {
                            "condition.#": "0",
                            "etag": "BwYrOhnQZjw=",
                            "id": "roles/storage.adminuser:vivek@calitp.org",
                            "member": "user:vivek@calitp.org",
                            "project": "cal-itp-data-infra",
                            "role": "roles/storage.admin"
                        },
                        "meta": {
                            "schema_version": 0
                        },
                        "tainted": false
                    },
                    "deposed": [],
                    "provider": "provider.google"
                },
                "google_project_iam_member.tfer--roles-002F-storage-002E-objectAdminserviceAccount-003A-amplitude-export-0040-cal-itp-data-infra-002E-iam-002E-gserviceaccount-002E-com": {
                    "type": "google_project_iam_member",
                    "depends_on": [],
                    "primary": {
                        "id": "roles/storage.objectAdminserviceAccount:amplitude-export@cal-itp-data-infra.iam.gserviceaccount.com",
                        "attributes": {
                            "condition.#": "0",
                            "etag": "BwYrOhnQZjw=",
                            "id": "roles/storage.objectAdminserviceAccount:amplitude-export@cal-itp-data-infra.iam.gserviceaccount.com",
                            "member": "serviceAccount:amplitude-export@cal-itp-data-infra.iam.gserviceaccount.com",
                            "project": "cal-itp-data-infra",
                            "role": "roles/storage.objectAdmin"
                        },
                        "meta": {
                            "schema_version": 0
                        },
                        "tainted": false
                    },
                    "deposed": [],
                    "provider": "provider.google"
                },
                "google_project_iam_member.tfer--roles-002F-storage-002E-objectAdminserviceAccount-003A-bq-transform-svcacct-0040-cal-itp-data-infra-002E-iam-002E-gserviceaccount-002E-com": {
                    "type": "google_project_iam_member",
                    "depends_on": [],
                    "primary": {
                        "id": "roles/storage.objectAdminserviceAccount:bq-transform-svcacct@cal-itp-data-infra.iam.gserviceaccount.com",
                        "attributes": {
                            "condition.#": "0",
                            "etag": "BwYrOhnQZjw=",
                            "id": "roles/storage.objectAdminserviceAccount:bq-transform-svcacct@cal-itp-data-infra.iam.gserviceaccount.com",
                            "member": "serviceAccount:bq-transform-svcacct@cal-itp-data-infra.iam.gserviceaccount.com",
                            "project": "cal-itp-data-infra",
                            "role": "roles/storage.objectAdmin"
                        },
                        "meta": {
                            "schema_version": 0
                        },
                        "tainted": false
                    },
                    "deposed": [],
                    "provider": "provider.google"
                },
                "google_project_iam_member.tfer--roles-002F-storage-002E-objectAdminuser-003A-amanda-0040-calitp-002E-org": {
                    "type": "google_project_iam_member",
                    "depends_on": [],
                    "primary": {
                        "id": "roles/storage.objectAdminuser:amanda@calitp.org",
                        "attributes": {
                            "condition.#": "0",
                            "etag": "BwYrOhnQZjw=",
                            "id": "roles/storage.objectAdminuser:amanda@calitp.org",
                            "member": "user:amanda@calitp.org",
                            "project": "cal-itp-data-infra",
                            "role": "roles/storage.objectAdmin"
                        },
                        "meta": {
                            "schema_version": 0
                        },
                        "tainted": false
                    },
                    "deposed": [],
                    "provider": "provider.google"
                },
                "google_project_iam_member.tfer--roles-002F-storage-002E-objectAdminuser-003A-cathy-0040-calitp-002E-org": {
                    "type": "google_project_iam_member",
                    "depends_on": [],
                    "primary": {
                        "id": "roles/storage.objectAdminuser:cathy@calitp.org",
                        "attributes": {
                            "condition.#": "0",
                            "etag": "BwYrOhnQZjw=",
                            "id": "roles/storage.objectAdminuser:cathy@calitp.org",
                            "member": "user:cathy@calitp.org",
                            "project": "cal-itp-data-infra",
                            "role": "roles/storage.objectAdmin"
                        },
                        "meta": {
                            "schema_version": 0
                        },
                        "tainted": false
                    },
                    "deposed": [],
                    "provider": "provider.google"
                },
                "google_project_iam_member.tfer--roles-002F-storage-002E-objectAdminuser-003A-christian-0040-calitp-002E-org": {
                    "type": "google_project_iam_member",
                    "depends_on": [],
                    "primary": {
                        "id": "roles/storage.objectAdminuser:christian@calitp.org",
                        "attributes": {
                            "condition.#": "0",
                            "etag": "BwYrOhnQZjw=",
                            "id": "roles/storage.objectAdminuser:christian@calitp.org",
                            "member": "user:christian@calitp.org",
                            "project": "cal-itp-data-infra",
                            "role": "roles/storage.objectAdmin"
                        },
                        "meta": {
                            "schema_version": 0
                        },
                        "tainted": false
                    },
                    "deposed": [],
                    "provider": "provider.google"
                },
                "google_project_iam_member.tfer--roles-002F-storage-002E-objectAdminuser-003A-doc-0040-ministryofvelocity-002E-com": {
                    "type": "google_project_iam_member",
                    "depends_on": [],
                    "primary": {
                        "id": "roles/storage.objectAdminuser:doc@ministryofvelocity.com",
                        "attributes": {
                            "condition.#": "0",
                            "etag": "BwYrOhnQZjw=",
                            "id": "roles/storage.objectAdminuser:doc@ministryofvelocity.com",
                            "member": "user:doc@ministryofvelocity.com",
                            "project": "cal-itp-data-infra",
                            "role": "roles/storage.objectAdmin"
                        },
                        "meta": {
                            "schema_version": 0
                        },
                        "tainted": false
                    },
                    "deposed": [],
                    "provider": "provider.google"
                },
                "google_project_iam_member.tfer--roles-002F-storage-002E-objectAdminuser-003A-erika-0040-ministryofvelocity-002E-com": {
                    "type": "google_project_iam_member",
                    "depends_on": [],
                    "primary": {
                        "id": "roles/storage.objectAdminuser:erika@ministryofvelocity.com",
                        "attributes": {
                            "condition.#": "0",
                            "etag": "BwYrOhnQZjw=",
                            "id": "roles/storage.objectAdminuser:erika@ministryofvelocity.com",
                            "member": "user:erika@ministryofvelocity.com",
                            "project": "cal-itp-data-infra",
                            "role": "roles/storage.objectAdmin"
                        },
                        "meta": {
                            "schema_version": 0
                        },
                        "tainted": false
                    },
                    "deposed": [],
                    "provider": "provider.google"
                },
                "google_project_iam_member.tfer--roles-002F-storage-002E-objectAdminuser-003A-farhad-002E-salemi-0040-calitp-002E-org": {
                    "type": "google_project_iam_member",
                    "depends_on": [],
                    "primary": {
                        "id": "roles/storage.objectAdminuser:farhad.salemi@calitp.org",
                        "attributes": {
                            "condition.#": "0",
                            "etag": "BwYrOhnQZjw=",
                            "id": "roles/storage.objectAdminuser:farhad.salemi@calitp.org",
                            "member": "user:farhad.salemi@calitp.org",
                            "project": "cal-itp-data-infra",
                            "role": "roles/storage.objectAdmin"
                        },
                        "meta": {
                            "schema_version": 0
                        },
                        "tainted": false
                    },
                    "deposed": [],
                    "provider": "provider.google"
                },
                "google_project_iam_member.tfer--roles-002F-storage-002E-objectAdminuser-003A-henry-0040-calitp-002E-org": {
                    "type": "google_project_iam_member",
                    "depends_on": [],
                    "primary": {
                        "id": "roles/storage.objectAdminuser:henry@calitp.org",
                        "attributes": {
                            "condition.#": "0",
                            "etag": "BwYrOhnQZjw=",
                            "id": "roles/storage.objectAdminuser:henry@calitp.org",
                            "member": "user:henry@calitp.org",
                            "project": "cal-itp-data-infra",
                            "role": "roles/storage.objectAdmin"
                        },
                        "meta": {
                            "schema_version": 0
                        },
                        "tainted": false
                    },
                    "deposed": [],
                    "provider": "provider.google"
                },
                "google_project_iam_member.tfer--roles-002F-storage-002E-objectAdminuser-003A-noah-002E-sanchez-0040-calitp-002E-org": {
                    "type": "google_project_iam_member",
                    "depends_on": [],
                    "primary": {
                        "id": "roles/storage.objectAdminuser:noah.sanchez@calitp.org",
                        "attributes": {
                            "condition.#": "0",
                            "etag": "BwYrOhnQZjw=",
                            "id": "roles/storage.objectAdminuser:noah.sanchez@calitp.org",
                            "member": "user:noah.sanchez@calitp.org",
                            "project": "cal-itp-data-infra",
                            "role": "roles/storage.objectAdmin"
                        },
                        "meta": {
                            "schema_version": 0
                        },
                        "tainted": false
                    },
                    "deposed": [],
                    "provider": "provider.google"
                },
                "google_project_iam_member.tfer--roles-002F-storage-002E-objectAdminuser-003A-shweta-0040-calitp-002E-org": {
                    "type": "google_project_iam_member",
                    "depends_on": [],
                    "primary": {
                        "id": "roles/storage.objectAdminuser:shweta@calitp.org",
                        "attributes": {
                            "condition.#": "0",
                            "etag": "BwYrOhnQZjw=",
                            "id": "roles/storage.objectAdminuser:shweta@calitp.org",
                            "member": "user:shweta@calitp.org",
                            "project": "cal-itp-data-infra",
                            "role": "roles/storage.objectAdmin"
                        },
                        "meta": {
                            "schema_version": 0
                        },
                        "tainted": false
                    },
                    "deposed": [],
                    "provider": "provider.google"
                },
                "google_project_iam_member.tfer--roles-002F-storage-002E-objectCreatorserviceAccount-003A-gtfs-rt-archiver-0040-cal-itp-data-infra-002E-iam-002E-gserviceaccount-002E-com": {
                    "type": "google_project_iam_member",
                    "depends_on": [],
                    "primary": {
                        "id": "roles/storage.objectCreatorserviceAccount:gtfs-rt-archiver@cal-itp-data-infra.iam.gserviceaccount.com",
                        "attributes": {
                            "condition.#": "0",
                            "etag": "BwYrOhnQZjw=",
                            "id": "roles/storage.objectCreatorserviceAccount:gtfs-rt-archiver@cal-itp-data-infra.iam.gserviceaccount.com",
                            "member": "serviceAccount:gtfs-rt-archiver@cal-itp-data-infra.iam.gserviceaccount.com",
                            "project": "cal-itp-data-infra",
                            "role": "roles/storage.objectCreator"
                        },
                        "meta": {
                            "schema_version": 0
                        },
                        "tainted": false
                    },
                    "deposed": [],
                    "provider": "provider.google"
                },
                "google_project_iam_member.tfer--roles-002F-storage-002E-objectViewergroup-003A-accounts-0040-conveyal-002E-com": {
                    "type": "google_project_iam_member",
                    "depends_on": [],
                    "primary": {
                        "id": "roles/storage.objectViewergroup:accounts@conveyal.com",
                        "attributes": {
                            "condition.#": "0",
                            "etag": "BwYrOhnQZjw=",
                            "id": "roles/storage.objectViewergroup:accounts@conveyal.com",
                            "member": "group:accounts@conveyal.com",
                            "project": "cal-itp-data-infra",
                            "role": "roles/storage.objectViewer"
                        },
                        "meta": {
                            "schema_version": 0
                        },
                        "tainted": false
                    },
                    "deposed": [],
                    "provider": "provider.google"
                },
                "google_project_iam_member.tfer--roles-002F-storage-002E-objectViewerserviceAccount-003A-473674835135-compute-0040-developer-002E-gserviceaccount-002E-com": {
                    "type": "google_project_iam_member",
                    "depends_on": [],
                    "primary": {
                        "id": "roles/storage.objectViewerserviceAccount:473674835135-compute@developer.gserviceaccount.com",
                        "attributes": {
                            "condition.#": "0",
                            "etag": "BwYrOhnQZjw=",
                            "id": "roles/storage.objectViewerserviceAccount:473674835135-compute@developer.gserviceaccount.com",
                            "member": "serviceAccount:473674835135-compute@developer.gserviceaccount.com",
                            "project": "cal-itp-data-infra",
                            "role": "roles/storage.objectViewer"
                        },
                        "meta": {
                            "schema_version": 0
                        },
                        "tainted": false
                    },
                    "deposed": [],
                    "provider": "provider.google"
                },
                "google_project_iam_member.tfer--roles-002F-storage-002E-objectViewerserviceAccount-003A-gtfs-rt-archiver-v3-0040-cal-itp-data-infra-002E-iam-002E-gserviceaccount-002E-com": {
                    "type": "google_project_iam_member",
                    "depends_on": [],
                    "primary": {
                        "id": "roles/storage.objectViewerserviceAccount:gtfs-rt-archiver-v3@cal-itp-data-infra.iam.gserviceaccount.com",
                        "attributes": {
                            "condition.#": "0",
                            "etag": "BwYrOhnQZjw=",
                            "id": "roles/storage.objectViewerserviceAccount:gtfs-rt-archiver-v3@cal-itp-data-infra.iam.gserviceaccount.com",
                            "member": "serviceAccount:gtfs-rt-archiver-v3@cal-itp-data-infra.iam.gserviceaccount.com",
                            "project": "cal-itp-data-infra",
                            "role": "roles/storage.objectViewer"
                        },
                        "meta": {
                            "schema_version": 0
                        },
                        "tainted": false
                    },
                    "deposed": [],
                    "provider": "provider.google"
                },
                "google_project_iam_member.tfer--roles-002F-storage-002E-objectViewerserviceAccount-003A-jupyterlab-0040-cal-itp-data-infra-002E-iam-002E-gserviceaccount-002E-com": {
                    "type": "google_project_iam_member",
                    "depends_on": [],
                    "primary": {
                        "id": "roles/storage.objectViewerserviceAccount:jupyterlab@cal-itp-data-infra.iam.gserviceaccount.com",
                        "attributes": {
                            "condition.#": "0",
                            "etag": "BwYrOhnQZjw=",
                            "id": "roles/storage.objectViewerserviceAccount:jupyterlab@cal-itp-data-infra.iam.gserviceaccount.com",
                            "member": "serviceAccount:jupyterlab@cal-itp-data-infra.iam.gserviceaccount.com",
                            "project": "cal-itp-data-infra",
                            "role": "roles/storage.objectViewer"
                        },
                        "meta": {
                            "schema_version": 0
                        },
                        "tainted": false
                    },
                    "deposed": [],
                    "provider": "provider.google"
                },
                "google_project_iam_member.tfer--roles-002F-storage-002E-objectViewerserviceAccount-003A-metabase-0040-cal-itp-data-infra-002E-iam-002E-gserviceaccount-002E-com": {
                    "type": "google_project_iam_member",
                    "depends_on": [],
                    "primary": {
                        "id": "roles/storage.objectViewerserviceAccount:metabase@cal-itp-data-infra.iam.gserviceaccount.com",
                        "attributes": {
                            "condition.#": "0",
                            "etag": "BwYrOhnQZjw=",
                            "id": "roles/storage.objectViewerserviceAccount:metabase@cal-itp-data-infra.iam.gserviceaccount.com",
                            "member": "serviceAccount:metabase@cal-itp-data-infra.iam.gserviceaccount.com",
                            "project": "cal-itp-data-infra",
                            "role": "roles/storage.objectViewer"
                        },
                        "meta": {
                            "schema_version": 0
                        },
                        "tainted": false
                    },
                    "deposed": [],
                    "provider": "provider.google"
                },
                "google_project_iam_member.tfer--roles-002F-storage-002E-objectViewerserviceAccount-003A-metabase-payments-team-0040-cal-itp-data-infra-002E-iam-002E-gserviceaccount-002E-com": {
                    "type": "google_project_iam_member",
                    "depends_on": [],
                    "primary": {
                        "id": "roles/storage.objectViewerserviceAccount:metabase-payments-team@cal-itp-data-infra.iam.gserviceaccount.com",
                        "attributes": {
                            "condition.#": "0",
                            "etag": "BwYrOhnQZjw=",
                            "id": "roles/storage.objectViewerserviceAccount:metabase-payments-team@cal-itp-data-infra.iam.gserviceaccount.com",
                            "member": "serviceAccount:metabase-payments-team@cal-itp-data-infra.iam.gserviceaccount.com",
                            "project": "cal-itp-data-infra",
                            "role": "roles/storage.objectViewer"
                        },
                        "meta": {
                            "schema_version": 0
                        },
                        "tainted": false
                    },
                    "deposed": [],
                    "provider": "provider.google"
                },
                "google_project_iam_member.tfer--roles-002F-storage-002E-objectVieweruser-003A-astewart-0040-conveyal-002E-com": {
                    "type": "google_project_iam_member",
                    "depends_on": [],
                    "primary": {
                        "id": "roles/storage.objectVieweruser:astewart@conveyal.com",
                        "attributes": {
                            "condition.#": "0",
                            "etag": "BwYrOhnQZjw=",
                            "id": "roles/storage.objectVieweruser:astewart@conveyal.com",
                            "member": "user:astewart@conveyal.com",
                            "project": "cal-itp-data-infra",
                            "role": "roles/storage.objectViewer"
                        },
                        "meta": {
                            "schema_version": 0
                        },
                        "tainted": false
                    },
                    "deposed": [],
                    "provider": "provider.google"
                },
                "google_project_iam_member.tfer--roles-002F-storage-002E-objectVieweruser-003A-easall-0040-gmail-002E-com": {
                    "type": "google_project_iam_member",
                    "depends_on": [],
                    "primary": {
                        "id": "roles/storage.objectVieweruser:easall@gmail.com",
                        "attributes": {
                            "condition.#": "0",
                            "etag": "BwYrOhnQZjw=",
                            "id": "roles/storage.objectVieweruser:easall@gmail.com",
                            "member": "user:easall@gmail.com",
                            "project": "cal-itp-data-infra",
                            "role": "roles/storage.objectViewer"
                        },
                        "meta": {
                            "schema_version": 0
                        },
                        "tainted": false
                    },
                    "deposed": [],
                    "provider": "provider.google"
                },
                "google_project_iam_member.tfer--roles-002F-storage-002E-objectVieweruser-003A-henry-0040-calitp-002E-org": {
                    "type": "google_project_iam_member",
                    "depends_on": [],
                    "primary": {
                        "id": "roles/storage.objectVieweruser:henry@calitp.org",
                        "attributes": {
                            "condition.#": "0",
                            "etag": "BwYrOhnQZjw=",
                            "id": "roles/storage.objectVieweruser:henry@calitp.org",
                            "member": "user:henry@calitp.org",
                            "project": "cal-itp-data-infra",
                            "role": "roles/storage.objectViewer"
                        },
                        "meta": {
                            "schema_version": 0
                        },
                        "tainted": false
                    },
                    "deposed": [],
                    "provider": "provider.google"
                },
                "google_project_iam_member.tfer--roles-002F-storage-002E-objectVieweruser-003A-kay-002E-neuenhofen-0040-gmail-002E-com": {
                    "type": "google_project_iam_member",
                    "depends_on": [],
                    "primary": {
                        "id": "roles/storage.objectVieweruser:kay.neuenhofen@gmail.com",
                        "attributes": {
                            "condition.#": "0",
                            "etag": "BwYrOhnQZjw=",
                            "id": "roles/storage.objectVieweruser:kay.neuenhofen@gmail.com",
                            "member": "user:kay.neuenhofen@gmail.com",
                            "project": "cal-itp-data-infra",
                            "role": "roles/storage.objectViewer"
                        },
                        "meta": {
                            "schema_version": 0
                        },
                        "tainted": false
                    },
                    "deposed": [],
                    "provider": "provider.google"
                },
                "google_project_iam_member.tfer--roles-002F-storage-002E-objectVieweruser-003A-machiko-0040-compiler-002E-la": {
                    "type": "google_project_iam_member",
                    "depends_on": [],
                    "primary": {
                        "id": "roles/storage.objectVieweruser:machiko@compiler.la",
                        "attributes": {
                            "condition.#": "0",
                            "etag": "BwYrOhnQZjw=",
                            "id": "roles/storage.objectVieweruser:machiko@compiler.la",
                            "member": "user:machiko@compiler.la",
                            "project": "cal-itp-data-infra",
                            "role": "roles/storage.objectViewer"
                        },
                        "meta": {
                            "schema_version": 0
                        },
                        "tainted": false
                    },
                    "deposed": [],
                    "provider": "provider.google"
                },
                "google_project_iam_member.tfer--roles-002F-storage-002E-objectVieweruser-003A-vlad-0040-compiler-002E-la": {
                    "type": "google_project_iam_member",
                    "depends_on": [],
                    "primary": {
                        "id": "roles/storage.objectVieweruser:vlad@compiler.la",
                        "attributes": {
                            "condition.#": "0",
                            "etag": "BwYrOhnQZjw=",
                            "id": "roles/storage.objectVieweruser:vlad@compiler.la",
                            "member": "user:vlad@compiler.la",
                            "project": "cal-itp-data-infra",
                            "role": "roles/storage.objectViewer"
                        },
                        "meta": {
                            "schema_version": 0
                        },
                        "tainted": false
                    },
                    "deposed": [],
                    "provider": "provider.google"
                },
                "google_project_iam_member.tfer--roles-002F-storageinsights-002E-adminuser-003A-charlie-002E-c-0040-jarv-002E-us": {
                    "type": "google_project_iam_member",
                    "depends_on": [],
                    "primary": {
                        "id": "roles/storageinsights.adminuser:charlie.c@jarv.us",
                        "attributes": {
                            "condition.#": "0",
                            "etag": "BwYrOhnQZjw=",
                            "id": "roles/storageinsights.adminuser:charlie.c@jarv.us",
                            "member": "user:charlie.c@jarv.us",
                            "project": "cal-itp-data-infra",
                            "role": "roles/storageinsights.admin"
                        },
                        "meta": {
                            "schema_version": 0
                        },
                        "tainted": false
                    },
                    "deposed": [],
                    "provider": "provider.google"
                },
                "google_project_iam_member.tfer--roles-002F-storageinsights-002E-serviceAgentserviceAccount-003A-service-1005246706141-0040-gcp-sa-storageinsights-002E-iam-002E-gserviceaccount-002E-com": {
                    "type": "google_project_iam_member",
                    "depends_on": [],
                    "primary": {
                        "id": "roles/storageinsights.serviceAgentserviceAccount:service-1005246706141@gcp-sa-storageinsights.iam.gserviceaccount.com",
                        "attributes": {
                            "condition.#": "0",
                            "etag": "BwYrOhnQZjw=",
                            "id": "roles/storageinsights.serviceAgentserviceAccount:service-1005246706141@gcp-sa-storageinsights.iam.gserviceaccount.com",
                            "member": "serviceAccount:service-1005246706141@gcp-sa-storageinsights.iam.gserviceaccount.com",
                            "project": "cal-itp-data-infra",
                            "role": "roles/storageinsights.serviceAgent"
                        },
                        "meta": {
                            "schema_version": 0
                        },
                        "tainted": false
                    },
                    "deposed": [],
                    "provider": "provider.google"
                },
                "google_project_iam_member.tfer--roles-002F-storagetransfer-002E-adminuser-003A-charlie-002E-c-0040-jarv-002E-us": {
                    "type": "google_project_iam_member",
                    "depends_on": [],
                    "primary": {
                        "id": "roles/storagetransfer.adminuser:charlie.c@jarv.us",
                        "attributes": {
                            "condition.#": "0",
                            "etag": "BwYrOhnQZjw=",
                            "id": "roles/storagetransfer.adminuser:charlie.c@jarv.us",
                            "member": "user:charlie.c@jarv.us",
                            "project": "cal-itp-data-infra",
                            "role": "roles/storagetransfer.admin"
                        },
                        "meta": {
                            "schema_version": 0
                        },
                        "tainted": false
                    },
                    "deposed": [],
                    "provider": "provider.google"
                },
                "google_project_iam_member.tfer--roles-002F-viewerserviceAccount-003A-jyoung-cal-itp-0040-cal-itp-data-infra-002E-iam-002E-gserviceaccount-002E-com": {
                    "type": "google_project_iam_member",
                    "depends_on": [],
                    "primary": {
                        "id": "roles/viewerserviceAccount:jyoung-cal-itp@cal-itp-data-infra.iam.gserviceaccount.com",
                        "attributes": {
                            "condition.#": "0",
                            "etag": "BwYrOhnQZjw=",
                            "id": "roles/viewerserviceAccount:jyoung-cal-itp@cal-itp-data-infra.iam.gserviceaccount.com",
                            "member": "serviceAccount:jyoung-cal-itp@cal-itp-data-infra.iam.gserviceaccount.com",
                            "project": "cal-itp-data-infra",
                            "role": "roles/viewer"
                        },
                        "meta": {
                            "schema_version": 0
                        },
                        "tainted": false
                    },
                    "deposed": [],
                    "provider": "provider.google"
                },
                "google_project_iam_member.tfer--roles-002F-vieweruser-003A-amanda-0040-calitp-002E-org": {
                    "type": "google_project_iam_member",
                    "depends_on": [],
                    "primary": {
                        "id": "roles/vieweruser:amanda@calitp.org",
                        "attributes": {
                            "condition.#": "0",
                            "etag": "BwYrOhnQZjw=",
                            "id": "roles/vieweruser:amanda@calitp.org",
                            "member": "user:amanda@calitp.org",
                            "project": "cal-itp-data-infra",
                            "role": "roles/viewer"
                        },
                        "meta": {
                            "schema_version": 0
                        },
                        "tainted": false
                    },
                    "deposed": [],
                    "provider": "provider.google"
                },
                "google_project_iam_member.tfer--roles-002F-vieweruser-003A-angela-0040-compiler-002E-la": {
                    "type": "google_project_iam_member",
                    "depends_on": [],
                    "primary": {
                        "id": "roles/vieweruser:angela@compiler.la",
                        "attributes": {
                            "condition.#": "0",
                            "etag": "BwYrOhnQZjw=",
                            "id": "roles/vieweruser:angela@compiler.la",
                            "member": "user:angela@compiler.la",
                            "project": "cal-itp-data-infra",
                            "role": "roles/viewer"
                        },
                        "meta": {
                            "schema_version": 0
                        },
                        "tainted": false
                    },
                    "deposed": [],
                    "provider": "provider.google"
                },
                "google_project_iam_member.tfer--roles-002F-vieweruser-003A-charlie-002E-c-0040-jarv-002E-us": {
                    "type": "google_project_iam_member",
                    "depends_on": [],
                    "primary": {
                        "id": "roles/vieweruser:charlie.c@jarv.us",
                        "attributes": {
                            "condition.#": "0",
                            "etag": "BwYrOhnQZjw=",
                            "id": "roles/vieweruser:charlie.c@jarv.us",
                            "member": "user:charlie.c@jarv.us",
                            "project": "cal-itp-data-infra",
                            "role": "roles/viewer"
                        },
                        "meta": {
                            "schema_version": 0
                        },
                        "tainted": false
                    },
                    "deposed": [],
                    "provider": "provider.google"
                },
                "google_project_iam_member.tfer--roles-002F-vieweruser-003A-christian-0040-calitp-002E-org": {
                    "type": "google_project_iam_member",
                    "depends_on": [],
                    "primary": {
                        "id": "roles/vieweruser:christian@calitp.org",
                        "attributes": {
                            "condition.#": "0",
                            "etag": "BwYrOhnQZjw=",
                            "id": "roles/vieweruser:christian@calitp.org",
                            "member": "user:christian@calitp.org",
                            "project": "cal-itp-data-infra",
                            "role": "roles/viewer"
                        },
                        "meta": {
                            "schema_version": 0
                        },
                        "tainted": false
                    },
                    "deposed": [],
                    "provider": "provider.google"
                },
                "google_project_iam_member.tfer--roles-002F-vieweruser-003A-erika-0040-ministryofvelocity-002E-com": {
                    "type": "google_project_iam_member",
                    "depends_on": [],
                    "primary": {
                        "id": "roles/vieweruser:erika@ministryofvelocity.com",
                        "attributes": {
                            "condition.#": "0",
                            "etag": "BwYrOhnQZjw=",
                            "id": "roles/vieweruser:erika@ministryofvelocity.com",
                            "member": "user:erika@ministryofvelocity.com",
                            "project": "cal-itp-data-infra",
                            "role": "roles/viewer"
                        },
                        "meta": {
                            "schema_version": 0
                        },
                        "tainted": false
                    },
                    "deposed": [],
                    "provider": "provider.google"
                },
                "google_project_iam_member.tfer--roles-002F-vieweruser-003A-farhad-002E-salemi-0040-calitp-002E-org": {
                    "type": "google_project_iam_member",
                    "depends_on": [],
                    "primary": {
                        "id": "roles/vieweruser:farhad.salemi@calitp.org",
                        "attributes": {
                            "condition.#": "0",
                            "etag": "BwYrOhnQZjw=",
                            "id": "roles/vieweruser:farhad.salemi@calitp.org",
                            "member": "user:farhad.salemi@calitp.org",
                            "project": "cal-itp-data-infra",
                            "role": "roles/viewer"
                        },
                        "meta": {
                            "schema_version": 0
                        },
                        "tainted": false
                    },
                    "deposed": [],
                    "provider": "provider.google"
                },
                "google_project_iam_member.tfer--roles-002F-vieweruser-003A-harold-0040-ministryofvelocity-002E-com": {
                    "type": "google_project_iam_member",
                    "depends_on": [],
                    "primary": {
                        "id": "roles/vieweruser:harold@ministryofvelocity.com",
                        "attributes": {
                            "condition.#": "0",
                            "etag": "BwYrOhnQZjw=",
                            "id": "roles/vieweruser:harold@ministryofvelocity.com",
                            "member": "user:harold@ministryofvelocity.com",
                            "project": "cal-itp-data-infra",
                            "role": "roles/viewer"
                        },
                        "meta": {
                            "schema_version": 0
                        },
                        "tainted": false
                    },
                    "deposed": [],
                    "provider": "provider.google"
                },
                "google_project_iam_member.tfer--roles-002F-vieweruser-003A-jeff-0040-ministryofvelocity-002E-com": {
                    "type": "google_project_iam_member",
                    "depends_on": [],
                    "primary": {
                        "id": "roles/vieweruser:jeff@ministryofvelocity.com",
                        "attributes": {
                            "condition.#": "0",
                            "etag": "BwYrOhnQZjw=",
                            "id": "roles/vieweruser:jeff@ministryofvelocity.com",
                            "member": "user:jeff@ministryofvelocity.com",
                            "project": "cal-itp-data-infra",
                            "role": "roles/viewer"
                        },
                        "meta": {
                            "schema_version": 0
                        },
                        "tainted": false
                    },
                    "deposed": [],
                    "provider": "provider.google"
                },
                "google_project_iam_member.tfer--roles-002F-vieweruser-003A-machiko-0040-compiler-002E-la": {
                    "type": "google_project_iam_member",
                    "depends_on": [],
                    "primary": {
                        "id": "roles/vieweruser:machiko@compiler.la",
                        "attributes": {
                            "condition.#": "0",
                            "etag": "BwYrOhnQZjw=",
                            "id": "roles/vieweruser:machiko@compiler.la",
                            "member": "user:machiko@compiler.la",
                            "project": "cal-itp-data-infra",
                            "role": "roles/viewer"
                        },
                        "meta": {
                            "schema_version": 0
                        },
                        "tainted": false
                    },
                    "deposed": [],
                    "provider": "provider.google"
                },
                "google_project_iam_member.tfer--roles-002F-vieweruser-003A-natalie-0040-calitp-002E-org": {
                    "type": "google_project_iam_member",
                    "depends_on": [],
                    "primary": {
                        "id": "roles/vieweruser:natalie@calitp.org",
                        "attributes": {
                            "condition.#": "0",
                            "etag": "BwYrOhnQZjw=",
                            "id": "roles/vieweruser:natalie@calitp.org",
                            "member": "user:natalie@calitp.org",
                            "project": "cal-itp-data-infra",
                            "role": "roles/viewer"
                        },
                        "meta": {
                            "schema_version": 0
                        },
                        "tainted": false
                    },
                    "deposed": [],
                    "provider": "provider.google"
                },
                "google_project_iam_member.tfer--roles-002F-vieweruser-003A-shweta-0040-calitp-002E-org": {
                    "type": "google_project_iam_member",
                    "depends_on": [],
                    "primary": {
                        "id": "roles/vieweruser:shweta@calitp.org",
                        "attributes": {
                            "condition.#": "0",
                            "etag": "BwYrOhnQZjw=",
                            "id": "roles/vieweruser:shweta@calitp.org",
                            "member": "user:shweta@calitp.org",
                            "project": "cal-itp-data-infra",
                            "role": "roles/viewer"
                        },
                        "meta": {
                            "schema_version": 0
                        },
                        "tainted": false
                    },
                    "deposed": [],
                    "provider": "provider.google"
                },
                "google_project_iam_member.tfer--roles-002F-vieweruser-003A-vivek-0040-calitp-002E-org": {
                    "type": "google_project_iam_member",
                    "depends_on": [],
                    "primary": {
                        "id": "roles/vieweruser:vivek@calitp.org",
                        "attributes": {
                            "condition.#": "0",
                            "etag": "BwYrOhnQZjw=",
                            "id": "roles/vieweruser:vivek@calitp.org",
                            "member": "user:vivek@calitp.org",
                            "project": "cal-itp-data-infra",
                            "role": "roles/viewer"
                        },
                        "meta": {
                            "schema_version": 0
                        },
                        "tainted": false
                    },
                    "deposed": [],
                    "provider": "provider.google"
                },
                "google_project_iam_member.tfer--roles-002F-vieweruser-003A-vlad-0040-compiler-002E-la": {
                    "type": "google_project_iam_member",
                    "depends_on": [],
                    "primary": {
                        "id": "roles/vieweruser:vlad@compiler.la",
                        "attributes": {
                            "condition.#": "0",
                            "etag": "BwYrOhnQZjw=",
                            "id": "roles/vieweruser:vlad@compiler.la",
                            "member": "user:vlad@compiler.la",
                            "project": "cal-itp-data-infra",
                            "role": "roles/viewer"
                        },
                        "meta": {
                            "schema_version": 0
                        },
                        "tainted": false
                    },
                    "deposed": [],
                    "provider": "provider.google"
                },
                "google_service_account.tfer--100119052859631924010": {
                    "type": "google_service_account",
                    "depends_on": [],
                    "primary": {
                        "id": "projects/cal-itp-data-infra/serviceAccounts/ccjpa-payments-user@cal-itp-data-infra.iam.gserviceaccount.com",
                        "attributes": {
                            "account_id": "ccjpa-payments-user",
                            "description": "",
                            "disabled": "false",
                            "display_name": "",
                            "email": "ccjpa-payments-user@cal-itp-data-infra.iam.gserviceaccount.com",
                            "id": "projects/cal-itp-data-infra/serviceAccounts/ccjpa-payments-user@cal-itp-data-infra.iam.gserviceaccount.com",
                            "member": "serviceAccount:ccjpa-payments-user@cal-itp-data-infra.iam.gserviceaccount.com",
                            "name": "projects/cal-itp-data-infra/serviceAccounts/ccjpa-payments-user@cal-itp-data-infra.iam.gserviceaccount.com",
                            "project": "cal-itp-data-infra",
                            "unique_id": "100119052859631924010"
                        },
                        "meta": {
                            "schema_version": 0
                        },
                        "tainted": false
                    },
                    "deposed": [],
                    "provider": "provider.google"
                },
                "google_service_account.tfer--100409301237368942133": {
                    "type": "google_service_account",
                    "depends_on": [],
                    "primary": {
                        "id": "projects/cal-itp-data-infra/serviceAccounts/backup-sentry@cal-itp-data-infra.iam.gserviceaccount.com",
                        "attributes": {
                            "account_id": "backup-sentry",
                            "description": "",
                            "disabled": "false",
                            "display_name": "backup-sentry",
                            "email": "backup-sentry@cal-itp-data-infra.iam.gserviceaccount.com",
                            "id": "projects/cal-itp-data-infra/serviceAccounts/backup-sentry@cal-itp-data-infra.iam.gserviceaccount.com",
                            "member": "serviceAccount:backup-sentry@cal-itp-data-infra.iam.gserviceaccount.com",
                            "name": "projects/cal-itp-data-infra/serviceAccounts/backup-sentry@cal-itp-data-infra.iam.gserviceaccount.com",
                            "project": "cal-itp-data-infra",
                            "unique_id": "100409301237368942133"
                        },
                        "meta": {
                            "schema_version": 0
                        },
                        "tainted": false
                    },
                    "deposed": [],
                    "provider": "provider.google"
                },
                "google_service_account.tfer--100825686811848658754": {
                    "type": "google_service_account",
                    "depends_on": [],
                    "primary": {
                        "id": "projects/cal-itp-data-infra/serviceAccounts/dev-gtfs-rt-archiver-v3@cal-itp-data-infra.iam.gserviceaccount.com",
                        "attributes": {
                            "account_id": "dev-gtfs-rt-archiver-v3",
                            "description": "",
                            "disabled": "false",
                            "display_name": "dev-gtfs-rt-archiver-v3",
                            "email": "dev-gtfs-rt-archiver-v3@cal-itp-data-infra.iam.gserviceaccount.com",
                            "id": "projects/cal-itp-data-infra/serviceAccounts/dev-gtfs-rt-archiver-v3@cal-itp-data-infra.iam.gserviceaccount.com",
                            "member": "serviceAccount:dev-gtfs-rt-archiver-v3@cal-itp-data-infra.iam.gserviceaccount.com",
                            "name": "projects/cal-itp-data-infra/serviceAccounts/dev-gtfs-rt-archiver-v3@cal-itp-data-infra.iam.gserviceaccount.com",
                            "project": "cal-itp-data-infra",
                            "unique_id": "100825686811848658754"
                        },
                        "meta": {
                            "schema_version": 0
                        },
                        "tainted": false
                    },
                    "deposed": [],
                    "provider": "provider.google"
                },
                "google_service_account.tfer--101531038543713191301": {
                    "type": "google_service_account",
                    "depends_on": [],
                    "primary": {
                        "id": "projects/cal-itp-data-infra/serviceAccounts/gtfs-rt-archiver-v3@cal-itp-data-infra.iam.gserviceaccount.com",
                        "attributes": {
                            "account_id": "gtfs-rt-archiver-v3",
                            "description": "Reads config data from and writes data back out to GCS",
                            "disabled": "false",
                            "display_name": "gtfs-rt-archiver-v3",
                            "email": "gtfs-rt-archiver-v3@cal-itp-data-infra.iam.gserviceaccount.com",
                            "id": "projects/cal-itp-data-infra/serviceAccounts/gtfs-rt-archiver-v3@cal-itp-data-infra.iam.gserviceaccount.com",
                            "member": "serviceAccount:gtfs-rt-archiver-v3@cal-itp-data-infra.iam.gserviceaccount.com",
                            "name": "projects/cal-itp-data-infra/serviceAccounts/gtfs-rt-archiver-v3@cal-itp-data-infra.iam.gserviceaccount.com",
                            "project": "cal-itp-data-infra",
                            "unique_id": "101531038543713191301"
                        },
                        "meta": {
                            "schema_version": 0
                        },
                        "tainted": false
                    },
                    "deposed": [],
                    "provider": "provider.google"
                },
                "google_service_account.tfer--102313012674966610402": {
                    "type": "google_service_account",
                    "depends_on": [],
                    "primary": {
                        "id": "projects/cal-itp-data-infra/serviceAccounts/metabase-backup@cal-itp-data-infra.iam.gserviceaccount.com",
                        "attributes": {
                            "account_id": "metabase-backup",
                            "description": "LEGACY ACCOUNT -- PLEASE USE backup-preprod INSTEAD",
                            "disabled": "false",
                            "display_name": "metabase-backup",
                            "email": "metabase-backup@cal-itp-data-infra.iam.gserviceaccount.com",
                            "id": "projects/cal-itp-data-infra/serviceAccounts/metabase-backup@cal-itp-data-infra.iam.gserviceaccount.com",
                            "member": "serviceAccount:metabase-backup@cal-itp-data-infra.iam.gserviceaccount.com",
                            "name": "projects/cal-itp-data-infra/serviceAccounts/metabase-backup@cal-itp-data-infra.iam.gserviceaccount.com",
                            "project": "cal-itp-data-infra",
                            "unique_id": "102313012674966610402"
                        },
                        "meta": {
                            "schema_version": 0
                        },
                        "tainted": false
                    },
                    "deposed": [],
                    "provider": "provider.google"
                },
                "google_service_account.tfer--102898235871657893180": {
                    "type": "google_service_account",
                    "depends_on": [],
                    "primary": {
                        "id": "projects/cal-itp-data-infra/serviceAccounts/cal-itp-data-infra@appspot.gserviceaccount.com",
                        "attributes": {
                            "account_id": "cal-itp-data-infra",
                            "description": "",
                            "disabled": "false",
                            "display_name": "App Engine default service account",
                            "email": "cal-itp-data-infra@appspot.gserviceaccount.com",
                            "id": "projects/cal-itp-data-infra/serviceAccounts/cal-itp-data-infra@appspot.gserviceaccount.com",
                            "member": "serviceAccount:cal-itp-data-infra@appspot.gserviceaccount.com",
                            "name": "projects/cal-itp-data-infra/serviceAccounts/cal-itp-data-infra@appspot.gserviceaccount.com",
                            "project": "cal-itp-data-infra",
                            "unique_id": "102898235871657893180"
                        },
                        "meta": {
                            "schema_version": 0
                        },
                        "tainted": false
                    },
                    "deposed": [],
                    "provider": "provider.google"
                },
                "google_service_account.tfer--103282778270991614945": {
                    "type": "google_service_account",
                    "depends_on": [],
                    "primary": {
                        "id": "projects/cal-itp-data-infra/serviceAccounts/composer2-service-account@cal-itp-data-infra.iam.gserviceaccount.com",
                        "attributes": {
                            "account_id": "composer2-service-account",
                            "description": "Used for Composer 2 (managed Airflow)",
                            "disabled": "false",
                            "display_name": "composer2-service-account",
                            "email": "composer2-service-account@cal-itp-data-infra.iam.gserviceaccount.com",
                            "id": "projects/cal-itp-data-infra/serviceAccounts/composer2-service-account@cal-itp-data-infra.iam.gserviceaccount.com",
                            "member": "serviceAccount:composer2-service-account@cal-itp-data-infra.iam.gserviceaccount.com",
                            "name": "projects/cal-itp-data-infra/serviceAccounts/composer2-service-account@cal-itp-data-infra.iam.gserviceaccount.com",
                            "project": "cal-itp-data-infra",
                            "unique_id": "103282778270991614945"
                        },
                        "meta": {
                            "schema_version": 0
                        },
                        "tainted": false
                    },
                    "deposed": [],
                    "provider": "provider.google"
                },
                "google_service_account.tfer--104228008692447712489": {
                    "type": "google_service_account",
                    "depends_on": [],
                    "primary": {
                        "id": "projects/cal-itp-data-infra/serviceAccounts/atn-payments-user@cal-itp-data-infra.iam.gserviceaccount.com",
                        "attributes": {
                            "account_id": "atn-payments-user",
                            "description": "",
                            "disabled": "false",
                            "display_name": "",
                            "email": "atn-payments-user@cal-itp-data-infra.iam.gserviceaccount.com",
                            "id": "projects/cal-itp-data-infra/serviceAccounts/atn-payments-user@cal-itp-data-infra.iam.gserviceaccount.com",
                            "member": "serviceAccount:atn-payments-user@cal-itp-data-infra.iam.gserviceaccount.com",
                            "name": "projects/cal-itp-data-infra/serviceAccounts/atn-payments-user@cal-itp-data-infra.iam.gserviceaccount.com",
                            "project": "cal-itp-data-infra",
                            "unique_id": "104228008692447712489"
                        },
                        "meta": {
                            "schema_version": 0
                        },
                        "tainted": false
                    },
                    "deposed": [],
                    "provider": "provider.google"
                },
                "google_service_account.tfer--104296524238941538670": {
                    "type": "google_service_account",
                    "depends_on": [],
                    "primary": {
                        "id": "projects/cal-itp-data-infra/serviceAccounts/clean-air-payments-user@cal-itp-data-infra.iam.gserviceaccount.com",
                        "attributes": {
                            "account_id": "clean-air-payments-user",
                            "description": "",
                            "disabled": "false",
                            "display_name": "",
                            "email": "clean-air-payments-user@cal-itp-data-infra.iam.gserviceaccount.com",
                            "id": "projects/cal-itp-data-infra/serviceAccounts/clean-air-payments-user@cal-itp-data-infra.iam.gserviceaccount.com",
                            "member": "serviceAccount:clean-air-payments-user@cal-itp-data-infra.iam.gserviceaccount.com",
                            "name": "projects/cal-itp-data-infra/serviceAccounts/clean-air-payments-user@cal-itp-data-infra.iam.gserviceaccount.com",
                            "project": "cal-itp-data-infra",
                            "unique_id": "104296524238941538670"
                        },
                        "meta": {
                            "schema_version": 0
                        },
                        "tainted": false
                    },
                    "deposed": [],
                    "provider": "provider.google"
                },
                "google_service_account.tfer--104433253766206552796": {
                    "type": "google_service_account",
                    "depends_on": [],
                    "primary": {
                        "id": "projects/cal-itp-data-infra/serviceAccounts/github-actions-services-accoun@cal-itp-data-infra.iam.gserviceaccount.com",
                        "attributes": {
                            "account_id": "github-actions-services-accoun",
                            "description": "service account to handle GH actions",
                            "disabled": "false",
                            "display_name": "github_actions_services_account",
                            "email": "github-actions-services-accoun@cal-itp-data-infra.iam.gserviceaccount.com",
                            "id": "projects/cal-itp-data-infra/serviceAccounts/github-actions-services-accoun@cal-itp-data-infra.iam.gserviceaccount.com",
                            "member": "serviceAccount:github-actions-services-accoun@cal-itp-data-infra.iam.gserviceaccount.com",
                            "name": "projects/cal-itp-data-infra/serviceAccounts/github-actions-services-accoun@cal-itp-data-infra.iam.gserviceaccount.com",
                            "project": "cal-itp-data-infra",
                            "unique_id": "104433253766206552796"
                        },
                        "meta": {
                            "schema_version": 0
                        },
                        "tainted": false
                    },
                    "deposed": [],
                    "provider": "provider.google"
                },
                "google_service_account.tfer--105781789064132478524": {
                    "type": "google_service_account",
                    "depends_on": [],
                    "primary": {
                        "id": "projects/cal-itp-data-infra/serviceAccounts/cc-jarvus-airflow@cal-itp-data-infra.iam.gserviceaccount.com",
                        "attributes": {
                            "account_id": "cc-jarvus-airflow",
                            "description": "Chris's service account for Airflow",
                            "disabled": "false",
                            "display_name": "cc-jarvus-airflow",
                            "email": "cc-jarvus-airflow@cal-itp-data-infra.iam.gserviceaccount.com",
                            "id": "projects/cal-itp-data-infra/serviceAccounts/cc-jarvus-airflow@cal-itp-data-infra.iam.gserviceaccount.com",
                            "member": "serviceAccount:cc-jarvus-airflow@cal-itp-data-infra.iam.gserviceaccount.com",
                            "name": "projects/cal-itp-data-infra/serviceAccounts/cc-jarvus-airflow@cal-itp-data-infra.iam.gserviceaccount.com",
                            "project": "cal-itp-data-infra",
                            "unique_id": "105781789064132478524"
                        },
                        "meta": {
                            "schema_version": 0
                        },
                        "tainted": false
                    },
                    "deposed": [],
                    "provider": "provider.google"
                },
                "google_service_account.tfer--108192824187785555345": {
                    "type": "google_service_account",
                    "depends_on": [],
                    "primary": {
                        "id": "projects/cal-itp-data-infra/serviceAccounts/jupyterlab@cal-itp-data-infra.iam.gserviceaccount.com",
                        "attributes": {
                            "account_id": "jupyterlab",
                            "description": "warehouse access for jupyterlab cloud",
                            "disabled": "false",
                            "display_name": "jupyterlab",
                            "email": "jupyterlab@cal-itp-data-infra.iam.gserviceaccount.com",
                            "id": "projects/cal-itp-data-infra/serviceAccounts/jupyterlab@cal-itp-data-infra.iam.gserviceaccount.com",
                            "member": "serviceAccount:jupyterlab@cal-itp-data-infra.iam.gserviceaccount.com",
                            "name": "projects/cal-itp-data-infra/serviceAccounts/jupyterlab@cal-itp-data-infra.iam.gserviceaccount.com",
                            "project": "cal-itp-data-infra",
                            "unique_id": "108192824187785555345"
                        },
                        "meta": {
                            "schema_version": 0
                        },
                        "tainted": false
                    },
                    "deposed": [],
                    "provider": "provider.google"
                },
                "google_service_account.tfer--108511010517410478567": {
                    "type": "google_service_account",
                    "depends_on": [],
                    "primary": {
                        "id": "projects/cal-itp-data-infra/serviceAccounts/backup-preprod@cal-itp-data-infra.iam.gserviceaccount.com",
                        "attributes": {
                            "account_id": "backup-preprod",
                            "description": "R/W access to preprod backups bucket",
                            "disabled": "false",
                            "display_name": "backup-preprod",
                            "email": "backup-preprod@cal-itp-data-infra.iam.gserviceaccount.com",
                            "id": "projects/cal-itp-data-infra/serviceAccounts/backup-preprod@cal-itp-data-infra.iam.gserviceaccount.com",
                            "member": "serviceAccount:backup-preprod@cal-itp-data-infra.iam.gserviceaccount.com",
                            "name": "projects/cal-itp-data-infra/serviceAccounts/backup-preprod@cal-itp-data-infra.iam.gserviceaccount.com",
                            "project": "cal-itp-data-infra",
                            "unique_id": "108511010517410478567"
                        },
                        "meta": {
                            "schema_version": 0
                        },
                        "tainted": false
                    },
                    "deposed": [],
                    "provider": "provider.google"
                },
                "google_service_account.tfer--108990031826874583979": {
                    "type": "google_service_account",
                    "depends_on": [],
                    "primary": {
                        "id": "projects/cal-itp-data-infra/serviceAccounts/metabase@cal-itp-data-infra.iam.gserviceaccount.com",
                        "attributes": {
                            "account_id": "metabase",
                            "description": "Metabase  Bigquery access",
                            "disabled": "false",
                            "display_name": "metabase",
                            "email": "metabase@cal-itp-data-infra.iam.gserviceaccount.com",
                            "id": "projects/cal-itp-data-infra/serviceAccounts/metabase@cal-itp-data-infra.iam.gserviceaccount.com",
                            "member": "serviceAccount:metabase@cal-itp-data-infra.iam.gserviceaccount.com",
                            "name": "projects/cal-itp-data-infra/serviceAccounts/metabase@cal-itp-data-infra.iam.gserviceaccount.com",
                            "project": "cal-itp-data-infra",
                            "unique_id": "108990031826874583979"
                        },
                        "meta": {
                            "schema_version": 0
                        },
                        "tainted": false
                    },
                    "deposed": [],
                    "provider": "provider.google"
                },
                "google_service_account.tfer--109486432003654134124": {
                    "type": "google_service_account",
                    "depends_on": [],
                    "primary": {
                        "id": "projects/cal-itp-data-infra/serviceAccounts/cal-itp-reports-generation@cal-itp-data-infra.iam.gserviceaccount.com",
                        "attributes": {
                            "account_id": "cal-itp-reports-generation",
                            "description": "For generation of calitp-reports website. Deprecate asap.",
                            "disabled": "false",
                            "display_name": "cal-itp-reports-generation",
                            "email": "cal-itp-reports-generation@cal-itp-data-infra.iam.gserviceaccount.com",
                            "id": "projects/cal-itp-data-infra/serviceAccounts/cal-itp-reports-generation@cal-itp-data-infra.iam.gserviceaccount.com",
                            "member": "serviceAccount:cal-itp-reports-generation@cal-itp-data-infra.iam.gserviceaccount.com",
                            "name": "projects/cal-itp-data-infra/serviceAccounts/cal-itp-reports-generation@cal-itp-data-infra.iam.gserviceaccount.com",
                            "project": "cal-itp-data-infra",
                            "unique_id": "109486432003654134124"
                        },
                        "meta": {
                            "schema_version": 0
                        },
                        "tainted": false
                    },
                    "deposed": [],
                    "provider": "provider.google"
                },
                "google_service_account.tfer--110811083403587775493": {
                    "type": "google_service_account",
                    "depends_on": [],
                    "primary": {
                        "id": "projects/cal-itp-data-infra/serviceAccounts/sbmtd-payments-user@cal-itp-data-infra.iam.gserviceaccount.com",
                        "attributes": {
                            "account_id": "sbmtd-payments-user",
                            "description": "",
                            "disabled": "false",
                            "display_name": "",
                            "email": "sbmtd-payments-user@cal-itp-data-infra.iam.gserviceaccount.com",
                            "id": "projects/cal-itp-data-infra/serviceAccounts/sbmtd-payments-user@cal-itp-data-infra.iam.gserviceaccount.com",
                            "member": "serviceAccount:sbmtd-payments-user@cal-itp-data-infra.iam.gserviceaccount.com",
                            "name": "projects/cal-itp-data-infra/serviceAccounts/sbmtd-payments-user@cal-itp-data-infra.iam.gserviceaccount.com",
                            "project": "cal-itp-data-infra",
                            "unique_id": "110811083403587775493"
                        },
                        "meta": {
                            "schema_version": 0
                        },
                        "tainted": false
                    },
                    "deposed": [],
                    "provider": "provider.google"
                },
                "google_service_account.tfer--110962145619706212937": {
                    "type": "google_service_account",
                    "depends_on": [],
                    "primary": {
                        "id": "projects/cal-itp-data-infra/serviceAccounts/backup-grafana@cal-itp-data-infra.iam.gserviceaccount.com",
                        "attributes": {
                            "account_id": "backup-grafana",
                            "description": "",
                            "disabled": "false",
                            "display_name": "backup-grafana",
                            "email": "backup-grafana@cal-itp-data-infra.iam.gserviceaccount.com",
                            "id": "projects/cal-itp-data-infra/serviceAccounts/backup-grafana@cal-itp-data-infra.iam.gserviceaccount.com",
                            "member": "serviceAccount:backup-grafana@cal-itp-data-infra.iam.gserviceaccount.com",
                            "name": "projects/cal-itp-data-infra/serviceAccounts/backup-grafana@cal-itp-data-infra.iam.gserviceaccount.com",
                            "project": "cal-itp-data-infra",
                            "unique_id": "110962145619706212937"
                        },
                        "meta": {
                            "schema_version": 0
                        },
                        "tainted": false
                    },
                    "deposed": [],
                    "provider": "provider.google"
                },
                "google_service_account.tfer--111041565629350650664": {
                    "type": "google_service_account",
                    "depends_on": [],
                    "primary": {
                        "id": "projects/cal-itp-data-infra/serviceAccounts/redwood-coast-transit@cal-itp-data-infra.iam.gserviceaccount.com",
                        "attributes": {
                            "account_id": "redwood-coast-transit",
                            "description": "",
                            "disabled": "false",
                            "display_name": "",
                            "email": "redwood-coast-transit@cal-itp-data-infra.iam.gserviceaccount.com",
                            "id": "projects/cal-itp-data-infra/serviceAccounts/redwood-coast-transit@cal-itp-data-infra.iam.gserviceaccount.com",
                            "member": "serviceAccount:redwood-coast-transit@cal-itp-data-infra.iam.gserviceaccount.com",
                            "name": "projects/cal-itp-data-infra/serviceAccounts/redwood-coast-transit@cal-itp-data-infra.iam.gserviceaccount.com",
                            "project": "cal-itp-data-infra",
                            "unique_id": "111041565629350650664"
                        },
                        "meta": {
                            "schema_version": 0
                        },
                        "tainted": false
                    },
                    "deposed": [],
                    "provider": "provider.google"
                },
                "google_service_account.tfer--111080371999374643299": {
                    "type": "google_service_account",
                    "depends_on": [],
                    "primary": {
                        "id": "projects/cal-itp-data-infra/serviceAccounts/gtfs-rt-archiver-test@cal-itp-data-infra.iam.gserviceaccount.com",
                        "attributes": {
                            "account_id": "gtfs-rt-archiver-test",
                            "description": "Access to the gtfs-data-test bucket",
                            "disabled": "false",
                            "display_name": "gtfs-rt-archiver-test",
                            "email": "gtfs-rt-archiver-test@cal-itp-data-infra.iam.gserviceaccount.com",
                            "id": "projects/cal-itp-data-infra/serviceAccounts/gtfs-rt-archiver-test@cal-itp-data-infra.iam.gserviceaccount.com",
                            "member": "serviceAccount:gtfs-rt-archiver-test@cal-itp-data-infra.iam.gserviceaccount.com",
                            "name": "projects/cal-itp-data-infra/serviceAccounts/gtfs-rt-archiver-test@cal-itp-data-infra.iam.gserviceaccount.com",
                            "project": "cal-itp-data-infra",
                            "unique_id": "111080371999374643299"
                        },
                        "meta": {
                            "schema_version": 0
                        },
                        "tainted": false
                    },
                    "deposed": [],
                    "provider": "provider.google"
                },
                "google_service_account.tfer--111148370496926482871": {
                    "type": "google_service_account",
                    "depends_on": [],
                    "primary": {
                        "id": "projects/cal-itp-data-infra/serviceAccounts/jyoung-cal-itp@cal-itp-data-infra.iam.gserviceaccount.com",
                        "attributes": {
                            "account_id": "jyoung-cal-itp",
                            "description": "",
                            "disabled": "false",
                            "display_name": "",
                            "email": "jyoung-cal-itp@cal-itp-data-infra.iam.gserviceaccount.com",
                            "id": "projects/cal-itp-data-infra/serviceAccounts/jyoung-cal-itp@cal-itp-data-infra.iam.gserviceaccount.com",
                            "member": "serviceAccount:jyoung-cal-itp@cal-itp-data-infra.iam.gserviceaccount.com",
                            "name": "projects/cal-itp-data-infra/serviceAccounts/jyoung-cal-itp@cal-itp-data-infra.iam.gserviceaccount.com",
                            "project": "cal-itp-data-infra",
                            "unique_id": "111148370496926482871"
                        },
                        "meta": {
                            "schema_version": 0
                        },
                        "tainted": false
                    },
                    "deposed": [],
                    "provider": "provider.google"
                },
                "google_service_account.tfer--111181631017890268696": {
                    "type": "google_service_account",
                    "depends_on": [],
                    "primary": {
                        "id": "projects/cal-itp-data-infra/serviceAccounts/test-natalyaa@cal-itp-data-infra.iam.gserviceaccount.com",
                        "attributes": {
                            "account_id": "test-natalyaa",
                            "description": "",
                            "disabled": "false",
                            "display_name": "",
                            "email": "test-natalyaa@cal-itp-data-infra.iam.gserviceaccount.com",
                            "id": "projects/cal-itp-data-infra/serviceAccounts/test-natalyaa@cal-itp-data-infra.iam.gserviceaccount.com",
                            "member": "serviceAccount:test-natalyaa@cal-itp-data-infra.iam.gserviceaccount.com",
                            "name": "projects/cal-itp-data-infra/serviceAccounts/test-natalyaa@cal-itp-data-infra.iam.gserviceaccount.com",
                            "project": "cal-itp-data-infra",
                            "unique_id": "111181631017890268696"
                        },
                        "meta": {
                            "schema_version": 0
                        },
                        "tainted": false
                    },
                    "deposed": [],
                    "provider": "provider.google"
                },
                "google_service_account.tfer--111891315267954755979": {
                    "type": "google_service_account",
                    "depends_on": [],
                    "primary": {
                        "id": "projects/cal-itp-data-infra/serviceAccounts/lake-transit-authority@cal-itp-data-infra.iam.gserviceaccount.com",
                        "attributes": {
                            "account_id": "lake-transit-authority",
                            "description": "",
                            "disabled": "false",
                            "display_name": "",
                            "email": "lake-transit-authority@cal-itp-data-infra.iam.gserviceaccount.com",
                            "id": "projects/cal-itp-data-infra/serviceAccounts/lake-transit-authority@cal-itp-data-infra.iam.gserviceaccount.com",
                            "member": "serviceAccount:lake-transit-authority@cal-itp-data-infra.iam.gserviceaccount.com",
                            "name": "projects/cal-itp-data-infra/serviceAccounts/lake-transit-authority@cal-itp-data-infra.iam.gserviceaccount.com",
                            "project": "cal-itp-data-infra",
                            "unique_id": "111891315267954755979"
                        },
                        "meta": {
                            "schema_version": 0
                        },
                        "tainted": false
                    },
                    "deposed": [],
                    "provider": "provider.google"
                },
                "google_service_account.tfer--112089510539904302491": {
                    "type": "google_service_account",
                    "depends_on": [],
                    "primary": {
                        "id": "projects/cal-itp-data-infra/serviceAccounts/sacrt-payments-user@cal-itp-data-infra.iam.gserviceaccount.com",
                        "attributes": {
                            "account_id": "sacrt-payments-user",
                            "description": "",
                            "disabled": "false",
                            "display_name": "",
                            "email": "sacrt-payments-user@cal-itp-data-infra.iam.gserviceaccount.com",
                            "id": "projects/cal-itp-data-infra/serviceAccounts/sacrt-payments-user@cal-itp-data-infra.iam.gserviceaccount.com",
                            "member": "serviceAccount:sacrt-payments-user@cal-itp-data-infra.iam.gserviceaccount.com",
                            "name": "projects/cal-itp-data-infra/serviceAccounts/sacrt-payments-user@cal-itp-data-infra.iam.gserviceaccount.com",
                            "project": "cal-itp-data-infra",
                            "unique_id": "112089510539904302491"
                        },
                        "meta": {
                            "schema_version": 0
                        },
                        "tainted": false
                    },
                    "deposed": [],
                    "provider": "provider.google"
                },
                "google_service_account.tfer--113085154642268227475": {
                    "type": "google_service_account",
                    "depends_on": [],
                    "primary": {
                        "id": "projects/cal-itp-data-infra/serviceAccounts/mst-payments-user@cal-itp-data-infra.iam.gserviceaccount.com",
                        "attributes": {
                            "account_id": "mst-payments-user",
                            "description": "",
                            "disabled": "false",
                            "display_name": "",
                            "email": "mst-payments-user@cal-itp-data-infra.iam.gserviceaccount.com",
                            "id": "projects/cal-itp-data-infra/serviceAccounts/mst-payments-user@cal-itp-data-infra.iam.gserviceaccount.com",
                            "member": "serviceAccount:mst-payments-user@cal-itp-data-infra.iam.gserviceaccount.com",
                            "name": "projects/cal-itp-data-infra/serviceAccounts/mst-payments-user@cal-itp-data-infra.iam.gserviceaccount.com",
                            "project": "cal-itp-data-infra",
                            "unique_id": "113085154642268227475"
                        },
                        "meta": {
                            "schema_version": 0
                        },
                        "tainted": false
                    },
                    "deposed": [],
                    "provider": "provider.google"
                },
                "google_service_account.tfer--113224801129857519602": {
                    "type": "google_service_account",
                    "depends_on": [],
                    "primary": {
                        "id": "projects/cal-itp-data-infra/serviceAccounts/mendocino-transit-authority@cal-itp-data-infra.iam.gserviceaccount.com",
                        "attributes": {
                            "account_id": "mendocino-transit-authority",
                            "description": "",
                            "disabled": "false",
                            "display_name": "",
                            "email": "mendocino-transit-authority@cal-itp-data-infra.iam.gserviceaccount.com",
                            "id": "projects/cal-itp-data-infra/serviceAccounts/mendocino-transit-authority@cal-itp-data-infra.iam.gserviceaccount.com",
                            "member": "serviceAccount:mendocino-transit-authority@cal-itp-data-infra.iam.gserviceaccount.com",
                            "name": "projects/cal-itp-data-infra/serviceAccounts/mendocino-transit-authority@cal-itp-data-infra.iam.gserviceaccount.com",
                            "project": "cal-itp-data-infra",
                            "unique_id": "113224801129857519602"
                        },
                        "meta": {
                            "schema_version": 0
                        },
                        "tainted": false
                    },
                    "deposed": [],
                    "provider": "provider.google"
                },
                "google_service_account.tfer--113512472366715495471": {
                    "type": "google_service_account",
                    "depends_on": [],
                    "primary": {
                        "id": "projects/cal-itp-data-infra/serviceAccounts/backup-metabase@cal-itp-data-infra.iam.gserviceaccount.com",
                        "attributes": {
                            "account_id": "backup-metabase",
                            "description": "R/W access to production metabase backups",
                            "disabled": "false",
                            "display_name": "backup-metabase",
                            "email": "backup-metabase@cal-itp-data-infra.iam.gserviceaccount.com",
                            "id": "projects/cal-itp-data-infra/serviceAccounts/backup-metabase@cal-itp-data-infra.iam.gserviceaccount.com",
                            "member": "serviceAccount:backup-metabase@cal-itp-data-infra.iam.gserviceaccount.com",
                            "name": "projects/cal-itp-data-infra/serviceAccounts/backup-metabase@cal-itp-data-infra.iam.gserviceaccount.com",
                            "project": "cal-itp-data-infra",
                            "unique_id": "113512472366715495471"
                        },
                        "meta": {
                            "schema_version": 0
                        },
                        "tainted": false
                    },
                    "deposed": [],
                    "provider": "provider.google"
                },
                "google_service_account.tfer--114731815246487683241": {
                    "type": "google_service_account",
                    "depends_on": [],
                    "primary": {
                        "id": "projects/cal-itp-data-infra/serviceAccounts/bq-transform-svcacct@cal-itp-data-infra.iam.gserviceaccount.com",
                        "attributes": {
                            "account_id": "bq-transform-svcacct",
                            "description": "Grants Airflow pod operators access to GCS and bigquery",
                            "disabled": "false",
                            "display_name": "airflow-jobs-service-user",
                            "email": "bq-transform-svcacct@cal-itp-data-infra.iam.gserviceaccount.com",
                            "id": "projects/cal-itp-data-infra/serviceAccounts/bq-transform-svcacct@cal-itp-data-infra.iam.gserviceaccount.com",
                            "member": "serviceAccount:bq-transform-svcacct@cal-itp-data-infra.iam.gserviceaccount.com",
                            "name": "projects/cal-itp-data-infra/serviceAccounts/bq-transform-svcacct@cal-itp-data-infra.iam.gserviceaccount.com",
                            "project": "cal-itp-data-infra",
                            "unique_id": "114731815246487683241"
                        },
                        "meta": {
                            "schema_version": 0
                        },
                        "tainted": false
                    },
                    "deposed": [],
                    "provider": "provider.google"
                },
                "google_service_account.tfer--114755160399419974306": {
                    "type": "google_service_account",
                    "depends_on": [],
                    "primary": {
                        "id": "projects/cal-itp-data-infra/serviceAccounts/metabase-payments-team@cal-itp-data-infra.iam.gserviceaccount.com",
                        "attributes": {
                            "account_id": "metabase-payments-team",
                            "description": "Service account for Payments Data Team to use via Metabase",
                            "disabled": "false",
                            "display_name": "metabase-payments-team",
                            "email": "metabase-payments-team@cal-itp-data-infra.iam.gserviceaccount.com",
                            "id": "projects/cal-itp-data-infra/serviceAccounts/metabase-payments-team@cal-itp-data-infra.iam.gserviceaccount.com",
                            "member": "serviceAccount:metabase-payments-team@cal-itp-data-infra.iam.gserviceaccount.com",
                            "name": "projects/cal-itp-data-infra/serviceAccounts/metabase-payments-team@cal-itp-data-infra.iam.gserviceaccount.com",
                            "project": "cal-itp-data-infra",
                            "unique_id": "114755160399419974306"
                        },
                        "meta": {
                            "schema_version": 0
                        },
                        "tainted": false
                    },
                    "deposed": [],
                    "provider": "provider.google"
                },
                "google_service_account.tfer--115285307593924299795": {
                    "type": "google_service_account",
                    "depends_on": [],
                    "primary": {
                        "id": "projects/cal-itp-data-infra/serviceAccounts/backups-test@cal-itp-data-infra.iam.gserviceaccount.com",
                        "attributes": {
                            "account_id": "backups-test",
                            "description": "",
                            "disabled": "false",
                            "display_name": "backups-test",
                            "email": "backups-test@cal-itp-data-infra.iam.gserviceaccount.com",
                            "id": "projects/cal-itp-data-infra/serviceAccounts/backups-test@cal-itp-data-infra.iam.gserviceaccount.com",
                            "member": "serviceAccount:backups-test@cal-itp-data-infra.iam.gserviceaccount.com",
                            "name": "projects/cal-itp-data-infra/serviceAccounts/backups-test@cal-itp-data-infra.iam.gserviceaccount.com",
                            "project": "cal-itp-data-infra",
                            "unique_id": "115285307593924299795"
                        },
                        "meta": {
                            "schema_version": 0
                        },
                        "tainted": false
                    },
                    "deposed": [],
                    "provider": "provider.google"
                },
                "google_service_account.tfer--115862066379506089980": {
                    "type": "google_service_account",
                    "depends_on": [],
                    "primary": {
                        "id": "projects/cal-itp-data-infra/serviceAccounts/calitp-py-ci@cal-itp-data-infra.iam.gserviceaccount.com",
                        "attributes": {
                            "account_id": "calitp-py-ci",
                            "description": "CI testing for calitp-py library",
                            "disabled": "false",
                            "display_name": "calitp-py-ci",
                            "email": "calitp-py-ci@cal-itp-data-infra.iam.gserviceaccount.com",
                            "id": "projects/cal-itp-data-infra/serviceAccounts/calitp-py-ci@cal-itp-data-infra.iam.gserviceaccount.com",
                            "member": "serviceAccount:calitp-py-ci@cal-itp-data-infra.iam.gserviceaccount.com",
                            "name": "projects/cal-itp-data-infra/serviceAccounts/calitp-py-ci@cal-itp-data-infra.iam.gserviceaccount.com",
                            "project": "cal-itp-data-infra",
                            "unique_id": "115862066379506089980"
                        },
                        "meta": {
                            "schema_version": 0
                        },
                        "tainted": false
                    },
                    "deposed": [],
                    "provider": "provider.google"
                },
                "google_service_account.tfer--116204646797454087621": {
                    "type": "google_service_account",
                    "depends_on": [],
                    "primary": {
                        "id": "projects/cal-itp-data-infra/serviceAccounts/agency-hub-readonly@cal-itp-data-infra.iam.gserviceaccount.com",
                        "attributes": {
                            "account_id": "agency-hub-readonly",
                            "description": "Read-only access for AgencyHub to read validation codes",
                            "disabled": "false",
                            "display_name": "agency-hub-readonly",
                            "email": "agency-hub-readonly@cal-itp-data-infra.iam.gserviceaccount.com",
                            "id": "projects/cal-itp-data-infra/serviceAccounts/agency-hub-readonly@cal-itp-data-infra.iam.gserviceaccount.com",
                            "member": "serviceAccount:agency-hub-readonly@cal-itp-data-infra.iam.gserviceaccount.com",
                            "name": "projects/cal-itp-data-infra/serviceAccounts/agency-hub-readonly@cal-itp-data-infra.iam.gserviceaccount.com",
                            "project": "cal-itp-data-infra",
                            "unique_id": "116204646797454087621"
                        },
                        "meta": {
                            "schema_version": 0
                        },
                        "tainted": false
                    },
                    "deposed": [],
                    "provider": "provider.google"
                },
                "google_service_account.tfer--117250920371991618056": {
                    "type": "google_service_account",
                    "depends_on": [],
                    "primary": {
                        "id": "projects/cal-itp-data-infra/serviceAccounts/humboldt-transit-authority@cal-itp-data-infra.iam.gserviceaccount.com",
                        "attributes": {
                            "account_id": "humboldt-transit-authority",
                            "description": "",
                            "disabled": "false",
                            "display_name": "",
                            "email": "humboldt-transit-authority@cal-itp-data-infra.iam.gserviceaccount.com",
                            "id": "projects/cal-itp-data-infra/serviceAccounts/humboldt-transit-authority@cal-itp-data-infra.iam.gserviceaccount.com",
                            "member": "serviceAccount:humboldt-transit-authority@cal-itp-data-infra.iam.gserviceaccount.com",
                            "name": "projects/cal-itp-data-infra/serviceAccounts/humboldt-transit-authority@cal-itp-data-infra.iam.gserviceaccount.com",
                            "project": "cal-itp-data-infra",
                            "unique_id": "117250920371991618056"
                        },
                        "meta": {
                            "schema_version": 0
                        },
                        "tainted": false
                    },
                    "deposed": [],
                    "provider": "provider.google"
                },
                "google_service_account.tfer--117710413824821071161": {
                    "type": "google_service_account",
                    "depends_on": [],
                    "primary": {
                        "id": "projects/cal-itp-data-infra/serviceAccounts/amplitude-export@cal-itp-data-infra.iam.gserviceaccount.com",
                        "attributes": {
                            "account_id": "amplitude-export",
                            "description": "",
                            "disabled": "false",
                            "display_name": "amplitude-export",
                            "email": "amplitude-export@cal-itp-data-infra.iam.gserviceaccount.com",
                            "id": "projects/cal-itp-data-infra/serviceAccounts/amplitude-export@cal-itp-data-infra.iam.gserviceaccount.com",
                            "member": "serviceAccount:amplitude-export@cal-itp-data-infra.iam.gserviceaccount.com",
                            "name": "projects/cal-itp-data-infra/serviceAccounts/amplitude-export@cal-itp-data-infra.iam.gserviceaccount.com",
                            "project": "cal-itp-data-infra",
                            "unique_id": "117710413824821071161"
                        },
                        "meta": {
                            "schema_version": 0
                        },
                        "tainted": false
                    },
                    "deposed": [],
                    "provider": "provider.google"
                },
                "google_service_account.tfer--117956330948086473326": {
                    "type": "google_service_account",
                    "depends_on": [],
                    "primary": {
                        "id": "projects/cal-itp-data-infra/serviceAccounts/gtfs-rt-archiver@cal-itp-data-infra.iam.gserviceaccount.com",
                        "attributes": {
                            "account_id": "gtfs-rt-archiver",
                            "description": "Service to upload GTFS-RT feeds to storage bucket",
                            "disabled": "false",
                            "display_name": "gtfs-rt-archiver",
                            "email": "gtfs-rt-archiver@cal-itp-data-infra.iam.gserviceaccount.com",
                            "id": "projects/cal-itp-data-infra/serviceAccounts/gtfs-rt-archiver@cal-itp-data-infra.iam.gserviceaccount.com",
                            "member": "serviceAccount:gtfs-rt-archiver@cal-itp-data-infra.iam.gserviceaccount.com",
                            "name": "projects/cal-itp-data-infra/serviceAccounts/gtfs-rt-archiver@cal-itp-data-infra.iam.gserviceaccount.com",
                            "project": "cal-itp-data-infra",
                            "unique_id": "117956330948086473326"
                        },
                        "meta": {
                            "schema_version": 0
                        },
                        "tainted": false
                    },
                    "deposed": [],
                    "provider": "provider.google"
                },
                "google_service_account.tfer--118350215382382143206": {
                    "type": "google_service_account",
                    "depends_on": [],
                    "primary": {
                        "id": "projects/cal-itp-data-infra/serviceAccounts/gh-actions-mobi-mart@cal-itp-data-infra.iam.gserviceaccount.com",
                        "attributes": {
                            "account_id": "gh-actions-mobi-mart",
                            "description": "Used to pull Provider Map data from warehouse into MobiMart site",
                            "disabled": "false",
                            "display_name": "gh_actions_mobi_mart",
                            "email": "gh-actions-mobi-mart@cal-itp-data-infra.iam.gserviceaccount.com",
                            "id": "projects/cal-itp-data-infra/serviceAccounts/gh-actions-mobi-mart@cal-itp-data-infra.iam.gserviceaccount.com",
                            "member": "serviceAccount:gh-actions-mobi-mart@cal-itp-data-infra.iam.gserviceaccount.com",
                            "name": "projects/cal-itp-data-infra/serviceAccounts/gh-actions-mobi-mart@cal-itp-data-infra.iam.gserviceaccount.com",
                            "project": "cal-itp-data-infra",
                            "unique_id": "118350215382382143206"
                        },
                        "meta": {
                            "schema_version": 0
                        },
                        "tainted": false
                    },
                    "deposed": [],
                    "provider": "provider.google"
                }
            },
            "depends_on": []
        }
    ]
}
