{
    "version": 3,
    "terraform_version": "0.12.31",
    "serial": 1,
    "lineage": "3762518e-db05-b2bf-eb8c-34b4c72939f7",
    "modules": [
        {
            "path": [
                "root"
            ],
            "outputs": {
                "google_compute_target_pool_tfer--a0d3bb39e959b49a1b6015fd2193e30d_self_link": {
                    "sensitive": false,
                    "type": "string",
                    "value": "https://www.googleapis.com/compute/v1/projects/cal-itp-data-infra/regions/us-west1/targetPools/a0d3bb39e959b49a1b6015fd2193e30d"
                },
                "google_compute_target_pool_tfer--ad40eb3afc69e4deeaf43a1ed1393eeb_self_link": {
                    "sensitive": false,
                    "type": "string",
                    "value": "https://www.googleapis.com/compute/v1/projects/cal-itp-data-infra/regions/us-west1/targetPools/ad40eb3afc69e4deeaf43a1ed1393eeb"
                }
            },
            "resources": {
                "google_compute_target_pool.tfer--a0d3bb39e959b49a1b6015fd2193e30d": {
                    "type": "google_compute_target_pool",
                    "depends_on": [],
                    "primary": {
                        "id": "a0d3bb39e959b49a1b6015fd2193e30d",
                        "attributes": {
                            "backup_pool": "",
                            "description": "{\"kubernetes.io/service-name\":\"prod-sftp-ingest-elavon/sftp-internet\"}",
                            "failover_ratio": "0",
                            "health_checks.#": "1",
                            "health_checks.0": "https://www.googleapis.com/compute/v1/projects/cal-itp-data-infra/global/httpHealthChecks/k8s-e092126e72b02003-node",
                            "id": "a0d3bb39e959b49a1b6015fd2193e30d",
                            "instances.#": "17",
                            "instances.0": "us-west1-a/gke-data-infra-apps-apps-v2-2729c0c0-8ms8",
                            "instances.1": "us-west1-a/gke-data-infra-apps-gtfsrt-v4-2a13e092-k2sh",
                            "instances.10": "us-west1-c/gke-data-infra-apps-apps-v2-24a4cc95-c6nc",
                            "instances.11": "us-west1-c/gke-data-infra-apps-apps-v2-24a4cc95-r80w",
                            "instances.12": "us-west1-c/gke-data-infra-apps-gtfsrt-v4-7577d4d7-2q5e",
                            "instances.13": "us-west1-c/gke-data-infra-apps-jobs-v1-625ec063-7qyx",
                            "instances.14": "us-west1-c/gke-data-infra-apps-jupyterhub-users-6aa76dbb-0ipn",
                            "instances.15": "us-west1-c/gke-data-infra-apps-jupyterhub-users-6aa76dbb-58p2",
                            "instances.16": "us-west1-c/gke-data-infra-apps-jupyterhub-users-6aa76dbb-f0y0",
                            "instances.2": "us-west1-a/gke-data-infra-apps-gtfsrt-v4-2a13e092-qr7i",
                            "instances.3": "us-west1-a/gke-data-infra-apps-jobs-v1-cd18666b-d7vg",
                            "instances.4": "us-west1-a/gke-data-infra-apps-jupyterhub-users-b57e08f4-ldpn",
                            "instances.5": "us-west1-b/gke-data-infra-apps-apps-v2-0dfb61fb-qloc",
                            "instances.6": "us-west1-b/gke-data-infra-apps-gtfsrt-v4-b003cc53-d25a",
                            "instances.7": "us-west1-b/gke-data-infra-apps-jobs-v1-8eec22fb-9fgb",
                            "instances.8": "us-west1-b/gke-data-infra-apps-jupyterhub-users-dddc57ff-2iq0",
                            "instances.9": "us-west1-b/gke-data-infra-apps-jupyterhub-users-dddc57ff-rb5c",
                            "name": "a0d3bb39e959b49a1b6015fd2193e30d",
                            "project": "cal-itp-data-infra",
                            "region": "us-west1",
                            "self_link": "https://www.googleapis.com/compute/v1/projects/cal-itp-data-infra/regions/us-west1/targetPools/a0d3bb39e959b49a1b6015fd2193e30d",
                            "session_affinity": "NONE"
                        },
                        "meta": {
                            "schema_version": 0
                        },
                        "tainted": false
                    },
                    "deposed": [],
                    "provider": "provider.google"
                },
                "google_compute_target_pool.tfer--ad40eb3afc69e4deeaf43a1ed1393eeb": {
                    "type": "google_compute_target_pool",
                    "depends_on": [],
                    "primary": {
                        "id": "ad40eb3afc69e4deeaf43a1ed1393eeb",
                        "attributes": {
                            "backup_pool": "",
                            "description": "{\"kubernetes.io/service-name\":\"ingress-nginx/ingress-nginx-controller\"}",
                            "failover_ratio": "0",
                            "health_checks.#": "1",
                            "health_checks.0": "https://www.googleapis.com/compute/v1/projects/cal-itp-data-infra/global/httpHealthChecks/ad40eb3afc69e4deeaf43a1ed1393eeb",
                            "id": "ad40eb3afc69e4deeaf43a1ed1393eeb",
                            "instances.#": "17",
                            "instances.0": "us-west1-a/gke-data-infra-apps-apps-v2-2729c0c0-8ms8",
                            "instances.1": "us-west1-a/gke-data-infra-apps-gtfsrt-v4-2a13e092-k2sh",
                            "instances.10": "us-west1-c/gke-data-infra-apps-apps-v2-24a4cc95-c6nc",
                            "instances.11": "us-west1-c/gke-data-infra-apps-apps-v2-24a4cc95-r80w",
                            "instances.12": "us-west1-c/gke-data-infra-apps-gtfsrt-v4-7577d4d7-2q5e",
                            "instances.13": "us-west1-c/gke-data-infra-apps-jobs-v1-625ec063-7qyx",
                            "instances.14": "us-west1-c/gke-data-infra-apps-jupyterhub-users-6aa76dbb-0ipn",
                            "instances.15": "us-west1-c/gke-data-infra-apps-jupyterhub-users-6aa76dbb-58p2",
                            "instances.16": "us-west1-c/gke-data-infra-apps-jupyterhub-users-6aa76dbb-f0y0",
                            "instances.2": "us-west1-a/gke-data-infra-apps-gtfsrt-v4-2a13e092-qr7i",
                            "instances.3": "us-west1-a/gke-data-infra-apps-jobs-v1-cd18666b-d7vg",
                            "instances.4": "us-west1-a/gke-data-infra-apps-jupyterhub-users-b57e08f4-ldpn",
                            "instances.5": "us-west1-b/gke-data-infra-apps-apps-v2-0dfb61fb-qloc",
                            "instances.6": "us-west1-b/gke-data-infra-apps-gtfsrt-v4-b003cc53-d25a",
                            "instances.7": "us-west1-b/gke-data-infra-apps-jobs-v1-8eec22fb-9fgb",
                            "instances.8": "us-west1-b/gke-data-infra-apps-jupyterhub-users-dddc57ff-2iq0",
                            "instances.9": "us-west1-b/gke-data-infra-apps-jupyterhub-users-dddc57ff-rb5c",
                            "name": "ad40eb3afc69e4deeaf43a1ed1393eeb",
                            "project": "cal-itp-data-infra",
                            "region": "us-west1",
                            "self_link": "https://www.googleapis.com/compute/v1/projects/cal-itp-data-infra/regions/us-west1/targetPools/ad40eb3afc69e4deeaf43a1ed1393eeb",
                            "session_affinity": "NONE"
                        },
                        "meta": {
                            "schema_version": 0
                        },
                        "tainted": false
                    },
                    "deposed": [],
                    "provider": "provider.google"
                }
            },
            "depends_on": []
        }
    ]
}
