{
    "version": 3,
    "terraform_version": "0.12.31",
    "serial": 1,
    "lineage": "6111b7fa-bf86-f991-f47e-c5153e2c6867",
    "modules": [
        {
            "path": [
                "root"
            ],
            "outputs": {
                "google_storage_bucket_acl_tfer--analysis-output-models_id": {
                    "sensitive": false,
                    "type": "string",
                    "value": "analysis-output-models"
                },
                "google_storage_bucket_acl_tfer--artifacts-002E-cal-itp-data-infra-002E-appspot-002E-com_id": {
                    "sensitive": false,
                    "type": "string",
                    "value": "artifacts.cal-itp-data-infra.appspot.com"
                },
                "google_storage_bucket_acl_tfer--cal-itp-data-infra-002E-appspot-002E-com_id": {
                    "sensitive": false,
                    "type": "string",
                    "value": "cal-itp-data-infra.appspot.com"
                },
                "google_storage_bucket_acl_tfer--calitp-aggregator-scraper_id": {
                    "sensitive": false,
                    "type": "string",
                    "value": "calitp-aggregator-scraper"
                },
                "google_storage_bucket_acl_tfer--calitp-airtable_id": {
                    "sensitive": false,
                    "type": "string",
                    "value": "calitp-airtable"
                },
                "google_storage_bucket_acl_tfer--calitp-amplitude-benefits-events_id": {
                    "sensitive": false,
                    "type": "string",
                    "value": "calitp-amplitude-benefits-events"
                },
                "google_storage_bucket_acl_tfer--calitp-analytics-data_id": {
                    "sensitive": false,
                    "type": "string",
                    "value": "calitp-analytics-data"
                },
                "google_storage_bucket_acl_tfer--calitp-backups-grafana_id": {
                    "sensitive": false,
                    "type": "string",
                    "value": "calitp-backups-grafana"
                },
                "google_storage_bucket_acl_tfer--calitp-backups-metabase_id": {
                    "sensitive": false,
                    "type": "string",
                    "value": "calitp-backups-metabase"
                },
                "google_storage_bucket_acl_tfer--calitp-backups-sentry_id": {
                    "sensitive": false,
                    "type": "string",
                    "value": "calitp-backups-sentry"
                },
                "google_storage_bucket_acl_tfer--calitp-backups-test_id": {
                    "sensitive": false,
                    "type": "string",
                    "value": "calitp-backups-test"
                },
                "google_storage_bucket_acl_tfer--calitp-ci-artifacts_id": {
                    "sensitive": false,
                    "type": "string",
                    "value": "calitp-ci-artifacts"
                },
                "google_storage_bucket_acl_tfer--calitp-dbt-artifacts_id": {
                    "sensitive": false,
                    "type": "string",
                    "value": "calitp-dbt-artifacts"
                },
                "google_storage_bucket_acl_tfer--calitp-dbt-python-models_id": {
                    "sensitive": false,
                    "type": "string",
                    "value": "calitp-dbt-python-models"
                },
                "google_storage_bucket_acl_tfer--calitp-elavon-parsed_id": {
                    "sensitive": false,
                    "type": "string",
                    "value": "calitp-elavon-parsed"
                },
                "google_storage_bucket_acl_tfer--calitp-elavon-raw_id": {
                    "sensitive": false,
                    "type": "string",
                    "value": "calitp-elavon-raw"
                },
                "google_storage_bucket_acl_tfer--calitp-gtfs-download-config_id": {
                    "sensitive": false,
                    "type": "string",
                    "value": "calitp-gtfs-download-config"
                },
                "google_storage_bucket_acl_tfer--calitp-gtfs-rt-parsed_id": {
                    "sensitive": false,
                    "type": "string",
                    "value": "calitp-gtfs-rt-parsed"
                },
                "google_storage_bucket_acl_tfer--calitp-gtfs-rt-raw-deprecated_id": {
                    "sensitive": false,
                    "type": "string",
                    "value": "calitp-gtfs-rt-raw-deprecated"
                },
                "google_storage_bucket_acl_tfer--calitp-gtfs-rt-raw-v2_id": {
                    "sensitive": false,
                    "type": "string",
                    "value": "calitp-gtfs-rt-raw-v2"
                },
                "google_storage_bucket_acl_tfer--calitp-gtfs-rt-validation_id": {
                    "sensitive": false,
                    "type": "string",
                    "value": "calitp-gtfs-rt-validation"
                },
                "google_storage_bucket_acl_tfer--calitp-gtfs-schedule-parsed-hourly_id": {
                    "sensitive": false,
                    "type": "string",
                    "value": "calitp-gtfs-schedule-parsed-hourly"
                },
                "google_storage_bucket_acl_tfer--calitp-gtfs-schedule-parsed_id": {
                    "sensitive": false,
                    "type": "string",
                    "value": "calitp-gtfs-schedule-parsed"
                },
                "google_storage_bucket_acl_tfer--calitp-gtfs-schedule-raw-v2_id": {
                    "sensitive": false,
                    "type": "string",
                    "value": "calitp-gtfs-schedule-raw-v2"
                },
                "google_storage_bucket_acl_tfer--calitp-gtfs-schedule-unzipped-hourly_id": {
                    "sensitive": false,
                    "type": "string",
                    "value": "calitp-gtfs-schedule-unzipped-hourly"
                },
                "google_storage_bucket_acl_tfer--calitp-gtfs-schedule-unzipped_id": {
                    "sensitive": false,
                    "type": "string",
                    "value": "calitp-gtfs-schedule-unzipped"
                },
                "google_storage_bucket_acl_tfer--calitp-gtfs-schedule-validation-hourly_id": {
                    "sensitive": false,
                    "type": "string",
                    "value": "calitp-gtfs-schedule-validation-hourly"
                },
                "google_storage_bucket_acl_tfer--calitp-gtfs-schedule-validation_id": {
                    "sensitive": false,
                    "type": "string",
                    "value": "calitp-gtfs-schedule-validation"
                },
                "google_storage_bucket_acl_tfer--calitp-jamesl-gcp-components-tfstate_id": {
                    "sensitive": false,
                    "type": "string",
                    "value": "calitp-jamesl-gcp-components-tfstate"
                },
                "google_storage_bucket_acl_tfer--calitp-map-tiles_id": {
                    "sensitive": false,
                    "type": "string",
                    "value": "calitp-map-tiles"
                },
                "google_storage_bucket_acl_tfer--calitp-metabase-data-public_id": {
                    "sensitive": false,
                    "type": "string",
                    "value": "calitp-metabase-data-public"
                },
                "google_storage_bucket_acl_tfer--calitp-ntd-api-products_id": {
                    "sensitive": false,
                    "type": "string",
                    "value": "calitp-ntd-api-products"
                },
                "google_storage_bucket_acl_tfer--calitp-ntd-data-products_id": {
                    "sensitive": false,
                    "type": "string",
                    "value": "calitp-ntd-data-products"
                },
                "google_storage_bucket_acl_tfer--calitp-ntd-report-validation_id": {
                    "sensitive": false,
                    "type": "string",
                    "value": "calitp-ntd-report-validation"
                },
                "google_storage_bucket_acl_tfer--calitp-ntd-xlsx-products-clean_id": {
                    "sensitive": false,
                    "type": "string",
                    "value": "calitp-ntd-xlsx-products-clean"
                },
                "google_storage_bucket_acl_tfer--calitp-ntd-xlsx-products-raw_id": {
                    "sensitive": false,
                    "type": "string",
                    "value": "calitp-ntd-xlsx-products-raw"
                },
                "google_storage_bucket_acl_tfer--calitp-payments-littlepay-parsed_id": {
                    "sensitive": false,
                    "type": "string",
                    "value": "calitp-payments-littlepay-parsed"
                },
                "google_storage_bucket_acl_tfer--calitp-payments-littlepay-raw_id": {
                    "sensitive": false,
                    "type": "string",
                    "value": "calitp-payments-littlepay-raw"
                },
                "google_storage_bucket_acl_tfer--calitp-prod-gcp-components-tfstate_id": {
                    "sensitive": false,
                    "type": "string",
                    "value": "calitp-prod-gcp-components-tfstate"
                },
                "google_storage_bucket_acl_tfer--calitp-publish-data-analysis_id": {
                    "sensitive": false,
                    "type": "string",
                    "value": "calitp-publish-data-analysis"
                },
                "google_storage_bucket_acl_tfer--calitp-publish_id": {
                    "sensitive": false,
                    "type": "string",
                    "value": "calitp-publish"
                },
                "google_storage_bucket_acl_tfer--calitp-reports-data_id": {
                    "sensitive": false,
                    "type": "string",
                    "value": "calitp-reports-data"
                },
                "google_storage_bucket_acl_tfer--calitp-state-geoportal-scrape_id": {
                    "sensitive": false,
                    "type": "string",
                    "value": "calitp-state-geoportal-scrape"
                },
                "google_storage_bucket_acl_tfer--calitp-state-highway-network-stops_id": {
                    "sensitive": false,
                    "type": "string",
                    "value": "calitp-state-highway-network-stops"
                },
                "google_storage_bucket_acl_tfer--cold-storage-outputs-gtfs-data-test-charlie-test_id": {
                    "sensitive": false,
                    "type": "string",
                    "value": "cold-storage-outputs-gtfs-data-test-charlie-test"
                },
                "google_storage_bucket_acl_tfer--cold-storage-outputs-gtfs-data-test_id": {
                    "sensitive": false,
                    "type": "string",
                    "value": "cold-storage-outputs-gtfs-data-test"
                },
                "google_storage_bucket_acl_tfer--dataproc-staging-us-west2-1005246706141-sfgmtgyp_id": {
                    "sensitive": false,
                    "type": "string",
                    "value": "dataproc-staging-us-west2-1005246706141-sfgmtgyp"
                },
                "google_storage_bucket_acl_tfer--dataproc-temp-us-west2-1005246706141-x9mtxbwg_id": {
                    "sensitive": false,
                    "type": "string",
                    "value": "dataproc-temp-us-west2-1005246706141-x9mtxbwg"
                },
                "google_storage_bucket_acl_tfer--dev-calitp-aggregator-scraper_id": {
                    "sensitive": false,
                    "type": "string",
                    "value": "dev-calitp-aggregator-scraper"
                },
                "google_storage_bucket_acl_tfer--dev-calitp-gtfs-rt-raw_id": {
                    "sensitive": false,
                    "type": "string",
                    "value": "dev-calitp-gtfs-rt-raw"
                },
                "google_storage_bucket_acl_tfer--dev-calitp-test-sandbox_id": {
                    "sensitive": false,
                    "type": "string",
                    "value": "dev-calitp-test-sandbox"
                },
                "google_storage_bucket_acl_tfer--gtfs-data-reports_id": {
                    "sensitive": false,
                    "type": "string",
                    "value": "gtfs-data-reports"
                },
                "google_storage_bucket_acl_tfer--gtfs-data-test-reports_id": {
                    "sensitive": false,
                    "type": "string",
                    "value": "gtfs-data-test-reports"
                },
                "google_storage_bucket_acl_tfer--gtfs-data-test_id": {
                    "sensitive": false,
                    "type": "string",
                    "value": "gtfs-data-test"
                },
                "google_storage_bucket_acl_tfer--gtfs-data_id": {
                    "sensitive": false,
                    "type": "string",
                    "value": "gtfs-data"
                },
                "google_storage_bucket_acl_tfer--gtfs-schedule-backfill-test-deprecated_id": {
                    "sensitive": false,
                    "type": "string",
                    "value": "gtfs-schedule-backfill-test-deprecated"
                },
                "google_storage_bucket_acl_tfer--gtfs-schedule-backfill-test_id": {
                    "sensitive": false,
                    "type": "string",
                    "value": "gtfs-schedule-backfill-test"
                },
                "google_storage_bucket_acl_tfer--littlepay-data-extract-prod_id": {
                    "sensitive": false,
                    "type": "string",
                    "value": "littlepay-data-extract-prod"
                },
                "google_storage_bucket_acl_tfer--rt-parsed-deprecated_id": {
                    "sensitive": false,
                    "type": "string",
                    "value": "rt-parsed-deprecated"
                },
                "google_storage_bucket_acl_tfer--rt-parsed_id": {
                    "sensitive": false,
                    "type": "string",
                    "value": "rt-parsed"
                },
                "google_storage_bucket_acl_tfer--staging-002E-cal-itp-data-infra-002E-appspot-002E-com_id": {
                    "sensitive": false,
                    "type": "string",
                    "value": "staging.cal-itp-data-infra.appspot.com"
                },
                "google_storage_bucket_acl_tfer--test-calitp-aggregator-scraper_id": {
                    "sensitive": false,
                    "type": "string",
                    "value": "test-calitp-aggregator-scraper"
                },
                "google_storage_bucket_acl_tfer--test-calitp-airtable_id": {
                    "sensitive": false,
                    "type": "string",
                    "value": "test-calitp-airtable"
                },
                "google_storage_bucket_acl_tfer--test-calitp-dbt-artifacts_id": {
                    "sensitive": false,
                    "type": "string",
                    "value": "test-calitp-dbt-artifacts"
                },
                "google_storage_bucket_acl_tfer--test-calitp-dbt-python-models_id": {
                    "sensitive": false,
                    "type": "string",
                    "value": "test-calitp-dbt-python-models"
                },
                "google_storage_bucket_acl_tfer--test-calitp-elavon-parsed_id": {
                    "sensitive": false,
                    "type": "string",
                    "value": "test-calitp-elavon-parsed"
                },
                "google_storage_bucket_acl_tfer--test-calitp-elavon-raw_id": {
                    "sensitive": false,
                    "type": "string",
                    "value": "test-calitp-elavon-raw"
                },
                "google_storage_bucket_acl_tfer--test-calitp-elavon_id": {
                    "sensitive": false,
                    "type": "string",
                    "value": "test-calitp-elavon"
                },
                "google_storage_bucket_acl_tfer--test-calitp-gtfs-config_id": {
                    "sensitive": false,
                    "type": "string",
                    "value": "test-calitp-gtfs-config"
                },
                "google_storage_bucket_acl_tfer--test-calitp-gtfs-download-config_id": {
                    "sensitive": false,
                    "type": "string",
                    "value": "test-calitp-gtfs-download-config"
                },
                "google_storage_bucket_acl_tfer--test-calitp-gtfs-raw_id": {
                    "sensitive": false,
                    "type": "string",
                    "value": "test-calitp-gtfs-raw"
                },
                "google_storage_bucket_acl_tfer--test-calitp-gtfs-rt-parsed_id": {
                    "sensitive": false,
                    "type": "string",
                    "value": "test-calitp-gtfs-rt-parsed"
                },
                "google_storage_bucket_acl_tfer--test-calitp-gtfs-rt-raw-v2_id": {
                    "sensitive": false,
                    "type": "string",
                    "value": "test-calitp-gtfs-rt-raw-v2"
                },
                "google_storage_bucket_acl_tfer--test-calitp-gtfs-rt-raw_id": {
                    "sensitive": false,
                    "type": "string",
                    "value": "test-calitp-gtfs-rt-raw"
                },
                "google_storage_bucket_acl_tfer--test-calitp-gtfs-rt-validation_id": {
                    "sensitive": false,
                    "type": "string",
                    "value": "test-calitp-gtfs-rt-validation"
                },
                "google_storage_bucket_acl_tfer--test-calitp-gtfs-schedule-parsed-hourly_id": {
                    "sensitive": false,
                    "type": "string",
                    "value": "test-calitp-gtfs-schedule-parsed-hourly"
                },
                "google_storage_bucket_acl_tfer--test-calitp-gtfs-schedule-parsed_id": {
                    "sensitive": false,
                    "type": "string",
                    "value": "test-calitp-gtfs-schedule-parsed"
                },
                "google_storage_bucket_acl_tfer--test-calitp-gtfs-schedule-processed_id": {
                    "sensitive": false,
                    "type": "string",
                    "value": "test-calitp-gtfs-schedule-processed"
                },
                "google_storage_bucket_acl_tfer--test-calitp-gtfs-schedule-raw-v2-backfill-test_id": {
                    "sensitive": false,
                    "type": "string",
                    "value": "test-calitp-gtfs-schedule-raw-v2-backfill-test"
                },
                "google_storage_bucket_acl_tfer--test-calitp-gtfs-schedule-raw-v2_id": {
                    "sensitive": false,
                    "type": "string",
                    "value": "test-calitp-gtfs-schedule-raw-v2"
                },
                "google_storage_bucket_acl_tfer--test-calitp-gtfs-schedule-raw_id": {
                    "sensitive": false,
                    "type": "string",
                    "value": "test-calitp-gtfs-schedule-raw"
                },
                "google_storage_bucket_acl_tfer--test-calitp-gtfs-schedule-unzipped-hourly_id": {
                    "sensitive": false,
                    "type": "string",
                    "value": "test-calitp-gtfs-schedule-unzipped-hourly"
                },
                "google_storage_bucket_acl_tfer--test-calitp-gtfs-schedule-unzipped_id": {
                    "sensitive": false,
                    "type": "string",
                    "value": "test-calitp-gtfs-schedule-unzipped"
                },
                "google_storage_bucket_acl_tfer--test-calitp-gtfs-schedule-validation-hourly_id": {
                    "sensitive": false,
                    "type": "string",
                    "value": "test-calitp-gtfs-schedule-validation-hourly"
                },
                "google_storage_bucket_acl_tfer--test-calitp-gtfs-schedule-validation_id": {
                    "sensitive": false,
                    "type": "string",
                    "value": "test-calitp-gtfs-schedule-validation"
                },
                "google_storage_bucket_acl_tfer--test-calitp-ntd-api-products_id": {
                    "sensitive": false,
                    "type": "string",
                    "value": "test-calitp-ntd-api-products"
                },
                "google_storage_bucket_acl_tfer--test-calitp-ntd-data-products_id": {
                    "sensitive": false,
                    "type": "string",
                    "value": "test-calitp-ntd-data-products"
                },
                "google_storage_bucket_acl_tfer--test-calitp-ntd-report-validation_id": {
                    "sensitive": false,
                    "type": "string",
                    "value": "test-calitp-ntd-report-validation"
                },
                "google_storage_bucket_acl_tfer--test-calitp-ntd-xlsx-products-clean_id": {
                    "sensitive": false,
                    "type": "string",
                    "value": "test-calitp-ntd-xlsx-products-clean"
                },
                "google_storage_bucket_acl_tfer--test-calitp-ntd-xlsx-products-raw_id": {
                    "sensitive": false,
                    "type": "string",
                    "value": "test-calitp-ntd-xlsx-products-raw"
                },
                "google_storage_bucket_acl_tfer--test-calitp-payments-littlepay-parsed_id": {
                    "sensitive": false,
                    "type": "string",
                    "value": "test-calitp-payments-littlepay-parsed"
                },
                "google_storage_bucket_acl_tfer--test-calitp-payments-littlepay-raw_id": {
                    "sensitive": false,
                    "type": "string",
                    "value": "test-calitp-payments-littlepay-raw"
                },
                "google_storage_bucket_acl_tfer--test-calitp-publish-data-analysis_id": {
                    "sensitive": false,
                    "type": "string",
                    "value": "test-calitp-publish-data-analysis"
                },
                "google_storage_bucket_acl_tfer--test-calitp-publish_id": {
                    "sensitive": false,
                    "type": "string",
                    "value": "test-calitp-publish"
                },
                "google_storage_bucket_acl_tfer--test-calitp-reports-data_id": {
                    "sensitive": false,
                    "type": "string",
                    "value": "test-calitp-reports-data"
                },
                "google_storage_bucket_acl_tfer--test-calitp-sentry_id": {
                    "sensitive": false,
                    "type": "string",
                    "value": "test-calitp-sentry"
                },
                "google_storage_bucket_acl_tfer--test-calitp-state-geoportal-scrape_id": {
                    "sensitive": false,
                    "type": "string",
                    "value": "test-calitp-state-geoportal-scrape"
                },
                "google_storage_bucket_acl_tfer--test-rt-parsed_id": {
                    "sensitive": false,
                    "type": "string",
                    "value": "test-rt-parsed"
                },
                "google_storage_bucket_acl_tfer--test-rt-validations_id": {
                    "sensitive": false,
                    "type": "string",
                    "value": "test-rt-validations"
                },
                "google_storage_bucket_acl_tfer--us-002E-artifacts-002E-cal-itp-data-infra-002E-appspot-002E-com_id": {
                    "sensitive": false,
                    "type": "string",
                    "value": "us.artifacts.cal-itp-data-infra.appspot.com"
                },
                "google_storage_bucket_acl_tfer--us-west2-calitp-airflow2-pr-171e4e47-bucket_id": {
                    "sensitive": false,
                    "type": "string",
                    "value": "us-west2-calitp-airflow2-pr-171e4e47-bucket"
                },
                "google_storage_bucket_acl_tfer--us-west2-calitp-airflow2-pr-31e41084-bucket_id": {
                    "sensitive": false,
                    "type": "string",
                    "value": "us-west2-calitp-airflow2-pr-31e41084-bucket"
                },
                "google_storage_bucket_acl_tfer--us-west2-calitp-airflow2-pr-88ca8ec6-bucket_id": {
                    "sensitive": false,
                    "type": "string",
                    "value": "us-west2-calitp-airflow2-pr-88ca8ec6-bucket"
                },
                "google_storage_bucket_iam_binding_tfer--analysis-output-models_id": {
                    "sensitive": false,
                    "type": "string",
                    "value": "analysis-output-models"
                },
                "google_storage_bucket_iam_binding_tfer--artifacts-002E-cal-itp-data-infra-002E-appspot-002E-com_id": {
                    "sensitive": false,
                    "type": "string",
                    "value": "artifacts.cal-itp-data-infra.appspot.com"
                },
                "google_storage_bucket_iam_binding_tfer--cal-itp-data-infra-002E-appspot-002E-com_id": {
                    "sensitive": false,
                    "type": "string",
                    "value": "cal-itp-data-infra.appspot.com"
                },
                "google_storage_bucket_iam_binding_tfer--calitp-aggregator-scraper_id": {
                    "sensitive": false,
                    "type": "string",
                    "value": "calitp-aggregator-scraper"
                },
                "google_storage_bucket_iam_binding_tfer--calitp-airtable_id": {
                    "sensitive": false,
                    "type": "string",
                    "value": "calitp-airtable"
                },
                "google_storage_bucket_iam_binding_tfer--calitp-amplitude-benefits-events_id": {
                    "sensitive": false,
                    "type": "string",
                    "value": "calitp-amplitude-benefits-events"
                },
                "google_storage_bucket_iam_binding_tfer--calitp-analytics-data_id": {
                    "sensitive": false,
                    "type": "string",
                    "value": "calitp-analytics-data"
                },
                "google_storage_bucket_iam_binding_tfer--calitp-backups-grafana_id": {
                    "sensitive": false,
                    "type": "string",
                    "value": "calitp-backups-grafana"
                },
                "google_storage_bucket_iam_binding_tfer--calitp-backups-metabase_id": {
                    "sensitive": false,
                    "type": "string",
                    "value": "calitp-backups-metabase"
                },
                "google_storage_bucket_iam_binding_tfer--calitp-backups-sentry_id": {
                    "sensitive": false,
                    "type": "string",
                    "value": "calitp-backups-sentry"
                },
                "google_storage_bucket_iam_binding_tfer--calitp-backups-test_id": {
                    "sensitive": false,
                    "type": "string",
                    "value": "calitp-backups-test"
                },
                "google_storage_bucket_iam_binding_tfer--calitp-ci-artifacts_id": {
                    "sensitive": false,
                    "type": "string",
                    "value": "calitp-ci-artifacts"
                },
                "google_storage_bucket_iam_binding_tfer--calitp-dbt-artifacts_id": {
                    "sensitive": false,
                    "type": "string",
                    "value": "calitp-dbt-artifacts"
                },
                "google_storage_bucket_iam_binding_tfer--calitp-dbt-python-models_id": {
                    "sensitive": false,
                    "type": "string",
                    "value": "calitp-dbt-python-models"
                },
                "google_storage_bucket_iam_binding_tfer--calitp-elavon-parsed_id": {
                    "sensitive": false,
                    "type": "string",
                    "value": "calitp-elavon-parsed"
                },
                "google_storage_bucket_iam_binding_tfer--calitp-elavon-raw_id": {
                    "sensitive": false,
                    "type": "string",
                    "value": "calitp-elavon-raw"
                },
                "google_storage_bucket_iam_binding_tfer--calitp-gtfs-download-config_id": {
                    "sensitive": false,
                    "type": "string",
                    "value": "calitp-gtfs-download-config"
                },
                "google_storage_bucket_iam_binding_tfer--calitp-gtfs-rt-parsed_id": {
                    "sensitive": false,
                    "type": "string",
                    "value": "calitp-gtfs-rt-parsed"
                },
                "google_storage_bucket_iam_binding_tfer--calitp-gtfs-rt-raw-deprecated_id": {
                    "sensitive": false,
                    "type": "string",
                    "value": "calitp-gtfs-rt-raw-deprecated"
                },
                "google_storage_bucket_iam_binding_tfer--calitp-gtfs-rt-raw-v2_id": {
                    "sensitive": false,
                    "type": "string",
                    "value": "calitp-gtfs-rt-raw-v2"
                },
                "google_storage_bucket_iam_binding_tfer--calitp-gtfs-rt-validation_id": {
                    "sensitive": false,
                    "type": "string",
                    "value": "calitp-gtfs-rt-validation"
                },
                "google_storage_bucket_iam_binding_tfer--calitp-gtfs-schedule-parsed-hourly_id": {
                    "sensitive": false,
                    "type": "string",
                    "value": "calitp-gtfs-schedule-parsed-hourly"
                },
                "google_storage_bucket_iam_binding_tfer--calitp-gtfs-schedule-parsed_id": {
                    "sensitive": false,
                    "type": "string",
                    "value": "calitp-gtfs-schedule-parsed"
                },
                "google_storage_bucket_iam_binding_tfer--calitp-gtfs-schedule-raw-v2_id": {
                    "sensitive": false,
                    "type": "string",
                    "value": "calitp-gtfs-schedule-raw-v2"
                },
                "google_storage_bucket_iam_binding_tfer--calitp-gtfs-schedule-unzipped-hourly_id": {
                    "sensitive": false,
                    "type": "string",
                    "value": "calitp-gtfs-schedule-unzipped-hourly"
                },
                "google_storage_bucket_iam_binding_tfer--calitp-gtfs-schedule-unzipped_id": {
                    "sensitive": false,
                    "type": "string",
                    "value": "calitp-gtfs-schedule-unzipped"
                },
                "google_storage_bucket_iam_binding_tfer--calitp-gtfs-schedule-validation-hourly_id": {
                    "sensitive": false,
                    "type": "string",
                    "value": "calitp-gtfs-schedule-validation-hourly"
                },
                "google_storage_bucket_iam_binding_tfer--calitp-gtfs-schedule-validation_id": {
                    "sensitive": false,
                    "type": "string",
                    "value": "calitp-gtfs-schedule-validation"
                },
                "google_storage_bucket_iam_binding_tfer--calitp-jamesl-gcp-components-tfstate_id": {
                    "sensitive": false,
                    "type": "string",
                    "value": "calitp-jamesl-gcp-components-tfstate"
                },
                "google_storage_bucket_iam_binding_tfer--calitp-map-tiles_id": {
                    "sensitive": false,
                    "type": "string",
                    "value": "calitp-map-tiles"
                },
                "google_storage_bucket_iam_binding_tfer--calitp-metabase-data-public_id": {
                    "sensitive": false,
                    "type": "string",
                    "value": "calitp-metabase-data-public"
                },
                "google_storage_bucket_iam_binding_tfer--calitp-ntd-api-products_id": {
                    "sensitive": false,
                    "type": "string",
                    "value": "calitp-ntd-api-products"
                },
                "google_storage_bucket_iam_binding_tfer--calitp-ntd-data-products_id": {
                    "sensitive": false,
                    "type": "string",
                    "value": "calitp-ntd-data-products"
                },
                "google_storage_bucket_iam_binding_tfer--calitp-ntd-report-validation_id": {
                    "sensitive": false,
                    "type": "string",
                    "value": "calitp-ntd-report-validation"
                },
                "google_storage_bucket_iam_binding_tfer--calitp-ntd-xlsx-products-clean_id": {
                    "sensitive": false,
                    "type": "string",
                    "value": "calitp-ntd-xlsx-products-clean"
                },
                "google_storage_bucket_iam_binding_tfer--calitp-ntd-xlsx-products-raw_id": {
                    "sensitive": false,
                    "type": "string",
                    "value": "calitp-ntd-xlsx-products-raw"
                },
                "google_storage_bucket_iam_binding_tfer--calitp-payments-littlepay-parsed_id": {
                    "sensitive": false,
                    "type": "string",
                    "value": "calitp-payments-littlepay-parsed"
                },
                "google_storage_bucket_iam_binding_tfer--calitp-payments-littlepay-raw_id": {
                    "sensitive": false,
                    "type": "string",
                    "value": "calitp-payments-littlepay-raw"
                },
                "google_storage_bucket_iam_binding_tfer--calitp-prod-gcp-components-tfstate_id": {
                    "sensitive": false,
                    "type": "string",
                    "value": "calitp-prod-gcp-components-tfstate"
                },
                "google_storage_bucket_iam_binding_tfer--calitp-publish-data-analysis_id": {
                    "sensitive": false,
                    "type": "string",
                    "value": "calitp-publish-data-analysis"
                },
                "google_storage_bucket_iam_binding_tfer--calitp-publish_id": {
                    "sensitive": false,
                    "type": "string",
                    "value": "calitp-publish"
                },
                "google_storage_bucket_iam_binding_tfer--calitp-reports-data_id": {
                    "sensitive": false,
                    "type": "string",
                    "value": "calitp-reports-data"
                },
                "google_storage_bucket_iam_binding_tfer--calitp-state-geoportal-scrape_id": {
                    "sensitive": false,
                    "type": "string",
                    "value": "calitp-state-geoportal-scrape"
                },
                "google_storage_bucket_iam_binding_tfer--calitp-state-highway-network-stops_id": {
                    "sensitive": false,
                    "type": "string",
                    "value": "calitp-state-highway-network-stops"
                },
                "google_storage_bucket_iam_binding_tfer--cold-storage-outputs-gtfs-data-test-charlie-test_id": {
                    "sensitive": false,
                    "type": "string",
                    "value": "cold-storage-outputs-gtfs-data-test-charlie-test"
                },
                "google_storage_bucket_iam_binding_tfer--cold-storage-outputs-gtfs-data-test_id": {
                    "sensitive": false,
                    "type": "string",
                    "value": "cold-storage-outputs-gtfs-data-test"
                },
                "google_storage_bucket_iam_binding_tfer--dataproc-staging-us-west2-1005246706141-sfgmtgyp_id": {
                    "sensitive": false,
                    "type": "string",
                    "value": "dataproc-staging-us-west2-1005246706141-sfgmtgyp"
                },
                "google_storage_bucket_iam_binding_tfer--dataproc-temp-us-west2-1005246706141-x9mtxbwg_id": {
                    "sensitive": false,
                    "type": "string",
                    "value": "dataproc-temp-us-west2-1005246706141-x9mtxbwg"
                },
                "google_storage_bucket_iam_binding_tfer--dev-calitp-aggregator-scraper_id": {
                    "sensitive": false,
                    "type": "string",
                    "value": "dev-calitp-aggregator-scraper"
                },
                "google_storage_bucket_iam_binding_tfer--dev-calitp-gtfs-rt-raw_id": {
                    "sensitive": false,
                    "type": "string",
                    "value": "dev-calitp-gtfs-rt-raw"
                },
                "google_storage_bucket_iam_binding_tfer--dev-calitp-test-sandbox_id": {
                    "sensitive": false,
                    "type": "string",
                    "value": "dev-calitp-test-sandbox"
                },
                "google_storage_bucket_iam_binding_tfer--gtfs-data-reports_id": {
                    "sensitive": false,
                    "type": "string",
                    "value": "gtfs-data-reports"
                },
                "google_storage_bucket_iam_binding_tfer--gtfs-data-test-reports_id": {
                    "sensitive": false,
                    "type": "string",
                    "value": "gtfs-data-test-reports"
                },
                "google_storage_bucket_iam_binding_tfer--gtfs-data-test_id": {
                    "sensitive": false,
                    "type": "string",
                    "value": "gtfs-data-test"
                },
                "google_storage_bucket_iam_binding_tfer--gtfs-data_id": {
                    "sensitive": false,
                    "type": "string",
                    "value": "gtfs-data"
                },
                "google_storage_bucket_iam_binding_tfer--gtfs-schedule-backfill-test-deprecated_id": {
                    "sensitive": false,
                    "type": "string",
                    "value": "gtfs-schedule-backfill-test-deprecated"
                },
                "google_storage_bucket_iam_binding_tfer--gtfs-schedule-backfill-test_id": {
                    "sensitive": false,
                    "type": "string",
                    "value": "gtfs-schedule-backfill-test"
                },
                "google_storage_bucket_iam_binding_tfer--littlepay-data-extract-prod_id": {
                    "sensitive": false,
                    "type": "string",
                    "value": "littlepay-data-extract-prod"
                },
                "google_storage_bucket_iam_binding_tfer--rt-parsed-deprecated_id": {
                    "sensitive": false,
                    "type": "string",
                    "value": "rt-parsed-deprecated"
                },
                "google_storage_bucket_iam_binding_tfer--rt-parsed_id": {
                    "sensitive": false,
                    "type": "string",
                    "value": "rt-parsed"
                },
                "google_storage_bucket_iam_binding_tfer--staging-002E-cal-itp-data-infra-002E-appspot-002E-com_id": {
                    "sensitive": false,
                    "type": "string",
                    "value": "staging.cal-itp-data-infra.appspot.com"
                },
                "google_storage_bucket_iam_binding_tfer--test-calitp-aggregator-scraper_id": {
                    "sensitive": false,
                    "type": "string",
                    "value": "test-calitp-aggregator-scraper"
                },
                "google_storage_bucket_iam_binding_tfer--test-calitp-airtable_id": {
                    "sensitive": false,
                    "type": "string",
                    "value": "test-calitp-airtable"
                },
                "google_storage_bucket_iam_binding_tfer--test-calitp-dbt-artifacts_id": {
                    "sensitive": false,
                    "type": "string",
                    "value": "test-calitp-dbt-artifacts"
                },
                "google_storage_bucket_iam_binding_tfer--test-calitp-dbt-python-models_id": {
                    "sensitive": false,
                    "type": "string",
                    "value": "test-calitp-dbt-python-models"
                },
                "google_storage_bucket_iam_binding_tfer--test-calitp-elavon-parsed_id": {
                    "sensitive": false,
                    "type": "string",
                    "value": "test-calitp-elavon-parsed"
                },
                "google_storage_bucket_iam_binding_tfer--test-calitp-elavon-raw_id": {
                    "sensitive": false,
                    "type": "string",
                    "value": "test-calitp-elavon-raw"
                },
                "google_storage_bucket_iam_binding_tfer--test-calitp-elavon_id": {
                    "sensitive": false,
                    "type": "string",
                    "value": "test-calitp-elavon"
                },
                "google_storage_bucket_iam_binding_tfer--test-calitp-gtfs-config_id": {
                    "sensitive": false,
                    "type": "string",
                    "value": "test-calitp-gtfs-config"
                },
                "google_storage_bucket_iam_binding_tfer--test-calitp-gtfs-download-config_id": {
                    "sensitive": false,
                    "type": "string",
                    "value": "test-calitp-gtfs-download-config"
                },
                "google_storage_bucket_iam_binding_tfer--test-calitp-gtfs-raw_id": {
                    "sensitive": false,
                    "type": "string",
                    "value": "test-calitp-gtfs-raw"
                },
                "google_storage_bucket_iam_binding_tfer--test-calitp-gtfs-rt-parsed_id": {
                    "sensitive": false,
                    "type": "string",
                    "value": "test-calitp-gtfs-rt-parsed"
                },
                "google_storage_bucket_iam_binding_tfer--test-calitp-gtfs-rt-raw-v2_id": {
                    "sensitive": false,
                    "type": "string",
                    "value": "test-calitp-gtfs-rt-raw-v2"
                },
                "google_storage_bucket_iam_binding_tfer--test-calitp-gtfs-rt-raw_id": {
                    "sensitive": false,
                    "type": "string",
                    "value": "test-calitp-gtfs-rt-raw"
                },
                "google_storage_bucket_iam_binding_tfer--test-calitp-gtfs-rt-validation_id": {
                    "sensitive": false,
                    "type": "string",
                    "value": "test-calitp-gtfs-rt-validation"
                },
                "google_storage_bucket_iam_binding_tfer--test-calitp-gtfs-schedule-parsed-hourly_id": {
                    "sensitive": false,
                    "type": "string",
                    "value": "test-calitp-gtfs-schedule-parsed-hourly"
                },
                "google_storage_bucket_iam_binding_tfer--test-calitp-gtfs-schedule-parsed_id": {
                    "sensitive": false,
                    "type": "string",
                    "value": "test-calitp-gtfs-schedule-parsed"
                },
                "google_storage_bucket_iam_binding_tfer--test-calitp-gtfs-schedule-processed_id": {
                    "sensitive": false,
                    "type": "string",
                    "value": "test-calitp-gtfs-schedule-processed"
                },
                "google_storage_bucket_iam_binding_tfer--test-calitp-gtfs-schedule-raw-v2-backfill-test_id": {
                    "sensitive": false,
                    "type": "string",
                    "value": "test-calitp-gtfs-schedule-raw-v2-backfill-test"
                },
                "google_storage_bucket_iam_binding_tfer--test-calitp-gtfs-schedule-raw-v2_id": {
                    "sensitive": false,
                    "type": "string",
                    "value": "test-calitp-gtfs-schedule-raw-v2"
                },
                "google_storage_bucket_iam_binding_tfer--test-calitp-gtfs-schedule-raw_id": {
                    "sensitive": false,
                    "type": "string",
                    "value": "test-calitp-gtfs-schedule-raw"
                },
                "google_storage_bucket_iam_binding_tfer--test-calitp-gtfs-schedule-unzipped-hourly_id": {
                    "sensitive": false,
                    "type": "string",
                    "value": "test-calitp-gtfs-schedule-unzipped-hourly"
                },
                "google_storage_bucket_iam_binding_tfer--test-calitp-gtfs-schedule-unzipped_id": {
                    "sensitive": false,
                    "type": "string",
                    "value": "test-calitp-gtfs-schedule-unzipped"
                },
                "google_storage_bucket_iam_binding_tfer--test-calitp-gtfs-schedule-validation-hourly_id": {
                    "sensitive": false,
                    "type": "string",
                    "value": "test-calitp-gtfs-schedule-validation-hourly"
                },
                "google_storage_bucket_iam_binding_tfer--test-calitp-gtfs-schedule-validation_id": {
                    "sensitive": false,
                    "type": "string",
                    "value": "test-calitp-gtfs-schedule-validation"
                },
                "google_storage_bucket_iam_binding_tfer--test-calitp-ntd-api-products_id": {
                    "sensitive": false,
                    "type": "string",
                    "value": "test-calitp-ntd-api-products"
                },
                "google_storage_bucket_iam_binding_tfer--test-calitp-ntd-data-products_id": {
                    "sensitive": false,
                    "type": "string",
                    "value": "test-calitp-ntd-data-products"
                },
                "google_storage_bucket_iam_binding_tfer--test-calitp-ntd-report-validation_id": {
                    "sensitive": false,
                    "type": "string",
                    "value": "test-calitp-ntd-report-validation"
                },
                "google_storage_bucket_iam_binding_tfer--test-calitp-ntd-xlsx-products-clean_id": {
                    "sensitive": false,
                    "type": "string",
                    "value": "test-calitp-ntd-xlsx-products-clean"
                },
                "google_storage_bucket_iam_binding_tfer--test-calitp-ntd-xlsx-products-raw_id": {
                    "sensitive": false,
                    "type": "string",
                    "value": "test-calitp-ntd-xlsx-products-raw"
                },
                "google_storage_bucket_iam_binding_tfer--test-calitp-payments-littlepay-parsed_id": {
                    "sensitive": false,
                    "type": "string",
                    "value": "test-calitp-payments-littlepay-parsed"
                },
                "google_storage_bucket_iam_binding_tfer--test-calitp-payments-littlepay-raw_id": {
                    "sensitive": false,
                    "type": "string",
                    "value": "test-calitp-payments-littlepay-raw"
                },
                "google_storage_bucket_iam_binding_tfer--test-calitp-publish-data-analysis_id": {
                    "sensitive": false,
                    "type": "string",
                    "value": "test-calitp-publish-data-analysis"
                },
                "google_storage_bucket_iam_binding_tfer--test-calitp-publish_id": {
                    "sensitive": false,
                    "type": "string",
                    "value": "test-calitp-publish"
                },
                "google_storage_bucket_iam_binding_tfer--test-calitp-reports-data_id": {
                    "sensitive": false,
                    "type": "string",
                    "value": "test-calitp-reports-data"
                },
                "google_storage_bucket_iam_binding_tfer--test-calitp-sentry_id": {
                    "sensitive": false,
                    "type": "string",
                    "value": "test-calitp-sentry"
                },
                "google_storage_bucket_iam_binding_tfer--test-calitp-state-geoportal-scrape_id": {
                    "sensitive": false,
                    "type": "string",
                    "value": "test-calitp-state-geoportal-scrape"
                },
                "google_storage_bucket_iam_binding_tfer--test-rt-parsed_id": {
                    "sensitive": false,
                    "type": "string",
                    "value": "test-rt-parsed"
                },
                "google_storage_bucket_iam_binding_tfer--test-rt-validations_id": {
                    "sensitive": false,
                    "type": "string",
                    "value": "test-rt-validations"
                },
                "google_storage_bucket_iam_binding_tfer--us-002E-artifacts-002E-cal-itp-data-infra-002E-appspot-002E-com_id": {
                    "sensitive": false,
                    "type": "string",
                    "value": "us.artifacts.cal-itp-data-infra.appspot.com"
                },
                "google_storage_bucket_iam_binding_tfer--us-west2-calitp-airflow2-pr-171e4e47-bucket_id": {
                    "sensitive": false,
                    "type": "string",
                    "value": "us-west2-calitp-airflow2-pr-171e4e47-bucket"
                },
                "google_storage_bucket_iam_binding_tfer--us-west2-calitp-airflow2-pr-31e41084-bucket_id": {
                    "sensitive": false,
                    "type": "string",
                    "value": "us-west2-calitp-airflow2-pr-31e41084-bucket"
                },
                "google_storage_bucket_iam_binding_tfer--us-west2-calitp-airflow2-pr-88ca8ec6-bucket_id": {
                    "sensitive": false,
                    "type": "string",
                    "value": "us-west2-calitp-airflow2-pr-88ca8ec6-bucket"
                },
                "google_storage_bucket_iam_member_tfer--analysis-output-models_id": {
                    "sensitive": false,
                    "type": "string",
                    "value": "analysis-output-models"
                },
                "google_storage_bucket_iam_member_tfer--artifacts-002E-cal-itp-data-infra-002E-appspot-002E-com_id": {
                    "sensitive": false,
                    "type": "string",
                    "value": "artifacts.cal-itp-data-infra.appspot.com"
                },
                "google_storage_bucket_iam_member_tfer--cal-itp-data-infra-002E-appspot-002E-com_id": {
                    "sensitive": false,
                    "type": "string",
                    "value": "cal-itp-data-infra.appspot.com"
                },
                "google_storage_bucket_iam_member_tfer--calitp-aggregator-scraper_id": {
                    "sensitive": false,
                    "type": "string",
                    "value": "calitp-aggregator-scraper"
                },
                "google_storage_bucket_iam_member_tfer--calitp-airtable_id": {
                    "sensitive": false,
                    "type": "string",
                    "value": "calitp-airtable"
                },
                "google_storage_bucket_iam_member_tfer--calitp-amplitude-benefits-events_id": {
                    "sensitive": false,
                    "type": "string",
                    "value": "calitp-amplitude-benefits-events"
                },
                "google_storage_bucket_iam_member_tfer--calitp-analytics-data_id": {
                    "sensitive": false,
                    "type": "string",
                    "value": "calitp-analytics-data"
                },
                "google_storage_bucket_iam_member_tfer--calitp-backups-grafana_id": {
                    "sensitive": false,
                    "type": "string",
                    "value": "calitp-backups-grafana"
                },
                "google_storage_bucket_iam_member_tfer--calitp-backups-metabase_id": {
                    "sensitive": false,
                    "type": "string",
                    "value": "calitp-backups-metabase"
                },
                "google_storage_bucket_iam_member_tfer--calitp-backups-sentry_id": {
                    "sensitive": false,
                    "type": "string",
                    "value": "calitp-backups-sentry"
                },
                "google_storage_bucket_iam_member_tfer--calitp-backups-test_id": {
                    "sensitive": false,
                    "type": "string",
                    "value": "calitp-backups-test"
                },
                "google_storage_bucket_iam_member_tfer--calitp-ci-artifacts_id": {
                    "sensitive": false,
                    "type": "string",
                    "value": "calitp-ci-artifacts"
                },
                "google_storage_bucket_iam_member_tfer--calitp-dbt-artifacts_id": {
                    "sensitive": false,
                    "type": "string",
                    "value": "calitp-dbt-artifacts"
                },
                "google_storage_bucket_iam_member_tfer--calitp-dbt-python-models_id": {
                    "sensitive": false,
                    "type": "string",
                    "value": "calitp-dbt-python-models"
                },
                "google_storage_bucket_iam_member_tfer--calitp-elavon-parsed_id": {
                    "sensitive": false,
                    "type": "string",
                    "value": "calitp-elavon-parsed"
                },
                "google_storage_bucket_iam_member_tfer--calitp-elavon-raw_id": {
                    "sensitive": false,
                    "type": "string",
                    "value": "calitp-elavon-raw"
                },
                "google_storage_bucket_iam_member_tfer--calitp-gtfs-download-config_id": {
                    "sensitive": false,
                    "type": "string",
                    "value": "calitp-gtfs-download-config"
                },
                "google_storage_bucket_iam_member_tfer--calitp-gtfs-rt-parsed_id": {
                    "sensitive": false,
                    "type": "string",
                    "value": "calitp-gtfs-rt-parsed"
                },
                "google_storage_bucket_iam_member_tfer--calitp-gtfs-rt-raw-deprecated_id": {
                    "sensitive": false,
                    "type": "string",
                    "value": "calitp-gtfs-rt-raw-deprecated"
                },
                "google_storage_bucket_iam_member_tfer--calitp-gtfs-rt-raw-v2_id": {
                    "sensitive": false,
                    "type": "string",
                    "value": "calitp-gtfs-rt-raw-v2"
                },
                "google_storage_bucket_iam_member_tfer--calitp-gtfs-rt-validation_id": {
                    "sensitive": false,
                    "type": "string",
                    "value": "calitp-gtfs-rt-validation"
                },
                "google_storage_bucket_iam_member_tfer--calitp-gtfs-schedule-parsed-hourly_id": {
                    "sensitive": false,
                    "type": "string",
                    "value": "calitp-gtfs-schedule-parsed-hourly"
                },
                "google_storage_bucket_iam_member_tfer--calitp-gtfs-schedule-parsed_id": {
                    "sensitive": false,
                    "type": "string",
                    "value": "calitp-gtfs-schedule-parsed"
                },
                "google_storage_bucket_iam_member_tfer--calitp-gtfs-schedule-raw-v2_id": {
                    "sensitive": false,
                    "type": "string",
                    "value": "calitp-gtfs-schedule-raw-v2"
                },
                "google_storage_bucket_iam_member_tfer--calitp-gtfs-schedule-unzipped-hourly_id": {
                    "sensitive": false,
                    "type": "string",
                    "value": "calitp-gtfs-schedule-unzipped-hourly"
                },
                "google_storage_bucket_iam_member_tfer--calitp-gtfs-schedule-unzipped_id": {
                    "sensitive": false,
                    "type": "string",
                    "value": "calitp-gtfs-schedule-unzipped"
                },
                "google_storage_bucket_iam_member_tfer--calitp-gtfs-schedule-validation-hourly_id": {
                    "sensitive": false,
                    "type": "string",
                    "value": "calitp-gtfs-schedule-validation-hourly"
                },
                "google_storage_bucket_iam_member_tfer--calitp-gtfs-schedule-validation_id": {
                    "sensitive": false,
                    "type": "string",
                    "value": "calitp-gtfs-schedule-validation"
                },
                "google_storage_bucket_iam_member_tfer--calitp-jamesl-gcp-components-tfstate_id": {
                    "sensitive": false,
                    "type": "string",
                    "value": "calitp-jamesl-gcp-components-tfstate"
                },
                "google_storage_bucket_iam_member_tfer--calitp-map-tiles_id": {
                    "sensitive": false,
                    "type": "string",
                    "value": "calitp-map-tiles"
                },
                "google_storage_bucket_iam_member_tfer--calitp-metabase-data-public_id": {
                    "sensitive": false,
                    "type": "string",
                    "value": "calitp-metabase-data-public"
                },
                "google_storage_bucket_iam_member_tfer--calitp-ntd-api-products_id": {
                    "sensitive": false,
                    "type": "string",
                    "value": "calitp-ntd-api-products"
                },
                "google_storage_bucket_iam_member_tfer--calitp-ntd-data-products_id": {
                    "sensitive": false,
                    "type": "string",
                    "value": "calitp-ntd-data-products"
                },
                "google_storage_bucket_iam_member_tfer--calitp-ntd-report-validation_id": {
                    "sensitive": false,
                    "type": "string",
                    "value": "calitp-ntd-report-validation"
                },
                "google_storage_bucket_iam_member_tfer--calitp-ntd-xlsx-products-clean_id": {
                    "sensitive": false,
                    "type": "string",
                    "value": "calitp-ntd-xlsx-products-clean"
                },
                "google_storage_bucket_iam_member_tfer--calitp-ntd-xlsx-products-raw_id": {
                    "sensitive": false,
                    "type": "string",
                    "value": "calitp-ntd-xlsx-products-raw"
                },
                "google_storage_bucket_iam_member_tfer--calitp-payments-littlepay-parsed_id": {
                    "sensitive": false,
                    "type": "string",
                    "value": "calitp-payments-littlepay-parsed"
                },
                "google_storage_bucket_iam_member_tfer--calitp-payments-littlepay-raw_id": {
                    "sensitive": false,
                    "type": "string",
                    "value": "calitp-payments-littlepay-raw"
                },
                "google_storage_bucket_iam_member_tfer--calitp-prod-gcp-components-tfstate_id": {
                    "sensitive": false,
                    "type": "string",
                    "value": "calitp-prod-gcp-components-tfstate"
                },
                "google_storage_bucket_iam_member_tfer--calitp-publish-data-analysis_id": {
                    "sensitive": false,
                    "type": "string",
                    "value": "calitp-publish-data-analysis"
                },
                "google_storage_bucket_iam_member_tfer--calitp-publish_id": {
                    "sensitive": false,
                    "type": "string",
                    "value": "calitp-publish"
                },
                "google_storage_bucket_iam_member_tfer--calitp-reports-data_id": {
                    "sensitive": false,
                    "type": "string",
                    "value": "calitp-reports-data"
                },
                "google_storage_bucket_iam_member_tfer--calitp-state-geoportal-scrape_id": {
                    "sensitive": false,
                    "type": "string",
                    "value": "calitp-state-geoportal-scrape"
                },
                "google_storage_bucket_iam_member_tfer--calitp-state-highway-network-stops_id": {
                    "sensitive": false,
                    "type": "string",
                    "value": "calitp-state-highway-network-stops"
                },
                "google_storage_bucket_iam_member_tfer--cold-storage-outputs-gtfs-data-test-charlie-test_id": {
                    "sensitive": false,
                    "type": "string",
                    "value": "cold-storage-outputs-gtfs-data-test-charlie-test"
                },
                "google_storage_bucket_iam_member_tfer--cold-storage-outputs-gtfs-data-test_id": {
                    "sensitive": false,
                    "type": "string",
                    "value": "cold-storage-outputs-gtfs-data-test"
                },
                "google_storage_bucket_iam_member_tfer--dataproc-staging-us-west2-1005246706141-sfgmtgyp_id": {
                    "sensitive": false,
                    "type": "string",
                    "value": "dataproc-staging-us-west2-1005246706141-sfgmtgyp"
                },
                "google_storage_bucket_iam_member_tfer--dataproc-temp-us-west2-1005246706141-x9mtxbwg_id": {
                    "sensitive": false,
                    "type": "string",
                    "value": "dataproc-temp-us-west2-1005246706141-x9mtxbwg"
                },
                "google_storage_bucket_iam_member_tfer--dev-calitp-aggregator-scraper_id": {
                    "sensitive": false,
                    "type": "string",
                    "value": "dev-calitp-aggregator-scraper"
                },
                "google_storage_bucket_iam_member_tfer--dev-calitp-gtfs-rt-raw_id": {
                    "sensitive": false,
                    "type": "string",
                    "value": "dev-calitp-gtfs-rt-raw"
                },
                "google_storage_bucket_iam_member_tfer--dev-calitp-test-sandbox_id": {
                    "sensitive": false,
                    "type": "string",
                    "value": "dev-calitp-test-sandbox"
                },
                "google_storage_bucket_iam_member_tfer--gtfs-data-reports_id": {
                    "sensitive": false,
                    "type": "string",
                    "value": "gtfs-data-reports"
                },
                "google_storage_bucket_iam_member_tfer--gtfs-data-test-reports_id": {
                    "sensitive": false,
                    "type": "string",
                    "value": "gtfs-data-test-reports"
                },
                "google_storage_bucket_iam_member_tfer--gtfs-data-test_id": {
                    "sensitive": false,
                    "type": "string",
                    "value": "gtfs-data-test"
                },
                "google_storage_bucket_iam_member_tfer--gtfs-data_id": {
                    "sensitive": false,
                    "type": "string",
                    "value": "gtfs-data"
                },
                "google_storage_bucket_iam_member_tfer--gtfs-schedule-backfill-test-deprecated_id": {
                    "sensitive": false,
                    "type": "string",
                    "value": "gtfs-schedule-backfill-test-deprecated"
                },
                "google_storage_bucket_iam_member_tfer--gtfs-schedule-backfill-test_id": {
                    "sensitive": false,
                    "type": "string",
                    "value": "gtfs-schedule-backfill-test"
                },
                "google_storage_bucket_iam_member_tfer--littlepay-data-extract-prod_id": {
                    "sensitive": false,
                    "type": "string",
                    "value": "littlepay-data-extract-prod"
                },
                "google_storage_bucket_iam_member_tfer--rt-parsed-deprecated_id": {
                    "sensitive": false,
                    "type": "string",
                    "value": "rt-parsed-deprecated"
                },
                "google_storage_bucket_iam_member_tfer--rt-parsed_id": {
                    "sensitive": false,
                    "type": "string",
                    "value": "rt-parsed"
                },
                "google_storage_bucket_iam_member_tfer--staging-002E-cal-itp-data-infra-002E-appspot-002E-com_id": {
                    "sensitive": false,
                    "type": "string",
                    "value": "staging.cal-itp-data-infra.appspot.com"
                },
                "google_storage_bucket_iam_member_tfer--test-calitp-aggregator-scraper_id": {
                    "sensitive": false,
                    "type": "string",
                    "value": "test-calitp-aggregator-scraper"
                },
                "google_storage_bucket_iam_member_tfer--test-calitp-airtable_id": {
                    "sensitive": false,
                    "type": "string",
                    "value": "test-calitp-airtable"
                },
                "google_storage_bucket_iam_member_tfer--test-calitp-dbt-artifacts_id": {
                    "sensitive": false,
                    "type": "string",
                    "value": "test-calitp-dbt-artifacts"
                },
                "google_storage_bucket_iam_member_tfer--test-calitp-dbt-python-models_id": {
                    "sensitive": false,
                    "type": "string",
                    "value": "test-calitp-dbt-python-models"
                },
                "google_storage_bucket_iam_member_tfer--test-calitp-elavon-parsed_id": {
                    "sensitive": false,
                    "type": "string",
                    "value": "test-calitp-elavon-parsed"
                },
                "google_storage_bucket_iam_member_tfer--test-calitp-elavon-raw_id": {
                    "sensitive": false,
                    "type": "string",
                    "value": "test-calitp-elavon-raw"
                },
                "google_storage_bucket_iam_member_tfer--test-calitp-elavon_id": {
                    "sensitive": false,
                    "type": "string",
                    "value": "test-calitp-elavon"
                },
                "google_storage_bucket_iam_member_tfer--test-calitp-gtfs-config_id": {
                    "sensitive": false,
                    "type": "string",
                    "value": "test-calitp-gtfs-config"
                },
                "google_storage_bucket_iam_member_tfer--test-calitp-gtfs-download-config_id": {
                    "sensitive": false,
                    "type": "string",
                    "value": "test-calitp-gtfs-download-config"
                },
                "google_storage_bucket_iam_member_tfer--test-calitp-gtfs-raw_id": {
                    "sensitive": false,
                    "type": "string",
                    "value": "test-calitp-gtfs-raw"
                },
                "google_storage_bucket_iam_member_tfer--test-calitp-gtfs-rt-parsed_id": {
                    "sensitive": false,
                    "type": "string",
                    "value": "test-calitp-gtfs-rt-parsed"
                },
                "google_storage_bucket_iam_member_tfer--test-calitp-gtfs-rt-raw-v2_id": {
                    "sensitive": false,
                    "type": "string",
                    "value": "test-calitp-gtfs-rt-raw-v2"
                },
                "google_storage_bucket_iam_member_tfer--test-calitp-gtfs-rt-raw_id": {
                    "sensitive": false,
                    "type": "string",
                    "value": "test-calitp-gtfs-rt-raw"
                },
                "google_storage_bucket_iam_member_tfer--test-calitp-gtfs-rt-validation_id": {
                    "sensitive": false,
                    "type": "string",
                    "value": "test-calitp-gtfs-rt-validation"
                },
                "google_storage_bucket_iam_member_tfer--test-calitp-gtfs-schedule-parsed-hourly_id": {
                    "sensitive": false,
                    "type": "string",
                    "value": "test-calitp-gtfs-schedule-parsed-hourly"
                },
                "google_storage_bucket_iam_member_tfer--test-calitp-gtfs-schedule-parsed_id": {
                    "sensitive": false,
                    "type": "string",
                    "value": "test-calitp-gtfs-schedule-parsed"
                },
                "google_storage_bucket_iam_member_tfer--test-calitp-gtfs-schedule-processed_id": {
                    "sensitive": false,
                    "type": "string",
                    "value": "test-calitp-gtfs-schedule-processed"
                },
                "google_storage_bucket_iam_member_tfer--test-calitp-gtfs-schedule-raw-v2-backfill-test_id": {
                    "sensitive": false,
                    "type": "string",
                    "value": "test-calitp-gtfs-schedule-raw-v2-backfill-test"
                },
                "google_storage_bucket_iam_member_tfer--test-calitp-gtfs-schedule-raw-v2_id": {
                    "sensitive": false,
                    "type": "string",
                    "value": "test-calitp-gtfs-schedule-raw-v2"
                },
                "google_storage_bucket_iam_member_tfer--test-calitp-gtfs-schedule-raw_id": {
                    "sensitive": false,
                    "type": "string",
                    "value": "test-calitp-gtfs-schedule-raw"
                },
                "google_storage_bucket_iam_member_tfer--test-calitp-gtfs-schedule-unzipped-hourly_id": {
                    "sensitive": false,
                    "type": "string",
                    "value": "test-calitp-gtfs-schedule-unzipped-hourly"
                },
                "google_storage_bucket_iam_member_tfer--test-calitp-gtfs-schedule-unzipped_id": {
                    "sensitive": false,
                    "type": "string",
                    "value": "test-calitp-gtfs-schedule-unzipped"
                },
                "google_storage_bucket_iam_member_tfer--test-calitp-gtfs-schedule-validation-hourly_id": {
                    "sensitive": false,
                    "type": "string",
                    "value": "test-calitp-gtfs-schedule-validation-hourly"
                },
                "google_storage_bucket_iam_member_tfer--test-calitp-gtfs-schedule-validation_id": {
                    "sensitive": false,
                    "type": "string",
                    "value": "test-calitp-gtfs-schedule-validation"
                },
                "google_storage_bucket_iam_member_tfer--test-calitp-ntd-api-products_id": {
                    "sensitive": false,
                    "type": "string",
                    "value": "test-calitp-ntd-api-products"
                },
                "google_storage_bucket_iam_member_tfer--test-calitp-ntd-data-products_id": {
                    "sensitive": false,
                    "type": "string",
                    "value": "test-calitp-ntd-data-products"
                },
                "google_storage_bucket_iam_member_tfer--test-calitp-ntd-report-validation_id": {
                    "sensitive": false,
                    "type": "string",
                    "value": "test-calitp-ntd-report-validation"
                },
                "google_storage_bucket_iam_member_tfer--test-calitp-ntd-xlsx-products-clean_id": {
                    "sensitive": false,
                    "type": "string",
                    "value": "test-calitp-ntd-xlsx-products-clean"
                },
                "google_storage_bucket_iam_member_tfer--test-calitp-ntd-xlsx-products-raw_id": {
                    "sensitive": false,
                    "type": "string",
                    "value": "test-calitp-ntd-xlsx-products-raw"
                },
                "google_storage_bucket_iam_member_tfer--test-calitp-payments-littlepay-parsed_id": {
                    "sensitive": false,
                    "type": "string",
                    "value": "test-calitp-payments-littlepay-parsed"
                },
                "google_storage_bucket_iam_member_tfer--test-calitp-payments-littlepay-raw_id": {
                    "sensitive": false,
                    "type": "string",
                    "value": "test-calitp-payments-littlepay-raw"
                },
                "google_storage_bucket_iam_member_tfer--test-calitp-publish-data-analysis_id": {
                    "sensitive": false,
                    "type": "string",
                    "value": "test-calitp-publish-data-analysis"
                },
                "google_storage_bucket_iam_member_tfer--test-calitp-publish_id": {
                    "sensitive": false,
                    "type": "string",
                    "value": "test-calitp-publish"
                },
                "google_storage_bucket_iam_member_tfer--test-calitp-reports-data_id": {
                    "sensitive": false,
                    "type": "string",
                    "value": "test-calitp-reports-data"
                },
                "google_storage_bucket_iam_member_tfer--test-calitp-sentry_id": {
                    "sensitive": false,
                    "type": "string",
                    "value": "test-calitp-sentry"
                },
                "google_storage_bucket_iam_member_tfer--test-calitp-state-geoportal-scrape_id": {
                    "sensitive": false,
                    "type": "string",
                    "value": "test-calitp-state-geoportal-scrape"
                },
                "google_storage_bucket_iam_member_tfer--test-rt-parsed_id": {
                    "sensitive": false,
                    "type": "string",
                    "value": "test-rt-parsed"
                },
                "google_storage_bucket_iam_member_tfer--test-rt-validations_id": {
                    "sensitive": false,
                    "type": "string",
                    "value": "test-rt-validations"
                },
                "google_storage_bucket_iam_member_tfer--us-002E-artifacts-002E-cal-itp-data-infra-002E-appspot-002E-com_id": {
                    "sensitive": false,
                    "type": "string",
                    "value": "us.artifacts.cal-itp-data-infra.appspot.com"
                },
                "google_storage_bucket_iam_member_tfer--us-west2-calitp-airflow2-pr-171e4e47-bucket_id": {
                    "sensitive": false,
                    "type": "string",
                    "value": "us-west2-calitp-airflow2-pr-171e4e47-bucket"
                },
                "google_storage_bucket_iam_member_tfer--us-west2-calitp-airflow2-pr-31e41084-bucket_id": {
                    "sensitive": false,
                    "type": "string",
                    "value": "us-west2-calitp-airflow2-pr-31e41084-bucket"
                },
                "google_storage_bucket_iam_member_tfer--us-west2-calitp-airflow2-pr-88ca8ec6-bucket_id": {
                    "sensitive": false,
                    "type": "string",
                    "value": "us-west2-calitp-airflow2-pr-88ca8ec6-bucket"
                },
                "google_storage_bucket_iam_policy_tfer--analysis-output-models_id": {
                    "sensitive": false,
                    "type": "string",
                    "value": "analysis-output-models"
                },
                "google_storage_bucket_iam_policy_tfer--artifacts-002E-cal-itp-data-infra-002E-appspot-002E-com_id": {
                    "sensitive": false,
                    "type": "string",
                    "value": "artifacts.cal-itp-data-infra.appspot.com"
                },
                "google_storage_bucket_iam_policy_tfer--cal-itp-data-infra-002E-appspot-002E-com_id": {
                    "sensitive": false,
                    "type": "string",
                    "value": "cal-itp-data-infra.appspot.com"
                },
                "google_storage_bucket_iam_policy_tfer--calitp-aggregator-scraper_id": {
                    "sensitive": false,
                    "type": "string",
                    "value": "calitp-aggregator-scraper"
                },
                "google_storage_bucket_iam_policy_tfer--calitp-airtable_id": {
                    "sensitive": false,
                    "type": "string",
                    "value": "calitp-airtable"
                },
                "google_storage_bucket_iam_policy_tfer--calitp-amplitude-benefits-events_id": {
                    "sensitive": false,
                    "type": "string",
                    "value": "calitp-amplitude-benefits-events"
                },
                "google_storage_bucket_iam_policy_tfer--calitp-analytics-data_id": {
                    "sensitive": false,
                    "type": "string",
                    "value": "calitp-analytics-data"
                },
                "google_storage_bucket_iam_policy_tfer--calitp-backups-grafana_id": {
                    "sensitive": false,
                    "type": "string",
                    "value": "calitp-backups-grafana"
                },
                "google_storage_bucket_iam_policy_tfer--calitp-backups-metabase_id": {
                    "sensitive": false,
                    "type": "string",
                    "value": "calitp-backups-metabase"
                },
                "google_storage_bucket_iam_policy_tfer--calitp-backups-sentry_id": {
                    "sensitive": false,
                    "type": "string",
                    "value": "calitp-backups-sentry"
                },
                "google_storage_bucket_iam_policy_tfer--calitp-backups-test_id": {
                    "sensitive": false,
                    "type": "string",
                    "value": "calitp-backups-test"
                },
                "google_storage_bucket_iam_policy_tfer--calitp-ci-artifacts_id": {
                    "sensitive": false,
                    "type": "string",
                    "value": "calitp-ci-artifacts"
                },
                "google_storage_bucket_iam_policy_tfer--calitp-dbt-artifacts_id": {
                    "sensitive": false,
                    "type": "string",
                    "value": "calitp-dbt-artifacts"
                },
                "google_storage_bucket_iam_policy_tfer--calitp-dbt-python-models_id": {
                    "sensitive": false,
                    "type": "string",
                    "value": "calitp-dbt-python-models"
                },
                "google_storage_bucket_iam_policy_tfer--calitp-elavon-parsed_id": {
                    "sensitive": false,
                    "type": "string",
                    "value": "calitp-elavon-parsed"
                },
                "google_storage_bucket_iam_policy_tfer--calitp-elavon-raw_id": {
                    "sensitive": false,
                    "type": "string",
                    "value": "calitp-elavon-raw"
                },
                "google_storage_bucket_iam_policy_tfer--calitp-gtfs-download-config_id": {
                    "sensitive": false,
                    "type": "string",
                    "value": "calitp-gtfs-download-config"
                },
                "google_storage_bucket_iam_policy_tfer--calitp-gtfs-rt-parsed_id": {
                    "sensitive": false,
                    "type": "string",
                    "value": "calitp-gtfs-rt-parsed"
                },
                "google_storage_bucket_iam_policy_tfer--calitp-gtfs-rt-raw-deprecated_id": {
                    "sensitive": false,
                    "type": "string",
                    "value": "calitp-gtfs-rt-raw-deprecated"
                },
                "google_storage_bucket_iam_policy_tfer--calitp-gtfs-rt-raw-v2_id": {
                    "sensitive": false,
                    "type": "string",
                    "value": "calitp-gtfs-rt-raw-v2"
                },
                "google_storage_bucket_iam_policy_tfer--calitp-gtfs-rt-validation_id": {
                    "sensitive": false,
                    "type": "string",
                    "value": "calitp-gtfs-rt-validation"
                },
                "google_storage_bucket_iam_policy_tfer--calitp-gtfs-schedule-parsed-hourly_id": {
                    "sensitive": false,
                    "type": "string",
                    "value": "calitp-gtfs-schedule-parsed-hourly"
                },
                "google_storage_bucket_iam_policy_tfer--calitp-gtfs-schedule-parsed_id": {
                    "sensitive": false,
                    "type": "string",
                    "value": "calitp-gtfs-schedule-parsed"
                },
                "google_storage_bucket_iam_policy_tfer--calitp-gtfs-schedule-raw-v2_id": {
                    "sensitive": false,
                    "type": "string",
                    "value": "calitp-gtfs-schedule-raw-v2"
                },
                "google_storage_bucket_iam_policy_tfer--calitp-gtfs-schedule-unzipped-hourly_id": {
                    "sensitive": false,
                    "type": "string",
                    "value": "calitp-gtfs-schedule-unzipped-hourly"
                },
                "google_storage_bucket_iam_policy_tfer--calitp-gtfs-schedule-unzipped_id": {
                    "sensitive": false,
                    "type": "string",
                    "value": "calitp-gtfs-schedule-unzipped"
                },
                "google_storage_bucket_iam_policy_tfer--calitp-gtfs-schedule-validation-hourly_id": {
                    "sensitive": false,
                    "type": "string",
                    "value": "calitp-gtfs-schedule-validation-hourly"
                },
                "google_storage_bucket_iam_policy_tfer--calitp-gtfs-schedule-validation_id": {
                    "sensitive": false,
                    "type": "string",
                    "value": "calitp-gtfs-schedule-validation"
                },
                "google_storage_bucket_iam_policy_tfer--calitp-jamesl-gcp-components-tfstate_id": {
                    "sensitive": false,
                    "type": "string",
                    "value": "calitp-jamesl-gcp-components-tfstate"
                },
                "google_storage_bucket_iam_policy_tfer--calitp-map-tiles_id": {
                    "sensitive": false,
                    "type": "string",
                    "value": "calitp-map-tiles"
                },
                "google_storage_bucket_iam_policy_tfer--calitp-metabase-data-public_id": {
                    "sensitive": false,
                    "type": "string",
                    "value": "calitp-metabase-data-public"
                },
                "google_storage_bucket_iam_policy_tfer--calitp-ntd-api-products_id": {
                    "sensitive": false,
                    "type": "string",
                    "value": "calitp-ntd-api-products"
                },
                "google_storage_bucket_iam_policy_tfer--calitp-ntd-data-products_id": {
                    "sensitive": false,
                    "type": "string",
                    "value": "calitp-ntd-data-products"
                },
                "google_storage_bucket_iam_policy_tfer--calitp-ntd-report-validation_id": {
                    "sensitive": false,
                    "type": "string",
                    "value": "calitp-ntd-report-validation"
                },
                "google_storage_bucket_iam_policy_tfer--calitp-ntd-xlsx-products-clean_id": {
                    "sensitive": false,
                    "type": "string",
                    "value": "calitp-ntd-xlsx-products-clean"
                },
                "google_storage_bucket_iam_policy_tfer--calitp-ntd-xlsx-products-raw_id": {
                    "sensitive": false,
                    "type": "string",
                    "value": "calitp-ntd-xlsx-products-raw"
                },
                "google_storage_bucket_iam_policy_tfer--calitp-payments-littlepay-parsed_id": {
                    "sensitive": false,
                    "type": "string",
                    "value": "calitp-payments-littlepay-parsed"
                },
                "google_storage_bucket_iam_policy_tfer--calitp-payments-littlepay-raw_id": {
                    "sensitive": false,
                    "type": "string",
                    "value": "calitp-payments-littlepay-raw"
                },
                "google_storage_bucket_iam_policy_tfer--calitp-prod-gcp-components-tfstate_id": {
                    "sensitive": false,
                    "type": "string",
                    "value": "calitp-prod-gcp-components-tfstate"
                },
                "google_storage_bucket_iam_policy_tfer--calitp-publish-data-analysis_id": {
                    "sensitive": false,
                    "type": "string",
                    "value": "calitp-publish-data-analysis"
                },
                "google_storage_bucket_iam_policy_tfer--calitp-publish_id": {
                    "sensitive": false,
                    "type": "string",
                    "value": "calitp-publish"
                },
                "google_storage_bucket_iam_policy_tfer--calitp-reports-data_id": {
                    "sensitive": false,
                    "type": "string",
                    "value": "calitp-reports-data"
                },
                "google_storage_bucket_iam_policy_tfer--calitp-state-geoportal-scrape_id": {
                    "sensitive": false,
                    "type": "string",
                    "value": "calitp-state-geoportal-scrape"
                },
                "google_storage_bucket_iam_policy_tfer--calitp-state-highway-network-stops_id": {
                    "sensitive": false,
                    "type": "string",
                    "value": "calitp-state-highway-network-stops"
                },
                "google_storage_bucket_iam_policy_tfer--cold-storage-outputs-gtfs-data-test-charlie-test_id": {
                    "sensitive": false,
                    "type": "string",
                    "value": "cold-storage-outputs-gtfs-data-test-charlie-test"
                },
                "google_storage_bucket_iam_policy_tfer--cold-storage-outputs-gtfs-data-test_id": {
                    "sensitive": false,
                    "type": "string",
                    "value": "cold-storage-outputs-gtfs-data-test"
                },
                "google_storage_bucket_iam_policy_tfer--dataproc-staging-us-west2-1005246706141-sfgmtgyp_id": {
                    "sensitive": false,
                    "type": "string",
                    "value": "dataproc-staging-us-west2-1005246706141-sfgmtgyp"
                },
                "google_storage_bucket_iam_policy_tfer--dataproc-temp-us-west2-1005246706141-x9mtxbwg_id": {
                    "sensitive": false,
                    "type": "string",
                    "value": "dataproc-temp-us-west2-1005246706141-x9mtxbwg"
                },
                "google_storage_bucket_iam_policy_tfer--dev-calitp-aggregator-scraper_id": {
                    "sensitive": false,
                    "type": "string",
                    "value": "dev-calitp-aggregator-scraper"
                },
                "google_storage_bucket_iam_policy_tfer--dev-calitp-gtfs-rt-raw_id": {
                    "sensitive": false,
                    "type": "string",
                    "value": "dev-calitp-gtfs-rt-raw"
                },
                "google_storage_bucket_iam_policy_tfer--dev-calitp-test-sandbox_id": {
                    "sensitive": false,
                    "type": "string",
                    "value": "dev-calitp-test-sandbox"
                },
                "google_storage_bucket_iam_policy_tfer--gtfs-data-reports_id": {
                    "sensitive": false,
                    "type": "string",
                    "value": "gtfs-data-reports"
                },
                "google_storage_bucket_iam_policy_tfer--gtfs-data-test-reports_id": {
                    "sensitive": false,
                    "type": "string",
                    "value": "gtfs-data-test-reports"
                },
                "google_storage_bucket_iam_policy_tfer--gtfs-data-test_id": {
                    "sensitive": false,
                    "type": "string",
                    "value": "gtfs-data-test"
                },
                "google_storage_bucket_iam_policy_tfer--gtfs-data_id": {
                    "sensitive": false,
                    "type": "string",
                    "value": "gtfs-data"
                },
                "google_storage_bucket_iam_policy_tfer--gtfs-schedule-backfill-test-deprecated_id": {
                    "sensitive": false,
                    "type": "string",
                    "value": "gtfs-schedule-backfill-test-deprecated"
                },
                "google_storage_bucket_iam_policy_tfer--gtfs-schedule-backfill-test_id": {
                    "sensitive": false,
                    "type": "string",
                    "value": "gtfs-schedule-backfill-test"
                },
                "google_storage_bucket_iam_policy_tfer--littlepay-data-extract-prod_id": {
                    "sensitive": false,
                    "type": "string",
                    "value": "littlepay-data-extract-prod"
                },
                "google_storage_bucket_iam_policy_tfer--rt-parsed-deprecated_id": {
                    "sensitive": false,
                    "type": "string",
                    "value": "rt-parsed-deprecated"
                },
                "google_storage_bucket_iam_policy_tfer--rt-parsed_id": {
                    "sensitive": false,
                    "type": "string",
                    "value": "rt-parsed"
                },
                "google_storage_bucket_iam_policy_tfer--staging-002E-cal-itp-data-infra-002E-appspot-002E-com_id": {
                    "sensitive": false,
                    "type": "string",
                    "value": "staging.cal-itp-data-infra.appspot.com"
                },
                "google_storage_bucket_iam_policy_tfer--test-calitp-aggregator-scraper_id": {
                    "sensitive": false,
                    "type": "string",
                    "value": "test-calitp-aggregator-scraper"
                },
                "google_storage_bucket_iam_policy_tfer--test-calitp-airtable_id": {
                    "sensitive": false,
                    "type": "string",
                    "value": "test-calitp-airtable"
                },
                "google_storage_bucket_iam_policy_tfer--test-calitp-dbt-artifacts_id": {
                    "sensitive": false,
                    "type": "string",
                    "value": "test-calitp-dbt-artifacts"
                },
                "google_storage_bucket_iam_policy_tfer--test-calitp-dbt-python-models_id": {
                    "sensitive": false,
                    "type": "string",
                    "value": "test-calitp-dbt-python-models"
                },
                "google_storage_bucket_iam_policy_tfer--test-calitp-elavon-parsed_id": {
                    "sensitive": false,
                    "type": "string",
                    "value": "test-calitp-elavon-parsed"
                },
                "google_storage_bucket_iam_policy_tfer--test-calitp-elavon-raw_id": {
                    "sensitive": false,
                    "type": "string",
                    "value": "test-calitp-elavon-raw"
                },
                "google_storage_bucket_iam_policy_tfer--test-calitp-elavon_id": {
                    "sensitive": false,
                    "type": "string",
                    "value": "test-calitp-elavon"
                },
                "google_storage_bucket_iam_policy_tfer--test-calitp-gtfs-config_id": {
                    "sensitive": false,
                    "type": "string",
                    "value": "test-calitp-gtfs-config"
                },
                "google_storage_bucket_iam_policy_tfer--test-calitp-gtfs-download-config_id": {
                    "sensitive": false,
                    "type": "string",
                    "value": "test-calitp-gtfs-download-config"
                },
                "google_storage_bucket_iam_policy_tfer--test-calitp-gtfs-raw_id": {
                    "sensitive": false,
                    "type": "string",
                    "value": "test-calitp-gtfs-raw"
                },
                "google_storage_bucket_iam_policy_tfer--test-calitp-gtfs-rt-parsed_id": {
                    "sensitive": false,
                    "type": "string",
                    "value": "test-calitp-gtfs-rt-parsed"
                },
                "google_storage_bucket_iam_policy_tfer--test-calitp-gtfs-rt-raw-v2_id": {
                    "sensitive": false,
                    "type": "string",
                    "value": "test-calitp-gtfs-rt-raw-v2"
                },
                "google_storage_bucket_iam_policy_tfer--test-calitp-gtfs-rt-raw_id": {
                    "sensitive": false,
                    "type": "string",
                    "value": "test-calitp-gtfs-rt-raw"
                },
                "google_storage_bucket_iam_policy_tfer--test-calitp-gtfs-rt-validation_id": {
                    "sensitive": false,
                    "type": "string",
                    "value": "test-calitp-gtfs-rt-validation"
                },
                "google_storage_bucket_iam_policy_tfer--test-calitp-gtfs-schedule-parsed-hourly_id": {
                    "sensitive": false,
                    "type": "string",
                    "value": "test-calitp-gtfs-schedule-parsed-hourly"
                },
                "google_storage_bucket_iam_policy_tfer--test-calitp-gtfs-schedule-parsed_id": {
                    "sensitive": false,
                    "type": "string",
                    "value": "test-calitp-gtfs-schedule-parsed"
                },
                "google_storage_bucket_iam_policy_tfer--test-calitp-gtfs-schedule-processed_id": {
                    "sensitive": false,
                    "type": "string",
                    "value": "test-calitp-gtfs-schedule-processed"
                },
                "google_storage_bucket_iam_policy_tfer--test-calitp-gtfs-schedule-raw-v2-backfill-test_id": {
                    "sensitive": false,
                    "type": "string",
                    "value": "test-calitp-gtfs-schedule-raw-v2-backfill-test"
                },
                "google_storage_bucket_iam_policy_tfer--test-calitp-gtfs-schedule-raw-v2_id": {
                    "sensitive": false,
                    "type": "string",
                    "value": "test-calitp-gtfs-schedule-raw-v2"
                },
                "google_storage_bucket_iam_policy_tfer--test-calitp-gtfs-schedule-raw_id": {
                    "sensitive": false,
                    "type": "string",
                    "value": "test-calitp-gtfs-schedule-raw"
                },
                "google_storage_bucket_iam_policy_tfer--test-calitp-gtfs-schedule-unzipped-hourly_id": {
                    "sensitive": false,
                    "type": "string",
                    "value": "test-calitp-gtfs-schedule-unzipped-hourly"
                },
                "google_storage_bucket_iam_policy_tfer--test-calitp-gtfs-schedule-unzipped_id": {
                    "sensitive": false,
                    "type": "string",
                    "value": "test-calitp-gtfs-schedule-unzipped"
                },
                "google_storage_bucket_iam_policy_tfer--test-calitp-gtfs-schedule-validation-hourly_id": {
                    "sensitive": false,
                    "type": "string",
                    "value": "test-calitp-gtfs-schedule-validation-hourly"
                },
                "google_storage_bucket_iam_policy_tfer--test-calitp-gtfs-schedule-validation_id": {
                    "sensitive": false,
                    "type": "string",
                    "value": "test-calitp-gtfs-schedule-validation"
                },
                "google_storage_bucket_iam_policy_tfer--test-calitp-ntd-api-products_id": {
                    "sensitive": false,
                    "type": "string",
                    "value": "test-calitp-ntd-api-products"
                },
                "google_storage_bucket_iam_policy_tfer--test-calitp-ntd-data-products_id": {
                    "sensitive": false,
                    "type": "string",
                    "value": "test-calitp-ntd-data-products"
                },
                "google_storage_bucket_iam_policy_tfer--test-calitp-ntd-report-validation_id": {
                    "sensitive": false,
                    "type": "string",
                    "value": "test-calitp-ntd-report-validation"
                },
                "google_storage_bucket_iam_policy_tfer--test-calitp-ntd-xlsx-products-clean_id": {
                    "sensitive": false,
                    "type": "string",
                    "value": "test-calitp-ntd-xlsx-products-clean"
                },
                "google_storage_bucket_iam_policy_tfer--test-calitp-ntd-xlsx-products-raw_id": {
                    "sensitive": false,
                    "type": "string",
                    "value": "test-calitp-ntd-xlsx-products-raw"
                },
                "google_storage_bucket_iam_policy_tfer--test-calitp-payments-littlepay-parsed_id": {
                    "sensitive": false,
                    "type": "string",
                    "value": "test-calitp-payments-littlepay-parsed"
                },
                "google_storage_bucket_iam_policy_tfer--test-calitp-payments-littlepay-raw_id": {
                    "sensitive": false,
                    "type": "string",
                    "value": "test-calitp-payments-littlepay-raw"
                },
                "google_storage_bucket_iam_policy_tfer--test-calitp-publish-data-analysis_id": {
                    "sensitive": false,
                    "type": "string",
                    "value": "test-calitp-publish-data-analysis"
                },
                "google_storage_bucket_iam_policy_tfer--test-calitp-publish_id": {
                    "sensitive": false,
                    "type": "string",
                    "value": "test-calitp-publish"
                },
                "google_storage_bucket_iam_policy_tfer--test-calitp-reports-data_id": {
                    "sensitive": false,
                    "type": "string",
                    "value": "test-calitp-reports-data"
                },
                "google_storage_bucket_iam_policy_tfer--test-calitp-sentry_id": {
                    "sensitive": false,
                    "type": "string",
                    "value": "test-calitp-sentry"
                },
                "google_storage_bucket_iam_policy_tfer--test-calitp-state-geoportal-scrape_id": {
                    "sensitive": false,
                    "type": "string",
                    "value": "test-calitp-state-geoportal-scrape"
                },
                "google_storage_bucket_iam_policy_tfer--test-rt-parsed_id": {
                    "sensitive": false,
                    "type": "string",
                    "value": "test-rt-parsed"
                },
                "google_storage_bucket_iam_policy_tfer--test-rt-validations_id": {
                    "sensitive": false,
                    "type": "string",
                    "value": "test-rt-validations"
                },
                "google_storage_bucket_iam_policy_tfer--us-002E-artifacts-002E-cal-itp-data-infra-002E-appspot-002E-com_id": {
                    "sensitive": false,
                    "type": "string",
                    "value": "us.artifacts.cal-itp-data-infra.appspot.com"
                },
                "google_storage_bucket_iam_policy_tfer--us-west2-calitp-airflow2-pr-171e4e47-bucket_id": {
                    "sensitive": false,
                    "type": "string",
                    "value": "us-west2-calitp-airflow2-pr-171e4e47-bucket"
                },
                "google_storage_bucket_iam_policy_tfer--us-west2-calitp-airflow2-pr-31e41084-bucket_id": {
                    "sensitive": false,
                    "type": "string",
                    "value": "us-west2-calitp-airflow2-pr-31e41084-bucket"
                },
                "google_storage_bucket_iam_policy_tfer--us-west2-calitp-airflow2-pr-88ca8ec6-bucket_id": {
                    "sensitive": false,
                    "type": "string",
                    "value": "us-west2-calitp-airflow2-pr-88ca8ec6-bucket"
                },
                "google_storage_bucket_tfer--analysis-output-models_name": {
                    "sensitive": false,
                    "type": "string",
                    "value": "analysis-output-models"
                },
                "google_storage_bucket_tfer--analysis-output-models_self_link": {
                    "sensitive": false,
                    "type": "string",
                    "value": "https://www.googleapis.com/storage/v1/b/analysis-output-models"
                },
                "google_storage_bucket_tfer--artifacts-002E-cal-itp-data-infra-002E-appspot-002E-com_name": {
                    "sensitive": false,
                    "type": "string",
                    "value": "artifacts.cal-itp-data-infra.appspot.com"
                },
                "google_storage_bucket_tfer--artifacts-002E-cal-itp-data-infra-002E-appspot-002E-com_self_link": {
                    "sensitive": false,
                    "type": "string",
                    "value": "https://www.googleapis.com/storage/v1/b/artifacts.cal-itp-data-infra.appspot.com"
                },
                "google_storage_bucket_tfer--cal-itp-data-infra-002E-appspot-002E-com_name": {
                    "sensitive": false,
                    "type": "string",
                    "value": "cal-itp-data-infra.appspot.com"
                },
                "google_storage_bucket_tfer--cal-itp-data-infra-002E-appspot-002E-com_self_link": {
                    "sensitive": false,
                    "type": "string",
                    "value": "https://www.googleapis.com/storage/v1/b/cal-itp-data-infra.appspot.com"
                },
                "google_storage_bucket_tfer--calitp-aggregator-scraper_name": {
                    "sensitive": false,
                    "type": "string",
                    "value": "calitp-aggregator-scraper"
                },
                "google_storage_bucket_tfer--calitp-aggregator-scraper_self_link": {
                    "sensitive": false,
                    "type": "string",
                    "value": "https://www.googleapis.com/storage/v1/b/calitp-aggregator-scraper"
                },
                "google_storage_bucket_tfer--calitp-airtable_name": {
                    "sensitive": false,
                    "type": "string",
                    "value": "calitp-airtable"
                },
                "google_storage_bucket_tfer--calitp-airtable_self_link": {
                    "sensitive": false,
                    "type": "string",
                    "value": "https://www.googleapis.com/storage/v1/b/calitp-airtable"
                },
                "google_storage_bucket_tfer--calitp-amplitude-benefits-events_name": {
                    "sensitive": false,
                    "type": "string",
                    "value": "calitp-amplitude-benefits-events"
                },
                "google_storage_bucket_tfer--calitp-amplitude-benefits-events_self_link": {
                    "sensitive": false,
                    "type": "string",
                    "value": "https://www.googleapis.com/storage/v1/b/calitp-amplitude-benefits-events"
                },
                "google_storage_bucket_tfer--calitp-analytics-data_name": {
                    "sensitive": false,
                    "type": "string",
                    "value": "calitp-analytics-data"
                },
                "google_storage_bucket_tfer--calitp-analytics-data_self_link": {
                    "sensitive": false,
                    "type": "string",
                    "value": "https://www.googleapis.com/storage/v1/b/calitp-analytics-data"
                },
                "google_storage_bucket_tfer--calitp-backups-grafana_name": {
                    "sensitive": false,
                    "type": "string",
                    "value": "calitp-backups-grafana"
                },
                "google_storage_bucket_tfer--calitp-backups-grafana_self_link": {
                    "sensitive": false,
                    "type": "string",
                    "value": "https://www.googleapis.com/storage/v1/b/calitp-backups-grafana"
                },
                "google_storage_bucket_tfer--calitp-backups-metabase_name": {
                    "sensitive": false,
                    "type": "string",
                    "value": "calitp-backups-metabase"
                },
                "google_storage_bucket_tfer--calitp-backups-metabase_self_link": {
                    "sensitive": false,
                    "type": "string",
                    "value": "https://www.googleapis.com/storage/v1/b/calitp-backups-metabase"
                },
                "google_storage_bucket_tfer--calitp-backups-sentry_name": {
                    "sensitive": false,
                    "type": "string",
                    "value": "calitp-backups-sentry"
                },
                "google_storage_bucket_tfer--calitp-backups-sentry_self_link": {
                    "sensitive": false,
                    "type": "string",
                    "value": "https://www.googleapis.com/storage/v1/b/calitp-backups-sentry"
                },
                "google_storage_bucket_tfer--calitp-backups-test_name": {
                    "sensitive": false,
                    "type": "string",
                    "value": "calitp-backups-test"
                },
                "google_storage_bucket_tfer--calitp-backups-test_self_link": {
                    "sensitive": false,
                    "type": "string",
                    "value": "https://www.googleapis.com/storage/v1/b/calitp-backups-test"
                },
                "google_storage_bucket_tfer--calitp-ci-artifacts_name": {
                    "sensitive": false,
                    "type": "string",
                    "value": "calitp-ci-artifacts"
                },
                "google_storage_bucket_tfer--calitp-ci-artifacts_self_link": {
                    "sensitive": false,
                    "type": "string",
                    "value": "https://www.googleapis.com/storage/v1/b/calitp-ci-artifacts"
                },
                "google_storage_bucket_tfer--calitp-dbt-artifacts_name": {
                    "sensitive": false,
                    "type": "string",
                    "value": "calitp-dbt-artifacts"
                },
                "google_storage_bucket_tfer--calitp-dbt-artifacts_self_link": {
                    "sensitive": false,
                    "type": "string",
                    "value": "https://www.googleapis.com/storage/v1/b/calitp-dbt-artifacts"
                },
                "google_storage_bucket_tfer--calitp-dbt-python-models_name": {
                    "sensitive": false,
                    "type": "string",
                    "value": "calitp-dbt-python-models"
                },
                "google_storage_bucket_tfer--calitp-dbt-python-models_self_link": {
                    "sensitive": false,
                    "type": "string",
                    "value": "https://www.googleapis.com/storage/v1/b/calitp-dbt-python-models"
                },
                "google_storage_bucket_tfer--calitp-elavon-parsed_name": {
                    "sensitive": false,
                    "type": "string",
                    "value": "calitp-elavon-parsed"
                },
                "google_storage_bucket_tfer--calitp-elavon-parsed_self_link": {
                    "sensitive": false,
                    "type": "string",
                    "value": "https://www.googleapis.com/storage/v1/b/calitp-elavon-parsed"
                },
                "google_storage_bucket_tfer--calitp-elavon-raw_name": {
                    "sensitive": false,
                    "type": "string",
                    "value": "calitp-elavon-raw"
                },
                "google_storage_bucket_tfer--calitp-elavon-raw_self_link": {
                    "sensitive": false,
                    "type": "string",
                    "value": "https://www.googleapis.com/storage/v1/b/calitp-elavon-raw"
                },
                "google_storage_bucket_tfer--calitp-gtfs-download-config_name": {
                    "sensitive": false,
                    "type": "string",
                    "value": "calitp-gtfs-download-config"
                },
                "google_storage_bucket_tfer--calitp-gtfs-download-config_self_link": {
                    "sensitive": false,
                    "type": "string",
                    "value": "https://www.googleapis.com/storage/v1/b/calitp-gtfs-download-config"
                },
                "google_storage_bucket_tfer--calitp-gtfs-rt-parsed_name": {
                    "sensitive": false,
                    "type": "string",
                    "value": "calitp-gtfs-rt-parsed"
                },
                "google_storage_bucket_tfer--calitp-gtfs-rt-parsed_self_link": {
                    "sensitive": false,
                    "type": "string",
                    "value": "https://www.googleapis.com/storage/v1/b/calitp-gtfs-rt-parsed"
                },
                "google_storage_bucket_tfer--calitp-gtfs-rt-raw-deprecated_name": {
                    "sensitive": false,
                    "type": "string",
                    "value": "calitp-gtfs-rt-raw-deprecated"
                },
                "google_storage_bucket_tfer--calitp-gtfs-rt-raw-deprecated_self_link": {
                    "sensitive": false,
                    "type": "string",
                    "value": "https://www.googleapis.com/storage/v1/b/calitp-gtfs-rt-raw-deprecated"
                },
                "google_storage_bucket_tfer--calitp-gtfs-rt-raw-v2_name": {
                    "sensitive": false,
                    "type": "string",
                    "value": "calitp-gtfs-rt-raw-v2"
                },
                "google_storage_bucket_tfer--calitp-gtfs-rt-raw-v2_self_link": {
                    "sensitive": false,
                    "type": "string",
                    "value": "https://www.googleapis.com/storage/v1/b/calitp-gtfs-rt-raw-v2"
                },
                "google_storage_bucket_tfer--calitp-gtfs-rt-validation_name": {
                    "sensitive": false,
                    "type": "string",
                    "value": "calitp-gtfs-rt-validation"
                },
                "google_storage_bucket_tfer--calitp-gtfs-rt-validation_self_link": {
                    "sensitive": false,
                    "type": "string",
                    "value": "https://www.googleapis.com/storage/v1/b/calitp-gtfs-rt-validation"
                },
                "google_storage_bucket_tfer--calitp-gtfs-schedule-parsed-hourly_name": {
                    "sensitive": false,
                    "type": "string",
                    "value": "calitp-gtfs-schedule-parsed-hourly"
                },
                "google_storage_bucket_tfer--calitp-gtfs-schedule-parsed-hourly_self_link": {
                    "sensitive": false,
                    "type": "string",
                    "value": "https://www.googleapis.com/storage/v1/b/calitp-gtfs-schedule-parsed-hourly"
                },
                "google_storage_bucket_tfer--calitp-gtfs-schedule-parsed_name": {
                    "sensitive": false,
                    "type": "string",
                    "value": "calitp-gtfs-schedule-parsed"
                },
                "google_storage_bucket_tfer--calitp-gtfs-schedule-parsed_self_link": {
                    "sensitive": false,
                    "type": "string",
                    "value": "https://www.googleapis.com/storage/v1/b/calitp-gtfs-schedule-parsed"
                },
                "google_storage_bucket_tfer--calitp-gtfs-schedule-raw-v2_name": {
                    "sensitive": false,
                    "type": "string",
                    "value": "calitp-gtfs-schedule-raw-v2"
                },
                "google_storage_bucket_tfer--calitp-gtfs-schedule-raw-v2_self_link": {
                    "sensitive": false,
                    "type": "string",
                    "value": "https://www.googleapis.com/storage/v1/b/calitp-gtfs-schedule-raw-v2"
                },
                "google_storage_bucket_tfer--calitp-gtfs-schedule-unzipped-hourly_name": {
                    "sensitive": false,
                    "type": "string",
                    "value": "calitp-gtfs-schedule-unzipped-hourly"
                },
                "google_storage_bucket_tfer--calitp-gtfs-schedule-unzipped-hourly_self_link": {
                    "sensitive": false,
                    "type": "string",
                    "value": "https://www.googleapis.com/storage/v1/b/calitp-gtfs-schedule-unzipped-hourly"
                },
                "google_storage_bucket_tfer--calitp-gtfs-schedule-unzipped_name": {
                    "sensitive": false,
                    "type": "string",
                    "value": "calitp-gtfs-schedule-unzipped"
                },
                "google_storage_bucket_tfer--calitp-gtfs-schedule-unzipped_self_link": {
                    "sensitive": false,
                    "type": "string",
                    "value": "https://www.googleapis.com/storage/v1/b/calitp-gtfs-schedule-unzipped"
                },
                "google_storage_bucket_tfer--calitp-gtfs-schedule-validation-hourly_name": {
                    "sensitive": false,
                    "type": "string",
                    "value": "calitp-gtfs-schedule-validation-hourly"
                },
                "google_storage_bucket_tfer--calitp-gtfs-schedule-validation-hourly_self_link": {
                    "sensitive": false,
                    "type": "string",
                    "value": "https://www.googleapis.com/storage/v1/b/calitp-gtfs-schedule-validation-hourly"
                },
                "google_storage_bucket_tfer--calitp-gtfs-schedule-validation_name": {
                    "sensitive": false,
                    "type": "string",
                    "value": "calitp-gtfs-schedule-validation"
                },
                "google_storage_bucket_tfer--calitp-gtfs-schedule-validation_self_link": {
                    "sensitive": false,
                    "type": "string",
                    "value": "https://www.googleapis.com/storage/v1/b/calitp-gtfs-schedule-validation"
                },
                "google_storage_bucket_tfer--calitp-jamesl-gcp-components-tfstate_name": {
                    "sensitive": false,
                    "type": "string",
                    "value": "calitp-jamesl-gcp-components-tfstate"
                },
                "google_storage_bucket_tfer--calitp-jamesl-gcp-components-tfstate_self_link": {
                    "sensitive": false,
                    "type": "string",
                    "value": "https://www.googleapis.com/storage/v1/b/calitp-jamesl-gcp-components-tfstate"
                },
                "google_storage_bucket_tfer--calitp-map-tiles_name": {
                    "sensitive": false,
                    "type": "string",
                    "value": "calitp-map-tiles"
                },
                "google_storage_bucket_tfer--calitp-map-tiles_self_link": {
                    "sensitive": false,
                    "type": "string",
                    "value": "https://www.googleapis.com/storage/v1/b/calitp-map-tiles"
                },
                "google_storage_bucket_tfer--calitp-metabase-data-public_name": {
                    "sensitive": false,
                    "type": "string",
                    "value": "calitp-metabase-data-public"
                },
                "google_storage_bucket_tfer--calitp-metabase-data-public_self_link": {
                    "sensitive": false,
                    "type": "string",
                    "value": "https://www.googleapis.com/storage/v1/b/calitp-metabase-data-public"
                },
                "google_storage_bucket_tfer--calitp-ntd-api-products_name": {
                    "sensitive": false,
                    "type": "string",
                    "value": "calitp-ntd-api-products"
                },
                "google_storage_bucket_tfer--calitp-ntd-api-products_self_link": {
                    "sensitive": false,
                    "type": "string",
                    "value": "https://www.googleapis.com/storage/v1/b/calitp-ntd-api-products"
                },
                "google_storage_bucket_tfer--calitp-ntd-data-products_name": {
                    "sensitive": false,
                    "type": "string",
                    "value": "calitp-ntd-data-products"
                },
                "google_storage_bucket_tfer--calitp-ntd-data-products_self_link": {
                    "sensitive": false,
                    "type": "string",
                    "value": "https://www.googleapis.com/storage/v1/b/calitp-ntd-data-products"
                },
                "google_storage_bucket_tfer--calitp-ntd-report-validation_name": {
                    "sensitive": false,
                    "type": "string",
                    "value": "calitp-ntd-report-validation"
                },
                "google_storage_bucket_tfer--calitp-ntd-report-validation_self_link": {
                    "sensitive": false,
                    "type": "string",
                    "value": "https://www.googleapis.com/storage/v1/b/calitp-ntd-report-validation"
                },
                "google_storage_bucket_tfer--calitp-ntd-xlsx-products-clean_name": {
                    "sensitive": false,
                    "type": "string",
                    "value": "calitp-ntd-xlsx-products-clean"
                },
                "google_storage_bucket_tfer--calitp-ntd-xlsx-products-clean_self_link": {
                    "sensitive": false,
                    "type": "string",
                    "value": "https://www.googleapis.com/storage/v1/b/calitp-ntd-xlsx-products-clean"
                },
                "google_storage_bucket_tfer--calitp-ntd-xlsx-products-raw_name": {
                    "sensitive": false,
                    "type": "string",
                    "value": "calitp-ntd-xlsx-products-raw"
                },
                "google_storage_bucket_tfer--calitp-ntd-xlsx-products-raw_self_link": {
                    "sensitive": false,
                    "type": "string",
                    "value": "https://www.googleapis.com/storage/v1/b/calitp-ntd-xlsx-products-raw"
                },
                "google_storage_bucket_tfer--calitp-payments-littlepay-parsed_name": {
                    "sensitive": false,
                    "type": "string",
                    "value": "calitp-payments-littlepay-parsed"
                },
                "google_storage_bucket_tfer--calitp-payments-littlepay-parsed_self_link": {
                    "sensitive": false,
                    "type": "string",
                    "value": "https://www.googleapis.com/storage/v1/b/calitp-payments-littlepay-parsed"
                },
                "google_storage_bucket_tfer--calitp-payments-littlepay-raw_name": {
                    "sensitive": false,
                    "type": "string",
                    "value": "calitp-payments-littlepay-raw"
                },
                "google_storage_bucket_tfer--calitp-payments-littlepay-raw_self_link": {
                    "sensitive": false,
                    "type": "string",
                    "value": "https://www.googleapis.com/storage/v1/b/calitp-payments-littlepay-raw"
                },
                "google_storage_bucket_tfer--calitp-prod-gcp-components-tfstate_name": {
                    "sensitive": false,
                    "type": "string",
                    "value": "calitp-prod-gcp-components-tfstate"
                },
                "google_storage_bucket_tfer--calitp-prod-gcp-components-tfstate_self_link": {
                    "sensitive": false,
                    "type": "string",
                    "value": "https://www.googleapis.com/storage/v1/b/calitp-prod-gcp-components-tfstate"
                },
                "google_storage_bucket_tfer--calitp-publish-data-analysis_name": {
                    "sensitive": false,
                    "type": "string",
                    "value": "calitp-publish-data-analysis"
                },
                "google_storage_bucket_tfer--calitp-publish-data-analysis_self_link": {
                    "sensitive": false,
                    "type": "string",
                    "value": "https://www.googleapis.com/storage/v1/b/calitp-publish-data-analysis"
                },
                "google_storage_bucket_tfer--calitp-publish_name": {
                    "sensitive": false,
                    "type": "string",
                    "value": "calitp-publish"
                },
                "google_storage_bucket_tfer--calitp-publish_self_link": {
                    "sensitive": false,
                    "type": "string",
                    "value": "https://www.googleapis.com/storage/v1/b/calitp-publish"
                },
                "google_storage_bucket_tfer--calitp-reports-data_name": {
                    "sensitive": false,
                    "type": "string",
                    "value": "calitp-reports-data"
                },
                "google_storage_bucket_tfer--calitp-reports-data_self_link": {
                    "sensitive": false,
                    "type": "string",
                    "value": "https://www.googleapis.com/storage/v1/b/calitp-reports-data"
                },
                "google_storage_bucket_tfer--calitp-state-geoportal-scrape_name": {
                    "sensitive": false,
                    "type": "string",
                    "value": "calitp-state-geoportal-scrape"
                },
                "google_storage_bucket_tfer--calitp-state-geoportal-scrape_self_link": {
                    "sensitive": false,
                    "type": "string",
                    "value": "https://www.googleapis.com/storage/v1/b/calitp-state-geoportal-scrape"
                },
                "google_storage_bucket_tfer--calitp-state-highway-network-stops_name": {
                    "sensitive": false,
                    "type": "string",
                    "value": "calitp-state-highway-network-stops"
                },
                "google_storage_bucket_tfer--calitp-state-highway-network-stops_self_link": {
                    "sensitive": false,
                    "type": "string",
                    "value": "https://www.googleapis.com/storage/v1/b/calitp-state-highway-network-stops"
                },
                "google_storage_bucket_tfer--cold-storage-outputs-gtfs-data-test-charlie-test_name": {
                    "sensitive": false,
                    "type": "string",
                    "value": "cold-storage-outputs-gtfs-data-test-charlie-test"
                },
                "google_storage_bucket_tfer--cold-storage-outputs-gtfs-data-test-charlie-test_self_link": {
                    "sensitive": false,
                    "type": "string",
                    "value": "https://www.googleapis.com/storage/v1/b/cold-storage-outputs-gtfs-data-test-charlie-test"
                },
                "google_storage_bucket_tfer--cold-storage-outputs-gtfs-data-test_name": {
                    "sensitive": false,
                    "type": "string",
                    "value": "cold-storage-outputs-gtfs-data-test"
                },
                "google_storage_bucket_tfer--cold-storage-outputs-gtfs-data-test_self_link": {
                    "sensitive": false,
                    "type": "string",
                    "value": "https://www.googleapis.com/storage/v1/b/cold-storage-outputs-gtfs-data-test"
                },
                "google_storage_bucket_tfer--dataproc-staging-us-west2-1005246706141-sfgmtgyp_name": {
                    "sensitive": false,
                    "type": "string",
                    "value": "dataproc-staging-us-west2-1005246706141-sfgmtgyp"
                },
                "google_storage_bucket_tfer--dataproc-staging-us-west2-1005246706141-sfgmtgyp_self_link": {
                    "sensitive": false,
                    "type": "string",
                    "value": "https://www.googleapis.com/storage/v1/b/dataproc-staging-us-west2-1005246706141-sfgmtgyp"
                },
                "google_storage_bucket_tfer--dataproc-temp-us-west2-1005246706141-x9mtxbwg_name": {
                    "sensitive": false,
                    "type": "string",
                    "value": "dataproc-temp-us-west2-1005246706141-x9mtxbwg"
                },
                "google_storage_bucket_tfer--dataproc-temp-us-west2-1005246706141-x9mtxbwg_self_link": {
                    "sensitive": false,
                    "type": "string",
                    "value": "https://www.googleapis.com/storage/v1/b/dataproc-temp-us-west2-1005246706141-x9mtxbwg"
                },
                "google_storage_bucket_tfer--dev-calitp-aggregator-scraper_name": {
                    "sensitive": false,
                    "type": "string",
                    "value": "dev-calitp-aggregator-scraper"
                },
                "google_storage_bucket_tfer--dev-calitp-aggregator-scraper_self_link": {
                    "sensitive": false,
                    "type": "string",
                    "value": "https://www.googleapis.com/storage/v1/b/dev-calitp-aggregator-scraper"
                },
                "google_storage_bucket_tfer--dev-calitp-gtfs-rt-raw_name": {
                    "sensitive": false,
                    "type": "string",
                    "value": "dev-calitp-gtfs-rt-raw"
                },
                "google_storage_bucket_tfer--dev-calitp-gtfs-rt-raw_self_link": {
                    "sensitive": false,
                    "type": "string",
                    "value": "https://www.googleapis.com/storage/v1/b/dev-calitp-gtfs-rt-raw"
                },
                "google_storage_bucket_tfer--dev-calitp-test-sandbox_name": {
                    "sensitive": false,
                    "type": "string",
                    "value": "dev-calitp-test-sandbox"
                },
                "google_storage_bucket_tfer--dev-calitp-test-sandbox_self_link": {
                    "sensitive": false,
                    "type": "string",
                    "value": "https://www.googleapis.com/storage/v1/b/dev-calitp-test-sandbox"
                },
                "google_storage_bucket_tfer--gtfs-data-reports_name": {
                    "sensitive": false,
                    "type": "string",
                    "value": "gtfs-data-reports"
                },
                "google_storage_bucket_tfer--gtfs-data-reports_self_link": {
                    "sensitive": false,
                    "type": "string",
                    "value": "https://www.googleapis.com/storage/v1/b/gtfs-data-reports"
                },
                "google_storage_bucket_tfer--gtfs-data-test-reports_name": {
                    "sensitive": false,
                    "type": "string",
                    "value": "gtfs-data-test-reports"
                },
                "google_storage_bucket_tfer--gtfs-data-test-reports_self_link": {
                    "sensitive": false,
                    "type": "string",
                    "value": "https://www.googleapis.com/storage/v1/b/gtfs-data-test-reports"
                },
                "google_storage_bucket_tfer--gtfs-data-test_name": {
                    "sensitive": false,
                    "type": "string",
                    "value": "gtfs-data-test"
                },
                "google_storage_bucket_tfer--gtfs-data-test_self_link": {
                    "sensitive": false,
                    "type": "string",
                    "value": "https://www.googleapis.com/storage/v1/b/gtfs-data-test"
                },
                "google_storage_bucket_tfer--gtfs-data_name": {
                    "sensitive": false,
                    "type": "string",
                    "value": "gtfs-data"
                },
                "google_storage_bucket_tfer--gtfs-data_self_link": {
                    "sensitive": false,
                    "type": "string",
                    "value": "https://www.googleapis.com/storage/v1/b/gtfs-data"
                },
                "google_storage_bucket_tfer--gtfs-schedule-backfill-test-deprecated_name": {
                    "sensitive": false,
                    "type": "string",
                    "value": "gtfs-schedule-backfill-test-deprecated"
                },
                "google_storage_bucket_tfer--gtfs-schedule-backfill-test-deprecated_self_link": {
                    "sensitive": false,
                    "type": "string",
                    "value": "https://www.googleapis.com/storage/v1/b/gtfs-schedule-backfill-test-deprecated"
                },
                "google_storage_bucket_tfer--gtfs-schedule-backfill-test_name": {
                    "sensitive": false,
                    "type": "string",
                    "value": "gtfs-schedule-backfill-test"
                },
                "google_storage_bucket_tfer--gtfs-schedule-backfill-test_self_link": {
                    "sensitive": false,
                    "type": "string",
                    "value": "https://www.googleapis.com/storage/v1/b/gtfs-schedule-backfill-test"
                },
                "google_storage_bucket_tfer--littlepay-data-extract-prod_name": {
                    "sensitive": false,
                    "type": "string",
                    "value": "littlepay-data-extract-prod"
                },
                "google_storage_bucket_tfer--littlepay-data-extract-prod_self_link": {
                    "sensitive": false,
                    "type": "string",
                    "value": "https://www.googleapis.com/storage/v1/b/littlepay-data-extract-prod"
                },
                "google_storage_bucket_tfer--rt-parsed-deprecated_name": {
                    "sensitive": false,
                    "type": "string",
                    "value": "rt-parsed-deprecated"
                },
                "google_storage_bucket_tfer--rt-parsed-deprecated_self_link": {
                    "sensitive": false,
                    "type": "string",
                    "value": "https://www.googleapis.com/storage/v1/b/rt-parsed-deprecated"
                },
                "google_storage_bucket_tfer--rt-parsed_name": {
                    "sensitive": false,
                    "type": "string",
                    "value": "rt-parsed"
                },
                "google_storage_bucket_tfer--rt-parsed_self_link": {
                    "sensitive": false,
                    "type": "string",
                    "value": "https://www.googleapis.com/storage/v1/b/rt-parsed"
                },
                "google_storage_bucket_tfer--staging-002E-cal-itp-data-infra-002E-appspot-002E-com_name": {
                    "sensitive": false,
                    "type": "string",
                    "value": "staging.cal-itp-data-infra.appspot.com"
                },
                "google_storage_bucket_tfer--staging-002E-cal-itp-data-infra-002E-appspot-002E-com_self_link": {
                    "sensitive": false,
                    "type": "string",
                    "value": "https://www.googleapis.com/storage/v1/b/staging.cal-itp-data-infra.appspot.com"
                },
                "google_storage_bucket_tfer--test-calitp-aggregator-scraper_name": {
                    "sensitive": false,
                    "type": "string",
                    "value": "test-calitp-aggregator-scraper"
                },
                "google_storage_bucket_tfer--test-calitp-aggregator-scraper_self_link": {
                    "sensitive": false,
                    "type": "string",
                    "value": "https://www.googleapis.com/storage/v1/b/test-calitp-aggregator-scraper"
                },
                "google_storage_bucket_tfer--test-calitp-airtable_name": {
                    "sensitive": false,
                    "type": "string",
                    "value": "test-calitp-airtable"
                },
                "google_storage_bucket_tfer--test-calitp-airtable_self_link": {
                    "sensitive": false,
                    "type": "string",
                    "value": "https://www.googleapis.com/storage/v1/b/test-calitp-airtable"
                },
                "google_storage_bucket_tfer--test-calitp-dbt-artifacts_name": {
                    "sensitive": false,
                    "type": "string",
                    "value": "test-calitp-dbt-artifacts"
                },
                "google_storage_bucket_tfer--test-calitp-dbt-artifacts_self_link": {
                    "sensitive": false,
                    "type": "string",
                    "value": "https://www.googleapis.com/storage/v1/b/test-calitp-dbt-artifacts"
                },
                "google_storage_bucket_tfer--test-calitp-dbt-python-models_name": {
                    "sensitive": false,
                    "type": "string",
                    "value": "test-calitp-dbt-python-models"
                },
                "google_storage_bucket_tfer--test-calitp-dbt-python-models_self_link": {
                    "sensitive": false,
                    "type": "string",
                    "value": "https://www.googleapis.com/storage/v1/b/test-calitp-dbt-python-models"
                },
                "google_storage_bucket_tfer--test-calitp-elavon-parsed_name": {
                    "sensitive": false,
                    "type": "string",
                    "value": "test-calitp-elavon-parsed"
                },
                "google_storage_bucket_tfer--test-calitp-elavon-parsed_self_link": {
                    "sensitive": false,
                    "type": "string",
                    "value": "https://www.googleapis.com/storage/v1/b/test-calitp-elavon-parsed"
                },
                "google_storage_bucket_tfer--test-calitp-elavon-raw_name": {
                    "sensitive": false,
                    "type": "string",
                    "value": "test-calitp-elavon-raw"
                },
                "google_storage_bucket_tfer--test-calitp-elavon-raw_self_link": {
                    "sensitive": false,
                    "type": "string",
                    "value": "https://www.googleapis.com/storage/v1/b/test-calitp-elavon-raw"
                },
                "google_storage_bucket_tfer--test-calitp-elavon_name": {
                    "sensitive": false,
                    "type": "string",
                    "value": "test-calitp-elavon"
                },
                "google_storage_bucket_tfer--test-calitp-elavon_self_link": {
                    "sensitive": false,
                    "type": "string",
                    "value": "https://www.googleapis.com/storage/v1/b/test-calitp-elavon"
                },
                "google_storage_bucket_tfer--test-calitp-gtfs-config_name": {
                    "sensitive": false,
                    "type": "string",
                    "value": "test-calitp-gtfs-config"
                },
                "google_storage_bucket_tfer--test-calitp-gtfs-config_self_link": {
                    "sensitive": false,
                    "type": "string",
                    "value": "https://www.googleapis.com/storage/v1/b/test-calitp-gtfs-config"
                },
                "google_storage_bucket_tfer--test-calitp-gtfs-download-config_name": {
                    "sensitive": false,
                    "type": "string",
                    "value": "test-calitp-gtfs-download-config"
                },
                "google_storage_bucket_tfer--test-calitp-gtfs-download-config_self_link": {
                    "sensitive": false,
                    "type": "string",
                    "value": "https://www.googleapis.com/storage/v1/b/test-calitp-gtfs-download-config"
                },
                "google_storage_bucket_tfer--test-calitp-gtfs-raw_name": {
                    "sensitive": false,
                    "type": "string",
                    "value": "test-calitp-gtfs-raw"
                },
                "google_storage_bucket_tfer--test-calitp-gtfs-raw_self_link": {
                    "sensitive": false,
                    "type": "string",
                    "value": "https://www.googleapis.com/storage/v1/b/test-calitp-gtfs-raw"
                },
                "google_storage_bucket_tfer--test-calitp-gtfs-rt-parsed_name": {
                    "sensitive": false,
                    "type": "string",
                    "value": "test-calitp-gtfs-rt-parsed"
                },
                "google_storage_bucket_tfer--test-calitp-gtfs-rt-parsed_self_link": {
                    "sensitive": false,
                    "type": "string",
                    "value": "https://www.googleapis.com/storage/v1/b/test-calitp-gtfs-rt-parsed"
                },
                "google_storage_bucket_tfer--test-calitp-gtfs-rt-raw-v2_name": {
                    "sensitive": false,
                    "type": "string",
                    "value": "test-calitp-gtfs-rt-raw-v2"
                },
                "google_storage_bucket_tfer--test-calitp-gtfs-rt-raw-v2_self_link": {
                    "sensitive": false,
                    "type": "string",
                    "value": "https://www.googleapis.com/storage/v1/b/test-calitp-gtfs-rt-raw-v2"
                },
                "google_storage_bucket_tfer--test-calitp-gtfs-rt-raw_name": {
                    "sensitive": false,
                    "type": "string",
                    "value": "test-calitp-gtfs-rt-raw"
                },
                "google_storage_bucket_tfer--test-calitp-gtfs-rt-raw_self_link": {
                    "sensitive": false,
                    "type": "string",
                    "value": "https://www.googleapis.com/storage/v1/b/test-calitp-gtfs-rt-raw"
                },
                "google_storage_bucket_tfer--test-calitp-gtfs-rt-validation_name": {
                    "sensitive": false,
                    "type": "string",
                    "value": "test-calitp-gtfs-rt-validation"
                },
                "google_storage_bucket_tfer--test-calitp-gtfs-rt-validation_self_link": {
                    "sensitive": false,
                    "type": "string",
                    "value": "https://www.googleapis.com/storage/v1/b/test-calitp-gtfs-rt-validation"
                },
                "google_storage_bucket_tfer--test-calitp-gtfs-schedule-parsed-hourly_name": {
                    "sensitive": false,
                    "type": "string",
                    "value": "test-calitp-gtfs-schedule-parsed-hourly"
                },
                "google_storage_bucket_tfer--test-calitp-gtfs-schedule-parsed-hourly_self_link": {
                    "sensitive": false,
                    "type": "string",
                    "value": "https://www.googleapis.com/storage/v1/b/test-calitp-gtfs-schedule-parsed-hourly"
                },
                "google_storage_bucket_tfer--test-calitp-gtfs-schedule-parsed_name": {
                    "sensitive": false,
                    "type": "string",
                    "value": "test-calitp-gtfs-schedule-parsed"
                },
                "google_storage_bucket_tfer--test-calitp-gtfs-schedule-parsed_self_link": {
                    "sensitive": false,
                    "type": "string",
                    "value": "https://www.googleapis.com/storage/v1/b/test-calitp-gtfs-schedule-parsed"
                },
                "google_storage_bucket_tfer--test-calitp-gtfs-schedule-processed_name": {
                    "sensitive": false,
                    "type": "string",
                    "value": "test-calitp-gtfs-schedule-processed"
                },
                "google_storage_bucket_tfer--test-calitp-gtfs-schedule-processed_self_link": {
                    "sensitive": false,
                    "type": "string",
                    "value": "https://www.googleapis.com/storage/v1/b/test-calitp-gtfs-schedule-processed"
                },
                "google_storage_bucket_tfer--test-calitp-gtfs-schedule-raw-v2-backfill-test_name": {
                    "sensitive": false,
                    "type": "string",
                    "value": "test-calitp-gtfs-schedule-raw-v2-backfill-test"
                },
                "google_storage_bucket_tfer--test-calitp-gtfs-schedule-raw-v2-backfill-test_self_link": {
                    "sensitive": false,
                    "type": "string",
                    "value": "https://www.googleapis.com/storage/v1/b/test-calitp-gtfs-schedule-raw-v2-backfill-test"
                },
                "google_storage_bucket_tfer--test-calitp-gtfs-schedule-raw-v2_name": {
                    "sensitive": false,
                    "type": "string",
                    "value": "test-calitp-gtfs-schedule-raw-v2"
                },
                "google_storage_bucket_tfer--test-calitp-gtfs-schedule-raw-v2_self_link": {
                    "sensitive": false,
                    "type": "string",
                    "value": "https://www.googleapis.com/storage/v1/b/test-calitp-gtfs-schedule-raw-v2"
                },
                "google_storage_bucket_tfer--test-calitp-gtfs-schedule-raw_name": {
                    "sensitive": false,
                    "type": "string",
                    "value": "test-calitp-gtfs-schedule-raw"
                },
                "google_storage_bucket_tfer--test-calitp-gtfs-schedule-raw_self_link": {
                    "sensitive": false,
                    "type": "string",
                    "value": "https://www.googleapis.com/storage/v1/b/test-calitp-gtfs-schedule-raw"
                },
                "google_storage_bucket_tfer--test-calitp-gtfs-schedule-unzipped-hourly_name": {
                    "sensitive": false,
                    "type": "string",
                    "value": "test-calitp-gtfs-schedule-unzipped-hourly"
                },
                "google_storage_bucket_tfer--test-calitp-gtfs-schedule-unzipped-hourly_self_link": {
                    "sensitive": false,
                    "type": "string",
                    "value": "https://www.googleapis.com/storage/v1/b/test-calitp-gtfs-schedule-unzipped-hourly"
                },
                "google_storage_bucket_tfer--test-calitp-gtfs-schedule-unzipped_name": {
                    "sensitive": false,
                    "type": "string",
                    "value": "test-calitp-gtfs-schedule-unzipped"
                },
                "google_storage_bucket_tfer--test-calitp-gtfs-schedule-unzipped_self_link": {
                    "sensitive": false,
                    "type": "string",
                    "value": "https://www.googleapis.com/storage/v1/b/test-calitp-gtfs-schedule-unzipped"
                },
                "google_storage_bucket_tfer--test-calitp-gtfs-schedule-validation-hourly_name": {
                    "sensitive": false,
                    "type": "string",
                    "value": "test-calitp-gtfs-schedule-validation-hourly"
                },
                "google_storage_bucket_tfer--test-calitp-gtfs-schedule-validation-hourly_self_link": {
                    "sensitive": false,
                    "type": "string",
                    "value": "https://www.googleapis.com/storage/v1/b/test-calitp-gtfs-schedule-validation-hourly"
                },
                "google_storage_bucket_tfer--test-calitp-gtfs-schedule-validation_name": {
                    "sensitive": false,
                    "type": "string",
                    "value": "test-calitp-gtfs-schedule-validation"
                },
                "google_storage_bucket_tfer--test-calitp-gtfs-schedule-validation_self_link": {
                    "sensitive": false,
                    "type": "string",
                    "value": "https://www.googleapis.com/storage/v1/b/test-calitp-gtfs-schedule-validation"
                },
                "google_storage_bucket_tfer--test-calitp-ntd-api-products_name": {
                    "sensitive": false,
                    "type": "string",
                    "value": "test-calitp-ntd-api-products"
                },
                "google_storage_bucket_tfer--test-calitp-ntd-api-products_self_link": {
                    "sensitive": false,
                    "type": "string",
                    "value": "https://www.googleapis.com/storage/v1/b/test-calitp-ntd-api-products"
                },
                "google_storage_bucket_tfer--test-calitp-ntd-data-products_name": {
                    "sensitive": false,
                    "type": "string",
                    "value": "test-calitp-ntd-data-products"
                },
                "google_storage_bucket_tfer--test-calitp-ntd-data-products_self_link": {
                    "sensitive": false,
                    "type": "string",
                    "value": "https://www.googleapis.com/storage/v1/b/test-calitp-ntd-data-products"
                },
                "google_storage_bucket_tfer--test-calitp-ntd-report-validation_name": {
                    "sensitive": false,
                    "type": "string",
                    "value": "test-calitp-ntd-report-validation"
                },
                "google_storage_bucket_tfer--test-calitp-ntd-report-validation_self_link": {
                    "sensitive": false,
                    "type": "string",
                    "value": "https://www.googleapis.com/storage/v1/b/test-calitp-ntd-report-validation"
                },
                "google_storage_bucket_tfer--test-calitp-ntd-xlsx-products-clean_name": {
                    "sensitive": false,
                    "type": "string",
                    "value": "test-calitp-ntd-xlsx-products-clean"
                },
                "google_storage_bucket_tfer--test-calitp-ntd-xlsx-products-clean_self_link": {
                    "sensitive": false,
                    "type": "string",
                    "value": "https://www.googleapis.com/storage/v1/b/test-calitp-ntd-xlsx-products-clean"
                },
                "google_storage_bucket_tfer--test-calitp-ntd-xlsx-products-raw_name": {
                    "sensitive": false,
                    "type": "string",
                    "value": "test-calitp-ntd-xlsx-products-raw"
                },
                "google_storage_bucket_tfer--test-calitp-ntd-xlsx-products-raw_self_link": {
                    "sensitive": false,
                    "type": "string",
                    "value": "https://www.googleapis.com/storage/v1/b/test-calitp-ntd-xlsx-products-raw"
                },
                "google_storage_bucket_tfer--test-calitp-payments-littlepay-parsed_name": {
                    "sensitive": false,
                    "type": "string",
                    "value": "test-calitp-payments-littlepay-parsed"
                },
                "google_storage_bucket_tfer--test-calitp-payments-littlepay-parsed_self_link": {
                    "sensitive": false,
                    "type": "string",
                    "value": "https://www.googleapis.com/storage/v1/b/test-calitp-payments-littlepay-parsed"
                },
                "google_storage_bucket_tfer--test-calitp-payments-littlepay-raw_name": {
                    "sensitive": false,
                    "type": "string",
                    "value": "test-calitp-payments-littlepay-raw"
                },
                "google_storage_bucket_tfer--test-calitp-payments-littlepay-raw_self_link": {
                    "sensitive": false,
                    "type": "string",
                    "value": "https://www.googleapis.com/storage/v1/b/test-calitp-payments-littlepay-raw"
                },
                "google_storage_bucket_tfer--test-calitp-publish-data-analysis_name": {
                    "sensitive": false,
                    "type": "string",
                    "value": "test-calitp-publish-data-analysis"
                },
                "google_storage_bucket_tfer--test-calitp-publish-data-analysis_self_link": {
                    "sensitive": false,
                    "type": "string",
                    "value": "https://www.googleapis.com/storage/v1/b/test-calitp-publish-data-analysis"
                },
                "google_storage_bucket_tfer--test-calitp-publish_name": {
                    "sensitive": false,
                    "type": "string",
                    "value": "test-calitp-publish"
                },
                "google_storage_bucket_tfer--test-calitp-publish_self_link": {
                    "sensitive": false,
                    "type": "string",
                    "value": "https://www.googleapis.com/storage/v1/b/test-calitp-publish"
                },
                "google_storage_bucket_tfer--test-calitp-reports-data_name": {
                    "sensitive": false,
                    "type": "string",
                    "value": "test-calitp-reports-data"
                },
                "google_storage_bucket_tfer--test-calitp-reports-data_self_link": {
                    "sensitive": false,
                    "type": "string",
                    "value": "https://www.googleapis.com/storage/v1/b/test-calitp-reports-data"
                },
                "google_storage_bucket_tfer--test-calitp-sentry_name": {
                    "sensitive": false,
                    "type": "string",
                    "value": "test-calitp-sentry"
                },
                "google_storage_bucket_tfer--test-calitp-sentry_self_link": {
                    "sensitive": false,
                    "type": "string",
                    "value": "https://www.googleapis.com/storage/v1/b/test-calitp-sentry"
                },
                "google_storage_bucket_tfer--test-calitp-state-geoportal-scrape_name": {
                    "sensitive": false,
                    "type": "string",
                    "value": "test-calitp-state-geoportal-scrape"
                },
                "google_storage_bucket_tfer--test-calitp-state-geoportal-scrape_self_link": {
                    "sensitive": false,
                    "type": "string",
                    "value": "https://www.googleapis.com/storage/v1/b/test-calitp-state-geoportal-scrape"
                },
                "google_storage_bucket_tfer--test-rt-parsed_name": {
                    "sensitive": false,
                    "type": "string",
                    "value": "test-rt-parsed"
                },
                "google_storage_bucket_tfer--test-rt-parsed_self_link": {
                    "sensitive": false,
                    "type": "string",
                    "value": "https://www.googleapis.com/storage/v1/b/test-rt-parsed"
                },
                "google_storage_bucket_tfer--test-rt-validations_name": {
                    "sensitive": false,
                    "type": "string",
                    "value": "test-rt-validations"
                },
                "google_storage_bucket_tfer--test-rt-validations_self_link": {
                    "sensitive": false,
                    "type": "string",
                    "value": "https://www.googleapis.com/storage/v1/b/test-rt-validations"
                },
                "google_storage_bucket_tfer--us-002E-artifacts-002E-cal-itp-data-infra-002E-appspot-002E-com_name": {
                    "sensitive": false,
                    "type": "string",
                    "value": "us.artifacts.cal-itp-data-infra.appspot.com"
                },
                "google_storage_bucket_tfer--us-002E-artifacts-002E-cal-itp-data-infra-002E-appspot-002E-com_self_link": {
                    "sensitive": false,
                    "type": "string",
                    "value": "https://www.googleapis.com/storage/v1/b/us.artifacts.cal-itp-data-infra.appspot.com"
                },
                "google_storage_bucket_tfer--us-west2-calitp-airflow2-pr-171e4e47-bucket_name": {
                    "sensitive": false,
                    "type": "string",
                    "value": "us-west2-calitp-airflow2-pr-171e4e47-bucket"
                },
                "google_storage_bucket_tfer--us-west2-calitp-airflow2-pr-171e4e47-bucket_self_link": {
                    "sensitive": false,
                    "type": "string",
                    "value": "https://www.googleapis.com/storage/v1/b/us-west2-calitp-airflow2-pr-171e4e47-bucket"
                },
                "google_storage_bucket_tfer--us-west2-calitp-airflow2-pr-31e41084-bucket_name": {
                    "sensitive": false,
                    "type": "string",
                    "value": "us-west2-calitp-airflow2-pr-31e41084-bucket"
                },
                "google_storage_bucket_tfer--us-west2-calitp-airflow2-pr-31e41084-bucket_self_link": {
                    "sensitive": false,
                    "type": "string",
                    "value": "https://www.googleapis.com/storage/v1/b/us-west2-calitp-airflow2-pr-31e41084-bucket"
                },
                "google_storage_bucket_tfer--us-west2-calitp-airflow2-pr-88ca8ec6-bucket_name": {
                    "sensitive": false,
                    "type": "string",
                    "value": "us-west2-calitp-airflow2-pr-88ca8ec6-bucket"
                },
                "google_storage_bucket_tfer--us-west2-calitp-airflow2-pr-88ca8ec6-bucket_self_link": {
                    "sensitive": false,
                    "type": "string",
                    "value": "https://www.googleapis.com/storage/v1/b/us-west2-calitp-airflow2-pr-88ca8ec6-bucket"
                },
                "google_storage_default_object_acl_tfer--analysis-output-models_id": {
                    "sensitive": false,
                    "type": "string",
                    "value": "analysis-output-models"
                },
                "google_storage_default_object_acl_tfer--artifacts-002E-cal-itp-data-infra-002E-appspot-002E-com_id": {
                    "sensitive": false,
                    "type": "string",
                    "value": "artifacts.cal-itp-data-infra.appspot.com"
                },
                "google_storage_default_object_acl_tfer--cal-itp-data-infra-002E-appspot-002E-com_id": {
                    "sensitive": false,
                    "type": "string",
                    "value": "cal-itp-data-infra.appspot.com"
                },
                "google_storage_default_object_acl_tfer--calitp-aggregator-scraper_id": {
                    "sensitive": false,
                    "type": "string",
                    "value": "calitp-aggregator-scraper"
                },
                "google_storage_default_object_acl_tfer--calitp-airtable_id": {
                    "sensitive": false,
                    "type": "string",
                    "value": "calitp-airtable"
                },
                "google_storage_default_object_acl_tfer--calitp-amplitude-benefits-events_id": {
                    "sensitive": false,
                    "type": "string",
                    "value": "calitp-amplitude-benefits-events"
                },
                "google_storage_default_object_acl_tfer--calitp-analytics-data_id": {
                    "sensitive": false,
                    "type": "string",
                    "value": "calitp-analytics-data"
                },
                "google_storage_default_object_acl_tfer--calitp-backups-grafana_id": {
                    "sensitive": false,
                    "type": "string",
                    "value": "calitp-backups-grafana"
                },
                "google_storage_default_object_acl_tfer--calitp-backups-metabase_id": {
                    "sensitive": false,
                    "type": "string",
                    "value": "calitp-backups-metabase"
                },
                "google_storage_default_object_acl_tfer--calitp-backups-sentry_id": {
                    "sensitive": false,
                    "type": "string",
                    "value": "calitp-backups-sentry"
                },
                "google_storage_default_object_acl_tfer--calitp-backups-test_id": {
                    "sensitive": false,
                    "type": "string",
                    "value": "calitp-backups-test"
                },
                "google_storage_default_object_acl_tfer--calitp-ci-artifacts_id": {
                    "sensitive": false,
                    "type": "string",
                    "value": "calitp-ci-artifacts"
                },
                "google_storage_default_object_acl_tfer--calitp-dbt-artifacts_id": {
                    "sensitive": false,
                    "type": "string",
                    "value": "calitp-dbt-artifacts"
                },
                "google_storage_default_object_acl_tfer--calitp-dbt-python-models_id": {
                    "sensitive": false,
                    "type": "string",
                    "value": "calitp-dbt-python-models"
                },
                "google_storage_default_object_acl_tfer--calitp-elavon-parsed_id": {
                    "sensitive": false,
                    "type": "string",
                    "value": "calitp-elavon-parsed"
                },
                "google_storage_default_object_acl_tfer--calitp-elavon-raw_id": {
                    "sensitive": false,
                    "type": "string",
                    "value": "calitp-elavon-raw"
                },
                "google_storage_default_object_acl_tfer--calitp-gtfs-download-config_id": {
                    "sensitive": false,
                    "type": "string",
                    "value": "calitp-gtfs-download-config"
                },
                "google_storage_default_object_acl_tfer--calitp-gtfs-rt-parsed_id": {
                    "sensitive": false,
                    "type": "string",
                    "value": "calitp-gtfs-rt-parsed"
                },
                "google_storage_default_object_acl_tfer--calitp-gtfs-rt-raw-deprecated_id": {
                    "sensitive": false,
                    "type": "string",
                    "value": "calitp-gtfs-rt-raw-deprecated"
                },
                "google_storage_default_object_acl_tfer--calitp-gtfs-rt-raw-v2_id": {
                    "sensitive": false,
                    "type": "string",
                    "value": "calitp-gtfs-rt-raw-v2"
                },
                "google_storage_default_object_acl_tfer--calitp-gtfs-rt-validation_id": {
                    "sensitive": false,
                    "type": "string",
                    "value": "calitp-gtfs-rt-validation"
                },
                "google_storage_default_object_acl_tfer--calitp-gtfs-schedule-parsed-hourly_id": {
                    "sensitive": false,
                    "type": "string",
                    "value": "calitp-gtfs-schedule-parsed-hourly"
                },
                "google_storage_default_object_acl_tfer--calitp-gtfs-schedule-parsed_id": {
                    "sensitive": false,
                    "type": "string",
                    "value": "calitp-gtfs-schedule-parsed"
                },
                "google_storage_default_object_acl_tfer--calitp-gtfs-schedule-raw-v2_id": {
                    "sensitive": false,
                    "type": "string",
                    "value": "calitp-gtfs-schedule-raw-v2"
                },
                "google_storage_default_object_acl_tfer--calitp-gtfs-schedule-unzipped-hourly_id": {
                    "sensitive": false,
                    "type": "string",
                    "value": "calitp-gtfs-schedule-unzipped-hourly"
                },
                "google_storage_default_object_acl_tfer--calitp-gtfs-schedule-unzipped_id": {
                    "sensitive": false,
                    "type": "string",
                    "value": "calitp-gtfs-schedule-unzipped"
                },
                "google_storage_default_object_acl_tfer--calitp-gtfs-schedule-validation-hourly_id": {
                    "sensitive": false,
                    "type": "string",
                    "value": "calitp-gtfs-schedule-validation-hourly"
                },
                "google_storage_default_object_acl_tfer--calitp-gtfs-schedule-validation_id": {
                    "sensitive": false,
                    "type": "string",
                    "value": "calitp-gtfs-schedule-validation"
                },
                "google_storage_default_object_acl_tfer--calitp-jamesl-gcp-components-tfstate_id": {
                    "sensitive": false,
                    "type": "string",
                    "value": "calitp-jamesl-gcp-components-tfstate"
                },
                "google_storage_default_object_acl_tfer--calitp-map-tiles_id": {
                    "sensitive": false,
                    "type": "string",
                    "value": "calitp-map-tiles"
                },
                "google_storage_default_object_acl_tfer--calitp-metabase-data-public_id": {
                    "sensitive": false,
                    "type": "string",
                    "value": "calitp-metabase-data-public"
                },
                "google_storage_default_object_acl_tfer--calitp-ntd-api-products_id": {
                    "sensitive": false,
                    "type": "string",
                    "value": "calitp-ntd-api-products"
                },
                "google_storage_default_object_acl_tfer--calitp-ntd-data-products_id": {
                    "sensitive": false,
                    "type": "string",
                    "value": "calitp-ntd-data-products"
                },
                "google_storage_default_object_acl_tfer--calitp-ntd-report-validation_id": {
                    "sensitive": false,
                    "type": "string",
                    "value": "calitp-ntd-report-validation"
                },
                "google_storage_default_object_acl_tfer--calitp-ntd-xlsx-products-clean_id": {
                    "sensitive": false,
                    "type": "string",
                    "value": "calitp-ntd-xlsx-products-clean"
                },
                "google_storage_default_object_acl_tfer--calitp-ntd-xlsx-products-raw_id": {
                    "sensitive": false,
                    "type": "string",
                    "value": "calitp-ntd-xlsx-products-raw"
                },
                "google_storage_default_object_acl_tfer--calitp-payments-littlepay-parsed_id": {
                    "sensitive": false,
                    "type": "string",
                    "value": "calitp-payments-littlepay-parsed"
                },
                "google_storage_default_object_acl_tfer--calitp-payments-littlepay-raw_id": {
                    "sensitive": false,
                    "type": "string",
                    "value": "calitp-payments-littlepay-raw"
                },
                "google_storage_default_object_acl_tfer--calitp-prod-gcp-components-tfstate_id": {
                    "sensitive": false,
                    "type": "string",
                    "value": "calitp-prod-gcp-components-tfstate"
                },
                "google_storage_default_object_acl_tfer--calitp-publish-data-analysis_id": {
                    "sensitive": false,
                    "type": "string",
                    "value": "calitp-publish-data-analysis"
                },
                "google_storage_default_object_acl_tfer--calitp-publish_id": {
                    "sensitive": false,
                    "type": "string",
                    "value": "calitp-publish"
                },
                "google_storage_default_object_acl_tfer--calitp-reports-data_id": {
                    "sensitive": false,
                    "type": "string",
                    "value": "calitp-reports-data"
                },
                "google_storage_default_object_acl_tfer--calitp-state-geoportal-scrape_id": {
                    "sensitive": false,
                    "type": "string",
                    "value": "calitp-state-geoportal-scrape"
                },
                "google_storage_default_object_acl_tfer--calitp-state-highway-network-stops_id": {
                    "sensitive": false,
                    "type": "string",
                    "value": "calitp-state-highway-network-stops"
                },
                "google_storage_default_object_acl_tfer--cold-storage-outputs-gtfs-data-test-charlie-test_id": {
                    "sensitive": false,
                    "type": "string",
                    "value": "cold-storage-outputs-gtfs-data-test-charlie-test"
                },
                "google_storage_default_object_acl_tfer--cold-storage-outputs-gtfs-data-test_id": {
                    "sensitive": false,
                    "type": "string",
                    "value": "cold-storage-outputs-gtfs-data-test"
                },
                "google_storage_default_object_acl_tfer--dataproc-staging-us-west2-1005246706141-sfgmtgyp_id": {
                    "sensitive": false,
                    "type": "string",
                    "value": "dataproc-staging-us-west2-1005246706141-sfgmtgyp"
                },
                "google_storage_default_object_acl_tfer--dataproc-temp-us-west2-1005246706141-x9mtxbwg_id": {
                    "sensitive": false,
                    "type": "string",
                    "value": "dataproc-temp-us-west2-1005246706141-x9mtxbwg"
                },
                "google_storage_default_object_acl_tfer--dev-calitp-aggregator-scraper_id": {
                    "sensitive": false,
                    "type": "string",
                    "value": "dev-calitp-aggregator-scraper"
                },
                "google_storage_default_object_acl_tfer--dev-calitp-gtfs-rt-raw_id": {
                    "sensitive": false,
                    "type": "string",
                    "value": "dev-calitp-gtfs-rt-raw"
                },
                "google_storage_default_object_acl_tfer--dev-calitp-test-sandbox_id": {
                    "sensitive": false,
                    "type": "string",
                    "value": "dev-calitp-test-sandbox"
                },
                "google_storage_default_object_acl_tfer--gtfs-data-reports_id": {
                    "sensitive": false,
                    "type": "string",
                    "value": "gtfs-data-reports"
                },
                "google_storage_default_object_acl_tfer--gtfs-data-test-reports_id": {
                    "sensitive": false,
                    "type": "string",
                    "value": "gtfs-data-test-reports"
                },
                "google_storage_default_object_acl_tfer--gtfs-data-test_id": {
                    "sensitive": false,
                    "type": "string",
                    "value": "gtfs-data-test"
                },
                "google_storage_default_object_acl_tfer--gtfs-data_id": {
                    "sensitive": false,
                    "type": "string",
                    "value": "gtfs-data"
                },
                "google_storage_default_object_acl_tfer--gtfs-schedule-backfill-test-deprecated_id": {
                    "sensitive": false,
                    "type": "string",
                    "value": "gtfs-schedule-backfill-test-deprecated"
                },
                "google_storage_default_object_acl_tfer--gtfs-schedule-backfill-test_id": {
                    "sensitive": false,
                    "type": "string",
                    "value": "gtfs-schedule-backfill-test"
                },
                "google_storage_default_object_acl_tfer--littlepay-data-extract-prod_id": {
                    "sensitive": false,
                    "type": "string",
                    "value": "littlepay-data-extract-prod"
                },
                "google_storage_default_object_acl_tfer--rt-parsed-deprecated_id": {
                    "sensitive": false,
                    "type": "string",
                    "value": "rt-parsed-deprecated"
                },
                "google_storage_default_object_acl_tfer--rt-parsed_id": {
                    "sensitive": false,
                    "type": "string",
                    "value": "rt-parsed"
                },
                "google_storage_default_object_acl_tfer--staging-002E-cal-itp-data-infra-002E-appspot-002E-com_id": {
                    "sensitive": false,
                    "type": "string",
                    "value": "staging.cal-itp-data-infra.appspot.com"
                },
                "google_storage_default_object_acl_tfer--test-calitp-aggregator-scraper_id": {
                    "sensitive": false,
                    "type": "string",
                    "value": "test-calitp-aggregator-scraper"
                },
                "google_storage_default_object_acl_tfer--test-calitp-airtable_id": {
                    "sensitive": false,
                    "type": "string",
                    "value": "test-calitp-airtable"
                },
                "google_storage_default_object_acl_tfer--test-calitp-dbt-artifacts_id": {
                    "sensitive": false,
                    "type": "string",
                    "value": "test-calitp-dbt-artifacts"
                },
                "google_storage_default_object_acl_tfer--test-calitp-dbt-python-models_id": {
                    "sensitive": false,
                    "type": "string",
                    "value": "test-calitp-dbt-python-models"
                },
                "google_storage_default_object_acl_tfer--test-calitp-elavon-parsed_id": {
                    "sensitive": false,
                    "type": "string",
                    "value": "test-calitp-elavon-parsed"
                },
                "google_storage_default_object_acl_tfer--test-calitp-elavon-raw_id": {
                    "sensitive": false,
                    "type": "string",
                    "value": "test-calitp-elavon-raw"
                },
                "google_storage_default_object_acl_tfer--test-calitp-elavon_id": {
                    "sensitive": false,
                    "type": "string",
                    "value": "test-calitp-elavon"
                },
                "google_storage_default_object_acl_tfer--test-calitp-gtfs-config_id": {
                    "sensitive": false,
                    "type": "string",
                    "value": "test-calitp-gtfs-config"
                },
                "google_storage_default_object_acl_tfer--test-calitp-gtfs-download-config_id": {
                    "sensitive": false,
                    "type": "string",
                    "value": "test-calitp-gtfs-download-config"
                },
                "google_storage_default_object_acl_tfer--test-calitp-gtfs-raw_id": {
                    "sensitive": false,
                    "type": "string",
                    "value": "test-calitp-gtfs-raw"
                },
                "google_storage_default_object_acl_tfer--test-calitp-gtfs-rt-parsed_id": {
                    "sensitive": false,
                    "type": "string",
                    "value": "test-calitp-gtfs-rt-parsed"
                },
                "google_storage_default_object_acl_tfer--test-calitp-gtfs-rt-raw-v2_id": {
                    "sensitive": false,
                    "type": "string",
                    "value": "test-calitp-gtfs-rt-raw-v2"
                },
                "google_storage_default_object_acl_tfer--test-calitp-gtfs-rt-raw_id": {
                    "sensitive": false,
                    "type": "string",
                    "value": "test-calitp-gtfs-rt-raw"
                },
                "google_storage_default_object_acl_tfer--test-calitp-gtfs-rt-validation_id": {
                    "sensitive": false,
                    "type": "string",
                    "value": "test-calitp-gtfs-rt-validation"
                },
                "google_storage_default_object_acl_tfer--test-calitp-gtfs-schedule-parsed-hourly_id": {
                    "sensitive": false,
                    "type": "string",
                    "value": "test-calitp-gtfs-schedule-parsed-hourly"
                },
                "google_storage_default_object_acl_tfer--test-calitp-gtfs-schedule-parsed_id": {
                    "sensitive": false,
                    "type": "string",
                    "value": "test-calitp-gtfs-schedule-parsed"
                },
                "google_storage_default_object_acl_tfer--test-calitp-gtfs-schedule-processed_id": {
                    "sensitive": false,
                    "type": "string",
                    "value": "test-calitp-gtfs-schedule-processed"
                },
                "google_storage_default_object_acl_tfer--test-calitp-gtfs-schedule-raw-v2-backfill-test_id": {
                    "sensitive": false,
                    "type": "string",
                    "value": "test-calitp-gtfs-schedule-raw-v2-backfill-test"
                },
                "google_storage_default_object_acl_tfer--test-calitp-gtfs-schedule-raw-v2_id": {
                    "sensitive": false,
                    "type": "string",
                    "value": "test-calitp-gtfs-schedule-raw-v2"
                },
                "google_storage_default_object_acl_tfer--test-calitp-gtfs-schedule-raw_id": {
                    "sensitive": false,
                    "type": "string",
                    "value": "test-calitp-gtfs-schedule-raw"
                },
                "google_storage_default_object_acl_tfer--test-calitp-gtfs-schedule-unzipped-hourly_id": {
                    "sensitive": false,
                    "type": "string",
                    "value": "test-calitp-gtfs-schedule-unzipped-hourly"
                },
                "google_storage_default_object_acl_tfer--test-calitp-gtfs-schedule-unzipped_id": {
                    "sensitive": false,
                    "type": "string",
                    "value": "test-calitp-gtfs-schedule-unzipped"
                },
                "google_storage_default_object_acl_tfer--test-calitp-gtfs-schedule-validation-hourly_id": {
                    "sensitive": false,
                    "type": "string",
                    "value": "test-calitp-gtfs-schedule-validation-hourly"
                },
                "google_storage_default_object_acl_tfer--test-calitp-gtfs-schedule-validation_id": {
                    "sensitive": false,
                    "type": "string",
                    "value": "test-calitp-gtfs-schedule-validation"
                },
                "google_storage_default_object_acl_tfer--test-calitp-ntd-api-products_id": {
                    "sensitive": false,
                    "type": "string",
                    "value": "test-calitp-ntd-api-products"
                },
                "google_storage_default_object_acl_tfer--test-calitp-ntd-data-products_id": {
                    "sensitive": false,
                    "type": "string",
                    "value": "test-calitp-ntd-data-products"
                },
                "google_storage_default_object_acl_tfer--test-calitp-ntd-report-validation_id": {
                    "sensitive": false,
                    "type": "string",
                    "value": "test-calitp-ntd-report-validation"
                },
                "google_storage_default_object_acl_tfer--test-calitp-ntd-xlsx-products-clean_id": {
                    "sensitive": false,
                    "type": "string",
                    "value": "test-calitp-ntd-xlsx-products-clean"
                },
                "google_storage_default_object_acl_tfer--test-calitp-ntd-xlsx-products-raw_id": {
                    "sensitive": false,
                    "type": "string",
                    "value": "test-calitp-ntd-xlsx-products-raw"
                },
                "google_storage_default_object_acl_tfer--test-calitp-payments-littlepay-parsed_id": {
                    "sensitive": false,
                    "type": "string",
                    "value": "test-calitp-payments-littlepay-parsed"
                },
                "google_storage_default_object_acl_tfer--test-calitp-payments-littlepay-raw_id": {
                    "sensitive": false,
                    "type": "string",
                    "value": "test-calitp-payments-littlepay-raw"
                },
                "google_storage_default_object_acl_tfer--test-calitp-publish-data-analysis_id": {
                    "sensitive": false,
                    "type": "string",
                    "value": "test-calitp-publish-data-analysis"
                },
                "google_storage_default_object_acl_tfer--test-calitp-publish_id": {
                    "sensitive": false,
                    "type": "string",
                    "value": "test-calitp-publish"
                },
                "google_storage_default_object_acl_tfer--test-calitp-reports-data_id": {
                    "sensitive": false,
                    "type": "string",
                    "value": "test-calitp-reports-data"
                },
                "google_storage_default_object_acl_tfer--test-calitp-sentry_id": {
                    "sensitive": false,
                    "type": "string",
                    "value": "test-calitp-sentry"
                },
                "google_storage_default_object_acl_tfer--test-calitp-state-geoportal-scrape_id": {
                    "sensitive": false,
                    "type": "string",
                    "value": "test-calitp-state-geoportal-scrape"
                },
                "google_storage_default_object_acl_tfer--test-rt-parsed_id": {
                    "sensitive": false,
                    "type": "string",
                    "value": "test-rt-parsed"
                },
                "google_storage_default_object_acl_tfer--test-rt-validations_id": {
                    "sensitive": false,
                    "type": "string",
                    "value": "test-rt-validations"
                },
                "google_storage_default_object_acl_tfer--us-002E-artifacts-002E-cal-itp-data-infra-002E-appspot-002E-com_id": {
                    "sensitive": false,
                    "type": "string",
                    "value": "us.artifacts.cal-itp-data-infra.appspot.com"
                },
                "google_storage_default_object_acl_tfer--us-west2-calitp-airflow2-pr-171e4e47-bucket_id": {
                    "sensitive": false,
                    "type": "string",
                    "value": "us-west2-calitp-airflow2-pr-171e4e47-bucket"
                },
                "google_storage_default_object_acl_tfer--us-west2-calitp-airflow2-pr-31e41084-bucket_id": {
                    "sensitive": false,
                    "type": "string",
                    "value": "us-west2-calitp-airflow2-pr-31e41084-bucket"
                },
                "google_storage_default_object_acl_tfer--us-west2-calitp-airflow2-pr-88ca8ec6-bucket_id": {
                    "sensitive": false,
                    "type": "string",
                    "value": "us-west2-calitp-airflow2-pr-88ca8ec6-bucket"
                }
            },
            "resources": {
                "google_storage_bucket.tfer--analysis-output-models": {
                    "type": "google_storage_bucket",
                    "depends_on": [],
                    "primary": {
                        "id": "analysis-output-models",
                        "attributes": {
                            "autoclass.#": "0",
                            "cors.#": "0",
                            "custom_placement_config.#": "0",
                            "default_event_based_hold": "false",
                            "effective_labels.%": "0",
                            "enable_object_retention": "false",
                            "encryption.#": "0",
                            "force_destroy": "false",
                            "hierarchical_namespace.#": "1",
                            "hierarchical_namespace.0.enabled": "false",
                            "id": "analysis-output-models",
                            "labels.%": "0",
                            "lifecycle_rule.#": "2",
                            "lifecycle_rule.0.action.#": "1",
                            "lifecycle_rule.0.action.0.storage_class": "",
                            "lifecycle_rule.0.action.0.type": "Delete",
                            "lifecycle_rule.0.condition.#": "1",
                            "lifecycle_rule.0.condition.0.age": "0",
                            "lifecycle_rule.0.condition.0.created_before": "",
                            "lifecycle_rule.0.condition.0.custom_time_before": "",
                            "lifecycle_rule.0.condition.0.days_since_custom_time": "0",
                            "lifecycle_rule.0.condition.0.days_since_noncurrent_time": "0",
                            "lifecycle_rule.0.condition.0.matches_prefix.#": "0",
                            "lifecycle_rule.0.condition.0.matches_storage_class.#": "0",
                            "lifecycle_rule.0.condition.0.matches_suffix.#": "0",
                            "lifecycle_rule.0.condition.0.noncurrent_time_before": "",
                            "lifecycle_rule.0.condition.0.num_newer_versions": "2",
                            "lifecycle_rule.0.condition.0.send_age_if_zero": "false",
                            "lifecycle_rule.0.condition.0.send_days_since_custom_time_if_zero": "false",
                            "lifecycle_rule.0.condition.0.send_days_since_noncurrent_time_if_zero": "false",
                            "lifecycle_rule.0.condition.0.send_num_newer_versions_if_zero": "false",
                            "lifecycle_rule.0.condition.0.with_state": "ARCHIVED",
                            "lifecycle_rule.1.action.#": "1",
                            "lifecycle_rule.1.action.0.storage_class": "",
                            "lifecycle_rule.1.action.0.type": "Delete",
                            "lifecycle_rule.1.condition.#": "1",
                            "lifecycle_rule.1.condition.0.age": "0",
                            "lifecycle_rule.1.condition.0.created_before": "",
                            "lifecycle_rule.1.condition.0.custom_time_before": "",
                            "lifecycle_rule.1.condition.0.days_since_custom_time": "0",
                            "lifecycle_rule.1.condition.0.days_since_noncurrent_time": "7",
                            "lifecycle_rule.1.condition.0.matches_prefix.#": "0",
                            "lifecycle_rule.1.condition.0.matches_storage_class.#": "0",
                            "lifecycle_rule.1.condition.0.matches_suffix.#": "0",
                            "lifecycle_rule.1.condition.0.noncurrent_time_before": "",
                            "lifecycle_rule.1.condition.0.num_newer_versions": "0",
                            "lifecycle_rule.1.condition.0.send_age_if_zero": "false",
                            "lifecycle_rule.1.condition.0.send_days_since_custom_time_if_zero": "false",
                            "lifecycle_rule.1.condition.0.send_days_since_noncurrent_time_if_zero": "false",
                            "lifecycle_rule.1.condition.0.send_num_newer_versions_if_zero": "false",
                            "lifecycle_rule.1.condition.0.with_state": "ANY",
                            "location": "US-WEST2",
                            "logging.#": "0",
                            "name": "analysis-output-models",
                            "project": "",
                            "project_number": "1005246706141",
                            "public_access_prevention": "enforced",
                            "requester_pays": "false",
                            "retention_policy.#": "0",
                            "self_link": "https://www.googleapis.com/storage/v1/b/analysis-output-models",
                            "soft_delete_policy.#": "1",
                            "soft_delete_policy.0.effective_time": "2024-03-01T08:00:00.000Z",
                            "soft_delete_policy.0.retention_duration_seconds": "604800",
                            "storage_class": "STANDARD",
                            "terraform_labels.%": "0",
                            "uniform_bucket_level_access": "true",
                            "url": "gs://analysis-output-models",
                            "versioning.#": "1",
                            "versioning.0.enabled": "true",
                            "website.#": "0"
                        },
                        "meta": {
                            "schema_version": 3
                        },
                        "tainted": false
                    },
                    "deposed": [],
                    "provider": "provider.google"
                },
                "google_storage_bucket.tfer--artifacts-002E-cal-itp-data-infra-002E-appspot-002E-com": {
                    "type": "google_storage_bucket",
                    "depends_on": [],
                    "primary": {
                        "id": "artifacts.cal-itp-data-infra.appspot.com",
                        "attributes": {
                            "autoclass.#": "0",
                            "cors.#": "0",
                            "custom_placement_config.#": "0",
                            "default_event_based_hold": "false",
                            "effective_labels.%": "0",
                            "enable_object_retention": "false",
                            "encryption.#": "0",
                            "force_destroy": "false",
                            "hierarchical_namespace.#": "1",
                            "hierarchical_namespace.0.enabled": "false",
                            "id": "artifacts.cal-itp-data-infra.appspot.com",
                            "labels.%": "0",
                            "lifecycle_rule.#": "0",
                            "location": "US",
                            "logging.#": "0",
                            "name": "artifacts.cal-itp-data-infra.appspot.com",
                            "project": "",
                            "project_number": "1005246706141",
                            "public_access_prevention": "inherited",
                            "requester_pays": "false",
                            "retention_policy.#": "0",
                            "rpo": "DEFAULT",
                            "self_link": "https://www.googleapis.com/storage/v1/b/artifacts.cal-itp-data-infra.appspot.com",
                            "soft_delete_policy.#": "1",
                            "soft_delete_policy.0.effective_time": "2024-03-01T08:00:00.000Z",
                            "soft_delete_policy.0.retention_duration_seconds": "604800",
                            "storage_class": "STANDARD",
                            "terraform_labels.%": "0",
                            "uniform_bucket_level_access": "false",
                            "url": "gs://artifacts.cal-itp-data-infra.appspot.com",
                            "versioning.#": "0",
                            "website.#": "0"
                        },
                        "meta": {
                            "schema_version": 3
                        },
                        "tainted": false
                    },
                    "deposed": [],
                    "provider": "provider.google"
                },
                "google_storage_bucket.tfer--cal-itp-data-infra-002E-appspot-002E-com": {
                    "type": "google_storage_bucket",
                    "depends_on": [],
                    "primary": {
                        "id": "cal-itp-data-infra.appspot.com",
                        "attributes": {
                            "autoclass.#": "0",
                            "cors.#": "0",
                            "custom_placement_config.#": "0",
                            "default_event_based_hold": "false",
                            "effective_labels.%": "0",
                            "enable_object_retention": "false",
                            "encryption.#": "0",
                            "force_destroy": "false",
                            "hierarchical_namespace.#": "1",
                            "hierarchical_namespace.0.enabled": "false",
                            "id": "cal-itp-data-infra.appspot.com",
                            "labels.%": "0",
                            "lifecycle_rule.#": "0",
                            "location": "US-WEST2",
                            "logging.#": "0",
                            "name": "cal-itp-data-infra.appspot.com",
                            "project": "",
                            "project_number": "1005246706141",
                            "public_access_prevention": "inherited",
                            "requester_pays": "false",
                            "retention_policy.#": "0",
                            "self_link": "https://www.googleapis.com/storage/v1/b/cal-itp-data-infra.appspot.com",
                            "soft_delete_policy.#": "1",
                            "soft_delete_policy.0.effective_time": "2024-03-01T08:00:00.000Z",
                            "soft_delete_policy.0.retention_duration_seconds": "604800",
                            "storage_class": "STANDARD",
                            "terraform_labels.%": "0",
                            "uniform_bucket_level_access": "false",
                            "url": "gs://cal-itp-data-infra.appspot.com",
                            "versioning.#": "0",
                            "website.#": "0"
                        },
                        "meta": {
                            "schema_version": 3
                        },
                        "tainted": false
                    },
                    "deposed": [],
                    "provider": "provider.google"
                },
                "google_storage_bucket.tfer--calitp-aggregator-scraper": {
                    "type": "google_storage_bucket",
                    "depends_on": [],
                    "primary": {
                        "id": "calitp-aggregator-scraper",
                        "attributes": {
                            "autoclass.#": "0",
                            "cors.#": "0",
                            "custom_placement_config.#": "0",
                            "default_event_based_hold": "false",
                            "effective_labels.%": "0",
                            "enable_object_retention": "false",
                            "encryption.#": "0",
                            "force_destroy": "false",
                            "hierarchical_namespace.#": "1",
                            "hierarchical_namespace.0.enabled": "false",
                            "id": "calitp-aggregator-scraper",
                            "labels.%": "0",
                            "lifecycle_rule.#": "0",
                            "location": "US-WEST2",
                            "logging.#": "0",
                            "name": "calitp-aggregator-scraper",
                            "project": "",
                            "project_number": "1005246706141",
                            "public_access_prevention": "enforced",
                            "requester_pays": "false",
                            "retention_policy.#": "0",
                            "self_link": "https://www.googleapis.com/storage/v1/b/calitp-aggregator-scraper",
                            "soft_delete_policy.#": "1",
                            "soft_delete_policy.0.effective_time": "2024-03-01T08:00:00.000Z",
                            "soft_delete_policy.0.retention_duration_seconds": "604800",
                            "storage_class": "STANDARD",
                            "terraform_labels.%": "0",
                            "uniform_bucket_level_access": "true",
                            "url": "gs://calitp-aggregator-scraper",
                            "versioning.#": "0",
                            "website.#": "0"
                        },
                        "meta": {
                            "schema_version": 3
                        },
                        "tainted": false
                    },
                    "deposed": [],
                    "provider": "provider.google"
                },
                "google_storage_bucket.tfer--calitp-airtable": {
                    "type": "google_storage_bucket",
                    "depends_on": [],
                    "primary": {
                        "id": "calitp-airtable",
                        "attributes": {
                            "autoclass.#": "0",
                            "cors.#": "0",
                            "custom_placement_config.#": "0",
                            "default_event_based_hold": "false",
                            "effective_labels.%": "0",
                            "enable_object_retention": "false",
                            "encryption.#": "0",
                            "force_destroy": "false",
                            "hierarchical_namespace.#": "1",
                            "hierarchical_namespace.0.enabled": "false",
                            "id": "calitp-airtable",
                            "labels.%": "0",
                            "lifecycle_rule.#": "2",
                            "lifecycle_rule.0.action.#": "1",
                            "lifecycle_rule.0.action.0.storage_class": "",
                            "lifecycle_rule.0.action.0.type": "Delete",
                            "lifecycle_rule.0.condition.#": "1",
                            "lifecycle_rule.0.condition.0.age": "0",
                            "lifecycle_rule.0.condition.0.created_before": "",
                            "lifecycle_rule.0.condition.0.custom_time_before": "",
                            "lifecycle_rule.0.condition.0.days_since_custom_time": "0",
                            "lifecycle_rule.0.condition.0.days_since_noncurrent_time": "0",
                            "lifecycle_rule.0.condition.0.matches_prefix.#": "0",
                            "lifecycle_rule.0.condition.0.matches_storage_class.#": "0",
                            "lifecycle_rule.0.condition.0.matches_suffix.#": "0",
                            "lifecycle_rule.0.condition.0.noncurrent_time_before": "",
                            "lifecycle_rule.0.condition.0.num_newer_versions": "2",
                            "lifecycle_rule.0.condition.0.send_age_if_zero": "false",
                            "lifecycle_rule.0.condition.0.send_days_since_custom_time_if_zero": "false",
                            "lifecycle_rule.0.condition.0.send_days_since_noncurrent_time_if_zero": "false",
                            "lifecycle_rule.0.condition.0.send_num_newer_versions_if_zero": "false",
                            "lifecycle_rule.0.condition.0.with_state": "ARCHIVED",
                            "lifecycle_rule.1.action.#": "1",
                            "lifecycle_rule.1.action.0.storage_class": "",
                            "lifecycle_rule.1.action.0.type": "Delete",
                            "lifecycle_rule.1.condition.#": "1",
                            "lifecycle_rule.1.condition.0.age": "0",
                            "lifecycle_rule.1.condition.0.created_before": "",
                            "lifecycle_rule.1.condition.0.custom_time_before": "",
                            "lifecycle_rule.1.condition.0.days_since_custom_time": "0",
                            "lifecycle_rule.1.condition.0.days_since_noncurrent_time": "7",
                            "lifecycle_rule.1.condition.0.matches_prefix.#": "0",
                            "lifecycle_rule.1.condition.0.matches_storage_class.#": "0",
                            "lifecycle_rule.1.condition.0.matches_suffix.#": "0",
                            "lifecycle_rule.1.condition.0.noncurrent_time_before": "",
                            "lifecycle_rule.1.condition.0.num_newer_versions": "0",
                            "lifecycle_rule.1.condition.0.send_age_if_zero": "false",
                            "lifecycle_rule.1.condition.0.send_days_since_custom_time_if_zero": "false",
                            "lifecycle_rule.1.condition.0.send_days_since_noncurrent_time_if_zero": "false",
                            "lifecycle_rule.1.condition.0.send_num_newer_versions_if_zero": "false",
                            "lifecycle_rule.1.condition.0.with_state": "ANY",
                            "location": "US-WEST2",
                            "logging.#": "0",
                            "name": "calitp-airtable",
                            "project": "",
                            "project_number": "1005246706141",
                            "public_access_prevention": "inherited",
                            "requester_pays": "false",
                            "retention_policy.#": "1",
                            "retention_policy.0.is_locked": "false",
                            "retention_policy.0.retention_period": "31557600",
                            "self_link": "https://www.googleapis.com/storage/v1/b/calitp-airtable",
                            "soft_delete_policy.#": "1",
                            "soft_delete_policy.0.effective_time": "2024-03-01T08:00:00.000Z",
                            "soft_delete_policy.0.retention_duration_seconds": "604800",
                            "storage_class": "STANDARD",
                            "terraform_labels.%": "0",
                            "uniform_bucket_level_access": "true",
                            "url": "gs://calitp-airtable",
                            "versioning.#": "1",
                            "versioning.0.enabled": "false",
                            "website.#": "0"
                        },
                        "meta": {
                            "schema_version": 3
                        },
                        "tainted": false
                    },
                    "deposed": [],
                    "provider": "provider.google"
                },
                "google_storage_bucket.tfer--calitp-amplitude-benefits-events": {
                    "type": "google_storage_bucket",
                    "depends_on": [],
                    "primary": {
                        "id": "calitp-amplitude-benefits-events",
                        "attributes": {
                            "autoclass.#": "0",
                            "cors.#": "0",
                            "custom_placement_config.#": "0",
                            "default_event_based_hold": "false",
                            "effective_labels.%": "0",
                            "enable_object_retention": "false",
                            "encryption.#": "0",
                            "force_destroy": "false",
                            "hierarchical_namespace.#": "1",
                            "hierarchical_namespace.0.enabled": "false",
                            "id": "calitp-amplitude-benefits-events",
                            "labels.%": "0",
                            "lifecycle_rule.#": "0",
                            "location": "US-WEST2",
                            "logging.#": "0",
                            "name": "calitp-amplitude-benefits-events",
                            "project": "",
                            "project_number": "1005246706141",
                            "public_access_prevention": "enforced",
                            "requester_pays": "false",
                            "retention_policy.#": "0",
                            "self_link": "https://www.googleapis.com/storage/v1/b/calitp-amplitude-benefits-events",
                            "soft_delete_policy.#": "1",
                            "soft_delete_policy.0.effective_time": "2024-03-01T08:00:00.000Z",
                            "soft_delete_policy.0.retention_duration_seconds": "604800",
                            "storage_class": "STANDARD",
                            "terraform_labels.%": "0",
                            "uniform_bucket_level_access": "true",
                            "url": "gs://calitp-amplitude-benefits-events",
                            "versioning.#": "0",
                            "website.#": "0"
                        },
                        "meta": {
                            "schema_version": 3
                        },
                        "tainted": false
                    },
                    "deposed": [],
                    "provider": "provider.google"
                },
                "google_storage_bucket.tfer--calitp-analytics-data": {
                    "type": "google_storage_bucket",
                    "depends_on": [],
                    "primary": {
                        "id": "calitp-analytics-data",
                        "attributes": {
                            "autoclass.#": "0",
                            "cors.#": "0",
                            "custom_placement_config.#": "0",
                            "default_event_based_hold": "false",
                            "effective_labels.%": "0",
                            "enable_object_retention": "false",
                            "encryption.#": "0",
                            "force_destroy": "false",
                            "hierarchical_namespace.#": "1",
                            "hierarchical_namespace.0.enabled": "false",
                            "id": "calitp-analytics-data",
                            "labels.%": "0",
                            "lifecycle_rule.#": "0",
                            "location": "US-WEST2",
                            "logging.#": "0",
                            "name": "calitp-analytics-data",
                            "project": "",
                            "project_number": "1005246706141",
                            "public_access_prevention": "inherited",
                            "requester_pays": "false",
                            "retention_policy.#": "0",
                            "self_link": "https://www.googleapis.com/storage/v1/b/calitp-analytics-data",
                            "soft_delete_policy.#": "1",
                            "soft_delete_policy.0.effective_time": "2024-03-01T08:00:00.000Z",
                            "soft_delete_policy.0.retention_duration_seconds": "604800",
                            "storage_class": "STANDARD",
                            "terraform_labels.%": "0",
                            "uniform_bucket_level_access": "true",
                            "url": "gs://calitp-analytics-data",
                            "versioning.#": "1",
                            "versioning.0.enabled": "true",
                            "website.#": "0"
                        },
                        "meta": {
                            "schema_version": 3
                        },
                        "tainted": false
                    },
                    "deposed": [],
                    "provider": "provider.google"
                },
                "google_storage_bucket.tfer--calitp-backups-grafana": {
                    "type": "google_storage_bucket",
                    "depends_on": [],
                    "primary": {
                        "id": "calitp-backups-grafana",
                        "attributes": {
                            "autoclass.#": "0",
                            "cors.#": "0",
                            "custom_placement_config.#": "0",
                            "default_event_based_hold": "false",
                            "effective_labels.%": "0",
                            "enable_object_retention": "false",
                            "encryption.#": "0",
                            "force_destroy": "false",
                            "hierarchical_namespace.#": "1",
                            "hierarchical_namespace.0.enabled": "false",
                            "id": "calitp-backups-grafana",
                            "labels.%": "0",
                            "lifecycle_rule.#": "0",
                            "location": "US-WEST2",
                            "logging.#": "0",
                            "name": "calitp-backups-grafana",
                            "project": "",
                            "project_number": "1005246706141",
                            "public_access_prevention": "enforced",
                            "requester_pays": "false",
                            "retention_policy.#": "0",
                            "self_link": "https://www.googleapis.com/storage/v1/b/calitp-backups-grafana",
                            "soft_delete_policy.#": "1",
                            "soft_delete_policy.0.effective_time": "2024-03-01T08:00:00.000Z",
                            "soft_delete_policy.0.retention_duration_seconds": "604800",
                            "storage_class": "STANDARD",
                            "terraform_labels.%": "0",
                            "uniform_bucket_level_access": "true",
                            "url": "gs://calitp-backups-grafana",
                            "versioning.#": "0",
                            "website.#": "0"
                        },
                        "meta": {
                            "schema_version": 3
                        },
                        "tainted": false
                    },
                    "deposed": [],
                    "provider": "provider.google"
                },
                "google_storage_bucket.tfer--calitp-backups-metabase": {
                    "type": "google_storage_bucket",
                    "depends_on": [],
                    "primary": {
                        "id": "calitp-backups-metabase",
                        "attributes": {
                            "autoclass.#": "0",
                            "cors.#": "0",
                            "custom_placement_config.#": "0",
                            "default_event_based_hold": "false",
                            "effective_labels.%": "0",
                            "enable_object_retention": "false",
                            "encryption.#": "0",
                            "force_destroy": "false",
                            "hierarchical_namespace.#": "1",
                            "hierarchical_namespace.0.enabled": "false",
                            "id": "calitp-backups-metabase",
                            "labels.%": "0",
                            "lifecycle_rule.#": "0",
                            "location": "US-WEST1",
                            "logging.#": "0",
                            "name": "calitp-backups-metabase",
                            "project": "",
                            "project_number": "1005246706141",
                            "public_access_prevention": "inherited",
                            "requester_pays": "false",
                            "retention_policy.#": "0",
                            "self_link": "https://www.googleapis.com/storage/v1/b/calitp-backups-metabase",
                            "soft_delete_policy.#": "1",
                            "soft_delete_policy.0.effective_time": "2024-03-01T08:00:00.000Z",
                            "soft_delete_policy.0.retention_duration_seconds": "604800",
                            "storage_class": "NEARLINE",
                            "terraform_labels.%": "0",
                            "uniform_bucket_level_access": "true",
                            "url": "gs://calitp-backups-metabase",
                            "versioning.#": "0",
                            "website.#": "0"
                        },
                        "meta": {
                            "schema_version": 3
                        },
                        "tainted": false
                    },
                    "deposed": [],
                    "provider": "provider.google"
                },
                "google_storage_bucket.tfer--calitp-backups-sentry": {
                    "type": "google_storage_bucket",
                    "depends_on": [],
                    "primary": {
                        "id": "calitp-backups-sentry",
                        "attributes": {
                            "autoclass.#": "0",
                            "cors.#": "0",
                            "custom_placement_config.#": "0",
                            "default_event_based_hold": "false",
                            "effective_labels.%": "0",
                            "enable_object_retention": "false",
                            "encryption.#": "0",
                            "force_destroy": "false",
                            "hierarchical_namespace.#": "1",
                            "hierarchical_namespace.0.enabled": "false",
                            "id": "calitp-backups-sentry",
                            "labels.%": "0",
                            "lifecycle_rule.#": "0",
                            "location": "US-WEST2",
                            "logging.#": "0",
                            "name": "calitp-backups-sentry",
                            "project": "",
                            "project_number": "1005246706141",
                            "public_access_prevention": "enforced",
                            "requester_pays": "false",
                            "retention_policy.#": "0",
                            "self_link": "https://www.googleapis.com/storage/v1/b/calitp-backups-sentry",
                            "soft_delete_policy.#": "1",
                            "soft_delete_policy.0.effective_time": "2024-03-01T08:00:00.000Z",
                            "soft_delete_policy.0.retention_duration_seconds": "604800",
                            "storage_class": "STANDARD",
                            "terraform_labels.%": "0",
                            "uniform_bucket_level_access": "true",
                            "url": "gs://calitp-backups-sentry",
                            "versioning.#": "0",
                            "website.#": "0"
                        },
                        "meta": {
                            "schema_version": 3
                        },
                        "tainted": false
                    },
                    "deposed": [],
                    "provider": "provider.google"
                },
                "google_storage_bucket.tfer--calitp-backups-test": {
                    "type": "google_storage_bucket",
                    "depends_on": [],
                    "primary": {
                        "id": "calitp-backups-test",
                        "attributes": {
                            "autoclass.#": "0",
                            "cors.#": "0",
                            "custom_placement_config.#": "0",
                            "default_event_based_hold": "false",
                            "effective_labels.%": "0",
                            "enable_object_retention": "false",
                            "encryption.#": "0",
                            "force_destroy": "false",
                            "hierarchical_namespace.#": "1",
                            "hierarchical_namespace.0.enabled": "false",
                            "id": "calitp-backups-test",
                            "labels.%": "0",
                            "lifecycle_rule.#": "0",
                            "location": "US-WEST2",
                            "logging.#": "0",
                            "name": "calitp-backups-test",
                            "project": "",
                            "project_number": "1005246706141",
                            "public_access_prevention": "enforced",
                            "requester_pays": "false",
                            "retention_policy.#": "0",
                            "self_link": "https://www.googleapis.com/storage/v1/b/calitp-backups-test",
                            "soft_delete_policy.#": "1",
                            "soft_delete_policy.0.effective_time": "2024-03-01T08:00:00.000Z",
                            "soft_delete_policy.0.retention_duration_seconds": "604800",
                            "storage_class": "STANDARD",
                            "terraform_labels.%": "0",
                            "uniform_bucket_level_access": "true",
                            "url": "gs://calitp-backups-test",
                            "versioning.#": "0",
                            "website.#": "0"
                        },
                        "meta": {
                            "schema_version": 3
                        },
                        "tainted": false
                    },
                    "deposed": [],
                    "provider": "provider.google"
                },
                "google_storage_bucket.tfer--calitp-ci-artifacts": {
                    "type": "google_storage_bucket",
                    "depends_on": [],
                    "primary": {
                        "id": "calitp-ci-artifacts",
                        "attributes": {
                            "autoclass.#": "0",
                            "cors.#": "0",
                            "custom_placement_config.#": "0",
                            "default_event_based_hold": "false",
                            "effective_labels.%": "0",
                            "enable_object_retention": "false",
                            "encryption.#": "0",
                            "force_destroy": "false",
                            "hierarchical_namespace.#": "1",
                            "hierarchical_namespace.0.enabled": "false",
                            "id": "calitp-ci-artifacts",
                            "labels.%": "0",
                            "lifecycle_rule.#": "0",
                            "location": "US-WEST2",
                            "logging.#": "0",
                            "name": "calitp-ci-artifacts",
                            "project": "",
                            "project_number": "1005246706141",
                            "public_access_prevention": "enforced",
                            "requester_pays": "false",
                            "retention_policy.#": "0",
                            "self_link": "https://www.googleapis.com/storage/v1/b/calitp-ci-artifacts",
                            "soft_delete_policy.#": "1",
                            "soft_delete_policy.0.effective_time": "2024-03-01T08:00:00.000Z",
                            "soft_delete_policy.0.retention_duration_seconds": "604800",
                            "storage_class": "STANDARD",
                            "terraform_labels.%": "0",
                            "uniform_bucket_level_access": "true",
                            "url": "gs://calitp-ci-artifacts",
                            "versioning.#": "0",
                            "website.#": "0"
                        },
                        "meta": {
                            "schema_version": 3
                        },
                        "tainted": false
                    },
                    "deposed": [],
                    "provider": "provider.google"
                },
                "google_storage_bucket.tfer--calitp-dbt-artifacts": {
                    "type": "google_storage_bucket",
                    "depends_on": [],
                    "primary": {
                        "id": "calitp-dbt-artifacts",
                        "attributes": {
                            "autoclass.#": "0",
                            "cors.#": "0",
                            "custom_placement_config.#": "0",
                            "default_event_based_hold": "false",
                            "effective_labels.%": "0",
                            "enable_object_retention": "false",
                            "encryption.#": "0",
                            "force_destroy": "false",
                            "hierarchical_namespace.#": "1",
                            "hierarchical_namespace.0.enabled": "false",
                            "id": "calitp-dbt-artifacts",
                            "labels.%": "0",
                            "lifecycle_rule.#": "0",
                            "location": "US-WEST2",
                            "logging.#": "0",
                            "name": "calitp-dbt-artifacts",
                            "project": "",
                            "project_number": "1005246706141",
                            "public_access_prevention": "enforced",
                            "requester_pays": "false",
                            "retention_policy.#": "0",
                            "self_link": "https://www.googleapis.com/storage/v1/b/calitp-dbt-artifacts",
                            "soft_delete_policy.#": "1",
                            "soft_delete_policy.0.effective_time": "2024-03-01T08:00:00.000Z",
                            "soft_delete_policy.0.retention_duration_seconds": "604800",
                            "storage_class": "STANDARD",
                            "terraform_labels.%": "0",
                            "uniform_bucket_level_access": "true",
                            "url": "gs://calitp-dbt-artifacts",
                            "versioning.#": "0",
                            "website.#": "0"
                        },
                        "meta": {
                            "schema_version": 3
                        },
                        "tainted": false
                    },
                    "deposed": [],
                    "provider": "provider.google"
                },
                "google_storage_bucket.tfer--calitp-dbt-python-models": {
                    "type": "google_storage_bucket",
                    "depends_on": [],
                    "primary": {
                        "id": "calitp-dbt-python-models",
                        "attributes": {
                            "autoclass.#": "0",
                            "cors.#": "0",
                            "custom_placement_config.#": "0",
                            "default_event_based_hold": "false",
                            "effective_labels.%": "0",
                            "enable_object_retention": "false",
                            "encryption.#": "0",
                            "force_destroy": "false",
                            "hierarchical_namespace.#": "1",
                            "hierarchical_namespace.0.enabled": "false",
                            "id": "calitp-dbt-python-models",
                            "labels.%": "0",
                            "lifecycle_rule.#": "0",
                            "location": "US-WEST2",
                            "logging.#": "0",
                            "name": "calitp-dbt-python-models",
                            "project": "",
                            "project_number": "1005246706141",
                            "public_access_prevention": "enforced",
                            "requester_pays": "false",
                            "retention_policy.#": "0",
                            "self_link": "https://www.googleapis.com/storage/v1/b/calitp-dbt-python-models",
                            "soft_delete_policy.#": "1",
                            "soft_delete_policy.0.effective_time": "2024-03-01T08:00:00.000Z",
                            "soft_delete_policy.0.retention_duration_seconds": "604800",
                            "storage_class": "STANDARD",
                            "terraform_labels.%": "0",
                            "uniform_bucket_level_access": "true",
                            "url": "gs://calitp-dbt-python-models",
                            "versioning.#": "0",
                            "website.#": "0"
                        },
                        "meta": {
                            "schema_version": 3
                        },
                        "tainted": false
                    },
                    "deposed": [],
                    "provider": "provider.google"
                },
                "google_storage_bucket.tfer--calitp-elavon-parsed": {
                    "type": "google_storage_bucket",
                    "depends_on": [],
                    "primary": {
                        "id": "calitp-elavon-parsed",
                        "attributes": {
                            "autoclass.#": "0",
                            "cors.#": "0",
                            "custom_placement_config.#": "0",
                            "default_event_based_hold": "false",
                            "effective_labels.%": "0",
                            "enable_object_retention": "false",
                            "encryption.#": "0",
                            "force_destroy": "false",
                            "hierarchical_namespace.#": "1",
                            "hierarchical_namespace.0.enabled": "false",
                            "id": "calitp-elavon-parsed",
                            "labels.%": "0",
                            "lifecycle_rule.#": "0",
                            "location": "US-WEST2",
                            "logging.#": "0",
                            "name": "calitp-elavon-parsed",
                            "project": "",
                            "project_number": "1005246706141",
                            "public_access_prevention": "enforced",
                            "requester_pays": "false",
                            "retention_policy.#": "0",
                            "self_link": "https://www.googleapis.com/storage/v1/b/calitp-elavon-parsed",
                            "soft_delete_policy.#": "1",
                            "soft_delete_policy.0.effective_time": "2024-03-01T08:00:00.000Z",
                            "soft_delete_policy.0.retention_duration_seconds": "604800",
                            "storage_class": "STANDARD",
                            "terraform_labels.%": "0",
                            "uniform_bucket_level_access": "true",
                            "url": "gs://calitp-elavon-parsed",
                            "versioning.#": "0",
                            "website.#": "0"
                        },
                        "meta": {
                            "schema_version": 3
                        },
                        "tainted": false
                    },
                    "deposed": [],
                    "provider": "provider.google"
                },
                "google_storage_bucket.tfer--calitp-elavon-raw": {
                    "type": "google_storage_bucket",
                    "depends_on": [],
                    "primary": {
                        "id": "calitp-elavon-raw",
                        "attributes": {
                            "autoclass.#": "0",
                            "cors.#": "0",
                            "custom_placement_config.#": "0",
                            "default_event_based_hold": "false",
                            "effective_labels.%": "0",
                            "enable_object_retention": "false",
                            "encryption.#": "0",
                            "force_destroy": "false",
                            "hierarchical_namespace.#": "1",
                            "hierarchical_namespace.0.enabled": "false",
                            "id": "calitp-elavon-raw",
                            "labels.%": "0",
                            "lifecycle_rule.#": "0",
                            "location": "US-WEST2",
                            "logging.#": "0",
                            "name": "calitp-elavon-raw",
                            "project": "",
                            "project_number": "1005246706141",
                            "public_access_prevention": "enforced",
                            "requester_pays": "false",
                            "retention_policy.#": "0",
                            "self_link": "https://www.googleapis.com/storage/v1/b/calitp-elavon-raw",
                            "soft_delete_policy.#": "1",
                            "soft_delete_policy.0.effective_time": "2024-03-01T08:00:00.000Z",
                            "soft_delete_policy.0.retention_duration_seconds": "604800",
                            "storage_class": "STANDARD",
                            "terraform_labels.%": "0",
                            "uniform_bucket_level_access": "true",
                            "url": "gs://calitp-elavon-raw",
                            "versioning.#": "0",
                            "website.#": "0"
                        },
                        "meta": {
                            "schema_version": 3
                        },
                        "tainted": false
                    },
                    "deposed": [],
                    "provider": "provider.google"
                },
                "google_storage_bucket.tfer--calitp-gtfs-download-config": {
                    "type": "google_storage_bucket",
                    "depends_on": [],
                    "primary": {
                        "id": "calitp-gtfs-download-config",
                        "attributes": {
                            "autoclass.#": "0",
                            "cors.#": "0",
                            "custom_placement_config.#": "0",
                            "default_event_based_hold": "false",
                            "effective_labels.%": "0",
                            "enable_object_retention": "false",
                            "encryption.#": "0",
                            "force_destroy": "false",
                            "hierarchical_namespace.#": "1",
                            "hierarchical_namespace.0.enabled": "false",
                            "id": "calitp-gtfs-download-config",
                            "labels.%": "0",
                            "lifecycle_rule.#": "0",
                            "location": "US-WEST2",
                            "logging.#": "0",
                            "name": "calitp-gtfs-download-config",
                            "project": "",
                            "project_number": "1005246706141",
                            "public_access_prevention": "inherited",
                            "requester_pays": "false",
                            "retention_policy.#": "1",
                            "retention_policy.0.is_locked": "false",
                            "retention_policy.0.retention_period": "31557600",
                            "self_link": "https://www.googleapis.com/storage/v1/b/calitp-gtfs-download-config",
                            "soft_delete_policy.#": "1",
                            "soft_delete_policy.0.effective_time": "2024-03-01T08:00:00.000Z",
                            "soft_delete_policy.0.retention_duration_seconds": "604800",
                            "storage_class": "STANDARD",
                            "terraform_labels.%": "0",
                            "uniform_bucket_level_access": "true",
                            "url": "gs://calitp-gtfs-download-config",
                            "versioning.#": "0",
                            "website.#": "0"
                        },
                        "meta": {
                            "schema_version": 3
                        },
                        "tainted": false
                    },
                    "deposed": [],
                    "provider": "provider.google"
                },
                "google_storage_bucket.tfer--calitp-gtfs-rt-parsed": {
                    "type": "google_storage_bucket",
                    "depends_on": [],
                    "primary": {
                        "id": "calitp-gtfs-rt-parsed",
                        "attributes": {
                            "autoclass.#": "0",
                            "cors.#": "0",
                            "custom_placement_config.#": "0",
                            "default_event_based_hold": "false",
                            "effective_labels.%": "0",
                            "enable_object_retention": "false",
                            "encryption.#": "0",
                            "force_destroy": "false",
                            "hierarchical_namespace.#": "1",
                            "hierarchical_namespace.0.enabled": "false",
                            "id": "calitp-gtfs-rt-parsed",
                            "labels.%": "0",
                            "lifecycle_rule.#": "0",
                            "location": "US-WEST2",
                            "logging.#": "0",
                            "name": "calitp-gtfs-rt-parsed",
                            "project": "",
                            "project_number": "1005246706141",
                            "public_access_prevention": "inherited",
                            "requester_pays": "false",
                            "retention_policy.#": "0",
                            "self_link": "https://www.googleapis.com/storage/v1/b/calitp-gtfs-rt-parsed",
                            "soft_delete_policy.#": "1",
                            "soft_delete_policy.0.effective_time": "2024-03-01T08:00:00.000Z",
                            "soft_delete_policy.0.retention_duration_seconds": "604800",
                            "storage_class": "STANDARD",
                            "terraform_labels.%": "0",
                            "uniform_bucket_level_access": "true",
                            "url": "gs://calitp-gtfs-rt-parsed",
                            "versioning.#": "0",
                            "website.#": "0"
                        },
                        "meta": {
                            "schema_version": 3
                        },
                        "tainted": false
                    },
                    "deposed": [],
                    "provider": "provider.google"
                },
                "google_storage_bucket.tfer--calitp-gtfs-rt-raw-deprecated": {
                    "type": "google_storage_bucket",
                    "depends_on": [],
                    "primary": {
                        "id": "calitp-gtfs-rt-raw-deprecated",
                        "attributes": {
                            "autoclass.#": "0",
                            "cors.#": "0",
                            "custom_placement_config.#": "0",
                            "default_event_based_hold": "false",
                            "effective_labels.%": "1",
                            "effective_labels.deprecated": "true",
                            "enable_object_retention": "false",
                            "encryption.#": "0",
                            "force_destroy": "false",
                            "hierarchical_namespace.#": "1",
                            "hierarchical_namespace.0.enabled": "false",
                            "id": "calitp-gtfs-rt-raw-deprecated",
                            "labels.%": "0",
                            "lifecycle_rule.#": "0",
                            "location": "US-WEST2",
                            "logging.#": "0",
                            "name": "calitp-gtfs-rt-raw-deprecated",
                            "project": "",
                            "project_number": "1005246706141",
                            "public_access_prevention": "enforced",
                            "requester_pays": "false",
                            "retention_policy.#": "0",
                            "self_link": "https://www.googleapis.com/storage/v1/b/calitp-gtfs-rt-raw-deprecated",
                            "soft_delete_policy.#": "1",
                            "soft_delete_policy.0.effective_time": "2024-03-01T08:00:00.000Z",
                            "soft_delete_policy.0.retention_duration_seconds": "604800",
                            "storage_class": "ARCHIVE",
                            "terraform_labels.%": "0",
                            "uniform_bucket_level_access": "true",
                            "url": "gs://calitp-gtfs-rt-raw-deprecated",
                            "versioning.#": "0",
                            "website.#": "0"
                        },
                        "meta": {
                            "schema_version": 3
                        },
                        "tainted": false
                    },
                    "deposed": [],
                    "provider": "provider.google"
                },
                "google_storage_bucket.tfer--calitp-gtfs-rt-raw-v2": {
                    "type": "google_storage_bucket",
                    "depends_on": [],
                    "primary": {
                        "id": "calitp-gtfs-rt-raw-v2",
                        "attributes": {
                            "autoclass.#": "0",
                            "cors.#": "0",
                            "custom_placement_config.#": "0",
                            "default_event_based_hold": "false",
                            "effective_labels.%": "0",
                            "enable_object_retention": "false",
                            "encryption.#": "0",
                            "force_destroy": "false",
                            "hierarchical_namespace.#": "1",
                            "hierarchical_namespace.0.enabled": "false",
                            "id": "calitp-gtfs-rt-raw-v2",
                            "labels.%": "0",
                            "lifecycle_rule.#": "0",
                            "location": "US-WEST2",
                            "logging.#": "0",
                            "name": "calitp-gtfs-rt-raw-v2",
                            "project": "",
                            "project_number": "1005246706141",
                            "public_access_prevention": "inherited",
                            "requester_pays": "false",
                            "retention_policy.#": "1",
                            "retention_policy.0.is_locked": "false",
                            "retention_policy.0.retention_period": "31557600",
                            "self_link": "https://www.googleapis.com/storage/v1/b/calitp-gtfs-rt-raw-v2",
                            "soft_delete_policy.#": "1",
                            "soft_delete_policy.0.effective_time": "2024-03-01T08:00:00.000Z",
                            "soft_delete_policy.0.retention_duration_seconds": "604800",
                            "storage_class": "STANDARD",
                            "terraform_labels.%": "0",
                            "uniform_bucket_level_access": "true",
                            "url": "gs://calitp-gtfs-rt-raw-v2",
                            "versioning.#": "0",
                            "website.#": "0"
                        },
                        "meta": {
                            "schema_version": 3
                        },
                        "tainted": false
                    },
                    "deposed": [],
                    "provider": "provider.google"
                },
                "google_storage_bucket.tfer--calitp-gtfs-rt-validation": {
                    "type": "google_storage_bucket",
                    "depends_on": [],
                    "primary": {
                        "id": "calitp-gtfs-rt-validation",
                        "attributes": {
                            "autoclass.#": "0",
                            "cors.#": "0",
                            "custom_placement_config.#": "0",
                            "default_event_based_hold": "false",
                            "effective_labels.%": "0",
                            "enable_object_retention": "false",
                            "encryption.#": "0",
                            "force_destroy": "false",
                            "hierarchical_namespace.#": "1",
                            "hierarchical_namespace.0.enabled": "false",
                            "id": "calitp-gtfs-rt-validation",
                            "labels.%": "0",
                            "lifecycle_rule.#": "0",
                            "location": "US-WEST2",
                            "logging.#": "0",
                            "name": "calitp-gtfs-rt-validation",
                            "project": "",
                            "project_number": "1005246706141",
                            "public_access_prevention": "inherited",
                            "requester_pays": "false",
                            "retention_policy.#": "0",
                            "self_link": "https://www.googleapis.com/storage/v1/b/calitp-gtfs-rt-validation",
                            "soft_delete_policy.#": "1",
                            "soft_delete_policy.0.effective_time": "2024-03-01T08:00:00.000Z",
                            "soft_delete_policy.0.retention_duration_seconds": "604800",
                            "storage_class": "STANDARD",
                            "terraform_labels.%": "0",
                            "uniform_bucket_level_access": "true",
                            "url": "gs://calitp-gtfs-rt-validation",
                            "versioning.#": "0",
                            "website.#": "0"
                        },
                        "meta": {
                            "schema_version": 3
                        },
                        "tainted": false
                    },
                    "deposed": [],
                    "provider": "provider.google"
                },
                "google_storage_bucket.tfer--calitp-gtfs-schedule-parsed": {
                    "type": "google_storage_bucket",
                    "depends_on": [],
                    "primary": {
                        "id": "calitp-gtfs-schedule-parsed",
                        "attributes": {
                            "autoclass.#": "0",
                            "cors.#": "0",
                            "custom_placement_config.#": "0",
                            "default_event_based_hold": "false",
                            "effective_labels.%": "0",
                            "enable_object_retention": "false",
                            "encryption.#": "0",
                            "force_destroy": "false",
                            "hierarchical_namespace.#": "1",
                            "hierarchical_namespace.0.enabled": "false",
                            "id": "calitp-gtfs-schedule-parsed",
                            "labels.%": "0",
                            "lifecycle_rule.#": "0",
                            "location": "US-WEST2",
                            "logging.#": "0",
                            "name": "calitp-gtfs-schedule-parsed",
                            "project": "",
                            "project_number": "1005246706141",
                            "public_access_prevention": "inherited",
                            "requester_pays": "false",
                            "retention_policy.#": "0",
                            "self_link": "https://www.googleapis.com/storage/v1/b/calitp-gtfs-schedule-parsed",
                            "soft_delete_policy.#": "1",
                            "soft_delete_policy.0.effective_time": "2024-03-01T08:00:00.000Z",
                            "soft_delete_policy.0.retention_duration_seconds": "604800",
                            "storage_class": "STANDARD",
                            "terraform_labels.%": "0",
                            "uniform_bucket_level_access": "true",
                            "url": "gs://calitp-gtfs-schedule-parsed",
                            "versioning.#": "0",
                            "website.#": "0"
                        },
                        "meta": {
                            "schema_version": 3
                        },
                        "tainted": false
                    },
                    "deposed": [],
                    "provider": "provider.google"
                },
                "google_storage_bucket.tfer--calitp-gtfs-schedule-parsed-hourly": {
                    "type": "google_storage_bucket",
                    "depends_on": [],
                    "primary": {
                        "id": "calitp-gtfs-schedule-parsed-hourly",
                        "attributes": {
                            "autoclass.#": "0",
                            "cors.#": "0",
                            "custom_placement_config.#": "0",
                            "default_event_based_hold": "false",
                            "effective_labels.%": "0",
                            "enable_object_retention": "false",
                            "encryption.#": "0",
                            "force_destroy": "false",
                            "hierarchical_namespace.#": "1",
                            "hierarchical_namespace.0.enabled": "false",
                            "id": "calitp-gtfs-schedule-parsed-hourly",
                            "labels.%": "0",
                            "lifecycle_rule.#": "0",
                            "location": "US-WEST2",
                            "logging.#": "0",
                            "name": "calitp-gtfs-schedule-parsed-hourly",
                            "project": "",
                            "project_number": "1005246706141",
                            "public_access_prevention": "enforced",
                            "requester_pays": "false",
                            "retention_policy.#": "0",
                            "self_link": "https://www.googleapis.com/storage/v1/b/calitp-gtfs-schedule-parsed-hourly",
                            "soft_delete_policy.#": "1",
                            "soft_delete_policy.0.effective_time": "2024-03-01T08:00:00.000Z",
                            "soft_delete_policy.0.retention_duration_seconds": "604800",
                            "storage_class": "STANDARD",
                            "terraform_labels.%": "0",
                            "uniform_bucket_level_access": "true",
                            "url": "gs://calitp-gtfs-schedule-parsed-hourly",
                            "versioning.#": "0",
                            "website.#": "0"
                        },
                        "meta": {
                            "schema_version": 3
                        },
                        "tainted": false
                    },
                    "deposed": [],
                    "provider": "provider.google"
                },
                "google_storage_bucket.tfer--calitp-gtfs-schedule-raw-v2": {
                    "type": "google_storage_bucket",
                    "depends_on": [],
                    "primary": {
                        "id": "calitp-gtfs-schedule-raw-v2",
                        "attributes": {
                            "autoclass.#": "0",
                            "cors.#": "0",
                            "custom_placement_config.#": "0",
                            "default_event_based_hold": "false",
                            "effective_labels.%": "0",
                            "enable_object_retention": "false",
                            "encryption.#": "0",
                            "force_destroy": "false",
                            "hierarchical_namespace.#": "1",
                            "hierarchical_namespace.0.enabled": "false",
                            "id": "calitp-gtfs-schedule-raw-v2",
                            "labels.%": "0",
                            "lifecycle_rule.#": "0",
                            "location": "US-WEST2",
                            "logging.#": "0",
                            "name": "calitp-gtfs-schedule-raw-v2",
                            "project": "",
                            "project_number": "1005246706141",
                            "public_access_prevention": "inherited",
                            "requester_pays": "false",
                            "retention_policy.#": "1",
                            "retention_policy.0.is_locked": "false",
                            "retention_policy.0.retention_period": "31557600",
                            "self_link": "https://www.googleapis.com/storage/v1/b/calitp-gtfs-schedule-raw-v2",
                            "soft_delete_policy.#": "1",
                            "soft_delete_policy.0.effective_time": "2024-03-01T08:00:00.000Z",
                            "soft_delete_policy.0.retention_duration_seconds": "604800",
                            "storage_class": "STANDARD",
                            "terraform_labels.%": "0",
                            "uniform_bucket_level_access": "true",
                            "url": "gs://calitp-gtfs-schedule-raw-v2",
                            "versioning.#": "0",
                            "website.#": "0"
                        },
                        "meta": {
                            "schema_version": 3
                        },
                        "tainted": false
                    },
                    "deposed": [],
                    "provider": "provider.google"
                },
                "google_storage_bucket.tfer--calitp-gtfs-schedule-unzipped": {
                    "type": "google_storage_bucket",
                    "depends_on": [],
                    "primary": {
                        "id": "calitp-gtfs-schedule-unzipped",
                        "attributes": {
                            "autoclass.#": "0",
                            "cors.#": "0",
                            "custom_placement_config.#": "0",
                            "default_event_based_hold": "false",
                            "effective_labels.%": "0",
                            "enable_object_retention": "false",
                            "encryption.#": "0",
                            "force_destroy": "false",
                            "hierarchical_namespace.#": "1",
                            "hierarchical_namespace.0.enabled": "false",
                            "id": "calitp-gtfs-schedule-unzipped",
                            "labels.%": "0",
                            "lifecycle_rule.#": "0",
                            "location": "US-WEST2",
                            "logging.#": "0",
                            "name": "calitp-gtfs-schedule-unzipped",
                            "project": "",
                            "project_number": "1005246706141",
                            "public_access_prevention": "inherited",
                            "requester_pays": "false",
                            "retention_policy.#": "0",
                            "self_link": "https://www.googleapis.com/storage/v1/b/calitp-gtfs-schedule-unzipped",
                            "soft_delete_policy.#": "1",
                            "soft_delete_policy.0.effective_time": "2024-03-01T08:00:00.000Z",
                            "soft_delete_policy.0.retention_duration_seconds": "604800",
                            "storage_class": "STANDARD",
                            "terraform_labels.%": "0",
                            "uniform_bucket_level_access": "true",
                            "url": "gs://calitp-gtfs-schedule-unzipped",
                            "versioning.#": "0",
                            "website.#": "0"
                        },
                        "meta": {
                            "schema_version": 3
                        },
                        "tainted": false
                    },
                    "deposed": [],
                    "provider": "provider.google"
                },
                "google_storage_bucket.tfer--calitp-gtfs-schedule-unzipped-hourly": {
                    "type": "google_storage_bucket",
                    "depends_on": [],
                    "primary": {
                        "id": "calitp-gtfs-schedule-unzipped-hourly",
                        "attributes": {
                            "autoclass.#": "0",
                            "cors.#": "0",
                            "custom_placement_config.#": "0",
                            "default_event_based_hold": "false",
                            "effective_labels.%": "0",
                            "enable_object_retention": "false",
                            "encryption.#": "0",
                            "force_destroy": "false",
                            "hierarchical_namespace.#": "1",
                            "hierarchical_namespace.0.enabled": "false",
                            "id": "calitp-gtfs-schedule-unzipped-hourly",
                            "labels.%": "0",
                            "lifecycle_rule.#": "0",
                            "location": "US-WEST2",
                            "logging.#": "0",
                            "name": "calitp-gtfs-schedule-unzipped-hourly",
                            "project": "",
                            "project_number": "1005246706141",
                            "public_access_prevention": "enforced",
                            "requester_pays": "false",
                            "retention_policy.#": "0",
                            "self_link": "https://www.googleapis.com/storage/v1/b/calitp-gtfs-schedule-unzipped-hourly",
                            "soft_delete_policy.#": "1",
                            "soft_delete_policy.0.effective_time": "2024-03-01T08:00:00.000Z",
                            "soft_delete_policy.0.retention_duration_seconds": "604800",
                            "storage_class": "STANDARD",
                            "terraform_labels.%": "0",
                            "uniform_bucket_level_access": "true",
                            "url": "gs://calitp-gtfs-schedule-unzipped-hourly",
                            "versioning.#": "0",
                            "website.#": "0"
                        },
                        "meta": {
                            "schema_version": 3
                        },
                        "tainted": false
                    },
                    "deposed": [],
                    "provider": "provider.google"
                },
                "google_storage_bucket.tfer--calitp-gtfs-schedule-validation": {
                    "type": "google_storage_bucket",
                    "depends_on": [],
                    "primary": {
                        "id": "calitp-gtfs-schedule-validation",
                        "attributes": {
                            "autoclass.#": "0",
                            "cors.#": "0",
                            "custom_placement_config.#": "0",
                            "default_event_based_hold": "false",
                            "effective_labels.%": "0",
                            "enable_object_retention": "false",
                            "encryption.#": "0",
                            "force_destroy": "false",
                            "hierarchical_namespace.#": "1",
                            "hierarchical_namespace.0.enabled": "false",
                            "id": "calitp-gtfs-schedule-validation",
                            "labels.%": "0",
                            "lifecycle_rule.#": "0",
                            "location": "US-WEST2",
                            "logging.#": "0",
                            "name": "calitp-gtfs-schedule-validation",
                            "project": "",
                            "project_number": "1005246706141",
                            "public_access_prevention": "inherited",
                            "requester_pays": "false",
                            "retention_policy.#": "0",
                            "self_link": "https://www.googleapis.com/storage/v1/b/calitp-gtfs-schedule-validation",
                            "soft_delete_policy.#": "1",
                            "soft_delete_policy.0.effective_time": "2024-03-01T08:00:00.000Z",
                            "soft_delete_policy.0.retention_duration_seconds": "604800",
                            "storage_class": "STANDARD",
                            "terraform_labels.%": "0",
                            "uniform_bucket_level_access": "true",
                            "url": "gs://calitp-gtfs-schedule-validation",
                            "versioning.#": "0",
                            "website.#": "0"
                        },
                        "meta": {
                            "schema_version": 3
                        },
                        "tainted": false
                    },
                    "deposed": [],
                    "provider": "provider.google"
                },
                "google_storage_bucket.tfer--calitp-gtfs-schedule-validation-hourly": {
                    "type": "google_storage_bucket",
                    "depends_on": [],
                    "primary": {
                        "id": "calitp-gtfs-schedule-validation-hourly",
                        "attributes": {
                            "autoclass.#": "0",
                            "cors.#": "0",
                            "custom_placement_config.#": "0",
                            "default_event_based_hold": "false",
                            "effective_labels.%": "0",
                            "enable_object_retention": "false",
                            "encryption.#": "0",
                            "force_destroy": "false",
                            "hierarchical_namespace.#": "1",
                            "hierarchical_namespace.0.enabled": "false",
                            "id": "calitp-gtfs-schedule-validation-hourly",
                            "labels.%": "0",
                            "lifecycle_rule.#": "0",
                            "location": "US-WEST2",
                            "logging.#": "0",
                            "name": "calitp-gtfs-schedule-validation-hourly",
                            "project": "",
                            "project_number": "1005246706141",
                            "public_access_prevention": "enforced",
                            "requester_pays": "false",
                            "retention_policy.#": "0",
                            "self_link": "https://www.googleapis.com/storage/v1/b/calitp-gtfs-schedule-validation-hourly",
                            "soft_delete_policy.#": "1",
                            "soft_delete_policy.0.effective_time": "2024-03-01T08:00:00.000Z",
                            "soft_delete_policy.0.retention_duration_seconds": "604800",
                            "storage_class": "STANDARD",
                            "terraform_labels.%": "0",
                            "uniform_bucket_level_access": "true",
                            "url": "gs://calitp-gtfs-schedule-validation-hourly",
                            "versioning.#": "0",
                            "website.#": "0"
                        },
                        "meta": {
                            "schema_version": 3
                        },
                        "tainted": false
                    },
                    "deposed": [],
                    "provider": "provider.google"
                },
                "google_storage_bucket.tfer--calitp-jamesl-gcp-components-tfstate": {
                    "type": "google_storage_bucket",
                    "depends_on": [],
                    "primary": {
                        "id": "calitp-jamesl-gcp-components-tfstate",
                        "attributes": {
                            "autoclass.#": "0",
                            "cors.#": "0",
                            "custom_placement_config.#": "0",
                            "default_event_based_hold": "false",
                            "effective_labels.%": "0",
                            "enable_object_retention": "false",
                            "encryption.#": "0",
                            "force_destroy": "false",
                            "hierarchical_namespace.#": "1",
                            "hierarchical_namespace.0.enabled": "false",
                            "id": "calitp-jamesl-gcp-components-tfstate",
                            "labels.%": "0",
                            "lifecycle_rule.#": "0",
                            "location": "US-WEST1",
                            "logging.#": "0",
                            "name": "calitp-jamesl-gcp-components-tfstate",
                            "project": "",
                            "project_number": "1005246706141",
                            "public_access_prevention": "enforced",
                            "requester_pays": "false",
                            "retention_policy.#": "0",
                            "self_link": "https://www.googleapis.com/storage/v1/b/calitp-jamesl-gcp-components-tfstate",
                            "soft_delete_policy.#": "1",
                            "soft_delete_policy.0.effective_time": "2024-03-01T08:00:00.000Z",
                            "soft_delete_policy.0.retention_duration_seconds": "604800",
                            "storage_class": "STANDARD",
                            "terraform_labels.%": "0",
                            "uniform_bucket_level_access": "true",
                            "url": "gs://calitp-jamesl-gcp-components-tfstate",
                            "versioning.#": "0",
                            "website.#": "0"
                        },
                        "meta": {
                            "schema_version": 3
                        },
                        "tainted": false
                    },
                    "deposed": [],
                    "provider": "provider.google"
                },
                "google_storage_bucket.tfer--calitp-map-tiles": {
                    "type": "google_storage_bucket",
                    "depends_on": [],
                    "primary": {
                        "id": "calitp-map-tiles",
                        "attributes": {
                            "autoclass.#": "0",
                            "cors.#": "1",
                            "cors.0.max_age_seconds": "300",
                            "cors.0.method.#": "2",
                            "cors.0.method.0": "GET",
                            "cors.0.method.1": "HEAD",
                            "cors.0.origin.#": "1",
                            "cors.0.origin.0": "*",
                            "cors.0.response_header.#": "2",
                            "cors.0.response_header.0": "range",
                            "cors.0.response_header.1": "etag",
                            "custom_placement_config.#": "0",
                            "default_event_based_hold": "false",
                            "effective_labels.%": "0",
                            "enable_object_retention": "false",
                            "encryption.#": "0",
                            "force_destroy": "false",
                            "hierarchical_namespace.#": "1",
                            "hierarchical_namespace.0.enabled": "false",
                            "id": "calitp-map-tiles",
                            "labels.%": "0",
                            "lifecycle_rule.#": "0",
                            "location": "US-WEST2",
                            "logging.#": "0",
                            "name": "calitp-map-tiles",
                            "project": "",
                            "project_number": "1005246706141",
                            "public_access_prevention": "inherited",
                            "requester_pays": "false",
                            "retention_policy.#": "0",
                            "self_link": "https://www.googleapis.com/storage/v1/b/calitp-map-tiles",
                            "soft_delete_policy.#": "1",
                            "soft_delete_policy.0.effective_time": "2024-03-01T08:00:00.000Z",
                            "soft_delete_policy.0.retention_duration_seconds": "604800",
                            "storage_class": "STANDARD",
                            "terraform_labels.%": "0",
                            "uniform_bucket_level_access": "true",
                            "url": "gs://calitp-map-tiles",
                            "versioning.#": "0",
                            "website.#": "0"
                        },
                        "meta": {
                            "schema_version": 3
                        },
                        "tainted": false
                    },
                    "deposed": [],
                    "provider": "provider.google"
                },
                "google_storage_bucket.tfer--calitp-metabase-data-public": {
                    "type": "google_storage_bucket",
                    "depends_on": [],
                    "primary": {
                        "id": "calitp-metabase-data-public",
                        "attributes": {
                            "autoclass.#": "0",
                            "cors.#": "0",
                            "custom_placement_config.#": "0",
                            "default_event_based_hold": "false",
                            "effective_labels.%": "0",
                            "enable_object_retention": "false",
                            "encryption.#": "0",
                            "force_destroy": "false",
                            "hierarchical_namespace.#": "1",
                            "hierarchical_namespace.0.enabled": "false",
                            "id": "calitp-metabase-data-public",
                            "labels.%": "0",
                            "lifecycle_rule.#": "0",
                            "location": "US-WEST2",
                            "logging.#": "0",
                            "name": "calitp-metabase-data-public",
                            "project": "",
                            "project_number": "1005246706141",
                            "public_access_prevention": "inherited",
                            "requester_pays": "false",
                            "retention_policy.#": "0",
                            "self_link": "https://www.googleapis.com/storage/v1/b/calitp-metabase-data-public",
                            "soft_delete_policy.#": "1",
                            "soft_delete_policy.0.effective_time": "2024-05-28T17:47:14.114Z",
                            "soft_delete_policy.0.retention_duration_seconds": "604800",
                            "storage_class": "STANDARD",
                            "terraform_labels.%": "0",
                            "uniform_bucket_level_access": "false",
                            "url": "gs://calitp-metabase-data-public",
                            "versioning.#": "0",
                            "website.#": "0"
                        },
                        "meta": {
                            "schema_version": 3
                        },
                        "tainted": false
                    },
                    "deposed": [],
                    "provider": "provider.google"
                },
                "google_storage_bucket.tfer--calitp-ntd-api-products": {
                    "type": "google_storage_bucket",
                    "depends_on": [],
                    "primary": {
                        "id": "calitp-ntd-api-products",
                        "attributes": {
                            "autoclass.#": "0",
                            "cors.#": "0",
                            "custom_placement_config.#": "0",
                            "default_event_based_hold": "false",
                            "effective_labels.%": "0",
                            "enable_object_retention": "false",
                            "encryption.#": "0",
                            "force_destroy": "false",
                            "hierarchical_namespace.#": "1",
                            "hierarchical_namespace.0.enabled": "false",
                            "id": "calitp-ntd-api-products",
                            "labels.%": "0",
                            "lifecycle_rule.#": "0",
                            "location": "US",
                            "logging.#": "0",
                            "name": "calitp-ntd-api-products",
                            "project": "",
                            "project_number": "1005246706141",
                            "public_access_prevention": "enforced",
                            "requester_pays": "false",
                            "retention_policy.#": "0",
                            "rpo": "DEFAULT",
                            "self_link": "https://www.googleapis.com/storage/v1/b/calitp-ntd-api-products",
                            "soft_delete_policy.#": "1",
                            "soft_delete_policy.0.effective_time": "2024-08-19T20:42:26.108Z",
                            "soft_delete_policy.0.retention_duration_seconds": "604800",
                            "storage_class": "STANDARD",
                            "terraform_labels.%": "0",
                            "uniform_bucket_level_access": "true",
                            "url": "gs://calitp-ntd-api-products",
                            "versioning.#": "0",
                            "website.#": "0"
                        },
                        "meta": {
                            "schema_version": 3
                        },
                        "tainted": false
                    },
                    "deposed": [],
                    "provider": "provider.google"
                },
                "google_storage_bucket.tfer--calitp-ntd-data-products": {
                    "type": "google_storage_bucket",
                    "depends_on": [],
                    "primary": {
                        "id": "calitp-ntd-data-products",
                        "attributes": {
                            "autoclass.#": "0",
                            "cors.#": "0",
                            "custom_placement_config.#": "0",
                            "default_event_based_hold": "false",
                            "effective_labels.%": "0",
                            "enable_object_retention": "false",
                            "encryption.#": "0",
                            "force_destroy": "false",
                            "hierarchical_namespace.#": "1",
                            "hierarchical_namespace.0.enabled": "false",
                            "id": "calitp-ntd-data-products",
                            "labels.%": "0",
                            "lifecycle_rule.#": "0",
                            "location": "US-WEST2",
                            "logging.#": "0",
                            "name": "calitp-ntd-data-products",
                            "project": "",
                            "project_number": "1005246706141",
                            "public_access_prevention": "enforced",
                            "requester_pays": "false",
                            "retention_policy.#": "1",
                            "retention_policy.0.is_locked": "false",
                            "retention_policy.0.retention_period": "31557600",
                            "self_link": "https://www.googleapis.com/storage/v1/b/calitp-ntd-data-products",
                            "soft_delete_policy.#": "1",
                            "soft_delete_policy.0.effective_time": "2024-03-01T08:00:00.000Z",
                            "soft_delete_policy.0.retention_duration_seconds": "604800",
                            "storage_class": "STANDARD",
                            "terraform_labels.%": "0",
                            "uniform_bucket_level_access": "true",
                            "url": "gs://calitp-ntd-data-products",
                            "versioning.#": "0",
                            "website.#": "0"
                        },
                        "meta": {
                            "schema_version": 3
                        },
                        "tainted": false
                    },
                    "deposed": [],
                    "provider": "provider.google"
                },
                "google_storage_bucket.tfer--calitp-ntd-report-validation": {
                    "type": "google_storage_bucket",
                    "depends_on": [],
                    "primary": {
                        "id": "calitp-ntd-report-validation",
                        "attributes": {
                            "autoclass.#": "0",
                            "cors.#": "0",
                            "custom_placement_config.#": "0",
                            "default_event_based_hold": "false",
                            "effective_labels.%": "0",
                            "enable_object_retention": "false",
                            "encryption.#": "0",
                            "force_destroy": "false",
                            "hierarchical_namespace.#": "1",
                            "hierarchical_namespace.0.enabled": "false",
                            "id": "calitp-ntd-report-validation",
                            "labels.%": "0",
                            "lifecycle_rule.#": "0",
                            "location": "US-WEST2",
                            "logging.#": "0",
                            "name": "calitp-ntd-report-validation",
                            "project": "",
                            "project_number": "1005246706141",
                            "public_access_prevention": "enforced",
                            "requester_pays": "false",
                            "retention_policy.#": "0",
                            "self_link": "https://www.googleapis.com/storage/v1/b/calitp-ntd-report-validation",
                            "soft_delete_policy.#": "1",
                            "soft_delete_policy.0.effective_time": "2024-03-01T08:00:00.000Z",
                            "soft_delete_policy.0.retention_duration_seconds": "604800",
                            "storage_class": "STANDARD",
                            "terraform_labels.%": "0",
                            "uniform_bucket_level_access": "true",
                            "url": "gs://calitp-ntd-report-validation",
                            "versioning.#": "0",
                            "website.#": "0"
                        },
                        "meta": {
                            "schema_version": 3
                        },
                        "tainted": false
                    },
                    "deposed": [],
                    "provider": "provider.google"
                },
                "google_storage_bucket.tfer--calitp-ntd-xlsx-products-clean": {
                    "type": "google_storage_bucket",
                    "depends_on": [],
                    "primary": {
                        "id": "calitp-ntd-xlsx-products-clean",
                        "attributes": {
                            "autoclass.#": "0",
                            "cors.#": "0",
                            "custom_placement_config.#": "0",
                            "default_event_based_hold": "false",
                            "effective_labels.%": "0",
                            "enable_object_retention": "false",
                            "encryption.#": "0",
                            "force_destroy": "false",
                            "hierarchical_namespace.#": "1",
                            "hierarchical_namespace.0.enabled": "false",
                            "id": "calitp-ntd-xlsx-products-clean",
                            "labels.%": "0",
                            "lifecycle_rule.#": "0",
                            "location": "US",
                            "logging.#": "0",
                            "name": "calitp-ntd-xlsx-products-clean",
                            "project": "",
                            "project_number": "1005246706141",
                            "public_access_prevention": "enforced",
                            "requester_pays": "false",
                            "retention_policy.#": "0",
                            "rpo": "DEFAULT",
                            "self_link": "https://www.googleapis.com/storage/v1/b/calitp-ntd-xlsx-products-clean",
                            "soft_delete_policy.#": "1",
                            "soft_delete_policy.0.effective_time": "2024-09-03T14:26:54.763Z",
                            "soft_delete_policy.0.retention_duration_seconds": "604800",
                            "storage_class": "STANDARD",
                            "terraform_labels.%": "0",
                            "uniform_bucket_level_access": "true",
                            "url": "gs://calitp-ntd-xlsx-products-clean",
                            "versioning.#": "0",
                            "website.#": "0"
                        },
                        "meta": {
                            "schema_version": 3
                        },
                        "tainted": false
                    },
                    "deposed": [],
                    "provider": "provider.google"
                },
                "google_storage_bucket.tfer--calitp-ntd-xlsx-products-raw": {
                    "type": "google_storage_bucket",
                    "depends_on": [],
                    "primary": {
                        "id": "calitp-ntd-xlsx-products-raw",
                        "attributes": {
                            "autoclass.#": "0",
                            "cors.#": "0",
                            "custom_placement_config.#": "0",
                            "default_event_based_hold": "false",
                            "effective_labels.%": "0",
                            "enable_object_retention": "false",
                            "encryption.#": "0",
                            "force_destroy": "false",
                            "hierarchical_namespace.#": "1",
                            "hierarchical_namespace.0.enabled": "false",
                            "id": "calitp-ntd-xlsx-products-raw",
                            "labels.%": "0",
                            "lifecycle_rule.#": "0",
                            "location": "US",
                            "logging.#": "0",
                            "name": "calitp-ntd-xlsx-products-raw",
                            "project": "",
                            "project_number": "1005246706141",
                            "public_access_prevention": "enforced",
                            "requester_pays": "false",
                            "retention_policy.#": "0",
                            "rpo": "DEFAULT",
                            "self_link": "https://www.googleapis.com/storage/v1/b/calitp-ntd-xlsx-products-raw",
                            "soft_delete_policy.#": "1",
                            "soft_delete_policy.0.effective_time": "2024-09-03T14:26:29.956Z",
                            "soft_delete_policy.0.retention_duration_seconds": "604800",
                            "storage_class": "STANDARD",
                            "terraform_labels.%": "0",
                            "uniform_bucket_level_access": "true",
                            "url": "gs://calitp-ntd-xlsx-products-raw",
                            "versioning.#": "0",
                            "website.#": "0"
                        },
                        "meta": {
                            "schema_version": 3
                        },
                        "tainted": false
                    },
                    "deposed": [],
                    "provider": "provider.google"
                },
                "google_storage_bucket.tfer--calitp-payments-littlepay-parsed": {
                    "type": "google_storage_bucket",
                    "depends_on": [],
                    "primary": {
                        "id": "calitp-payments-littlepay-parsed",
                        "attributes": {
                            "autoclass.#": "0",
                            "cors.#": "0",
                            "custom_placement_config.#": "0",
                            "default_event_based_hold": "false",
                            "effective_labels.%": "0",
                            "enable_object_retention": "false",
                            "encryption.#": "0",
                            "force_destroy": "false",
                            "hierarchical_namespace.#": "1",
                            "hierarchical_namespace.0.enabled": "false",
                            "id": "calitp-payments-littlepay-parsed",
                            "labels.%": "0",
                            "lifecycle_rule.#": "0",
                            "location": "US-WEST2",
                            "logging.#": "0",
                            "name": "calitp-payments-littlepay-parsed",
                            "project": "",
                            "project_number": "1005246706141",
                            "public_access_prevention": "enforced",
                            "requester_pays": "false",
                            "retention_policy.#": "0",
                            "self_link": "https://www.googleapis.com/storage/v1/b/calitp-payments-littlepay-parsed",
                            "soft_delete_policy.#": "1",
                            "soft_delete_policy.0.effective_time": "2024-03-01T08:00:00.000Z",
                            "soft_delete_policy.0.retention_duration_seconds": "604800",
                            "storage_class": "STANDARD",
                            "terraform_labels.%": "0",
                            "uniform_bucket_level_access": "true",
                            "url": "gs://calitp-payments-littlepay-parsed",
                            "versioning.#": "0",
                            "website.#": "0"
                        },
                        "meta": {
                            "schema_version": 3
                        },
                        "tainted": false
                    },
                    "deposed": [],
                    "provider": "provider.google"
                },
                "google_storage_bucket.tfer--calitp-payments-littlepay-raw": {
                    "type": "google_storage_bucket",
                    "depends_on": [],
                    "primary": {
                        "id": "calitp-payments-littlepay-raw",
                        "attributes": {
                            "autoclass.#": "0",
                            "cors.#": "0",
                            "custom_placement_config.#": "0",
                            "default_event_based_hold": "false",
                            "effective_labels.%": "0",
                            "enable_object_retention": "false",
                            "encryption.#": "0",
                            "force_destroy": "false",
                            "hierarchical_namespace.#": "1",
                            "hierarchical_namespace.0.enabled": "false",
                            "id": "calitp-payments-littlepay-raw",
                            "labels.%": "0",
                            "lifecycle_rule.#": "0",
                            "location": "US-WEST2",
                            "logging.#": "0",
                            "name": "calitp-payments-littlepay-raw",
                            "project": "",
                            "project_number": "1005246706141",
                            "public_access_prevention": "enforced",
                            "requester_pays": "false",
                            "retention_policy.#": "1",
                            "retention_policy.0.is_locked": "false",
                            "retention_policy.0.retention_period": "31557600",
                            "self_link": "https://www.googleapis.com/storage/v1/b/calitp-payments-littlepay-raw",
                            "soft_delete_policy.#": "1",
                            "soft_delete_policy.0.effective_time": "2024-03-01T08:00:00.000Z",
                            "soft_delete_policy.0.retention_duration_seconds": "604800",
                            "storage_class": "STANDARD",
                            "terraform_labels.%": "0",
                            "uniform_bucket_level_access": "true",
                            "url": "gs://calitp-payments-littlepay-raw",
                            "versioning.#": "0",
                            "website.#": "0"
                        },
                        "meta": {
                            "schema_version": 3
                        },
                        "tainted": false
                    },
                    "deposed": [],
                    "provider": "provider.google"
                },
                "google_storage_bucket.tfer--calitp-prod-gcp-components-tfstate": {
                    "type": "google_storage_bucket",
                    "depends_on": [],
                    "primary": {
                        "id": "calitp-prod-gcp-components-tfstate",
                        "attributes": {
                            "autoclass.#": "0",
                            "cors.#": "0",
                            "custom_placement_config.#": "0",
                            "default_event_based_hold": "false",
                            "effective_labels.%": "0",
                            "enable_object_retention": "false",
                            "encryption.#": "0",
                            "force_destroy": "false",
                            "hierarchical_namespace.#": "1",
                            "hierarchical_namespace.0.enabled": "false",
                            "id": "calitp-prod-gcp-components-tfstate",
                            "labels.%": "0",
                            "lifecycle_rule.#": "0",
                            "location": "US",
                            "logging.#": "0",
                            "name": "calitp-prod-gcp-components-tfstate",
                            "project": "",
                            "project_number": "1005246706141",
                            "public_access_prevention": "inherited",
                            "requester_pays": "false",
                            "retention_policy.#": "0",
                            "rpo": "DEFAULT",
                            "self_link": "https://www.googleapis.com/storage/v1/b/calitp-prod-gcp-components-tfstate",
                            "soft_delete_policy.#": "1",
                            "soft_delete_policy.0.effective_time": "2024-03-01T08:00:00.000Z",
                            "soft_delete_policy.0.retention_duration_seconds": "604800",
                            "storage_class": "STANDARD",
                            "terraform_labels.%": "0",
                            "uniform_bucket_level_access": "true",
                            "url": "gs://calitp-prod-gcp-components-tfstate",
                            "versioning.#": "0",
                            "website.#": "0"
                        },
                        "meta": {
                            "schema_version": 3
                        },
                        "tainted": false
                    },
                    "deposed": [],
                    "provider": "provider.google"
                },
                "google_storage_bucket.tfer--calitp-publish": {
                    "type": "google_storage_bucket",
                    "depends_on": [],
                    "primary": {
                        "id": "calitp-publish",
                        "attributes": {
                            "autoclass.#": "0",
                            "cors.#": "0",
                            "custom_placement_config.#": "0",
                            "default_event_based_hold": "false",
                            "effective_labels.%": "0",
                            "enable_object_retention": "false",
                            "encryption.#": "0",
                            "force_destroy": "false",
                            "hierarchical_namespace.#": "1",
                            "hierarchical_namespace.0.enabled": "false",
                            "id": "calitp-publish",
                            "labels.%": "0",
                            "lifecycle_rule.#": "0",
                            "location": "US-WEST2",
                            "logging.#": "0",
                            "name": "calitp-publish",
                            "project": "",
                            "project_number": "1005246706141",
                            "public_access_prevention": "inherited",
                            "requester_pays": "false",
                            "retention_policy.#": "0",
                            "self_link": "https://www.googleapis.com/storage/v1/b/calitp-publish",
                            "soft_delete_policy.#": "1",
                            "soft_delete_policy.0.effective_time": "2024-03-01T08:00:00.000Z",
                            "soft_delete_policy.0.retention_duration_seconds": "604800",
                            "storage_class": "STANDARD",
                            "terraform_labels.%": "0",
                            "uniform_bucket_level_access": "true",
                            "url": "gs://calitp-publish",
                            "versioning.#": "0",
                            "website.#": "0"
                        },
                        "meta": {
                            "schema_version": 3
                        },
                        "tainted": false
                    },
                    "deposed": [],
                    "provider": "provider.google"
                },
                "google_storage_bucket.tfer--calitp-publish-data-analysis": {
                    "type": "google_storage_bucket",
                    "depends_on": [],
                    "primary": {
                        "id": "calitp-publish-data-analysis",
                        "attributes": {
                            "autoclass.#": "0",
                            "cors.#": "0",
                            "custom_placement_config.#": "0",
                            "default_event_based_hold": "false",
                            "effective_labels.%": "0",
                            "enable_object_retention": "false",
                            "encryption.#": "0",
                            "force_destroy": "false",
                            "hierarchical_namespace.#": "1",
                            "hierarchical_namespace.0.enabled": "false",
                            "id": "calitp-publish-data-analysis",
                            "labels.%": "0",
                            "lifecycle_rule.#": "0",
                            "location": "US-WEST2",
                            "logging.#": "0",
                            "name": "calitp-publish-data-analysis",
                            "project": "",
                            "project_number": "1005246706141",
                            "public_access_prevention": "inherited",
                            "requester_pays": "false",
                            "retention_policy.#": "0",
                            "self_link": "https://www.googleapis.com/storage/v1/b/calitp-publish-data-analysis",
                            "soft_delete_policy.#": "1",
                            "soft_delete_policy.0.effective_time": "2024-03-01T08:00:00.000Z",
                            "soft_delete_policy.0.retention_duration_seconds": "604800",
                            "storage_class": "STANDARD",
                            "terraform_labels.%": "0",
                            "uniform_bucket_level_access": "true",
                            "url": "gs://calitp-publish-data-analysis",
                            "versioning.#": "0",
                            "website.#": "0"
                        },
                        "meta": {
                            "schema_version": 3
                        },
                        "tainted": false
                    },
                    "deposed": [],
                    "provider": "provider.google"
                },
                "google_storage_bucket.tfer--calitp-reports-data": {
                    "type": "google_storage_bucket",
                    "depends_on": [],
                    "primary": {
                        "id": "calitp-reports-data",
                        "attributes": {
                            "autoclass.#": "0",
                            "cors.#": "0",
                            "custom_placement_config.#": "0",
                            "default_event_based_hold": "false",
                            "effective_labels.%": "0",
                            "enable_object_retention": "false",
                            "encryption.#": "0",
                            "force_destroy": "false",
                            "hierarchical_namespace.#": "1",
                            "hierarchical_namespace.0.enabled": "false",
                            "id": "calitp-reports-data",
                            "labels.%": "0",
                            "lifecycle_rule.#": "0",
                            "location": "US-WEST2",
                            "logging.#": "0",
                            "name": "calitp-reports-data",
                            "project": "",
                            "project_number": "1005246706141",
                            "public_access_prevention": "enforced",
                            "requester_pays": "false",
                            "retention_policy.#": "0",
                            "self_link": "https://www.googleapis.com/storage/v1/b/calitp-reports-data",
                            "soft_delete_policy.#": "1",
                            "soft_delete_policy.0.effective_time": "2024-03-01T08:00:00.000Z",
                            "soft_delete_policy.0.retention_duration_seconds": "604800",
                            "storage_class": "STANDARD",
                            "terraform_labels.%": "0",
                            "uniform_bucket_level_access": "true",
                            "url": "gs://calitp-reports-data",
                            "versioning.#": "0",
                            "website.#": "0"
                        },
                        "meta": {
                            "schema_version": 3
                        },
                        "tainted": false
                    },
                    "deposed": [],
                    "provider": "provider.google"
                },
                "google_storage_bucket.tfer--calitp-state-geoportal-scrape": {
                    "type": "google_storage_bucket",
                    "depends_on": [],
                    "primary": {
                        "id": "calitp-state-geoportal-scrape",
                        "attributes": {
                            "autoclass.#": "0",
                            "cors.#": "0",
                            "custom_placement_config.#": "0",
                            "default_event_based_hold": "false",
                            "effective_labels.%": "0",
                            "enable_object_retention": "false",
                            "encryption.#": "0",
                            "force_destroy": "false",
                            "hierarchical_namespace.#": "1",
                            "hierarchical_namespace.0.enabled": "false",
                            "id": "calitp-state-geoportal-scrape",
                            "labels.%": "0",
                            "lifecycle_rule.#": "0",
                            "location": "US",
                            "logging.#": "0",
                            "name": "calitp-state-geoportal-scrape",
                            "project": "",
                            "project_number": "1005246706141",
                            "public_access_prevention": "enforced",
                            "requester_pays": "false",
                            "retention_policy.#": "0",
                            "rpo": "DEFAULT",
                            "self_link": "https://www.googleapis.com/storage/v1/b/calitp-state-geoportal-scrape",
                            "soft_delete_policy.#": "1",
                            "soft_delete_policy.0.effective_time": "2024-11-05T17:25:55.514Z",
                            "soft_delete_policy.0.retention_duration_seconds": "604800",
                            "storage_class": "STANDARD",
                            "terraform_labels.%": "0",
                            "uniform_bucket_level_access": "true",
                            "url": "gs://calitp-state-geoportal-scrape",
                            "versioning.#": "0",
                            "website.#": "0"
                        },
                        "meta": {
                            "schema_version": 3
                        },
                        "tainted": false
                    },
                    "deposed": [],
                    "provider": "provider.google"
                },
                "google_storage_bucket.tfer--calitp-state-highway-network-stops": {
                    "type": "google_storage_bucket",
                    "depends_on": [],
                    "primary": {
                        "id": "calitp-state-highway-network-stops",
                        "attributes": {
                            "autoclass.#": "0",
                            "cors.#": "0",
                            "custom_placement_config.#": "0",
                            "default_event_based_hold": "false",
                            "effective_labels.%": "0",
                            "enable_object_retention": "false",
                            "encryption.#": "0",
                            "force_destroy": "false",
                            "hierarchical_namespace.#": "1",
                            "hierarchical_namespace.0.enabled": "false",
                            "id": "calitp-state-highway-network-stops",
                            "labels.%": "0",
                            "lifecycle_rule.#": "0",
                            "location": "US",
                            "logging.#": "0",
                            "name": "calitp-state-highway-network-stops",
                            "project": "",
                            "project_number": "1005246706141",
                            "public_access_prevention": "enforced",
                            "requester_pays": "false",
                            "retention_policy.#": "0",
                            "rpo": "DEFAULT",
                            "self_link": "https://www.googleapis.com/storage/v1/b/calitp-state-highway-network-stops",
                            "soft_delete_policy.#": "1",
                            "soft_delete_policy.0.effective_time": "2024-10-01T17:58:00.763Z",
                            "soft_delete_policy.0.retention_duration_seconds": "604800",
                            "storage_class": "STANDARD",
                            "terraform_labels.%": "0",
                            "uniform_bucket_level_access": "true",
                            "url": "gs://calitp-state-highway-network-stops",
                            "versioning.#": "0",
                            "website.#": "0"
                        },
                        "meta": {
                            "schema_version": 3
                        },
                        "tainted": false
                    },
                    "deposed": [],
                    "provider": "provider.google"
                },
                "google_storage_bucket.tfer--cold-storage-outputs-gtfs-data-test": {
                    "type": "google_storage_bucket",
                    "depends_on": [],
                    "primary": {
                        "id": "cold-storage-outputs-gtfs-data-test",
                        "attributes": {
                            "autoclass.#": "0",
                            "cors.#": "0",
                            "custom_placement_config.#": "0",
                            "default_event_based_hold": "false",
                            "effective_labels.%": "0",
                            "enable_object_retention": "false",
                            "encryption.#": "0",
                            "force_destroy": "false",
                            "hierarchical_namespace.#": "1",
                            "hierarchical_namespace.0.enabled": "false",
                            "id": "cold-storage-outputs-gtfs-data-test",
                            "labels.%": "0",
                            "lifecycle_rule.#": "0",
                            "location": "US",
                            "logging.#": "0",
                            "name": "cold-storage-outputs-gtfs-data-test",
                            "project": "",
                            "project_number": "1005246706141",
                            "public_access_prevention": "inherited",
                            "requester_pays": "false",
                            "retention_policy.#": "0",
                            "rpo": "DEFAULT",
                            "self_link": "https://www.googleapis.com/storage/v1/b/cold-storage-outputs-gtfs-data-test",
                            "soft_delete_policy.#": "1",
                            "soft_delete_policy.0.effective_time": "2024-03-01T08:00:00.000Z",
                            "soft_delete_policy.0.retention_duration_seconds": "604800",
                            "storage_class": "STANDARD",
                            "terraform_labels.%": "0",
                            "uniform_bucket_level_access": "false",
                            "url": "gs://cold-storage-outputs-gtfs-data-test",
                            "versioning.#": "0",
                            "website.#": "0"
                        },
                        "meta": {
                            "schema_version": 3
                        },
                        "tainted": false
                    },
                    "deposed": [],
                    "provider": "provider.google"
                },
                "google_storage_bucket.tfer--cold-storage-outputs-gtfs-data-test-charlie-test": {
                    "type": "google_storage_bucket",
                    "depends_on": [],
                    "primary": {
                        "id": "cold-storage-outputs-gtfs-data-test-charlie-test",
                        "attributes": {
                            "autoclass.#": "0",
                            "cors.#": "0",
                            "custom_placement_config.#": "0",
                            "default_event_based_hold": "false",
                            "effective_labels.%": "0",
                            "enable_object_retention": "false",
                            "encryption.#": "0",
                            "force_destroy": "false",
                            "hierarchical_namespace.#": "1",
                            "hierarchical_namespace.0.enabled": "false",
                            "id": "cold-storage-outputs-gtfs-data-test-charlie-test",
                            "labels.%": "0",
                            "lifecycle_rule.#": "0",
                            "location": "US",
                            "logging.#": "0",
                            "name": "cold-storage-outputs-gtfs-data-test-charlie-test",
                            "project": "",
                            "project_number": "1005246706141",
                            "public_access_prevention": "inherited",
                            "requester_pays": "false",
                            "retention_policy.#": "0",
                            "rpo": "DEFAULT",
                            "self_link": "https://www.googleapis.com/storage/v1/b/cold-storage-outputs-gtfs-data-test-charlie-test",
                            "soft_delete_policy.#": "1",
                            "soft_delete_policy.0.effective_time": "2024-03-01T08:00:00.000Z",
                            "soft_delete_policy.0.retention_duration_seconds": "604800",
                            "storage_class": "STANDARD",
                            "terraform_labels.%": "0",
                            "uniform_bucket_level_access": "false",
                            "url": "gs://cold-storage-outputs-gtfs-data-test-charlie-test",
                            "versioning.#": "0",
                            "website.#": "0"
                        },
                        "meta": {
                            "schema_version": 3
                        },
                        "tainted": false
                    },
                    "deposed": [],
                    "provider": "provider.google"
                },
                "google_storage_bucket.tfer--dataproc-staging-us-west2-1005246706141-sfgmtgyp": {
                    "type": "google_storage_bucket",
                    "depends_on": [],
                    "primary": {
                        "id": "dataproc-staging-us-west2-1005246706141-sfgmtgyp",
                        "attributes": {
                            "autoclass.#": "0",
                            "cors.#": "0",
                            "custom_placement_config.#": "0",
                            "default_event_based_hold": "false",
                            "effective_labels.%": "0",
                            "enable_object_retention": "false",
                            "encryption.#": "0",
                            "force_destroy": "false",
                            "hierarchical_namespace.#": "1",
                            "hierarchical_namespace.0.enabled": "false",
                            "id": "dataproc-staging-us-west2-1005246706141-sfgmtgyp",
                            "labels.%": "0",
                            "lifecycle_rule.#": "0",
                            "location": "US-WEST2",
                            "logging.#": "0",
                            "name": "dataproc-staging-us-west2-1005246706141-sfgmtgyp",
                            "project": "",
                            "project_number": "1005246706141",
                            "public_access_prevention": "inherited",
                            "requester_pays": "false",
                            "retention_policy.#": "0",
                            "self_link": "https://www.googleapis.com/storage/v1/b/dataproc-staging-us-west2-1005246706141-sfgmtgyp",
                            "soft_delete_policy.#": "1",
                            "soft_delete_policy.0.effective_time": "",
                            "soft_delete_policy.0.retention_duration_seconds": "0",
                            "storage_class": "STANDARD",
                            "terraform_labels.%": "0",
                            "uniform_bucket_level_access": "false",
                            "url": "gs://dataproc-staging-us-west2-1005246706141-sfgmtgyp",
                            "versioning.#": "0",
                            "website.#": "0"
                        },
                        "meta": {
                            "schema_version": 3
                        },
                        "tainted": false
                    },
                    "deposed": [],
                    "provider": "provider.google"
                },
                "google_storage_bucket.tfer--dataproc-temp-us-west2-1005246706141-x9mtxbwg": {
                    "type": "google_storage_bucket",
                    "depends_on": [],
                    "primary": {
                        "id": "dataproc-temp-us-west2-1005246706141-x9mtxbwg",
                        "attributes": {
                            "autoclass.#": "0",
                            "cors.#": "0",
                            "custom_placement_config.#": "0",
                            "default_event_based_hold": "false",
                            "effective_labels.%": "1",
                            "effective_labels.goog-dataproc-location": "us-west2",
                            "enable_object_retention": "false",
                            "encryption.#": "0",
                            "force_destroy": "false",
                            "hierarchical_namespace.#": "1",
                            "hierarchical_namespace.0.enabled": "false",
                            "id": "dataproc-temp-us-west2-1005246706141-x9mtxbwg",
                            "labels.%": "0",
                            "lifecycle_rule.#": "1",
                            "lifecycle_rule.0.action.#": "1",
                            "lifecycle_rule.0.action.0.storage_class": "",
                            "lifecycle_rule.0.action.0.type": "Delete",
                            "lifecycle_rule.0.condition.#": "1",
                            "lifecycle_rule.0.condition.0.age": "90",
                            "lifecycle_rule.0.condition.0.created_before": "",
                            "lifecycle_rule.0.condition.0.custom_time_before": "",
                            "lifecycle_rule.0.condition.0.days_since_custom_time": "0",
                            "lifecycle_rule.0.condition.0.days_since_noncurrent_time": "0",
                            "lifecycle_rule.0.condition.0.matches_prefix.#": "0",
                            "lifecycle_rule.0.condition.0.matches_storage_class.#": "0",
                            "lifecycle_rule.0.condition.0.matches_suffix.#": "0",
                            "lifecycle_rule.0.condition.0.noncurrent_time_before": "",
                            "lifecycle_rule.0.condition.0.num_newer_versions": "0",
                            "lifecycle_rule.0.condition.0.send_age_if_zero": "false",
                            "lifecycle_rule.0.condition.0.send_days_since_custom_time_if_zero": "false",
                            "lifecycle_rule.0.condition.0.send_days_since_noncurrent_time_if_zero": "false",
                            "lifecycle_rule.0.condition.0.send_num_newer_versions_if_zero": "false",
                            "lifecycle_rule.0.condition.0.with_state": "ANY",
                            "location": "US-WEST2",
                            "logging.#": "0",
                            "name": "dataproc-temp-us-west2-1005246706141-x9mtxbwg",
                            "project": "",
                            "project_number": "1005246706141",
                            "public_access_prevention": "inherited",
                            "requester_pays": "false",
                            "retention_policy.#": "0",
                            "self_link": "https://www.googleapis.com/storage/v1/b/dataproc-temp-us-west2-1005246706141-x9mtxbwg",
                            "soft_delete_policy.#": "1",
                            "soft_delete_policy.0.effective_time": "",
                            "soft_delete_policy.0.retention_duration_seconds": "0",
                            "storage_class": "STANDARD",
                            "terraform_labels.%": "0",
                            "uniform_bucket_level_access": "false",
                            "url": "gs://dataproc-temp-us-west2-1005246706141-x9mtxbwg",
                            "versioning.#": "0",
                            "website.#": "0"
                        },
                        "meta": {
                            "schema_version": 3
                        },
                        "tainted": false
                    },
                    "deposed": [],
                    "provider": "provider.google"
                },
                "google_storage_bucket.tfer--dev-calitp-aggregator-scraper": {
                    "type": "google_storage_bucket",
                    "depends_on": [],
                    "primary": {
                        "id": "dev-calitp-aggregator-scraper",
                        "attributes": {
                            "autoclass.#": "0",
                            "cors.#": "0",
                            "custom_placement_config.#": "0",
                            "default_event_based_hold": "false",
                            "effective_labels.%": "0",
                            "enable_object_retention": "false",
                            "encryption.#": "0",
                            "force_destroy": "false",
                            "hierarchical_namespace.#": "1",
                            "hierarchical_namespace.0.enabled": "false",
                            "id": "dev-calitp-aggregator-scraper",
                            "labels.%": "0",
                            "lifecycle_rule.#": "0",
                            "location": "US-WEST2",
                            "logging.#": "0",
                            "name": "dev-calitp-aggregator-scraper",
                            "project": "",
                            "project_number": "1005246706141",
                            "public_access_prevention": "enforced",
                            "requester_pays": "false",
                            "retention_policy.#": "0",
                            "self_link": "https://www.googleapis.com/storage/v1/b/dev-calitp-aggregator-scraper",
                            "soft_delete_policy.#": "1",
                            "soft_delete_policy.0.effective_time": "2024-03-01T08:00:00.000Z",
                            "soft_delete_policy.0.retention_duration_seconds": "604800",
                            "storage_class": "STANDARD",
                            "terraform_labels.%": "0",
                            "uniform_bucket_level_access": "true",
                            "url": "gs://dev-calitp-aggregator-scraper",
                            "versioning.#": "0",
                            "website.#": "0"
                        },
                        "meta": {
                            "schema_version": 3
                        },
                        "tainted": false
                    },
                    "deposed": [],
                    "provider": "provider.google"
                },
                "google_storage_bucket.tfer--dev-calitp-gtfs-rt-raw": {
                    "type": "google_storage_bucket",
                    "depends_on": [],
                    "primary": {
                        "id": "dev-calitp-gtfs-rt-raw",
                        "attributes": {
                            "autoclass.#": "0",
                            "cors.#": "0",
                            "custom_placement_config.#": "0",
                            "default_event_based_hold": "false",
                            "effective_labels.%": "0",
                            "enable_object_retention": "false",
                            "encryption.#": "0",
                            "force_destroy": "false",
                            "hierarchical_namespace.#": "1",
                            "hierarchical_namespace.0.enabled": "false",
                            "id": "dev-calitp-gtfs-rt-raw",
                            "labels.%": "0",
                            "lifecycle_rule.#": "0",
                            "location": "US-WEST2",
                            "logging.#": "0",
                            "name": "dev-calitp-gtfs-rt-raw",
                            "project": "",
                            "project_number": "1005246706141",
                            "public_access_prevention": "inherited",
                            "requester_pays": "false",
                            "retention_policy.#": "0",
                            "self_link": "https://www.googleapis.com/storage/v1/b/dev-calitp-gtfs-rt-raw",
                            "soft_delete_policy.#": "1",
                            "soft_delete_policy.0.effective_time": "2024-03-01T08:00:00.000Z",
                            "soft_delete_policy.0.retention_duration_seconds": "604800",
                            "storage_class": "STANDARD",
                            "terraform_labels.%": "0",
                            "uniform_bucket_level_access": "true",
                            "url": "gs://dev-calitp-gtfs-rt-raw",
                            "versioning.#": "0",
                            "website.#": "0"
                        },
                        "meta": {
                            "schema_version": 3
                        },
                        "tainted": false
                    },
                    "deposed": [],
                    "provider": "provider.google"
                },
                "google_storage_bucket.tfer--dev-calitp-test-sandbox": {
                    "type": "google_storage_bucket",
                    "depends_on": [],
                    "primary": {
                        "id": "dev-calitp-test-sandbox",
                        "attributes": {
                            "autoclass.#": "0",
                            "cors.#": "0",
                            "custom_placement_config.#": "0",
                            "default_event_based_hold": "false",
                            "effective_labels.%": "0",
                            "enable_object_retention": "false",
                            "encryption.#": "0",
                            "force_destroy": "false",
                            "hierarchical_namespace.#": "1",
                            "hierarchical_namespace.0.enabled": "false",
                            "id": "dev-calitp-test-sandbox",
                            "labels.%": "0",
                            "lifecycle_rule.#": "1",
                            "lifecycle_rule.0.action.#": "1",
                            "lifecycle_rule.0.action.0.storage_class": "",
                            "lifecycle_rule.0.action.0.type": "Delete",
                            "lifecycle_rule.0.condition.#": "1",
                            "lifecycle_rule.0.condition.0.age": "1",
                            "lifecycle_rule.0.condition.0.created_before": "",
                            "lifecycle_rule.0.condition.0.custom_time_before": "",
                            "lifecycle_rule.0.condition.0.days_since_custom_time": "0",
                            "lifecycle_rule.0.condition.0.days_since_noncurrent_time": "0",
                            "lifecycle_rule.0.condition.0.matches_prefix.#": "0",
                            "lifecycle_rule.0.condition.0.matches_storage_class.#": "0",
                            "lifecycle_rule.0.condition.0.matches_suffix.#": "0",
                            "lifecycle_rule.0.condition.0.noncurrent_time_before": "",
                            "lifecycle_rule.0.condition.0.num_newer_versions": "0",
                            "lifecycle_rule.0.condition.0.send_age_if_zero": "false",
                            "lifecycle_rule.0.condition.0.send_days_since_custom_time_if_zero": "false",
                            "lifecycle_rule.0.condition.0.send_days_since_noncurrent_time_if_zero": "false",
                            "lifecycle_rule.0.condition.0.send_num_newer_versions_if_zero": "false",
                            "lifecycle_rule.0.condition.0.with_state": "ANY",
                            "location": "US-WEST2",
                            "logging.#": "0",
                            "name": "dev-calitp-test-sandbox",
                            "project": "",
                            "project_number": "1005246706141",
                            "public_access_prevention": "enforced",
                            "requester_pays": "false",
                            "retention_policy.#": "0",
                            "self_link": "https://www.googleapis.com/storage/v1/b/dev-calitp-test-sandbox",
                            "soft_delete_policy.#": "1",
                            "soft_delete_policy.0.effective_time": "2024-03-01T08:00:00.000Z",
                            "soft_delete_policy.0.retention_duration_seconds": "604800",
                            "storage_class": "STANDARD",
                            "terraform_labels.%": "0",
                            "uniform_bucket_level_access": "true",
                            "url": "gs://dev-calitp-test-sandbox",
                            "versioning.#": "0",
                            "website.#": "0"
                        },
                        "meta": {
                            "schema_version": 3
                        },
                        "tainted": false
                    },
                    "deposed": [],
                    "provider": "provider.google"
                },
                "google_storage_bucket.tfer--gtfs-data": {
                    "type": "google_storage_bucket",
                    "depends_on": [],
                    "primary": {
                        "id": "gtfs-data",
                        "attributes": {
                            "autoclass.#": "0",
                            "cors.#": "0",
                            "custom_placement_config.#": "0",
                            "default_event_based_hold": "false",
                            "effective_labels.%": "0",
                            "enable_object_retention": "false",
                            "encryption.#": "0",
                            "force_destroy": "false",
                            "hierarchical_namespace.#": "1",
                            "hierarchical_namespace.0.enabled": "false",
                            "id": "gtfs-data",
                            "labels.%": "0",
                            "lifecycle_rule.#": "0",
                            "location": "US-WEST2",
                            "logging.#": "0",
                            "name": "gtfs-data",
                            "project": "",
                            "project_number": "1005246706141",
                            "public_access_prevention": "inherited",
                            "requester_pays": "false",
                            "retention_policy.#": "0",
                            "self_link": "https://www.googleapis.com/storage/v1/b/gtfs-data",
                            "soft_delete_policy.#": "1",
                            "soft_delete_policy.0.effective_time": "2024-03-01T08:00:00.000Z",
                            "soft_delete_policy.0.retention_duration_seconds": "604800",
                            "storage_class": "STANDARD",
                            "terraform_labels.%": "0",
                            "uniform_bucket_level_access": "false",
                            "url": "gs://gtfs-data",
                            "versioning.#": "0",
                            "website.#": "0"
                        },
                        "meta": {
                            "schema_version": 3
                        },
                        "tainted": false
                    },
                    "deposed": [],
                    "provider": "provider.google"
                },
                "google_storage_bucket.tfer--gtfs-data-reports": {
                    "type": "google_storage_bucket",
                    "depends_on": [],
                    "primary": {
                        "id": "gtfs-data-reports",
                        "attributes": {
                            "autoclass.#": "1",
                            "autoclass.0.enabled": "true",
                            "autoclass.0.terminal_storage_class": "NEARLINE",
                            "cors.#": "0",
                            "custom_placement_config.#": "0",
                            "default_event_based_hold": "false",
                            "effective_labels.%": "0",
                            "enable_object_retention": "false",
                            "encryption.#": "0",
                            "force_destroy": "false",
                            "hierarchical_namespace.#": "1",
                            "hierarchical_namespace.0.enabled": "false",
                            "id": "gtfs-data-reports",
                            "labels.%": "0",
                            "lifecycle_rule.#": "0",
                            "location": "US-WEST2",
                            "logging.#": "0",
                            "name": "gtfs-data-reports",
                            "project": "",
                            "project_number": "1005246706141",
                            "public_access_prevention": "enforced",
                            "requester_pays": "false",
                            "retention_policy.#": "0",
                            "self_link": "https://www.googleapis.com/storage/v1/b/gtfs-data-reports",
                            "soft_delete_policy.#": "1",
                            "soft_delete_policy.0.effective_time": "",
                            "soft_delete_policy.0.retention_duration_seconds": "0",
                            "storage_class": "STANDARD",
                            "terraform_labels.%": "0",
                            "uniform_bucket_level_access": "true",
                            "url": "gs://gtfs-data-reports",
                            "versioning.#": "0",
                            "website.#": "0"
                        },
                        "meta": {
                            "schema_version": 3
                        },
                        "tainted": false
                    },
                    "deposed": [],
                    "provider": "provider.google"
                },
                "google_storage_bucket.tfer--gtfs-data-test": {
                    "type": "google_storage_bucket",
                    "depends_on": [],
                    "primary": {
                        "id": "gtfs-data-test",
                        "attributes": {
                            "autoclass.#": "0",
                            "cors.#": "0",
                            "custom_placement_config.#": "0",
                            "default_event_based_hold": "false",
                            "effective_labels.%": "0",
                            "enable_object_retention": "false",
                            "encryption.#": "0",
                            "force_destroy": "false",
                            "hierarchical_namespace.#": "1",
                            "hierarchical_namespace.0.enabled": "false",
                            "id": "gtfs-data-test",
                            "labels.%": "0",
                            "lifecycle_rule.#": "0",
                            "location": "US-WEST2",
                            "logging.#": "0",
                            "name": "gtfs-data-test",
                            "project": "",
                            "project_number": "1005246706141",
                            "public_access_prevention": "inherited",
                            "requester_pays": "false",
                            "retention_policy.#": "0",
                            "self_link": "https://www.googleapis.com/storage/v1/b/gtfs-data-test",
                            "soft_delete_policy.#": "1",
                            "soft_delete_policy.0.effective_time": "2024-03-01T08:00:00.000Z",
                            "soft_delete_policy.0.retention_duration_seconds": "604800",
                            "storage_class": "STANDARD",
                            "terraform_labels.%": "0",
                            "uniform_bucket_level_access": "true",
                            "url": "gs://gtfs-data-test",
                            "versioning.#": "0",
                            "website.#": "0"
                        },
                        "meta": {
                            "schema_version": 3
                        },
                        "tainted": false
                    },
                    "deposed": [],
                    "provider": "provider.google"
                },
                "google_storage_bucket.tfer--gtfs-data-test-reports": {
                    "type": "google_storage_bucket",
                    "depends_on": [],
                    "primary": {
                        "id": "gtfs-data-test-reports",
                        "attributes": {
                            "autoclass.#": "1",
                            "autoclass.0.enabled": "true",
                            "autoclass.0.terminal_storage_class": "NEARLINE",
                            "cors.#": "0",
                            "custom_placement_config.#": "0",
                            "default_event_based_hold": "false",
                            "effective_labels.%": "0",
                            "enable_object_retention": "false",
                            "encryption.#": "0",
                            "force_destroy": "false",
                            "hierarchical_namespace.#": "1",
                            "hierarchical_namespace.0.enabled": "false",
                            "id": "gtfs-data-test-reports",
                            "labels.%": "0",
                            "lifecycle_rule.#": "0",
                            "location": "US-WEST2",
                            "logging.#": "0",
                            "name": "gtfs-data-test-reports",
                            "project": "",
                            "project_number": "1005246706141",
                            "public_access_prevention": "enforced",
                            "requester_pays": "false",
                            "retention_policy.#": "0",
                            "self_link": "https://www.googleapis.com/storage/v1/b/gtfs-data-test-reports",
                            "soft_delete_policy.#": "1",
                            "soft_delete_policy.0.effective_time": "",
                            "soft_delete_policy.0.retention_duration_seconds": "0",
                            "storage_class": "STANDARD",
                            "terraform_labels.%": "0",
                            "uniform_bucket_level_access": "true",
                            "url": "gs://gtfs-data-test-reports",
                            "versioning.#": "0",
                            "website.#": "0"
                        },
                        "meta": {
                            "schema_version": 3
                        },
                        "tainted": false
                    },
                    "deposed": [],
                    "provider": "provider.google"
                },
                "google_storage_bucket.tfer--gtfs-schedule-backfill-test": {
                    "type": "google_storage_bucket",
                    "depends_on": [],
                    "primary": {
                        "id": "gtfs-schedule-backfill-test",
                        "attributes": {
                            "autoclass.#": "0",
                            "cors.#": "0",
                            "custom_placement_config.#": "0",
                            "default_event_based_hold": "false",
                            "effective_labels.%": "0",
                            "enable_object_retention": "false",
                            "encryption.#": "0",
                            "force_destroy": "false",
                            "hierarchical_namespace.#": "1",
                            "hierarchical_namespace.0.enabled": "false",
                            "id": "gtfs-schedule-backfill-test",
                            "labels.%": "0",
                            "lifecycle_rule.#": "1",
                            "lifecycle_rule.0.action.#": "1",
                            "lifecycle_rule.0.action.0.storage_class": "",
                            "lifecycle_rule.0.action.0.type": "Delete",
                            "lifecycle_rule.0.condition.#": "1",
                            "lifecycle_rule.0.condition.0.age": "0",
                            "lifecycle_rule.0.condition.0.created_before": "",
                            "lifecycle_rule.0.condition.0.custom_time_before": "",
                            "lifecycle_rule.0.condition.0.days_since_custom_time": "0",
                            "lifecycle_rule.0.condition.0.days_since_noncurrent_time": "0",
                            "lifecycle_rule.0.condition.0.matches_prefix.#": "0",
                            "lifecycle_rule.0.condition.0.matches_storage_class.#": "0",
                            "lifecycle_rule.0.condition.0.matches_suffix.#": "0",
                            "lifecycle_rule.0.condition.0.noncurrent_time_before": "",
                            "lifecycle_rule.0.condition.0.num_newer_versions": "0",
                            "lifecycle_rule.0.condition.0.send_age_if_zero": "false",
                            "lifecycle_rule.0.condition.0.send_days_since_custom_time_if_zero": "false",
                            "lifecycle_rule.0.condition.0.send_days_since_noncurrent_time_if_zero": "false",
                            "lifecycle_rule.0.condition.0.send_num_newer_versions_if_zero": "false",
                            "lifecycle_rule.0.condition.0.with_state": "ANY",
                            "location": "US-WEST2",
                            "logging.#": "0",
                            "name": "gtfs-schedule-backfill-test",
                            "project": "",
                            "project_number": "1005246706141",
                            "public_access_prevention": "enforced",
                            "requester_pays": "false",
                            "retention_policy.#": "0",
                            "self_link": "https://www.googleapis.com/storage/v1/b/gtfs-schedule-backfill-test",
                            "soft_delete_policy.#": "1",
                            "soft_delete_policy.0.effective_time": "2024-03-01T08:00:00.000Z",
                            "soft_delete_policy.0.retention_duration_seconds": "604800",
                            "storage_class": "STANDARD",
                            "terraform_labels.%": "0",
                            "uniform_bucket_level_access": "true",
                            "url": "gs://gtfs-schedule-backfill-test",
                            "versioning.#": "0",
                            "website.#": "0"
                        },
                        "meta": {
                            "schema_version": 3
                        },
                        "tainted": false
                    },
                    "deposed": [],
                    "provider": "provider.google"
                },
                "google_storage_bucket.tfer--gtfs-schedule-backfill-test-deprecated": {
                    "type": "google_storage_bucket",
                    "depends_on": [],
                    "primary": {
                        "id": "gtfs-schedule-backfill-test-deprecated",
                        "attributes": {
                            "autoclass.#": "0",
                            "cors.#": "0",
                            "custom_placement_config.#": "0",
                            "default_event_based_hold": "false",
                            "effective_labels.%": "0",
                            "enable_object_retention": "false",
                            "encryption.#": "0",
                            "force_destroy": "false",
                            "hierarchical_namespace.#": "1",
                            "hierarchical_namespace.0.enabled": "false",
                            "id": "gtfs-schedule-backfill-test-deprecated",
                            "labels.%": "0",
                            "lifecycle_rule.#": "1",
                            "lifecycle_rule.0.action.#": "1",
                            "lifecycle_rule.0.action.0.storage_class": "",
                            "lifecycle_rule.0.action.0.type": "Delete",
                            "lifecycle_rule.0.condition.#": "1",
                            "lifecycle_rule.0.condition.0.age": "0",
                            "lifecycle_rule.0.condition.0.created_before": "",
                            "lifecycle_rule.0.condition.0.custom_time_before": "",
                            "lifecycle_rule.0.condition.0.days_since_custom_time": "0",
                            "lifecycle_rule.0.condition.0.days_since_noncurrent_time": "0",
                            "lifecycle_rule.0.condition.0.matches_prefix.#": "0",
                            "lifecycle_rule.0.condition.0.matches_storage_class.#": "0",
                            "lifecycle_rule.0.condition.0.matches_suffix.#": "0",
                            "lifecycle_rule.0.condition.0.noncurrent_time_before": "",
                            "lifecycle_rule.0.condition.0.num_newer_versions": "0",
                            "lifecycle_rule.0.condition.0.send_age_if_zero": "false",
                            "lifecycle_rule.0.condition.0.send_days_since_custom_time_if_zero": "false",
                            "lifecycle_rule.0.condition.0.send_days_since_noncurrent_time_if_zero": "false",
                            "lifecycle_rule.0.condition.0.send_num_newer_versions_if_zero": "false",
                            "lifecycle_rule.0.condition.0.with_state": "ANY",
                            "location": "US-WEST2",
                            "logging.#": "0",
                            "name": "gtfs-schedule-backfill-test-deprecated",
                            "project": "",
                            "project_number": "1005246706141",
                            "public_access_prevention": "enforced",
                            "requester_pays": "false",
                            "retention_policy.#": "0",
                            "self_link": "https://www.googleapis.com/storage/v1/b/gtfs-schedule-backfill-test-deprecated",
                            "soft_delete_policy.#": "1",
                            "soft_delete_policy.0.effective_time": "2024-03-01T08:00:00.000Z",
                            "soft_delete_policy.0.retention_duration_seconds": "604800",
                            "storage_class": "ARCHIVE",
                            "terraform_labels.%": "0",
                            "uniform_bucket_level_access": "true",
                            "url": "gs://gtfs-schedule-backfill-test-deprecated",
                            "versioning.#": "0",
                            "website.#": "0"
                        },
                        "meta": {
                            "schema_version": 3
                        },
                        "tainted": false
                    },
                    "deposed": [],
                    "provider": "provider.google"
                },
                "google_storage_bucket.tfer--littlepay-data-extract-prod": {
                    "type": "google_storage_bucket",
                    "depends_on": [],
                    "primary": {
                        "id": "littlepay-data-extract-prod",
                        "attributes": {
                            "autoclass.#": "0",
                            "cors.#": "0",
                            "custom_placement_config.#": "0",
                            "default_event_based_hold": "false",
                            "effective_labels.%": "0",
                            "enable_object_retention": "false",
                            "encryption.#": "0",
                            "force_destroy": "false",
                            "hierarchical_namespace.#": "1",
                            "hierarchical_namespace.0.enabled": "false",
                            "id": "littlepay-data-extract-prod",
                            "labels.%": "0",
                            "lifecycle_rule.#": "0",
                            "location": "US-WEST2",
                            "logging.#": "0",
                            "name": "littlepay-data-extract-prod",
                            "project": "",
                            "project_number": "1005246706141",
                            "public_access_prevention": "inherited",
                            "requester_pays": "false",
                            "retention_policy.#": "0",
                            "self_link": "https://www.googleapis.com/storage/v1/b/littlepay-data-extract-prod",
                            "soft_delete_policy.#": "1",
                            "soft_delete_policy.0.effective_time": "2024-03-01T08:00:00.000Z",
                            "soft_delete_policy.0.retention_duration_seconds": "604800",
                            "storage_class": "STANDARD",
                            "terraform_labels.%": "0",
                            "uniform_bucket_level_access": "true",
                            "url": "gs://littlepay-data-extract-prod",
                            "versioning.#": "0",
                            "website.#": "0"
                        },
                        "meta": {
                            "schema_version": 3
                        },
                        "tainted": false
                    },
                    "deposed": [],
                    "provider": "provider.google"
                },
                "google_storage_bucket.tfer--rt-parsed": {
                    "type": "google_storage_bucket",
                    "depends_on": [],
                    "primary": {
                        "id": "rt-parsed",
                        "attributes": {
                            "autoclass.#": "0",
                            "cors.#": "0",
                            "custom_placement_config.#": "0",
                            "default_event_based_hold": "false",
                            "effective_labels.%": "0",
                            "enable_object_retention": "false",
                            "encryption.#": "0",
                            "force_destroy": "false",
                            "hierarchical_namespace.#": "1",
                            "hierarchical_namespace.0.enabled": "false",
                            "id": "rt-parsed",
                            "labels.%": "0",
                            "lifecycle_rule.#": "0",
                            "location": "US-WEST2",
                            "logging.#": "0",
                            "name": "rt-parsed",
                            "project": "",
                            "project_number": "1005246706141",
                            "public_access_prevention": "inherited",
                            "requester_pays": "false",
                            "retention_policy.#": "0",
                            "self_link": "https://www.googleapis.com/storage/v1/b/rt-parsed",
                            "soft_delete_policy.#": "1",
                            "soft_delete_policy.0.effective_time": "2024-03-01T08:00:00.000Z",
                            "soft_delete_policy.0.retention_duration_seconds": "604800",
                            "storage_class": "STANDARD",
                            "terraform_labels.%": "0",
                            "uniform_bucket_level_access": "true",
                            "url": "gs://rt-parsed",
                            "versioning.#": "0",
                            "website.#": "0"
                        },
                        "meta": {
                            "schema_version": 3
                        },
                        "tainted": false
                    },
                    "deposed": [],
                    "provider": "provider.google"
                },
                "google_storage_bucket.tfer--rt-parsed-deprecated": {
                    "type": "google_storage_bucket",
                    "depends_on": [],
                    "primary": {
                        "id": "rt-parsed-deprecated",
                        "attributes": {
                            "autoclass.#": "0",
                            "cors.#": "0",
                            "custom_placement_config.#": "0",
                            "default_event_based_hold": "false",
                            "effective_labels.%": "1",
                            "effective_labels.deprecated": "",
                            "enable_object_retention": "false",
                            "encryption.#": "0",
                            "force_destroy": "false",
                            "hierarchical_namespace.#": "1",
                            "hierarchical_namespace.0.enabled": "false",
                            "id": "rt-parsed-deprecated",
                            "labels.%": "0",
                            "lifecycle_rule.#": "0",
                            "location": "US-WEST2",
                            "logging.#": "0",
                            "name": "rt-parsed-deprecated",
                            "project": "",
                            "project_number": "1005246706141",
                            "public_access_prevention": "enforced",
                            "requester_pays": "false",
                            "retention_policy.#": "0",
                            "self_link": "https://www.googleapis.com/storage/v1/b/rt-parsed-deprecated",
                            "soft_delete_policy.#": "1",
                            "soft_delete_policy.0.effective_time": "2024-03-01T08:00:00.000Z",
                            "soft_delete_policy.0.retention_duration_seconds": "604800",
                            "storage_class": "ARCHIVE",
                            "terraform_labels.%": "0",
                            "uniform_bucket_level_access": "true",
                            "url": "gs://rt-parsed-deprecated",
                            "versioning.#": "0",
                            "website.#": "0"
                        },
                        "meta": {
                            "schema_version": 3
                        },
                        "tainted": false
                    },
                    "deposed": [],
                    "provider": "provider.google"
                },
                "google_storage_bucket.tfer--staging-002E-cal-itp-data-infra-002E-appspot-002E-com": {
                    "type": "google_storage_bucket",
                    "depends_on": [],
                    "primary": {
                        "id": "staging.cal-itp-data-infra.appspot.com",
                        "attributes": {
                            "autoclass.#": "0",
                            "cors.#": "0",
                            "custom_placement_config.#": "0",
                            "default_event_based_hold": "false",
                            "effective_labels.%": "0",
                            "enable_object_retention": "false",
                            "encryption.#": "0",
                            "force_destroy": "false",
                            "hierarchical_namespace.#": "1",
                            "hierarchical_namespace.0.enabled": "false",
                            "id": "staging.cal-itp-data-infra.appspot.com",
                            "labels.%": "0",
                            "lifecycle_rule.#": "1",
                            "lifecycle_rule.0.action.#": "1",
                            "lifecycle_rule.0.action.0.storage_class": "",
                            "lifecycle_rule.0.action.0.type": "Delete",
                            "lifecycle_rule.0.condition.#": "1",
                            "lifecycle_rule.0.condition.0.age": "15",
                            "lifecycle_rule.0.condition.0.created_before": "",
                            "lifecycle_rule.0.condition.0.custom_time_before": "",
                            "lifecycle_rule.0.condition.0.days_since_custom_time": "0",
                            "lifecycle_rule.0.condition.0.days_since_noncurrent_time": "0",
                            "lifecycle_rule.0.condition.0.matches_prefix.#": "0",
                            "lifecycle_rule.0.condition.0.matches_storage_class.#": "0",
                            "lifecycle_rule.0.condition.0.matches_suffix.#": "0",
                            "lifecycle_rule.0.condition.0.noncurrent_time_before": "",
                            "lifecycle_rule.0.condition.0.num_newer_versions": "0",
                            "lifecycle_rule.0.condition.0.send_age_if_zero": "false",
                            "lifecycle_rule.0.condition.0.send_days_since_custom_time_if_zero": "false",
                            "lifecycle_rule.0.condition.0.send_days_since_noncurrent_time_if_zero": "false",
                            "lifecycle_rule.0.condition.0.send_num_newer_versions_if_zero": "false",
                            "lifecycle_rule.0.condition.0.with_state": "ANY",
                            "location": "US-WEST2",
                            "logging.#": "0",
                            "name": "staging.cal-itp-data-infra.appspot.com",
                            "project": "",
                            "project_number": "1005246706141",
                            "public_access_prevention": "inherited",
                            "requester_pays": "false",
                            "retention_policy.#": "0",
                            "self_link": "https://www.googleapis.com/storage/v1/b/staging.cal-itp-data-infra.appspot.com",
                            "soft_delete_policy.#": "1",
                            "soft_delete_policy.0.effective_time": "2024-03-01T08:00:00.000Z",
                            "soft_delete_policy.0.retention_duration_seconds": "604800",
                            "storage_class": "STANDARD",
                            "terraform_labels.%": "0",
                            "uniform_bucket_level_access": "false",
                            "url": "gs://staging.cal-itp-data-infra.appspot.com",
                            "versioning.#": "0",
                            "website.#": "0"
                        },
                        "meta": {
                            "schema_version": 3
                        },
                        "tainted": false
                    },
                    "deposed": [],
                    "provider": "provider.google"
                },
                "google_storage_bucket.tfer--test-calitp-aggregator-scraper": {
                    "type": "google_storage_bucket",
                    "depends_on": [],
                    "primary": {
                        "id": "test-calitp-aggregator-scraper",
                        "attributes": {
                            "autoclass.#": "0",
                            "cors.#": "0",
                            "custom_placement_config.#": "0",
                            "default_event_based_hold": "false",
                            "effective_labels.%": "0",
                            "enable_object_retention": "false",
                            "encryption.#": "0",
                            "force_destroy": "false",
                            "hierarchical_namespace.#": "1",
                            "hierarchical_namespace.0.enabled": "false",
                            "id": "test-calitp-aggregator-scraper",
                            "labels.%": "0",
                            "lifecycle_rule.#": "0",
                            "location": "US-WEST2",
                            "logging.#": "0",
                            "name": "test-calitp-aggregator-scraper",
                            "project": "",
                            "project_number": "1005246706141",
                            "public_access_prevention": "enforced",
                            "requester_pays": "false",
                            "retention_policy.#": "0",
                            "self_link": "https://www.googleapis.com/storage/v1/b/test-calitp-aggregator-scraper",
                            "soft_delete_policy.#": "1",
                            "soft_delete_policy.0.effective_time": "2024-03-01T08:00:00.000Z",
                            "soft_delete_policy.0.retention_duration_seconds": "604800",
                            "storage_class": "STANDARD",
                            "terraform_labels.%": "0",
                            "uniform_bucket_level_access": "true",
                            "url": "gs://test-calitp-aggregator-scraper",
                            "versioning.#": "0",
                            "website.#": "0"
                        },
                        "meta": {
                            "schema_version": 3
                        },
                        "tainted": false
                    },
                    "deposed": [],
                    "provider": "provider.google"
                },
                "google_storage_bucket.tfer--test-calitp-airtable": {
                    "type": "google_storage_bucket",
                    "depends_on": [],
                    "primary": {
                        "id": "test-calitp-airtable",
                        "attributes": {
                            "autoclass.#": "0",
                            "cors.#": "0",
                            "custom_placement_config.#": "0",
                            "default_event_based_hold": "false",
                            "effective_labels.%": "0",
                            "enable_object_retention": "false",
                            "encryption.#": "0",
                            "force_destroy": "false",
                            "hierarchical_namespace.#": "1",
                            "hierarchical_namespace.0.enabled": "false",
                            "id": "test-calitp-airtable",
                            "labels.%": "0",
                            "lifecycle_rule.#": "0",
                            "location": "US-WEST2",
                            "logging.#": "0",
                            "name": "test-calitp-airtable",
                            "project": "",
                            "project_number": "1005246706141",
                            "public_access_prevention": "inherited",
                            "requester_pays": "false",
                            "retention_policy.#": "0",
                            "self_link": "https://www.googleapis.com/storage/v1/b/test-calitp-airtable",
                            "soft_delete_policy.#": "1",
                            "soft_delete_policy.0.effective_time": "2024-03-01T08:00:00.000Z",
                            "soft_delete_policy.0.retention_duration_seconds": "604800",
                            "storage_class": "STANDARD",
                            "terraform_labels.%": "0",
                            "uniform_bucket_level_access": "true",
                            "url": "gs://test-calitp-airtable",
                            "versioning.#": "0",
                            "website.#": "0"
                        },
                        "meta": {
                            "schema_version": 3
                        },
                        "tainted": false
                    },
                    "deposed": [],
                    "provider": "provider.google"
                },
                "google_storage_bucket.tfer--test-calitp-dbt-artifacts": {
                    "type": "google_storage_bucket",
                    "depends_on": [],
                    "primary": {
                        "id": "test-calitp-dbt-artifacts",
                        "attributes": {
                            "autoclass.#": "0",
                            "cors.#": "0",
                            "custom_placement_config.#": "0",
                            "default_event_based_hold": "false",
                            "effective_labels.%": "0",
                            "enable_object_retention": "false",
                            "encryption.#": "0",
                            "force_destroy": "false",
                            "hierarchical_namespace.#": "1",
                            "hierarchical_namespace.0.enabled": "false",
                            "id": "test-calitp-dbt-artifacts",
                            "labels.%": "0",
                            "lifecycle_rule.#": "0",
                            "location": "US-WEST2",
                            "logging.#": "0",
                            "name": "test-calitp-dbt-artifacts",
                            "project": "",
                            "project_number": "1005246706141",
                            "public_access_prevention": "inherited",
                            "requester_pays": "false",
                            "retention_policy.#": "0",
                            "self_link": "https://www.googleapis.com/storage/v1/b/test-calitp-dbt-artifacts",
                            "soft_delete_policy.#": "1",
                            "soft_delete_policy.0.effective_time": "2024-03-01T08:00:00.000Z",
                            "soft_delete_policy.0.retention_duration_seconds": "604800",
                            "storage_class": "STANDARD",
                            "terraform_labels.%": "0",
                            "uniform_bucket_level_access": "true",
                            "url": "gs://test-calitp-dbt-artifacts",
                            "versioning.#": "0",
                            "website.#": "0"
                        },
                        "meta": {
                            "schema_version": 3
                        },
                        "tainted": false
                    },
                    "deposed": [],
                    "provider": "provider.google"
                },
                "google_storage_bucket.tfer--test-calitp-dbt-python-models": {
                    "type": "google_storage_bucket",
                    "depends_on": [],
                    "primary": {
                        "id": "test-calitp-dbt-python-models",
                        "attributes": {
                            "autoclass.#": "0",
                            "cors.#": "0",
                            "custom_placement_config.#": "0",
                            "default_event_based_hold": "false",
                            "effective_labels.%": "0",
                            "enable_object_retention": "false",
                            "encryption.#": "0",
                            "force_destroy": "false",
                            "hierarchical_namespace.#": "1",
                            "hierarchical_namespace.0.enabled": "false",
                            "id": "test-calitp-dbt-python-models",
                            "labels.%": "0",
                            "lifecycle_rule.#": "0",
                            "location": "US-WEST2",
                            "logging.#": "0",
                            "name": "test-calitp-dbt-python-models",
                            "project": "",
                            "project_number": "1005246706141",
                            "public_access_prevention": "enforced",
                            "requester_pays": "false",
                            "retention_policy.#": "0",
                            "self_link": "https://www.googleapis.com/storage/v1/b/test-calitp-dbt-python-models",
                            "soft_delete_policy.#": "1",
                            "soft_delete_policy.0.effective_time": "2024-03-01T08:00:00.000Z",
                            "soft_delete_policy.0.retention_duration_seconds": "604800",
                            "storage_class": "STANDARD",
                            "terraform_labels.%": "0",
                            "uniform_bucket_level_access": "true",
                            "url": "gs://test-calitp-dbt-python-models",
                            "versioning.#": "0",
                            "website.#": "0"
                        },
                        "meta": {
                            "schema_version": 3
                        },
                        "tainted": false
                    },
                    "deposed": [],
                    "provider": "provider.google"
                },
                "google_storage_bucket.tfer--test-calitp-elavon": {
                    "type": "google_storage_bucket",
                    "depends_on": [],
                    "primary": {
                        "id": "test-calitp-elavon",
                        "attributes": {
                            "autoclass.#": "0",
                            "cors.#": "0",
                            "custom_placement_config.#": "0",
                            "default_event_based_hold": "false",
                            "effective_labels.%": "0",
                            "enable_object_retention": "false",
                            "encryption.#": "0",
                            "force_destroy": "false",
                            "hierarchical_namespace.#": "1",
                            "hierarchical_namespace.0.enabled": "false",
                            "id": "test-calitp-elavon",
                            "labels.%": "0",
                            "lifecycle_rule.#": "2",
                            "lifecycle_rule.0.action.#": "1",
                            "lifecycle_rule.0.action.0.storage_class": "",
                            "lifecycle_rule.0.action.0.type": "Delete",
                            "lifecycle_rule.0.condition.#": "1",
                            "lifecycle_rule.0.condition.0.age": "0",
                            "lifecycle_rule.0.condition.0.created_before": "",
                            "lifecycle_rule.0.condition.0.custom_time_before": "",
                            "lifecycle_rule.0.condition.0.days_since_custom_time": "0",
                            "lifecycle_rule.0.condition.0.days_since_noncurrent_time": "0",
                            "lifecycle_rule.0.condition.0.matches_prefix.#": "0",
                            "lifecycle_rule.0.condition.0.matches_storage_class.#": "0",
                            "lifecycle_rule.0.condition.0.matches_suffix.#": "0",
                            "lifecycle_rule.0.condition.0.noncurrent_time_before": "",
                            "lifecycle_rule.0.condition.0.num_newer_versions": "1",
                            "lifecycle_rule.0.condition.0.send_age_if_zero": "false",
                            "lifecycle_rule.0.condition.0.send_days_since_custom_time_if_zero": "false",
                            "lifecycle_rule.0.condition.0.send_days_since_noncurrent_time_if_zero": "false",
                            "lifecycle_rule.0.condition.0.send_num_newer_versions_if_zero": "false",
                            "lifecycle_rule.0.condition.0.with_state": "ARCHIVED",
                            "lifecycle_rule.1.action.#": "1",
                            "lifecycle_rule.1.action.0.storage_class": "",
                            "lifecycle_rule.1.action.0.type": "Delete",
                            "lifecycle_rule.1.condition.#": "1",
                            "lifecycle_rule.1.condition.0.age": "0",
                            "lifecycle_rule.1.condition.0.created_before": "",
                            "lifecycle_rule.1.condition.0.custom_time_before": "",
                            "lifecycle_rule.1.condition.0.days_since_custom_time": "0",
                            "lifecycle_rule.1.condition.0.days_since_noncurrent_time": "7",
                            "lifecycle_rule.1.condition.0.matches_prefix.#": "0",
                            "lifecycle_rule.1.condition.0.matches_storage_class.#": "0",
                            "lifecycle_rule.1.condition.0.matches_suffix.#": "0",
                            "lifecycle_rule.1.condition.0.noncurrent_time_before": "",
                            "lifecycle_rule.1.condition.0.num_newer_versions": "0",
                            "lifecycle_rule.1.condition.0.send_age_if_zero": "false",
                            "lifecycle_rule.1.condition.0.send_days_since_custom_time_if_zero": "false",
                            "lifecycle_rule.1.condition.0.send_days_since_noncurrent_time_if_zero": "false",
                            "lifecycle_rule.1.condition.0.send_num_newer_versions_if_zero": "false",
                            "lifecycle_rule.1.condition.0.with_state": "ANY",
                            "location": "US-WEST2",
                            "logging.#": "0",
                            "name": "test-calitp-elavon",
                            "project": "",
                            "project_number": "1005246706141",
                            "public_access_prevention": "enforced",
                            "requester_pays": "false",
                            "retention_policy.#": "0",
                            "self_link": "https://www.googleapis.com/storage/v1/b/test-calitp-elavon",
                            "soft_delete_policy.#": "1",
                            "soft_delete_policy.0.effective_time": "2024-03-01T08:00:00.000Z",
                            "soft_delete_policy.0.retention_duration_seconds": "604800",
                            "storage_class": "STANDARD",
                            "terraform_labels.%": "0",
                            "uniform_bucket_level_access": "true",
                            "url": "gs://test-calitp-elavon",
                            "versioning.#": "1",
                            "versioning.0.enabled": "true",
                            "website.#": "0"
                        },
                        "meta": {
                            "schema_version": 3
                        },
                        "tainted": false
                    },
                    "deposed": [],
                    "provider": "provider.google"
                },
                "google_storage_bucket.tfer--test-calitp-elavon-parsed": {
                    "type": "google_storage_bucket",
                    "depends_on": [],
                    "primary": {
                        "id": "test-calitp-elavon-parsed",
                        "attributes": {
                            "autoclass.#": "0",
                            "cors.#": "0",
                            "custom_placement_config.#": "0",
                            "default_event_based_hold": "false",
                            "effective_labels.%": "0",
                            "enable_object_retention": "false",
                            "encryption.#": "0",
                            "force_destroy": "false",
                            "hierarchical_namespace.#": "1",
                            "hierarchical_namespace.0.enabled": "false",
                            "id": "test-calitp-elavon-parsed",
                            "labels.%": "0",
                            "lifecycle_rule.#": "0",
                            "location": "US-WEST2",
                            "logging.#": "0",
                            "name": "test-calitp-elavon-parsed",
                            "project": "",
                            "project_number": "1005246706141",
                            "public_access_prevention": "enforced",
                            "requester_pays": "false",
                            "retention_policy.#": "0",
                            "self_link": "https://www.googleapis.com/storage/v1/b/test-calitp-elavon-parsed",
                            "soft_delete_policy.#": "1",
                            "soft_delete_policy.0.effective_time": "2024-03-01T08:00:00.000Z",
                            "soft_delete_policy.0.retention_duration_seconds": "604800",
                            "storage_class": "STANDARD",
                            "terraform_labels.%": "0",
                            "uniform_bucket_level_access": "true",
                            "url": "gs://test-calitp-elavon-parsed",
                            "versioning.#": "0",
                            "website.#": "0"
                        },
                        "meta": {
                            "schema_version": 3
                        },
                        "tainted": false
                    },
                    "deposed": [],
                    "provider": "provider.google"
                },
                "google_storage_bucket.tfer--test-calitp-elavon-raw": {
                    "type": "google_storage_bucket",
                    "depends_on": [],
                    "primary": {
                        "id": "test-calitp-elavon-raw",
                        "attributes": {
                            "autoclass.#": "0",
                            "cors.#": "0",
                            "custom_placement_config.#": "0",
                            "default_event_based_hold": "false",
                            "effective_labels.%": "0",
                            "enable_object_retention": "false",
                            "encryption.#": "0",
                            "force_destroy": "false",
                            "hierarchical_namespace.#": "1",
                            "hierarchical_namespace.0.enabled": "false",
                            "id": "test-calitp-elavon-raw",
                            "labels.%": "0",
                            "lifecycle_rule.#": "0",
                            "location": "US-WEST2",
                            "logging.#": "0",
                            "name": "test-calitp-elavon-raw",
                            "project": "",
                            "project_number": "1005246706141",
                            "public_access_prevention": "enforced",
                            "requester_pays": "false",
                            "retention_policy.#": "0",
                            "self_link": "https://www.googleapis.com/storage/v1/b/test-calitp-elavon-raw",
                            "soft_delete_policy.#": "1",
                            "soft_delete_policy.0.effective_time": "2024-03-01T08:00:00.000Z",
                            "soft_delete_policy.0.retention_duration_seconds": "604800",
                            "storage_class": "STANDARD",
                            "terraform_labels.%": "0",
                            "uniform_bucket_level_access": "true",
                            "url": "gs://test-calitp-elavon-raw",
                            "versioning.#": "0",
                            "website.#": "0"
                        },
                        "meta": {
                            "schema_version": 3
                        },
                        "tainted": false
                    },
                    "deposed": [],
                    "provider": "provider.google"
                },
                "google_storage_bucket.tfer--test-calitp-gtfs-config": {
                    "type": "google_storage_bucket",
                    "depends_on": [],
                    "primary": {
                        "id": "test-calitp-gtfs-config",
                        "attributes": {
                            "autoclass.#": "0",
                            "cors.#": "0",
                            "custom_placement_config.#": "0",
                            "default_event_based_hold": "false",
                            "effective_labels.%": "0",
                            "enable_object_retention": "false",
                            "encryption.#": "0",
                            "force_destroy": "false",
                            "hierarchical_namespace.#": "1",
                            "hierarchical_namespace.0.enabled": "false",
                            "id": "test-calitp-gtfs-config",
                            "labels.%": "0",
                            "lifecycle_rule.#": "0",
                            "location": "US-WEST2",
                            "logging.#": "0",
                            "name": "test-calitp-gtfs-config",
                            "project": "",
                            "project_number": "1005246706141",
                            "public_access_prevention": "inherited",
                            "requester_pays": "false",
                            "retention_policy.#": "0",
                            "self_link": "https://www.googleapis.com/storage/v1/b/test-calitp-gtfs-config",
                            "soft_delete_policy.#": "1",
                            "soft_delete_policy.0.effective_time": "2024-03-01T08:00:00.000Z",
                            "soft_delete_policy.0.retention_duration_seconds": "604800",
                            "storage_class": "STANDARD",
                            "terraform_labels.%": "0",
                            "uniform_bucket_level_access": "true",
                            "url": "gs://test-calitp-gtfs-config",
                            "versioning.#": "0",
                            "website.#": "0"
                        },
                        "meta": {
                            "schema_version": 3
                        },
                        "tainted": false
                    },
                    "deposed": [],
                    "provider": "provider.google"
                },
                "google_storage_bucket.tfer--test-calitp-gtfs-download-config": {
                    "type": "google_storage_bucket",
                    "depends_on": [],
                    "primary": {
                        "id": "test-calitp-gtfs-download-config",
                        "attributes": {
                            "autoclass.#": "0",
                            "cors.#": "0",
                            "custom_placement_config.#": "0",
                            "default_event_based_hold": "false",
                            "effective_labels.%": "0",
                            "enable_object_retention": "false",
                            "encryption.#": "0",
                            "force_destroy": "false",
                            "hierarchical_namespace.#": "1",
                            "hierarchical_namespace.0.enabled": "false",
                            "id": "test-calitp-gtfs-download-config",
                            "labels.%": "0",
                            "lifecycle_rule.#": "0",
                            "location": "US-WEST2",
                            "logging.#": "0",
                            "name": "test-calitp-gtfs-download-config",
                            "project": "",
                            "project_number": "1005246706141",
                            "public_access_prevention": "inherited",
                            "requester_pays": "false",
                            "retention_policy.#": "0",
                            "self_link": "https://www.googleapis.com/storage/v1/b/test-calitp-gtfs-download-config",
                            "soft_delete_policy.#": "1",
                            "soft_delete_policy.0.effective_time": "2024-03-01T08:00:00.000Z",
                            "soft_delete_policy.0.retention_duration_seconds": "604800",
                            "storage_class": "STANDARD",
                            "terraform_labels.%": "0",
                            "uniform_bucket_level_access": "true",
                            "url": "gs://test-calitp-gtfs-download-config",
                            "versioning.#": "0",
                            "website.#": "0"
                        },
                        "meta": {
                            "schema_version": 3
                        },
                        "tainted": false
                    },
                    "deposed": [],
                    "provider": "provider.google"
                },
                "google_storage_bucket.tfer--test-calitp-gtfs-raw": {
                    "type": "google_storage_bucket",
                    "depends_on": [],
                    "primary": {
                        "id": "test-calitp-gtfs-raw",
                        "attributes": {
                            "autoclass.#": "0",
                            "cors.#": "0",
                            "custom_placement_config.#": "0",
                            "default_event_based_hold": "false",
                            "effective_labels.%": "0",
                            "enable_object_retention": "false",
                            "encryption.#": "0",
                            "force_destroy": "false",
                            "hierarchical_namespace.#": "1",
                            "hierarchical_namespace.0.enabled": "false",
                            "id": "test-calitp-gtfs-raw",
                            "labels.%": "0",
                            "lifecycle_rule.#": "0",
                            "location": "US-WEST2",
                            "logging.#": "0",
                            "name": "test-calitp-gtfs-raw",
                            "project": "",
                            "project_number": "1005246706141",
                            "public_access_prevention": "inherited",
                            "requester_pays": "false",
                            "retention_policy.#": "0",
                            "self_link": "https://www.googleapis.com/storage/v1/b/test-calitp-gtfs-raw",
                            "soft_delete_policy.#": "1",
                            "soft_delete_policy.0.effective_time": "2024-03-01T08:00:00.000Z",
                            "soft_delete_policy.0.retention_duration_seconds": "604800",
                            "storage_class": "STANDARD",
                            "terraform_labels.%": "0",
                            "uniform_bucket_level_access": "true",
                            "url": "gs://test-calitp-gtfs-raw",
                            "versioning.#": "0",
                            "website.#": "0"
                        },
                        "meta": {
                            "schema_version": 3
                        },
                        "tainted": false
                    },
                    "deposed": [],
                    "provider": "provider.google"
                },
                "google_storage_bucket.tfer--test-calitp-gtfs-rt-parsed": {
                    "type": "google_storage_bucket",
                    "depends_on": [],
                    "primary": {
                        "id": "test-calitp-gtfs-rt-parsed",
                        "attributes": {
                            "autoclass.#": "0",
                            "cors.#": "0",
                            "custom_placement_config.#": "0",
                            "default_event_based_hold": "false",
                            "effective_labels.%": "0",
                            "enable_object_retention": "false",
                            "encryption.#": "0",
                            "force_destroy": "false",
                            "hierarchical_namespace.#": "1",
                            "hierarchical_namespace.0.enabled": "false",
                            "id": "test-calitp-gtfs-rt-parsed",
                            "labels.%": "0",
                            "lifecycle_rule.#": "0",
                            "location": "US-WEST2",
                            "logging.#": "0",
                            "name": "test-calitp-gtfs-rt-parsed",
                            "project": "",
                            "project_number": "1005246706141",
                            "public_access_prevention": "inherited",
                            "requester_pays": "false",
                            "retention_policy.#": "0",
                            "self_link": "https://www.googleapis.com/storage/v1/b/test-calitp-gtfs-rt-parsed",
                            "soft_delete_policy.#": "1",
                            "soft_delete_policy.0.effective_time": "2024-03-01T08:00:00.000Z",
                            "soft_delete_policy.0.retention_duration_seconds": "604800",
                            "storage_class": "STANDARD",
                            "terraform_labels.%": "0",
                            "uniform_bucket_level_access": "true",
                            "url": "gs://test-calitp-gtfs-rt-parsed",
                            "versioning.#": "0",
                            "website.#": "0"
                        },
                        "meta": {
                            "schema_version": 3
                        },
                        "tainted": false
                    },
                    "deposed": [],
                    "provider": "provider.google"
                },
                "google_storage_bucket.tfer--test-calitp-gtfs-rt-raw": {
                    "type": "google_storage_bucket",
                    "depends_on": [],
                    "primary": {
                        "id": "test-calitp-gtfs-rt-raw",
                        "attributes": {
                            "autoclass.#": "0",
                            "cors.#": "0",
                            "custom_placement_config.#": "0",
                            "default_event_based_hold": "false",
                            "effective_labels.%": "0",
                            "enable_object_retention": "false",
                            "encryption.#": "0",
                            "force_destroy": "false",
                            "hierarchical_namespace.#": "1",
                            "hierarchical_namespace.0.enabled": "false",
                            "id": "test-calitp-gtfs-rt-raw",
                            "labels.%": "0",
                            "lifecycle_rule.#": "0",
                            "location": "US-WEST2",
                            "logging.#": "0",
                            "name": "test-calitp-gtfs-rt-raw",
                            "project": "",
                            "project_number": "1005246706141",
                            "public_access_prevention": "inherited",
                            "requester_pays": "false",
                            "retention_policy.#": "0",
                            "self_link": "https://www.googleapis.com/storage/v1/b/test-calitp-gtfs-rt-raw",
                            "soft_delete_policy.#": "1",
                            "soft_delete_policy.0.effective_time": "2024-03-01T08:00:00.000Z",
                            "soft_delete_policy.0.retention_duration_seconds": "604800",
                            "storage_class": "STANDARD",
                            "terraform_labels.%": "0",
                            "uniform_bucket_level_access": "true",
                            "url": "gs://test-calitp-gtfs-rt-raw",
                            "versioning.#": "0",
                            "website.#": "0"
                        },
                        "meta": {
                            "schema_version": 3
                        },
                        "tainted": false
                    },
                    "deposed": [],
                    "provider": "provider.google"
                },
                "google_storage_bucket.tfer--test-calitp-gtfs-rt-raw-v2": {
                    "type": "google_storage_bucket",
                    "depends_on": [],
                    "primary": {
                        "id": "test-calitp-gtfs-rt-raw-v2",
                        "attributes": {
                            "autoclass.#": "0",
                            "cors.#": "0",
                            "custom_placement_config.#": "0",
                            "default_event_based_hold": "false",
                            "effective_labels.%": "0",
                            "enable_object_retention": "false",
                            "encryption.#": "0",
                            "force_destroy": "false",
                            "hierarchical_namespace.#": "1",
                            "hierarchical_namespace.0.enabled": "false",
                            "id": "test-calitp-gtfs-rt-raw-v2",
                            "labels.%": "0",
                            "lifecycle_rule.#": "0",
                            "location": "US-WEST2",
                            "logging.#": "0",
                            "name": "test-calitp-gtfs-rt-raw-v2",
                            "project": "",
                            "project_number": "1005246706141",
                            "public_access_prevention": "inherited",
                            "requester_pays": "false",
                            "retention_policy.#": "0",
                            "self_link": "https://www.googleapis.com/storage/v1/b/test-calitp-gtfs-rt-raw-v2",
                            "soft_delete_policy.#": "1",
                            "soft_delete_policy.0.effective_time": "2024-03-01T08:00:00.000Z",
                            "soft_delete_policy.0.retention_duration_seconds": "604800",
                            "storage_class": "STANDARD",
                            "terraform_labels.%": "0",
                            "uniform_bucket_level_access": "true",
                            "url": "gs://test-calitp-gtfs-rt-raw-v2",
                            "versioning.#": "0",
                            "website.#": "0"
                        },
                        "meta": {
                            "schema_version": 3
                        },
                        "tainted": false
                    },
                    "deposed": [],
                    "provider": "provider.google"
                },
                "google_storage_bucket.tfer--test-calitp-gtfs-rt-validation": {
                    "type": "google_storage_bucket",
                    "depends_on": [],
                    "primary": {
                        "id": "test-calitp-gtfs-rt-validation",
                        "attributes": {
                            "autoclass.#": "0",
                            "cors.#": "0",
                            "custom_placement_config.#": "0",
                            "default_event_based_hold": "false",
                            "effective_labels.%": "0",
                            "enable_object_retention": "false",
                            "encryption.#": "0",
                            "force_destroy": "false",
                            "hierarchical_namespace.#": "1",
                            "hierarchical_namespace.0.enabled": "false",
                            "id": "test-calitp-gtfs-rt-validation",
                            "labels.%": "0",
                            "lifecycle_rule.#": "0",
                            "location": "US-WEST2",
                            "logging.#": "0",
                            "name": "test-calitp-gtfs-rt-validation",
                            "project": "",
                            "project_number": "1005246706141",
                            "public_access_prevention": "inherited",
                            "requester_pays": "false",
                            "retention_policy.#": "0",
                            "self_link": "https://www.googleapis.com/storage/v1/b/test-calitp-gtfs-rt-validation",
                            "soft_delete_policy.#": "1",
                            "soft_delete_policy.0.effective_time": "2024-03-01T08:00:00.000Z",
                            "soft_delete_policy.0.retention_duration_seconds": "604800",
                            "storage_class": "STANDARD",
                            "terraform_labels.%": "0",
                            "uniform_bucket_level_access": "true",
                            "url": "gs://test-calitp-gtfs-rt-validation",
                            "versioning.#": "0",
                            "website.#": "0"
                        },
                        "meta": {
                            "schema_version": 3
                        },
                        "tainted": false
                    },
                    "deposed": [],
                    "provider": "provider.google"
                },
                "google_storage_bucket.tfer--test-calitp-gtfs-schedule-parsed": {
                    "type": "google_storage_bucket",
                    "depends_on": [],
                    "primary": {
                        "id": "test-calitp-gtfs-schedule-parsed",
                        "attributes": {
                            "autoclass.#": "0",
                            "cors.#": "0",
                            "custom_placement_config.#": "0",
                            "default_event_based_hold": "false",
                            "effective_labels.%": "0",
                            "enable_object_retention": "false",
                            "encryption.#": "0",
                            "force_destroy": "false",
                            "hierarchical_namespace.#": "1",
                            "hierarchical_namespace.0.enabled": "false",
                            "id": "test-calitp-gtfs-schedule-parsed",
                            "labels.%": "0",
                            "lifecycle_rule.#": "0",
                            "location": "US-WEST2",
                            "logging.#": "0",
                            "name": "test-calitp-gtfs-schedule-parsed",
                            "project": "",
                            "project_number": "1005246706141",
                            "public_access_prevention": "inherited",
                            "requester_pays": "false",
                            "retention_policy.#": "0",
                            "self_link": "https://www.googleapis.com/storage/v1/b/test-calitp-gtfs-schedule-parsed",
                            "soft_delete_policy.#": "1",
                            "soft_delete_policy.0.effective_time": "2024-03-01T08:00:00.000Z",
                            "soft_delete_policy.0.retention_duration_seconds": "604800",
                            "storage_class": "STANDARD",
                            "terraform_labels.%": "0",
                            "uniform_bucket_level_access": "true",
                            "url": "gs://test-calitp-gtfs-schedule-parsed",
                            "versioning.#": "0",
                            "website.#": "0"
                        },
                        "meta": {
                            "schema_version": 3
                        },
                        "tainted": false
                    },
                    "deposed": [],
                    "provider": "provider.google"
                },
                "google_storage_bucket.tfer--test-calitp-gtfs-schedule-parsed-hourly": {
                    "type": "google_storage_bucket",
                    "depends_on": [],
                    "primary": {
                        "id": "test-calitp-gtfs-schedule-parsed-hourly",
                        "attributes": {
                            "autoclass.#": "0",
                            "cors.#": "0",
                            "custom_placement_config.#": "0",
                            "default_event_based_hold": "false",
                            "effective_labels.%": "0",
                            "enable_object_retention": "false",
                            "encryption.#": "0",
                            "force_destroy": "false",
                            "hierarchical_namespace.#": "1",
                            "hierarchical_namespace.0.enabled": "false",
                            "id": "test-calitp-gtfs-schedule-parsed-hourly",
                            "labels.%": "0",
                            "lifecycle_rule.#": "0",
                            "location": "US-WEST2",
                            "logging.#": "0",
                            "name": "test-calitp-gtfs-schedule-parsed-hourly",
                            "project": "",
                            "project_number": "1005246706141",
                            "public_access_prevention": "enforced",
                            "requester_pays": "false",
                            "retention_policy.#": "0",
                            "self_link": "https://www.googleapis.com/storage/v1/b/test-calitp-gtfs-schedule-parsed-hourly",
                            "soft_delete_policy.#": "1",
                            "soft_delete_policy.0.effective_time": "2024-03-01T08:00:00.000Z",
                            "soft_delete_policy.0.retention_duration_seconds": "604800",
                            "storage_class": "STANDARD",
                            "terraform_labels.%": "0",
                            "uniform_bucket_level_access": "true",
                            "url": "gs://test-calitp-gtfs-schedule-parsed-hourly",
                            "versioning.#": "0",
                            "website.#": "0"
                        },
                        "meta": {
                            "schema_version": 3
                        },
                        "tainted": false
                    },
                    "deposed": [],
                    "provider": "provider.google"
                },
                "google_storage_bucket.tfer--test-calitp-gtfs-schedule-processed": {
                    "type": "google_storage_bucket",
                    "depends_on": [],
                    "primary": {
                        "id": "test-calitp-gtfs-schedule-processed",
                        "attributes": {
                            "autoclass.#": "0",
                            "cors.#": "0",
                            "custom_placement_config.#": "0",
                            "default_event_based_hold": "false",
                            "effective_labels.%": "0",
                            "enable_object_retention": "false",
                            "encryption.#": "0",
                            "force_destroy": "false",
                            "hierarchical_namespace.#": "1",
                            "hierarchical_namespace.0.enabled": "false",
                            "id": "test-calitp-gtfs-schedule-processed",
                            "labels.%": "0",
                            "lifecycle_rule.#": "0",
                            "location": "US-WEST2",
                            "logging.#": "0",
                            "name": "test-calitp-gtfs-schedule-processed",
                            "project": "",
                            "project_number": "1005246706141",
                            "public_access_prevention": "inherited",
                            "requester_pays": "false",
                            "retention_policy.#": "0",
                            "self_link": "https://www.googleapis.com/storage/v1/b/test-calitp-gtfs-schedule-processed",
                            "soft_delete_policy.#": "1",
                            "soft_delete_policy.0.effective_time": "2024-03-01T08:00:00.000Z",
                            "soft_delete_policy.0.retention_duration_seconds": "604800",
                            "storage_class": "STANDARD",
                            "terraform_labels.%": "0",
                            "uniform_bucket_level_access": "true",
                            "url": "gs://test-calitp-gtfs-schedule-processed",
                            "versioning.#": "0",
                            "website.#": "0"
                        },
                        "meta": {
                            "schema_version": 3
                        },
                        "tainted": false
                    },
                    "deposed": [],
                    "provider": "provider.google"
                },
                "google_storage_bucket.tfer--test-calitp-gtfs-schedule-raw": {
                    "type": "google_storage_bucket",
                    "depends_on": [],
                    "primary": {
                        "id": "test-calitp-gtfs-schedule-raw",
                        "attributes": {
                            "autoclass.#": "0",
                            "cors.#": "0",
                            "custom_placement_config.#": "0",
                            "default_event_based_hold": "false",
                            "effective_labels.%": "0",
                            "enable_object_retention": "false",
                            "encryption.#": "0",
                            "force_destroy": "false",
                            "hierarchical_namespace.#": "1",
                            "hierarchical_namespace.0.enabled": "false",
                            "id": "test-calitp-gtfs-schedule-raw",
                            "labels.%": "0",
                            "lifecycle_rule.#": "0",
                            "location": "US-WEST2",
                            "logging.#": "0",
                            "name": "test-calitp-gtfs-schedule-raw",
                            "project": "",
                            "project_number": "1005246706141",
                            "public_access_prevention": "inherited",
                            "requester_pays": "false",
                            "retention_policy.#": "1",
                            "retention_policy.0.is_locked": "false",
                            "retention_policy.0.retention_period": "2678400",
                            "self_link": "https://www.googleapis.com/storage/v1/b/test-calitp-gtfs-schedule-raw",
                            "soft_delete_policy.#": "1",
                            "soft_delete_policy.0.effective_time": "2024-03-01T08:00:00.000Z",
                            "soft_delete_policy.0.retention_duration_seconds": "604800",
                            "storage_class": "STANDARD",
                            "terraform_labels.%": "0",
                            "uniform_bucket_level_access": "true",
                            "url": "gs://test-calitp-gtfs-schedule-raw",
                            "versioning.#": "0",
                            "website.#": "0"
                        },
                        "meta": {
                            "schema_version": 3
                        },
                        "tainted": false
                    },
                    "deposed": [],
                    "provider": "provider.google"
                },
                "google_storage_bucket.tfer--test-calitp-gtfs-schedule-raw-v2": {
                    "type": "google_storage_bucket",
                    "depends_on": [],
                    "primary": {
                        "id": "test-calitp-gtfs-schedule-raw-v2",
                        "attributes": {
                            "autoclass.#": "0",
                            "cors.#": "0",
                            "custom_placement_config.#": "0",
                            "default_event_based_hold": "false",
                            "effective_labels.%": "0",
                            "enable_object_retention": "false",
                            "encryption.#": "0",
                            "force_destroy": "false",
                            "hierarchical_namespace.#": "1",
                            "hierarchical_namespace.0.enabled": "false",
                            "id": "test-calitp-gtfs-schedule-raw-v2",
                            "labels.%": "0",
                            "lifecycle_rule.#": "0",
                            "location": "US-WEST2",
                            "logging.#": "0",
                            "name": "test-calitp-gtfs-schedule-raw-v2",
                            "project": "",
                            "project_number": "1005246706141",
                            "public_access_prevention": "inherited",
                            "requester_pays": "false",
                            "retention_policy.#": "0",
                            "self_link": "https://www.googleapis.com/storage/v1/b/test-calitp-gtfs-schedule-raw-v2",
                            "soft_delete_policy.#": "1",
                            "soft_delete_policy.0.effective_time": "2024-03-01T08:00:00.000Z",
                            "soft_delete_policy.0.retention_duration_seconds": "604800",
                            "storage_class": "STANDARD",
                            "terraform_labels.%": "0",
                            "uniform_bucket_level_access": "true",
                            "url": "gs://test-calitp-gtfs-schedule-raw-v2",
                            "versioning.#": "0",
                            "website.#": "0"
                        },
                        "meta": {
                            "schema_version": 3
                        },
                        "tainted": false
                    },
                    "deposed": [],
                    "provider": "provider.google"
                },
                "google_storage_bucket.tfer--test-calitp-gtfs-schedule-raw-v2-backfill-test": {
                    "type": "google_storage_bucket",
                    "depends_on": [],
                    "primary": {
                        "id": "test-calitp-gtfs-schedule-raw-v2-backfill-test",
                        "attributes": {
                            "autoclass.#": "0",
                            "cors.#": "0",
                            "custom_placement_config.#": "0",
                            "default_event_based_hold": "false",
                            "effective_labels.%": "0",
                            "enable_object_retention": "false",
                            "encryption.#": "0",
                            "force_destroy": "false",
                            "hierarchical_namespace.#": "1",
                            "hierarchical_namespace.0.enabled": "false",
                            "id": "test-calitp-gtfs-schedule-raw-v2-backfill-test",
                            "labels.%": "0",
                            "lifecycle_rule.#": "0",
                            "location": "US-WEST2",
                            "logging.#": "0",
                            "name": "test-calitp-gtfs-schedule-raw-v2-backfill-test",
                            "project": "",
                            "project_number": "1005246706141",
                            "public_access_prevention": "enforced",
                            "requester_pays": "false",
                            "retention_policy.#": "0",
                            "self_link": "https://www.googleapis.com/storage/v1/b/test-calitp-gtfs-schedule-raw-v2-backfill-test",
                            "soft_delete_policy.#": "1",
                            "soft_delete_policy.0.effective_time": "2024-03-01T08:00:00.000Z",
                            "soft_delete_policy.0.retention_duration_seconds": "604800",
                            "storage_class": "STANDARD",
                            "terraform_labels.%": "0",
                            "uniform_bucket_level_access": "true",
                            "url": "gs://test-calitp-gtfs-schedule-raw-v2-backfill-test",
                            "versioning.#": "0",
                            "website.#": "0"
                        },
                        "meta": {
                            "schema_version": 3
                        },
                        "tainted": false
                    },
                    "deposed": [],
                    "provider": "provider.google"
                },
                "google_storage_bucket.tfer--test-calitp-gtfs-schedule-unzipped": {
                    "type": "google_storage_bucket",
                    "depends_on": [],
                    "primary": {
                        "id": "test-calitp-gtfs-schedule-unzipped",
                        "attributes": {
                            "autoclass.#": "0",
                            "cors.#": "0",
                            "custom_placement_config.#": "0",
                            "default_event_based_hold": "false",
                            "effective_labels.%": "0",
                            "enable_object_retention": "false",
                            "encryption.#": "0",
                            "force_destroy": "false",
                            "hierarchical_namespace.#": "1",
                            "hierarchical_namespace.0.enabled": "false",
                            "id": "test-calitp-gtfs-schedule-unzipped",
                            "labels.%": "0",
                            "lifecycle_rule.#": "0",
                            "location": "US-WEST2",
                            "logging.#": "0",
                            "name": "test-calitp-gtfs-schedule-unzipped",
                            "project": "",
                            "project_number": "1005246706141",
                            "public_access_prevention": "enforced",
                            "requester_pays": "false",
                            "retention_policy.#": "0",
                            "self_link": "https://www.googleapis.com/storage/v1/b/test-calitp-gtfs-schedule-unzipped",
                            "soft_delete_policy.#": "1",
                            "soft_delete_policy.0.effective_time": "2024-03-01T08:00:00.000Z",
                            "soft_delete_policy.0.retention_duration_seconds": "604800",
                            "storage_class": "STANDARD",
                            "terraform_labels.%": "0",
                            "uniform_bucket_level_access": "true",
                            "url": "gs://test-calitp-gtfs-schedule-unzipped",
                            "versioning.#": "0",
                            "website.#": "0"
                        },
                        "meta": {
                            "schema_version": 3
                        },
                        "tainted": false
                    },
                    "deposed": [],
                    "provider": "provider.google"
                },
                "google_storage_bucket.tfer--test-calitp-gtfs-schedule-unzipped-hourly": {
                    "type": "google_storage_bucket",
                    "depends_on": [],
                    "primary": {
                        "id": "test-calitp-gtfs-schedule-unzipped-hourly",
                        "attributes": {
                            "autoclass.#": "0",
                            "cors.#": "0",
                            "custom_placement_config.#": "0",
                            "default_event_based_hold": "false",
                            "effective_labels.%": "0",
                            "enable_object_retention": "false",
                            "encryption.#": "0",
                            "force_destroy": "false",
                            "hierarchical_namespace.#": "1",
                            "hierarchical_namespace.0.enabled": "false",
                            "id": "test-calitp-gtfs-schedule-unzipped-hourly",
                            "labels.%": "0",
                            "lifecycle_rule.#": "0",
                            "location": "US-WEST2",
                            "logging.#": "0",
                            "name": "test-calitp-gtfs-schedule-unzipped-hourly",
                            "project": "",
                            "project_number": "1005246706141",
                            "public_access_prevention": "enforced",
                            "requester_pays": "false",
                            "retention_policy.#": "0",
                            "self_link": "https://www.googleapis.com/storage/v1/b/test-calitp-gtfs-schedule-unzipped-hourly",
                            "soft_delete_policy.#": "1",
                            "soft_delete_policy.0.effective_time": "2024-03-01T08:00:00.000Z",
                            "soft_delete_policy.0.retention_duration_seconds": "604800",
                            "storage_class": "STANDARD",
                            "terraform_labels.%": "0",
                            "uniform_bucket_level_access": "true",
                            "url": "gs://test-calitp-gtfs-schedule-unzipped-hourly",
                            "versioning.#": "0",
                            "website.#": "0"
                        },
                        "meta": {
                            "schema_version": 3
                        },
                        "tainted": false
                    },
                    "deposed": [],
                    "provider": "provider.google"
                },
                "google_storage_bucket.tfer--test-calitp-gtfs-schedule-validation": {
                    "type": "google_storage_bucket",
                    "depends_on": [],
                    "primary": {
                        "id": "test-calitp-gtfs-schedule-validation",
                        "attributes": {
                            "autoclass.#": "0",
                            "cors.#": "0",
                            "custom_placement_config.#": "0",
                            "default_event_based_hold": "false",
                            "effective_labels.%": "0",
                            "enable_object_retention": "false",
                            "encryption.#": "0",
                            "force_destroy": "false",
                            "hierarchical_namespace.#": "1",
                            "hierarchical_namespace.0.enabled": "false",
                            "id": "test-calitp-gtfs-schedule-validation",
                            "labels.%": "0",
                            "lifecycle_rule.#": "0",
                            "location": "US-WEST2",
                            "logging.#": "0",
                            "name": "test-calitp-gtfs-schedule-validation",
                            "project": "",
                            "project_number": "1005246706141",
                            "public_access_prevention": "inherited",
                            "requester_pays": "false",
                            "retention_policy.#": "0",
                            "self_link": "https://www.googleapis.com/storage/v1/b/test-calitp-gtfs-schedule-validation",
                            "soft_delete_policy.#": "1",
                            "soft_delete_policy.0.effective_time": "2024-03-01T08:00:00.000Z",
                            "soft_delete_policy.0.retention_duration_seconds": "604800",
                            "storage_class": "STANDARD",
                            "terraform_labels.%": "0",
                            "uniform_bucket_level_access": "true",
                            "url": "gs://test-calitp-gtfs-schedule-validation",
                            "versioning.#": "0",
                            "website.#": "0"
                        },
                        "meta": {
                            "schema_version": 3
                        },
                        "tainted": false
                    },
                    "deposed": [],
                    "provider": "provider.google"
                },
                "google_storage_bucket.tfer--test-calitp-gtfs-schedule-validation-hourly": {
                    "type": "google_storage_bucket",
                    "depends_on": [],
                    "primary": {
                        "id": "test-calitp-gtfs-schedule-validation-hourly",
                        "attributes": {
                            "autoclass.#": "0",
                            "cors.#": "0",
                            "custom_placement_config.#": "0",
                            "default_event_based_hold": "false",
                            "effective_labels.%": "0",
                            "enable_object_retention": "false",
                            "encryption.#": "0",
                            "force_destroy": "false",
                            "hierarchical_namespace.#": "1",
                            "hierarchical_namespace.0.enabled": "false",
                            "id": "test-calitp-gtfs-schedule-validation-hourly",
                            "labels.%": "0",
                            "lifecycle_rule.#": "0",
                            "location": "US-WEST2",
                            "logging.#": "0",
                            "name": "test-calitp-gtfs-schedule-validation-hourly",
                            "project": "",
                            "project_number": "1005246706141",
                            "public_access_prevention": "enforced",
                            "requester_pays": "false",
                            "retention_policy.#": "0",
                            "self_link": "https://www.googleapis.com/storage/v1/b/test-calitp-gtfs-schedule-validation-hourly",
                            "soft_delete_policy.#": "1",
                            "soft_delete_policy.0.effective_time": "2024-03-01T08:00:00.000Z",
                            "soft_delete_policy.0.retention_duration_seconds": "604800",
                            "storage_class": "STANDARD",
                            "terraform_labels.%": "0",
                            "uniform_bucket_level_access": "true",
                            "url": "gs://test-calitp-gtfs-schedule-validation-hourly",
                            "versioning.#": "0",
                            "website.#": "0"
                        },
                        "meta": {
                            "schema_version": 3
                        },
                        "tainted": false
                    },
                    "deposed": [],
                    "provider": "provider.google"
                },
                "google_storage_bucket.tfer--test-calitp-ntd-api-products": {
                    "type": "google_storage_bucket",
                    "depends_on": [],
                    "primary": {
                        "id": "test-calitp-ntd-api-products",
                        "attributes": {
                            "autoclass.#": "0",
                            "cors.#": "0",
                            "custom_placement_config.#": "0",
                            "default_event_based_hold": "false",
                            "effective_labels.%": "0",
                            "enable_object_retention": "false",
                            "encryption.#": "0",
                            "force_destroy": "false",
                            "hierarchical_namespace.#": "1",
                            "hierarchical_namespace.0.enabled": "false",
                            "id": "test-calitp-ntd-api-products",
                            "labels.%": "0",
                            "lifecycle_rule.#": "0",
                            "location": "US",
                            "logging.#": "0",
                            "name": "test-calitp-ntd-api-products",
                            "project": "",
                            "project_number": "1005246706141",
                            "public_access_prevention": "enforced",
                            "requester_pays": "false",
                            "retention_policy.#": "0",
                            "rpo": "DEFAULT",
                            "self_link": "https://www.googleapis.com/storage/v1/b/test-calitp-ntd-api-products",
                            "soft_delete_policy.#": "1",
                            "soft_delete_policy.0.effective_time": "2024-11-13T21:37:58.448Z",
                            "soft_delete_policy.0.retention_duration_seconds": "604800",
                            "storage_class": "STANDARD",
                            "terraform_labels.%": "0",
                            "uniform_bucket_level_access": "true",
                            "url": "gs://test-calitp-ntd-api-products",
                            "versioning.#": "0",
                            "website.#": "0"
                        },
                        "meta": {
                            "schema_version": 3
                        },
                        "tainted": false
                    },
                    "deposed": [],
                    "provider": "provider.google"
                },
                "google_storage_bucket.tfer--test-calitp-ntd-data-products": {
                    "type": "google_storage_bucket",
                    "depends_on": [],
                    "primary": {
                        "id": "test-calitp-ntd-data-products",
                        "attributes": {
                            "autoclass.#": "0",
                            "cors.#": "0",
                            "custom_placement_config.#": "0",
                            "default_event_based_hold": "false",
                            "effective_labels.%": "0",
                            "enable_object_retention": "false",
                            "encryption.#": "0",
                            "force_destroy": "false",
                            "hierarchical_namespace.#": "1",
                            "hierarchical_namespace.0.enabled": "false",
                            "id": "test-calitp-ntd-data-products",
                            "labels.%": "0",
                            "lifecycle_rule.#": "0",
                            "location": "US-WEST2",
                            "logging.#": "0",
                            "name": "test-calitp-ntd-data-products",
                            "project": "",
                            "project_number": "1005246706141",
                            "public_access_prevention": "enforced",
                            "requester_pays": "false",
                            "retention_policy.#": "0",
                            "self_link": "https://www.googleapis.com/storage/v1/b/test-calitp-ntd-data-products",
                            "soft_delete_policy.#": "1",
                            "soft_delete_policy.0.effective_time": "2024-03-01T08:00:00.000Z",
                            "soft_delete_policy.0.retention_duration_seconds": "604800",
                            "storage_class": "STANDARD",
                            "terraform_labels.%": "0",
                            "uniform_bucket_level_access": "true",
                            "url": "gs://test-calitp-ntd-data-products",
                            "versioning.#": "0",
                            "website.#": "0"
                        },
                        "meta": {
                            "schema_version": 3
                        },
                        "tainted": false
                    },
                    "deposed": [],
                    "provider": "provider.google"
                },
                "google_storage_bucket.tfer--test-calitp-ntd-report-validation": {
                    "type": "google_storage_bucket",
                    "depends_on": [],
                    "primary": {
                        "id": "test-calitp-ntd-report-validation",
                        "attributes": {
                            "autoclass.#": "0",
                            "cors.#": "0",
                            "custom_placement_config.#": "0",
                            "default_event_based_hold": "false",
                            "effective_labels.%": "0",
                            "enable_object_retention": "false",
                            "encryption.#": "0",
                            "force_destroy": "false",
                            "hierarchical_namespace.#": "1",
                            "hierarchical_namespace.0.enabled": "false",
                            "id": "test-calitp-ntd-report-validation",
                            "labels.%": "0",
                            "lifecycle_rule.#": "0",
                            "location": "US-WEST2",
                            "logging.#": "0",
                            "name": "test-calitp-ntd-report-validation",
                            "project": "",
                            "project_number": "1005246706141",
                            "public_access_prevention": "enforced",
                            "requester_pays": "false",
                            "retention_policy.#": "0",
                            "self_link": "https://www.googleapis.com/storage/v1/b/test-calitp-ntd-report-validation",
                            "soft_delete_policy.#": "1",
                            "soft_delete_policy.0.effective_time": "2024-03-01T08:00:00.000Z",
                            "soft_delete_policy.0.retention_duration_seconds": "604800",
                            "storage_class": "STANDARD",
                            "terraform_labels.%": "0",
                            "uniform_bucket_level_access": "true",
                            "url": "gs://test-calitp-ntd-report-validation",
                            "versioning.#": "0",
                            "website.#": "0"
                        },
                        "meta": {
                            "schema_version": 3
                        },
                        "tainted": false
                    },
                    "deposed": [],
                    "provider": "provider.google"
                },
                "google_storage_bucket.tfer--test-calitp-ntd-xlsx-products-clean": {
                    "type": "google_storage_bucket",
                    "depends_on": [],
                    "primary": {
                        "id": "test-calitp-ntd-xlsx-products-clean",
                        "attributes": {
                            "autoclass.#": "0",
                            "cors.#": "0",
                            "custom_placement_config.#": "0",
                            "default_event_based_hold": "false",
                            "effective_labels.%": "0",
                            "enable_object_retention": "false",
                            "encryption.#": "0",
                            "force_destroy": "false",
                            "hierarchical_namespace.#": "1",
                            "hierarchical_namespace.0.enabled": "false",
                            "id": "test-calitp-ntd-xlsx-products-clean",
                            "labels.%": "0",
                            "lifecycle_rule.#": "0",
                            "location": "US",
                            "logging.#": "0",
                            "name": "test-calitp-ntd-xlsx-products-clean",
                            "project": "",
                            "project_number": "1005246706141",
                            "public_access_prevention": "enforced",
                            "requester_pays": "false",
                            "retention_policy.#": "0",
                            "rpo": "DEFAULT",
                            "self_link": "https://www.googleapis.com/storage/v1/b/test-calitp-ntd-xlsx-products-clean",
                            "soft_delete_policy.#": "1",
                            "soft_delete_policy.0.effective_time": "2024-11-06T00:15:34.914Z",
                            "soft_delete_policy.0.retention_duration_seconds": "604800",
                            "storage_class": "STANDARD",
                            "terraform_labels.%": "0",
                            "uniform_bucket_level_access": "true",
                            "url": "gs://test-calitp-ntd-xlsx-products-clean",
                            "versioning.#": "0",
                            "website.#": "0"
                        },
                        "meta": {
                            "schema_version": 3
                        },
                        "tainted": false
                    },
                    "deposed": [],
                    "provider": "provider.google"
                },
                "google_storage_bucket.tfer--test-calitp-ntd-xlsx-products-raw": {
                    "type": "google_storage_bucket",
                    "depends_on": [],
                    "primary": {
                        "id": "test-calitp-ntd-xlsx-products-raw",
                        "attributes": {
                            "autoclass.#": "0",
                            "cors.#": "0",
                            "custom_placement_config.#": "0",
                            "default_event_based_hold": "false",
                            "effective_labels.%": "0",
                            "enable_object_retention": "false",
                            "encryption.#": "0",
                            "force_destroy": "false",
                            "hierarchical_namespace.#": "1",
                            "hierarchical_namespace.0.enabled": "false",
                            "id": "test-calitp-ntd-xlsx-products-raw",
                            "labels.%": "0",
                            "lifecycle_rule.#": "0",
                            "location": "US",
                            "logging.#": "0",
                            "name": "test-calitp-ntd-xlsx-products-raw",
                            "project": "",
                            "project_number": "1005246706141",
                            "public_access_prevention": "enforced",
                            "requester_pays": "false",
                            "retention_policy.#": "0",
                            "rpo": "DEFAULT",
                            "self_link": "https://www.googleapis.com/storage/v1/b/test-calitp-ntd-xlsx-products-raw",
                            "soft_delete_policy.#": "1",
                            "soft_delete_policy.0.effective_time": "2024-11-06T00:14:46.335Z",
                            "soft_delete_policy.0.retention_duration_seconds": "604800",
                            "storage_class": "STANDARD",
                            "terraform_labels.%": "0",
                            "uniform_bucket_level_access": "true",
                            "url": "gs://test-calitp-ntd-xlsx-products-raw",
                            "versioning.#": "0",
                            "website.#": "0"
                        },
                        "meta": {
                            "schema_version": 3
                        },
                        "tainted": false
                    },
                    "deposed": [],
                    "provider": "provider.google"
                },
                "google_storage_bucket.tfer--test-calitp-payments-littlepay-parsed": {
                    "type": "google_storage_bucket",
                    "depends_on": [],
                    "primary": {
                        "id": "test-calitp-payments-littlepay-parsed",
                        "attributes": {
                            "autoclass.#": "0",
                            "cors.#": "0",
                            "custom_placement_config.#": "0",
                            "default_event_based_hold": "false",
                            "effective_labels.%": "0",
                            "enable_object_retention": "false",
                            "encryption.#": "0",
                            "force_destroy": "false",
                            "hierarchical_namespace.#": "1",
                            "hierarchical_namespace.0.enabled": "false",
                            "id": "test-calitp-payments-littlepay-parsed",
                            "labels.%": "0",
                            "lifecycle_rule.#": "0",
                            "location": "US-WEST2",
                            "logging.#": "0",
                            "name": "test-calitp-payments-littlepay-parsed",
                            "project": "",
                            "project_number": "1005246706141",
                            "public_access_prevention": "enforced",
                            "requester_pays": "false",
                            "retention_policy.#": "0",
                            "self_link": "https://www.googleapis.com/storage/v1/b/test-calitp-payments-littlepay-parsed",
                            "soft_delete_policy.#": "1",
                            "soft_delete_policy.0.effective_time": "2024-03-01T08:00:00.000Z",
                            "soft_delete_policy.0.retention_duration_seconds": "604800",
                            "storage_class": "STANDARD",
                            "terraform_labels.%": "0",
                            "uniform_bucket_level_access": "true",
                            "url": "gs://test-calitp-payments-littlepay-parsed",
                            "versioning.#": "0",
                            "website.#": "0"
                        },
                        "meta": {
                            "schema_version": 3
                        },
                        "tainted": false
                    },
                    "deposed": [],
                    "provider": "provider.google"
                },
                "google_storage_bucket.tfer--test-calitp-payments-littlepay-raw": {
                    "type": "google_storage_bucket",
                    "depends_on": [],
                    "primary": {
                        "id": "test-calitp-payments-littlepay-raw",
                        "attributes": {
                            "autoclass.#": "0",
                            "cors.#": "0",
                            "custom_placement_config.#": "0",
                            "default_event_based_hold": "false",
                            "effective_labels.%": "0",
                            "enable_object_retention": "false",
                            "encryption.#": "0",
                            "force_destroy": "false",
                            "hierarchical_namespace.#": "1",
                            "hierarchical_namespace.0.enabled": "false",
                            "id": "test-calitp-payments-littlepay-raw",
                            "labels.%": "0",
                            "lifecycle_rule.#": "0",
                            "location": "US-WEST2",
                            "logging.#": "0",
                            "name": "test-calitp-payments-littlepay-raw",
                            "project": "",
                            "project_number": "1005246706141",
                            "public_access_prevention": "enforced",
                            "requester_pays": "false",
                            "retention_policy.#": "0",
                            "self_link": "https://www.googleapis.com/storage/v1/b/test-calitp-payments-littlepay-raw",
                            "soft_delete_policy.#": "1",
                            "soft_delete_policy.0.effective_time": "2024-03-01T08:00:00.000Z",
                            "soft_delete_policy.0.retention_duration_seconds": "604800",
                            "storage_class": "STANDARD",
                            "terraform_labels.%": "0",
                            "uniform_bucket_level_access": "true",
                            "url": "gs://test-calitp-payments-littlepay-raw",
                            "versioning.#": "0",
                            "website.#": "0"
                        },
                        "meta": {
                            "schema_version": 3
                        },
                        "tainted": false
                    },
                    "deposed": [],
                    "provider": "provider.google"
                },
                "google_storage_bucket.tfer--test-calitp-publish": {
                    "type": "google_storage_bucket",
                    "depends_on": [],
                    "primary": {
                        "id": "test-calitp-publish",
                        "attributes": {
                            "autoclass.#": "0",
                            "cors.#": "0",
                            "custom_placement_config.#": "0",
                            "default_event_based_hold": "false",
                            "effective_labels.%": "0",
                            "enable_object_retention": "false",
                            "encryption.#": "0",
                            "force_destroy": "false",
                            "hierarchical_namespace.#": "1",
                            "hierarchical_namespace.0.enabled": "false",
                            "id": "test-calitp-publish",
                            "labels.%": "0",
                            "lifecycle_rule.#": "0",
                            "location": "US-WEST2",
                            "logging.#": "0",
                            "name": "test-calitp-publish",
                            "project": "",
                            "project_number": "1005246706141",
                            "public_access_prevention": "inherited",
                            "requester_pays": "false",
                            "retention_policy.#": "0",
                            "self_link": "https://www.googleapis.com/storage/v1/b/test-calitp-publish",
                            "soft_delete_policy.#": "1",
                            "soft_delete_policy.0.effective_time": "2024-03-01T08:00:00.000Z",
                            "soft_delete_policy.0.retention_duration_seconds": "604800",
                            "storage_class": "STANDARD",
                            "terraform_labels.%": "0",
                            "uniform_bucket_level_access": "true",
                            "url": "gs://test-calitp-publish",
                            "versioning.#": "0",
                            "website.#": "0"
                        },
                        "meta": {
                            "schema_version": 3
                        },
                        "tainted": false
                    },
                    "deposed": [],
                    "provider": "provider.google"
                },
                "google_storage_bucket.tfer--test-calitp-publish-data-analysis": {
                    "type": "google_storage_bucket",
                    "depends_on": [],
                    "primary": {
                        "id": "test-calitp-publish-data-analysis",
                        "attributes": {
                            "autoclass.#": "0",
                            "cors.#": "0",
                            "custom_placement_config.#": "0",
                            "default_event_based_hold": "false",
                            "effective_labels.%": "0",
                            "enable_object_retention": "false",
                            "encryption.#": "0",
                            "force_destroy": "false",
                            "hierarchical_namespace.#": "1",
                            "hierarchical_namespace.0.enabled": "false",
                            "id": "test-calitp-publish-data-analysis",
                            "labels.%": "0",
                            "lifecycle_rule.#": "0",
                            "location": "US-WEST2",
                            "logging.#": "0",
                            "name": "test-calitp-publish-data-analysis",
                            "project": "",
                            "project_number": "1005246706141",
                            "public_access_prevention": "enforced",
                            "requester_pays": "false",
                            "retention_policy.#": "0",
                            "self_link": "https://www.googleapis.com/storage/v1/b/test-calitp-publish-data-analysis",
                            "soft_delete_policy.#": "1",
                            "soft_delete_policy.0.effective_time": "2024-03-01T08:00:00.000Z",
                            "soft_delete_policy.0.retention_duration_seconds": "604800",
                            "storage_class": "STANDARD",
                            "terraform_labels.%": "0",
                            "uniform_bucket_level_access": "true",
                            "url": "gs://test-calitp-publish-data-analysis",
                            "versioning.#": "0",
                            "website.#": "0"
                        },
                        "meta": {
                            "schema_version": 3
                        },
                        "tainted": false
                    },
                    "deposed": [],
                    "provider": "provider.google"
                },
                "google_storage_bucket.tfer--test-calitp-reports-data": {
                    "type": "google_storage_bucket",
                    "depends_on": [],
                    "primary": {
                        "id": "test-calitp-reports-data",
                        "attributes": {
                            "autoclass.#": "0",
                            "cors.#": "0",
                            "custom_placement_config.#": "0",
                            "default_event_based_hold": "false",
                            "effective_labels.%": "0",
                            "enable_object_retention": "false",
                            "encryption.#": "0",
                            "force_destroy": "false",
                            "hierarchical_namespace.#": "1",
                            "hierarchical_namespace.0.enabled": "false",
                            "id": "test-calitp-reports-data",
                            "labels.%": "0",
                            "lifecycle_rule.#": "0",
                            "location": "US-WEST2",
                            "logging.#": "0",
                            "name": "test-calitp-reports-data",
                            "project": "",
                            "project_number": "1005246706141",
                            "public_access_prevention": "enforced",
                            "requester_pays": "false",
                            "retention_policy.#": "0",
                            "self_link": "https://www.googleapis.com/storage/v1/b/test-calitp-reports-data",
                            "soft_delete_policy.#": "1",
                            "soft_delete_policy.0.effective_time": "2024-03-01T08:00:00.000Z",
                            "soft_delete_policy.0.retention_duration_seconds": "604800",
                            "storage_class": "STANDARD",
                            "terraform_labels.%": "0",
                            "uniform_bucket_level_access": "true",
                            "url": "gs://test-calitp-reports-data",
                            "versioning.#": "0",
                            "website.#": "0"
                        },
                        "meta": {
                            "schema_version": 3
                        },
                        "tainted": false
                    },
                    "deposed": [],
                    "provider": "provider.google"
                },
                "google_storage_bucket.tfer--test-calitp-sentry": {
                    "type": "google_storage_bucket",
                    "depends_on": [],
                    "primary": {
                        "id": "test-calitp-sentry",
                        "attributes": {
                            "autoclass.#": "0",
                            "cors.#": "0",
                            "custom_placement_config.#": "0",
                            "default_event_based_hold": "false",
                            "effective_labels.%": "0",
                            "enable_object_retention": "false",
                            "encryption.#": "0",
                            "force_destroy": "false",
                            "hierarchical_namespace.#": "1",
                            "hierarchical_namespace.0.enabled": "false",
                            "id": "test-calitp-sentry",
                            "labels.%": "0",
                            "lifecycle_rule.#": "0",
                            "location": "US-WEST2",
                            "logging.#": "0",
                            "name": "test-calitp-sentry",
                            "project": "",
                            "project_number": "1005246706141",
                            "public_access_prevention": "enforced",
                            "requester_pays": "false",
                            "retention_policy.#": "0",
                            "self_link": "https://www.googleapis.com/storage/v1/b/test-calitp-sentry",
                            "soft_delete_policy.#": "1",
                            "soft_delete_policy.0.effective_time": "2024-03-01T08:00:00.000Z",
                            "soft_delete_policy.0.retention_duration_seconds": "604800",
                            "storage_class": "STANDARD",
                            "terraform_labels.%": "0",
                            "uniform_bucket_level_access": "true",
                            "url": "gs://test-calitp-sentry",
                            "versioning.#": "0",
                            "website.#": "0"
                        },
                        "meta": {
                            "schema_version": 3
                        },
                        "tainted": false
                    },
                    "deposed": [],
                    "provider": "provider.google"
                },
                "google_storage_bucket.tfer--test-calitp-state-geoportal-scrape": {
                    "type": "google_storage_bucket",
                    "depends_on": [],
                    "primary": {
                        "id": "test-calitp-state-geoportal-scrape",
                        "attributes": {
                            "autoclass.#": "0",
                            "cors.#": "0",
                            "custom_placement_config.#": "0",
                            "default_event_based_hold": "false",
                            "effective_labels.%": "0",
                            "enable_object_retention": "false",
                            "encryption.#": "0",
                            "force_destroy": "false",
                            "hierarchical_namespace.#": "1",
                            "hierarchical_namespace.0.enabled": "false",
                            "id": "test-calitp-state-geoportal-scrape",
                            "labels.%": "0",
                            "lifecycle_rule.#": "0",
                            "location": "US",
                            "logging.#": "0",
                            "name": "test-calitp-state-geoportal-scrape",
                            "project": "",
                            "project_number": "1005246706141",
                            "public_access_prevention": "enforced",
                            "requester_pays": "false",
                            "retention_policy.#": "0",
                            "rpo": "DEFAULT",
                            "self_link": "https://www.googleapis.com/storage/v1/b/test-calitp-state-geoportal-scrape",
                            "soft_delete_policy.#": "1",
                            "soft_delete_policy.0.effective_time": "2024-12-13T16:41:56.043Z",
                            "soft_delete_policy.0.retention_duration_seconds": "604800",
                            "storage_class": "STANDARD",
                            "terraform_labels.%": "0",
                            "uniform_bucket_level_access": "true",
                            "url": "gs://test-calitp-state-geoportal-scrape",
                            "versioning.#": "0",
                            "website.#": "0"
                        },
                        "meta": {
                            "schema_version": 3
                        },
                        "tainted": false
                    },
                    "deposed": [],
                    "provider": "provider.google"
                },
                "google_storage_bucket.tfer--test-rt-parsed": {
                    "type": "google_storage_bucket",
                    "depends_on": [],
                    "primary": {
                        "id": "test-rt-parsed",
                        "attributes": {
                            "autoclass.#": "0",
                            "cors.#": "0",
                            "custom_placement_config.#": "0",
                            "default_event_based_hold": "false",
                            "effective_labels.%": "0",
                            "enable_object_retention": "false",
                            "encryption.#": "0",
                            "force_destroy": "false",
                            "hierarchical_namespace.#": "1",
                            "hierarchical_namespace.0.enabled": "false",
                            "id": "test-rt-parsed",
                            "labels.%": "0",
                            "lifecycle_rule.#": "0",
                            "location": "US-WEST2",
                            "logging.#": "0",
                            "name": "test-rt-parsed",
                            "project": "",
                            "project_number": "1005246706141",
                            "public_access_prevention": "inherited",
                            "requester_pays": "false",
                            "retention_policy.#": "0",
                            "self_link": "https://www.googleapis.com/storage/v1/b/test-rt-parsed",
                            "soft_delete_policy.#": "1",
                            "soft_delete_policy.0.effective_time": "2024-03-01T08:00:00.000Z",
                            "soft_delete_policy.0.retention_duration_seconds": "604800",
                            "storage_class": "STANDARD",
                            "terraform_labels.%": "0",
                            "uniform_bucket_level_access": "true",
                            "url": "gs://test-rt-parsed",
                            "versioning.#": "0",
                            "website.#": "0"
                        },
                        "meta": {
                            "schema_version": 3
                        },
                        "tainted": false
                    },
                    "deposed": [],
                    "provider": "provider.google"
                },
                "google_storage_bucket.tfer--test-rt-validations": {
                    "type": "google_storage_bucket",
                    "depends_on": [],
                    "primary": {
                        "id": "test-rt-validations",
                        "attributes": {
                            "autoclass.#": "0",
                            "cors.#": "0",
                            "custom_placement_config.#": "0",
                            "default_event_based_hold": "false",
                            "effective_labels.%": "0",
                            "enable_object_retention": "false",
                            "encryption.#": "0",
                            "force_destroy": "false",
                            "hierarchical_namespace.#": "1",
                            "hierarchical_namespace.0.enabled": "false",
                            "id": "test-rt-validations",
                            "labels.%": "0",
                            "lifecycle_rule.#": "0",
                            "location": "US-WEST2",
                            "logging.#": "0",
                            "name": "test-rt-validations",
                            "project": "",
                            "project_number": "1005246706141",
                            "public_access_prevention": "inherited",
                            "requester_pays": "false",
                            "retention_policy.#": "0",
                            "self_link": "https://www.googleapis.com/storage/v1/b/test-rt-validations",
                            "soft_delete_policy.#": "1",
                            "soft_delete_policy.0.effective_time": "2024-03-01T08:00:00.000Z",
                            "soft_delete_policy.0.retention_duration_seconds": "604800",
                            "storage_class": "STANDARD",
                            "terraform_labels.%": "0",
                            "uniform_bucket_level_access": "true",
                            "url": "gs://test-rt-validations",
                            "versioning.#": "0",
                            "website.#": "0"
                        },
                        "meta": {
                            "schema_version": 3
                        },
                        "tainted": false
                    },
                    "deposed": [],
                    "provider": "provider.google"
                },
                "google_storage_bucket.tfer--us-002E-artifacts-002E-cal-itp-data-infra-002E-appspot-002E-com": {
                    "type": "google_storage_bucket",
                    "depends_on": [],
                    "primary": {
                        "id": "us.artifacts.cal-itp-data-infra.appspot.com",
                        "attributes": {
                            "autoclass.#": "0",
                            "cors.#": "0",
                            "custom_placement_config.#": "0",
                            "default_event_based_hold": "false",
                            "effective_labels.%": "0",
                            "enable_object_retention": "false",
                            "encryption.#": "0",
                            "force_destroy": "false",
                            "hierarchical_namespace.#": "1",
                            "hierarchical_namespace.0.enabled": "false",
                            "id": "us.artifacts.cal-itp-data-infra.appspot.com",
                            "labels.%": "0",
                            "lifecycle_rule.#": "0",
                            "location": "US",
                            "logging.#": "0",
                            "name": "us.artifacts.cal-itp-data-infra.appspot.com",
                            "project": "",
                            "project_number": "1005246706141",
                            "public_access_prevention": "inherited",
                            "requester_pays": "false",
                            "retention_policy.#": "0",
                            "rpo": "DEFAULT",
                            "self_link": "https://www.googleapis.com/storage/v1/b/us.artifacts.cal-itp-data-infra.appspot.com",
                            "soft_delete_policy.#": "1",
                            "soft_delete_policy.0.effective_time": "2024-03-01T08:00:00.000Z",
                            "soft_delete_policy.0.retention_duration_seconds": "604800",
                            "storage_class": "STANDARD",
                            "terraform_labels.%": "0",
                            "uniform_bucket_level_access": "false",
                            "url": "gs://us.artifacts.cal-itp-data-infra.appspot.com",
                            "versioning.#": "0",
                            "website.#": "0"
                        },
                        "meta": {
                            "schema_version": 3
                        },
                        "tainted": false
                    },
                    "deposed": [],
                    "provider": "provider.google"
                },
                "google_storage_bucket.tfer--us-west2-calitp-airflow2-pr-171e4e47-bucket": {
                    "type": "google_storage_bucket",
                    "depends_on": [],
                    "primary": {
                        "id": "us-west2-calitp-airflow2-pr-171e4e47-bucket",
                        "attributes": {
                            "autoclass.#": "0",
                            "cors.#": "0",
                            "custom_placement_config.#": "0",
                            "default_event_based_hold": "false",
                            "effective_labels.%": "5",
                            "effective_labels.goog-composer-environment": "calitp-airflow2-prod",
                            "effective_labels.goog-composer-environment-deleted": "true",
                            "effective_labels.goog-composer-environment-uuid": "8731c3aa-7c40-4da7-9bf6-6aa1759ec2ec",
                            "effective_labels.goog-composer-location": "us-west2",
                            "effective_labels.goog-composer-version": "composer-1-20-6-airflow-2-4-3",
                            "enable_object_retention": "false",
                            "encryption.#": "0",
                            "force_destroy": "false",
                            "hierarchical_namespace.#": "1",
                            "hierarchical_namespace.0.enabled": "false",
                            "id": "us-west2-calitp-airflow2-pr-171e4e47-bucket",
                            "labels.%": "0",
                            "lifecycle_rule.#": "0",
                            "location": "US-WEST2",
                            "logging.#": "0",
                            "name": "us-west2-calitp-airflow2-pr-171e4e47-bucket",
                            "project": "",
                            "project_number": "1005246706141",
                            "public_access_prevention": "inherited",
                            "requester_pays": "false",
                            "retention_policy.#": "0",
                            "self_link": "https://www.googleapis.com/storage/v1/b/us-west2-calitp-airflow2-pr-171e4e47-bucket",
                            "soft_delete_policy.#": "1",
                            "soft_delete_policy.0.effective_time": "2024-03-01T08:00:00.000Z",
                            "soft_delete_policy.0.retention_duration_seconds": "604800",
                            "storage_class": "STANDARD",
                            "terraform_labels.%": "0",
                            "uniform_bucket_level_access": "false",
                            "url": "gs://us-west2-calitp-airflow2-pr-171e4e47-bucket",
                            "versioning.#": "0",
                            "website.#": "0"
                        },
                        "meta": {
                            "schema_version": 3
                        },
                        "tainted": false
                    },
                    "deposed": [],
                    "provider": "provider.google"
                },
                "google_storage_bucket.tfer--us-west2-calitp-airflow2-pr-31e41084-bucket": {
                    "type": "google_storage_bucket",
                    "depends_on": [],
                    "primary": {
                        "id": "us-west2-calitp-airflow2-pr-31e41084-bucket",
                        "attributes": {
                            "autoclass.#": "0",
                            "cors.#": "0",
                            "custom_placement_config.#": "0",
                            "default_event_based_hold": "false",
                            "effective_labels.%": "5",
                            "effective_labels.goog-composer-environment": "calitp-airflow2-prod-composer2",
                            "effective_labels.goog-composer-environment-deleted": "true",
                            "effective_labels.goog-composer-environment-uuid": "43d3f4a4-235d-4f04-addc-6d86e6542b09",
                            "effective_labels.goog-composer-location": "us-west2",
                            "effective_labels.goog-composer-version": "composer-2-6-0-airflow-2-5-3",
                            "enable_object_retention": "false",
                            "encryption.#": "0",
                            "force_destroy": "false",
                            "hierarchical_namespace.#": "1",
                            "hierarchical_namespace.0.enabled": "false",
                            "id": "us-west2-calitp-airflow2-pr-31e41084-bucket",
                            "labels.%": "0",
                            "lifecycle_rule.#": "0",
                            "location": "US-WEST2",
                            "logging.#": "0",
                            "name": "us-west2-calitp-airflow2-pr-31e41084-bucket",
                            "project": "",
                            "project_number": "1005246706141",
                            "public_access_prevention": "inherited",
                            "requester_pays": "false",
                            "retention_policy.#": "0",
                            "self_link": "https://www.googleapis.com/storage/v1/b/us-west2-calitp-airflow2-pr-31e41084-bucket",
                            "soft_delete_policy.#": "1",
                            "soft_delete_policy.0.effective_time": "2024-03-01T08:00:00.000Z",
                            "soft_delete_policy.0.retention_duration_seconds": "604800",
                            "storage_class": "STANDARD",
                            "terraform_labels.%": "0",
                            "uniform_bucket_level_access": "false",
                            "url": "gs://us-west2-calitp-airflow2-pr-31e41084-bucket",
                            "versioning.#": "0",
                            "website.#": "0"
                        },
                        "meta": {
                            "schema_version": 3
                        },
                        "tainted": false
                    },
                    "deposed": [],
                    "provider": "provider.google"
                },
                "google_storage_bucket.tfer--us-west2-calitp-airflow2-pr-88ca8ec6-bucket": {
                    "type": "google_storage_bucket",
                    "depends_on": [],
                    "primary": {
                        "id": "us-west2-calitp-airflow2-pr-88ca8ec6-bucket",
                        "attributes": {
                            "autoclass.#": "0",
                            "cors.#": "0",
                            "custom_placement_config.#": "0",
                            "default_event_based_hold": "false",
                            "effective_labels.%": "4",
                            "effective_labels.goog-composer-environment": "calitp-airflow2-prod-composer2-patch",
                            "effective_labels.goog-composer-environment-uuid": "b2062ffc-a77d-44a2-8b4e-05f8f5bf4996",
                            "effective_labels.goog-composer-location": "us-west2",
                            "effective_labels.goog-composer-version": "composer-2-6-0-airflow-2-5-3",
                            "enable_object_retention": "false",
                            "encryption.#": "0",
                            "force_destroy": "false",
                            "hierarchical_namespace.#": "1",
                            "hierarchical_namespace.0.enabled": "false",
                            "id": "us-west2-calitp-airflow2-pr-88ca8ec6-bucket",
                            "labels.%": "0",
                            "lifecycle_rule.#": "0",
                            "location": "US-WEST2",
                            "logging.#": "0",
                            "name": "us-west2-calitp-airflow2-pr-88ca8ec6-bucket",
                            "project": "",
                            "project_number": "1005246706141",
                            "public_access_prevention": "inherited",
                            "requester_pays": "false",
                            "retention_policy.#": "0",
                            "self_link": "https://www.googleapis.com/storage/v1/b/us-west2-calitp-airflow2-pr-88ca8ec6-bucket",
                            "soft_delete_policy.#": "1",
                            "soft_delete_policy.0.effective_time": "2024-03-01T08:00:00.000Z",
                            "soft_delete_policy.0.retention_duration_seconds": "604800",
                            "storage_class": "STANDARD",
                            "terraform_labels.%": "0",
                            "uniform_bucket_level_access": "false",
                            "url": "gs://us-west2-calitp-airflow2-pr-88ca8ec6-bucket",
                            "versioning.#": "0",
                            "website.#": "0"
                        },
                        "meta": {
                            "schema_version": 3
                        },
                        "tainted": false
                    },
                    "deposed": [],
                    "provider": "provider.google"
                },
                "google_storage_bucket_acl.tfer--analysis-output-models": {
                    "type": "google_storage_bucket_acl",
                    "depends_on": [],
                    "primary": {
                        "id": "analysis-output-models",
                        "attributes": {
                            "bucket": "analysis-output-models",
                            "id": "analysis-output-models",
                            "role_entity.#": "0"
                        },
                        "meta": {
                            "schema_version": 0
                        },
                        "tainted": false
                    },
                    "deposed": [],
                    "provider": "provider.google"
                },
                "google_storage_bucket_acl.tfer--artifacts-002E-cal-itp-data-infra-002E-appspot-002E-com": {
                    "type": "google_storage_bucket_acl",
                    "depends_on": [],
                    "primary": {
                        "id": "artifacts.cal-itp-data-infra.appspot.com",
                        "attributes": {
                            "bucket": "artifacts.cal-itp-data-infra.appspot.com",
                            "id": "artifacts.cal-itp-data-infra.appspot.com",
                            "role_entity.#": "0"
                        },
                        "meta": {
                            "schema_version": 0
                        },
                        "tainted": false
                    },
                    "deposed": [],
                    "provider": "provider.google"
                },
                "google_storage_bucket_acl.tfer--cal-itp-data-infra-002E-appspot-002E-com": {
                    "type": "google_storage_bucket_acl",
                    "depends_on": [],
                    "primary": {
                        "id": "cal-itp-data-infra.appspot.com",
                        "attributes": {
                            "bucket": "cal-itp-data-infra.appspot.com",
                            "id": "cal-itp-data-infra.appspot.com",
                            "role_entity.#": "0"
                        },
                        "meta": {
                            "schema_version": 0
                        },
                        "tainted": false
                    },
                    "deposed": [],
                    "provider": "provider.google"
                },
                "google_storage_bucket_acl.tfer--calitp-aggregator-scraper": {
                    "type": "google_storage_bucket_acl",
                    "depends_on": [],
                    "primary": {
                        "id": "calitp-aggregator-scraper",
                        "attributes": {
                            "bucket": "calitp-aggregator-scraper",
                            "id": "calitp-aggregator-scraper",
                            "role_entity.#": "0"
                        },
                        "meta": {
                            "schema_version": 0
                        },
                        "tainted": false
                    },
                    "deposed": [],
                    "provider": "provider.google"
                },
                "google_storage_bucket_acl.tfer--calitp-airtable": {
                    "type": "google_storage_bucket_acl",
                    "depends_on": [],
                    "primary": {
                        "id": "calitp-airtable",
                        "attributes": {
                            "bucket": "calitp-airtable",
                            "id": "calitp-airtable",
                            "role_entity.#": "0"
                        },
                        "meta": {
                            "schema_version": 0
                        },
                        "tainted": false
                    },
                    "deposed": [],
                    "provider": "provider.google"
                },
                "google_storage_bucket_acl.tfer--calitp-amplitude-benefits-events": {
                    "type": "google_storage_bucket_acl",
                    "depends_on": [],
                    "primary": {
                        "id": "calitp-amplitude-benefits-events",
                        "attributes": {
                            "bucket": "calitp-amplitude-benefits-events",
                            "id": "calitp-amplitude-benefits-events",
                            "role_entity.#": "0"
                        },
                        "meta": {
                            "schema_version": 0
                        },
                        "tainted": false
                    },
                    "deposed": [],
                    "provider": "provider.google"
                },
                "google_storage_bucket_acl.tfer--calitp-analytics-data": {
                    "type": "google_storage_bucket_acl",
                    "depends_on": [],
                    "primary": {
                        "id": "calitp-analytics-data",
                        "attributes": {
                            "bucket": "calitp-analytics-data",
                            "id": "calitp-analytics-data",
                            "role_entity.#": "0"
                        },
                        "meta": {
                            "schema_version": 0
                        },
                        "tainted": false
                    },
                    "deposed": [],
                    "provider": "provider.google"
                },
                "google_storage_bucket_acl.tfer--calitp-backups-grafana": {
                    "type": "google_storage_bucket_acl",
                    "depends_on": [],
                    "primary": {
                        "id": "calitp-backups-grafana",
                        "attributes": {
                            "bucket": "calitp-backups-grafana",
                            "id": "calitp-backups-grafana",
                            "role_entity.#": "0"
                        },
                        "meta": {
                            "schema_version": 0
                        },
                        "tainted": false
                    },
                    "deposed": [],
                    "provider": "provider.google"
                },
                "google_storage_bucket_acl.tfer--calitp-backups-metabase": {
                    "type": "google_storage_bucket_acl",
                    "depends_on": [],
                    "primary": {
                        "id": "calitp-backups-metabase",
                        "attributes": {
                            "bucket": "calitp-backups-metabase",
                            "id": "calitp-backups-metabase",
                            "role_entity.#": "0"
                        },
                        "meta": {
                            "schema_version": 0
                        },
                        "tainted": false
                    },
                    "deposed": [],
                    "provider": "provider.google"
                },
                "google_storage_bucket_acl.tfer--calitp-backups-sentry": {
                    "type": "google_storage_bucket_acl",
                    "depends_on": [],
                    "primary": {
                        "id": "calitp-backups-sentry",
                        "attributes": {
                            "bucket": "calitp-backups-sentry",
                            "id": "calitp-backups-sentry",
                            "role_entity.#": "0"
                        },
                        "meta": {
                            "schema_version": 0
                        },
                        "tainted": false
                    },
                    "deposed": [],
                    "provider": "provider.google"
                },
                "google_storage_bucket_acl.tfer--calitp-backups-test": {
                    "type": "google_storage_bucket_acl",
                    "depends_on": [],
                    "primary": {
                        "id": "calitp-backups-test",
                        "attributes": {
                            "bucket": "calitp-backups-test",
                            "id": "calitp-backups-test",
                            "role_entity.#": "0"
                        },
                        "meta": {
                            "schema_version": 0
                        },
                        "tainted": false
                    },
                    "deposed": [],
                    "provider": "provider.google"
                },
                "google_storage_bucket_acl.tfer--calitp-ci-artifacts": {
                    "type": "google_storage_bucket_acl",
                    "depends_on": [],
                    "primary": {
                        "id": "calitp-ci-artifacts",
                        "attributes": {
                            "bucket": "calitp-ci-artifacts",
                            "id": "calitp-ci-artifacts",
                            "role_entity.#": "0"
                        },
                        "meta": {
                            "schema_version": 0
                        },
                        "tainted": false
                    },
                    "deposed": [],
                    "provider": "provider.google"
                },
                "google_storage_bucket_acl.tfer--calitp-dbt-artifacts": {
                    "type": "google_storage_bucket_acl",
                    "depends_on": [],
                    "primary": {
                        "id": "calitp-dbt-artifacts",
                        "attributes": {
                            "bucket": "calitp-dbt-artifacts",
                            "id": "calitp-dbt-artifacts",
                            "role_entity.#": "0"
                        },
                        "meta": {
                            "schema_version": 0
                        },
                        "tainted": false
                    },
                    "deposed": [],
                    "provider": "provider.google"
                },
                "google_storage_bucket_acl.tfer--calitp-dbt-python-models": {
                    "type": "google_storage_bucket_acl",
                    "depends_on": [],
                    "primary": {
                        "id": "calitp-dbt-python-models",
                        "attributes": {
                            "bucket": "calitp-dbt-python-models",
                            "id": "calitp-dbt-python-models",
                            "role_entity.#": "0"
                        },
                        "meta": {
                            "schema_version": 0
                        },
                        "tainted": false
                    },
                    "deposed": [],
                    "provider": "provider.google"
                },
                "google_storage_bucket_acl.tfer--calitp-elavon-parsed": {
                    "type": "google_storage_bucket_acl",
                    "depends_on": [],
                    "primary": {
                        "id": "calitp-elavon-parsed",
                        "attributes": {
                            "bucket": "calitp-elavon-parsed",
                            "id": "calitp-elavon-parsed",
                            "role_entity.#": "0"
                        },
                        "meta": {
                            "schema_version": 0
                        },
                        "tainted": false
                    },
                    "deposed": [],
                    "provider": "provider.google"
                },
                "google_storage_bucket_acl.tfer--calitp-elavon-raw": {
                    "type": "google_storage_bucket_acl",
                    "depends_on": [],
                    "primary": {
                        "id": "calitp-elavon-raw",
                        "attributes": {
                            "bucket": "calitp-elavon-raw",
                            "id": "calitp-elavon-raw",
                            "role_entity.#": "0"
                        },
                        "meta": {
                            "schema_version": 0
                        },
                        "tainted": false
                    },
                    "deposed": [],
                    "provider": "provider.google"
                },
                "google_storage_bucket_acl.tfer--calitp-gtfs-download-config": {
                    "type": "google_storage_bucket_acl",
                    "depends_on": [],
                    "primary": {
                        "id": "calitp-gtfs-download-config",
                        "attributes": {
                            "bucket": "calitp-gtfs-download-config",
                            "id": "calitp-gtfs-download-config",
                            "role_entity.#": "0"
                        },
                        "meta": {
                            "schema_version": 0
                        },
                        "tainted": false
                    },
                    "deposed": [],
                    "provider": "provider.google"
                },
                "google_storage_bucket_acl.tfer--calitp-gtfs-rt-parsed": {
                    "type": "google_storage_bucket_acl",
                    "depends_on": [],
                    "primary": {
                        "id": "calitp-gtfs-rt-parsed",
                        "attributes": {
                            "bucket": "calitp-gtfs-rt-parsed",
                            "id": "calitp-gtfs-rt-parsed",
                            "role_entity.#": "0"
                        },
                        "meta": {
                            "schema_version": 0
                        },
                        "tainted": false
                    },
                    "deposed": [],
                    "provider": "provider.google"
                },
                "google_storage_bucket_acl.tfer--calitp-gtfs-rt-raw-deprecated": {
                    "type": "google_storage_bucket_acl",
                    "depends_on": [],
                    "primary": {
                        "id": "calitp-gtfs-rt-raw-deprecated",
                        "attributes": {
                            "bucket": "calitp-gtfs-rt-raw-deprecated",
                            "id": "calitp-gtfs-rt-raw-deprecated",
                            "role_entity.#": "0"
                        },
                        "meta": {
                            "schema_version": 0
                        },
                        "tainted": false
                    },
                    "deposed": [],
                    "provider": "provider.google"
                },
                "google_storage_bucket_acl.tfer--calitp-gtfs-rt-raw-v2": {
                    "type": "google_storage_bucket_acl",
                    "depends_on": [],
                    "primary": {
                        "id": "calitp-gtfs-rt-raw-v2",
                        "attributes": {
                            "bucket": "calitp-gtfs-rt-raw-v2",
                            "id": "calitp-gtfs-rt-raw-v2",
                            "role_entity.#": "0"
                        },
                        "meta": {
                            "schema_version": 0
                        },
                        "tainted": false
                    },
                    "deposed": [],
                    "provider": "provider.google"
                },
                "google_storage_bucket_acl.tfer--calitp-gtfs-rt-validation": {
                    "type": "google_storage_bucket_acl",
                    "depends_on": [],
                    "primary": {
                        "id": "calitp-gtfs-rt-validation",
                        "attributes": {
                            "bucket": "calitp-gtfs-rt-validation",
                            "id": "calitp-gtfs-rt-validation",
                            "role_entity.#": "0"
                        },
                        "meta": {
                            "schema_version": 0
                        },
                        "tainted": false
                    },
                    "deposed": [],
                    "provider": "provider.google"
                },
                "google_storage_bucket_acl.tfer--calitp-gtfs-schedule-parsed": {
                    "type": "google_storage_bucket_acl",
                    "depends_on": [],
                    "primary": {
                        "id": "calitp-gtfs-schedule-parsed",
                        "attributes": {
                            "bucket": "calitp-gtfs-schedule-parsed",
                            "id": "calitp-gtfs-schedule-parsed",
                            "role_entity.#": "0"
                        },
                        "meta": {
                            "schema_version": 0
                        },
                        "tainted": false
                    },
                    "deposed": [],
                    "provider": "provider.google"
                },
                "google_storage_bucket_acl.tfer--calitp-gtfs-schedule-parsed-hourly": {
                    "type": "google_storage_bucket_acl",
                    "depends_on": [],
                    "primary": {
                        "id": "calitp-gtfs-schedule-parsed-hourly",
                        "attributes": {
                            "bucket": "calitp-gtfs-schedule-parsed-hourly",
                            "id": "calitp-gtfs-schedule-parsed-hourly",
                            "role_entity.#": "0"
                        },
                        "meta": {
                            "schema_version": 0
                        },
                        "tainted": false
                    },
                    "deposed": [],
                    "provider": "provider.google"
                },
                "google_storage_bucket_acl.tfer--calitp-gtfs-schedule-raw-v2": {
                    "type": "google_storage_bucket_acl",
                    "depends_on": [],
                    "primary": {
                        "id": "calitp-gtfs-schedule-raw-v2",
                        "attributes": {
                            "bucket": "calitp-gtfs-schedule-raw-v2",
                            "id": "calitp-gtfs-schedule-raw-v2",
                            "role_entity.#": "0"
                        },
                        "meta": {
                            "schema_version": 0
                        },
                        "tainted": false
                    },
                    "deposed": [],
                    "provider": "provider.google"
                },
                "google_storage_bucket_acl.tfer--calitp-gtfs-schedule-unzipped": {
                    "type": "google_storage_bucket_acl",
                    "depends_on": [],
                    "primary": {
                        "id": "calitp-gtfs-schedule-unzipped",
                        "attributes": {
                            "bucket": "calitp-gtfs-schedule-unzipped",
                            "id": "calitp-gtfs-schedule-unzipped",
                            "role_entity.#": "0"
                        },
                        "meta": {
                            "schema_version": 0
                        },
                        "tainted": false
                    },
                    "deposed": [],
                    "provider": "provider.google"
                },
                "google_storage_bucket_acl.tfer--calitp-gtfs-schedule-unzipped-hourly": {
                    "type": "google_storage_bucket_acl",
                    "depends_on": [],
                    "primary": {
                        "id": "calitp-gtfs-schedule-unzipped-hourly",
                        "attributes": {
                            "bucket": "calitp-gtfs-schedule-unzipped-hourly",
                            "id": "calitp-gtfs-schedule-unzipped-hourly",
                            "role_entity.#": "0"
                        },
                        "meta": {
                            "schema_version": 0
                        },
                        "tainted": false
                    },
                    "deposed": [],
                    "provider": "provider.google"
                },
                "google_storage_bucket_acl.tfer--calitp-gtfs-schedule-validation": {
                    "type": "google_storage_bucket_acl",
                    "depends_on": [],
                    "primary": {
                        "id": "calitp-gtfs-schedule-validation",
                        "attributes": {
                            "bucket": "calitp-gtfs-schedule-validation",
                            "id": "calitp-gtfs-schedule-validation",
                            "role_entity.#": "0"
                        },
                        "meta": {
                            "schema_version": 0
                        },
                        "tainted": false
                    },
                    "deposed": [],
                    "provider": "provider.google"
                },
                "google_storage_bucket_acl.tfer--calitp-gtfs-schedule-validation-hourly": {
                    "type": "google_storage_bucket_acl",
                    "depends_on": [],
                    "primary": {
                        "id": "calitp-gtfs-schedule-validation-hourly",
                        "attributes": {
                            "bucket": "calitp-gtfs-schedule-validation-hourly",
                            "id": "calitp-gtfs-schedule-validation-hourly",
                            "role_entity.#": "0"
                        },
                        "meta": {
                            "schema_version": 0
                        },
                        "tainted": false
                    },
                    "deposed": [],
                    "provider": "provider.google"
                },
                "google_storage_bucket_acl.tfer--calitp-jamesl-gcp-components-tfstate": {
                    "type": "google_storage_bucket_acl",
                    "depends_on": [],
                    "primary": {
                        "id": "calitp-jamesl-gcp-components-tfstate",
                        "attributes": {
                            "bucket": "calitp-jamesl-gcp-components-tfstate",
                            "id": "calitp-jamesl-gcp-components-tfstate",
                            "role_entity.#": "0"
                        },
                        "meta": {
                            "schema_version": 0
                        },
                        "tainted": false
                    },
                    "deposed": [],
                    "provider": "provider.google"
                },
                "google_storage_bucket_acl.tfer--calitp-map-tiles": {
                    "type": "google_storage_bucket_acl",
                    "depends_on": [],
                    "primary": {
                        "id": "calitp-map-tiles",
                        "attributes": {
                            "bucket": "calitp-map-tiles",
                            "id": "calitp-map-tiles",
                            "role_entity.#": "0"
                        },
                        "meta": {
                            "schema_version": 0
                        },
                        "tainted": false
                    },
                    "deposed": [],
                    "provider": "provider.google"
                },
                "google_storage_bucket_acl.tfer--calitp-metabase-data-public": {
                    "type": "google_storage_bucket_acl",
                    "depends_on": [],
                    "primary": {
                        "id": "calitp-metabase-data-public",
                        "attributes": {
                            "bucket": "calitp-metabase-data-public",
                            "id": "calitp-metabase-data-public",
                            "role_entity.#": "0"
                        },
                        "meta": {
                            "schema_version": 0
                        },
                        "tainted": false
                    },
                    "deposed": [],
                    "provider": "provider.google"
                },
                "google_storage_bucket_acl.tfer--calitp-ntd-api-products": {
                    "type": "google_storage_bucket_acl",
                    "depends_on": [],
                    "primary": {
                        "id": "calitp-ntd-api-products",
                        "attributes": {
                            "bucket": "calitp-ntd-api-products",
                            "id": "calitp-ntd-api-products",
                            "role_entity.#": "0"
                        },
                        "meta": {
                            "schema_version": 0
                        },
                        "tainted": false
                    },
                    "deposed": [],
                    "provider": "provider.google"
                },
                "google_storage_bucket_acl.tfer--calitp-ntd-data-products": {
                    "type": "google_storage_bucket_acl",
                    "depends_on": [],
                    "primary": {
                        "id": "calitp-ntd-data-products",
                        "attributes": {
                            "bucket": "calitp-ntd-data-products",
                            "id": "calitp-ntd-data-products",
                            "role_entity.#": "0"
                        },
                        "meta": {
                            "schema_version": 0
                        },
                        "tainted": false
                    },
                    "deposed": [],
                    "provider": "provider.google"
                },
                "google_storage_bucket_acl.tfer--calitp-ntd-report-validation": {
                    "type": "google_storage_bucket_acl",
                    "depends_on": [],
                    "primary": {
                        "id": "calitp-ntd-report-validation",
                        "attributes": {
                            "bucket": "calitp-ntd-report-validation",
                            "id": "calitp-ntd-report-validation",
                            "role_entity.#": "0"
                        },
                        "meta": {
                            "schema_version": 0
                        },
                        "tainted": false
                    },
                    "deposed": [],
                    "provider": "provider.google"
                },
                "google_storage_bucket_acl.tfer--calitp-ntd-xlsx-products-clean": {
                    "type": "google_storage_bucket_acl",
                    "depends_on": [],
                    "primary": {
                        "id": "calitp-ntd-xlsx-products-clean",
                        "attributes": {
                            "bucket": "calitp-ntd-xlsx-products-clean",
                            "id": "calitp-ntd-xlsx-products-clean",
                            "role_entity.#": "0"
                        },
                        "meta": {
                            "schema_version": 0
                        },
                        "tainted": false
                    },
                    "deposed": [],
                    "provider": "provider.google"
                },
                "google_storage_bucket_acl.tfer--calitp-ntd-xlsx-products-raw": {
                    "type": "google_storage_bucket_acl",
                    "depends_on": [],
                    "primary": {
                        "id": "calitp-ntd-xlsx-products-raw",
                        "attributes": {
                            "bucket": "calitp-ntd-xlsx-products-raw",
                            "id": "calitp-ntd-xlsx-products-raw",
                            "role_entity.#": "0"
                        },
                        "meta": {
                            "schema_version": 0
                        },
                        "tainted": false
                    },
                    "deposed": [],
                    "provider": "provider.google"
                },
                "google_storage_bucket_acl.tfer--calitp-payments-littlepay-parsed": {
                    "type": "google_storage_bucket_acl",
                    "depends_on": [],
                    "primary": {
                        "id": "calitp-payments-littlepay-parsed",
                        "attributes": {
                            "bucket": "calitp-payments-littlepay-parsed",
                            "id": "calitp-payments-littlepay-parsed",
                            "role_entity.#": "0"
                        },
                        "meta": {
                            "schema_version": 0
                        },
                        "tainted": false
                    },
                    "deposed": [],
                    "provider": "provider.google"
                },
                "google_storage_bucket_acl.tfer--calitp-payments-littlepay-raw": {
                    "type": "google_storage_bucket_acl",
                    "depends_on": [],
                    "primary": {
                        "id": "calitp-payments-littlepay-raw",
                        "attributes": {
                            "bucket": "calitp-payments-littlepay-raw",
                            "id": "calitp-payments-littlepay-raw",
                            "role_entity.#": "0"
                        },
                        "meta": {
                            "schema_version": 0
                        },
                        "tainted": false
                    },
                    "deposed": [],
                    "provider": "provider.google"
                },
                "google_storage_bucket_acl.tfer--calitp-prod-gcp-components-tfstate": {
                    "type": "google_storage_bucket_acl",
                    "depends_on": [],
                    "primary": {
                        "id": "calitp-prod-gcp-components-tfstate",
                        "attributes": {
                            "bucket": "calitp-prod-gcp-components-tfstate",
                            "id": "calitp-prod-gcp-components-tfstate",
                            "role_entity.#": "0"
                        },
                        "meta": {
                            "schema_version": 0
                        },
                        "tainted": false
                    },
                    "deposed": [],
                    "provider": "provider.google"
                },
                "google_storage_bucket_acl.tfer--calitp-publish": {
                    "type": "google_storage_bucket_acl",
                    "depends_on": [],
                    "primary": {
                        "id": "calitp-publish",
                        "attributes": {
                            "bucket": "calitp-publish",
                            "id": "calitp-publish",
                            "role_entity.#": "0"
                        },
                        "meta": {
                            "schema_version": 0
                        },
                        "tainted": false
                    },
                    "deposed": [],
                    "provider": "provider.google"
                },
                "google_storage_bucket_acl.tfer--calitp-publish-data-analysis": {
                    "type": "google_storage_bucket_acl",
                    "depends_on": [],
                    "primary": {
                        "id": "calitp-publish-data-analysis",
                        "attributes": {
                            "bucket": "calitp-publish-data-analysis",
                            "id": "calitp-publish-data-analysis",
                            "role_entity.#": "0"
                        },
                        "meta": {
                            "schema_version": 0
                        },
                        "tainted": false
                    },
                    "deposed": [],
                    "provider": "provider.google"
                },
                "google_storage_bucket_acl.tfer--calitp-reports-data": {
                    "type": "google_storage_bucket_acl",
                    "depends_on": [],
                    "primary": {
                        "id": "calitp-reports-data",
                        "attributes": {
                            "bucket": "calitp-reports-data",
                            "id": "calitp-reports-data",
                            "role_entity.#": "0"
                        },
                        "meta": {
                            "schema_version": 0
                        },
                        "tainted": false
                    },
                    "deposed": [],
                    "provider": "provider.google"
                },
                "google_storage_bucket_acl.tfer--calitp-state-geoportal-scrape": {
                    "type": "google_storage_bucket_acl",
                    "depends_on": [],
                    "primary": {
                        "id": "calitp-state-geoportal-scrape",
                        "attributes": {
                            "bucket": "calitp-state-geoportal-scrape",
                            "id": "calitp-state-geoportal-scrape",
                            "role_entity.#": "0"
                        },
                        "meta": {
                            "schema_version": 0
                        },
                        "tainted": false
                    },
                    "deposed": [],
                    "provider": "provider.google"
                },
                "google_storage_bucket_acl.tfer--calitp-state-highway-network-stops": {
                    "type": "google_storage_bucket_acl",
                    "depends_on": [],
                    "primary": {
                        "id": "calitp-state-highway-network-stops",
                        "attributes": {
                            "bucket": "calitp-state-highway-network-stops",
                            "id": "calitp-state-highway-network-stops",
                            "role_entity.#": "0"
                        },
                        "meta": {
                            "schema_version": 0
                        },
                        "tainted": false
                    },
                    "deposed": [],
                    "provider": "provider.google"
                },
                "google_storage_bucket_acl.tfer--cold-storage-outputs-gtfs-data-test": {
                    "type": "google_storage_bucket_acl",
                    "depends_on": [],
                    "primary": {
                        "id": "cold-storage-outputs-gtfs-data-test",
                        "attributes": {
                            "bucket": "cold-storage-outputs-gtfs-data-test",
                            "id": "cold-storage-outputs-gtfs-data-test",
                            "role_entity.#": "0"
                        },
                        "meta": {
                            "schema_version": 0
                        },
                        "tainted": false
                    },
                    "deposed": [],
                    "provider": "provider.google"
                },
                "google_storage_bucket_acl.tfer--cold-storage-outputs-gtfs-data-test-charlie-test": {
                    "type": "google_storage_bucket_acl",
                    "depends_on": [],
                    "primary": {
                        "id": "cold-storage-outputs-gtfs-data-test-charlie-test",
                        "attributes": {
                            "bucket": "cold-storage-outputs-gtfs-data-test-charlie-test",
                            "id": "cold-storage-outputs-gtfs-data-test-charlie-test",
                            "role_entity.#": "0"
                        },
                        "meta": {
                            "schema_version": 0
                        },
                        "tainted": false
                    },
                    "deposed": [],
                    "provider": "provider.google"
                },
                "google_storage_bucket_acl.tfer--dataproc-staging-us-west2-1005246706141-sfgmtgyp": {
                    "type": "google_storage_bucket_acl",
                    "depends_on": [],
                    "primary": {
                        "id": "dataproc-staging-us-west2-1005246706141-sfgmtgyp",
                        "attributes": {
                            "bucket": "dataproc-staging-us-west2-1005246706141-sfgmtgyp",
                            "id": "dataproc-staging-us-west2-1005246706141-sfgmtgyp",
                            "role_entity.#": "0"
                        },
                        "meta": {
                            "schema_version": 0
                        },
                        "tainted": false
                    },
                    "deposed": [],
                    "provider": "provider.google"
                },
                "google_storage_bucket_acl.tfer--dataproc-temp-us-west2-1005246706141-x9mtxbwg": {
                    "type": "google_storage_bucket_acl",
                    "depends_on": [],
                    "primary": {
                        "id": "dataproc-temp-us-west2-1005246706141-x9mtxbwg",
                        "attributes": {
                            "bucket": "dataproc-temp-us-west2-1005246706141-x9mtxbwg",
                            "id": "dataproc-temp-us-west2-1005246706141-x9mtxbwg",
                            "role_entity.#": "0"
                        },
                        "meta": {
                            "schema_version": 0
                        },
                        "tainted": false
                    },
                    "deposed": [],
                    "provider": "provider.google"
                },
                "google_storage_bucket_acl.tfer--dev-calitp-aggregator-scraper": {
                    "type": "google_storage_bucket_acl",
                    "depends_on": [],
                    "primary": {
                        "id": "dev-calitp-aggregator-scraper",
                        "attributes": {
                            "bucket": "dev-calitp-aggregator-scraper",
                            "id": "dev-calitp-aggregator-scraper",
                            "role_entity.#": "0"
                        },
                        "meta": {
                            "schema_version": 0
                        },
                        "tainted": false
                    },
                    "deposed": [],
                    "provider": "provider.google"
                },
                "google_storage_bucket_acl.tfer--dev-calitp-gtfs-rt-raw": {
                    "type": "google_storage_bucket_acl",
                    "depends_on": [],
                    "primary": {
                        "id": "dev-calitp-gtfs-rt-raw",
                        "attributes": {
                            "bucket": "dev-calitp-gtfs-rt-raw",
                            "id": "dev-calitp-gtfs-rt-raw",
                            "role_entity.#": "0"
                        },
                        "meta": {
                            "schema_version": 0
                        },
                        "tainted": false
                    },
                    "deposed": [],
                    "provider": "provider.google"
                },
                "google_storage_bucket_acl.tfer--dev-calitp-test-sandbox": {
                    "type": "google_storage_bucket_acl",
                    "depends_on": [],
                    "primary": {
                        "id": "dev-calitp-test-sandbox",
                        "attributes": {
                            "bucket": "dev-calitp-test-sandbox",
                            "id": "dev-calitp-test-sandbox",
                            "role_entity.#": "0"
                        },
                        "meta": {
                            "schema_version": 0
                        },
                        "tainted": false
                    },
                    "deposed": [],
                    "provider": "provider.google"
                },
                "google_storage_bucket_acl.tfer--gtfs-data": {
                    "type": "google_storage_bucket_acl",
                    "depends_on": [],
                    "primary": {
                        "id": "gtfs-data",
                        "attributes": {
                            "bucket": "gtfs-data",
                            "id": "gtfs-data",
                            "role_entity.#": "0"
                        },
                        "meta": {
                            "schema_version": 0
                        },
                        "tainted": false
                    },
                    "deposed": [],
                    "provider": "provider.google"
                },
                "google_storage_bucket_acl.tfer--gtfs-data-reports": {
                    "type": "google_storage_bucket_acl",
                    "depends_on": [],
                    "primary": {
                        "id": "gtfs-data-reports",
                        "attributes": {
                            "bucket": "gtfs-data-reports",
                            "id": "gtfs-data-reports",
                            "role_entity.#": "0"
                        },
                        "meta": {
                            "schema_version": 0
                        },
                        "tainted": false
                    },
                    "deposed": [],
                    "provider": "provider.google"
                },
                "google_storage_bucket_acl.tfer--gtfs-data-test": {
                    "type": "google_storage_bucket_acl",
                    "depends_on": [],
                    "primary": {
                        "id": "gtfs-data-test",
                        "attributes": {
                            "bucket": "gtfs-data-test",
                            "id": "gtfs-data-test",
                            "role_entity.#": "0"
                        },
                        "meta": {
                            "schema_version": 0
                        },
                        "tainted": false
                    },
                    "deposed": [],
                    "provider": "provider.google"
                },
                "google_storage_bucket_acl.tfer--gtfs-data-test-reports": {
                    "type": "google_storage_bucket_acl",
                    "depends_on": [],
                    "primary": {
                        "id": "gtfs-data-test-reports",
                        "attributes": {
                            "bucket": "gtfs-data-test-reports",
                            "id": "gtfs-data-test-reports",
                            "role_entity.#": "0"
                        },
                        "meta": {
                            "schema_version": 0
                        },
                        "tainted": false
                    },
                    "deposed": [],
                    "provider": "provider.google"
                },
                "google_storage_bucket_acl.tfer--gtfs-schedule-backfill-test": {
                    "type": "google_storage_bucket_acl",
                    "depends_on": [],
                    "primary": {
                        "id": "gtfs-schedule-backfill-test",
                        "attributes": {
                            "bucket": "gtfs-schedule-backfill-test",
                            "id": "gtfs-schedule-backfill-test",
                            "role_entity.#": "0"
                        },
                        "meta": {
                            "schema_version": 0
                        },
                        "tainted": false
                    },
                    "deposed": [],
                    "provider": "provider.google"
                },
                "google_storage_bucket_acl.tfer--gtfs-schedule-backfill-test-deprecated": {
                    "type": "google_storage_bucket_acl",
                    "depends_on": [],
                    "primary": {
                        "id": "gtfs-schedule-backfill-test-deprecated",
                        "attributes": {
                            "bucket": "gtfs-schedule-backfill-test-deprecated",
                            "id": "gtfs-schedule-backfill-test-deprecated",
                            "role_entity.#": "0"
                        },
                        "meta": {
                            "schema_version": 0
                        },
                        "tainted": false
                    },
                    "deposed": [],
                    "provider": "provider.google"
                },
                "google_storage_bucket_acl.tfer--littlepay-data-extract-prod": {
                    "type": "google_storage_bucket_acl",
                    "depends_on": [],
                    "primary": {
                        "id": "littlepay-data-extract-prod",
                        "attributes": {
                            "bucket": "littlepay-data-extract-prod",
                            "id": "littlepay-data-extract-prod",
                            "role_entity.#": "0"
                        },
                        "meta": {
                            "schema_version": 0
                        },
                        "tainted": false
                    },
                    "deposed": [],
                    "provider": "provider.google"
                },
                "google_storage_bucket_acl.tfer--rt-parsed": {
                    "type": "google_storage_bucket_acl",
                    "depends_on": [],
                    "primary": {
                        "id": "rt-parsed",
                        "attributes": {
                            "bucket": "rt-parsed",
                            "id": "rt-parsed",
                            "role_entity.#": "0"
                        },
                        "meta": {
                            "schema_version": 0
                        },
                        "tainted": false
                    },
                    "deposed": [],
                    "provider": "provider.google"
                },
                "google_storage_bucket_acl.tfer--rt-parsed-deprecated": {
                    "type": "google_storage_bucket_acl",
                    "depends_on": [],
                    "primary": {
                        "id": "rt-parsed-deprecated",
                        "attributes": {
                            "bucket": "rt-parsed-deprecated",
                            "id": "rt-parsed-deprecated",
                            "role_entity.#": "0"
                        },
                        "meta": {
                            "schema_version": 0
                        },
                        "tainted": false
                    },
                    "deposed": [],
                    "provider": "provider.google"
                },
                "google_storage_bucket_acl.tfer--staging-002E-cal-itp-data-infra-002E-appspot-002E-com": {
                    "type": "google_storage_bucket_acl",
                    "depends_on": [],
                    "primary": {
                        "id": "staging.cal-itp-data-infra.appspot.com",
                        "attributes": {
                            "bucket": "staging.cal-itp-data-infra.appspot.com",
                            "id": "staging.cal-itp-data-infra.appspot.com",
                            "role_entity.#": "0"
                        },
                        "meta": {
                            "schema_version": 0
                        },
                        "tainted": false
                    },
                    "deposed": [],
                    "provider": "provider.google"
                },
                "google_storage_bucket_acl.tfer--test-calitp-aggregator-scraper": {
                    "type": "google_storage_bucket_acl",
                    "depends_on": [],
                    "primary": {
                        "id": "test-calitp-aggregator-scraper",
                        "attributes": {
                            "bucket": "test-calitp-aggregator-scraper",
                            "id": "test-calitp-aggregator-scraper",
                            "role_entity.#": "0"
                        },
                        "meta": {
                            "schema_version": 0
                        },
                        "tainted": false
                    },
                    "deposed": [],
                    "provider": "provider.google"
                },
                "google_storage_bucket_acl.tfer--test-calitp-airtable": {
                    "type": "google_storage_bucket_acl",
                    "depends_on": [],
                    "primary": {
                        "id": "test-calitp-airtable",
                        "attributes": {
                            "bucket": "test-calitp-airtable",
                            "id": "test-calitp-airtable",
                            "role_entity.#": "0"
                        },
                        "meta": {
                            "schema_version": 0
                        },
                        "tainted": false
                    },
                    "deposed": [],
                    "provider": "provider.google"
                },
                "google_storage_bucket_acl.tfer--test-calitp-dbt-artifacts": {
                    "type": "google_storage_bucket_acl",
                    "depends_on": [],
                    "primary": {
                        "id": "test-calitp-dbt-artifacts",
                        "attributes": {
                            "bucket": "test-calitp-dbt-artifacts",
                            "id": "test-calitp-dbt-artifacts",
                            "role_entity.#": "0"
                        },
                        "meta": {
                            "schema_version": 0
                        },
                        "tainted": false
                    },
                    "deposed": [],
                    "provider": "provider.google"
                },
                "google_storage_bucket_acl.tfer--test-calitp-dbt-python-models": {
                    "type": "google_storage_bucket_acl",
                    "depends_on": [],
                    "primary": {
                        "id": "test-calitp-dbt-python-models",
                        "attributes": {
                            "bucket": "test-calitp-dbt-python-models",
                            "id": "test-calitp-dbt-python-models",
                            "role_entity.#": "0"
                        },
                        "meta": {
                            "schema_version": 0
                        },
                        "tainted": false
                    },
                    "deposed": [],
                    "provider": "provider.google"
                },
                "google_storage_bucket_acl.tfer--test-calitp-elavon": {
                    "type": "google_storage_bucket_acl",
                    "depends_on": [],
                    "primary": {
                        "id": "test-calitp-elavon",
                        "attributes": {
                            "bucket": "test-calitp-elavon",
                            "id": "test-calitp-elavon",
                            "role_entity.#": "0"
                        },
                        "meta": {
                            "schema_version": 0
                        },
                        "tainted": false
                    },
                    "deposed": [],
                    "provider": "provider.google"
                },
                "google_storage_bucket_acl.tfer--test-calitp-elavon-parsed": {
                    "type": "google_storage_bucket_acl",
                    "depends_on": [],
                    "primary": {
                        "id": "test-calitp-elavon-parsed",
                        "attributes": {
                            "bucket": "test-calitp-elavon-parsed",
                            "id": "test-calitp-elavon-parsed",
                            "role_entity.#": "0"
                        },
                        "meta": {
                            "schema_version": 0
                        },
                        "tainted": false
                    },
                    "deposed": [],
                    "provider": "provider.google"
                },
                "google_storage_bucket_acl.tfer--test-calitp-elavon-raw": {
                    "type": "google_storage_bucket_acl",
                    "depends_on": [],
                    "primary": {
                        "id": "test-calitp-elavon-raw",
                        "attributes": {
                            "bucket": "test-calitp-elavon-raw",
                            "id": "test-calitp-elavon-raw",
                            "role_entity.#": "0"
                        },
                        "meta": {
                            "schema_version": 0
                        },
                        "tainted": false
                    },
                    "deposed": [],
                    "provider": "provider.google"
                },
                "google_storage_bucket_acl.tfer--test-calitp-gtfs-config": {
                    "type": "google_storage_bucket_acl",
                    "depends_on": [],
                    "primary": {
                        "id": "test-calitp-gtfs-config",
                        "attributes": {
                            "bucket": "test-calitp-gtfs-config",
                            "id": "test-calitp-gtfs-config",
                            "role_entity.#": "0"
                        },
                        "meta": {
                            "schema_version": 0
                        },
                        "tainted": false
                    },
                    "deposed": [],
                    "provider": "provider.google"
                },
                "google_storage_bucket_acl.tfer--test-calitp-gtfs-download-config": {
                    "type": "google_storage_bucket_acl",
                    "depends_on": [],
                    "primary": {
                        "id": "test-calitp-gtfs-download-config",
                        "attributes": {
                            "bucket": "test-calitp-gtfs-download-config",
                            "id": "test-calitp-gtfs-download-config",
                            "role_entity.#": "0"
                        },
                        "meta": {
                            "schema_version": 0
                        },
                        "tainted": false
                    },
                    "deposed": [],
                    "provider": "provider.google"
                },
                "google_storage_bucket_acl.tfer--test-calitp-gtfs-raw": {
                    "type": "google_storage_bucket_acl",
                    "depends_on": [],
                    "primary": {
                        "id": "test-calitp-gtfs-raw",
                        "attributes": {
                            "bucket": "test-calitp-gtfs-raw",
                            "id": "test-calitp-gtfs-raw",
                            "role_entity.#": "0"
                        },
                        "meta": {
                            "schema_version": 0
                        },
                        "tainted": false
                    },
                    "deposed": [],
                    "provider": "provider.google"
                },
                "google_storage_bucket_acl.tfer--test-calitp-gtfs-rt-parsed": {
                    "type": "google_storage_bucket_acl",
                    "depends_on": [],
                    "primary": {
                        "id": "test-calitp-gtfs-rt-parsed",
                        "attributes": {
                            "bucket": "test-calitp-gtfs-rt-parsed",
                            "id": "test-calitp-gtfs-rt-parsed",
                            "role_entity.#": "0"
                        },
                        "meta": {
                            "schema_version": 0
                        },
                        "tainted": false
                    },
                    "deposed": [],
                    "provider": "provider.google"
                },
                "google_storage_bucket_acl.tfer--test-calitp-gtfs-rt-raw": {
                    "type": "google_storage_bucket_acl",
                    "depends_on": [],
                    "primary": {
                        "id": "test-calitp-gtfs-rt-raw",
                        "attributes": {
                            "bucket": "test-calitp-gtfs-rt-raw",
                            "id": "test-calitp-gtfs-rt-raw",
                            "role_entity.#": "0"
                        },
                        "meta": {
                            "schema_version": 0
                        },
                        "tainted": false
                    },
                    "deposed": [],
                    "provider": "provider.google"
                },
                "google_storage_bucket_acl.tfer--test-calitp-gtfs-rt-raw-v2": {
                    "type": "google_storage_bucket_acl",
                    "depends_on": [],
                    "primary": {
                        "id": "test-calitp-gtfs-rt-raw-v2",
                        "attributes": {
                            "bucket": "test-calitp-gtfs-rt-raw-v2",
                            "id": "test-calitp-gtfs-rt-raw-v2",
                            "role_entity.#": "0"
                        },
                        "meta": {
                            "schema_version": 0
                        },
                        "tainted": false
                    },
                    "deposed": [],
                    "provider": "provider.google"
                },
                "google_storage_bucket_acl.tfer--test-calitp-gtfs-rt-validation": {
                    "type": "google_storage_bucket_acl",
                    "depends_on": [],
                    "primary": {
                        "id": "test-calitp-gtfs-rt-validation",
                        "attributes": {
                            "bucket": "test-calitp-gtfs-rt-validation",
                            "id": "test-calitp-gtfs-rt-validation",
                            "role_entity.#": "0"
                        },
                        "meta": {
                            "schema_version": 0
                        },
                        "tainted": false
                    },
                    "deposed": [],
                    "provider": "provider.google"
                },
                "google_storage_bucket_acl.tfer--test-calitp-gtfs-schedule-parsed": {
                    "type": "google_storage_bucket_acl",
                    "depends_on": [],
                    "primary": {
                        "id": "test-calitp-gtfs-schedule-parsed",
                        "attributes": {
                            "bucket": "test-calitp-gtfs-schedule-parsed",
                            "id": "test-calitp-gtfs-schedule-parsed",
                            "role_entity.#": "0"
                        },
                        "meta": {
                            "schema_version": 0
                        },
                        "tainted": false
                    },
                    "deposed": [],
                    "provider": "provider.google"
                },
                "google_storage_bucket_acl.tfer--test-calitp-gtfs-schedule-parsed-hourly": {
                    "type": "google_storage_bucket_acl",
                    "depends_on": [],
                    "primary": {
                        "id": "test-calitp-gtfs-schedule-parsed-hourly",
                        "attributes": {
                            "bucket": "test-calitp-gtfs-schedule-parsed-hourly",
                            "id": "test-calitp-gtfs-schedule-parsed-hourly",
                            "role_entity.#": "0"
                        },
                        "meta": {
                            "schema_version": 0
                        },
                        "tainted": false
                    },
                    "deposed": [],
                    "provider": "provider.google"
                },
                "google_storage_bucket_acl.tfer--test-calitp-gtfs-schedule-processed": {
                    "type": "google_storage_bucket_acl",
                    "depends_on": [],
                    "primary": {
                        "id": "test-calitp-gtfs-schedule-processed",
                        "attributes": {
                            "bucket": "test-calitp-gtfs-schedule-processed",
                            "id": "test-calitp-gtfs-schedule-processed",
                            "role_entity.#": "0"
                        },
                        "meta": {
                            "schema_version": 0
                        },
                        "tainted": false
                    },
                    "deposed": [],
                    "provider": "provider.google"
                },
                "google_storage_bucket_acl.tfer--test-calitp-gtfs-schedule-raw": {
                    "type": "google_storage_bucket_acl",
                    "depends_on": [],
                    "primary": {
                        "id": "test-calitp-gtfs-schedule-raw",
                        "attributes": {
                            "bucket": "test-calitp-gtfs-schedule-raw",
                            "id": "test-calitp-gtfs-schedule-raw",
                            "role_entity.#": "0"
                        },
                        "meta": {
                            "schema_version": 0
                        },
                        "tainted": false
                    },
                    "deposed": [],
                    "provider": "provider.google"
                },
                "google_storage_bucket_acl.tfer--test-calitp-gtfs-schedule-raw-v2": {
                    "type": "google_storage_bucket_acl",
                    "depends_on": [],
                    "primary": {
                        "id": "test-calitp-gtfs-schedule-raw-v2",
                        "attributes": {
                            "bucket": "test-calitp-gtfs-schedule-raw-v2",
                            "id": "test-calitp-gtfs-schedule-raw-v2",
                            "role_entity.#": "0"
                        },
                        "meta": {
                            "schema_version": 0
                        },
                        "tainted": false
                    },
                    "deposed": [],
                    "provider": "provider.google"
                },
                "google_storage_bucket_acl.tfer--test-calitp-gtfs-schedule-raw-v2-backfill-test": {
                    "type": "google_storage_bucket_acl",
                    "depends_on": [],
                    "primary": {
                        "id": "test-calitp-gtfs-schedule-raw-v2-backfill-test",
                        "attributes": {
                            "bucket": "test-calitp-gtfs-schedule-raw-v2-backfill-test",
                            "id": "test-calitp-gtfs-schedule-raw-v2-backfill-test",
                            "role_entity.#": "0"
                        },
                        "meta": {
                            "schema_version": 0
                        },
                        "tainted": false
                    },
                    "deposed": [],
                    "provider": "provider.google"
                },
                "google_storage_bucket_acl.tfer--test-calitp-gtfs-schedule-unzipped": {
                    "type": "google_storage_bucket_acl",
                    "depends_on": [],
                    "primary": {
                        "id": "test-calitp-gtfs-schedule-unzipped",
                        "attributes": {
                            "bucket": "test-calitp-gtfs-schedule-unzipped",
                            "id": "test-calitp-gtfs-schedule-unzipped",
                            "role_entity.#": "0"
                        },
                        "meta": {
                            "schema_version": 0
                        },
                        "tainted": false
                    },
                    "deposed": [],
                    "provider": "provider.google"
                },
                "google_storage_bucket_acl.tfer--test-calitp-gtfs-schedule-unzipped-hourly": {
                    "type": "google_storage_bucket_acl",
                    "depends_on": [],
                    "primary": {
                        "id": "test-calitp-gtfs-schedule-unzipped-hourly",
                        "attributes": {
                            "bucket": "test-calitp-gtfs-schedule-unzipped-hourly",
                            "id": "test-calitp-gtfs-schedule-unzipped-hourly",
                            "role_entity.#": "0"
                        },
                        "meta": {
                            "schema_version": 0
                        },
                        "tainted": false
                    },
                    "deposed": [],
                    "provider": "provider.google"
                },
                "google_storage_bucket_acl.tfer--test-calitp-gtfs-schedule-validation": {
                    "type": "google_storage_bucket_acl",
                    "depends_on": [],
                    "primary": {
                        "id": "test-calitp-gtfs-schedule-validation",
                        "attributes": {
                            "bucket": "test-calitp-gtfs-schedule-validation",
                            "id": "test-calitp-gtfs-schedule-validation",
                            "role_entity.#": "0"
                        },
                        "meta": {
                            "schema_version": 0
                        },
                        "tainted": false
                    },
                    "deposed": [],
                    "provider": "provider.google"
                },
                "google_storage_bucket_acl.tfer--test-calitp-gtfs-schedule-validation-hourly": {
                    "type": "google_storage_bucket_acl",
                    "depends_on": [],
                    "primary": {
                        "id": "test-calitp-gtfs-schedule-validation-hourly",
                        "attributes": {
                            "bucket": "test-calitp-gtfs-schedule-validation-hourly",
                            "id": "test-calitp-gtfs-schedule-validation-hourly",
                            "role_entity.#": "0"
                        },
                        "meta": {
                            "schema_version": 0
                        },
                        "tainted": false
                    },
                    "deposed": [],
                    "provider": "provider.google"
                },
                "google_storage_bucket_acl.tfer--test-calitp-ntd-api-products": {
                    "type": "google_storage_bucket_acl",
                    "depends_on": [],
                    "primary": {
                        "id": "test-calitp-ntd-api-products",
                        "attributes": {
                            "bucket": "test-calitp-ntd-api-products",
                            "id": "test-calitp-ntd-api-products",
                            "role_entity.#": "0"
                        },
                        "meta": {
                            "schema_version": 0
                        },
                        "tainted": false
                    },
                    "deposed": [],
                    "provider": "provider.google"
                },
                "google_storage_bucket_acl.tfer--test-calitp-ntd-data-products": {
                    "type": "google_storage_bucket_acl",
                    "depends_on": [],
                    "primary": {
                        "id": "test-calitp-ntd-data-products",
                        "attributes": {
                            "bucket": "test-calitp-ntd-data-products",
                            "id": "test-calitp-ntd-data-products",
                            "role_entity.#": "0"
                        },
                        "meta": {
                            "schema_version": 0
                        },
                        "tainted": false
                    },
                    "deposed": [],
                    "provider": "provider.google"
                },
                "google_storage_bucket_acl.tfer--test-calitp-ntd-report-validation": {
                    "type": "google_storage_bucket_acl",
                    "depends_on": [],
                    "primary": {
                        "id": "test-calitp-ntd-report-validation",
                        "attributes": {
                            "bucket": "test-calitp-ntd-report-validation",
                            "id": "test-calitp-ntd-report-validation",
                            "role_entity.#": "0"
                        },
                        "meta": {
                            "schema_version": 0
                        },
                        "tainted": false
                    },
                    "deposed": [],
                    "provider": "provider.google"
                },
                "google_storage_bucket_acl.tfer--test-calitp-ntd-xlsx-products-clean": {
                    "type": "google_storage_bucket_acl",
                    "depends_on": [],
                    "primary": {
                        "id": "test-calitp-ntd-xlsx-products-clean",
                        "attributes": {
                            "bucket": "test-calitp-ntd-xlsx-products-clean",
                            "id": "test-calitp-ntd-xlsx-products-clean",
                            "role_entity.#": "0"
                        },
                        "meta": {
                            "schema_version": 0
                        },
                        "tainted": false
                    },
                    "deposed": [],
                    "provider": "provider.google"
                },
                "google_storage_bucket_acl.tfer--test-calitp-ntd-xlsx-products-raw": {
                    "type": "google_storage_bucket_acl",
                    "depends_on": [],
                    "primary": {
                        "id": "test-calitp-ntd-xlsx-products-raw",
                        "attributes": {
                            "bucket": "test-calitp-ntd-xlsx-products-raw",
                            "id": "test-calitp-ntd-xlsx-products-raw",
                            "role_entity.#": "0"
                        },
                        "meta": {
                            "schema_version": 0
                        },
                        "tainted": false
                    },
                    "deposed": [],
                    "provider": "provider.google"
                },
                "google_storage_bucket_acl.tfer--test-calitp-payments-littlepay-parsed": {
                    "type": "google_storage_bucket_acl",
                    "depends_on": [],
                    "primary": {
                        "id": "test-calitp-payments-littlepay-parsed",
                        "attributes": {
                            "bucket": "test-calitp-payments-littlepay-parsed",
                            "id": "test-calitp-payments-littlepay-parsed",
                            "role_entity.#": "0"
                        },
                        "meta": {
                            "schema_version": 0
                        },
                        "tainted": false
                    },
                    "deposed": [],
                    "provider": "provider.google"
                },
                "google_storage_bucket_acl.tfer--test-calitp-payments-littlepay-raw": {
                    "type": "google_storage_bucket_acl",
                    "depends_on": [],
                    "primary": {
                        "id": "test-calitp-payments-littlepay-raw",
                        "attributes": {
                            "bucket": "test-calitp-payments-littlepay-raw",
                            "id": "test-calitp-payments-littlepay-raw",
                            "role_entity.#": "0"
                        },
                        "meta": {
                            "schema_version": 0
                        },
                        "tainted": false
                    },
                    "deposed": [],
                    "provider": "provider.google"
                },
                "google_storage_bucket_acl.tfer--test-calitp-publish": {
                    "type": "google_storage_bucket_acl",
                    "depends_on": [],
                    "primary": {
                        "id": "test-calitp-publish",
                        "attributes": {
                            "bucket": "test-calitp-publish",
                            "id": "test-calitp-publish",
                            "role_entity.#": "0"
                        },
                        "meta": {
                            "schema_version": 0
                        },
                        "tainted": false
                    },
                    "deposed": [],
                    "provider": "provider.google"
                },
                "google_storage_bucket_acl.tfer--test-calitp-publish-data-analysis": {
                    "type": "google_storage_bucket_acl",
                    "depends_on": [],
                    "primary": {
                        "id": "test-calitp-publish-data-analysis",
                        "attributes": {
                            "bucket": "test-calitp-publish-data-analysis",
                            "id": "test-calitp-publish-data-analysis",
                            "role_entity.#": "0"
                        },
                        "meta": {
                            "schema_version": 0
                        },
                        "tainted": false
                    },
                    "deposed": [],
                    "provider": "provider.google"
                },
                "google_storage_bucket_acl.tfer--test-calitp-reports-data": {
                    "type": "google_storage_bucket_acl",
                    "depends_on": [],
                    "primary": {
                        "id": "test-calitp-reports-data",
                        "attributes": {
                            "bucket": "test-calitp-reports-data",
                            "id": "test-calitp-reports-data",
                            "role_entity.#": "0"
                        },
                        "meta": {
                            "schema_version": 0
                        },
                        "tainted": false
                    },
                    "deposed": [],
                    "provider": "provider.google"
                },
                "google_storage_bucket_acl.tfer--test-calitp-sentry": {
                    "type": "google_storage_bucket_acl",
                    "depends_on": [],
                    "primary": {
                        "id": "test-calitp-sentry",
                        "attributes": {
                            "bucket": "test-calitp-sentry",
                            "id": "test-calitp-sentry",
                            "role_entity.#": "0"
                        },
                        "meta": {
                            "schema_version": 0
                        },
                        "tainted": false
                    },
                    "deposed": [],
                    "provider": "provider.google"
                },
                "google_storage_bucket_acl.tfer--test-calitp-state-geoportal-scrape": {
                    "type": "google_storage_bucket_acl",
                    "depends_on": [],
                    "primary": {
                        "id": "test-calitp-state-geoportal-scrape",
                        "attributes": {
                            "bucket": "test-calitp-state-geoportal-scrape",
                            "id": "test-calitp-state-geoportal-scrape",
                            "role_entity.#": "0"
                        },
                        "meta": {
                            "schema_version": 0
                        },
                        "tainted": false
                    },
                    "deposed": [],
                    "provider": "provider.google"
                },
                "google_storage_bucket_acl.tfer--test-rt-parsed": {
                    "type": "google_storage_bucket_acl",
                    "depends_on": [],
                    "primary": {
                        "id": "test-rt-parsed",
                        "attributes": {
                            "bucket": "test-rt-parsed",
                            "id": "test-rt-parsed",
                            "role_entity.#": "0"
                        },
                        "meta": {
                            "schema_version": 0
                        },
                        "tainted": false
                    },
                    "deposed": [],
                    "provider": "provider.google"
                },
                "google_storage_bucket_acl.tfer--test-rt-validations": {
                    "type": "google_storage_bucket_acl",
                    "depends_on": [],
                    "primary": {
                        "id": "test-rt-validations",
                        "attributes": {
                            "bucket": "test-rt-validations",
                            "id": "test-rt-validations",
                            "role_entity.#": "0"
                        },
                        "meta": {
                            "schema_version": 0
                        },
                        "tainted": false
                    },
                    "deposed": [],
                    "provider": "provider.google"
                },
                "google_storage_bucket_acl.tfer--us-002E-artifacts-002E-cal-itp-data-infra-002E-appspot-002E-com": {
                    "type": "google_storage_bucket_acl",
                    "depends_on": [],
                    "primary": {
                        "id": "us.artifacts.cal-itp-data-infra.appspot.com",
                        "attributes": {
                            "bucket": "us.artifacts.cal-itp-data-infra.appspot.com",
                            "id": "us.artifacts.cal-itp-data-infra.appspot.com",
                            "role_entity.#": "0"
                        },
                        "meta": {
                            "schema_version": 0
                        },
                        "tainted": false
                    },
                    "deposed": [],
                    "provider": "provider.google"
                },
                "google_storage_bucket_acl.tfer--us-west2-calitp-airflow2-pr-171e4e47-bucket": {
                    "type": "google_storage_bucket_acl",
                    "depends_on": [],
                    "primary": {
                        "id": "us-west2-calitp-airflow2-pr-171e4e47-bucket",
                        "attributes": {
                            "bucket": "us-west2-calitp-airflow2-pr-171e4e47-bucket",
                            "id": "us-west2-calitp-airflow2-pr-171e4e47-bucket",
                            "role_entity.#": "0"
                        },
                        "meta": {
                            "schema_version": 0
                        },
                        "tainted": false
                    },
                    "deposed": [],
                    "provider": "provider.google"
                },
                "google_storage_bucket_acl.tfer--us-west2-calitp-airflow2-pr-31e41084-bucket": {
                    "type": "google_storage_bucket_acl",
                    "depends_on": [],
                    "primary": {
                        "id": "us-west2-calitp-airflow2-pr-31e41084-bucket",
                        "attributes": {
                            "bucket": "us-west2-calitp-airflow2-pr-31e41084-bucket",
                            "id": "us-west2-calitp-airflow2-pr-31e41084-bucket",
                            "role_entity.#": "0"
                        },
                        "meta": {
                            "schema_version": 0
                        },
                        "tainted": false
                    },
                    "deposed": [],
                    "provider": "provider.google"
                },
                "google_storage_bucket_acl.tfer--us-west2-calitp-airflow2-pr-88ca8ec6-bucket": {
                    "type": "google_storage_bucket_acl",
                    "depends_on": [],
                    "primary": {
                        "id": "us-west2-calitp-airflow2-pr-88ca8ec6-bucket",
                        "attributes": {
                            "bucket": "us-west2-calitp-airflow2-pr-88ca8ec6-bucket",
                            "id": "us-west2-calitp-airflow2-pr-88ca8ec6-bucket",
                            "role_entity.#": "0"
                        },
                        "meta": {
                            "schema_version": 0
                        },
                        "tainted": false
                    },
                    "deposed": [],
                    "provider": "provider.google"
                },
                "google_storage_bucket_iam_binding.tfer--analysis-output-models": {
                    "type": "google_storage_bucket_iam_binding",
                    "depends_on": [],
                    "primary": {
                        "id": "analysis-output-models",
                        "attributes": {
                            "bucket": "b/analysis-output-models",
                            "condition.#": "0",
                            "etag": "CAM=",
                            "id": "analysis-output-models",
                            "members.#": "1",
                            "members.0": "projectViewer:cal-itp-data-infra",
                            "role": "roles/storage.legacyBucketReader"
                        },
                        "meta": {
                            "schema_version": 0
                        },
                        "tainted": false
                    },
                    "deposed": [],
                    "provider": "provider.google"
                },
                "google_storage_bucket_iam_binding.tfer--artifacts-002E-cal-itp-data-infra-002E-appspot-002E-com": {
                    "type": "google_storage_bucket_iam_binding",
                    "depends_on": [],
                    "primary": {
                        "id": "artifacts.cal-itp-data-infra.appspot.com",
                        "attributes": {
                            "bucket": "b/artifacts.cal-itp-data-infra.appspot.com",
                            "condition.#": "0",
                            "etag": "CAE=",
                            "id": "artifacts.cal-itp-data-infra.appspot.com",
                            "members.#": "2",
                            "members.0": "projectEditor:cal-itp-data-infra",
                            "members.1": "projectOwner:cal-itp-data-infra",
                            "role": "roles/storage.legacyBucketOwner"
                        },
                        "meta": {
                            "schema_version": 0
                        },
                        "tainted": false
                    },
                    "deposed": [],
                    "provider": "provider.google"
                },
                "google_storage_bucket_iam_binding.tfer--cal-itp-data-infra-002E-appspot-002E-com": {
                    "type": "google_storage_bucket_iam_binding",
                    "depends_on": [],
                    "primary": {
                        "id": "cal-itp-data-infra.appspot.com",
                        "attributes": {
                            "bucket": "b/cal-itp-data-infra.appspot.com",
                            "condition.#": "0",
                            "etag": "CAE=",
                            "id": "cal-itp-data-infra.appspot.com",
                            "members.#": "1",
                            "members.0": "projectViewer:cal-itp-data-infra",
                            "role": "roles/storage.legacyBucketReader"
                        },
                        "meta": {
                            "schema_version": 0
                        },
                        "tainted": false
                    },
                    "deposed": [],
                    "provider": "provider.google"
                },
                "google_storage_bucket_iam_binding.tfer--calitp-aggregator-scraper": {
                    "type": "google_storage_bucket_iam_binding",
                    "depends_on": [],
                    "primary": {
                        "id": "calitp-aggregator-scraper",
                        "attributes": {
                            "bucket": "b/calitp-aggregator-scraper",
                            "condition.#": "0",
                            "etag": "CAE=",
                            "id": "calitp-aggregator-scraper",
                            "members.#": "1",
                            "members.0": "projectViewer:cal-itp-data-infra",
                            "role": "roles/storage.legacyObjectReader"
                        },
                        "meta": {
                            "schema_version": 0
                        },
                        "tainted": false
                    },
                    "deposed": [],
                    "provider": "provider.google"
                },
                "google_storage_bucket_iam_binding.tfer--calitp-airtable": {
                    "type": "google_storage_bucket_iam_binding",
                    "depends_on": [],
                    "primary": {
                        "id": "calitp-airtable",
                        "attributes": {
                            "bucket": "b/calitp-airtable",
                            "condition.#": "0",
                            "etag": "CAQ=",
                            "id": "calitp-airtable",
                            "members.#": "2",
                            "members.0": "projectEditor:cal-itp-data-infra",
                            "members.1": "projectOwner:cal-itp-data-infra",
                            "role": "roles/storage.legacyBucketOwner"
                        },
                        "meta": {
                            "schema_version": 0
                        },
                        "tainted": false
                    },
                    "deposed": [],
                    "provider": "provider.google"
                },
                "google_storage_bucket_iam_binding.tfer--calitp-amplitude-benefits-events": {
                    "type": "google_storage_bucket_iam_binding",
                    "depends_on": [],
                    "primary": {
                        "id": "calitp-amplitude-benefits-events",
                        "attributes": {
                            "bucket": "b/calitp-amplitude-benefits-events",
                            "condition.#": "0",
                            "etag": "CAE=",
                            "id": "calitp-amplitude-benefits-events",
                            "members.#": "1",
                            "members.0": "projectViewer:cal-itp-data-infra",
                            "role": "roles/storage.legacyObjectReader"
                        },
                        "meta": {
                            "schema_version": 0
                        },
                        "tainted": false
                    },
                    "deposed": [],
                    "provider": "provider.google"
                },
                "google_storage_bucket_iam_binding.tfer--calitp-analytics-data": {
                    "type": "google_storage_bucket_iam_binding",
                    "depends_on": [],
                    "primary": {
                        "id": "calitp-analytics-data",
                        "attributes": {
                            "bucket": "b/calitp-analytics-data",
                            "condition.#": "0",
                            "etag": "CAw=",
                            "id": "calitp-analytics-data",
                            "members.#": "2",
                            "members.0": "projectViewer:cal-itp-data-infra",
                            "members.1": "serviceAccount:project-1005246706141@storage-transfer-service.iam.gserviceaccount.com",
                            "role": "roles/storage.legacyBucketReader"
                        },
                        "meta": {
                            "schema_version": 0
                        },
                        "tainted": false
                    },
                    "deposed": [],
                    "provider": "provider.google"
                },
                "google_storage_bucket_iam_binding.tfer--calitp-backups-grafana": {
                    "type": "google_storage_bucket_iam_binding",
                    "depends_on": [],
                    "primary": {
                        "id": "calitp-backups-grafana",
                        "attributes": {
                            "bucket": "b/calitp-backups-grafana",
                            "condition.#": "0",
                            "etag": "CAI=",
                            "id": "calitp-backups-grafana",
                            "members.#": "1",
                            "members.0": "projectViewer:cal-itp-data-infra",
                            "role": "roles/storage.legacyBucketReader"
                        },
                        "meta": {
                            "schema_version": 0
                        },
                        "tainted": false
                    },
                    "deposed": [],
                    "provider": "provider.google"
                },
                "google_storage_bucket_iam_binding.tfer--calitp-backups-metabase": {
                    "type": "google_storage_bucket_iam_binding",
                    "depends_on": [],
                    "primary": {
                        "id": "calitp-backups-metabase",
                        "attributes": {
                            "bucket": "b/calitp-backups-metabase",
                            "condition.#": "0",
                            "etag": "CAI=",
                            "id": "calitp-backups-metabase",
                            "members.#": "2",
                            "members.0": "projectEditor:cal-itp-data-infra",
                            "members.1": "projectOwner:cal-itp-data-infra",
                            "role": "roles/storage.legacyObjectOwner"
                        },
                        "meta": {
                            "schema_version": 0
                        },
                        "tainted": false
                    },
                    "deposed": [],
                    "provider": "provider.google"
                },
                "google_storage_bucket_iam_binding.tfer--calitp-backups-sentry": {
                    "type": "google_storage_bucket_iam_binding",
                    "depends_on": [],
                    "primary": {
                        "id": "calitp-backups-sentry",
                        "attributes": {
                            "bucket": "b/calitp-backups-sentry",
                            "condition.#": "0",
                            "etag": "CAI=",
                            "id": "calitp-backups-sentry",
                            "members.#": "1",
                            "members.0": "serviceAccount:backup-sentry@cal-itp-data-infra.iam.gserviceaccount.com",
                            "role": "roles/storage.objectAdmin"
                        },
                        "meta": {
                            "schema_version": 0
                        },
                        "tainted": false
                    },
                    "deposed": [],
                    "provider": "provider.google"
                },
                "google_storage_bucket_iam_binding.tfer--calitp-backups-test": {
                    "type": "google_storage_bucket_iam_binding",
                    "depends_on": [],
                    "primary": {
                        "id": "calitp-backups-test",
                        "attributes": {
                            "bucket": "b/calitp-backups-test",
                            "condition.#": "0",
                            "etag": "CAM=",
                            "id": "calitp-backups-test",
                            "members.#": "2",
                            "members.0": "serviceAccount:backups-test@cal-itp-data-infra.iam.gserviceaccount.com",
                            "members.1": "serviceAccount:metabase-backup@cal-itp-data-infra.iam.gserviceaccount.com",
                            "role": "roles/storage.objectAdmin"
                        },
                        "meta": {
                            "schema_version": 0
                        },
                        "tainted": false
                    },
                    "deposed": [],
                    "provider": "provider.google"
                },
                "google_storage_bucket_iam_binding.tfer--calitp-ci-artifacts": {
                    "type": "google_storage_bucket_iam_binding",
                    "depends_on": [],
                    "primary": {
                        "id": "calitp-ci-artifacts",
                        "attributes": {
                            "bucket": "b/calitp-ci-artifacts",
                            "condition.#": "0",
                            "etag": "CAE=",
                            "id": "calitp-ci-artifacts",
                            "members.#": "2",
                            "members.0": "projectEditor:cal-itp-data-infra",
                            "members.1": "projectOwner:cal-itp-data-infra",
                            "role": "roles/storage.legacyBucketOwner"
                        },
                        "meta": {
                            "schema_version": 0
                        },
                        "tainted": false
                    },
                    "deposed": [],
                    "provider": "provider.google"
                },
                "google_storage_bucket_iam_binding.tfer--calitp-dbt-artifacts": {
                    "type": "google_storage_bucket_iam_binding",
                    "depends_on": [],
                    "primary": {
                        "id": "calitp-dbt-artifacts",
                        "attributes": {
                            "bucket": "b/calitp-dbt-artifacts",
                            "condition.#": "0",
                            "etag": "CAE=",
                            "id": "calitp-dbt-artifacts",
                            "members.#": "2",
                            "members.0": "projectEditor:cal-itp-data-infra",
                            "members.1": "projectOwner:cal-itp-data-infra",
                            "role": "roles/storage.legacyObjectOwner"
                        },
                        "meta": {
                            "schema_version": 0
                        },
                        "tainted": false
                    },
                    "deposed": [],
                    "provider": "provider.google"
                },
                "google_storage_bucket_iam_binding.tfer--calitp-dbt-python-models": {
                    "type": "google_storage_bucket_iam_binding",
                    "depends_on": [],
                    "primary": {
                        "id": "calitp-dbt-python-models",
                        "attributes": {
                            "bucket": "b/calitp-dbt-python-models",
                            "condition.#": "0",
                            "etag": "CAE=",
                            "id": "calitp-dbt-python-models",
                            "members.#": "2",
                            "members.0": "projectEditor:cal-itp-data-infra",
                            "members.1": "projectOwner:cal-itp-data-infra",
                            "role": "roles/storage.legacyObjectOwner"
                        },
                        "meta": {
                            "schema_version": 0
                        },
                        "tainted": false
                    },
                    "deposed": [],
                    "provider": "provider.google"
                },
                "google_storage_bucket_iam_binding.tfer--calitp-elavon-parsed": {
                    "type": "google_storage_bucket_iam_binding",
                    "depends_on": [],
                    "primary": {
                        "id": "calitp-elavon-parsed",
                        "attributes": {
                            "bucket": "b/calitp-elavon-parsed",
                            "condition.#": "0",
                            "etag": "CAE=",
                            "id": "calitp-elavon-parsed",
                            "members.#": "1",
                            "members.0": "projectViewer:cal-itp-data-infra",
                            "role": "roles/storage.legacyObjectReader"
                        },
                        "meta": {
                            "schema_version": 0
                        },
                        "tainted": false
                    },
                    "deposed": [],
                    "provider": "provider.google"
                },
                "google_storage_bucket_iam_binding.tfer--calitp-elavon-raw": {
                    "type": "google_storage_bucket_iam_binding",
                    "depends_on": [],
                    "primary": {
                        "id": "calitp-elavon-raw",
                        "attributes": {
                            "bucket": "b/calitp-elavon-raw",
                            "condition.#": "0",
                            "etag": "CAE=",
                            "id": "calitp-elavon-raw",
                            "members.#": "2",
                            "members.0": "projectEditor:cal-itp-data-infra",
                            "members.1": "projectOwner:cal-itp-data-infra",
                            "role": "roles/storage.legacyObjectOwner"
                        },
                        "meta": {
                            "schema_version": 0
                        },
                        "tainted": false
                    },
                    "deposed": [],
                    "provider": "provider.google"
                },
                "google_storage_bucket_iam_binding.tfer--calitp-gtfs-download-config": {
                    "type": "google_storage_bucket_iam_binding",
                    "depends_on": [],
                    "primary": {
                        "id": "calitp-gtfs-download-config",
                        "attributes": {
                            "bucket": "b/calitp-gtfs-download-config",
                            "condition.#": "0",
                            "etag": "CAE=",
                            "id": "calitp-gtfs-download-config",
                            "members.#": "1",
                            "members.0": "projectViewer:cal-itp-data-infra",
                            "role": "roles/storage.legacyBucketReader"
                        },
                        "meta": {
                            "schema_version": 0
                        },
                        "tainted": false
                    },
                    "deposed": [],
                    "provider": "provider.google"
                },
                "google_storage_bucket_iam_binding.tfer--calitp-gtfs-rt-parsed": {
                    "type": "google_storage_bucket_iam_binding",
                    "depends_on": [],
                    "primary": {
                        "id": "calitp-gtfs-rt-parsed",
                        "attributes": {
                            "bucket": "b/calitp-gtfs-rt-parsed",
                            "condition.#": "0",
                            "etag": "CAE=",
                            "id": "calitp-gtfs-rt-parsed",
                            "members.#": "2",
                            "members.0": "projectEditor:cal-itp-data-infra",
                            "members.1": "projectOwner:cal-itp-data-infra",
                            "role": "roles/storage.legacyBucketOwner"
                        },
                        "meta": {
                            "schema_version": 0
                        },
                        "tainted": false
                    },
                    "deposed": [],
                    "provider": "provider.google"
                },
                "google_storage_bucket_iam_binding.tfer--calitp-gtfs-rt-raw-deprecated": {
                    "type": "google_storage_bucket_iam_binding",
                    "depends_on": [],
                    "primary": {
                        "id": "calitp-gtfs-rt-raw-deprecated",
                        "attributes": {
                            "bucket": "b/calitp-gtfs-rt-raw-deprecated",
                            "condition.#": "0",
                            "etag": "CAQ=",
                            "id": "calitp-gtfs-rt-raw-deprecated",
                            "members.#": "2",
                            "members.0": "projectViewer:cal-itp-data-infra",
                            "members.1": "serviceAccount:project-1005246706141@storage-transfer-service.iam.gserviceaccount.com",
                            "role": "roles/storage.legacyBucketReader"
                        },
                        "meta": {
                            "schema_version": 0
                        },
                        "tainted": false
                    },
                    "deposed": [],
                    "provider": "provider.google"
                },
                "google_storage_bucket_iam_binding.tfer--calitp-gtfs-rt-raw-v2": {
                    "type": "google_storage_bucket_iam_binding",
                    "depends_on": [],
                    "primary": {
                        "id": "calitp-gtfs-rt-raw-v2",
                        "attributes": {
                            "bucket": "b/calitp-gtfs-rt-raw-v2",
                            "condition.#": "0",
                            "etag": "CAM=",
                            "id": "calitp-gtfs-rt-raw-v2",
                            "members.#": "1",
                            "members.0": "serviceAccount:gtfs-rt-archiver-v3@cal-itp-data-infra.iam.gserviceaccount.com",
                            "role": "roles/storage.objectCreator"
                        },
                        "meta": {
                            "schema_version": 0
                        },
                        "tainted": false
                    },
                    "deposed": [],
                    "provider": "provider.google"
                },
                "google_storage_bucket_iam_binding.tfer--calitp-gtfs-rt-validation": {
                    "type": "google_storage_bucket_iam_binding",
                    "depends_on": [],
                    "primary": {
                        "id": "calitp-gtfs-rt-validation",
                        "attributes": {
                            "bucket": "b/calitp-gtfs-rt-validation",
                            "condition.#": "0",
                            "etag": "CAE=",
                            "id": "calitp-gtfs-rt-validation",
                            "members.#": "2",
                            "members.0": "projectEditor:cal-itp-data-infra",
                            "members.1": "projectOwner:cal-itp-data-infra",
                            "role": "roles/storage.legacyBucketOwner"
                        },
                        "meta": {
                            "schema_version": 0
                        },
                        "tainted": false
                    },
                    "deposed": [],
                    "provider": "provider.google"
                },
                "google_storage_bucket_iam_binding.tfer--calitp-gtfs-schedule-parsed": {
                    "type": "google_storage_bucket_iam_binding",
                    "depends_on": [],
                    "primary": {
                        "id": "calitp-gtfs-schedule-parsed",
                        "attributes": {
                            "bucket": "b/calitp-gtfs-schedule-parsed",
                            "condition.#": "0",
                            "etag": "CAE=",
                            "id": "calitp-gtfs-schedule-parsed",
                            "members.#": "2",
                            "members.0": "projectEditor:cal-itp-data-infra",
                            "members.1": "projectOwner:cal-itp-data-infra",
                            "role": "roles/storage.legacyObjectOwner"
                        },
                        "meta": {
                            "schema_version": 0
                        },
                        "tainted": false
                    },
                    "deposed": [],
                    "provider": "provider.google"
                },
                "google_storage_bucket_iam_binding.tfer--calitp-gtfs-schedule-parsed-hourly": {
                    "type": "google_storage_bucket_iam_binding",
                    "depends_on": [],
                    "primary": {
                        "id": "calitp-gtfs-schedule-parsed-hourly",
                        "attributes": {
                            "bucket": "b/calitp-gtfs-schedule-parsed-hourly",
                            "condition.#": "0",
                            "etag": "CAE=",
                            "id": "calitp-gtfs-schedule-parsed-hourly",
                            "members.#": "1",
                            "members.0": "projectViewer:cal-itp-data-infra",
                            "role": "roles/storage.legacyObjectReader"
                        },
                        "meta": {
                            "schema_version": 0
                        },
                        "tainted": false
                    },
                    "deposed": [],
                    "provider": "provider.google"
                },
                "google_storage_bucket_iam_binding.tfer--calitp-gtfs-schedule-raw-v2": {
                    "type": "google_storage_bucket_iam_binding",
                    "depends_on": [],
                    "primary": {
                        "id": "calitp-gtfs-schedule-raw-v2",
                        "attributes": {
                            "bucket": "b/calitp-gtfs-schedule-raw-v2",
                            "condition.#": "0",
                            "etag": "CAI=",
                            "id": "calitp-gtfs-schedule-raw-v2",
                            "members.#": "1",
                            "members.0": "serviceAccount:project-1005246706141@storage-transfer-service.iam.gserviceaccount.com",
                            "role": "roles/storage.objectAdmin"
                        },
                        "meta": {
                            "schema_version": 0
                        },
                        "tainted": false
                    },
                    "deposed": [],
                    "provider": "provider.google"
                },
                "google_storage_bucket_iam_binding.tfer--calitp-gtfs-schedule-unzipped": {
                    "type": "google_storage_bucket_iam_binding",
                    "depends_on": [],
                    "primary": {
                        "id": "calitp-gtfs-schedule-unzipped",
                        "attributes": {
                            "bucket": "b/calitp-gtfs-schedule-unzipped",
                            "condition.#": "0",
                            "etag": "CAE=",
                            "id": "calitp-gtfs-schedule-unzipped",
                            "members.#": "2",
                            "members.0": "projectEditor:cal-itp-data-infra",
                            "members.1": "projectOwner:cal-itp-data-infra",
                            "role": "roles/storage.legacyBucketOwner"
                        },
                        "meta": {
                            "schema_version": 0
                        },
                        "tainted": false
                    },
                    "deposed": [],
                    "provider": "provider.google"
                },
                "google_storage_bucket_iam_binding.tfer--calitp-gtfs-schedule-unzipped-hourly": {
                    "type": "google_storage_bucket_iam_binding",
                    "depends_on": [],
                    "primary": {
                        "id": "calitp-gtfs-schedule-unzipped-hourly",
                        "attributes": {
                            "bucket": "b/calitp-gtfs-schedule-unzipped-hourly",
                            "condition.#": "0",
                            "etag": "CAE=",
                            "id": "calitp-gtfs-schedule-unzipped-hourly",
                            "members.#": "1",
                            "members.0": "projectViewer:cal-itp-data-infra",
                            "role": "roles/storage.legacyObjectReader"
                        },
                        "meta": {
                            "schema_version": 0
                        },
                        "tainted": false
                    },
                    "deposed": [],
                    "provider": "provider.google"
                },
                "google_storage_bucket_iam_binding.tfer--calitp-gtfs-schedule-validation": {
                    "type": "google_storage_bucket_iam_binding",
                    "depends_on": [],
                    "primary": {
                        "id": "calitp-gtfs-schedule-validation",
                        "attributes": {
                            "bucket": "b/calitp-gtfs-schedule-validation",
                            "condition.#": "0",
                            "etag": "CAI=",
                            "id": "calitp-gtfs-schedule-validation",
                            "members.#": "2",
                            "members.0": "projectEditor:cal-itp-data-infra",
                            "members.1": "projectOwner:cal-itp-data-infra",
                            "role": "roles/storage.legacyBucketOwner"
                        },
                        "meta": {
                            "schema_version": 0
                        },
                        "tainted": false
                    },
                    "deposed": [],
                    "provider": "provider.google"
                },
                "google_storage_bucket_iam_binding.tfer--calitp-gtfs-schedule-validation-hourly": {
                    "type": "google_storage_bucket_iam_binding",
                    "depends_on": [],
                    "primary": {
                        "id": "calitp-gtfs-schedule-validation-hourly",
                        "attributes": {
                            "bucket": "b/calitp-gtfs-schedule-validation-hourly",
                            "condition.#": "0",
                            "etag": "CAE=",
                            "id": "calitp-gtfs-schedule-validation-hourly",
                            "members.#": "2",
                            "members.0": "projectEditor:cal-itp-data-infra",
                            "members.1": "projectOwner:cal-itp-data-infra",
                            "role": "roles/storage.legacyObjectOwner"
                        },
                        "meta": {
                            "schema_version": 0
                        },
                        "tainted": false
                    },
                    "deposed": [],
                    "provider": "provider.google"
                },
                "google_storage_bucket_iam_binding.tfer--calitp-jamesl-gcp-components-tfstate": {
                    "type": "google_storage_bucket_iam_binding",
                    "depends_on": [],
                    "primary": {
                        "id": "calitp-jamesl-gcp-components-tfstate",
                        "attributes": {
                            "bucket": "b/calitp-jamesl-gcp-components-tfstate",
                            "condition.#": "0",
                            "etag": "CAE=",
                            "id": "calitp-jamesl-gcp-components-tfstate",
                            "members.#": "1",
                            "members.0": "projectViewer:cal-itp-data-infra",
                            "role": "roles/storage.legacyBucketReader"
                        },
                        "meta": {
                            "schema_version": 0
                        },
                        "tainted": false
                    },
                    "deposed": [],
                    "provider": "provider.google"
                },
                "google_storage_bucket_iam_binding.tfer--calitp-map-tiles": {
                    "type": "google_storage_bucket_iam_binding",
                    "depends_on": [],
                    "primary": {
                        "id": "calitp-map-tiles",
                        "attributes": {
                            "bucket": "b/calitp-map-tiles",
                            "condition.#": "0",
                            "etag": "CAM=",
                            "id": "calitp-map-tiles",
                            "members.#": "1",
                            "members.0": "projectViewer:cal-itp-data-infra",
                            "role": "roles/storage.legacyBucketReader"
                        },
                        "meta": {
                            "schema_version": 0
                        },
                        "tainted": false
                    },
                    "deposed": [],
                    "provider": "provider.google"
                },
                "google_storage_bucket_iam_binding.tfer--calitp-metabase-data-public": {
                    "type": "google_storage_bucket_iam_binding",
                    "depends_on": [],
                    "primary": {
                        "id": "calitp-metabase-data-public",
                        "attributes": {
                            "bucket": "b/calitp-metabase-data-public",
                            "condition.#": "0",
                            "etag": "CAM=",
                            "id": "calitp-metabase-data-public",
                            "members.#": "2",
                            "members.0": "projectEditor:cal-itp-data-infra",
                            "members.1": "projectOwner:cal-itp-data-infra",
                            "role": "roles/storage.legacyBucketOwner"
                        },
                        "meta": {
                            "schema_version": 0
                        },
                        "tainted": false
                    },
                    "deposed": [],
                    "provider": "provider.google"
                },
                "google_storage_bucket_iam_binding.tfer--calitp-ntd-api-products": {
                    "type": "google_storage_bucket_iam_binding",
                    "depends_on": [],
                    "primary": {
                        "id": "calitp-ntd-api-products",
                        "attributes": {
                            "bucket": "b/calitp-ntd-api-products",
                            "condition.#": "0",
                            "etag": "CAE=",
                            "id": "calitp-ntd-api-products",
                            "members.#": "2",
                            "members.0": "projectEditor:cal-itp-data-infra",
                            "members.1": "projectOwner:cal-itp-data-infra",
                            "role": "roles/storage.legacyObjectOwner"
                        },
                        "meta": {
                            "schema_version": 0
                        },
                        "tainted": false
                    },
                    "deposed": [],
                    "provider": "provider.google"
                },
                "google_storage_bucket_iam_binding.tfer--calitp-ntd-data-products": {
                    "type": "google_storage_bucket_iam_binding",
                    "depends_on": [],
                    "primary": {
                        "id": "calitp-ntd-data-products",
                        "attributes": {
                            "bucket": "b/calitp-ntd-data-products",
                            "condition.#": "0",
                            "etag": "CAE=",
                            "id": "calitp-ntd-data-products",
                            "members.#": "2",
                            "members.0": "projectEditor:cal-itp-data-infra",
                            "members.1": "projectOwner:cal-itp-data-infra",
                            "role": "roles/storage.legacyBucketOwner"
                        },
                        "meta": {
                            "schema_version": 0
                        },
                        "tainted": false
                    },
                    "deposed": [],
                    "provider": "provider.google"
                },
                "google_storage_bucket_iam_binding.tfer--calitp-ntd-report-validation": {
                    "type": "google_storage_bucket_iam_binding",
                    "depends_on": [],
                    "primary": {
                        "id": "calitp-ntd-report-validation",
                        "attributes": {
                            "bucket": "b/calitp-ntd-report-validation",
                            "condition.#": "0",
                            "etag": "CAE=",
                            "id": "calitp-ntd-report-validation",
                            "members.#": "2",
                            "members.0": "projectEditor:cal-itp-data-infra",
                            "members.1": "projectOwner:cal-itp-data-infra",
                            "role": "roles/storage.legacyObjectOwner"
                        },
                        "meta": {
                            "schema_version": 0
                        },
                        "tainted": false
                    },
                    "deposed": [],
                    "provider": "provider.google"
                },
                "google_storage_bucket_iam_binding.tfer--calitp-ntd-xlsx-products-clean": {
                    "type": "google_storage_bucket_iam_binding",
                    "depends_on": [],
                    "primary": {
                        "id": "calitp-ntd-xlsx-products-clean",
                        "attributes": {
                            "bucket": "b/calitp-ntd-xlsx-products-clean",
                            "condition.#": "0",
                            "etag": "CAE=",
                            "id": "calitp-ntd-xlsx-products-clean",
                            "members.#": "2",
                            "members.0": "projectEditor:cal-itp-data-infra",
                            "members.1": "projectOwner:cal-itp-data-infra",
                            "role": "roles/storage.legacyObjectOwner"
                        },
                        "meta": {
                            "schema_version": 0
                        },
                        "tainted": false
                    },
                    "deposed": [],
                    "provider": "provider.google"
                },
                "google_storage_bucket_iam_binding.tfer--calitp-ntd-xlsx-products-raw": {
                    "type": "google_storage_bucket_iam_binding",
                    "depends_on": [],
                    "primary": {
                        "id": "calitp-ntd-xlsx-products-raw",
                        "attributes": {
                            "bucket": "b/calitp-ntd-xlsx-products-raw",
                            "condition.#": "0",
                            "etag": "CAE=",
                            "id": "calitp-ntd-xlsx-products-raw",
                            "members.#": "2",
                            "members.0": "projectEditor:cal-itp-data-infra",
                            "members.1": "projectOwner:cal-itp-data-infra",
                            "role": "roles/storage.legacyBucketOwner"
                        },
                        "meta": {
                            "schema_version": 0
                        },
                        "tainted": false
                    },
                    "deposed": [],
                    "provider": "provider.google"
                },
                "google_storage_bucket_iam_binding.tfer--calitp-payments-littlepay-parsed": {
                    "type": "google_storage_bucket_iam_binding",
                    "depends_on": [],
                    "primary": {
                        "id": "calitp-payments-littlepay-parsed",
                        "attributes": {
                            "bucket": "b/calitp-payments-littlepay-parsed",
                            "condition.#": "0",
                            "etag": "CAE=",
                            "id": "calitp-payments-littlepay-parsed",
                            "members.#": "1",
                            "members.0": "projectViewer:cal-itp-data-infra",
                            "role": "roles/storage.legacyObjectReader"
                        },
                        "meta": {
                            "schema_version": 0
                        },
                        "tainted": false
                    },
                    "deposed": [],
                    "provider": "provider.google"
                },
                "google_storage_bucket_iam_binding.tfer--calitp-payments-littlepay-raw": {
                    "type": "google_storage_bucket_iam_binding",
                    "depends_on": [],
                    "primary": {
                        "id": "calitp-payments-littlepay-raw",
                        "attributes": {
                            "bucket": "b/calitp-payments-littlepay-raw",
                            "condition.#": "0",
                            "etag": "CAE=",
                            "id": "calitp-payments-littlepay-raw",
                            "members.#": "2",
                            "members.0": "projectEditor:cal-itp-data-infra",
                            "members.1": "projectOwner:cal-itp-data-infra",
                            "role": "roles/storage.legacyBucketOwner"
                        },
                        "meta": {
                            "schema_version": 0
                        },
                        "tainted": false
                    },
                    "deposed": [],
                    "provider": "provider.google"
                },
                "google_storage_bucket_iam_binding.tfer--calitp-prod-gcp-components-tfstate": {
                    "type": "google_storage_bucket_iam_binding",
                    "depends_on": [],
                    "primary": {
                        "id": "calitp-prod-gcp-components-tfstate",
                        "attributes": {
                            "bucket": "b/calitp-prod-gcp-components-tfstate",
                            "condition.#": "0",
                            "etag": "CAE=",
                            "id": "calitp-prod-gcp-components-tfstate",
                            "members.#": "1",
                            "members.0": "projectViewer:cal-itp-data-infra",
                            "role": "roles/storage.legacyObjectReader"
                        },
                        "meta": {
                            "schema_version": 0
                        },
                        "tainted": false
                    },
                    "deposed": [],
                    "provider": "provider.google"
                },
                "google_storage_bucket_iam_binding.tfer--calitp-publish": {
                    "type": "google_storage_bucket_iam_binding",
                    "depends_on": [],
                    "primary": {
                        "id": "calitp-publish",
                        "attributes": {
                            "bucket": "b/calitp-publish",
                            "condition.#": "0",
                            "etag": "CAE=",
                            "id": "calitp-publish",
                            "members.#": "2",
                            "members.0": "projectEditor:cal-itp-data-infra",
                            "members.1": "projectOwner:cal-itp-data-infra",
                            "role": "roles/storage.legacyObjectOwner"
                        },
                        "meta": {
                            "schema_version": 0
                        },
                        "tainted": false
                    },
                    "deposed": [],
                    "provider": "provider.google"
                },
                "google_storage_bucket_iam_binding.tfer--calitp-publish-data-analysis": {
                    "type": "google_storage_bucket_iam_binding",
                    "depends_on": [],
                    "primary": {
                        "id": "calitp-publish-data-analysis",
                        "attributes": {
                            "bucket": "b/calitp-publish-data-analysis",
                            "condition.#": "0",
                            "etag": "CAI=",
                            "id": "calitp-publish-data-analysis",
                            "members.#": "2",
                            "members.0": "projectEditor:cal-itp-data-infra",
                            "members.1": "projectOwner:cal-itp-data-infra",
                            "role": "roles/storage.legacyBucketOwner"
                        },
                        "meta": {
                            "schema_version": 0
                        },
                        "tainted": false
                    },
                    "deposed": [],
                    "provider": "provider.google"
                },
                "google_storage_bucket_iam_binding.tfer--calitp-reports-data": {
                    "type": "google_storage_bucket_iam_binding",
                    "depends_on": [],
                    "primary": {
                        "id": "calitp-reports-data",
                        "attributes": {
                            "bucket": "b/calitp-reports-data",
                            "condition.#": "0",
                            "etag": "CAI=",
                            "id": "calitp-reports-data",
                            "members.#": "1",
                            "members.0": "projectViewer:cal-itp-data-infra",
                            "role": "roles/storage.legacyBucketReader"
                        },
                        "meta": {
                            "schema_version": 0
                        },
                        "tainted": false
                    },
                    "deposed": [],
                    "provider": "provider.google"
                },
                "google_storage_bucket_iam_binding.tfer--calitp-state-geoportal-scrape": {
                    "type": "google_storage_bucket_iam_binding",
                    "depends_on": [],
                    "primary": {
                        "id": "calitp-state-geoportal-scrape",
                        "attributes": {
                            "bucket": "b/calitp-state-geoportal-scrape",
                            "condition.#": "0",
                            "etag": "CAE=",
                            "id": "calitp-state-geoportal-scrape",
                            "members.#": "1",
                            "members.0": "projectViewer:cal-itp-data-infra",
                            "role": "roles/storage.legacyObjectReader"
                        },
                        "meta": {
                            "schema_version": 0
                        },
                        "tainted": false
                    },
                    "deposed": [],
                    "provider": "provider.google"
                },
                "google_storage_bucket_iam_binding.tfer--calitp-state-highway-network-stops": {
                    "type": "google_storage_bucket_iam_binding",
                    "depends_on": [],
                    "primary": {
                        "id": "calitp-state-highway-network-stops",
                        "attributes": {
                            "bucket": "b/calitp-state-highway-network-stops",
                            "condition.#": "0",
                            "etag": "CAE=",
                            "id": "calitp-state-highway-network-stops",
                            "members.#": "2",
                            "members.0": "projectEditor:cal-itp-data-infra",
                            "members.1": "projectOwner:cal-itp-data-infra",
                            "role": "roles/storage.legacyObjectOwner"
                        },
                        "meta": {
                            "schema_version": 0
                        },
                        "tainted": false
                    },
                    "deposed": [],
                    "provider": "provider.google"
                },
                "google_storage_bucket_iam_binding.tfer--cold-storage-outputs-gtfs-data-test": {
                    "type": "google_storage_bucket_iam_binding",
                    "depends_on": [],
                    "primary": {
                        "id": "cold-storage-outputs-gtfs-data-test",
                        "attributes": {
                            "bucket": "b/cold-storage-outputs-gtfs-data-test",
                            "condition.#": "0",
                            "etag": "CAE=",
                            "id": "cold-storage-outputs-gtfs-data-test",
                            "members.#": "2",
                            "members.0": "projectEditor:cal-itp-data-infra",
                            "members.1": "projectOwner:cal-itp-data-infra",
                            "role": "roles/storage.legacyBucketOwner"
                        },
                        "meta": {
                            "schema_version": 0
                        },
                        "tainted": false
                    },
                    "deposed": [],
                    "provider": "provider.google"
                },
                "google_storage_bucket_iam_binding.tfer--cold-storage-outputs-gtfs-data-test-charlie-test": {
                    "type": "google_storage_bucket_iam_binding",
                    "depends_on": [],
                    "primary": {
                        "id": "cold-storage-outputs-gtfs-data-test-charlie-test",
                        "attributes": {
                            "bucket": "b/cold-storage-outputs-gtfs-data-test-charlie-test",
                            "condition.#": "0",
                            "etag": "CAE=",
                            "id": "cold-storage-outputs-gtfs-data-test-charlie-test",
                            "members.#": "1",
                            "members.0": "projectViewer:cal-itp-data-infra",
                            "role": "roles/storage.legacyBucketReader"
                        },
                        "meta": {
                            "schema_version": 0
                        },
                        "tainted": false
                    },
                    "deposed": [],
                    "provider": "provider.google"
                },
                "google_storage_bucket_iam_binding.tfer--dataproc-staging-us-west2-1005246706141-sfgmtgyp": {
                    "type": "google_storage_bucket_iam_binding",
                    "depends_on": [],
                    "primary": {
                        "id": "dataproc-staging-us-west2-1005246706141-sfgmtgyp",
                        "attributes": {
                            "bucket": "b/dataproc-staging-us-west2-1005246706141-sfgmtgyp",
                            "condition.#": "0",
                            "etag": "CAI=",
                            "id": "dataproc-staging-us-west2-1005246706141-sfgmtgyp",
                            "members.#": "2",
                            "members.0": "projectEditor:cal-itp-data-infra",
                            "members.1": "projectOwner:cal-itp-data-infra",
                            "role": "roles/storage.legacyBucketOwner"
                        },
                        "meta": {
                            "schema_version": 0
                        },
                        "tainted": false
                    },
                    "deposed": [],
                    "provider": "provider.google"
                },
                "google_storage_bucket_iam_binding.tfer--dataproc-temp-us-west2-1005246706141-x9mtxbwg": {
                    "type": "google_storage_bucket_iam_binding",
                    "depends_on": [],
                    "primary": {
                        "id": "dataproc-temp-us-west2-1005246706141-x9mtxbwg",
                        "attributes": {
                            "bucket": "b/dataproc-temp-us-west2-1005246706141-x9mtxbwg",
                            "condition.#": "0",
                            "etag": "CAI=",
                            "id": "dataproc-temp-us-west2-1005246706141-x9mtxbwg",
                            "members.#": "1",
                            "members.0": "projectViewer:cal-itp-data-infra",
                            "role": "roles/storage.legacyBucketReader"
                        },
                        "meta": {
                            "schema_version": 0
                        },
                        "tainted": false
                    },
                    "deposed": [],
                    "provider": "provider.google"
                },
                "google_storage_bucket_iam_binding.tfer--dev-calitp-aggregator-scraper": {
                    "type": "google_storage_bucket_iam_binding",
                    "depends_on": [],
                    "primary": {
                        "id": "dev-calitp-aggregator-scraper",
                        "attributes": {
                            "bucket": "b/dev-calitp-aggregator-scraper",
                            "condition.#": "0",
                            "etag": "CAE=",
                            "id": "dev-calitp-aggregator-scraper",
                            "members.#": "2",
                            "members.0": "projectEditor:cal-itp-data-infra",
                            "members.1": "projectOwner:cal-itp-data-infra",
                            "role": "roles/storage.legacyObjectOwner"
                        },
                        "meta": {
                            "schema_version": 0
                        },
                        "tainted": false
                    },
                    "deposed": [],
                    "provider": "provider.google"
                },
                "google_storage_bucket_iam_binding.tfer--dev-calitp-gtfs-rt-raw": {
                    "type": "google_storage_bucket_iam_binding",
                    "depends_on": [],
                    "primary": {
                        "id": "dev-calitp-gtfs-rt-raw",
                        "attributes": {
                            "bucket": "b/dev-calitp-gtfs-rt-raw",
                            "condition.#": "0",
                            "etag": "CAQ=",
                            "id": "dev-calitp-gtfs-rt-raw",
                            "members.#": "2",
                            "members.0": "serviceAccount:dev-gtfs-rt-archiver-v3@cal-itp-data-infra.iam.gserviceaccount.com",
                            "members.1": "serviceAccount:gtfs-rt-archiver-v3@cal-itp-data-infra.iam.gserviceaccount.com",
                            "role": "roles/storage.objectAdmin"
                        },
                        "meta": {
                            "schema_version": 0
                        },
                        "tainted": false
                    },
                    "deposed": [],
                    "provider": "provider.google"
                },
                "google_storage_bucket_iam_binding.tfer--dev-calitp-test-sandbox": {
                    "type": "google_storage_bucket_iam_binding",
                    "depends_on": [],
                    "primary": {
                        "id": "dev-calitp-test-sandbox",
                        "attributes": {
                            "bucket": "b/dev-calitp-test-sandbox",
                            "condition.#": "0",
                            "etag": "CAI=",
                            "id": "dev-calitp-test-sandbox",
                            "members.#": "2",
                            "members.0": "projectEditor:cal-itp-data-infra",
                            "members.1": "projectOwner:cal-itp-data-infra",
                            "role": "roles/storage.legacyBucketOwner"
                        },
                        "meta": {
                            "schema_version": 0
                        },
                        "tainted": false
                    },
                    "deposed": [],
                    "provider": "provider.google"
                },
                "google_storage_bucket_iam_binding.tfer--gtfs-data": {
                    "type": "google_storage_bucket_iam_binding",
                    "depends_on": [],
                    "primary": {
                        "id": "gtfs-data",
                        "attributes": {
                            "bucket": "b/gtfs-data",
                            "condition.#": "0",
                            "etag": "CAk=",
                            "id": "gtfs-data",
                            "members.#": "3",
                            "members.0": "projectViewer:cal-itp-data-infra",
                            "members.1": "serviceAccount:project-1005246706141@storage-transfer-service.iam.gserviceaccount.com",
                            "members.2": "serviceAccount:project-473674835135@storage-transfer-service.iam.gserviceaccount.com",
                            "role": "roles/storage.legacyBucketReader"
                        },
                        "meta": {
                            "schema_version": 0
                        },
                        "tainted": false
                    },
                    "deposed": [],
                    "provider": "provider.google"
                },
                "google_storage_bucket_iam_binding.tfer--gtfs-data-reports": {
                    "type": "google_storage_bucket_iam_binding",
                    "depends_on": [],
                    "primary": {
                        "id": "gtfs-data-reports",
                        "attributes": {
                            "bucket": "b/gtfs-data-reports",
                            "condition.#": "0",
                            "etag": "CAE=",
                            "id": "gtfs-data-reports",
                            "members.#": "2",
                            "members.0": "projectEditor:cal-itp-data-infra",
                            "members.1": "projectOwner:cal-itp-data-infra",
                            "role": "roles/storage.legacyObjectOwner"
                        },
                        "meta": {
                            "schema_version": 0
                        },
                        "tainted": false
                    },
                    "deposed": [],
                    "provider": "provider.google"
                },
                "google_storage_bucket_iam_binding.tfer--gtfs-data-test": {
                    "type": "google_storage_bucket_iam_binding",
                    "depends_on": [],
                    "primary": {
                        "id": "gtfs-data-test",
                        "attributes": {
                            "bucket": "b/gtfs-data-test",
                            "condition.#": "0",
                            "etag": "CAg=",
                            "id": "gtfs-data-test",
                            "members.#": "2",
                            "members.0": "projectEditor:cal-itp-data-infra",
                            "members.1": "projectOwner:cal-itp-data-infra",
                            "role": "roles/storage.legacyBucketOwner"
                        },
                        "meta": {
                            "schema_version": 0
                        },
                        "tainted": false
                    },
                    "deposed": [],
                    "provider": "provider.google"
                },
                "google_storage_bucket_iam_binding.tfer--gtfs-data-test-reports": {
                    "type": "google_storage_bucket_iam_binding",
                    "depends_on": [],
                    "primary": {
                        "id": "gtfs-data-test-reports",
                        "attributes": {
                            "bucket": "b/gtfs-data-test-reports",
                            "condition.#": "0",
                            "etag": "CAE=",
                            "id": "gtfs-data-test-reports",
                            "members.#": "2",
                            "members.0": "projectEditor:cal-itp-data-infra",
                            "members.1": "projectOwner:cal-itp-data-infra",
                            "role": "roles/storage.legacyBucketOwner"
                        },
                        "meta": {
                            "schema_version": 0
                        },
                        "tainted": false
                    },
                    "deposed": [],
                    "provider": "provider.google"
                },
                "google_storage_bucket_iam_binding.tfer--gtfs-schedule-backfill-test": {
                    "type": "google_storage_bucket_iam_binding",
                    "depends_on": [],
                    "primary": {
                        "id": "gtfs-schedule-backfill-test",
                        "attributes": {
                            "bucket": "b/gtfs-schedule-backfill-test",
                            "condition.#": "0",
                            "etag": "CAM=",
                            "id": "gtfs-schedule-backfill-test",
                            "members.#": "1",
                            "members.0": "serviceAccount:project-1005246706141@storage-transfer-service.iam.gserviceaccount.com",
                            "role": "roles/storage.objectAdmin"
                        },
                        "meta": {
                            "schema_version": 0
                        },
                        "tainted": false
                    },
                    "deposed": [],
                    "provider": "provider.google"
                },
                "google_storage_bucket_iam_binding.tfer--gtfs-schedule-backfill-test-deprecated": {
                    "type": "google_storage_bucket_iam_binding",
                    "depends_on": [],
                    "primary": {
                        "id": "gtfs-schedule-backfill-test-deprecated",
                        "attributes": {
                            "bucket": "b/gtfs-schedule-backfill-test-deprecated",
                            "condition.#": "0",
                            "etag": "CAI=",
                            "id": "gtfs-schedule-backfill-test-deprecated",
                            "members.#": "1",
                            "members.0": "projectViewer:cal-itp-data-infra",
                            "role": "roles/storage.legacyObjectReader"
                        },
                        "meta": {
                            "schema_version": 0
                        },
                        "tainted": false
                    },
                    "deposed": [],
                    "provider": "provider.google"
                },
                "google_storage_bucket_iam_binding.tfer--littlepay-data-extract-prod": {
                    "type": "google_storage_bucket_iam_binding",
                    "depends_on": [],
                    "primary": {
                        "id": "littlepay-data-extract-prod",
                        "attributes": {
                            "bucket": "b/littlepay-data-extract-prod",
                            "condition.#": "0",
                            "etag": "CAI=",
                            "id": "littlepay-data-extract-prod",
                            "members.#": "2",
                            "members.0": "projectEditor:cal-itp-data-infra",
                            "members.1": "projectOwner:cal-itp-data-infra",
                            "role": "roles/storage.legacyObjectOwner"
                        },
                        "meta": {
                            "schema_version": 0
                        },
                        "tainted": false
                    },
                    "deposed": [],
                    "provider": "provider.google"
                },
                "google_storage_bucket_iam_binding.tfer--rt-parsed": {
                    "type": "google_storage_bucket_iam_binding",
                    "depends_on": [],
                    "primary": {
                        "id": "rt-parsed",
                        "attributes": {
                            "bucket": "b/rt-parsed",
                            "condition.#": "0",
                            "etag": "CAE=",
                            "id": "rt-parsed",
                            "members.#": "2",
                            "members.0": "projectEditor:cal-itp-data-infra",
                            "members.1": "projectOwner:cal-itp-data-infra",
                            "role": "roles/storage.legacyObjectOwner"
                        },
                        "meta": {
                            "schema_version": 0
                        },
                        "tainted": false
                    },
                    "deposed": [],
                    "provider": "provider.google"
                },
                "google_storage_bucket_iam_binding.tfer--rt-parsed-deprecated": {
                    "type": "google_storage_bucket_iam_binding",
                    "depends_on": [],
                    "primary": {
                        "id": "rt-parsed-deprecated",
                        "attributes": {
                            "bucket": "b/rt-parsed-deprecated",
                            "condition.#": "0",
                            "etag": "CAI=",
                            "id": "rt-parsed-deprecated",
                            "members.#": "2",
                            "members.0": "projectEditor:cal-itp-data-infra",
                            "members.1": "projectOwner:cal-itp-data-infra",
                            "role": "roles/storage.legacyObjectOwner"
                        },
                        "meta": {
                            "schema_version": 0
                        },
                        "tainted": false
                    },
                    "deposed": [],
                    "provider": "provider.google"
                },
                "google_storage_bucket_iam_binding.tfer--staging-002E-cal-itp-data-infra-002E-appspot-002E-com": {
                    "type": "google_storage_bucket_iam_binding",
                    "depends_on": [],
                    "primary": {
                        "id": "staging.cal-itp-data-infra.appspot.com",
                        "attributes": {
                            "bucket": "b/staging.cal-itp-data-infra.appspot.com",
                            "condition.#": "0",
                            "etag": "CAE=",
                            "id": "staging.cal-itp-data-infra.appspot.com",
                            "members.#": "2",
                            "members.0": "projectEditor:cal-itp-data-infra",
                            "members.1": "projectOwner:cal-itp-data-infra",
                            "role": "roles/storage.legacyBucketOwner"
                        },
                        "meta": {
                            "schema_version": 0
                        },
                        "tainted": false
                    },
                    "deposed": [],
                    "provider": "provider.google"
                },
                "google_storage_bucket_iam_binding.tfer--test-calitp-aggregator-scraper": {
                    "type": "google_storage_bucket_iam_binding",
                    "depends_on": [],
                    "primary": {
                        "id": "test-calitp-aggregator-scraper",
                        "attributes": {
                            "bucket": "b/test-calitp-aggregator-scraper",
                            "condition.#": "0",
                            "etag": "CAE=",
                            "id": "test-calitp-aggregator-scraper",
                            "members.#": "2",
                            "members.0": "projectEditor:cal-itp-data-infra",
                            "members.1": "projectOwner:cal-itp-data-infra",
                            "role": "roles/storage.legacyObjectOwner"
                        },
                        "meta": {
                            "schema_version": 0
                        },
                        "tainted": false
                    },
                    "deposed": [],
                    "provider": "provider.google"
                },
                "google_storage_bucket_iam_binding.tfer--test-calitp-airtable": {
                    "type": "google_storage_bucket_iam_binding",
                    "depends_on": [],
                    "primary": {
                        "id": "test-calitp-airtable",
                        "attributes": {
                            "bucket": "b/test-calitp-airtable",
                            "condition.#": "0",
                            "etag": "CAE=",
                            "id": "test-calitp-airtable",
                            "members.#": "2",
                            "members.0": "projectEditor:cal-itp-data-infra",
                            "members.1": "projectOwner:cal-itp-data-infra",
                            "role": "roles/storage.legacyBucketOwner"
                        },
                        "meta": {
                            "schema_version": 0
                        },
                        "tainted": false
                    },
                    "deposed": [],
                    "provider": "provider.google"
                },
                "google_storage_bucket_iam_binding.tfer--test-calitp-dbt-artifacts": {
                    "type": "google_storage_bucket_iam_binding",
                    "depends_on": [],
                    "primary": {
                        "id": "test-calitp-dbt-artifacts",
                        "attributes": {
                            "bucket": "b/test-calitp-dbt-artifacts",
                            "condition.#": "0",
                            "etag": "CAE=",
                            "id": "test-calitp-dbt-artifacts",
                            "members.#": "2",
                            "members.0": "projectEditor:cal-itp-data-infra",
                            "members.1": "projectOwner:cal-itp-data-infra",
                            "role": "roles/storage.legacyObjectOwner"
                        },
                        "meta": {
                            "schema_version": 0
                        },
                        "tainted": false
                    },
                    "deposed": [],
                    "provider": "provider.google"
                },
                "google_storage_bucket_iam_binding.tfer--test-calitp-dbt-python-models": {
                    "type": "google_storage_bucket_iam_binding",
                    "depends_on": [],
                    "primary": {
                        "id": "test-calitp-dbt-python-models",
                        "attributes": {
                            "bucket": "b/test-calitp-dbt-python-models",
                            "condition.#": "0",
                            "etag": "CAE=",
                            "id": "test-calitp-dbt-python-models",
                            "members.#": "1",
                            "members.0": "projectViewer:cal-itp-data-infra",
                            "role": "roles/storage.legacyBucketReader"
                        },
                        "meta": {
                            "schema_version": 0
                        },
                        "tainted": false
                    },
                    "deposed": [],
                    "provider": "provider.google"
                },
                "google_storage_bucket_iam_binding.tfer--test-calitp-elavon": {
                    "type": "google_storage_bucket_iam_binding",
                    "depends_on": [],
                    "primary": {
                        "id": "test-calitp-elavon",
                        "attributes": {
                            "bucket": "b/test-calitp-elavon",
                            "condition.#": "0",
                            "etag": "CAE=",
                            "id": "test-calitp-elavon",
                            "members.#": "2",
                            "members.0": "projectEditor:cal-itp-data-infra",
                            "members.1": "projectOwner:cal-itp-data-infra",
                            "role": "roles/storage.legacyObjectOwner"
                        },
                        "meta": {
                            "schema_version": 0
                        },
                        "tainted": false
                    },
                    "deposed": [],
                    "provider": "provider.google"
                },
                "google_storage_bucket_iam_binding.tfer--test-calitp-elavon-parsed": {
                    "type": "google_storage_bucket_iam_binding",
                    "depends_on": [],
                    "primary": {
                        "id": "test-calitp-elavon-parsed",
                        "attributes": {
                            "bucket": "b/test-calitp-elavon-parsed",
                            "condition.#": "0",
                            "etag": "CAE=",
                            "id": "test-calitp-elavon-parsed",
                            "members.#": "2",
                            "members.0": "projectEditor:cal-itp-data-infra",
                            "members.1": "projectOwner:cal-itp-data-infra",
                            "role": "roles/storage.legacyBucketOwner"
                        },
                        "meta": {
                            "schema_version": 0
                        },
                        "tainted": false
                    },
                    "deposed": [],
                    "provider": "provider.google"
                },
                "google_storage_bucket_iam_binding.tfer--test-calitp-elavon-raw": {
                    "type": "google_storage_bucket_iam_binding",
                    "depends_on": [],
                    "primary": {
                        "id": "test-calitp-elavon-raw",
                        "attributes": {
                            "bucket": "b/test-calitp-elavon-raw",
                            "condition.#": "0",
                            "etag": "CAE=",
                            "id": "test-calitp-elavon-raw",
                            "members.#": "1",
                            "members.0": "projectViewer:cal-itp-data-infra",
                            "role": "roles/storage.legacyObjectReader"
                        },
                        "meta": {
                            "schema_version": 0
                        },
                        "tainted": false
                    },
                    "deposed": [],
                    "provider": "provider.google"
                },
                "google_storage_bucket_iam_binding.tfer--test-calitp-gtfs-config": {
                    "type": "google_storage_bucket_iam_binding",
                    "depends_on": [],
                    "primary": {
                        "id": "test-calitp-gtfs-config",
                        "attributes": {
                            "bucket": "b/test-calitp-gtfs-config",
                            "condition.#": "0",
                            "etag": "CAE=",
                            "id": "test-calitp-gtfs-config",
                            "members.#": "1",
                            "members.0": "projectViewer:cal-itp-data-infra",
                            "role": "roles/storage.legacyBucketReader"
                        },
                        "meta": {
                            "schema_version": 0
                        },
                        "tainted": false
                    },
                    "deposed": [],
                    "provider": "provider.google"
                },
                "google_storage_bucket_iam_binding.tfer--test-calitp-gtfs-download-config": {
                    "type": "google_storage_bucket_iam_binding",
                    "depends_on": [],
                    "primary": {
                        "id": "test-calitp-gtfs-download-config",
                        "attributes": {
                            "bucket": "b/test-calitp-gtfs-download-config",
                            "condition.#": "0",
                            "etag": "CAI=",
                            "id": "test-calitp-gtfs-download-config",
                            "members.#": "2",
                            "members.0": "projectEditor:cal-itp-data-infra",
                            "members.1": "projectOwner:cal-itp-data-infra",
                            "role": "roles/storage.legacyBucketOwner"
                        },
                        "meta": {
                            "schema_version": 0
                        },
                        "tainted": false
                    },
                    "deposed": [],
                    "provider": "provider.google"
                },
                "google_storage_bucket_iam_binding.tfer--test-calitp-gtfs-raw": {
                    "type": "google_storage_bucket_iam_binding",
                    "depends_on": [],
                    "primary": {
                        "id": "test-calitp-gtfs-raw",
                        "attributes": {
                            "bucket": "b/test-calitp-gtfs-raw",
                            "condition.#": "0",
                            "etag": "CAE=",
                            "id": "test-calitp-gtfs-raw",
                            "members.#": "2",
                            "members.0": "projectEditor:cal-itp-data-infra",
                            "members.1": "projectOwner:cal-itp-data-infra",
                            "role": "roles/storage.legacyBucketOwner"
                        },
                        "meta": {
                            "schema_version": 0
                        },
                        "tainted": false
                    },
                    "deposed": [],
                    "provider": "provider.google"
                },
                "google_storage_bucket_iam_binding.tfer--test-calitp-gtfs-rt-parsed": {
                    "type": "google_storage_bucket_iam_binding",
                    "depends_on": [],
                    "primary": {
                        "id": "test-calitp-gtfs-rt-parsed",
                        "attributes": {
                            "bucket": "b/test-calitp-gtfs-rt-parsed",
                            "condition.#": "0",
                            "etag": "CAE=",
                            "id": "test-calitp-gtfs-rt-parsed",
                            "members.#": "2",
                            "members.0": "projectEditor:cal-itp-data-infra",
                            "members.1": "projectOwner:cal-itp-data-infra",
                            "role": "roles/storage.legacyObjectOwner"
                        },
                        "meta": {
                            "schema_version": 0
                        },
                        "tainted": false
                    },
                    "deposed": [],
                    "provider": "provider.google"
                },
                "google_storage_bucket_iam_binding.tfer--test-calitp-gtfs-rt-raw": {
                    "type": "google_storage_bucket_iam_binding",
                    "depends_on": [],
                    "primary": {
                        "id": "test-calitp-gtfs-rt-raw",
                        "attributes": {
                            "bucket": "b/test-calitp-gtfs-rt-raw",
                            "condition.#": "0",
                            "etag": "CAQ=",
                            "id": "test-calitp-gtfs-rt-raw",
                            "members.#": "1",
                            "members.0": "projectViewer:cal-itp-data-infra",
                            "role": "roles/storage.legacyBucketReader"
                        },
                        "meta": {
                            "schema_version": 0
                        },
                        "tainted": false
                    },
                    "deposed": [],
                    "provider": "provider.google"
                },
                "google_storage_bucket_iam_binding.tfer--test-calitp-gtfs-rt-raw-v2": {
                    "type": "google_storage_bucket_iam_binding",
                    "depends_on": [],
                    "primary": {
                        "id": "test-calitp-gtfs-rt-raw-v2",
                        "attributes": {
                            "bucket": "b/test-calitp-gtfs-rt-raw-v2",
                            "condition.#": "0",
                            "etag": "CAM=",
                            "id": "test-calitp-gtfs-rt-raw-v2",
                            "members.#": "1",
                            "members.0": "serviceAccount:gtfs-rt-archiver-v3@cal-itp-data-infra.iam.gserviceaccount.com",
                            "role": "roles/storage.objectAdmin"
                        },
                        "meta": {
                            "schema_version": 0
                        },
                        "tainted": false
                    },
                    "deposed": [],
                    "provider": "provider.google"
                },
                "google_storage_bucket_iam_binding.tfer--test-calitp-gtfs-rt-validation": {
                    "type": "google_storage_bucket_iam_binding",
                    "depends_on": [],
                    "primary": {
                        "id": "test-calitp-gtfs-rt-validation",
                        "attributes": {
                            "bucket": "b/test-calitp-gtfs-rt-validation",
                            "condition.#": "0",
                            "etag": "CAE=",
                            "id": "test-calitp-gtfs-rt-validation",
                            "members.#": "1",
                            "members.0": "projectViewer:cal-itp-data-infra",
                            "role": "roles/storage.legacyBucketReader"
                        },
                        "meta": {
                            "schema_version": 0
                        },
                        "tainted": false
                    },
                    "deposed": [],
                    "provider": "provider.google"
                },
                "google_storage_bucket_iam_binding.tfer--test-calitp-gtfs-schedule-parsed": {
                    "type": "google_storage_bucket_iam_binding",
                    "depends_on": [],
                    "primary": {
                        "id": "test-calitp-gtfs-schedule-parsed",
                        "attributes": {
                            "bucket": "b/test-calitp-gtfs-schedule-parsed",
                            "condition.#": "0",
                            "etag": "CAE=",
                            "id": "test-calitp-gtfs-schedule-parsed",
                            "members.#": "1",
                            "members.0": "projectViewer:cal-itp-data-infra",
                            "role": "roles/storage.legacyObjectReader"
                        },
                        "meta": {
                            "schema_version": 0
                        },
                        "tainted": false
                    },
                    "deposed": [],
                    "provider": "provider.google"
                },
                "google_storage_bucket_iam_binding.tfer--test-calitp-gtfs-schedule-parsed-hourly": {
                    "type": "google_storage_bucket_iam_binding",
                    "depends_on": [],
                    "primary": {
                        "id": "test-calitp-gtfs-schedule-parsed-hourly",
                        "attributes": {
                            "bucket": "b/test-calitp-gtfs-schedule-parsed-hourly",
                            "condition.#": "0",
                            "etag": "CAE=",
                            "id": "test-calitp-gtfs-schedule-parsed-hourly",
                            "members.#": "2",
                            "members.0": "projectEditor:cal-itp-data-infra",
                            "members.1": "projectOwner:cal-itp-data-infra",
                            "role": "roles/storage.legacyBucketOwner"
                        },
                        "meta": {
                            "schema_version": 0
                        },
                        "tainted": false
                    },
                    "deposed": [],
                    "provider": "provider.google"
                },
                "google_storage_bucket_iam_binding.tfer--test-calitp-gtfs-schedule-processed": {
                    "type": "google_storage_bucket_iam_binding",
                    "depends_on": [],
                    "primary": {
                        "id": "test-calitp-gtfs-schedule-processed",
                        "attributes": {
                            "bucket": "b/test-calitp-gtfs-schedule-processed",
                            "condition.#": "0",
                            "etag": "CAE=",
                            "id": "test-calitp-gtfs-schedule-processed",
                            "members.#": "1",
                            "members.0": "projectViewer:cal-itp-data-infra",
                            "role": "roles/storage.legacyObjectReader"
                        },
                        "meta": {
                            "schema_version": 0
                        },
                        "tainted": false
                    },
                    "deposed": [],
                    "provider": "provider.google"
                },
                "google_storage_bucket_iam_binding.tfer--test-calitp-gtfs-schedule-raw": {
                    "type": "google_storage_bucket_iam_binding",
                    "depends_on": [],
                    "primary": {
                        "id": "test-calitp-gtfs-schedule-raw",
                        "attributes": {
                            "bucket": "b/test-calitp-gtfs-schedule-raw",
                            "condition.#": "0",
                            "etag": "CAI=",
                            "id": "test-calitp-gtfs-schedule-raw",
                            "members.#": "1",
                            "members.0": "projectViewer:cal-itp-data-infra",
                            "role": "roles/storage.legacyBucketReader"
                        },
                        "meta": {
                            "schema_version": 0
                        },
                        "tainted": false
                    },
                    "deposed": [],
                    "provider": "provider.google"
                },
                "google_storage_bucket_iam_binding.tfer--test-calitp-gtfs-schedule-raw-v2": {
                    "type": "google_storage_bucket_iam_binding",
                    "depends_on": [],
                    "primary": {
                        "id": "test-calitp-gtfs-schedule-raw-v2",
                        "attributes": {
                            "bucket": "b/test-calitp-gtfs-schedule-raw-v2",
                            "condition.#": "0",
                            "etag": "CAI=",
                            "id": "test-calitp-gtfs-schedule-raw-v2",
                            "members.#": "1",
                            "members.0": "projectViewer:cal-itp-data-infra",
                            "role": "roles/storage.legacyObjectReader"
                        },
                        "meta": {
                            "schema_version": 0
                        },
                        "tainted": false
                    },
                    "deposed": [],
                    "provider": "provider.google"
                },
                "google_storage_bucket_iam_binding.tfer--test-calitp-gtfs-schedule-raw-v2-backfill-test": {
                    "type": "google_storage_bucket_iam_binding",
                    "depends_on": [],
                    "primary": {
                        "id": "test-calitp-gtfs-schedule-raw-v2-backfill-test",
                        "attributes": {
                            "bucket": "b/test-calitp-gtfs-schedule-raw-v2-backfill-test",
                            "condition.#": "0",
                            "etag": "CAE=",
                            "id": "test-calitp-gtfs-schedule-raw-v2-backfill-test",
                            "members.#": "1",
                            "members.0": "projectViewer:cal-itp-data-infra",
                            "role": "roles/storage.legacyBucketReader"
                        },
                        "meta": {
                            "schema_version": 0
                        },
                        "tainted": false
                    },
                    "deposed": [],
                    "provider": "provider.google"
                },
                "google_storage_bucket_iam_binding.tfer--test-calitp-gtfs-schedule-unzipped": {
                    "type": "google_storage_bucket_iam_binding",
                    "depends_on": [],
                    "primary": {
                        "id": "test-calitp-gtfs-schedule-unzipped",
                        "attributes": {
                            "bucket": "b/test-calitp-gtfs-schedule-unzipped",
                            "condition.#": "0",
                            "etag": "CAE=",
                            "id": "test-calitp-gtfs-schedule-unzipped",
                            "members.#": "1",
                            "members.0": "projectViewer:cal-itp-data-infra",
                            "role": "roles/storage.legacyBucketReader"
                        },
                        "meta": {
                            "schema_version": 0
                        },
                        "tainted": false
                    },
                    "deposed": [],
                    "provider": "provider.google"
                },
                "google_storage_bucket_iam_binding.tfer--test-calitp-gtfs-schedule-unzipped-hourly": {
                    "type": "google_storage_bucket_iam_binding",
                    "depends_on": [],
                    "primary": {
                        "id": "test-calitp-gtfs-schedule-unzipped-hourly",
                        "attributes": {
                            "bucket": "b/test-calitp-gtfs-schedule-unzipped-hourly",
                            "condition.#": "0",
                            "etag": "CAE=",
                            "id": "test-calitp-gtfs-schedule-unzipped-hourly",
                            "members.#": "2",
                            "members.0": "projectEditor:cal-itp-data-infra",
                            "members.1": "projectOwner:cal-itp-data-infra",
                            "role": "roles/storage.legacyBucketOwner"
                        },
                        "meta": {
                            "schema_version": 0
                        },
                        "tainted": false
                    },
                    "deposed": [],
                    "provider": "provider.google"
                },
                "google_storage_bucket_iam_binding.tfer--test-calitp-gtfs-schedule-validation": {
                    "type": "google_storage_bucket_iam_binding",
                    "depends_on": [],
                    "primary": {
                        "id": "test-calitp-gtfs-schedule-validation",
                        "attributes": {
                            "bucket": "b/test-calitp-gtfs-schedule-validation",
                            "condition.#": "0",
                            "etag": "CAE=",
                            "id": "test-calitp-gtfs-schedule-validation",
                            "members.#": "1",
                            "members.0": "projectViewer:cal-itp-data-infra",
                            "role": "roles/storage.legacyObjectReader"
                        },
                        "meta": {
                            "schema_version": 0
                        },
                        "tainted": false
                    },
                    "deposed": [],
                    "provider": "provider.google"
                },
                "google_storage_bucket_iam_binding.tfer--test-calitp-gtfs-schedule-validation-hourly": {
                    "type": "google_storage_bucket_iam_binding",
                    "depends_on": [],
                    "primary": {
                        "id": "test-calitp-gtfs-schedule-validation-hourly",
                        "attributes": {
                            "bucket": "b/test-calitp-gtfs-schedule-validation-hourly",
                            "condition.#": "0",
                            "etag": "CAE=",
                            "id": "test-calitp-gtfs-schedule-validation-hourly",
                            "members.#": "2",
                            "members.0": "projectEditor:cal-itp-data-infra",
                            "members.1": "projectOwner:cal-itp-data-infra",
                            "role": "roles/storage.legacyBucketOwner"
                        },
                        "meta": {
                            "schema_version": 0
                        },
                        "tainted": false
                    },
                    "deposed": [],
                    "provider": "provider.google"
                },
                "google_storage_bucket_iam_binding.tfer--test-calitp-ntd-api-products": {
                    "type": "google_storage_bucket_iam_binding",
                    "depends_on": [],
                    "primary": {
                        "id": "test-calitp-ntd-api-products",
                        "attributes": {
                            "bucket": "b/test-calitp-ntd-api-products",
                            "condition.#": "0",
                            "etag": "CAE=",
                            "id": "test-calitp-ntd-api-products",
                            "members.#": "1",
                            "members.0": "projectViewer:cal-itp-data-infra",
                            "role": "roles/storage.legacyObjectReader"
                        },
                        "meta": {
                            "schema_version": 0
                        },
                        "tainted": false
                    },
                    "deposed": [],
                    "provider": "provider.google"
                },
                "google_storage_bucket_iam_binding.tfer--test-calitp-ntd-data-products": {
                    "type": "google_storage_bucket_iam_binding",
                    "depends_on": [],
                    "primary": {
                        "id": "test-calitp-ntd-data-products",
                        "attributes": {
                            "bucket": "b/test-calitp-ntd-data-products",
                            "condition.#": "0",
                            "etag": "CAE=",
                            "id": "test-calitp-ntd-data-products",
                            "members.#": "2",
                            "members.0": "projectEditor:cal-itp-data-infra",
                            "members.1": "projectOwner:cal-itp-data-infra",
                            "role": "roles/storage.legacyObjectOwner"
                        },
                        "meta": {
                            "schema_version": 0
                        },
                        "tainted": false
                    },
                    "deposed": [],
                    "provider": "provider.google"
                },
                "google_storage_bucket_iam_binding.tfer--test-calitp-ntd-report-validation": {
                    "type": "google_storage_bucket_iam_binding",
                    "depends_on": [],
                    "primary": {
                        "id": "test-calitp-ntd-report-validation",
                        "attributes": {
                            "bucket": "b/test-calitp-ntd-report-validation",
                            "condition.#": "0",
                            "etag": "CAE=",
                            "id": "test-calitp-ntd-report-validation",
                            "members.#": "2",
                            "members.0": "projectEditor:cal-itp-data-infra",
                            "members.1": "projectOwner:cal-itp-data-infra",
                            "role": "roles/storage.legacyBucketOwner"
                        },
                        "meta": {
                            "schema_version": 0
                        },
                        "tainted": false
                    },
                    "deposed": [],
                    "provider": "provider.google"
                },
                "google_storage_bucket_iam_binding.tfer--test-calitp-ntd-xlsx-products-clean": {
                    "type": "google_storage_bucket_iam_binding",
                    "depends_on": [],
                    "primary": {
                        "id": "test-calitp-ntd-xlsx-products-clean",
                        "attributes": {
                            "bucket": "b/test-calitp-ntd-xlsx-products-clean",
                            "condition.#": "0",
                            "etag": "CAE=",
                            "id": "test-calitp-ntd-xlsx-products-clean",
                            "members.#": "1",
                            "members.0": "projectViewer:cal-itp-data-infra",
                            "role": "roles/storage.legacyObjectReader"
                        },
                        "meta": {
                            "schema_version": 0
                        },
                        "tainted": false
                    },
                    "deposed": [],
                    "provider": "provider.google"
                },
                "google_storage_bucket_iam_binding.tfer--test-calitp-ntd-xlsx-products-raw": {
                    "type": "google_storage_bucket_iam_binding",
                    "depends_on": [],
                    "primary": {
                        "id": "test-calitp-ntd-xlsx-products-raw",
                        "attributes": {
                            "bucket": "b/test-calitp-ntd-xlsx-products-raw",
                            "condition.#": "0",
                            "etag": "CAE=",
                            "id": "test-calitp-ntd-xlsx-products-raw",
                            "members.#": "2",
                            "members.0": "projectEditor:cal-itp-data-infra",
                            "members.1": "projectOwner:cal-itp-data-infra",
                            "role": "roles/storage.legacyObjectOwner"
                        },
                        "meta": {
                            "schema_version": 0
                        },
                        "tainted": false
                    },
                    "deposed": [],
                    "provider": "provider.google"
                },
                "google_storage_bucket_iam_binding.tfer--test-calitp-payments-littlepay-parsed": {
                    "type": "google_storage_bucket_iam_binding",
                    "depends_on": [],
                    "primary": {
                        "id": "test-calitp-payments-littlepay-parsed",
                        "attributes": {
                            "bucket": "b/test-calitp-payments-littlepay-parsed",
                            "condition.#": "0",
                            "etag": "CAE=",
                            "id": "test-calitp-payments-littlepay-parsed",
                            "members.#": "1",
                            "members.0": "projectViewer:cal-itp-data-infra",
                            "role": "roles/storage.legacyBucketReader"
                        },
                        "meta": {
                            "schema_version": 0
                        },
                        "tainted": false
                    },
                    "deposed": [],
                    "provider": "provider.google"
                },
                "google_storage_bucket_iam_binding.tfer--test-calitp-payments-littlepay-raw": {
                    "type": "google_storage_bucket_iam_binding",
                    "depends_on": [],
                    "primary": {
                        "id": "test-calitp-payments-littlepay-raw",
                        "attributes": {
                            "bucket": "b/test-calitp-payments-littlepay-raw",
                            "condition.#": "0",
                            "etag": "CAE=",
                            "id": "test-calitp-payments-littlepay-raw",
                            "members.#": "2",
                            "members.0": "projectEditor:cal-itp-data-infra",
                            "members.1": "projectOwner:cal-itp-data-infra",
                            "role": "roles/storage.legacyObjectOwner"
                        },
                        "meta": {
                            "schema_version": 0
                        },
                        "tainted": false
                    },
                    "deposed": [],
                    "provider": "provider.google"
                },
                "google_storage_bucket_iam_binding.tfer--test-calitp-publish": {
                    "type": "google_storage_bucket_iam_binding",
                    "depends_on": [],
                    "primary": {
                        "id": "test-calitp-publish",
                        "attributes": {
                            "bucket": "b/test-calitp-publish",
                            "condition.#": "0",
                            "etag": "CAE=",
                            "id": "test-calitp-publish",
                            "members.#": "1",
                            "members.0": "projectViewer:cal-itp-data-infra",
                            "role": "roles/storage.legacyBucketReader"
                        },
                        "meta": {
                            "schema_version": 0
                        },
                        "tainted": false
                    },
                    "deposed": [],
                    "provider": "provider.google"
                },
                "google_storage_bucket_iam_binding.tfer--test-calitp-publish-data-analysis": {
                    "type": "google_storage_bucket_iam_binding",
                    "depends_on": [],
                    "primary": {
                        "id": "test-calitp-publish-data-analysis",
                        "attributes": {
                            "bucket": "b/test-calitp-publish-data-analysis",
                            "condition.#": "0",
                            "etag": "CAE=",
                            "id": "test-calitp-publish-data-analysis",
                            "members.#": "1",
                            "members.0": "projectViewer:cal-itp-data-infra",
                            "role": "roles/storage.legacyBucketReader"
                        },
                        "meta": {
                            "schema_version": 0
                        },
                        "tainted": false
                    },
                    "deposed": [],
                    "provider": "provider.google"
                },
                "google_storage_bucket_iam_binding.tfer--test-calitp-reports-data": {
                    "type": "google_storage_bucket_iam_binding",
                    "depends_on": [],
                    "primary": {
                        "id": "test-calitp-reports-data",
                        "attributes": {
                            "bucket": "b/test-calitp-reports-data",
                            "condition.#": "0",
                            "etag": "CAI=",
                            "id": "test-calitp-reports-data",
                            "members.#": "1",
                            "members.0": "projectViewer:cal-itp-data-infra",
                            "role": "roles/storage.legacyObjectReader"
                        },
                        "meta": {
                            "schema_version": 0
                        },
                        "tainted": false
                    },
                    "deposed": [],
                    "provider": "provider.google"
                },
                "google_storage_bucket_iam_binding.tfer--test-calitp-sentry": {
                    "type": "google_storage_bucket_iam_binding",
                    "depends_on": [],
                    "primary": {
                        "id": "test-calitp-sentry",
                        "attributes": {
                            "bucket": "b/test-calitp-sentry",
                            "condition.#": "0",
                            "etag": "CAE=",
                            "id": "test-calitp-sentry",
                            "members.#": "2",
                            "members.0": "projectEditor:cal-itp-data-infra",
                            "members.1": "projectOwner:cal-itp-data-infra",
                            "role": "roles/storage.legacyObjectOwner"
                        },
                        "meta": {
                            "schema_version": 0
                        },
                        "tainted": false
                    },
                    "deposed": [],
                    "provider": "provider.google"
                },
                "google_storage_bucket_iam_binding.tfer--test-calitp-state-geoportal-scrape": {
                    "type": "google_storage_bucket_iam_binding",
                    "depends_on": [],
                    "primary": {
                        "id": "test-calitp-state-geoportal-scrape",
                        "attributes": {
                            "bucket": "b/test-calitp-state-geoportal-scrape",
                            "condition.#": "0",
                            "etag": "CAE=",
                            "id": "test-calitp-state-geoportal-scrape",
                            "members.#": "2",
                            "members.0": "projectEditor:cal-itp-data-infra",
                            "members.1": "projectOwner:cal-itp-data-infra",
                            "role": "roles/storage.legacyObjectOwner"
                        },
                        "meta": {
                            "schema_version": 0
                        },
                        "tainted": false
                    },
                    "deposed": [],
                    "provider": "provider.google"
                },
                "google_storage_bucket_iam_binding.tfer--test-rt-parsed": {
                    "type": "google_storage_bucket_iam_binding",
                    "depends_on": [],
                    "primary": {
                        "id": "test-rt-parsed",
                        "attributes": {
                            "bucket": "b/test-rt-parsed",
                            "condition.#": "0",
                            "etag": "CAE=",
                            "id": "test-rt-parsed",
                            "members.#": "2",
                            "members.0": "projectEditor:cal-itp-data-infra",
                            "members.1": "projectOwner:cal-itp-data-infra",
                            "role": "roles/storage.legacyObjectOwner"
                        },
                        "meta": {
                            "schema_version": 0
                        },
                        "tainted": false
                    },
                    "deposed": [],
                    "provider": "provider.google"
                },
                "google_storage_bucket_iam_binding.tfer--test-rt-validations": {
                    "type": "google_storage_bucket_iam_binding",
                    "depends_on": [],
                    "primary": {
                        "id": "test-rt-validations",
                        "attributes": {
                            "bucket": "b/test-rt-validations",
                            "condition.#": "0",
                            "etag": "CAE=",
                            "id": "test-rt-validations",
                            "members.#": "1",
                            "members.0": "projectViewer:cal-itp-data-infra",
                            "role": "roles/storage.legacyObjectReader"
                        },
                        "meta": {
                            "schema_version": 0
                        },
                        "tainted": false
                    },
                    "deposed": [],
                    "provider": "provider.google"
                },
                "google_storage_bucket_iam_binding.tfer--us-002E-artifacts-002E-cal-itp-data-infra-002E-appspot-002E-com": {
                    "type": "google_storage_bucket_iam_binding",
                    "depends_on": [],
                    "primary": {
                        "id": "us.artifacts.cal-itp-data-infra.appspot.com",
                        "attributes": {
                            "bucket": "b/us.artifacts.cal-itp-data-infra.appspot.com",
                            "condition.#": "0",
                            "etag": "CAE=",
                            "id": "us.artifacts.cal-itp-data-infra.appspot.com",
                            "members.#": "2",
                            "members.0": "projectEditor:cal-itp-data-infra",
                            "members.1": "projectOwner:cal-itp-data-infra",
                            "role": "roles/storage.legacyBucketOwner"
                        },
                        "meta": {
                            "schema_version": 0
                        },
                        "tainted": false
                    },
                    "deposed": [],
                    "provider": "provider.google"
                },
                "google_storage_bucket_iam_binding.tfer--us-west2-calitp-airflow2-pr-171e4e47-bucket": {
                    "type": "google_storage_bucket_iam_binding",
                    "depends_on": [],
                    "primary": {
                        "id": "us-west2-calitp-airflow2-pr-171e4e47-bucket",
                        "attributes": {
                            "bucket": "b/us-west2-calitp-airflow2-pr-171e4e47-bucket",
                            "condition.#": "0",
                            "etag": "CBc=",
                            "id": "us-west2-calitp-airflow2-pr-171e4e47-bucket",
                            "members.#": "1",
                            "members.0": "projectViewer:cal-itp-data-infra",
                            "role": "roles/storage.legacyBucketReader"
                        },
                        "meta": {
                            "schema_version": 0
                        },
                        "tainted": false
                    },
                    "deposed": [],
                    "provider": "provider.google"
                },
                "google_storage_bucket_iam_binding.tfer--us-west2-calitp-airflow2-pr-31e41084-bucket": {
                    "type": "google_storage_bucket_iam_binding",
                    "depends_on": [],
                    "primary": {
                        "id": "us-west2-calitp-airflow2-pr-31e41084-bucket",
                        "attributes": {
                            "bucket": "b/us-west2-calitp-airflow2-pr-31e41084-bucket",
                            "condition.#": "0",
                            "etag": "CFM=",
                            "id": "us-west2-calitp-airflow2-pr-31e41084-bucket",
                            "members.#": "1",
                            "members.0": "projectViewer:cal-itp-data-infra",
                            "role": "roles/storage.legacyObjectReader"
                        },
                        "meta": {
                            "schema_version": 0
                        },
                        "tainted": false
                    },
                    "deposed": [],
                    "provider": "provider.google"
                },
                "google_storage_bucket_iam_binding.tfer--us-west2-calitp-airflow2-pr-88ca8ec6-bucket": {
                    "type": "google_storage_bucket_iam_binding",
                    "depends_on": [],
                    "primary": {
                        "id": "us-west2-calitp-airflow2-pr-88ca8ec6-bucket",
                        "attributes": {
                            "bucket": "b/us-west2-calitp-airflow2-pr-88ca8ec6-bucket",
                            "condition.#": "0",
                            "etag": "CB4=",
                            "id": "us-west2-calitp-airflow2-pr-88ca8ec6-bucket",
                            "members.#": "2",
                            "members.0": "projectEditor:cal-itp-data-infra",
                            "members.1": "projectOwner:cal-itp-data-infra",
                            "role": "roles/storage.legacyObjectOwner"
                        },
                        "meta": {
                            "schema_version": 0
                        },
                        "tainted": false
                    },
                    "deposed": [],
                    "provider": "provider.google"
                },
                "google_storage_bucket_iam_member.tfer--analysis-output-models": {
                    "type": "google_storage_bucket_iam_member",
                    "depends_on": [],
                    "primary": {
                        "id": "analysis-output-models",
                        "attributes": {
                            "bucket": "b/analysis-output-models",
                            "condition.#": "0",
                            "etag": "CAM=",
                            "id": "analysis-output-models",
                            "member": "projectViewer:cal-itp-data-infra",
                            "role": "roles/storage.legacyObjectReader"
                        },
                        "meta": {
                            "schema_version": 0
                        },
                        "tainted": false
                    },
                    "deposed": [],
                    "provider": "provider.google"
                },
                "google_storage_bucket_iam_member.tfer--artifacts-002E-cal-itp-data-infra-002E-appspot-002E-com": {
                    "type": "google_storage_bucket_iam_member",
                    "depends_on": [],
                    "primary": {
                        "id": "artifacts.cal-itp-data-infra.appspot.com",
                        "attributes": {
                            "bucket": "b/artifacts.cal-itp-data-infra.appspot.com",
                            "condition.#": "0",
                            "etag": "CAE=",
                            "id": "artifacts.cal-itp-data-infra.appspot.com",
                            "member": "projectViewer:cal-itp-data-infra",
                            "role": "roles/storage.legacyBucketReader"
                        },
                        "meta": {
                            "schema_version": 0
                        },
                        "tainted": false
                    },
                    "deposed": [],
                    "provider": "provider.google"
                },
                "google_storage_bucket_iam_member.tfer--cal-itp-data-infra-002E-appspot-002E-com": {
                    "type": "google_storage_bucket_iam_member",
                    "depends_on": [],
                    "primary": {
                        "id": "cal-itp-data-infra.appspot.com",
                        "attributes": {
                            "bucket": "b/cal-itp-data-infra.appspot.com",
                            "condition.#": "0",
                            "etag": "CAE=",
                            "id": "cal-itp-data-infra.appspot.com",
                            "member": "projectEditor:cal-itp-data-infra",
                            "role": "roles/storage.legacyBucketOwner"
                        },
                        "meta": {
                            "schema_version": 0
                        },
                        "tainted": false
                    },
                    "deposed": [],
                    "provider": "provider.google"
                },
                "google_storage_bucket_iam_member.tfer--calitp-aggregator-scraper": {
                    "type": "google_storage_bucket_iam_member",
                    "depends_on": [],
                    "primary": {
                        "id": "calitp-aggregator-scraper",
                        "attributes": {
                            "bucket": "b/calitp-aggregator-scraper",
                            "condition.#": "0",
                            "etag": "CAE=",
                            "id": "calitp-aggregator-scraper",
                            "member": "projectOwner:cal-itp-data-infra",
                            "role": "roles/storage.legacyObjectOwner"
                        },
                        "meta": {
                            "schema_version": 0
                        },
                        "tainted": false
                    },
                    "deposed": [],
                    "provider": "provider.google"
                },
                "google_storage_bucket_iam_member.tfer--calitp-airtable": {
                    "type": "google_storage_bucket_iam_member",
                    "depends_on": [],
                    "primary": {
                        "id": "calitp-airtable",
                        "attributes": {
                            "bucket": "b/calitp-airtable",
                            "condition.#": "0",
                            "etag": "CAQ=",
                            "id": "calitp-airtable",
                            "member": "projectViewer:cal-itp-data-infra",
                            "role": "roles/storage.legacyBucketReader"
                        },
                        "meta": {
                            "schema_version": 0
                        },
                        "tainted": false
                    },
                    "deposed": [],
                    "provider": "provider.google"
                },
                "google_storage_bucket_iam_member.tfer--calitp-amplitude-benefits-events": {
                    "type": "google_storage_bucket_iam_member",
                    "depends_on": [],
                    "primary": {
                        "id": "calitp-amplitude-benefits-events",
                        "attributes": {
                            "bucket": "b/calitp-amplitude-benefits-events",
                            "condition.#": "0",
                            "etag": "CAE=",
                            "id": "calitp-amplitude-benefits-events",
                            "member": "projectEditor:cal-itp-data-infra",
                            "role": "roles/storage.legacyObjectOwner"
                        },
                        "meta": {
                            "schema_version": 0
                        },
                        "tainted": false
                    },
                    "deposed": [],
                    "provider": "provider.google"
                },
                "google_storage_bucket_iam_member.tfer--calitp-analytics-data": {
                    "type": "google_storage_bucket_iam_member",
                    "depends_on": [],
                    "primary": {
                        "id": "calitp-analytics-data",
                        "attributes": {
                            "bucket": "b/calitp-analytics-data",
                            "condition.#": "0",
                            "etag": "CAw=",
                            "id": "calitp-analytics-data",
                            "member": "projectOwner:cal-itp-data-infra",
                            "role": "roles/storage.legacyBucketOwner"
                        },
                        "meta": {
                            "schema_version": 0
                        },
                        "tainted": false
                    },
                    "deposed": [],
                    "provider": "provider.google"
                },
                "google_storage_bucket_iam_member.tfer--calitp-backups-grafana": {
                    "type": "google_storage_bucket_iam_member",
                    "depends_on": [],
                    "primary": {
                        "id": "calitp-backups-grafana",
                        "attributes": {
                            "bucket": "b/calitp-backups-grafana",
                            "condition.#": "0",
                            "etag": "CAI=",
                            "id": "calitp-backups-grafana",
                            "member": "serviceAccount:backup-grafana@cal-itp-data-infra.iam.gserviceaccount.com",
                            "role": "roles/storage.objectAdmin"
                        },
                        "meta": {
                            "schema_version": 0
                        },
                        "tainted": false
                    },
                    "deposed": [],
                    "provider": "provider.google"
                },
                "google_storage_bucket_iam_member.tfer--calitp-backups-metabase": {
                    "type": "google_storage_bucket_iam_member",
                    "depends_on": [],
                    "primary": {
                        "id": "calitp-backups-metabase",
                        "attributes": {
                            "bucket": "b/calitp-backups-metabase",
                            "condition.#": "0",
                            "etag": "CAI=",
                            "id": "calitp-backups-metabase",
                            "member": "projectOwner:cal-itp-data-infra",
                            "role": "roles/storage.legacyObjectOwner"
                        },
                        "meta": {
                            "schema_version": 0
                        },
                        "tainted": false
                    },
                    "deposed": [],
                    "provider": "provider.google"
                },
                "google_storage_bucket_iam_member.tfer--calitp-backups-sentry": {
                    "type": "google_storage_bucket_iam_member",
                    "depends_on": [],
                    "primary": {
                        "id": "calitp-backups-sentry",
                        "attributes": {
                            "bucket": "b/calitp-backups-sentry",
                            "condition.#": "0",
                            "etag": "CAI=",
                            "id": "calitp-backups-sentry",
                            "member": "serviceAccount:backup-sentry@cal-itp-data-infra.iam.gserviceaccount.com",
                            "role": "roles/storage.objectAdmin"
                        },
                        "meta": {
                            "schema_version": 0
                        },
                        "tainted": false
                    },
                    "deposed": [],
                    "provider": "provider.google"
                },
                "google_storage_bucket_iam_member.tfer--calitp-backups-test": {
                    "type": "google_storage_bucket_iam_member",
                    "depends_on": [],
                    "primary": {
                        "id": "calitp-backups-test",
                        "attributes": {
                            "bucket": "b/calitp-backups-test",
                            "condition.#": "0",
                            "etag": "CAM=",
                            "id": "calitp-backups-test",
                            "member": "serviceAccount:metabase-backup@cal-itp-data-infra.iam.gserviceaccount.com",
                            "role": "roles/storage.objectAdmin"
                        },
                        "meta": {
                            "schema_version": 0
                        },
                        "tainted": false
                    },
                    "deposed": [],
                    "provider": "provider.google"
                },
                "google_storage_bucket_iam_member.tfer--calitp-ci-artifacts": {
                    "type": "google_storage_bucket_iam_member",
                    "depends_on": [],
                    "primary": {
                        "id": "calitp-ci-artifacts",
                        "attributes": {
                            "bucket": "b/calitp-ci-artifacts",
                            "condition.#": "0",
                            "etag": "CAE=",
                            "id": "calitp-ci-artifacts",
                            "member": "projectViewer:cal-itp-data-infra",
                            "role": "roles/storage.legacyObjectReader"
                        },
                        "meta": {
                            "schema_version": 0
                        },
                        "tainted": false
                    },
                    "deposed": [],
                    "provider": "provider.google"
                },
                "google_storage_bucket_iam_member.tfer--calitp-dbt-artifacts": {
                    "type": "google_storage_bucket_iam_member",
                    "depends_on": [],
                    "primary": {
                        "id": "calitp-dbt-artifacts",
                        "attributes": {
                            "bucket": "b/calitp-dbt-artifacts",
                            "condition.#": "0",
                            "etag": "CAE=",
                            "id": "calitp-dbt-artifacts",
                            "member": "projectViewer:cal-itp-data-infra",
                            "role": "roles/storage.legacyObjectReader"
                        },
                        "meta": {
                            "schema_version": 0
                        },
                        "tainted": false
                    },
                    "deposed": [],
                    "provider": "provider.google"
                },
                "google_storage_bucket_iam_member.tfer--calitp-dbt-python-models": {
                    "type": "google_storage_bucket_iam_member",
                    "depends_on": [],
                    "primary": {
                        "id": "calitp-dbt-python-models",
                        "attributes": {
                            "bucket": "b/calitp-dbt-python-models",
                            "condition.#": "0",
                            "etag": "CAE=",
                            "id": "calitp-dbt-python-models",
                            "member": "projectViewer:cal-itp-data-infra",
                            "role": "roles/storage.legacyBucketReader"
                        },
                        "meta": {
                            "schema_version": 0
                        },
                        "tainted": false
                    },
                    "deposed": [],
                    "provider": "provider.google"
                },
                "google_storage_bucket_iam_member.tfer--calitp-elavon-parsed": {
                    "type": "google_storage_bucket_iam_member",
                    "depends_on": [],
                    "primary": {
                        "id": "calitp-elavon-parsed",
                        "attributes": {
                            "bucket": "b/calitp-elavon-parsed",
                            "condition.#": "0",
                            "etag": "CAE=",
                            "id": "calitp-elavon-parsed",
                            "member": "projectOwner:cal-itp-data-infra",
                            "role": "roles/storage.legacyBucketOwner"
                        },
                        "meta": {
                            "schema_version": 0
                        },
                        "tainted": false
                    },
                    "deposed": [],
                    "provider": "provider.google"
                },
                "google_storage_bucket_iam_member.tfer--calitp-elavon-raw": {
                    "type": "google_storage_bucket_iam_member",
                    "depends_on": [],
                    "primary": {
                        "id": "calitp-elavon-raw",
                        "attributes": {
                            "bucket": "b/calitp-elavon-raw",
                            "condition.#": "0",
                            "etag": "CAE=",
                            "id": "calitp-elavon-raw",
                            "member": "projectEditor:cal-itp-data-infra",
                            "role": "roles/storage.legacyObjectOwner"
                        },
                        "meta": {
                            "schema_version": 0
                        },
                        "tainted": false
                    },
                    "deposed": [],
                    "provider": "provider.google"
                },
                "google_storage_bucket_iam_member.tfer--calitp-gtfs-download-config": {
                    "type": "google_storage_bucket_iam_member",
                    "depends_on": [],
                    "primary": {
                        "id": "calitp-gtfs-download-config",
                        "attributes": {
                            "bucket": "b/calitp-gtfs-download-config",
                            "condition.#": "0",
                            "etag": "CAE=",
                            "id": "calitp-gtfs-download-config",
                            "member": "projectOwner:cal-itp-data-infra",
                            "role": "roles/storage.legacyObjectOwner"
                        },
                        "meta": {
                            "schema_version": 0
                        },
                        "tainted": false
                    },
                    "deposed": [],
                    "provider": "provider.google"
                },
                "google_storage_bucket_iam_member.tfer--calitp-gtfs-rt-parsed": {
                    "type": "google_storage_bucket_iam_member",
                    "depends_on": [],
                    "primary": {
                        "id": "calitp-gtfs-rt-parsed",
                        "attributes": {
                            "bucket": "b/calitp-gtfs-rt-parsed",
                            "condition.#": "0",
                            "etag": "CAE=",
                            "id": "calitp-gtfs-rt-parsed",
                            "member": "projectOwner:cal-itp-data-infra",
                            "role": "roles/storage.legacyBucketOwner"
                        },
                        "meta": {
                            "schema_version": 0
                        },
                        "tainted": false
                    },
                    "deposed": [],
                    "provider": "provider.google"
                },
                "google_storage_bucket_iam_member.tfer--calitp-gtfs-rt-raw-deprecated": {
                    "type": "google_storage_bucket_iam_member",
                    "depends_on": [],
                    "primary": {
                        "id": "calitp-gtfs-rt-raw-deprecated",
                        "attributes": {
                            "bucket": "b/calitp-gtfs-rt-raw-deprecated",
                            "condition.#": "0",
                            "etag": "CAQ=",
                            "id": "calitp-gtfs-rt-raw-deprecated",
                            "member": "serviceAccount:project-1005246706141@storage-transfer-service.iam.gserviceaccount.com",
                            "role": "roles/storage.objectAdmin"
                        },
                        "meta": {
                            "schema_version": 0
                        },
                        "tainted": false
                    },
                    "deposed": [],
                    "provider": "provider.google"
                },
                "google_storage_bucket_iam_member.tfer--calitp-gtfs-rt-raw-v2": {
                    "type": "google_storage_bucket_iam_member",
                    "depends_on": [],
                    "primary": {
                        "id": "calitp-gtfs-rt-raw-v2",
                        "attributes": {
                            "bucket": "b/calitp-gtfs-rt-raw-v2",
                            "condition.#": "0",
                            "etag": "CAM=",
                            "id": "calitp-gtfs-rt-raw-v2",
                            "member": "projectViewer:cal-itp-data-infra",
                            "role": "roles/storage.legacyBucketReader"
                        },
                        "meta": {
                            "schema_version": 0
                        },
                        "tainted": false
                    },
                    "deposed": [],
                    "provider": "provider.google"
                },
                "google_storage_bucket_iam_member.tfer--calitp-gtfs-rt-validation": {
                    "type": "google_storage_bucket_iam_member",
                    "depends_on": [],
                    "primary": {
                        "id": "calitp-gtfs-rt-validation",
                        "attributes": {
                            "bucket": "b/calitp-gtfs-rt-validation",
                            "condition.#": "0",
                            "etag": "CAE=",
                            "id": "calitp-gtfs-rt-validation",
                            "member": "projectOwner:cal-itp-data-infra",
                            "role": "roles/storage.legacyObjectOwner"
                        },
                        "meta": {
                            "schema_version": 0
                        },
                        "tainted": false
                    },
                    "deposed": [],
                    "provider": "provider.google"
                },
                "google_storage_bucket_iam_member.tfer--calitp-gtfs-schedule-parsed": {
                    "type": "google_storage_bucket_iam_member",
                    "depends_on": [],
                    "primary": {
                        "id": "calitp-gtfs-schedule-parsed",
                        "attributes": {
                            "bucket": "b/calitp-gtfs-schedule-parsed",
                            "condition.#": "0",
                            "etag": "CAE=",
                            "id": "calitp-gtfs-schedule-parsed",
                            "member": "projectEditor:cal-itp-data-infra",
                            "role": "roles/storage.legacyBucketOwner"
                        },
                        "meta": {
                            "schema_version": 0
                        },
                        "tainted": false
                    },
                    "deposed": [],
                    "provider": "provider.google"
                },
                "google_storage_bucket_iam_member.tfer--calitp-gtfs-schedule-parsed-hourly": {
                    "type": "google_storage_bucket_iam_member",
                    "depends_on": [],
                    "primary": {
                        "id": "calitp-gtfs-schedule-parsed-hourly",
                        "attributes": {
                            "bucket": "b/calitp-gtfs-schedule-parsed-hourly",
                            "condition.#": "0",
                            "etag": "CAE=",
                            "id": "calitp-gtfs-schedule-parsed-hourly",
                            "member": "projectEditor:cal-itp-data-infra",
                            "role": "roles/storage.legacyObjectOwner"
                        },
                        "meta": {
                            "schema_version": 0
                        },
                        "tainted": false
                    },
                    "deposed": [],
                    "provider": "provider.google"
                },
                "google_storage_bucket_iam_member.tfer--calitp-gtfs-schedule-raw-v2": {
                    "type": "google_storage_bucket_iam_member",
                    "depends_on": [],
                    "primary": {
                        "id": "calitp-gtfs-schedule-raw-v2",
                        "attributes": {
                            "bucket": "b/calitp-gtfs-schedule-raw-v2",
                            "condition.#": "0",
                            "etag": "CAI=",
                            "id": "calitp-gtfs-schedule-raw-v2",
                            "member": "serviceAccount:project-1005246706141@storage-transfer-service.iam.gserviceaccount.com",
                            "role": "roles/storage.objectAdmin"
                        },
                        "meta": {
                            "schema_version": 0
                        },
                        "tainted": false
                    },
                    "deposed": [],
                    "provider": "provider.google"
                },
                "google_storage_bucket_iam_member.tfer--calitp-gtfs-schedule-unzipped": {
                    "type": "google_storage_bucket_iam_member",
                    "depends_on": [],
                    "primary": {
                        "id": "calitp-gtfs-schedule-unzipped",
                        "attributes": {
                            "bucket": "b/calitp-gtfs-schedule-unzipped",
                            "condition.#": "0",
                            "etag": "CAE=",
                            "id": "calitp-gtfs-schedule-unzipped",
                            "member": "projectEditor:cal-itp-data-infra",
                            "role": "roles/storage.legacyBucketOwner"
                        },
                        "meta": {
                            "schema_version": 0
                        },
                        "tainted": false
                    },
                    "deposed": [],
                    "provider": "provider.google"
                },
                "google_storage_bucket_iam_member.tfer--calitp-gtfs-schedule-unzipped-hourly": {
                    "type": "google_storage_bucket_iam_member",
                    "depends_on": [],
                    "primary": {
                        "id": "calitp-gtfs-schedule-unzipped-hourly",
                        "attributes": {
                            "bucket": "b/calitp-gtfs-schedule-unzipped-hourly",
                            "condition.#": "0",
                            "etag": "CAE=",
                            "id": "calitp-gtfs-schedule-unzipped-hourly",
                            "member": "projectViewer:cal-itp-data-infra",
                            "role": "roles/storage.legacyBucketReader"
                        },
                        "meta": {
                            "schema_version": 0
                        },
                        "tainted": false
                    },
                    "deposed": [],
                    "provider": "provider.google"
                },
                "google_storage_bucket_iam_member.tfer--calitp-gtfs-schedule-validation": {
                    "type": "google_storage_bucket_iam_member",
                    "depends_on": [],
                    "primary": {
                        "id": "calitp-gtfs-schedule-validation",
                        "attributes": {
                            "bucket": "b/calitp-gtfs-schedule-validation",
                            "condition.#": "0",
                            "etag": "CAI=",
                            "id": "calitp-gtfs-schedule-validation",
                            "member": "serviceAccount:gtfs-rt-archiver@cal-itp-data-infra.iam.gserviceaccount.com",
                            "role": "roles/storage.objectCreator"
                        },
                        "meta": {
                            "schema_version": 0
                        },
                        "tainted": false
                    },
                    "deposed": [],
                    "provider": "provider.google"
                },
                "google_storage_bucket_iam_member.tfer--calitp-gtfs-schedule-validation-hourly": {
                    "type": "google_storage_bucket_iam_member",
                    "depends_on": [],
                    "primary": {
                        "id": "calitp-gtfs-schedule-validation-hourly",
                        "attributes": {
                            "bucket": "b/calitp-gtfs-schedule-validation-hourly",
                            "condition.#": "0",
                            "etag": "CAE=",
                            "id": "calitp-gtfs-schedule-validation-hourly",
                            "member": "projectViewer:cal-itp-data-infra",
                            "role": "roles/storage.legacyBucketReader"
                        },
                        "meta": {
                            "schema_version": 0
                        },
                        "tainted": false
                    },
                    "deposed": [],
                    "provider": "provider.google"
                },
                "google_storage_bucket_iam_member.tfer--calitp-jamesl-gcp-components-tfstate": {
                    "type": "google_storage_bucket_iam_member",
                    "depends_on": [],
                    "primary": {
                        "id": "calitp-jamesl-gcp-components-tfstate",
                        "attributes": {
                            "bucket": "b/calitp-jamesl-gcp-components-tfstate",
                            "condition.#": "0",
                            "etag": "CAE=",
                            "id": "calitp-jamesl-gcp-components-tfstate",
                            "member": "projectViewer:cal-itp-data-infra",
                            "role": "roles/storage.legacyObjectReader"
                        },
                        "meta": {
                            "schema_version": 0
                        },
                        "tainted": false
                    },
                    "deposed": [],
                    "provider": "provider.google"
                },
                "google_storage_bucket_iam_member.tfer--calitp-map-tiles": {
                    "type": "google_storage_bucket_iam_member",
                    "depends_on": [],
                    "primary": {
                        "id": "calitp-map-tiles",
                        "attributes": {
                            "bucket": "b/calitp-map-tiles",
                            "condition.#": "0",
                            "etag": "CAM=",
                            "id": "calitp-map-tiles",
                            "member": "allUsers",
                            "role": "roles/storage.objectViewer"
                        },
                        "meta": {
                            "schema_version": 0
                        },
                        "tainted": false
                    },
                    "deposed": [],
                    "provider": "provider.google"
                },
                "google_storage_bucket_iam_member.tfer--calitp-metabase-data-public": {
                    "type": "google_storage_bucket_iam_member",
                    "depends_on": [],
                    "primary": {
                        "id": "calitp-metabase-data-public",
                        "attributes": {
                            "bucket": "b/calitp-metabase-data-public",
                            "condition.#": "0",
                            "etag": "CAM=",
                            "id": "calitp-metabase-data-public",
                            "member": "projectOwner:cal-itp-data-infra",
                            "role": "roles/storage.legacyBucketOwner"
                        },
                        "meta": {
                            "schema_version": 0
                        },
                        "tainted": false
                    },
                    "deposed": [],
                    "provider": "provider.google"
                },
                "google_storage_bucket_iam_member.tfer--calitp-ntd-api-products": {
                    "type": "google_storage_bucket_iam_member",
                    "depends_on": [],
                    "primary": {
                        "id": "calitp-ntd-api-products",
                        "attributes": {
                            "bucket": "b/calitp-ntd-api-products",
                            "condition.#": "0",
                            "etag": "CAE=",
                            "id": "calitp-ntd-api-products",
                            "member": "projectOwner:cal-itp-data-infra",
                            "role": "roles/storage.legacyObjectOwner"
                        },
                        "meta": {
                            "schema_version": 0
                        },
                        "tainted": false
                    },
                    "deposed": [],
                    "provider": "provider.google"
                },
                "google_storage_bucket_iam_member.tfer--calitp-ntd-data-products": {
                    "type": "google_storage_bucket_iam_member",
                    "depends_on": [],
                    "primary": {
                        "id": "calitp-ntd-data-products",
                        "attributes": {
                            "bucket": "b/calitp-ntd-data-products",
                            "condition.#": "0",
                            "etag": "CAE=",
                            "id": "calitp-ntd-data-products",
                            "member": "projectOwner:cal-itp-data-infra",
                            "role": "roles/storage.legacyBucketOwner"
                        },
                        "meta": {
                            "schema_version": 0
                        },
                        "tainted": false
                    },
                    "deposed": [],
                    "provider": "provider.google"
                },
                "google_storage_bucket_iam_member.tfer--calitp-ntd-report-validation": {
                    "type": "google_storage_bucket_iam_member",
                    "depends_on": [],
                    "primary": {
                        "id": "calitp-ntd-report-validation",
                        "attributes": {
                            "bucket": "b/calitp-ntd-report-validation",
                            "condition.#": "0",
                            "etag": "CAE=",
                            "id": "calitp-ntd-report-validation",
                            "member": "projectViewer:cal-itp-data-infra",
                            "role": "roles/storage.legacyBucketReader"
                        },
                        "meta": {
                            "schema_version": 0
                        },
                        "tainted": false
                    },
                    "deposed": [],
                    "provider": "provider.google"
                },
                "google_storage_bucket_iam_member.tfer--calitp-ntd-xlsx-products-clean": {
                    "type": "google_storage_bucket_iam_member",
                    "depends_on": [],
                    "primary": {
                        "id": "calitp-ntd-xlsx-products-clean",
                        "attributes": {
                            "bucket": "b/calitp-ntd-xlsx-products-clean",
                            "condition.#": "0",
                            "etag": "CAE=",
                            "id": "calitp-ntd-xlsx-products-clean",
                            "member": "projectOwner:cal-itp-data-infra",
                            "role": "roles/storage.legacyObjectOwner"
                        },
                        "meta": {
                            "schema_version": 0
                        },
                        "tainted": false
                    },
                    "deposed": [],
                    "provider": "provider.google"
                },
                "google_storage_bucket_iam_member.tfer--calitp-ntd-xlsx-products-raw": {
                    "type": "google_storage_bucket_iam_member",
                    "depends_on": [],
                    "primary": {
                        "id": "calitp-ntd-xlsx-products-raw",
                        "attributes": {
                            "bucket": "b/calitp-ntd-xlsx-products-raw",
                            "condition.#": "0",
                            "etag": "CAE=",
                            "id": "calitp-ntd-xlsx-products-raw",
                            "member": "projectEditor:cal-itp-data-infra",
                            "role": "roles/storage.legacyObjectOwner"
                        },
                        "meta": {
                            "schema_version": 0
                        },
                        "tainted": false
                    },
                    "deposed": [],
                    "provider": "provider.google"
                },
                "google_storage_bucket_iam_member.tfer--calitp-payments-littlepay-parsed": {
                    "type": "google_storage_bucket_iam_member",
                    "depends_on": [],
                    "primary": {
                        "id": "calitp-payments-littlepay-parsed",
                        "attributes": {
                            "bucket": "b/calitp-payments-littlepay-parsed",
                            "condition.#": "0",
                            "etag": "CAE=",
                            "id": "calitp-payments-littlepay-parsed",
                            "member": "projectOwner:cal-itp-data-infra",
                            "role": "roles/storage.legacyBucketOwner"
                        },
                        "meta": {
                            "schema_version": 0
                        },
                        "tainted": false
                    },
                    "deposed": [],
                    "provider": "provider.google"
                },
                "google_storage_bucket_iam_member.tfer--calitp-payments-littlepay-raw": {
                    "type": "google_storage_bucket_iam_member",
                    "depends_on": [],
                    "primary": {
                        "id": "calitp-payments-littlepay-raw",
                        "attributes": {
                            "bucket": "b/calitp-payments-littlepay-raw",
                            "condition.#": "0",
                            "etag": "CAE=",
                            "id": "calitp-payments-littlepay-raw",
                            "member": "projectEditor:cal-itp-data-infra",
                            "role": "roles/storage.legacyObjectOwner"
                        },
                        "meta": {
                            "schema_version": 0
                        },
                        "tainted": false
                    },
                    "deposed": [],
                    "provider": "provider.google"
                },
                "google_storage_bucket_iam_member.tfer--calitp-prod-gcp-components-tfstate": {
                    "type": "google_storage_bucket_iam_member",
                    "depends_on": [],
                    "primary": {
                        "id": "calitp-prod-gcp-components-tfstate",
                        "attributes": {
                            "bucket": "b/calitp-prod-gcp-components-tfstate",
                            "condition.#": "0",
                            "etag": "CAE=",
                            "id": "calitp-prod-gcp-components-tfstate",
                            "member": "projectViewer:cal-itp-data-infra",
                            "role": "roles/storage.legacyBucketReader"
                        },
                        "meta": {
                            "schema_version": 0
                        },
                        "tainted": false
                    },
                    "deposed": [],
                    "provider": "provider.google"
                },
                "google_storage_bucket_iam_member.tfer--calitp-publish": {
                    "type": "google_storage_bucket_iam_member",
                    "depends_on": [],
                    "primary": {
                        "id": "calitp-publish",
                        "attributes": {
                            "bucket": "b/calitp-publish",
                            "condition.#": "0",
                            "etag": "CAE=",
                            "id": "calitp-publish",
                            "member": "projectOwner:cal-itp-data-infra",
                            "role": "roles/storage.legacyObjectOwner"
                        },
                        "meta": {
                            "schema_version": 0
                        },
                        "tainted": false
                    },
                    "deposed": [],
                    "provider": "provider.google"
                },
                "google_storage_bucket_iam_member.tfer--calitp-publish-data-analysis": {
                    "type": "google_storage_bucket_iam_member",
                    "depends_on": [],
                    "primary": {
                        "id": "calitp-publish-data-analysis",
                        "attributes": {
                            "bucket": "b/calitp-publish-data-analysis",
                            "condition.#": "0",
                            "etag": "CAI=",
                            "id": "calitp-publish-data-analysis",
                            "member": "projectEditor:cal-itp-data-infra",
                            "role": "roles/storage.legacyBucketOwner"
                        },
                        "meta": {
                            "schema_version": 0
                        },
                        "tainted": false
                    },
                    "deposed": [],
                    "provider": "provider.google"
                },
                "google_storage_bucket_iam_member.tfer--calitp-reports-data": {
                    "type": "google_storage_bucket_iam_member",
                    "depends_on": [],
                    "primary": {
                        "id": "calitp-reports-data",
                        "attributes": {
                            "bucket": "b/calitp-reports-data",
                            "condition.#": "0",
                            "etag": "CAI=",
                            "id": "calitp-reports-data",
                            "member": "projectEditor:cal-itp-data-infra",
                            "role": "roles/storage.legacyBucketOwner"
                        },
                        "meta": {
                            "schema_version": 0
                        },
                        "tainted": false
                    },
                    "deposed": [],
                    "provider": "provider.google"
                },
                "google_storage_bucket_iam_member.tfer--calitp-state-geoportal-scrape": {
                    "type": "google_storage_bucket_iam_member",
                    "depends_on": [],
                    "primary": {
                        "id": "calitp-state-geoportal-scrape",
                        "attributes": {
                            "bucket": "b/calitp-state-geoportal-scrape",
                            "condition.#": "0",
                            "etag": "CAE=",
                            "id": "calitp-state-geoportal-scrape",
                            "member": "projectViewer:cal-itp-data-infra",
                            "role": "roles/storage.legacyBucketReader"
                        },
                        "meta": {
                            "schema_version": 0
                        },
                        "tainted": false
                    },
                    "deposed": [],
                    "provider": "provider.google"
                },
                "google_storage_bucket_iam_member.tfer--calitp-state-highway-network-stops": {
                    "type": "google_storage_bucket_iam_member",
                    "depends_on": [],
                    "primary": {
                        "id": "calitp-state-highway-network-stops",
                        "attributes": {
                            "bucket": "b/calitp-state-highway-network-stops",
                            "condition.#": "0",
                            "etag": "CAE=",
                            "id": "calitp-state-highway-network-stops",
                            "member": "projectViewer:cal-itp-data-infra",
                            "role": "roles/storage.legacyBucketReader"
                        },
                        "meta": {
                            "schema_version": 0
                        },
                        "tainted": false
                    },
                    "deposed": [],
                    "provider": "provider.google"
                },
                "google_storage_bucket_iam_member.tfer--cold-storage-outputs-gtfs-data-test": {
                    "type": "google_storage_bucket_iam_member",
                    "depends_on": [],
                    "primary": {
                        "id": "cold-storage-outputs-gtfs-data-test",
                        "attributes": {
                            "bucket": "b/cold-storage-outputs-gtfs-data-test",
                            "condition.#": "0",
                            "etag": "CAE=",
                            "id": "cold-storage-outputs-gtfs-data-test",
                            "member": "projectEditor:cal-itp-data-infra",
                            "role": "roles/storage.legacyBucketOwner"
                        },
                        "meta": {
                            "schema_version": 0
                        },
                        "tainted": false
                    },
                    "deposed": [],
                    "provider": "provider.google"
                },
                "google_storage_bucket_iam_member.tfer--cold-storage-outputs-gtfs-data-test-charlie-test": {
                    "type": "google_storage_bucket_iam_member",
                    "depends_on": [],
                    "primary": {
                        "id": "cold-storage-outputs-gtfs-data-test-charlie-test",
                        "attributes": {
                            "bucket": "b/cold-storage-outputs-gtfs-data-test-charlie-test",
                            "condition.#": "0",
                            "etag": "CAE=",
                            "id": "cold-storage-outputs-gtfs-data-test-charlie-test",
                            "member": "projectOwner:cal-itp-data-infra",
                            "role": "roles/storage.legacyBucketOwner"
                        },
                        "meta": {
                            "schema_version": 0
                        },
                        "tainted": false
                    },
                    "deposed": [],
                    "provider": "provider.google"
                },
                "google_storage_bucket_iam_member.tfer--dataproc-staging-us-west2-1005246706141-sfgmtgyp": {
                    "type": "google_storage_bucket_iam_member",
                    "depends_on": [],
                    "primary": {
                        "id": "dataproc-staging-us-west2-1005246706141-sfgmtgyp",
                        "attributes": {
                            "bucket": "b/dataproc-staging-us-west2-1005246706141-sfgmtgyp",
                            "condition.#": "0",
                            "etag": "CAI=",
                            "id": "dataproc-staging-us-west2-1005246706141-sfgmtgyp",
                            "member": "projectViewer:cal-itp-data-infra",
                            "role": "roles/storage.legacyBucketReader"
                        },
                        "meta": {
                            "schema_version": 0
                        },
                        "tainted": false
                    },
                    "deposed": [],
                    "provider": "provider.google"
                },
                "google_storage_bucket_iam_member.tfer--dataproc-temp-us-west2-1005246706141-x9mtxbwg": {
                    "type": "google_storage_bucket_iam_member",
                    "depends_on": [],
                    "primary": {
                        "id": "dataproc-temp-us-west2-1005246706141-x9mtxbwg",
                        "attributes": {
                            "bucket": "b/dataproc-temp-us-west2-1005246706141-x9mtxbwg",
                            "condition.#": "0",
                            "etag": "CAI=",
                            "id": "dataproc-temp-us-west2-1005246706141-x9mtxbwg",
                            "member": "projectEditor:cal-itp-data-infra",
                            "role": "roles/storage.legacyBucketOwner"
                        },
                        "meta": {
                            "schema_version": 0
                        },
                        "tainted": false
                    },
                    "deposed": [],
                    "provider": "provider.google"
                },
                "google_storage_bucket_iam_member.tfer--dev-calitp-aggregator-scraper": {
                    "type": "google_storage_bucket_iam_member",
                    "depends_on": [],
                    "primary": {
                        "id": "dev-calitp-aggregator-scraper",
                        "attributes": {
                            "bucket": "b/dev-calitp-aggregator-scraper",
                            "condition.#": "0",
                            "etag": "CAE=",
                            "id": "dev-calitp-aggregator-scraper",
                            "member": "projectOwner:cal-itp-data-infra",
                            "role": "roles/storage.legacyBucketOwner"
                        },
                        "meta": {
                            "schema_version": 0
                        },
                        "tainted": false
                    },
                    "deposed": [],
                    "provider": "provider.google"
                },
                "google_storage_bucket_iam_member.tfer--dev-calitp-gtfs-rt-raw": {
                    "type": "google_storage_bucket_iam_member",
                    "depends_on": [],
                    "primary": {
                        "id": "dev-calitp-gtfs-rt-raw",
                        "attributes": {
                            "bucket": "b/dev-calitp-gtfs-rt-raw",
                            "condition.#": "0",
                            "etag": "CAQ=",
                            "id": "dev-calitp-gtfs-rt-raw",
                            "member": "projectOwner:cal-itp-data-infra",
                            "role": "roles/storage.legacyBucketOwner"
                        },
                        "meta": {
                            "schema_version": 0
                        },
                        "tainted": false
                    },
                    "deposed": [],
                    "provider": "provider.google"
                },
                "google_storage_bucket_iam_member.tfer--dev-calitp-test-sandbox": {
                    "type": "google_storage_bucket_iam_member",
                    "depends_on": [],
                    "primary": {
                        "id": "dev-calitp-test-sandbox",
                        "attributes": {
                            "bucket": "b/dev-calitp-test-sandbox",
                            "condition.#": "0",
                            "etag": "CAI=",
                            "id": "dev-calitp-test-sandbox",
                            "member": "projectViewer:cal-itp-data-infra",
                            "role": "roles/storage.legacyBucketReader"
                        },
                        "meta": {
                            "schema_version": 0
                        },
                        "tainted": false
                    },
                    "deposed": [],
                    "provider": "provider.google"
                },
                "google_storage_bucket_iam_member.tfer--gtfs-data": {
                    "type": "google_storage_bucket_iam_member",
                    "depends_on": [],
                    "primary": {
                        "id": "gtfs-data",
                        "attributes": {
                            "bucket": "b/gtfs-data",
                            "condition.#": "0",
                            "etag": "CAk=",
                            "id": "gtfs-data",
                            "member": "serviceAccount:project-473674835135@storage-transfer-service.iam.gserviceaccount.com",
                            "role": "roles/storage.objectAdmin"
                        },
                        "meta": {
                            "schema_version": 0
                        },
                        "tainted": false
                    },
                    "deposed": [],
                    "provider": "provider.google"
                },
                "google_storage_bucket_iam_member.tfer--gtfs-data-reports": {
                    "type": "google_storage_bucket_iam_member",
                    "depends_on": [],
                    "primary": {
                        "id": "gtfs-data-reports",
                        "attributes": {
                            "bucket": "b/gtfs-data-reports",
                            "condition.#": "0",
                            "etag": "CAE=",
                            "id": "gtfs-data-reports",
                            "member": "projectViewer:cal-itp-data-infra",
                            "role": "roles/storage.legacyBucketReader"
                        },
                        "meta": {
                            "schema_version": 0
                        },
                        "tainted": false
                    },
                    "deposed": [],
                    "provider": "provider.google"
                },
                "google_storage_bucket_iam_member.tfer--gtfs-data-test": {
                    "type": "google_storage_bucket_iam_member",
                    "depends_on": [],
                    "primary": {
                        "id": "gtfs-data-test",
                        "attributes": {
                            "bucket": "b/gtfs-data-test",
                            "condition.#": "0",
                            "etag": "CAg=",
                            "id": "gtfs-data-test",
                            "member": "projectOwner:cal-itp-data-infra",
                            "role": "roles/storage.legacyObjectOwner"
                        },
                        "meta": {
                            "schema_version": 0
                        },
                        "tainted": false
                    },
                    "deposed": [],
                    "provider": "provider.google"
                },
                "google_storage_bucket_iam_member.tfer--gtfs-data-test-reports": {
                    "type": "google_storage_bucket_iam_member",
                    "depends_on": [],
                    "primary": {
                        "id": "gtfs-data-test-reports",
                        "attributes": {
                            "bucket": "b/gtfs-data-test-reports",
                            "condition.#": "0",
                            "etag": "CAE=",
                            "id": "gtfs-data-test-reports",
                            "member": "projectEditor:cal-itp-data-infra",
                            "role": "roles/storage.legacyBucketOwner"
                        },
                        "meta": {
                            "schema_version": 0
                        },
                        "tainted": false
                    },
                    "deposed": [],
                    "provider": "provider.google"
                },
                "google_storage_bucket_iam_member.tfer--gtfs-schedule-backfill-test": {
                    "type": "google_storage_bucket_iam_member",
                    "depends_on": [],
                    "primary": {
                        "id": "gtfs-schedule-backfill-test",
                        "attributes": {
                            "bucket": "b/gtfs-schedule-backfill-test",
                            "condition.#": "0",
                            "etag": "CAM=",
                            "id": "gtfs-schedule-backfill-test",
                            "member": "projectViewer:cal-itp-data-infra",
                            "role": "roles/storage.legacyObjectReader"
                        },
                        "meta": {
                            "schema_version": 0
                        },
                        "tainted": false
                    },
                    "deposed": [],
                    "provider": "provider.google"
                },
                "google_storage_bucket_iam_member.tfer--gtfs-schedule-backfill-test-deprecated": {
                    "type": "google_storage_bucket_iam_member",
                    "depends_on": [],
                    "primary": {
                        "id": "gtfs-schedule-backfill-test-deprecated",
                        "attributes": {
                            "bucket": "b/gtfs-schedule-backfill-test-deprecated",
                            "condition.#": "0",
                            "etag": "CAI=",
                            "id": "gtfs-schedule-backfill-test-deprecated",
                            "member": "projectEditor:cal-itp-data-infra",
                            "role": "roles/storage.legacyBucketOwner"
                        },
                        "meta": {
                            "schema_version": 0
                        },
                        "tainted": false
                    },
                    "deposed": [],
                    "provider": "provider.google"
                },
                "google_storage_bucket_iam_member.tfer--littlepay-data-extract-prod": {
                    "type": "google_storage_bucket_iam_member",
                    "depends_on": [],
                    "primary": {
                        "id": "littlepay-data-extract-prod",
                        "attributes": {
                            "bucket": "b/littlepay-data-extract-prod",
                            "condition.#": "0",
                            "etag": "CAI=",
                            "id": "littlepay-data-extract-prod",
                            "member": "projectOwner:cal-itp-data-infra",
                            "role": "roles/storage.legacyBucketOwner"
                        },
                        "meta": {
                            "schema_version": 0
                        },
                        "tainted": false
                    },
                    "deposed": [],
                    "provider": "provider.google"
                },
                "google_storage_bucket_iam_member.tfer--rt-parsed": {
                    "type": "google_storage_bucket_iam_member",
                    "depends_on": [],
                    "primary": {
                        "id": "rt-parsed",
                        "attributes": {
                            "bucket": "b/rt-parsed",
                            "condition.#": "0",
                            "etag": "CAE=",
                            "id": "rt-parsed",
                            "member": "projectViewer:cal-itp-data-infra",
                            "role": "roles/storage.legacyBucketReader"
                        },
                        "meta": {
                            "schema_version": 0
                        },
                        "tainted": false
                    },
                    "deposed": [],
                    "provider": "provider.google"
                },
                "google_storage_bucket_iam_member.tfer--rt-parsed-deprecated": {
                    "type": "google_storage_bucket_iam_member",
                    "depends_on": [],
                    "primary": {
                        "id": "rt-parsed-deprecated",
                        "attributes": {
                            "bucket": "b/rt-parsed-deprecated",
                            "condition.#": "0",
                            "etag": "CAI=",
                            "id": "rt-parsed-deprecated",
                            "member": "projectViewer:cal-itp-data-infra",
                            "role": "roles/storage.legacyObjectReader"
                        },
                        "meta": {
                            "schema_version": 0
                        },
                        "tainted": false
                    },
                    "deposed": [],
                    "provider": "provider.google"
                },
                "google_storage_bucket_iam_member.tfer--staging-002E-cal-itp-data-infra-002E-appspot-002E-com": {
                    "type": "google_storage_bucket_iam_member",
                    "depends_on": [],
                    "primary": {
                        "id": "staging.cal-itp-data-infra.appspot.com",
                        "attributes": {
                            "bucket": "b/staging.cal-itp-data-infra.appspot.com",
                            "condition.#": "0",
                            "etag": "CAE=",
                            "id": "staging.cal-itp-data-infra.appspot.com",
                            "member": "projectEditor:cal-itp-data-infra",
                            "role": "roles/storage.legacyBucketOwner"
                        },
                        "meta": {
                            "schema_version": 0
                        },
                        "tainted": false
                    },
                    "deposed": [],
                    "provider": "provider.google"
                },
                "google_storage_bucket_iam_member.tfer--test-calitp-aggregator-scraper": {
                    "type": "google_storage_bucket_iam_member",
                    "depends_on": [],
                    "primary": {
                        "id": "test-calitp-aggregator-scraper",
                        "attributes": {
                            "bucket": "b/test-calitp-aggregator-scraper",
                            "condition.#": "0",
                            "etag": "CAE=",
                            "id": "test-calitp-aggregator-scraper",
                            "member": "projectViewer:cal-itp-data-infra",
                            "role": "roles/storage.legacyBucketReader"
                        },
                        "meta": {
                            "schema_version": 0
                        },
                        "tainted": false
                    },
                    "deposed": [],
                    "provider": "provider.google"
                },
                "google_storage_bucket_iam_member.tfer--test-calitp-airtable": {
                    "type": "google_storage_bucket_iam_member",
                    "depends_on": [],
                    "primary": {
                        "id": "test-calitp-airtable",
                        "attributes": {
                            "bucket": "b/test-calitp-airtable",
                            "condition.#": "0",
                            "etag": "CAE=",
                            "id": "test-calitp-airtable",
                            "member": "projectViewer:cal-itp-data-infra",
                            "role": "roles/storage.legacyObjectReader"
                        },
                        "meta": {
                            "schema_version": 0
                        },
                        "tainted": false
                    },
                    "deposed": [],
                    "provider": "provider.google"
                },
                "google_storage_bucket_iam_member.tfer--test-calitp-dbt-artifacts": {
                    "type": "google_storage_bucket_iam_member",
                    "depends_on": [],
                    "primary": {
                        "id": "test-calitp-dbt-artifacts",
                        "attributes": {
                            "bucket": "b/test-calitp-dbt-artifacts",
                            "condition.#": "0",
                            "etag": "CAE=",
                            "id": "test-calitp-dbt-artifacts",
                            "member": "projectOwner:cal-itp-data-infra",
                            "role": "roles/storage.legacyObjectOwner"
                        },
                        "meta": {
                            "schema_version": 0
                        },
                        "tainted": false
                    },
                    "deposed": [],
                    "provider": "provider.google"
                },
                "google_storage_bucket_iam_member.tfer--test-calitp-dbt-python-models": {
                    "type": "google_storage_bucket_iam_member",
                    "depends_on": [],
                    "primary": {
                        "id": "test-calitp-dbt-python-models",
                        "attributes": {
                            "bucket": "b/test-calitp-dbt-python-models",
                            "condition.#": "0",
                            "etag": "CAE=",
                            "id": "test-calitp-dbt-python-models",
                            "member": "projectOwner:cal-itp-data-infra",
                            "role": "roles/storage.legacyBucketOwner"
                        },
                        "meta": {
                            "schema_version": 0
                        },
                        "tainted": false
                    },
                    "deposed": [],
                    "provider": "provider.google"
                },
                "google_storage_bucket_iam_member.tfer--test-calitp-elavon": {
                    "type": "google_storage_bucket_iam_member",
                    "depends_on": [],
                    "primary": {
                        "id": "test-calitp-elavon",
                        "attributes": {
                            "bucket": "b/test-calitp-elavon",
                            "condition.#": "0",
                            "etag": "CAE=",
                            "id": "test-calitp-elavon",
                            "member": "projectOwner:cal-itp-data-infra",
                            "role": "roles/storage.legacyBucketOwner"
                        },
                        "meta": {
                            "schema_version": 0
                        },
                        "tainted": false
                    },
                    "deposed": [],
                    "provider": "provider.google"
                },
                "google_storage_bucket_iam_member.tfer--test-calitp-elavon-parsed": {
                    "type": "google_storage_bucket_iam_member",
                    "depends_on": [],
                    "primary": {
                        "id": "test-calitp-elavon-parsed",
                        "attributes": {
                            "bucket": "b/test-calitp-elavon-parsed",
                            "condition.#": "0",
                            "etag": "CAE=",
                            "id": "test-calitp-elavon-parsed",
                            "member": "projectEditor:cal-itp-data-infra",
                            "role": "roles/storage.legacyBucketOwner"
                        },
                        "meta": {
                            "schema_version": 0
                        },
                        "tainted": false
                    },
                    "deposed": [],
                    "provider": "provider.google"
                },
                "google_storage_bucket_iam_member.tfer--test-calitp-elavon-raw": {
                    "type": "google_storage_bucket_iam_member",
                    "depends_on": [],
                    "primary": {
                        "id": "test-calitp-elavon-raw",
                        "attributes": {
                            "bucket": "b/test-calitp-elavon-raw",
                            "condition.#": "0",
                            "etag": "CAE=",
                            "id": "test-calitp-elavon-raw",
                            "member": "projectEditor:cal-itp-data-infra",
                            "role": "roles/storage.legacyObjectOwner"
                        },
                        "meta": {
                            "schema_version": 0
                        },
                        "tainted": false
                    },
                    "deposed": [],
                    "provider": "provider.google"
                },
                "google_storage_bucket_iam_member.tfer--test-calitp-gtfs-config": {
                    "type": "google_storage_bucket_iam_member",
                    "depends_on": [],
                    "primary": {
                        "id": "test-calitp-gtfs-config",
                        "attributes": {
                            "bucket": "b/test-calitp-gtfs-config",
                            "condition.#": "0",
                            "etag": "CAE=",
                            "id": "test-calitp-gtfs-config",
                            "member": "projectOwner:cal-itp-data-infra",
                            "role": "roles/storage.legacyBucketOwner"
                        },
                        "meta": {
                            "schema_version": 0
                        },
                        "tainted": false
                    },
                    "deposed": [],
                    "provider": "provider.google"
                },
                "google_storage_bucket_iam_member.tfer--test-calitp-gtfs-download-config": {
                    "type": "google_storage_bucket_iam_member",
                    "depends_on": [],
                    "primary": {
                        "id": "test-calitp-gtfs-download-config",
                        "attributes": {
                            "bucket": "b/test-calitp-gtfs-download-config",
                            "condition.#": "0",
                            "etag": "CAI=",
                            "id": "test-calitp-gtfs-download-config",
                            "member": "projectOwner:cal-itp-data-infra",
                            "role": "roles/storage.legacyBucketOwner"
                        },
                        "meta": {
                            "schema_version": 0
                        },
                        "tainted": false
                    },
                    "deposed": [],
                    "provider": "provider.google"
                },
                "google_storage_bucket_iam_member.tfer--test-calitp-gtfs-raw": {
                    "type": "google_storage_bucket_iam_member",
                    "depends_on": [],
                    "primary": {
                        "id": "test-calitp-gtfs-raw",
                        "attributes": {
                            "bucket": "b/test-calitp-gtfs-raw",
                            "condition.#": "0",
                            "etag": "CAE=",
                            "id": "test-calitp-gtfs-raw",
                            "member": "projectEditor:cal-itp-data-infra",
                            "role": "roles/storage.legacyBucketOwner"
                        },
                        "meta": {
                            "schema_version": 0
                        },
                        "tainted": false
                    },
                    "deposed": [],
                    "provider": "provider.google"
                },
                "google_storage_bucket_iam_member.tfer--test-calitp-gtfs-rt-parsed": {
                    "type": "google_storage_bucket_iam_member",
                    "depends_on": [],
                    "primary": {
                        "id": "test-calitp-gtfs-rt-parsed",
                        "attributes": {
                            "bucket": "b/test-calitp-gtfs-rt-parsed",
                            "condition.#": "0",
                            "etag": "CAE=",
                            "id": "test-calitp-gtfs-rt-parsed",
                            "member": "projectOwner:cal-itp-data-infra",
                            "role": "roles/storage.legacyBucketOwner"
                        },
                        "meta": {
                            "schema_version": 0
                        },
                        "tainted": false
                    },
                    "deposed": [],
                    "provider": "provider.google"
                },
                "google_storage_bucket_iam_member.tfer--test-calitp-gtfs-rt-raw": {
                    "type": "google_storage_bucket_iam_member",
                    "depends_on": [],
                    "primary": {
                        "id": "test-calitp-gtfs-rt-raw",
                        "attributes": {
                            "bucket": "b/test-calitp-gtfs-rt-raw",
                            "condition.#": "0",
                            "etag": "CAQ=",
                            "id": "test-calitp-gtfs-rt-raw",
                            "member": "projectOwner:cal-itp-data-infra",
                            "role": "roles/storage.legacyBucketOwner"
                        },
                        "meta": {
                            "schema_version": 0
                        },
                        "tainted": false
                    },
                    "deposed": [],
                    "provider": "provider.google"
                },
                "google_storage_bucket_iam_member.tfer--test-calitp-gtfs-rt-raw-v2": {
                    "type": "google_storage_bucket_iam_member",
                    "depends_on": [],
                    "primary": {
                        "id": "test-calitp-gtfs-rt-raw-v2",
                        "attributes": {
                            "bucket": "b/test-calitp-gtfs-rt-raw-v2",
                            "condition.#": "0",
                            "etag": "CAM=",
                            "id": "test-calitp-gtfs-rt-raw-v2",
                            "member": "projectOwner:cal-itp-data-infra",
                            "role": "roles/storage.legacyObjectOwner"
                        },
                        "meta": {
                            "schema_version": 0
                        },
                        "tainted": false
                    },
                    "deposed": [],
                    "provider": "provider.google"
                },
                "google_storage_bucket_iam_member.tfer--test-calitp-gtfs-rt-validation": {
                    "type": "google_storage_bucket_iam_member",
                    "depends_on": [],
                    "primary": {
                        "id": "test-calitp-gtfs-rt-validation",
                        "attributes": {
                            "bucket": "b/test-calitp-gtfs-rt-validation",
                            "condition.#": "0",
                            "etag": "CAE=",
                            "id": "test-calitp-gtfs-rt-validation",
                            "member": "projectOwner:cal-itp-data-infra",
                            "role": "roles/storage.legacyBucketOwner"
                        },
                        "meta": {
                            "schema_version": 0
                        },
                        "tainted": false
                    },
                    "deposed": [],
                    "provider": "provider.google"
                },
                "google_storage_bucket_iam_member.tfer--test-calitp-gtfs-schedule-parsed": {
                    "type": "google_storage_bucket_iam_member",
                    "depends_on": [],
                    "primary": {
                        "id": "test-calitp-gtfs-schedule-parsed",
                        "attributes": {
                            "bucket": "b/test-calitp-gtfs-schedule-parsed",
                            "condition.#": "0",
                            "etag": "CAE=",
                            "id": "test-calitp-gtfs-schedule-parsed",
                            "member": "projectEditor:cal-itp-data-infra",
                            "role": "roles/storage.legacyObjectOwner"
                        },
                        "meta": {
                            "schema_version": 0
                        },
                        "tainted": false
                    },
                    "deposed": [],
                    "provider": "provider.google"
                },
                "google_storage_bucket_iam_member.tfer--test-calitp-gtfs-schedule-parsed-hourly": {
                    "type": "google_storage_bucket_iam_member",
                    "depends_on": [],
                    "primary": {
                        "id": "test-calitp-gtfs-schedule-parsed-hourly",
                        "attributes": {
                            "bucket": "b/test-calitp-gtfs-schedule-parsed-hourly",
                            "condition.#": "0",
                            "etag": "CAE=",
                            "id": "test-calitp-gtfs-schedule-parsed-hourly",
                            "member": "projectViewer:cal-itp-data-infra",
                            "role": "roles/storage.legacyBucketReader"
                        },
                        "meta": {
                            "schema_version": 0
                        },
                        "tainted": false
                    },
                    "deposed": [],
                    "provider": "provider.google"
                },
                "google_storage_bucket_iam_member.tfer--test-calitp-gtfs-schedule-processed": {
                    "type": "google_storage_bucket_iam_member",
                    "depends_on": [],
                    "primary": {
                        "id": "test-calitp-gtfs-schedule-processed",
                        "attributes": {
                            "bucket": "b/test-calitp-gtfs-schedule-processed",
                            "condition.#": "0",
                            "etag": "CAE=",
                            "id": "test-calitp-gtfs-schedule-processed",
                            "member": "projectOwner:cal-itp-data-infra",
                            "role": "roles/storage.legacyObjectOwner"
                        },
                        "meta": {
                            "schema_version": 0
                        },
                        "tainted": false
                    },
                    "deposed": [],
                    "provider": "provider.google"
                },
                "google_storage_bucket_iam_member.tfer--test-calitp-gtfs-schedule-raw": {
                    "type": "google_storage_bucket_iam_member",
                    "depends_on": [],
                    "primary": {
                        "id": "test-calitp-gtfs-schedule-raw",
                        "attributes": {
                            "bucket": "b/test-calitp-gtfs-schedule-raw",
                            "condition.#": "0",
                            "etag": "CAI=",
                            "id": "test-calitp-gtfs-schedule-raw",
                            "member": "projectViewer:cal-itp-data-infra",
                            "role": "roles/storage.legacyBucketReader"
                        },
                        "meta": {
                            "schema_version": 0
                        },
                        "tainted": false
                    },
                    "deposed": [],
                    "provider": "provider.google"
                },
                "google_storage_bucket_iam_member.tfer--test-calitp-gtfs-schedule-raw-v2": {
                    "type": "google_storage_bucket_iam_member",
                    "depends_on": [],
                    "primary": {
                        "id": "test-calitp-gtfs-schedule-raw-v2",
                        "attributes": {
                            "bucket": "b/test-calitp-gtfs-schedule-raw-v2",
                            "condition.#": "0",
                            "etag": "CAI=",
                            "id": "test-calitp-gtfs-schedule-raw-v2",
                            "member": "projectOwner:cal-itp-data-infra",
                            "role": "roles/storage.legacyBucketOwner"
                        },
                        "meta": {
                            "schema_version": 0
                        },
                        "tainted": false
                    },
                    "deposed": [],
                    "provider": "provider.google"
                },
                "google_storage_bucket_iam_member.tfer--test-calitp-gtfs-schedule-raw-v2-backfill-test": {
                    "type": "google_storage_bucket_iam_member",
                    "depends_on": [],
                    "primary": {
                        "id": "test-calitp-gtfs-schedule-raw-v2-backfill-test",
                        "attributes": {
                            "bucket": "b/test-calitp-gtfs-schedule-raw-v2-backfill-test",
                            "condition.#": "0",
                            "etag": "CAE=",
                            "id": "test-calitp-gtfs-schedule-raw-v2-backfill-test",
                            "member": "projectOwner:cal-itp-data-infra",
                            "role": "roles/storage.legacyBucketOwner"
                        },
                        "meta": {
                            "schema_version": 0
                        },
                        "tainted": false
                    },
                    "deposed": [],
                    "provider": "provider.google"
                },
                "google_storage_bucket_iam_member.tfer--test-calitp-gtfs-schedule-unzipped": {
                    "type": "google_storage_bucket_iam_member",
                    "depends_on": [],
                    "primary": {
                        "id": "test-calitp-gtfs-schedule-unzipped",
                        "attributes": {
                            "bucket": "b/test-calitp-gtfs-schedule-unzipped",
                            "condition.#": "0",
                            "etag": "CAE=",
                            "id": "test-calitp-gtfs-schedule-unzipped",
                            "member": "projectEditor:cal-itp-data-infra",
                            "role": "roles/storage.legacyObjectOwner"
                        },
                        "meta": {
                            "schema_version": 0
                        },
                        "tainted": false
                    },
                    "deposed": [],
                    "provider": "provider.google"
                },
                "google_storage_bucket_iam_member.tfer--test-calitp-gtfs-schedule-unzipped-hourly": {
                    "type": "google_storage_bucket_iam_member",
                    "depends_on": [],
                    "primary": {
                        "id": "test-calitp-gtfs-schedule-unzipped-hourly",
                        "attributes": {
                            "bucket": "b/test-calitp-gtfs-schedule-unzipped-hourly",
                            "condition.#": "0",
                            "etag": "CAE=",
                            "id": "test-calitp-gtfs-schedule-unzipped-hourly",
                            "member": "projectEditor:cal-itp-data-infra",
                            "role": "roles/storage.legacyBucketOwner"
                        },
                        "meta": {
                            "schema_version": 0
                        },
                        "tainted": false
                    },
                    "deposed": [],
                    "provider": "provider.google"
                },
                "google_storage_bucket_iam_member.tfer--test-calitp-gtfs-schedule-validation": {
                    "type": "google_storage_bucket_iam_member",
                    "depends_on": [],
                    "primary": {
                        "id": "test-calitp-gtfs-schedule-validation",
                        "attributes": {
                            "bucket": "b/test-calitp-gtfs-schedule-validation",
                            "condition.#": "0",
                            "etag": "CAE=",
                            "id": "test-calitp-gtfs-schedule-validation",
                            "member": "projectEditor:cal-itp-data-infra",
                            "role": "roles/storage.legacyObjectOwner"
                        },
                        "meta": {
                            "schema_version": 0
                        },
                        "tainted": false
                    },
                    "deposed": [],
                    "provider": "provider.google"
                },
                "google_storage_bucket_iam_member.tfer--test-calitp-gtfs-schedule-validation-hourly": {
                    "type": "google_storage_bucket_iam_member",
                    "depends_on": [],
                    "primary": {
                        "id": "test-calitp-gtfs-schedule-validation-hourly",
                        "attributes": {
                            "bucket": "b/test-calitp-gtfs-schedule-validation-hourly",
                            "condition.#": "0",
                            "etag": "CAE=",
                            "id": "test-calitp-gtfs-schedule-validation-hourly",
                            "member": "projectEditor:cal-itp-data-infra",
                            "role": "roles/storage.legacyObjectOwner"
                        },
                        "meta": {
                            "schema_version": 0
                        },
                        "tainted": false
                    },
                    "deposed": [],
                    "provider": "provider.google"
                },
                "google_storage_bucket_iam_member.tfer--test-calitp-ntd-api-products": {
                    "type": "google_storage_bucket_iam_member",
                    "depends_on": [],
                    "primary": {
                        "id": "test-calitp-ntd-api-products",
                        "attributes": {
                            "bucket": "b/test-calitp-ntd-api-products",
                            "condition.#": "0",
                            "etag": "CAE=",
                            "id": "test-calitp-ntd-api-products",
                            "member": "projectViewer:cal-itp-data-infra",
                            "role": "roles/storage.legacyObjectReader"
                        },
                        "meta": {
                            "schema_version": 0
                        },
                        "tainted": false
                    },
                    "deposed": [],
                    "provider": "provider.google"
                },
                "google_storage_bucket_iam_member.tfer--test-calitp-ntd-data-products": {
                    "type": "google_storage_bucket_iam_member",
                    "depends_on": [],
                    "primary": {
                        "id": "test-calitp-ntd-data-products",
                        "attributes": {
                            "bucket": "b/test-calitp-ntd-data-products",
                            "condition.#": "0",
                            "etag": "CAE=",
                            "id": "test-calitp-ntd-data-products",
                            "member": "projectOwner:cal-itp-data-infra",
                            "role": "roles/storage.legacyBucketOwner"
                        },
                        "meta": {
                            "schema_version": 0
                        },
                        "tainted": false
                    },
                    "deposed": [],
                    "provider": "provider.google"
                },
                "google_storage_bucket_iam_member.tfer--test-calitp-ntd-report-validation": {
                    "type": "google_storage_bucket_iam_member",
                    "depends_on": [],
                    "primary": {
                        "id": "test-calitp-ntd-report-validation",
                        "attributes": {
                            "bucket": "b/test-calitp-ntd-report-validation",
                            "condition.#": "0",
                            "etag": "CAE=",
                            "id": "test-calitp-ntd-report-validation",
                            "member": "projectEditor:cal-itp-data-infra",
                            "role": "roles/storage.legacyBucketOwner"
                        },
                        "meta": {
                            "schema_version": 0
                        },
                        "tainted": false
                    },
                    "deposed": [],
                    "provider": "provider.google"
                },
                "google_storage_bucket_iam_member.tfer--test-calitp-ntd-xlsx-products-clean": {
                    "type": "google_storage_bucket_iam_member",
                    "depends_on": [],
                    "primary": {
                        "id": "test-calitp-ntd-xlsx-products-clean",
                        "attributes": {
                            "bucket": "b/test-calitp-ntd-xlsx-products-clean",
                            "condition.#": "0",
                            "etag": "CAE=",
                            "id": "test-calitp-ntd-xlsx-products-clean",
                            "member": "projectEditor:cal-itp-data-infra",
                            "role": "roles/storage.legacyBucketOwner"
                        },
                        "meta": {
                            "schema_version": 0
                        },
                        "tainted": false
                    },
                    "deposed": [],
                    "provider": "provider.google"
                },
                "google_storage_bucket_iam_member.tfer--test-calitp-ntd-xlsx-products-raw": {
                    "type": "google_storage_bucket_iam_member",
                    "depends_on": [],
                    "primary": {
                        "id": "test-calitp-ntd-xlsx-products-raw",
                        "attributes": {
                            "bucket": "b/test-calitp-ntd-xlsx-products-raw",
                            "condition.#": "0",
                            "etag": "CAE=",
                            "id": "test-calitp-ntd-xlsx-products-raw",
                            "member": "projectEditor:cal-itp-data-infra",
                            "role": "roles/storage.legacyObjectOwner"
                        },
                        "meta": {
                            "schema_version": 0
                        },
                        "tainted": false
                    },
                    "deposed": [],
                    "provider": "provider.google"
                },
                "google_storage_bucket_iam_member.tfer--test-calitp-payments-littlepay-parsed": {
                    "type": "google_storage_bucket_iam_member",
                    "depends_on": [],
                    "primary": {
                        "id": "test-calitp-payments-littlepay-parsed",
                        "attributes": {
                            "bucket": "b/test-calitp-payments-littlepay-parsed",
                            "condition.#": "0",
                            "etag": "CAE=",
                            "id": "test-calitp-payments-littlepay-parsed",
                            "member": "projectOwner:cal-itp-data-infra",
                            "role": "roles/storage.legacyObjectOwner"
                        },
                        "meta": {
                            "schema_version": 0
                        },
                        "tainted": false
                    },
                    "deposed": [],
                    "provider": "provider.google"
                },
                "google_storage_bucket_iam_member.tfer--test-calitp-payments-littlepay-raw": {
                    "type": "google_storage_bucket_iam_member",
                    "depends_on": [],
                    "primary": {
                        "id": "test-calitp-payments-littlepay-raw",
                        "attributes": {
                            "bucket": "b/test-calitp-payments-littlepay-raw",
                            "condition.#": "0",
                            "etag": "CAE=",
                            "id": "test-calitp-payments-littlepay-raw",
                            "member": "projectEditor:cal-itp-data-infra",
                            "role": "roles/storage.legacyObjectOwner"
                        },
                        "meta": {
                            "schema_version": 0
                        },
                        "tainted": false
                    },
                    "deposed": [],
                    "provider": "provider.google"
                },
                "google_storage_bucket_iam_member.tfer--test-calitp-publish": {
                    "type": "google_storage_bucket_iam_member",
                    "depends_on": [],
                    "primary": {
                        "id": "test-calitp-publish",
                        "attributes": {
                            "bucket": "b/test-calitp-publish",
                            "condition.#": "0",
                            "etag": "CAE=",
                            "id": "test-calitp-publish",
                            "member": "projectEditor:cal-itp-data-infra",
                            "role": "roles/storage.legacyBucketOwner"
                        },
                        "meta": {
                            "schema_version": 0
                        },
                        "tainted": false
                    },
                    "deposed": [],
                    "provider": "provider.google"
                },
                "google_storage_bucket_iam_member.tfer--test-calitp-publish-data-analysis": {
                    "type": "google_storage_bucket_iam_member",
                    "depends_on": [],
                    "primary": {
                        "id": "test-calitp-publish-data-analysis",
                        "attributes": {
                            "bucket": "b/test-calitp-publish-data-analysis",
                            "condition.#": "0",
                            "etag": "CAE=",
                            "id": "test-calitp-publish-data-analysis",
                            "member": "projectViewer:cal-itp-data-infra",
                            "role": "roles/storage.legacyObjectReader"
                        },
                        "meta": {
                            "schema_version": 0
                        },
                        "tainted": false
                    },
                    "deposed": [],
                    "provider": "provider.google"
                },
                "google_storage_bucket_iam_member.tfer--test-calitp-reports-data": {
                    "type": "google_storage_bucket_iam_member",
                    "depends_on": [],
                    "primary": {
                        "id": "test-calitp-reports-data",
                        "attributes": {
                            "bucket": "b/test-calitp-reports-data",
                            "condition.#": "0",
                            "etag": "CAI=",
                            "id": "test-calitp-reports-data",
                            "member": "projectViewer:cal-itp-data-infra",
                            "role": "roles/storage.legacyBucketReader"
                        },
                        "meta": {
                            "schema_version": 0
                        },
                        "tainted": false
                    },
                    "deposed": [],
                    "provider": "provider.google"
                },
                "google_storage_bucket_iam_member.tfer--test-calitp-sentry": {
                    "type": "google_storage_bucket_iam_member",
                    "depends_on": [],
                    "primary": {
                        "id": "test-calitp-sentry",
                        "attributes": {
                            "bucket": "b/test-calitp-sentry",
                            "condition.#": "0",
                            "etag": "CAE=",
                            "id": "test-calitp-sentry",
                            "member": "projectEditor:cal-itp-data-infra",
                            "role": "roles/storage.legacyBucketOwner"
                        },
                        "meta": {
                            "schema_version": 0
                        },
                        "tainted": false
                    },
                    "deposed": [],
                    "provider": "provider.google"
                },
                "google_storage_bucket_iam_member.tfer--test-calitp-state-geoportal-scrape": {
                    "type": "google_storage_bucket_iam_member",
                    "depends_on": [],
                    "primary": {
                        "id": "test-calitp-state-geoportal-scrape",
                        "attributes": {
                            "bucket": "b/test-calitp-state-geoportal-scrape",
                            "condition.#": "0",
                            "etag": "CAE=",
                            "id": "test-calitp-state-geoportal-scrape",
                            "member": "projectOwner:cal-itp-data-infra",
                            "role": "roles/storage.legacyObjectOwner"
                        },
                        "meta": {
                            "schema_version": 0
                        },
                        "tainted": false
                    },
                    "deposed": [],
                    "provider": "provider.google"
                },
                "google_storage_bucket_iam_member.tfer--test-rt-parsed": {
                    "type": "google_storage_bucket_iam_member",
                    "depends_on": [],
                    "primary": {
                        "id": "test-rt-parsed",
                        "attributes": {
                            "bucket": "b/test-rt-parsed",
                            "condition.#": "0",
                            "etag": "CAE=",
                            "id": "test-rt-parsed",
                            "member": "projectEditor:cal-itp-data-infra",
                            "role": "roles/storage.legacyBucketOwner"
                        },
                        "meta": {
                            "schema_version": 0
                        },
                        "tainted": false
                    },
                    "deposed": [],
                    "provider": "provider.google"
                },
                "google_storage_bucket_iam_member.tfer--test-rt-validations": {
                    "type": "google_storage_bucket_iam_member",
                    "depends_on": [],
                    "primary": {
                        "id": "test-rt-validations",
                        "attributes": {
                            "bucket": "b/test-rt-validations",
                            "condition.#": "0",
                            "etag": "CAE=",
                            "id": "test-rt-validations",
                            "member": "projectEditor:cal-itp-data-infra",
                            "role": "roles/storage.legacyObjectOwner"
                        },
                        "meta": {
                            "schema_version": 0
                        },
                        "tainted": false
                    },
                    "deposed": [],
                    "provider": "provider.google"
                },
                "google_storage_bucket_iam_member.tfer--us-002E-artifacts-002E-cal-itp-data-infra-002E-appspot-002E-com": {
                    "type": "google_storage_bucket_iam_member",
                    "depends_on": [],
                    "primary": {
                        "id": "us.artifacts.cal-itp-data-infra.appspot.com",
                        "attributes": {
                            "bucket": "b/us.artifacts.cal-itp-data-infra.appspot.com",
                            "condition.#": "0",
                            "etag": "CAE=",
                            "id": "us.artifacts.cal-itp-data-infra.appspot.com",
                            "member": "projectEditor:cal-itp-data-infra",
                            "role": "roles/storage.legacyBucketOwner"
                        },
                        "meta": {
                            "schema_version": 0
                        },
                        "tainted": false
                    },
                    "deposed": [],
                    "provider": "provider.google"
                },
                "google_storage_bucket_iam_member.tfer--us-west2-calitp-airflow2-pr-171e4e47-bucket": {
                    "type": "google_storage_bucket_iam_member",
                    "depends_on": [],
                    "primary": {
                        "id": "us-west2-calitp-airflow2-pr-171e4e47-bucket",
                        "attributes": {
                            "bucket": "b/us-west2-calitp-airflow2-pr-171e4e47-bucket",
                            "condition.#": "0",
                            "etag": "CBc=",
                            "id": "us-west2-calitp-airflow2-pr-171e4e47-bucket",
                            "member": "projectEditor:cal-itp-data-infra",
                            "role": "roles/storage.legacyBucketOwner"
                        },
                        "meta": {
                            "schema_version": 0
                        },
                        "tainted": false
                    },
                    "deposed": [],
                    "provider": "provider.google"
                },
                "google_storage_bucket_iam_member.tfer--us-west2-calitp-airflow2-pr-31e41084-bucket": {
                    "type": "google_storage_bucket_iam_member",
                    "depends_on": [],
                    "primary": {
                        "id": "us-west2-calitp-airflow2-pr-31e41084-bucket",
                        "attributes": {
                            "bucket": "b/us-west2-calitp-airflow2-pr-31e41084-bucket",
                            "condition.#": "0",
                            "etag": "CFM=",
                            "id": "us-west2-calitp-airflow2-pr-31e41084-bucket",
                            "member": "serviceAccount:composer2-service-account@cal-itp-data-infra.iam.gserviceaccount.com",
                            "role": "roles/storage.legacyBucketOwner"
                        },
                        "meta": {
                            "schema_version": 0
                        },
                        "tainted": false
                    },
                    "deposed": [],
                    "provider": "provider.google"
                },
                "google_storage_bucket_iam_member.tfer--us-west2-calitp-airflow2-pr-88ca8ec6-bucket": {
                    "type": "google_storage_bucket_iam_member",
                    "depends_on": [],
                    "primary": {
                        "id": "us-west2-calitp-airflow2-pr-88ca8ec6-bucket",
                        "attributes": {
                            "bucket": "b/us-west2-calitp-airflow2-pr-88ca8ec6-bucket",
                            "condition.#": "0",
                            "etag": "CB4=",
                            "id": "us-west2-calitp-airflow2-pr-88ca8ec6-bucket",
                            "member": "projectViewer:cal-itp-data-infra",
                            "role": "roles/storage.legacyObjectReader"
                        },
                        "meta": {
                            "schema_version": 0
                        },
                        "tainted": false
                    },
                    "deposed": [],
                    "provider": "provider.google"
                },
                "google_storage_bucket_iam_policy.tfer--analysis-output-models": {
                    "type": "google_storage_bucket_iam_policy",
                    "depends_on": [],
                    "primary": {
                        "id": "analysis-output-models",
                        "attributes": {
                            "bucket": "b/analysis-output-models",
                            "etag": "CAM=",
                            "id": "analysis-output-models",
                            "policy_data": "{\"bindings\":[{\"members\":[\"projectEditor:cal-itp-data-infra\",\"projectOwner:cal-itp-data-infra\"],\"role\":\"roles/storage.legacyBucketOwner\"},{\"members\":[\"projectViewer:cal-itp-data-infra\"],\"role\":\"roles/storage.legacyBucketReader\"},{\"members\":[\"projectEditor:cal-itp-data-infra\",\"projectOwner:cal-itp-data-infra\"],\"role\":\"roles/storage.legacyObjectOwner\"},{\"members\":[\"projectViewer:cal-itp-data-infra\"],\"role\":\"roles/storage.legacyObjectReader\"}]}"
                        },
                        "meta": {
                            "schema_version": 0
                        },
                        "tainted": false
                    },
                    "deposed": [],
                    "provider": "provider.google"
                },
                "google_storage_bucket_iam_policy.tfer--artifacts-002E-cal-itp-data-infra-002E-appspot-002E-com": {
                    "type": "google_storage_bucket_iam_policy",
                    "depends_on": [],
                    "primary": {
                        "id": "artifacts.cal-itp-data-infra.appspot.com",
                        "attributes": {
                            "bucket": "b/artifacts.cal-itp-data-infra.appspot.com",
                            "etag": "CAE=",
                            "id": "artifacts.cal-itp-data-infra.appspot.com",
                            "policy_data": "{\"bindings\":[{\"members\":[\"projectEditor:cal-itp-data-infra\",\"projectOwner:cal-itp-data-infra\"],\"role\":\"roles/storage.legacyBucketOwner\"},{\"members\":[\"projectViewer:cal-itp-data-infra\"],\"role\":\"roles/storage.legacyBucketReader\"}]}"
                        },
                        "meta": {
                            "schema_version": 0
                        },
                        "tainted": false
                    },
                    "deposed": [],
                    "provider": "provider.google"
                },
                "google_storage_bucket_iam_policy.tfer--cal-itp-data-infra-002E-appspot-002E-com": {
                    "type": "google_storage_bucket_iam_policy",
                    "depends_on": [],
                    "primary": {
                        "id": "cal-itp-data-infra.appspot.com",
                        "attributes": {
                            "bucket": "b/cal-itp-data-infra.appspot.com",
                            "etag": "CAE=",
                            "id": "cal-itp-data-infra.appspot.com",
                            "policy_data": "{\"bindings\":[{\"members\":[\"projectEditor:cal-itp-data-infra\",\"projectOwner:cal-itp-data-infra\"],\"role\":\"roles/storage.legacyBucketOwner\"},{\"members\":[\"projectViewer:cal-itp-data-infra\"],\"role\":\"roles/storage.legacyBucketReader\"}]}"
                        },
                        "meta": {
                            "schema_version": 0
                        },
                        "tainted": false
                    },
                    "deposed": [],
                    "provider": "provider.google"
                },
                "google_storage_bucket_iam_policy.tfer--calitp-aggregator-scraper": {
                    "type": "google_storage_bucket_iam_policy",
                    "depends_on": [],
                    "primary": {
                        "id": "calitp-aggregator-scraper",
                        "attributes": {
                            "bucket": "b/calitp-aggregator-scraper",
                            "etag": "CAE=",
                            "id": "calitp-aggregator-scraper",
                            "policy_data": "{\"bindings\":[{\"members\":[\"projectEditor:cal-itp-data-infra\",\"projectOwner:cal-itp-data-infra\"],\"role\":\"roles/storage.legacyBucketOwner\"},{\"members\":[\"projectViewer:cal-itp-data-infra\"],\"role\":\"roles/storage.legacyBucketReader\"},{\"members\":[\"projectEditor:cal-itp-data-infra\",\"projectOwner:cal-itp-data-infra\"],\"role\":\"roles/storage.legacyObjectOwner\"},{\"members\":[\"projectViewer:cal-itp-data-infra\"],\"role\":\"roles/storage.legacyObjectReader\"}]}"
                        },
                        "meta": {
                            "schema_version": 0
                        },
                        "tainted": false
                    },
                    "deposed": [],
                    "provider": "provider.google"
                },
                "google_storage_bucket_iam_policy.tfer--calitp-airtable": {
                    "type": "google_storage_bucket_iam_policy",
                    "depends_on": [],
                    "primary": {
                        "id": "calitp-airtable",
                        "attributes": {
                            "bucket": "b/calitp-airtable",
                            "etag": "CAQ=",
                            "id": "calitp-airtable",
                            "policy_data": "{\"bindings\":[{\"members\":[\"projectEditor:cal-itp-data-infra\",\"projectOwner:cal-itp-data-infra\"],\"role\":\"roles/storage.legacyBucketOwner\"},{\"members\":[\"projectViewer:cal-itp-data-infra\"],\"role\":\"roles/storage.legacyBucketReader\"},{\"members\":[\"projectEditor:cal-itp-data-infra\",\"projectOwner:cal-itp-data-infra\"],\"role\":\"roles/storage.legacyObjectOwner\"},{\"members\":[\"projectViewer:cal-itp-data-infra\"],\"role\":\"roles/storage.legacyObjectReader\"}]}"
                        },
                        "meta": {
                            "schema_version": 0
                        },
                        "tainted": false
                    },
                    "deposed": [],
                    "provider": "provider.google"
                },
                "google_storage_bucket_iam_policy.tfer--calitp-amplitude-benefits-events": {
                    "type": "google_storage_bucket_iam_policy",
                    "depends_on": [],
                    "primary": {
                        "id": "calitp-amplitude-benefits-events",
                        "attributes": {
                            "bucket": "b/calitp-amplitude-benefits-events",
                            "etag": "CAE=",
                            "id": "calitp-amplitude-benefits-events",
                            "policy_data": "{\"bindings\":[{\"members\":[\"projectEditor:cal-itp-data-infra\",\"projectOwner:cal-itp-data-infra\"],\"role\":\"roles/storage.legacyBucketOwner\"},{\"members\":[\"projectViewer:cal-itp-data-infra\"],\"role\":\"roles/storage.legacyBucketReader\"},{\"members\":[\"projectEditor:cal-itp-data-infra\",\"projectOwner:cal-itp-data-infra\"],\"role\":\"roles/storage.legacyObjectOwner\"},{\"members\":[\"projectViewer:cal-itp-data-infra\"],\"role\":\"roles/storage.legacyObjectReader\"}]}"
                        },
                        "meta": {
                            "schema_version": 0
                        },
                        "tainted": false
                    },
                    "deposed": [],
                    "provider": "provider.google"
                },
                "google_storage_bucket_iam_policy.tfer--calitp-analytics-data": {
                    "type": "google_storage_bucket_iam_policy",
                    "depends_on": [],
                    "primary": {
                        "id": "calitp-analytics-data",
                        "attributes": {
                            "bucket": "b/calitp-analytics-data",
                            "etag": "CAw=",
                            "id": "calitp-analytics-data",
                            "policy_data": "{\"bindings\":[{\"members\":[\"projectEditor:cal-itp-data-infra\",\"projectOwner:cal-itp-data-infra\"],\"role\":\"roles/storage.legacyBucketOwner\"},{\"members\":[\"projectViewer:cal-itp-data-infra\",\"serviceAccount:project-1005246706141@storage-transfer-service.iam.gserviceaccount.com\"],\"role\":\"roles/storage.legacyBucketReader\"},{\"members\":[\"projectEditor:cal-itp-data-infra\",\"projectOwner:cal-itp-data-infra\"],\"role\":\"roles/storage.legacyObjectOwner\"},{\"members\":[\"projectViewer:cal-itp-data-infra\"],\"role\":\"roles/storage.legacyObjectReader\"},{\"members\":[\"serviceAccount:project-1005246706141@storage-transfer-service.iam.gserviceaccount.com\"],\"role\":\"roles/storage.objectAdmin\"},{\"members\":[\"serviceAccount:jupyterlab@cal-itp-data-infra.iam.gserviceaccount.com\",\"user:charlie.c@jarv.us\",\"user:tiffany@calitp.org\"],\"role\":\"roles/storage.objectCreator\"}]}"
                        },
                        "meta": {
                            "schema_version": 0
                        },
                        "tainted": false
                    },
                    "deposed": [],
                    "provider": "provider.google"
                },
                "google_storage_bucket_iam_policy.tfer--calitp-backups-grafana": {
                    "type": "google_storage_bucket_iam_policy",
                    "depends_on": [],
                    "primary": {
                        "id": "calitp-backups-grafana",
                        "attributes": {
                            "bucket": "b/calitp-backups-grafana",
                            "etag": "CAI=",
                            "id": "calitp-backups-grafana",
                            "policy_data": "{\"bindings\":[{\"members\":[\"projectEditor:cal-itp-data-infra\",\"projectOwner:cal-itp-data-infra\"],\"role\":\"roles/storage.legacyBucketOwner\"},{\"members\":[\"projectViewer:cal-itp-data-infra\"],\"role\":\"roles/storage.legacyBucketReader\"},{\"members\":[\"projectEditor:cal-itp-data-infra\",\"projectOwner:cal-itp-data-infra\"],\"role\":\"roles/storage.legacyObjectOwner\"},{\"members\":[\"projectViewer:cal-itp-data-infra\"],\"role\":\"roles/storage.legacyObjectReader\"},{\"members\":[\"serviceAccount:backup-grafana@cal-itp-data-infra.iam.gserviceaccount.com\"],\"role\":\"roles/storage.objectAdmin\"}]}"
                        },
                        "meta": {
                            "schema_version": 0
                        },
                        "tainted": false
                    },
                    "deposed": [],
                    "provider": "provider.google"
                },
                "google_storage_bucket_iam_policy.tfer--calitp-backups-metabase": {
                    "type": "google_storage_bucket_iam_policy",
                    "depends_on": [],
                    "primary": {
                        "id": "calitp-backups-metabase",
                        "attributes": {
                            "bucket": "b/calitp-backups-metabase",
                            "etag": "CAI=",
                            "id": "calitp-backups-metabase",
                            "policy_data": "{\"bindings\":[{\"members\":[\"projectEditor:cal-itp-data-infra\",\"projectOwner:cal-itp-data-infra\"],\"role\":\"roles/storage.legacyBucketOwner\"},{\"members\":[\"projectViewer:cal-itp-data-infra\"],\"role\":\"roles/storage.legacyBucketReader\"},{\"members\":[\"projectEditor:cal-itp-data-infra\",\"projectOwner:cal-itp-data-infra\"],\"role\":\"roles/storage.legacyObjectOwner\"},{\"members\":[\"projectViewer:cal-itp-data-infra\"],\"role\":\"roles/storage.legacyObjectReader\"},{\"members\":[\"serviceAccount:backup-metabase@cal-itp-data-infra.iam.gserviceaccount.com\"],\"role\":\"roles/storage.objectAdmin\"}]}"
                        },
                        "meta": {
                            "schema_version": 0
                        },
                        "tainted": false
                    },
                    "deposed": [],
                    "provider": "provider.google"
                },
                "google_storage_bucket_iam_policy.tfer--calitp-backups-sentry": {
                    "type": "google_storage_bucket_iam_policy",
                    "depends_on": [],
                    "primary": {
                        "id": "calitp-backups-sentry",
                        "attributes": {
                            "bucket": "b/calitp-backups-sentry",
                            "etag": "CAI=",
                            "id": "calitp-backups-sentry",
                            "policy_data": "{\"bindings\":[{\"members\":[\"projectEditor:cal-itp-data-infra\",\"projectOwner:cal-itp-data-infra\"],\"role\":\"roles/storage.legacyBucketOwner\"},{\"members\":[\"projectViewer:cal-itp-data-infra\"],\"role\":\"roles/storage.legacyBucketReader\"},{\"members\":[\"projectEditor:cal-itp-data-infra\",\"projectOwner:cal-itp-data-infra\"],\"role\":\"roles/storage.legacyObjectOwner\"},{\"members\":[\"projectViewer:cal-itp-data-infra\"],\"role\":\"roles/storage.legacyObjectReader\"},{\"members\":[\"serviceAccount:backup-sentry@cal-itp-data-infra.iam.gserviceaccount.com\"],\"role\":\"roles/storage.objectAdmin\"}]}"
                        },
                        "meta": {
                            "schema_version": 0
                        },
                        "tainted": false
                    },
                    "deposed": [],
                    "provider": "provider.google"
                },
                "google_storage_bucket_iam_policy.tfer--calitp-backups-test": {
                    "type": "google_storage_bucket_iam_policy",
                    "depends_on": [],
                    "primary": {
                        "id": "calitp-backups-test",
                        "attributes": {
                            "bucket": "b/calitp-backups-test",
                            "etag": "CAM=",
                            "id": "calitp-backups-test",
                            "policy_data": "{\"bindings\":[{\"members\":[\"projectEditor:cal-itp-data-infra\",\"projectOwner:cal-itp-data-infra\"],\"role\":\"roles/storage.legacyBucketOwner\"},{\"members\":[\"projectViewer:cal-itp-data-infra\"],\"role\":\"roles/storage.legacyBucketReader\"},{\"members\":[\"projectEditor:cal-itp-data-infra\",\"projectOwner:cal-itp-data-infra\"],\"role\":\"roles/storage.legacyObjectOwner\"},{\"members\":[\"projectViewer:cal-itp-data-infra\"],\"role\":\"roles/storage.legacyObjectReader\"},{\"members\":[\"serviceAccount:backups-test@cal-itp-data-infra.iam.gserviceaccount.com\",\"serviceAccount:metabase-backup@cal-itp-data-infra.iam.gserviceaccount.com\"],\"role\":\"roles/storage.objectAdmin\"}]}"
                        },
                        "meta": {
                            "schema_version": 0
                        },
                        "tainted": false
                    },
                    "deposed": [],
                    "provider": "provider.google"
                },
                "google_storage_bucket_iam_policy.tfer--calitp-ci-artifacts": {
                    "type": "google_storage_bucket_iam_policy",
                    "depends_on": [],
                    "primary": {
                        "id": "calitp-ci-artifacts",
                        "attributes": {
                            "bucket": "b/calitp-ci-artifacts",
                            "etag": "CAE=",
                            "id": "calitp-ci-artifacts",
                            "policy_data": "{\"bindings\":[{\"members\":[\"projectEditor:cal-itp-data-infra\",\"projectOwner:cal-itp-data-infra\"],\"role\":\"roles/storage.legacyBucketOwner\"},{\"members\":[\"projectViewer:cal-itp-data-infra\"],\"role\":\"roles/storage.legacyBucketReader\"},{\"members\":[\"projectEditor:cal-itp-data-infra\",\"projectOwner:cal-itp-data-infra\"],\"role\":\"roles/storage.legacyObjectOwner\"},{\"members\":[\"projectViewer:cal-itp-data-infra\"],\"role\":\"roles/storage.legacyObjectReader\"}]}"
                        },
                        "meta": {
                            "schema_version": 0
                        },
                        "tainted": false
                    },
                    "deposed": [],
                    "provider": "provider.google"
                },
                "google_storage_bucket_iam_policy.tfer--calitp-dbt-artifacts": {
                    "type": "google_storage_bucket_iam_policy",
                    "depends_on": [],
                    "primary": {
                        "id": "calitp-dbt-artifacts",
                        "attributes": {
                            "bucket": "b/calitp-dbt-artifacts",
                            "etag": "CAE=",
                            "id": "calitp-dbt-artifacts",
                            "policy_data": "{\"bindings\":[{\"members\":[\"projectEditor:cal-itp-data-infra\",\"projectOwner:cal-itp-data-infra\"],\"role\":\"roles/storage.legacyBucketOwner\"},{\"members\":[\"projectViewer:cal-itp-data-infra\"],\"role\":\"roles/storage.legacyBucketReader\"},{\"members\":[\"projectEditor:cal-itp-data-infra\",\"projectOwner:cal-itp-data-infra\"],\"role\":\"roles/storage.legacyObjectOwner\"},{\"members\":[\"projectViewer:cal-itp-data-infra\"],\"role\":\"roles/storage.legacyObjectReader\"}]}"
                        },
                        "meta": {
                            "schema_version": 0
                        },
                        "tainted": false
                    },
                    "deposed": [],
                    "provider": "provider.google"
                },
                "google_storage_bucket_iam_policy.tfer--calitp-dbt-python-models": {
                    "type": "google_storage_bucket_iam_policy",
                    "depends_on": [],
                    "primary": {
                        "id": "calitp-dbt-python-models",
                        "attributes": {
                            "bucket": "b/calitp-dbt-python-models",
                            "etag": "CAE=",
                            "id": "calitp-dbt-python-models",
                            "policy_data": "{\"bindings\":[{\"members\":[\"projectEditor:cal-itp-data-infra\",\"projectOwner:cal-itp-data-infra\"],\"role\":\"roles/storage.legacyBucketOwner\"},{\"members\":[\"projectViewer:cal-itp-data-infra\"],\"role\":\"roles/storage.legacyBucketReader\"},{\"members\":[\"projectEditor:cal-itp-data-infra\",\"projectOwner:cal-itp-data-infra\"],\"role\":\"roles/storage.legacyObjectOwner\"},{\"members\":[\"projectViewer:cal-itp-data-infra\"],\"role\":\"roles/storage.legacyObjectReader\"}]}"
                        },
                        "meta": {
                            "schema_version": 0
                        },
                        "tainted": false
                    },
                    "deposed": [],
                    "provider": "provider.google"
                },
                "google_storage_bucket_iam_policy.tfer--calitp-elavon-parsed": {
                    "type": "google_storage_bucket_iam_policy",
                    "depends_on": [],
                    "primary": {
                        "id": "calitp-elavon-parsed",
                        "attributes": {
                            "bucket": "b/calitp-elavon-parsed",
                            "etag": "CAE=",
                            "id": "calitp-elavon-parsed",
                            "policy_data": "{\"bindings\":[{\"members\":[\"projectEditor:cal-itp-data-infra\",\"projectOwner:cal-itp-data-infra\"],\"role\":\"roles/storage.legacyBucketOwner\"},{\"members\":[\"projectViewer:cal-itp-data-infra\"],\"role\":\"roles/storage.legacyBucketReader\"},{\"members\":[\"projectEditor:cal-itp-data-infra\",\"projectOwner:cal-itp-data-infra\"],\"role\":\"roles/storage.legacyObjectOwner\"},{\"members\":[\"projectViewer:cal-itp-data-infra\"],\"role\":\"roles/storage.legacyObjectReader\"}]}"
                        },
                        "meta": {
                            "schema_version": 0
                        },
                        "tainted": false
                    },
                    "deposed": [],
                    "provider": "provider.google"
                },
                "google_storage_bucket_iam_policy.tfer--calitp-elavon-raw": {
                    "type": "google_storage_bucket_iam_policy",
                    "depends_on": [],
                    "primary": {
                        "id": "calitp-elavon-raw",
                        "attributes": {
                            "bucket": "b/calitp-elavon-raw",
                            "etag": "CAE=",
                            "id": "calitp-elavon-raw",
                            "policy_data": "{\"bindings\":[{\"members\":[\"projectEditor:cal-itp-data-infra\",\"projectOwner:cal-itp-data-infra\"],\"role\":\"roles/storage.legacyBucketOwner\"},{\"members\":[\"projectViewer:cal-itp-data-infra\"],\"role\":\"roles/storage.legacyBucketReader\"},{\"members\":[\"projectEditor:cal-itp-data-infra\",\"projectOwner:cal-itp-data-infra\"],\"role\":\"roles/storage.legacyObjectOwner\"},{\"members\":[\"projectViewer:cal-itp-data-infra\"],\"role\":\"roles/storage.legacyObjectReader\"}]}"
                        },
                        "meta": {
                            "schema_version": 0
                        },
                        "tainted": false
                    },
                    "deposed": [],
                    "provider": "provider.google"
                },
                "google_storage_bucket_iam_policy.tfer--calitp-gtfs-download-config": {
                    "type": "google_storage_bucket_iam_policy",
                    "depends_on": [],
                    "primary": {
                        "id": "calitp-gtfs-download-config",
                        "attributes": {
                            "bucket": "b/calitp-gtfs-download-config",
                            "etag": "CAE=",
                            "id": "calitp-gtfs-download-config",
                            "policy_data": "{\"bindings\":[{\"members\":[\"projectEditor:cal-itp-data-infra\",\"projectOwner:cal-itp-data-infra\"],\"role\":\"roles/storage.legacyBucketOwner\"},{\"members\":[\"projectViewer:cal-itp-data-infra\"],\"role\":\"roles/storage.legacyBucketReader\"},{\"members\":[\"projectEditor:cal-itp-data-infra\",\"projectOwner:cal-itp-data-infra\"],\"role\":\"roles/storage.legacyObjectOwner\"},{\"members\":[\"projectViewer:cal-itp-data-infra\"],\"role\":\"roles/storage.legacyObjectReader\"}]}"
                        },
                        "meta": {
                            "schema_version": 0
                        },
                        "tainted": false
                    },
                    "deposed": [],
                    "provider": "provider.google"
                },
                "google_storage_bucket_iam_policy.tfer--calitp-gtfs-rt-parsed": {
                    "type": "google_storage_bucket_iam_policy",
                    "depends_on": [],
                    "primary": {
                        "id": "calitp-gtfs-rt-parsed",
                        "attributes": {
                            "bucket": "b/calitp-gtfs-rt-parsed",
                            "etag": "CAE=",
                            "id": "calitp-gtfs-rt-parsed",
                            "policy_data": "{\"bindings\":[{\"members\":[\"projectEditor:cal-itp-data-infra\",\"projectOwner:cal-itp-data-infra\"],\"role\":\"roles/storage.legacyBucketOwner\"},{\"members\":[\"projectViewer:cal-itp-data-infra\"],\"role\":\"roles/storage.legacyBucketReader\"},{\"members\":[\"projectEditor:cal-itp-data-infra\",\"projectOwner:cal-itp-data-infra\"],\"role\":\"roles/storage.legacyObjectOwner\"},{\"members\":[\"projectViewer:cal-itp-data-infra\"],\"role\":\"roles/storage.legacyObjectReader\"}]}"
                        },
                        "meta": {
                            "schema_version": 0
                        },
                        "tainted": false
                    },
                    "deposed": [],
                    "provider": "provider.google"
                },
                "google_storage_bucket_iam_policy.tfer--calitp-gtfs-rt-raw-deprecated": {
                    "type": "google_storage_bucket_iam_policy",
                    "depends_on": [],
                    "primary": {
                        "id": "calitp-gtfs-rt-raw-deprecated",
                        "attributes": {
                            "bucket": "b/calitp-gtfs-rt-raw-deprecated",
                            "etag": "CAQ=",
                            "id": "calitp-gtfs-rt-raw-deprecated",
                            "policy_data": "{\"bindings\":[{\"members\":[\"projectEditor:cal-itp-data-infra\",\"projectOwner:cal-itp-data-infra\"],\"role\":\"roles/storage.legacyBucketOwner\"},{\"members\":[\"projectViewer:cal-itp-data-infra\",\"serviceAccount:project-1005246706141@storage-transfer-service.iam.gserviceaccount.com\"],\"role\":\"roles/storage.legacyBucketReader\"},{\"members\":[\"serviceAccount:project-1005246706141@storage-transfer-service.iam.gserviceaccount.com\"],\"role\":\"roles/storage.legacyBucketWriter\"},{\"members\":[\"projectEditor:cal-itp-data-infra\",\"projectOwner:cal-itp-data-infra\"],\"role\":\"roles/storage.legacyObjectOwner\"},{\"members\":[\"projectViewer:cal-itp-data-infra\"],\"role\":\"roles/storage.legacyObjectReader\"},{\"members\":[\"serviceAccount:project-1005246706141@storage-transfer-service.iam.gserviceaccount.com\"],\"role\":\"roles/storage.objectAdmin\"}]}"
                        },
                        "meta": {
                            "schema_version": 0
                        },
                        "tainted": false
                    },
                    "deposed": [],
                    "provider": "provider.google"
                },
                "google_storage_bucket_iam_policy.tfer--calitp-gtfs-rt-raw-v2": {
                    "type": "google_storage_bucket_iam_policy",
                    "depends_on": [],
                    "primary": {
                        "id": "calitp-gtfs-rt-raw-v2",
                        "attributes": {
                            "bucket": "b/calitp-gtfs-rt-raw-v2",
                            "etag": "CAM=",
                            "id": "calitp-gtfs-rt-raw-v2",
                            "policy_data": "{\"bindings\":[{\"members\":[\"projectEditor:cal-itp-data-infra\",\"projectOwner:cal-itp-data-infra\"],\"role\":\"roles/storage.legacyBucketOwner\"},{\"members\":[\"projectViewer:cal-itp-data-infra\"],\"role\":\"roles/storage.legacyBucketReader\"},{\"members\":[\"projectEditor:cal-itp-data-infra\",\"projectOwner:cal-itp-data-infra\"],\"role\":\"roles/storage.legacyObjectOwner\"},{\"members\":[\"projectViewer:cal-itp-data-infra\"],\"role\":\"roles/storage.legacyObjectReader\"},{\"members\":[\"serviceAccount:gtfs-rt-archiver-v3@cal-itp-data-infra.iam.gserviceaccount.com\"],\"role\":\"roles/storage.objectAdmin\"},{\"members\":[\"serviceAccount:gtfs-rt-archiver-v3@cal-itp-data-infra.iam.gserviceaccount.com\"],\"role\":\"roles/storage.objectCreator\"},{\"members\":[\"serviceAccount:gtfs-rt-archiver-v3@cal-itp-data-infra.iam.gserviceaccount.com\"],\"role\":\"roles/storage.objectViewer\"}]}"
                        },
                        "meta": {
                            "schema_version": 0
                        },
                        "tainted": false
                    },
                    "deposed": [],
                    "provider": "provider.google"
                },
                "google_storage_bucket_iam_policy.tfer--calitp-gtfs-rt-validation": {
                    "type": "google_storage_bucket_iam_policy",
                    "depends_on": [],
                    "primary": {
                        "id": "calitp-gtfs-rt-validation",
                        "attributes": {
                            "bucket": "b/calitp-gtfs-rt-validation",
                            "etag": "CAE=",
                            "id": "calitp-gtfs-rt-validation",
                            "policy_data": "{\"bindings\":[{\"members\":[\"projectEditor:cal-itp-data-infra\",\"projectOwner:cal-itp-data-infra\"],\"role\":\"roles/storage.legacyBucketOwner\"},{\"members\":[\"projectViewer:cal-itp-data-infra\"],\"role\":\"roles/storage.legacyBucketReader\"},{\"members\":[\"projectEditor:cal-itp-data-infra\",\"projectOwner:cal-itp-data-infra\"],\"role\":\"roles/storage.legacyObjectOwner\"},{\"members\":[\"projectViewer:cal-itp-data-infra\"],\"role\":\"roles/storage.legacyObjectReader\"}]}"
                        },
                        "meta": {
                            "schema_version": 0
                        },
                        "tainted": false
                    },
                    "deposed": [],
                    "provider": "provider.google"
                },
                "google_storage_bucket_iam_policy.tfer--calitp-gtfs-schedule-parsed": {
                    "type": "google_storage_bucket_iam_policy",
                    "depends_on": [],
                    "primary": {
                        "id": "calitp-gtfs-schedule-parsed",
                        "attributes": {
                            "bucket": "b/calitp-gtfs-schedule-parsed",
                            "etag": "CAE=",
                            "id": "calitp-gtfs-schedule-parsed",
                            "policy_data": "{\"bindings\":[{\"members\":[\"projectEditor:cal-itp-data-infra\",\"projectOwner:cal-itp-data-infra\"],\"role\":\"roles/storage.legacyBucketOwner\"},{\"members\":[\"projectViewer:cal-itp-data-infra\"],\"role\":\"roles/storage.legacyBucketReader\"},{\"members\":[\"projectEditor:cal-itp-data-infra\",\"projectOwner:cal-itp-data-infra\"],\"role\":\"roles/storage.legacyObjectOwner\"},{\"members\":[\"projectViewer:cal-itp-data-infra\"],\"role\":\"roles/storage.legacyObjectReader\"}]}"
                        },
                        "meta": {
                            "schema_version": 0
                        },
                        "tainted": false
                    },
                    "deposed": [],
                    "provider": "provider.google"
                },
                "google_storage_bucket_iam_policy.tfer--calitp-gtfs-schedule-parsed-hourly": {
                    "type": "google_storage_bucket_iam_policy",
                    "depends_on": [],
                    "primary": {
                        "id": "calitp-gtfs-schedule-parsed-hourly",
                        "attributes": {
                            "bucket": "b/calitp-gtfs-schedule-parsed-hourly",
                            "etag": "CAE=",
                            "id": "calitp-gtfs-schedule-parsed-hourly",
                            "policy_data": "{\"bindings\":[{\"members\":[\"projectEditor:cal-itp-data-infra\",\"projectOwner:cal-itp-data-infra\"],\"role\":\"roles/storage.legacyBucketOwner\"},{\"members\":[\"projectViewer:cal-itp-data-infra\"],\"role\":\"roles/storage.legacyBucketReader\"},{\"members\":[\"projectEditor:cal-itp-data-infra\",\"projectOwner:cal-itp-data-infra\"],\"role\":\"roles/storage.legacyObjectOwner\"},{\"members\":[\"projectViewer:cal-itp-data-infra\"],\"role\":\"roles/storage.legacyObjectReader\"}]}"
                        },
                        "meta": {
                            "schema_version": 0
                        },
                        "tainted": false
                    },
                    "deposed": [],
                    "provider": "provider.google"
                },
                "google_storage_bucket_iam_policy.tfer--calitp-gtfs-schedule-raw-v2": {
                    "type": "google_storage_bucket_iam_policy",
                    "depends_on": [],
                    "primary": {
                        "id": "calitp-gtfs-schedule-raw-v2",
                        "attributes": {
                            "bucket": "b/calitp-gtfs-schedule-raw-v2",
                            "etag": "CAI=",
                            "id": "calitp-gtfs-schedule-raw-v2",
                            "policy_data": "{\"bindings\":[{\"members\":[\"projectEditor:cal-itp-data-infra\",\"projectOwner:cal-itp-data-infra\"],\"role\":\"roles/storage.legacyBucketOwner\"},{\"members\":[\"projectViewer:cal-itp-data-infra\",\"serviceAccount:project-1005246706141@storage-transfer-service.iam.gserviceaccount.com\"],\"role\":\"roles/storage.legacyBucketReader\"},{\"members\":[\"projectEditor:cal-itp-data-infra\",\"projectOwner:cal-itp-data-infra\"],\"role\":\"roles/storage.legacyObjectOwner\"},{\"members\":[\"projectViewer:cal-itp-data-infra\"],\"role\":\"roles/storage.legacyObjectReader\"},{\"members\":[\"serviceAccount:project-1005246706141@storage-transfer-service.iam.gserviceaccount.com\"],\"role\":\"roles/storage.objectAdmin\"}]}"
                        },
                        "meta": {
                            "schema_version": 0
                        },
                        "tainted": false
                    },
                    "deposed": [],
                    "provider": "provider.google"
                },
                "google_storage_bucket_iam_policy.tfer--calitp-gtfs-schedule-unzipped": {
                    "type": "google_storage_bucket_iam_policy",
                    "depends_on": [],
                    "primary": {
                        "id": "calitp-gtfs-schedule-unzipped",
                        "attributes": {
                            "bucket": "b/calitp-gtfs-schedule-unzipped",
                            "etag": "CAE=",
                            "id": "calitp-gtfs-schedule-unzipped",
                            "policy_data": "{\"bindings\":[{\"members\":[\"projectEditor:cal-itp-data-infra\",\"projectOwner:cal-itp-data-infra\"],\"role\":\"roles/storage.legacyBucketOwner\"},{\"members\":[\"projectViewer:cal-itp-data-infra\"],\"role\":\"roles/storage.legacyBucketReader\"},{\"members\":[\"projectEditor:cal-itp-data-infra\",\"projectOwner:cal-itp-data-infra\"],\"role\":\"roles/storage.legacyObjectOwner\"},{\"members\":[\"projectViewer:cal-itp-data-infra\"],\"role\":\"roles/storage.legacyObjectReader\"}]}"
                        },
                        "meta": {
                            "schema_version": 0
                        },
                        "tainted": false
                    },
                    "deposed": [],
                    "provider": "provider.google"
                },
                "google_storage_bucket_iam_policy.tfer--calitp-gtfs-schedule-unzipped-hourly": {
                    "type": "google_storage_bucket_iam_policy",
                    "depends_on": [],
                    "primary": {
                        "id": "calitp-gtfs-schedule-unzipped-hourly",
                        "attributes": {
                            "bucket": "b/calitp-gtfs-schedule-unzipped-hourly",
                            "etag": "CAE=",
                            "id": "calitp-gtfs-schedule-unzipped-hourly",
                            "policy_data": "{\"bindings\":[{\"members\":[\"projectEditor:cal-itp-data-infra\",\"projectOwner:cal-itp-data-infra\"],\"role\":\"roles/storage.legacyBucketOwner\"},{\"members\":[\"projectViewer:cal-itp-data-infra\"],\"role\":\"roles/storage.legacyBucketReader\"},{\"members\":[\"projectEditor:cal-itp-data-infra\",\"projectOwner:cal-itp-data-infra\"],\"role\":\"roles/storage.legacyObjectOwner\"},{\"members\":[\"projectViewer:cal-itp-data-infra\"],\"role\":\"roles/storage.legacyObjectReader\"}]}"
                        },
                        "meta": {
                            "schema_version": 0
                        },
                        "tainted": false
                    },
                    "deposed": [],
                    "provider": "provider.google"
                },
                "google_storage_bucket_iam_policy.tfer--calitp-gtfs-schedule-validation": {
                    "type": "google_storage_bucket_iam_policy",
                    "depends_on": [],
                    "primary": {
                        "id": "calitp-gtfs-schedule-validation",
                        "attributes": {
                            "bucket": "b/calitp-gtfs-schedule-validation",
                            "etag": "CAI=",
                            "id": "calitp-gtfs-schedule-validation",
                            "policy_data": "{\"bindings\":[{\"members\":[\"projectEditor:cal-itp-data-infra\",\"projectOwner:cal-itp-data-infra\"],\"role\":\"roles/storage.legacyBucketOwner\"},{\"members\":[\"projectViewer:cal-itp-data-infra\"],\"role\":\"roles/storage.legacyBucketReader\"},{\"members\":[\"projectEditor:cal-itp-data-infra\",\"projectOwner:cal-itp-data-infra\"],\"role\":\"roles/storage.legacyObjectOwner\"},{\"members\":[\"projectViewer:cal-itp-data-infra\"],\"role\":\"roles/storage.legacyObjectReader\"},{\"members\":[\"serviceAccount:gtfs-rt-archiver@cal-itp-data-infra.iam.gserviceaccount.com\"],\"role\":\"roles/storage.objectCreator\"}]}"
                        },
                        "meta": {
                            "schema_version": 0
                        },
                        "tainted": false
                    },
                    "deposed": [],
                    "provider": "provider.google"
                },
                "google_storage_bucket_iam_policy.tfer--calitp-gtfs-schedule-validation-hourly": {
                    "type": "google_storage_bucket_iam_policy",
                    "depends_on": [],
                    "primary": {
                        "id": "calitp-gtfs-schedule-validation-hourly",
                        "attributes": {
                            "bucket": "b/calitp-gtfs-schedule-validation-hourly",
                            "etag": "CAE=",
                            "id": "calitp-gtfs-schedule-validation-hourly",
                            "policy_data": "{\"bindings\":[{\"members\":[\"projectEditor:cal-itp-data-infra\",\"projectOwner:cal-itp-data-infra\"],\"role\":\"roles/storage.legacyBucketOwner\"},{\"members\":[\"projectViewer:cal-itp-data-infra\"],\"role\":\"roles/storage.legacyBucketReader\"},{\"members\":[\"projectEditor:cal-itp-data-infra\",\"projectOwner:cal-itp-data-infra\"],\"role\":\"roles/storage.legacyObjectOwner\"},{\"members\":[\"projectViewer:cal-itp-data-infra\"],\"role\":\"roles/storage.legacyObjectReader\"}]}"
                        },
                        "meta": {
                            "schema_version": 0
                        },
                        "tainted": false
                    },
                    "deposed": [],
                    "provider": "provider.google"
                },
                "google_storage_bucket_iam_policy.tfer--calitp-jamesl-gcp-components-tfstate": {
                    "type": "google_storage_bucket_iam_policy",
                    "depends_on": [],
                    "primary": {
                        "id": "calitp-jamesl-gcp-components-tfstate",
                        "attributes": {
                            "bucket": "b/calitp-jamesl-gcp-components-tfstate",
                            "etag": "CAE=",
                            "id": "calitp-jamesl-gcp-components-tfstate",
                            "policy_data": "{\"bindings\":[{\"members\":[\"projectEditor:cal-itp-data-infra\",\"projectOwner:cal-itp-data-infra\"],\"role\":\"roles/storage.legacyBucketOwner\"},{\"members\":[\"projectViewer:cal-itp-data-infra\"],\"role\":\"roles/storage.legacyBucketReader\"},{\"members\":[\"projectEditor:cal-itp-data-infra\",\"projectOwner:cal-itp-data-infra\"],\"role\":\"roles/storage.legacyObjectOwner\"},{\"members\":[\"projectViewer:cal-itp-data-infra\"],\"role\":\"roles/storage.legacyObjectReader\"}]}"
                        },
                        "meta": {
                            "schema_version": 0
                        },
                        "tainted": false
                    },
                    "deposed": [],
                    "provider": "provider.google"
                },
                "google_storage_bucket_iam_policy.tfer--calitp-map-tiles": {
                    "type": "google_storage_bucket_iam_policy",
                    "depends_on": [],
                    "primary": {
                        "id": "calitp-map-tiles",
                        "attributes": {
                            "bucket": "b/calitp-map-tiles",
                            "etag": "CAM=",
                            "id": "calitp-map-tiles",
                            "policy_data": "{\"bindings\":[{\"members\":[\"projectEditor:cal-itp-data-infra\",\"projectOwner:cal-itp-data-infra\"],\"role\":\"roles/storage.legacyBucketOwner\"},{\"members\":[\"projectViewer:cal-itp-data-infra\"],\"role\":\"roles/storage.legacyBucketReader\"},{\"members\":[\"projectEditor:cal-itp-data-infra\",\"projectOwner:cal-itp-data-infra\"],\"role\":\"roles/storage.legacyObjectOwner\"},{\"members\":[\"projectViewer:cal-itp-data-infra\"],\"role\":\"roles/storage.legacyObjectReader\"},{\"members\":[\"allUsers\"],\"role\":\"roles/storage.objectViewer\"}]}"
                        },
                        "meta": {
                            "schema_version": 0
                        },
                        "tainted": false
                    },
                    "deposed": [],
                    "provider": "provider.google"
                },
                "google_storage_bucket_iam_policy.tfer--calitp-metabase-data-public": {
                    "type": "google_storage_bucket_iam_policy",
                    "depends_on": [],
                    "primary": {
                        "id": "calitp-metabase-data-public",
                        "attributes": {
                            "bucket": "b/calitp-metabase-data-public",
                            "etag": "CAM=",
                            "id": "calitp-metabase-data-public",
                            "policy_data": "{\"bindings\":[{\"members\":[\"projectEditor:cal-itp-data-infra\",\"projectOwner:cal-itp-data-infra\"],\"role\":\"roles/storage.legacyBucketOwner\"},{\"members\":[\"projectViewer:cal-itp-data-infra\"],\"role\":\"roles/storage.legacyBucketReader\"},{\"members\":[\"projectEditor:cal-itp-data-infra\",\"projectOwner:cal-itp-data-infra\"],\"role\":\"roles/storage.legacyObjectOwner\"},{\"members\":[\"projectViewer:cal-itp-data-infra\"],\"role\":\"roles/storage.legacyObjectReader\"},{\"members\":[\"allUsers\"],\"role\":\"roles/storage.objectViewer\"}]}"
                        },
                        "meta": {
                            "schema_version": 0
                        },
                        "tainted": false
                    },
                    "deposed": [],
                    "provider": "provider.google"
                },
                "google_storage_bucket_iam_policy.tfer--calitp-ntd-api-products": {
                    "type": "google_storage_bucket_iam_policy",
                    "depends_on": [],
                    "primary": {
                        "id": "calitp-ntd-api-products",
                        "attributes": {
                            "bucket": "b/calitp-ntd-api-products",
                            "etag": "CAE=",
                            "id": "calitp-ntd-api-products",
                            "policy_data": "{\"bindings\":[{\"members\":[\"projectEditor:cal-itp-data-infra\",\"projectOwner:cal-itp-data-infra\"],\"role\":\"roles/storage.legacyBucketOwner\"},{\"members\":[\"projectViewer:cal-itp-data-infra\"],\"role\":\"roles/storage.legacyBucketReader\"},{\"members\":[\"projectEditor:cal-itp-data-infra\",\"projectOwner:cal-itp-data-infra\"],\"role\":\"roles/storage.legacyObjectOwner\"},{\"members\":[\"projectViewer:cal-itp-data-infra\"],\"role\":\"roles/storage.legacyObjectReader\"}]}"
                        },
                        "meta": {
                            "schema_version": 0
                        },
                        "tainted": false
                    },
                    "deposed": [],
                    "provider": "provider.google"
                },
                "google_storage_bucket_iam_policy.tfer--calitp-ntd-data-products": {
                    "type": "google_storage_bucket_iam_policy",
                    "depends_on": [],
                    "primary": {
                        "id": "calitp-ntd-data-products",
                        "attributes": {
                            "bucket": "b/calitp-ntd-data-products",
                            "etag": "CAE=",
                            "id": "calitp-ntd-data-products",
                            "policy_data": "{\"bindings\":[{\"members\":[\"projectEditor:cal-itp-data-infra\",\"projectOwner:cal-itp-data-infra\"],\"role\":\"roles/storage.legacyBucketOwner\"},{\"members\":[\"projectViewer:cal-itp-data-infra\"],\"role\":\"roles/storage.legacyBucketReader\"},{\"members\":[\"projectEditor:cal-itp-data-infra\",\"projectOwner:cal-itp-data-infra\"],\"role\":\"roles/storage.legacyObjectOwner\"},{\"members\":[\"projectViewer:cal-itp-data-infra\"],\"role\":\"roles/storage.legacyObjectReader\"}]}"
                        },
                        "meta": {
                            "schema_version": 0
                        },
                        "tainted": false
                    },
                    "deposed": [],
                    "provider": "provider.google"
                },
                "google_storage_bucket_iam_policy.tfer--calitp-ntd-report-validation": {
                    "type": "google_storage_bucket_iam_policy",
                    "depends_on": [],
                    "primary": {
                        "id": "calitp-ntd-report-validation",
                        "attributes": {
                            "bucket": "b/calitp-ntd-report-validation",
                            "etag": "CAE=",
                            "id": "calitp-ntd-report-validation",
                            "policy_data": "{\"bindings\":[{\"members\":[\"projectEditor:cal-itp-data-infra\",\"projectOwner:cal-itp-data-infra\"],\"role\":\"roles/storage.legacyBucketOwner\"},{\"members\":[\"projectViewer:cal-itp-data-infra\"],\"role\":\"roles/storage.legacyBucketReader\"},{\"members\":[\"projectEditor:cal-itp-data-infra\",\"projectOwner:cal-itp-data-infra\"],\"role\":\"roles/storage.legacyObjectOwner\"},{\"members\":[\"projectViewer:cal-itp-data-infra\"],\"role\":\"roles/storage.legacyObjectReader\"}]}"
                        },
                        "meta": {
                            "schema_version": 0
                        },
                        "tainted": false
                    },
                    "deposed": [],
                    "provider": "provider.google"
                },
                "google_storage_bucket_iam_policy.tfer--calitp-ntd-xlsx-products-clean": {
                    "type": "google_storage_bucket_iam_policy",
                    "depends_on": [],
                    "primary": {
                        "id": "calitp-ntd-xlsx-products-clean",
                        "attributes": {
                            "bucket": "b/calitp-ntd-xlsx-products-clean",
                            "etag": "CAE=",
                            "id": "calitp-ntd-xlsx-products-clean",
                            "policy_data": "{\"bindings\":[{\"members\":[\"projectEditor:cal-itp-data-infra\",\"projectOwner:cal-itp-data-infra\"],\"role\":\"roles/storage.legacyBucketOwner\"},{\"members\":[\"projectViewer:cal-itp-data-infra\"],\"role\":\"roles/storage.legacyBucketReader\"},{\"members\":[\"projectEditor:cal-itp-data-infra\",\"projectOwner:cal-itp-data-infra\"],\"role\":\"roles/storage.legacyObjectOwner\"},{\"members\":[\"projectViewer:cal-itp-data-infra\"],\"role\":\"roles/storage.legacyObjectReader\"}]}"
                        },
                        "meta": {
                            "schema_version": 0
                        },
                        "tainted": false
                    },
                    "deposed": [],
                    "provider": "provider.google"
                },
                "google_storage_bucket_iam_policy.tfer--calitp-ntd-xlsx-products-raw": {
                    "type": "google_storage_bucket_iam_policy",
                    "depends_on": [],
                    "primary": {
                        "id": "calitp-ntd-xlsx-products-raw",
                        "attributes": {
                            "bucket": "b/calitp-ntd-xlsx-products-raw",
                            "etag": "CAE=",
                            "id": "calitp-ntd-xlsx-products-raw",
                            "policy_data": "{\"bindings\":[{\"members\":[\"projectEditor:cal-itp-data-infra\",\"projectOwner:cal-itp-data-infra\"],\"role\":\"roles/storage.legacyBucketOwner\"},{\"members\":[\"projectViewer:cal-itp-data-infra\"],\"role\":\"roles/storage.legacyBucketReader\"},{\"members\":[\"projectEditor:cal-itp-data-infra\",\"projectOwner:cal-itp-data-infra\"],\"role\":\"roles/storage.legacyObjectOwner\"},{\"members\":[\"projectViewer:cal-itp-data-infra\"],\"role\":\"roles/storage.legacyObjectReader\"}]}"
                        },
                        "meta": {
                            "schema_version": 0
                        },
                        "tainted": false
                    },
                    "deposed": [],
                    "provider": "provider.google"
                },
                "google_storage_bucket_iam_policy.tfer--calitp-payments-littlepay-parsed": {
                    "type": "google_storage_bucket_iam_policy",
                    "depends_on": [],
                    "primary": {
                        "id": "calitp-payments-littlepay-parsed",
                        "attributes": {
                            "bucket": "b/calitp-payments-littlepay-parsed",
                            "etag": "CAE=",
                            "id": "calitp-payments-littlepay-parsed",
                            "policy_data": "{\"bindings\":[{\"members\":[\"projectEditor:cal-itp-data-infra\",\"projectOwner:cal-itp-data-infra\"],\"role\":\"roles/storage.legacyBucketOwner\"},{\"members\":[\"projectViewer:cal-itp-data-infra\"],\"role\":\"roles/storage.legacyBucketReader\"},{\"members\":[\"projectEditor:cal-itp-data-infra\",\"projectOwner:cal-itp-data-infra\"],\"role\":\"roles/storage.legacyObjectOwner\"},{\"members\":[\"projectViewer:cal-itp-data-infra\"],\"role\":\"roles/storage.legacyObjectReader\"}]}"
                        },
                        "meta": {
                            "schema_version": 0
                        },
                        "tainted": false
                    },
                    "deposed": [],
                    "provider": "provider.google"
                },
                "google_storage_bucket_iam_policy.tfer--calitp-payments-littlepay-raw": {
                    "type": "google_storage_bucket_iam_policy",
                    "depends_on": [],
                    "primary": {
                        "id": "calitp-payments-littlepay-raw",
                        "attributes": {
                            "bucket": "b/calitp-payments-littlepay-raw",
                            "etag": "CAE=",
                            "id": "calitp-payments-littlepay-raw",
                            "policy_data": "{\"bindings\":[{\"members\":[\"projectEditor:cal-itp-data-infra\",\"projectOwner:cal-itp-data-infra\"],\"role\":\"roles/storage.legacyBucketOwner\"},{\"members\":[\"projectViewer:cal-itp-data-infra\"],\"role\":\"roles/storage.legacyBucketReader\"},{\"members\":[\"projectEditor:cal-itp-data-infra\",\"projectOwner:cal-itp-data-infra\"],\"role\":\"roles/storage.legacyObjectOwner\"},{\"members\":[\"projectViewer:cal-itp-data-infra\"],\"role\":\"roles/storage.legacyObjectReader\"}]}"
                        },
                        "meta": {
                            "schema_version": 0
                        },
                        "tainted": false
                    },
                    "deposed": [],
                    "provider": "provider.google"
                },
                "google_storage_bucket_iam_policy.tfer--calitp-prod-gcp-components-tfstate": {
                    "type": "google_storage_bucket_iam_policy",
                    "depends_on": [],
                    "primary": {
                        "id": "calitp-prod-gcp-components-tfstate",
                        "attributes": {
                            "bucket": "b/calitp-prod-gcp-components-tfstate",
                            "etag": "CAE=",
                            "id": "calitp-prod-gcp-components-tfstate",
                            "policy_data": "{\"bindings\":[{\"members\":[\"projectEditor:cal-itp-data-infra\",\"projectOwner:cal-itp-data-infra\"],\"role\":\"roles/storage.legacyBucketOwner\"},{\"members\":[\"projectViewer:cal-itp-data-infra\"],\"role\":\"roles/storage.legacyBucketReader\"},{\"members\":[\"projectEditor:cal-itp-data-infra\",\"projectOwner:cal-itp-data-infra\"],\"role\":\"roles/storage.legacyObjectOwner\"},{\"members\":[\"projectViewer:cal-itp-data-infra\"],\"role\":\"roles/storage.legacyObjectReader\"}]}"
                        },
                        "meta": {
                            "schema_version": 0
                        },
                        "tainted": false
                    },
                    "deposed": [],
                    "provider": "provider.google"
                },
                "google_storage_bucket_iam_policy.tfer--calitp-publish": {
                    "type": "google_storage_bucket_iam_policy",
                    "depends_on": [],
                    "primary": {
                        "id": "calitp-publish",
                        "attributes": {
                            "bucket": "b/calitp-publish",
                            "etag": "CAE=",
                            "id": "calitp-publish",
                            "policy_data": "{\"bindings\":[{\"members\":[\"projectEditor:cal-itp-data-infra\",\"projectOwner:cal-itp-data-infra\"],\"role\":\"roles/storage.legacyBucketOwner\"},{\"members\":[\"projectViewer:cal-itp-data-infra\"],\"role\":\"roles/storage.legacyBucketReader\"},{\"members\":[\"projectEditor:cal-itp-data-infra\",\"projectOwner:cal-itp-data-infra\"],\"role\":\"roles/storage.legacyObjectOwner\"},{\"members\":[\"projectViewer:cal-itp-data-infra\"],\"role\":\"roles/storage.legacyObjectReader\"}]}"
                        },
                        "meta": {
                            "schema_version": 0
                        },
                        "tainted": false
                    },
                    "deposed": [],
                    "provider": "provider.google"
                },
                "google_storage_bucket_iam_policy.tfer--calitp-publish-data-analysis": {
                    "type": "google_storage_bucket_iam_policy",
                    "depends_on": [],
                    "primary": {
                        "id": "calitp-publish-data-analysis",
                        "attributes": {
                            "bucket": "b/calitp-publish-data-analysis",
                            "etag": "CAI=",
                            "id": "calitp-publish-data-analysis",
                            "policy_data": "{\"bindings\":[{\"members\":[\"projectEditor:cal-itp-data-infra\",\"projectOwner:cal-itp-data-infra\"],\"role\":\"roles/storage.legacyBucketOwner\"},{\"members\":[\"projectViewer:cal-itp-data-infra\"],\"role\":\"roles/storage.legacyBucketReader\"},{\"members\":[\"projectEditor:cal-itp-data-infra\",\"projectOwner:cal-itp-data-infra\"],\"role\":\"roles/storage.legacyObjectOwner\"},{\"members\":[\"projectViewer:cal-itp-data-infra\"],\"role\":\"roles/storage.legacyObjectReader\"},{\"members\":[\"allUsers\"],\"role\":\"roles/storage.objectViewer\"}]}"
                        },
                        "meta": {
                            "schema_version": 0
                        },
                        "tainted": false
                    },
                    "deposed": [],
                    "provider": "provider.google"
                },
                "google_storage_bucket_iam_policy.tfer--calitp-reports-data": {
                    "type": "google_storage_bucket_iam_policy",
                    "depends_on": [],
                    "primary": {
                        "id": "calitp-reports-data",
                        "attributes": {
                            "bucket": "b/calitp-reports-data",
                            "etag": "CAI=",
                            "id": "calitp-reports-data",
                            "policy_data": "{\"bindings\":[{\"members\":[\"projectEditor:cal-itp-data-infra\",\"projectOwner:cal-itp-data-infra\"],\"role\":\"roles/storage.legacyBucketOwner\"},{\"members\":[\"projectViewer:cal-itp-data-infra\"],\"role\":\"roles/storage.legacyBucketReader\"},{\"members\":[\"projectEditor:cal-itp-data-infra\",\"projectOwner:cal-itp-data-infra\"],\"role\":\"roles/storage.legacyObjectOwner\"},{\"members\":[\"projectViewer:cal-itp-data-infra\"],\"role\":\"roles/storage.legacyObjectReader\"},{\"members\":[\"serviceAccount:calitp-py-ci@cal-itp-data-infra.iam.gserviceaccount.com\"],\"role\":\"roles/storage.objectAdmin\"}]}"
                        },
                        "meta": {
                            "schema_version": 0
                        },
                        "tainted": false
                    },
                    "deposed": [],
                    "provider": "provider.google"
                },
                "google_storage_bucket_iam_policy.tfer--calitp-state-geoportal-scrape": {
                    "type": "google_storage_bucket_iam_policy",
                    "depends_on": [],
                    "primary": {
                        "id": "calitp-state-geoportal-scrape",
                        "attributes": {
                            "bucket": "b/calitp-state-geoportal-scrape",
                            "etag": "CAE=",
                            "id": "calitp-state-geoportal-scrape",
                            "policy_data": "{\"bindings\":[{\"members\":[\"projectEditor:cal-itp-data-infra\",\"projectOwner:cal-itp-data-infra\"],\"role\":\"roles/storage.legacyBucketOwner\"},{\"members\":[\"projectViewer:cal-itp-data-infra\"],\"role\":\"roles/storage.legacyBucketReader\"},{\"members\":[\"projectEditor:cal-itp-data-infra\",\"projectOwner:cal-itp-data-infra\"],\"role\":\"roles/storage.legacyObjectOwner\"},{\"members\":[\"projectViewer:cal-itp-data-infra\"],\"role\":\"roles/storage.legacyObjectReader\"}]}"
                        },
                        "meta": {
                            "schema_version": 0
                        },
                        "tainted": false
                    },
                    "deposed": [],
                    "provider": "provider.google"
                },
                "google_storage_bucket_iam_policy.tfer--calitp-state-highway-network-stops": {
                    "type": "google_storage_bucket_iam_policy",
                    "depends_on": [],
                    "primary": {
                        "id": "calitp-state-highway-network-stops",
                        "attributes": {
                            "bucket": "b/calitp-state-highway-network-stops",
                            "etag": "CAE=",
                            "id": "calitp-state-highway-network-stops",
                            "policy_data": "{\"bindings\":[{\"members\":[\"projectEditor:cal-itp-data-infra\",\"projectOwner:cal-itp-data-infra\"],\"role\":\"roles/storage.legacyBucketOwner\"},{\"members\":[\"projectViewer:cal-itp-data-infra\"],\"role\":\"roles/storage.legacyBucketReader\"},{\"members\":[\"projectEditor:cal-itp-data-infra\",\"projectOwner:cal-itp-data-infra\"],\"role\":\"roles/storage.legacyObjectOwner\"},{\"members\":[\"projectViewer:cal-itp-data-infra\"],\"role\":\"roles/storage.legacyObjectReader\"}]}"
                        },
                        "meta": {
                            "schema_version": 0
                        },
                        "tainted": false
                    },
                    "deposed": [],
                    "provider": "provider.google"
                },
                "google_storage_bucket_iam_policy.tfer--cold-storage-outputs-gtfs-data-test": {
                    "type": "google_storage_bucket_iam_policy",
                    "depends_on": [],
                    "primary": {
                        "id": "cold-storage-outputs-gtfs-data-test",
                        "attributes": {
                            "bucket": "b/cold-storage-outputs-gtfs-data-test",
                            "etag": "CAE=",
                            "id": "cold-storage-outputs-gtfs-data-test",
                            "policy_data": "{\"bindings\":[{\"members\":[\"projectEditor:cal-itp-data-infra\",\"projectOwner:cal-itp-data-infra\"],\"role\":\"roles/storage.legacyBucketOwner\"},{\"members\":[\"projectViewer:cal-itp-data-infra\"],\"role\":\"roles/storage.legacyBucketReader\"}]}"
                        },
                        "meta": {
                            "schema_version": 0
                        },
                        "tainted": false
                    },
                    "deposed": [],
                    "provider": "provider.google"
                },
                "google_storage_bucket_iam_policy.tfer--cold-storage-outputs-gtfs-data-test-charlie-test": {
                    "type": "google_storage_bucket_iam_policy",
                    "depends_on": [],
                    "primary": {
                        "id": "cold-storage-outputs-gtfs-data-test-charlie-test",
                        "attributes": {
                            "bucket": "b/cold-storage-outputs-gtfs-data-test-charlie-test",
                            "etag": "CAE=",
                            "id": "cold-storage-outputs-gtfs-data-test-charlie-test",
                            "policy_data": "{\"bindings\":[{\"members\":[\"projectEditor:cal-itp-data-infra\",\"projectOwner:cal-itp-data-infra\"],\"role\":\"roles/storage.legacyBucketOwner\"},{\"members\":[\"projectViewer:cal-itp-data-infra\"],\"role\":\"roles/storage.legacyBucketReader\"}]}"
                        },
                        "meta": {
                            "schema_version": 0
                        },
                        "tainted": false
                    },
                    "deposed": [],
                    "provider": "provider.google"
                },
                "google_storage_bucket_iam_policy.tfer--dataproc-staging-us-west2-1005246706141-sfgmtgyp": {
                    "type": "google_storage_bucket_iam_policy",
                    "depends_on": [],
                    "primary": {
                        "id": "dataproc-staging-us-west2-1005246706141-sfgmtgyp",
                        "attributes": {
                            "bucket": "b/dataproc-staging-us-west2-1005246706141-sfgmtgyp",
                            "etag": "CAI=",
                            "id": "dataproc-staging-us-west2-1005246706141-sfgmtgyp",
                            "policy_data": "{\"bindings\":[{\"members\":[\"projectEditor:cal-itp-data-infra\",\"projectOwner:cal-itp-data-infra\"],\"role\":\"roles/storage.legacyBucketOwner\"},{\"members\":[\"projectViewer:cal-itp-data-infra\"],\"role\":\"roles/storage.legacyBucketReader\"}]}"
                        },
                        "meta": {
                            "schema_version": 0
                        },
                        "tainted": false
                    },
                    "deposed": [],
                    "provider": "provider.google"
                },
                "google_storage_bucket_iam_policy.tfer--dataproc-temp-us-west2-1005246706141-x9mtxbwg": {
                    "type": "google_storage_bucket_iam_policy",
                    "depends_on": [],
                    "primary": {
                        "id": "dataproc-temp-us-west2-1005246706141-x9mtxbwg",
                        "attributes": {
                            "bucket": "b/dataproc-temp-us-west2-1005246706141-x9mtxbwg",
                            "etag": "CAI=",
                            "id": "dataproc-temp-us-west2-1005246706141-x9mtxbwg",
                            "policy_data": "{\"bindings\":[{\"members\":[\"projectEditor:cal-itp-data-infra\",\"projectOwner:cal-itp-data-infra\"],\"role\":\"roles/storage.legacyBucketOwner\"},{\"members\":[\"projectViewer:cal-itp-data-infra\"],\"role\":\"roles/storage.legacyBucketReader\"}]}"
                        },
                        "meta": {
                            "schema_version": 0
                        },
                        "tainted": false
                    },
                    "deposed": [],
                    "provider": "provider.google"
                },
                "google_storage_bucket_iam_policy.tfer--dev-calitp-aggregator-scraper": {
                    "type": "google_storage_bucket_iam_policy",
                    "depends_on": [],
                    "primary": {
                        "id": "dev-calitp-aggregator-scraper",
                        "attributes": {
                            "bucket": "b/dev-calitp-aggregator-scraper",
                            "etag": "CAE=",
                            "id": "dev-calitp-aggregator-scraper",
                            "policy_data": "{\"bindings\":[{\"members\":[\"projectEditor:cal-itp-data-infra\",\"projectOwner:cal-itp-data-infra\"],\"role\":\"roles/storage.legacyBucketOwner\"},{\"members\":[\"projectViewer:cal-itp-data-infra\"],\"role\":\"roles/storage.legacyBucketReader\"},{\"members\":[\"projectEditor:cal-itp-data-infra\",\"projectOwner:cal-itp-data-infra\"],\"role\":\"roles/storage.legacyObjectOwner\"},{\"members\":[\"projectViewer:cal-itp-data-infra\"],\"role\":\"roles/storage.legacyObjectReader\"}]}"
                        },
                        "meta": {
                            "schema_version": 0
                        },
                        "tainted": false
                    },
                    "deposed": [],
                    "provider": "provider.google"
                },
                "google_storage_bucket_iam_policy.tfer--dev-calitp-gtfs-rt-raw": {
                    "type": "google_storage_bucket_iam_policy",
                    "depends_on": [],
                    "primary": {
                        "id": "dev-calitp-gtfs-rt-raw",
                        "attributes": {
                            "bucket": "b/dev-calitp-gtfs-rt-raw",
                            "etag": "CAQ=",
                            "id": "dev-calitp-gtfs-rt-raw",
                            "policy_data": "{\"bindings\":[{\"members\":[\"projectEditor:cal-itp-data-infra\",\"projectOwner:cal-itp-data-infra\"],\"role\":\"roles/storage.legacyBucketOwner\"},{\"members\":[\"projectViewer:cal-itp-data-infra\"],\"role\":\"roles/storage.legacyBucketReader\"},{\"members\":[\"projectEditor:cal-itp-data-infra\",\"projectOwner:cal-itp-data-infra\"],\"role\":\"roles/storage.legacyObjectOwner\"},{\"members\":[\"projectViewer:cal-itp-data-infra\"],\"role\":\"roles/storage.legacyObjectReader\"},{\"members\":[\"serviceAccount:dev-gtfs-rt-archiver-v3@cal-itp-data-infra.iam.gserviceaccount.com\",\"serviceAccount:gtfs-rt-archiver-v3@cal-itp-data-infra.iam.gserviceaccount.com\"],\"role\":\"roles/storage.objectAdmin\"}]}"
                        },
                        "meta": {
                            "schema_version": 0
                        },
                        "tainted": false
                    },
                    "deposed": [],
                    "provider": "provider.google"
                },
                "google_storage_bucket_iam_policy.tfer--dev-calitp-test-sandbox": {
                    "type": "google_storage_bucket_iam_policy",
                    "depends_on": [],
                    "primary": {
                        "id": "dev-calitp-test-sandbox",
                        "attributes": {
                            "bucket": "b/dev-calitp-test-sandbox",
                            "etag": "CAI=",
                            "id": "dev-calitp-test-sandbox",
                            "policy_data": "{\"bindings\":[{\"members\":[\"projectEditor:cal-itp-data-infra\",\"projectOwner:cal-itp-data-infra\"],\"role\":\"roles/storage.legacyBucketOwner\"},{\"members\":[\"projectViewer:cal-itp-data-infra\"],\"role\":\"roles/storage.legacyBucketReader\"},{\"members\":[\"projectEditor:cal-itp-data-infra\",\"projectOwner:cal-itp-data-infra\"],\"role\":\"roles/storage.legacyObjectOwner\"},{\"members\":[\"projectViewer:cal-itp-data-infra\"],\"role\":\"roles/storage.legacyObjectReader\"}]}"
                        },
                        "meta": {
                            "schema_version": 0
                        },
                        "tainted": false
                    },
                    "deposed": [],
                    "provider": "provider.google"
                },
                "google_storage_bucket_iam_policy.tfer--gtfs-data": {
                    "type": "google_storage_bucket_iam_policy",
                    "depends_on": [],
                    "primary": {
                        "id": "gtfs-data",
                        "attributes": {
                            "bucket": "b/gtfs-data",
                            "etag": "CAk=",
                            "id": "gtfs-data",
                            "policy_data": "{\"bindings\":[{\"members\":[\"projectEditor:cal-itp-data-infra\",\"projectOwner:cal-itp-data-infra\"],\"role\":\"roles/storage.legacyBucketOwner\"},{\"members\":[\"projectViewer:cal-itp-data-infra\",\"serviceAccount:project-1005246706141@storage-transfer-service.iam.gserviceaccount.com\",\"serviceAccount:project-473674835135@storage-transfer-service.iam.gserviceaccount.com\"],\"role\":\"roles/storage.legacyBucketReader\"},{\"members\":[\"serviceAccount:calitp-py-ci@cal-itp-data-infra.iam.gserviceaccount.com\",\"serviceAccount:project-1005246706141@storage-transfer-service.iam.gserviceaccount.com\",\"serviceAccount:project-473674835135@storage-transfer-service.iam.gserviceaccount.com\"],\"role\":\"roles/storage.objectAdmin\"},{\"members\":[\"serviceAccount:project-1005246706141@storage-transfer-service.iam.gserviceaccount.com\"],\"role\":\"roles/storage.objectViewer\"}]}"
                        },
                        "meta": {
                            "schema_version": 0
                        },
                        "tainted": false
                    },
                    "deposed": [],
                    "provider": "provider.google"
                },
                "google_storage_bucket_iam_policy.tfer--gtfs-data-reports": {
                    "type": "google_storage_bucket_iam_policy",
                    "depends_on": [],
                    "primary": {
                        "id": "gtfs-data-reports",
                        "attributes": {
                            "bucket": "b/gtfs-data-reports",
                            "etag": "CAE=",
                            "id": "gtfs-data-reports",
                            "policy_data": "{\"bindings\":[{\"members\":[\"projectEditor:cal-itp-data-infra\",\"projectOwner:cal-itp-data-infra\"],\"role\":\"roles/storage.legacyBucketOwner\"},{\"members\":[\"projectViewer:cal-itp-data-infra\"],\"role\":\"roles/storage.legacyBucketReader\"},{\"members\":[\"projectEditor:cal-itp-data-infra\",\"projectOwner:cal-itp-data-infra\"],\"role\":\"roles/storage.legacyObjectOwner\"},{\"members\":[\"projectViewer:cal-itp-data-infra\"],\"role\":\"roles/storage.legacyObjectReader\"}]}"
                        },
                        "meta": {
                            "schema_version": 0
                        },
                        "tainted": false
                    },
                    "deposed": [],
                    "provider": "provider.google"
                },
                "google_storage_bucket_iam_policy.tfer--gtfs-data-test": {
                    "type": "google_storage_bucket_iam_policy",
                    "depends_on": [],
                    "primary": {
                        "id": "gtfs-data-test",
                        "attributes": {
                            "bucket": "b/gtfs-data-test",
                            "etag": "CAg=",
                            "id": "gtfs-data-test",
                            "policy_data": "{\"bindings\":[{\"members\":[\"projectEditor:cal-itp-data-infra\",\"projectOwner:cal-itp-data-infra\"],\"role\":\"roles/storage.legacyBucketOwner\"},{\"members\":[\"projectViewer:cal-itp-data-infra\",\"serviceAccount:project-1005246706141@storage-transfer-service.iam.gserviceaccount.com\",\"serviceAccount:project-473674835135@storage-transfer-service.iam.gserviceaccount.com\"],\"role\":\"roles/storage.legacyBucketReader\"},{\"members\":[\"projectEditor:cal-itp-data-infra\",\"projectOwner:cal-itp-data-infra\",\"serviceAccount:calitp-py-ci@cal-itp-data-infra.iam.gserviceaccount.com\"],\"role\":\"roles/storage.legacyObjectOwner\"},{\"members\":[\"projectViewer:cal-itp-data-infra\"],\"role\":\"roles/storage.legacyObjectReader\"},{\"members\":[\"serviceAccount:calitp-py-ci@cal-itp-data-infra.iam.gserviceaccount.com\",\"serviceAccount:gtfs-rt-archiver-test@cal-itp-data-infra.iam.gserviceaccount.com\",\"serviceAccount:local-airflow-dev@cal-itp-data-infra-staging.iam.gserviceaccount.com\",\"serviceAccount:project-1005246706141@storage-transfer-service.iam.gserviceaccount.com\"],\"role\":\"roles/storage.objectAdmin\"},{\"members\":[\"serviceAccount:project-1005246706141@storage-transfer-service.iam.gserviceaccount.com\",\"serviceAccount:project-473674835135@storage-transfer-service.iam.gserviceaccount.com\"],\"role\":\"roles/storage.objectViewer\"}]}"
                        },
                        "meta": {
                            "schema_version": 0
                        },
                        "tainted": false
                    },
                    "deposed": [],
                    "provider": "provider.google"
                },
                "google_storage_bucket_iam_policy.tfer--gtfs-data-test-reports": {
                    "type": "google_storage_bucket_iam_policy",
                    "depends_on": [],
                    "primary": {
                        "id": "gtfs-data-test-reports",
                        "attributes": {
                            "bucket": "b/gtfs-data-test-reports",
                            "etag": "CAE=",
                            "id": "gtfs-data-test-reports",
                            "policy_data": "{\"bindings\":[{\"members\":[\"projectEditor:cal-itp-data-infra\",\"projectOwner:cal-itp-data-infra\"],\"role\":\"roles/storage.legacyBucketOwner\"},{\"members\":[\"projectViewer:cal-itp-data-infra\"],\"role\":\"roles/storage.legacyBucketReader\"},{\"members\":[\"projectEditor:cal-itp-data-infra\",\"projectOwner:cal-itp-data-infra\"],\"role\":\"roles/storage.legacyObjectOwner\"},{\"members\":[\"projectViewer:cal-itp-data-infra\"],\"role\":\"roles/storage.legacyObjectReader\"}]}"
                        },
                        "meta": {
                            "schema_version": 0
                        },
                        "tainted": false
                    },
                    "deposed": [],
                    "provider": "provider.google"
                },
                "google_storage_bucket_iam_policy.tfer--gtfs-schedule-backfill-test": {
                    "type": "google_storage_bucket_iam_policy",
                    "depends_on": [],
                    "primary": {
                        "id": "gtfs-schedule-backfill-test",
                        "attributes": {
                            "bucket": "b/gtfs-schedule-backfill-test",
                            "etag": "CAM=",
                            "id": "gtfs-schedule-backfill-test",
                            "policy_data": "{\"bindings\":[{\"members\":[\"projectEditor:cal-itp-data-infra\",\"projectOwner:cal-itp-data-infra\"],\"role\":\"roles/storage.legacyBucketOwner\"},{\"members\":[\"projectViewer:cal-itp-data-infra\",\"serviceAccount:project-1005246706141@storage-transfer-service.iam.gserviceaccount.com\"],\"role\":\"roles/storage.legacyBucketReader\"},{\"members\":[\"projectEditor:cal-itp-data-infra\",\"projectOwner:cal-itp-data-infra\"],\"role\":\"roles/storage.legacyObjectOwner\"},{\"members\":[\"projectViewer:cal-itp-data-infra\"],\"role\":\"roles/storage.legacyObjectReader\"},{\"members\":[\"serviceAccount:project-1005246706141@storage-transfer-service.iam.gserviceaccount.com\"],\"role\":\"roles/storage.objectAdmin\"}]}"
                        },
                        "meta": {
                            "schema_version": 0
                        },
                        "tainted": false
                    },
                    "deposed": [],
                    "provider": "provider.google"
                },
                "google_storage_bucket_iam_policy.tfer--gtfs-schedule-backfill-test-deprecated": {
                    "type": "google_storage_bucket_iam_policy",
                    "depends_on": [],
                    "primary": {
                        "id": "gtfs-schedule-backfill-test-deprecated",
                        "attributes": {
                            "bucket": "b/gtfs-schedule-backfill-test-deprecated",
                            "etag": "CAI=",
                            "id": "gtfs-schedule-backfill-test-deprecated",
                            "policy_data": "{\"bindings\":[{\"members\":[\"projectEditor:cal-itp-data-infra\",\"projectOwner:cal-itp-data-infra\"],\"role\":\"roles/storage.legacyBucketOwner\"},{\"members\":[\"projectViewer:cal-itp-data-infra\"],\"role\":\"roles/storage.legacyBucketReader\"},{\"members\":[\"projectEditor:cal-itp-data-infra\",\"projectOwner:cal-itp-data-infra\"],\"role\":\"roles/storage.legacyObjectOwner\"},{\"members\":[\"projectViewer:cal-itp-data-infra\"],\"role\":\"roles/storage.legacyObjectReader\"}]}"
                        },
                        "meta": {
                            "schema_version": 0
                        },
                        "tainted": false
                    },
                    "deposed": [],
                    "provider": "provider.google"
                },
                "google_storage_bucket_iam_policy.tfer--littlepay-data-extract-prod": {
                    "type": "google_storage_bucket_iam_policy",
                    "depends_on": [],
                    "primary": {
                        "id": "littlepay-data-extract-prod",
                        "attributes": {
                            "bucket": "b/littlepay-data-extract-prod",
                            "etag": "CAI=",
                            "id": "littlepay-data-extract-prod",
                            "policy_data": "{\"bindings\":[{\"members\":[\"projectEditor:cal-itp-data-infra\",\"projectOwner:cal-itp-data-infra\"],\"role\":\"roles/storage.legacyBucketOwner\"},{\"members\":[\"projectViewer:cal-itp-data-infra\",\"serviceAccount:project-1005246706141@storage-transfer-service.iam.gserviceaccount.com\"],\"role\":\"roles/storage.legacyBucketReader\"},{\"members\":[\"projectEditor:cal-itp-data-infra\",\"projectOwner:cal-itp-data-infra\"],\"role\":\"roles/storage.legacyObjectOwner\"},{\"members\":[\"projectViewer:cal-itp-data-infra\"],\"role\":\"roles/storage.legacyObjectReader\"},{\"members\":[\"serviceAccount:project-1005246706141@storage-transfer-service.iam.gserviceaccount.com\"],\"role\":\"roles/storage.objectAdmin\"}]}"
                        },
                        "meta": {
                            "schema_version": 0
                        },
                        "tainted": false
                    },
                    "deposed": [],
                    "provider": "provider.google"
                },
                "google_storage_bucket_iam_policy.tfer--rt-parsed": {
                    "type": "google_storage_bucket_iam_policy",
                    "depends_on": [],
                    "primary": {
                        "id": "rt-parsed",
                        "attributes": {
                            "bucket": "b/rt-parsed",
                            "etag": "CAE=",
                            "id": "rt-parsed",
                            "policy_data": "{\"bindings\":[{\"members\":[\"projectEditor:cal-itp-data-infra\",\"projectOwner:cal-itp-data-infra\"],\"role\":\"roles/storage.legacyBucketOwner\"},{\"members\":[\"projectViewer:cal-itp-data-infra\"],\"role\":\"roles/storage.legacyBucketReader\"},{\"members\":[\"projectEditor:cal-itp-data-infra\",\"projectOwner:cal-itp-data-infra\"],\"role\":\"roles/storage.legacyObjectOwner\"},{\"members\":[\"projectViewer:cal-itp-data-infra\"],\"role\":\"roles/storage.legacyObjectReader\"}]}"
                        },
                        "meta": {
                            "schema_version": 0
                        },
                        "tainted": false
                    },
                    "deposed": [],
                    "provider": "provider.google"
                },
                "google_storage_bucket_iam_policy.tfer--rt-parsed-deprecated": {
                    "type": "google_storage_bucket_iam_policy",
                    "depends_on": [],
                    "primary": {
                        "id": "rt-parsed-deprecated",
                        "attributes": {
                            "bucket": "b/rt-parsed-deprecated",
                            "etag": "CAI=",
                            "id": "rt-parsed-deprecated",
                            "policy_data": "{\"bindings\":[{\"members\":[\"projectEditor:cal-itp-data-infra\",\"projectOwner:cal-itp-data-infra\"],\"role\":\"roles/storage.legacyBucketOwner\"},{\"members\":[\"projectViewer:cal-itp-data-infra\"],\"role\":\"roles/storage.legacyBucketReader\"},{\"members\":[\"projectEditor:cal-itp-data-infra\",\"projectOwner:cal-itp-data-infra\"],\"role\":\"roles/storage.legacyObjectOwner\"},{\"members\":[\"projectViewer:cal-itp-data-infra\"],\"role\":\"roles/storage.legacyObjectReader\"}]}"
                        },
                        "meta": {
                            "schema_version": 0
                        },
                        "tainted": false
                    },
                    "deposed": [],
                    "provider": "provider.google"
                },
                "google_storage_bucket_iam_policy.tfer--staging-002E-cal-itp-data-infra-002E-appspot-002E-com": {
                    "type": "google_storage_bucket_iam_policy",
                    "depends_on": [],
                    "primary": {
                        "id": "staging.cal-itp-data-infra.appspot.com",
                        "attributes": {
                            "bucket": "b/staging.cal-itp-data-infra.appspot.com",
                            "etag": "CAE=",
                            "id": "staging.cal-itp-data-infra.appspot.com",
                            "policy_data": "{\"bindings\":[{\"members\":[\"projectEditor:cal-itp-data-infra\",\"projectOwner:cal-itp-data-infra\"],\"role\":\"roles/storage.legacyBucketOwner\"},{\"members\":[\"projectViewer:cal-itp-data-infra\"],\"role\":\"roles/storage.legacyBucketReader\"}]}"
                        },
                        "meta": {
                            "schema_version": 0
                        },
                        "tainted": false
                    },
                    "deposed": [],
                    "provider": "provider.google"
                },
                "google_storage_bucket_iam_policy.tfer--test-calitp-aggregator-scraper": {
                    "type": "google_storage_bucket_iam_policy",
                    "depends_on": [],
                    "primary": {
                        "id": "test-calitp-aggregator-scraper",
                        "attributes": {
                            "bucket": "b/test-calitp-aggregator-scraper",
                            "etag": "CAE=",
                            "id": "test-calitp-aggregator-scraper",
                            "policy_data": "{\"bindings\":[{\"members\":[\"projectEditor:cal-itp-data-infra\",\"projectOwner:cal-itp-data-infra\"],\"role\":\"roles/storage.legacyBucketOwner\"},{\"members\":[\"projectViewer:cal-itp-data-infra\"],\"role\":\"roles/storage.legacyBucketReader\"},{\"members\":[\"projectEditor:cal-itp-data-infra\",\"projectOwner:cal-itp-data-infra\"],\"role\":\"roles/storage.legacyObjectOwner\"},{\"members\":[\"projectViewer:cal-itp-data-infra\"],\"role\":\"roles/storage.legacyObjectReader\"}]}"
                        },
                        "meta": {
                            "schema_version": 0
                        },
                        "tainted": false
                    },
                    "deposed": [],
                    "provider": "provider.google"
                },
                "google_storage_bucket_iam_policy.tfer--test-calitp-airtable": {
                    "type": "google_storage_bucket_iam_policy",
                    "depends_on": [],
                    "primary": {
                        "id": "test-calitp-airtable",
                        "attributes": {
                            "bucket": "b/test-calitp-airtable",
                            "etag": "CAE=",
                            "id": "test-calitp-airtable",
                            "policy_data": "{\"bindings\":[{\"members\":[\"projectEditor:cal-itp-data-infra\",\"projectOwner:cal-itp-data-infra\"],\"role\":\"roles/storage.legacyBucketOwner\"},{\"members\":[\"projectViewer:cal-itp-data-infra\"],\"role\":\"roles/storage.legacyBucketReader\"},{\"members\":[\"projectEditor:cal-itp-data-infra\",\"projectOwner:cal-itp-data-infra\"],\"role\":\"roles/storage.legacyObjectOwner\"},{\"members\":[\"projectViewer:cal-itp-data-infra\"],\"role\":\"roles/storage.legacyObjectReader\"}]}"
                        },
                        "meta": {
                            "schema_version": 0
                        },
                        "tainted": false
                    },
                    "deposed": [],
                    "provider": "provider.google"
                },
                "google_storage_bucket_iam_policy.tfer--test-calitp-dbt-artifacts": {
                    "type": "google_storage_bucket_iam_policy",
                    "depends_on": [],
                    "primary": {
                        "id": "test-calitp-dbt-artifacts",
                        "attributes": {
                            "bucket": "b/test-calitp-dbt-artifacts",
                            "etag": "CAE=",
                            "id": "test-calitp-dbt-artifacts",
                            "policy_data": "{\"bindings\":[{\"members\":[\"projectEditor:cal-itp-data-infra\",\"projectOwner:cal-itp-data-infra\"],\"role\":\"roles/storage.legacyBucketOwner\"},{\"members\":[\"projectViewer:cal-itp-data-infra\"],\"role\":\"roles/storage.legacyBucketReader\"},{\"members\":[\"projectEditor:cal-itp-data-infra\",\"projectOwner:cal-itp-data-infra\"],\"role\":\"roles/storage.legacyObjectOwner\"},{\"members\":[\"projectViewer:cal-itp-data-infra\"],\"role\":\"roles/storage.legacyObjectReader\"}]}"
                        },
                        "meta": {
                            "schema_version": 0
                        },
                        "tainted": false
                    },
                    "deposed": [],
                    "provider": "provider.google"
                },
                "google_storage_bucket_iam_policy.tfer--test-calitp-dbt-python-models": {
                    "type": "google_storage_bucket_iam_policy",
                    "depends_on": [],
                    "primary": {
                        "id": "test-calitp-dbt-python-models",
                        "attributes": {
                            "bucket": "b/test-calitp-dbt-python-models",
                            "etag": "CAE=",
                            "id": "test-calitp-dbt-python-models",
                            "policy_data": "{\"bindings\":[{\"members\":[\"projectEditor:cal-itp-data-infra\",\"projectOwner:cal-itp-data-infra\"],\"role\":\"roles/storage.legacyBucketOwner\"},{\"members\":[\"projectViewer:cal-itp-data-infra\"],\"role\":\"roles/storage.legacyBucketReader\"},{\"members\":[\"projectEditor:cal-itp-data-infra\",\"projectOwner:cal-itp-data-infra\"],\"role\":\"roles/storage.legacyObjectOwner\"},{\"members\":[\"projectViewer:cal-itp-data-infra\"],\"role\":\"roles/storage.legacyObjectReader\"}]}"
                        },
                        "meta": {
                            "schema_version": 0
                        },
                        "tainted": false
                    },
                    "deposed": [],
                    "provider": "provider.google"
                },
                "google_storage_bucket_iam_policy.tfer--test-calitp-elavon": {
                    "type": "google_storage_bucket_iam_policy",
                    "depends_on": [],
                    "primary": {
                        "id": "test-calitp-elavon",
                        "attributes": {
                            "bucket": "b/test-calitp-elavon",
                            "etag": "CAE=",
                            "id": "test-calitp-elavon",
                            "policy_data": "{\"bindings\":[{\"members\":[\"projectEditor:cal-itp-data-infra\",\"projectOwner:cal-itp-data-infra\"],\"role\":\"roles/storage.legacyBucketOwner\"},{\"members\":[\"projectViewer:cal-itp-data-infra\"],\"role\":\"roles/storage.legacyBucketReader\"},{\"members\":[\"projectEditor:cal-itp-data-infra\",\"projectOwner:cal-itp-data-infra\"],\"role\":\"roles/storage.legacyObjectOwner\"},{\"members\":[\"projectViewer:cal-itp-data-infra\"],\"role\":\"roles/storage.legacyObjectReader\"}]}"
                        },
                        "meta": {
                            "schema_version": 0
                        },
                        "tainted": false
                    },
                    "deposed": [],
                    "provider": "provider.google"
                },
                "google_storage_bucket_iam_policy.tfer--test-calitp-elavon-parsed": {
                    "type": "google_storage_bucket_iam_policy",
                    "depends_on": [],
                    "primary": {
                        "id": "test-calitp-elavon-parsed",
                        "attributes": {
                            "bucket": "b/test-calitp-elavon-parsed",
                            "etag": "CAE=",
                            "id": "test-calitp-elavon-parsed",
                            "policy_data": "{\"bindings\":[{\"members\":[\"projectEditor:cal-itp-data-infra\",\"projectOwner:cal-itp-data-infra\"],\"role\":\"roles/storage.legacyBucketOwner\"},{\"members\":[\"projectViewer:cal-itp-data-infra\"],\"role\":\"roles/storage.legacyBucketReader\"},{\"members\":[\"projectEditor:cal-itp-data-infra\",\"projectOwner:cal-itp-data-infra\"],\"role\":\"roles/storage.legacyObjectOwner\"},{\"members\":[\"projectViewer:cal-itp-data-infra\"],\"role\":\"roles/storage.legacyObjectReader\"}]}"
                        },
                        "meta": {
                            "schema_version": 0
                        },
                        "tainted": false
                    },
                    "deposed": [],
                    "provider": "provider.google"
                },
                "google_storage_bucket_iam_policy.tfer--test-calitp-elavon-raw": {
                    "type": "google_storage_bucket_iam_policy",
                    "depends_on": [],
                    "primary": {
                        "id": "test-calitp-elavon-raw",
                        "attributes": {
                            "bucket": "b/test-calitp-elavon-raw",
                            "etag": "CAE=",
                            "id": "test-calitp-elavon-raw",
                            "policy_data": "{\"bindings\":[{\"members\":[\"projectEditor:cal-itp-data-infra\",\"projectOwner:cal-itp-data-infra\"],\"role\":\"roles/storage.legacyBucketOwner\"},{\"members\":[\"projectViewer:cal-itp-data-infra\"],\"role\":\"roles/storage.legacyBucketReader\"},{\"members\":[\"projectEditor:cal-itp-data-infra\",\"projectOwner:cal-itp-data-infra\"],\"role\":\"roles/storage.legacyObjectOwner\"},{\"members\":[\"projectViewer:cal-itp-data-infra\"],\"role\":\"roles/storage.legacyObjectReader\"}]}"
                        },
                        "meta": {
                            "schema_version": 0
                        },
                        "tainted": false
                    },
                    "deposed": [],
                    "provider": "provider.google"
                },
                "google_storage_bucket_iam_policy.tfer--test-calitp-gtfs-config": {
                    "type": "google_storage_bucket_iam_policy",
                    "depends_on": [],
                    "primary": {
                        "id": "test-calitp-gtfs-config",
                        "attributes": {
                            "bucket": "b/test-calitp-gtfs-config",
                            "etag": "CAE=",
                            "id": "test-calitp-gtfs-config",
                            "policy_data": "{\"bindings\":[{\"members\":[\"projectEditor:cal-itp-data-infra\",\"projectOwner:cal-itp-data-infra\"],\"role\":\"roles/storage.legacyBucketOwner\"},{\"members\":[\"projectViewer:cal-itp-data-infra\"],\"role\":\"roles/storage.legacyBucketReader\"},{\"members\":[\"projectEditor:cal-itp-data-infra\",\"projectOwner:cal-itp-data-infra\"],\"role\":\"roles/storage.legacyObjectOwner\"},{\"members\":[\"projectViewer:cal-itp-data-infra\"],\"role\":\"roles/storage.legacyObjectReader\"}]}"
                        },
                        "meta": {
                            "schema_version": 0
                        },
                        "tainted": false
                    },
                    "deposed": [],
                    "provider": "provider.google"
                },
                "google_storage_bucket_iam_policy.tfer--test-calitp-gtfs-download-config": {
                    "type": "google_storage_bucket_iam_policy",
                    "depends_on": [],
                    "primary": {
                        "id": "test-calitp-gtfs-download-config",
                        "attributes": {
                            "bucket": "b/test-calitp-gtfs-download-config",
                            "etag": "CAI=",
                            "id": "test-calitp-gtfs-download-config",
                            "policy_data": "{\"bindings\":[{\"members\":[\"projectEditor:cal-itp-data-infra\",\"projectOwner:cal-itp-data-infra\"],\"role\":\"roles/storage.legacyBucketOwner\"},{\"members\":[\"projectViewer:cal-itp-data-infra\"],\"role\":\"roles/storage.legacyBucketReader\"},{\"members\":[\"projectEditor:cal-itp-data-infra\",\"projectOwner:cal-itp-data-infra\"],\"role\":\"roles/storage.legacyObjectOwner\"},{\"members\":[\"projectViewer:cal-itp-data-infra\"],\"role\":\"roles/storage.legacyObjectReader\"},{\"members\":[\"serviceAccount:dev-gtfs-rt-archiver-v3@cal-itp-data-infra.iam.gserviceaccount.com\"],\"role\":\"roles/storage.objectViewer\"}]}"
                        },
                        "meta": {
                            "schema_version": 0
                        },
                        "tainted": false
                    },
                    "deposed": [],
                    "provider": "provider.google"
                },
                "google_storage_bucket_iam_policy.tfer--test-calitp-gtfs-raw": {
                    "type": "google_storage_bucket_iam_policy",
                    "depends_on": [],
                    "primary": {
                        "id": "test-calitp-gtfs-raw",
                        "attributes": {
                            "bucket": "b/test-calitp-gtfs-raw",
                            "etag": "CAE=",
                            "id": "test-calitp-gtfs-raw",
                            "policy_data": "{\"bindings\":[{\"members\":[\"projectEditor:cal-itp-data-infra\",\"projectOwner:cal-itp-data-infra\"],\"role\":\"roles/storage.legacyBucketOwner\"},{\"members\":[\"projectViewer:cal-itp-data-infra\"],\"role\":\"roles/storage.legacyBucketReader\"},{\"members\":[\"projectEditor:cal-itp-data-infra\",\"projectOwner:cal-itp-data-infra\"],\"role\":\"roles/storage.legacyObjectOwner\"},{\"members\":[\"projectViewer:cal-itp-data-infra\"],\"role\":\"roles/storage.legacyObjectReader\"}]}"
                        },
                        "meta": {
                            "schema_version": 0
                        },
                        "tainted": false
                    },
                    "deposed": [],
                    "provider": "provider.google"
                },
                "google_storage_bucket_iam_policy.tfer--test-calitp-gtfs-rt-parsed": {
                    "type": "google_storage_bucket_iam_policy",
                    "depends_on": [],
                    "primary": {
                        "id": "test-calitp-gtfs-rt-parsed",
                        "attributes": {
                            "bucket": "b/test-calitp-gtfs-rt-parsed",
                            "etag": "CAE=",
                            "id": "test-calitp-gtfs-rt-parsed",
                            "policy_data": "{\"bindings\":[{\"members\":[\"projectEditor:cal-itp-data-infra\",\"projectOwner:cal-itp-data-infra\"],\"role\":\"roles/storage.legacyBucketOwner\"},{\"members\":[\"projectViewer:cal-itp-data-infra\"],\"role\":\"roles/storage.legacyBucketReader\"},{\"members\":[\"projectEditor:cal-itp-data-infra\",\"projectOwner:cal-itp-data-infra\"],\"role\":\"roles/storage.legacyObjectOwner\"},{\"members\":[\"projectViewer:cal-itp-data-infra\"],\"role\":\"roles/storage.legacyObjectReader\"}]}"
                        },
                        "meta": {
                            "schema_version": 0
                        },
                        "tainted": false
                    },
                    "deposed": [],
                    "provider": "provider.google"
                },
                "google_storage_bucket_iam_policy.tfer--test-calitp-gtfs-rt-raw": {
                    "type": "google_storage_bucket_iam_policy",
                    "depends_on": [],
                    "primary": {
                        "id": "test-calitp-gtfs-rt-raw",
                        "attributes": {
                            "bucket": "b/test-calitp-gtfs-rt-raw",
                            "etag": "CAQ=",
                            "id": "test-calitp-gtfs-rt-raw",
                            "policy_data": "{\"bindings\":[{\"members\":[\"projectEditor:cal-itp-data-infra\",\"projectOwner:cal-itp-data-infra\"],\"role\":\"roles/storage.legacyBucketOwner\"},{\"members\":[\"projectViewer:cal-itp-data-infra\"],\"role\":\"roles/storage.legacyBucketReader\"},{\"members\":[\"projectEditor:cal-itp-data-infra\",\"projectOwner:cal-itp-data-infra\"],\"role\":\"roles/storage.legacyObjectOwner\"},{\"members\":[\"projectViewer:cal-itp-data-infra\"],\"role\":\"roles/storage.legacyObjectReader\"},{\"members\":[\"serviceAccount:gtfs-rt-archiver-test@cal-itp-data-infra.iam.gserviceaccount.com\",\"serviceAccount:gtfs-rt-archiver-v3@cal-itp-data-infra.iam.gserviceaccount.com\"],\"role\":\"roles/storage.objectAdmin\"}]}"
                        },
                        "meta": {
                            "schema_version": 0
                        },
                        "tainted": false
                    },
                    "deposed": [],
                    "provider": "provider.google"
                },
                "google_storage_bucket_iam_policy.tfer--test-calitp-gtfs-rt-raw-v2": {
                    "type": "google_storage_bucket_iam_policy",
                    "depends_on": [],
                    "primary": {
                        "id": "test-calitp-gtfs-rt-raw-v2",
                        "attributes": {
                            "bucket": "b/test-calitp-gtfs-rt-raw-v2",
                            "etag": "CAM=",
                            "id": "test-calitp-gtfs-rt-raw-v2",
                            "policy_data": "{\"bindings\":[{\"members\":[\"projectEditor:cal-itp-data-infra\",\"projectOwner:cal-itp-data-infra\"],\"role\":\"roles/storage.legacyBucketOwner\"},{\"members\":[\"projectViewer:cal-itp-data-infra\"],\"role\":\"roles/storage.legacyBucketReader\"},{\"members\":[\"projectEditor:cal-itp-data-infra\",\"projectOwner:cal-itp-data-infra\"],\"role\":\"roles/storage.legacyObjectOwner\"},{\"members\":[\"projectViewer:cal-itp-data-infra\"],\"role\":\"roles/storage.legacyObjectReader\"},{\"members\":[\"serviceAccount:gtfs-rt-archiver-v3@cal-itp-data-infra.iam.gserviceaccount.com\"],\"role\":\"roles/storage.objectAdmin\"}]}"
                        },
                        "meta": {
                            "schema_version": 0
                        },
                        "tainted": false
                    },
                    "deposed": [],
                    "provider": "provider.google"
                },
                "google_storage_bucket_iam_policy.tfer--test-calitp-gtfs-rt-validation": {
                    "type": "google_storage_bucket_iam_policy",
                    "depends_on": [],
                    "primary": {
                        "id": "test-calitp-gtfs-rt-validation",
                        "attributes": {
                            "bucket": "b/test-calitp-gtfs-rt-validation",
                            "etag": "CAE=",
                            "id": "test-calitp-gtfs-rt-validation",
                            "policy_data": "{\"bindings\":[{\"members\":[\"projectEditor:cal-itp-data-infra\",\"projectOwner:cal-itp-data-infra\"],\"role\":\"roles/storage.legacyBucketOwner\"},{\"members\":[\"projectViewer:cal-itp-data-infra\"],\"role\":\"roles/storage.legacyBucketReader\"},{\"members\":[\"projectEditor:cal-itp-data-infra\",\"projectOwner:cal-itp-data-infra\"],\"role\":\"roles/storage.legacyObjectOwner\"},{\"members\":[\"projectViewer:cal-itp-data-infra\"],\"role\":\"roles/storage.legacyObjectReader\"}]}"
                        },
                        "meta": {
                            "schema_version": 0
                        },
                        "tainted": false
                    },
                    "deposed": [],
                    "provider": "provider.google"
                },
                "google_storage_bucket_iam_policy.tfer--test-calitp-gtfs-schedule-parsed": {
                    "type": "google_storage_bucket_iam_policy",
                    "depends_on": [],
                    "primary": {
                        "id": "test-calitp-gtfs-schedule-parsed",
                        "attributes": {
                            "bucket": "b/test-calitp-gtfs-schedule-parsed",
                            "etag": "CAE=",
                            "id": "test-calitp-gtfs-schedule-parsed",
                            "policy_data": "{\"bindings\":[{\"members\":[\"projectEditor:cal-itp-data-infra\",\"projectOwner:cal-itp-data-infra\"],\"role\":\"roles/storage.legacyBucketOwner\"},{\"members\":[\"projectViewer:cal-itp-data-infra\"],\"role\":\"roles/storage.legacyBucketReader\"},{\"members\":[\"projectEditor:cal-itp-data-infra\",\"projectOwner:cal-itp-data-infra\"],\"role\":\"roles/storage.legacyObjectOwner\"},{\"members\":[\"projectViewer:cal-itp-data-infra\"],\"role\":\"roles/storage.legacyObjectReader\"}]}"
                        },
                        "meta": {
                            "schema_version": 0
                        },
                        "tainted": false
                    },
                    "deposed": [],
                    "provider": "provider.google"
                },
                "google_storage_bucket_iam_policy.tfer--test-calitp-gtfs-schedule-parsed-hourly": {
                    "type": "google_storage_bucket_iam_policy",
                    "depends_on": [],
                    "primary": {
                        "id": "test-calitp-gtfs-schedule-parsed-hourly",
                        "attributes": {
                            "bucket": "b/test-calitp-gtfs-schedule-parsed-hourly",
                            "etag": "CAE=",
                            "id": "test-calitp-gtfs-schedule-parsed-hourly",
                            "policy_data": "{\"bindings\":[{\"members\":[\"projectEditor:cal-itp-data-infra\",\"projectOwner:cal-itp-data-infra\"],\"role\":\"roles/storage.legacyBucketOwner\"},{\"members\":[\"projectViewer:cal-itp-data-infra\"],\"role\":\"roles/storage.legacyBucketReader\"},{\"members\":[\"projectEditor:cal-itp-data-infra\",\"projectOwner:cal-itp-data-infra\"],\"role\":\"roles/storage.legacyObjectOwner\"},{\"members\":[\"projectViewer:cal-itp-data-infra\"],\"role\":\"roles/storage.legacyObjectReader\"}]}"
                        },
                        "meta": {
                            "schema_version": 0
                        },
                        "tainted": false
                    },
                    "deposed": [],
                    "provider": "provider.google"
                },
                "google_storage_bucket_iam_policy.tfer--test-calitp-gtfs-schedule-processed": {
                    "type": "google_storage_bucket_iam_policy",
                    "depends_on": [],
                    "primary": {
                        "id": "test-calitp-gtfs-schedule-processed",
                        "attributes": {
                            "bucket": "b/test-calitp-gtfs-schedule-processed",
                            "etag": "CAE=",
                            "id": "test-calitp-gtfs-schedule-processed",
                            "policy_data": "{\"bindings\":[{\"members\":[\"projectEditor:cal-itp-data-infra\",\"projectOwner:cal-itp-data-infra\"],\"role\":\"roles/storage.legacyBucketOwner\"},{\"members\":[\"projectViewer:cal-itp-data-infra\"],\"role\":\"roles/storage.legacyBucketReader\"},{\"members\":[\"projectEditor:cal-itp-data-infra\",\"projectOwner:cal-itp-data-infra\"],\"role\":\"roles/storage.legacyObjectOwner\"},{\"members\":[\"projectViewer:cal-itp-data-infra\"],\"role\":\"roles/storage.legacyObjectReader\"}]}"
                        },
                        "meta": {
                            "schema_version": 0
                        },
                        "tainted": false
                    },
                    "deposed": [],
                    "provider": "provider.google"
                },
                "google_storage_bucket_iam_policy.tfer--test-calitp-gtfs-schedule-raw": {
                    "type": "google_storage_bucket_iam_policy",
                    "depends_on": [],
                    "primary": {
                        "id": "test-calitp-gtfs-schedule-raw",
                        "attributes": {
                            "bucket": "b/test-calitp-gtfs-schedule-raw",
                            "etag": "CAI=",
                            "id": "test-calitp-gtfs-schedule-raw",
                            "policy_data": "{\"bindings\":[{\"members\":[\"projectEditor:cal-itp-data-infra\",\"projectOwner:cal-itp-data-infra\"],\"role\":\"roles/storage.legacyBucketOwner\"},{\"members\":[\"projectViewer:cal-itp-data-infra\"],\"role\":\"roles/storage.legacyBucketReader\"},{\"members\":[\"projectEditor:cal-itp-data-infra\",\"projectOwner:cal-itp-data-infra\"],\"role\":\"roles/storage.legacyObjectOwner\"},{\"members\":[\"projectViewer:cal-itp-data-infra\"],\"role\":\"roles/storage.legacyObjectReader\"}]}"
                        },
                        "meta": {
                            "schema_version": 0
                        },
                        "tainted": false
                    },
                    "deposed": [],
                    "provider": "provider.google"
                },
                "google_storage_bucket_iam_policy.tfer--test-calitp-gtfs-schedule-raw-v2": {
                    "type": "google_storage_bucket_iam_policy",
                    "depends_on": [],
                    "primary": {
                        "id": "test-calitp-gtfs-schedule-raw-v2",
                        "attributes": {
                            "bucket": "b/test-calitp-gtfs-schedule-raw-v2",
                            "etag": "CAI=",
                            "id": "test-calitp-gtfs-schedule-raw-v2",
                            "policy_data": "{\"bindings\":[{\"members\":[\"projectEditor:cal-itp-data-infra\",\"projectOwner:cal-itp-data-infra\"],\"role\":\"roles/storage.legacyBucketOwner\"},{\"members\":[\"projectViewer:cal-itp-data-infra\",\"serviceAccount:project-1005246706141@storage-transfer-service.iam.gserviceaccount.com\"],\"role\":\"roles/storage.legacyBucketReader\"},{\"members\":[\"projectEditor:cal-itp-data-infra\",\"projectOwner:cal-itp-data-infra\"],\"role\":\"roles/storage.legacyObjectOwner\"},{\"members\":[\"projectViewer:cal-itp-data-infra\"],\"role\":\"roles/storage.legacyObjectReader\"},{\"members\":[\"serviceAccount:project-1005246706141@storage-transfer-service.iam.gserviceaccount.com\"],\"role\":\"roles/storage.objectViewer\"}]}"
                        },
                        "meta": {
                            "schema_version": 0
                        },
                        "tainted": false
                    },
                    "deposed": [],
                    "provider": "provider.google"
                },
                "google_storage_bucket_iam_policy.tfer--test-calitp-gtfs-schedule-raw-v2-backfill-test": {
                    "type": "google_storage_bucket_iam_policy",
                    "depends_on": [],
                    "primary": {
                        "id": "test-calitp-gtfs-schedule-raw-v2-backfill-test",
                        "attributes": {
                            "bucket": "b/test-calitp-gtfs-schedule-raw-v2-backfill-test",
                            "etag": "CAE=",
                            "id": "test-calitp-gtfs-schedule-raw-v2-backfill-test",
                            "policy_data": "{\"bindings\":[{\"members\":[\"projectEditor:cal-itp-data-infra\",\"projectOwner:cal-itp-data-infra\"],\"role\":\"roles/storage.legacyBucketOwner\"},{\"members\":[\"projectViewer:cal-itp-data-infra\"],\"role\":\"roles/storage.legacyBucketReader\"},{\"members\":[\"projectEditor:cal-itp-data-infra\",\"projectOwner:cal-itp-data-infra\"],\"role\":\"roles/storage.legacyObjectOwner\"},{\"members\":[\"projectViewer:cal-itp-data-infra\"],\"role\":\"roles/storage.legacyObjectReader\"}]}"
                        },
                        "meta": {
                            "schema_version": 0
                        },
                        "tainted": false
                    },
                    "deposed": [],
                    "provider": "provider.google"
                },
                "google_storage_bucket_iam_policy.tfer--test-calitp-gtfs-schedule-unzipped": {
                    "type": "google_storage_bucket_iam_policy",
                    "depends_on": [],
                    "primary": {
                        "id": "test-calitp-gtfs-schedule-unzipped",
                        "attributes": {
                            "bucket": "b/test-calitp-gtfs-schedule-unzipped",
                            "etag": "CAE=",
                            "id": "test-calitp-gtfs-schedule-unzipped",
                            "policy_data": "{\"bindings\":[{\"members\":[\"projectEditor:cal-itp-data-infra\",\"projectOwner:cal-itp-data-infra\"],\"role\":\"roles/storage.legacyBucketOwner\"},{\"members\":[\"projectViewer:cal-itp-data-infra\"],\"role\":\"roles/storage.legacyBucketReader\"},{\"members\":[\"projectEditor:cal-itp-data-infra\",\"projectOwner:cal-itp-data-infra\"],\"role\":\"roles/storage.legacyObjectOwner\"},{\"members\":[\"projectViewer:cal-itp-data-infra\"],\"role\":\"roles/storage.legacyObjectReader\"}]}"
                        },
                        "meta": {
                            "schema_version": 0
                        },
                        "tainted": false
                    },
                    "deposed": [],
                    "provider": "provider.google"
                },
                "google_storage_bucket_iam_policy.tfer--test-calitp-gtfs-schedule-unzipped-hourly": {
                    "type": "google_storage_bucket_iam_policy",
                    "depends_on": [],
                    "primary": {
                        "id": "test-calitp-gtfs-schedule-unzipped-hourly",
                        "attributes": {
                            "bucket": "b/test-calitp-gtfs-schedule-unzipped-hourly",
                            "etag": "CAE=",
                            "id": "test-calitp-gtfs-schedule-unzipped-hourly",
                            "policy_data": "{\"bindings\":[{\"members\":[\"projectEditor:cal-itp-data-infra\",\"projectOwner:cal-itp-data-infra\"],\"role\":\"roles/storage.legacyBucketOwner\"},{\"members\":[\"projectViewer:cal-itp-data-infra\"],\"role\":\"roles/storage.legacyBucketReader\"},{\"members\":[\"projectEditor:cal-itp-data-infra\",\"projectOwner:cal-itp-data-infra\"],\"role\":\"roles/storage.legacyObjectOwner\"},{\"members\":[\"projectViewer:cal-itp-data-infra\"],\"role\":\"roles/storage.legacyObjectReader\"}]}"
                        },
                        "meta": {
                            "schema_version": 0
                        },
                        "tainted": false
                    },
                    "deposed": [],
                    "provider": "provider.google"
                },
                "google_storage_bucket_iam_policy.tfer--test-calitp-gtfs-schedule-validation": {
                    "type": "google_storage_bucket_iam_policy",
                    "depends_on": [],
                    "primary": {
                        "id": "test-calitp-gtfs-schedule-validation",
                        "attributes": {
                            "bucket": "b/test-calitp-gtfs-schedule-validation",
                            "etag": "CAE=",
                            "id": "test-calitp-gtfs-schedule-validation",
                            "policy_data": "{\"bindings\":[{\"members\":[\"projectEditor:cal-itp-data-infra\",\"projectOwner:cal-itp-data-infra\"],\"role\":\"roles/storage.legacyBucketOwner\"},{\"members\":[\"projectViewer:cal-itp-data-infra\"],\"role\":\"roles/storage.legacyBucketReader\"},{\"members\":[\"projectEditor:cal-itp-data-infra\",\"projectOwner:cal-itp-data-infra\"],\"role\":\"roles/storage.legacyObjectOwner\"},{\"members\":[\"projectViewer:cal-itp-data-infra\"],\"role\":\"roles/storage.legacyObjectReader\"}]}"
                        },
                        "meta": {
                            "schema_version": 0
                        },
                        "tainted": false
                    },
                    "deposed": [],
                    "provider": "provider.google"
                },
                "google_storage_bucket_iam_policy.tfer--test-calitp-gtfs-schedule-validation-hourly": {
                    "type": "google_storage_bucket_iam_policy",
                    "depends_on": [],
                    "primary": {
                        "id": "test-calitp-gtfs-schedule-validation-hourly",
                        "attributes": {
                            "bucket": "b/test-calitp-gtfs-schedule-validation-hourly",
                            "etag": "CAE=",
                            "id": "test-calitp-gtfs-schedule-validation-hourly",
                            "policy_data": "{\"bindings\":[{\"members\":[\"projectEditor:cal-itp-data-infra\",\"projectOwner:cal-itp-data-infra\"],\"role\":\"roles/storage.legacyBucketOwner\"},{\"members\":[\"projectViewer:cal-itp-data-infra\"],\"role\":\"roles/storage.legacyBucketReader\"},{\"members\":[\"projectEditor:cal-itp-data-infra\",\"projectOwner:cal-itp-data-infra\"],\"role\":\"roles/storage.legacyObjectOwner\"},{\"members\":[\"projectViewer:cal-itp-data-infra\"],\"role\":\"roles/storage.legacyObjectReader\"}]}"
                        },
                        "meta": {
                            "schema_version": 0
                        },
                        "tainted": false
                    },
                    "deposed": [],
                    "provider": "provider.google"
                },
                "google_storage_bucket_iam_policy.tfer--test-calitp-ntd-api-products": {
                    "type": "google_storage_bucket_iam_policy",
                    "depends_on": [],
                    "primary": {
                        "id": "test-calitp-ntd-api-products",
                        "attributes": {
                            "bucket": "b/test-calitp-ntd-api-products",
                            "etag": "CAE=",
                            "id": "test-calitp-ntd-api-products",
                            "policy_data": "{\"bindings\":[{\"members\":[\"projectEditor:cal-itp-data-infra\",\"projectOwner:cal-itp-data-infra\"],\"role\":\"roles/storage.legacyBucketOwner\"},{\"members\":[\"projectViewer:cal-itp-data-infra\"],\"role\":\"roles/storage.legacyBucketReader\"},{\"members\":[\"projectEditor:cal-itp-data-infra\",\"projectOwner:cal-itp-data-infra\"],\"role\":\"roles/storage.legacyObjectOwner\"},{\"members\":[\"projectViewer:cal-itp-data-infra\"],\"role\":\"roles/storage.legacyObjectReader\"}]}"
                        },
                        "meta": {
                            "schema_version": 0
                        },
                        "tainted": false
                    },
                    "deposed": [],
                    "provider": "provider.google"
                },
                "google_storage_bucket_iam_policy.tfer--test-calitp-ntd-data-products": {
                    "type": "google_storage_bucket_iam_policy",
                    "depends_on": [],
                    "primary": {
                        "id": "test-calitp-ntd-data-products",
                        "attributes": {
                            "bucket": "b/test-calitp-ntd-data-products",
                            "etag": "CAE=",
                            "id": "test-calitp-ntd-data-products",
                            "policy_data": "{\"bindings\":[{\"members\":[\"projectEditor:cal-itp-data-infra\",\"projectOwner:cal-itp-data-infra\"],\"role\":\"roles/storage.legacyBucketOwner\"},{\"members\":[\"projectViewer:cal-itp-data-infra\"],\"role\":\"roles/storage.legacyBucketReader\"},{\"members\":[\"projectEditor:cal-itp-data-infra\",\"projectOwner:cal-itp-data-infra\"],\"role\":\"roles/storage.legacyObjectOwner\"},{\"members\":[\"projectViewer:cal-itp-data-infra\"],\"role\":\"roles/storage.legacyObjectReader\"}]}"
                        },
                        "meta": {
                            "schema_version": 0
                        },
                        "tainted": false
                    },
                    "deposed": [],
                    "provider": "provider.google"
                },
                "google_storage_bucket_iam_policy.tfer--test-calitp-ntd-report-validation": {
                    "type": "google_storage_bucket_iam_policy",
                    "depends_on": [],
                    "primary": {
                        "id": "test-calitp-ntd-report-validation",
                        "attributes": {
                            "bucket": "b/test-calitp-ntd-report-validation",
                            "etag": "CAE=",
                            "id": "test-calitp-ntd-report-validation",
                            "policy_data": "{\"bindings\":[{\"members\":[\"projectEditor:cal-itp-data-infra\",\"projectOwner:cal-itp-data-infra\"],\"role\":\"roles/storage.legacyBucketOwner\"},{\"members\":[\"projectViewer:cal-itp-data-infra\"],\"role\":\"roles/storage.legacyBucketReader\"},{\"members\":[\"projectEditor:cal-itp-data-infra\",\"projectOwner:cal-itp-data-infra\"],\"role\":\"roles/storage.legacyObjectOwner\"},{\"members\":[\"projectViewer:cal-itp-data-infra\"],\"role\":\"roles/storage.legacyObjectReader\"}]}"
                        },
                        "meta": {
                            "schema_version": 0
                        },
                        "tainted": false
                    },
                    "deposed": [],
                    "provider": "provider.google"
                },
                "google_storage_bucket_iam_policy.tfer--test-calitp-ntd-xlsx-products-clean": {
                    "type": "google_storage_bucket_iam_policy",
                    "depends_on": [],
                    "primary": {
                        "id": "test-calitp-ntd-xlsx-products-clean",
                        "attributes": {
                            "bucket": "b/test-calitp-ntd-xlsx-products-clean",
                            "etag": "CAE=",
                            "id": "test-calitp-ntd-xlsx-products-clean",
                            "policy_data": "{\"bindings\":[{\"members\":[\"projectEditor:cal-itp-data-infra\",\"projectOwner:cal-itp-data-infra\"],\"role\":\"roles/storage.legacyBucketOwner\"},{\"members\":[\"projectViewer:cal-itp-data-infra\"],\"role\":\"roles/storage.legacyBucketReader\"},{\"members\":[\"projectEditor:cal-itp-data-infra\",\"projectOwner:cal-itp-data-infra\"],\"role\":\"roles/storage.legacyObjectOwner\"},{\"members\":[\"projectViewer:cal-itp-data-infra\"],\"role\":\"roles/storage.legacyObjectReader\"}]}"
                        },
                        "meta": {
                            "schema_version": 0
                        },
                        "tainted": false
                    },
                    "deposed": [],
                    "provider": "provider.google"
                },
                "google_storage_bucket_iam_policy.tfer--test-calitp-ntd-xlsx-products-raw": {
                    "type": "google_storage_bucket_iam_policy",
                    "depends_on": [],
                    "primary": {
                        "id": "test-calitp-ntd-xlsx-products-raw",
                        "attributes": {
                            "bucket": "b/test-calitp-ntd-xlsx-products-raw",
                            "etag": "CAE=",
                            "id": "test-calitp-ntd-xlsx-products-raw",
                            "policy_data": "{\"bindings\":[{\"members\":[\"projectEditor:cal-itp-data-infra\",\"projectOwner:cal-itp-data-infra\"],\"role\":\"roles/storage.legacyBucketOwner\"},{\"members\":[\"projectViewer:cal-itp-data-infra\"],\"role\":\"roles/storage.legacyBucketReader\"},{\"members\":[\"projectEditor:cal-itp-data-infra\",\"projectOwner:cal-itp-data-infra\"],\"role\":\"roles/storage.legacyObjectOwner\"},{\"members\":[\"projectViewer:cal-itp-data-infra\"],\"role\":\"roles/storage.legacyObjectReader\"}]}"
                        },
                        "meta": {
                            "schema_version": 0
                        },
                        "tainted": false
                    },
                    "deposed": [],
                    "provider": "provider.google"
                },
                "google_storage_bucket_iam_policy.tfer--test-calitp-payments-littlepay-parsed": {
                    "type": "google_storage_bucket_iam_policy",
                    "depends_on": [],
                    "primary": {
                        "id": "test-calitp-payments-littlepay-parsed",
                        "attributes": {
                            "bucket": "b/test-calitp-payments-littlepay-parsed",
                            "etag": "CAE=",
                            "id": "test-calitp-payments-littlepay-parsed",
                            "policy_data": "{\"bindings\":[{\"members\":[\"projectEditor:cal-itp-data-infra\",\"projectOwner:cal-itp-data-infra\"],\"role\":\"roles/storage.legacyBucketOwner\"},{\"members\":[\"projectViewer:cal-itp-data-infra\"],\"role\":\"roles/storage.legacyBucketReader\"},{\"members\":[\"projectEditor:cal-itp-data-infra\",\"projectOwner:cal-itp-data-infra\"],\"role\":\"roles/storage.legacyObjectOwner\"},{\"members\":[\"projectViewer:cal-itp-data-infra\"],\"role\":\"roles/storage.legacyObjectReader\"}]}"
                        },
                        "meta": {
                            "schema_version": 0
                        },
                        "tainted": false
                    },
                    "deposed": [],
                    "provider": "provider.google"
                },
                "google_storage_bucket_iam_policy.tfer--test-calitp-payments-littlepay-raw": {
                    "type": "google_storage_bucket_iam_policy",
                    "depends_on": [],
                    "primary": {
                        "id": "test-calitp-payments-littlepay-raw",
                        "attributes": {
                            "bucket": "b/test-calitp-payments-littlepay-raw",
                            "etag": "CAE=",
                            "id": "test-calitp-payments-littlepay-raw",
                            "policy_data": "{\"bindings\":[{\"members\":[\"projectEditor:cal-itp-data-infra\",\"projectOwner:cal-itp-data-infra\"],\"role\":\"roles/storage.legacyBucketOwner\"},{\"members\":[\"projectViewer:cal-itp-data-infra\"],\"role\":\"roles/storage.legacyBucketReader\"},{\"members\":[\"projectEditor:cal-itp-data-infra\",\"projectOwner:cal-itp-data-infra\"],\"role\":\"roles/storage.legacyObjectOwner\"},{\"members\":[\"projectViewer:cal-itp-data-infra\"],\"role\":\"roles/storage.legacyObjectReader\"}]}"
                        },
                        "meta": {
                            "schema_version": 0
                        },
                        "tainted": false
                    },
                    "deposed": [],
                    "provider": "provider.google"
                },
                "google_storage_bucket_iam_policy.tfer--test-calitp-publish": {
                    "type": "google_storage_bucket_iam_policy",
                    "depends_on": [],
                    "primary": {
                        "id": "test-calitp-publish",
                        "attributes": {
                            "bucket": "b/test-calitp-publish",
                            "etag": "CAE=",
                            "id": "test-calitp-publish",
                            "policy_data": "{\"bindings\":[{\"members\":[\"projectEditor:cal-itp-data-infra\",\"projectOwner:cal-itp-data-infra\"],\"role\":\"roles/storage.legacyBucketOwner\"},{\"members\":[\"projectViewer:cal-itp-data-infra\"],\"role\":\"roles/storage.legacyBucketReader\"},{\"members\":[\"projectEditor:cal-itp-data-infra\",\"projectOwner:cal-itp-data-infra\"],\"role\":\"roles/storage.legacyObjectOwner\"},{\"members\":[\"projectViewer:cal-itp-data-infra\"],\"role\":\"roles/storage.legacyObjectReader\"}]}"
                        },
                        "meta": {
                            "schema_version": 0
                        },
                        "tainted": false
                    },
                    "deposed": [],
                    "provider": "provider.google"
                },
                "google_storage_bucket_iam_policy.tfer--test-calitp-publish-data-analysis": {
                    "type": "google_storage_bucket_iam_policy",
                    "depends_on": [],
                    "primary": {
                        "id": "test-calitp-publish-data-analysis",
                        "attributes": {
                            "bucket": "b/test-calitp-publish-data-analysis",
                            "etag": "CAE=",
                            "id": "test-calitp-publish-data-analysis",
                            "policy_data": "{\"bindings\":[{\"members\":[\"projectEditor:cal-itp-data-infra\",\"projectOwner:cal-itp-data-infra\"],\"role\":\"roles/storage.legacyBucketOwner\"},{\"members\":[\"projectViewer:cal-itp-data-infra\"],\"role\":\"roles/storage.legacyBucketReader\"},{\"members\":[\"projectEditor:cal-itp-data-infra\",\"projectOwner:cal-itp-data-infra\"],\"role\":\"roles/storage.legacyObjectOwner\"},{\"members\":[\"projectViewer:cal-itp-data-infra\"],\"role\":\"roles/storage.legacyObjectReader\"}]}"
                        },
                        "meta": {
                            "schema_version": 0
                        },
                        "tainted": false
                    },
                    "deposed": [],
                    "provider": "provider.google"
                },
                "google_storage_bucket_iam_policy.tfer--test-calitp-reports-data": {
                    "type": "google_storage_bucket_iam_policy",
                    "depends_on": [],
                    "primary": {
                        "id": "test-calitp-reports-data",
                        "attributes": {
                            "bucket": "b/test-calitp-reports-data",
                            "etag": "CAI=",
                            "id": "test-calitp-reports-data",
                            "policy_data": "{\"bindings\":[{\"members\":[\"projectEditor:cal-itp-data-infra\",\"projectOwner:cal-itp-data-infra\"],\"role\":\"roles/storage.legacyBucketOwner\"},{\"members\":[\"projectViewer:cal-itp-data-infra\"],\"role\":\"roles/storage.legacyBucketReader\"},{\"members\":[\"projectEditor:cal-itp-data-infra\",\"projectOwner:cal-itp-data-infra\"],\"role\":\"roles/storage.legacyObjectOwner\"},{\"members\":[\"projectViewer:cal-itp-data-infra\"],\"role\":\"roles/storage.legacyObjectReader\"},{\"members\":[\"serviceAccount:calitp-py-ci@cal-itp-data-infra.iam.gserviceaccount.com\"],\"role\":\"roles/storage.objectAdmin\"}]}"
                        },
                        "meta": {
                            "schema_version": 0
                        },
                        "tainted": false
                    },
                    "deposed": [],
                    "provider": "provider.google"
                },
                "google_storage_bucket_iam_policy.tfer--test-calitp-sentry": {
                    "type": "google_storage_bucket_iam_policy",
                    "depends_on": [],
                    "primary": {
                        "id": "test-calitp-sentry",
                        "attributes": {
                            "bucket": "b/test-calitp-sentry",
                            "etag": "CAE=",
                            "id": "test-calitp-sentry",
                            "policy_data": "{\"bindings\":[{\"members\":[\"projectEditor:cal-itp-data-infra\",\"projectOwner:cal-itp-data-infra\"],\"role\":\"roles/storage.legacyBucketOwner\"},{\"members\":[\"projectViewer:cal-itp-data-infra\"],\"role\":\"roles/storage.legacyBucketReader\"},{\"members\":[\"projectEditor:cal-itp-data-infra\",\"projectOwner:cal-itp-data-infra\"],\"role\":\"roles/storage.legacyObjectOwner\"},{\"members\":[\"projectViewer:cal-itp-data-infra\"],\"role\":\"roles/storage.legacyObjectReader\"}]}"
                        },
                        "meta": {
                            "schema_version": 0
                        },
                        "tainted": false
                    },
                    "deposed": [],
                    "provider": "provider.google"
                },
                "google_storage_bucket_iam_policy.tfer--test-calitp-state-geoportal-scrape": {
                    "type": "google_storage_bucket_iam_policy",
                    "depends_on": [],
                    "primary": {
                        "id": "test-calitp-state-geoportal-scrape",
                        "attributes": {
                            "bucket": "b/test-calitp-state-geoportal-scrape",
                            "etag": "CAE=",
                            "id": "test-calitp-state-geoportal-scrape",
                            "policy_data": "{\"bindings\":[{\"members\":[\"projectEditor:cal-itp-data-infra\",\"projectOwner:cal-itp-data-infra\"],\"role\":\"roles/storage.legacyBucketOwner\"},{\"members\":[\"projectViewer:cal-itp-data-infra\"],\"role\":\"roles/storage.legacyBucketReader\"},{\"members\":[\"projectEditor:cal-itp-data-infra\",\"projectOwner:cal-itp-data-infra\"],\"role\":\"roles/storage.legacyObjectOwner\"},{\"members\":[\"projectViewer:cal-itp-data-infra\"],\"role\":\"roles/storage.legacyObjectReader\"}]}"
                        },
                        "meta": {
                            "schema_version": 0
                        },
                        "tainted": false
                    },
                    "deposed": [],
                    "provider": "provider.google"
                },
                "google_storage_bucket_iam_policy.tfer--test-rt-parsed": {
                    "type": "google_storage_bucket_iam_policy",
                    "depends_on": [],
                    "primary": {
                        "id": "test-rt-parsed",
                        "attributes": {
                            "bucket": "b/test-rt-parsed",
                            "etag": "CAE=",
                            "id": "test-rt-parsed",
                            "policy_data": "{\"bindings\":[{\"members\":[\"projectEditor:cal-itp-data-infra\",\"projectOwner:cal-itp-data-infra\"],\"role\":\"roles/storage.legacyBucketOwner\"},{\"members\":[\"projectViewer:cal-itp-data-infra\"],\"role\":\"roles/storage.legacyBucketReader\"},{\"members\":[\"projectEditor:cal-itp-data-infra\",\"projectOwner:cal-itp-data-infra\"],\"role\":\"roles/storage.legacyObjectOwner\"},{\"members\":[\"projectViewer:cal-itp-data-infra\"],\"role\":\"roles/storage.legacyObjectReader\"}]}"
                        },
                        "meta": {
                            "schema_version": 0
                        },
                        "tainted": false
                    },
                    "deposed": [],
                    "provider": "provider.google"
                },
                "google_storage_bucket_iam_policy.tfer--test-rt-validations": {
                    "type": "google_storage_bucket_iam_policy",
                    "depends_on": [],
                    "primary": {
                        "id": "test-rt-validations",
                        "attributes": {
                            "bucket": "b/test-rt-validations",
                            "etag": "CAE=",
                            "id": "test-rt-validations",
                            "policy_data": "{\"bindings\":[{\"members\":[\"projectEditor:cal-itp-data-infra\",\"projectOwner:cal-itp-data-infra\"],\"role\":\"roles/storage.legacyBucketOwner\"},{\"members\":[\"projectViewer:cal-itp-data-infra\"],\"role\":\"roles/storage.legacyBucketReader\"},{\"members\":[\"projectEditor:cal-itp-data-infra\",\"projectOwner:cal-itp-data-infra\"],\"role\":\"roles/storage.legacyObjectOwner\"},{\"members\":[\"projectViewer:cal-itp-data-infra\"],\"role\":\"roles/storage.legacyObjectReader\"}]}"
                        },
                        "meta": {
                            "schema_version": 0
                        },
                        "tainted": false
                    },
                    "deposed": [],
                    "provider": "provider.google"
                },
                "google_storage_bucket_iam_policy.tfer--us-002E-artifacts-002E-cal-itp-data-infra-002E-appspot-002E-com": {
                    "type": "google_storage_bucket_iam_policy",
                    "depends_on": [],
                    "primary": {
                        "id": "us.artifacts.cal-itp-data-infra.appspot.com",
                        "attributes": {
                            "bucket": "b/us.artifacts.cal-itp-data-infra.appspot.com",
                            "etag": "CAE=",
                            "id": "us.artifacts.cal-itp-data-infra.appspot.com",
                            "policy_data": "{\"bindings\":[{\"members\":[\"projectEditor:cal-itp-data-infra\",\"projectOwner:cal-itp-data-infra\"],\"role\":\"roles/storage.legacyBucketOwner\"},{\"members\":[\"projectViewer:cal-itp-data-infra\"],\"role\":\"roles/storage.legacyBucketReader\"}]}"
                        },
                        "meta": {
                            "schema_version": 0
                        },
                        "tainted": false
                    },
                    "deposed": [],
                    "provider": "provider.google"
                },
                "google_storage_bucket_iam_policy.tfer--us-west2-calitp-airflow2-pr-171e4e47-bucket": {
                    "type": "google_storage_bucket_iam_policy",
                    "depends_on": [],
                    "primary": {
                        "id": "us-west2-calitp-airflow2-pr-171e4e47-bucket",
                        "attributes": {
                            "bucket": "b/us-west2-calitp-airflow2-pr-171e4e47-bucket",
                            "etag": "CBc=",
                            "id": "us-west2-calitp-airflow2-pr-171e4e47-bucket",
                            "policy_data": "{\"bindings\":[{\"members\":[\"projectEditor:cal-itp-data-infra\",\"projectOwner:cal-itp-data-infra\",\"serviceAccount:1005246706141-compute@developer.gserviceaccount.com\"],\"role\":\"roles/storage.legacyBucketOwner\"},{\"members\":[\"projectViewer:cal-itp-data-infra\"],\"role\":\"roles/storage.legacyBucketReader\"},{\"members\":[\"projectEditor:cal-itp-data-infra\",\"projectOwner:cal-itp-data-infra\"],\"role\":\"roles/storage.legacyObjectOwner\"},{\"members\":[\"projectViewer:cal-itp-data-infra\"],\"role\":\"roles/storage.legacyObjectReader\"}]}"
                        },
                        "meta": {
                            "schema_version": 0
                        },
                        "tainted": false
                    },
                    "deposed": [],
                    "provider": "provider.google"
                },
                "google_storage_bucket_iam_policy.tfer--us-west2-calitp-airflow2-pr-31e41084-bucket": {
                    "type": "google_storage_bucket_iam_policy",
                    "depends_on": [],
                    "primary": {
                        "id": "us-west2-calitp-airflow2-pr-31e41084-bucket",
                        "attributes": {
                            "bucket": "b/us-west2-calitp-airflow2-pr-31e41084-bucket",
                            "etag": "CFM=",
                            "id": "us-west2-calitp-airflow2-pr-31e41084-bucket",
                            "policy_data": "{\"bindings\":[{\"members\":[\"projectEditor:cal-itp-data-infra\",\"projectOwner:cal-itp-data-infra\",\"serviceAccount:composer2-service-account@cal-itp-data-infra.iam.gserviceaccount.com\"],\"role\":\"roles/storage.legacyBucketOwner\"},{\"members\":[\"projectViewer:cal-itp-data-infra\"],\"role\":\"roles/storage.legacyBucketReader\"},{\"members\":[\"projectEditor:cal-itp-data-infra\",\"projectOwner:cal-itp-data-infra\"],\"role\":\"roles/storage.legacyObjectOwner\"},{\"members\":[\"projectViewer:cal-itp-data-infra\"],\"role\":\"roles/storage.legacyObjectReader\"}]}"
                        },
                        "meta": {
                            "schema_version": 0
                        },
                        "tainted": false
                    },
                    "deposed": [],
                    "provider": "provider.google"
                },
                "google_storage_bucket_iam_policy.tfer--us-west2-calitp-airflow2-pr-88ca8ec6-bucket": {
                    "type": "google_storage_bucket_iam_policy",
                    "depends_on": [],
                    "primary": {
                        "id": "us-west2-calitp-airflow2-pr-88ca8ec6-bucket",
                        "attributes": {
                            "bucket": "b/us-west2-calitp-airflow2-pr-88ca8ec6-bucket",
                            "etag": "CB4=",
                            "id": "us-west2-calitp-airflow2-pr-88ca8ec6-bucket",
                            "policy_data": "{\"bindings\":[{\"members\":[\"projectEditor:cal-itp-data-infra\",\"projectOwner:cal-itp-data-infra\",\"serviceAccount:composer2-service-account@cal-itp-data-infra.iam.gserviceaccount.com\"],\"role\":\"roles/storage.legacyBucketOwner\"},{\"members\":[\"projectViewer:cal-itp-data-infra\"],\"role\":\"roles/storage.legacyBucketReader\"},{\"members\":[\"projectEditor:cal-itp-data-infra\",\"projectOwner:cal-itp-data-infra\"],\"role\":\"roles/storage.legacyObjectOwner\"},{\"members\":[\"projectViewer:cal-itp-data-infra\"],\"role\":\"roles/storage.legacyObjectReader\"}]}"
                        },
                        "meta": {
                            "schema_version": 0
                        },
                        "tainted": false
                    },
                    "deposed": [],
                    "provider": "provider.google"
                },
                "google_storage_default_object_acl.tfer--analysis-output-models": {
                    "type": "google_storage_default_object_acl",
                    "depends_on": [],
                    "primary": {
                        "id": "analysis-output-models",
                        "attributes": {
                            "bucket": "analysis-output-models",
                            "id": "analysis-output-models",
                            "role_entity.#": "0"
                        },
                        "meta": {
                            "schema_version": 0
                        },
                        "tainted": false
                    },
                    "deposed": [],
                    "provider": "provider.google"
                },
                "google_storage_default_object_acl.tfer--artifacts-002E-cal-itp-data-infra-002E-appspot-002E-com": {
                    "type": "google_storage_default_object_acl",
                    "depends_on": [],
                    "primary": {
                        "id": "artifacts.cal-itp-data-infra.appspot.com",
                        "attributes": {
                            "bucket": "artifacts.cal-itp-data-infra.appspot.com",
                            "id": "artifacts.cal-itp-data-infra.appspot.com",
                            "role_entity.#": "3",
                            "role_entity.0": "OWNER:project-editors-1005246706141",
                            "role_entity.1": "OWNER:project-owners-1005246706141",
                            "role_entity.2": "READER:project-viewers-1005246706141"
                        },
                        "meta": {
                            "schema_version": 0
                        },
                        "tainted": false
                    },
                    "deposed": [],
                    "provider": "provider.google"
                },
                "google_storage_default_object_acl.tfer--cal-itp-data-infra-002E-appspot-002E-com": {
                    "type": "google_storage_default_object_acl",
                    "depends_on": [],
                    "primary": {
                        "id": "cal-itp-data-infra.appspot.com",
                        "attributes": {
                            "bucket": "cal-itp-data-infra.appspot.com",
                            "id": "cal-itp-data-infra.appspot.com",
                            "role_entity.#": "3",
                            "role_entity.0": "OWNER:project-editors-1005246706141",
                            "role_entity.1": "OWNER:project-owners-1005246706141",
                            "role_entity.2": "READER:project-viewers-1005246706141"
                        },
                        "meta": {
                            "schema_version": 0
                        },
                        "tainted": false
                    },
                    "deposed": [],
                    "provider": "provider.google"
                },
                "google_storage_default_object_acl.tfer--calitp-aggregator-scraper": {
                    "type": "google_storage_default_object_acl",
                    "depends_on": [],
                    "primary": {
                        "id": "calitp-aggregator-scraper",
                        "attributes": {
                            "bucket": "calitp-aggregator-scraper",
                            "id": "calitp-aggregator-scraper",
                            "role_entity.#": "0"
                        },
                        "meta": {
                            "schema_version": 0
                        },
                        "tainted": false
                    },
                    "deposed": [],
                    "provider": "provider.google"
                },
                "google_storage_default_object_acl.tfer--calitp-airtable": {
                    "type": "google_storage_default_object_acl",
                    "depends_on": [],
                    "primary": {
                        "id": "calitp-airtable",
                        "attributes": {
                            "bucket": "calitp-airtable",
                            "id": "calitp-airtable",
                            "role_entity.#": "0"
                        },
                        "meta": {
                            "schema_version": 0
                        },
                        "tainted": false
                    },
                    "deposed": [],
                    "provider": "provider.google"
                },
                "google_storage_default_object_acl.tfer--calitp-amplitude-benefits-events": {
                    "type": "google_storage_default_object_acl",
                    "depends_on": [],
                    "primary": {
                        "id": "calitp-amplitude-benefits-events",
                        "attributes": {
                            "bucket": "calitp-amplitude-benefits-events",
                            "id": "calitp-amplitude-benefits-events",
                            "role_entity.#": "0"
                        },
                        "meta": {
                            "schema_version": 0
                        },
                        "tainted": false
                    },
                    "deposed": [],
                    "provider": "provider.google"
                },
                "google_storage_default_object_acl.tfer--calitp-analytics-data": {
                    "type": "google_storage_default_object_acl",
                    "depends_on": [],
                    "primary": {
                        "id": "calitp-analytics-data",
                        "attributes": {
                            "bucket": "calitp-analytics-data",
                            "id": "calitp-analytics-data",
                            "role_entity.#": "0"
                        },
                        "meta": {
                            "schema_version": 0
                        },
                        "tainted": false
                    },
                    "deposed": [],
                    "provider": "provider.google"
                },
                "google_storage_default_object_acl.tfer--calitp-backups-grafana": {
                    "type": "google_storage_default_object_acl",
                    "depends_on": [],
                    "primary": {
                        "id": "calitp-backups-grafana",
                        "attributes": {
                            "bucket": "calitp-backups-grafana",
                            "id": "calitp-backups-grafana",
                            "role_entity.#": "0"
                        },
                        "meta": {
                            "schema_version": 0
                        },
                        "tainted": false
                    },
                    "deposed": [],
                    "provider": "provider.google"
                },
                "google_storage_default_object_acl.tfer--calitp-backups-metabase": {
                    "type": "google_storage_default_object_acl",
                    "depends_on": [],
                    "primary": {
                        "id": "calitp-backups-metabase",
                        "attributes": {
                            "bucket": "calitp-backups-metabase",
                            "id": "calitp-backups-metabase",
                            "role_entity.#": "0"
                        },
                        "meta": {
                            "schema_version": 0
                        },
                        "tainted": false
                    },
                    "deposed": [],
                    "provider": "provider.google"
                },
                "google_storage_default_object_acl.tfer--calitp-backups-sentry": {
                    "type": "google_storage_default_object_acl",
                    "depends_on": [],
                    "primary": {
                        "id": "calitp-backups-sentry",
                        "attributes": {
                            "bucket": "calitp-backups-sentry",
                            "id": "calitp-backups-sentry",
                            "role_entity.#": "0"
                        },
                        "meta": {
                            "schema_version": 0
                        },
                        "tainted": false
                    },
                    "deposed": [],
                    "provider": "provider.google"
                },
                "google_storage_default_object_acl.tfer--calitp-backups-test": {
                    "type": "google_storage_default_object_acl",
                    "depends_on": [],
                    "primary": {
                        "id": "calitp-backups-test",
                        "attributes": {
                            "bucket": "calitp-backups-test",
                            "id": "calitp-backups-test",
                            "role_entity.#": "0"
                        },
                        "meta": {
                            "schema_version": 0
                        },
                        "tainted": false
                    },
                    "deposed": [],
                    "provider": "provider.google"
                },
                "google_storage_default_object_acl.tfer--calitp-ci-artifacts": {
                    "type": "google_storage_default_object_acl",
                    "depends_on": [],
                    "primary": {
                        "id": "calitp-ci-artifacts",
                        "attributes": {
                            "bucket": "calitp-ci-artifacts",
                            "id": "calitp-ci-artifacts",
                            "role_entity.#": "0"
                        },
                        "meta": {
                            "schema_version": 0
                        },
                        "tainted": false
                    },
                    "deposed": [],
                    "provider": "provider.google"
                },
                "google_storage_default_object_acl.tfer--calitp-dbt-artifacts": {
                    "type": "google_storage_default_object_acl",
                    "depends_on": [],
                    "primary": {
                        "id": "calitp-dbt-artifacts",
                        "attributes": {
                            "bucket": "calitp-dbt-artifacts",
                            "id": "calitp-dbt-artifacts",
                            "role_entity.#": "0"
                        },
                        "meta": {
                            "schema_version": 0
                        },
                        "tainted": false
                    },
                    "deposed": [],
                    "provider": "provider.google"
                },
                "google_storage_default_object_acl.tfer--calitp-dbt-python-models": {
                    "type": "google_storage_default_object_acl",
                    "depends_on": [],
                    "primary": {
                        "id": "calitp-dbt-python-models",
                        "attributes": {
                            "bucket": "calitp-dbt-python-models",
                            "id": "calitp-dbt-python-models",
                            "role_entity.#": "0"
                        },
                        "meta": {
                            "schema_version": 0
                        },
                        "tainted": false
                    },
                    "deposed": [],
                    "provider": "provider.google"
                },
                "google_storage_default_object_acl.tfer--calitp-elavon-parsed": {
                    "type": "google_storage_default_object_acl",
                    "depends_on": [],
                    "primary": {
                        "id": "calitp-elavon-parsed",
                        "attributes": {
                            "bucket": "calitp-elavon-parsed",
                            "id": "calitp-elavon-parsed",
                            "role_entity.#": "0"
                        },
                        "meta": {
                            "schema_version": 0
                        },
                        "tainted": false
                    },
                    "deposed": [],
                    "provider": "provider.google"
                },
                "google_storage_default_object_acl.tfer--calitp-elavon-raw": {
                    "type": "google_storage_default_object_acl",
                    "depends_on": [],
                    "primary": {
                        "id": "calitp-elavon-raw",
                        "attributes": {
                            "bucket": "calitp-elavon-raw",
                            "id": "calitp-elavon-raw",
                            "role_entity.#": "0"
                        },
                        "meta": {
                            "schema_version": 0
                        },
                        "tainted": false
                    },
                    "deposed": [],
                    "provider": "provider.google"
                },
                "google_storage_default_object_acl.tfer--calitp-gtfs-download-config": {
                    "type": "google_storage_default_object_acl",
                    "depends_on": [],
                    "primary": {
                        "id": "calitp-gtfs-download-config",
                        "attributes": {
                            "bucket": "calitp-gtfs-download-config",
                            "id": "calitp-gtfs-download-config",
                            "role_entity.#": "0"
                        },
                        "meta": {
                            "schema_version": 0
                        },
                        "tainted": false
                    },
                    "deposed": [],
                    "provider": "provider.google"
                },
                "google_storage_default_object_acl.tfer--calitp-gtfs-rt-parsed": {
                    "type": "google_storage_default_object_acl",
                    "depends_on": [],
                    "primary": {
                        "id": "calitp-gtfs-rt-parsed",
                        "attributes": {
                            "bucket": "calitp-gtfs-rt-parsed",
                            "id": "calitp-gtfs-rt-parsed",
                            "role_entity.#": "0"
                        },
                        "meta": {
                            "schema_version": 0
                        },
                        "tainted": false
                    },
                    "deposed": [],
                    "provider": "provider.google"
                },
                "google_storage_default_object_acl.tfer--calitp-gtfs-rt-raw-deprecated": {
                    "type": "google_storage_default_object_acl",
                    "depends_on": [],
                    "primary": {
                        "id": "calitp-gtfs-rt-raw-deprecated",
                        "attributes": {
                            "bucket": "calitp-gtfs-rt-raw-deprecated",
                            "id": "calitp-gtfs-rt-raw-deprecated",
                            "role_entity.#": "0"
                        },
                        "meta": {
                            "schema_version": 0
                        },
                        "tainted": false
                    },
                    "deposed": [],
                    "provider": "provider.google"
                },
                "google_storage_default_object_acl.tfer--calitp-gtfs-rt-raw-v2": {
                    "type": "google_storage_default_object_acl",
                    "depends_on": [],
                    "primary": {
                        "id": "calitp-gtfs-rt-raw-v2",
                        "attributes": {
                            "bucket": "calitp-gtfs-rt-raw-v2",
                            "id": "calitp-gtfs-rt-raw-v2",
                            "role_entity.#": "0"
                        },
                        "meta": {
                            "schema_version": 0
                        },
                        "tainted": false
                    },
                    "deposed": [],
                    "provider": "provider.google"
                },
                "google_storage_default_object_acl.tfer--calitp-gtfs-rt-validation": {
                    "type": "google_storage_default_object_acl",
                    "depends_on": [],
                    "primary": {
                        "id": "calitp-gtfs-rt-validation",
                        "attributes": {
                            "bucket": "calitp-gtfs-rt-validation",
                            "id": "calitp-gtfs-rt-validation",
                            "role_entity.#": "0"
                        },
                        "meta": {
                            "schema_version": 0
                        },
                        "tainted": false
                    },
                    "deposed": [],
                    "provider": "provider.google"
                },
                "google_storage_default_object_acl.tfer--calitp-gtfs-schedule-parsed": {
                    "type": "google_storage_default_object_acl",
                    "depends_on": [],
                    "primary": {
                        "id": "calitp-gtfs-schedule-parsed",
                        "attributes": {
                            "bucket": "calitp-gtfs-schedule-parsed",
                            "id": "calitp-gtfs-schedule-parsed",
                            "role_entity.#": "0"
                        },
                        "meta": {
                            "schema_version": 0
                        },
                        "tainted": false
                    },
                    "deposed": [],
                    "provider": "provider.google"
                },
                "google_storage_default_object_acl.tfer--calitp-gtfs-schedule-parsed-hourly": {
                    "type": "google_storage_default_object_acl",
                    "depends_on": [],
                    "primary": {
                        "id": "calitp-gtfs-schedule-parsed-hourly",
                        "attributes": {
                            "bucket": "calitp-gtfs-schedule-parsed-hourly",
                            "id": "calitp-gtfs-schedule-parsed-hourly",
                            "role_entity.#": "0"
                        },
                        "meta": {
                            "schema_version": 0
                        },
                        "tainted": false
                    },
                    "deposed": [],
                    "provider": "provider.google"
                },
                "google_storage_default_object_acl.tfer--calitp-gtfs-schedule-raw-v2": {
                    "type": "google_storage_default_object_acl",
                    "depends_on": [],
                    "primary": {
                        "id": "calitp-gtfs-schedule-raw-v2",
                        "attributes": {
                            "bucket": "calitp-gtfs-schedule-raw-v2",
                            "id": "calitp-gtfs-schedule-raw-v2",
                            "role_entity.#": "0"
                        },
                        "meta": {
                            "schema_version": 0
                        },
                        "tainted": false
                    },
                    "deposed": [],
                    "provider": "provider.google"
                },
                "google_storage_default_object_acl.tfer--calitp-gtfs-schedule-unzipped": {
                    "type": "google_storage_default_object_acl",
                    "depends_on": [],
                    "primary": {
                        "id": "calitp-gtfs-schedule-unzipped",
                        "attributes": {
                            "bucket": "calitp-gtfs-schedule-unzipped",
                            "id": "calitp-gtfs-schedule-unzipped",
                            "role_entity.#": "0"
                        },
                        "meta": {
                            "schema_version": 0
                        },
                        "tainted": false
                    },
                    "deposed": [],
                    "provider": "provider.google"
                },
                "google_storage_default_object_acl.tfer--calitp-gtfs-schedule-unzipped-hourly": {
                    "type": "google_storage_default_object_acl",
                    "depends_on": [],
                    "primary": {
                        "id": "calitp-gtfs-schedule-unzipped-hourly",
                        "attributes": {
                            "bucket": "calitp-gtfs-schedule-unzipped-hourly",
                            "id": "calitp-gtfs-schedule-unzipped-hourly",
                            "role_entity.#": "0"
                        },
                        "meta": {
                            "schema_version": 0
                        },
                        "tainted": false
                    },
                    "deposed": [],
                    "provider": "provider.google"
                },
                "google_storage_default_object_acl.tfer--calitp-gtfs-schedule-validation": {
                    "type": "google_storage_default_object_acl",
                    "depends_on": [],
                    "primary": {
                        "id": "calitp-gtfs-schedule-validation",
                        "attributes": {
                            "bucket": "calitp-gtfs-schedule-validation",
                            "id": "calitp-gtfs-schedule-validation",
                            "role_entity.#": "0"
                        },
                        "meta": {
                            "schema_version": 0
                        },
                        "tainted": false
                    },
                    "deposed": [],
                    "provider": "provider.google"
                },
                "google_storage_default_object_acl.tfer--calitp-gtfs-schedule-validation-hourly": {
                    "type": "google_storage_default_object_acl",
                    "depends_on": [],
                    "primary": {
                        "id": "calitp-gtfs-schedule-validation-hourly",
                        "attributes": {
                            "bucket": "calitp-gtfs-schedule-validation-hourly",
                            "id": "calitp-gtfs-schedule-validation-hourly",
                            "role_entity.#": "0"
                        },
                        "meta": {
                            "schema_version": 0
                        },
                        "tainted": false
                    },
                    "deposed": [],
                    "provider": "provider.google"
                },
                "google_storage_default_object_acl.tfer--calitp-jamesl-gcp-components-tfstate": {
                    "type": "google_storage_default_object_acl",
                    "depends_on": [],
                    "primary": {
                        "id": "calitp-jamesl-gcp-components-tfstate",
                        "attributes": {
                            "bucket": "calitp-jamesl-gcp-components-tfstate",
                            "id": "calitp-jamesl-gcp-components-tfstate",
                            "role_entity.#": "0"
                        },
                        "meta": {
                            "schema_version": 0
                        },
                        "tainted": false
                    },
                    "deposed": [],
                    "provider": "provider.google"
                },
                "google_storage_default_object_acl.tfer--calitp-map-tiles": {
                    "type": "google_storage_default_object_acl",
                    "depends_on": [],
                    "primary": {
                        "id": "calitp-map-tiles",
                        "attributes": {
                            "bucket": "calitp-map-tiles",
                            "id": "calitp-map-tiles",
                            "role_entity.#": "0"
                        },
                        "meta": {
                            "schema_version": 0
                        },
                        "tainted": false
                    },
                    "deposed": [],
                    "provider": "provider.google"
                },
                "google_storage_default_object_acl.tfer--calitp-metabase-data-public": {
                    "type": "google_storage_default_object_acl",
                    "depends_on": [],
                    "primary": {
                        "id": "calitp-metabase-data-public",
                        "attributes": {
                            "bucket": "calitp-metabase-data-public",
                            "id": "calitp-metabase-data-public",
                            "role_entity.#": "0"
                        },
                        "meta": {
                            "schema_version": 0
                        },
                        "tainted": false
                    },
                    "deposed": [],
                    "provider": "provider.google"
                },
                "google_storage_default_object_acl.tfer--calitp-ntd-api-products": {
                    "type": "google_storage_default_object_acl",
                    "depends_on": [],
                    "primary": {
                        "id": "calitp-ntd-api-products",
                        "attributes": {
                            "bucket": "calitp-ntd-api-products",
                            "id": "calitp-ntd-api-products",
                            "role_entity.#": "0"
                        },
                        "meta": {
                            "schema_version": 0
                        },
                        "tainted": false
                    },
                    "deposed": [],
                    "provider": "provider.google"
                },
                "google_storage_default_object_acl.tfer--calitp-ntd-data-products": {
                    "type": "google_storage_default_object_acl",
                    "depends_on": [],
                    "primary": {
                        "id": "calitp-ntd-data-products",
                        "attributes": {
                            "bucket": "calitp-ntd-data-products",
                            "id": "calitp-ntd-data-products",
                            "role_entity.#": "0"
                        },
                        "meta": {
                            "schema_version": 0
                        },
                        "tainted": false
                    },
                    "deposed": [],
                    "provider": "provider.google"
                },
                "google_storage_default_object_acl.tfer--calitp-ntd-report-validation": {
                    "type": "google_storage_default_object_acl",
                    "depends_on": [],
                    "primary": {
                        "id": "calitp-ntd-report-validation",
                        "attributes": {
                            "bucket": "calitp-ntd-report-validation",
                            "id": "calitp-ntd-report-validation",
                            "role_entity.#": "0"
                        },
                        "meta": {
                            "schema_version": 0
                        },
                        "tainted": false
                    },
                    "deposed": [],
                    "provider": "provider.google"
                },
                "google_storage_default_object_acl.tfer--calitp-ntd-xlsx-products-clean": {
                    "type": "google_storage_default_object_acl",
                    "depends_on": [],
                    "primary": {
                        "id": "calitp-ntd-xlsx-products-clean",
                        "attributes": {
                            "bucket": "calitp-ntd-xlsx-products-clean",
                            "id": "calitp-ntd-xlsx-products-clean",
                            "role_entity.#": "0"
                        },
                        "meta": {
                            "schema_version": 0
                        },
                        "tainted": false
                    },
                    "deposed": [],
                    "provider": "provider.google"
                },
                "google_storage_default_object_acl.tfer--calitp-ntd-xlsx-products-raw": {
                    "type": "google_storage_default_object_acl",
                    "depends_on": [],
                    "primary": {
                        "id": "calitp-ntd-xlsx-products-raw",
                        "attributes": {
                            "bucket": "calitp-ntd-xlsx-products-raw",
                            "id": "calitp-ntd-xlsx-products-raw",
                            "role_entity.#": "0"
                        },
                        "meta": {
                            "schema_version": 0
                        },
                        "tainted": false
                    },
                    "deposed": [],
                    "provider": "provider.google"
                },
                "google_storage_default_object_acl.tfer--calitp-payments-littlepay-parsed": {
                    "type": "google_storage_default_object_acl",
                    "depends_on": [],
                    "primary": {
                        "id": "calitp-payments-littlepay-parsed",
                        "attributes": {
                            "bucket": "calitp-payments-littlepay-parsed",
                            "id": "calitp-payments-littlepay-parsed",
                            "role_entity.#": "0"
                        },
                        "meta": {
                            "schema_version": 0
                        },
                        "tainted": false
                    },
                    "deposed": [],
                    "provider": "provider.google"
                },
                "google_storage_default_object_acl.tfer--calitp-payments-littlepay-raw": {
                    "type": "google_storage_default_object_acl",
                    "depends_on": [],
                    "primary": {
                        "id": "calitp-payments-littlepay-raw",
                        "attributes": {
                            "bucket": "calitp-payments-littlepay-raw",
                            "id": "calitp-payments-littlepay-raw",
                            "role_entity.#": "0"
                        },
                        "meta": {
                            "schema_version": 0
                        },
                        "tainted": false
                    },
                    "deposed": [],
                    "provider": "provider.google"
                },
                "google_storage_default_object_acl.tfer--calitp-prod-gcp-components-tfstate": {
                    "type": "google_storage_default_object_acl",
                    "depends_on": [],
                    "primary": {
                        "id": "calitp-prod-gcp-components-tfstate",
                        "attributes": {
                            "bucket": "calitp-prod-gcp-components-tfstate",
                            "id": "calitp-prod-gcp-components-tfstate",
                            "role_entity.#": "0"
                        },
                        "meta": {
                            "schema_version": 0
                        },
                        "tainted": false
                    },
                    "deposed": [],
                    "provider": "provider.google"
                },
                "google_storage_default_object_acl.tfer--calitp-publish": {
                    "type": "google_storage_default_object_acl",
                    "depends_on": [],
                    "primary": {
                        "id": "calitp-publish",
                        "attributes": {
                            "bucket": "calitp-publish",
                            "id": "calitp-publish",
                            "role_entity.#": "0"
                        },
                        "meta": {
                            "schema_version": 0
                        },
                        "tainted": false
                    },
                    "deposed": [],
                    "provider": "provider.google"
                },
                "google_storage_default_object_acl.tfer--calitp-publish-data-analysis": {
                    "type": "google_storage_default_object_acl",
                    "depends_on": [],
                    "primary": {
                        "id": "calitp-publish-data-analysis",
                        "attributes": {
                            "bucket": "calitp-publish-data-analysis",
                            "id": "calitp-publish-data-analysis",
                            "role_entity.#": "0"
                        },
                        "meta": {
                            "schema_version": 0
                        },
                        "tainted": false
                    },
                    "deposed": [],
                    "provider": "provider.google"
                },
                "google_storage_default_object_acl.tfer--calitp-reports-data": {
                    "type": "google_storage_default_object_acl",
                    "depends_on": [],
                    "primary": {
                        "id": "calitp-reports-data",
                        "attributes": {
                            "bucket": "calitp-reports-data",
                            "id": "calitp-reports-data",
                            "role_entity.#": "0"
                        },
                        "meta": {
                            "schema_version": 0
                        },
                        "tainted": false
                    },
                    "deposed": [],
                    "provider": "provider.google"
                },
                "google_storage_default_object_acl.tfer--calitp-state-geoportal-scrape": {
                    "type": "google_storage_default_object_acl",
                    "depends_on": [],
                    "primary": {
                        "id": "calitp-state-geoportal-scrape",
                        "attributes": {
                            "bucket": "calitp-state-geoportal-scrape",
                            "id": "calitp-state-geoportal-scrape",
                            "role_entity.#": "0"
                        },
                        "meta": {
                            "schema_version": 0
                        },
                        "tainted": false
                    },
                    "deposed": [],
                    "provider": "provider.google"
                },
                "google_storage_default_object_acl.tfer--calitp-state-highway-network-stops": {
                    "type": "google_storage_default_object_acl",
                    "depends_on": [],
                    "primary": {
                        "id": "calitp-state-highway-network-stops",
                        "attributes": {
                            "bucket": "calitp-state-highway-network-stops",
                            "id": "calitp-state-highway-network-stops",
                            "role_entity.#": "0"
                        },
                        "meta": {
                            "schema_version": 0
                        },
                        "tainted": false
                    },
                    "deposed": [],
                    "provider": "provider.google"
                },
                "google_storage_default_object_acl.tfer--cold-storage-outputs-gtfs-data-test": {
                    "type": "google_storage_default_object_acl",
                    "depends_on": [],
                    "primary": {
                        "id": "cold-storage-outputs-gtfs-data-test",
                        "attributes": {
                            "bucket": "cold-storage-outputs-gtfs-data-test",
                            "id": "cold-storage-outputs-gtfs-data-test",
                            "role_entity.#": "3",
                            "role_entity.0": "OWNER:project-editors-1005246706141",
                            "role_entity.1": "OWNER:project-owners-1005246706141",
                            "role_entity.2": "READER:project-viewers-1005246706141"
                        },
                        "meta": {
                            "schema_version": 0
                        },
                        "tainted": false
                    },
                    "deposed": [],
                    "provider": "provider.google"
                },
                "google_storage_default_object_acl.tfer--cold-storage-outputs-gtfs-data-test-charlie-test": {
                    "type": "google_storage_default_object_acl",
                    "depends_on": [],
                    "primary": {
                        "id": "cold-storage-outputs-gtfs-data-test-charlie-test",
                        "attributes": {
                            "bucket": "cold-storage-outputs-gtfs-data-test-charlie-test",
                            "id": "cold-storage-outputs-gtfs-data-test-charlie-test",
                            "role_entity.#": "3",
                            "role_entity.0": "OWNER:project-editors-1005246706141",
                            "role_entity.1": "OWNER:project-owners-1005246706141",
                            "role_entity.2": "READER:project-viewers-1005246706141"
                        },
                        "meta": {
                            "schema_version": 0
                        },
                        "tainted": false
                    },
                    "deposed": [],
                    "provider": "provider.google"
                },
                "google_storage_default_object_acl.tfer--dataproc-staging-us-west2-1005246706141-sfgmtgyp": {
                    "type": "google_storage_default_object_acl",
                    "depends_on": [],
                    "primary": {
                        "id": "dataproc-staging-us-west2-1005246706141-sfgmtgyp",
                        "attributes": {
                            "bucket": "dataproc-staging-us-west2-1005246706141-sfgmtgyp",
                            "id": "dataproc-staging-us-west2-1005246706141-sfgmtgyp",
                            "role_entity.#": "3",
                            "role_entity.0": "OWNER:project-editors-1005246706141",
                            "role_entity.1": "OWNER:project-owners-1005246706141",
                            "role_entity.2": "READER:project-viewers-1005246706141"
                        },
                        "meta": {
                            "schema_version": 0
                        },
                        "tainted": false
                    },
                    "deposed": [],
                    "provider": "provider.google"
                },
                "google_storage_default_object_acl.tfer--dataproc-temp-us-west2-1005246706141-x9mtxbwg": {
                    "type": "google_storage_default_object_acl",
                    "depends_on": [],
                    "primary": {
                        "id": "dataproc-temp-us-west2-1005246706141-x9mtxbwg",
                        "attributes": {
                            "bucket": "dataproc-temp-us-west2-1005246706141-x9mtxbwg",
                            "id": "dataproc-temp-us-west2-1005246706141-x9mtxbwg",
                            "role_entity.#": "3",
                            "role_entity.0": "OWNER:project-editors-1005246706141",
                            "role_entity.1": "OWNER:project-owners-1005246706141",
                            "role_entity.2": "READER:project-viewers-1005246706141"
                        },
                        "meta": {
                            "schema_version": 0
                        },
                        "tainted": false
                    },
                    "deposed": [],
                    "provider": "provider.google"
                },
                "google_storage_default_object_acl.tfer--dev-calitp-aggregator-scraper": {
                    "type": "google_storage_default_object_acl",
                    "depends_on": [],
                    "primary": {
                        "id": "dev-calitp-aggregator-scraper",
                        "attributes": {
                            "bucket": "dev-calitp-aggregator-scraper",
                            "id": "dev-calitp-aggregator-scraper",
                            "role_entity.#": "0"
                        },
                        "meta": {
                            "schema_version": 0
                        },
                        "tainted": false
                    },
                    "deposed": [],
                    "provider": "provider.google"
                },
                "google_storage_default_object_acl.tfer--dev-calitp-gtfs-rt-raw": {
                    "type": "google_storage_default_object_acl",
                    "depends_on": [],
                    "primary": {
                        "id": "dev-calitp-gtfs-rt-raw",
                        "attributes": {
                            "bucket": "dev-calitp-gtfs-rt-raw",
                            "id": "dev-calitp-gtfs-rt-raw",
                            "role_entity.#": "0"
                        },
                        "meta": {
                            "schema_version": 0
                        },
                        "tainted": false
                    },
                    "deposed": [],
                    "provider": "provider.google"
                },
                "google_storage_default_object_acl.tfer--dev-calitp-test-sandbox": {
                    "type": "google_storage_default_object_acl",
                    "depends_on": [],
                    "primary": {
                        "id": "dev-calitp-test-sandbox",
                        "attributes": {
                            "bucket": "dev-calitp-test-sandbox",
                            "id": "dev-calitp-test-sandbox",
                            "role_entity.#": "0"
                        },
                        "meta": {
                            "schema_version": 0
                        },
                        "tainted": false
                    },
                    "deposed": [],
                    "provider": "provider.google"
                },
                "google_storage_default_object_acl.tfer--gtfs-data": {
                    "type": "google_storage_default_object_acl",
                    "depends_on": [],
                    "primary": {
                        "id": "gtfs-data",
                        "attributes": {
                            "bucket": "gtfs-data",
                            "id": "gtfs-data",
                            "role_entity.#": "3",
                            "role_entity.0": "OWNER:project-editors-1005246706141",
                            "role_entity.1": "OWNER:project-owners-1005246706141",
                            "role_entity.2": "READER:project-viewers-1005246706141"
                        },
                        "meta": {
                            "schema_version": 0
                        },
                        "tainted": false
                    },
                    "deposed": [],
                    "provider": "provider.google"
                },
                "google_storage_default_object_acl.tfer--gtfs-data-reports": {
                    "type": "google_storage_default_object_acl",
                    "depends_on": [],
                    "primary": {
                        "id": "gtfs-data-reports",
                        "attributes": {
                            "bucket": "gtfs-data-reports",
                            "id": "gtfs-data-reports",
                            "role_entity.#": "0"
                        },
                        "meta": {
                            "schema_version": 0
                        },
                        "tainted": false
                    },
                    "deposed": [],
                    "provider": "provider.google"
                },
                "google_storage_default_object_acl.tfer--gtfs-data-test": {
                    "type": "google_storage_default_object_acl",
                    "depends_on": [],
                    "primary": {
                        "id": "gtfs-data-test",
                        "attributes": {
                            "bucket": "gtfs-data-test",
                            "id": "gtfs-data-test",
                            "role_entity.#": "0"
                        },
                        "meta": {
                            "schema_version": 0
                        },
                        "tainted": false
                    },
                    "deposed": [],
                    "provider": "provider.google"
                },
                "google_storage_default_object_acl.tfer--gtfs-data-test-reports": {
                    "type": "google_storage_default_object_acl",
                    "depends_on": [],
                    "primary": {
                        "id": "gtfs-data-test-reports",
                        "attributes": {
                            "bucket": "gtfs-data-test-reports",
                            "id": "gtfs-data-test-reports",
                            "role_entity.#": "0"
                        },
                        "meta": {
                            "schema_version": 0
                        },
                        "tainted": false
                    },
                    "deposed": [],
                    "provider": "provider.google"
                },
                "google_storage_default_object_acl.tfer--gtfs-schedule-backfill-test": {
                    "type": "google_storage_default_object_acl",
                    "depends_on": [],
                    "primary": {
                        "id": "gtfs-schedule-backfill-test",
                        "attributes": {
                            "bucket": "gtfs-schedule-backfill-test",
                            "id": "gtfs-schedule-backfill-test",
                            "role_entity.#": "0"
                        },
                        "meta": {
                            "schema_version": 0
                        },
                        "tainted": false
                    },
                    "deposed": [],
                    "provider": "provider.google"
                },
                "google_storage_default_object_acl.tfer--gtfs-schedule-backfill-test-deprecated": {
                    "type": "google_storage_default_object_acl",
                    "depends_on": [],
                    "primary": {
                        "id": "gtfs-schedule-backfill-test-deprecated",
                        "attributes": {
                            "bucket": "gtfs-schedule-backfill-test-deprecated",
                            "id": "gtfs-schedule-backfill-test-deprecated",
                            "role_entity.#": "0"
                        },
                        "meta": {
                            "schema_version": 0
                        },
                        "tainted": false
                    },
                    "deposed": [],
                    "provider": "provider.google"
                },
                "google_storage_default_object_acl.tfer--littlepay-data-extract-prod": {
                    "type": "google_storage_default_object_acl",
                    "depends_on": [],
                    "primary": {
                        "id": "littlepay-data-extract-prod",
                        "attributes": {
                            "bucket": "littlepay-data-extract-prod",
                            "id": "littlepay-data-extract-prod",
                            "role_entity.#": "0"
                        },
                        "meta": {
                            "schema_version": 0
                        },
                        "tainted": false
                    },
                    "deposed": [],
                    "provider": "provider.google"
                },
                "google_storage_default_object_acl.tfer--rt-parsed": {
                    "type": "google_storage_default_object_acl",
                    "depends_on": [],
                    "primary": {
                        "id": "rt-parsed",
                        "attributes": {
                            "bucket": "rt-parsed",
                            "id": "rt-parsed",
                            "role_entity.#": "0"
                        },
                        "meta": {
                            "schema_version": 0
                        },
                        "tainted": false
                    },
                    "deposed": [],
                    "provider": "provider.google"
                },
                "google_storage_default_object_acl.tfer--rt-parsed-deprecated": {
                    "type": "google_storage_default_object_acl",
                    "depends_on": [],
                    "primary": {
                        "id": "rt-parsed-deprecated",
                        "attributes": {
                            "bucket": "rt-parsed-deprecated",
                            "id": "rt-parsed-deprecated",
                            "role_entity.#": "0"
                        },
                        "meta": {
                            "schema_version": 0
                        },
                        "tainted": false
                    },
                    "deposed": [],
                    "provider": "provider.google"
                },
                "google_storage_default_object_acl.tfer--staging-002E-cal-itp-data-infra-002E-appspot-002E-com": {
                    "type": "google_storage_default_object_acl",
                    "depends_on": [],
                    "primary": {
                        "id": "staging.cal-itp-data-infra.appspot.com",
                        "attributes": {
                            "bucket": "staging.cal-itp-data-infra.appspot.com",
                            "id": "staging.cal-itp-data-infra.appspot.com",
                            "role_entity.#": "3",
                            "role_entity.0": "OWNER:project-editors-1005246706141",
                            "role_entity.1": "OWNER:project-owners-1005246706141",
                            "role_entity.2": "READER:project-viewers-1005246706141"
                        },
                        "meta": {
                            "schema_version": 0
                        },
                        "tainted": false
                    },
                    "deposed": [],
                    "provider": "provider.google"
                },
                "google_storage_default_object_acl.tfer--test-calitp-aggregator-scraper": {
                    "type": "google_storage_default_object_acl",
                    "depends_on": [],
                    "primary": {
                        "id": "test-calitp-aggregator-scraper",
                        "attributes": {
                            "bucket": "test-calitp-aggregator-scraper",
                            "id": "test-calitp-aggregator-scraper",
                            "role_entity.#": "0"
                        },
                        "meta": {
                            "schema_version": 0
                        },
                        "tainted": false
                    },
                    "deposed": [],
                    "provider": "provider.google"
                },
                "google_storage_default_object_acl.tfer--test-calitp-airtable": {
                    "type": "google_storage_default_object_acl",
                    "depends_on": [],
                    "primary": {
                        "id": "test-calitp-airtable",
                        "attributes": {
                            "bucket": "test-calitp-airtable",
                            "id": "test-calitp-airtable",
                            "role_entity.#": "0"
                        },
                        "meta": {
                            "schema_version": 0
                        },
                        "tainted": false
                    },
                    "deposed": [],
                    "provider": "provider.google"
                },
                "google_storage_default_object_acl.tfer--test-calitp-dbt-artifacts": {
                    "type": "google_storage_default_object_acl",
                    "depends_on": [],
                    "primary": {
                        "id": "test-calitp-dbt-artifacts",
                        "attributes": {
                            "bucket": "test-calitp-dbt-artifacts",
                            "id": "test-calitp-dbt-artifacts",
                            "role_entity.#": "0"
                        },
                        "meta": {
                            "schema_version": 0
                        },
                        "tainted": false
                    },
                    "deposed": [],
                    "provider": "provider.google"
                },
                "google_storage_default_object_acl.tfer--test-calitp-dbt-python-models": {
                    "type": "google_storage_default_object_acl",
                    "depends_on": [],
                    "primary": {
                        "id": "test-calitp-dbt-python-models",
                        "attributes": {
                            "bucket": "test-calitp-dbt-python-models",
                            "id": "test-calitp-dbt-python-models",
                            "role_entity.#": "0"
                        },
                        "meta": {
                            "schema_version": 0
                        },
                        "tainted": false
                    },
                    "deposed": [],
                    "provider": "provider.google"
                },
                "google_storage_default_object_acl.tfer--test-calitp-elavon": {
                    "type": "google_storage_default_object_acl",
                    "depends_on": [],
                    "primary": {
                        "id": "test-calitp-elavon",
                        "attributes": {
                            "bucket": "test-calitp-elavon",
                            "id": "test-calitp-elavon",
                            "role_entity.#": "0"
                        },
                        "meta": {
                            "schema_version": 0
                        },
                        "tainted": false
                    },
                    "deposed": [],
                    "provider": "provider.google"
                },
                "google_storage_default_object_acl.tfer--test-calitp-elavon-parsed": {
                    "type": "google_storage_default_object_acl",
                    "depends_on": [],
                    "primary": {
                        "id": "test-calitp-elavon-parsed",
                        "attributes": {
                            "bucket": "test-calitp-elavon-parsed",
                            "id": "test-calitp-elavon-parsed",
                            "role_entity.#": "0"
                        },
                        "meta": {
                            "schema_version": 0
                        },
                        "tainted": false
                    },
                    "deposed": [],
                    "provider": "provider.google"
                },
                "google_storage_default_object_acl.tfer--test-calitp-elavon-raw": {
                    "type": "google_storage_default_object_acl",
                    "depends_on": [],
                    "primary": {
                        "id": "test-calitp-elavon-raw",
                        "attributes": {
                            "bucket": "test-calitp-elavon-raw",
                            "id": "test-calitp-elavon-raw",
                            "role_entity.#": "0"
                        },
                        "meta": {
                            "schema_version": 0
                        },
                        "tainted": false
                    },
                    "deposed": [],
                    "provider": "provider.google"
                },
                "google_storage_default_object_acl.tfer--test-calitp-gtfs-config": {
                    "type": "google_storage_default_object_acl",
                    "depends_on": [],
                    "primary": {
                        "id": "test-calitp-gtfs-config",
                        "attributes": {
                            "bucket": "test-calitp-gtfs-config",
                            "id": "test-calitp-gtfs-config",
                            "role_entity.#": "0"
                        },
                        "meta": {
                            "schema_version": 0
                        },
                        "tainted": false
                    },
                    "deposed": [],
                    "provider": "provider.google"
                },
                "google_storage_default_object_acl.tfer--test-calitp-gtfs-download-config": {
                    "type": "google_storage_default_object_acl",
                    "depends_on": [],
                    "primary": {
                        "id": "test-calitp-gtfs-download-config",
                        "attributes": {
                            "bucket": "test-calitp-gtfs-download-config",
                            "id": "test-calitp-gtfs-download-config",
                            "role_entity.#": "0"
                        },
                        "meta": {
                            "schema_version": 0
                        },
                        "tainted": false
                    },
                    "deposed": [],
                    "provider": "provider.google"
                },
                "google_storage_default_object_acl.tfer--test-calitp-gtfs-raw": {
                    "type": "google_storage_default_object_acl",
                    "depends_on": [],
                    "primary": {
                        "id": "test-calitp-gtfs-raw",
                        "attributes": {
                            "bucket": "test-calitp-gtfs-raw",
                            "id": "test-calitp-gtfs-raw",
                            "role_entity.#": "0"
                        },
                        "meta": {
                            "schema_version": 0
                        },
                        "tainted": false
                    },
                    "deposed": [],
                    "provider": "provider.google"
                },
                "google_storage_default_object_acl.tfer--test-calitp-gtfs-rt-parsed": {
                    "type": "google_storage_default_object_acl",
                    "depends_on": [],
                    "primary": {
                        "id": "test-calitp-gtfs-rt-parsed",
                        "attributes": {
                            "bucket": "test-calitp-gtfs-rt-parsed",
                            "id": "test-calitp-gtfs-rt-parsed",
                            "role_entity.#": "0"
                        },
                        "meta": {
                            "schema_version": 0
                        },
                        "tainted": false
                    },
                    "deposed": [],
                    "provider": "provider.google"
                },
                "google_storage_default_object_acl.tfer--test-calitp-gtfs-rt-raw": {
                    "type": "google_storage_default_object_acl",
                    "depends_on": [],
                    "primary": {
                        "id": "test-calitp-gtfs-rt-raw",
                        "attributes": {
                            "bucket": "test-calitp-gtfs-rt-raw",
                            "id": "test-calitp-gtfs-rt-raw",
                            "role_entity.#": "0"
                        },
                        "meta": {
                            "schema_version": 0
                        },
                        "tainted": false
                    },
                    "deposed": [],
                    "provider": "provider.google"
                },
                "google_storage_default_object_acl.tfer--test-calitp-gtfs-rt-raw-v2": {
                    "type": "google_storage_default_object_acl",
                    "depends_on": [],
                    "primary": {
                        "id": "test-calitp-gtfs-rt-raw-v2",
                        "attributes": {
                            "bucket": "test-calitp-gtfs-rt-raw-v2",
                            "id": "test-calitp-gtfs-rt-raw-v2",
                            "role_entity.#": "0"
                        },
                        "meta": {
                            "schema_version": 0
                        },
                        "tainted": false
                    },
                    "deposed": [],
                    "provider": "provider.google"
                },
                "google_storage_default_object_acl.tfer--test-calitp-gtfs-rt-validation": {
                    "type": "google_storage_default_object_acl",
                    "depends_on": [],
                    "primary": {
                        "id": "test-calitp-gtfs-rt-validation",
                        "attributes": {
                            "bucket": "test-calitp-gtfs-rt-validation",
                            "id": "test-calitp-gtfs-rt-validation",
                            "role_entity.#": "0"
                        },
                        "meta": {
                            "schema_version": 0
                        },
                        "tainted": false
                    },
                    "deposed": [],
                    "provider": "provider.google"
                },
                "google_storage_default_object_acl.tfer--test-calitp-gtfs-schedule-parsed": {
                    "type": "google_storage_default_object_acl",
                    "depends_on": [],
                    "primary": {
                        "id": "test-calitp-gtfs-schedule-parsed",
                        "attributes": {
                            "bucket": "test-calitp-gtfs-schedule-parsed",
                            "id": "test-calitp-gtfs-schedule-parsed",
                            "role_entity.#": "0"
                        },
                        "meta": {
                            "schema_version": 0
                        },
                        "tainted": false
                    },
                    "deposed": [],
                    "provider": "provider.google"
                },
                "google_storage_default_object_acl.tfer--test-calitp-gtfs-schedule-parsed-hourly": {
                    "type": "google_storage_default_object_acl",
                    "depends_on": [],
                    "primary": {
                        "id": "test-calitp-gtfs-schedule-parsed-hourly",
                        "attributes": {
                            "bucket": "test-calitp-gtfs-schedule-parsed-hourly",
                            "id": "test-calitp-gtfs-schedule-parsed-hourly",
                            "role_entity.#": "0"
                        },
                        "meta": {
                            "schema_version": 0
                        },
                        "tainted": false
                    },
                    "deposed": [],
                    "provider": "provider.google"
                },
                "google_storage_default_object_acl.tfer--test-calitp-gtfs-schedule-processed": {
                    "type": "google_storage_default_object_acl",
                    "depends_on": [],
                    "primary": {
                        "id": "test-calitp-gtfs-schedule-processed",
                        "attributes": {
                            "bucket": "test-calitp-gtfs-schedule-processed",
                            "id": "test-calitp-gtfs-schedule-processed",
                            "role_entity.#": "0"
                        },
                        "meta": {
                            "schema_version": 0
                        },
                        "tainted": false
                    },
                    "deposed": [],
                    "provider": "provider.google"
                },
                "google_storage_default_object_acl.tfer--test-calitp-gtfs-schedule-raw": {
                    "type": "google_storage_default_object_acl",
                    "depends_on": [],
                    "primary": {
                        "id": "test-calitp-gtfs-schedule-raw",
                        "attributes": {
                            "bucket": "test-calitp-gtfs-schedule-raw",
                            "id": "test-calitp-gtfs-schedule-raw",
                            "role_entity.#": "0"
                        },
                        "meta": {
                            "schema_version": 0
                        },
                        "tainted": false
                    },
                    "deposed": [],
                    "provider": "provider.google"
                },
                "google_storage_default_object_acl.tfer--test-calitp-gtfs-schedule-raw-v2": {
                    "type": "google_storage_default_object_acl",
                    "depends_on": [],
                    "primary": {
                        "id": "test-calitp-gtfs-schedule-raw-v2",
                        "attributes": {
                            "bucket": "test-calitp-gtfs-schedule-raw-v2",
                            "id": "test-calitp-gtfs-schedule-raw-v2",
                            "role_entity.#": "0"
                        },
                        "meta": {
                            "schema_version": 0
                        },
                        "tainted": false
                    },
                    "deposed": [],
                    "provider": "provider.google"
                },
                "google_storage_default_object_acl.tfer--test-calitp-gtfs-schedule-raw-v2-backfill-test": {
                    "type": "google_storage_default_object_acl",
                    "depends_on": [],
                    "primary": {
                        "id": "test-calitp-gtfs-schedule-raw-v2-backfill-test",
                        "attributes": {
                            "bucket": "test-calitp-gtfs-schedule-raw-v2-backfill-test",
                            "id": "test-calitp-gtfs-schedule-raw-v2-backfill-test",
                            "role_entity.#": "0"
                        },
                        "meta": {
                            "schema_version": 0
                        },
                        "tainted": false
                    },
                    "deposed": [],
                    "provider": "provider.google"
                },
                "google_storage_default_object_acl.tfer--test-calitp-gtfs-schedule-unzipped": {
                    "type": "google_storage_default_object_acl",
                    "depends_on": [],
                    "primary": {
                        "id": "test-calitp-gtfs-schedule-unzipped",
                        "attributes": {
                            "bucket": "test-calitp-gtfs-schedule-unzipped",
                            "id": "test-calitp-gtfs-schedule-unzipped",
                            "role_entity.#": "0"
                        },
                        "meta": {
                            "schema_version": 0
                        },
                        "tainted": false
                    },
                    "deposed": [],
                    "provider": "provider.google"
                },
                "google_storage_default_object_acl.tfer--test-calitp-gtfs-schedule-unzipped-hourly": {
                    "type": "google_storage_default_object_acl",
                    "depends_on": [],
                    "primary": {
                        "id": "test-calitp-gtfs-schedule-unzipped-hourly",
                        "attributes": {
                            "bucket": "test-calitp-gtfs-schedule-unzipped-hourly",
                            "id": "test-calitp-gtfs-schedule-unzipped-hourly",
                            "role_entity.#": "0"
                        },
                        "meta": {
                            "schema_version": 0
                        },
                        "tainted": false
                    },
                    "deposed": [],
                    "provider": "provider.google"
                },
                "google_storage_default_object_acl.tfer--test-calitp-gtfs-schedule-validation": {
                    "type": "google_storage_default_object_acl",
                    "depends_on": [],
                    "primary": {
                        "id": "test-calitp-gtfs-schedule-validation",
                        "attributes": {
                            "bucket": "test-calitp-gtfs-schedule-validation",
                            "id": "test-calitp-gtfs-schedule-validation",
                            "role_entity.#": "0"
                        },
                        "meta": {
                            "schema_version": 0
                        },
                        "tainted": false
                    },
                    "deposed": [],
                    "provider": "provider.google"
                },
                "google_storage_default_object_acl.tfer--test-calitp-gtfs-schedule-validation-hourly": {
                    "type": "google_storage_default_object_acl",
                    "depends_on": [],
                    "primary": {
                        "id": "test-calitp-gtfs-schedule-validation-hourly",
                        "attributes": {
                            "bucket": "test-calitp-gtfs-schedule-validation-hourly",
                            "id": "test-calitp-gtfs-schedule-validation-hourly",
                            "role_entity.#": "0"
                        },
                        "meta": {
                            "schema_version": 0
                        },
                        "tainted": false
                    },
                    "deposed": [],
                    "provider": "provider.google"
                },
                "google_storage_default_object_acl.tfer--test-calitp-ntd-api-products": {
                    "type": "google_storage_default_object_acl",
                    "depends_on": [],
                    "primary": {
                        "id": "test-calitp-ntd-api-products",
                        "attributes": {
                            "bucket": "test-calitp-ntd-api-products",
                            "id": "test-calitp-ntd-api-products",
                            "role_entity.#": "0"
                        },
                        "meta": {
                            "schema_version": 0
                        },
                        "tainted": false
                    },
                    "deposed": [],
                    "provider": "provider.google"
                },
                "google_storage_default_object_acl.tfer--test-calitp-ntd-data-products": {
                    "type": "google_storage_default_object_acl",
                    "depends_on": [],
                    "primary": {
                        "id": "test-calitp-ntd-data-products",
                        "attributes": {
                            "bucket": "test-calitp-ntd-data-products",
                            "id": "test-calitp-ntd-data-products",
                            "role_entity.#": "0"
                        },
                        "meta": {
                            "schema_version": 0
                        },
                        "tainted": false
                    },
                    "deposed": [],
                    "provider": "provider.google"
                },
                "google_storage_default_object_acl.tfer--test-calitp-ntd-report-validation": {
                    "type": "google_storage_default_object_acl",
                    "depends_on": [],
                    "primary": {
                        "id": "test-calitp-ntd-report-validation",
                        "attributes": {
                            "bucket": "test-calitp-ntd-report-validation",
                            "id": "test-calitp-ntd-report-validation",
                            "role_entity.#": "0"
                        },
                        "meta": {
                            "schema_version": 0
                        },
                        "tainted": false
                    },
                    "deposed": [],
                    "provider": "provider.google"
                },
                "google_storage_default_object_acl.tfer--test-calitp-ntd-xlsx-products-clean": {
                    "type": "google_storage_default_object_acl",
                    "depends_on": [],
                    "primary": {
                        "id": "test-calitp-ntd-xlsx-products-clean",
                        "attributes": {
                            "bucket": "test-calitp-ntd-xlsx-products-clean",
                            "id": "test-calitp-ntd-xlsx-products-clean",
                            "role_entity.#": "0"
                        },
                        "meta": {
                            "schema_version": 0
                        },
                        "tainted": false
                    },
                    "deposed": [],
                    "provider": "provider.google"
                },
                "google_storage_default_object_acl.tfer--test-calitp-ntd-xlsx-products-raw": {
                    "type": "google_storage_default_object_acl",
                    "depends_on": [],
                    "primary": {
                        "id": "test-calitp-ntd-xlsx-products-raw",
                        "attributes": {
                            "bucket": "test-calitp-ntd-xlsx-products-raw",
                            "id": "test-calitp-ntd-xlsx-products-raw",
                            "role_entity.#": "0"
                        },
                        "meta": {
                            "schema_version": 0
                        },
                        "tainted": false
                    },
                    "deposed": [],
                    "provider": "provider.google"
                },
                "google_storage_default_object_acl.tfer--test-calitp-payments-littlepay-parsed": {
                    "type": "google_storage_default_object_acl",
                    "depends_on": [],
                    "primary": {
                        "id": "test-calitp-payments-littlepay-parsed",
                        "attributes": {
                            "bucket": "test-calitp-payments-littlepay-parsed",
                            "id": "test-calitp-payments-littlepay-parsed",
                            "role_entity.#": "0"
                        },
                        "meta": {
                            "schema_version": 0
                        },
                        "tainted": false
                    },
                    "deposed": [],
                    "provider": "provider.google"
                },
                "google_storage_default_object_acl.tfer--test-calitp-payments-littlepay-raw": {
                    "type": "google_storage_default_object_acl",
                    "depends_on": [],
                    "primary": {
                        "id": "test-calitp-payments-littlepay-raw",
                        "attributes": {
                            "bucket": "test-calitp-payments-littlepay-raw",
                            "id": "test-calitp-payments-littlepay-raw",
                            "role_entity.#": "0"
                        },
                        "meta": {
                            "schema_version": 0
                        },
                        "tainted": false
                    },
                    "deposed": [],
                    "provider": "provider.google"
                },
                "google_storage_default_object_acl.tfer--test-calitp-publish": {
                    "type": "google_storage_default_object_acl",
                    "depends_on": [],
                    "primary": {
                        "id": "test-calitp-publish",
                        "attributes": {
                            "bucket": "test-calitp-publish",
                            "id": "test-calitp-publish",
                            "role_entity.#": "0"
                        },
                        "meta": {
                            "schema_version": 0
                        },
                        "tainted": false
                    },
                    "deposed": [],
                    "provider": "provider.google"
                },
                "google_storage_default_object_acl.tfer--test-calitp-publish-data-analysis": {
                    "type": "google_storage_default_object_acl",
                    "depends_on": [],
                    "primary": {
                        "id": "test-calitp-publish-data-analysis",
                        "attributes": {
                            "bucket": "test-calitp-publish-data-analysis",
                            "id": "test-calitp-publish-data-analysis",
                            "role_entity.#": "0"
                        },
                        "meta": {
                            "schema_version": 0
                        },
                        "tainted": false
                    },
                    "deposed": [],
                    "provider": "provider.google"
                },
                "google_storage_default_object_acl.tfer--test-calitp-reports-data": {
                    "type": "google_storage_default_object_acl",
                    "depends_on": [],
                    "primary": {
                        "id": "test-calitp-reports-data",
                        "attributes": {
                            "bucket": "test-calitp-reports-data",
                            "id": "test-calitp-reports-data",
                            "role_entity.#": "0"
                        },
                        "meta": {
                            "schema_version": 0
                        },
                        "tainted": false
                    },
                    "deposed": [],
                    "provider": "provider.google"
                },
                "google_storage_default_object_acl.tfer--test-calitp-sentry": {
                    "type": "google_storage_default_object_acl",
                    "depends_on": [],
                    "primary": {
                        "id": "test-calitp-sentry",
                        "attributes": {
                            "bucket": "test-calitp-sentry",
                            "id": "test-calitp-sentry",
                            "role_entity.#": "0"
                        },
                        "meta": {
                            "schema_version": 0
                        },
                        "tainted": false
                    },
                    "deposed": [],
                    "provider": "provider.google"
                },
                "google_storage_default_object_acl.tfer--test-calitp-state-geoportal-scrape": {
                    "type": "google_storage_default_object_acl",
                    "depends_on": [],
                    "primary": {
                        "id": "test-calitp-state-geoportal-scrape",
                        "attributes": {
                            "bucket": "test-calitp-state-geoportal-scrape",
                            "id": "test-calitp-state-geoportal-scrape",
                            "role_entity.#": "0"
                        },
                        "meta": {
                            "schema_version": 0
                        },
                        "tainted": false
                    },
                    "deposed": [],
                    "provider": "provider.google"
                },
                "google_storage_default_object_acl.tfer--test-rt-parsed": {
                    "type": "google_storage_default_object_acl",
                    "depends_on": [],
                    "primary": {
                        "id": "test-rt-parsed",
                        "attributes": {
                            "bucket": "test-rt-parsed",
                            "id": "test-rt-parsed",
                            "role_entity.#": "0"
                        },
                        "meta": {
                            "schema_version": 0
                        },
                        "tainted": false
                    },
                    "deposed": [],
                    "provider": "provider.google"
                },
                "google_storage_default_object_acl.tfer--test-rt-validations": {
                    "type": "google_storage_default_object_acl",
                    "depends_on": [],
                    "primary": {
                        "id": "test-rt-validations",
                        "attributes": {
                            "bucket": "test-rt-validations",
                            "id": "test-rt-validations",
                            "role_entity.#": "0"
                        },
                        "meta": {
                            "schema_version": 0
                        },
                        "tainted": false
                    },
                    "deposed": [],
                    "provider": "provider.google"
                },
                "google_storage_default_object_acl.tfer--us-002E-artifacts-002E-cal-itp-data-infra-002E-appspot-002E-com": {
                    "type": "google_storage_default_object_acl",
                    "depends_on": [],
                    "primary": {
                        "id": "us.artifacts.cal-itp-data-infra.appspot.com",
                        "attributes": {
                            "bucket": "us.artifacts.cal-itp-data-infra.appspot.com",
                            "id": "us.artifacts.cal-itp-data-infra.appspot.com",
                            "role_entity.#": "3",
                            "role_entity.0": "OWNER:project-editors-1005246706141",
                            "role_entity.1": "OWNER:project-owners-1005246706141",
                            "role_entity.2": "READER:project-viewers-1005246706141"
                        },
                        "meta": {
                            "schema_version": 0
                        },
                        "tainted": false
                    },
                    "deposed": [],
                    "provider": "provider.google"
                },
                "google_storage_default_object_acl.tfer--us-west2-calitp-airflow2-pr-171e4e47-bucket": {
                    "type": "google_storage_default_object_acl",
                    "depends_on": [],
                    "primary": {
                        "id": "us-west2-calitp-airflow2-pr-171e4e47-bucket",
                        "attributes": {
                            "bucket": "us-west2-calitp-airflow2-pr-171e4e47-bucket",
                            "id": "us-west2-calitp-airflow2-pr-171e4e47-bucket",
                            "role_entity.#": "3",
                            "role_entity.0": "OWNER:project-editors-1005246706141",
                            "role_entity.1": "OWNER:project-owners-1005246706141",
                            "role_entity.2": "READER:project-viewers-1005246706141"
                        },
                        "meta": {
                            "schema_version": 0
                        },
                        "tainted": false
                    },
                    "deposed": [],
                    "provider": "provider.google"
                },
                "google_storage_default_object_acl.tfer--us-west2-calitp-airflow2-pr-31e41084-bucket": {
                    "type": "google_storage_default_object_acl",
                    "depends_on": [],
                    "primary": {
                        "id": "us-west2-calitp-airflow2-pr-31e41084-bucket",
                        "attributes": {
                            "bucket": "us-west2-calitp-airflow2-pr-31e41084-bucket",
                            "id": "us-west2-calitp-airflow2-pr-31e41084-bucket",
                            "role_entity.#": "3",
                            "role_entity.0": "OWNER:project-editors-1005246706141",
                            "role_entity.1": "OWNER:project-owners-1005246706141",
                            "role_entity.2": "READER:project-viewers-1005246706141"
                        },
                        "meta": {
                            "schema_version": 0
                        },
                        "tainted": false
                    },
                    "deposed": [],
                    "provider": "provider.google"
                },
                "google_storage_default_object_acl.tfer--us-west2-calitp-airflow2-pr-88ca8ec6-bucket": {
                    "type": "google_storage_default_object_acl",
                    "depends_on": [],
                    "primary": {
                        "id": "us-west2-calitp-airflow2-pr-88ca8ec6-bucket",
                        "attributes": {
                            "bucket": "us-west2-calitp-airflow2-pr-88ca8ec6-bucket",
                            "id": "us-west2-calitp-airflow2-pr-88ca8ec6-bucket",
                            "role_entity.#": "3",
                            "role_entity.0": "OWNER:project-editors-1005246706141",
                            "role_entity.1": "OWNER:project-owners-1005246706141",
                            "role_entity.2": "READER:project-viewers-1005246706141"
                        },
                        "meta": {
                            "schema_version": 0
                        },
                        "tainted": false
                    },
                    "deposed": [],
                    "provider": "provider.google"
                }
            },
            "depends_on": []
        }
    ]
}
