{
  "version": 4,
  "terraform_version": "1.10.5",
  "serial": 2,
  "lineage": "b6661a35-f7ce-139a-6de2-f41860194c40",
  "outputs": {
    "google_project_iam_custom_role_tfer--projects-002F-cal-itp-data-infra-staging-002F-roles-002F-CustomGCSPublisher_id": {
      "value": "projects/cal-itp-data-infra-staging/roles/CustomGCSPublisher",
      "type": "string"
    },
    "google_project_iam_member_tfer--roles-002F-bigquery-002E-dataEditorserviceAccount-003A-bq-transform-svcacct-0040-cal-itp-data-infra-002E-iam-002E-gserviceaccount-002E-com_id": {
      "value": "roles/bigquery.dataEditorserviceAccount:bq-transform-svcacct@cal-itp-data-infra.iam.gserviceaccount.com",
      "type": "string"
    },
    "google_project_iam_member_tfer--roles-002F-bigquery-002E-dataEditorserviceAccount-003A-github-actions-services-accoun-0040-cal-itp-data-infra-002E-iam-002E-gserviceaccount-002E-com_id": {
      "value": "roles/bigquery.dataEditorserviceAccount:github-actions-services-accoun@cal-itp-data-infra.iam.gserviceaccount.com",
      "type": "string"
    },
    "google_project_iam_member_tfer--roles-002F-bigquery-002E-dataViewerserviceAccount-003A-github-actions-services-accoun-0040-cal-itp-data-infra-002E-iam-002E-gserviceaccount-002E-com_id": {
      "value": "roles/bigquery.dataViewerserviceAccount:github-actions-services-accoun@cal-itp-data-infra.iam.gserviceaccount.com",
      "type": "string"
    },
    "google_project_iam_member_tfer--roles-002F-bigquery-002E-dataViewerserviceAccount-003A-metabase-0040-cal-itp-data-infra-002E-iam-002E-gserviceaccount-002E-com_id": {
      "value": "roles/bigquery.dataViewerserviceAccount:metabase@cal-itp-data-infra.iam.gserviceaccount.com",
      "type": "string"
    },
    "google_project_iam_member_tfer--roles-002F-bigquery-002E-dataViewerserviceAccount-003A-metabase-0040-cal-itp-data-infra-staging-002E-iam-002E-gserviceaccount-002E-com_id": {
      "value": "roles/bigquery.dataViewerserviceAccount:metabase@cal-itp-data-infra-staging.iam.gserviceaccount.com",
      "type": "string"
    },
    "google_project_iam_member_tfer--roles-002F-bigquery-002E-jobUserserviceAccount-003A-bq-transform-svcacct-0040-cal-itp-data-infra-002E-iam-002E-gserviceaccount-002E-com_id": {
      "value": "roles/bigquery.jobUserserviceAccount:bq-transform-svcacct@cal-itp-data-infra.iam.gserviceaccount.com",
      "type": "string"
    },
    "google_project_iam_member_tfer--roles-002F-bigquery-002E-jobUserserviceAccount-003A-calitp-py-ci-0040-cal-itp-data-infra-002E-iam-002E-gserviceaccount-002E-com_id": {
      "value": "roles/bigquery.jobUserserviceAccount:calitp-py-ci@cal-itp-data-infra.iam.gserviceaccount.com",
      "type": "string"
    },
    "google_project_iam_member_tfer--roles-002F-bigquery-002E-jobUserserviceAccount-003A-github-actions-services-accoun-0040-cal-itp-data-infra-002E-iam-002E-gserviceaccount-002E-com_id": {
      "value": "roles/bigquery.jobUserserviceAccount:github-actions-services-accoun@cal-itp-data-infra.iam.gserviceaccount.com",
      "type": "string"
    },
    "google_project_iam_member_tfer--roles-002F-bigquery-002E-jobUserserviceAccount-003A-metabase-0040-cal-itp-data-infra-002E-iam-002E-gserviceaccount-002E-com_id": {
      "value": "roles/bigquery.jobUserserviceAccount:metabase@cal-itp-data-infra.iam.gserviceaccount.com",
      "type": "string"
    },
    "google_project_iam_member_tfer--roles-002F-bigquery-002E-jobUserserviceAccount-003A-metabase-0040-cal-itp-data-infra-staging-002E-iam-002E-gserviceaccount-002E-com_id": {
      "value": "roles/bigquery.jobUserserviceAccount:metabase@cal-itp-data-infra-staging.iam.gserviceaccount.com",
      "type": "string"
    },
    "google_project_iam_member_tfer--roles-002F-bigquery-002E-metadataViewerserviceAccount-003A-metabase-0040-cal-itp-data-infra-002E-iam-002E-gserviceaccount-002E-com_id": {
      "value": "roles/bigquery.metadataViewerserviceAccount:metabase@cal-itp-data-infra.iam.gserviceaccount.com",
      "type": "string"
    },
    "google_project_iam_member_tfer--roles-002F-bigquery-002E-metadataViewerserviceAccount-003A-metabase-0040-cal-itp-data-infra-staging-002E-iam-002E-gserviceaccount-002E-com_id": {
      "value": "roles/bigquery.metadataViewerserviceAccount:metabase@cal-itp-data-infra-staging.iam.gserviceaccount.com",
      "type": "string"
    },
    "google_project_iam_member_tfer--roles-002F-bigquery-002E-readSessionUserserviceAccount-003A-github-actions-services-accoun-0040-cal-itp-data-infra-002E-iam-002E-gserviceaccount-002E-com_id": {
      "value": "roles/bigquery.readSessionUserserviceAccount:github-actions-services-accoun@cal-itp-data-infra.iam.gserviceaccount.com",
      "type": "string"
    },
    "google_project_iam_member_tfer--roles-002F-bigquery-002E-userserviceAccount-003A-bq-transform-svcacct-0040-cal-itp-data-infra-002E-iam-002E-gserviceaccount-002E-com_id": {
      "value": "roles/bigquery.userserviceAccount:bq-transform-svcacct@cal-itp-data-infra.iam.gserviceaccount.com",
      "type": "string"
    },
    "google_project_iam_member_tfer--roles-002F-bigquery-002E-userserviceAccount-003A-calitp-py-ci-0040-cal-itp-data-infra-002E-iam-002E-gserviceaccount-002E-com_id": {
      "value": "roles/bigquery.userserviceAccount:calitp-py-ci@cal-itp-data-infra.iam.gserviceaccount.com",
      "type": "string"
    },
    "google_project_iam_member_tfer--roles-002F-bigquery-002E-userserviceAccount-003A-github-actions-services-accoun-0040-cal-itp-data-infra-002E-iam-002E-gserviceaccount-002E-com_id": {
      "value": "roles/bigquery.userserviceAccount:github-actions-services-accoun@cal-itp-data-infra.iam.gserviceaccount.com",
      "type": "string"
    },
    "google_project_iam_member_tfer--roles-002F-bigquerydatatransfer-002E-serviceAgentserviceAccount-003A-service-473674835135-0040-gcp-sa-bigquerydatatransfer-002E-iam-002E-gserviceaccount-002E-com_id": {
      "value": "roles/bigquerydatatransfer.serviceAgentserviceAccount:service-473674835135@gcp-sa-bigquerydatatransfer.iam.gserviceaccount.com",
      "type": "string"
    },
    "google_project_iam_member_tfer--roles-002F-cloudbuild-002E-builds-002E-builderserviceAccount-003A-473674835135-0040-cloudbuild-002E-gserviceaccount-002E-com_id": {
      "value": "roles/cloudbuild.builds.builderserviceAccount:473674835135@cloudbuild.gserviceaccount.com",
      "type": "string"
    },
    "google_project_iam_member_tfer--roles-002F-cloudbuild-002E-serviceAgentserviceAccount-003A-service-473674835135-0040-gcp-sa-cloudbuild-002E-iam-002E-gserviceaccount-002E-com_id": {
      "value": "roles/cloudbuild.serviceAgentserviceAccount:service-473674835135@gcp-sa-cloudbuild.iam.gserviceaccount.com",
      "type": "string"
    },
    "google_project_iam_member_tfer--roles-002F-composer-002E-serviceAgentserviceAccount-003A-service-473674835135-0040-cloudcomposer-accounts-002E-iam-002E-gserviceaccount-002E-com_id": {
      "value": "roles/composer.serviceAgentserviceAccount:service-473674835135@cloudcomposer-accounts.iam.gserviceaccount.com",
      "type": "string"
    },
    "google_project_iam_member_tfer--roles-002F-compute-002E-serviceAgentserviceAccount-003A-service-473674835135-0040-compute-system-002E-iam-002E-gserviceaccount-002E-com_id": {
      "value": "roles/compute.serviceAgentserviceAccount:service-473674835135@compute-system.iam.gserviceaccount.com",
      "type": "string"
    },
    "google_project_iam_member_tfer--roles-002F-container-002E-serviceAgentserviceAccount-003A-service-473674835135-0040-container-engine-robot-002E-iam-002E-gserviceaccount-002E-com_id": {
      "value": "roles/container.serviceAgentserviceAccount:service-473674835135@container-engine-robot.iam.gserviceaccount.com",
      "type": "string"
    },
    "google_project_iam_member_tfer--roles-002F-containerregistry-002E-ServiceAgentserviceAccount-003A-service-473674835135-0040-containerregistry-002E-iam-002E-gserviceaccount-002E-com_id": {
      "value": "roles/containerregistry.ServiceAgentserviceAccount:service-473674835135@containerregistry.iam.gserviceaccount.com",
      "type": "string"
    },
    "google_project_iam_member_tfer--roles-002F-dataproc-002E-editorserviceAccount-003A-bq-transform-svcacct-0040-cal-itp-data-infra-002E-iam-002E-gserviceaccount-002E-com_id": {
      "value": "roles/dataproc.editorserviceAccount:bq-transform-svcacct@cal-itp-data-infra.iam.gserviceaccount.com",
      "type": "string"
    },
    "google_project_iam_member_tfer--roles-002F-dataproc-002E-serviceAgentserviceAccount-003A-service-473674835135-0040-dataproc-accounts-002E-iam-002E-gserviceaccount-002E-com_id": {
      "value": "roles/dataproc.serviceAgentserviceAccount:service-473674835135@dataproc-accounts.iam.gserviceaccount.com",
      "type": "string"
    },
    "google_project_iam_member_tfer--roles-002F-dataproc-002E-workerserviceAccount-003A-bq-transform-svcacct-0040-cal-itp-data-infra-002E-iam-002E-gserviceaccount-002E-com_id": {
      "value": "roles/dataproc.workerserviceAccount:bq-transform-svcacct@cal-itp-data-infra.iam.gserviceaccount.com",
      "type": "string"
    },
    "google_project_iam_member_tfer--roles-002F-editorserviceAccount-003A-473674835135-0040-cloudservices-002E-gserviceaccount-002E-com_id": {
      "value": "roles/editorserviceAccount:473674835135@cloudservices.gserviceaccount.com",
      "type": "string"
    },
    "google_project_iam_member_tfer--roles-002F-editorserviceAccount-003A-473674835135-compute-0040-developer-002E-gserviceaccount-002E-com_id": {
      "value": "roles/editorserviceAccount:473674835135-compute@developer.gserviceaccount.com",
      "type": "string"
    },
    "google_project_iam_member_tfer--roles-002F-iam-002E-serviceAccountUserserviceAccount-003A-bq-transform-svcacct-0040-cal-itp-data-infra-002E-iam-002E-gserviceaccount-002E-com_id": {
      "value": "roles/iam.serviceAccountUserserviceAccount:bq-transform-svcacct@cal-itp-data-infra.iam.gserviceaccount.com",
      "type": "string"
    },
    "google_project_iam_member_tfer--roles-002F-ownerserviceAccount-003A-amplitude-0040-cal-itp-data-infra-staging-002E-iam-002E-gserviceaccount-002E-com_id": {
      "value": "roles/ownerserviceAccount:amplitude@cal-itp-data-infra-staging.iam.gserviceaccount.com",
      "type": "string"
    },
    "google_project_iam_member_tfer--roles-002F-ownerserviceAccount-003A-local-airflow-dev-0040-cal-itp-data-infra-staging-002E-iam-002E-gserviceaccount-002E-com_id": {
      "value": "roles/ownerserviceAccount:local-airflow-dev@cal-itp-data-infra-staging.iam.gserviceaccount.com",
      "type": "string"
    },
    "google_project_iam_member_tfer--roles-002F-pubsub-002E-serviceAgentserviceAccount-003A-service-473674835135-0040-gcp-sa-pubsub-002E-iam-002E-gserviceaccount-002E-com_id": {
      "value": "roles/pubsub.serviceAgentserviceAccount:service-473674835135@gcp-sa-pubsub.iam.gserviceaccount.com",
      "type": "string"
    },
    "google_project_iam_member_tfer--roles-002F-servicenetworking-002E-serviceAgentserviceAccount-003A-service-473674835135-0040-gcp-sa-cloudasset-002E-iam-002E-gserviceaccount-002E-com_id": {
      "value": "roles/servicenetworking.serviceAgentserviceAccount:service-473674835135@gcp-sa-cloudasset.iam.gserviceaccount.com",
      "type": "string"
    },
    "google_project_iam_member_tfer--roles-002F-storage-002E-objectAdminserviceAccount-003A-bq-transform-svcacct-0040-cal-itp-data-infra-002E-iam-002E-gserviceaccount-002E-com_id": {
      "value": "roles/storage.objectAdminserviceAccount:bq-transform-svcacct@cal-itp-data-infra.iam.gserviceaccount.com",
      "type": "string"
    },
    "google_project_iam_member_tfer--roles-002F-storage-002E-objectAdminserviceAccount-003A-service-473674835135-0040-gcp-sa-cloudasset-002E-iam-002E-gserviceaccount-002E-com_id": {
      "value": "roles/storage.objectAdminserviceAccount:service-473674835135@gcp-sa-cloudasset.iam.gserviceaccount.com",
      "type": "string"
    },
    "google_project_iam_member_tfer--roles-002F-storage-002E-objectViewerserviceAccount-003A-metabase-0040-cal-itp-data-infra-002E-iam-002E-gserviceaccount-002E-com_id": {
      "value": "roles/storage.objectViewerserviceAccount:metabase@cal-itp-data-infra.iam.gserviceaccount.com",
      "type": "string"
    },
    "google_project_iam_member_tfer--roles-002F-storage-002E-objectViewerserviceAccount-003A-metabase-0040-cal-itp-data-infra-staging-002E-iam-002E-gserviceaccount-002E-com_id": {
      "value": "roles/storage.objectViewerserviceAccount:metabase@cal-itp-data-infra-staging.iam.gserviceaccount.com",
      "type": "string"
    },
    "google_service_account_tfer--101455296324690994963_id": {
      "value": "projects/cal-itp-data-infra-staging/serviceAccounts/gh-actions-publisher@cal-itp-data-infra-staging.iam.gserviceaccount.com",
      "type": "string"
    },
    "google_service_account_tfer--111242760977002129583_id": {
      "value": "projects/cal-itp-data-infra-staging/serviceAccounts/amplitude@cal-itp-data-infra-staging.iam.gserviceaccount.com",
      "type": "string"
    },
    "google_service_account_tfer--111824761856041678305_id": {
      "value": "projects/cal-itp-data-infra-staging/serviceAccounts/local-airflow-dev@cal-itp-data-infra-staging.iam.gserviceaccount.com",
      "type": "string"
    },
    "google_service_account_tfer--111881979116192190399_id": {
      "value": "projects/cal-itp-data-infra-staging/serviceAccounts/metabase@cal-itp-data-infra-staging.iam.gserviceaccount.com",
      "type": "string"
    }
  },
  "resources": [
    {
      "mode": "managed",
      "type": "google_project_iam_custom_role",
      "name": "tfer--projects-002F-cal-itp-data-infra-staging-002F-roles-002F-CustomGCSPublisher",
      "provider": "provider[\"registry.terraform.io/hashicorp/google\"]",
      "instances": [
        {
          "schema_version": 0,
          "attributes_flat": {
            "deleted": "false",
            "description": "Custom role for publishing to GCS",
            "id": "projects/cal-itp-data-infra-staging/roles/CustomGCSPublisher",
            "name": "projects/cal-itp-data-infra-staging/roles/CustomGCSPublisher",
            "permissions.#": "8",
            "permissions.0": "resourcemanager.projects.get",
            "permissions.1": "storage.buckets.get",
            "permissions.2": "storage.buckets.list",
            "permissions.3": "storage.objects.create",
            "permissions.4": "storage.objects.delete",
            "permissions.5": "storage.objects.get",
            "permissions.6": "storage.objects.list",
            "permissions.7": "storage.objects.update",
            "project": "cal-itp-data-infra-staging",
            "role_id": "CustomGCSPublisher",
            "stage": "",
            "title": "Custom GCS Publisher"
          },
          "sensitive_attributes": []
        }
      ]
    },
    {
      "mode": "managed",
      "type": "google_project_iam_member",
      "name": "tfer--roles-002F-bigquery-002E-dataEditorserviceAccount-003A-bq-transform-svcacct-0040-cal-itp-data-infra-002E-iam-002E-gserviceaccount-002E-com",
      "provider": "provider[\"registry.terraform.io/hashicorp/google\"]",
      "instances": [
        {
          "schema_version": 0,
          "attributes_flat": {
            "condition.#": "0",
            "etag": "BwYtzl5Ghm0=",
            "id": "roles/bigquery.dataEditorserviceAccount:bq-transform-svcacct@cal-itp-data-infra.iam.gserviceaccount.com",
            "member": "serviceAccount:bq-transform-svcacct@cal-itp-data-infra.iam.gserviceaccount.com",
            "project": "cal-itp-data-infra-staging",
            "role": "roles/bigquery.dataEditor"
          },
          "sensitive_attributes": []
        }
      ]
    },
    {
      "mode": "managed",
      "type": "google_project_iam_member",
      "name": "tfer--roles-002F-bigquery-002E-dataEditorserviceAccount-003A-github-actions-services-accoun-0040-cal-itp-data-infra-002E-iam-002E-gserviceaccount-002E-com",
      "provider": "provider[\"registry.terraform.io/hashicorp/google\"]",
      "instances": [
        {
          "schema_version": 0,
          "attributes_flat": {
            "condition.#": "0",
            "etag": "BwYtzl5Ghm0=",
            "id": "roles/bigquery.dataEditorserviceAccount:github-actions-services-accoun@cal-itp-data-infra.iam.gserviceaccount.com",
            "member": "serviceAccount:github-actions-services-accoun@cal-itp-data-infra.iam.gserviceaccount.com",
            "project": "cal-itp-data-infra-staging",
            "role": "roles/bigquery.dataEditor"
          },
          "sensitive_attributes": []
        }
      ]
    },
    {
      "mode": "managed",
      "type": "google_project_iam_member",
      "name": "tfer--roles-002F-bigquery-002E-dataViewerserviceAccount-003A-github-actions-services-accoun-0040-cal-itp-data-infra-002E-iam-002E-gserviceaccount-002E-com",
      "provider": "provider[\"registry.terraform.io/hashicorp/google\"]",
      "instances": [
        {
          "schema_version": 0,
          "attributes_flat": {
            "condition.#": "0",
            "etag": "BwYtzl5Ghm0=",
            "id": "roles/bigquery.dataViewerserviceAccount:github-actions-services-accoun@cal-itp-data-infra.iam.gserviceaccount.com",
            "member": "serviceAccount:github-actions-services-accoun@cal-itp-data-infra.iam.gserviceaccount.com",
            "project": "cal-itp-data-infra-staging",
            "role": "roles/bigquery.dataViewer"
          },
          "sensitive_attributes": []
        }
      ]
    },
    {
      "mode": "managed",
      "type": "google_project_iam_member",
      "name": "tfer--roles-002F-bigquery-002E-dataViewerserviceAccount-003A-metabase-0040-cal-itp-data-infra-002E-iam-002E-gserviceaccount-002E-com",
      "provider": "provider[\"registry.terraform.io/hashicorp/google\"]",
      "instances": [
        {
          "schema_version": 0,
          "attributes_flat": {
            "condition.#": "0",
            "etag": "BwYtzl5Ghm0=",
            "id": "roles/bigquery.dataViewerserviceAccount:metabase@cal-itp-data-infra.iam.gserviceaccount.com",
            "member": "serviceAccount:metabase@cal-itp-data-infra.iam.gserviceaccount.com",
            "project": "cal-itp-data-infra-staging",
            "role": "roles/bigquery.dataViewer"
          },
          "sensitive_attributes": []
        }
      ]
    },
    {
      "mode": "managed",
      "type": "google_project_iam_member",
      "name": "tfer--roles-002F-bigquery-002E-dataViewerserviceAccount-003A-metabase-0040-cal-itp-data-infra-staging-002E-iam-002E-gserviceaccount-002E-com",
      "provider": "provider[\"registry.terraform.io/hashicorp/google\"]",
      "instances": [
        {
          "schema_version": 0,
          "attributes_flat": {
            "condition.#": "0",
            "etag": "BwYtzl5Ghm0=",
            "id": "roles/bigquery.dataViewerserviceAccount:metabase@cal-itp-data-infra-staging.iam.gserviceaccount.com",
            "member": "serviceAccount:metabase@cal-itp-data-infra-staging.iam.gserviceaccount.com",
            "project": "cal-itp-data-infra-staging",
            "role": "roles/bigquery.dataViewer"
          },
          "sensitive_attributes": []
        }
      ]
    },
    {
      "mode": "managed",
      "type": "google_project_iam_member",
      "name": "tfer--roles-002F-bigquery-002E-jobUserserviceAccount-003A-bq-transform-svcacct-0040-cal-itp-data-infra-002E-iam-002E-gserviceaccount-002E-com",
      "provider": "provider[\"registry.terraform.io/hashicorp/google\"]",
      "instances": [
        {
          "schema_version": 0,
          "attributes_flat": {
            "condition.#": "0",
            "etag": "BwYtzl5Ghm0=",
            "id": "roles/bigquery.jobUserserviceAccount:bq-transform-svcacct@cal-itp-data-infra.iam.gserviceaccount.com",
            "member": "serviceAccount:bq-transform-svcacct@cal-itp-data-infra.iam.gserviceaccount.com",
            "project": "cal-itp-data-infra-staging",
            "role": "roles/bigquery.jobUser"
          },
          "sensitive_attributes": []
        }
      ]
    },
    {
      "mode": "managed",
      "type": "google_project_iam_member",
      "name": "tfer--roles-002F-bigquery-002E-jobUserserviceAccount-003A-calitp-py-ci-0040-cal-itp-data-infra-002E-iam-002E-gserviceaccount-002E-com",
      "provider": "provider[\"registry.terraform.io/hashicorp/google\"]",
      "instances": [
        {
          "schema_version": 0,
          "attributes_flat": {
            "condition.#": "0",
            "etag": "BwYtzl5Ghm0=",
            "id": "roles/bigquery.jobUserserviceAccount:calitp-py-ci@cal-itp-data-infra.iam.gserviceaccount.com",
            "member": "serviceAccount:calitp-py-ci@cal-itp-data-infra.iam.gserviceaccount.com",
            "project": "cal-itp-data-infra-staging",
            "role": "roles/bigquery.jobUser"
          },
          "sensitive_attributes": []
        }
      ]
    },
    {
      "mode": "managed",
      "type": "google_project_iam_member",
      "name": "tfer--roles-002F-bigquery-002E-jobUserserviceAccount-003A-github-actions-services-accoun-0040-cal-itp-data-infra-002E-iam-002E-gserviceaccount-002E-com",
      "provider": "provider[\"registry.terraform.io/hashicorp/google\"]",
      "instances": [
        {
          "schema_version": 0,
          "attributes_flat": {
            "condition.#": "0",
            "etag": "BwYtzl5Ghm0=",
            "id": "roles/bigquery.jobUserserviceAccount:github-actions-services-accoun@cal-itp-data-infra.iam.gserviceaccount.com",
            "member": "serviceAccount:github-actions-services-accoun@cal-itp-data-infra.iam.gserviceaccount.com",
            "project": "cal-itp-data-infra-staging",
            "role": "roles/bigquery.jobUser"
          },
          "sensitive_attributes": []
        }
      ]
    },
    {
      "mode": "managed",
      "type": "google_project_iam_member",
      "name": "tfer--roles-002F-bigquery-002E-jobUserserviceAccount-003A-metabase-0040-cal-itp-data-infra-002E-iam-002E-gserviceaccount-002E-com",
      "provider": "provider[\"registry.terraform.io/hashicorp/google\"]",
      "instances": [
        {
          "schema_version": 0,
          "attributes_flat": {
            "condition.#": "0",
            "etag": "BwYtzl5Ghm0=",
            "id": "roles/bigquery.jobUserserviceAccount:metabase@cal-itp-data-infra.iam.gserviceaccount.com",
            "member": "serviceAccount:metabase@cal-itp-data-infra.iam.gserviceaccount.com",
            "project": "cal-itp-data-infra-staging",
            "role": "roles/bigquery.jobUser"
          },
          "sensitive_attributes": []
        }
      ]
    },
    {
      "mode": "managed",
      "type": "google_project_iam_member",
      "name": "tfer--roles-002F-bigquery-002E-jobUserserviceAccount-003A-metabase-0040-cal-itp-data-infra-staging-002E-iam-002E-gserviceaccount-002E-com",
      "provider": "provider[\"registry.terraform.io/hashicorp/google\"]",
      "instances": [
        {
          "schema_version": 0,
          "attributes_flat": {
            "condition.#": "0",
            "etag": "BwYtzl5Ghm0=",
            "id": "roles/bigquery.jobUserserviceAccount:metabase@cal-itp-data-infra-staging.iam.gserviceaccount.com",
            "member": "serviceAccount:metabase@cal-itp-data-infra-staging.iam.gserviceaccount.com",
            "project": "cal-itp-data-infra-staging",
            "role": "roles/bigquery.jobUser"
          },
          "sensitive_attributes": []
        }
      ]
    },
    {
      "mode": "managed",
      "type": "google_project_iam_member",
      "name": "tfer--roles-002F-bigquery-002E-metadataViewerserviceAccount-003A-metabase-0040-cal-itp-data-infra-002E-iam-002E-gserviceaccount-002E-com",
      "provider": "provider[\"registry.terraform.io/hashicorp/google\"]",
      "instances": [
        {
          "schema_version": 0,
          "attributes_flat": {
            "condition.#": "0",
            "etag": "BwYtzl5Ghm0=",
            "id": "roles/bigquery.metadataViewerserviceAccount:metabase@cal-itp-data-infra.iam.gserviceaccount.com",
            "member": "serviceAccount:metabase@cal-itp-data-infra.iam.gserviceaccount.com",
            "project": "cal-itp-data-infra-staging",
            "role": "roles/bigquery.metadataViewer"
          },
          "sensitive_attributes": []
        }
      ]
    },
    {
      "mode": "managed",
      "type": "google_project_iam_member",
      "name": "tfer--roles-002F-bigquery-002E-metadataViewerserviceAccount-003A-metabase-0040-cal-itp-data-infra-staging-002E-iam-002E-gserviceaccount-002E-com",
      "provider": "provider[\"registry.terraform.io/hashicorp/google\"]",
      "instances": [
        {
          "schema_version": 0,
          "attributes_flat": {
            "condition.#": "0",
            "etag": "BwYtzl5Ghm0=",
            "id": "roles/bigquery.metadataViewerserviceAccount:metabase@cal-itp-data-infra-staging.iam.gserviceaccount.com",
            "member": "serviceAccount:metabase@cal-itp-data-infra-staging.iam.gserviceaccount.com",
            "project": "cal-itp-data-infra-staging",
            "role": "roles/bigquery.metadataViewer"
          },
          "sensitive_attributes": []
        }
      ]
    },
    {
      "mode": "managed",
      "type": "google_project_iam_member",
      "name": "tfer--roles-002F-bigquery-002E-readSessionUserserviceAccount-003A-github-actions-services-accoun-0040-cal-itp-data-infra-002E-iam-002E-gserviceaccount-002E-com",
      "provider": "provider[\"registry.terraform.io/hashicorp/google\"]",
      "instances": [
        {
          "schema_version": 0,
          "attributes_flat": {
            "condition.#": "0",
            "etag": "BwYtzl5Ghm0=",
            "id": "roles/bigquery.readSessionUserserviceAccount:github-actions-services-accoun@cal-itp-data-infra.iam.gserviceaccount.com",
            "member": "serviceAccount:github-actions-services-accoun@cal-itp-data-infra.iam.gserviceaccount.com",
            "project": "cal-itp-data-infra-staging",
            "role": "roles/bigquery.readSessionUser"
          },
          "sensitive_attributes": []
        }
      ]
    },
    {
      "mode": "managed",
      "type": "google_project_iam_member",
      "name": "tfer--roles-002F-bigquery-002E-userserviceAccount-003A-bq-transform-svcacct-0040-cal-itp-data-infra-002E-iam-002E-gserviceaccount-002E-com",
      "provider": "provider[\"registry.terraform.io/hashicorp/google\"]",
      "instances": [
        {
          "schema_version": 0,
          "attributes_flat": {
            "condition.#": "0",
            "etag": "BwYtzl5Ghm0=",
            "id": "roles/bigquery.userserviceAccount:bq-transform-svcacct@cal-itp-data-infra.iam.gserviceaccount.com",
            "member": "serviceAccount:bq-transform-svcacct@cal-itp-data-infra.iam.gserviceaccount.com",
            "project": "cal-itp-data-infra-staging",
            "role": "roles/bigquery.user"
          },
          "sensitive_attributes": []
        }
      ]
    },
    {
      "mode": "managed",
      "type": "google_project_iam_member",
      "name": "tfer--roles-002F-bigquery-002E-userserviceAccount-003A-calitp-py-ci-0040-cal-itp-data-infra-002E-iam-002E-gserviceaccount-002E-com",
      "provider": "provider[\"registry.terraform.io/hashicorp/google\"]",
      "instances": [
        {
          "schema_version": 0,
          "attributes_flat": {
            "condition.#": "0",
            "etag": "BwYtzl5Ghm0=",
            "id": "roles/bigquery.userserviceAccount:calitp-py-ci@cal-itp-data-infra.iam.gserviceaccount.com",
            "member": "serviceAccount:calitp-py-ci@cal-itp-data-infra.iam.gserviceaccount.com",
            "project": "cal-itp-data-infra-staging",
            "role": "roles/bigquery.user"
          },
          "sensitive_attributes": []
        }
      ]
    },
    {
      "mode": "managed",
      "type": "google_project_iam_member",
      "name": "tfer--roles-002F-bigquery-002E-userserviceAccount-003A-github-actions-services-accoun-0040-cal-itp-data-infra-002E-iam-002E-gserviceaccount-002E-com",
      "provider": "provider[\"registry.terraform.io/hashicorp/google\"]",
      "instances": [
        {
          "schema_version": 0,
          "attributes_flat": {
            "condition.#": "0",
            "etag": "BwYtzl5Ghm0=",
            "id": "roles/bigquery.userserviceAccount:github-actions-services-accoun@cal-itp-data-infra.iam.gserviceaccount.com",
            "member": "serviceAccount:github-actions-services-accoun@cal-itp-data-infra.iam.gserviceaccount.com",
            "project": "cal-itp-data-infra-staging",
            "role": "roles/bigquery.user"
          },
          "sensitive_attributes": []
        }
      ]
    },
    {
      "mode": "managed",
      "type": "google_project_iam_member",
      "name": "tfer--roles-002F-bigquerydatatransfer-002E-serviceAgentserviceAccount-003A-service-473674835135-0040-gcp-sa-bigquerydatatransfer-002E-iam-002E-gserviceaccount-002E-com",
      "provider": "provider[\"registry.terraform.io/hashicorp/google\"]",
      "instances": [
        {
          "schema_version": 0,
          "attributes_flat": {
            "condition.#": "0",
            "etag": "BwYtzl5Ghm0=",
            "id": "roles/bigquerydatatransfer.serviceAgentserviceAccount:service-473674835135@gcp-sa-bigquerydatatransfer.iam.gserviceaccount.com",
            "member": "serviceAccount:service-473674835135@gcp-sa-bigquerydatatransfer.iam.gserviceaccount.com",
            "project": "cal-itp-data-infra-staging",
            "role": "roles/bigquerydatatransfer.serviceAgent"
          },
          "sensitive_attributes": []
        }
      ]
    },
    {
      "mode": "managed",
      "type": "google_project_iam_member",
      "name": "tfer--roles-002F-cloudbuild-002E-builds-002E-builderserviceAccount-003A-473674835135-0040-cloudbuild-002E-gserviceaccount-002E-com",
      "provider": "provider[\"registry.terraform.io/hashicorp/google\"]",
      "instances": [
        {
          "schema_version": 0,
          "attributes_flat": {
            "condition.#": "0",
            "etag": "BwYtzl5Ghm0=",
            "id": "roles/cloudbuild.builds.builderserviceAccount:473674835135@cloudbuild.gserviceaccount.com",
            "member": "serviceAccount:473674835135@cloudbuild.gserviceaccount.com",
            "project": "cal-itp-data-infra-staging",
            "role": "roles/cloudbuild.builds.builder"
          },
          "sensitive_attributes": []
        }
      ]
    },
    {
      "mode": "managed",
      "type": "google_project_iam_member",
      "name": "tfer--roles-002F-cloudbuild-002E-serviceAgentserviceAccount-003A-service-473674835135-0040-gcp-sa-cloudbuild-002E-iam-002E-gserviceaccount-002E-com",
      "provider": "provider[\"registry.terraform.io/hashicorp/google\"]",
      "instances": [
        {
          "schema_version": 0,
          "attributes_flat": {
            "condition.#": "0",
            "etag": "BwYtzl5Ghm0=",
            "id": "roles/cloudbuild.serviceAgentserviceAccount:service-473674835135@gcp-sa-cloudbuild.iam.gserviceaccount.com",
            "member": "serviceAccount:service-473674835135@gcp-sa-cloudbuild.iam.gserviceaccount.com",
            "project": "cal-itp-data-infra-staging",
            "role": "roles/cloudbuild.serviceAgent"
          },
          "sensitive_attributes": []
        }
      ]
    },
    {
      "mode": "managed",
      "type": "google_project_iam_member",
      "name": "tfer--roles-002F-composer-002E-serviceAgentserviceAccount-003A-service-473674835135-0040-cloudcomposer-accounts-002E-iam-002E-gserviceaccount-002E-com",
      "provider": "provider[\"registry.terraform.io/hashicorp/google\"]",
      "instances": [
        {
          "schema_version": 0,
          "attributes_flat": {
            "condition.#": "0",
            "etag": "BwYtzl5Ghm0=",
            "id": "roles/composer.serviceAgentserviceAccount:service-473674835135@cloudcomposer-accounts.iam.gserviceaccount.com",
            "member": "serviceAccount:service-473674835135@cloudcomposer-accounts.iam.gserviceaccount.com",
            "project": "cal-itp-data-infra-staging",
            "role": "roles/composer.serviceAgent"
          },
          "sensitive_attributes": []
        }
      ]
    },
    {
      "mode": "managed",
      "type": "google_project_iam_member",
      "name": "tfer--roles-002F-compute-002E-serviceAgentserviceAccount-003A-service-473674835135-0040-compute-system-002E-iam-002E-gserviceaccount-002E-com",
      "provider": "provider[\"registry.terraform.io/hashicorp/google\"]",
      "instances": [
        {
          "schema_version": 0,
          "attributes_flat": {
            "condition.#": "0",
            "etag": "BwYtzl5Ghm0=",
            "id": "roles/compute.serviceAgentserviceAccount:service-473674835135@compute-system.iam.gserviceaccount.com",
            "member": "serviceAccount:service-473674835135@compute-system.iam.gserviceaccount.com",
            "project": "cal-itp-data-infra-staging",
            "role": "roles/compute.serviceAgent"
          },
          "sensitive_attributes": []
        }
      ]
    },
    {
      "mode": "managed",
      "type": "google_project_iam_member",
      "name": "tfer--roles-002F-container-002E-serviceAgentserviceAccount-003A-service-473674835135-0040-container-engine-robot-002E-iam-002E-gserviceaccount-002E-com",
      "provider": "provider[\"registry.terraform.io/hashicorp/google\"]",
      "instances": [
        {
          "schema_version": 0,
          "attributes_flat": {
            "condition.#": "0",
            "etag": "BwYtzl5Ghm0=",
            "id": "roles/container.serviceAgentserviceAccount:service-473674835135@container-engine-robot.iam.gserviceaccount.com",
            "member": "serviceAccount:service-473674835135@container-engine-robot.iam.gserviceaccount.com",
            "project": "cal-itp-data-infra-staging",
            "role": "roles/container.serviceAgent"
          },
          "sensitive_attributes": []
        }
      ]
    },
    {
      "mode": "managed",
      "type": "google_project_iam_member",
      "name": "tfer--roles-002F-containerregistry-002E-ServiceAgentserviceAccount-003A-service-473674835135-0040-containerregistry-002E-iam-002E-gserviceaccount-002E-com",
      "provider": "provider[\"registry.terraform.io/hashicorp/google\"]",
      "instances": [
        {
          "schema_version": 0,
          "attributes_flat": {
            "condition.#": "0",
            "etag": "BwYtzl5Ghm0=",
            "id": "roles/containerregistry.ServiceAgentserviceAccount:service-473674835135@containerregistry.iam.gserviceaccount.com",
            "member": "serviceAccount:service-473674835135@containerregistry.iam.gserviceaccount.com",
            "project": "cal-itp-data-infra-staging",
            "role": "roles/containerregistry.ServiceAgent"
          },
          "sensitive_attributes": []
        }
      ]
    },
    {
      "mode": "managed",
      "type": "google_project_iam_member",
      "name": "tfer--roles-002F-dataproc-002E-editorserviceAccount-003A-bq-transform-svcacct-0040-cal-itp-data-infra-002E-iam-002E-gserviceaccount-002E-com",
      "provider": "provider[\"registry.terraform.io/hashicorp/google\"]",
      "instances": [
        {
          "schema_version": 0,
          "attributes_flat": {
            "condition.#": "0",
            "etag": "BwYtzl5Ghm0=",
            "id": "roles/dataproc.editorserviceAccount:bq-transform-svcacct@cal-itp-data-infra.iam.gserviceaccount.com",
            "member": "serviceAccount:bq-transform-svcacct@cal-itp-data-infra.iam.gserviceaccount.com",
            "project": "cal-itp-data-infra-staging",
            "role": "roles/dataproc.editor"
          },
          "sensitive_attributes": []
        }
      ]
    },
    {
      "mode": "managed",
      "type": "google_project_iam_member",
      "name": "tfer--roles-002F-dataproc-002E-serviceAgentserviceAccount-003A-service-473674835135-0040-dataproc-accounts-002E-iam-002E-gserviceaccount-002E-com",
      "provider": "provider[\"registry.terraform.io/hashicorp/google\"]",
      "instances": [
        {
          "schema_version": 0,
          "attributes_flat": {
            "condition.#": "0",
            "etag": "BwYtzl5Ghm0=",
            "id": "roles/dataproc.serviceAgentserviceAccount:service-473674835135@dataproc-accounts.iam.gserviceaccount.com",
            "member": "serviceAccount:service-473674835135@dataproc-accounts.iam.gserviceaccount.com",
            "project": "cal-itp-data-infra-staging",
            "role": "roles/dataproc.serviceAgent"
          },
          "sensitive_attributes": []
        }
      ]
    },
    {
      "mode": "managed",
      "type": "google_project_iam_member",
      "name": "tfer--roles-002F-dataproc-002E-workerserviceAccount-003A-bq-transform-svcacct-0040-cal-itp-data-infra-002E-iam-002E-gserviceaccount-002E-com",
      "provider": "provider[\"registry.terraform.io/hashicorp/google\"]",
      "instances": [
        {
          "schema_version": 0,
          "attributes_flat": {
            "condition.#": "0",
            "etag": "BwYtzl5Ghm0=",
            "id": "roles/dataproc.workerserviceAccount:bq-transform-svcacct@cal-itp-data-infra.iam.gserviceaccount.com",
            "member": "serviceAccount:bq-transform-svcacct@cal-itp-data-infra.iam.gserviceaccount.com",
            "project": "cal-itp-data-infra-staging",
            "role": "roles/dataproc.worker"
          },
          "sensitive_attributes": []
        }
      ]
    },
    {
      "mode": "managed",
      "type": "google_project_iam_member",
      "name": "tfer--roles-002F-editorserviceAccount-003A-473674835135-0040-cloudservices-002E-gserviceaccount-002E-com",
      "provider": "provider[\"registry.terraform.io/hashicorp/google\"]",
      "instances": [
        {
          "schema_version": 0,
          "attributes_flat": {
            "condition.#": "0",
            "etag": "BwYtzl5Ghm0=",
            "id": "roles/editorserviceAccount:473674835135@cloudservices.gserviceaccount.com",
            "member": "serviceAccount:473674835135@cloudservices.gserviceaccount.com",
            "project": "cal-itp-data-infra-staging",
            "role": "roles/editor"
          },
          "sensitive_attributes": []
        }
      ]
    },
    {
      "mode": "managed",
      "type": "google_project_iam_member",
      "name": "tfer--roles-002F-editorserviceAccount-003A-473674835135-compute-0040-developer-002E-gserviceaccount-002E-com",
      "provider": "provider[\"registry.terraform.io/hashicorp/google\"]",
      "instances": [
        {
          "schema_version": 0,
          "attributes_flat": {
            "condition.#": "0",
            "etag": "BwYtzl5Ghm0=",
            "id": "roles/editorserviceAccount:473674835135-compute@developer.gserviceaccount.com",
            "member": "serviceAccount:473674835135-compute@developer.gserviceaccount.com",
            "project": "cal-itp-data-infra-staging",
            "role": "roles/editor"
          },
          "sensitive_attributes": []
        }
      ]
    },
    {
      "mode": "managed",
      "type": "google_project_iam_member",
      "name": "tfer--roles-002F-iam-002E-serviceAccountUserserviceAccount-003A-bq-transform-svcacct-0040-cal-itp-data-infra-002E-iam-002E-gserviceaccount-002E-com",
      "provider": "provider[\"registry.terraform.io/hashicorp/google\"]",
      "instances": [
        {
          "schema_version": 0,
          "attributes_flat": {
            "condition.#": "0",
            "etag": "BwYtzl5Ghm0=",
            "id": "roles/iam.serviceAccountUserserviceAccount:bq-transform-svcacct@cal-itp-data-infra.iam.gserviceaccount.com",
            "member": "serviceAccount:bq-transform-svcacct@cal-itp-data-infra.iam.gserviceaccount.com",
            "project": "cal-itp-data-infra-staging",
            "role": "roles/iam.serviceAccountUser"
          },
          "sensitive_attributes": []
        }
      ]
    },
    {
      "mode": "managed",
      "type": "google_project_iam_member",
      "name": "tfer--roles-002F-ownerserviceAccount-003A-amplitude-0040-cal-itp-data-infra-staging-002E-iam-002E-gserviceaccount-002E-com",
      "provider": "provider[\"registry.terraform.io/hashicorp/google\"]",
      "instances": [
        {
          "schema_version": 0,
          "attributes_flat": {
            "condition.#": "0",
            "etag": "BwYtzl5Ghm0=",
            "id": "roles/ownerserviceAccount:amplitude@cal-itp-data-infra-staging.iam.gserviceaccount.com",
            "member": "serviceAccount:amplitude@cal-itp-data-infra-staging.iam.gserviceaccount.com",
            "project": "cal-itp-data-infra-staging",
            "role": "roles/owner"
          },
          "sensitive_attributes": []
        }
      ]
    },
    {
      "mode": "managed",
      "type": "google_project_iam_member",
      "name": "tfer--roles-002F-ownerserviceAccount-003A-local-airflow-dev-0040-cal-itp-data-infra-staging-002E-iam-002E-gserviceaccount-002E-com",
      "provider": "provider[\"registry.terraform.io/hashicorp/google\"]",
      "instances": [
        {
          "schema_version": 0,
          "attributes_flat": {
            "condition.#": "0",
            "etag": "BwYtzl5Ghm0=",
            "id": "roles/ownerserviceAccount:local-airflow-dev@cal-itp-data-infra-staging.iam.gserviceaccount.com",
            "member": "serviceAccount:local-airflow-dev@cal-itp-data-infra-staging.iam.gserviceaccount.com",
            "project": "cal-itp-data-infra-staging",
            "role": "roles/owner"
          },
          "sensitive_attributes": []
        }
      ]
    },
    {
      "mode": "managed",
      "type": "google_project_iam_member",
      "name": "tfer--roles-002F-pubsub-002E-serviceAgentserviceAccount-003A-service-473674835135-0040-gcp-sa-pubsub-002E-iam-002E-gserviceaccount-002E-com",
      "provider": "provider[\"registry.terraform.io/hashicorp/google\"]",
      "instances": [
        {
          "schema_version": 0,
          "attributes_flat": {
            "condition.#": "0",
            "etag": "BwYtzl5Ghm0=",
            "id": "roles/pubsub.serviceAgentserviceAccount:service-473674835135@gcp-sa-pubsub.iam.gserviceaccount.com",
            "member": "serviceAccount:service-473674835135@gcp-sa-pubsub.iam.gserviceaccount.com",
            "project": "cal-itp-data-infra-staging",
            "role": "roles/pubsub.serviceAgent"
          },
          "sensitive_attributes": []
        }
      ]
    },
    {
      "mode": "managed",
      "type": "google_project_iam_member",
      "name": "tfer--roles-002F-servicenetworking-002E-serviceAgentserviceAccount-003A-service-473674835135-0040-gcp-sa-cloudasset-002E-iam-002E-gserviceaccount-002E-com",
      "provider": "provider[\"registry.terraform.io/hashicorp/google\"]",
      "instances": [
        {
          "schema_version": 0,
          "attributes_flat": {
            "condition.#": "0",
            "etag": "BwYtzl5Ghm0=",
            "id": "roles/servicenetworking.serviceAgentserviceAccount:service-473674835135@gcp-sa-cloudasset.iam.gserviceaccount.com",
            "member": "serviceAccount:service-473674835135@gcp-sa-cloudasset.iam.gserviceaccount.com",
            "project": "cal-itp-data-infra-staging",
            "role": "roles/servicenetworking.serviceAgent"
          },
          "sensitive_attributes": []
        }
      ]
    },
    {
      "mode": "managed",
      "type": "google_project_iam_member",
      "name": "tfer--roles-002F-storage-002E-objectAdminserviceAccount-003A-bq-transform-svcacct-0040-cal-itp-data-infra-002E-iam-002E-gserviceaccount-002E-com",
      "provider": "provider[\"registry.terraform.io/hashicorp/google\"]",
      "instances": [
        {
          "schema_version": 0,
          "attributes_flat": {
            "condition.#": "0",
            "etag": "BwYtzl5Ghm0=",
            "id": "roles/storage.objectAdminserviceAccount:bq-transform-svcacct@cal-itp-data-infra.iam.gserviceaccount.com",
            "member": "serviceAccount:bq-transform-svcacct@cal-itp-data-infra.iam.gserviceaccount.com",
            "project": "cal-itp-data-infra-staging",
            "role": "roles/storage.objectAdmin"
          },
          "sensitive_attributes": []
        }
      ]
    },
    {
      "mode": "managed",
      "type": "google_project_iam_member",
      "name": "tfer--roles-002F-storage-002E-objectAdminserviceAccount-003A-service-473674835135-0040-gcp-sa-cloudasset-002E-iam-002E-gserviceaccount-002E-com",
      "provider": "provider[\"registry.terraform.io/hashicorp/google\"]",
      "instances": [
        {
          "schema_version": 0,
          "attributes_flat": {
            "condition.#": "0",
            "etag": "BwYtzl5Ghm0=",
            "id": "roles/storage.objectAdminserviceAccount:service-473674835135@gcp-sa-cloudasset.iam.gserviceaccount.com",
            "member": "serviceAccount:service-473674835135@gcp-sa-cloudasset.iam.gserviceaccount.com",
            "project": "cal-itp-data-infra-staging",
            "role": "roles/storage.objectAdmin"
          },
          "sensitive_attributes": []
        }
      ]
    },
    {
      "mode": "managed",
      "type": "google_project_iam_member",
      "name": "tfer--roles-002F-storage-002E-objectViewerserviceAccount-003A-metabase-0040-cal-itp-data-infra-002E-iam-002E-gserviceaccount-002E-com",
      "provider": "provider[\"registry.terraform.io/hashicorp/google\"]",
      "instances": [
        {
          "schema_version": 0,
          "attributes_flat": {
            "condition.#": "0",
            "etag": "BwYtzl5Ghm0=",
            "id": "roles/storage.objectViewerserviceAccount:metabase@cal-itp-data-infra.iam.gserviceaccount.com",
            "member": "serviceAccount:metabase@cal-itp-data-infra.iam.gserviceaccount.com",
            "project": "cal-itp-data-infra-staging",
            "role": "roles/storage.objectViewer"
          },
          "sensitive_attributes": []
        }
      ]
    },
    {
      "mode": "managed",
      "type": "google_project_iam_member",
      "name": "tfer--roles-002F-storage-002E-objectViewerserviceAccount-003A-metabase-0040-cal-itp-data-infra-staging-002E-iam-002E-gserviceaccount-002E-com",
      "provider": "provider[\"registry.terraform.io/hashicorp/google\"]",
      "instances": [
        {
          "schema_version": 0,
          "attributes_flat": {
            "condition.#": "0",
            "etag": "BwYtzl5Ghm0=",
            "id": "roles/storage.objectViewerserviceAccount:metabase@cal-itp-data-infra-staging.iam.gserviceaccount.com",
            "member": "serviceAccount:metabase@cal-itp-data-infra-staging.iam.gserviceaccount.com",
            "project": "cal-itp-data-infra-staging",
            "role": "roles/storage.objectViewer"
          },
          "sensitive_attributes": []
        }
      ]
    },
    {
      "mode": "managed",
      "type": "google_service_account",
      "name": "tfer--101455296324690994963",
      "provider": "provider[\"registry.terraform.io/hashicorp/google\"]",
      "instances": [
        {
          "schema_version": 0,
          "attributes_flat": {
            "account_id": "gh-actions-publisher",
            "description": "Service account for GH Actions to publish to GCS",
            "disabled": "false",
            "display_name": "GH Actions Publisher",
            "email": "gh-actions-publisher@cal-itp-data-infra-staging.iam.gserviceaccount.com",
            "id": "projects/cal-itp-data-infra-staging/serviceAccounts/gh-actions-publisher@cal-itp-data-infra-staging.iam.gserviceaccount.com",
            "member": "serviceAccount:gh-actions-publisher@cal-itp-data-infra-staging.iam.gserviceaccount.com",
            "name": "projects/cal-itp-data-infra-staging/serviceAccounts/gh-actions-publisher@cal-itp-data-infra-staging.iam.gserviceaccount.com",
            "project": "cal-itp-data-infra-staging",
            "unique_id": "101455296324690994963"
          },
          "sensitive_attributes": []
        }
      ]
    },
    {
      "mode": "managed",
      "type": "google_service_account",
      "name": "tfer--111242760977002129583",
      "provider": "provider[\"registry.terraform.io/hashicorp/google\"]",
      "instances": [
        {
          "schema_version": 0,
          "attributes_flat": {
            "account_id": "amplitude",
            "description": "",
            "disabled": "true",
            "display_name": "Amplitude",
            "email": "amplitude@cal-itp-data-infra-staging.iam.gserviceaccount.com",
            "id": "projects/cal-itp-data-infra-staging/serviceAccounts/amplitude@cal-itp-data-infra-staging.iam.gserviceaccount.com",
            "member": "serviceAccount:amplitude@cal-itp-data-infra-staging.iam.gserviceaccount.com",
            "name": "projects/cal-itp-data-infra-staging/serviceAccounts/amplitude@cal-itp-data-infra-staging.iam.gserviceaccount.com",
            "project": "cal-itp-data-infra-staging",
            "unique_id": "111242760977002129583"
          },
          "sensitive_attributes": []
        }
      ]
    },
    {
      "mode": "managed",
      "type": "google_service_account",
      "name": "tfer--111824761856041678305",
      "provider": "provider[\"registry.terraform.io/hashicorp/google\"]",
      "instances": [
        {
          "schema_version": 0,
          "attributes_flat": {
            "account_id": "local-airflow-dev",
            "description": "",
            "disabled": "false",
            "display_name": "",
            "email": "local-airflow-dev@cal-itp-data-infra-staging.iam.gserviceaccount.com",
            "id": "projects/cal-itp-data-infra-staging/serviceAccounts/local-airflow-dev@cal-itp-data-infra-staging.iam.gserviceaccount.com",
            "member": "serviceAccount:local-airflow-dev@cal-itp-data-infra-staging.iam.gserviceaccount.com",
            "name": "projects/cal-itp-data-infra-staging/serviceAccounts/local-airflow-dev@cal-itp-data-infra-staging.iam.gserviceaccount.com",
            "project": "cal-itp-data-infra-staging",
            "unique_id": "111824761856041678305"
          },
          "sensitive_attributes": []
        }
      ]
    },
    {
      "mode": "managed",
      "type": "google_service_account",
      "name": "tfer--111881979116192190399",
      "provider": "provider[\"registry.terraform.io/hashicorp/google\"]",
      "instances": [
        {
          "schema_version": 0,
          "attributes_flat": {
            "account_id": "metabase",
            "description": "",
            "disabled": "false",
            "display_name": "metabase",
            "email": "metabase@cal-itp-data-infra-staging.iam.gserviceaccount.com",
            "id": "projects/cal-itp-data-infra-staging/serviceAccounts/metabase@cal-itp-data-infra-staging.iam.gserviceaccount.com",
            "member": "serviceAccount:metabase@cal-itp-data-infra-staging.iam.gserviceaccount.com",
            "name": "projects/cal-itp-data-infra-staging/serviceAccounts/metabase@cal-itp-data-infra-staging.iam.gserviceaccount.com",
            "project": "cal-itp-data-infra-staging",
            "unique_id": "111881979116192190399"
          },
          "sensitive_attributes": []
        }
      ]
    }
  ],
  "check_results": null
}
