{
    "version": 3,
    "terraform_version": "0.12.31",
    "serial": 1,
    "lineage": "95f28f92-02af-56d6-7526-5a0248d733ec",
    "modules": [
        {
            "path": [
                "root"
            ],
            "outputs": {
                "google_compute_instance_group_manager_tfer--gke-data-infra-apps-apps-v2-0dfb61fb-grp_instance_group": {
                    "sensitive": false,
                    "type": "string",
                    "value": "https://www.googleapis.com/compute/v1/projects/cal-itp-data-infra/zones/us-west1-b/instanceGroups/gke-data-infra-apps-apps-v2-0dfb61fb-grp"
                },
                "google_compute_instance_group_manager_tfer--gke-data-infra-apps-apps-v2-0dfb61fb-grp_self_link": {
                    "sensitive": false,
                    "type": "string",
                    "value": "https://www.googleapis.com/compute/v1/projects/cal-itp-data-infra/zones/us-west1-b/instanceGroupManagers/gke-data-infra-apps-apps-v2-0dfb61fb-grp"
                },
                "google_compute_instance_group_manager_tfer--gke-data-infra-apps-apps-v2-24a4cc95-grp_instance_group": {
                    "sensitive": false,
                    "type": "string",
                    "value": "https://www.googleapis.com/compute/v1/projects/cal-itp-data-infra/zones/us-west1-c/instanceGroups/gke-data-infra-apps-apps-v2-24a4cc95-grp"
                },
                "google_compute_instance_group_manager_tfer--gke-data-infra-apps-apps-v2-24a4cc95-grp_self_link": {
                    "sensitive": false,
                    "type": "string",
                    "value": "https://www.googleapis.com/compute/v1/projects/cal-itp-data-infra/zones/us-west1-c/instanceGroupManagers/gke-data-infra-apps-apps-v2-24a4cc95-grp"
                },
                "google_compute_instance_group_manager_tfer--gke-data-infra-apps-apps-v2-2729c0c0-grp_instance_group": {
                    "sensitive": false,
                    "type": "string",
                    "value": "https://www.googleapis.com/compute/v1/projects/cal-itp-data-infra/zones/us-west1-a/instanceGroups/gke-data-infra-apps-apps-v2-2729c0c0-grp"
                },
                "google_compute_instance_group_manager_tfer--gke-data-infra-apps-apps-v2-2729c0c0-grp_self_link": {
                    "sensitive": false,
                    "type": "string",
                    "value": "https://www.googleapis.com/compute/v1/projects/cal-itp-data-infra/zones/us-west1-a/instanceGroupManagers/gke-data-infra-apps-apps-v2-2729c0c0-grp"
                },
                "google_compute_instance_group_manager_tfer--gke-data-infra-apps-gtfsrt-v4-2a13e092-grp_instance_group": {
                    "sensitive": false,
                    "type": "string",
                    "value": "https://www.googleapis.com/compute/v1/projects/cal-itp-data-infra/zones/us-west1-a/instanceGroups/gke-data-infra-apps-gtfsrt-v4-2a13e092-grp"
                },
                "google_compute_instance_group_manager_tfer--gke-data-infra-apps-gtfsrt-v4-2a13e092-grp_self_link": {
                    "sensitive": false,
                    "type": "string",
                    "value": "https://www.googleapis.com/compute/v1/projects/cal-itp-data-infra/zones/us-west1-a/instanceGroupManagers/gke-data-infra-apps-gtfsrt-v4-2a13e092-grp"
                },
                "google_compute_instance_group_manager_tfer--gke-data-infra-apps-gtfsrt-v4-7577d4d7-grp_instance_group": {
                    "sensitive": false,
                    "type": "string",
                    "value": "https://www.googleapis.com/compute/v1/projects/cal-itp-data-infra/zones/us-west1-c/instanceGroups/gke-data-infra-apps-gtfsrt-v4-7577d4d7-grp"
                },
                "google_compute_instance_group_manager_tfer--gke-data-infra-apps-gtfsrt-v4-7577d4d7-grp_self_link": {
                    "sensitive": false,
                    "type": "string",
                    "value": "https://www.googleapis.com/compute/v1/projects/cal-itp-data-infra/zones/us-west1-c/instanceGroupManagers/gke-data-infra-apps-gtfsrt-v4-7577d4d7-grp"
                },
                "google_compute_instance_group_manager_tfer--gke-data-infra-apps-gtfsrt-v4-b003cc53-grp_instance_group": {
                    "sensitive": false,
                    "type": "string",
                    "value": "https://www.googleapis.com/compute/v1/projects/cal-itp-data-infra/zones/us-west1-b/instanceGroups/gke-data-infra-apps-gtfsrt-v4-b003cc53-grp"
                },
                "google_compute_instance_group_manager_tfer--gke-data-infra-apps-gtfsrt-v4-b003cc53-grp_self_link": {
                    "sensitive": false,
                    "type": "string",
                    "value": "https://www.googleapis.com/compute/v1/projects/cal-itp-data-infra/zones/us-west1-b/instanceGroupManagers/gke-data-infra-apps-gtfsrt-v4-b003cc53-grp"
                },
                "google_compute_instance_group_manager_tfer--gke-data-infra-apps-jobs-v1-625ec063-grp_instance_group": {
                    "sensitive": false,
                    "type": "string",
                    "value": "https://www.googleapis.com/compute/v1/projects/cal-itp-data-infra/zones/us-west1-c/instanceGroups/gke-data-infra-apps-jobs-v1-625ec063-grp"
                },
                "google_compute_instance_group_manager_tfer--gke-data-infra-apps-jobs-v1-625ec063-grp_self_link": {
                    "sensitive": false,
                    "type": "string",
                    "value": "https://www.googleapis.com/compute/v1/projects/cal-itp-data-infra/zones/us-west1-c/instanceGroupManagers/gke-data-infra-apps-jobs-v1-625ec063-grp"
                },
                "google_compute_instance_group_manager_tfer--gke-data-infra-apps-jobs-v1-8eec22fb-grp_instance_group": {
                    "sensitive": false,
                    "type": "string",
                    "value": "https://www.googleapis.com/compute/v1/projects/cal-itp-data-infra/zones/us-west1-b/instanceGroups/gke-data-infra-apps-jobs-v1-8eec22fb-grp"
                },
                "google_compute_instance_group_manager_tfer--gke-data-infra-apps-jobs-v1-8eec22fb-grp_self_link": {
                    "sensitive": false,
                    "type": "string",
                    "value": "https://www.googleapis.com/compute/v1/projects/cal-itp-data-infra/zones/us-west1-b/instanceGroupManagers/gke-data-infra-apps-jobs-v1-8eec22fb-grp"
                },
                "google_compute_instance_group_manager_tfer--gke-data-infra-apps-jobs-v1-cd18666b-grp_instance_group": {
                    "sensitive": false,
                    "type": "string",
                    "value": "https://www.googleapis.com/compute/v1/projects/cal-itp-data-infra/zones/us-west1-a/instanceGroups/gke-data-infra-apps-jobs-v1-cd18666b-grp"
                },
                "google_compute_instance_group_manager_tfer--gke-data-infra-apps-jobs-v1-cd18666b-grp_self_link": {
                    "sensitive": false,
                    "type": "string",
                    "value": "https://www.googleapis.com/compute/v1/projects/cal-itp-data-infra/zones/us-west1-a/instanceGroupManagers/gke-data-infra-apps-jobs-v1-cd18666b-grp"
                },
                "google_compute_instance_group_manager_tfer--gke-data-infra-apps-jupyterhub-users-6aa76dbb-grp_instance_group": {
                    "sensitive": false,
                    "type": "string",
                    "value": "https://www.googleapis.com/compute/v1/projects/cal-itp-data-infra/zones/us-west1-c/instanceGroups/gke-data-infra-apps-jupyterhub-users-6aa76dbb-grp"
                },
                "google_compute_instance_group_manager_tfer--gke-data-infra-apps-jupyterhub-users-6aa76dbb-grp_self_link": {
                    "sensitive": false,
                    "type": "string",
                    "value": "https://www.googleapis.com/compute/v1/projects/cal-itp-data-infra/zones/us-west1-c/instanceGroupManagers/gke-data-infra-apps-jupyterhub-users-6aa76dbb-grp"
                },
                "google_compute_instance_group_manager_tfer--gke-data-infra-apps-jupyterhub-users-b57e08f4-grp_instance_group": {
                    "sensitive": false,
                    "type": "string",
                    "value": "https://www.googleapis.com/compute/v1/projects/cal-itp-data-infra/zones/us-west1-a/instanceGroups/gke-data-infra-apps-jupyterhub-users-b57e08f4-grp"
                },
                "google_compute_instance_group_manager_tfer--gke-data-infra-apps-jupyterhub-users-b57e08f4-grp_self_link": {
                    "sensitive": false,
                    "type": "string",
                    "value": "https://www.googleapis.com/compute/v1/projects/cal-itp-data-infra/zones/us-west1-a/instanceGroupManagers/gke-data-infra-apps-jupyterhub-users-b57e08f4-grp"
                },
                "google_compute_instance_group_manager_tfer--gke-data-infra-apps-jupyterhub-users-dddc57ff-grp_instance_group": {
                    "sensitive": false,
                    "type": "string",
                    "value": "https://www.googleapis.com/compute/v1/projects/cal-itp-data-infra/zones/us-west1-b/instanceGroups/gke-data-infra-apps-jupyterhub-users-dddc57ff-grp"
                },
                "google_compute_instance_group_manager_tfer--gke-data-infra-apps-jupyterhub-users-dddc57ff-grp_self_link": {
                    "sensitive": false,
                    "type": "string",
                    "value": "https://www.googleapis.com/compute/v1/projects/cal-itp-data-infra/zones/us-west1-b/instanceGroupManagers/gke-data-infra-apps-jupyterhub-users-dddc57ff-grp"
                }
            },
            "resources": {
                "google_compute_instance_group_manager.tfer--gke-data-infra-apps-apps-v2-0dfb61fb-grp": {
                    "type": "google_compute_instance_group_manager",
                    "depends_on": [],
                    "primary": {
                        "id": "gke-data-infra-apps-apps-v2-0dfb61fb-grp",
                        "attributes": {
                            "auto_healing_policies.#": "0",
                            "base_instance_name": "gke-data-infra-apps-apps-v2-0dfb61fb",
                            "creation_timestamp": "2022-01-25T18:32:12.205-08:00",
                            "description": "",
                            "fingerprint": "oaUYBbY1d2M=",
                            "id": "gke-data-infra-apps-apps-v2-0dfb61fb-grp",
                            "instance_group": "https://www.googleapis.com/compute/v1/projects/cal-itp-data-infra/zones/us-west1-b/instanceGroups/gke-data-infra-apps-apps-v2-0dfb61fb-grp",
                            "instance_group_manager_id": "8410298683272006723",
                            "instance_lifecycle_policy.#": "1",
                            "instance_lifecycle_policy.0.default_action_on_failure": "REPAIR",
                            "instance_lifecycle_policy.0.force_update_on_repair": "NO",
                            "list_managed_instances_results": "PAGELESS",
                            "name": "gke-data-infra-apps-apps-v2-0dfb61fb-grp",
                            "named_port.#": "0",
                            "project": "cal-itp-data-infra",
                            "self_link": "https://www.googleapis.com/compute/v1/projects/cal-itp-data-infra/zones/us-west1-b/instanceGroupManagers/gke-data-infra-apps-apps-v2-0dfb61fb-grp",
                            "stateful_disk.#": "0",
                            "stateful_external_ip.#": "0",
                            "stateful_internal_ip.#": "0",
                            "status.#": "1",
                            "status.0.all_instances_config.#": "1",
                            "status.0.all_instances_config.0.current_revision": "",
                            "status.0.all_instances_config.0.effective": "true",
                            "status.0.is_stable": "true",
                            "status.0.stateful.#": "1",
                            "status.0.stateful.0.has_stateful_config": "false",
                            "status.0.stateful.0.per_instance_configs.#": "1",
                            "status.0.stateful.0.per_instance_configs.0.all_effective": "true",
                            "status.0.version_target.#": "1",
                            "status.0.version_target.0.is_reached": "true",
                            "target_pools.#": "0",
                            "target_size": "1",
                            "update_policy.#": "1",
                            "update_policy.0.max_surge_fixed": "1",
                            "update_policy.0.max_surge_percent": "0",
                            "update_policy.0.max_unavailable_fixed": "1",
                            "update_policy.0.max_unavailable_percent": "0",
                            "update_policy.0.minimal_action": "REPLACE",
                            "update_policy.0.most_disruptive_allowed_action": "",
                            "update_policy.0.replacement_method": "SUBSTITUTE",
                            "update_policy.0.type": "OPPORTUNISTIC",
                            "version.#": "1",
                            "version.0.instance_template": "https://www.googleapis.com/compute/v1/projects/cal-itp-data-infra/regions/us-west1/instanceTemplates/gke-data-infra-apps-apps-v2-9b7ed43b",
                            "version.0.name": "",
                            "version.0.target_size.#": "0",
                            "wait_for_instances_status": "STABLE",
                            "zone": "us-west1-b"
                        },
                        "meta": {
                            "schema_version": 0
                        },
                        "tainted": false
                    },
                    "deposed": [],
                    "provider": "provider.google"
                },
                "google_compute_instance_group_manager.tfer--gke-data-infra-apps-apps-v2-24a4cc95-grp": {
                    "type": "google_compute_instance_group_manager",
                    "depends_on": [],
                    "primary": {
                        "id": "gke-data-infra-apps-apps-v2-24a4cc95-grp",
                        "attributes": {
                            "auto_healing_policies.#": "0",
                            "base_instance_name": "gke-data-infra-apps-apps-v2-24a4cc95",
                            "creation_timestamp": "2022-01-25T18:32:12.259-08:00",
                            "description": "",
                            "fingerprint": "aLS1WrhoZgU=",
                            "id": "gke-data-infra-apps-apps-v2-24a4cc95-grp",
                            "instance_group": "https://www.googleapis.com/compute/v1/projects/cal-itp-data-infra/zones/us-west1-c/instanceGroups/gke-data-infra-apps-apps-v2-24a4cc95-grp",
                            "instance_group_manager_id": "4641927818376973379",
                            "instance_lifecycle_policy.#": "1",
                            "instance_lifecycle_policy.0.default_action_on_failure": "REPAIR",
                            "instance_lifecycle_policy.0.force_update_on_repair": "NO",
                            "list_managed_instances_results": "PAGELESS",
                            "name": "gke-data-infra-apps-apps-v2-24a4cc95-grp",
                            "named_port.#": "0",
                            "project": "cal-itp-data-infra",
                            "self_link": "https://www.googleapis.com/compute/v1/projects/cal-itp-data-infra/zones/us-west1-c/instanceGroupManagers/gke-data-infra-apps-apps-v2-24a4cc95-grp",
                            "stateful_disk.#": "0",
                            "stateful_external_ip.#": "0",
                            "stateful_internal_ip.#": "0",
                            "status.#": "1",
                            "status.0.all_instances_config.#": "1",
                            "status.0.all_instances_config.0.current_revision": "",
                            "status.0.all_instances_config.0.effective": "true",
                            "status.0.is_stable": "true",
                            "status.0.stateful.#": "1",
                            "status.0.stateful.0.has_stateful_config": "false",
                            "status.0.stateful.0.per_instance_configs.#": "1",
                            "status.0.stateful.0.per_instance_configs.0.all_effective": "true",
                            "status.0.version_target.#": "1",
                            "status.0.version_target.0.is_reached": "true",
                            "target_pools.#": "0",
                            "target_size": "2",
                            "update_policy.#": "1",
                            "update_policy.0.max_surge_fixed": "1",
                            "update_policy.0.max_surge_percent": "0",
                            "update_policy.0.max_unavailable_fixed": "1",
                            "update_policy.0.max_unavailable_percent": "0",
                            "update_policy.0.minimal_action": "REPLACE",
                            "update_policy.0.most_disruptive_allowed_action": "",
                            "update_policy.0.replacement_method": "SUBSTITUTE",
                            "update_policy.0.type": "OPPORTUNISTIC",
                            "version.#": "1",
                            "version.0.instance_template": "https://www.googleapis.com/compute/v1/projects/cal-itp-data-infra/regions/us-west1/instanceTemplates/gke-data-infra-apps-apps-v2-b49348f5",
                            "version.0.name": "",
                            "version.0.target_size.#": "0",
                            "wait_for_instances_status": "STABLE",
                            "zone": "us-west1-c"
                        },
                        "meta": {
                            "schema_version": 0
                        },
                        "tainted": false
                    },
                    "deposed": [],
                    "provider": "provider.google"
                },
                "google_compute_instance_group_manager.tfer--gke-data-infra-apps-apps-v2-2729c0c0-grp": {
                    "type": "google_compute_instance_group_manager",
                    "depends_on": [],
                    "primary": {
                        "id": "gke-data-infra-apps-apps-v2-2729c0c0-grp",
                        "attributes": {
                            "auto_healing_policies.#": "0",
                            "base_instance_name": "gke-data-infra-apps-apps-v2-2729c0c0",
                            "creation_timestamp": "2022-01-25T18:32:12.662-08:00",
                            "description": "",
                            "fingerprint": "BmfHzwwYZac=",
                            "id": "gke-data-infra-apps-apps-v2-2729c0c0-grp",
                            "instance_group": "https://www.googleapis.com/compute/v1/projects/cal-itp-data-infra/zones/us-west1-a/instanceGroups/gke-data-infra-apps-apps-v2-2729c0c0-grp",
                            "instance_group_manager_id": "6734959939717762115",
                            "instance_lifecycle_policy.#": "1",
                            "instance_lifecycle_policy.0.default_action_on_failure": "REPAIR",
                            "instance_lifecycle_policy.0.force_update_on_repair": "NO",
                            "list_managed_instances_results": "PAGELESS",
                            "name": "gke-data-infra-apps-apps-v2-2729c0c0-grp",
                            "named_port.#": "0",
                            "project": "cal-itp-data-infra",
                            "self_link": "https://www.googleapis.com/compute/v1/projects/cal-itp-data-infra/zones/us-west1-a/instanceGroupManagers/gke-data-infra-apps-apps-v2-2729c0c0-grp",
                            "stateful_disk.#": "0",
                            "stateful_external_ip.#": "0",
                            "stateful_internal_ip.#": "0",
                            "status.#": "1",
                            "status.0.all_instances_config.#": "1",
                            "status.0.all_instances_config.0.current_revision": "",
                            "status.0.all_instances_config.0.effective": "true",
                            "status.0.is_stable": "true",
                            "status.0.stateful.#": "1",
                            "status.0.stateful.0.has_stateful_config": "false",
                            "status.0.stateful.0.per_instance_configs.#": "1",
                            "status.0.stateful.0.per_instance_configs.0.all_effective": "true",
                            "status.0.version_target.#": "1",
                            "status.0.version_target.0.is_reached": "true",
                            "target_pools.#": "0",
                            "target_size": "1",
                            "update_policy.#": "1",
                            "update_policy.0.max_surge_fixed": "1",
                            "update_policy.0.max_surge_percent": "0",
                            "update_policy.0.max_unavailable_fixed": "1",
                            "update_policy.0.max_unavailable_percent": "0",
                            "update_policy.0.minimal_action": "REPLACE",
                            "update_policy.0.most_disruptive_allowed_action": "",
                            "update_policy.0.replacement_method": "SUBSTITUTE",
                            "update_policy.0.type": "OPPORTUNISTIC",
                            "version.#": "1",
                            "version.0.instance_template": "https://www.googleapis.com/compute/v1/projects/cal-itp-data-infra/regions/us-west1/instanceTemplates/gke-data-infra-apps-apps-v2-b6f10b38",
                            "version.0.name": "",
                            "version.0.target_size.#": "0",
                            "wait_for_instances_status": "STABLE",
                            "zone": "us-west1-a"
                        },
                        "meta": {
                            "schema_version": 0
                        },
                        "tainted": false
                    },
                    "deposed": [],
                    "provider": "provider.google"
                },
                "google_compute_instance_group_manager.tfer--gke-data-infra-apps-gtfsrt-v4-2a13e092-grp": {
                    "type": "google_compute_instance_group_manager",
                    "depends_on": [],
                    "primary": {
                        "id": "gke-data-infra-apps-gtfsrt-v4-2a13e092-grp",
                        "attributes": {
                            "auto_healing_policies.#": "0",
                            "base_instance_name": "gke-data-infra-apps-gtfsrt-v4-2a13e092",
                            "creation_timestamp": "2022-07-23T11:59:28.408-07:00",
                            "description": "",
                            "fingerprint": "LoJREd3E6sM=",
                            "id": "gke-data-infra-apps-gtfsrt-v4-2a13e092-grp",
                            "instance_group": "https://www.googleapis.com/compute/v1/projects/cal-itp-data-infra/zones/us-west1-a/instanceGroups/gke-data-infra-apps-gtfsrt-v4-2a13e092-grp",
                            "instance_group_manager_id": "7825490511655992319",
                            "instance_lifecycle_policy.#": "1",
                            "instance_lifecycle_policy.0.default_action_on_failure": "REPAIR",
                            "instance_lifecycle_policy.0.force_update_on_repair": "NO",
                            "list_managed_instances_results": "PAGELESS",
                            "name": "gke-data-infra-apps-gtfsrt-v4-2a13e092-grp",
                            "named_port.#": "0",
                            "project": "cal-itp-data-infra",
                            "self_link": "https://www.googleapis.com/compute/v1/projects/cal-itp-data-infra/zones/us-west1-a/instanceGroupManagers/gke-data-infra-apps-gtfsrt-v4-2a13e092-grp",
                            "stateful_disk.#": "0",
                            "stateful_external_ip.#": "0",
                            "stateful_internal_ip.#": "0",
                            "status.#": "1",
                            "status.0.all_instances_config.#": "1",
                            "status.0.all_instances_config.0.current_revision": "",
                            "status.0.all_instances_config.0.effective": "true",
                            "status.0.is_stable": "true",
                            "status.0.stateful.#": "1",
                            "status.0.stateful.0.has_stateful_config": "false",
                            "status.0.stateful.0.per_instance_configs.#": "1",
                            "status.0.stateful.0.per_instance_configs.0.all_effective": "true",
                            "status.0.version_target.#": "1",
                            "status.0.version_target.0.is_reached": "true",
                            "target_pools.#": "0",
                            "target_size": "2",
                            "update_policy.#": "1",
                            "update_policy.0.max_surge_fixed": "1",
                            "update_policy.0.max_surge_percent": "0",
                            "update_policy.0.max_unavailable_fixed": "1",
                            "update_policy.0.max_unavailable_percent": "0",
                            "update_policy.0.minimal_action": "REPLACE",
                            "update_policy.0.most_disruptive_allowed_action": "",
                            "update_policy.0.replacement_method": "SUBSTITUTE",
                            "update_policy.0.type": "OPPORTUNISTIC",
                            "version.#": "1",
                            "version.0.instance_template": "https://www.googleapis.com/compute/v1/projects/cal-itp-data-infra/regions/us-west1/instanceTemplates/gke-data-infra-apps-gtfsrt-v4-11d2b349",
                            "version.0.name": "",
                            "version.0.target_size.#": "0",
                            "wait_for_instances_status": "STABLE",
                            "zone": "us-west1-a"
                        },
                        "meta": {
                            "schema_version": 0
                        },
                        "tainted": false
                    },
                    "deposed": [],
                    "provider": "provider.google"
                },
                "google_compute_instance_group_manager.tfer--gke-data-infra-apps-gtfsrt-v4-7577d4d7-grp": {
                    "type": "google_compute_instance_group_manager",
                    "depends_on": [],
                    "primary": {
                        "id": "gke-data-infra-apps-gtfsrt-v4-7577d4d7-grp",
                        "attributes": {
                            "auto_healing_policies.#": "0",
                            "base_instance_name": "gke-data-infra-apps-gtfsrt-v4-7577d4d7",
                            "creation_timestamp": "2022-07-23T11:59:25.621-07:00",
                            "description": "",
                            "fingerprint": "WgM-xSRkPqM=",
                            "id": "gke-data-infra-apps-gtfsrt-v4-7577d4d7-grp",
                            "instance_group": "https://www.googleapis.com/compute/v1/projects/cal-itp-data-infra/zones/us-west1-c/instanceGroups/gke-data-infra-apps-gtfsrt-v4-7577d4d7-grp",
                            "instance_group_manager_id": "4618862826041244642",
                            "instance_lifecycle_policy.#": "1",
                            "instance_lifecycle_policy.0.default_action_on_failure": "REPAIR",
                            "instance_lifecycle_policy.0.force_update_on_repair": "NO",
                            "list_managed_instances_results": "PAGELESS",
                            "name": "gke-data-infra-apps-gtfsrt-v4-7577d4d7-grp",
                            "named_port.#": "0",
                            "project": "cal-itp-data-infra",
                            "self_link": "https://www.googleapis.com/compute/v1/projects/cal-itp-data-infra/zones/us-west1-c/instanceGroupManagers/gke-data-infra-apps-gtfsrt-v4-7577d4d7-grp",
                            "stateful_disk.#": "0",
                            "stateful_external_ip.#": "0",
                            "stateful_internal_ip.#": "0",
                            "status.#": "1",
                            "status.0.all_instances_config.#": "1",
                            "status.0.all_instances_config.0.current_revision": "",
                            "status.0.all_instances_config.0.effective": "true",
                            "status.0.is_stable": "true",
                            "status.0.stateful.#": "1",
                            "status.0.stateful.0.has_stateful_config": "false",
                            "status.0.stateful.0.per_instance_configs.#": "1",
                            "status.0.stateful.0.per_instance_configs.0.all_effective": "true",
                            "status.0.version_target.#": "1",
                            "status.0.version_target.0.is_reached": "true",
                            "target_pools.#": "0",
                            "target_size": "1",
                            "update_policy.#": "1",
                            "update_policy.0.max_surge_fixed": "1",
                            "update_policy.0.max_surge_percent": "0",
                            "update_policy.0.max_unavailable_fixed": "1",
                            "update_policy.0.max_unavailable_percent": "0",
                            "update_policy.0.minimal_action": "REPLACE",
                            "update_policy.0.most_disruptive_allowed_action": "",
                            "update_policy.0.replacement_method": "SUBSTITUTE",
                            "update_policy.0.type": "OPPORTUNISTIC",
                            "version.#": "1",
                            "version.0.instance_template": "https://www.googleapis.com/compute/v1/projects/cal-itp-data-infra/regions/us-west1/instanceTemplates/gke-data-infra-apps-gtfsrt-v4-8e92691e",
                            "version.0.name": "",
                            "version.0.target_size.#": "0",
                            "wait_for_instances_status": "STABLE",
                            "zone": "us-west1-c"
                        },
                        "meta": {
                            "schema_version": 0
                        },
                        "tainted": false
                    },
                    "deposed": [],
                    "provider": "provider.google"
                },
                "google_compute_instance_group_manager.tfer--gke-data-infra-apps-gtfsrt-v4-b003cc53-grp": {
                    "type": "google_compute_instance_group_manager",
                    "depends_on": [],
                    "primary": {
                        "id": "gke-data-infra-apps-gtfsrt-v4-b003cc53-grp",
                        "attributes": {
                            "auto_healing_policies.#": "0",
                            "base_instance_name": "gke-data-infra-apps-gtfsrt-v4-b003cc53",
                            "creation_timestamp": "2022-07-23T11:59:25.014-07:00",
                            "description": "",
                            "fingerprint": "HCVNLnwbbNY=",
                            "id": "gke-data-infra-apps-gtfsrt-v4-b003cc53-grp",
                            "instance_group": "https://www.googleapis.com/compute/v1/projects/cal-itp-data-infra/zones/us-west1-b/instanceGroups/gke-data-infra-apps-gtfsrt-v4-b003cc53-grp",
                            "instance_group_manager_id": "5452954399866485730",
                            "instance_lifecycle_policy.#": "1",
                            "instance_lifecycle_policy.0.default_action_on_failure": "REPAIR",
                            "instance_lifecycle_policy.0.force_update_on_repair": "NO",
                            "list_managed_instances_results": "PAGELESS",
                            "name": "gke-data-infra-apps-gtfsrt-v4-b003cc53-grp",
                            "named_port.#": "0",
                            "project": "cal-itp-data-infra",
                            "self_link": "https://www.googleapis.com/compute/v1/projects/cal-itp-data-infra/zones/us-west1-b/instanceGroupManagers/gke-data-infra-apps-gtfsrt-v4-b003cc53-grp",
                            "stateful_disk.#": "0",
                            "stateful_external_ip.#": "0",
                            "stateful_internal_ip.#": "0",
                            "status.#": "1",
                            "status.0.all_instances_config.#": "1",
                            "status.0.all_instances_config.0.current_revision": "",
                            "status.0.all_instances_config.0.effective": "true",
                            "status.0.is_stable": "true",
                            "status.0.stateful.#": "1",
                            "status.0.stateful.0.has_stateful_config": "false",
                            "status.0.stateful.0.per_instance_configs.#": "1",
                            "status.0.stateful.0.per_instance_configs.0.all_effective": "true",
                            "status.0.version_target.#": "1",
                            "status.0.version_target.0.is_reached": "true",
                            "target_pools.#": "0",
                            "target_size": "1",
                            "update_policy.#": "1",
                            "update_policy.0.max_surge_fixed": "1",
                            "update_policy.0.max_surge_percent": "0",
                            "update_policy.0.max_unavailable_fixed": "1",
                            "update_policy.0.max_unavailable_percent": "0",
                            "update_policy.0.minimal_action": "REPLACE",
                            "update_policy.0.most_disruptive_allowed_action": "",
                            "update_policy.0.replacement_method": "SUBSTITUTE",
                            "update_policy.0.type": "OPPORTUNISTIC",
                            "version.#": "1",
                            "version.0.instance_template": "https://www.googleapis.com/compute/v1/projects/cal-itp-data-infra/regions/us-west1/instanceTemplates/gke-data-infra-apps-gtfsrt-v4-240ecf04",
                            "version.0.name": "",
                            "version.0.target_size.#": "0",
                            "wait_for_instances_status": "STABLE",
                            "zone": "us-west1-b"
                        },
                        "meta": {
                            "schema_version": 0
                        },
                        "tainted": false
                    },
                    "deposed": [],
                    "provider": "provider.google"
                },
                "google_compute_instance_group_manager.tfer--gke-data-infra-apps-jobs-v1-625ec063-grp": {
                    "type": "google_compute_instance_group_manager",
                    "depends_on": [],
                    "primary": {
                        "id": "gke-data-infra-apps-jobs-v1-625ec063-grp",
                        "attributes": {
                            "auto_healing_policies.#": "0",
                            "base_instance_name": "gke-data-infra-apps-jobs-v1-625ec063",
                            "creation_timestamp": "2022-04-21T15:27:39.331-07:00",
                            "description": "",
                            "fingerprint": "FrGiI-4cDTQ=",
                            "id": "gke-data-infra-apps-jobs-v1-625ec063-grp",
                            "instance_group": "https://www.googleapis.com/compute/v1/projects/cal-itp-data-infra/zones/us-west1-c/instanceGroups/gke-data-infra-apps-jobs-v1-625ec063-grp",
                            "instance_group_manager_id": "142533298953675956",
                            "instance_lifecycle_policy.#": "1",
                            "instance_lifecycle_policy.0.default_action_on_failure": "REPAIR",
                            "instance_lifecycle_policy.0.force_update_on_repair": "NO",
                            "list_managed_instances_results": "PAGELESS",
                            "name": "gke-data-infra-apps-jobs-v1-625ec063-grp",
                            "named_port.#": "0",
                            "project": "cal-itp-data-infra",
                            "self_link": "https://www.googleapis.com/compute/v1/projects/cal-itp-data-infra/zones/us-west1-c/instanceGroupManagers/gke-data-infra-apps-jobs-v1-625ec063-grp",
                            "stateful_disk.#": "0",
                            "stateful_external_ip.#": "0",
                            "stateful_internal_ip.#": "0",
                            "status.#": "1",
                            "status.0.all_instances_config.#": "1",
                            "status.0.all_instances_config.0.current_revision": "",
                            "status.0.all_instances_config.0.effective": "true",
                            "status.0.is_stable": "true",
                            "status.0.stateful.#": "1",
                            "status.0.stateful.0.has_stateful_config": "false",
                            "status.0.stateful.0.per_instance_configs.#": "1",
                            "status.0.stateful.0.per_instance_configs.0.all_effective": "true",
                            "status.0.version_target.#": "1",
                            "status.0.version_target.0.is_reached": "true",
                            "target_pools.#": "0",
                            "target_size": "1",
                            "update_policy.#": "1",
                            "update_policy.0.max_surge_fixed": "1",
                            "update_policy.0.max_surge_percent": "0",
                            "update_policy.0.max_unavailable_fixed": "1",
                            "update_policy.0.max_unavailable_percent": "0",
                            "update_policy.0.minimal_action": "REPLACE",
                            "update_policy.0.most_disruptive_allowed_action": "",
                            "update_policy.0.replacement_method": "SUBSTITUTE",
                            "update_policy.0.type": "OPPORTUNISTIC",
                            "version.#": "1",
                            "version.0.instance_template": "https://www.googleapis.com/compute/v1/projects/cal-itp-data-infra/regions/us-west1/instanceTemplates/gke-data-infra-apps-jobs-v1-925dc7e0",
                            "version.0.name": "",
                            "version.0.target_size.#": "0",
                            "wait_for_instances_status": "STABLE",
                            "zone": "us-west1-c"
                        },
                        "meta": {
                            "schema_version": 0
                        },
                        "tainted": false
                    },
                    "deposed": [],
                    "provider": "provider.google"
                },
                "google_compute_instance_group_manager.tfer--gke-data-infra-apps-jobs-v1-8eec22fb-grp": {
                    "type": "google_compute_instance_group_manager",
                    "depends_on": [],
                    "primary": {
                        "id": "gke-data-infra-apps-jobs-v1-8eec22fb-grp",
                        "attributes": {
                            "auto_healing_policies.#": "0",
                            "base_instance_name": "gke-data-infra-apps-jobs-v1-8eec22fb",
                            "creation_timestamp": "2022-04-21T15:27:39.882-07:00",
                            "description": "",
                            "fingerprint": "B8iW5ZCgVcM=",
                            "id": "gke-data-infra-apps-jobs-v1-8eec22fb-grp",
                            "instance_group": "https://www.googleapis.com/compute/v1/projects/cal-itp-data-infra/zones/us-west1-b/instanceGroups/gke-data-infra-apps-jobs-v1-8eec22fb-grp",
                            "instance_group_manager_id": "7719579311087051956",
                            "instance_lifecycle_policy.#": "1",
                            "instance_lifecycle_policy.0.default_action_on_failure": "REPAIR",
                            "instance_lifecycle_policy.0.force_update_on_repair": "NO",
                            "list_managed_instances_results": "PAGELESS",
                            "name": "gke-data-infra-apps-jobs-v1-8eec22fb-grp",
                            "named_port.#": "0",
                            "project": "cal-itp-data-infra",
                            "self_link": "https://www.googleapis.com/compute/v1/projects/cal-itp-data-infra/zones/us-west1-b/instanceGroupManagers/gke-data-infra-apps-jobs-v1-8eec22fb-grp",
                            "stateful_disk.#": "0",
                            "stateful_external_ip.#": "0",
                            "stateful_internal_ip.#": "0",
                            "status.#": "1",
                            "status.0.all_instances_config.#": "1",
                            "status.0.all_instances_config.0.current_revision": "",
                            "status.0.all_instances_config.0.effective": "true",
                            "status.0.is_stable": "true",
                            "status.0.stateful.#": "1",
                            "status.0.stateful.0.has_stateful_config": "false",
                            "status.0.stateful.0.per_instance_configs.#": "1",
                            "status.0.stateful.0.per_instance_configs.0.all_effective": "true",
                            "status.0.version_target.#": "1",
                            "status.0.version_target.0.is_reached": "true",
                            "target_pools.#": "0",
                            "target_size": "1",
                            "update_policy.#": "1",
                            "update_policy.0.max_surge_fixed": "1",
                            "update_policy.0.max_surge_percent": "0",
                            "update_policy.0.max_unavailable_fixed": "1",
                            "update_policy.0.max_unavailable_percent": "0",
                            "update_policy.0.minimal_action": "REPLACE",
                            "update_policy.0.most_disruptive_allowed_action": "",
                            "update_policy.0.replacement_method": "SUBSTITUTE",
                            "update_policy.0.type": "OPPORTUNISTIC",
                            "version.#": "1",
                            "version.0.instance_template": "https://www.googleapis.com/compute/v1/projects/cal-itp-data-infra/regions/us-west1/instanceTemplates/gke-data-infra-apps-jobs-v1-f7562e02",
                            "version.0.name": "",
                            "version.0.target_size.#": "0",
                            "wait_for_instances_status": "STABLE",
                            "zone": "us-west1-b"
                        },
                        "meta": {
                            "schema_version": 0
                        },
                        "tainted": false
                    },
                    "deposed": [],
                    "provider": "provider.google"
                },
                "google_compute_instance_group_manager.tfer--gke-data-infra-apps-jobs-v1-cd18666b-grp": {
                    "type": "google_compute_instance_group_manager",
                    "depends_on": [],
                    "primary": {
                        "id": "gke-data-infra-apps-jobs-v1-cd18666b-grp",
                        "attributes": {
                            "auto_healing_policies.#": "0",
                            "base_instance_name": "gke-data-infra-apps-jobs-v1-cd18666b",
                            "creation_timestamp": "2022-03-25T12:38:55.552-07:00",
                            "description": "",
                            "fingerprint": "GWU3td3-bMY=",
                            "id": "gke-data-infra-apps-jobs-v1-cd18666b-grp",
                            "instance_group": "https://www.googleapis.com/compute/v1/projects/cal-itp-data-infra/zones/us-west1-a/instanceGroups/gke-data-infra-apps-jobs-v1-cd18666b-grp",
                            "instance_group_manager_id": "2237611173343372448",
                            "instance_lifecycle_policy.#": "1",
                            "instance_lifecycle_policy.0.default_action_on_failure": "REPAIR",
                            "instance_lifecycle_policy.0.force_update_on_repair": "NO",
                            "list_managed_instances_results": "PAGELESS",
                            "name": "gke-data-infra-apps-jobs-v1-cd18666b-grp",
                            "named_port.#": "0",
                            "project": "cal-itp-data-infra",
                            "self_link": "https://www.googleapis.com/compute/v1/projects/cal-itp-data-infra/zones/us-west1-a/instanceGroupManagers/gke-data-infra-apps-jobs-v1-cd18666b-grp",
                            "stateful_disk.#": "0",
                            "stateful_external_ip.#": "0",
                            "stateful_internal_ip.#": "0",
                            "status.#": "1",
                            "status.0.all_instances_config.#": "1",
                            "status.0.all_instances_config.0.current_revision": "",
                            "status.0.all_instances_config.0.effective": "true",
                            "status.0.is_stable": "true",
                            "status.0.stateful.#": "1",
                            "status.0.stateful.0.has_stateful_config": "false",
                            "status.0.stateful.0.per_instance_configs.#": "1",
                            "status.0.stateful.0.per_instance_configs.0.all_effective": "true",
                            "status.0.version_target.#": "1",
                            "status.0.version_target.0.is_reached": "true",
                            "target_pools.#": "0",
                            "target_size": "1",
                            "update_policy.#": "1",
                            "update_policy.0.max_surge_fixed": "1",
                            "update_policy.0.max_surge_percent": "0",
                            "update_policy.0.max_unavailable_fixed": "1",
                            "update_policy.0.max_unavailable_percent": "0",
                            "update_policy.0.minimal_action": "REPLACE",
                            "update_policy.0.most_disruptive_allowed_action": "",
                            "update_policy.0.replacement_method": "SUBSTITUTE",
                            "update_policy.0.type": "OPPORTUNISTIC",
                            "version.#": "1",
                            "version.0.instance_template": "https://www.googleapis.com/compute/v1/projects/cal-itp-data-infra/regions/us-west1/instanceTemplates/gke-data-infra-apps-jobs-v1-121f5577",
                            "version.0.name": "",
                            "version.0.target_size.#": "0",
                            "wait_for_instances_status": "STABLE",
                            "zone": "us-west1-a"
                        },
                        "meta": {
                            "schema_version": 0
                        },
                        "tainted": false
                    },
                    "deposed": [],
                    "provider": "provider.google"
                },
                "google_compute_instance_group_manager.tfer--gke-data-infra-apps-jupyterhub-users-6aa76dbb-grp": {
                    "type": "google_compute_instance_group_manager",
                    "depends_on": [],
                    "primary": {
                        "id": "gke-data-infra-apps-jupyterhub-users-6aa76dbb-grp",
                        "attributes": {
                            "auto_healing_policies.#": "0",
                            "base_instance_name": "gke-data-infra-apps-jupyterhub-users-6aa76dbb",
                            "creation_timestamp": "2024-10-16T09:30:12.281-07:00",
                            "description": "",
                            "fingerprint": "uZNQLbsv350=",
                            "id": "gke-data-infra-apps-jupyterhub-users-6aa76dbb-grp",
                            "instance_group": "https://www.googleapis.com/compute/v1/projects/cal-itp-data-infra/zones/us-west1-c/instanceGroups/gke-data-infra-apps-jupyterhub-users-6aa76dbb-grp",
                            "instance_group_manager_id": "9178573297688925435",
                            "instance_lifecycle_policy.#": "1",
                            "instance_lifecycle_policy.0.default_action_on_failure": "REPAIR",
                            "instance_lifecycle_policy.0.force_update_on_repair": "YES",
                            "list_managed_instances_results": "PAGINATED",
                            "name": "gke-data-infra-apps-jupyterhub-users-6aa76dbb-grp",
                            "named_port.#": "0",
                            "project": "cal-itp-data-infra",
                            "self_link": "https://www.googleapis.com/compute/v1/projects/cal-itp-data-infra/zones/us-west1-c/instanceGroupManagers/gke-data-infra-apps-jupyterhub-users-6aa76dbb-grp",
                            "stateful_disk.#": "0",
                            "stateful_external_ip.#": "0",
                            "stateful_internal_ip.#": "0",
                            "status.#": "1",
                            "status.0.all_instances_config.#": "1",
                            "status.0.all_instances_config.0.current_revision": "",
                            "status.0.all_instances_config.0.effective": "true",
                            "status.0.is_stable": "true",
                            "status.0.stateful.#": "1",
                            "status.0.stateful.0.has_stateful_config": "false",
                            "status.0.stateful.0.per_instance_configs.#": "1",
                            "status.0.stateful.0.per_instance_configs.0.all_effective": "true",
                            "status.0.version_target.#": "1",
                            "status.0.version_target.0.is_reached": "true",
                            "target_pools.#": "0",
                            "target_size": "3",
                            "update_policy.#": "1",
                            "update_policy.0.max_surge_fixed": "1",
                            "update_policy.0.max_surge_percent": "0",
                            "update_policy.0.max_unavailable_fixed": "1",
                            "update_policy.0.max_unavailable_percent": "0",
                            "update_policy.0.minimal_action": "REPLACE",
                            "update_policy.0.most_disruptive_allowed_action": "",
                            "update_policy.0.replacement_method": "SUBSTITUTE",
                            "update_policy.0.type": "OPPORTUNISTIC",
                            "version.#": "1",
                            "version.0.instance_template": "https://www.googleapis.com/compute/v1/projects/cal-itp-data-infra/regions/us-west1/instanceTemplates/gke-data-infra-apps-jupyterhub-users-916d60cc",
                            "version.0.name": "",
                            "version.0.target_size.#": "0",
                            "wait_for_instances_status": "STABLE",
                            "zone": "us-west1-c"
                        },
                        "meta": {
                            "schema_version": 0
                        },
                        "tainted": false
                    },
                    "deposed": [],
                    "provider": "provider.google"
                },
                "google_compute_instance_group_manager.tfer--gke-data-infra-apps-jupyterhub-users-b57e08f4-grp": {
                    "type": "google_compute_instance_group_manager",
                    "depends_on": [],
                    "primary": {
                        "id": "gke-data-infra-apps-jupyterhub-users-b57e08f4-grp",
                        "attributes": {
                            "auto_healing_policies.#": "0",
                            "base_instance_name": "gke-data-infra-apps-jupyterhub-users-b57e08f4",
                            "creation_timestamp": "2022-01-24T06:02:27.636-08:00",
                            "description": "",
                            "fingerprint": "xqIyqr_YGyY=",
                            "id": "gke-data-infra-apps-jupyterhub-users-b57e08f4-grp",
                            "instance_group": "https://www.googleapis.com/compute/v1/projects/cal-itp-data-infra/zones/us-west1-a/instanceGroups/gke-data-infra-apps-jupyterhub-users-b57e08f4-grp",
                            "instance_group_manager_id": "1251924025861672860",
                            "instance_lifecycle_policy.#": "1",
                            "instance_lifecycle_policy.0.default_action_on_failure": "REPAIR",
                            "instance_lifecycle_policy.0.force_update_on_repair": "NO",
                            "list_managed_instances_results": "PAGELESS",
                            "name": "gke-data-infra-apps-jupyterhub-users-b57e08f4-grp",
                            "named_port.#": "0",
                            "project": "cal-itp-data-infra",
                            "self_link": "https://www.googleapis.com/compute/v1/projects/cal-itp-data-infra/zones/us-west1-a/instanceGroupManagers/gke-data-infra-apps-jupyterhub-users-b57e08f4-grp",
                            "stateful_disk.#": "0",
                            "stateful_external_ip.#": "0",
                            "stateful_internal_ip.#": "0",
                            "status.#": "1",
                            "status.0.all_instances_config.#": "1",
                            "status.0.all_instances_config.0.current_revision": "",
                            "status.0.all_instances_config.0.effective": "true",
                            "status.0.is_stable": "true",
                            "status.0.stateful.#": "1",
                            "status.0.stateful.0.has_stateful_config": "false",
                            "status.0.stateful.0.per_instance_configs.#": "1",
                            "status.0.stateful.0.per_instance_configs.0.all_effective": "true",
                            "status.0.version_target.#": "1",
                            "status.0.version_target.0.is_reached": "true",
                            "target_pools.#": "0",
                            "target_size": "1",
                            "update_policy.#": "1",
                            "update_policy.0.max_surge_fixed": "1",
                            "update_policy.0.max_surge_percent": "0",
                            "update_policy.0.max_unavailable_fixed": "1",
                            "update_policy.0.max_unavailable_percent": "0",
                            "update_policy.0.minimal_action": "REPLACE",
                            "update_policy.0.most_disruptive_allowed_action": "",
                            "update_policy.0.replacement_method": "SUBSTITUTE",
                            "update_policy.0.type": "OPPORTUNISTIC",
                            "version.#": "1",
                            "version.0.instance_template": "https://www.googleapis.com/compute/v1/projects/cal-itp-data-infra/regions/us-west1/instanceTemplates/gke-data-infra-apps-jupyterhub-users-94ed3d7a",
                            "version.0.name": "",
                            "version.0.target_size.#": "0",
                            "wait_for_instances_status": "STABLE",
                            "zone": "us-west1-a"
                        },
                        "meta": {
                            "schema_version": 0
                        },
                        "tainted": false
                    },
                    "deposed": [],
                    "provider": "provider.google"
                },
                "google_compute_instance_group_manager.tfer--gke-data-infra-apps-jupyterhub-users-dddc57ff-grp": {
                    "type": "google_compute_instance_group_manager",
                    "depends_on": [],
                    "primary": {
                        "id": "gke-data-infra-apps-jupyterhub-users-dddc57ff-grp",
                        "attributes": {
                            "auto_healing_policies.#": "0",
                            "base_instance_name": "gke-data-infra-apps-jupyterhub-users-dddc57ff",
                            "creation_timestamp": "2022-01-24T06:02:30.251-08:00",
                            "description": "",
                            "fingerprint": "19W-jIC98Ec=",
                            "id": "gke-data-infra-apps-jupyterhub-users-dddc57ff-grp",
                            "instance_group": "https://www.googleapis.com/compute/v1/projects/cal-itp-data-infra/zones/us-west1-b/instanceGroups/gke-data-infra-apps-jupyterhub-users-dddc57ff-grp",
                            "instance_group_manager_id": "196631594658893721",
                            "instance_lifecycle_policy.#": "1",
                            "instance_lifecycle_policy.0.default_action_on_failure": "REPAIR",
                            "instance_lifecycle_policy.0.force_update_on_repair": "NO",
                            "list_managed_instances_results": "PAGELESS",
                            "name": "gke-data-infra-apps-jupyterhub-users-dddc57ff-grp",
                            "named_port.#": "0",
                            "project": "cal-itp-data-infra",
                            "self_link": "https://www.googleapis.com/compute/v1/projects/cal-itp-data-infra/zones/us-west1-b/instanceGroupManagers/gke-data-infra-apps-jupyterhub-users-dddc57ff-grp",
                            "stateful_disk.#": "0",
                            "stateful_external_ip.#": "0",
                            "stateful_internal_ip.#": "0",
                            "status.#": "1",
                            "status.0.all_instances_config.#": "1",
                            "status.0.all_instances_config.0.current_revision": "",
                            "status.0.all_instances_config.0.effective": "true",
                            "status.0.is_stable": "true",
                            "status.0.stateful.#": "1",
                            "status.0.stateful.0.has_stateful_config": "false",
                            "status.0.stateful.0.per_instance_configs.#": "1",
                            "status.0.stateful.0.per_instance_configs.0.all_effective": "true",
                            "status.0.version_target.#": "1",
                            "status.0.version_target.0.is_reached": "true",
                            "target_pools.#": "0",
                            "target_size": "2",
                            "update_policy.#": "1",
                            "update_policy.0.max_surge_fixed": "1",
                            "update_policy.0.max_surge_percent": "0",
                            "update_policy.0.max_unavailable_fixed": "1",
                            "update_policy.0.max_unavailable_percent": "0",
                            "update_policy.0.minimal_action": "REPLACE",
                            "update_policy.0.most_disruptive_allowed_action": "",
                            "update_policy.0.replacement_method": "SUBSTITUTE",
                            "update_policy.0.type": "OPPORTUNISTIC",
                            "version.#": "1",
                            "version.0.instance_template": "https://www.googleapis.com/compute/v1/projects/cal-itp-data-infra/regions/us-west1/instanceTemplates/gke-data-infra-apps-jupyterhub-users-90bdb157",
                            "version.0.name": "",
                            "version.0.target_size.#": "0",
                            "wait_for_instances_status": "STABLE",
                            "zone": "us-west1-b"
                        },
                        "meta": {
                            "schema_version": 0
                        },
                        "tainted": false
                    },
                    "deposed": [],
                    "provider": "provider.google"
                }
            },
            "depends_on": []
        }
    ]
}
