# This file is automatically @generated by Poetry 1.5.1 and should not be changed by hand.

[[package]]
name = "invoke"
version = "2.1.3"
description = "Pythonic task execution"
optional = false
python-versions = ">=3.6"
files = [
    {file = "invoke-2.1.3-py3-none-any.whl", hash = "sha256:51e86a08d964160e01c44eccd22f50b25842bd96a9c63c11177032594cb86740"},
    {file = "invoke-2.1.3.tar.gz", hash = "sha256:a3b15d52d50bbabd851b8a39582c772180b614000fa1612b4d92484d54d38c6b"},
]

[metadata]
lock-version = "2.0"
python-versions = "^3.9"
content-hash = "19d9b6343fca5773318d76e9deab6d6aa8db26f0827f6d8e5f28226be5eb4ea3"
