{
  "version": 4,
  "terraform_version": "1.10.5",
  "serial": 2,
  "lineage": "596e05c4-b09c-4091-5b56-a4c760df6192",
  "outputs": {
    "google_compute_target_pool_tfer--a0d3bb39e959b49a1b6015fd2193e30d_self_link": {
      "value": "https://www.googleapis.com/compute/v1/projects/cal-itp-data-infra/regions/us-west1/targetPools/a0d3bb39e959b49a1b6015fd2193e30d",
      "type": "string"
    },
    "google_compute_target_pool_tfer--ad40eb3afc69e4deeaf43a1ed1393eeb_self_link": {
      "value": "https://www.googleapis.com/compute/v1/projects/cal-itp-data-infra/regions/us-west1/targetPools/ad40eb3afc69e4deeaf43a1ed1393eeb",
      "type": "string"
    }
  },
  "resources": [
    {
      "mode": "managed",
      "type": "google_compute_target_pool",
      "name": "tfer--a0d3bb39e959b49a1b6015fd2193e30d",
      "provider": "provider[\"registry.terraform.io/hashicorp/google\"]",
      "instances": [
        {
          "schema_version": 0,
          "attributes_flat": {
            "backup_pool": "",
            "description": "{\"kubernetes.io/service-name\":\"prod-sftp-ingest-elavon/sftp-internet\"}",
            "failover_ratio": "0",
            "health_checks.#": "1",
            "health_checks.0": "https://www.googleapis.com/compute/v1/projects/cal-itp-data-infra/global/httpHealthChecks/k8s-e092126e72b02003-node",
            "id": "a0d3bb39e959b49a1b6015fd2193e30d",
            "instances.#": "17",
            "instances.0": "us-west1-a/gke-data-infra-apps-apps-v2-2729c0c0-v3px",
            "instances.1": "us-west1-a/gke-data-infra-apps-gtfsrt-v4-2a13e092-n53e",
            "instances.10": "us-west1-c/gke-data-infra-apps-apps-v2-24a4cc95-bdau",
            "instances.11": "us-west1-c/gke-data-infra-apps-apps-v2-24a4cc95-xdkc",
            "instances.12": "us-west1-c/gke-data-infra-apps-gtfsrt-v4-7577d4d7-lz65",
            "instances.13": "us-west1-c/gke-data-infra-apps-jobs-v1-625ec063-5q8v",
            "instances.14": "us-west1-c/gke-data-infra-apps-jupyterhub-users-6aa76dbb-b03b",
            "instances.15": "us-west1-c/gke-data-infra-apps-jupyterhub-users-6aa76dbb-juyr",
            "instances.16": "us-west1-c/gke-data-infra-apps-jupyterhub-users-6aa76dbb-shcz",
            "instances.2": "us-west1-a/gke-data-infra-apps-gtfsrt-v4-2a13e092-s9i5",
            "instances.3": "us-west1-a/gke-data-infra-apps-jobs-v1-cd18666b-ygrz",
            "instances.4": "us-west1-a/gke-data-infra-apps-jupyterhub-users-b57e08f4-42at",
            "instances.5": "us-west1-b/gke-data-infra-apps-apps-v2-0dfb61fb-5kvg",
            "instances.6": "us-west1-b/gke-data-infra-apps-gtfsrt-v4-b003cc53-b7vi",
            "instances.7": "us-west1-b/gke-data-infra-apps-jobs-v1-8eec22fb-aazx",
            "instances.8": "us-west1-b/gke-data-infra-apps-jupyterhub-users-dddc57ff-cbrw",
            "instances.9": "us-west1-b/gke-data-infra-apps-jupyterhub-users-dddc57ff-u7p2",
            "name": "a0d3bb39e959b49a1b6015fd2193e30d",
            "project": "cal-itp-data-infra",
            "region": "us-west1",
            "self_link": "https://www.googleapis.com/compute/v1/projects/cal-itp-data-infra/regions/us-west1/targetPools/a0d3bb39e959b49a1b6015fd2193e30d",
            "session_affinity": "NONE"
          },
          "sensitive_attributes": []
        }
      ]
    },
    {
      "mode": "managed",
      "type": "google_compute_target_pool",
      "name": "tfer--ad40eb3afc69e4deeaf43a1ed1393eeb",
      "provider": "provider[\"registry.terraform.io/hashicorp/google\"]",
      "instances": [
        {
          "schema_version": 0,
          "attributes_flat": {
            "backup_pool": "",
            "description": "{\"kubernetes.io/service-name\":\"ingress-nginx/ingress-nginx-controller\"}",
            "failover_ratio": "0",
            "health_checks.#": "1",
            "health_checks.0": "https://www.googleapis.com/compute/v1/projects/cal-itp-data-infra/global/httpHealthChecks/ad40eb3afc69e4deeaf43a1ed1393eeb",
            "id": "ad40eb3afc69e4deeaf43a1ed1393eeb",
            "instances.#": "17",
            "instances.0": "us-west1-a/gke-data-infra-apps-apps-v2-2729c0c0-v3px",
            "instances.1": "us-west1-a/gke-data-infra-apps-gtfsrt-v4-2a13e092-n53e",
            "instances.10": "us-west1-c/gke-data-infra-apps-apps-v2-24a4cc95-bdau",
            "instances.11": "us-west1-c/gke-data-infra-apps-apps-v2-24a4cc95-xdkc",
            "instances.12": "us-west1-c/gke-data-infra-apps-gtfsrt-v4-7577d4d7-lz65",
            "instances.13": "us-west1-c/gke-data-infra-apps-jobs-v1-625ec063-5q8v",
            "instances.14": "us-west1-c/gke-data-infra-apps-jupyterhub-users-6aa76dbb-b03b",
            "instances.15": "us-west1-c/gke-data-infra-apps-jupyterhub-users-6aa76dbb-juyr",
            "instances.16": "us-west1-c/gke-data-infra-apps-jupyterhub-users-6aa76dbb-shcz",
            "instances.2": "us-west1-a/gke-data-infra-apps-gtfsrt-v4-2a13e092-s9i5",
            "instances.3": "us-west1-a/gke-data-infra-apps-jobs-v1-cd18666b-ygrz",
            "instances.4": "us-west1-a/gke-data-infra-apps-jupyterhub-users-b57e08f4-42at",
            "instances.5": "us-west1-b/gke-data-infra-apps-apps-v2-0dfb61fb-5kvg",
            "instances.6": "us-west1-b/gke-data-infra-apps-gtfsrt-v4-b003cc53-b7vi",
            "instances.7": "us-west1-b/gke-data-infra-apps-jobs-v1-8eec22fb-aazx",
            "instances.8": "us-west1-b/gke-data-infra-apps-jupyterhub-users-dddc57ff-cbrw",
            "instances.9": "us-west1-b/gke-data-infra-apps-jupyterhub-users-dddc57ff-u7p2",
            "name": "ad40eb3afc69e4deeaf43a1ed1393eeb",
            "project": "cal-itp-data-infra",
            "region": "us-west1",
            "self_link": "https://www.googleapis.com/compute/v1/projects/cal-itp-data-infra/regions/us-west1/targetPools/ad40eb3afc69e4deeaf43a1ed1393eeb",
            "session_affinity": "NONE"
          },
          "sensitive_attributes": []
        }
      ]
    }
  ],
  "check_results": null
}
