{
    "version": 3,
    "terraform_version": "0.12.31",
    "serial": 1,
    "lineage": "8991ee3b-0c8c-10e7-6bd5-a2f7f870f371",
    "modules": [
        {
            "path": [
                "root"
            ],
            "outputs": {
                "google_compute_route_tfer--default-route-0139828d38125997_self_link": {
                    "sensitive": false,
                    "type": "string",
                    "value": "https://www.googleapis.com/compute/v1/projects/cal-itp-data-infra/global/routes/default-route-0139828d38125997"
                },
                "google_compute_route_tfer--default-route-0ac6037fe0939a6f_self_link": {
                    "sensitive": false,
                    "type": "string",
                    "value": "https://www.googleapis.com/compute/v1/projects/cal-itp-data-infra/global/routes/default-route-0ac6037fe0939a6f"
                },
                "google_compute_route_tfer--default-route-0c143617340a50b2_self_link": {
                    "sensitive": false,
                    "type": "string",
                    "value": "https://www.googleapis.com/compute/v1/projects/cal-itp-data-infra/global/routes/default-route-0c143617340a50b2"
                },
                "google_compute_route_tfer--default-route-116f54cd43aa76b8_self_link": {
                    "sensitive": false,
                    "type": "string",
                    "value": "https://www.googleapis.com/compute/v1/projects/cal-itp-data-infra/global/routes/default-route-116f54cd43aa76b8"
                },
                "google_compute_route_tfer--default-route-1777237a0410d42b_self_link": {
                    "sensitive": false,
                    "type": "string",
                    "value": "https://www.googleapis.com/compute/v1/projects/cal-itp-data-infra/global/routes/default-route-1777237a0410d42b"
                },
                "google_compute_route_tfer--default-route-19a4b61e3f1d1dca_self_link": {
                    "sensitive": false,
                    "type": "string",
                    "value": "https://www.googleapis.com/compute/v1/projects/cal-itp-data-infra/global/routes/default-route-19a4b61e3f1d1dca"
                },
                "google_compute_route_tfer--default-route-38c79629ce32c661_self_link": {
                    "sensitive": false,
                    "type": "string",
                    "value": "https://www.googleapis.com/compute/v1/projects/cal-itp-data-infra/global/routes/default-route-38c79629ce32c661"
                },
                "google_compute_route_tfer--default-route-39db8960eeb0345b_self_link": {
                    "sensitive": false,
                    "type": "string",
                    "value": "https://www.googleapis.com/compute/v1/projects/cal-itp-data-infra/global/routes/default-route-39db8960eeb0345b"
                },
                "google_compute_route_tfer--default-route-42045736719c6b0e_self_link": {
                    "sensitive": false,
                    "type": "string",
                    "value": "https://www.googleapis.com/compute/v1/projects/cal-itp-data-infra/global/routes/default-route-42045736719c6b0e"
                },
                "google_compute_route_tfer--default-route-4a38f1955a65b67e_self_link": {
                    "sensitive": false,
                    "type": "string",
                    "value": "https://www.googleapis.com/compute/v1/projects/cal-itp-data-infra/global/routes/default-route-4a38f1955a65b67e"
                },
                "google_compute_route_tfer--default-route-4fe99ee4d30bf242_self_link": {
                    "sensitive": false,
                    "type": "string",
                    "value": "https://www.googleapis.com/compute/v1/projects/cal-itp-data-infra/global/routes/default-route-4fe99ee4d30bf242"
                },
                "google_compute_route_tfer--default-route-50fb446fc0c013bf_self_link": {
                    "sensitive": false,
                    "type": "string",
                    "value": "https://www.googleapis.com/compute/v1/projects/cal-itp-data-infra/global/routes/default-route-50fb446fc0c013bf"
                },
                "google_compute_route_tfer--default-route-5698a55f5a20cff3_self_link": {
                    "sensitive": false,
                    "type": "string",
                    "value": "https://www.googleapis.com/compute/v1/projects/cal-itp-data-infra/global/routes/default-route-5698a55f5a20cff3"
                },
                "google_compute_route_tfer--default-route-5aaf2bf0470ef1c5_self_link": {
                    "sensitive": false,
                    "type": "string",
                    "value": "https://www.googleapis.com/compute/v1/projects/cal-itp-data-infra/global/routes/default-route-5aaf2bf0470ef1c5"
                },
                "google_compute_route_tfer--default-route-5cf5cd160fd0ec13_self_link": {
                    "sensitive": false,
                    "type": "string",
                    "value": "https://www.googleapis.com/compute/v1/projects/cal-itp-data-infra/global/routes/default-route-5cf5cd160fd0ec13"
                },
                "google_compute_route_tfer--default-route-5d29eb6a6b21a625_self_link": {
                    "sensitive": false,
                    "type": "string",
                    "value": "https://www.googleapis.com/compute/v1/projects/cal-itp-data-infra/global/routes/default-route-5d29eb6a6b21a625"
                },
                "google_compute_route_tfer--default-route-65d3cb41875a5673_self_link": {
                    "sensitive": false,
                    "type": "string",
                    "value": "https://www.googleapis.com/compute/v1/projects/cal-itp-data-infra/global/routes/default-route-65d3cb41875a5673"
                },
                "google_compute_route_tfer--default-route-6e0e1f80e7bb481d_self_link": {
                    "sensitive": false,
                    "type": "string",
                    "value": "https://www.googleapis.com/compute/v1/projects/cal-itp-data-infra/global/routes/default-route-6e0e1f80e7bb481d"
                },
                "google_compute_route_tfer--default-route-6e9e558a311d758b_self_link": {
                    "sensitive": false,
                    "type": "string",
                    "value": "https://www.googleapis.com/compute/v1/projects/cal-itp-data-infra/global/routes/default-route-6e9e558a311d758b"
                },
                "google_compute_route_tfer--default-route-70d163ddd9db90b1_self_link": {
                    "sensitive": false,
                    "type": "string",
                    "value": "https://www.googleapis.com/compute/v1/projects/cal-itp-data-infra/global/routes/default-route-70d163ddd9db90b1"
                },
                "google_compute_route_tfer--default-route-762c4d527b5fb59d_self_link": {
                    "sensitive": false,
                    "type": "string",
                    "value": "https://www.googleapis.com/compute/v1/projects/cal-itp-data-infra/global/routes/default-route-762c4d527b5fb59d"
                },
                "google_compute_route_tfer--default-route-822261d84a0008cc_self_link": {
                    "sensitive": false,
                    "type": "string",
                    "value": "https://www.googleapis.com/compute/v1/projects/cal-itp-data-infra/global/routes/default-route-822261d84a0008cc"
                },
                "google_compute_route_tfer--default-route-8c2a5ded2ab172a5_self_link": {
                    "sensitive": false,
                    "type": "string",
                    "value": "https://www.googleapis.com/compute/v1/projects/cal-itp-data-infra/global/routes/default-route-8c2a5ded2ab172a5"
                },
                "google_compute_route_tfer--default-route-8c59e1003c2aea9a_self_link": {
                    "sensitive": false,
                    "type": "string",
                    "value": "https://www.googleapis.com/compute/v1/projects/cal-itp-data-infra/global/routes/default-route-8c59e1003c2aea9a"
                },
                "google_compute_route_tfer--default-route-a605cfab1e883d97_self_link": {
                    "sensitive": false,
                    "type": "string",
                    "value": "https://www.googleapis.com/compute/v1/projects/cal-itp-data-infra/global/routes/default-route-a605cfab1e883d97"
                },
                "google_compute_route_tfer--default-route-aaa95f58880b4539_self_link": {
                    "sensitive": false,
                    "type": "string",
                    "value": "https://www.googleapis.com/compute/v1/projects/cal-itp-data-infra/global/routes/default-route-aaa95f58880b4539"
                },
                "google_compute_route_tfer--default-route-b30a3747864cb221_self_link": {
                    "sensitive": false,
                    "type": "string",
                    "value": "https://www.googleapis.com/compute/v1/projects/cal-itp-data-infra/global/routes/default-route-b30a3747864cb221"
                },
                "google_compute_route_tfer--default-route-b3944f94d84b21d3_self_link": {
                    "sensitive": false,
                    "type": "string",
                    "value": "https://www.googleapis.com/compute/v1/projects/cal-itp-data-infra/global/routes/default-route-b3944f94d84b21d3"
                },
                "google_compute_route_tfer--default-route-b436399618385a45_self_link": {
                    "sensitive": false,
                    "type": "string",
                    "value": "https://www.googleapis.com/compute/v1/projects/cal-itp-data-infra/global/routes/default-route-b436399618385a45"
                },
                "google_compute_route_tfer--default-route-b9544dd75c7bd845_self_link": {
                    "sensitive": false,
                    "type": "string",
                    "value": "https://www.googleapis.com/compute/v1/projects/cal-itp-data-infra/global/routes/default-route-b9544dd75c7bd845"
                },
                "google_compute_route_tfer--default-route-b9a758531c634389_self_link": {
                    "sensitive": false,
                    "type": "string",
                    "value": "https://www.googleapis.com/compute/v1/projects/cal-itp-data-infra/global/routes/default-route-b9a758531c634389"
                },
                "google_compute_route_tfer--default-route-b9fc956318858de8_self_link": {
                    "sensitive": false,
                    "type": "string",
                    "value": "https://www.googleapis.com/compute/v1/projects/cal-itp-data-infra/global/routes/default-route-b9fc956318858de8"
                },
                "google_compute_route_tfer--default-route-bb236044b4cb48b3_self_link": {
                    "sensitive": false,
                    "type": "string",
                    "value": "https://www.googleapis.com/compute/v1/projects/cal-itp-data-infra/global/routes/default-route-bb236044b4cb48b3"
                },
                "google_compute_route_tfer--default-route-bc22a360c153a1df_self_link": {
                    "sensitive": false,
                    "type": "string",
                    "value": "https://www.googleapis.com/compute/v1/projects/cal-itp-data-infra/global/routes/default-route-bc22a360c153a1df"
                },
                "google_compute_route_tfer--default-route-bc71975f66acf37b_self_link": {
                    "sensitive": false,
                    "type": "string",
                    "value": "https://www.googleapis.com/compute/v1/projects/cal-itp-data-infra/global/routes/default-route-bc71975f66acf37b"
                },
                "google_compute_route_tfer--default-route-c3ebc7e79ff59845_self_link": {
                    "sensitive": false,
                    "type": "string",
                    "value": "https://www.googleapis.com/compute/v1/projects/cal-itp-data-infra/global/routes/default-route-c3ebc7e79ff59845"
                },
                "google_compute_route_tfer--default-route-cbf0135711a362e9_self_link": {
                    "sensitive": false,
                    "type": "string",
                    "value": "https://www.googleapis.com/compute/v1/projects/cal-itp-data-infra/global/routes/default-route-cbf0135711a362e9"
                },
                "google_compute_route_tfer--default-route-cbfb5598385c147d_self_link": {
                    "sensitive": false,
                    "type": "string",
                    "value": "https://www.googleapis.com/compute/v1/projects/cal-itp-data-infra/global/routes/default-route-cbfb5598385c147d"
                },
                "google_compute_route_tfer--default-route-d4ed55e845390a86_self_link": {
                    "sensitive": false,
                    "type": "string",
                    "value": "https://www.googleapis.com/compute/v1/projects/cal-itp-data-infra/global/routes/default-route-d4ed55e845390a86"
                },
                "google_compute_route_tfer--default-route-d7e4946a6a99994a_self_link": {
                    "sensitive": false,
                    "type": "string",
                    "value": "https://www.googleapis.com/compute/v1/projects/cal-itp-data-infra/global/routes/default-route-d7e4946a6a99994a"
                },
                "google_compute_route_tfer--default-route-dcfaebc01d2cab7e_self_link": {
                    "sensitive": false,
                    "type": "string",
                    "value": "https://www.googleapis.com/compute/v1/projects/cal-itp-data-infra/global/routes/default-route-dcfaebc01d2cab7e"
                },
                "google_compute_route_tfer--default-route-def87b98ddb6c94e_self_link": {
                    "sensitive": false,
                    "type": "string",
                    "value": "https://www.googleapis.com/compute/v1/projects/cal-itp-data-infra/global/routes/default-route-def87b98ddb6c94e"
                },
                "google_compute_route_tfer--default-route-e39e7006eed9d206_self_link": {
                    "sensitive": false,
                    "type": "string",
                    "value": "https://www.googleapis.com/compute/v1/projects/cal-itp-data-infra/global/routes/default-route-e39e7006eed9d206"
                },
                "google_compute_route_tfer--default-route-e801f37bcfe7fae2_self_link": {
                    "sensitive": false,
                    "type": "string",
                    "value": "https://www.googleapis.com/compute/v1/projects/cal-itp-data-infra/global/routes/default-route-e801f37bcfe7fae2"
                },
                "google_compute_route_tfer--default-route-f38752e7d490cc13_self_link": {
                    "sensitive": false,
                    "type": "string",
                    "value": "https://www.googleapis.com/compute/v1/projects/cal-itp-data-infra/global/routes/default-route-f38752e7d490cc13"
                },
                "google_compute_route_tfer--default-route-f41f1cb86e6576df_self_link": {
                    "sensitive": false,
                    "type": "string",
                    "value": "https://www.googleapis.com/compute/v1/projects/cal-itp-data-infra/global/routes/default-route-f41f1cb86e6576df"
                },
                "google_compute_route_tfer--default-route-fe1136f42465b2b4_self_link": {
                    "sensitive": false,
                    "type": "string",
                    "value": "https://www.googleapis.com/compute/v1/projects/cal-itp-data-infra/global/routes/default-route-fe1136f42465b2b4"
                },
                "google_compute_route_tfer--default-route-ffc2d2f2c7ff388b_self_link": {
                    "sensitive": false,
                    "type": "string",
                    "value": "https://www.googleapis.com/compute/v1/projects/cal-itp-data-infra/global/routes/default-route-ffc2d2f2c7ff388b"
                },
                "google_compute_route_tfer--default-route-r-8e69a287829acb70_self_link": {
                    "sensitive": false,
                    "type": "string",
                    "value": "https://www.googleapis.com/compute/v1/projects/cal-itp-data-infra/global/routes/default-route-r-8e69a287829acb70"
                }
            },
            "resources": {
                "google_compute_route.tfer--default-route-0139828d38125997": {
                    "type": "google_compute_route",
                    "depends_on": [],
                    "primary": {
                        "id": "default-route-0139828d38125997",
                        "attributes": {
                            "description": "Default local route to the subnetwork 10.194.0.0/20.",
                            "dest_range": "10.194.0.0/20",
                            "id": "default-route-0139828d38125997",
                            "name": "default-route-0139828d38125997",
                            "network": "https://www.googleapis.com/compute/v1/projects/cal-itp-data-infra/global/networks/default",
                            "next_hop_gateway": "",
                            "next_hop_ilb": "",
                            "next_hop_instance": "",
                            "next_hop_ip": "",
                            "next_hop_network": "https://www.googleapis.com/compute/v1/projects/cal-itp-data-infra/global/networks/default",
                            "next_hop_vpn_tunnel": "",
                            "priority": "0",
                            "project": "cal-itp-data-infra",
                            "self_link": "https://www.googleapis.com/compute/v1/projects/cal-itp-data-infra/global/routes/default-route-0139828d38125997",
                            "tags.#": "0"
                        },
                        "meta": {
                            "schema_version": 0
                        },
                        "tainted": false
                    },
                    "deposed": [],
                    "provider": "provider.google"
                },
                "google_compute_route.tfer--default-route-0ac6037fe0939a6f": {
                    "type": "google_compute_route",
                    "depends_on": [],
                    "primary": {
                        "id": "default-route-0ac6037fe0939a6f",
                        "attributes": {
                            "description": "Default local route to the subnetwork 10.140.0.0/20.",
                            "dest_range": "10.140.0.0/20",
                            "id": "default-route-0ac6037fe0939a6f",
                            "name": "default-route-0ac6037fe0939a6f",
                            "network": "https://www.googleapis.com/compute/v1/projects/cal-itp-data-infra/global/networks/default",
                            "next_hop_gateway": "",
                            "next_hop_ilb": "",
                            "next_hop_instance": "",
                            "next_hop_ip": "",
                            "next_hop_network": "https://www.googleapis.com/compute/v1/projects/cal-itp-data-infra/global/networks/default",
                            "next_hop_vpn_tunnel": "",
                            "priority": "0",
                            "project": "cal-itp-data-infra",
                            "self_link": "https://www.googleapis.com/compute/v1/projects/cal-itp-data-infra/global/routes/default-route-0ac6037fe0939a6f",
                            "tags.#": "0"
                        },
                        "meta": {
                            "schema_version": 0
                        },
                        "tainted": false
                    },
                    "deposed": [],
                    "provider": "provider.google"
                },
                "google_compute_route.tfer--default-route-0c143617340a50b2": {
                    "type": "google_compute_route",
                    "depends_on": [],
                    "primary": {
                        "id": "default-route-0c143617340a50b2",
                        "attributes": {
                            "description": "Default local route to the subnetwork 10.154.0.0/20.",
                            "dest_range": "10.154.0.0/20",
                            "id": "default-route-0c143617340a50b2",
                            "name": "default-route-0c143617340a50b2",
                            "network": "https://www.googleapis.com/compute/v1/projects/cal-itp-data-infra/global/networks/default",
                            "next_hop_gateway": "",
                            "next_hop_ilb": "",
                            "next_hop_instance": "",
                            "next_hop_ip": "",
                            "next_hop_network": "https://www.googleapis.com/compute/v1/projects/cal-itp-data-infra/global/networks/default",
                            "next_hop_vpn_tunnel": "",
                            "priority": "0",
                            "project": "cal-itp-data-infra",
                            "self_link": "https://www.googleapis.com/compute/v1/projects/cal-itp-data-infra/global/routes/default-route-0c143617340a50b2",
                            "tags.#": "0"
                        },
                        "meta": {
                            "schema_version": 0
                        },
                        "tainted": false
                    },
                    "deposed": [],
                    "provider": "provider.google"
                },
                "google_compute_route.tfer--default-route-116f54cd43aa76b8": {
                    "type": "google_compute_route",
                    "depends_on": [],
                    "primary": {
                        "id": "default-route-116f54cd43aa76b8",
                        "attributes": {
                            "description": "Default local route to the subnetwork 10.202.0.0/20.",
                            "dest_range": "10.202.0.0/20",
                            "id": "default-route-116f54cd43aa76b8",
                            "name": "default-route-116f54cd43aa76b8",
                            "network": "https://www.googleapis.com/compute/v1/projects/cal-itp-data-infra/global/networks/default",
                            "next_hop_gateway": "",
                            "next_hop_ilb": "",
                            "next_hop_instance": "",
                            "next_hop_ip": "",
                            "next_hop_network": "https://www.googleapis.com/compute/v1/projects/cal-itp-data-infra/global/networks/default",
                            "next_hop_vpn_tunnel": "",
                            "priority": "0",
                            "project": "cal-itp-data-infra",
                            "self_link": "https://www.googleapis.com/compute/v1/projects/cal-itp-data-infra/global/routes/default-route-116f54cd43aa76b8",
                            "tags.#": "0"
                        },
                        "meta": {
                            "schema_version": 0
                        },
                        "tainted": false
                    },
                    "deposed": [],
                    "provider": "provider.google"
                },
                "google_compute_route.tfer--default-route-1777237a0410d42b": {
                    "type": "google_compute_route",
                    "depends_on": [],
                    "primary": {
                        "id": "default-route-1777237a0410d42b",
                        "attributes": {
                            "description": "Default local route to the subnetwork 10.15.0.0/17.",
                            "dest_range": "10.15.0.0/17",
                            "id": "default-route-1777237a0410d42b",
                            "name": "default-route-1777237a0410d42b",
                            "network": "https://www.googleapis.com/compute/v1/projects/cal-itp-data-infra/global/networks/default",
                            "next_hop_gateway": "",
                            "next_hop_ilb": "",
                            "next_hop_instance": "",
                            "next_hop_ip": "",
                            "next_hop_network": "https://www.googleapis.com/compute/v1/projects/cal-itp-data-infra/global/networks/default",
                            "next_hop_vpn_tunnel": "",
                            "priority": "0",
                            "project": "cal-itp-data-infra",
                            "self_link": "https://www.googleapis.com/compute/v1/projects/cal-itp-data-infra/global/routes/default-route-1777237a0410d42b",
                            "tags.#": "0"
                        },
                        "meta": {
                            "schema_version": 0
                        },
                        "tainted": false
                    },
                    "deposed": [],
                    "provider": "provider.google"
                },
                "google_compute_route.tfer--default-route-19a4b61e3f1d1dca": {
                    "type": "google_compute_route",
                    "depends_on": [],
                    "primary": {
                        "id": "default-route-19a4b61e3f1d1dca",
                        "attributes": {
                            "description": "Default local route to the subnetwork 10.188.0.0/20.",
                            "dest_range": "10.188.0.0/20",
                            "id": "default-route-19a4b61e3f1d1dca",
                            "name": "default-route-19a4b61e3f1d1dca",
                            "network": "https://www.googleapis.com/compute/v1/projects/cal-itp-data-infra/global/networks/default",
                            "next_hop_gateway": "",
                            "next_hop_ilb": "",
                            "next_hop_instance": "",
                            "next_hop_ip": "",
                            "next_hop_network": "https://www.googleapis.com/compute/v1/projects/cal-itp-data-infra/global/networks/default",
                            "next_hop_vpn_tunnel": "",
                            "priority": "0",
                            "project": "cal-itp-data-infra",
                            "self_link": "https://www.googleapis.com/compute/v1/projects/cal-itp-data-infra/global/routes/default-route-19a4b61e3f1d1dca",
                            "tags.#": "0"
                        },
                        "meta": {
                            "schema_version": 0
                        },
                        "tainted": false
                    },
                    "deposed": [],
                    "provider": "provider.google"
                },
                "google_compute_route.tfer--default-route-38c79629ce32c661": {
                    "type": "google_compute_route",
                    "depends_on": [],
                    "primary": {
                        "id": "default-route-38c79629ce32c661",
                        "attributes": {
                            "description": "Default local route to the subnetwork 10.156.0.0/20.",
                            "dest_range": "10.156.0.0/20",
                            "id": "default-route-38c79629ce32c661",
                            "name": "default-route-38c79629ce32c661",
                            "network": "https://www.googleapis.com/compute/v1/projects/cal-itp-data-infra/global/networks/default",
                            "next_hop_gateway": "",
                            "next_hop_ilb": "",
                            "next_hop_instance": "",
                            "next_hop_ip": "",
                            "next_hop_network": "https://www.googleapis.com/compute/v1/projects/cal-itp-data-infra/global/networks/default",
                            "next_hop_vpn_tunnel": "",
                            "priority": "0",
                            "project": "cal-itp-data-infra",
                            "self_link": "https://www.googleapis.com/compute/v1/projects/cal-itp-data-infra/global/routes/default-route-38c79629ce32c661",
                            "tags.#": "0"
                        },
                        "meta": {
                            "schema_version": 0
                        },
                        "tainted": false
                    },
                    "deposed": [],
                    "provider": "provider.google"
                },
                "google_compute_route.tfer--default-route-39db8960eeb0345b": {
                    "type": "google_compute_route",
                    "depends_on": [],
                    "primary": {
                        "id": "default-route-39db8960eeb0345b",
                        "attributes": {
                            "description": "Default local route to the subnetwork 10.216.0.0/20.",
                            "dest_range": "10.216.0.0/20",
                            "id": "default-route-39db8960eeb0345b",
                            "name": "default-route-39db8960eeb0345b",
                            "network": "https://www.googleapis.com/compute/v1/projects/cal-itp-data-infra/global/networks/default",
                            "next_hop_gateway": "",
                            "next_hop_ilb": "",
                            "next_hop_instance": "",
                            "next_hop_ip": "",
                            "next_hop_network": "https://www.googleapis.com/compute/v1/projects/cal-itp-data-infra/global/networks/default",
                            "next_hop_vpn_tunnel": "",
                            "priority": "0",
                            "project": "cal-itp-data-infra",
                            "self_link": "https://www.googleapis.com/compute/v1/projects/cal-itp-data-infra/global/routes/default-route-39db8960eeb0345b",
                            "tags.#": "0"
                        },
                        "meta": {
                            "schema_version": 0
                        },
                        "tainted": false
                    },
                    "deposed": [],
                    "provider": "provider.google"
                },
                "google_compute_route.tfer--default-route-42045736719c6b0e": {
                    "type": "google_compute_route",
                    "depends_on": [],
                    "primary": {
                        "id": "default-route-42045736719c6b0e",
                        "attributes": {
                            "description": "Default local route to the subnetwork 10.180.0.0/20.",
                            "dest_range": "10.180.0.0/20",
                            "id": "default-route-42045736719c6b0e",
                            "name": "default-route-42045736719c6b0e",
                            "network": "https://www.googleapis.com/compute/v1/projects/cal-itp-data-infra/global/networks/default",
                            "next_hop_gateway": "",
                            "next_hop_ilb": "",
                            "next_hop_instance": "",
                            "next_hop_ip": "",
                            "next_hop_network": "https://www.googleapis.com/compute/v1/projects/cal-itp-data-infra/global/networks/default",
                            "next_hop_vpn_tunnel": "",
                            "priority": "0",
                            "project": "cal-itp-data-infra",
                            "self_link": "https://www.googleapis.com/compute/v1/projects/cal-itp-data-infra/global/routes/default-route-42045736719c6b0e",
                            "tags.#": "0"
                        },
                        "meta": {
                            "schema_version": 0
                        },
                        "tainted": false
                    },
                    "deposed": [],
                    "provider": "provider.google"
                },
                "google_compute_route.tfer--default-route-4a38f1955a65b67e": {
                    "type": "google_compute_route",
                    "depends_on": [],
                    "primary": {
                        "id": "default-route-4a38f1955a65b67e",
                        "attributes": {
                            "description": "Default local route to the subnetwork 10.190.0.0/20.",
                            "dest_range": "10.190.0.0/20",
                            "id": "default-route-4a38f1955a65b67e",
                            "name": "default-route-4a38f1955a65b67e",
                            "network": "https://www.googleapis.com/compute/v1/projects/cal-itp-data-infra/global/networks/default",
                            "next_hop_gateway": "",
                            "next_hop_ilb": "",
                            "next_hop_instance": "",
                            "next_hop_ip": "",
                            "next_hop_network": "https://www.googleapis.com/compute/v1/projects/cal-itp-data-infra/global/networks/default",
                            "next_hop_vpn_tunnel": "",
                            "priority": "0",
                            "project": "cal-itp-data-infra",
                            "self_link": "https://www.googleapis.com/compute/v1/projects/cal-itp-data-infra/global/routes/default-route-4a38f1955a65b67e",
                            "tags.#": "0"
                        },
                        "meta": {
                            "schema_version": 0
                        },
                        "tainted": false
                    },
                    "deposed": [],
                    "provider": "provider.google"
                },
                "google_compute_route.tfer--default-route-4fe99ee4d30bf242": {
                    "type": "google_compute_route",
                    "depends_on": [],
                    "primary": {
                        "id": "default-route-4fe99ee4d30bf242",
                        "attributes": {
                            "description": "Default local route to the subnetwork 10.172.0.0/20.",
                            "dest_range": "10.172.0.0/20",
                            "id": "default-route-4fe99ee4d30bf242",
                            "name": "default-route-4fe99ee4d30bf242",
                            "network": "https://www.googleapis.com/compute/v1/projects/cal-itp-data-infra/global/networks/default",
                            "next_hop_gateway": "",
                            "next_hop_ilb": "",
                            "next_hop_instance": "",
                            "next_hop_ip": "",
                            "next_hop_network": "https://www.googleapis.com/compute/v1/projects/cal-itp-data-infra/global/networks/default",
                            "next_hop_vpn_tunnel": "",
                            "priority": "0",
                            "project": "cal-itp-data-infra",
                            "self_link": "https://www.googleapis.com/compute/v1/projects/cal-itp-data-infra/global/routes/default-route-4fe99ee4d30bf242",
                            "tags.#": "0"
                        },
                        "meta": {
                            "schema_version": 0
                        },
                        "tainted": false
                    },
                    "deposed": [],
                    "provider": "provider.google"
                },
                "google_compute_route.tfer--default-route-50fb446fc0c013bf": {
                    "type": "google_compute_route",
                    "depends_on": [],
                    "primary": {
                        "id": "default-route-50fb446fc0c013bf",
                        "attributes": {
                            "description": "Default local route to the subnetwork 10.128.0.0/20.",
                            "dest_range": "10.128.0.0/20",
                            "id": "default-route-50fb446fc0c013bf",
                            "name": "default-route-50fb446fc0c013bf",
                            "network": "https://www.googleapis.com/compute/v1/projects/cal-itp-data-infra/global/networks/default",
                            "next_hop_gateway": "",
                            "next_hop_ilb": "",
                            "next_hop_instance": "",
                            "next_hop_ip": "",
                            "next_hop_network": "https://www.googleapis.com/compute/v1/projects/cal-itp-data-infra/global/networks/default",
                            "next_hop_vpn_tunnel": "",
                            "priority": "0",
                            "project": "cal-itp-data-infra",
                            "self_link": "https://www.googleapis.com/compute/v1/projects/cal-itp-data-infra/global/routes/default-route-50fb446fc0c013bf",
                            "tags.#": "0"
                        },
                        "meta": {
                            "schema_version": 0
                        },
                        "tainted": false
                    },
                    "deposed": [],
                    "provider": "provider.google"
                },
                "google_compute_route.tfer--default-route-5698a55f5a20cff3": {
                    "type": "google_compute_route",
                    "depends_on": [],
                    "primary": {
                        "id": "default-route-5698a55f5a20cff3",
                        "attributes": {
                            "description": "Default route to the Internet.",
                            "dest_range": "0.0.0.0/0",
                            "id": "default-route-5698a55f5a20cff3",
                            "name": "default-route-5698a55f5a20cff3",
                            "network": "https://www.googleapis.com/compute/v1/projects/cal-itp-data-infra/global/networks/default",
                            "next_hop_gateway": "https://www.googleapis.com/compute/v1/projects/cal-itp-data-infra/global/gateways/default-internet-gateway",
                            "next_hop_ilb": "",
                            "next_hop_instance": "",
                            "next_hop_ip": "",
                            "next_hop_network": "",
                            "next_hop_vpn_tunnel": "",
                            "priority": "1000",
                            "project": "cal-itp-data-infra",
                            "self_link": "https://www.googleapis.com/compute/v1/projects/cal-itp-data-infra/global/routes/default-route-5698a55f5a20cff3",
                            "tags.#": "0"
                        },
                        "meta": {
                            "schema_version": 0
                        },
                        "tainted": false
                    },
                    "deposed": [],
                    "provider": "provider.google"
                },
                "google_compute_route.tfer--default-route-5aaf2bf0470ef1c5": {
                    "type": "google_compute_route",
                    "depends_on": [],
                    "primary": {
                        "id": "default-route-5aaf2bf0470ef1c5",
                        "attributes": {
                            "description": "Default local route to the subnetwork 10.162.0.0/20.",
                            "dest_range": "10.162.0.0/20",
                            "id": "default-route-5aaf2bf0470ef1c5",
                            "name": "default-route-5aaf2bf0470ef1c5",
                            "network": "https://www.googleapis.com/compute/v1/projects/cal-itp-data-infra/global/networks/default",
                            "next_hop_gateway": "",
                            "next_hop_ilb": "",
                            "next_hop_instance": "",
                            "next_hop_ip": "",
                            "next_hop_network": "https://www.googleapis.com/compute/v1/projects/cal-itp-data-infra/global/networks/default",
                            "next_hop_vpn_tunnel": "",
                            "priority": "0",
                            "project": "cal-itp-data-infra",
                            "self_link": "https://www.googleapis.com/compute/v1/projects/cal-itp-data-infra/global/routes/default-route-5aaf2bf0470ef1c5",
                            "tags.#": "0"
                        },
                        "meta": {
                            "schema_version": 0
                        },
                        "tainted": false
                    },
                    "deposed": [],
                    "provider": "provider.google"
                },
                "google_compute_route.tfer--default-route-5cf5cd160fd0ec13": {
                    "type": "google_compute_route",
                    "depends_on": [],
                    "primary": {
                        "id": "default-route-5cf5cd160fd0ec13",
                        "attributes": {
                            "description": "Default local route to the subnetwork 10.206.0.0/20.",
                            "dest_range": "10.206.0.0/20",
                            "id": "default-route-5cf5cd160fd0ec13",
                            "name": "default-route-5cf5cd160fd0ec13",
                            "network": "https://www.googleapis.com/compute/v1/projects/cal-itp-data-infra/global/networks/default",
                            "next_hop_gateway": "",
                            "next_hop_ilb": "",
                            "next_hop_instance": "",
                            "next_hop_ip": "",
                            "next_hop_network": "https://www.googleapis.com/compute/v1/projects/cal-itp-data-infra/global/networks/default",
                            "next_hop_vpn_tunnel": "",
                            "priority": "0",
                            "project": "cal-itp-data-infra",
                            "self_link": "https://www.googleapis.com/compute/v1/projects/cal-itp-data-infra/global/routes/default-route-5cf5cd160fd0ec13",
                            "tags.#": "0"
                        },
                        "meta": {
                            "schema_version": 0
                        },
                        "tainted": false
                    },
                    "deposed": [],
                    "provider": "provider.google"
                },
                "google_compute_route.tfer--default-route-5d29eb6a6b21a625": {
                    "type": "google_compute_route",
                    "depends_on": [],
                    "primary": {
                        "id": "default-route-5d29eb6a6b21a625",
                        "attributes": {
                            "description": "Default local route to the subnetwork 10.96.0.0/14.",
                            "dest_range": "10.96.0.0/14",
                            "id": "default-route-5d29eb6a6b21a625",
                            "name": "default-route-5d29eb6a6b21a625",
                            "network": "https://www.googleapis.com/compute/v1/projects/cal-itp-data-infra/global/networks/default",
                            "next_hop_gateway": "",
                            "next_hop_ilb": "",
                            "next_hop_instance": "",
                            "next_hop_ip": "",
                            "next_hop_network": "https://www.googleapis.com/compute/v1/projects/cal-itp-data-infra/global/networks/default",
                            "next_hop_vpn_tunnel": "",
                            "priority": "0",
                            "project": "cal-itp-data-infra",
                            "self_link": "https://www.googleapis.com/compute/v1/projects/cal-itp-data-infra/global/routes/default-route-5d29eb6a6b21a625",
                            "tags.#": "0"
                        },
                        "meta": {
                            "schema_version": 0
                        },
                        "tainted": false
                    },
                    "deposed": [],
                    "provider": "provider.google"
                },
                "google_compute_route.tfer--default-route-65d3cb41875a5673": {
                    "type": "google_compute_route",
                    "depends_on": [],
                    "primary": {
                        "id": "default-route-65d3cb41875a5673",
                        "attributes": {
                            "description": "Default local route to the subnetwork 10.184.0.0/20.",
                            "dest_range": "10.184.0.0/20",
                            "id": "default-route-65d3cb41875a5673",
                            "name": "default-route-65d3cb41875a5673",
                            "network": "https://www.googleapis.com/compute/v1/projects/cal-itp-data-infra/global/networks/default",
                            "next_hop_gateway": "",
                            "next_hop_ilb": "",
                            "next_hop_instance": "",
                            "next_hop_ip": "",
                            "next_hop_network": "https://www.googleapis.com/compute/v1/projects/cal-itp-data-infra/global/networks/default",
                            "next_hop_vpn_tunnel": "",
                            "priority": "0",
                            "project": "cal-itp-data-infra",
                            "self_link": "https://www.googleapis.com/compute/v1/projects/cal-itp-data-infra/global/routes/default-route-65d3cb41875a5673",
                            "tags.#": "0"
                        },
                        "meta": {
                            "schema_version": 0
                        },
                        "tainted": false
                    },
                    "deposed": [],
                    "provider": "provider.google"
                },
                "google_compute_route.tfer--default-route-6e0e1f80e7bb481d": {
                    "type": "google_compute_route",
                    "depends_on": [],
                    "primary": {
                        "id": "default-route-6e0e1f80e7bb481d",
                        "attributes": {
                            "description": "Default local route to the subnetwork 10.148.0.0/20.",
                            "dest_range": "10.148.0.0/20",
                            "id": "default-route-6e0e1f80e7bb481d",
                            "name": "default-route-6e0e1f80e7bb481d",
                            "network": "https://www.googleapis.com/compute/v1/projects/cal-itp-data-infra/global/networks/default",
                            "next_hop_gateway": "",
                            "next_hop_ilb": "",
                            "next_hop_instance": "",
                            "next_hop_ip": "",
                            "next_hop_network": "https://www.googleapis.com/compute/v1/projects/cal-itp-data-infra/global/networks/default",
                            "next_hop_vpn_tunnel": "",
                            "priority": "0",
                            "project": "cal-itp-data-infra",
                            "self_link": "https://www.googleapis.com/compute/v1/projects/cal-itp-data-infra/global/routes/default-route-6e0e1f80e7bb481d",
                            "tags.#": "0"
                        },
                        "meta": {
                            "schema_version": 0
                        },
                        "tainted": false
                    },
                    "deposed": [],
                    "provider": "provider.google"
                },
                "google_compute_route.tfer--default-route-6e9e558a311d758b": {
                    "type": "google_compute_route",
                    "depends_on": [],
                    "primary": {
                        "id": "default-route-6e9e558a311d758b",
                        "attributes": {
                            "description": "Default local route to the subnetwork 10.152.0.0/20.",
                            "dest_range": "10.152.0.0/20",
                            "id": "default-route-6e9e558a311d758b",
                            "name": "default-route-6e9e558a311d758b",
                            "network": "https://www.googleapis.com/compute/v1/projects/cal-itp-data-infra/global/networks/default",
                            "next_hop_gateway": "",
                            "next_hop_ilb": "",
                            "next_hop_instance": "",
                            "next_hop_ip": "",
                            "next_hop_network": "https://www.googleapis.com/compute/v1/projects/cal-itp-data-infra/global/networks/default",
                            "next_hop_vpn_tunnel": "",
                            "priority": "0",
                            "project": "cal-itp-data-infra",
                            "self_link": "https://www.googleapis.com/compute/v1/projects/cal-itp-data-infra/global/routes/default-route-6e9e558a311d758b",
                            "tags.#": "0"
                        },
                        "meta": {
                            "schema_version": 0
                        },
                        "tainted": false
                    },
                    "deposed": [],
                    "provider": "provider.google"
                },
                "google_compute_route.tfer--default-route-70d163ddd9db90b1": {
                    "type": "google_compute_route",
                    "depends_on": [],
                    "primary": {
                        "id": "default-route-70d163ddd9db90b1",
                        "attributes": {
                            "description": "Default local route to the subnetwork 10.15.128.0/22.",
                            "dest_range": "10.15.128.0/22",
                            "id": "default-route-70d163ddd9db90b1",
                            "name": "default-route-70d163ddd9db90b1",
                            "network": "https://www.googleapis.com/compute/v1/projects/cal-itp-data-infra/global/networks/default",
                            "next_hop_gateway": "",
                            "next_hop_ilb": "",
                            "next_hop_instance": "",
                            "next_hop_ip": "",
                            "next_hop_network": "https://www.googleapis.com/compute/v1/projects/cal-itp-data-infra/global/networks/default",
                            "next_hop_vpn_tunnel": "",
                            "priority": "0",
                            "project": "cal-itp-data-infra",
                            "self_link": "https://www.googleapis.com/compute/v1/projects/cal-itp-data-infra/global/routes/default-route-70d163ddd9db90b1",
                            "tags.#": "0"
                        },
                        "meta": {
                            "schema_version": 0
                        },
                        "tainted": false
                    },
                    "deposed": [],
                    "provider": "provider.google"
                },
                "google_compute_route.tfer--default-route-762c4d527b5fb59d": {
                    "type": "google_compute_route",
                    "depends_on": [],
                    "primary": {
                        "id": "default-route-762c4d527b5fb59d",
                        "attributes": {
                            "description": "Default local route to the subnetwork 10.182.0.0/20.",
                            "dest_range": "10.182.0.0/20",
                            "id": "default-route-762c4d527b5fb59d",
                            "name": "default-route-762c4d527b5fb59d",
                            "network": "https://www.googleapis.com/compute/v1/projects/cal-itp-data-infra/global/networks/default",
                            "next_hop_gateway": "",
                            "next_hop_ilb": "",
                            "next_hop_instance": "",
                            "next_hop_ip": "",
                            "next_hop_network": "https://www.googleapis.com/compute/v1/projects/cal-itp-data-infra/global/networks/default",
                            "next_hop_vpn_tunnel": "",
                            "priority": "0",
                            "project": "cal-itp-data-infra",
                            "self_link": "https://www.googleapis.com/compute/v1/projects/cal-itp-data-infra/global/routes/default-route-762c4d527b5fb59d",
                            "tags.#": "0"
                        },
                        "meta": {
                            "schema_version": 0
                        },
                        "tainted": false
                    },
                    "deposed": [],
                    "provider": "provider.google"
                },
                "google_compute_route.tfer--default-route-822261d84a0008cc": {
                    "type": "google_compute_route",
                    "depends_on": [],
                    "primary": {
                        "id": "default-route-822261d84a0008cc",
                        "attributes": {
                            "description": "Default local route to the subnetwork 10.174.0.0/20.",
                            "dest_range": "10.174.0.0/20",
                            "id": "default-route-822261d84a0008cc",
                            "name": "default-route-822261d84a0008cc",
                            "network": "https://www.googleapis.com/compute/v1/projects/cal-itp-data-infra/global/networks/default",
                            "next_hop_gateway": "",
                            "next_hop_ilb": "",
                            "next_hop_instance": "",
                            "next_hop_ip": "",
                            "next_hop_network": "https://www.googleapis.com/compute/v1/projects/cal-itp-data-infra/global/networks/default",
                            "next_hop_vpn_tunnel": "",
                            "priority": "0",
                            "project": "cal-itp-data-infra",
                            "self_link": "https://www.googleapis.com/compute/v1/projects/cal-itp-data-infra/global/routes/default-route-822261d84a0008cc",
                            "tags.#": "0"
                        },
                        "meta": {
                            "schema_version": 0
                        },
                        "tainted": false
                    },
                    "deposed": [],
                    "provider": "provider.google"
                },
                "google_compute_route.tfer--default-route-8c2a5ded2ab172a5": {
                    "type": "google_compute_route",
                    "depends_on": [],
                    "primary": {
                        "id": "default-route-8c2a5ded2ab172a5",
                        "attributes": {
                            "description": "Default local route to the subnetwork 10.142.0.0/20.",
                            "dest_range": "10.142.0.0/20",
                            "id": "default-route-8c2a5ded2ab172a5",
                            "name": "default-route-8c2a5ded2ab172a5",
                            "network": "https://www.googleapis.com/compute/v1/projects/cal-itp-data-infra/global/networks/default",
                            "next_hop_gateway": "",
                            "next_hop_ilb": "",
                            "next_hop_instance": "",
                            "next_hop_ip": "",
                            "next_hop_network": "https://www.googleapis.com/compute/v1/projects/cal-itp-data-infra/global/networks/default",
                            "next_hop_vpn_tunnel": "",
                            "priority": "0",
                            "project": "cal-itp-data-infra",
                            "self_link": "https://www.googleapis.com/compute/v1/projects/cal-itp-data-infra/global/routes/default-route-8c2a5ded2ab172a5",
                            "tags.#": "0"
                        },
                        "meta": {
                            "schema_version": 0
                        },
                        "tainted": false
                    },
                    "deposed": [],
                    "provider": "provider.google"
                },
                "google_compute_route.tfer--default-route-8c59e1003c2aea9a": {
                    "type": "google_compute_route",
                    "depends_on": [],
                    "primary": {
                        "id": "default-route-8c59e1003c2aea9a",
                        "attributes": {
                            "description": "Default local route to the subnetwork 10.164.0.0/20.",
                            "dest_range": "10.164.0.0/20",
                            "id": "default-route-8c59e1003c2aea9a",
                            "name": "default-route-8c59e1003c2aea9a",
                            "network": "https://www.googleapis.com/compute/v1/projects/cal-itp-data-infra/global/networks/default",
                            "next_hop_gateway": "",
                            "next_hop_ilb": "",
                            "next_hop_instance": "",
                            "next_hop_ip": "",
                            "next_hop_network": "https://www.googleapis.com/compute/v1/projects/cal-itp-data-infra/global/networks/default",
                            "next_hop_vpn_tunnel": "",
                            "priority": "0",
                            "project": "cal-itp-data-infra",
                            "self_link": "https://www.googleapis.com/compute/v1/projects/cal-itp-data-infra/global/routes/default-route-8c59e1003c2aea9a",
                            "tags.#": "0"
                        },
                        "meta": {
                            "schema_version": 0
                        },
                        "tainted": false
                    },
                    "deposed": [],
                    "provider": "provider.google"
                },
                "google_compute_route.tfer--default-route-a605cfab1e883d97": {
                    "type": "google_compute_route",
                    "depends_on": [],
                    "primary": {
                        "id": "default-route-a605cfab1e883d97",
                        "attributes": {
                            "description": "Default local route to the subnetwork 10.160.0.0/20.",
                            "dest_range": "10.160.0.0/20",
                            "id": "default-route-a605cfab1e883d97",
                            "name": "default-route-a605cfab1e883d97",
                            "network": "https://www.googleapis.com/compute/v1/projects/cal-itp-data-infra/global/networks/default",
                            "next_hop_gateway": "",
                            "next_hop_ilb": "",
                            "next_hop_instance": "",
                            "next_hop_ip": "",
                            "next_hop_network": "https://www.googleapis.com/compute/v1/projects/cal-itp-data-infra/global/networks/default",
                            "next_hop_vpn_tunnel": "",
                            "priority": "0",
                            "project": "cal-itp-data-infra",
                            "self_link": "https://www.googleapis.com/compute/v1/projects/cal-itp-data-infra/global/routes/default-route-a605cfab1e883d97",
                            "tags.#": "0"
                        },
                        "meta": {
                            "schema_version": 0
                        },
                        "tainted": false
                    },
                    "deposed": [],
                    "provider": "provider.google"
                },
                "google_compute_route.tfer--default-route-aaa95f58880b4539": {
                    "type": "google_compute_route",
                    "depends_on": [],
                    "primary": {
                        "id": "default-route-aaa95f58880b4539",
                        "attributes": {
                            "description": "Default local route to the subnetwork 10.178.0.0/20.",
                            "dest_range": "10.178.0.0/20",
                            "id": "default-route-aaa95f58880b4539",
                            "name": "default-route-aaa95f58880b4539",
                            "network": "https://www.googleapis.com/compute/v1/projects/cal-itp-data-infra/global/networks/default",
                            "next_hop_gateway": "",
                            "next_hop_ilb": "",
                            "next_hop_instance": "",
                            "next_hop_ip": "",
                            "next_hop_network": "https://www.googleapis.com/compute/v1/projects/cal-itp-data-infra/global/networks/default",
                            "next_hop_vpn_tunnel": "",
                            "priority": "0",
                            "project": "cal-itp-data-infra",
                            "self_link": "https://www.googleapis.com/compute/v1/projects/cal-itp-data-infra/global/routes/default-route-aaa95f58880b4539",
                            "tags.#": "0"
                        },
                        "meta": {
                            "schema_version": 0
                        },
                        "tainted": false
                    },
                    "deposed": [],
                    "provider": "provider.google"
                },
                "google_compute_route.tfer--default-route-b30a3747864cb221": {
                    "type": "google_compute_route",
                    "depends_on": [],
                    "primary": {
                        "id": "default-route-b30a3747864cb221",
                        "attributes": {
                            "description": "Default local route to the subnetwork 10.220.0.0/20.",
                            "dest_range": "10.220.0.0/20",
                            "id": "default-route-b30a3747864cb221",
                            "name": "default-route-b30a3747864cb221",
                            "network": "https://www.googleapis.com/compute/v1/projects/cal-itp-data-infra/global/networks/default",
                            "next_hop_gateway": "",
                            "next_hop_ilb": "",
                            "next_hop_instance": "",
                            "next_hop_ip": "",
                            "next_hop_network": "https://www.googleapis.com/compute/v1/projects/cal-itp-data-infra/global/networks/default",
                            "next_hop_vpn_tunnel": "",
                            "priority": "0",
                            "project": "cal-itp-data-infra",
                            "self_link": "https://www.googleapis.com/compute/v1/projects/cal-itp-data-infra/global/routes/default-route-b30a3747864cb221",
                            "tags.#": "0"
                        },
                        "meta": {
                            "schema_version": 0
                        },
                        "tainted": false
                    },
                    "deposed": [],
                    "provider": "provider.google"
                },
                "google_compute_route.tfer--default-route-b3944f94d84b21d3": {
                    "type": "google_compute_route",
                    "depends_on": [],
                    "primary": {
                        "id": "default-route-b3944f94d84b21d3",
                        "attributes": {
                            "description": "Default local route to the subnetwork 10.210.0.0/20.",
                            "dest_range": "10.210.0.0/20",
                            "id": "default-route-b3944f94d84b21d3",
                            "name": "default-route-b3944f94d84b21d3",
                            "network": "https://www.googleapis.com/compute/v1/projects/cal-itp-data-infra/global/networks/default",
                            "next_hop_gateway": "",
                            "next_hop_ilb": "",
                            "next_hop_instance": "",
                            "next_hop_ip": "",
                            "next_hop_network": "https://www.googleapis.com/compute/v1/projects/cal-itp-data-infra/global/networks/default",
                            "next_hop_vpn_tunnel": "",
                            "priority": "0",
                            "project": "cal-itp-data-infra",
                            "self_link": "https://www.googleapis.com/compute/v1/projects/cal-itp-data-infra/global/routes/default-route-b3944f94d84b21d3",
                            "tags.#": "0"
                        },
                        "meta": {
                            "schema_version": 0
                        },
                        "tainted": false
                    },
                    "deposed": [],
                    "provider": "provider.google"
                },
                "google_compute_route.tfer--default-route-b436399618385a45": {
                    "type": "google_compute_route",
                    "depends_on": [],
                    "primary": {
                        "id": "default-route-b436399618385a45",
                        "attributes": {
                            "description": "Default local route to the subnetwork 10.224.0.0/20.",
                            "dest_range": "10.224.0.0/20",
                            "id": "default-route-b436399618385a45",
                            "name": "default-route-b436399618385a45",
                            "network": "https://www.googleapis.com/compute/v1/projects/cal-itp-data-infra/global/networks/default",
                            "next_hop_gateway": "",
                            "next_hop_ilb": "",
                            "next_hop_instance": "",
                            "next_hop_ip": "",
                            "next_hop_network": "https://www.googleapis.com/compute/v1/projects/cal-itp-data-infra/global/networks/default",
                            "next_hop_vpn_tunnel": "",
                            "priority": "0",
                            "project": "cal-itp-data-infra",
                            "self_link": "https://www.googleapis.com/compute/v1/projects/cal-itp-data-infra/global/routes/default-route-b436399618385a45",
                            "tags.#": "0"
                        },
                        "meta": {
                            "schema_version": 0
                        },
                        "tainted": false
                    },
                    "deposed": [],
                    "provider": "provider.google"
                },
                "google_compute_route.tfer--default-route-b9544dd75c7bd845": {
                    "type": "google_compute_route",
                    "depends_on": [],
                    "primary": {
                        "id": "default-route-b9544dd75c7bd845",
                        "attributes": {
                            "description": "Default local route to the subnetwork 10.186.0.0/20.",
                            "dest_range": "10.186.0.0/20",
                            "id": "default-route-b9544dd75c7bd845",
                            "name": "default-route-b9544dd75c7bd845",
                            "network": "https://www.googleapis.com/compute/v1/projects/cal-itp-data-infra/global/networks/default",
                            "next_hop_gateway": "",
                            "next_hop_ilb": "",
                            "next_hop_instance": "",
                            "next_hop_ip": "",
                            "next_hop_network": "https://www.googleapis.com/compute/v1/projects/cal-itp-data-infra/global/networks/default",
                            "next_hop_vpn_tunnel": "",
                            "priority": "0",
                            "project": "cal-itp-data-infra",
                            "self_link": "https://www.googleapis.com/compute/v1/projects/cal-itp-data-infra/global/routes/default-route-b9544dd75c7bd845",
                            "tags.#": "0"
                        },
                        "meta": {
                            "schema_version": 0
                        },
                        "tainted": false
                    },
                    "deposed": [],
                    "provider": "provider.google"
                },
                "google_compute_route.tfer--default-route-b9a758531c634389": {
                    "type": "google_compute_route",
                    "depends_on": [],
                    "primary": {
                        "id": "default-route-b9a758531c634389",
                        "attributes": {
                            "description": "Default local route to the subnetwork 10.138.0.0/20.",
                            "dest_range": "10.138.0.0/20",
                            "id": "default-route-b9a758531c634389",
                            "name": "default-route-b9a758531c634389",
                            "network": "https://www.googleapis.com/compute/v1/projects/cal-itp-data-infra/global/networks/default",
                            "next_hop_gateway": "",
                            "next_hop_ilb": "",
                            "next_hop_instance": "",
                            "next_hop_ip": "",
                            "next_hop_network": "https://www.googleapis.com/compute/v1/projects/cal-itp-data-infra/global/networks/default",
                            "next_hop_vpn_tunnel": "",
                            "priority": "0",
                            "project": "cal-itp-data-infra",
                            "self_link": "https://www.googleapis.com/compute/v1/projects/cal-itp-data-infra/global/routes/default-route-b9a758531c634389",
                            "tags.#": "0"
                        },
                        "meta": {
                            "schema_version": 0
                        },
                        "tainted": false
                    },
                    "deposed": [],
                    "provider": "provider.google"
                },
                "google_compute_route.tfer--default-route-b9fc956318858de8": {
                    "type": "google_compute_route",
                    "depends_on": [],
                    "primary": {
                        "id": "default-route-b9fc956318858de8",
                        "attributes": {
                            "description": "Default local route to the subnetwork 10.208.0.0/20.",
                            "dest_range": "10.208.0.0/20",
                            "id": "default-route-b9fc956318858de8",
                            "name": "default-route-b9fc956318858de8",
                            "network": "https://www.googleapis.com/compute/v1/projects/cal-itp-data-infra/global/networks/default",
                            "next_hop_gateway": "",
                            "next_hop_ilb": "",
                            "next_hop_instance": "",
                            "next_hop_ip": "",
                            "next_hop_network": "https://www.googleapis.com/compute/v1/projects/cal-itp-data-infra/global/networks/default",
                            "next_hop_vpn_tunnel": "",
                            "priority": "0",
                            "project": "cal-itp-data-infra",
                            "self_link": "https://www.googleapis.com/compute/v1/projects/cal-itp-data-infra/global/routes/default-route-b9fc956318858de8",
                            "tags.#": "0"
                        },
                        "meta": {
                            "schema_version": 0
                        },
                        "tainted": false
                    },
                    "deposed": [],
                    "provider": "provider.google"
                },
                "google_compute_route.tfer--default-route-bb236044b4cb48b3": {
                    "type": "google_compute_route",
                    "depends_on": [],
                    "primary": {
                        "id": "default-route-bb236044b4cb48b3",
                        "attributes": {
                            "description": "Default local route to the subnetwork 10.150.0.0/20.",
                            "dest_range": "10.150.0.0/20",
                            "id": "default-route-bb236044b4cb48b3",
                            "name": "default-route-bb236044b4cb48b3",
                            "network": "https://www.googleapis.com/compute/v1/projects/cal-itp-data-infra/global/networks/default",
                            "next_hop_gateway": "",
                            "next_hop_ilb": "",
                            "next_hop_instance": "",
                            "next_hop_ip": "",
                            "next_hop_network": "https://www.googleapis.com/compute/v1/projects/cal-itp-data-infra/global/networks/default",
                            "next_hop_vpn_tunnel": "",
                            "priority": "0",
                            "project": "cal-itp-data-infra",
                            "self_link": "https://www.googleapis.com/compute/v1/projects/cal-itp-data-infra/global/routes/default-route-bb236044b4cb48b3",
                            "tags.#": "0"
                        },
                        "meta": {
                            "schema_version": 0
                        },
                        "tainted": false
                    },
                    "deposed": [],
                    "provider": "provider.google"
                },
                "google_compute_route.tfer--default-route-bc22a360c153a1df": {
                    "type": "google_compute_route",
                    "depends_on": [],
                    "primary": {
                        "id": "default-route-bc22a360c153a1df",
                        "attributes": {
                            "description": "Default local route to the subnetwork 10.214.0.0/20.",
                            "dest_range": "10.214.0.0/20",
                            "id": "default-route-bc22a360c153a1df",
                            "name": "default-route-bc22a360c153a1df",
                            "network": "https://www.googleapis.com/compute/v1/projects/cal-itp-data-infra/global/networks/default",
                            "next_hop_gateway": "",
                            "next_hop_ilb": "",
                            "next_hop_instance": "",
                            "next_hop_ip": "",
                            "next_hop_network": "https://www.googleapis.com/compute/v1/projects/cal-itp-data-infra/global/networks/default",
                            "next_hop_vpn_tunnel": "",
                            "priority": "0",
                            "project": "cal-itp-data-infra",
                            "self_link": "https://www.googleapis.com/compute/v1/projects/cal-itp-data-infra/global/routes/default-route-bc22a360c153a1df",
                            "tags.#": "0"
                        },
                        "meta": {
                            "schema_version": 0
                        },
                        "tainted": false
                    },
                    "deposed": [],
                    "provider": "provider.google"
                },
                "google_compute_route.tfer--default-route-bc71975f66acf37b": {
                    "type": "google_compute_route",
                    "depends_on": [],
                    "primary": {
                        "id": "default-route-bc71975f66acf37b",
                        "attributes": {
                            "description": "Default local route to the subnetwork 10.198.0.0/20.",
                            "dest_range": "10.198.0.0/20",
                            "id": "default-route-bc71975f66acf37b",
                            "name": "default-route-bc71975f66acf37b",
                            "network": "https://www.googleapis.com/compute/v1/projects/cal-itp-data-infra/global/networks/default",
                            "next_hop_gateway": "",
                            "next_hop_ilb": "",
                            "next_hop_instance": "",
                            "next_hop_ip": "",
                            "next_hop_network": "https://www.googleapis.com/compute/v1/projects/cal-itp-data-infra/global/networks/default",
                            "next_hop_vpn_tunnel": "",
                            "priority": "0",
                            "project": "cal-itp-data-infra",
                            "self_link": "https://www.googleapis.com/compute/v1/projects/cal-itp-data-infra/global/routes/default-route-bc71975f66acf37b",
                            "tags.#": "0"
                        },
                        "meta": {
                            "schema_version": 0
                        },
                        "tainted": false
                    },
                    "deposed": [],
                    "provider": "provider.google"
                },
                "google_compute_route.tfer--default-route-c3ebc7e79ff59845": {
                    "type": "google_compute_route",
                    "depends_on": [],
                    "primary": {
                        "id": "default-route-c3ebc7e79ff59845",
                        "attributes": {
                            "description": "Default local route to the subnetwork 10.192.0.0/20.",
                            "dest_range": "10.192.0.0/20",
                            "id": "default-route-c3ebc7e79ff59845",
                            "name": "default-route-c3ebc7e79ff59845",
                            "network": "https://www.googleapis.com/compute/v1/projects/cal-itp-data-infra/global/networks/default",
                            "next_hop_gateway": "",
                            "next_hop_ilb": "",
                            "next_hop_instance": "",
                            "next_hop_ip": "",
                            "next_hop_network": "https://www.googleapis.com/compute/v1/projects/cal-itp-data-infra/global/networks/default",
                            "next_hop_vpn_tunnel": "",
                            "priority": "0",
                            "project": "cal-itp-data-infra",
                            "self_link": "https://www.googleapis.com/compute/v1/projects/cal-itp-data-infra/global/routes/default-route-c3ebc7e79ff59845",
                            "tags.#": "0"
                        },
                        "meta": {
                            "schema_version": 0
                        },
                        "tainted": false
                    },
                    "deposed": [],
                    "provider": "provider.google"
                },
                "google_compute_route.tfer--default-route-cbf0135711a362e9": {
                    "type": "google_compute_route",
                    "depends_on": [],
                    "primary": {
                        "id": "default-route-cbf0135711a362e9",
                        "attributes": {
                            "description": "Default local route to the subnetwork 10.146.0.0/20.",
                            "dest_range": "10.146.0.0/20",
                            "id": "default-route-cbf0135711a362e9",
                            "name": "default-route-cbf0135711a362e9",
                            "network": "https://www.googleapis.com/compute/v1/projects/cal-itp-data-infra/global/networks/default",
                            "next_hop_gateway": "",
                            "next_hop_ilb": "",
                            "next_hop_instance": "",
                            "next_hop_ip": "",
                            "next_hop_network": "https://www.googleapis.com/compute/v1/projects/cal-itp-data-infra/global/networks/default",
                            "next_hop_vpn_tunnel": "",
                            "priority": "0",
                            "project": "cal-itp-data-infra",
                            "self_link": "https://www.googleapis.com/compute/v1/projects/cal-itp-data-infra/global/routes/default-route-cbf0135711a362e9",
                            "tags.#": "0"
                        },
                        "meta": {
                            "schema_version": 0
                        },
                        "tainted": false
                    },
                    "deposed": [],
                    "provider": "provider.google"
                },
                "google_compute_route.tfer--default-route-cbfb5598385c147d": {
                    "type": "google_compute_route",
                    "depends_on": [],
                    "primary": {
                        "id": "default-route-cbfb5598385c147d",
                        "attributes": {
                            "description": "Default local route to the subnetwork 10.212.0.0/20.",
                            "dest_range": "10.212.0.0/20",
                            "id": "default-route-cbfb5598385c147d",
                            "name": "default-route-cbfb5598385c147d",
                            "network": "https://www.googleapis.com/compute/v1/projects/cal-itp-data-infra/global/networks/default",
                            "next_hop_gateway": "",
                            "next_hop_ilb": "",
                            "next_hop_instance": "",
                            "next_hop_ip": "",
                            "next_hop_network": "https://www.googleapis.com/compute/v1/projects/cal-itp-data-infra/global/networks/default",
                            "next_hop_vpn_tunnel": "",
                            "priority": "0",
                            "project": "cal-itp-data-infra",
                            "self_link": "https://www.googleapis.com/compute/v1/projects/cal-itp-data-infra/global/routes/default-route-cbfb5598385c147d",
                            "tags.#": "0"
                        },
                        "meta": {
                            "schema_version": 0
                        },
                        "tainted": false
                    },
                    "deposed": [],
                    "provider": "provider.google"
                },
                "google_compute_route.tfer--default-route-d4ed55e845390a86": {
                    "type": "google_compute_route",
                    "depends_on": [],
                    "primary": {
                        "id": "default-route-d4ed55e845390a86",
                        "attributes": {
                            "description": "Default local route to the subnetwork 10.218.0.0/20.",
                            "dest_range": "10.218.0.0/20",
                            "id": "default-route-d4ed55e845390a86",
                            "name": "default-route-d4ed55e845390a86",
                            "network": "https://www.googleapis.com/compute/v1/projects/cal-itp-data-infra/global/networks/default",
                            "next_hop_gateway": "",
                            "next_hop_ilb": "",
                            "next_hop_instance": "",
                            "next_hop_ip": "",
                            "next_hop_network": "https://www.googleapis.com/compute/v1/projects/cal-itp-data-infra/global/networks/default",
                            "next_hop_vpn_tunnel": "",
                            "priority": "0",
                            "project": "cal-itp-data-infra",
                            "self_link": "https://www.googleapis.com/compute/v1/projects/cal-itp-data-infra/global/routes/default-route-d4ed55e845390a86",
                            "tags.#": "0"
                        },
                        "meta": {
                            "schema_version": 0
                        },
                        "tainted": false
                    },
                    "deposed": [],
                    "provider": "provider.google"
                },
                "google_compute_route.tfer--default-route-d7e4946a6a99994a": {
                    "type": "google_compute_route",
                    "depends_on": [],
                    "primary": {
                        "id": "default-route-d7e4946a6a99994a",
                        "attributes": {
                            "description": "Default local route to the subnetwork 10.168.0.0/20.",
                            "dest_range": "10.168.0.0/20",
                            "id": "default-route-d7e4946a6a99994a",
                            "name": "default-route-d7e4946a6a99994a",
                            "network": "https://www.googleapis.com/compute/v1/projects/cal-itp-data-infra/global/networks/default",
                            "next_hop_gateway": "",
                            "next_hop_ilb": "",
                            "next_hop_instance": "",
                            "next_hop_ip": "",
                            "next_hop_network": "https://www.googleapis.com/compute/v1/projects/cal-itp-data-infra/global/networks/default",
                            "next_hop_vpn_tunnel": "",
                            "priority": "0",
                            "project": "cal-itp-data-infra",
                            "self_link": "https://www.googleapis.com/compute/v1/projects/cal-itp-data-infra/global/routes/default-route-d7e4946a6a99994a",
                            "tags.#": "0"
                        },
                        "meta": {
                            "schema_version": 0
                        },
                        "tainted": false
                    },
                    "deposed": [],
                    "provider": "provider.google"
                },
                "google_compute_route.tfer--default-route-dcfaebc01d2cab7e": {
                    "type": "google_compute_route",
                    "depends_on": [],
                    "primary": {
                        "id": "default-route-dcfaebc01d2cab7e",
                        "attributes": {
                            "description": "Default local route to the subnetwork 10.204.0.0/20.",
                            "dest_range": "10.204.0.0/20",
                            "id": "default-route-dcfaebc01d2cab7e",
                            "name": "default-route-dcfaebc01d2cab7e",
                            "network": "https://www.googleapis.com/compute/v1/projects/cal-itp-data-infra/global/networks/default",
                            "next_hop_gateway": "",
                            "next_hop_ilb": "",
                            "next_hop_instance": "",
                            "next_hop_ip": "",
                            "next_hop_network": "https://www.googleapis.com/compute/v1/projects/cal-itp-data-infra/global/networks/default",
                            "next_hop_vpn_tunnel": "",
                            "priority": "0",
                            "project": "cal-itp-data-infra",
                            "self_link": "https://www.googleapis.com/compute/v1/projects/cal-itp-data-infra/global/routes/default-route-dcfaebc01d2cab7e",
                            "tags.#": "0"
                        },
                        "meta": {
                            "schema_version": 0
                        },
                        "tainted": false
                    },
                    "deposed": [],
                    "provider": "provider.google"
                },
                "google_compute_route.tfer--default-route-def87b98ddb6c94e": {
                    "type": "google_compute_route",
                    "depends_on": [],
                    "primary": {
                        "id": "default-route-def87b98ddb6c94e",
                        "attributes": {
                            "description": "Default local route to the subnetwork 10.200.0.0/20.",
                            "dest_range": "10.200.0.0/20",
                            "id": "default-route-def87b98ddb6c94e",
                            "name": "default-route-def87b98ddb6c94e",
                            "network": "https://www.googleapis.com/compute/v1/projects/cal-itp-data-infra/global/networks/default",
                            "next_hop_gateway": "",
                            "next_hop_ilb": "",
                            "next_hop_instance": "",
                            "next_hop_ip": "",
                            "next_hop_network": "https://www.googleapis.com/compute/v1/projects/cal-itp-data-infra/global/networks/default",
                            "next_hop_vpn_tunnel": "",
                            "priority": "0",
                            "project": "cal-itp-data-infra",
                            "self_link": "https://www.googleapis.com/compute/v1/projects/cal-itp-data-infra/global/routes/default-route-def87b98ddb6c94e",
                            "tags.#": "0"
                        },
                        "meta": {
                            "schema_version": 0
                        },
                        "tainted": false
                    },
                    "deposed": [],
                    "provider": "provider.google"
                },
                "google_compute_route.tfer--default-route-e39e7006eed9d206": {
                    "type": "google_compute_route",
                    "depends_on": [],
                    "primary": {
                        "id": "default-route-e39e7006eed9d206",
                        "attributes": {
                            "description": "Default local route to the subnetwork 10.170.0.0/20.",
                            "dest_range": "10.170.0.0/20",
                            "id": "default-route-e39e7006eed9d206",
                            "name": "default-route-e39e7006eed9d206",
                            "network": "https://www.googleapis.com/compute/v1/projects/cal-itp-data-infra/global/networks/default",
                            "next_hop_gateway": "",
                            "next_hop_ilb": "",
                            "next_hop_instance": "",
                            "next_hop_ip": "",
                            "next_hop_network": "https://www.googleapis.com/compute/v1/projects/cal-itp-data-infra/global/networks/default",
                            "next_hop_vpn_tunnel": "",
                            "priority": "0",
                            "project": "cal-itp-data-infra",
                            "self_link": "https://www.googleapis.com/compute/v1/projects/cal-itp-data-infra/global/routes/default-route-e39e7006eed9d206",
                            "tags.#": "0"
                        },
                        "meta": {
                            "schema_version": 0
                        },
                        "tainted": false
                    },
                    "deposed": [],
                    "provider": "provider.google"
                },
                "google_compute_route.tfer--default-route-e801f37bcfe7fae2": {
                    "type": "google_compute_route",
                    "depends_on": [],
                    "primary": {
                        "id": "default-route-e801f37bcfe7fae2",
                        "attributes": {
                            "description": "Default local route to the subnetwork 10.166.0.0/20.",
                            "dest_range": "10.166.0.0/20",
                            "id": "default-route-e801f37bcfe7fae2",
                            "name": "default-route-e801f37bcfe7fae2",
                            "network": "https://www.googleapis.com/compute/v1/projects/cal-itp-data-infra/global/networks/default",
                            "next_hop_gateway": "",
                            "next_hop_ilb": "",
                            "next_hop_instance": "",
                            "next_hop_ip": "",
                            "next_hop_network": "https://www.googleapis.com/compute/v1/projects/cal-itp-data-infra/global/networks/default",
                            "next_hop_vpn_tunnel": "",
                            "priority": "0",
                            "project": "cal-itp-data-infra",
                            "self_link": "https://www.googleapis.com/compute/v1/projects/cal-itp-data-infra/global/routes/default-route-e801f37bcfe7fae2",
                            "tags.#": "0"
                        },
                        "meta": {
                            "schema_version": 0
                        },
                        "tainted": false
                    },
                    "deposed": [],
                    "provider": "provider.google"
                },
                "google_compute_route.tfer--default-route-f38752e7d490cc13": {
                    "type": "google_compute_route",
                    "depends_on": [],
                    "primary": {
                        "id": "default-route-f38752e7d490cc13",
                        "attributes": {
                            "description": "Default local route to the subnetwork 10.196.0.0/20.",
                            "dest_range": "10.196.0.0/20",
                            "id": "default-route-f38752e7d490cc13",
                            "name": "default-route-f38752e7d490cc13",
                            "network": "https://www.googleapis.com/compute/v1/projects/cal-itp-data-infra/global/networks/default",
                            "next_hop_gateway": "",
                            "next_hop_ilb": "",
                            "next_hop_instance": "",
                            "next_hop_ip": "",
                            "next_hop_network": "https://www.googleapis.com/compute/v1/projects/cal-itp-data-infra/global/networks/default",
                            "next_hop_vpn_tunnel": "",
                            "priority": "0",
                            "project": "cal-itp-data-infra",
                            "self_link": "https://www.googleapis.com/compute/v1/projects/cal-itp-data-infra/global/routes/default-route-f38752e7d490cc13",
                            "tags.#": "0"
                        },
                        "meta": {
                            "schema_version": 0
                        },
                        "tainted": false
                    },
                    "deposed": [],
                    "provider": "provider.google"
                },
                "google_compute_route.tfer--default-route-f41f1cb86e6576df": {
                    "type": "google_compute_route",
                    "depends_on": [],
                    "primary": {
                        "id": "default-route-f41f1cb86e6576df",
                        "attributes": {
                            "description": "Default local route to the subnetwork 10.132.0.0/20.",
                            "dest_range": "10.132.0.0/20",
                            "id": "default-route-f41f1cb86e6576df",
                            "name": "default-route-f41f1cb86e6576df",
                            "network": "https://www.googleapis.com/compute/v1/projects/cal-itp-data-infra/global/networks/default",
                            "next_hop_gateway": "",
                            "next_hop_ilb": "",
                            "next_hop_instance": "",
                            "next_hop_ip": "",
                            "next_hop_network": "https://www.googleapis.com/compute/v1/projects/cal-itp-data-infra/global/networks/default",
                            "next_hop_vpn_tunnel": "",
                            "priority": "0",
                            "project": "cal-itp-data-infra",
                            "self_link": "https://www.googleapis.com/compute/v1/projects/cal-itp-data-infra/global/routes/default-route-f41f1cb86e6576df",
                            "tags.#": "0"
                        },
                        "meta": {
                            "schema_version": 0
                        },
                        "tainted": false
                    },
                    "deposed": [],
                    "provider": "provider.google"
                },
                "google_compute_route.tfer--default-route-fe1136f42465b2b4": {
                    "type": "google_compute_route",
                    "depends_on": [],
                    "primary": {
                        "id": "default-route-fe1136f42465b2b4",
                        "attributes": {
                            "description": "Default local route to the subnetwork 10.158.0.0/20.",
                            "dest_range": "10.158.0.0/20",
                            "id": "default-route-fe1136f42465b2b4",
                            "name": "default-route-fe1136f42465b2b4",
                            "network": "https://www.googleapis.com/compute/v1/projects/cal-itp-data-infra/global/networks/default",
                            "next_hop_gateway": "",
                            "next_hop_ilb": "",
                            "next_hop_instance": "",
                            "next_hop_ip": "",
                            "next_hop_network": "https://www.googleapis.com/compute/v1/projects/cal-itp-data-infra/global/networks/default",
                            "next_hop_vpn_tunnel": "",
                            "priority": "0",
                            "project": "cal-itp-data-infra",
                            "self_link": "https://www.googleapis.com/compute/v1/projects/cal-itp-data-infra/global/routes/default-route-fe1136f42465b2b4",
                            "tags.#": "0"
                        },
                        "meta": {
                            "schema_version": 0
                        },
                        "tainted": false
                    },
                    "deposed": [],
                    "provider": "provider.google"
                },
                "google_compute_route.tfer--default-route-ffc2d2f2c7ff388b": {
                    "type": "google_compute_route",
                    "depends_on": [],
                    "primary": {
                        "id": "default-route-ffc2d2f2c7ff388b",
                        "attributes": {
                            "description": "Default local route to the subnetwork 10.100.0.0/20.",
                            "dest_range": "10.100.0.0/20",
                            "id": "default-route-ffc2d2f2c7ff388b",
                            "name": "default-route-ffc2d2f2c7ff388b",
                            "network": "https://www.googleapis.com/compute/v1/projects/cal-itp-data-infra/global/networks/default",
                            "next_hop_gateway": "",
                            "next_hop_ilb": "",
                            "next_hop_instance": "",
                            "next_hop_ip": "",
                            "next_hop_network": "https://www.googleapis.com/compute/v1/projects/cal-itp-data-infra/global/networks/default",
                            "next_hop_vpn_tunnel": "",
                            "priority": "0",
                            "project": "cal-itp-data-infra",
                            "self_link": "https://www.googleapis.com/compute/v1/projects/cal-itp-data-infra/global/routes/default-route-ffc2d2f2c7ff388b",
                            "tags.#": "0"
                        },
                        "meta": {
                            "schema_version": 0
                        },
                        "tainted": false
                    },
                    "deposed": [],
                    "provider": "provider.google"
                },
                "google_compute_route.tfer--default-route-r-8e69a287829acb70": {
                    "type": "google_compute_route",
                    "depends_on": [],
                    "primary": {
                        "id": "default-route-r-8e69a287829acb70",
                        "attributes": {
                            "description": "Default local route to the subnetwork 10.226.0.0/20.",
                            "dest_range": "10.226.0.0/20",
                            "id": "default-route-r-8e69a287829acb70",
                            "name": "default-route-r-8e69a287829acb70",
                            "network": "https://www.googleapis.com/compute/v1/projects/cal-itp-data-infra/global/networks/default",
                            "next_hop_gateway": "",
                            "next_hop_ilb": "",
                            "next_hop_instance": "",
                            "next_hop_ip": "",
                            "next_hop_network": "https://www.googleapis.com/compute/v1/projects/cal-itp-data-infra/global/networks/default",
                            "next_hop_vpn_tunnel": "",
                            "priority": "0",
                            "project": "cal-itp-data-infra",
                            "self_link": "https://www.googleapis.com/compute/v1/projects/cal-itp-data-infra/global/routes/default-route-r-8e69a287829acb70",
                            "tags.#": "0"
                        },
                        "meta": {
                            "schema_version": 0
                        },
                        "tainted": false
                    },
                    "deposed": [],
                    "provider": "provider.google"
                }
            },
            "depends_on": []
        }
    ]
}
